{
  "version": 4,
  "terraform_version": "1.0.6",
  "serial": 602,
  "lineage": "727d74ad-f0a7-0f82-88b2-a4b1ee88c82c",
  "outputs": {},
  "resources": [
    {
      "mode": "data",
      "type": "aci_vlan_pool",
      "name": "VLAN_Pool_access",
      "provider": "provider[\"registry.terraform.io/ciscodevnet/aci\"]",
      "instances": [
        {
          "schema_version": 0,
          "attributes": {
            "alloc_mode": "static",
            "annotation": "orchestrator:terraform",
            "description": "Access VLAN Pool",
            "id": "uni/infra/vlanns-[access]-static",
            "name": "access",
            "name_alias": "None"
          },
          "sensitive_attributes": []
        }
      ]
    },
    {
      "mode": "data",
      "type": "aci_vlan_pool",
      "name": "VLAN_Pool_dynamic",
      "provider": "provider[\"registry.terraform.io/ciscodevnet/aci\"]",
      "instances": [
        {
          "schema_version": 0,
          "attributes": {
            "alloc_mode": "dynamic",
            "annotation": "orchestrator:terraform",
            "description": "VMM VLAN Pool",
            "id": "uni/infra/vlanns-[dynamic]-dynamic",
            "name": "dynamic",
            "name_alias": "None"
          },
          "sensitive_attributes": []
        }
      ]
    },
    {
      "mode": "data",
      "type": "aci_vlan_pool",
      "name": "VLAN_Pool_l3out",
      "provider": "provider[\"registry.terraform.io/ciscodevnet/aci\"]",
      "instances": [
        {
          "schema_version": 0,
          "attributes": {
            "alloc_mode": "static",
            "annotation": "orchestrator:terraform",
            "description": "L3Out VLAN Pool",
            "id": "uni/infra/vlanns-[l3out]-static",
            "name": "l3out",
            "name_alias": "None"
          },
          "sensitive_attributes": []
        }
      ]
    },
    {
      "mode": "managed",
      "type": "aci_ranges",
      "name": "VLAN_Range_access_100",
      "provider": "provider[\"registry.terraform.io/ciscodevnet/aci\"]",
      "instances": [
        {
          "schema_version": 1,
          "attributes": {
            "alloc_mode": "inherit",
            "annotation": "orchestrator:terraform",
            "description": "",
            "from": "vlan-100",
            "id": "uni/infra/vlanns-[access]-static/from-[vlan-100]-to-[vlan-100]",
            "name_alias": "",
            "role": "external",
            "to": "vlan-100",
            "vlan_pool_dn": "uni/infra/vlanns-[access]-static"
          },
          "sensitive_attributes": [],
          "private": "eyJzY2hlbWFfdmVyc2lvbiI6IjEifQ==",
          "dependencies": [
            "data.aci_vlan_pool.VLAN_Pool_access"
          ]
        }
      ]
    },
    {
      "mode": "managed",
      "type": "aci_ranges",
      "name": "VLAN_Range_access_101",
      "provider": "provider[\"registry.terraform.io/ciscodevnet/aci\"]",
      "instances": [
        {
          "schema_version": 1,
          "attributes": {
            "alloc_mode": "inherit",
            "annotation": "orchestrator:terraform",
            "description": "",
            "from": "vlan-101",
            "id": "uni/infra/vlanns-[access]-static/from-[vlan-101]-to-[vlan-101]",
            "name_alias": "",
            "role": "external",
            "to": "vlan-101",
            "vlan_pool_dn": "uni/infra/vlanns-[access]-static"
          },
          "sensitive_attributes": [],
          "private": "eyJzY2hlbWFfdmVyc2lvbiI6IjEifQ==",
          "dependencies": [
            "data.aci_vlan_pool.VLAN_Pool_access"
          ]
        }
      ]
    },
    {
      "mode": "managed",
      "type": "aci_ranges",
      "name": "VLAN_Range_access_102",
      "provider": "provider[\"registry.terraform.io/ciscodevnet/aci\"]",
      "instances": [
        {
          "schema_version": 1,
          "attributes": {
            "alloc_mode": "inherit",
            "annotation": "orchestrator:terraform",
            "description": "",
            "from": "vlan-102",
            "id": "uni/infra/vlanns-[access]-static/from-[vlan-102]-to-[vlan-102]",
            "name_alias": "",
            "role": "external",
            "to": "vlan-102",
            "vlan_pool_dn": "uni/infra/vlanns-[access]-static"
          },
          "sensitive_attributes": [],
          "private": "eyJzY2hlbWFfdmVyc2lvbiI6IjEifQ==",
          "dependencies": [
            "data.aci_vlan_pool.VLAN_Pool_access"
          ]
        }
      ]
    },
    {
      "mode": "managed",
      "type": "aci_ranges",
      "name": "VLAN_Range_access_103",
      "provider": "provider[\"registry.terraform.io/ciscodevnet/aci\"]",
      "instances": [
        {
          "schema_version": 1,
          "attributes": {
            "alloc_mode": "inherit",
            "annotation": "orchestrator:terraform",
            "description": "",
            "from": "vlan-103",
            "id": "uni/infra/vlanns-[access]-static/from-[vlan-103]-to-[vlan-103]",
            "name_alias": "",
            "role": "external",
            "to": "vlan-103",
            "vlan_pool_dn": "uni/infra/vlanns-[access]-static"
          },
          "sensitive_attributes": [],
          "private": "eyJzY2hlbWFfdmVyc2lvbiI6IjEifQ==",
          "dependencies": [
            "data.aci_vlan_pool.VLAN_Pool_access"
          ]
        }
      ]
    },
    {
      "mode": "managed",
      "type": "aci_ranges",
      "name": "VLAN_Range_access_104",
      "provider": "provider[\"registry.terraform.io/ciscodevnet/aci\"]",
      "instances": [
        {
          "schema_version": 1,
          "attributes": {
            "alloc_mode": "inherit",
            "annotation": "orchestrator:terraform",
            "description": "",
            "from": "vlan-104",
            "id": "uni/infra/vlanns-[access]-static/from-[vlan-104]-to-[vlan-104]",
            "name_alias": "",
            "role": "external",
            "to": "vlan-104",
            "vlan_pool_dn": "uni/infra/vlanns-[access]-static"
          },
          "sensitive_attributes": [],
          "private": "eyJzY2hlbWFfdmVyc2lvbiI6IjEifQ==",
          "dependencies": [
            "data.aci_vlan_pool.VLAN_Pool_access"
          ]
        }
      ]
    },
    {
      "mode": "managed",
      "type": "aci_ranges",
      "name": "VLAN_Range_access_105",
      "provider": "provider[\"registry.terraform.io/ciscodevnet/aci\"]",
      "instances": [
        {
          "schema_version": 1,
          "attributes": {
            "alloc_mode": "inherit",
            "annotation": "orchestrator:terraform",
            "description": "",
            "from": "vlan-105",
            "id": "uni/infra/vlanns-[access]-static/from-[vlan-105]-to-[vlan-105]",
            "name_alias": "",
            "role": "external",
            "to": "vlan-105",
            "vlan_pool_dn": "uni/infra/vlanns-[access]-static"
          },
          "sensitive_attributes": [],
          "private": "eyJzY2hlbWFfdmVyc2lvbiI6IjEifQ==",
          "dependencies": [
            "data.aci_vlan_pool.VLAN_Pool_access"
          ]
        }
      ]
    },
    {
      "mode": "managed",
      "type": "aci_ranges",
      "name": "VLAN_Range_access_106",
      "provider": "provider[\"registry.terraform.io/ciscodevnet/aci\"]",
      "instances": [
        {
          "schema_version": 1,
          "attributes": {
            "alloc_mode": "inherit",
            "annotation": "orchestrator:terraform",
            "description": "",
            "from": "vlan-106",
            "id": "uni/infra/vlanns-[access]-static/from-[vlan-106]-to-[vlan-106]",
            "name_alias": "",
            "role": "external",
            "to": "vlan-106",
            "vlan_pool_dn": "uni/infra/vlanns-[access]-static"
          },
          "sensitive_attributes": [],
          "private": "eyJzY2hlbWFfdmVyc2lvbiI6IjEifQ==",
          "dependencies": [
            "data.aci_vlan_pool.VLAN_Pool_access"
          ]
        }
      ]
    },
    {
      "mode": "managed",
      "type": "aci_ranges",
      "name": "VLAN_Range_access_107",
      "provider": "provider[\"registry.terraform.io/ciscodevnet/aci\"]",
      "instances": [
        {
          "schema_version": 1,
          "attributes": {
            "alloc_mode": "inherit",
            "annotation": "orchestrator:terraform",
            "description": "",
            "from": "vlan-107",
            "id": "uni/infra/vlanns-[access]-static/from-[vlan-107]-to-[vlan-107]",
            "name_alias": "",
            "role": "external",
            "to": "vlan-107",
            "vlan_pool_dn": "uni/infra/vlanns-[access]-static"
          },
          "sensitive_attributes": [],
          "private": "eyJzY2hlbWFfdmVyc2lvbiI6IjEifQ==",
          "dependencies": [
            "data.aci_vlan_pool.VLAN_Pool_access"
          ]
        }
      ]
    },
    {
      "mode": "managed",
      "type": "aci_ranges",
      "name": "VLAN_Range_access_108",
      "provider": "provider[\"registry.terraform.io/ciscodevnet/aci\"]",
      "instances": [
        {
          "schema_version": 1,
          "attributes": {
            "alloc_mode": "inherit",
            "annotation": "orchestrator:terraform",
            "description": "",
            "from": "vlan-108",
            "id": "uni/infra/vlanns-[access]-static/from-[vlan-108]-to-[vlan-108]",
            "name_alias": "",
            "role": "external",
            "to": "vlan-108",
            "vlan_pool_dn": "uni/infra/vlanns-[access]-static"
          },
          "sensitive_attributes": [],
          "private": "eyJzY2hlbWFfdmVyc2lvbiI6IjEifQ==",
          "dependencies": [
            "data.aci_vlan_pool.VLAN_Pool_access"
          ]
        }
      ]
    },
    {
      "mode": "managed",
      "type": "aci_ranges",
      "name": "VLAN_Range_access_109",
      "provider": "provider[\"registry.terraform.io/ciscodevnet/aci\"]",
      "instances": [
        {
          "schema_version": 1,
          "attributes": {
            "alloc_mode": "inherit",
            "annotation": "orchestrator:terraform",
            "description": "",
            "from": "vlan-109",
            "id": "uni/infra/vlanns-[access]-static/from-[vlan-109]-to-[vlan-109]",
            "name_alias": "",
            "role": "external",
            "to": "vlan-109",
            "vlan_pool_dn": "uni/infra/vlanns-[access]-static"
          },
          "sensitive_attributes": [],
          "private": "eyJzY2hlbWFfdmVyc2lvbiI6IjEifQ==",
          "dependencies": [
            "data.aci_vlan_pool.VLAN_Pool_access"
          ]
        }
      ]
    },
    {
      "mode": "managed",
      "type": "aci_ranges",
      "name": "VLAN_Range_access_110",
      "provider": "provider[\"registry.terraform.io/ciscodevnet/aci\"]",
      "instances": [
        {
          "schema_version": 1,
          "attributes": {
            "alloc_mode": "inherit",
            "annotation": "orchestrator:terraform",
            "description": "",
            "from": "vlan-110",
            "id": "uni/infra/vlanns-[access]-static/from-[vlan-110]-to-[vlan-110]",
            "name_alias": "",
            "role": "external",
            "to": "vlan-110",
            "vlan_pool_dn": "uni/infra/vlanns-[access]-static"
          },
          "sensitive_attributes": [],
          "private": "eyJzY2hlbWFfdmVyc2lvbiI6IjEifQ==",
          "dependencies": [
            "data.aci_vlan_pool.VLAN_Pool_access"
          ]
        }
      ]
    },
    {
      "mode": "managed",
      "type": "aci_ranges",
      "name": "VLAN_Range_access_111",
      "provider": "provider[\"registry.terraform.io/ciscodevnet/aci\"]",
      "instances": [
        {
          "schema_version": 1,
          "attributes": {
            "alloc_mode": "inherit",
            "annotation": "orchestrator:terraform",
            "description": "",
            "from": "vlan-111",
            "id": "uni/infra/vlanns-[access]-static/from-[vlan-111]-to-[vlan-111]",
            "name_alias": "",
            "role": "external",
            "to": "vlan-111",
            "vlan_pool_dn": "uni/infra/vlanns-[access]-static"
          },
          "sensitive_attributes": [],
          "private": "eyJzY2hlbWFfdmVyc2lvbiI6IjEifQ==",
          "dependencies": [
            "data.aci_vlan_pool.VLAN_Pool_access"
          ]
        }
      ]
    },
    {
      "mode": "managed",
      "type": "aci_ranges",
      "name": "VLAN_Range_access_112",
      "provider": "provider[\"registry.terraform.io/ciscodevnet/aci\"]",
      "instances": [
        {
          "schema_version": 1,
          "attributes": {
            "alloc_mode": "inherit",
            "annotation": "orchestrator:terraform",
            "description": "",
            "from": "vlan-112",
            "id": "uni/infra/vlanns-[access]-static/from-[vlan-112]-to-[vlan-112]",
            "name_alias": "",
            "role": "external",
            "to": "vlan-112",
            "vlan_pool_dn": "uni/infra/vlanns-[access]-static"
          },
          "sensitive_attributes": [],
          "private": "eyJzY2hlbWFfdmVyc2lvbiI6IjEifQ==",
          "dependencies": [
            "data.aci_vlan_pool.VLAN_Pool_access"
          ]
        }
      ]
    },
    {
      "mode": "managed",
      "type": "aci_ranges",
      "name": "VLAN_Range_access_113",
      "provider": "provider[\"registry.terraform.io/ciscodevnet/aci\"]",
      "instances": [
        {
          "schema_version": 1,
          "attributes": {
            "alloc_mode": "inherit",
            "annotation": "orchestrator:terraform",
            "description": "",
            "from": "vlan-113",
            "id": "uni/infra/vlanns-[access]-static/from-[vlan-113]-to-[vlan-113]",
            "name_alias": "",
            "role": "external",
            "to": "vlan-113",
            "vlan_pool_dn": "uni/infra/vlanns-[access]-static"
          },
          "sensitive_attributes": [],
          "private": "eyJzY2hlbWFfdmVyc2lvbiI6IjEifQ==",
          "dependencies": [
            "data.aci_vlan_pool.VLAN_Pool_access"
          ]
        }
      ]
    },
    {
      "mode": "managed",
      "type": "aci_ranges",
      "name": "VLAN_Range_access_114",
      "provider": "provider[\"registry.terraform.io/ciscodevnet/aci\"]",
      "instances": [
        {
          "schema_version": 1,
          "attributes": {
            "alloc_mode": "inherit",
            "annotation": "orchestrator:terraform",
            "description": "",
            "from": "vlan-114",
            "id": "uni/infra/vlanns-[access]-static/from-[vlan-114]-to-[vlan-114]",
            "name_alias": "",
            "role": "external",
            "to": "vlan-114",
            "vlan_pool_dn": "uni/infra/vlanns-[access]-static"
          },
          "sensitive_attributes": [],
          "private": "eyJzY2hlbWFfdmVyc2lvbiI6IjEifQ==",
          "dependencies": [
            "data.aci_vlan_pool.VLAN_Pool_access"
          ]
        }
      ]
    },
    {
      "mode": "managed",
      "type": "aci_ranges",
      "name": "VLAN_Range_access_115",
      "provider": "provider[\"registry.terraform.io/ciscodevnet/aci\"]",
      "instances": [
        {
          "schema_version": 1,
          "attributes": {
            "alloc_mode": "inherit",
            "annotation": "orchestrator:terraform",
            "description": "",
            "from": "vlan-115",
            "id": "uni/infra/vlanns-[access]-static/from-[vlan-115]-to-[vlan-115]",
            "name_alias": "",
            "role": "external",
            "to": "vlan-115",
            "vlan_pool_dn": "uni/infra/vlanns-[access]-static"
          },
          "sensitive_attributes": [],
          "private": "eyJzY2hlbWFfdmVyc2lvbiI6IjEifQ==",
          "dependencies": [
            "data.aci_vlan_pool.VLAN_Pool_access"
          ]
        }
      ]
    },
    {
      "mode": "managed",
      "type": "aci_ranges",
      "name": "VLAN_Range_access_116",
      "provider": "provider[\"registry.terraform.io/ciscodevnet/aci\"]",
      "instances": [
        {
          "schema_version": 1,
          "attributes": {
            "alloc_mode": "inherit",
            "annotation": "orchestrator:terraform",
            "description": "",
            "from": "vlan-116",
            "id": "uni/infra/vlanns-[access]-static/from-[vlan-116]-to-[vlan-116]",
            "name_alias": "",
            "role": "external",
            "to": "vlan-116",
            "vlan_pool_dn": "uni/infra/vlanns-[access]-static"
          },
          "sensitive_attributes": [],
          "private": "eyJzY2hlbWFfdmVyc2lvbiI6IjEifQ==",
          "dependencies": [
            "data.aci_vlan_pool.VLAN_Pool_access"
          ]
        }
      ]
    },
    {
      "mode": "managed",
      "type": "aci_ranges",
      "name": "VLAN_Range_access_117",
      "provider": "provider[\"registry.terraform.io/ciscodevnet/aci\"]",
      "instances": [
        {
          "schema_version": 1,
          "attributes": {
            "alloc_mode": "inherit",
            "annotation": "orchestrator:terraform",
            "description": "",
            "from": "vlan-117",
            "id": "uni/infra/vlanns-[access]-static/from-[vlan-117]-to-[vlan-117]",
            "name_alias": "",
            "role": "external",
            "to": "vlan-117",
            "vlan_pool_dn": "uni/infra/vlanns-[access]-static"
          },
          "sensitive_attributes": [],
          "private": "eyJzY2hlbWFfdmVyc2lvbiI6IjEifQ==",
          "dependencies": [
            "data.aci_vlan_pool.VLAN_Pool_access"
          ]
        }
      ]
    },
    {
      "mode": "managed",
      "type": "aci_ranges",
      "name": "VLAN_Range_access_118",
      "provider": "provider[\"registry.terraform.io/ciscodevnet/aci\"]",
      "instances": [
        {
          "schema_version": 1,
          "attributes": {
            "alloc_mode": "inherit",
            "annotation": "orchestrator:terraform",
            "description": "",
            "from": "vlan-118",
            "id": "uni/infra/vlanns-[access]-static/from-[vlan-118]-to-[vlan-118]",
            "name_alias": "",
            "role": "external",
            "to": "vlan-118",
            "vlan_pool_dn": "uni/infra/vlanns-[access]-static"
          },
          "sensitive_attributes": [],
          "private": "eyJzY2hlbWFfdmVyc2lvbiI6IjEifQ==",
          "dependencies": [
            "data.aci_vlan_pool.VLAN_Pool_access"
          ]
        }
      ]
    },
    {
      "mode": "managed",
      "type": "aci_ranges",
      "name": "VLAN_Range_access_119",
      "provider": "provider[\"registry.terraform.io/ciscodevnet/aci\"]",
      "instances": [
        {
          "schema_version": 1,
          "attributes": {
            "alloc_mode": "inherit",
            "annotation": "orchestrator:terraform",
            "description": "",
            "from": "vlan-119",
            "id": "uni/infra/vlanns-[access]-static/from-[vlan-119]-to-[vlan-119]",
            "name_alias": "",
            "role": "external",
            "to": "vlan-119",
            "vlan_pool_dn": "uni/infra/vlanns-[access]-static"
          },
          "sensitive_attributes": [],
          "private": "eyJzY2hlbWFfdmVyc2lvbiI6IjEifQ==",
          "dependencies": [
            "data.aci_vlan_pool.VLAN_Pool_access"
          ]
        }
      ]
    },
    {
      "mode": "managed",
      "type": "aci_ranges",
      "name": "VLAN_Range_access_120",
      "provider": "provider[\"registry.terraform.io/ciscodevnet/aci\"]",
      "instances": [
        {
          "schema_version": 1,
          "attributes": {
            "alloc_mode": "inherit",
            "annotation": "orchestrator:terraform",
            "description": "",
            "from": "vlan-120",
            "id": "uni/infra/vlanns-[access]-static/from-[vlan-120]-to-[vlan-120]",
            "name_alias": "",
            "role": "external",
            "to": "vlan-120",
            "vlan_pool_dn": "uni/infra/vlanns-[access]-static"
          },
          "sensitive_attributes": [],
          "private": "eyJzY2hlbWFfdmVyc2lvbiI6IjEifQ==",
          "dependencies": [
            "data.aci_vlan_pool.VLAN_Pool_access"
          ]
        }
      ]
    },
    {
      "mode": "managed",
      "type": "aci_ranges",
      "name": "VLAN_Range_access_121",
      "provider": "provider[\"registry.terraform.io/ciscodevnet/aci\"]",
      "instances": [
        {
          "schema_version": 1,
          "attributes": {
            "alloc_mode": "inherit",
            "annotation": "orchestrator:terraform",
            "description": "",
            "from": "vlan-121",
            "id": "uni/infra/vlanns-[access]-static/from-[vlan-121]-to-[vlan-121]",
            "name_alias": "",
            "role": "external",
            "to": "vlan-121",
            "vlan_pool_dn": "uni/infra/vlanns-[access]-static"
          },
          "sensitive_attributes": [],
          "private": "eyJzY2hlbWFfdmVyc2lvbiI6IjEifQ==",
          "dependencies": [
            "data.aci_vlan_pool.VLAN_Pool_access"
          ]
        }
      ]
    },
    {
      "mode": "managed",
      "type": "aci_ranges",
      "name": "VLAN_Range_access_122",
      "provider": "provider[\"registry.terraform.io/ciscodevnet/aci\"]",
      "instances": [
        {
          "schema_version": 1,
          "attributes": {
            "alloc_mode": "inherit",
            "annotation": "orchestrator:terraform",
            "description": "",
            "from": "vlan-122",
            "id": "uni/infra/vlanns-[access]-static/from-[vlan-122]-to-[vlan-122]",
            "name_alias": "",
            "role": "external",
            "to": "vlan-122",
            "vlan_pool_dn": "uni/infra/vlanns-[access]-static"
          },
          "sensitive_attributes": [],
          "private": "eyJzY2hlbWFfdmVyc2lvbiI6IjEifQ==",
          "dependencies": [
            "data.aci_vlan_pool.VLAN_Pool_access"
          ]
        }
      ]
    },
    {
      "mode": "managed",
      "type": "aci_ranges",
      "name": "VLAN_Range_access_123",
      "provider": "provider[\"registry.terraform.io/ciscodevnet/aci\"]",
      "instances": [
        {
          "schema_version": 1,
          "attributes": {
            "alloc_mode": "inherit",
            "annotation": "orchestrator:terraform",
            "description": "",
            "from": "vlan-123",
            "id": "uni/infra/vlanns-[access]-static/from-[vlan-123]-to-[vlan-123]",
            "name_alias": "",
            "role": "external",
            "to": "vlan-123",
            "vlan_pool_dn": "uni/infra/vlanns-[access]-static"
          },
          "sensitive_attributes": [],
          "private": "eyJzY2hlbWFfdmVyc2lvbiI6IjEifQ==",
          "dependencies": [
            "data.aci_vlan_pool.VLAN_Pool_access"
          ]
        }
      ]
    },
    {
      "mode": "managed",
      "type": "aci_ranges",
      "name": "VLAN_Range_access_124",
      "provider": "provider[\"registry.terraform.io/ciscodevnet/aci\"]",
      "instances": [
        {
          "schema_version": 1,
          "attributes": {
            "alloc_mode": "inherit",
            "annotation": "orchestrator:terraform",
            "description": "",
            "from": "vlan-124",
            "id": "uni/infra/vlanns-[access]-static/from-[vlan-124]-to-[vlan-124]",
            "name_alias": "",
            "role": "external",
            "to": "vlan-124",
            "vlan_pool_dn": "uni/infra/vlanns-[access]-static"
          },
          "sensitive_attributes": [],
          "private": "eyJzY2hlbWFfdmVyc2lvbiI6IjEifQ==",
          "dependencies": [
            "data.aci_vlan_pool.VLAN_Pool_access"
          ]
        }
      ]
    },
    {
      "mode": "managed",
      "type": "aci_ranges",
      "name": "VLAN_Range_access_125",
      "provider": "provider[\"registry.terraform.io/ciscodevnet/aci\"]",
      "instances": [
        {
          "schema_version": 1,
          "attributes": {
            "alloc_mode": "inherit",
            "annotation": "orchestrator:terraform",
            "description": "",
            "from": "vlan-125",
            "id": "uni/infra/vlanns-[access]-static/from-[vlan-125]-to-[vlan-125]",
            "name_alias": "",
            "role": "external",
            "to": "vlan-125",
            "vlan_pool_dn": "uni/infra/vlanns-[access]-static"
          },
          "sensitive_attributes": [],
          "private": "eyJzY2hlbWFfdmVyc2lvbiI6IjEifQ==",
          "dependencies": [
            "data.aci_vlan_pool.VLAN_Pool_access"
          ]
        }
      ]
    },
    {
      "mode": "managed",
      "type": "aci_ranges",
      "name": "VLAN_Range_access_126",
      "provider": "provider[\"registry.terraform.io/ciscodevnet/aci\"]",
      "instances": [
        {
          "schema_version": 1,
          "attributes": {
            "alloc_mode": "inherit",
            "annotation": "orchestrator:terraform",
            "description": "",
            "from": "vlan-126",
            "id": "uni/infra/vlanns-[access]-static/from-[vlan-126]-to-[vlan-126]",
            "name_alias": "",
            "role": "external",
            "to": "vlan-126",
            "vlan_pool_dn": "uni/infra/vlanns-[access]-static"
          },
          "sensitive_attributes": [],
          "private": "eyJzY2hlbWFfdmVyc2lvbiI6IjEifQ==",
          "dependencies": [
            "data.aci_vlan_pool.VLAN_Pool_access"
          ]
        }
      ]
    },
    {
      "mode": "managed",
      "type": "aci_ranges",
      "name": "VLAN_Range_access_127",
      "provider": "provider[\"registry.terraform.io/ciscodevnet/aci\"]",
      "instances": [
        {
          "schema_version": 1,
          "attributes": {
            "alloc_mode": "inherit",
            "annotation": "orchestrator:terraform",
            "description": "",
            "from": "vlan-127",
            "id": "uni/infra/vlanns-[access]-static/from-[vlan-127]-to-[vlan-127]",
            "name_alias": "",
            "role": "external",
            "to": "vlan-127",
            "vlan_pool_dn": "uni/infra/vlanns-[access]-static"
          },
          "sensitive_attributes": [],
          "private": "eyJzY2hlbWFfdmVyc2lvbiI6IjEifQ==",
          "dependencies": [
            "data.aci_vlan_pool.VLAN_Pool_access"
          ]
        }
      ]
    },
    {
      "mode": "managed",
      "type": "aci_ranges",
      "name": "VLAN_Range_access_128",
      "provider": "provider[\"registry.terraform.io/ciscodevnet/aci\"]",
      "instances": [
        {
          "schema_version": 1,
          "attributes": {
            "alloc_mode": "inherit",
            "annotation": "orchestrator:terraform",
            "description": "",
            "from": "vlan-128",
            "id": "uni/infra/vlanns-[access]-static/from-[vlan-128]-to-[vlan-128]",
            "name_alias": "",
            "role": "external",
            "to": "vlan-128",
            "vlan_pool_dn": "uni/infra/vlanns-[access]-static"
          },
          "sensitive_attributes": [],
          "private": "eyJzY2hlbWFfdmVyc2lvbiI6IjEifQ==",
          "dependencies": [
            "data.aci_vlan_pool.VLAN_Pool_access"
          ]
        }
      ]
    },
    {
      "mode": "managed",
      "type": "aci_ranges",
      "name": "VLAN_Range_access_129",
      "provider": "provider[\"registry.terraform.io/ciscodevnet/aci\"]",
      "instances": [
        {
          "schema_version": 1,
          "attributes": {
            "alloc_mode": "inherit",
            "annotation": "orchestrator:terraform",
            "description": "",
            "from": "vlan-129",
            "id": "uni/infra/vlanns-[access]-static/from-[vlan-129]-to-[vlan-129]",
            "name_alias": "",
            "role": "external",
            "to": "vlan-129",
            "vlan_pool_dn": "uni/infra/vlanns-[access]-static"
          },
          "sensitive_attributes": [],
          "private": "eyJzY2hlbWFfdmVyc2lvbiI6IjEifQ==",
          "dependencies": [
            "data.aci_vlan_pool.VLAN_Pool_access"
          ]
        }
      ]
    },
    {
      "mode": "managed",
      "type": "aci_ranges",
      "name": "VLAN_Range_access_130",
      "provider": "provider[\"registry.terraform.io/ciscodevnet/aci\"]",
      "instances": [
        {
          "schema_version": 1,
          "attributes": {
            "alloc_mode": "inherit",
            "annotation": "orchestrator:terraform",
            "description": "",
            "from": "vlan-130",
            "id": "uni/infra/vlanns-[access]-static/from-[vlan-130]-to-[vlan-130]",
            "name_alias": "",
            "role": "external",
            "to": "vlan-130",
            "vlan_pool_dn": "uni/infra/vlanns-[access]-static"
          },
          "sensitive_attributes": [],
          "private": "eyJzY2hlbWFfdmVyc2lvbiI6IjEifQ==",
          "dependencies": [
            "data.aci_vlan_pool.VLAN_Pool_access"
          ]
        }
      ]
    },
    {
      "mode": "managed",
      "type": "aci_ranges",
      "name": "VLAN_Range_access_131",
      "provider": "provider[\"registry.terraform.io/ciscodevnet/aci\"]",
      "instances": [
        {
          "schema_version": 1,
          "attributes": {
            "alloc_mode": "inherit",
            "annotation": "orchestrator:terraform",
            "description": "",
            "from": "vlan-131",
            "id": "uni/infra/vlanns-[access]-static/from-[vlan-131]-to-[vlan-131]",
            "name_alias": "",
            "role": "external",
            "to": "vlan-131",
            "vlan_pool_dn": "uni/infra/vlanns-[access]-static"
          },
          "sensitive_attributes": [],
          "private": "eyJzY2hlbWFfdmVyc2lvbiI6IjEifQ==",
          "dependencies": [
            "data.aci_vlan_pool.VLAN_Pool_access"
          ]
        }
      ]
    },
    {
      "mode": "managed",
      "type": "aci_ranges",
      "name": "VLAN_Range_access_132",
      "provider": "provider[\"registry.terraform.io/ciscodevnet/aci\"]",
      "instances": [
        {
          "schema_version": 1,
          "attributes": {
            "alloc_mode": "inherit",
            "annotation": "orchestrator:terraform",
            "description": "",
            "from": "vlan-132",
            "id": "uni/infra/vlanns-[access]-static/from-[vlan-132]-to-[vlan-132]",
            "name_alias": "",
            "role": "external",
            "to": "vlan-132",
            "vlan_pool_dn": "uni/infra/vlanns-[access]-static"
          },
          "sensitive_attributes": [],
          "private": "eyJzY2hlbWFfdmVyc2lvbiI6IjEifQ==",
          "dependencies": [
            "data.aci_vlan_pool.VLAN_Pool_access"
          ]
        }
      ]
    },
    {
      "mode": "managed",
      "type": "aci_ranges",
      "name": "VLAN_Range_access_133",
      "provider": "provider[\"registry.terraform.io/ciscodevnet/aci\"]",
      "instances": [
        {
          "schema_version": 1,
          "attributes": {
            "alloc_mode": "inherit",
            "annotation": "orchestrator:terraform",
            "description": "",
            "from": "vlan-133",
            "id": "uni/infra/vlanns-[access]-static/from-[vlan-133]-to-[vlan-133]",
            "name_alias": "",
            "role": "external",
            "to": "vlan-133",
            "vlan_pool_dn": "uni/infra/vlanns-[access]-static"
          },
          "sensitive_attributes": [],
          "private": "eyJzY2hlbWFfdmVyc2lvbiI6IjEifQ==",
          "dependencies": [
            "data.aci_vlan_pool.VLAN_Pool_access"
          ]
        }
      ]
    },
    {
      "mode": "managed",
      "type": "aci_ranges",
      "name": "VLAN_Range_access_134",
      "provider": "provider[\"registry.terraform.io/ciscodevnet/aci\"]",
      "instances": [
        {
          "schema_version": 1,
          "attributes": {
            "alloc_mode": "inherit",
            "annotation": "orchestrator:terraform",
            "description": "",
            "from": "vlan-134",
            "id": "uni/infra/vlanns-[access]-static/from-[vlan-134]-to-[vlan-134]",
            "name_alias": "",
            "role": "external",
            "to": "vlan-134",
            "vlan_pool_dn": "uni/infra/vlanns-[access]-static"
          },
          "sensitive_attributes": [],
          "private": "eyJzY2hlbWFfdmVyc2lvbiI6IjEifQ==",
          "dependencies": [
            "data.aci_vlan_pool.VLAN_Pool_access"
          ]
        }
      ]
    },
    {
      "mode": "managed",
      "type": "aci_ranges",
      "name": "VLAN_Range_access_135",
      "provider": "provider[\"registry.terraform.io/ciscodevnet/aci\"]",
      "instances": [
        {
          "schema_version": 1,
          "attributes": {
            "alloc_mode": "inherit",
            "annotation": "orchestrator:terraform",
            "description": "",
            "from": "vlan-135",
            "id": "uni/infra/vlanns-[access]-static/from-[vlan-135]-to-[vlan-135]",
            "name_alias": "",
            "role": "external",
            "to": "vlan-135",
            "vlan_pool_dn": "uni/infra/vlanns-[access]-static"
          },
          "sensitive_attributes": [],
          "private": "eyJzY2hlbWFfdmVyc2lvbiI6IjEifQ==",
          "dependencies": [
            "data.aci_vlan_pool.VLAN_Pool_access"
          ]
        }
      ]
    },
    {
      "mode": "managed",
      "type": "aci_ranges",
      "name": "VLAN_Range_access_136",
      "provider": "provider[\"registry.terraform.io/ciscodevnet/aci\"]",
      "instances": [
        {
          "schema_version": 1,
          "attributes": {
            "alloc_mode": "inherit",
            "annotation": "orchestrator:terraform",
            "description": "",
            "from": "vlan-136",
            "id": "uni/infra/vlanns-[access]-static/from-[vlan-136]-to-[vlan-136]",
            "name_alias": "",
            "role": "external",
            "to": "vlan-136",
            "vlan_pool_dn": "uni/infra/vlanns-[access]-static"
          },
          "sensitive_attributes": [],
          "private": "eyJzY2hlbWFfdmVyc2lvbiI6IjEifQ==",
          "dependencies": [
            "data.aci_vlan_pool.VLAN_Pool_access"
          ]
        }
      ]
    },
    {
      "mode": "managed",
      "type": "aci_ranges",
      "name": "VLAN_Range_access_137",
      "provider": "provider[\"registry.terraform.io/ciscodevnet/aci\"]",
      "instances": [
        {
          "schema_version": 1,
          "attributes": {
            "alloc_mode": "inherit",
            "annotation": "orchestrator:terraform",
            "description": "",
            "from": "vlan-137",
            "id": "uni/infra/vlanns-[access]-static/from-[vlan-137]-to-[vlan-137]",
            "name_alias": "",
            "role": "external",
            "to": "vlan-137",
            "vlan_pool_dn": "uni/infra/vlanns-[access]-static"
          },
          "sensitive_attributes": [],
          "private": "eyJzY2hlbWFfdmVyc2lvbiI6IjEifQ==",
          "dependencies": [
            "data.aci_vlan_pool.VLAN_Pool_access"
          ]
        }
      ]
    },
    {
      "mode": "managed",
      "type": "aci_ranges",
      "name": "VLAN_Range_access_138",
      "provider": "provider[\"registry.terraform.io/ciscodevnet/aci\"]",
      "instances": [
        {
          "schema_version": 1,
          "attributes": {
            "alloc_mode": "inherit",
            "annotation": "orchestrator:terraform",
            "description": "",
            "from": "vlan-138",
            "id": "uni/infra/vlanns-[access]-static/from-[vlan-138]-to-[vlan-138]",
            "name_alias": "",
            "role": "external",
            "to": "vlan-138",
            "vlan_pool_dn": "uni/infra/vlanns-[access]-static"
          },
          "sensitive_attributes": [],
          "private": "eyJzY2hlbWFfdmVyc2lvbiI6IjEifQ==",
          "dependencies": [
            "data.aci_vlan_pool.VLAN_Pool_access"
          ]
        }
      ]
    },
    {
      "mode": "managed",
      "type": "aci_ranges",
      "name": "VLAN_Range_access_139",
      "provider": "provider[\"registry.terraform.io/ciscodevnet/aci\"]",
      "instances": [
        {
          "schema_version": 1,
          "attributes": {
            "alloc_mode": "inherit",
            "annotation": "orchestrator:terraform",
            "description": "",
            "from": "vlan-139",
            "id": "uni/infra/vlanns-[access]-static/from-[vlan-139]-to-[vlan-139]",
            "name_alias": "",
            "role": "external",
            "to": "vlan-139",
            "vlan_pool_dn": "uni/infra/vlanns-[access]-static"
          },
          "sensitive_attributes": [],
          "private": "eyJzY2hlbWFfdmVyc2lvbiI6IjEifQ==",
          "dependencies": [
            "data.aci_vlan_pool.VLAN_Pool_access"
          ]
        }
      ]
    },
    {
      "mode": "managed",
      "type": "aci_ranges",
      "name": "VLAN_Range_access_140",
      "provider": "provider[\"registry.terraform.io/ciscodevnet/aci\"]",
      "instances": [
        {
          "schema_version": 1,
          "attributes": {
            "alloc_mode": "inherit",
            "annotation": "orchestrator:terraform",
            "description": "",
            "from": "vlan-140",
            "id": "uni/infra/vlanns-[access]-static/from-[vlan-140]-to-[vlan-140]",
            "name_alias": "",
            "role": "external",
            "to": "vlan-140",
            "vlan_pool_dn": "uni/infra/vlanns-[access]-static"
          },
          "sensitive_attributes": [],
          "private": "eyJzY2hlbWFfdmVyc2lvbiI6IjEifQ==",
          "dependencies": [
            "data.aci_vlan_pool.VLAN_Pool_access"
          ]
        }
      ]
    },
    {
      "mode": "managed",
      "type": "aci_ranges",
      "name": "VLAN_Range_access_141",
      "provider": "provider[\"registry.terraform.io/ciscodevnet/aci\"]",
      "instances": [
        {
          "schema_version": 1,
          "attributes": {
            "alloc_mode": "inherit",
            "annotation": "orchestrator:terraform",
            "description": "",
            "from": "vlan-141",
            "id": "uni/infra/vlanns-[access]-static/from-[vlan-141]-to-[vlan-141]",
            "name_alias": "",
            "role": "external",
            "to": "vlan-141",
            "vlan_pool_dn": "uni/infra/vlanns-[access]-static"
          },
          "sensitive_attributes": [],
          "private": "eyJzY2hlbWFfdmVyc2lvbiI6IjEifQ==",
          "dependencies": [
            "data.aci_vlan_pool.VLAN_Pool_access"
          ]
        }
      ]
    },
    {
      "mode": "managed",
      "type": "aci_ranges",
      "name": "VLAN_Range_access_142",
      "provider": "provider[\"registry.terraform.io/ciscodevnet/aci\"]",
      "instances": [
        {
          "schema_version": 1,
          "attributes": {
            "alloc_mode": "inherit",
            "annotation": "orchestrator:terraform",
            "description": "",
            "from": "vlan-142",
            "id": "uni/infra/vlanns-[access]-static/from-[vlan-142]-to-[vlan-142]",
            "name_alias": "",
            "role": "external",
            "to": "vlan-142",
            "vlan_pool_dn": "uni/infra/vlanns-[access]-static"
          },
          "sensitive_attributes": [],
          "private": "eyJzY2hlbWFfdmVyc2lvbiI6IjEifQ==",
          "dependencies": [
            "data.aci_vlan_pool.VLAN_Pool_access"
          ]
        }
      ]
    },
    {
      "mode": "managed",
      "type": "aci_ranges",
      "name": "VLAN_Range_access_143",
      "provider": "provider[\"registry.terraform.io/ciscodevnet/aci\"]",
      "instances": [
        {
          "schema_version": 1,
          "attributes": {
            "alloc_mode": "inherit",
            "annotation": "orchestrator:terraform",
            "description": "",
            "from": "vlan-143",
            "id": "uni/infra/vlanns-[access]-static/from-[vlan-143]-to-[vlan-143]",
            "name_alias": "",
            "role": "external",
            "to": "vlan-143",
            "vlan_pool_dn": "uni/infra/vlanns-[access]-static"
          },
          "sensitive_attributes": [],
          "private": "eyJzY2hlbWFfdmVyc2lvbiI6IjEifQ==",
          "dependencies": [
            "data.aci_vlan_pool.VLAN_Pool_access"
          ]
        }
      ]
    },
    {
      "mode": "managed",
      "type": "aci_ranges",
      "name": "VLAN_Range_access_144",
      "provider": "provider[\"registry.terraform.io/ciscodevnet/aci\"]",
      "instances": [
        {
          "schema_version": 1,
          "attributes": {
            "alloc_mode": "inherit",
            "annotation": "orchestrator:terraform",
            "description": "",
            "from": "vlan-144",
            "id": "uni/infra/vlanns-[access]-static/from-[vlan-144]-to-[vlan-144]",
            "name_alias": "",
            "role": "external",
            "to": "vlan-144",
            "vlan_pool_dn": "uni/infra/vlanns-[access]-static"
          },
          "sensitive_attributes": [],
          "private": "eyJzY2hlbWFfdmVyc2lvbiI6IjEifQ==",
          "dependencies": [
            "data.aci_vlan_pool.VLAN_Pool_access"
          ]
        }
      ]
    },
    {
      "mode": "managed",
      "type": "aci_ranges",
      "name": "VLAN_Range_access_145",
      "provider": "provider[\"registry.terraform.io/ciscodevnet/aci\"]",
      "instances": [
        {
          "schema_version": 1,
          "attributes": {
            "alloc_mode": "inherit",
            "annotation": "orchestrator:terraform",
            "description": "",
            "from": "vlan-145",
            "id": "uni/infra/vlanns-[access]-static/from-[vlan-145]-to-[vlan-145]",
            "name_alias": "",
            "role": "external",
            "to": "vlan-145",
            "vlan_pool_dn": "uni/infra/vlanns-[access]-static"
          },
          "sensitive_attributes": [],
          "private": "eyJzY2hlbWFfdmVyc2lvbiI6IjEifQ==",
          "dependencies": [
            "data.aci_vlan_pool.VLAN_Pool_access"
          ]
        }
      ]
    },
    {
      "mode": "managed",
      "type": "aci_ranges",
      "name": "VLAN_Range_access_146",
      "provider": "provider[\"registry.terraform.io/ciscodevnet/aci\"]",
      "instances": [
        {
          "schema_version": 1,
          "attributes": {
            "alloc_mode": "inherit",
            "annotation": "orchestrator:terraform",
            "description": "",
            "from": "vlan-146",
            "id": "uni/infra/vlanns-[access]-static/from-[vlan-146]-to-[vlan-146]",
            "name_alias": "",
            "role": "external",
            "to": "vlan-146",
            "vlan_pool_dn": "uni/infra/vlanns-[access]-static"
          },
          "sensitive_attributes": [],
          "private": "eyJzY2hlbWFfdmVyc2lvbiI6IjEifQ==",
          "dependencies": [
            "data.aci_vlan_pool.VLAN_Pool_access"
          ]
        }
      ]
    },
    {
      "mode": "managed",
      "type": "aci_ranges",
      "name": "VLAN_Range_access_147",
      "provider": "provider[\"registry.terraform.io/ciscodevnet/aci\"]",
      "instances": [
        {
          "schema_version": 1,
          "attributes": {
            "alloc_mode": "inherit",
            "annotation": "orchestrator:terraform",
            "description": "",
            "from": "vlan-147",
            "id": "uni/infra/vlanns-[access]-static/from-[vlan-147]-to-[vlan-147]",
            "name_alias": "",
            "role": "external",
            "to": "vlan-147",
            "vlan_pool_dn": "uni/infra/vlanns-[access]-static"
          },
          "sensitive_attributes": [],
          "private": "eyJzY2hlbWFfdmVyc2lvbiI6IjEifQ==",
          "dependencies": [
            "data.aci_vlan_pool.VLAN_Pool_access"
          ]
        }
      ]
    },
    {
      "mode": "managed",
      "type": "aci_ranges",
      "name": "VLAN_Range_access_148",
      "provider": "provider[\"registry.terraform.io/ciscodevnet/aci\"]",
      "instances": [
        {
          "schema_version": 1,
          "attributes": {
            "alloc_mode": "inherit",
            "annotation": "orchestrator:terraform",
            "description": "",
            "from": "vlan-148",
            "id": "uni/infra/vlanns-[access]-static/from-[vlan-148]-to-[vlan-148]",
            "name_alias": "",
            "role": "external",
            "to": "vlan-148",
            "vlan_pool_dn": "uni/infra/vlanns-[access]-static"
          },
          "sensitive_attributes": [],
          "private": "eyJzY2hlbWFfdmVyc2lvbiI6IjEifQ==",
          "dependencies": [
            "data.aci_vlan_pool.VLAN_Pool_access"
          ]
        }
      ]
    },
    {
      "mode": "managed",
      "type": "aci_ranges",
      "name": "VLAN_Range_access_149",
      "provider": "provider[\"registry.terraform.io/ciscodevnet/aci\"]",
      "instances": [
        {
          "schema_version": 1,
          "attributes": {
            "alloc_mode": "inherit",
            "annotation": "orchestrator:terraform",
            "description": "",
            "from": "vlan-149",
            "id": "uni/infra/vlanns-[access]-static/from-[vlan-149]-to-[vlan-149]",
            "name_alias": "",
            "role": "external",
            "to": "vlan-149",
            "vlan_pool_dn": "uni/infra/vlanns-[access]-static"
          },
          "sensitive_attributes": [],
          "private": "eyJzY2hlbWFfdmVyc2lvbiI6IjEifQ==",
          "dependencies": [
            "data.aci_vlan_pool.VLAN_Pool_access"
          ]
        }
      ]
    },
    {
      "mode": "managed",
      "type": "aci_ranges",
      "name": "VLAN_Range_access_150",
      "provider": "provider[\"registry.terraform.io/ciscodevnet/aci\"]",
      "instances": [
        {
          "schema_version": 1,
          "attributes": {
            "alloc_mode": "inherit",
            "annotation": "orchestrator:terraform",
            "description": "",
            "from": "vlan-150",
            "id": "uni/infra/vlanns-[access]-static/from-[vlan-150]-to-[vlan-150]",
            "name_alias": "",
            "role": "external",
            "to": "vlan-150",
            "vlan_pool_dn": "uni/infra/vlanns-[access]-static"
          },
          "sensitive_attributes": [],
          "private": "eyJzY2hlbWFfdmVyc2lvbiI6IjEifQ==",
          "dependencies": [
            "data.aci_vlan_pool.VLAN_Pool_access"
          ]
        }
      ]
    },
    {
      "mode": "managed",
      "type": "aci_ranges",
      "name": "VLAN_Range_access_151",
      "provider": "provider[\"registry.terraform.io/ciscodevnet/aci\"]",
      "instances": [
        {
          "schema_version": 1,
          "attributes": {
            "alloc_mode": "inherit",
            "annotation": "orchestrator:terraform",
            "description": "",
            "from": "vlan-151",
            "id": "uni/infra/vlanns-[access]-static/from-[vlan-151]-to-[vlan-151]",
            "name_alias": "",
            "role": "external",
            "to": "vlan-151",
            "vlan_pool_dn": "uni/infra/vlanns-[access]-static"
          },
          "sensitive_attributes": [],
          "private": "eyJzY2hlbWFfdmVyc2lvbiI6IjEifQ==",
          "dependencies": [
            "data.aci_vlan_pool.VLAN_Pool_access"
          ]
        }
      ]
    },
    {
      "mode": "managed",
      "type": "aci_ranges",
      "name": "VLAN_Range_access_152",
      "provider": "provider[\"registry.terraform.io/ciscodevnet/aci\"]",
      "instances": [
        {
          "schema_version": 1,
          "attributes": {
            "alloc_mode": "inherit",
            "annotation": "orchestrator:terraform",
            "description": "",
            "from": "vlan-152",
            "id": "uni/infra/vlanns-[access]-static/from-[vlan-152]-to-[vlan-152]",
            "name_alias": "",
            "role": "external",
            "to": "vlan-152",
            "vlan_pool_dn": "uni/infra/vlanns-[access]-static"
          },
          "sensitive_attributes": [],
          "private": "eyJzY2hlbWFfdmVyc2lvbiI6IjEifQ==",
          "dependencies": [
            "data.aci_vlan_pool.VLAN_Pool_access"
          ]
        }
      ]
    },
    {
      "mode": "managed",
      "type": "aci_ranges",
      "name": "VLAN_Range_access_153",
      "provider": "provider[\"registry.terraform.io/ciscodevnet/aci\"]",
      "instances": [
        {
          "schema_version": 1,
          "attributes": {
            "alloc_mode": "inherit",
            "annotation": "orchestrator:terraform",
            "description": "",
            "from": "vlan-153",
            "id": "uni/infra/vlanns-[access]-static/from-[vlan-153]-to-[vlan-153]",
            "name_alias": "",
            "role": "external",
            "to": "vlan-153",
            "vlan_pool_dn": "uni/infra/vlanns-[access]-static"
          },
          "sensitive_attributes": [],
          "private": "eyJzY2hlbWFfdmVyc2lvbiI6IjEifQ==",
          "dependencies": [
            "data.aci_vlan_pool.VLAN_Pool_access"
          ]
        }
      ]
    },
    {
      "mode": "managed",
      "type": "aci_ranges",
      "name": "VLAN_Range_access_154",
      "provider": "provider[\"registry.terraform.io/ciscodevnet/aci\"]",
      "instances": [
        {
          "schema_version": 1,
          "attributes": {
            "alloc_mode": "inherit",
            "annotation": "orchestrator:terraform",
            "description": "",
            "from": "vlan-154",
            "id": "uni/infra/vlanns-[access]-static/from-[vlan-154]-to-[vlan-154]",
            "name_alias": "",
            "role": "external",
            "to": "vlan-154",
            "vlan_pool_dn": "uni/infra/vlanns-[access]-static"
          },
          "sensitive_attributes": [],
          "private": "eyJzY2hlbWFfdmVyc2lvbiI6IjEifQ==",
          "dependencies": [
            "data.aci_vlan_pool.VLAN_Pool_access"
          ]
        }
      ]
    },
    {
      "mode": "managed",
      "type": "aci_ranges",
      "name": "VLAN_Range_access_155",
      "provider": "provider[\"registry.terraform.io/ciscodevnet/aci\"]",
      "instances": [
        {
          "schema_version": 1,
          "attributes": {
            "alloc_mode": "inherit",
            "annotation": "orchestrator:terraform",
            "description": "",
            "from": "vlan-155",
            "id": "uni/infra/vlanns-[access]-static/from-[vlan-155]-to-[vlan-155]",
            "name_alias": "",
            "role": "external",
            "to": "vlan-155",
            "vlan_pool_dn": "uni/infra/vlanns-[access]-static"
          },
          "sensitive_attributes": [],
          "private": "eyJzY2hlbWFfdmVyc2lvbiI6IjEifQ==",
          "dependencies": [
            "data.aci_vlan_pool.VLAN_Pool_access"
          ]
        }
      ]
    },
    {
      "mode": "managed",
      "type": "aci_ranges",
      "name": "VLAN_Range_access_156",
      "provider": "provider[\"registry.terraform.io/ciscodevnet/aci\"]",
      "instances": [
        {
          "schema_version": 1,
          "attributes": {
            "alloc_mode": "inherit",
            "annotation": "orchestrator:terraform",
            "description": "",
            "from": "vlan-156",
            "id": "uni/infra/vlanns-[access]-static/from-[vlan-156]-to-[vlan-156]",
            "name_alias": "",
            "role": "external",
            "to": "vlan-156",
            "vlan_pool_dn": "uni/infra/vlanns-[access]-static"
          },
          "sensitive_attributes": [],
          "private": "eyJzY2hlbWFfdmVyc2lvbiI6IjEifQ==",
          "dependencies": [
            "data.aci_vlan_pool.VLAN_Pool_access"
          ]
        }
      ]
    },
    {
      "mode": "managed",
      "type": "aci_ranges",
      "name": "VLAN_Range_access_157",
      "provider": "provider[\"registry.terraform.io/ciscodevnet/aci\"]",
      "instances": [
        {
          "schema_version": 1,
          "attributes": {
            "alloc_mode": "inherit",
            "annotation": "orchestrator:terraform",
            "description": "",
            "from": "vlan-157",
            "id": "uni/infra/vlanns-[access]-static/from-[vlan-157]-to-[vlan-157]",
            "name_alias": "",
            "role": "external",
            "to": "vlan-157",
            "vlan_pool_dn": "uni/infra/vlanns-[access]-static"
          },
          "sensitive_attributes": [],
          "private": "eyJzY2hlbWFfdmVyc2lvbiI6IjEifQ==",
          "dependencies": [
            "data.aci_vlan_pool.VLAN_Pool_access"
          ]
        }
      ]
    },
    {
      "mode": "managed",
      "type": "aci_ranges",
      "name": "VLAN_Range_access_158",
      "provider": "provider[\"registry.terraform.io/ciscodevnet/aci\"]",
      "instances": [
        {
          "schema_version": 1,
          "attributes": {
            "alloc_mode": "inherit",
            "annotation": "orchestrator:terraform",
            "description": "",
            "from": "vlan-158",
            "id": "uni/infra/vlanns-[access]-static/from-[vlan-158]-to-[vlan-158]",
            "name_alias": "",
            "role": "external",
            "to": "vlan-158",
            "vlan_pool_dn": "uni/infra/vlanns-[access]-static"
          },
          "sensitive_attributes": [],
          "private": "eyJzY2hlbWFfdmVyc2lvbiI6IjEifQ==",
          "dependencies": [
            "data.aci_vlan_pool.VLAN_Pool_access"
          ]
        }
      ]
    },
    {
      "mode": "managed",
      "type": "aci_ranges",
      "name": "VLAN_Range_access_159",
      "provider": "provider[\"registry.terraform.io/ciscodevnet/aci\"]",
      "instances": [
        {
          "schema_version": 1,
          "attributes": {
            "alloc_mode": "inherit",
            "annotation": "orchestrator:terraform",
            "description": "",
            "from": "vlan-159",
            "id": "uni/infra/vlanns-[access]-static/from-[vlan-159]-to-[vlan-159]",
            "name_alias": "",
            "role": "external",
            "to": "vlan-159",
            "vlan_pool_dn": "uni/infra/vlanns-[access]-static"
          },
          "sensitive_attributes": [],
          "private": "eyJzY2hlbWFfdmVyc2lvbiI6IjEifQ==",
          "dependencies": [
            "data.aci_vlan_pool.VLAN_Pool_access"
          ]
        }
      ]
    },
    {
      "mode": "managed",
      "type": "aci_ranges",
      "name": "VLAN_Range_access_160",
      "provider": "provider[\"registry.terraform.io/ciscodevnet/aci\"]",
      "instances": [
        {
          "schema_version": 1,
          "attributes": {
            "alloc_mode": "inherit",
            "annotation": "orchestrator:terraform",
            "description": "",
            "from": "vlan-160",
            "id": "uni/infra/vlanns-[access]-static/from-[vlan-160]-to-[vlan-160]",
            "name_alias": "",
            "role": "external",
            "to": "vlan-160",
            "vlan_pool_dn": "uni/infra/vlanns-[access]-static"
          },
          "sensitive_attributes": [],
          "private": "eyJzY2hlbWFfdmVyc2lvbiI6IjEifQ==",
          "dependencies": [
            "data.aci_vlan_pool.VLAN_Pool_access"
          ]
        }
      ]
    },
    {
      "mode": "managed",
      "type": "aci_ranges",
      "name": "VLAN_Range_access_161",
      "provider": "provider[\"registry.terraform.io/ciscodevnet/aci\"]",
      "instances": [
        {
          "schema_version": 1,
          "attributes": {
            "alloc_mode": "inherit",
            "annotation": "orchestrator:terraform",
            "description": "",
            "from": "vlan-161",
            "id": "uni/infra/vlanns-[access]-static/from-[vlan-161]-to-[vlan-161]",
            "name_alias": "",
            "role": "external",
            "to": "vlan-161",
            "vlan_pool_dn": "uni/infra/vlanns-[access]-static"
          },
          "sensitive_attributes": [],
          "private": "eyJzY2hlbWFfdmVyc2lvbiI6IjEifQ==",
          "dependencies": [
            "data.aci_vlan_pool.VLAN_Pool_access"
          ]
        }
      ]
    },
    {
      "mode": "managed",
      "type": "aci_ranges",
      "name": "VLAN_Range_access_162",
      "provider": "provider[\"registry.terraform.io/ciscodevnet/aci\"]",
      "instances": [
        {
          "schema_version": 1,
          "attributes": {
            "alloc_mode": "inherit",
            "annotation": "orchestrator:terraform",
            "description": "",
            "from": "vlan-162",
            "id": "uni/infra/vlanns-[access]-static/from-[vlan-162]-to-[vlan-162]",
            "name_alias": "",
            "role": "external",
            "to": "vlan-162",
            "vlan_pool_dn": "uni/infra/vlanns-[access]-static"
          },
          "sensitive_attributes": [],
          "private": "eyJzY2hlbWFfdmVyc2lvbiI6IjEifQ==",
          "dependencies": [
            "data.aci_vlan_pool.VLAN_Pool_access"
          ]
        }
      ]
    },
    {
      "mode": "managed",
      "type": "aci_ranges",
      "name": "VLAN_Range_access_163",
      "provider": "provider[\"registry.terraform.io/ciscodevnet/aci\"]",
      "instances": [
        {
          "schema_version": 1,
          "attributes": {
            "alloc_mode": "inherit",
            "annotation": "orchestrator:terraform",
            "description": "",
            "from": "vlan-163",
            "id": "uni/infra/vlanns-[access]-static/from-[vlan-163]-to-[vlan-163]",
            "name_alias": "",
            "role": "external",
            "to": "vlan-163",
            "vlan_pool_dn": "uni/infra/vlanns-[access]-static"
          },
          "sensitive_attributes": [],
          "private": "eyJzY2hlbWFfdmVyc2lvbiI6IjEifQ==",
          "dependencies": [
            "data.aci_vlan_pool.VLAN_Pool_access"
          ]
        }
      ]
    },
    {
      "mode": "managed",
      "type": "aci_ranges",
      "name": "VLAN_Range_access_164",
      "provider": "provider[\"registry.terraform.io/ciscodevnet/aci\"]",
      "instances": [
        {
          "schema_version": 1,
          "attributes": {
            "alloc_mode": "inherit",
            "annotation": "orchestrator:terraform",
            "description": "",
            "from": "vlan-164",
            "id": "uni/infra/vlanns-[access]-static/from-[vlan-164]-to-[vlan-164]",
            "name_alias": "",
            "role": "external",
            "to": "vlan-164",
            "vlan_pool_dn": "uni/infra/vlanns-[access]-static"
          },
          "sensitive_attributes": [],
          "private": "eyJzY2hlbWFfdmVyc2lvbiI6IjEifQ==",
          "dependencies": [
            "data.aci_vlan_pool.VLAN_Pool_access"
          ]
        }
      ]
    },
    {
      "mode": "managed",
      "type": "aci_ranges",
      "name": "VLAN_Range_access_165",
      "provider": "provider[\"registry.terraform.io/ciscodevnet/aci\"]",
      "instances": [
        {
          "schema_version": 1,
          "attributes": {
            "alloc_mode": "inherit",
            "annotation": "orchestrator:terraform",
            "description": "",
            "from": "vlan-165",
            "id": "uni/infra/vlanns-[access]-static/from-[vlan-165]-to-[vlan-165]",
            "name_alias": "",
            "role": "external",
            "to": "vlan-165",
            "vlan_pool_dn": "uni/infra/vlanns-[access]-static"
          },
          "sensitive_attributes": [],
          "private": "eyJzY2hlbWFfdmVyc2lvbiI6IjEifQ==",
          "dependencies": [
            "data.aci_vlan_pool.VLAN_Pool_access"
          ]
        }
      ]
    },
    {
      "mode": "managed",
      "type": "aci_ranges",
      "name": "VLAN_Range_access_166",
      "provider": "provider[\"registry.terraform.io/ciscodevnet/aci\"]",
      "instances": [
        {
          "schema_version": 1,
          "attributes": {
            "alloc_mode": "inherit",
            "annotation": "orchestrator:terraform",
            "description": "",
            "from": "vlan-166",
            "id": "uni/infra/vlanns-[access]-static/from-[vlan-166]-to-[vlan-166]",
            "name_alias": "",
            "role": "external",
            "to": "vlan-166",
            "vlan_pool_dn": "uni/infra/vlanns-[access]-static"
          },
          "sensitive_attributes": [],
          "private": "eyJzY2hlbWFfdmVyc2lvbiI6IjEifQ==",
          "dependencies": [
            "data.aci_vlan_pool.VLAN_Pool_access"
          ]
        }
      ]
    },
    {
      "mode": "managed",
      "type": "aci_ranges",
      "name": "VLAN_Range_access_167",
      "provider": "provider[\"registry.terraform.io/ciscodevnet/aci\"]",
      "instances": [
        {
          "schema_version": 1,
          "attributes": {
            "alloc_mode": "inherit",
            "annotation": "orchestrator:terraform",
            "description": "",
            "from": "vlan-167",
            "id": "uni/infra/vlanns-[access]-static/from-[vlan-167]-to-[vlan-167]",
            "name_alias": "",
            "role": "external",
            "to": "vlan-167",
            "vlan_pool_dn": "uni/infra/vlanns-[access]-static"
          },
          "sensitive_attributes": [],
          "private": "eyJzY2hlbWFfdmVyc2lvbiI6IjEifQ==",
          "dependencies": [
            "data.aci_vlan_pool.VLAN_Pool_access"
          ]
        }
      ]
    },
    {
      "mode": "managed",
      "type": "aci_ranges",
      "name": "VLAN_Range_access_168",
      "provider": "provider[\"registry.terraform.io/ciscodevnet/aci\"]",
      "instances": [
        {
          "schema_version": 1,
          "attributes": {
            "alloc_mode": "inherit",
            "annotation": "orchestrator:terraform",
            "description": "",
            "from": "vlan-168",
            "id": "uni/infra/vlanns-[access]-static/from-[vlan-168]-to-[vlan-168]",
            "name_alias": "",
            "role": "external",
            "to": "vlan-168",
            "vlan_pool_dn": "uni/infra/vlanns-[access]-static"
          },
          "sensitive_attributes": [],
          "private": "eyJzY2hlbWFfdmVyc2lvbiI6IjEifQ==",
          "dependencies": [
            "data.aci_vlan_pool.VLAN_Pool_access"
          ]
        }
      ]
    },
    {
      "mode": "managed",
      "type": "aci_ranges",
      "name": "VLAN_Range_access_169",
      "provider": "provider[\"registry.terraform.io/ciscodevnet/aci\"]",
      "instances": [
        {
          "schema_version": 1,
          "attributes": {
            "alloc_mode": "inherit",
            "annotation": "orchestrator:terraform",
            "description": "",
            "from": "vlan-169",
            "id": "uni/infra/vlanns-[access]-static/from-[vlan-169]-to-[vlan-169]",
            "name_alias": "",
            "role": "external",
            "to": "vlan-169",
            "vlan_pool_dn": "uni/infra/vlanns-[access]-static"
          },
          "sensitive_attributes": [],
          "private": "eyJzY2hlbWFfdmVyc2lvbiI6IjEifQ==",
          "dependencies": [
            "data.aci_vlan_pool.VLAN_Pool_access"
          ]
        }
      ]
    },
    {
      "mode": "managed",
      "type": "aci_ranges",
      "name": "VLAN_Range_access_170",
      "provider": "provider[\"registry.terraform.io/ciscodevnet/aci\"]",
      "instances": [
        {
          "schema_version": 1,
          "attributes": {
            "alloc_mode": "inherit",
            "annotation": "orchestrator:terraform",
            "description": "",
            "from": "vlan-170",
            "id": "uni/infra/vlanns-[access]-static/from-[vlan-170]-to-[vlan-170]",
            "name_alias": "",
            "role": "external",
            "to": "vlan-170",
            "vlan_pool_dn": "uni/infra/vlanns-[access]-static"
          },
          "sensitive_attributes": [],
          "private": "eyJzY2hlbWFfdmVyc2lvbiI6IjEifQ==",
          "dependencies": [
            "data.aci_vlan_pool.VLAN_Pool_access"
          ]
        }
      ]
    },
    {
      "mode": "managed",
      "type": "aci_ranges",
      "name": "VLAN_Range_access_171",
      "provider": "provider[\"registry.terraform.io/ciscodevnet/aci\"]",
      "instances": [
        {
          "schema_version": 1,
          "attributes": {
            "alloc_mode": "inherit",
            "annotation": "orchestrator:terraform",
            "description": "",
            "from": "vlan-171",
            "id": "uni/infra/vlanns-[access]-static/from-[vlan-171]-to-[vlan-171]",
            "name_alias": "",
            "role": "external",
            "to": "vlan-171",
            "vlan_pool_dn": "uni/infra/vlanns-[access]-static"
          },
          "sensitive_attributes": [],
          "private": "eyJzY2hlbWFfdmVyc2lvbiI6IjEifQ==",
          "dependencies": [
            "data.aci_vlan_pool.VLAN_Pool_access"
          ]
        }
      ]
    },
    {
      "mode": "managed",
      "type": "aci_ranges",
      "name": "VLAN_Range_access_172",
      "provider": "provider[\"registry.terraform.io/ciscodevnet/aci\"]",
      "instances": [
        {
          "schema_version": 1,
          "attributes": {
            "alloc_mode": "inherit",
            "annotation": "orchestrator:terraform",
            "description": "",
            "from": "vlan-172",
            "id": "uni/infra/vlanns-[access]-static/from-[vlan-172]-to-[vlan-172]",
            "name_alias": "",
            "role": "external",
            "to": "vlan-172",
            "vlan_pool_dn": "uni/infra/vlanns-[access]-static"
          },
          "sensitive_attributes": [],
          "private": "eyJzY2hlbWFfdmVyc2lvbiI6IjEifQ==",
          "dependencies": [
            "data.aci_vlan_pool.VLAN_Pool_access"
          ]
        }
      ]
    },
    {
      "mode": "managed",
      "type": "aci_ranges",
      "name": "VLAN_Range_access_173",
      "provider": "provider[\"registry.terraform.io/ciscodevnet/aci\"]",
      "instances": [
        {
          "schema_version": 1,
          "attributes": {
            "alloc_mode": "inherit",
            "annotation": "orchestrator:terraform",
            "description": "",
            "from": "vlan-173",
            "id": "uni/infra/vlanns-[access]-static/from-[vlan-173]-to-[vlan-173]",
            "name_alias": "",
            "role": "external",
            "to": "vlan-173",
            "vlan_pool_dn": "uni/infra/vlanns-[access]-static"
          },
          "sensitive_attributes": [],
          "private": "eyJzY2hlbWFfdmVyc2lvbiI6IjEifQ==",
          "dependencies": [
            "data.aci_vlan_pool.VLAN_Pool_access"
          ]
        }
      ]
    },
    {
      "mode": "managed",
      "type": "aci_ranges",
      "name": "VLAN_Range_access_174",
      "provider": "provider[\"registry.terraform.io/ciscodevnet/aci\"]",
      "instances": [
        {
          "schema_version": 1,
          "attributes": {
            "alloc_mode": "inherit",
            "annotation": "orchestrator:terraform",
            "description": "",
            "from": "vlan-174",
            "id": "uni/infra/vlanns-[access]-static/from-[vlan-174]-to-[vlan-174]",
            "name_alias": "",
            "role": "external",
            "to": "vlan-174",
            "vlan_pool_dn": "uni/infra/vlanns-[access]-static"
          },
          "sensitive_attributes": [],
          "private": "eyJzY2hlbWFfdmVyc2lvbiI6IjEifQ==",
          "dependencies": [
            "data.aci_vlan_pool.VLAN_Pool_access"
          ]
        }
      ]
    },
    {
      "mode": "managed",
      "type": "aci_ranges",
      "name": "VLAN_Range_access_175",
      "provider": "provider[\"registry.terraform.io/ciscodevnet/aci\"]",
      "instances": [
        {
          "schema_version": 1,
          "attributes": {
            "alloc_mode": "inherit",
            "annotation": "orchestrator:terraform",
            "description": "",
            "from": "vlan-175",
            "id": "uni/infra/vlanns-[access]-static/from-[vlan-175]-to-[vlan-175]",
            "name_alias": "",
            "role": "external",
            "to": "vlan-175",
            "vlan_pool_dn": "uni/infra/vlanns-[access]-static"
          },
          "sensitive_attributes": [],
          "private": "eyJzY2hlbWFfdmVyc2lvbiI6IjEifQ==",
          "dependencies": [
            "data.aci_vlan_pool.VLAN_Pool_access"
          ]
        }
      ]
    },
    {
      "mode": "managed",
      "type": "aci_ranges",
      "name": "VLAN_Range_access_176",
      "provider": "provider[\"registry.terraform.io/ciscodevnet/aci\"]",
      "instances": [
        {
          "schema_version": 1,
          "attributes": {
            "alloc_mode": "inherit",
            "annotation": "orchestrator:terraform",
            "description": "",
            "from": "vlan-176",
            "id": "uni/infra/vlanns-[access]-static/from-[vlan-176]-to-[vlan-176]",
            "name_alias": "",
            "role": "external",
            "to": "vlan-176",
            "vlan_pool_dn": "uni/infra/vlanns-[access]-static"
          },
          "sensitive_attributes": [],
          "private": "eyJzY2hlbWFfdmVyc2lvbiI6IjEifQ==",
          "dependencies": [
            "data.aci_vlan_pool.VLAN_Pool_access"
          ]
        }
      ]
    },
    {
      "mode": "managed",
      "type": "aci_ranges",
      "name": "VLAN_Range_access_177",
      "provider": "provider[\"registry.terraform.io/ciscodevnet/aci\"]",
      "instances": [
        {
          "schema_version": 1,
          "attributes": {
            "alloc_mode": "inherit",
            "annotation": "orchestrator:terraform",
            "description": "",
            "from": "vlan-177",
            "id": "uni/infra/vlanns-[access]-static/from-[vlan-177]-to-[vlan-177]",
            "name_alias": "",
            "role": "external",
            "to": "vlan-177",
            "vlan_pool_dn": "uni/infra/vlanns-[access]-static"
          },
          "sensitive_attributes": [],
          "private": "eyJzY2hlbWFfdmVyc2lvbiI6IjEifQ==",
          "dependencies": [
            "data.aci_vlan_pool.VLAN_Pool_access"
          ]
        }
      ]
    },
    {
      "mode": "managed",
      "type": "aci_ranges",
      "name": "VLAN_Range_access_178",
      "provider": "provider[\"registry.terraform.io/ciscodevnet/aci\"]",
      "instances": [
        {
          "schema_version": 1,
          "attributes": {
            "alloc_mode": "inherit",
            "annotation": "orchestrator:terraform",
            "description": "",
            "from": "vlan-178",
            "id": "uni/infra/vlanns-[access]-static/from-[vlan-178]-to-[vlan-178]",
            "name_alias": "",
            "role": "external",
            "to": "vlan-178",
            "vlan_pool_dn": "uni/infra/vlanns-[access]-static"
          },
          "sensitive_attributes": [],
          "private": "eyJzY2hlbWFfdmVyc2lvbiI6IjEifQ==",
          "dependencies": [
            "data.aci_vlan_pool.VLAN_Pool_access"
          ]
        }
      ]
    },
    {
      "mode": "managed",
      "type": "aci_ranges",
      "name": "VLAN_Range_access_179",
      "provider": "provider[\"registry.terraform.io/ciscodevnet/aci\"]",
      "instances": [
        {
          "schema_version": 1,
          "attributes": {
            "alloc_mode": "inherit",
            "annotation": "orchestrator:terraform",
            "description": "",
            "from": "vlan-179",
            "id": "uni/infra/vlanns-[access]-static/from-[vlan-179]-to-[vlan-179]",
            "name_alias": "",
            "role": "external",
            "to": "vlan-179",
            "vlan_pool_dn": "uni/infra/vlanns-[access]-static"
          },
          "sensitive_attributes": [],
          "private": "eyJzY2hlbWFfdmVyc2lvbiI6IjEifQ==",
          "dependencies": [
            "data.aci_vlan_pool.VLAN_Pool_access"
          ]
        }
      ]
    },
    {
      "mode": "managed",
      "type": "aci_ranges",
      "name": "VLAN_Range_access_180",
      "provider": "provider[\"registry.terraform.io/ciscodevnet/aci\"]",
      "instances": [
        {
          "schema_version": 1,
          "attributes": {
            "alloc_mode": "inherit",
            "annotation": "orchestrator:terraform",
            "description": "",
            "from": "vlan-180",
            "id": "uni/infra/vlanns-[access]-static/from-[vlan-180]-to-[vlan-180]",
            "name_alias": "",
            "role": "external",
            "to": "vlan-180",
            "vlan_pool_dn": "uni/infra/vlanns-[access]-static"
          },
          "sensitive_attributes": [],
          "private": "eyJzY2hlbWFfdmVyc2lvbiI6IjEifQ==",
          "dependencies": [
            "data.aci_vlan_pool.VLAN_Pool_access"
          ]
        }
      ]
    },
    {
      "mode": "managed",
      "type": "aci_ranges",
      "name": "VLAN_Range_access_181",
      "provider": "provider[\"registry.terraform.io/ciscodevnet/aci\"]",
      "instances": [
        {
          "schema_version": 1,
          "attributes": {
            "alloc_mode": "inherit",
            "annotation": "orchestrator:terraform",
            "description": "",
            "from": "vlan-181",
            "id": "uni/infra/vlanns-[access]-static/from-[vlan-181]-to-[vlan-181]",
            "name_alias": "",
            "role": "external",
            "to": "vlan-181",
            "vlan_pool_dn": "uni/infra/vlanns-[access]-static"
          },
          "sensitive_attributes": [],
          "private": "eyJzY2hlbWFfdmVyc2lvbiI6IjEifQ==",
          "dependencies": [
            "data.aci_vlan_pool.VLAN_Pool_access"
          ]
        }
      ]
    },
    {
      "mode": "managed",
      "type": "aci_ranges",
      "name": "VLAN_Range_access_182",
      "provider": "provider[\"registry.terraform.io/ciscodevnet/aci\"]",
      "instances": [
        {
          "schema_version": 1,
          "attributes": {
            "alloc_mode": "inherit",
            "annotation": "orchestrator:terraform",
            "description": "",
            "from": "vlan-182",
            "id": "uni/infra/vlanns-[access]-static/from-[vlan-182]-to-[vlan-182]",
            "name_alias": "",
            "role": "external",
            "to": "vlan-182",
            "vlan_pool_dn": "uni/infra/vlanns-[access]-static"
          },
          "sensitive_attributes": [],
          "private": "eyJzY2hlbWFfdmVyc2lvbiI6IjEifQ==",
          "dependencies": [
            "data.aci_vlan_pool.VLAN_Pool_access"
          ]
        }
      ]
    },
    {
      "mode": "managed",
      "type": "aci_ranges",
      "name": "VLAN_Range_access_183",
      "provider": "provider[\"registry.terraform.io/ciscodevnet/aci\"]",
      "instances": [
        {
          "schema_version": 1,
          "attributes": {
            "alloc_mode": "inherit",
            "annotation": "orchestrator:terraform",
            "description": "",
            "from": "vlan-183",
            "id": "uni/infra/vlanns-[access]-static/from-[vlan-183]-to-[vlan-183]",
            "name_alias": "",
            "role": "external",
            "to": "vlan-183",
            "vlan_pool_dn": "uni/infra/vlanns-[access]-static"
          },
          "sensitive_attributes": [],
          "private": "eyJzY2hlbWFfdmVyc2lvbiI6IjEifQ==",
          "dependencies": [
            "data.aci_vlan_pool.VLAN_Pool_access"
          ]
        }
      ]
    },
    {
      "mode": "managed",
      "type": "aci_ranges",
      "name": "VLAN_Range_access_184",
      "provider": "provider[\"registry.terraform.io/ciscodevnet/aci\"]",
      "instances": [
        {
          "schema_version": 1,
          "attributes": {
            "alloc_mode": "inherit",
            "annotation": "orchestrator:terraform",
            "description": "",
            "from": "vlan-184",
            "id": "uni/infra/vlanns-[access]-static/from-[vlan-184]-to-[vlan-184]",
            "name_alias": "",
            "role": "external",
            "to": "vlan-184",
            "vlan_pool_dn": "uni/infra/vlanns-[access]-static"
          },
          "sensitive_attributes": [],
          "private": "eyJzY2hlbWFfdmVyc2lvbiI6IjEifQ==",
          "dependencies": [
            "data.aci_vlan_pool.VLAN_Pool_access"
          ]
        }
      ]
    },
    {
      "mode": "managed",
      "type": "aci_ranges",
      "name": "VLAN_Range_access_185",
      "provider": "provider[\"registry.terraform.io/ciscodevnet/aci\"]",
      "instances": [
        {
          "schema_version": 1,
          "attributes": {
            "alloc_mode": "inherit",
            "annotation": "orchestrator:terraform",
            "description": "",
            "from": "vlan-185",
            "id": "uni/infra/vlanns-[access]-static/from-[vlan-185]-to-[vlan-185]",
            "name_alias": "",
            "role": "external",
            "to": "vlan-185",
            "vlan_pool_dn": "uni/infra/vlanns-[access]-static"
          },
          "sensitive_attributes": [],
          "private": "eyJzY2hlbWFfdmVyc2lvbiI6IjEifQ==",
          "dependencies": [
            "data.aci_vlan_pool.VLAN_Pool_access"
          ]
        }
      ]
    },
    {
      "mode": "managed",
      "type": "aci_ranges",
      "name": "VLAN_Range_access_186",
      "provider": "provider[\"registry.terraform.io/ciscodevnet/aci\"]",
      "instances": [
        {
          "schema_version": 1,
          "attributes": {
            "alloc_mode": "inherit",
            "annotation": "orchestrator:terraform",
            "description": "",
            "from": "vlan-186",
            "id": "uni/infra/vlanns-[access]-static/from-[vlan-186]-to-[vlan-186]",
            "name_alias": "",
            "role": "external",
            "to": "vlan-186",
            "vlan_pool_dn": "uni/infra/vlanns-[access]-static"
          },
          "sensitive_attributes": [],
          "private": "eyJzY2hlbWFfdmVyc2lvbiI6IjEifQ==",
          "dependencies": [
            "data.aci_vlan_pool.VLAN_Pool_access"
          ]
        }
      ]
    },
    {
      "mode": "managed",
      "type": "aci_ranges",
      "name": "VLAN_Range_access_187",
      "provider": "provider[\"registry.terraform.io/ciscodevnet/aci\"]",
      "instances": [
        {
          "schema_version": 1,
          "attributes": {
            "alloc_mode": "inherit",
            "annotation": "orchestrator:terraform",
            "description": "",
            "from": "vlan-187",
            "id": "uni/infra/vlanns-[access]-static/from-[vlan-187]-to-[vlan-187]",
            "name_alias": "",
            "role": "external",
            "to": "vlan-187",
            "vlan_pool_dn": "uni/infra/vlanns-[access]-static"
          },
          "sensitive_attributes": [],
          "private": "eyJzY2hlbWFfdmVyc2lvbiI6IjEifQ==",
          "dependencies": [
            "data.aci_vlan_pool.VLAN_Pool_access"
          ]
        }
      ]
    },
    {
      "mode": "managed",
      "type": "aci_ranges",
      "name": "VLAN_Range_access_188",
      "provider": "provider[\"registry.terraform.io/ciscodevnet/aci\"]",
      "instances": [
        {
          "schema_version": 1,
          "attributes": {
            "alloc_mode": "inherit",
            "annotation": "orchestrator:terraform",
            "description": "",
            "from": "vlan-188",
            "id": "uni/infra/vlanns-[access]-static/from-[vlan-188]-to-[vlan-188]",
            "name_alias": "",
            "role": "external",
            "to": "vlan-188",
            "vlan_pool_dn": "uni/infra/vlanns-[access]-static"
          },
          "sensitive_attributes": [],
          "private": "eyJzY2hlbWFfdmVyc2lvbiI6IjEifQ==",
          "dependencies": [
            "data.aci_vlan_pool.VLAN_Pool_access"
          ]
        }
      ]
    },
    {
      "mode": "managed",
      "type": "aci_ranges",
      "name": "VLAN_Range_access_189",
      "provider": "provider[\"registry.terraform.io/ciscodevnet/aci\"]",
      "instances": [
        {
          "schema_version": 1,
          "attributes": {
            "alloc_mode": "inherit",
            "annotation": "orchestrator:terraform",
            "description": "",
            "from": "vlan-189",
            "id": "uni/infra/vlanns-[access]-static/from-[vlan-189]-to-[vlan-189]",
            "name_alias": "",
            "role": "external",
            "to": "vlan-189",
            "vlan_pool_dn": "uni/infra/vlanns-[access]-static"
          },
          "sensitive_attributes": [],
          "private": "eyJzY2hlbWFfdmVyc2lvbiI6IjEifQ==",
          "dependencies": [
            "data.aci_vlan_pool.VLAN_Pool_access"
          ]
        }
      ]
    },
    {
      "mode": "managed",
      "type": "aci_ranges",
      "name": "VLAN_Range_access_190",
      "provider": "provider[\"registry.terraform.io/ciscodevnet/aci\"]",
      "instances": [
        {
          "schema_version": 1,
          "attributes": {
            "alloc_mode": "inherit",
            "annotation": "orchestrator:terraform",
            "description": "",
            "from": "vlan-190",
            "id": "uni/infra/vlanns-[access]-static/from-[vlan-190]-to-[vlan-190]",
            "name_alias": "",
            "role": "external",
            "to": "vlan-190",
            "vlan_pool_dn": "uni/infra/vlanns-[access]-static"
          },
          "sensitive_attributes": [],
          "private": "eyJzY2hlbWFfdmVyc2lvbiI6IjEifQ==",
          "dependencies": [
            "data.aci_vlan_pool.VLAN_Pool_access"
          ]
        }
      ]
    },
    {
      "mode": "managed",
      "type": "aci_ranges",
      "name": "VLAN_Range_access_191",
      "provider": "provider[\"registry.terraform.io/ciscodevnet/aci\"]",
      "instances": [
        {
          "schema_version": 1,
          "attributes": {
            "alloc_mode": "inherit",
            "annotation": "orchestrator:terraform",
            "description": "",
            "from": "vlan-191",
            "id": "uni/infra/vlanns-[access]-static/from-[vlan-191]-to-[vlan-191]",
            "name_alias": "",
            "role": "external",
            "to": "vlan-191",
            "vlan_pool_dn": "uni/infra/vlanns-[access]-static"
          },
          "sensitive_attributes": [],
          "private": "eyJzY2hlbWFfdmVyc2lvbiI6IjEifQ==",
          "dependencies": [
            "data.aci_vlan_pool.VLAN_Pool_access"
          ]
        }
      ]
    },
    {
      "mode": "managed",
      "type": "aci_ranges",
      "name": "VLAN_Range_access_192",
      "provider": "provider[\"registry.terraform.io/ciscodevnet/aci\"]",
      "instances": [
        {
          "schema_version": 1,
          "attributes": {
            "alloc_mode": "inherit",
            "annotation": "orchestrator:terraform",
            "description": "",
            "from": "vlan-192",
            "id": "uni/infra/vlanns-[access]-static/from-[vlan-192]-to-[vlan-192]",
            "name_alias": "",
            "role": "external",
            "to": "vlan-192",
            "vlan_pool_dn": "uni/infra/vlanns-[access]-static"
          },
          "sensitive_attributes": [],
          "private": "eyJzY2hlbWFfdmVyc2lvbiI6IjEifQ==",
          "dependencies": [
            "data.aci_vlan_pool.VLAN_Pool_access"
          ]
        }
      ]
    },
    {
      "mode": "managed",
      "type": "aci_ranges",
      "name": "VLAN_Range_access_193",
      "provider": "provider[\"registry.terraform.io/ciscodevnet/aci\"]",
      "instances": [
        {
          "schema_version": 1,
          "attributes": {
            "alloc_mode": "inherit",
            "annotation": "orchestrator:terraform",
            "description": "",
            "from": "vlan-193",
            "id": "uni/infra/vlanns-[access]-static/from-[vlan-193]-to-[vlan-193]",
            "name_alias": "",
            "role": "external",
            "to": "vlan-193",
            "vlan_pool_dn": "uni/infra/vlanns-[access]-static"
          },
          "sensitive_attributes": [],
          "private": "eyJzY2hlbWFfdmVyc2lvbiI6IjEifQ==",
          "dependencies": [
            "data.aci_vlan_pool.VLAN_Pool_access"
          ]
        }
      ]
    },
    {
      "mode": "managed",
      "type": "aci_ranges",
      "name": "VLAN_Range_access_194",
      "provider": "provider[\"registry.terraform.io/ciscodevnet/aci\"]",
      "instances": [
        {
          "schema_version": 1,
          "attributes": {
            "alloc_mode": "inherit",
            "annotation": "orchestrator:terraform",
            "description": "",
            "from": "vlan-194",
            "id": "uni/infra/vlanns-[access]-static/from-[vlan-194]-to-[vlan-194]",
            "name_alias": "",
            "role": "external",
            "to": "vlan-194",
            "vlan_pool_dn": "uni/infra/vlanns-[access]-static"
          },
          "sensitive_attributes": [],
          "private": "eyJzY2hlbWFfdmVyc2lvbiI6IjEifQ==",
          "dependencies": [
            "data.aci_vlan_pool.VLAN_Pool_access"
          ]
        }
      ]
    },
    {
      "mode": "managed",
      "type": "aci_ranges",
      "name": "VLAN_Range_access_195",
      "provider": "provider[\"registry.terraform.io/ciscodevnet/aci\"]",
      "instances": [
        {
          "schema_version": 1,
          "attributes": {
            "alloc_mode": "inherit",
            "annotation": "orchestrator:terraform",
            "description": "",
            "from": "vlan-195",
            "id": "uni/infra/vlanns-[access]-static/from-[vlan-195]-to-[vlan-195]",
            "name_alias": "",
            "role": "external",
            "to": "vlan-195",
            "vlan_pool_dn": "uni/infra/vlanns-[access]-static"
          },
          "sensitive_attributes": [],
          "private": "eyJzY2hlbWFfdmVyc2lvbiI6IjEifQ==",
          "dependencies": [
            "data.aci_vlan_pool.VLAN_Pool_access"
          ]
        }
      ]
    },
    {
      "mode": "managed",
      "type": "aci_ranges",
      "name": "VLAN_Range_access_196",
      "provider": "provider[\"registry.terraform.io/ciscodevnet/aci\"]",
      "instances": [
        {
          "schema_version": 1,
          "attributes": {
            "alloc_mode": "inherit",
            "annotation": "orchestrator:terraform",
            "description": "",
            "from": "vlan-196",
            "id": "uni/infra/vlanns-[access]-static/from-[vlan-196]-to-[vlan-196]",
            "name_alias": "",
            "role": "external",
            "to": "vlan-196",
            "vlan_pool_dn": "uni/infra/vlanns-[access]-static"
          },
          "sensitive_attributes": [],
          "private": "eyJzY2hlbWFfdmVyc2lvbiI6IjEifQ==",
          "dependencies": [
            "data.aci_vlan_pool.VLAN_Pool_access"
          ]
        }
      ]
    },
    {
      "mode": "managed",
      "type": "aci_ranges",
      "name": "VLAN_Range_access_197",
      "provider": "provider[\"registry.terraform.io/ciscodevnet/aci\"]",
      "instances": [
        {
          "schema_version": 1,
          "attributes": {
            "alloc_mode": "inherit",
            "annotation": "orchestrator:terraform",
            "description": "",
            "from": "vlan-197",
            "id": "uni/infra/vlanns-[access]-static/from-[vlan-197]-to-[vlan-197]",
            "name_alias": "",
            "role": "external",
            "to": "vlan-197",
            "vlan_pool_dn": "uni/infra/vlanns-[access]-static"
          },
          "sensitive_attributes": [],
          "private": "eyJzY2hlbWFfdmVyc2lvbiI6IjEifQ==",
          "dependencies": [
            "data.aci_vlan_pool.VLAN_Pool_access"
          ]
        }
      ]
    },
    {
      "mode": "managed",
      "type": "aci_ranges",
      "name": "VLAN_Range_access_198",
      "provider": "provider[\"registry.terraform.io/ciscodevnet/aci\"]",
      "instances": [
        {
          "schema_version": 1,
          "attributes": {
            "alloc_mode": "inherit",
            "annotation": "orchestrator:terraform",
            "description": "",
            "from": "vlan-198",
            "id": "uni/infra/vlanns-[access]-static/from-[vlan-198]-to-[vlan-198]",
            "name_alias": "",
            "role": "external",
            "to": "vlan-198",
            "vlan_pool_dn": "uni/infra/vlanns-[access]-static"
          },
          "sensitive_attributes": [],
          "private": "eyJzY2hlbWFfdmVyc2lvbiI6IjEifQ==",
          "dependencies": [
            "data.aci_vlan_pool.VLAN_Pool_access"
          ]
        }
      ]
    },
    {
      "mode": "managed",
      "type": "aci_ranges",
      "name": "VLAN_Range_access_199",
      "provider": "provider[\"registry.terraform.io/ciscodevnet/aci\"]",
      "instances": [
        {
          "schema_version": 1,
          "attributes": {
            "alloc_mode": "inherit",
            "annotation": "orchestrator:terraform",
            "description": "",
            "from": "vlan-199",
            "id": "uni/infra/vlanns-[access]-static/from-[vlan-199]-to-[vlan-199]",
            "name_alias": "",
            "role": "external",
            "to": "vlan-199",
            "vlan_pool_dn": "uni/infra/vlanns-[access]-static"
          },
          "sensitive_attributes": [],
          "private": "eyJzY2hlbWFfdmVyc2lvbiI6IjEifQ==",
          "dependencies": [
            "data.aci_vlan_pool.VLAN_Pool_access"
          ]
        }
      ]
    },
    {
      "mode": "managed",
      "type": "aci_ranges",
      "name": "VLAN_Range_access_200",
      "provider": "provider[\"registry.terraform.io/ciscodevnet/aci\"]",
      "instances": [
        {
          "schema_version": 1,
          "attributes": {
            "alloc_mode": "inherit",
            "annotation": "orchestrator:terraform",
            "description": "",
            "from": "vlan-200",
            "id": "uni/infra/vlanns-[access]-static/from-[vlan-200]-to-[vlan-200]",
            "name_alias": "",
            "role": "external",
            "to": "vlan-200",
            "vlan_pool_dn": "uni/infra/vlanns-[access]-static"
          },
          "sensitive_attributes": [],
          "private": "eyJzY2hlbWFfdmVyc2lvbiI6IjEifQ==",
          "dependencies": [
            "data.aci_vlan_pool.VLAN_Pool_access"
          ]
        }
      ]
    },
    {
      "mode": "managed",
      "type": "aci_ranges",
      "name": "VLAN_Range_access_201",
      "provider": "provider[\"registry.terraform.io/ciscodevnet/aci\"]",
      "instances": [
        {
          "schema_version": 1,
          "attributes": {
            "alloc_mode": "inherit",
            "annotation": "orchestrator:terraform",
            "description": "",
            "from": "vlan-201",
            "id": "uni/infra/vlanns-[access]-static/from-[vlan-201]-to-[vlan-201]",
            "name_alias": "",
            "role": "external",
            "to": "vlan-201",
            "vlan_pool_dn": "uni/infra/vlanns-[access]-static"
          },
          "sensitive_attributes": [],
          "private": "eyJzY2hlbWFfdmVyc2lvbiI6IjEifQ==",
          "dependencies": [
            "data.aci_vlan_pool.VLAN_Pool_access"
          ]
        }
      ]
    },
    {
      "mode": "managed",
      "type": "aci_ranges",
      "name": "VLAN_Range_access_202",
      "provider": "provider[\"registry.terraform.io/ciscodevnet/aci\"]",
      "instances": [
        {
          "schema_version": 1,
          "attributes": {
            "alloc_mode": "inherit",
            "annotation": "orchestrator:terraform",
            "description": "",
            "from": "vlan-202",
            "id": "uni/infra/vlanns-[access]-static/from-[vlan-202]-to-[vlan-202]",
            "name_alias": "",
            "role": "external",
            "to": "vlan-202",
            "vlan_pool_dn": "uni/infra/vlanns-[access]-static"
          },
          "sensitive_attributes": [],
          "private": "eyJzY2hlbWFfdmVyc2lvbiI6IjEifQ==",
          "dependencies": [
            "data.aci_vlan_pool.VLAN_Pool_access"
          ]
        }
      ]
    },
    {
      "mode": "managed",
      "type": "aci_ranges",
      "name": "VLAN_Range_access_203",
      "provider": "provider[\"registry.terraform.io/ciscodevnet/aci\"]",
      "instances": [
        {
          "schema_version": 1,
          "attributes": {
            "alloc_mode": "inherit",
            "annotation": "orchestrator:terraform",
            "description": "",
            "from": "vlan-203",
            "id": "uni/infra/vlanns-[access]-static/from-[vlan-203]-to-[vlan-203]",
            "name_alias": "",
            "role": "external",
            "to": "vlan-203",
            "vlan_pool_dn": "uni/infra/vlanns-[access]-static"
          },
          "sensitive_attributes": [],
          "private": "eyJzY2hlbWFfdmVyc2lvbiI6IjEifQ==",
          "dependencies": [
            "data.aci_vlan_pool.VLAN_Pool_access"
          ]
        }
      ]
    },
    {
      "mode": "managed",
      "type": "aci_ranges",
      "name": "VLAN_Range_access_204",
      "provider": "provider[\"registry.terraform.io/ciscodevnet/aci\"]",
      "instances": [
        {
          "schema_version": 1,
          "attributes": {
            "alloc_mode": "inherit",
            "annotation": "orchestrator:terraform",
            "description": "",
            "from": "vlan-204",
            "id": "uni/infra/vlanns-[access]-static/from-[vlan-204]-to-[vlan-204]",
            "name_alias": "",
            "role": "external",
            "to": "vlan-204",
            "vlan_pool_dn": "uni/infra/vlanns-[access]-static"
          },
          "sensitive_attributes": [],
          "private": "eyJzY2hlbWFfdmVyc2lvbiI6IjEifQ==",
          "dependencies": [
            "data.aci_vlan_pool.VLAN_Pool_access"
          ]
        }
      ]
    },
    {
      "mode": "managed",
      "type": "aci_ranges",
      "name": "VLAN_Range_access_205",
      "provider": "provider[\"registry.terraform.io/ciscodevnet/aci\"]",
      "instances": [
        {
          "schema_version": 1,
          "attributes": {
            "alloc_mode": "inherit",
            "annotation": "orchestrator:terraform",
            "description": "",
            "from": "vlan-205",
            "id": "uni/infra/vlanns-[access]-static/from-[vlan-205]-to-[vlan-205]",
            "name_alias": "",
            "role": "external",
            "to": "vlan-205",
            "vlan_pool_dn": "uni/infra/vlanns-[access]-static"
          },
          "sensitive_attributes": [],
          "private": "eyJzY2hlbWFfdmVyc2lvbiI6IjEifQ==",
          "dependencies": [
            "data.aci_vlan_pool.VLAN_Pool_access"
          ]
        }
      ]
    },
    {
      "mode": "managed",
      "type": "aci_ranges",
      "name": "VLAN_Range_access_206",
      "provider": "provider[\"registry.terraform.io/ciscodevnet/aci\"]",
      "instances": [
        {
          "schema_version": 1,
          "attributes": {
            "alloc_mode": "inherit",
            "annotation": "orchestrator:terraform",
            "description": "",
            "from": "vlan-206",
            "id": "uni/infra/vlanns-[access]-static/from-[vlan-206]-to-[vlan-206]",
            "name_alias": "",
            "role": "external",
            "to": "vlan-206",
            "vlan_pool_dn": "uni/infra/vlanns-[access]-static"
          },
          "sensitive_attributes": [],
          "private": "eyJzY2hlbWFfdmVyc2lvbiI6IjEifQ==",
          "dependencies": [
            "data.aci_vlan_pool.VLAN_Pool_access"
          ]
        }
      ]
    },
    {
      "mode": "managed",
      "type": "aci_ranges",
      "name": "VLAN_Range_access_207",
      "provider": "provider[\"registry.terraform.io/ciscodevnet/aci\"]",
      "instances": [
        {
          "schema_version": 1,
          "attributes": {
            "alloc_mode": "inherit",
            "annotation": "orchestrator:terraform",
            "description": "",
            "from": "vlan-207",
            "id": "uni/infra/vlanns-[access]-static/from-[vlan-207]-to-[vlan-207]",
            "name_alias": "",
            "role": "external",
            "to": "vlan-207",
            "vlan_pool_dn": "uni/infra/vlanns-[access]-static"
          },
          "sensitive_attributes": [],
          "private": "eyJzY2hlbWFfdmVyc2lvbiI6IjEifQ==",
          "dependencies": [
            "data.aci_vlan_pool.VLAN_Pool_access"
          ]
        }
      ]
    },
    {
      "mode": "managed",
      "type": "aci_ranges",
      "name": "VLAN_Range_access_208",
      "provider": "provider[\"registry.terraform.io/ciscodevnet/aci\"]",
      "instances": [
        {
          "schema_version": 1,
          "attributes": {
            "alloc_mode": "inherit",
            "annotation": "orchestrator:terraform",
            "description": "",
            "from": "vlan-208",
            "id": "uni/infra/vlanns-[access]-static/from-[vlan-208]-to-[vlan-208]",
            "name_alias": "",
            "role": "external",
            "to": "vlan-208",
            "vlan_pool_dn": "uni/infra/vlanns-[access]-static"
          },
          "sensitive_attributes": [],
          "private": "eyJzY2hlbWFfdmVyc2lvbiI6IjEifQ==",
          "dependencies": [
            "data.aci_vlan_pool.VLAN_Pool_access"
          ]
        }
      ]
    },
    {
      "mode": "managed",
      "type": "aci_ranges",
      "name": "VLAN_Range_access_209",
      "provider": "provider[\"registry.terraform.io/ciscodevnet/aci\"]",
      "instances": [
        {
          "schema_version": 1,
          "attributes": {
            "alloc_mode": "inherit",
            "annotation": "orchestrator:terraform",
            "description": "",
            "from": "vlan-209",
            "id": "uni/infra/vlanns-[access]-static/from-[vlan-209]-to-[vlan-209]",
            "name_alias": "",
            "role": "external",
            "to": "vlan-209",
            "vlan_pool_dn": "uni/infra/vlanns-[access]-static"
          },
          "sensitive_attributes": [],
          "private": "eyJzY2hlbWFfdmVyc2lvbiI6IjEifQ==",
          "dependencies": [
            "data.aci_vlan_pool.VLAN_Pool_access"
          ]
        }
      ]
    },
    {
      "mode": "managed",
      "type": "aci_ranges",
      "name": "VLAN_Range_access_210",
      "provider": "provider[\"registry.terraform.io/ciscodevnet/aci\"]",
      "instances": [
        {
          "schema_version": 1,
          "attributes": {
            "alloc_mode": "inherit",
            "annotation": "orchestrator:terraform",
            "description": "",
            "from": "vlan-210",
            "id": "uni/infra/vlanns-[access]-static/from-[vlan-210]-to-[vlan-210]",
            "name_alias": "",
            "role": "external",
            "to": "vlan-210",
            "vlan_pool_dn": "uni/infra/vlanns-[access]-static"
          },
          "sensitive_attributes": [],
          "private": "eyJzY2hlbWFfdmVyc2lvbiI6IjEifQ==",
          "dependencies": [
            "data.aci_vlan_pool.VLAN_Pool_access"
          ]
        }
      ]
    },
    {
      "mode": "managed",
      "type": "aci_ranges",
      "name": "VLAN_Range_access_2100",
      "provider": "provider[\"registry.terraform.io/ciscodevnet/aci\"]",
      "instances": [
        {
          "schema_version": 1,
          "attributes": {
            "alloc_mode": "inherit",
            "annotation": "orchestrator:terraform",
            "description": "",
            "from": "vlan-2100",
            "id": "uni/infra/vlanns-[access]-static/from-[vlan-2100]-to-[vlan-2100]",
            "name_alias": "",
            "role": "external",
            "to": "vlan-2100",
            "vlan_pool_dn": "uni/infra/vlanns-[access]-static"
          },
          "sensitive_attributes": [],
          "private": "eyJzY2hlbWFfdmVyc2lvbiI6IjEifQ==",
          "dependencies": [
            "data.aci_vlan_pool.VLAN_Pool_access"
          ]
        }
      ]
    },
    {
      "mode": "managed",
      "type": "aci_ranges",
      "name": "VLAN_Range_access_2101",
      "provider": "provider[\"registry.terraform.io/ciscodevnet/aci\"]",
      "instances": [
        {
          "schema_version": 1,
          "attributes": {
            "alloc_mode": "inherit",
            "annotation": "orchestrator:terraform",
            "description": "",
            "from": "vlan-2101",
            "id": "uni/infra/vlanns-[access]-static/from-[vlan-2101]-to-[vlan-2101]",
            "name_alias": "",
            "role": "external",
            "to": "vlan-2101",
            "vlan_pool_dn": "uni/infra/vlanns-[access]-static"
          },
          "sensitive_attributes": [],
          "private": "eyJzY2hlbWFfdmVyc2lvbiI6IjEifQ==",
          "dependencies": [
            "data.aci_vlan_pool.VLAN_Pool_access"
          ]
        }
      ]
    },
    {
      "mode": "managed",
      "type": "aci_ranges",
      "name": "VLAN_Range_access_2102",
      "provider": "provider[\"registry.terraform.io/ciscodevnet/aci\"]",
      "instances": [
        {
          "schema_version": 1,
          "attributes": {
            "alloc_mode": "inherit",
            "annotation": "orchestrator:terraform",
            "description": "",
            "from": "vlan-2102",
            "id": "uni/infra/vlanns-[access]-static/from-[vlan-2102]-to-[vlan-2102]",
            "name_alias": "",
            "role": "external",
            "to": "vlan-2102",
            "vlan_pool_dn": "uni/infra/vlanns-[access]-static"
          },
          "sensitive_attributes": [],
          "private": "eyJzY2hlbWFfdmVyc2lvbiI6IjEifQ==",
          "dependencies": [
            "data.aci_vlan_pool.VLAN_Pool_access"
          ]
        }
      ]
    },
    {
      "mode": "managed",
      "type": "aci_ranges",
      "name": "VLAN_Range_access_2103",
      "provider": "provider[\"registry.terraform.io/ciscodevnet/aci\"]",
      "instances": [
        {
          "schema_version": 1,
          "attributes": {
            "alloc_mode": "inherit",
            "annotation": "orchestrator:terraform",
            "description": "",
            "from": "vlan-2103",
            "id": "uni/infra/vlanns-[access]-static/from-[vlan-2103]-to-[vlan-2103]",
            "name_alias": "",
            "role": "external",
            "to": "vlan-2103",
            "vlan_pool_dn": "uni/infra/vlanns-[access]-static"
          },
          "sensitive_attributes": [],
          "private": "eyJzY2hlbWFfdmVyc2lvbiI6IjEifQ==",
          "dependencies": [
            "data.aci_vlan_pool.VLAN_Pool_access"
          ]
        }
      ]
    },
    {
      "mode": "managed",
      "type": "aci_ranges",
      "name": "VLAN_Range_access_2104",
      "provider": "provider[\"registry.terraform.io/ciscodevnet/aci\"]",
      "instances": [
        {
          "schema_version": 1,
          "attributes": {
            "alloc_mode": "inherit",
            "annotation": "orchestrator:terraform",
            "description": "",
            "from": "vlan-2104",
            "id": "uni/infra/vlanns-[access]-static/from-[vlan-2104]-to-[vlan-2104]",
            "name_alias": "",
            "role": "external",
            "to": "vlan-2104",
            "vlan_pool_dn": "uni/infra/vlanns-[access]-static"
          },
          "sensitive_attributes": [],
          "private": "eyJzY2hlbWFfdmVyc2lvbiI6IjEifQ==",
          "dependencies": [
            "data.aci_vlan_pool.VLAN_Pool_access"
          ]
        }
      ]
    },
    {
      "mode": "managed",
      "type": "aci_ranges",
      "name": "VLAN_Range_access_2105",
      "provider": "provider[\"registry.terraform.io/ciscodevnet/aci\"]",
      "instances": [
        {
          "schema_version": 1,
          "attributes": {
            "alloc_mode": "inherit",
            "annotation": "orchestrator:terraform",
            "description": "",
            "from": "vlan-2105",
            "id": "uni/infra/vlanns-[access]-static/from-[vlan-2105]-to-[vlan-2105]",
            "name_alias": "",
            "role": "external",
            "to": "vlan-2105",
            "vlan_pool_dn": "uni/infra/vlanns-[access]-static"
          },
          "sensitive_attributes": [],
          "private": "eyJzY2hlbWFfdmVyc2lvbiI6IjEifQ==",
          "dependencies": [
            "data.aci_vlan_pool.VLAN_Pool_access"
          ]
        }
      ]
    },
    {
      "mode": "managed",
      "type": "aci_ranges",
      "name": "VLAN_Range_access_2106",
      "provider": "provider[\"registry.terraform.io/ciscodevnet/aci\"]",
      "instances": [
        {
          "schema_version": 1,
          "attributes": {
            "alloc_mode": "inherit",
            "annotation": "orchestrator:terraform",
            "description": "",
            "from": "vlan-2106",
            "id": "uni/infra/vlanns-[access]-static/from-[vlan-2106]-to-[vlan-2106]",
            "name_alias": "",
            "role": "external",
            "to": "vlan-2106",
            "vlan_pool_dn": "uni/infra/vlanns-[access]-static"
          },
          "sensitive_attributes": [],
          "private": "eyJzY2hlbWFfdmVyc2lvbiI6IjEifQ==",
          "dependencies": [
            "data.aci_vlan_pool.VLAN_Pool_access"
          ]
        }
      ]
    },
    {
      "mode": "managed",
      "type": "aci_ranges",
      "name": "VLAN_Range_access_2107",
      "provider": "provider[\"registry.terraform.io/ciscodevnet/aci\"]",
      "instances": [
        {
          "schema_version": 1,
          "attributes": {
            "alloc_mode": "inherit",
            "annotation": "orchestrator:terraform",
            "description": "",
            "from": "vlan-2107",
            "id": "uni/infra/vlanns-[access]-static/from-[vlan-2107]-to-[vlan-2107]",
            "name_alias": "",
            "role": "external",
            "to": "vlan-2107",
            "vlan_pool_dn": "uni/infra/vlanns-[access]-static"
          },
          "sensitive_attributes": [],
          "private": "eyJzY2hlbWFfdmVyc2lvbiI6IjEifQ==",
          "dependencies": [
            "data.aci_vlan_pool.VLAN_Pool_access"
          ]
        }
      ]
    },
    {
      "mode": "managed",
      "type": "aci_ranges",
      "name": "VLAN_Range_access_2108",
      "provider": "provider[\"registry.terraform.io/ciscodevnet/aci\"]",
      "instances": [
        {
          "schema_version": 1,
          "attributes": {
            "alloc_mode": "inherit",
            "annotation": "orchestrator:terraform",
            "description": "",
            "from": "vlan-2108",
            "id": "uni/infra/vlanns-[access]-static/from-[vlan-2108]-to-[vlan-2108]",
            "name_alias": "",
            "role": "external",
            "to": "vlan-2108",
            "vlan_pool_dn": "uni/infra/vlanns-[access]-static"
          },
          "sensitive_attributes": [],
          "private": "eyJzY2hlbWFfdmVyc2lvbiI6IjEifQ==",
          "dependencies": [
            "data.aci_vlan_pool.VLAN_Pool_access"
          ]
        }
      ]
    },
    {
      "mode": "managed",
      "type": "aci_ranges",
      "name": "VLAN_Range_access_2109",
      "provider": "provider[\"registry.terraform.io/ciscodevnet/aci\"]",
      "instances": [
        {
          "schema_version": 1,
          "attributes": {
            "alloc_mode": "inherit",
            "annotation": "orchestrator:terraform",
            "description": "",
            "from": "vlan-2109",
            "id": "uni/infra/vlanns-[access]-static/from-[vlan-2109]-to-[vlan-2109]",
            "name_alias": "",
            "role": "external",
            "to": "vlan-2109",
            "vlan_pool_dn": "uni/infra/vlanns-[access]-static"
          },
          "sensitive_attributes": [],
          "private": "eyJzY2hlbWFfdmVyc2lvbiI6IjEifQ==",
          "dependencies": [
            "data.aci_vlan_pool.VLAN_Pool_access"
          ]
        }
      ]
    },
    {
      "mode": "managed",
      "type": "aci_ranges",
      "name": "VLAN_Range_access_211",
      "provider": "provider[\"registry.terraform.io/ciscodevnet/aci\"]",
      "instances": [
        {
          "schema_version": 1,
          "attributes": {
            "alloc_mode": "inherit",
            "annotation": "orchestrator:terraform",
            "description": "",
            "from": "vlan-211",
            "id": "uni/infra/vlanns-[access]-static/from-[vlan-211]-to-[vlan-211]",
            "name_alias": "",
            "role": "external",
            "to": "vlan-211",
            "vlan_pool_dn": "uni/infra/vlanns-[access]-static"
          },
          "sensitive_attributes": [],
          "private": "eyJzY2hlbWFfdmVyc2lvbiI6IjEifQ==",
          "dependencies": [
            "data.aci_vlan_pool.VLAN_Pool_access"
          ]
        }
      ]
    },
    {
      "mode": "managed",
      "type": "aci_ranges",
      "name": "VLAN_Range_access_2110",
      "provider": "provider[\"registry.terraform.io/ciscodevnet/aci\"]",
      "instances": [
        {
          "schema_version": 1,
          "attributes": {
            "alloc_mode": "inherit",
            "annotation": "orchestrator:terraform",
            "description": "",
            "from": "vlan-2110",
            "id": "uni/infra/vlanns-[access]-static/from-[vlan-2110]-to-[vlan-2110]",
            "name_alias": "",
            "role": "external",
            "to": "vlan-2110",
            "vlan_pool_dn": "uni/infra/vlanns-[access]-static"
          },
          "sensitive_attributes": [],
          "private": "eyJzY2hlbWFfdmVyc2lvbiI6IjEifQ==",
          "dependencies": [
            "data.aci_vlan_pool.VLAN_Pool_access"
          ]
        }
      ]
    },
    {
      "mode": "managed",
      "type": "aci_ranges",
      "name": "VLAN_Range_access_2111",
      "provider": "provider[\"registry.terraform.io/ciscodevnet/aci\"]",
      "instances": [
        {
          "schema_version": 1,
          "attributes": {
            "alloc_mode": "inherit",
            "annotation": "orchestrator:terraform",
            "description": "",
            "from": "vlan-2111",
            "id": "uni/infra/vlanns-[access]-static/from-[vlan-2111]-to-[vlan-2111]",
            "name_alias": "",
            "role": "external",
            "to": "vlan-2111",
            "vlan_pool_dn": "uni/infra/vlanns-[access]-static"
          },
          "sensitive_attributes": [],
          "private": "eyJzY2hlbWFfdmVyc2lvbiI6IjEifQ==",
          "dependencies": [
            "data.aci_vlan_pool.VLAN_Pool_access"
          ]
        }
      ]
    },
    {
      "mode": "managed",
      "type": "aci_ranges",
      "name": "VLAN_Range_access_2112",
      "provider": "provider[\"registry.terraform.io/ciscodevnet/aci\"]",
      "instances": [
        {
          "schema_version": 1,
          "attributes": {
            "alloc_mode": "inherit",
            "annotation": "orchestrator:terraform",
            "description": "",
            "from": "vlan-2112",
            "id": "uni/infra/vlanns-[access]-static/from-[vlan-2112]-to-[vlan-2112]",
            "name_alias": "",
            "role": "external",
            "to": "vlan-2112",
            "vlan_pool_dn": "uni/infra/vlanns-[access]-static"
          },
          "sensitive_attributes": [],
          "private": "eyJzY2hlbWFfdmVyc2lvbiI6IjEifQ==",
          "dependencies": [
            "data.aci_vlan_pool.VLAN_Pool_access"
          ]
        }
      ]
    },
    {
      "mode": "managed",
      "type": "aci_ranges",
      "name": "VLAN_Range_access_2113",
      "provider": "provider[\"registry.terraform.io/ciscodevnet/aci\"]",
      "instances": [
        {
          "schema_version": 1,
          "attributes": {
            "alloc_mode": "inherit",
            "annotation": "orchestrator:terraform",
            "description": "",
            "from": "vlan-2113",
            "id": "uni/infra/vlanns-[access]-static/from-[vlan-2113]-to-[vlan-2113]",
            "name_alias": "",
            "role": "external",
            "to": "vlan-2113",
            "vlan_pool_dn": "uni/infra/vlanns-[access]-static"
          },
          "sensitive_attributes": [],
          "private": "eyJzY2hlbWFfdmVyc2lvbiI6IjEifQ==",
          "dependencies": [
            "data.aci_vlan_pool.VLAN_Pool_access"
          ]
        }
      ]
    },
    {
      "mode": "managed",
      "type": "aci_ranges",
      "name": "VLAN_Range_access_2114",
      "provider": "provider[\"registry.terraform.io/ciscodevnet/aci\"]",
      "instances": [
        {
          "schema_version": 1,
          "attributes": {
            "alloc_mode": "inherit",
            "annotation": "orchestrator:terraform",
            "description": "",
            "from": "vlan-2114",
            "id": "uni/infra/vlanns-[access]-static/from-[vlan-2114]-to-[vlan-2114]",
            "name_alias": "",
            "role": "external",
            "to": "vlan-2114",
            "vlan_pool_dn": "uni/infra/vlanns-[access]-static"
          },
          "sensitive_attributes": [],
          "private": "eyJzY2hlbWFfdmVyc2lvbiI6IjEifQ==",
          "dependencies": [
            "data.aci_vlan_pool.VLAN_Pool_access"
          ]
        }
      ]
    },
    {
      "mode": "managed",
      "type": "aci_ranges",
      "name": "VLAN_Range_access_2115",
      "provider": "provider[\"registry.terraform.io/ciscodevnet/aci\"]",
      "instances": [
        {
          "schema_version": 1,
          "attributes": {
            "alloc_mode": "inherit",
            "annotation": "orchestrator:terraform",
            "description": "",
            "from": "vlan-2115",
            "id": "uni/infra/vlanns-[access]-static/from-[vlan-2115]-to-[vlan-2115]",
            "name_alias": "",
            "role": "external",
            "to": "vlan-2115",
            "vlan_pool_dn": "uni/infra/vlanns-[access]-static"
          },
          "sensitive_attributes": [],
          "private": "eyJzY2hlbWFfdmVyc2lvbiI6IjEifQ==",
          "dependencies": [
            "data.aci_vlan_pool.VLAN_Pool_access"
          ]
        }
      ]
    },
    {
      "mode": "managed",
      "type": "aci_ranges",
      "name": "VLAN_Range_access_2116",
      "provider": "provider[\"registry.terraform.io/ciscodevnet/aci\"]",
      "instances": [
        {
          "schema_version": 1,
          "attributes": {
            "alloc_mode": "inherit",
            "annotation": "orchestrator:terraform",
            "description": "",
            "from": "vlan-2116",
            "id": "uni/infra/vlanns-[access]-static/from-[vlan-2116]-to-[vlan-2116]",
            "name_alias": "",
            "role": "external",
            "to": "vlan-2116",
            "vlan_pool_dn": "uni/infra/vlanns-[access]-static"
          },
          "sensitive_attributes": [],
          "private": "eyJzY2hlbWFfdmVyc2lvbiI6IjEifQ==",
          "dependencies": [
            "data.aci_vlan_pool.VLAN_Pool_access"
          ]
        }
      ]
    },
    {
      "mode": "managed",
      "type": "aci_ranges",
      "name": "VLAN_Range_access_2117",
      "provider": "provider[\"registry.terraform.io/ciscodevnet/aci\"]",
      "instances": [
        {
          "schema_version": 1,
          "attributes": {
            "alloc_mode": "inherit",
            "annotation": "orchestrator:terraform",
            "description": "",
            "from": "vlan-2117",
            "id": "uni/infra/vlanns-[access]-static/from-[vlan-2117]-to-[vlan-2117]",
            "name_alias": "",
            "role": "external",
            "to": "vlan-2117",
            "vlan_pool_dn": "uni/infra/vlanns-[access]-static"
          },
          "sensitive_attributes": [],
          "private": "eyJzY2hlbWFfdmVyc2lvbiI6IjEifQ==",
          "dependencies": [
            "data.aci_vlan_pool.VLAN_Pool_access"
          ]
        }
      ]
    },
    {
      "mode": "managed",
      "type": "aci_ranges",
      "name": "VLAN_Range_access_2118",
      "provider": "provider[\"registry.terraform.io/ciscodevnet/aci\"]",
      "instances": [
        {
          "schema_version": 1,
          "attributes": {
            "alloc_mode": "inherit",
            "annotation": "orchestrator:terraform",
            "description": "",
            "from": "vlan-2118",
            "id": "uni/infra/vlanns-[access]-static/from-[vlan-2118]-to-[vlan-2118]",
            "name_alias": "",
            "role": "external",
            "to": "vlan-2118",
            "vlan_pool_dn": "uni/infra/vlanns-[access]-static"
          },
          "sensitive_attributes": [],
          "private": "eyJzY2hlbWFfdmVyc2lvbiI6IjEifQ==",
          "dependencies": [
            "data.aci_vlan_pool.VLAN_Pool_access"
          ]
        }
      ]
    },
    {
      "mode": "managed",
      "type": "aci_ranges",
      "name": "VLAN_Range_access_2119",
      "provider": "provider[\"registry.terraform.io/ciscodevnet/aci\"]",
      "instances": [
        {
          "schema_version": 1,
          "attributes": {
            "alloc_mode": "inherit",
            "annotation": "orchestrator:terraform",
            "description": "",
            "from": "vlan-2119",
            "id": "uni/infra/vlanns-[access]-static/from-[vlan-2119]-to-[vlan-2119]",
            "name_alias": "",
            "role": "external",
            "to": "vlan-2119",
            "vlan_pool_dn": "uni/infra/vlanns-[access]-static"
          },
          "sensitive_attributes": [],
          "private": "eyJzY2hlbWFfdmVyc2lvbiI6IjEifQ==",
          "dependencies": [
            "data.aci_vlan_pool.VLAN_Pool_access"
          ]
        }
      ]
    },
    {
      "mode": "managed",
      "type": "aci_ranges",
      "name": "VLAN_Range_access_212",
      "provider": "provider[\"registry.terraform.io/ciscodevnet/aci\"]",
      "instances": [
        {
          "schema_version": 1,
          "attributes": {
            "alloc_mode": "inherit",
            "annotation": "orchestrator:terraform",
            "description": "",
            "from": "vlan-212",
            "id": "uni/infra/vlanns-[access]-static/from-[vlan-212]-to-[vlan-212]",
            "name_alias": "",
            "role": "external",
            "to": "vlan-212",
            "vlan_pool_dn": "uni/infra/vlanns-[access]-static"
          },
          "sensitive_attributes": [],
          "private": "eyJzY2hlbWFfdmVyc2lvbiI6IjEifQ==",
          "dependencies": [
            "data.aci_vlan_pool.VLAN_Pool_access"
          ]
        }
      ]
    },
    {
      "mode": "managed",
      "type": "aci_ranges",
      "name": "VLAN_Range_access_2120",
      "provider": "provider[\"registry.terraform.io/ciscodevnet/aci\"]",
      "instances": [
        {
          "schema_version": 1,
          "attributes": {
            "alloc_mode": "inherit",
            "annotation": "orchestrator:terraform",
            "description": "",
            "from": "vlan-2120",
            "id": "uni/infra/vlanns-[access]-static/from-[vlan-2120]-to-[vlan-2120]",
            "name_alias": "",
            "role": "external",
            "to": "vlan-2120",
            "vlan_pool_dn": "uni/infra/vlanns-[access]-static"
          },
          "sensitive_attributes": [],
          "private": "eyJzY2hlbWFfdmVyc2lvbiI6IjEifQ==",
          "dependencies": [
            "data.aci_vlan_pool.VLAN_Pool_access"
          ]
        }
      ]
    },
    {
      "mode": "managed",
      "type": "aci_ranges",
      "name": "VLAN_Range_access_2121",
      "provider": "provider[\"registry.terraform.io/ciscodevnet/aci\"]",
      "instances": [
        {
          "schema_version": 1,
          "attributes": {
            "alloc_mode": "inherit",
            "annotation": "orchestrator:terraform",
            "description": "",
            "from": "vlan-2121",
            "id": "uni/infra/vlanns-[access]-static/from-[vlan-2121]-to-[vlan-2121]",
            "name_alias": "",
            "role": "external",
            "to": "vlan-2121",
            "vlan_pool_dn": "uni/infra/vlanns-[access]-static"
          },
          "sensitive_attributes": [],
          "private": "eyJzY2hlbWFfdmVyc2lvbiI6IjEifQ==",
          "dependencies": [
            "data.aci_vlan_pool.VLAN_Pool_access"
          ]
        }
      ]
    },
    {
      "mode": "managed",
      "type": "aci_ranges",
      "name": "VLAN_Range_access_2122",
      "provider": "provider[\"registry.terraform.io/ciscodevnet/aci\"]",
      "instances": [
        {
          "schema_version": 1,
          "attributes": {
            "alloc_mode": "inherit",
            "annotation": "orchestrator:terraform",
            "description": "",
            "from": "vlan-2122",
            "id": "uni/infra/vlanns-[access]-static/from-[vlan-2122]-to-[vlan-2122]",
            "name_alias": "",
            "role": "external",
            "to": "vlan-2122",
            "vlan_pool_dn": "uni/infra/vlanns-[access]-static"
          },
          "sensitive_attributes": [],
          "private": "eyJzY2hlbWFfdmVyc2lvbiI6IjEifQ==",
          "dependencies": [
            "data.aci_vlan_pool.VLAN_Pool_access"
          ]
        }
      ]
    },
    {
      "mode": "managed",
      "type": "aci_ranges",
      "name": "VLAN_Range_access_2123",
      "provider": "provider[\"registry.terraform.io/ciscodevnet/aci\"]",
      "instances": [
        {
          "schema_version": 1,
          "attributes": {
            "alloc_mode": "inherit",
            "annotation": "orchestrator:terraform",
            "description": "",
            "from": "vlan-2123",
            "id": "uni/infra/vlanns-[access]-static/from-[vlan-2123]-to-[vlan-2123]",
            "name_alias": "",
            "role": "external",
            "to": "vlan-2123",
            "vlan_pool_dn": "uni/infra/vlanns-[access]-static"
          },
          "sensitive_attributes": [],
          "private": "eyJzY2hlbWFfdmVyc2lvbiI6IjEifQ==",
          "dependencies": [
            "data.aci_vlan_pool.VLAN_Pool_access"
          ]
        }
      ]
    },
    {
      "mode": "managed",
      "type": "aci_ranges",
      "name": "VLAN_Range_access_2124",
      "provider": "provider[\"registry.terraform.io/ciscodevnet/aci\"]",
      "instances": [
        {
          "schema_version": 1,
          "attributes": {
            "alloc_mode": "inherit",
            "annotation": "orchestrator:terraform",
            "description": "",
            "from": "vlan-2124",
            "id": "uni/infra/vlanns-[access]-static/from-[vlan-2124]-to-[vlan-2124]",
            "name_alias": "",
            "role": "external",
            "to": "vlan-2124",
            "vlan_pool_dn": "uni/infra/vlanns-[access]-static"
          },
          "sensitive_attributes": [],
          "private": "eyJzY2hlbWFfdmVyc2lvbiI6IjEifQ==",
          "dependencies": [
            "data.aci_vlan_pool.VLAN_Pool_access"
          ]
        }
      ]
    },
    {
      "mode": "managed",
      "type": "aci_ranges",
      "name": "VLAN_Range_access_2125",
      "provider": "provider[\"registry.terraform.io/ciscodevnet/aci\"]",
      "instances": [
        {
          "schema_version": 1,
          "attributes": {
            "alloc_mode": "inherit",
            "annotation": "orchestrator:terraform",
            "description": "",
            "from": "vlan-2125",
            "id": "uni/infra/vlanns-[access]-static/from-[vlan-2125]-to-[vlan-2125]",
            "name_alias": "",
            "role": "external",
            "to": "vlan-2125",
            "vlan_pool_dn": "uni/infra/vlanns-[access]-static"
          },
          "sensitive_attributes": [],
          "private": "eyJzY2hlbWFfdmVyc2lvbiI6IjEifQ==",
          "dependencies": [
            "data.aci_vlan_pool.VLAN_Pool_access"
          ]
        }
      ]
    },
    {
      "mode": "managed",
      "type": "aci_ranges",
      "name": "VLAN_Range_access_2126",
      "provider": "provider[\"registry.terraform.io/ciscodevnet/aci\"]",
      "instances": [
        {
          "schema_version": 1,
          "attributes": {
            "alloc_mode": "inherit",
            "annotation": "orchestrator:terraform",
            "description": "",
            "from": "vlan-2126",
            "id": "uni/infra/vlanns-[access]-static/from-[vlan-2126]-to-[vlan-2126]",
            "name_alias": "",
            "role": "external",
            "to": "vlan-2126",
            "vlan_pool_dn": "uni/infra/vlanns-[access]-static"
          },
          "sensitive_attributes": [],
          "private": "eyJzY2hlbWFfdmVyc2lvbiI6IjEifQ==",
          "dependencies": [
            "data.aci_vlan_pool.VLAN_Pool_access"
          ]
        }
      ]
    },
    {
      "mode": "managed",
      "type": "aci_ranges",
      "name": "VLAN_Range_access_2127",
      "provider": "provider[\"registry.terraform.io/ciscodevnet/aci\"]",
      "instances": [
        {
          "schema_version": 1,
          "attributes": {
            "alloc_mode": "inherit",
            "annotation": "orchestrator:terraform",
            "description": "",
            "from": "vlan-2127",
            "id": "uni/infra/vlanns-[access]-static/from-[vlan-2127]-to-[vlan-2127]",
            "name_alias": "",
            "role": "external",
            "to": "vlan-2127",
            "vlan_pool_dn": "uni/infra/vlanns-[access]-static"
          },
          "sensitive_attributes": [],
          "private": "eyJzY2hlbWFfdmVyc2lvbiI6IjEifQ==",
          "dependencies": [
            "data.aci_vlan_pool.VLAN_Pool_access"
          ]
        }
      ]
    },
    {
      "mode": "managed",
      "type": "aci_ranges",
      "name": "VLAN_Range_access_2128",
      "provider": "provider[\"registry.terraform.io/ciscodevnet/aci\"]",
      "instances": [
        {
          "schema_version": 1,
          "attributes": {
            "alloc_mode": "inherit",
            "annotation": "orchestrator:terraform",
            "description": "",
            "from": "vlan-2128",
            "id": "uni/infra/vlanns-[access]-static/from-[vlan-2128]-to-[vlan-2128]",
            "name_alias": "",
            "role": "external",
            "to": "vlan-2128",
            "vlan_pool_dn": "uni/infra/vlanns-[access]-static"
          },
          "sensitive_attributes": [],
          "private": "eyJzY2hlbWFfdmVyc2lvbiI6IjEifQ==",
          "dependencies": [
            "data.aci_vlan_pool.VLAN_Pool_access"
          ]
        }
      ]
    },
    {
      "mode": "managed",
      "type": "aci_ranges",
      "name": "VLAN_Range_access_2129",
      "provider": "provider[\"registry.terraform.io/ciscodevnet/aci\"]",
      "instances": [
        {
          "schema_version": 1,
          "attributes": {
            "alloc_mode": "inherit",
            "annotation": "orchestrator:terraform",
            "description": "",
            "from": "vlan-2129",
            "id": "uni/infra/vlanns-[access]-static/from-[vlan-2129]-to-[vlan-2129]",
            "name_alias": "",
            "role": "external",
            "to": "vlan-2129",
            "vlan_pool_dn": "uni/infra/vlanns-[access]-static"
          },
          "sensitive_attributes": [],
          "private": "eyJzY2hlbWFfdmVyc2lvbiI6IjEifQ==",
          "dependencies": [
            "data.aci_vlan_pool.VLAN_Pool_access"
          ]
        }
      ]
    },
    {
      "mode": "managed",
      "type": "aci_ranges",
      "name": "VLAN_Range_access_213",
      "provider": "provider[\"registry.terraform.io/ciscodevnet/aci\"]",
      "instances": [
        {
          "schema_version": 1,
          "attributes": {
            "alloc_mode": "inherit",
            "annotation": "orchestrator:terraform",
            "description": "",
            "from": "vlan-213",
            "id": "uni/infra/vlanns-[access]-static/from-[vlan-213]-to-[vlan-213]",
            "name_alias": "",
            "role": "external",
            "to": "vlan-213",
            "vlan_pool_dn": "uni/infra/vlanns-[access]-static"
          },
          "sensitive_attributes": [],
          "private": "eyJzY2hlbWFfdmVyc2lvbiI6IjEifQ==",
          "dependencies": [
            "data.aci_vlan_pool.VLAN_Pool_access"
          ]
        }
      ]
    },
    {
      "mode": "managed",
      "type": "aci_ranges",
      "name": "VLAN_Range_access_2130",
      "provider": "provider[\"registry.terraform.io/ciscodevnet/aci\"]",
      "instances": [
        {
          "schema_version": 1,
          "attributes": {
            "alloc_mode": "inherit",
            "annotation": "orchestrator:terraform",
            "description": "",
            "from": "vlan-2130",
            "id": "uni/infra/vlanns-[access]-static/from-[vlan-2130]-to-[vlan-2130]",
            "name_alias": "",
            "role": "external",
            "to": "vlan-2130",
            "vlan_pool_dn": "uni/infra/vlanns-[access]-static"
          },
          "sensitive_attributes": [],
          "private": "eyJzY2hlbWFfdmVyc2lvbiI6IjEifQ==",
          "dependencies": [
            "data.aci_vlan_pool.VLAN_Pool_access"
          ]
        }
      ]
    },
    {
      "mode": "managed",
      "type": "aci_ranges",
      "name": "VLAN_Range_access_2131",
      "provider": "provider[\"registry.terraform.io/ciscodevnet/aci\"]",
      "instances": [
        {
          "schema_version": 1,
          "attributes": {
            "alloc_mode": "inherit",
            "annotation": "orchestrator:terraform",
            "description": "",
            "from": "vlan-2131",
            "id": "uni/infra/vlanns-[access]-static/from-[vlan-2131]-to-[vlan-2131]",
            "name_alias": "",
            "role": "external",
            "to": "vlan-2131",
            "vlan_pool_dn": "uni/infra/vlanns-[access]-static"
          },
          "sensitive_attributes": [],
          "private": "eyJzY2hlbWFfdmVyc2lvbiI6IjEifQ==",
          "dependencies": [
            "data.aci_vlan_pool.VLAN_Pool_access"
          ]
        }
      ]
    },
    {
      "mode": "managed",
      "type": "aci_ranges",
      "name": "VLAN_Range_access_2132",
      "provider": "provider[\"registry.terraform.io/ciscodevnet/aci\"]",
      "instances": [
        {
          "schema_version": 1,
          "attributes": {
            "alloc_mode": "inherit",
            "annotation": "orchestrator:terraform",
            "description": "",
            "from": "vlan-2132",
            "id": "uni/infra/vlanns-[access]-static/from-[vlan-2132]-to-[vlan-2132]",
            "name_alias": "",
            "role": "external",
            "to": "vlan-2132",
            "vlan_pool_dn": "uni/infra/vlanns-[access]-static"
          },
          "sensitive_attributes": [],
          "private": "eyJzY2hlbWFfdmVyc2lvbiI6IjEifQ==",
          "dependencies": [
            "data.aci_vlan_pool.VLAN_Pool_access"
          ]
        }
      ]
    },
    {
      "mode": "managed",
      "type": "aci_ranges",
      "name": "VLAN_Range_access_2133",
      "provider": "provider[\"registry.terraform.io/ciscodevnet/aci\"]",
      "instances": [
        {
          "schema_version": 1,
          "attributes": {
            "alloc_mode": "inherit",
            "annotation": "orchestrator:terraform",
            "description": "",
            "from": "vlan-2133",
            "id": "uni/infra/vlanns-[access]-static/from-[vlan-2133]-to-[vlan-2133]",
            "name_alias": "",
            "role": "external",
            "to": "vlan-2133",
            "vlan_pool_dn": "uni/infra/vlanns-[access]-static"
          },
          "sensitive_attributes": [],
          "private": "eyJzY2hlbWFfdmVyc2lvbiI6IjEifQ==",
          "dependencies": [
            "data.aci_vlan_pool.VLAN_Pool_access"
          ]
        }
      ]
    },
    {
      "mode": "managed",
      "type": "aci_ranges",
      "name": "VLAN_Range_access_2134",
      "provider": "provider[\"registry.terraform.io/ciscodevnet/aci\"]",
      "instances": [
        {
          "schema_version": 1,
          "attributes": {
            "alloc_mode": "inherit",
            "annotation": "orchestrator:terraform",
            "description": "",
            "from": "vlan-2134",
            "id": "uni/infra/vlanns-[access]-static/from-[vlan-2134]-to-[vlan-2134]",
            "name_alias": "",
            "role": "external",
            "to": "vlan-2134",
            "vlan_pool_dn": "uni/infra/vlanns-[access]-static"
          },
          "sensitive_attributes": [],
          "private": "eyJzY2hlbWFfdmVyc2lvbiI6IjEifQ==",
          "dependencies": [
            "data.aci_vlan_pool.VLAN_Pool_access"
          ]
        }
      ]
    },
    {
      "mode": "managed",
      "type": "aci_ranges",
      "name": "VLAN_Range_access_2135",
      "provider": "provider[\"registry.terraform.io/ciscodevnet/aci\"]",
      "instances": [
        {
          "schema_version": 1,
          "attributes": {
            "alloc_mode": "inherit",
            "annotation": "orchestrator:terraform",
            "description": "",
            "from": "vlan-2135",
            "id": "uni/infra/vlanns-[access]-static/from-[vlan-2135]-to-[vlan-2135]",
            "name_alias": "",
            "role": "external",
            "to": "vlan-2135",
            "vlan_pool_dn": "uni/infra/vlanns-[access]-static"
          },
          "sensitive_attributes": [],
          "private": "eyJzY2hlbWFfdmVyc2lvbiI6IjEifQ==",
          "dependencies": [
            "data.aci_vlan_pool.VLAN_Pool_access"
          ]
        }
      ]
    },
    {
      "mode": "managed",
      "type": "aci_ranges",
      "name": "VLAN_Range_access_2136",
      "provider": "provider[\"registry.terraform.io/ciscodevnet/aci\"]",
      "instances": [
        {
          "schema_version": 1,
          "attributes": {
            "alloc_mode": "inherit",
            "annotation": "orchestrator:terraform",
            "description": "",
            "from": "vlan-2136",
            "id": "uni/infra/vlanns-[access]-static/from-[vlan-2136]-to-[vlan-2136]",
            "name_alias": "",
            "role": "external",
            "to": "vlan-2136",
            "vlan_pool_dn": "uni/infra/vlanns-[access]-static"
          },
          "sensitive_attributes": [],
          "private": "eyJzY2hlbWFfdmVyc2lvbiI6IjEifQ==",
          "dependencies": [
            "data.aci_vlan_pool.VLAN_Pool_access"
          ]
        }
      ]
    },
    {
      "mode": "managed",
      "type": "aci_ranges",
      "name": "VLAN_Range_access_2137",
      "provider": "provider[\"registry.terraform.io/ciscodevnet/aci\"]",
      "instances": [
        {
          "schema_version": 1,
          "attributes": {
            "alloc_mode": "inherit",
            "annotation": "orchestrator:terraform",
            "description": "",
            "from": "vlan-2137",
            "id": "uni/infra/vlanns-[access]-static/from-[vlan-2137]-to-[vlan-2137]",
            "name_alias": "",
            "role": "external",
            "to": "vlan-2137",
            "vlan_pool_dn": "uni/infra/vlanns-[access]-static"
          },
          "sensitive_attributes": [],
          "private": "eyJzY2hlbWFfdmVyc2lvbiI6IjEifQ==",
          "dependencies": [
            "data.aci_vlan_pool.VLAN_Pool_access"
          ]
        }
      ]
    },
    {
      "mode": "managed",
      "type": "aci_ranges",
      "name": "VLAN_Range_access_2138",
      "provider": "provider[\"registry.terraform.io/ciscodevnet/aci\"]",
      "instances": [
        {
          "schema_version": 1,
          "attributes": {
            "alloc_mode": "inherit",
            "annotation": "orchestrator:terraform",
            "description": "",
            "from": "vlan-2138",
            "id": "uni/infra/vlanns-[access]-static/from-[vlan-2138]-to-[vlan-2138]",
            "name_alias": "",
            "role": "external",
            "to": "vlan-2138",
            "vlan_pool_dn": "uni/infra/vlanns-[access]-static"
          },
          "sensitive_attributes": [],
          "private": "eyJzY2hlbWFfdmVyc2lvbiI6IjEifQ==",
          "dependencies": [
            "data.aci_vlan_pool.VLAN_Pool_access"
          ]
        }
      ]
    },
    {
      "mode": "managed",
      "type": "aci_ranges",
      "name": "VLAN_Range_access_2139",
      "provider": "provider[\"registry.terraform.io/ciscodevnet/aci\"]",
      "instances": [
        {
          "schema_version": 1,
          "attributes": {
            "alloc_mode": "inherit",
            "annotation": "orchestrator:terraform",
            "description": "",
            "from": "vlan-2139",
            "id": "uni/infra/vlanns-[access]-static/from-[vlan-2139]-to-[vlan-2139]",
            "name_alias": "",
            "role": "external",
            "to": "vlan-2139",
            "vlan_pool_dn": "uni/infra/vlanns-[access]-static"
          },
          "sensitive_attributes": [],
          "private": "eyJzY2hlbWFfdmVyc2lvbiI6IjEifQ==",
          "dependencies": [
            "data.aci_vlan_pool.VLAN_Pool_access"
          ]
        }
      ]
    },
    {
      "mode": "managed",
      "type": "aci_ranges",
      "name": "VLAN_Range_access_214",
      "provider": "provider[\"registry.terraform.io/ciscodevnet/aci\"]",
      "instances": [
        {
          "schema_version": 1,
          "attributes": {
            "alloc_mode": "inherit",
            "annotation": "orchestrator:terraform",
            "description": "",
            "from": "vlan-214",
            "id": "uni/infra/vlanns-[access]-static/from-[vlan-214]-to-[vlan-214]",
            "name_alias": "",
            "role": "external",
            "to": "vlan-214",
            "vlan_pool_dn": "uni/infra/vlanns-[access]-static"
          },
          "sensitive_attributes": [],
          "private": "eyJzY2hlbWFfdmVyc2lvbiI6IjEifQ==",
          "dependencies": [
            "data.aci_vlan_pool.VLAN_Pool_access"
          ]
        }
      ]
    },
    {
      "mode": "managed",
      "type": "aci_ranges",
      "name": "VLAN_Range_access_2140",
      "provider": "provider[\"registry.terraform.io/ciscodevnet/aci\"]",
      "instances": [
        {
          "schema_version": 1,
          "attributes": {
            "alloc_mode": "inherit",
            "annotation": "orchestrator:terraform",
            "description": "",
            "from": "vlan-2140",
            "id": "uni/infra/vlanns-[access]-static/from-[vlan-2140]-to-[vlan-2140]",
            "name_alias": "",
            "role": "external",
            "to": "vlan-2140",
            "vlan_pool_dn": "uni/infra/vlanns-[access]-static"
          },
          "sensitive_attributes": [],
          "private": "eyJzY2hlbWFfdmVyc2lvbiI6IjEifQ==",
          "dependencies": [
            "data.aci_vlan_pool.VLAN_Pool_access"
          ]
        }
      ]
    },
    {
      "mode": "managed",
      "type": "aci_ranges",
      "name": "VLAN_Range_access_2141",
      "provider": "provider[\"registry.terraform.io/ciscodevnet/aci\"]",
      "instances": [
        {
          "schema_version": 1,
          "attributes": {
            "alloc_mode": "inherit",
            "annotation": "orchestrator:terraform",
            "description": "",
            "from": "vlan-2141",
            "id": "uni/infra/vlanns-[access]-static/from-[vlan-2141]-to-[vlan-2141]",
            "name_alias": "",
            "role": "external",
            "to": "vlan-2141",
            "vlan_pool_dn": "uni/infra/vlanns-[access]-static"
          },
          "sensitive_attributes": [],
          "private": "eyJzY2hlbWFfdmVyc2lvbiI6IjEifQ==",
          "dependencies": [
            "data.aci_vlan_pool.VLAN_Pool_access"
          ]
        }
      ]
    },
    {
      "mode": "managed",
      "type": "aci_ranges",
      "name": "VLAN_Range_access_2142",
      "provider": "provider[\"registry.terraform.io/ciscodevnet/aci\"]",
      "instances": [
        {
          "schema_version": 1,
          "attributes": {
            "alloc_mode": "inherit",
            "annotation": "orchestrator:terraform",
            "description": "",
            "from": "vlan-2142",
            "id": "uni/infra/vlanns-[access]-static/from-[vlan-2142]-to-[vlan-2142]",
            "name_alias": "",
            "role": "external",
            "to": "vlan-2142",
            "vlan_pool_dn": "uni/infra/vlanns-[access]-static"
          },
          "sensitive_attributes": [],
          "private": "eyJzY2hlbWFfdmVyc2lvbiI6IjEifQ==",
          "dependencies": [
            "data.aci_vlan_pool.VLAN_Pool_access"
          ]
        }
      ]
    },
    {
      "mode": "managed",
      "type": "aci_ranges",
      "name": "VLAN_Range_access_2143",
      "provider": "provider[\"registry.terraform.io/ciscodevnet/aci\"]",
      "instances": [
        {
          "schema_version": 1,
          "attributes": {
            "alloc_mode": "inherit",
            "annotation": "orchestrator:terraform",
            "description": "",
            "from": "vlan-2143",
            "id": "uni/infra/vlanns-[access]-static/from-[vlan-2143]-to-[vlan-2143]",
            "name_alias": "",
            "role": "external",
            "to": "vlan-2143",
            "vlan_pool_dn": "uni/infra/vlanns-[access]-static"
          },
          "sensitive_attributes": [],
          "private": "eyJzY2hlbWFfdmVyc2lvbiI6IjEifQ==",
          "dependencies": [
            "data.aci_vlan_pool.VLAN_Pool_access"
          ]
        }
      ]
    },
    {
      "mode": "managed",
      "type": "aci_ranges",
      "name": "VLAN_Range_access_2144",
      "provider": "provider[\"registry.terraform.io/ciscodevnet/aci\"]",
      "instances": [
        {
          "schema_version": 1,
          "attributes": {
            "alloc_mode": "inherit",
            "annotation": "orchestrator:terraform",
            "description": "",
            "from": "vlan-2144",
            "id": "uni/infra/vlanns-[access]-static/from-[vlan-2144]-to-[vlan-2144]",
            "name_alias": "",
            "role": "external",
            "to": "vlan-2144",
            "vlan_pool_dn": "uni/infra/vlanns-[access]-static"
          },
          "sensitive_attributes": [],
          "private": "eyJzY2hlbWFfdmVyc2lvbiI6IjEifQ==",
          "dependencies": [
            "data.aci_vlan_pool.VLAN_Pool_access"
          ]
        }
      ]
    },
    {
      "mode": "managed",
      "type": "aci_ranges",
      "name": "VLAN_Range_access_2145",
      "provider": "provider[\"registry.terraform.io/ciscodevnet/aci\"]",
      "instances": [
        {
          "schema_version": 1,
          "attributes": {
            "alloc_mode": "inherit",
            "annotation": "orchestrator:terraform",
            "description": "",
            "from": "vlan-2145",
            "id": "uni/infra/vlanns-[access]-static/from-[vlan-2145]-to-[vlan-2145]",
            "name_alias": "",
            "role": "external",
            "to": "vlan-2145",
            "vlan_pool_dn": "uni/infra/vlanns-[access]-static"
          },
          "sensitive_attributes": [],
          "private": "eyJzY2hlbWFfdmVyc2lvbiI6IjEifQ==",
          "dependencies": [
            "data.aci_vlan_pool.VLAN_Pool_access"
          ]
        }
      ]
    },
    {
      "mode": "managed",
      "type": "aci_ranges",
      "name": "VLAN_Range_access_2146",
      "provider": "provider[\"registry.terraform.io/ciscodevnet/aci\"]",
      "instances": [
        {
          "schema_version": 1,
          "attributes": {
            "alloc_mode": "inherit",
            "annotation": "orchestrator:terraform",
            "description": "",
            "from": "vlan-2146",
            "id": "uni/infra/vlanns-[access]-static/from-[vlan-2146]-to-[vlan-2146]",
            "name_alias": "",
            "role": "external",
            "to": "vlan-2146",
            "vlan_pool_dn": "uni/infra/vlanns-[access]-static"
          },
          "sensitive_attributes": [],
          "private": "eyJzY2hlbWFfdmVyc2lvbiI6IjEifQ==",
          "dependencies": [
            "data.aci_vlan_pool.VLAN_Pool_access"
          ]
        }
      ]
    },
    {
      "mode": "managed",
      "type": "aci_ranges",
      "name": "VLAN_Range_access_2147",
      "provider": "provider[\"registry.terraform.io/ciscodevnet/aci\"]",
      "instances": [
        {
          "schema_version": 1,
          "attributes": {
            "alloc_mode": "inherit",
            "annotation": "orchestrator:terraform",
            "description": "",
            "from": "vlan-2147",
            "id": "uni/infra/vlanns-[access]-static/from-[vlan-2147]-to-[vlan-2147]",
            "name_alias": "",
            "role": "external",
            "to": "vlan-2147",
            "vlan_pool_dn": "uni/infra/vlanns-[access]-static"
          },
          "sensitive_attributes": [],
          "private": "eyJzY2hlbWFfdmVyc2lvbiI6IjEifQ==",
          "dependencies": [
            "data.aci_vlan_pool.VLAN_Pool_access"
          ]
        }
      ]
    },
    {
      "mode": "managed",
      "type": "aci_ranges",
      "name": "VLAN_Range_access_2148",
      "provider": "provider[\"registry.terraform.io/ciscodevnet/aci\"]",
      "instances": [
        {
          "schema_version": 1,
          "attributes": {
            "alloc_mode": "inherit",
            "annotation": "orchestrator:terraform",
            "description": "",
            "from": "vlan-2148",
            "id": "uni/infra/vlanns-[access]-static/from-[vlan-2148]-to-[vlan-2148]",
            "name_alias": "",
            "role": "external",
            "to": "vlan-2148",
            "vlan_pool_dn": "uni/infra/vlanns-[access]-static"
          },
          "sensitive_attributes": [],
          "private": "eyJzY2hlbWFfdmVyc2lvbiI6IjEifQ==",
          "dependencies": [
            "data.aci_vlan_pool.VLAN_Pool_access"
          ]
        }
      ]
    },
    {
      "mode": "managed",
      "type": "aci_ranges",
      "name": "VLAN_Range_access_2149",
      "provider": "provider[\"registry.terraform.io/ciscodevnet/aci\"]",
      "instances": [
        {
          "schema_version": 1,
          "attributes": {
            "alloc_mode": "inherit",
            "annotation": "orchestrator:terraform",
            "description": "",
            "from": "vlan-2149",
            "id": "uni/infra/vlanns-[access]-static/from-[vlan-2149]-to-[vlan-2149]",
            "name_alias": "",
            "role": "external",
            "to": "vlan-2149",
            "vlan_pool_dn": "uni/infra/vlanns-[access]-static"
          },
          "sensitive_attributes": [],
          "private": "eyJzY2hlbWFfdmVyc2lvbiI6IjEifQ==",
          "dependencies": [
            "data.aci_vlan_pool.VLAN_Pool_access"
          ]
        }
      ]
    },
    {
      "mode": "managed",
      "type": "aci_ranges",
      "name": "VLAN_Range_access_215",
      "provider": "provider[\"registry.terraform.io/ciscodevnet/aci\"]",
      "instances": [
        {
          "schema_version": 1,
          "attributes": {
            "alloc_mode": "inherit",
            "annotation": "orchestrator:terraform",
            "description": "",
            "from": "vlan-215",
            "id": "uni/infra/vlanns-[access]-static/from-[vlan-215]-to-[vlan-215]",
            "name_alias": "",
            "role": "external",
            "to": "vlan-215",
            "vlan_pool_dn": "uni/infra/vlanns-[access]-static"
          },
          "sensitive_attributes": [],
          "private": "eyJzY2hlbWFfdmVyc2lvbiI6IjEifQ==",
          "dependencies": [
            "data.aci_vlan_pool.VLAN_Pool_access"
          ]
        }
      ]
    },
    {
      "mode": "managed",
      "type": "aci_ranges",
      "name": "VLAN_Range_access_2150",
      "provider": "provider[\"registry.terraform.io/ciscodevnet/aci\"]",
      "instances": [
        {
          "schema_version": 1,
          "attributes": {
            "alloc_mode": "inherit",
            "annotation": "orchestrator:terraform",
            "description": "",
            "from": "vlan-2150",
            "id": "uni/infra/vlanns-[access]-static/from-[vlan-2150]-to-[vlan-2150]",
            "name_alias": "",
            "role": "external",
            "to": "vlan-2150",
            "vlan_pool_dn": "uni/infra/vlanns-[access]-static"
          },
          "sensitive_attributes": [],
          "private": "eyJzY2hlbWFfdmVyc2lvbiI6IjEifQ==",
          "dependencies": [
            "data.aci_vlan_pool.VLAN_Pool_access"
          ]
        }
      ]
    },
    {
      "mode": "managed",
      "type": "aci_ranges",
      "name": "VLAN_Range_access_2151",
      "provider": "provider[\"registry.terraform.io/ciscodevnet/aci\"]",
      "instances": [
        {
          "schema_version": 1,
          "attributes": {
            "alloc_mode": "inherit",
            "annotation": "orchestrator:terraform",
            "description": "",
            "from": "vlan-2151",
            "id": "uni/infra/vlanns-[access]-static/from-[vlan-2151]-to-[vlan-2151]",
            "name_alias": "",
            "role": "external",
            "to": "vlan-2151",
            "vlan_pool_dn": "uni/infra/vlanns-[access]-static"
          },
          "sensitive_attributes": [],
          "private": "eyJzY2hlbWFfdmVyc2lvbiI6IjEifQ==",
          "dependencies": [
            "data.aci_vlan_pool.VLAN_Pool_access"
          ]
        }
      ]
    },
    {
      "mode": "managed",
      "type": "aci_ranges",
      "name": "VLAN_Range_access_2152",
      "provider": "provider[\"registry.terraform.io/ciscodevnet/aci\"]",
      "instances": [
        {
          "schema_version": 1,
          "attributes": {
            "alloc_mode": "inherit",
            "annotation": "orchestrator:terraform",
            "description": "",
            "from": "vlan-2152",
            "id": "uni/infra/vlanns-[access]-static/from-[vlan-2152]-to-[vlan-2152]",
            "name_alias": "",
            "role": "external",
            "to": "vlan-2152",
            "vlan_pool_dn": "uni/infra/vlanns-[access]-static"
          },
          "sensitive_attributes": [],
          "private": "eyJzY2hlbWFfdmVyc2lvbiI6IjEifQ==",
          "dependencies": [
            "data.aci_vlan_pool.VLAN_Pool_access"
          ]
        }
      ]
    },
    {
      "mode": "managed",
      "type": "aci_ranges",
      "name": "VLAN_Range_access_2153",
      "provider": "provider[\"registry.terraform.io/ciscodevnet/aci\"]",
      "instances": [
        {
          "schema_version": 1,
          "attributes": {
            "alloc_mode": "inherit",
            "annotation": "orchestrator:terraform",
            "description": "",
            "from": "vlan-2153",
            "id": "uni/infra/vlanns-[access]-static/from-[vlan-2153]-to-[vlan-2153]",
            "name_alias": "",
            "role": "external",
            "to": "vlan-2153",
            "vlan_pool_dn": "uni/infra/vlanns-[access]-static"
          },
          "sensitive_attributes": [],
          "private": "eyJzY2hlbWFfdmVyc2lvbiI6IjEifQ==",
          "dependencies": [
            "data.aci_vlan_pool.VLAN_Pool_access"
          ]
        }
      ]
    },
    {
      "mode": "managed",
      "type": "aci_ranges",
      "name": "VLAN_Range_access_2154",
      "provider": "provider[\"registry.terraform.io/ciscodevnet/aci\"]",
      "instances": [
        {
          "schema_version": 1,
          "attributes": {
            "alloc_mode": "inherit",
            "annotation": "orchestrator:terraform",
            "description": "",
            "from": "vlan-2154",
            "id": "uni/infra/vlanns-[access]-static/from-[vlan-2154]-to-[vlan-2154]",
            "name_alias": "",
            "role": "external",
            "to": "vlan-2154",
            "vlan_pool_dn": "uni/infra/vlanns-[access]-static"
          },
          "sensitive_attributes": [],
          "private": "eyJzY2hlbWFfdmVyc2lvbiI6IjEifQ==",
          "dependencies": [
            "data.aci_vlan_pool.VLAN_Pool_access"
          ]
        }
      ]
    },
    {
      "mode": "managed",
      "type": "aci_ranges",
      "name": "VLAN_Range_access_2155",
      "provider": "provider[\"registry.terraform.io/ciscodevnet/aci\"]",
      "instances": [
        {
          "schema_version": 1,
          "attributes": {
            "alloc_mode": "inherit",
            "annotation": "orchestrator:terraform",
            "description": "",
            "from": "vlan-2155",
            "id": "uni/infra/vlanns-[access]-static/from-[vlan-2155]-to-[vlan-2155]",
            "name_alias": "",
            "role": "external",
            "to": "vlan-2155",
            "vlan_pool_dn": "uni/infra/vlanns-[access]-static"
          },
          "sensitive_attributes": [],
          "private": "eyJzY2hlbWFfdmVyc2lvbiI6IjEifQ==",
          "dependencies": [
            "data.aci_vlan_pool.VLAN_Pool_access"
          ]
        }
      ]
    },
    {
      "mode": "managed",
      "type": "aci_ranges",
      "name": "VLAN_Range_access_2156",
      "provider": "provider[\"registry.terraform.io/ciscodevnet/aci\"]",
      "instances": [
        {
          "schema_version": 1,
          "attributes": {
            "alloc_mode": "inherit",
            "annotation": "orchestrator:terraform",
            "description": "",
            "from": "vlan-2156",
            "id": "uni/infra/vlanns-[access]-static/from-[vlan-2156]-to-[vlan-2156]",
            "name_alias": "",
            "role": "external",
            "to": "vlan-2156",
            "vlan_pool_dn": "uni/infra/vlanns-[access]-static"
          },
          "sensitive_attributes": [],
          "private": "eyJzY2hlbWFfdmVyc2lvbiI6IjEifQ==",
          "dependencies": [
            "data.aci_vlan_pool.VLAN_Pool_access"
          ]
        }
      ]
    },
    {
      "mode": "managed",
      "type": "aci_ranges",
      "name": "VLAN_Range_access_2157",
      "provider": "provider[\"registry.terraform.io/ciscodevnet/aci\"]",
      "instances": [
        {
          "schema_version": 1,
          "attributes": {
            "alloc_mode": "inherit",
            "annotation": "orchestrator:terraform",
            "description": "",
            "from": "vlan-2157",
            "id": "uni/infra/vlanns-[access]-static/from-[vlan-2157]-to-[vlan-2157]",
            "name_alias": "",
            "role": "external",
            "to": "vlan-2157",
            "vlan_pool_dn": "uni/infra/vlanns-[access]-static"
          },
          "sensitive_attributes": [],
          "private": "eyJzY2hlbWFfdmVyc2lvbiI6IjEifQ==",
          "dependencies": [
            "data.aci_vlan_pool.VLAN_Pool_access"
          ]
        }
      ]
    },
    {
      "mode": "managed",
      "type": "aci_ranges",
      "name": "VLAN_Range_access_2158",
      "provider": "provider[\"registry.terraform.io/ciscodevnet/aci\"]",
      "instances": [
        {
          "schema_version": 1,
          "attributes": {
            "alloc_mode": "inherit",
            "annotation": "orchestrator:terraform",
            "description": "",
            "from": "vlan-2158",
            "id": "uni/infra/vlanns-[access]-static/from-[vlan-2158]-to-[vlan-2158]",
            "name_alias": "",
            "role": "external",
            "to": "vlan-2158",
            "vlan_pool_dn": "uni/infra/vlanns-[access]-static"
          },
          "sensitive_attributes": [],
          "private": "eyJzY2hlbWFfdmVyc2lvbiI6IjEifQ==",
          "dependencies": [
            "data.aci_vlan_pool.VLAN_Pool_access"
          ]
        }
      ]
    },
    {
      "mode": "managed",
      "type": "aci_ranges",
      "name": "VLAN_Range_access_2159",
      "provider": "provider[\"registry.terraform.io/ciscodevnet/aci\"]",
      "instances": [
        {
          "schema_version": 1,
          "attributes": {
            "alloc_mode": "inherit",
            "annotation": "orchestrator:terraform",
            "description": "",
            "from": "vlan-2159",
            "id": "uni/infra/vlanns-[access]-static/from-[vlan-2159]-to-[vlan-2159]",
            "name_alias": "",
            "role": "external",
            "to": "vlan-2159",
            "vlan_pool_dn": "uni/infra/vlanns-[access]-static"
          },
          "sensitive_attributes": [],
          "private": "eyJzY2hlbWFfdmVyc2lvbiI6IjEifQ==",
          "dependencies": [
            "data.aci_vlan_pool.VLAN_Pool_access"
          ]
        }
      ]
    },
    {
      "mode": "managed",
      "type": "aci_ranges",
      "name": "VLAN_Range_access_216",
      "provider": "provider[\"registry.terraform.io/ciscodevnet/aci\"]",
      "instances": [
        {
          "schema_version": 1,
          "attributes": {
            "alloc_mode": "inherit",
            "annotation": "orchestrator:terraform",
            "description": "",
            "from": "vlan-216",
            "id": "uni/infra/vlanns-[access]-static/from-[vlan-216]-to-[vlan-216]",
            "name_alias": "",
            "role": "external",
            "to": "vlan-216",
            "vlan_pool_dn": "uni/infra/vlanns-[access]-static"
          },
          "sensitive_attributes": [],
          "private": "eyJzY2hlbWFfdmVyc2lvbiI6IjEifQ==",
          "dependencies": [
            "data.aci_vlan_pool.VLAN_Pool_access"
          ]
        }
      ]
    },
    {
      "mode": "managed",
      "type": "aci_ranges",
      "name": "VLAN_Range_access_2160",
      "provider": "provider[\"registry.terraform.io/ciscodevnet/aci\"]",
      "instances": [
        {
          "schema_version": 1,
          "attributes": {
            "alloc_mode": "inherit",
            "annotation": "orchestrator:terraform",
            "description": "",
            "from": "vlan-2160",
            "id": "uni/infra/vlanns-[access]-static/from-[vlan-2160]-to-[vlan-2160]",
            "name_alias": "",
            "role": "external",
            "to": "vlan-2160",
            "vlan_pool_dn": "uni/infra/vlanns-[access]-static"
          },
          "sensitive_attributes": [],
          "private": "eyJzY2hlbWFfdmVyc2lvbiI6IjEifQ==",
          "dependencies": [
            "data.aci_vlan_pool.VLAN_Pool_access"
          ]
        }
      ]
    },
    {
      "mode": "managed",
      "type": "aci_ranges",
      "name": "VLAN_Range_access_2161",
      "provider": "provider[\"registry.terraform.io/ciscodevnet/aci\"]",
      "instances": [
        {
          "schema_version": 1,
          "attributes": {
            "alloc_mode": "inherit",
            "annotation": "orchestrator:terraform",
            "description": "",
            "from": "vlan-2161",
            "id": "uni/infra/vlanns-[access]-static/from-[vlan-2161]-to-[vlan-2161]",
            "name_alias": "",
            "role": "external",
            "to": "vlan-2161",
            "vlan_pool_dn": "uni/infra/vlanns-[access]-static"
          },
          "sensitive_attributes": [],
          "private": "eyJzY2hlbWFfdmVyc2lvbiI6IjEifQ==",
          "dependencies": [
            "data.aci_vlan_pool.VLAN_Pool_access"
          ]
        }
      ]
    },
    {
      "mode": "managed",
      "type": "aci_ranges",
      "name": "VLAN_Range_access_2162",
      "provider": "provider[\"registry.terraform.io/ciscodevnet/aci\"]",
      "instances": [
        {
          "schema_version": 1,
          "attributes": {
            "alloc_mode": "inherit",
            "annotation": "orchestrator:terraform",
            "description": "",
            "from": "vlan-2162",
            "id": "uni/infra/vlanns-[access]-static/from-[vlan-2162]-to-[vlan-2162]",
            "name_alias": "",
            "role": "external",
            "to": "vlan-2162",
            "vlan_pool_dn": "uni/infra/vlanns-[access]-static"
          },
          "sensitive_attributes": [],
          "private": "eyJzY2hlbWFfdmVyc2lvbiI6IjEifQ==",
          "dependencies": [
            "data.aci_vlan_pool.VLAN_Pool_access"
          ]
        }
      ]
    },
    {
      "mode": "managed",
      "type": "aci_ranges",
      "name": "VLAN_Range_access_2163",
      "provider": "provider[\"registry.terraform.io/ciscodevnet/aci\"]",
      "instances": [
        {
          "schema_version": 1,
          "attributes": {
            "alloc_mode": "inherit",
            "annotation": "orchestrator:terraform",
            "description": "",
            "from": "vlan-2163",
            "id": "uni/infra/vlanns-[access]-static/from-[vlan-2163]-to-[vlan-2163]",
            "name_alias": "",
            "role": "external",
            "to": "vlan-2163",
            "vlan_pool_dn": "uni/infra/vlanns-[access]-static"
          },
          "sensitive_attributes": [],
          "private": "eyJzY2hlbWFfdmVyc2lvbiI6IjEifQ==",
          "dependencies": [
            "data.aci_vlan_pool.VLAN_Pool_access"
          ]
        }
      ]
    },
    {
      "mode": "managed",
      "type": "aci_ranges",
      "name": "VLAN_Range_access_2164",
      "provider": "provider[\"registry.terraform.io/ciscodevnet/aci\"]",
      "instances": [
        {
          "schema_version": 1,
          "attributes": {
            "alloc_mode": "inherit",
            "annotation": "orchestrator:terraform",
            "description": "",
            "from": "vlan-2164",
            "id": "uni/infra/vlanns-[access]-static/from-[vlan-2164]-to-[vlan-2164]",
            "name_alias": "",
            "role": "external",
            "to": "vlan-2164",
            "vlan_pool_dn": "uni/infra/vlanns-[access]-static"
          },
          "sensitive_attributes": [],
          "private": "eyJzY2hlbWFfdmVyc2lvbiI6IjEifQ==",
          "dependencies": [
            "data.aci_vlan_pool.VLAN_Pool_access"
          ]
        }
      ]
    },
    {
      "mode": "managed",
      "type": "aci_ranges",
      "name": "VLAN_Range_access_2165",
      "provider": "provider[\"registry.terraform.io/ciscodevnet/aci\"]",
      "instances": [
        {
          "schema_version": 1,
          "attributes": {
            "alloc_mode": "inherit",
            "annotation": "orchestrator:terraform",
            "description": "",
            "from": "vlan-2165",
            "id": "uni/infra/vlanns-[access]-static/from-[vlan-2165]-to-[vlan-2165]",
            "name_alias": "",
            "role": "external",
            "to": "vlan-2165",
            "vlan_pool_dn": "uni/infra/vlanns-[access]-static"
          },
          "sensitive_attributes": [],
          "private": "eyJzY2hlbWFfdmVyc2lvbiI6IjEifQ==",
          "dependencies": [
            "data.aci_vlan_pool.VLAN_Pool_access"
          ]
        }
      ]
    },
    {
      "mode": "managed",
      "type": "aci_ranges",
      "name": "VLAN_Range_access_2166",
      "provider": "provider[\"registry.terraform.io/ciscodevnet/aci\"]",
      "instances": [
        {
          "schema_version": 1,
          "attributes": {
            "alloc_mode": "inherit",
            "annotation": "orchestrator:terraform",
            "description": "",
            "from": "vlan-2166",
            "id": "uni/infra/vlanns-[access]-static/from-[vlan-2166]-to-[vlan-2166]",
            "name_alias": "",
            "role": "external",
            "to": "vlan-2166",
            "vlan_pool_dn": "uni/infra/vlanns-[access]-static"
          },
          "sensitive_attributes": [],
          "private": "eyJzY2hlbWFfdmVyc2lvbiI6IjEifQ==",
          "dependencies": [
            "data.aci_vlan_pool.VLAN_Pool_access"
          ]
        }
      ]
    },
    {
      "mode": "managed",
      "type": "aci_ranges",
      "name": "VLAN_Range_access_2167",
      "provider": "provider[\"registry.terraform.io/ciscodevnet/aci\"]",
      "instances": [
        {
          "schema_version": 1,
          "attributes": {
            "alloc_mode": "inherit",
            "annotation": "orchestrator:terraform",
            "description": "",
            "from": "vlan-2167",
            "id": "uni/infra/vlanns-[access]-static/from-[vlan-2167]-to-[vlan-2167]",
            "name_alias": "",
            "role": "external",
            "to": "vlan-2167",
            "vlan_pool_dn": "uni/infra/vlanns-[access]-static"
          },
          "sensitive_attributes": [],
          "private": "eyJzY2hlbWFfdmVyc2lvbiI6IjEifQ==",
          "dependencies": [
            "data.aci_vlan_pool.VLAN_Pool_access"
          ]
        }
      ]
    },
    {
      "mode": "managed",
      "type": "aci_ranges",
      "name": "VLAN_Range_access_2168",
      "provider": "provider[\"registry.terraform.io/ciscodevnet/aci\"]",
      "instances": [
        {
          "schema_version": 1,
          "attributes": {
            "alloc_mode": "inherit",
            "annotation": "orchestrator:terraform",
            "description": "",
            "from": "vlan-2168",
            "id": "uni/infra/vlanns-[access]-static/from-[vlan-2168]-to-[vlan-2168]",
            "name_alias": "",
            "role": "external",
            "to": "vlan-2168",
            "vlan_pool_dn": "uni/infra/vlanns-[access]-static"
          },
          "sensitive_attributes": [],
          "private": "eyJzY2hlbWFfdmVyc2lvbiI6IjEifQ==",
          "dependencies": [
            "data.aci_vlan_pool.VLAN_Pool_access"
          ]
        }
      ]
    },
    {
      "mode": "managed",
      "type": "aci_ranges",
      "name": "VLAN_Range_access_2169",
      "provider": "provider[\"registry.terraform.io/ciscodevnet/aci\"]",
      "instances": [
        {
          "schema_version": 1,
          "attributes": {
            "alloc_mode": "inherit",
            "annotation": "orchestrator:terraform",
            "description": "",
            "from": "vlan-2169",
            "id": "uni/infra/vlanns-[access]-static/from-[vlan-2169]-to-[vlan-2169]",
            "name_alias": "",
            "role": "external",
            "to": "vlan-2169",
            "vlan_pool_dn": "uni/infra/vlanns-[access]-static"
          },
          "sensitive_attributes": [],
          "private": "eyJzY2hlbWFfdmVyc2lvbiI6IjEifQ==",
          "dependencies": [
            "data.aci_vlan_pool.VLAN_Pool_access"
          ]
        }
      ]
    },
    {
      "mode": "managed",
      "type": "aci_ranges",
      "name": "VLAN_Range_access_217",
      "provider": "provider[\"registry.terraform.io/ciscodevnet/aci\"]",
      "instances": [
        {
          "schema_version": 1,
          "attributes": {
            "alloc_mode": "inherit",
            "annotation": "orchestrator:terraform",
            "description": "",
            "from": "vlan-217",
            "id": "uni/infra/vlanns-[access]-static/from-[vlan-217]-to-[vlan-217]",
            "name_alias": "",
            "role": "external",
            "to": "vlan-217",
            "vlan_pool_dn": "uni/infra/vlanns-[access]-static"
          },
          "sensitive_attributes": [],
          "private": "eyJzY2hlbWFfdmVyc2lvbiI6IjEifQ==",
          "dependencies": [
            "data.aci_vlan_pool.VLAN_Pool_access"
          ]
        }
      ]
    },
    {
      "mode": "managed",
      "type": "aci_ranges",
      "name": "VLAN_Range_access_2170",
      "provider": "provider[\"registry.terraform.io/ciscodevnet/aci\"]",
      "instances": [
        {
          "schema_version": 1,
          "attributes": {
            "alloc_mode": "inherit",
            "annotation": "orchestrator:terraform",
            "description": "",
            "from": "vlan-2170",
            "id": "uni/infra/vlanns-[access]-static/from-[vlan-2170]-to-[vlan-2170]",
            "name_alias": "",
            "role": "external",
            "to": "vlan-2170",
            "vlan_pool_dn": "uni/infra/vlanns-[access]-static"
          },
          "sensitive_attributes": [],
          "private": "eyJzY2hlbWFfdmVyc2lvbiI6IjEifQ==",
          "dependencies": [
            "data.aci_vlan_pool.VLAN_Pool_access"
          ]
        }
      ]
    },
    {
      "mode": "managed",
      "type": "aci_ranges",
      "name": "VLAN_Range_access_2171",
      "provider": "provider[\"registry.terraform.io/ciscodevnet/aci\"]",
      "instances": [
        {
          "schema_version": 1,
          "attributes": {
            "alloc_mode": "inherit",
            "annotation": "orchestrator:terraform",
            "description": "",
            "from": "vlan-2171",
            "id": "uni/infra/vlanns-[access]-static/from-[vlan-2171]-to-[vlan-2171]",
            "name_alias": "",
            "role": "external",
            "to": "vlan-2171",
            "vlan_pool_dn": "uni/infra/vlanns-[access]-static"
          },
          "sensitive_attributes": [],
          "private": "eyJzY2hlbWFfdmVyc2lvbiI6IjEifQ==",
          "dependencies": [
            "data.aci_vlan_pool.VLAN_Pool_access"
          ]
        }
      ]
    },
    {
      "mode": "managed",
      "type": "aci_ranges",
      "name": "VLAN_Range_access_2172",
      "provider": "provider[\"registry.terraform.io/ciscodevnet/aci\"]",
      "instances": [
        {
          "schema_version": 1,
          "attributes": {
            "alloc_mode": "inherit",
            "annotation": "orchestrator:terraform",
            "description": "",
            "from": "vlan-2172",
            "id": "uni/infra/vlanns-[access]-static/from-[vlan-2172]-to-[vlan-2172]",
            "name_alias": "",
            "role": "external",
            "to": "vlan-2172",
            "vlan_pool_dn": "uni/infra/vlanns-[access]-static"
          },
          "sensitive_attributes": [],
          "private": "eyJzY2hlbWFfdmVyc2lvbiI6IjEifQ==",
          "dependencies": [
            "data.aci_vlan_pool.VLAN_Pool_access"
          ]
        }
      ]
    },
    {
      "mode": "managed",
      "type": "aci_ranges",
      "name": "VLAN_Range_access_2173",
      "provider": "provider[\"registry.terraform.io/ciscodevnet/aci\"]",
      "instances": [
        {
          "schema_version": 1,
          "attributes": {
            "alloc_mode": "inherit",
            "annotation": "orchestrator:terraform",
            "description": "",
            "from": "vlan-2173",
            "id": "uni/infra/vlanns-[access]-static/from-[vlan-2173]-to-[vlan-2173]",
            "name_alias": "",
            "role": "external",
            "to": "vlan-2173",
            "vlan_pool_dn": "uni/infra/vlanns-[access]-static"
          },
          "sensitive_attributes": [],
          "private": "eyJzY2hlbWFfdmVyc2lvbiI6IjEifQ==",
          "dependencies": [
            "data.aci_vlan_pool.VLAN_Pool_access"
          ]
        }
      ]
    },
    {
      "mode": "managed",
      "type": "aci_ranges",
      "name": "VLAN_Range_access_2174",
      "provider": "provider[\"registry.terraform.io/ciscodevnet/aci\"]",
      "instances": [
        {
          "schema_version": 1,
          "attributes": {
            "alloc_mode": "inherit",
            "annotation": "orchestrator:terraform",
            "description": "",
            "from": "vlan-2174",
            "id": "uni/infra/vlanns-[access]-static/from-[vlan-2174]-to-[vlan-2174]",
            "name_alias": "",
            "role": "external",
            "to": "vlan-2174",
            "vlan_pool_dn": "uni/infra/vlanns-[access]-static"
          },
          "sensitive_attributes": [],
          "private": "eyJzY2hlbWFfdmVyc2lvbiI6IjEifQ==",
          "dependencies": [
            "data.aci_vlan_pool.VLAN_Pool_access"
          ]
        }
      ]
    },
    {
      "mode": "managed",
      "type": "aci_ranges",
      "name": "VLAN_Range_access_2175",
      "provider": "provider[\"registry.terraform.io/ciscodevnet/aci\"]",
      "instances": [
        {
          "schema_version": 1,
          "attributes": {
            "alloc_mode": "inherit",
            "annotation": "orchestrator:terraform",
            "description": "",
            "from": "vlan-2175",
            "id": "uni/infra/vlanns-[access]-static/from-[vlan-2175]-to-[vlan-2175]",
            "name_alias": "",
            "role": "external",
            "to": "vlan-2175",
            "vlan_pool_dn": "uni/infra/vlanns-[access]-static"
          },
          "sensitive_attributes": [],
          "private": "eyJzY2hlbWFfdmVyc2lvbiI6IjEifQ==",
          "dependencies": [
            "data.aci_vlan_pool.VLAN_Pool_access"
          ]
        }
      ]
    },
    {
      "mode": "managed",
      "type": "aci_ranges",
      "name": "VLAN_Range_access_2176",
      "provider": "provider[\"registry.terraform.io/ciscodevnet/aci\"]",
      "instances": [
        {
          "schema_version": 1,
          "attributes": {
            "alloc_mode": "inherit",
            "annotation": "orchestrator:terraform",
            "description": "",
            "from": "vlan-2176",
            "id": "uni/infra/vlanns-[access]-static/from-[vlan-2176]-to-[vlan-2176]",
            "name_alias": "",
            "role": "external",
            "to": "vlan-2176",
            "vlan_pool_dn": "uni/infra/vlanns-[access]-static"
          },
          "sensitive_attributes": [],
          "private": "eyJzY2hlbWFfdmVyc2lvbiI6IjEifQ==",
          "dependencies": [
            "data.aci_vlan_pool.VLAN_Pool_access"
          ]
        }
      ]
    },
    {
      "mode": "managed",
      "type": "aci_ranges",
      "name": "VLAN_Range_access_2177",
      "provider": "provider[\"registry.terraform.io/ciscodevnet/aci\"]",
      "instances": [
        {
          "schema_version": 1,
          "attributes": {
            "alloc_mode": "inherit",
            "annotation": "orchestrator:terraform",
            "description": "",
            "from": "vlan-2177",
            "id": "uni/infra/vlanns-[access]-static/from-[vlan-2177]-to-[vlan-2177]",
            "name_alias": "",
            "role": "external",
            "to": "vlan-2177",
            "vlan_pool_dn": "uni/infra/vlanns-[access]-static"
          },
          "sensitive_attributes": [],
          "private": "eyJzY2hlbWFfdmVyc2lvbiI6IjEifQ==",
          "dependencies": [
            "data.aci_vlan_pool.VLAN_Pool_access"
          ]
        }
      ]
    },
    {
      "mode": "managed",
      "type": "aci_ranges",
      "name": "VLAN_Range_access_2178",
      "provider": "provider[\"registry.terraform.io/ciscodevnet/aci\"]",
      "instances": [
        {
          "schema_version": 1,
          "attributes": {
            "alloc_mode": "inherit",
            "annotation": "orchestrator:terraform",
            "description": "",
            "from": "vlan-2178",
            "id": "uni/infra/vlanns-[access]-static/from-[vlan-2178]-to-[vlan-2178]",
            "name_alias": "",
            "role": "external",
            "to": "vlan-2178",
            "vlan_pool_dn": "uni/infra/vlanns-[access]-static"
          },
          "sensitive_attributes": [],
          "private": "eyJzY2hlbWFfdmVyc2lvbiI6IjEifQ==",
          "dependencies": [
            "data.aci_vlan_pool.VLAN_Pool_access"
          ]
        }
      ]
    },
    {
      "mode": "managed",
      "type": "aci_ranges",
      "name": "VLAN_Range_access_2179",
      "provider": "provider[\"registry.terraform.io/ciscodevnet/aci\"]",
      "instances": [
        {
          "schema_version": 1,
          "attributes": {
            "alloc_mode": "inherit",
            "annotation": "orchestrator:terraform",
            "description": "",
            "from": "vlan-2179",
            "id": "uni/infra/vlanns-[access]-static/from-[vlan-2179]-to-[vlan-2179]",
            "name_alias": "",
            "role": "external",
            "to": "vlan-2179",
            "vlan_pool_dn": "uni/infra/vlanns-[access]-static"
          },
          "sensitive_attributes": [],
          "private": "eyJzY2hlbWFfdmVyc2lvbiI6IjEifQ==",
          "dependencies": [
            "data.aci_vlan_pool.VLAN_Pool_access"
          ]
        }
      ]
    },
    {
      "mode": "managed",
      "type": "aci_ranges",
      "name": "VLAN_Range_access_218",
      "provider": "provider[\"registry.terraform.io/ciscodevnet/aci\"]",
      "instances": [
        {
          "schema_version": 1,
          "attributes": {
            "alloc_mode": "inherit",
            "annotation": "orchestrator:terraform",
            "description": "",
            "from": "vlan-218",
            "id": "uni/infra/vlanns-[access]-static/from-[vlan-218]-to-[vlan-218]",
            "name_alias": "",
            "role": "external",
            "to": "vlan-218",
            "vlan_pool_dn": "uni/infra/vlanns-[access]-static"
          },
          "sensitive_attributes": [],
          "private": "eyJzY2hlbWFfdmVyc2lvbiI6IjEifQ==",
          "dependencies": [
            "data.aci_vlan_pool.VLAN_Pool_access"
          ]
        }
      ]
    },
    {
      "mode": "managed",
      "type": "aci_ranges",
      "name": "VLAN_Range_access_2180",
      "provider": "provider[\"registry.terraform.io/ciscodevnet/aci\"]",
      "instances": [
        {
          "schema_version": 1,
          "attributes": {
            "alloc_mode": "inherit",
            "annotation": "orchestrator:terraform",
            "description": "",
            "from": "vlan-2180",
            "id": "uni/infra/vlanns-[access]-static/from-[vlan-2180]-to-[vlan-2180]",
            "name_alias": "",
            "role": "external",
            "to": "vlan-2180",
            "vlan_pool_dn": "uni/infra/vlanns-[access]-static"
          },
          "sensitive_attributes": [],
          "private": "eyJzY2hlbWFfdmVyc2lvbiI6IjEifQ==",
          "dependencies": [
            "data.aci_vlan_pool.VLAN_Pool_access"
          ]
        }
      ]
    },
    {
      "mode": "managed",
      "type": "aci_ranges",
      "name": "VLAN_Range_access_2181",
      "provider": "provider[\"registry.terraform.io/ciscodevnet/aci\"]",
      "instances": [
        {
          "schema_version": 1,
          "attributes": {
            "alloc_mode": "inherit",
            "annotation": "orchestrator:terraform",
            "description": "",
            "from": "vlan-2181",
            "id": "uni/infra/vlanns-[access]-static/from-[vlan-2181]-to-[vlan-2181]",
            "name_alias": "",
            "role": "external",
            "to": "vlan-2181",
            "vlan_pool_dn": "uni/infra/vlanns-[access]-static"
          },
          "sensitive_attributes": [],
          "private": "eyJzY2hlbWFfdmVyc2lvbiI6IjEifQ==",
          "dependencies": [
            "data.aci_vlan_pool.VLAN_Pool_access"
          ]
        }
      ]
    },
    {
      "mode": "managed",
      "type": "aci_ranges",
      "name": "VLAN_Range_access_2182",
      "provider": "provider[\"registry.terraform.io/ciscodevnet/aci\"]",
      "instances": [
        {
          "schema_version": 1,
          "attributes": {
            "alloc_mode": "inherit",
            "annotation": "orchestrator:terraform",
            "description": "",
            "from": "vlan-2182",
            "id": "uni/infra/vlanns-[access]-static/from-[vlan-2182]-to-[vlan-2182]",
            "name_alias": "",
            "role": "external",
            "to": "vlan-2182",
            "vlan_pool_dn": "uni/infra/vlanns-[access]-static"
          },
          "sensitive_attributes": [],
          "private": "eyJzY2hlbWFfdmVyc2lvbiI6IjEifQ==",
          "dependencies": [
            "data.aci_vlan_pool.VLAN_Pool_access"
          ]
        }
      ]
    },
    {
      "mode": "managed",
      "type": "aci_ranges",
      "name": "VLAN_Range_access_2183",
      "provider": "provider[\"registry.terraform.io/ciscodevnet/aci\"]",
      "instances": [
        {
          "schema_version": 1,
          "attributes": {
            "alloc_mode": "inherit",
            "annotation": "orchestrator:terraform",
            "description": "",
            "from": "vlan-2183",
            "id": "uni/infra/vlanns-[access]-static/from-[vlan-2183]-to-[vlan-2183]",
            "name_alias": "",
            "role": "external",
            "to": "vlan-2183",
            "vlan_pool_dn": "uni/infra/vlanns-[access]-static"
          },
          "sensitive_attributes": [],
          "private": "eyJzY2hlbWFfdmVyc2lvbiI6IjEifQ==",
          "dependencies": [
            "data.aci_vlan_pool.VLAN_Pool_access"
          ]
        }
      ]
    },
    {
      "mode": "managed",
      "type": "aci_ranges",
      "name": "VLAN_Range_access_2184",
      "provider": "provider[\"registry.terraform.io/ciscodevnet/aci\"]",
      "instances": [
        {
          "schema_version": 1,
          "attributes": {
            "alloc_mode": "inherit",
            "annotation": "orchestrator:terraform",
            "description": "",
            "from": "vlan-2184",
            "id": "uni/infra/vlanns-[access]-static/from-[vlan-2184]-to-[vlan-2184]",
            "name_alias": "",
            "role": "external",
            "to": "vlan-2184",
            "vlan_pool_dn": "uni/infra/vlanns-[access]-static"
          },
          "sensitive_attributes": [],
          "private": "eyJzY2hlbWFfdmVyc2lvbiI6IjEifQ==",
          "dependencies": [
            "data.aci_vlan_pool.VLAN_Pool_access"
          ]
        }
      ]
    },
    {
      "mode": "managed",
      "type": "aci_ranges",
      "name": "VLAN_Range_access_2185",
      "provider": "provider[\"registry.terraform.io/ciscodevnet/aci\"]",
      "instances": [
        {
          "schema_version": 1,
          "attributes": {
            "alloc_mode": "inherit",
            "annotation": "orchestrator:terraform",
            "description": "",
            "from": "vlan-2185",
            "id": "uni/infra/vlanns-[access]-static/from-[vlan-2185]-to-[vlan-2185]",
            "name_alias": "",
            "role": "external",
            "to": "vlan-2185",
            "vlan_pool_dn": "uni/infra/vlanns-[access]-static"
          },
          "sensitive_attributes": [],
          "private": "eyJzY2hlbWFfdmVyc2lvbiI6IjEifQ==",
          "dependencies": [
            "data.aci_vlan_pool.VLAN_Pool_access"
          ]
        }
      ]
    },
    {
      "mode": "managed",
      "type": "aci_ranges",
      "name": "VLAN_Range_access_2186",
      "provider": "provider[\"registry.terraform.io/ciscodevnet/aci\"]",
      "instances": [
        {
          "schema_version": 1,
          "attributes": {
            "alloc_mode": "inherit",
            "annotation": "orchestrator:terraform",
            "description": "",
            "from": "vlan-2186",
            "id": "uni/infra/vlanns-[access]-static/from-[vlan-2186]-to-[vlan-2186]",
            "name_alias": "",
            "role": "external",
            "to": "vlan-2186",
            "vlan_pool_dn": "uni/infra/vlanns-[access]-static"
          },
          "sensitive_attributes": [],
          "private": "eyJzY2hlbWFfdmVyc2lvbiI6IjEifQ==",
          "dependencies": [
            "data.aci_vlan_pool.VLAN_Pool_access"
          ]
        }
      ]
    },
    {
      "mode": "managed",
      "type": "aci_ranges",
      "name": "VLAN_Range_access_2187",
      "provider": "provider[\"registry.terraform.io/ciscodevnet/aci\"]",
      "instances": [
        {
          "schema_version": 1,
          "attributes": {
            "alloc_mode": "inherit",
            "annotation": "orchestrator:terraform",
            "description": "",
            "from": "vlan-2187",
            "id": "uni/infra/vlanns-[access]-static/from-[vlan-2187]-to-[vlan-2187]",
            "name_alias": "",
            "role": "external",
            "to": "vlan-2187",
            "vlan_pool_dn": "uni/infra/vlanns-[access]-static"
          },
          "sensitive_attributes": [],
          "private": "eyJzY2hlbWFfdmVyc2lvbiI6IjEifQ==",
          "dependencies": [
            "data.aci_vlan_pool.VLAN_Pool_access"
          ]
        }
      ]
    },
    {
      "mode": "managed",
      "type": "aci_ranges",
      "name": "VLAN_Range_access_2188",
      "provider": "provider[\"registry.terraform.io/ciscodevnet/aci\"]",
      "instances": [
        {
          "schema_version": 1,
          "attributes": {
            "alloc_mode": "inherit",
            "annotation": "orchestrator:terraform",
            "description": "",
            "from": "vlan-2188",
            "id": "uni/infra/vlanns-[access]-static/from-[vlan-2188]-to-[vlan-2188]",
            "name_alias": "",
            "role": "external",
            "to": "vlan-2188",
            "vlan_pool_dn": "uni/infra/vlanns-[access]-static"
          },
          "sensitive_attributes": [],
          "private": "eyJzY2hlbWFfdmVyc2lvbiI6IjEifQ==",
          "dependencies": [
            "data.aci_vlan_pool.VLAN_Pool_access"
          ]
        }
      ]
    },
    {
      "mode": "managed",
      "type": "aci_ranges",
      "name": "VLAN_Range_access_2189",
      "provider": "provider[\"registry.terraform.io/ciscodevnet/aci\"]",
      "instances": [
        {
          "schema_version": 1,
          "attributes": {
            "alloc_mode": "inherit",
            "annotation": "orchestrator:terraform",
            "description": "",
            "from": "vlan-2189",
            "id": "uni/infra/vlanns-[access]-static/from-[vlan-2189]-to-[vlan-2189]",
            "name_alias": "",
            "role": "external",
            "to": "vlan-2189",
            "vlan_pool_dn": "uni/infra/vlanns-[access]-static"
          },
          "sensitive_attributes": [],
          "private": "eyJzY2hlbWFfdmVyc2lvbiI6IjEifQ==",
          "dependencies": [
            "data.aci_vlan_pool.VLAN_Pool_access"
          ]
        }
      ]
    },
    {
      "mode": "managed",
      "type": "aci_ranges",
      "name": "VLAN_Range_access_219",
      "provider": "provider[\"registry.terraform.io/ciscodevnet/aci\"]",
      "instances": [
        {
          "schema_version": 1,
          "attributes": {
            "alloc_mode": "inherit",
            "annotation": "orchestrator:terraform",
            "description": "",
            "from": "vlan-219",
            "id": "uni/infra/vlanns-[access]-static/from-[vlan-219]-to-[vlan-219]",
            "name_alias": "",
            "role": "external",
            "to": "vlan-219",
            "vlan_pool_dn": "uni/infra/vlanns-[access]-static"
          },
          "sensitive_attributes": [],
          "private": "eyJzY2hlbWFfdmVyc2lvbiI6IjEifQ==",
          "dependencies": [
            "data.aci_vlan_pool.VLAN_Pool_access"
          ]
        }
      ]
    },
    {
      "mode": "managed",
      "type": "aci_ranges",
      "name": "VLAN_Range_access_2190",
      "provider": "provider[\"registry.terraform.io/ciscodevnet/aci\"]",
      "instances": [
        {
          "schema_version": 1,
          "attributes": {
            "alloc_mode": "inherit",
            "annotation": "orchestrator:terraform",
            "description": "",
            "from": "vlan-2190",
            "id": "uni/infra/vlanns-[access]-static/from-[vlan-2190]-to-[vlan-2190]",
            "name_alias": "",
            "role": "external",
            "to": "vlan-2190",
            "vlan_pool_dn": "uni/infra/vlanns-[access]-static"
          },
          "sensitive_attributes": [],
          "private": "eyJzY2hlbWFfdmVyc2lvbiI6IjEifQ==",
          "dependencies": [
            "data.aci_vlan_pool.VLAN_Pool_access"
          ]
        }
      ]
    },
    {
      "mode": "managed",
      "type": "aci_ranges",
      "name": "VLAN_Range_access_2191",
      "provider": "provider[\"registry.terraform.io/ciscodevnet/aci\"]",
      "instances": [
        {
          "schema_version": 1,
          "attributes": {
            "alloc_mode": "inherit",
            "annotation": "orchestrator:terraform",
            "description": "",
            "from": "vlan-2191",
            "id": "uni/infra/vlanns-[access]-static/from-[vlan-2191]-to-[vlan-2191]",
            "name_alias": "",
            "role": "external",
            "to": "vlan-2191",
            "vlan_pool_dn": "uni/infra/vlanns-[access]-static"
          },
          "sensitive_attributes": [],
          "private": "eyJzY2hlbWFfdmVyc2lvbiI6IjEifQ==",
          "dependencies": [
            "data.aci_vlan_pool.VLAN_Pool_access"
          ]
        }
      ]
    },
    {
      "mode": "managed",
      "type": "aci_ranges",
      "name": "VLAN_Range_access_2192",
      "provider": "provider[\"registry.terraform.io/ciscodevnet/aci\"]",
      "instances": [
        {
          "schema_version": 1,
          "attributes": {
            "alloc_mode": "inherit",
            "annotation": "orchestrator:terraform",
            "description": "",
            "from": "vlan-2192",
            "id": "uni/infra/vlanns-[access]-static/from-[vlan-2192]-to-[vlan-2192]",
            "name_alias": "",
            "role": "external",
            "to": "vlan-2192",
            "vlan_pool_dn": "uni/infra/vlanns-[access]-static"
          },
          "sensitive_attributes": [],
          "private": "eyJzY2hlbWFfdmVyc2lvbiI6IjEifQ==",
          "dependencies": [
            "data.aci_vlan_pool.VLAN_Pool_access"
          ]
        }
      ]
    },
    {
      "mode": "managed",
      "type": "aci_ranges",
      "name": "VLAN_Range_access_2193",
      "provider": "provider[\"registry.terraform.io/ciscodevnet/aci\"]",
      "instances": [
        {
          "schema_version": 1,
          "attributes": {
            "alloc_mode": "inherit",
            "annotation": "orchestrator:terraform",
            "description": "",
            "from": "vlan-2193",
            "id": "uni/infra/vlanns-[access]-static/from-[vlan-2193]-to-[vlan-2193]",
            "name_alias": "",
            "role": "external",
            "to": "vlan-2193",
            "vlan_pool_dn": "uni/infra/vlanns-[access]-static"
          },
          "sensitive_attributes": [],
          "private": "eyJzY2hlbWFfdmVyc2lvbiI6IjEifQ==",
          "dependencies": [
            "data.aci_vlan_pool.VLAN_Pool_access"
          ]
        }
      ]
    },
    {
      "mode": "managed",
      "type": "aci_ranges",
      "name": "VLAN_Range_access_2194",
      "provider": "provider[\"registry.terraform.io/ciscodevnet/aci\"]",
      "instances": [
        {
          "schema_version": 1,
          "attributes": {
            "alloc_mode": "inherit",
            "annotation": "orchestrator:terraform",
            "description": "",
            "from": "vlan-2194",
            "id": "uni/infra/vlanns-[access]-static/from-[vlan-2194]-to-[vlan-2194]",
            "name_alias": "",
            "role": "external",
            "to": "vlan-2194",
            "vlan_pool_dn": "uni/infra/vlanns-[access]-static"
          },
          "sensitive_attributes": [],
          "private": "eyJzY2hlbWFfdmVyc2lvbiI6IjEifQ==",
          "dependencies": [
            "data.aci_vlan_pool.VLAN_Pool_access"
          ]
        }
      ]
    },
    {
      "mode": "managed",
      "type": "aci_ranges",
      "name": "VLAN_Range_access_2195",
      "provider": "provider[\"registry.terraform.io/ciscodevnet/aci\"]",
      "instances": [
        {
          "schema_version": 1,
          "attributes": {
            "alloc_mode": "inherit",
            "annotation": "orchestrator:terraform",
            "description": "",
            "from": "vlan-2195",
            "id": "uni/infra/vlanns-[access]-static/from-[vlan-2195]-to-[vlan-2195]",
            "name_alias": "",
            "role": "external",
            "to": "vlan-2195",
            "vlan_pool_dn": "uni/infra/vlanns-[access]-static"
          },
          "sensitive_attributes": [],
          "private": "eyJzY2hlbWFfdmVyc2lvbiI6IjEifQ==",
          "dependencies": [
            "data.aci_vlan_pool.VLAN_Pool_access"
          ]
        }
      ]
    },
    {
      "mode": "managed",
      "type": "aci_ranges",
      "name": "VLAN_Range_access_2196",
      "provider": "provider[\"registry.terraform.io/ciscodevnet/aci\"]",
      "instances": [
        {
          "schema_version": 1,
          "attributes": {
            "alloc_mode": "inherit",
            "annotation": "orchestrator:terraform",
            "description": "",
            "from": "vlan-2196",
            "id": "uni/infra/vlanns-[access]-static/from-[vlan-2196]-to-[vlan-2196]",
            "name_alias": "",
            "role": "external",
            "to": "vlan-2196",
            "vlan_pool_dn": "uni/infra/vlanns-[access]-static"
          },
          "sensitive_attributes": [],
          "private": "eyJzY2hlbWFfdmVyc2lvbiI6IjEifQ==",
          "dependencies": [
            "data.aci_vlan_pool.VLAN_Pool_access"
          ]
        }
      ]
    },
    {
      "mode": "managed",
      "type": "aci_ranges",
      "name": "VLAN_Range_access_2197",
      "provider": "provider[\"registry.terraform.io/ciscodevnet/aci\"]",
      "instances": [
        {
          "schema_version": 1,
          "attributes": {
            "alloc_mode": "inherit",
            "annotation": "orchestrator:terraform",
            "description": "",
            "from": "vlan-2197",
            "id": "uni/infra/vlanns-[access]-static/from-[vlan-2197]-to-[vlan-2197]",
            "name_alias": "",
            "role": "external",
            "to": "vlan-2197",
            "vlan_pool_dn": "uni/infra/vlanns-[access]-static"
          },
          "sensitive_attributes": [],
          "private": "eyJzY2hlbWFfdmVyc2lvbiI6IjEifQ==",
          "dependencies": [
            "data.aci_vlan_pool.VLAN_Pool_access"
          ]
        }
      ]
    },
    {
      "mode": "managed",
      "type": "aci_ranges",
      "name": "VLAN_Range_access_2198",
      "provider": "provider[\"registry.terraform.io/ciscodevnet/aci\"]",
      "instances": [
        {
          "schema_version": 1,
          "attributes": {
            "alloc_mode": "inherit",
            "annotation": "orchestrator:terraform",
            "description": "",
            "from": "vlan-2198",
            "id": "uni/infra/vlanns-[access]-static/from-[vlan-2198]-to-[vlan-2198]",
            "name_alias": "",
            "role": "external",
            "to": "vlan-2198",
            "vlan_pool_dn": "uni/infra/vlanns-[access]-static"
          },
          "sensitive_attributes": [],
          "private": "eyJzY2hlbWFfdmVyc2lvbiI6IjEifQ==",
          "dependencies": [
            "data.aci_vlan_pool.VLAN_Pool_access"
          ]
        }
      ]
    },
    {
      "mode": "managed",
      "type": "aci_ranges",
      "name": "VLAN_Range_access_2199",
      "provider": "provider[\"registry.terraform.io/ciscodevnet/aci\"]",
      "instances": [
        {
          "schema_version": 1,
          "attributes": {
            "alloc_mode": "inherit",
            "annotation": "orchestrator:terraform",
            "description": "",
            "from": "vlan-2199",
            "id": "uni/infra/vlanns-[access]-static/from-[vlan-2199]-to-[vlan-2199]",
            "name_alias": "",
            "role": "external",
            "to": "vlan-2199",
            "vlan_pool_dn": "uni/infra/vlanns-[access]-static"
          },
          "sensitive_attributes": [],
          "private": "eyJzY2hlbWFfdmVyc2lvbiI6IjEifQ==",
          "dependencies": [
            "data.aci_vlan_pool.VLAN_Pool_access"
          ]
        }
      ]
    },
    {
      "mode": "managed",
      "type": "aci_ranges",
      "name": "VLAN_Range_access_220",
      "provider": "provider[\"registry.terraform.io/ciscodevnet/aci\"]",
      "instances": [
        {
          "schema_version": 1,
          "attributes": {
            "alloc_mode": "inherit",
            "annotation": "orchestrator:terraform",
            "description": "",
            "from": "vlan-220",
            "id": "uni/infra/vlanns-[access]-static/from-[vlan-220]-to-[vlan-220]",
            "name_alias": "",
            "role": "external",
            "to": "vlan-220",
            "vlan_pool_dn": "uni/infra/vlanns-[access]-static"
          },
          "sensitive_attributes": [],
          "private": "eyJzY2hlbWFfdmVyc2lvbiI6IjEifQ==",
          "dependencies": [
            "data.aci_vlan_pool.VLAN_Pool_access"
          ]
        }
      ]
    },
    {
      "mode": "managed",
      "type": "aci_ranges",
      "name": "VLAN_Range_access_2200",
      "provider": "provider[\"registry.terraform.io/ciscodevnet/aci\"]",
      "instances": [
        {
          "schema_version": 1,
          "attributes": {
            "alloc_mode": "inherit",
            "annotation": "orchestrator:terraform",
            "description": "",
            "from": "vlan-2200",
            "id": "uni/infra/vlanns-[access]-static/from-[vlan-2200]-to-[vlan-2200]",
            "name_alias": "",
            "role": "external",
            "to": "vlan-2200",
            "vlan_pool_dn": "uni/infra/vlanns-[access]-static"
          },
          "sensitive_attributes": [],
          "private": "eyJzY2hlbWFfdmVyc2lvbiI6IjEifQ==",
          "dependencies": [
            "data.aci_vlan_pool.VLAN_Pool_access"
          ]
        }
      ]
    },
    {
      "mode": "managed",
      "type": "aci_ranges",
      "name": "VLAN_Range_access_2201",
      "provider": "provider[\"registry.terraform.io/ciscodevnet/aci\"]",
      "instances": [
        {
          "schema_version": 1,
          "attributes": {
            "alloc_mode": "inherit",
            "annotation": "orchestrator:terraform",
            "description": "",
            "from": "vlan-2201",
            "id": "uni/infra/vlanns-[access]-static/from-[vlan-2201]-to-[vlan-2201]",
            "name_alias": "",
            "role": "external",
            "to": "vlan-2201",
            "vlan_pool_dn": "uni/infra/vlanns-[access]-static"
          },
          "sensitive_attributes": [],
          "private": "eyJzY2hlbWFfdmVyc2lvbiI6IjEifQ==",
          "dependencies": [
            "data.aci_vlan_pool.VLAN_Pool_access"
          ]
        }
      ]
    },
    {
      "mode": "managed",
      "type": "aci_ranges",
      "name": "VLAN_Range_access_2202",
      "provider": "provider[\"registry.terraform.io/ciscodevnet/aci\"]",
      "instances": [
        {
          "schema_version": 1,
          "attributes": {
            "alloc_mode": "inherit",
            "annotation": "orchestrator:terraform",
            "description": "",
            "from": "vlan-2202",
            "id": "uni/infra/vlanns-[access]-static/from-[vlan-2202]-to-[vlan-2202]",
            "name_alias": "",
            "role": "external",
            "to": "vlan-2202",
            "vlan_pool_dn": "uni/infra/vlanns-[access]-static"
          },
          "sensitive_attributes": [],
          "private": "eyJzY2hlbWFfdmVyc2lvbiI6IjEifQ==",
          "dependencies": [
            "data.aci_vlan_pool.VLAN_Pool_access"
          ]
        }
      ]
    },
    {
      "mode": "managed",
      "type": "aci_ranges",
      "name": "VLAN_Range_access_2203",
      "provider": "provider[\"registry.terraform.io/ciscodevnet/aci\"]",
      "instances": [
        {
          "schema_version": 1,
          "attributes": {
            "alloc_mode": "inherit",
            "annotation": "orchestrator:terraform",
            "description": "",
            "from": "vlan-2203",
            "id": "uni/infra/vlanns-[access]-static/from-[vlan-2203]-to-[vlan-2203]",
            "name_alias": "",
            "role": "external",
            "to": "vlan-2203",
            "vlan_pool_dn": "uni/infra/vlanns-[access]-static"
          },
          "sensitive_attributes": [],
          "private": "eyJzY2hlbWFfdmVyc2lvbiI6IjEifQ==",
          "dependencies": [
            "data.aci_vlan_pool.VLAN_Pool_access"
          ]
        }
      ]
    },
    {
      "mode": "managed",
      "type": "aci_ranges",
      "name": "VLAN_Range_access_2204",
      "provider": "provider[\"registry.terraform.io/ciscodevnet/aci\"]",
      "instances": [
        {
          "schema_version": 1,
          "attributes": {
            "alloc_mode": "inherit",
            "annotation": "orchestrator:terraform",
            "description": "",
            "from": "vlan-2204",
            "id": "uni/infra/vlanns-[access]-static/from-[vlan-2204]-to-[vlan-2204]",
            "name_alias": "",
            "role": "external",
            "to": "vlan-2204",
            "vlan_pool_dn": "uni/infra/vlanns-[access]-static"
          },
          "sensitive_attributes": [],
          "private": "eyJzY2hlbWFfdmVyc2lvbiI6IjEifQ==",
          "dependencies": [
            "data.aci_vlan_pool.VLAN_Pool_access"
          ]
        }
      ]
    },
    {
      "mode": "managed",
      "type": "aci_ranges",
      "name": "VLAN_Range_access_2205",
      "provider": "provider[\"registry.terraform.io/ciscodevnet/aci\"]",
      "instances": [
        {
          "schema_version": 1,
          "attributes": {
            "alloc_mode": "inherit",
            "annotation": "orchestrator:terraform",
            "description": "",
            "from": "vlan-2205",
            "id": "uni/infra/vlanns-[access]-static/from-[vlan-2205]-to-[vlan-2205]",
            "name_alias": "",
            "role": "external",
            "to": "vlan-2205",
            "vlan_pool_dn": "uni/infra/vlanns-[access]-static"
          },
          "sensitive_attributes": [],
          "private": "eyJzY2hlbWFfdmVyc2lvbiI6IjEifQ==",
          "dependencies": [
            "data.aci_vlan_pool.VLAN_Pool_access"
          ]
        }
      ]
    },
    {
      "mode": "managed",
      "type": "aci_ranges",
      "name": "VLAN_Range_access_2206",
      "provider": "provider[\"registry.terraform.io/ciscodevnet/aci\"]",
      "instances": [
        {
          "schema_version": 1,
          "attributes": {
            "alloc_mode": "inherit",
            "annotation": "orchestrator:terraform",
            "description": "",
            "from": "vlan-2206",
            "id": "uni/infra/vlanns-[access]-static/from-[vlan-2206]-to-[vlan-2206]",
            "name_alias": "",
            "role": "external",
            "to": "vlan-2206",
            "vlan_pool_dn": "uni/infra/vlanns-[access]-static"
          },
          "sensitive_attributes": [],
          "private": "eyJzY2hlbWFfdmVyc2lvbiI6IjEifQ==",
          "dependencies": [
            "data.aci_vlan_pool.VLAN_Pool_access"
          ]
        }
      ]
    },
    {
      "mode": "managed",
      "type": "aci_ranges",
      "name": "VLAN_Range_access_2207",
      "provider": "provider[\"registry.terraform.io/ciscodevnet/aci\"]",
      "instances": [
        {
          "schema_version": 1,
          "attributes": {
            "alloc_mode": "inherit",
            "annotation": "orchestrator:terraform",
            "description": "",
            "from": "vlan-2207",
            "id": "uni/infra/vlanns-[access]-static/from-[vlan-2207]-to-[vlan-2207]",
            "name_alias": "",
            "role": "external",
            "to": "vlan-2207",
            "vlan_pool_dn": "uni/infra/vlanns-[access]-static"
          },
          "sensitive_attributes": [],
          "private": "eyJzY2hlbWFfdmVyc2lvbiI6IjEifQ==",
          "dependencies": [
            "data.aci_vlan_pool.VLAN_Pool_access"
          ]
        }
      ]
    },
    {
      "mode": "managed",
      "type": "aci_ranges",
      "name": "VLAN_Range_access_2208",
      "provider": "provider[\"registry.terraform.io/ciscodevnet/aci\"]",
      "instances": [
        {
          "schema_version": 1,
          "attributes": {
            "alloc_mode": "inherit",
            "annotation": "orchestrator:terraform",
            "description": "",
            "from": "vlan-2208",
            "id": "uni/infra/vlanns-[access]-static/from-[vlan-2208]-to-[vlan-2208]",
            "name_alias": "",
            "role": "external",
            "to": "vlan-2208",
            "vlan_pool_dn": "uni/infra/vlanns-[access]-static"
          },
          "sensitive_attributes": [],
          "private": "eyJzY2hlbWFfdmVyc2lvbiI6IjEifQ==",
          "dependencies": [
            "data.aci_vlan_pool.VLAN_Pool_access"
          ]
        }
      ]
    },
    {
      "mode": "managed",
      "type": "aci_ranges",
      "name": "VLAN_Range_access_2209",
      "provider": "provider[\"registry.terraform.io/ciscodevnet/aci\"]",
      "instances": [
        {
          "schema_version": 1,
          "attributes": {
            "alloc_mode": "inherit",
            "annotation": "orchestrator:terraform",
            "description": "",
            "from": "vlan-2209",
            "id": "uni/infra/vlanns-[access]-static/from-[vlan-2209]-to-[vlan-2209]",
            "name_alias": "",
            "role": "external",
            "to": "vlan-2209",
            "vlan_pool_dn": "uni/infra/vlanns-[access]-static"
          },
          "sensitive_attributes": [],
          "private": "eyJzY2hlbWFfdmVyc2lvbiI6IjEifQ==",
          "dependencies": [
            "data.aci_vlan_pool.VLAN_Pool_access"
          ]
        }
      ]
    },
    {
      "mode": "managed",
      "type": "aci_ranges",
      "name": "VLAN_Range_access_221",
      "provider": "provider[\"registry.terraform.io/ciscodevnet/aci\"]",
      "instances": [
        {
          "schema_version": 1,
          "attributes": {
            "alloc_mode": "inherit",
            "annotation": "orchestrator:terraform",
            "description": "",
            "from": "vlan-221",
            "id": "uni/infra/vlanns-[access]-static/from-[vlan-221]-to-[vlan-221]",
            "name_alias": "",
            "role": "external",
            "to": "vlan-221",
            "vlan_pool_dn": "uni/infra/vlanns-[access]-static"
          },
          "sensitive_attributes": [],
          "private": "eyJzY2hlbWFfdmVyc2lvbiI6IjEifQ==",
          "dependencies": [
            "data.aci_vlan_pool.VLAN_Pool_access"
          ]
        }
      ]
    },
    {
      "mode": "managed",
      "type": "aci_ranges",
      "name": "VLAN_Range_access_2210",
      "provider": "provider[\"registry.terraform.io/ciscodevnet/aci\"]",
      "instances": [
        {
          "schema_version": 1,
          "attributes": {
            "alloc_mode": "inherit",
            "annotation": "orchestrator:terraform",
            "description": "",
            "from": "vlan-2210",
            "id": "uni/infra/vlanns-[access]-static/from-[vlan-2210]-to-[vlan-2210]",
            "name_alias": "",
            "role": "external",
            "to": "vlan-2210",
            "vlan_pool_dn": "uni/infra/vlanns-[access]-static"
          },
          "sensitive_attributes": [],
          "private": "eyJzY2hlbWFfdmVyc2lvbiI6IjEifQ==",
          "dependencies": [
            "data.aci_vlan_pool.VLAN_Pool_access"
          ]
        }
      ]
    },
    {
      "mode": "managed",
      "type": "aci_ranges",
      "name": "VLAN_Range_access_2211",
      "provider": "provider[\"registry.terraform.io/ciscodevnet/aci\"]",
      "instances": [
        {
          "schema_version": 1,
          "attributes": {
            "alloc_mode": "inherit",
            "annotation": "orchestrator:terraform",
            "description": "",
            "from": "vlan-2211",
            "id": "uni/infra/vlanns-[access]-static/from-[vlan-2211]-to-[vlan-2211]",
            "name_alias": "",
            "role": "external",
            "to": "vlan-2211",
            "vlan_pool_dn": "uni/infra/vlanns-[access]-static"
          },
          "sensitive_attributes": [],
          "private": "eyJzY2hlbWFfdmVyc2lvbiI6IjEifQ==",
          "dependencies": [
            "data.aci_vlan_pool.VLAN_Pool_access"
          ]
        }
      ]
    },
    {
      "mode": "managed",
      "type": "aci_ranges",
      "name": "VLAN_Range_access_2212",
      "provider": "provider[\"registry.terraform.io/ciscodevnet/aci\"]",
      "instances": [
        {
          "schema_version": 1,
          "attributes": {
            "alloc_mode": "inherit",
            "annotation": "orchestrator:terraform",
            "description": "",
            "from": "vlan-2212",
            "id": "uni/infra/vlanns-[access]-static/from-[vlan-2212]-to-[vlan-2212]",
            "name_alias": "",
            "role": "external",
            "to": "vlan-2212",
            "vlan_pool_dn": "uni/infra/vlanns-[access]-static"
          },
          "sensitive_attributes": [],
          "private": "eyJzY2hlbWFfdmVyc2lvbiI6IjEifQ==",
          "dependencies": [
            "data.aci_vlan_pool.VLAN_Pool_access"
          ]
        }
      ]
    },
    {
      "mode": "managed",
      "type": "aci_ranges",
      "name": "VLAN_Range_access_2213",
      "provider": "provider[\"registry.terraform.io/ciscodevnet/aci\"]",
      "instances": [
        {
          "schema_version": 1,
          "attributes": {
            "alloc_mode": "inherit",
            "annotation": "orchestrator:terraform",
            "description": "",
            "from": "vlan-2213",
            "id": "uni/infra/vlanns-[access]-static/from-[vlan-2213]-to-[vlan-2213]",
            "name_alias": "",
            "role": "external",
            "to": "vlan-2213",
            "vlan_pool_dn": "uni/infra/vlanns-[access]-static"
          },
          "sensitive_attributes": [],
          "private": "eyJzY2hlbWFfdmVyc2lvbiI6IjEifQ==",
          "dependencies": [
            "data.aci_vlan_pool.VLAN_Pool_access"
          ]
        }
      ]
    },
    {
      "mode": "managed",
      "type": "aci_ranges",
      "name": "VLAN_Range_access_2214",
      "provider": "provider[\"registry.terraform.io/ciscodevnet/aci\"]",
      "instances": [
        {
          "schema_version": 1,
          "attributes": {
            "alloc_mode": "inherit",
            "annotation": "orchestrator:terraform",
            "description": "",
            "from": "vlan-2214",
            "id": "uni/infra/vlanns-[access]-static/from-[vlan-2214]-to-[vlan-2214]",
            "name_alias": "",
            "role": "external",
            "to": "vlan-2214",
            "vlan_pool_dn": "uni/infra/vlanns-[access]-static"
          },
          "sensitive_attributes": [],
          "private": "eyJzY2hlbWFfdmVyc2lvbiI6IjEifQ==",
          "dependencies": [
            "data.aci_vlan_pool.VLAN_Pool_access"
          ]
        }
      ]
    },
    {
      "mode": "managed",
      "type": "aci_ranges",
      "name": "VLAN_Range_access_2215",
      "provider": "provider[\"registry.terraform.io/ciscodevnet/aci\"]",
      "instances": [
        {
          "schema_version": 1,
          "attributes": {
            "alloc_mode": "inherit",
            "annotation": "orchestrator:terraform",
            "description": "",
            "from": "vlan-2215",
            "id": "uni/infra/vlanns-[access]-static/from-[vlan-2215]-to-[vlan-2215]",
            "name_alias": "",
            "role": "external",
            "to": "vlan-2215",
            "vlan_pool_dn": "uni/infra/vlanns-[access]-static"
          },
          "sensitive_attributes": [],
          "private": "eyJzY2hlbWFfdmVyc2lvbiI6IjEifQ==",
          "dependencies": [
            "data.aci_vlan_pool.VLAN_Pool_access"
          ]
        }
      ]
    },
    {
      "mode": "managed",
      "type": "aci_ranges",
      "name": "VLAN_Range_access_2216",
      "provider": "provider[\"registry.terraform.io/ciscodevnet/aci\"]",
      "instances": [
        {
          "schema_version": 1,
          "attributes": {
            "alloc_mode": "inherit",
            "annotation": "orchestrator:terraform",
            "description": "",
            "from": "vlan-2216",
            "id": "uni/infra/vlanns-[access]-static/from-[vlan-2216]-to-[vlan-2216]",
            "name_alias": "",
            "role": "external",
            "to": "vlan-2216",
            "vlan_pool_dn": "uni/infra/vlanns-[access]-static"
          },
          "sensitive_attributes": [],
          "private": "eyJzY2hlbWFfdmVyc2lvbiI6IjEifQ==",
          "dependencies": [
            "data.aci_vlan_pool.VLAN_Pool_access"
          ]
        }
      ]
    },
    {
      "mode": "managed",
      "type": "aci_ranges",
      "name": "VLAN_Range_access_2217",
      "provider": "provider[\"registry.terraform.io/ciscodevnet/aci\"]",
      "instances": [
        {
          "schema_version": 1,
          "attributes": {
            "alloc_mode": "inherit",
            "annotation": "orchestrator:terraform",
            "description": "",
            "from": "vlan-2217",
            "id": "uni/infra/vlanns-[access]-static/from-[vlan-2217]-to-[vlan-2217]",
            "name_alias": "",
            "role": "external",
            "to": "vlan-2217",
            "vlan_pool_dn": "uni/infra/vlanns-[access]-static"
          },
          "sensitive_attributes": [],
          "private": "eyJzY2hlbWFfdmVyc2lvbiI6IjEifQ==",
          "dependencies": [
            "data.aci_vlan_pool.VLAN_Pool_access"
          ]
        }
      ]
    },
    {
      "mode": "managed",
      "type": "aci_ranges",
      "name": "VLAN_Range_access_2218",
      "provider": "provider[\"registry.terraform.io/ciscodevnet/aci\"]",
      "instances": [
        {
          "schema_version": 1,
          "attributes": {
            "alloc_mode": "inherit",
            "annotation": "orchestrator:terraform",
            "description": "",
            "from": "vlan-2218",
            "id": "uni/infra/vlanns-[access]-static/from-[vlan-2218]-to-[vlan-2218]",
            "name_alias": "",
            "role": "external",
            "to": "vlan-2218",
            "vlan_pool_dn": "uni/infra/vlanns-[access]-static"
          },
          "sensitive_attributes": [],
          "private": "eyJzY2hlbWFfdmVyc2lvbiI6IjEifQ==",
          "dependencies": [
            "data.aci_vlan_pool.VLAN_Pool_access"
          ]
        }
      ]
    },
    {
      "mode": "managed",
      "type": "aci_ranges",
      "name": "VLAN_Range_access_2219",
      "provider": "provider[\"registry.terraform.io/ciscodevnet/aci\"]",
      "instances": [
        {
          "schema_version": 1,
          "attributes": {
            "alloc_mode": "inherit",
            "annotation": "orchestrator:terraform",
            "description": "",
            "from": "vlan-2219",
            "id": "uni/infra/vlanns-[access]-static/from-[vlan-2219]-to-[vlan-2219]",
            "name_alias": "",
            "role": "external",
            "to": "vlan-2219",
            "vlan_pool_dn": "uni/infra/vlanns-[access]-static"
          },
          "sensitive_attributes": [],
          "private": "eyJzY2hlbWFfdmVyc2lvbiI6IjEifQ==",
          "dependencies": [
            "data.aci_vlan_pool.VLAN_Pool_access"
          ]
        }
      ]
    },
    {
      "mode": "managed",
      "type": "aci_ranges",
      "name": "VLAN_Range_access_222",
      "provider": "provider[\"registry.terraform.io/ciscodevnet/aci\"]",
      "instances": [
        {
          "schema_version": 1,
          "attributes": {
            "alloc_mode": "inherit",
            "annotation": "orchestrator:terraform",
            "description": "",
            "from": "vlan-222",
            "id": "uni/infra/vlanns-[access]-static/from-[vlan-222]-to-[vlan-222]",
            "name_alias": "",
            "role": "external",
            "to": "vlan-222",
            "vlan_pool_dn": "uni/infra/vlanns-[access]-static"
          },
          "sensitive_attributes": [],
          "private": "eyJzY2hlbWFfdmVyc2lvbiI6IjEifQ==",
          "dependencies": [
            "data.aci_vlan_pool.VLAN_Pool_access"
          ]
        }
      ]
    },
    {
      "mode": "managed",
      "type": "aci_ranges",
      "name": "VLAN_Range_access_2220",
      "provider": "provider[\"registry.terraform.io/ciscodevnet/aci\"]",
      "instances": [
        {
          "schema_version": 1,
          "attributes": {
            "alloc_mode": "inherit",
            "annotation": "orchestrator:terraform",
            "description": "",
            "from": "vlan-2220",
            "id": "uni/infra/vlanns-[access]-static/from-[vlan-2220]-to-[vlan-2220]",
            "name_alias": "",
            "role": "external",
            "to": "vlan-2220",
            "vlan_pool_dn": "uni/infra/vlanns-[access]-static"
          },
          "sensitive_attributes": [],
          "private": "eyJzY2hlbWFfdmVyc2lvbiI6IjEifQ==",
          "dependencies": [
            "data.aci_vlan_pool.VLAN_Pool_access"
          ]
        }
      ]
    },
    {
      "mode": "managed",
      "type": "aci_ranges",
      "name": "VLAN_Range_access_2221",
      "provider": "provider[\"registry.terraform.io/ciscodevnet/aci\"]",
      "instances": [
        {
          "schema_version": 1,
          "attributes": {
            "alloc_mode": "inherit",
            "annotation": "orchestrator:terraform",
            "description": "",
            "from": "vlan-2221",
            "id": "uni/infra/vlanns-[access]-static/from-[vlan-2221]-to-[vlan-2221]",
            "name_alias": "",
            "role": "external",
            "to": "vlan-2221",
            "vlan_pool_dn": "uni/infra/vlanns-[access]-static"
          },
          "sensitive_attributes": [],
          "private": "eyJzY2hlbWFfdmVyc2lvbiI6IjEifQ==",
          "dependencies": [
            "data.aci_vlan_pool.VLAN_Pool_access"
          ]
        }
      ]
    },
    {
      "mode": "managed",
      "type": "aci_ranges",
      "name": "VLAN_Range_access_2222",
      "provider": "provider[\"registry.terraform.io/ciscodevnet/aci\"]",
      "instances": [
        {
          "schema_version": 1,
          "attributes": {
            "alloc_mode": "inherit",
            "annotation": "orchestrator:terraform",
            "description": "",
            "from": "vlan-2222",
            "id": "uni/infra/vlanns-[access]-static/from-[vlan-2222]-to-[vlan-2222]",
            "name_alias": "",
            "role": "external",
            "to": "vlan-2222",
            "vlan_pool_dn": "uni/infra/vlanns-[access]-static"
          },
          "sensitive_attributes": [],
          "private": "eyJzY2hlbWFfdmVyc2lvbiI6IjEifQ==",
          "dependencies": [
            "data.aci_vlan_pool.VLAN_Pool_access"
          ]
        }
      ]
    },
    {
      "mode": "managed",
      "type": "aci_ranges",
      "name": "VLAN_Range_access_2223",
      "provider": "provider[\"registry.terraform.io/ciscodevnet/aci\"]",
      "instances": [
        {
          "schema_version": 1,
          "attributes": {
            "alloc_mode": "inherit",
            "annotation": "orchestrator:terraform",
            "description": "",
            "from": "vlan-2223",
            "id": "uni/infra/vlanns-[access]-static/from-[vlan-2223]-to-[vlan-2223]",
            "name_alias": "",
            "role": "external",
            "to": "vlan-2223",
            "vlan_pool_dn": "uni/infra/vlanns-[access]-static"
          },
          "sensitive_attributes": [],
          "private": "eyJzY2hlbWFfdmVyc2lvbiI6IjEifQ==",
          "dependencies": [
            "data.aci_vlan_pool.VLAN_Pool_access"
          ]
        }
      ]
    },
    {
      "mode": "managed",
      "type": "aci_ranges",
      "name": "VLAN_Range_access_2224",
      "provider": "provider[\"registry.terraform.io/ciscodevnet/aci\"]",
      "instances": [
        {
          "schema_version": 1,
          "attributes": {
            "alloc_mode": "inherit",
            "annotation": "orchestrator:terraform",
            "description": "",
            "from": "vlan-2224",
            "id": "uni/infra/vlanns-[access]-static/from-[vlan-2224]-to-[vlan-2224]",
            "name_alias": "",
            "role": "external",
            "to": "vlan-2224",
            "vlan_pool_dn": "uni/infra/vlanns-[access]-static"
          },
          "sensitive_attributes": [],
          "private": "eyJzY2hlbWFfdmVyc2lvbiI6IjEifQ==",
          "dependencies": [
            "data.aci_vlan_pool.VLAN_Pool_access"
          ]
        }
      ]
    },
    {
      "mode": "managed",
      "type": "aci_ranges",
      "name": "VLAN_Range_access_2225",
      "provider": "provider[\"registry.terraform.io/ciscodevnet/aci\"]",
      "instances": [
        {
          "schema_version": 1,
          "attributes": {
            "alloc_mode": "inherit",
            "annotation": "orchestrator:terraform",
            "description": "",
            "from": "vlan-2225",
            "id": "uni/infra/vlanns-[access]-static/from-[vlan-2225]-to-[vlan-2225]",
            "name_alias": "",
            "role": "external",
            "to": "vlan-2225",
            "vlan_pool_dn": "uni/infra/vlanns-[access]-static"
          },
          "sensitive_attributes": [],
          "private": "eyJzY2hlbWFfdmVyc2lvbiI6IjEifQ==",
          "dependencies": [
            "data.aci_vlan_pool.VLAN_Pool_access"
          ]
        }
      ]
    },
    {
      "mode": "managed",
      "type": "aci_ranges",
      "name": "VLAN_Range_access_2226",
      "provider": "provider[\"registry.terraform.io/ciscodevnet/aci\"]",
      "instances": [
        {
          "schema_version": 1,
          "attributes": {
            "alloc_mode": "inherit",
            "annotation": "orchestrator:terraform",
            "description": "",
            "from": "vlan-2226",
            "id": "uni/infra/vlanns-[access]-static/from-[vlan-2226]-to-[vlan-2226]",
            "name_alias": "",
            "role": "external",
            "to": "vlan-2226",
            "vlan_pool_dn": "uni/infra/vlanns-[access]-static"
          },
          "sensitive_attributes": [],
          "private": "eyJzY2hlbWFfdmVyc2lvbiI6IjEifQ==",
          "dependencies": [
            "data.aci_vlan_pool.VLAN_Pool_access"
          ]
        }
      ]
    },
    {
      "mode": "managed",
      "type": "aci_ranges",
      "name": "VLAN_Range_access_2227",
      "provider": "provider[\"registry.terraform.io/ciscodevnet/aci\"]",
      "instances": [
        {
          "schema_version": 1,
          "attributes": {
            "alloc_mode": "inherit",
            "annotation": "orchestrator:terraform",
            "description": "",
            "from": "vlan-2227",
            "id": "uni/infra/vlanns-[access]-static/from-[vlan-2227]-to-[vlan-2227]",
            "name_alias": "",
            "role": "external",
            "to": "vlan-2227",
            "vlan_pool_dn": "uni/infra/vlanns-[access]-static"
          },
          "sensitive_attributes": [],
          "private": "eyJzY2hlbWFfdmVyc2lvbiI6IjEifQ==",
          "dependencies": [
            "data.aci_vlan_pool.VLAN_Pool_access"
          ]
        }
      ]
    },
    {
      "mode": "managed",
      "type": "aci_ranges",
      "name": "VLAN_Range_access_2228",
      "provider": "provider[\"registry.terraform.io/ciscodevnet/aci\"]",
      "instances": [
        {
          "schema_version": 1,
          "attributes": {
            "alloc_mode": "inherit",
            "annotation": "orchestrator:terraform",
            "description": "",
            "from": "vlan-2228",
            "id": "uni/infra/vlanns-[access]-static/from-[vlan-2228]-to-[vlan-2228]",
            "name_alias": "",
            "role": "external",
            "to": "vlan-2228",
            "vlan_pool_dn": "uni/infra/vlanns-[access]-static"
          },
          "sensitive_attributes": [],
          "private": "eyJzY2hlbWFfdmVyc2lvbiI6IjEifQ==",
          "dependencies": [
            "data.aci_vlan_pool.VLAN_Pool_access"
          ]
        }
      ]
    },
    {
      "mode": "managed",
      "type": "aci_ranges",
      "name": "VLAN_Range_access_2229",
      "provider": "provider[\"registry.terraform.io/ciscodevnet/aci\"]",
      "instances": [
        {
          "schema_version": 1,
          "attributes": {
            "alloc_mode": "inherit",
            "annotation": "orchestrator:terraform",
            "description": "",
            "from": "vlan-2229",
            "id": "uni/infra/vlanns-[access]-static/from-[vlan-2229]-to-[vlan-2229]",
            "name_alias": "",
            "role": "external",
            "to": "vlan-2229",
            "vlan_pool_dn": "uni/infra/vlanns-[access]-static"
          },
          "sensitive_attributes": [],
          "private": "eyJzY2hlbWFfdmVyc2lvbiI6IjEifQ==",
          "dependencies": [
            "data.aci_vlan_pool.VLAN_Pool_access"
          ]
        }
      ]
    },
    {
      "mode": "managed",
      "type": "aci_ranges",
      "name": "VLAN_Range_access_223",
      "provider": "provider[\"registry.terraform.io/ciscodevnet/aci\"]",
      "instances": [
        {
          "schema_version": 1,
          "attributes": {
            "alloc_mode": "inherit",
            "annotation": "orchestrator:terraform",
            "description": "",
            "from": "vlan-223",
            "id": "uni/infra/vlanns-[access]-static/from-[vlan-223]-to-[vlan-223]",
            "name_alias": "",
            "role": "external",
            "to": "vlan-223",
            "vlan_pool_dn": "uni/infra/vlanns-[access]-static"
          },
          "sensitive_attributes": [],
          "private": "eyJzY2hlbWFfdmVyc2lvbiI6IjEifQ==",
          "dependencies": [
            "data.aci_vlan_pool.VLAN_Pool_access"
          ]
        }
      ]
    },
    {
      "mode": "managed",
      "type": "aci_ranges",
      "name": "VLAN_Range_access_2230",
      "provider": "provider[\"registry.terraform.io/ciscodevnet/aci\"]",
      "instances": [
        {
          "schema_version": 1,
          "attributes": {
            "alloc_mode": "inherit",
            "annotation": "orchestrator:terraform",
            "description": "",
            "from": "vlan-2230",
            "id": "uni/infra/vlanns-[access]-static/from-[vlan-2230]-to-[vlan-2230]",
            "name_alias": "",
            "role": "external",
            "to": "vlan-2230",
            "vlan_pool_dn": "uni/infra/vlanns-[access]-static"
          },
          "sensitive_attributes": [],
          "private": "eyJzY2hlbWFfdmVyc2lvbiI6IjEifQ==",
          "dependencies": [
            "data.aci_vlan_pool.VLAN_Pool_access"
          ]
        }
      ]
    },
    {
      "mode": "managed",
      "type": "aci_ranges",
      "name": "VLAN_Range_access_2231",
      "provider": "provider[\"registry.terraform.io/ciscodevnet/aci\"]",
      "instances": [
        {
          "schema_version": 1,
          "attributes": {
            "alloc_mode": "inherit",
            "annotation": "orchestrator:terraform",
            "description": "",
            "from": "vlan-2231",
            "id": "uni/infra/vlanns-[access]-static/from-[vlan-2231]-to-[vlan-2231]",
            "name_alias": "",
            "role": "external",
            "to": "vlan-2231",
            "vlan_pool_dn": "uni/infra/vlanns-[access]-static"
          },
          "sensitive_attributes": [],
          "private": "eyJzY2hlbWFfdmVyc2lvbiI6IjEifQ==",
          "dependencies": [
            "data.aci_vlan_pool.VLAN_Pool_access"
          ]
        }
      ]
    },
    {
      "mode": "managed",
      "type": "aci_ranges",
      "name": "VLAN_Range_access_2232",
      "provider": "provider[\"registry.terraform.io/ciscodevnet/aci\"]",
      "instances": [
        {
          "schema_version": 1,
          "attributes": {
            "alloc_mode": "inherit",
            "annotation": "orchestrator:terraform",
            "description": "",
            "from": "vlan-2232",
            "id": "uni/infra/vlanns-[access]-static/from-[vlan-2232]-to-[vlan-2232]",
            "name_alias": "",
            "role": "external",
            "to": "vlan-2232",
            "vlan_pool_dn": "uni/infra/vlanns-[access]-static"
          },
          "sensitive_attributes": [],
          "private": "eyJzY2hlbWFfdmVyc2lvbiI6IjEifQ==",
          "dependencies": [
            "data.aci_vlan_pool.VLAN_Pool_access"
          ]
        }
      ]
    },
    {
      "mode": "managed",
      "type": "aci_ranges",
      "name": "VLAN_Range_access_2233",
      "provider": "provider[\"registry.terraform.io/ciscodevnet/aci\"]",
      "instances": [
        {
          "schema_version": 1,
          "attributes": {
            "alloc_mode": "inherit",
            "annotation": "orchestrator:terraform",
            "description": "",
            "from": "vlan-2233",
            "id": "uni/infra/vlanns-[access]-static/from-[vlan-2233]-to-[vlan-2233]",
            "name_alias": "",
            "role": "external",
            "to": "vlan-2233",
            "vlan_pool_dn": "uni/infra/vlanns-[access]-static"
          },
          "sensitive_attributes": [],
          "private": "eyJzY2hlbWFfdmVyc2lvbiI6IjEifQ==",
          "dependencies": [
            "data.aci_vlan_pool.VLAN_Pool_access"
          ]
        }
      ]
    },
    {
      "mode": "managed",
      "type": "aci_ranges",
      "name": "VLAN_Range_access_2234",
      "provider": "provider[\"registry.terraform.io/ciscodevnet/aci\"]",
      "instances": [
        {
          "schema_version": 1,
          "attributes": {
            "alloc_mode": "inherit",
            "annotation": "orchestrator:terraform",
            "description": "",
            "from": "vlan-2234",
            "id": "uni/infra/vlanns-[access]-static/from-[vlan-2234]-to-[vlan-2234]",
            "name_alias": "",
            "role": "external",
            "to": "vlan-2234",
            "vlan_pool_dn": "uni/infra/vlanns-[access]-static"
          },
          "sensitive_attributes": [],
          "private": "eyJzY2hlbWFfdmVyc2lvbiI6IjEifQ==",
          "dependencies": [
            "data.aci_vlan_pool.VLAN_Pool_access"
          ]
        }
      ]
    },
    {
      "mode": "managed",
      "type": "aci_ranges",
      "name": "VLAN_Range_access_2235",
      "provider": "provider[\"registry.terraform.io/ciscodevnet/aci\"]",
      "instances": [
        {
          "schema_version": 1,
          "attributes": {
            "alloc_mode": "inherit",
            "annotation": "orchestrator:terraform",
            "description": "",
            "from": "vlan-2235",
            "id": "uni/infra/vlanns-[access]-static/from-[vlan-2235]-to-[vlan-2235]",
            "name_alias": "",
            "role": "external",
            "to": "vlan-2235",
            "vlan_pool_dn": "uni/infra/vlanns-[access]-static"
          },
          "sensitive_attributes": [],
          "private": "eyJzY2hlbWFfdmVyc2lvbiI6IjEifQ==",
          "dependencies": [
            "data.aci_vlan_pool.VLAN_Pool_access"
          ]
        }
      ]
    },
    {
      "mode": "managed",
      "type": "aci_ranges",
      "name": "VLAN_Range_access_2236",
      "provider": "provider[\"registry.terraform.io/ciscodevnet/aci\"]",
      "instances": [
        {
          "schema_version": 1,
          "attributes": {
            "alloc_mode": "inherit",
            "annotation": "orchestrator:terraform",
            "description": "",
            "from": "vlan-2236",
            "id": "uni/infra/vlanns-[access]-static/from-[vlan-2236]-to-[vlan-2236]",
            "name_alias": "",
            "role": "external",
            "to": "vlan-2236",
            "vlan_pool_dn": "uni/infra/vlanns-[access]-static"
          },
          "sensitive_attributes": [],
          "private": "eyJzY2hlbWFfdmVyc2lvbiI6IjEifQ==",
          "dependencies": [
            "data.aci_vlan_pool.VLAN_Pool_access"
          ]
        }
      ]
    },
    {
      "mode": "managed",
      "type": "aci_ranges",
      "name": "VLAN_Range_access_2237",
      "provider": "provider[\"registry.terraform.io/ciscodevnet/aci\"]",
      "instances": [
        {
          "schema_version": 1,
          "attributes": {
            "alloc_mode": "inherit",
            "annotation": "orchestrator:terraform",
            "description": "",
            "from": "vlan-2237",
            "id": "uni/infra/vlanns-[access]-static/from-[vlan-2237]-to-[vlan-2237]",
            "name_alias": "",
            "role": "external",
            "to": "vlan-2237",
            "vlan_pool_dn": "uni/infra/vlanns-[access]-static"
          },
          "sensitive_attributes": [],
          "private": "eyJzY2hlbWFfdmVyc2lvbiI6IjEifQ==",
          "dependencies": [
            "data.aci_vlan_pool.VLAN_Pool_access"
          ]
        }
      ]
    },
    {
      "mode": "managed",
      "type": "aci_ranges",
      "name": "VLAN_Range_access_2238",
      "provider": "provider[\"registry.terraform.io/ciscodevnet/aci\"]",
      "instances": [
        {
          "schema_version": 1,
          "attributes": {
            "alloc_mode": "inherit",
            "annotation": "orchestrator:terraform",
            "description": "",
            "from": "vlan-2238",
            "id": "uni/infra/vlanns-[access]-static/from-[vlan-2238]-to-[vlan-2238]",
            "name_alias": "",
            "role": "external",
            "to": "vlan-2238",
            "vlan_pool_dn": "uni/infra/vlanns-[access]-static"
          },
          "sensitive_attributes": [],
          "private": "eyJzY2hlbWFfdmVyc2lvbiI6IjEifQ==",
          "dependencies": [
            "data.aci_vlan_pool.VLAN_Pool_access"
          ]
        }
      ]
    },
    {
      "mode": "managed",
      "type": "aci_ranges",
      "name": "VLAN_Range_access_2239",
      "provider": "provider[\"registry.terraform.io/ciscodevnet/aci\"]",
      "instances": [
        {
          "schema_version": 1,
          "attributes": {
            "alloc_mode": "inherit",
            "annotation": "orchestrator:terraform",
            "description": "",
            "from": "vlan-2239",
            "id": "uni/infra/vlanns-[access]-static/from-[vlan-2239]-to-[vlan-2239]",
            "name_alias": "",
            "role": "external",
            "to": "vlan-2239",
            "vlan_pool_dn": "uni/infra/vlanns-[access]-static"
          },
          "sensitive_attributes": [],
          "private": "eyJzY2hlbWFfdmVyc2lvbiI6IjEifQ==",
          "dependencies": [
            "data.aci_vlan_pool.VLAN_Pool_access"
          ]
        }
      ]
    },
    {
      "mode": "managed",
      "type": "aci_ranges",
      "name": "VLAN_Range_access_224",
      "provider": "provider[\"registry.terraform.io/ciscodevnet/aci\"]",
      "instances": [
        {
          "schema_version": 1,
          "attributes": {
            "alloc_mode": "inherit",
            "annotation": "orchestrator:terraform",
            "description": "",
            "from": "vlan-224",
            "id": "uni/infra/vlanns-[access]-static/from-[vlan-224]-to-[vlan-224]",
            "name_alias": "",
            "role": "external",
            "to": "vlan-224",
            "vlan_pool_dn": "uni/infra/vlanns-[access]-static"
          },
          "sensitive_attributes": [],
          "private": "eyJzY2hlbWFfdmVyc2lvbiI6IjEifQ==",
          "dependencies": [
            "data.aci_vlan_pool.VLAN_Pool_access"
          ]
        }
      ]
    },
    {
      "mode": "managed",
      "type": "aci_ranges",
      "name": "VLAN_Range_access_2240",
      "provider": "provider[\"registry.terraform.io/ciscodevnet/aci\"]",
      "instances": [
        {
          "schema_version": 1,
          "attributes": {
            "alloc_mode": "inherit",
            "annotation": "orchestrator:terraform",
            "description": "",
            "from": "vlan-2240",
            "id": "uni/infra/vlanns-[access]-static/from-[vlan-2240]-to-[vlan-2240]",
            "name_alias": "",
            "role": "external",
            "to": "vlan-2240",
            "vlan_pool_dn": "uni/infra/vlanns-[access]-static"
          },
          "sensitive_attributes": [],
          "private": "eyJzY2hlbWFfdmVyc2lvbiI6IjEifQ==",
          "dependencies": [
            "data.aci_vlan_pool.VLAN_Pool_access"
          ]
        }
      ]
    },
    {
      "mode": "managed",
      "type": "aci_ranges",
      "name": "VLAN_Range_access_2241",
      "provider": "provider[\"registry.terraform.io/ciscodevnet/aci\"]",
      "instances": [
        {
          "schema_version": 1,
          "attributes": {
            "alloc_mode": "inherit",
            "annotation": "orchestrator:terraform",
            "description": "",
            "from": "vlan-2241",
            "id": "uni/infra/vlanns-[access]-static/from-[vlan-2241]-to-[vlan-2241]",
            "name_alias": "",
            "role": "external",
            "to": "vlan-2241",
            "vlan_pool_dn": "uni/infra/vlanns-[access]-static"
          },
          "sensitive_attributes": [],
          "private": "eyJzY2hlbWFfdmVyc2lvbiI6IjEifQ==",
          "dependencies": [
            "data.aci_vlan_pool.VLAN_Pool_access"
          ]
        }
      ]
    },
    {
      "mode": "managed",
      "type": "aci_ranges",
      "name": "VLAN_Range_access_2242",
      "provider": "provider[\"registry.terraform.io/ciscodevnet/aci\"]",
      "instances": [
        {
          "schema_version": 1,
          "attributes": {
            "alloc_mode": "inherit",
            "annotation": "orchestrator:terraform",
            "description": "",
            "from": "vlan-2242",
            "id": "uni/infra/vlanns-[access]-static/from-[vlan-2242]-to-[vlan-2242]",
            "name_alias": "",
            "role": "external",
            "to": "vlan-2242",
            "vlan_pool_dn": "uni/infra/vlanns-[access]-static"
          },
          "sensitive_attributes": [],
          "private": "eyJzY2hlbWFfdmVyc2lvbiI6IjEifQ==",
          "dependencies": [
            "data.aci_vlan_pool.VLAN_Pool_access"
          ]
        }
      ]
    },
    {
      "mode": "managed",
      "type": "aci_ranges",
      "name": "VLAN_Range_access_2243",
      "provider": "provider[\"registry.terraform.io/ciscodevnet/aci\"]",
      "instances": [
        {
          "schema_version": 1,
          "attributes": {
            "alloc_mode": "inherit",
            "annotation": "orchestrator:terraform",
            "description": "",
            "from": "vlan-2243",
            "id": "uni/infra/vlanns-[access]-static/from-[vlan-2243]-to-[vlan-2243]",
            "name_alias": "",
            "role": "external",
            "to": "vlan-2243",
            "vlan_pool_dn": "uni/infra/vlanns-[access]-static"
          },
          "sensitive_attributes": [],
          "private": "eyJzY2hlbWFfdmVyc2lvbiI6IjEifQ==",
          "dependencies": [
            "data.aci_vlan_pool.VLAN_Pool_access"
          ]
        }
      ]
    },
    {
      "mode": "managed",
      "type": "aci_ranges",
      "name": "VLAN_Range_access_2244",
      "provider": "provider[\"registry.terraform.io/ciscodevnet/aci\"]",
      "instances": [
        {
          "schema_version": 1,
          "attributes": {
            "alloc_mode": "inherit",
            "annotation": "orchestrator:terraform",
            "description": "",
            "from": "vlan-2244",
            "id": "uni/infra/vlanns-[access]-static/from-[vlan-2244]-to-[vlan-2244]",
            "name_alias": "",
            "role": "external",
            "to": "vlan-2244",
            "vlan_pool_dn": "uni/infra/vlanns-[access]-static"
          },
          "sensitive_attributes": [],
          "private": "eyJzY2hlbWFfdmVyc2lvbiI6IjEifQ==",
          "dependencies": [
            "data.aci_vlan_pool.VLAN_Pool_access"
          ]
        }
      ]
    },
    {
      "mode": "managed",
      "type": "aci_ranges",
      "name": "VLAN_Range_access_2245",
      "provider": "provider[\"registry.terraform.io/ciscodevnet/aci\"]",
      "instances": [
        {
          "schema_version": 1,
          "attributes": {
            "alloc_mode": "inherit",
            "annotation": "orchestrator:terraform",
            "description": "",
            "from": "vlan-2245",
            "id": "uni/infra/vlanns-[access]-static/from-[vlan-2245]-to-[vlan-2245]",
            "name_alias": "",
            "role": "external",
            "to": "vlan-2245",
            "vlan_pool_dn": "uni/infra/vlanns-[access]-static"
          },
          "sensitive_attributes": [],
          "private": "eyJzY2hlbWFfdmVyc2lvbiI6IjEifQ==",
          "dependencies": [
            "data.aci_vlan_pool.VLAN_Pool_access"
          ]
        }
      ]
    },
    {
      "mode": "managed",
      "type": "aci_ranges",
      "name": "VLAN_Range_access_2246",
      "provider": "provider[\"registry.terraform.io/ciscodevnet/aci\"]",
      "instances": [
        {
          "schema_version": 1,
          "attributes": {
            "alloc_mode": "inherit",
            "annotation": "orchestrator:terraform",
            "description": "",
            "from": "vlan-2246",
            "id": "uni/infra/vlanns-[access]-static/from-[vlan-2246]-to-[vlan-2246]",
            "name_alias": "",
            "role": "external",
            "to": "vlan-2246",
            "vlan_pool_dn": "uni/infra/vlanns-[access]-static"
          },
          "sensitive_attributes": [],
          "private": "eyJzY2hlbWFfdmVyc2lvbiI6IjEifQ==",
          "dependencies": [
            "data.aci_vlan_pool.VLAN_Pool_access"
          ]
        }
      ]
    },
    {
      "mode": "managed",
      "type": "aci_ranges",
      "name": "VLAN_Range_access_2247",
      "provider": "provider[\"registry.terraform.io/ciscodevnet/aci\"]",
      "instances": [
        {
          "schema_version": 1,
          "attributes": {
            "alloc_mode": "inherit",
            "annotation": "orchestrator:terraform",
            "description": "",
            "from": "vlan-2247",
            "id": "uni/infra/vlanns-[access]-static/from-[vlan-2247]-to-[vlan-2247]",
            "name_alias": "",
            "role": "external",
            "to": "vlan-2247",
            "vlan_pool_dn": "uni/infra/vlanns-[access]-static"
          },
          "sensitive_attributes": [],
          "private": "eyJzY2hlbWFfdmVyc2lvbiI6IjEifQ==",
          "dependencies": [
            "data.aci_vlan_pool.VLAN_Pool_access"
          ]
        }
      ]
    },
    {
      "mode": "managed",
      "type": "aci_ranges",
      "name": "VLAN_Range_access_2248",
      "provider": "provider[\"registry.terraform.io/ciscodevnet/aci\"]",
      "instances": [
        {
          "schema_version": 1,
          "attributes": {
            "alloc_mode": "inherit",
            "annotation": "orchestrator:terraform",
            "description": "",
            "from": "vlan-2248",
            "id": "uni/infra/vlanns-[access]-static/from-[vlan-2248]-to-[vlan-2248]",
            "name_alias": "",
            "role": "external",
            "to": "vlan-2248",
            "vlan_pool_dn": "uni/infra/vlanns-[access]-static"
          },
          "sensitive_attributes": [],
          "private": "eyJzY2hlbWFfdmVyc2lvbiI6IjEifQ==",
          "dependencies": [
            "data.aci_vlan_pool.VLAN_Pool_access"
          ]
        }
      ]
    },
    {
      "mode": "managed",
      "type": "aci_ranges",
      "name": "VLAN_Range_access_2249",
      "provider": "provider[\"registry.terraform.io/ciscodevnet/aci\"]",
      "instances": [
        {
          "schema_version": 1,
          "attributes": {
            "alloc_mode": "inherit",
            "annotation": "orchestrator:terraform",
            "description": "",
            "from": "vlan-2249",
            "id": "uni/infra/vlanns-[access]-static/from-[vlan-2249]-to-[vlan-2249]",
            "name_alias": "",
            "role": "external",
            "to": "vlan-2249",
            "vlan_pool_dn": "uni/infra/vlanns-[access]-static"
          },
          "sensitive_attributes": [],
          "private": "eyJzY2hlbWFfdmVyc2lvbiI6IjEifQ==",
          "dependencies": [
            "data.aci_vlan_pool.VLAN_Pool_access"
          ]
        }
      ]
    },
    {
      "mode": "managed",
      "type": "aci_ranges",
      "name": "VLAN_Range_access_225",
      "provider": "provider[\"registry.terraform.io/ciscodevnet/aci\"]",
      "instances": [
        {
          "schema_version": 1,
          "attributes": {
            "alloc_mode": "inherit",
            "annotation": "orchestrator:terraform",
            "description": "",
            "from": "vlan-225",
            "id": "uni/infra/vlanns-[access]-static/from-[vlan-225]-to-[vlan-225]",
            "name_alias": "",
            "role": "external",
            "to": "vlan-225",
            "vlan_pool_dn": "uni/infra/vlanns-[access]-static"
          },
          "sensitive_attributes": [],
          "private": "eyJzY2hlbWFfdmVyc2lvbiI6IjEifQ==",
          "dependencies": [
            "data.aci_vlan_pool.VLAN_Pool_access"
          ]
        }
      ]
    },
    {
      "mode": "managed",
      "type": "aci_ranges",
      "name": "VLAN_Range_access_2250",
      "provider": "provider[\"registry.terraform.io/ciscodevnet/aci\"]",
      "instances": [
        {
          "schema_version": 1,
          "attributes": {
            "alloc_mode": "inherit",
            "annotation": "orchestrator:terraform",
            "description": "",
            "from": "vlan-2250",
            "id": "uni/infra/vlanns-[access]-static/from-[vlan-2250]-to-[vlan-2250]",
            "name_alias": "",
            "role": "external",
            "to": "vlan-2250",
            "vlan_pool_dn": "uni/infra/vlanns-[access]-static"
          },
          "sensitive_attributes": [],
          "private": "eyJzY2hlbWFfdmVyc2lvbiI6IjEifQ==",
          "dependencies": [
            "data.aci_vlan_pool.VLAN_Pool_access"
          ]
        }
      ]
    },
    {
      "mode": "managed",
      "type": "aci_ranges",
      "name": "VLAN_Range_access_2251",
      "provider": "provider[\"registry.terraform.io/ciscodevnet/aci\"]",
      "instances": [
        {
          "schema_version": 1,
          "attributes": {
            "alloc_mode": "inherit",
            "annotation": "orchestrator:terraform",
            "description": "",
            "from": "vlan-2251",
            "id": "uni/infra/vlanns-[access]-static/from-[vlan-2251]-to-[vlan-2251]",
            "name_alias": "",
            "role": "external",
            "to": "vlan-2251",
            "vlan_pool_dn": "uni/infra/vlanns-[access]-static"
          },
          "sensitive_attributes": [],
          "private": "eyJzY2hlbWFfdmVyc2lvbiI6IjEifQ==",
          "dependencies": [
            "data.aci_vlan_pool.VLAN_Pool_access"
          ]
        }
      ]
    },
    {
      "mode": "managed",
      "type": "aci_ranges",
      "name": "VLAN_Range_access_2252",
      "provider": "provider[\"registry.terraform.io/ciscodevnet/aci\"]",
      "instances": [
        {
          "schema_version": 1,
          "attributes": {
            "alloc_mode": "inherit",
            "annotation": "orchestrator:terraform",
            "description": "",
            "from": "vlan-2252",
            "id": "uni/infra/vlanns-[access]-static/from-[vlan-2252]-to-[vlan-2252]",
            "name_alias": "",
            "role": "external",
            "to": "vlan-2252",
            "vlan_pool_dn": "uni/infra/vlanns-[access]-static"
          },
          "sensitive_attributes": [],
          "private": "eyJzY2hlbWFfdmVyc2lvbiI6IjEifQ==",
          "dependencies": [
            "data.aci_vlan_pool.VLAN_Pool_access"
          ]
        }
      ]
    },
    {
      "mode": "managed",
      "type": "aci_ranges",
      "name": "VLAN_Range_access_2253",
      "provider": "provider[\"registry.terraform.io/ciscodevnet/aci\"]",
      "instances": [
        {
          "schema_version": 1,
          "attributes": {
            "alloc_mode": "inherit",
            "annotation": "orchestrator:terraform",
            "description": "",
            "from": "vlan-2253",
            "id": "uni/infra/vlanns-[access]-static/from-[vlan-2253]-to-[vlan-2253]",
            "name_alias": "",
            "role": "external",
            "to": "vlan-2253",
            "vlan_pool_dn": "uni/infra/vlanns-[access]-static"
          },
          "sensitive_attributes": [],
          "private": "eyJzY2hlbWFfdmVyc2lvbiI6IjEifQ==",
          "dependencies": [
            "data.aci_vlan_pool.VLAN_Pool_access"
          ]
        }
      ]
    },
    {
      "mode": "managed",
      "type": "aci_ranges",
      "name": "VLAN_Range_access_2254",
      "provider": "provider[\"registry.terraform.io/ciscodevnet/aci\"]",
      "instances": [
        {
          "schema_version": 1,
          "attributes": {
            "alloc_mode": "inherit",
            "annotation": "orchestrator:terraform",
            "description": "",
            "from": "vlan-2254",
            "id": "uni/infra/vlanns-[access]-static/from-[vlan-2254]-to-[vlan-2254]",
            "name_alias": "",
            "role": "external",
            "to": "vlan-2254",
            "vlan_pool_dn": "uni/infra/vlanns-[access]-static"
          },
          "sensitive_attributes": [],
          "private": "eyJzY2hlbWFfdmVyc2lvbiI6IjEifQ==",
          "dependencies": [
            "data.aci_vlan_pool.VLAN_Pool_access"
          ]
        }
      ]
    },
    {
      "mode": "managed",
      "type": "aci_ranges",
      "name": "VLAN_Range_access_2255",
      "provider": "provider[\"registry.terraform.io/ciscodevnet/aci\"]",
      "instances": [
        {
          "schema_version": 1,
          "attributes": {
            "alloc_mode": "inherit",
            "annotation": "orchestrator:terraform",
            "description": "",
            "from": "vlan-2255",
            "id": "uni/infra/vlanns-[access]-static/from-[vlan-2255]-to-[vlan-2255]",
            "name_alias": "",
            "role": "external",
            "to": "vlan-2255",
            "vlan_pool_dn": "uni/infra/vlanns-[access]-static"
          },
          "sensitive_attributes": [],
          "private": "eyJzY2hlbWFfdmVyc2lvbiI6IjEifQ==",
          "dependencies": [
            "data.aci_vlan_pool.VLAN_Pool_access"
          ]
        }
      ]
    },
    {
      "mode": "managed",
      "type": "aci_ranges",
      "name": "VLAN_Range_access_2256",
      "provider": "provider[\"registry.terraform.io/ciscodevnet/aci\"]",
      "instances": [
        {
          "schema_version": 1,
          "attributes": {
            "alloc_mode": "inherit",
            "annotation": "orchestrator:terraform",
            "description": "",
            "from": "vlan-2256",
            "id": "uni/infra/vlanns-[access]-static/from-[vlan-2256]-to-[vlan-2256]",
            "name_alias": "",
            "role": "external",
            "to": "vlan-2256",
            "vlan_pool_dn": "uni/infra/vlanns-[access]-static"
          },
          "sensitive_attributes": [],
          "private": "eyJzY2hlbWFfdmVyc2lvbiI6IjEifQ==",
          "dependencies": [
            "data.aci_vlan_pool.VLAN_Pool_access"
          ]
        }
      ]
    },
    {
      "mode": "managed",
      "type": "aci_ranges",
      "name": "VLAN_Range_access_2257",
      "provider": "provider[\"registry.terraform.io/ciscodevnet/aci\"]",
      "instances": [
        {
          "schema_version": 1,
          "attributes": {
            "alloc_mode": "inherit",
            "annotation": "orchestrator:terraform",
            "description": "",
            "from": "vlan-2257",
            "id": "uni/infra/vlanns-[access]-static/from-[vlan-2257]-to-[vlan-2257]",
            "name_alias": "",
            "role": "external",
            "to": "vlan-2257",
            "vlan_pool_dn": "uni/infra/vlanns-[access]-static"
          },
          "sensitive_attributes": [],
          "private": "eyJzY2hlbWFfdmVyc2lvbiI6IjEifQ==",
          "dependencies": [
            "data.aci_vlan_pool.VLAN_Pool_access"
          ]
        }
      ]
    },
    {
      "mode": "managed",
      "type": "aci_ranges",
      "name": "VLAN_Range_access_2258",
      "provider": "provider[\"registry.terraform.io/ciscodevnet/aci\"]",
      "instances": [
        {
          "schema_version": 1,
          "attributes": {
            "alloc_mode": "inherit",
            "annotation": "orchestrator:terraform",
            "description": "",
            "from": "vlan-2258",
            "id": "uni/infra/vlanns-[access]-static/from-[vlan-2258]-to-[vlan-2258]",
            "name_alias": "",
            "role": "external",
            "to": "vlan-2258",
            "vlan_pool_dn": "uni/infra/vlanns-[access]-static"
          },
          "sensitive_attributes": [],
          "private": "eyJzY2hlbWFfdmVyc2lvbiI6IjEifQ==",
          "dependencies": [
            "data.aci_vlan_pool.VLAN_Pool_access"
          ]
        }
      ]
    },
    {
      "mode": "managed",
      "type": "aci_ranges",
      "name": "VLAN_Range_access_2259",
      "provider": "provider[\"registry.terraform.io/ciscodevnet/aci\"]",
      "instances": [
        {
          "schema_version": 1,
          "attributes": {
            "alloc_mode": "inherit",
            "annotation": "orchestrator:terraform",
            "description": "",
            "from": "vlan-2259",
            "id": "uni/infra/vlanns-[access]-static/from-[vlan-2259]-to-[vlan-2259]",
            "name_alias": "",
            "role": "external",
            "to": "vlan-2259",
            "vlan_pool_dn": "uni/infra/vlanns-[access]-static"
          },
          "sensitive_attributes": [],
          "private": "eyJzY2hlbWFfdmVyc2lvbiI6IjEifQ==",
          "dependencies": [
            "data.aci_vlan_pool.VLAN_Pool_access"
          ]
        }
      ]
    },
    {
      "mode": "managed",
      "type": "aci_ranges",
      "name": "VLAN_Range_access_226",
      "provider": "provider[\"registry.terraform.io/ciscodevnet/aci\"]",
      "instances": [
        {
          "schema_version": 1,
          "attributes": {
            "alloc_mode": "inherit",
            "annotation": "orchestrator:terraform",
            "description": "",
            "from": "vlan-226",
            "id": "uni/infra/vlanns-[access]-static/from-[vlan-226]-to-[vlan-226]",
            "name_alias": "",
            "role": "external",
            "to": "vlan-226",
            "vlan_pool_dn": "uni/infra/vlanns-[access]-static"
          },
          "sensitive_attributes": [],
          "private": "eyJzY2hlbWFfdmVyc2lvbiI6IjEifQ==",
          "dependencies": [
            "data.aci_vlan_pool.VLAN_Pool_access"
          ]
        }
      ]
    },
    {
      "mode": "managed",
      "type": "aci_ranges",
      "name": "VLAN_Range_access_2260",
      "provider": "provider[\"registry.terraform.io/ciscodevnet/aci\"]",
      "instances": [
        {
          "schema_version": 1,
          "attributes": {
            "alloc_mode": "inherit",
            "annotation": "orchestrator:terraform",
            "description": "",
            "from": "vlan-2260",
            "id": "uni/infra/vlanns-[access]-static/from-[vlan-2260]-to-[vlan-2260]",
            "name_alias": "",
            "role": "external",
            "to": "vlan-2260",
            "vlan_pool_dn": "uni/infra/vlanns-[access]-static"
          },
          "sensitive_attributes": [],
          "private": "eyJzY2hlbWFfdmVyc2lvbiI6IjEifQ==",
          "dependencies": [
            "data.aci_vlan_pool.VLAN_Pool_access"
          ]
        }
      ]
    },
    {
      "mode": "managed",
      "type": "aci_ranges",
      "name": "VLAN_Range_access_2261",
      "provider": "provider[\"registry.terraform.io/ciscodevnet/aci\"]",
      "instances": [
        {
          "schema_version": 1,
          "attributes": {
            "alloc_mode": "inherit",
            "annotation": "orchestrator:terraform",
            "description": "",
            "from": "vlan-2261",
            "id": "uni/infra/vlanns-[access]-static/from-[vlan-2261]-to-[vlan-2261]",
            "name_alias": "",
            "role": "external",
            "to": "vlan-2261",
            "vlan_pool_dn": "uni/infra/vlanns-[access]-static"
          },
          "sensitive_attributes": [],
          "private": "eyJzY2hlbWFfdmVyc2lvbiI6IjEifQ==",
          "dependencies": [
            "data.aci_vlan_pool.VLAN_Pool_access"
          ]
        }
      ]
    },
    {
      "mode": "managed",
      "type": "aci_ranges",
      "name": "VLAN_Range_access_2262",
      "provider": "provider[\"registry.terraform.io/ciscodevnet/aci\"]",
      "instances": [
        {
          "schema_version": 1,
          "attributes": {
            "alloc_mode": "inherit",
            "annotation": "orchestrator:terraform",
            "description": "",
            "from": "vlan-2262",
            "id": "uni/infra/vlanns-[access]-static/from-[vlan-2262]-to-[vlan-2262]",
            "name_alias": "",
            "role": "external",
            "to": "vlan-2262",
            "vlan_pool_dn": "uni/infra/vlanns-[access]-static"
          },
          "sensitive_attributes": [],
          "private": "eyJzY2hlbWFfdmVyc2lvbiI6IjEifQ==",
          "dependencies": [
            "data.aci_vlan_pool.VLAN_Pool_access"
          ]
        }
      ]
    },
    {
      "mode": "managed",
      "type": "aci_ranges",
      "name": "VLAN_Range_access_2263",
      "provider": "provider[\"registry.terraform.io/ciscodevnet/aci\"]",
      "instances": [
        {
          "schema_version": 1,
          "attributes": {
            "alloc_mode": "inherit",
            "annotation": "orchestrator:terraform",
            "description": "",
            "from": "vlan-2263",
            "id": "uni/infra/vlanns-[access]-static/from-[vlan-2263]-to-[vlan-2263]",
            "name_alias": "",
            "role": "external",
            "to": "vlan-2263",
            "vlan_pool_dn": "uni/infra/vlanns-[access]-static"
          },
          "sensitive_attributes": [],
          "private": "eyJzY2hlbWFfdmVyc2lvbiI6IjEifQ==",
          "dependencies": [
            "data.aci_vlan_pool.VLAN_Pool_access"
          ]
        }
      ]
    },
    {
      "mode": "managed",
      "type": "aci_ranges",
      "name": "VLAN_Range_access_2264",
      "provider": "provider[\"registry.terraform.io/ciscodevnet/aci\"]",
      "instances": [
        {
          "schema_version": 1,
          "attributes": {
            "alloc_mode": "inherit",
            "annotation": "orchestrator:terraform",
            "description": "",
            "from": "vlan-2264",
            "id": "uni/infra/vlanns-[access]-static/from-[vlan-2264]-to-[vlan-2264]",
            "name_alias": "",
            "role": "external",
            "to": "vlan-2264",
            "vlan_pool_dn": "uni/infra/vlanns-[access]-static"
          },
          "sensitive_attributes": [],
          "private": "eyJzY2hlbWFfdmVyc2lvbiI6IjEifQ==",
          "dependencies": [
            "data.aci_vlan_pool.VLAN_Pool_access"
          ]
        }
      ]
    },
    {
      "mode": "managed",
      "type": "aci_ranges",
      "name": "VLAN_Range_access_2265",
      "provider": "provider[\"registry.terraform.io/ciscodevnet/aci\"]",
      "instances": [
        {
          "schema_version": 1,
          "attributes": {
            "alloc_mode": "inherit",
            "annotation": "orchestrator:terraform",
            "description": "",
            "from": "vlan-2265",
            "id": "uni/infra/vlanns-[access]-static/from-[vlan-2265]-to-[vlan-2265]",
            "name_alias": "",
            "role": "external",
            "to": "vlan-2265",
            "vlan_pool_dn": "uni/infra/vlanns-[access]-static"
          },
          "sensitive_attributes": [],
          "private": "eyJzY2hlbWFfdmVyc2lvbiI6IjEifQ==",
          "dependencies": [
            "data.aci_vlan_pool.VLAN_Pool_access"
          ]
        }
      ]
    },
    {
      "mode": "managed",
      "type": "aci_ranges",
      "name": "VLAN_Range_access_2266",
      "provider": "provider[\"registry.terraform.io/ciscodevnet/aci\"]",
      "instances": [
        {
          "schema_version": 1,
          "attributes": {
            "alloc_mode": "inherit",
            "annotation": "orchestrator:terraform",
            "description": "",
            "from": "vlan-2266",
            "id": "uni/infra/vlanns-[access]-static/from-[vlan-2266]-to-[vlan-2266]",
            "name_alias": "",
            "role": "external",
            "to": "vlan-2266",
            "vlan_pool_dn": "uni/infra/vlanns-[access]-static"
          },
          "sensitive_attributes": [],
          "private": "eyJzY2hlbWFfdmVyc2lvbiI6IjEifQ==",
          "dependencies": [
            "data.aci_vlan_pool.VLAN_Pool_access"
          ]
        }
      ]
    },
    {
      "mode": "managed",
      "type": "aci_ranges",
      "name": "VLAN_Range_access_2267",
      "provider": "provider[\"registry.terraform.io/ciscodevnet/aci\"]",
      "instances": [
        {
          "schema_version": 1,
          "attributes": {
            "alloc_mode": "inherit",
            "annotation": "orchestrator:terraform",
            "description": "",
            "from": "vlan-2267",
            "id": "uni/infra/vlanns-[access]-static/from-[vlan-2267]-to-[vlan-2267]",
            "name_alias": "",
            "role": "external",
            "to": "vlan-2267",
            "vlan_pool_dn": "uni/infra/vlanns-[access]-static"
          },
          "sensitive_attributes": [],
          "private": "eyJzY2hlbWFfdmVyc2lvbiI6IjEifQ==",
          "dependencies": [
            "data.aci_vlan_pool.VLAN_Pool_access"
          ]
        }
      ]
    },
    {
      "mode": "managed",
      "type": "aci_ranges",
      "name": "VLAN_Range_access_2268",
      "provider": "provider[\"registry.terraform.io/ciscodevnet/aci\"]",
      "instances": [
        {
          "schema_version": 1,
          "attributes": {
            "alloc_mode": "inherit",
            "annotation": "orchestrator:terraform",
            "description": "",
            "from": "vlan-2268",
            "id": "uni/infra/vlanns-[access]-static/from-[vlan-2268]-to-[vlan-2268]",
            "name_alias": "",
            "role": "external",
            "to": "vlan-2268",
            "vlan_pool_dn": "uni/infra/vlanns-[access]-static"
          },
          "sensitive_attributes": [],
          "private": "eyJzY2hlbWFfdmVyc2lvbiI6IjEifQ==",
          "dependencies": [
            "data.aci_vlan_pool.VLAN_Pool_access"
          ]
        }
      ]
    },
    {
      "mode": "managed",
      "type": "aci_ranges",
      "name": "VLAN_Range_access_2269",
      "provider": "provider[\"registry.terraform.io/ciscodevnet/aci\"]",
      "instances": [
        {
          "schema_version": 1,
          "attributes": {
            "alloc_mode": "inherit",
            "annotation": "orchestrator:terraform",
            "description": "",
            "from": "vlan-2269",
            "id": "uni/infra/vlanns-[access]-static/from-[vlan-2269]-to-[vlan-2269]",
            "name_alias": "",
            "role": "external",
            "to": "vlan-2269",
            "vlan_pool_dn": "uni/infra/vlanns-[access]-static"
          },
          "sensitive_attributes": [],
          "private": "eyJzY2hlbWFfdmVyc2lvbiI6IjEifQ==",
          "dependencies": [
            "data.aci_vlan_pool.VLAN_Pool_access"
          ]
        }
      ]
    },
    {
      "mode": "managed",
      "type": "aci_ranges",
      "name": "VLAN_Range_access_227",
      "provider": "provider[\"registry.terraform.io/ciscodevnet/aci\"]",
      "instances": [
        {
          "schema_version": 1,
          "attributes": {
            "alloc_mode": "inherit",
            "annotation": "orchestrator:terraform",
            "description": "",
            "from": "vlan-227",
            "id": "uni/infra/vlanns-[access]-static/from-[vlan-227]-to-[vlan-227]",
            "name_alias": "",
            "role": "external",
            "to": "vlan-227",
            "vlan_pool_dn": "uni/infra/vlanns-[access]-static"
          },
          "sensitive_attributes": [],
          "private": "eyJzY2hlbWFfdmVyc2lvbiI6IjEifQ==",
          "dependencies": [
            "data.aci_vlan_pool.VLAN_Pool_access"
          ]
        }
      ]
    },
    {
      "mode": "managed",
      "type": "aci_ranges",
      "name": "VLAN_Range_access_2270",
      "provider": "provider[\"registry.terraform.io/ciscodevnet/aci\"]",
      "instances": [
        {
          "schema_version": 1,
          "attributes": {
            "alloc_mode": "inherit",
            "annotation": "orchestrator:terraform",
            "description": "",
            "from": "vlan-2270",
            "id": "uni/infra/vlanns-[access]-static/from-[vlan-2270]-to-[vlan-2270]",
            "name_alias": "",
            "role": "external",
            "to": "vlan-2270",
            "vlan_pool_dn": "uni/infra/vlanns-[access]-static"
          },
          "sensitive_attributes": [],
          "private": "eyJzY2hlbWFfdmVyc2lvbiI6IjEifQ==",
          "dependencies": [
            "data.aci_vlan_pool.VLAN_Pool_access"
          ]
        }
      ]
    },
    {
      "mode": "managed",
      "type": "aci_ranges",
      "name": "VLAN_Range_access_2271",
      "provider": "provider[\"registry.terraform.io/ciscodevnet/aci\"]",
      "instances": [
        {
          "schema_version": 1,
          "attributes": {
            "alloc_mode": "inherit",
            "annotation": "orchestrator:terraform",
            "description": "",
            "from": "vlan-2271",
            "id": "uni/infra/vlanns-[access]-static/from-[vlan-2271]-to-[vlan-2271]",
            "name_alias": "",
            "role": "external",
            "to": "vlan-2271",
            "vlan_pool_dn": "uni/infra/vlanns-[access]-static"
          },
          "sensitive_attributes": [],
          "private": "eyJzY2hlbWFfdmVyc2lvbiI6IjEifQ==",
          "dependencies": [
            "data.aci_vlan_pool.VLAN_Pool_access"
          ]
        }
      ]
    },
    {
      "mode": "managed",
      "type": "aci_ranges",
      "name": "VLAN_Range_access_2272",
      "provider": "provider[\"registry.terraform.io/ciscodevnet/aci\"]",
      "instances": [
        {
          "schema_version": 1,
          "attributes": {
            "alloc_mode": "inherit",
            "annotation": "orchestrator:terraform",
            "description": "",
            "from": "vlan-2272",
            "id": "uni/infra/vlanns-[access]-static/from-[vlan-2272]-to-[vlan-2272]",
            "name_alias": "",
            "role": "external",
            "to": "vlan-2272",
            "vlan_pool_dn": "uni/infra/vlanns-[access]-static"
          },
          "sensitive_attributes": [],
          "private": "eyJzY2hlbWFfdmVyc2lvbiI6IjEifQ==",
          "dependencies": [
            "data.aci_vlan_pool.VLAN_Pool_access"
          ]
        }
      ]
    },
    {
      "mode": "managed",
      "type": "aci_ranges",
      "name": "VLAN_Range_access_2273",
      "provider": "provider[\"registry.terraform.io/ciscodevnet/aci\"]",
      "instances": [
        {
          "schema_version": 1,
          "attributes": {
            "alloc_mode": "inherit",
            "annotation": "orchestrator:terraform",
            "description": "",
            "from": "vlan-2273",
            "id": "uni/infra/vlanns-[access]-static/from-[vlan-2273]-to-[vlan-2273]",
            "name_alias": "",
            "role": "external",
            "to": "vlan-2273",
            "vlan_pool_dn": "uni/infra/vlanns-[access]-static"
          },
          "sensitive_attributes": [],
          "private": "eyJzY2hlbWFfdmVyc2lvbiI6IjEifQ==",
          "dependencies": [
            "data.aci_vlan_pool.VLAN_Pool_access"
          ]
        }
      ]
    },
    {
      "mode": "managed",
      "type": "aci_ranges",
      "name": "VLAN_Range_access_2274",
      "provider": "provider[\"registry.terraform.io/ciscodevnet/aci\"]",
      "instances": [
        {
          "schema_version": 1,
          "attributes": {
            "alloc_mode": "inherit",
            "annotation": "orchestrator:terraform",
            "description": "",
            "from": "vlan-2274",
            "id": "uni/infra/vlanns-[access]-static/from-[vlan-2274]-to-[vlan-2274]",
            "name_alias": "",
            "role": "external",
            "to": "vlan-2274",
            "vlan_pool_dn": "uni/infra/vlanns-[access]-static"
          },
          "sensitive_attributes": [],
          "private": "eyJzY2hlbWFfdmVyc2lvbiI6IjEifQ==",
          "dependencies": [
            "data.aci_vlan_pool.VLAN_Pool_access"
          ]
        }
      ]
    },
    {
      "mode": "managed",
      "type": "aci_ranges",
      "name": "VLAN_Range_access_2275",
      "provider": "provider[\"registry.terraform.io/ciscodevnet/aci\"]",
      "instances": [
        {
          "schema_version": 1,
          "attributes": {
            "alloc_mode": "inherit",
            "annotation": "orchestrator:terraform",
            "description": "",
            "from": "vlan-2275",
            "id": "uni/infra/vlanns-[access]-static/from-[vlan-2275]-to-[vlan-2275]",
            "name_alias": "",
            "role": "external",
            "to": "vlan-2275",
            "vlan_pool_dn": "uni/infra/vlanns-[access]-static"
          },
          "sensitive_attributes": [],
          "private": "eyJzY2hlbWFfdmVyc2lvbiI6IjEifQ==",
          "dependencies": [
            "data.aci_vlan_pool.VLAN_Pool_access"
          ]
        }
      ]
    },
    {
      "mode": "managed",
      "type": "aci_ranges",
      "name": "VLAN_Range_access_2276",
      "provider": "provider[\"registry.terraform.io/ciscodevnet/aci\"]",
      "instances": [
        {
          "schema_version": 1,
          "attributes": {
            "alloc_mode": "inherit",
            "annotation": "orchestrator:terraform",
            "description": "",
            "from": "vlan-2276",
            "id": "uni/infra/vlanns-[access]-static/from-[vlan-2276]-to-[vlan-2276]",
            "name_alias": "",
            "role": "external",
            "to": "vlan-2276",
            "vlan_pool_dn": "uni/infra/vlanns-[access]-static"
          },
          "sensitive_attributes": [],
          "private": "eyJzY2hlbWFfdmVyc2lvbiI6IjEifQ==",
          "dependencies": [
            "data.aci_vlan_pool.VLAN_Pool_access"
          ]
        }
      ]
    },
    {
      "mode": "managed",
      "type": "aci_ranges",
      "name": "VLAN_Range_access_2277",
      "provider": "provider[\"registry.terraform.io/ciscodevnet/aci\"]",
      "instances": [
        {
          "schema_version": 1,
          "attributes": {
            "alloc_mode": "inherit",
            "annotation": "orchestrator:terraform",
            "description": "",
            "from": "vlan-2277",
            "id": "uni/infra/vlanns-[access]-static/from-[vlan-2277]-to-[vlan-2277]",
            "name_alias": "",
            "role": "external",
            "to": "vlan-2277",
            "vlan_pool_dn": "uni/infra/vlanns-[access]-static"
          },
          "sensitive_attributes": [],
          "private": "eyJzY2hlbWFfdmVyc2lvbiI6IjEifQ==",
          "dependencies": [
            "data.aci_vlan_pool.VLAN_Pool_access"
          ]
        }
      ]
    },
    {
      "mode": "managed",
      "type": "aci_ranges",
      "name": "VLAN_Range_access_2278",
      "provider": "provider[\"registry.terraform.io/ciscodevnet/aci\"]",
      "instances": [
        {
          "schema_version": 1,
          "attributes": {
            "alloc_mode": "inherit",
            "annotation": "orchestrator:terraform",
            "description": "",
            "from": "vlan-2278",
            "id": "uni/infra/vlanns-[access]-static/from-[vlan-2278]-to-[vlan-2278]",
            "name_alias": "",
            "role": "external",
            "to": "vlan-2278",
            "vlan_pool_dn": "uni/infra/vlanns-[access]-static"
          },
          "sensitive_attributes": [],
          "private": "eyJzY2hlbWFfdmVyc2lvbiI6IjEifQ==",
          "dependencies": [
            "data.aci_vlan_pool.VLAN_Pool_access"
          ]
        }
      ]
    },
    {
      "mode": "managed",
      "type": "aci_ranges",
      "name": "VLAN_Range_access_2279",
      "provider": "provider[\"registry.terraform.io/ciscodevnet/aci\"]",
      "instances": [
        {
          "schema_version": 1,
          "attributes": {
            "alloc_mode": "inherit",
            "annotation": "orchestrator:terraform",
            "description": "",
            "from": "vlan-2279",
            "id": "uni/infra/vlanns-[access]-static/from-[vlan-2279]-to-[vlan-2279]",
            "name_alias": "",
            "role": "external",
            "to": "vlan-2279",
            "vlan_pool_dn": "uni/infra/vlanns-[access]-static"
          },
          "sensitive_attributes": [],
          "private": "eyJzY2hlbWFfdmVyc2lvbiI6IjEifQ==",
          "dependencies": [
            "data.aci_vlan_pool.VLAN_Pool_access"
          ]
        }
      ]
    },
    {
      "mode": "managed",
      "type": "aci_ranges",
      "name": "VLAN_Range_access_228",
      "provider": "provider[\"registry.terraform.io/ciscodevnet/aci\"]",
      "instances": [
        {
          "schema_version": 1,
          "attributes": {
            "alloc_mode": "inherit",
            "annotation": "orchestrator:terraform",
            "description": "",
            "from": "vlan-228",
            "id": "uni/infra/vlanns-[access]-static/from-[vlan-228]-to-[vlan-228]",
            "name_alias": "",
            "role": "external",
            "to": "vlan-228",
            "vlan_pool_dn": "uni/infra/vlanns-[access]-static"
          },
          "sensitive_attributes": [],
          "private": "eyJzY2hlbWFfdmVyc2lvbiI6IjEifQ==",
          "dependencies": [
            "data.aci_vlan_pool.VLAN_Pool_access"
          ]
        }
      ]
    },
    {
      "mode": "managed",
      "type": "aci_ranges",
      "name": "VLAN_Range_access_2280",
      "provider": "provider[\"registry.terraform.io/ciscodevnet/aci\"]",
      "instances": [
        {
          "schema_version": 1,
          "attributes": {
            "alloc_mode": "inherit",
            "annotation": "orchestrator:terraform",
            "description": "",
            "from": "vlan-2280",
            "id": "uni/infra/vlanns-[access]-static/from-[vlan-2280]-to-[vlan-2280]",
            "name_alias": "",
            "role": "external",
            "to": "vlan-2280",
            "vlan_pool_dn": "uni/infra/vlanns-[access]-static"
          },
          "sensitive_attributes": [],
          "private": "eyJzY2hlbWFfdmVyc2lvbiI6IjEifQ==",
          "dependencies": [
            "data.aci_vlan_pool.VLAN_Pool_access"
          ]
        }
      ]
    },
    {
      "mode": "managed",
      "type": "aci_ranges",
      "name": "VLAN_Range_access_2281",
      "provider": "provider[\"registry.terraform.io/ciscodevnet/aci\"]",
      "instances": [
        {
          "schema_version": 1,
          "attributes": {
            "alloc_mode": "inherit",
            "annotation": "orchestrator:terraform",
            "description": "",
            "from": "vlan-2281",
            "id": "uni/infra/vlanns-[access]-static/from-[vlan-2281]-to-[vlan-2281]",
            "name_alias": "",
            "role": "external",
            "to": "vlan-2281",
            "vlan_pool_dn": "uni/infra/vlanns-[access]-static"
          },
          "sensitive_attributes": [],
          "private": "eyJzY2hlbWFfdmVyc2lvbiI6IjEifQ==",
          "dependencies": [
            "data.aci_vlan_pool.VLAN_Pool_access"
          ]
        }
      ]
    },
    {
      "mode": "managed",
      "type": "aci_ranges",
      "name": "VLAN_Range_access_2282",
      "provider": "provider[\"registry.terraform.io/ciscodevnet/aci\"]",
      "instances": [
        {
          "schema_version": 1,
          "attributes": {
            "alloc_mode": "inherit",
            "annotation": "orchestrator:terraform",
            "description": "",
            "from": "vlan-2282",
            "id": "uni/infra/vlanns-[access]-static/from-[vlan-2282]-to-[vlan-2282]",
            "name_alias": "",
            "role": "external",
            "to": "vlan-2282",
            "vlan_pool_dn": "uni/infra/vlanns-[access]-static"
          },
          "sensitive_attributes": [],
          "private": "eyJzY2hlbWFfdmVyc2lvbiI6IjEifQ==",
          "dependencies": [
            "data.aci_vlan_pool.VLAN_Pool_access"
          ]
        }
      ]
    },
    {
      "mode": "managed",
      "type": "aci_ranges",
      "name": "VLAN_Range_access_2283",
      "provider": "provider[\"registry.terraform.io/ciscodevnet/aci\"]",
      "instances": [
        {
          "schema_version": 1,
          "attributes": {
            "alloc_mode": "inherit",
            "annotation": "orchestrator:terraform",
            "description": "",
            "from": "vlan-2283",
            "id": "uni/infra/vlanns-[access]-static/from-[vlan-2283]-to-[vlan-2283]",
            "name_alias": "",
            "role": "external",
            "to": "vlan-2283",
            "vlan_pool_dn": "uni/infra/vlanns-[access]-static"
          },
          "sensitive_attributes": [],
          "private": "eyJzY2hlbWFfdmVyc2lvbiI6IjEifQ==",
          "dependencies": [
            "data.aci_vlan_pool.VLAN_Pool_access"
          ]
        }
      ]
    },
    {
      "mode": "managed",
      "type": "aci_ranges",
      "name": "VLAN_Range_access_2284",
      "provider": "provider[\"registry.terraform.io/ciscodevnet/aci\"]",
      "instances": [
        {
          "schema_version": 1,
          "attributes": {
            "alloc_mode": "inherit",
            "annotation": "orchestrator:terraform",
            "description": "",
            "from": "vlan-2284",
            "id": "uni/infra/vlanns-[access]-static/from-[vlan-2284]-to-[vlan-2284]",
            "name_alias": "",
            "role": "external",
            "to": "vlan-2284",
            "vlan_pool_dn": "uni/infra/vlanns-[access]-static"
          },
          "sensitive_attributes": [],
          "private": "eyJzY2hlbWFfdmVyc2lvbiI6IjEifQ==",
          "dependencies": [
            "data.aci_vlan_pool.VLAN_Pool_access"
          ]
        }
      ]
    },
    {
      "mode": "managed",
      "type": "aci_ranges",
      "name": "VLAN_Range_access_2285",
      "provider": "provider[\"registry.terraform.io/ciscodevnet/aci\"]",
      "instances": [
        {
          "schema_version": 1,
          "attributes": {
            "alloc_mode": "inherit",
            "annotation": "orchestrator:terraform",
            "description": "",
            "from": "vlan-2285",
            "id": "uni/infra/vlanns-[access]-static/from-[vlan-2285]-to-[vlan-2285]",
            "name_alias": "",
            "role": "external",
            "to": "vlan-2285",
            "vlan_pool_dn": "uni/infra/vlanns-[access]-static"
          },
          "sensitive_attributes": [],
          "private": "eyJzY2hlbWFfdmVyc2lvbiI6IjEifQ==",
          "dependencies": [
            "data.aci_vlan_pool.VLAN_Pool_access"
          ]
        }
      ]
    },
    {
      "mode": "managed",
      "type": "aci_ranges",
      "name": "VLAN_Range_access_2286",
      "provider": "provider[\"registry.terraform.io/ciscodevnet/aci\"]",
      "instances": [
        {
          "schema_version": 1,
          "attributes": {
            "alloc_mode": "inherit",
            "annotation": "orchestrator:terraform",
            "description": "",
            "from": "vlan-2286",
            "id": "uni/infra/vlanns-[access]-static/from-[vlan-2286]-to-[vlan-2286]",
            "name_alias": "",
            "role": "external",
            "to": "vlan-2286",
            "vlan_pool_dn": "uni/infra/vlanns-[access]-static"
          },
          "sensitive_attributes": [],
          "private": "eyJzY2hlbWFfdmVyc2lvbiI6IjEifQ==",
          "dependencies": [
            "data.aci_vlan_pool.VLAN_Pool_access"
          ]
        }
      ]
    },
    {
      "mode": "managed",
      "type": "aci_ranges",
      "name": "VLAN_Range_access_2287",
      "provider": "provider[\"registry.terraform.io/ciscodevnet/aci\"]",
      "instances": [
        {
          "schema_version": 1,
          "attributes": {
            "alloc_mode": "inherit",
            "annotation": "orchestrator:terraform",
            "description": "",
            "from": "vlan-2287",
            "id": "uni/infra/vlanns-[access]-static/from-[vlan-2287]-to-[vlan-2287]",
            "name_alias": "",
            "role": "external",
            "to": "vlan-2287",
            "vlan_pool_dn": "uni/infra/vlanns-[access]-static"
          },
          "sensitive_attributes": [],
          "private": "eyJzY2hlbWFfdmVyc2lvbiI6IjEifQ==",
          "dependencies": [
            "data.aci_vlan_pool.VLAN_Pool_access"
          ]
        }
      ]
    },
    {
      "mode": "managed",
      "type": "aci_ranges",
      "name": "VLAN_Range_access_2288",
      "provider": "provider[\"registry.terraform.io/ciscodevnet/aci\"]",
      "instances": [
        {
          "schema_version": 1,
          "attributes": {
            "alloc_mode": "inherit",
            "annotation": "orchestrator:terraform",
            "description": "",
            "from": "vlan-2288",
            "id": "uni/infra/vlanns-[access]-static/from-[vlan-2288]-to-[vlan-2288]",
            "name_alias": "",
            "role": "external",
            "to": "vlan-2288",
            "vlan_pool_dn": "uni/infra/vlanns-[access]-static"
          },
          "sensitive_attributes": [],
          "private": "eyJzY2hlbWFfdmVyc2lvbiI6IjEifQ==",
          "dependencies": [
            "data.aci_vlan_pool.VLAN_Pool_access"
          ]
        }
      ]
    },
    {
      "mode": "managed",
      "type": "aci_ranges",
      "name": "VLAN_Range_access_2289",
      "provider": "provider[\"registry.terraform.io/ciscodevnet/aci\"]",
      "instances": [
        {
          "schema_version": 1,
          "attributes": {
            "alloc_mode": "inherit",
            "annotation": "orchestrator:terraform",
            "description": "",
            "from": "vlan-2289",
            "id": "uni/infra/vlanns-[access]-static/from-[vlan-2289]-to-[vlan-2289]",
            "name_alias": "",
            "role": "external",
            "to": "vlan-2289",
            "vlan_pool_dn": "uni/infra/vlanns-[access]-static"
          },
          "sensitive_attributes": [],
          "private": "eyJzY2hlbWFfdmVyc2lvbiI6IjEifQ==",
          "dependencies": [
            "data.aci_vlan_pool.VLAN_Pool_access"
          ]
        }
      ]
    },
    {
      "mode": "managed",
      "type": "aci_ranges",
      "name": "VLAN_Range_access_229",
      "provider": "provider[\"registry.terraform.io/ciscodevnet/aci\"]",
      "instances": [
        {
          "schema_version": 1,
          "attributes": {
            "alloc_mode": "inherit",
            "annotation": "orchestrator:terraform",
            "description": "",
            "from": "vlan-229",
            "id": "uni/infra/vlanns-[access]-static/from-[vlan-229]-to-[vlan-229]",
            "name_alias": "",
            "role": "external",
            "to": "vlan-229",
            "vlan_pool_dn": "uni/infra/vlanns-[access]-static"
          },
          "sensitive_attributes": [],
          "private": "eyJzY2hlbWFfdmVyc2lvbiI6IjEifQ==",
          "dependencies": [
            "data.aci_vlan_pool.VLAN_Pool_access"
          ]
        }
      ]
    },
    {
      "mode": "managed",
      "type": "aci_ranges",
      "name": "VLAN_Range_access_2290",
      "provider": "provider[\"registry.terraform.io/ciscodevnet/aci\"]",
      "instances": [
        {
          "schema_version": 1,
          "attributes": {
            "alloc_mode": "inherit",
            "annotation": "orchestrator:terraform",
            "description": "",
            "from": "vlan-2290",
            "id": "uni/infra/vlanns-[access]-static/from-[vlan-2290]-to-[vlan-2290]",
            "name_alias": "",
            "role": "external",
            "to": "vlan-2290",
            "vlan_pool_dn": "uni/infra/vlanns-[access]-static"
          },
          "sensitive_attributes": [],
          "private": "eyJzY2hlbWFfdmVyc2lvbiI6IjEifQ==",
          "dependencies": [
            "data.aci_vlan_pool.VLAN_Pool_access"
          ]
        }
      ]
    },
    {
      "mode": "managed",
      "type": "aci_ranges",
      "name": "VLAN_Range_access_2291",
      "provider": "provider[\"registry.terraform.io/ciscodevnet/aci\"]",
      "instances": [
        {
          "schema_version": 1,
          "attributes": {
            "alloc_mode": "inherit",
            "annotation": "orchestrator:terraform",
            "description": "",
            "from": "vlan-2291",
            "id": "uni/infra/vlanns-[access]-static/from-[vlan-2291]-to-[vlan-2291]",
            "name_alias": "",
            "role": "external",
            "to": "vlan-2291",
            "vlan_pool_dn": "uni/infra/vlanns-[access]-static"
          },
          "sensitive_attributes": [],
          "private": "eyJzY2hlbWFfdmVyc2lvbiI6IjEifQ==",
          "dependencies": [
            "data.aci_vlan_pool.VLAN_Pool_access"
          ]
        }
      ]
    },
    {
      "mode": "managed",
      "type": "aci_ranges",
      "name": "VLAN_Range_access_2292",
      "provider": "provider[\"registry.terraform.io/ciscodevnet/aci\"]",
      "instances": [
        {
          "schema_version": 1,
          "attributes": {
            "alloc_mode": "inherit",
            "annotation": "orchestrator:terraform",
            "description": "",
            "from": "vlan-2292",
            "id": "uni/infra/vlanns-[access]-static/from-[vlan-2292]-to-[vlan-2292]",
            "name_alias": "",
            "role": "external",
            "to": "vlan-2292",
            "vlan_pool_dn": "uni/infra/vlanns-[access]-static"
          },
          "sensitive_attributes": [],
          "private": "eyJzY2hlbWFfdmVyc2lvbiI6IjEifQ==",
          "dependencies": [
            "data.aci_vlan_pool.VLAN_Pool_access"
          ]
        }
      ]
    },
    {
      "mode": "managed",
      "type": "aci_ranges",
      "name": "VLAN_Range_access_2293",
      "provider": "provider[\"registry.terraform.io/ciscodevnet/aci\"]",
      "instances": [
        {
          "schema_version": 1,
          "attributes": {
            "alloc_mode": "inherit",
            "annotation": "orchestrator:terraform",
            "description": "",
            "from": "vlan-2293",
            "id": "uni/infra/vlanns-[access]-static/from-[vlan-2293]-to-[vlan-2293]",
            "name_alias": "",
            "role": "external",
            "to": "vlan-2293",
            "vlan_pool_dn": "uni/infra/vlanns-[access]-static"
          },
          "sensitive_attributes": [],
          "private": "eyJzY2hlbWFfdmVyc2lvbiI6IjEifQ==",
          "dependencies": [
            "data.aci_vlan_pool.VLAN_Pool_access"
          ]
        }
      ]
    },
    {
      "mode": "managed",
      "type": "aci_ranges",
      "name": "VLAN_Range_access_2294",
      "provider": "provider[\"registry.terraform.io/ciscodevnet/aci\"]",
      "instances": [
        {
          "schema_version": 1,
          "attributes": {
            "alloc_mode": "inherit",
            "annotation": "orchestrator:terraform",
            "description": "",
            "from": "vlan-2294",
            "id": "uni/infra/vlanns-[access]-static/from-[vlan-2294]-to-[vlan-2294]",
            "name_alias": "",
            "role": "external",
            "to": "vlan-2294",
            "vlan_pool_dn": "uni/infra/vlanns-[access]-static"
          },
          "sensitive_attributes": [],
          "private": "eyJzY2hlbWFfdmVyc2lvbiI6IjEifQ==",
          "dependencies": [
            "data.aci_vlan_pool.VLAN_Pool_access"
          ]
        }
      ]
    },
    {
      "mode": "managed",
      "type": "aci_ranges",
      "name": "VLAN_Range_access_2295",
      "provider": "provider[\"registry.terraform.io/ciscodevnet/aci\"]",
      "instances": [
        {
          "schema_version": 1,
          "attributes": {
            "alloc_mode": "inherit",
            "annotation": "orchestrator:terraform",
            "description": "",
            "from": "vlan-2295",
            "id": "uni/infra/vlanns-[access]-static/from-[vlan-2295]-to-[vlan-2295]",
            "name_alias": "",
            "role": "external",
            "to": "vlan-2295",
            "vlan_pool_dn": "uni/infra/vlanns-[access]-static"
          },
          "sensitive_attributes": [],
          "private": "eyJzY2hlbWFfdmVyc2lvbiI6IjEifQ==",
          "dependencies": [
            "data.aci_vlan_pool.VLAN_Pool_access"
          ]
        }
      ]
    },
    {
      "mode": "managed",
      "type": "aci_ranges",
      "name": "VLAN_Range_access_2296",
      "provider": "provider[\"registry.terraform.io/ciscodevnet/aci\"]",
      "instances": [
        {
          "schema_version": 1,
          "attributes": {
            "alloc_mode": "inherit",
            "annotation": "orchestrator:terraform",
            "description": "",
            "from": "vlan-2296",
            "id": "uni/infra/vlanns-[access]-static/from-[vlan-2296]-to-[vlan-2296]",
            "name_alias": "",
            "role": "external",
            "to": "vlan-2296",
            "vlan_pool_dn": "uni/infra/vlanns-[access]-static"
          },
          "sensitive_attributes": [],
          "private": "eyJzY2hlbWFfdmVyc2lvbiI6IjEifQ==",
          "dependencies": [
            "data.aci_vlan_pool.VLAN_Pool_access"
          ]
        }
      ]
    },
    {
      "mode": "managed",
      "type": "aci_ranges",
      "name": "VLAN_Range_access_2297",
      "provider": "provider[\"registry.terraform.io/ciscodevnet/aci\"]",
      "instances": [
        {
          "schema_version": 1,
          "attributes": {
            "alloc_mode": "inherit",
            "annotation": "orchestrator:terraform",
            "description": "",
            "from": "vlan-2297",
            "id": "uni/infra/vlanns-[access]-static/from-[vlan-2297]-to-[vlan-2297]",
            "name_alias": "",
            "role": "external",
            "to": "vlan-2297",
            "vlan_pool_dn": "uni/infra/vlanns-[access]-static"
          },
          "sensitive_attributes": [],
          "private": "eyJzY2hlbWFfdmVyc2lvbiI6IjEifQ==",
          "dependencies": [
            "data.aci_vlan_pool.VLAN_Pool_access"
          ]
        }
      ]
    },
    {
      "mode": "managed",
      "type": "aci_ranges",
      "name": "VLAN_Range_access_2298",
      "provider": "provider[\"registry.terraform.io/ciscodevnet/aci\"]",
      "instances": [
        {
          "schema_version": 1,
          "attributes": {
            "alloc_mode": "inherit",
            "annotation": "orchestrator:terraform",
            "description": "",
            "from": "vlan-2298",
            "id": "uni/infra/vlanns-[access]-static/from-[vlan-2298]-to-[vlan-2298]",
            "name_alias": "",
            "role": "external",
            "to": "vlan-2298",
            "vlan_pool_dn": "uni/infra/vlanns-[access]-static"
          },
          "sensitive_attributes": [],
          "private": "eyJzY2hlbWFfdmVyc2lvbiI6IjEifQ==",
          "dependencies": [
            "data.aci_vlan_pool.VLAN_Pool_access"
          ]
        }
      ]
    },
    {
      "mode": "managed",
      "type": "aci_ranges",
      "name": "VLAN_Range_access_2299",
      "provider": "provider[\"registry.terraform.io/ciscodevnet/aci\"]",
      "instances": [
        {
          "schema_version": 1,
          "attributes": {
            "alloc_mode": "inherit",
            "annotation": "orchestrator:terraform",
            "description": "",
            "from": "vlan-2299",
            "id": "uni/infra/vlanns-[access]-static/from-[vlan-2299]-to-[vlan-2299]",
            "name_alias": "",
            "role": "external",
            "to": "vlan-2299",
            "vlan_pool_dn": "uni/infra/vlanns-[access]-static"
          },
          "sensitive_attributes": [],
          "private": "eyJzY2hlbWFfdmVyc2lvbiI6IjEifQ==",
          "dependencies": [
            "data.aci_vlan_pool.VLAN_Pool_access"
          ]
        }
      ]
    },
    {
      "mode": "managed",
      "type": "aci_ranges",
      "name": "VLAN_Range_access_230",
      "provider": "provider[\"registry.terraform.io/ciscodevnet/aci\"]",
      "instances": [
        {
          "schema_version": 1,
          "attributes": {
            "alloc_mode": "inherit",
            "annotation": "orchestrator:terraform",
            "description": "",
            "from": "vlan-230",
            "id": "uni/infra/vlanns-[access]-static/from-[vlan-230]-to-[vlan-230]",
            "name_alias": "",
            "role": "external",
            "to": "vlan-230",
            "vlan_pool_dn": "uni/infra/vlanns-[access]-static"
          },
          "sensitive_attributes": [],
          "private": "eyJzY2hlbWFfdmVyc2lvbiI6IjEifQ==",
          "dependencies": [
            "data.aci_vlan_pool.VLAN_Pool_access"
          ]
        }
      ]
    },
    {
      "mode": "managed",
      "type": "aci_ranges",
      "name": "VLAN_Range_access_231",
      "provider": "provider[\"registry.terraform.io/ciscodevnet/aci\"]",
      "instances": [
        {
          "schema_version": 1,
          "attributes": {
            "alloc_mode": "inherit",
            "annotation": "orchestrator:terraform",
            "description": "",
            "from": "vlan-231",
            "id": "uni/infra/vlanns-[access]-static/from-[vlan-231]-to-[vlan-231]",
            "name_alias": "",
            "role": "external",
            "to": "vlan-231",
            "vlan_pool_dn": "uni/infra/vlanns-[access]-static"
          },
          "sensitive_attributes": [],
          "private": "eyJzY2hlbWFfdmVyc2lvbiI6IjEifQ==",
          "dependencies": [
            "data.aci_vlan_pool.VLAN_Pool_access"
          ]
        }
      ]
    },
    {
      "mode": "managed",
      "type": "aci_ranges",
      "name": "VLAN_Range_access_232",
      "provider": "provider[\"registry.terraform.io/ciscodevnet/aci\"]",
      "instances": [
        {
          "schema_version": 1,
          "attributes": {
            "alloc_mode": "inherit",
            "annotation": "orchestrator:terraform",
            "description": "",
            "from": "vlan-232",
            "id": "uni/infra/vlanns-[access]-static/from-[vlan-232]-to-[vlan-232]",
            "name_alias": "",
            "role": "external",
            "to": "vlan-232",
            "vlan_pool_dn": "uni/infra/vlanns-[access]-static"
          },
          "sensitive_attributes": [],
          "private": "eyJzY2hlbWFfdmVyc2lvbiI6IjEifQ==",
          "dependencies": [
            "data.aci_vlan_pool.VLAN_Pool_access"
          ]
        }
      ]
    },
    {
      "mode": "managed",
      "type": "aci_ranges",
      "name": "VLAN_Range_access_233",
      "provider": "provider[\"registry.terraform.io/ciscodevnet/aci\"]",
      "instances": [
        {
          "schema_version": 1,
          "attributes": {
            "alloc_mode": "inherit",
            "annotation": "orchestrator:terraform",
            "description": "",
            "from": "vlan-233",
            "id": "uni/infra/vlanns-[access]-static/from-[vlan-233]-to-[vlan-233]",
            "name_alias": "",
            "role": "external",
            "to": "vlan-233",
            "vlan_pool_dn": "uni/infra/vlanns-[access]-static"
          },
          "sensitive_attributes": [],
          "private": "eyJzY2hlbWFfdmVyc2lvbiI6IjEifQ==",
          "dependencies": [
            "data.aci_vlan_pool.VLAN_Pool_access"
          ]
        }
      ]
    },
    {
      "mode": "managed",
      "type": "aci_ranges",
      "name": "VLAN_Range_access_234",
      "provider": "provider[\"registry.terraform.io/ciscodevnet/aci\"]",
      "instances": [
        {
          "schema_version": 1,
          "attributes": {
            "alloc_mode": "inherit",
            "annotation": "orchestrator:terraform",
            "description": "",
            "from": "vlan-234",
            "id": "uni/infra/vlanns-[access]-static/from-[vlan-234]-to-[vlan-234]",
            "name_alias": "",
            "role": "external",
            "to": "vlan-234",
            "vlan_pool_dn": "uni/infra/vlanns-[access]-static"
          },
          "sensitive_attributes": [],
          "private": "eyJzY2hlbWFfdmVyc2lvbiI6IjEifQ==",
          "dependencies": [
            "data.aci_vlan_pool.VLAN_Pool_access"
          ]
        }
      ]
    },
    {
      "mode": "managed",
      "type": "aci_ranges",
      "name": "VLAN_Range_access_235",
      "provider": "provider[\"registry.terraform.io/ciscodevnet/aci\"]",
      "instances": [
        {
          "schema_version": 1,
          "attributes": {
            "alloc_mode": "inherit",
            "annotation": "orchestrator:terraform",
            "description": "",
            "from": "vlan-235",
            "id": "uni/infra/vlanns-[access]-static/from-[vlan-235]-to-[vlan-235]",
            "name_alias": "",
            "role": "external",
            "to": "vlan-235",
            "vlan_pool_dn": "uni/infra/vlanns-[access]-static"
          },
          "sensitive_attributes": [],
          "private": "eyJzY2hlbWFfdmVyc2lvbiI6IjEifQ==",
          "dependencies": [
            "data.aci_vlan_pool.VLAN_Pool_access"
          ]
        }
      ]
    },
    {
      "mode": "managed",
      "type": "aci_ranges",
      "name": "VLAN_Range_access_236",
      "provider": "provider[\"registry.terraform.io/ciscodevnet/aci\"]",
      "instances": [
        {
          "schema_version": 1,
          "attributes": {
            "alloc_mode": "inherit",
            "annotation": "orchestrator:terraform",
            "description": "",
            "from": "vlan-236",
            "id": "uni/infra/vlanns-[access]-static/from-[vlan-236]-to-[vlan-236]",
            "name_alias": "",
            "role": "external",
            "to": "vlan-236",
            "vlan_pool_dn": "uni/infra/vlanns-[access]-static"
          },
          "sensitive_attributes": [],
          "private": "eyJzY2hlbWFfdmVyc2lvbiI6IjEifQ==",
          "dependencies": [
            "data.aci_vlan_pool.VLAN_Pool_access"
          ]
        }
      ]
    },
    {
      "mode": "managed",
      "type": "aci_ranges",
      "name": "VLAN_Range_access_237",
      "provider": "provider[\"registry.terraform.io/ciscodevnet/aci\"]",
      "instances": [
        {
          "schema_version": 1,
          "attributes": {
            "alloc_mode": "inherit",
            "annotation": "orchestrator:terraform",
            "description": "",
            "from": "vlan-237",
            "id": "uni/infra/vlanns-[access]-static/from-[vlan-237]-to-[vlan-237]",
            "name_alias": "",
            "role": "external",
            "to": "vlan-237",
            "vlan_pool_dn": "uni/infra/vlanns-[access]-static"
          },
          "sensitive_attributes": [],
          "private": "eyJzY2hlbWFfdmVyc2lvbiI6IjEifQ==",
          "dependencies": [
            "data.aci_vlan_pool.VLAN_Pool_access"
          ]
        }
      ]
    },
    {
      "mode": "managed",
      "type": "aci_ranges",
      "name": "VLAN_Range_access_238",
      "provider": "provider[\"registry.terraform.io/ciscodevnet/aci\"]",
      "instances": [
        {
          "schema_version": 1,
          "attributes": {
            "alloc_mode": "inherit",
            "annotation": "orchestrator:terraform",
            "description": "",
            "from": "vlan-238",
            "id": "uni/infra/vlanns-[access]-static/from-[vlan-238]-to-[vlan-238]",
            "name_alias": "",
            "role": "external",
            "to": "vlan-238",
            "vlan_pool_dn": "uni/infra/vlanns-[access]-static"
          },
          "sensitive_attributes": [],
          "private": "eyJzY2hlbWFfdmVyc2lvbiI6IjEifQ==",
          "dependencies": [
            "data.aci_vlan_pool.VLAN_Pool_access"
          ]
        }
      ]
    },
    {
      "mode": "managed",
      "type": "aci_ranges",
      "name": "VLAN_Range_access_239",
      "provider": "provider[\"registry.terraform.io/ciscodevnet/aci\"]",
      "instances": [
        {
          "schema_version": 1,
          "attributes": {
            "alloc_mode": "inherit",
            "annotation": "orchestrator:terraform",
            "description": "",
            "from": "vlan-239",
            "id": "uni/infra/vlanns-[access]-static/from-[vlan-239]-to-[vlan-239]",
            "name_alias": "",
            "role": "external",
            "to": "vlan-239",
            "vlan_pool_dn": "uni/infra/vlanns-[access]-static"
          },
          "sensitive_attributes": [],
          "private": "eyJzY2hlbWFfdmVyc2lvbiI6IjEifQ==",
          "dependencies": [
            "data.aci_vlan_pool.VLAN_Pool_access"
          ]
        }
      ]
    },
    {
      "mode": "managed",
      "type": "aci_ranges",
      "name": "VLAN_Range_access_240",
      "provider": "provider[\"registry.terraform.io/ciscodevnet/aci\"]",
      "instances": [
        {
          "schema_version": 1,
          "attributes": {
            "alloc_mode": "inherit",
            "annotation": "orchestrator:terraform",
            "description": "",
            "from": "vlan-240",
            "id": "uni/infra/vlanns-[access]-static/from-[vlan-240]-to-[vlan-240]",
            "name_alias": "",
            "role": "external",
            "to": "vlan-240",
            "vlan_pool_dn": "uni/infra/vlanns-[access]-static"
          },
          "sensitive_attributes": [],
          "private": "eyJzY2hlbWFfdmVyc2lvbiI6IjEifQ==",
          "dependencies": [
            "data.aci_vlan_pool.VLAN_Pool_access"
          ]
        }
      ]
    },
    {
      "mode": "managed",
      "type": "aci_ranges",
      "name": "VLAN_Range_access_241",
      "provider": "provider[\"registry.terraform.io/ciscodevnet/aci\"]",
      "instances": [
        {
          "schema_version": 1,
          "attributes": {
            "alloc_mode": "inherit",
            "annotation": "orchestrator:terraform",
            "description": "",
            "from": "vlan-241",
            "id": "uni/infra/vlanns-[access]-static/from-[vlan-241]-to-[vlan-241]",
            "name_alias": "",
            "role": "external",
            "to": "vlan-241",
            "vlan_pool_dn": "uni/infra/vlanns-[access]-static"
          },
          "sensitive_attributes": [],
          "private": "eyJzY2hlbWFfdmVyc2lvbiI6IjEifQ==",
          "dependencies": [
            "data.aci_vlan_pool.VLAN_Pool_access"
          ]
        }
      ]
    },
    {
      "mode": "managed",
      "type": "aci_ranges",
      "name": "VLAN_Range_access_242",
      "provider": "provider[\"registry.terraform.io/ciscodevnet/aci\"]",
      "instances": [
        {
          "schema_version": 1,
          "attributes": {
            "alloc_mode": "inherit",
            "annotation": "orchestrator:terraform",
            "description": "",
            "from": "vlan-242",
            "id": "uni/infra/vlanns-[access]-static/from-[vlan-242]-to-[vlan-242]",
            "name_alias": "",
            "role": "external",
            "to": "vlan-242",
            "vlan_pool_dn": "uni/infra/vlanns-[access]-static"
          },
          "sensitive_attributes": [],
          "private": "eyJzY2hlbWFfdmVyc2lvbiI6IjEifQ==",
          "dependencies": [
            "data.aci_vlan_pool.VLAN_Pool_access"
          ]
        }
      ]
    },
    {
      "mode": "managed",
      "type": "aci_ranges",
      "name": "VLAN_Range_access_243",
      "provider": "provider[\"registry.terraform.io/ciscodevnet/aci\"]",
      "instances": [
        {
          "schema_version": 1,
          "attributes": {
            "alloc_mode": "inherit",
            "annotation": "orchestrator:terraform",
            "description": "",
            "from": "vlan-243",
            "id": "uni/infra/vlanns-[access]-static/from-[vlan-243]-to-[vlan-243]",
            "name_alias": "",
            "role": "external",
            "to": "vlan-243",
            "vlan_pool_dn": "uni/infra/vlanns-[access]-static"
          },
          "sensitive_attributes": [],
          "private": "eyJzY2hlbWFfdmVyc2lvbiI6IjEifQ==",
          "dependencies": [
            "data.aci_vlan_pool.VLAN_Pool_access"
          ]
        }
      ]
    },
    {
      "mode": "managed",
      "type": "aci_ranges",
      "name": "VLAN_Range_access_244",
      "provider": "provider[\"registry.terraform.io/ciscodevnet/aci\"]",
      "instances": [
        {
          "schema_version": 1,
          "attributes": {
            "alloc_mode": "inherit",
            "annotation": "orchestrator:terraform",
            "description": "",
            "from": "vlan-244",
            "id": "uni/infra/vlanns-[access]-static/from-[vlan-244]-to-[vlan-244]",
            "name_alias": "",
            "role": "external",
            "to": "vlan-244",
            "vlan_pool_dn": "uni/infra/vlanns-[access]-static"
          },
          "sensitive_attributes": [],
          "private": "eyJzY2hlbWFfdmVyc2lvbiI6IjEifQ==",
          "dependencies": [
            "data.aci_vlan_pool.VLAN_Pool_access"
          ]
        }
      ]
    },
    {
      "mode": "managed",
      "type": "aci_ranges",
      "name": "VLAN_Range_access_245",
      "provider": "provider[\"registry.terraform.io/ciscodevnet/aci\"]",
      "instances": [
        {
          "schema_version": 1,
          "attributes": {
            "alloc_mode": "inherit",
            "annotation": "orchestrator:terraform",
            "description": "",
            "from": "vlan-245",
            "id": "uni/infra/vlanns-[access]-static/from-[vlan-245]-to-[vlan-245]",
            "name_alias": "",
            "role": "external",
            "to": "vlan-245",
            "vlan_pool_dn": "uni/infra/vlanns-[access]-static"
          },
          "sensitive_attributes": [],
          "private": "eyJzY2hlbWFfdmVyc2lvbiI6IjEifQ==",
          "dependencies": [
            "data.aci_vlan_pool.VLAN_Pool_access"
          ]
        }
      ]
    },
    {
      "mode": "managed",
      "type": "aci_ranges",
      "name": "VLAN_Range_access_246",
      "provider": "provider[\"registry.terraform.io/ciscodevnet/aci\"]",
      "instances": [
        {
          "schema_version": 1,
          "attributes": {
            "alloc_mode": "inherit",
            "annotation": "orchestrator:terraform",
            "description": "",
            "from": "vlan-246",
            "id": "uni/infra/vlanns-[access]-static/from-[vlan-246]-to-[vlan-246]",
            "name_alias": "",
            "role": "external",
            "to": "vlan-246",
            "vlan_pool_dn": "uni/infra/vlanns-[access]-static"
          },
          "sensitive_attributes": [],
          "private": "eyJzY2hlbWFfdmVyc2lvbiI6IjEifQ==",
          "dependencies": [
            "data.aci_vlan_pool.VLAN_Pool_access"
          ]
        }
      ]
    },
    {
      "mode": "managed",
      "type": "aci_ranges",
      "name": "VLAN_Range_access_247",
      "provider": "provider[\"registry.terraform.io/ciscodevnet/aci\"]",
      "instances": [
        {
          "schema_version": 1,
          "attributes": {
            "alloc_mode": "inherit",
            "annotation": "orchestrator:terraform",
            "description": "",
            "from": "vlan-247",
            "id": "uni/infra/vlanns-[access]-static/from-[vlan-247]-to-[vlan-247]",
            "name_alias": "",
            "role": "external",
            "to": "vlan-247",
            "vlan_pool_dn": "uni/infra/vlanns-[access]-static"
          },
          "sensitive_attributes": [],
          "private": "eyJzY2hlbWFfdmVyc2lvbiI6IjEifQ==",
          "dependencies": [
            "data.aci_vlan_pool.VLAN_Pool_access"
          ]
        }
      ]
    },
    {
      "mode": "managed",
      "type": "aci_ranges",
      "name": "VLAN_Range_access_248",
      "provider": "provider[\"registry.terraform.io/ciscodevnet/aci\"]",
      "instances": [
        {
          "schema_version": 1,
          "attributes": {
            "alloc_mode": "inherit",
            "annotation": "orchestrator:terraform",
            "description": "",
            "from": "vlan-248",
            "id": "uni/infra/vlanns-[access]-static/from-[vlan-248]-to-[vlan-248]",
            "name_alias": "",
            "role": "external",
            "to": "vlan-248",
            "vlan_pool_dn": "uni/infra/vlanns-[access]-static"
          },
          "sensitive_attributes": [],
          "private": "eyJzY2hlbWFfdmVyc2lvbiI6IjEifQ==",
          "dependencies": [
            "data.aci_vlan_pool.VLAN_Pool_access"
          ]
        }
      ]
    },
    {
      "mode": "managed",
      "type": "aci_ranges",
      "name": "VLAN_Range_access_249",
      "provider": "provider[\"registry.terraform.io/ciscodevnet/aci\"]",
      "instances": [
        {
          "schema_version": 1,
          "attributes": {
            "alloc_mode": "inherit",
            "annotation": "orchestrator:terraform",
            "description": "",
            "from": "vlan-249",
            "id": "uni/infra/vlanns-[access]-static/from-[vlan-249]-to-[vlan-249]",
            "name_alias": "",
            "role": "external",
            "to": "vlan-249",
            "vlan_pool_dn": "uni/infra/vlanns-[access]-static"
          },
          "sensitive_attributes": [],
          "private": "eyJzY2hlbWFfdmVyc2lvbiI6IjEifQ==",
          "dependencies": [
            "data.aci_vlan_pool.VLAN_Pool_access"
          ]
        }
      ]
    },
    {
      "mode": "managed",
      "type": "aci_ranges",
      "name": "VLAN_Range_access_250",
      "provider": "provider[\"registry.terraform.io/ciscodevnet/aci\"]",
      "instances": [
        {
          "schema_version": 1,
          "attributes": {
            "alloc_mode": "inherit",
            "annotation": "orchestrator:terraform",
            "description": "",
            "from": "vlan-250",
            "id": "uni/infra/vlanns-[access]-static/from-[vlan-250]-to-[vlan-250]",
            "name_alias": "",
            "role": "external",
            "to": "vlan-250",
            "vlan_pool_dn": "uni/infra/vlanns-[access]-static"
          },
          "sensitive_attributes": [],
          "private": "eyJzY2hlbWFfdmVyc2lvbiI6IjEifQ==",
          "dependencies": [
            "data.aci_vlan_pool.VLAN_Pool_access"
          ]
        }
      ]
    },
    {
      "mode": "managed",
      "type": "aci_ranges",
      "name": "VLAN_Range_access_251",
      "provider": "provider[\"registry.terraform.io/ciscodevnet/aci\"]",
      "instances": [
        {
          "schema_version": 1,
          "attributes": {
            "alloc_mode": "inherit",
            "annotation": "orchestrator:terraform",
            "description": "",
            "from": "vlan-251",
            "id": "uni/infra/vlanns-[access]-static/from-[vlan-251]-to-[vlan-251]",
            "name_alias": "",
            "role": "external",
            "to": "vlan-251",
            "vlan_pool_dn": "uni/infra/vlanns-[access]-static"
          },
          "sensitive_attributes": [],
          "private": "eyJzY2hlbWFfdmVyc2lvbiI6IjEifQ==",
          "dependencies": [
            "data.aci_vlan_pool.VLAN_Pool_access"
          ]
        }
      ]
    },
    {
      "mode": "managed",
      "type": "aci_ranges",
      "name": "VLAN_Range_access_252",
      "provider": "provider[\"registry.terraform.io/ciscodevnet/aci\"]",
      "instances": [
        {
          "schema_version": 1,
          "attributes": {
            "alloc_mode": "inherit",
            "annotation": "orchestrator:terraform",
            "description": "",
            "from": "vlan-252",
            "id": "uni/infra/vlanns-[access]-static/from-[vlan-252]-to-[vlan-252]",
            "name_alias": "",
            "role": "external",
            "to": "vlan-252",
            "vlan_pool_dn": "uni/infra/vlanns-[access]-static"
          },
          "sensitive_attributes": [],
          "private": "eyJzY2hlbWFfdmVyc2lvbiI6IjEifQ==",
          "dependencies": [
            "data.aci_vlan_pool.VLAN_Pool_access"
          ]
        }
      ]
    },
    {
      "mode": "managed",
      "type": "aci_ranges",
      "name": "VLAN_Range_access_253",
      "provider": "provider[\"registry.terraform.io/ciscodevnet/aci\"]",
      "instances": [
        {
          "schema_version": 1,
          "attributes": {
            "alloc_mode": "inherit",
            "annotation": "orchestrator:terraform",
            "description": "",
            "from": "vlan-253",
            "id": "uni/infra/vlanns-[access]-static/from-[vlan-253]-to-[vlan-253]",
            "name_alias": "",
            "role": "external",
            "to": "vlan-253",
            "vlan_pool_dn": "uni/infra/vlanns-[access]-static"
          },
          "sensitive_attributes": [],
          "private": "eyJzY2hlbWFfdmVyc2lvbiI6IjEifQ==",
          "dependencies": [
            "data.aci_vlan_pool.VLAN_Pool_access"
          ]
        }
      ]
    },
    {
      "mode": "managed",
      "type": "aci_ranges",
      "name": "VLAN_Range_access_254",
      "provider": "provider[\"registry.terraform.io/ciscodevnet/aci\"]",
      "instances": [
        {
          "schema_version": 1,
          "attributes": {
            "alloc_mode": "inherit",
            "annotation": "orchestrator:terraform",
            "description": "",
            "from": "vlan-254",
            "id": "uni/infra/vlanns-[access]-static/from-[vlan-254]-to-[vlan-254]",
            "name_alias": "",
            "role": "external",
            "to": "vlan-254",
            "vlan_pool_dn": "uni/infra/vlanns-[access]-static"
          },
          "sensitive_attributes": [],
          "private": "eyJzY2hlbWFfdmVyc2lvbiI6IjEifQ==",
          "dependencies": [
            "data.aci_vlan_pool.VLAN_Pool_access"
          ]
        }
      ]
    },
    {
      "mode": "managed",
      "type": "aci_ranges",
      "name": "VLAN_Range_access_255",
      "provider": "provider[\"registry.terraform.io/ciscodevnet/aci\"]",
      "instances": [
        {
          "schema_version": 1,
          "attributes": {
            "alloc_mode": "inherit",
            "annotation": "orchestrator:terraform",
            "description": "",
            "from": "vlan-255",
            "id": "uni/infra/vlanns-[access]-static/from-[vlan-255]-to-[vlan-255]",
            "name_alias": "",
            "role": "external",
            "to": "vlan-255",
            "vlan_pool_dn": "uni/infra/vlanns-[access]-static"
          },
          "sensitive_attributes": [],
          "private": "eyJzY2hlbWFfdmVyc2lvbiI6IjEifQ==",
          "dependencies": [
            "data.aci_vlan_pool.VLAN_Pool_access"
          ]
        }
      ]
    },
    {
      "mode": "managed",
      "type": "aci_ranges",
      "name": "VLAN_Range_access_256",
      "provider": "provider[\"registry.terraform.io/ciscodevnet/aci\"]",
      "instances": [
        {
          "schema_version": 1,
          "attributes": {
            "alloc_mode": "inherit",
            "annotation": "orchestrator:terraform",
            "description": "",
            "from": "vlan-256",
            "id": "uni/infra/vlanns-[access]-static/from-[vlan-256]-to-[vlan-256]",
            "name_alias": "",
            "role": "external",
            "to": "vlan-256",
            "vlan_pool_dn": "uni/infra/vlanns-[access]-static"
          },
          "sensitive_attributes": [],
          "private": "eyJzY2hlbWFfdmVyc2lvbiI6IjEifQ==",
          "dependencies": [
            "data.aci_vlan_pool.VLAN_Pool_access"
          ]
        }
      ]
    },
    {
      "mode": "managed",
      "type": "aci_ranges",
      "name": "VLAN_Range_access_257",
      "provider": "provider[\"registry.terraform.io/ciscodevnet/aci\"]",
      "instances": [
        {
          "schema_version": 1,
          "attributes": {
            "alloc_mode": "inherit",
            "annotation": "orchestrator:terraform",
            "description": "",
            "from": "vlan-257",
            "id": "uni/infra/vlanns-[access]-static/from-[vlan-257]-to-[vlan-257]",
            "name_alias": "",
            "role": "external",
            "to": "vlan-257",
            "vlan_pool_dn": "uni/infra/vlanns-[access]-static"
          },
          "sensitive_attributes": [],
          "private": "eyJzY2hlbWFfdmVyc2lvbiI6IjEifQ==",
          "dependencies": [
            "data.aci_vlan_pool.VLAN_Pool_access"
          ]
        }
      ]
    },
    {
      "mode": "managed",
      "type": "aci_ranges",
      "name": "VLAN_Range_access_258",
      "provider": "provider[\"registry.terraform.io/ciscodevnet/aci\"]",
      "instances": [
        {
          "schema_version": 1,
          "attributes": {
            "alloc_mode": "inherit",
            "annotation": "orchestrator:terraform",
            "description": "",
            "from": "vlan-258",
            "id": "uni/infra/vlanns-[access]-static/from-[vlan-258]-to-[vlan-258]",
            "name_alias": "",
            "role": "external",
            "to": "vlan-258",
            "vlan_pool_dn": "uni/infra/vlanns-[access]-static"
          },
          "sensitive_attributes": [],
          "private": "eyJzY2hlbWFfdmVyc2lvbiI6IjEifQ==",
          "dependencies": [
            "data.aci_vlan_pool.VLAN_Pool_access"
          ]
        }
      ]
    },
    {
      "mode": "managed",
      "type": "aci_ranges",
      "name": "VLAN_Range_access_259",
      "provider": "provider[\"registry.terraform.io/ciscodevnet/aci\"]",
      "instances": [
        {
          "schema_version": 1,
          "attributes": {
            "alloc_mode": "inherit",
            "annotation": "orchestrator:terraform",
            "description": "",
            "from": "vlan-259",
            "id": "uni/infra/vlanns-[access]-static/from-[vlan-259]-to-[vlan-259]",
            "name_alias": "",
            "role": "external",
            "to": "vlan-259",
            "vlan_pool_dn": "uni/infra/vlanns-[access]-static"
          },
          "sensitive_attributes": [],
          "private": "eyJzY2hlbWFfdmVyc2lvbiI6IjEifQ==",
          "dependencies": [
            "data.aci_vlan_pool.VLAN_Pool_access"
          ]
        }
      ]
    },
    {
      "mode": "managed",
      "type": "aci_ranges",
      "name": "VLAN_Range_access_260",
      "provider": "provider[\"registry.terraform.io/ciscodevnet/aci\"]",
      "instances": [
        {
          "schema_version": 1,
          "attributes": {
            "alloc_mode": "inherit",
            "annotation": "orchestrator:terraform",
            "description": "",
            "from": "vlan-260",
            "id": "uni/infra/vlanns-[access]-static/from-[vlan-260]-to-[vlan-260]",
            "name_alias": "",
            "role": "external",
            "to": "vlan-260",
            "vlan_pool_dn": "uni/infra/vlanns-[access]-static"
          },
          "sensitive_attributes": [],
          "private": "eyJzY2hlbWFfdmVyc2lvbiI6IjEifQ==",
          "dependencies": [
            "data.aci_vlan_pool.VLAN_Pool_access"
          ]
        }
      ]
    },
    {
      "mode": "managed",
      "type": "aci_ranges",
      "name": "VLAN_Range_access_261",
      "provider": "provider[\"registry.terraform.io/ciscodevnet/aci\"]",
      "instances": [
        {
          "schema_version": 1,
          "attributes": {
            "alloc_mode": "inherit",
            "annotation": "orchestrator:terraform",
            "description": "",
            "from": "vlan-261",
            "id": "uni/infra/vlanns-[access]-static/from-[vlan-261]-to-[vlan-261]",
            "name_alias": "",
            "role": "external",
            "to": "vlan-261",
            "vlan_pool_dn": "uni/infra/vlanns-[access]-static"
          },
          "sensitive_attributes": [],
          "private": "eyJzY2hlbWFfdmVyc2lvbiI6IjEifQ==",
          "dependencies": [
            "data.aci_vlan_pool.VLAN_Pool_access"
          ]
        }
      ]
    },
    {
      "mode": "managed",
      "type": "aci_ranges",
      "name": "VLAN_Range_access_262",
      "provider": "provider[\"registry.terraform.io/ciscodevnet/aci\"]",
      "instances": [
        {
          "schema_version": 1,
          "attributes": {
            "alloc_mode": "inherit",
            "annotation": "orchestrator:terraform",
            "description": "",
            "from": "vlan-262",
            "id": "uni/infra/vlanns-[access]-static/from-[vlan-262]-to-[vlan-262]",
            "name_alias": "",
            "role": "external",
            "to": "vlan-262",
            "vlan_pool_dn": "uni/infra/vlanns-[access]-static"
          },
          "sensitive_attributes": [],
          "private": "eyJzY2hlbWFfdmVyc2lvbiI6IjEifQ==",
          "dependencies": [
            "data.aci_vlan_pool.VLAN_Pool_access"
          ]
        }
      ]
    },
    {
      "mode": "managed",
      "type": "aci_ranges",
      "name": "VLAN_Range_access_263",
      "provider": "provider[\"registry.terraform.io/ciscodevnet/aci\"]",
      "instances": [
        {
          "schema_version": 1,
          "attributes": {
            "alloc_mode": "inherit",
            "annotation": "orchestrator:terraform",
            "description": "",
            "from": "vlan-263",
            "id": "uni/infra/vlanns-[access]-static/from-[vlan-263]-to-[vlan-263]",
            "name_alias": "",
            "role": "external",
            "to": "vlan-263",
            "vlan_pool_dn": "uni/infra/vlanns-[access]-static"
          },
          "sensitive_attributes": [],
          "private": "eyJzY2hlbWFfdmVyc2lvbiI6IjEifQ==",
          "dependencies": [
            "data.aci_vlan_pool.VLAN_Pool_access"
          ]
        }
      ]
    },
    {
      "mode": "managed",
      "type": "aci_ranges",
      "name": "VLAN_Range_access_264",
      "provider": "provider[\"registry.terraform.io/ciscodevnet/aci\"]",
      "instances": [
        {
          "schema_version": 1,
          "attributes": {
            "alloc_mode": "inherit",
            "annotation": "orchestrator:terraform",
            "description": "",
            "from": "vlan-264",
            "id": "uni/infra/vlanns-[access]-static/from-[vlan-264]-to-[vlan-264]",
            "name_alias": "",
            "role": "external",
            "to": "vlan-264",
            "vlan_pool_dn": "uni/infra/vlanns-[access]-static"
          },
          "sensitive_attributes": [],
          "private": "eyJzY2hlbWFfdmVyc2lvbiI6IjEifQ==",
          "dependencies": [
            "data.aci_vlan_pool.VLAN_Pool_access"
          ]
        }
      ]
    },
    {
      "mode": "managed",
      "type": "aci_ranges",
      "name": "VLAN_Range_access_265",
      "provider": "provider[\"registry.terraform.io/ciscodevnet/aci\"]",
      "instances": [
        {
          "schema_version": 1,
          "attributes": {
            "alloc_mode": "inherit",
            "annotation": "orchestrator:terraform",
            "description": "",
            "from": "vlan-265",
            "id": "uni/infra/vlanns-[access]-static/from-[vlan-265]-to-[vlan-265]",
            "name_alias": "",
            "role": "external",
            "to": "vlan-265",
            "vlan_pool_dn": "uni/infra/vlanns-[access]-static"
          },
          "sensitive_attributes": [],
          "private": "eyJzY2hlbWFfdmVyc2lvbiI6IjEifQ==",
          "dependencies": [
            "data.aci_vlan_pool.VLAN_Pool_access"
          ]
        }
      ]
    },
    {
      "mode": "managed",
      "type": "aci_ranges",
      "name": "VLAN_Range_access_266",
      "provider": "provider[\"registry.terraform.io/ciscodevnet/aci\"]",
      "instances": [
        {
          "schema_version": 1,
          "attributes": {
            "alloc_mode": "inherit",
            "annotation": "orchestrator:terraform",
            "description": "",
            "from": "vlan-266",
            "id": "uni/infra/vlanns-[access]-static/from-[vlan-266]-to-[vlan-266]",
            "name_alias": "",
            "role": "external",
            "to": "vlan-266",
            "vlan_pool_dn": "uni/infra/vlanns-[access]-static"
          },
          "sensitive_attributes": [],
          "private": "eyJzY2hlbWFfdmVyc2lvbiI6IjEifQ==",
          "dependencies": [
            "data.aci_vlan_pool.VLAN_Pool_access"
          ]
        }
      ]
    },
    {
      "mode": "managed",
      "type": "aci_ranges",
      "name": "VLAN_Range_access_267",
      "provider": "provider[\"registry.terraform.io/ciscodevnet/aci\"]",
      "instances": [
        {
          "schema_version": 1,
          "attributes": {
            "alloc_mode": "inherit",
            "annotation": "orchestrator:terraform",
            "description": "",
            "from": "vlan-267",
            "id": "uni/infra/vlanns-[access]-static/from-[vlan-267]-to-[vlan-267]",
            "name_alias": "",
            "role": "external",
            "to": "vlan-267",
            "vlan_pool_dn": "uni/infra/vlanns-[access]-static"
          },
          "sensitive_attributes": [],
          "private": "eyJzY2hlbWFfdmVyc2lvbiI6IjEifQ==",
          "dependencies": [
            "data.aci_vlan_pool.VLAN_Pool_access"
          ]
        }
      ]
    },
    {
      "mode": "managed",
      "type": "aci_ranges",
      "name": "VLAN_Range_access_268",
      "provider": "provider[\"registry.terraform.io/ciscodevnet/aci\"]",
      "instances": [
        {
          "schema_version": 1,
          "attributes": {
            "alloc_mode": "inherit",
            "annotation": "orchestrator:terraform",
            "description": "",
            "from": "vlan-268",
            "id": "uni/infra/vlanns-[access]-static/from-[vlan-268]-to-[vlan-268]",
            "name_alias": "",
            "role": "external",
            "to": "vlan-268",
            "vlan_pool_dn": "uni/infra/vlanns-[access]-static"
          },
          "sensitive_attributes": [],
          "private": "eyJzY2hlbWFfdmVyc2lvbiI6IjEifQ==",
          "dependencies": [
            "data.aci_vlan_pool.VLAN_Pool_access"
          ]
        }
      ]
    },
    {
      "mode": "managed",
      "type": "aci_ranges",
      "name": "VLAN_Range_access_269",
      "provider": "provider[\"registry.terraform.io/ciscodevnet/aci\"]",
      "instances": [
        {
          "schema_version": 1,
          "attributes": {
            "alloc_mode": "inherit",
            "annotation": "orchestrator:terraform",
            "description": "",
            "from": "vlan-269",
            "id": "uni/infra/vlanns-[access]-static/from-[vlan-269]-to-[vlan-269]",
            "name_alias": "",
            "role": "external",
            "to": "vlan-269",
            "vlan_pool_dn": "uni/infra/vlanns-[access]-static"
          },
          "sensitive_attributes": [],
          "private": "eyJzY2hlbWFfdmVyc2lvbiI6IjEifQ==",
          "dependencies": [
            "data.aci_vlan_pool.VLAN_Pool_access"
          ]
        }
      ]
    },
    {
      "mode": "managed",
      "type": "aci_ranges",
      "name": "VLAN_Range_access_270",
      "provider": "provider[\"registry.terraform.io/ciscodevnet/aci\"]",
      "instances": [
        {
          "schema_version": 1,
          "attributes": {
            "alloc_mode": "inherit",
            "annotation": "orchestrator:terraform",
            "description": "",
            "from": "vlan-270",
            "id": "uni/infra/vlanns-[access]-static/from-[vlan-270]-to-[vlan-270]",
            "name_alias": "",
            "role": "external",
            "to": "vlan-270",
            "vlan_pool_dn": "uni/infra/vlanns-[access]-static"
          },
          "sensitive_attributes": [],
          "private": "eyJzY2hlbWFfdmVyc2lvbiI6IjEifQ==",
          "dependencies": [
            "data.aci_vlan_pool.VLAN_Pool_access"
          ]
        }
      ]
    },
    {
      "mode": "managed",
      "type": "aci_ranges",
      "name": "VLAN_Range_access_271",
      "provider": "provider[\"registry.terraform.io/ciscodevnet/aci\"]",
      "instances": [
        {
          "schema_version": 1,
          "attributes": {
            "alloc_mode": "inherit",
            "annotation": "orchestrator:terraform",
            "description": "",
            "from": "vlan-271",
            "id": "uni/infra/vlanns-[access]-static/from-[vlan-271]-to-[vlan-271]",
            "name_alias": "",
            "role": "external",
            "to": "vlan-271",
            "vlan_pool_dn": "uni/infra/vlanns-[access]-static"
          },
          "sensitive_attributes": [],
          "private": "eyJzY2hlbWFfdmVyc2lvbiI6IjEifQ==",
          "dependencies": [
            "data.aci_vlan_pool.VLAN_Pool_access"
          ]
        }
      ]
    },
    {
      "mode": "managed",
      "type": "aci_ranges",
      "name": "VLAN_Range_access_272",
      "provider": "provider[\"registry.terraform.io/ciscodevnet/aci\"]",
      "instances": [
        {
          "schema_version": 1,
          "attributes": {
            "alloc_mode": "inherit",
            "annotation": "orchestrator:terraform",
            "description": "",
            "from": "vlan-272",
            "id": "uni/infra/vlanns-[access]-static/from-[vlan-272]-to-[vlan-272]",
            "name_alias": "",
            "role": "external",
            "to": "vlan-272",
            "vlan_pool_dn": "uni/infra/vlanns-[access]-static"
          },
          "sensitive_attributes": [],
          "private": "eyJzY2hlbWFfdmVyc2lvbiI6IjEifQ==",
          "dependencies": [
            "data.aci_vlan_pool.VLAN_Pool_access"
          ]
        }
      ]
    },
    {
      "mode": "managed",
      "type": "aci_ranges",
      "name": "VLAN_Range_access_273",
      "provider": "provider[\"registry.terraform.io/ciscodevnet/aci\"]",
      "instances": [
        {
          "schema_version": 1,
          "attributes": {
            "alloc_mode": "inherit",
            "annotation": "orchestrator:terraform",
            "description": "",
            "from": "vlan-273",
            "id": "uni/infra/vlanns-[access]-static/from-[vlan-273]-to-[vlan-273]",
            "name_alias": "",
            "role": "external",
            "to": "vlan-273",
            "vlan_pool_dn": "uni/infra/vlanns-[access]-static"
          },
          "sensitive_attributes": [],
          "private": "eyJzY2hlbWFfdmVyc2lvbiI6IjEifQ==",
          "dependencies": [
            "data.aci_vlan_pool.VLAN_Pool_access"
          ]
        }
      ]
    },
    {
      "mode": "managed",
      "type": "aci_ranges",
      "name": "VLAN_Range_access_274",
      "provider": "provider[\"registry.terraform.io/ciscodevnet/aci\"]",
      "instances": [
        {
          "schema_version": 1,
          "attributes": {
            "alloc_mode": "inherit",
            "annotation": "orchestrator:terraform",
            "description": "",
            "from": "vlan-274",
            "id": "uni/infra/vlanns-[access]-static/from-[vlan-274]-to-[vlan-274]",
            "name_alias": "",
            "role": "external",
            "to": "vlan-274",
            "vlan_pool_dn": "uni/infra/vlanns-[access]-static"
          },
          "sensitive_attributes": [],
          "private": "eyJzY2hlbWFfdmVyc2lvbiI6IjEifQ==",
          "dependencies": [
            "data.aci_vlan_pool.VLAN_Pool_access"
          ]
        }
      ]
    },
    {
      "mode": "managed",
      "type": "aci_ranges",
      "name": "VLAN_Range_access_275",
      "provider": "provider[\"registry.terraform.io/ciscodevnet/aci\"]",
      "instances": [
        {
          "schema_version": 1,
          "attributes": {
            "alloc_mode": "inherit",
            "annotation": "orchestrator:terraform",
            "description": "",
            "from": "vlan-275",
            "id": "uni/infra/vlanns-[access]-static/from-[vlan-275]-to-[vlan-275]",
            "name_alias": "",
            "role": "external",
            "to": "vlan-275",
            "vlan_pool_dn": "uni/infra/vlanns-[access]-static"
          },
          "sensitive_attributes": [],
          "private": "eyJzY2hlbWFfdmVyc2lvbiI6IjEifQ==",
          "dependencies": [
            "data.aci_vlan_pool.VLAN_Pool_access"
          ]
        }
      ]
    },
    {
      "mode": "managed",
      "type": "aci_ranges",
      "name": "VLAN_Range_access_276",
      "provider": "provider[\"registry.terraform.io/ciscodevnet/aci\"]",
      "instances": [
        {
          "schema_version": 1,
          "attributes": {
            "alloc_mode": "inherit",
            "annotation": "orchestrator:terraform",
            "description": "",
            "from": "vlan-276",
            "id": "uni/infra/vlanns-[access]-static/from-[vlan-276]-to-[vlan-276]",
            "name_alias": "",
            "role": "external",
            "to": "vlan-276",
            "vlan_pool_dn": "uni/infra/vlanns-[access]-static"
          },
          "sensitive_attributes": [],
          "private": "eyJzY2hlbWFfdmVyc2lvbiI6IjEifQ==",
          "dependencies": [
            "data.aci_vlan_pool.VLAN_Pool_access"
          ]
        }
      ]
    },
    {
      "mode": "managed",
      "type": "aci_ranges",
      "name": "VLAN_Range_access_277",
      "provider": "provider[\"registry.terraform.io/ciscodevnet/aci\"]",
      "instances": [
        {
          "schema_version": 1,
          "attributes": {
            "alloc_mode": "inherit",
            "annotation": "orchestrator:terraform",
            "description": "",
            "from": "vlan-277",
            "id": "uni/infra/vlanns-[access]-static/from-[vlan-277]-to-[vlan-277]",
            "name_alias": "",
            "role": "external",
            "to": "vlan-277",
            "vlan_pool_dn": "uni/infra/vlanns-[access]-static"
          },
          "sensitive_attributes": [],
          "private": "eyJzY2hlbWFfdmVyc2lvbiI6IjEifQ==",
          "dependencies": [
            "data.aci_vlan_pool.VLAN_Pool_access"
          ]
        }
      ]
    },
    {
      "mode": "managed",
      "type": "aci_ranges",
      "name": "VLAN_Range_access_278",
      "provider": "provider[\"registry.terraform.io/ciscodevnet/aci\"]",
      "instances": [
        {
          "schema_version": 1,
          "attributes": {
            "alloc_mode": "inherit",
            "annotation": "orchestrator:terraform",
            "description": "",
            "from": "vlan-278",
            "id": "uni/infra/vlanns-[access]-static/from-[vlan-278]-to-[vlan-278]",
            "name_alias": "",
            "role": "external",
            "to": "vlan-278",
            "vlan_pool_dn": "uni/infra/vlanns-[access]-static"
          },
          "sensitive_attributes": [],
          "private": "eyJzY2hlbWFfdmVyc2lvbiI6IjEifQ==",
          "dependencies": [
            "data.aci_vlan_pool.VLAN_Pool_access"
          ]
        }
      ]
    },
    {
      "mode": "managed",
      "type": "aci_ranges",
      "name": "VLAN_Range_access_279",
      "provider": "provider[\"registry.terraform.io/ciscodevnet/aci\"]",
      "instances": [
        {
          "schema_version": 1,
          "attributes": {
            "alloc_mode": "inherit",
            "annotation": "orchestrator:terraform",
            "description": "",
            "from": "vlan-279",
            "id": "uni/infra/vlanns-[access]-static/from-[vlan-279]-to-[vlan-279]",
            "name_alias": "",
            "role": "external",
            "to": "vlan-279",
            "vlan_pool_dn": "uni/infra/vlanns-[access]-static"
          },
          "sensitive_attributes": [],
          "private": "eyJzY2hlbWFfdmVyc2lvbiI6IjEifQ==",
          "dependencies": [
            "data.aci_vlan_pool.VLAN_Pool_access"
          ]
        }
      ]
    },
    {
      "mode": "managed",
      "type": "aci_ranges",
      "name": "VLAN_Range_access_280",
      "provider": "provider[\"registry.terraform.io/ciscodevnet/aci\"]",
      "instances": [
        {
          "schema_version": 1,
          "attributes": {
            "alloc_mode": "inherit",
            "annotation": "orchestrator:terraform",
            "description": "",
            "from": "vlan-280",
            "id": "uni/infra/vlanns-[access]-static/from-[vlan-280]-to-[vlan-280]",
            "name_alias": "",
            "role": "external",
            "to": "vlan-280",
            "vlan_pool_dn": "uni/infra/vlanns-[access]-static"
          },
          "sensitive_attributes": [],
          "private": "eyJzY2hlbWFfdmVyc2lvbiI6IjEifQ==",
          "dependencies": [
            "data.aci_vlan_pool.VLAN_Pool_access"
          ]
        }
      ]
    },
    {
      "mode": "managed",
      "type": "aci_ranges",
      "name": "VLAN_Range_access_281",
      "provider": "provider[\"registry.terraform.io/ciscodevnet/aci\"]",
      "instances": [
        {
          "schema_version": 1,
          "attributes": {
            "alloc_mode": "inherit",
            "annotation": "orchestrator:terraform",
            "description": "",
            "from": "vlan-281",
            "id": "uni/infra/vlanns-[access]-static/from-[vlan-281]-to-[vlan-281]",
            "name_alias": "",
            "role": "external",
            "to": "vlan-281",
            "vlan_pool_dn": "uni/infra/vlanns-[access]-static"
          },
          "sensitive_attributes": [],
          "private": "eyJzY2hlbWFfdmVyc2lvbiI6IjEifQ==",
          "dependencies": [
            "data.aci_vlan_pool.VLAN_Pool_access"
          ]
        }
      ]
    },
    {
      "mode": "managed",
      "type": "aci_ranges",
      "name": "VLAN_Range_access_282",
      "provider": "provider[\"registry.terraform.io/ciscodevnet/aci\"]",
      "instances": [
        {
          "schema_version": 1,
          "attributes": {
            "alloc_mode": "inherit",
            "annotation": "orchestrator:terraform",
            "description": "",
            "from": "vlan-282",
            "id": "uni/infra/vlanns-[access]-static/from-[vlan-282]-to-[vlan-282]",
            "name_alias": "",
            "role": "external",
            "to": "vlan-282",
            "vlan_pool_dn": "uni/infra/vlanns-[access]-static"
          },
          "sensitive_attributes": [],
          "private": "eyJzY2hlbWFfdmVyc2lvbiI6IjEifQ==",
          "dependencies": [
            "data.aci_vlan_pool.VLAN_Pool_access"
          ]
        }
      ]
    },
    {
      "mode": "managed",
      "type": "aci_ranges",
      "name": "VLAN_Range_access_283",
      "provider": "provider[\"registry.terraform.io/ciscodevnet/aci\"]",
      "instances": [
        {
          "schema_version": 1,
          "attributes": {
            "alloc_mode": "inherit",
            "annotation": "orchestrator:terraform",
            "description": "",
            "from": "vlan-283",
            "id": "uni/infra/vlanns-[access]-static/from-[vlan-283]-to-[vlan-283]",
            "name_alias": "",
            "role": "external",
            "to": "vlan-283",
            "vlan_pool_dn": "uni/infra/vlanns-[access]-static"
          },
          "sensitive_attributes": [],
          "private": "eyJzY2hlbWFfdmVyc2lvbiI6IjEifQ==",
          "dependencies": [
            "data.aci_vlan_pool.VLAN_Pool_access"
          ]
        }
      ]
    },
    {
      "mode": "managed",
      "type": "aci_ranges",
      "name": "VLAN_Range_access_284",
      "provider": "provider[\"registry.terraform.io/ciscodevnet/aci\"]",
      "instances": [
        {
          "schema_version": 1,
          "attributes": {
            "alloc_mode": "inherit",
            "annotation": "orchestrator:terraform",
            "description": "",
            "from": "vlan-284",
            "id": "uni/infra/vlanns-[access]-static/from-[vlan-284]-to-[vlan-284]",
            "name_alias": "",
            "role": "external",
            "to": "vlan-284",
            "vlan_pool_dn": "uni/infra/vlanns-[access]-static"
          },
          "sensitive_attributes": [],
          "private": "eyJzY2hlbWFfdmVyc2lvbiI6IjEifQ==",
          "dependencies": [
            "data.aci_vlan_pool.VLAN_Pool_access"
          ]
        }
      ]
    },
    {
      "mode": "managed",
      "type": "aci_ranges",
      "name": "VLAN_Range_access_285",
      "provider": "provider[\"registry.terraform.io/ciscodevnet/aci\"]",
      "instances": [
        {
          "schema_version": 1,
          "attributes": {
            "alloc_mode": "inherit",
            "annotation": "orchestrator:terraform",
            "description": "",
            "from": "vlan-285",
            "id": "uni/infra/vlanns-[access]-static/from-[vlan-285]-to-[vlan-285]",
            "name_alias": "",
            "role": "external",
            "to": "vlan-285",
            "vlan_pool_dn": "uni/infra/vlanns-[access]-static"
          },
          "sensitive_attributes": [],
          "private": "eyJzY2hlbWFfdmVyc2lvbiI6IjEifQ==",
          "dependencies": [
            "data.aci_vlan_pool.VLAN_Pool_access"
          ]
        }
      ]
    },
    {
      "mode": "managed",
      "type": "aci_ranges",
      "name": "VLAN_Range_access_286",
      "provider": "provider[\"registry.terraform.io/ciscodevnet/aci\"]",
      "instances": [
        {
          "schema_version": 1,
          "attributes": {
            "alloc_mode": "inherit",
            "annotation": "orchestrator:terraform",
            "description": "",
            "from": "vlan-286",
            "id": "uni/infra/vlanns-[access]-static/from-[vlan-286]-to-[vlan-286]",
            "name_alias": "",
            "role": "external",
            "to": "vlan-286",
            "vlan_pool_dn": "uni/infra/vlanns-[access]-static"
          },
          "sensitive_attributes": [],
          "private": "eyJzY2hlbWFfdmVyc2lvbiI6IjEifQ==",
          "dependencies": [
            "data.aci_vlan_pool.VLAN_Pool_access"
          ]
        }
      ]
    },
    {
      "mode": "managed",
      "type": "aci_ranges",
      "name": "VLAN_Range_access_287",
      "provider": "provider[\"registry.terraform.io/ciscodevnet/aci\"]",
      "instances": [
        {
          "schema_version": 1,
          "attributes": {
            "alloc_mode": "inherit",
            "annotation": "orchestrator:terraform",
            "description": "",
            "from": "vlan-287",
            "id": "uni/infra/vlanns-[access]-static/from-[vlan-287]-to-[vlan-287]",
            "name_alias": "",
            "role": "external",
            "to": "vlan-287",
            "vlan_pool_dn": "uni/infra/vlanns-[access]-static"
          },
          "sensitive_attributes": [],
          "private": "eyJzY2hlbWFfdmVyc2lvbiI6IjEifQ==",
          "dependencies": [
            "data.aci_vlan_pool.VLAN_Pool_access"
          ]
        }
      ]
    },
    {
      "mode": "managed",
      "type": "aci_ranges",
      "name": "VLAN_Range_access_288",
      "provider": "provider[\"registry.terraform.io/ciscodevnet/aci\"]",
      "instances": [
        {
          "schema_version": 1,
          "attributes": {
            "alloc_mode": "inherit",
            "annotation": "orchestrator:terraform",
            "description": "",
            "from": "vlan-288",
            "id": "uni/infra/vlanns-[access]-static/from-[vlan-288]-to-[vlan-288]",
            "name_alias": "",
            "role": "external",
            "to": "vlan-288",
            "vlan_pool_dn": "uni/infra/vlanns-[access]-static"
          },
          "sensitive_attributes": [],
          "private": "eyJzY2hlbWFfdmVyc2lvbiI6IjEifQ==",
          "dependencies": [
            "data.aci_vlan_pool.VLAN_Pool_access"
          ]
        }
      ]
    },
    {
      "mode": "managed",
      "type": "aci_ranges",
      "name": "VLAN_Range_access_289",
      "provider": "provider[\"registry.terraform.io/ciscodevnet/aci\"]",
      "instances": [
        {
          "schema_version": 1,
          "attributes": {
            "alloc_mode": "inherit",
            "annotation": "orchestrator:terraform",
            "description": "",
            "from": "vlan-289",
            "id": "uni/infra/vlanns-[access]-static/from-[vlan-289]-to-[vlan-289]",
            "name_alias": "",
            "role": "external",
            "to": "vlan-289",
            "vlan_pool_dn": "uni/infra/vlanns-[access]-static"
          },
          "sensitive_attributes": [],
          "private": "eyJzY2hlbWFfdmVyc2lvbiI6IjEifQ==",
          "dependencies": [
            "data.aci_vlan_pool.VLAN_Pool_access"
          ]
        }
      ]
    },
    {
      "mode": "managed",
      "type": "aci_ranges",
      "name": "VLAN_Range_access_290",
      "provider": "provider[\"registry.terraform.io/ciscodevnet/aci\"]",
      "instances": [
        {
          "schema_version": 1,
          "attributes": {
            "alloc_mode": "inherit",
            "annotation": "orchestrator:terraform",
            "description": "",
            "from": "vlan-290",
            "id": "uni/infra/vlanns-[access]-static/from-[vlan-290]-to-[vlan-290]",
            "name_alias": "",
            "role": "external",
            "to": "vlan-290",
            "vlan_pool_dn": "uni/infra/vlanns-[access]-static"
          },
          "sensitive_attributes": [],
          "private": "eyJzY2hlbWFfdmVyc2lvbiI6IjEifQ==",
          "dependencies": [
            "data.aci_vlan_pool.VLAN_Pool_access"
          ]
        }
      ]
    },
    {
      "mode": "managed",
      "type": "aci_ranges",
      "name": "VLAN_Range_access_291",
      "provider": "provider[\"registry.terraform.io/ciscodevnet/aci\"]",
      "instances": [
        {
          "schema_version": 1,
          "attributes": {
            "alloc_mode": "inherit",
            "annotation": "orchestrator:terraform",
            "description": "",
            "from": "vlan-291",
            "id": "uni/infra/vlanns-[access]-static/from-[vlan-291]-to-[vlan-291]",
            "name_alias": "",
            "role": "external",
            "to": "vlan-291",
            "vlan_pool_dn": "uni/infra/vlanns-[access]-static"
          },
          "sensitive_attributes": [],
          "private": "eyJzY2hlbWFfdmVyc2lvbiI6IjEifQ==",
          "dependencies": [
            "data.aci_vlan_pool.VLAN_Pool_access"
          ]
        }
      ]
    },
    {
      "mode": "managed",
      "type": "aci_ranges",
      "name": "VLAN_Range_access_292",
      "provider": "provider[\"registry.terraform.io/ciscodevnet/aci\"]",
      "instances": [
        {
          "schema_version": 1,
          "attributes": {
            "alloc_mode": "inherit",
            "annotation": "orchestrator:terraform",
            "description": "",
            "from": "vlan-292",
            "id": "uni/infra/vlanns-[access]-static/from-[vlan-292]-to-[vlan-292]",
            "name_alias": "",
            "role": "external",
            "to": "vlan-292",
            "vlan_pool_dn": "uni/infra/vlanns-[access]-static"
          },
          "sensitive_attributes": [],
          "private": "eyJzY2hlbWFfdmVyc2lvbiI6IjEifQ==",
          "dependencies": [
            "data.aci_vlan_pool.VLAN_Pool_access"
          ]
        }
      ]
    },
    {
      "mode": "managed",
      "type": "aci_ranges",
      "name": "VLAN_Range_access_293",
      "provider": "provider[\"registry.terraform.io/ciscodevnet/aci\"]",
      "instances": [
        {
          "schema_version": 1,
          "attributes": {
            "alloc_mode": "inherit",
            "annotation": "orchestrator:terraform",
            "description": "",
            "from": "vlan-293",
            "id": "uni/infra/vlanns-[access]-static/from-[vlan-293]-to-[vlan-293]",
            "name_alias": "",
            "role": "external",
            "to": "vlan-293",
            "vlan_pool_dn": "uni/infra/vlanns-[access]-static"
          },
          "sensitive_attributes": [],
          "private": "eyJzY2hlbWFfdmVyc2lvbiI6IjEifQ==",
          "dependencies": [
            "data.aci_vlan_pool.VLAN_Pool_access"
          ]
        }
      ]
    },
    {
      "mode": "managed",
      "type": "aci_ranges",
      "name": "VLAN_Range_access_294",
      "provider": "provider[\"registry.terraform.io/ciscodevnet/aci\"]",
      "instances": [
        {
          "schema_version": 1,
          "attributes": {
            "alloc_mode": "inherit",
            "annotation": "orchestrator:terraform",
            "description": "",
            "from": "vlan-294",
            "id": "uni/infra/vlanns-[access]-static/from-[vlan-294]-to-[vlan-294]",
            "name_alias": "",
            "role": "external",
            "to": "vlan-294",
            "vlan_pool_dn": "uni/infra/vlanns-[access]-static"
          },
          "sensitive_attributes": [],
          "private": "eyJzY2hlbWFfdmVyc2lvbiI6IjEifQ==",
          "dependencies": [
            "data.aci_vlan_pool.VLAN_Pool_access"
          ]
        }
      ]
    },
    {
      "mode": "managed",
      "type": "aci_ranges",
      "name": "VLAN_Range_access_295",
      "provider": "provider[\"registry.terraform.io/ciscodevnet/aci\"]",
      "instances": [
        {
          "schema_version": 1,
          "attributes": {
            "alloc_mode": "inherit",
            "annotation": "orchestrator:terraform",
            "description": "",
            "from": "vlan-295",
            "id": "uni/infra/vlanns-[access]-static/from-[vlan-295]-to-[vlan-295]",
            "name_alias": "",
            "role": "external",
            "to": "vlan-295",
            "vlan_pool_dn": "uni/infra/vlanns-[access]-static"
          },
          "sensitive_attributes": [],
          "private": "eyJzY2hlbWFfdmVyc2lvbiI6IjEifQ==",
          "dependencies": [
            "data.aci_vlan_pool.VLAN_Pool_access"
          ]
        }
      ]
    },
    {
      "mode": "managed",
      "type": "aci_ranges",
      "name": "VLAN_Range_access_296",
      "provider": "provider[\"registry.terraform.io/ciscodevnet/aci\"]",
      "instances": [
        {
          "schema_version": 1,
          "attributes": {
            "alloc_mode": "inherit",
            "annotation": "orchestrator:terraform",
            "description": "",
            "from": "vlan-296",
            "id": "uni/infra/vlanns-[access]-static/from-[vlan-296]-to-[vlan-296]",
            "name_alias": "",
            "role": "external",
            "to": "vlan-296",
            "vlan_pool_dn": "uni/infra/vlanns-[access]-static"
          },
          "sensitive_attributes": [],
          "private": "eyJzY2hlbWFfdmVyc2lvbiI6IjEifQ==",
          "dependencies": [
            "data.aci_vlan_pool.VLAN_Pool_access"
          ]
        }
      ]
    },
    {
      "mode": "managed",
      "type": "aci_ranges",
      "name": "VLAN_Range_access_297",
      "provider": "provider[\"registry.terraform.io/ciscodevnet/aci\"]",
      "instances": [
        {
          "schema_version": 1,
          "attributes": {
            "alloc_mode": "inherit",
            "annotation": "orchestrator:terraform",
            "description": "",
            "from": "vlan-297",
            "id": "uni/infra/vlanns-[access]-static/from-[vlan-297]-to-[vlan-297]",
            "name_alias": "",
            "role": "external",
            "to": "vlan-297",
            "vlan_pool_dn": "uni/infra/vlanns-[access]-static"
          },
          "sensitive_attributes": [],
          "private": "eyJzY2hlbWFfdmVyc2lvbiI6IjEifQ==",
          "dependencies": [
            "data.aci_vlan_pool.VLAN_Pool_access"
          ]
        }
      ]
    },
    {
      "mode": "managed",
      "type": "aci_ranges",
      "name": "VLAN_Range_access_298",
      "provider": "provider[\"registry.terraform.io/ciscodevnet/aci\"]",
      "instances": [
        {
          "schema_version": 1,
          "attributes": {
            "alloc_mode": "inherit",
            "annotation": "orchestrator:terraform",
            "description": "",
            "from": "vlan-298",
            "id": "uni/infra/vlanns-[access]-static/from-[vlan-298]-to-[vlan-298]",
            "name_alias": "",
            "role": "external",
            "to": "vlan-298",
            "vlan_pool_dn": "uni/infra/vlanns-[access]-static"
          },
          "sensitive_attributes": [],
          "private": "eyJzY2hlbWFfdmVyc2lvbiI6IjEifQ==",
          "dependencies": [
            "data.aci_vlan_pool.VLAN_Pool_access"
          ]
        }
      ]
    },
    {
      "mode": "managed",
      "type": "aci_ranges",
      "name": "VLAN_Range_access_299",
      "provider": "provider[\"registry.terraform.io/ciscodevnet/aci\"]",
      "instances": [
        {
          "schema_version": 1,
          "attributes": {
            "alloc_mode": "inherit",
            "annotation": "orchestrator:terraform",
            "description": "",
            "from": "vlan-299",
            "id": "uni/infra/vlanns-[access]-static/from-[vlan-299]-to-[vlan-299]",
            "name_alias": "",
            "role": "external",
            "to": "vlan-299",
            "vlan_pool_dn": "uni/infra/vlanns-[access]-static"
          },
          "sensitive_attributes": [],
          "private": "eyJzY2hlbWFfdmVyc2lvbiI6IjEifQ==",
          "dependencies": [
            "data.aci_vlan_pool.VLAN_Pool_access"
          ]
        }
      ]
    },
    {
      "mode": "managed",
      "type": "aci_ranges",
      "name": "VLAN_Range_dynamic_2700",
      "provider": "provider[\"registry.terraform.io/ciscodevnet/aci\"]",
      "instances": [
        {
          "schema_version": 1,
          "attributes": {
            "alloc_mode": "inherit",
            "annotation": "orchestrator:terraform",
            "description": "",
            "from": "vlan-2700",
            "id": "uni/infra/vlanns-[dynamic]-dynamic/from-[vlan-2700]-to-[vlan-2700]",
            "name_alias": "",
            "role": "external",
            "to": "vlan-2700",
            "vlan_pool_dn": "uni/infra/vlanns-[dynamic]-dynamic"
          },
          "sensitive_attributes": [],
          "private": "eyJzY2hlbWFfdmVyc2lvbiI6IjEifQ==",
          "dependencies": [
            "data.aci_vlan_pool.VLAN_Pool_dynamic"
          ]
        }
      ]
    },
    {
      "mode": "managed",
      "type": "aci_ranges",
      "name": "VLAN_Range_dynamic_2701",
      "provider": "provider[\"registry.terraform.io/ciscodevnet/aci\"]",
      "instances": [
        {
          "schema_version": 1,
          "attributes": {
            "alloc_mode": "inherit",
            "annotation": "orchestrator:terraform",
            "description": "",
            "from": "vlan-2701",
            "id": "uni/infra/vlanns-[dynamic]-dynamic/from-[vlan-2701]-to-[vlan-2701]",
            "name_alias": "",
            "role": "external",
            "to": "vlan-2701",
            "vlan_pool_dn": "uni/infra/vlanns-[dynamic]-dynamic"
          },
          "sensitive_attributes": [],
          "private": "eyJzY2hlbWFfdmVyc2lvbiI6IjEifQ==",
          "dependencies": [
            "data.aci_vlan_pool.VLAN_Pool_dynamic"
          ]
        }
      ]
    },
    {
      "mode": "managed",
      "type": "aci_ranges",
      "name": "VLAN_Range_dynamic_2702",
      "provider": "provider[\"registry.terraform.io/ciscodevnet/aci\"]",
      "instances": [
        {
          "schema_version": 1,
          "attributes": {
            "alloc_mode": "inherit",
            "annotation": "orchestrator:terraform",
            "description": "",
            "from": "vlan-2702",
            "id": "uni/infra/vlanns-[dynamic]-dynamic/from-[vlan-2702]-to-[vlan-2702]",
            "name_alias": "",
            "role": "external",
            "to": "vlan-2702",
            "vlan_pool_dn": "uni/infra/vlanns-[dynamic]-dynamic"
          },
          "sensitive_attributes": [],
          "private": "eyJzY2hlbWFfdmVyc2lvbiI6IjEifQ==",
          "dependencies": [
            "data.aci_vlan_pool.VLAN_Pool_dynamic"
          ]
        }
      ]
    },
    {
      "mode": "managed",
      "type": "aci_ranges",
      "name": "VLAN_Range_dynamic_2703",
      "provider": "provider[\"registry.terraform.io/ciscodevnet/aci\"]",
      "instances": [
        {
          "schema_version": 1,
          "attributes": {
            "alloc_mode": "inherit",
            "annotation": "orchestrator:terraform",
            "description": "",
            "from": "vlan-2703",
            "id": "uni/infra/vlanns-[dynamic]-dynamic/from-[vlan-2703]-to-[vlan-2703]",
            "name_alias": "",
            "role": "external",
            "to": "vlan-2703",
            "vlan_pool_dn": "uni/infra/vlanns-[dynamic]-dynamic"
          },
          "sensitive_attributes": [],
          "private": "eyJzY2hlbWFfdmVyc2lvbiI6IjEifQ==",
          "dependencies": [
            "data.aci_vlan_pool.VLAN_Pool_dynamic"
          ]
        }
      ]
    },
    {
      "mode": "managed",
      "type": "aci_ranges",
      "name": "VLAN_Range_dynamic_2704",
      "provider": "provider[\"registry.terraform.io/ciscodevnet/aci\"]",
      "instances": [
        {
          "schema_version": 1,
          "attributes": {
            "alloc_mode": "inherit",
            "annotation": "orchestrator:terraform",
            "description": "",
            "from": "vlan-2704",
            "id": "uni/infra/vlanns-[dynamic]-dynamic/from-[vlan-2704]-to-[vlan-2704]",
            "name_alias": "",
            "role": "external",
            "to": "vlan-2704",
            "vlan_pool_dn": "uni/infra/vlanns-[dynamic]-dynamic"
          },
          "sensitive_attributes": [],
          "private": "eyJzY2hlbWFfdmVyc2lvbiI6IjEifQ==",
          "dependencies": [
            "data.aci_vlan_pool.VLAN_Pool_dynamic"
          ]
        }
      ]
    },
    {
      "mode": "managed",
      "type": "aci_ranges",
      "name": "VLAN_Range_dynamic_2705",
      "provider": "provider[\"registry.terraform.io/ciscodevnet/aci\"]",
      "instances": [
        {
          "schema_version": 1,
          "attributes": {
            "alloc_mode": "inherit",
            "annotation": "orchestrator:terraform",
            "description": "",
            "from": "vlan-2705",
            "id": "uni/infra/vlanns-[dynamic]-dynamic/from-[vlan-2705]-to-[vlan-2705]",
            "name_alias": "",
            "role": "external",
            "to": "vlan-2705",
            "vlan_pool_dn": "uni/infra/vlanns-[dynamic]-dynamic"
          },
          "sensitive_attributes": [],
          "private": "eyJzY2hlbWFfdmVyc2lvbiI6IjEifQ==",
          "dependencies": [
            "data.aci_vlan_pool.VLAN_Pool_dynamic"
          ]
        }
      ]
    },
    {
      "mode": "managed",
      "type": "aci_ranges",
      "name": "VLAN_Range_dynamic_2706",
      "provider": "provider[\"registry.terraform.io/ciscodevnet/aci\"]",
      "instances": [
        {
          "schema_version": 1,
          "attributes": {
            "alloc_mode": "inherit",
            "annotation": "orchestrator:terraform",
            "description": "",
            "from": "vlan-2706",
            "id": "uni/infra/vlanns-[dynamic]-dynamic/from-[vlan-2706]-to-[vlan-2706]",
            "name_alias": "",
            "role": "external",
            "to": "vlan-2706",
            "vlan_pool_dn": "uni/infra/vlanns-[dynamic]-dynamic"
          },
          "sensitive_attributes": [],
          "private": "eyJzY2hlbWFfdmVyc2lvbiI6IjEifQ==",
          "dependencies": [
            "data.aci_vlan_pool.VLAN_Pool_dynamic"
          ]
        }
      ]
    },
    {
      "mode": "managed",
      "type": "aci_ranges",
      "name": "VLAN_Range_dynamic_2707",
      "provider": "provider[\"registry.terraform.io/ciscodevnet/aci\"]",
      "instances": [
        {
          "schema_version": 1,
          "attributes": {
            "alloc_mode": "inherit",
            "annotation": "orchestrator:terraform",
            "description": "",
            "from": "vlan-2707",
            "id": "uni/infra/vlanns-[dynamic]-dynamic/from-[vlan-2707]-to-[vlan-2707]",
            "name_alias": "",
            "role": "external",
            "to": "vlan-2707",
            "vlan_pool_dn": "uni/infra/vlanns-[dynamic]-dynamic"
          },
          "sensitive_attributes": [],
          "private": "eyJzY2hlbWFfdmVyc2lvbiI6IjEifQ==",
          "dependencies": [
            "data.aci_vlan_pool.VLAN_Pool_dynamic"
          ]
        }
      ]
    },
    {
      "mode": "managed",
      "type": "aci_ranges",
      "name": "VLAN_Range_dynamic_2708",
      "provider": "provider[\"registry.terraform.io/ciscodevnet/aci\"]",
      "instances": [
        {
          "schema_version": 1,
          "attributes": {
            "alloc_mode": "inherit",
            "annotation": "orchestrator:terraform",
            "description": "",
            "from": "vlan-2708",
            "id": "uni/infra/vlanns-[dynamic]-dynamic/from-[vlan-2708]-to-[vlan-2708]",
            "name_alias": "",
            "role": "external",
            "to": "vlan-2708",
            "vlan_pool_dn": "uni/infra/vlanns-[dynamic]-dynamic"
          },
          "sensitive_attributes": [],
          "private": "eyJzY2hlbWFfdmVyc2lvbiI6IjEifQ==",
          "dependencies": [
            "data.aci_vlan_pool.VLAN_Pool_dynamic"
          ]
        }
      ]
    },
    {
      "mode": "managed",
      "type": "aci_ranges",
      "name": "VLAN_Range_dynamic_2709",
      "provider": "provider[\"registry.terraform.io/ciscodevnet/aci\"]",
      "instances": [
        {
          "schema_version": 1,
          "attributes": {
            "alloc_mode": "inherit",
            "annotation": "orchestrator:terraform",
            "description": "",
            "from": "vlan-2709",
            "id": "uni/infra/vlanns-[dynamic]-dynamic/from-[vlan-2709]-to-[vlan-2709]",
            "name_alias": "",
            "role": "external",
            "to": "vlan-2709",
            "vlan_pool_dn": "uni/infra/vlanns-[dynamic]-dynamic"
          },
          "sensitive_attributes": [],
          "private": "eyJzY2hlbWFfdmVyc2lvbiI6IjEifQ==",
          "dependencies": [
            "data.aci_vlan_pool.VLAN_Pool_dynamic"
          ]
        }
      ]
    },
    {
      "mode": "managed",
      "type": "aci_ranges",
      "name": "VLAN_Range_dynamic_2710",
      "provider": "provider[\"registry.terraform.io/ciscodevnet/aci\"]",
      "instances": [
        {
          "schema_version": 1,
          "attributes": {
            "alloc_mode": "inherit",
            "annotation": "orchestrator:terraform",
            "description": "",
            "from": "vlan-2710",
            "id": "uni/infra/vlanns-[dynamic]-dynamic/from-[vlan-2710]-to-[vlan-2710]",
            "name_alias": "",
            "role": "external",
            "to": "vlan-2710",
            "vlan_pool_dn": "uni/infra/vlanns-[dynamic]-dynamic"
          },
          "sensitive_attributes": [],
          "private": "eyJzY2hlbWFfdmVyc2lvbiI6IjEifQ==",
          "dependencies": [
            "data.aci_vlan_pool.VLAN_Pool_dynamic"
          ]
        }
      ]
    },
    {
      "mode": "managed",
      "type": "aci_ranges",
      "name": "VLAN_Range_dynamic_2711",
      "provider": "provider[\"registry.terraform.io/ciscodevnet/aci\"]",
      "instances": [
        {
          "schema_version": 1,
          "attributes": {
            "alloc_mode": "inherit",
            "annotation": "orchestrator:terraform",
            "description": "",
            "from": "vlan-2711",
            "id": "uni/infra/vlanns-[dynamic]-dynamic/from-[vlan-2711]-to-[vlan-2711]",
            "name_alias": "",
            "role": "external",
            "to": "vlan-2711",
            "vlan_pool_dn": "uni/infra/vlanns-[dynamic]-dynamic"
          },
          "sensitive_attributes": [],
          "private": "eyJzY2hlbWFfdmVyc2lvbiI6IjEifQ==",
          "dependencies": [
            "data.aci_vlan_pool.VLAN_Pool_dynamic"
          ]
        }
      ]
    },
    {
      "mode": "managed",
      "type": "aci_ranges",
      "name": "VLAN_Range_dynamic_2712",
      "provider": "provider[\"registry.terraform.io/ciscodevnet/aci\"]",
      "instances": [
        {
          "schema_version": 1,
          "attributes": {
            "alloc_mode": "inherit",
            "annotation": "orchestrator:terraform",
            "description": "",
            "from": "vlan-2712",
            "id": "uni/infra/vlanns-[dynamic]-dynamic/from-[vlan-2712]-to-[vlan-2712]",
            "name_alias": "",
            "role": "external",
            "to": "vlan-2712",
            "vlan_pool_dn": "uni/infra/vlanns-[dynamic]-dynamic"
          },
          "sensitive_attributes": [],
          "private": "eyJzY2hlbWFfdmVyc2lvbiI6IjEifQ==",
          "dependencies": [
            "data.aci_vlan_pool.VLAN_Pool_dynamic"
          ]
        }
      ]
    },
    {
      "mode": "managed",
      "type": "aci_ranges",
      "name": "VLAN_Range_dynamic_2713",
      "provider": "provider[\"registry.terraform.io/ciscodevnet/aci\"]",
      "instances": [
        {
          "schema_version": 1,
          "attributes": {
            "alloc_mode": "inherit",
            "annotation": "orchestrator:terraform",
            "description": "",
            "from": "vlan-2713",
            "id": "uni/infra/vlanns-[dynamic]-dynamic/from-[vlan-2713]-to-[vlan-2713]",
            "name_alias": "",
            "role": "external",
            "to": "vlan-2713",
            "vlan_pool_dn": "uni/infra/vlanns-[dynamic]-dynamic"
          },
          "sensitive_attributes": [],
          "private": "eyJzY2hlbWFfdmVyc2lvbiI6IjEifQ==",
          "dependencies": [
            "data.aci_vlan_pool.VLAN_Pool_dynamic"
          ]
        }
      ]
    },
    {
      "mode": "managed",
      "type": "aci_ranges",
      "name": "VLAN_Range_dynamic_2714",
      "provider": "provider[\"registry.terraform.io/ciscodevnet/aci\"]",
      "instances": [
        {
          "schema_version": 1,
          "attributes": {
            "alloc_mode": "inherit",
            "annotation": "orchestrator:terraform",
            "description": "",
            "from": "vlan-2714",
            "id": "uni/infra/vlanns-[dynamic]-dynamic/from-[vlan-2714]-to-[vlan-2714]",
            "name_alias": "",
            "role": "external",
            "to": "vlan-2714",
            "vlan_pool_dn": "uni/infra/vlanns-[dynamic]-dynamic"
          },
          "sensitive_attributes": [],
          "private": "eyJzY2hlbWFfdmVyc2lvbiI6IjEifQ==",
          "dependencies": [
            "data.aci_vlan_pool.VLAN_Pool_dynamic"
          ]
        }
      ]
    },
    {
      "mode": "managed",
      "type": "aci_ranges",
      "name": "VLAN_Range_dynamic_2715",
      "provider": "provider[\"registry.terraform.io/ciscodevnet/aci\"]",
      "instances": [
        {
          "schema_version": 1,
          "attributes": {
            "alloc_mode": "inherit",
            "annotation": "orchestrator:terraform",
            "description": "",
            "from": "vlan-2715",
            "id": "uni/infra/vlanns-[dynamic]-dynamic/from-[vlan-2715]-to-[vlan-2715]",
            "name_alias": "",
            "role": "external",
            "to": "vlan-2715",
            "vlan_pool_dn": "uni/infra/vlanns-[dynamic]-dynamic"
          },
          "sensitive_attributes": [],
          "private": "eyJzY2hlbWFfdmVyc2lvbiI6IjEifQ==",
          "dependencies": [
            "data.aci_vlan_pool.VLAN_Pool_dynamic"
          ]
        }
      ]
    },
    {
      "mode": "managed",
      "type": "aci_ranges",
      "name": "VLAN_Range_dynamic_2716",
      "provider": "provider[\"registry.terraform.io/ciscodevnet/aci\"]",
      "instances": [
        {
          "schema_version": 1,
          "attributes": {
            "alloc_mode": "inherit",
            "annotation": "orchestrator:terraform",
            "description": "",
            "from": "vlan-2716",
            "id": "uni/infra/vlanns-[dynamic]-dynamic/from-[vlan-2716]-to-[vlan-2716]",
            "name_alias": "",
            "role": "external",
            "to": "vlan-2716",
            "vlan_pool_dn": "uni/infra/vlanns-[dynamic]-dynamic"
          },
          "sensitive_attributes": [],
          "private": "eyJzY2hlbWFfdmVyc2lvbiI6IjEifQ==",
          "dependencies": [
            "data.aci_vlan_pool.VLAN_Pool_dynamic"
          ]
        }
      ]
    },
    {
      "mode": "managed",
      "type": "aci_ranges",
      "name": "VLAN_Range_dynamic_2717",
      "provider": "provider[\"registry.terraform.io/ciscodevnet/aci\"]",
      "instances": [
        {
          "schema_version": 1,
          "attributes": {
            "alloc_mode": "inherit",
            "annotation": "orchestrator:terraform",
            "description": "",
            "from": "vlan-2717",
            "id": "uni/infra/vlanns-[dynamic]-dynamic/from-[vlan-2717]-to-[vlan-2717]",
            "name_alias": "",
            "role": "external",
            "to": "vlan-2717",
            "vlan_pool_dn": "uni/infra/vlanns-[dynamic]-dynamic"
          },
          "sensitive_attributes": [],
          "private": "eyJzY2hlbWFfdmVyc2lvbiI6IjEifQ==",
          "dependencies": [
            "data.aci_vlan_pool.VLAN_Pool_dynamic"
          ]
        }
      ]
    },
    {
      "mode": "managed",
      "type": "aci_ranges",
      "name": "VLAN_Range_dynamic_2718",
      "provider": "provider[\"registry.terraform.io/ciscodevnet/aci\"]",
      "instances": [
        {
          "schema_version": 1,
          "attributes": {
            "alloc_mode": "inherit",
            "annotation": "orchestrator:terraform",
            "description": "",
            "from": "vlan-2718",
            "id": "uni/infra/vlanns-[dynamic]-dynamic/from-[vlan-2718]-to-[vlan-2718]",
            "name_alias": "",
            "role": "external",
            "to": "vlan-2718",
            "vlan_pool_dn": "uni/infra/vlanns-[dynamic]-dynamic"
          },
          "sensitive_attributes": [],
          "private": "eyJzY2hlbWFfdmVyc2lvbiI6IjEifQ==",
          "dependencies": [
            "data.aci_vlan_pool.VLAN_Pool_dynamic"
          ]
        }
      ]
    },
    {
      "mode": "managed",
      "type": "aci_ranges",
      "name": "VLAN_Range_dynamic_2719",
      "provider": "provider[\"registry.terraform.io/ciscodevnet/aci\"]",
      "instances": [
        {
          "schema_version": 1,
          "attributes": {
            "alloc_mode": "inherit",
            "annotation": "orchestrator:terraform",
            "description": "",
            "from": "vlan-2719",
            "id": "uni/infra/vlanns-[dynamic]-dynamic/from-[vlan-2719]-to-[vlan-2719]",
            "name_alias": "",
            "role": "external",
            "to": "vlan-2719",
            "vlan_pool_dn": "uni/infra/vlanns-[dynamic]-dynamic"
          },
          "sensitive_attributes": [],
          "private": "eyJzY2hlbWFfdmVyc2lvbiI6IjEifQ==",
          "dependencies": [
            "data.aci_vlan_pool.VLAN_Pool_dynamic"
          ]
        }
      ]
    },
    {
      "mode": "managed",
      "type": "aci_ranges",
      "name": "VLAN_Range_dynamic_2720",
      "provider": "provider[\"registry.terraform.io/ciscodevnet/aci\"]",
      "instances": [
        {
          "schema_version": 1,
          "attributes": {
            "alloc_mode": "inherit",
            "annotation": "orchestrator:terraform",
            "description": "",
            "from": "vlan-2720",
            "id": "uni/infra/vlanns-[dynamic]-dynamic/from-[vlan-2720]-to-[vlan-2720]",
            "name_alias": "",
            "role": "external",
            "to": "vlan-2720",
            "vlan_pool_dn": "uni/infra/vlanns-[dynamic]-dynamic"
          },
          "sensitive_attributes": [],
          "private": "eyJzY2hlbWFfdmVyc2lvbiI6IjEifQ==",
          "dependencies": [
            "data.aci_vlan_pool.VLAN_Pool_dynamic"
          ]
        }
      ]
    },
    {
      "mode": "managed",
      "type": "aci_ranges",
      "name": "VLAN_Range_dynamic_2721",
      "provider": "provider[\"registry.terraform.io/ciscodevnet/aci\"]",
      "instances": [
        {
          "schema_version": 1,
          "attributes": {
            "alloc_mode": "inherit",
            "annotation": "orchestrator:terraform",
            "description": "",
            "from": "vlan-2721",
            "id": "uni/infra/vlanns-[dynamic]-dynamic/from-[vlan-2721]-to-[vlan-2721]",
            "name_alias": "",
            "role": "external",
            "to": "vlan-2721",
            "vlan_pool_dn": "uni/infra/vlanns-[dynamic]-dynamic"
          },
          "sensitive_attributes": [],
          "private": "eyJzY2hlbWFfdmVyc2lvbiI6IjEifQ==",
          "dependencies": [
            "data.aci_vlan_pool.VLAN_Pool_dynamic"
          ]
        }
      ]
    },
    {
      "mode": "managed",
      "type": "aci_ranges",
      "name": "VLAN_Range_dynamic_2722",
      "provider": "provider[\"registry.terraform.io/ciscodevnet/aci\"]",
      "instances": [
        {
          "schema_version": 1,
          "attributes": {
            "alloc_mode": "inherit",
            "annotation": "orchestrator:terraform",
            "description": "",
            "from": "vlan-2722",
            "id": "uni/infra/vlanns-[dynamic]-dynamic/from-[vlan-2722]-to-[vlan-2722]",
            "name_alias": "",
            "role": "external",
            "to": "vlan-2722",
            "vlan_pool_dn": "uni/infra/vlanns-[dynamic]-dynamic"
          },
          "sensitive_attributes": [],
          "private": "eyJzY2hlbWFfdmVyc2lvbiI6IjEifQ==",
          "dependencies": [
            "data.aci_vlan_pool.VLAN_Pool_dynamic"
          ]
        }
      ]
    },
    {
      "mode": "managed",
      "type": "aci_ranges",
      "name": "VLAN_Range_dynamic_2723",
      "provider": "provider[\"registry.terraform.io/ciscodevnet/aci\"]",
      "instances": [
        {
          "schema_version": 1,
          "attributes": {
            "alloc_mode": "inherit",
            "annotation": "orchestrator:terraform",
            "description": "",
            "from": "vlan-2723",
            "id": "uni/infra/vlanns-[dynamic]-dynamic/from-[vlan-2723]-to-[vlan-2723]",
            "name_alias": "",
            "role": "external",
            "to": "vlan-2723",
            "vlan_pool_dn": "uni/infra/vlanns-[dynamic]-dynamic"
          },
          "sensitive_attributes": [],
          "private": "eyJzY2hlbWFfdmVyc2lvbiI6IjEifQ==",
          "dependencies": [
            "data.aci_vlan_pool.VLAN_Pool_dynamic"
          ]
        }
      ]
    },
    {
      "mode": "managed",
      "type": "aci_ranges",
      "name": "VLAN_Range_dynamic_2724",
      "provider": "provider[\"registry.terraform.io/ciscodevnet/aci\"]",
      "instances": [
        {
          "schema_version": 1,
          "attributes": {
            "alloc_mode": "inherit",
            "annotation": "orchestrator:terraform",
            "description": "",
            "from": "vlan-2724",
            "id": "uni/infra/vlanns-[dynamic]-dynamic/from-[vlan-2724]-to-[vlan-2724]",
            "name_alias": "",
            "role": "external",
            "to": "vlan-2724",
            "vlan_pool_dn": "uni/infra/vlanns-[dynamic]-dynamic"
          },
          "sensitive_attributes": [],
          "private": "eyJzY2hlbWFfdmVyc2lvbiI6IjEifQ==",
          "dependencies": [
            "data.aci_vlan_pool.VLAN_Pool_dynamic"
          ]
        }
      ]
    },
    {
      "mode": "managed",
      "type": "aci_ranges",
      "name": "VLAN_Range_dynamic_2725",
      "provider": "provider[\"registry.terraform.io/ciscodevnet/aci\"]",
      "instances": [
        {
          "schema_version": 1,
          "attributes": {
            "alloc_mode": "inherit",
            "annotation": "orchestrator:terraform",
            "description": "",
            "from": "vlan-2725",
            "id": "uni/infra/vlanns-[dynamic]-dynamic/from-[vlan-2725]-to-[vlan-2725]",
            "name_alias": "",
            "role": "external",
            "to": "vlan-2725",
            "vlan_pool_dn": "uni/infra/vlanns-[dynamic]-dynamic"
          },
          "sensitive_attributes": [],
          "private": "eyJzY2hlbWFfdmVyc2lvbiI6IjEifQ==",
          "dependencies": [
            "data.aci_vlan_pool.VLAN_Pool_dynamic"
          ]
        }
      ]
    },
    {
      "mode": "managed",
      "type": "aci_ranges",
      "name": "VLAN_Range_dynamic_2726",
      "provider": "provider[\"registry.terraform.io/ciscodevnet/aci\"]",
      "instances": [
        {
          "schema_version": 1,
          "attributes": {
            "alloc_mode": "inherit",
            "annotation": "orchestrator:terraform",
            "description": "",
            "from": "vlan-2726",
            "id": "uni/infra/vlanns-[dynamic]-dynamic/from-[vlan-2726]-to-[vlan-2726]",
            "name_alias": "",
            "role": "external",
            "to": "vlan-2726",
            "vlan_pool_dn": "uni/infra/vlanns-[dynamic]-dynamic"
          },
          "sensitive_attributes": [],
          "private": "eyJzY2hlbWFfdmVyc2lvbiI6IjEifQ==",
          "dependencies": [
            "data.aci_vlan_pool.VLAN_Pool_dynamic"
          ]
        }
      ]
    },
    {
      "mode": "managed",
      "type": "aci_ranges",
      "name": "VLAN_Range_dynamic_2727",
      "provider": "provider[\"registry.terraform.io/ciscodevnet/aci\"]",
      "instances": [
        {
          "schema_version": 1,
          "attributes": {
            "alloc_mode": "inherit",
            "annotation": "orchestrator:terraform",
            "description": "",
            "from": "vlan-2727",
            "id": "uni/infra/vlanns-[dynamic]-dynamic/from-[vlan-2727]-to-[vlan-2727]",
            "name_alias": "",
            "role": "external",
            "to": "vlan-2727",
            "vlan_pool_dn": "uni/infra/vlanns-[dynamic]-dynamic"
          },
          "sensitive_attributes": [],
          "private": "eyJzY2hlbWFfdmVyc2lvbiI6IjEifQ==",
          "dependencies": [
            "data.aci_vlan_pool.VLAN_Pool_dynamic"
          ]
        }
      ]
    },
    {
      "mode": "managed",
      "type": "aci_ranges",
      "name": "VLAN_Range_dynamic_2728",
      "provider": "provider[\"registry.terraform.io/ciscodevnet/aci\"]",
      "instances": [
        {
          "schema_version": 1,
          "attributes": {
            "alloc_mode": "inherit",
            "annotation": "orchestrator:terraform",
            "description": "",
            "from": "vlan-2728",
            "id": "uni/infra/vlanns-[dynamic]-dynamic/from-[vlan-2728]-to-[vlan-2728]",
            "name_alias": "",
            "role": "external",
            "to": "vlan-2728",
            "vlan_pool_dn": "uni/infra/vlanns-[dynamic]-dynamic"
          },
          "sensitive_attributes": [],
          "private": "eyJzY2hlbWFfdmVyc2lvbiI6IjEifQ==",
          "dependencies": [
            "data.aci_vlan_pool.VLAN_Pool_dynamic"
          ]
        }
      ]
    },
    {
      "mode": "managed",
      "type": "aci_ranges",
      "name": "VLAN_Range_dynamic_2729",
      "provider": "provider[\"registry.terraform.io/ciscodevnet/aci\"]",
      "instances": [
        {
          "schema_version": 1,
          "attributes": {
            "alloc_mode": "inherit",
            "annotation": "orchestrator:terraform",
            "description": "",
            "from": "vlan-2729",
            "id": "uni/infra/vlanns-[dynamic]-dynamic/from-[vlan-2729]-to-[vlan-2729]",
            "name_alias": "",
            "role": "external",
            "to": "vlan-2729",
            "vlan_pool_dn": "uni/infra/vlanns-[dynamic]-dynamic"
          },
          "sensitive_attributes": [],
          "private": "eyJzY2hlbWFfdmVyc2lvbiI6IjEifQ==",
          "dependencies": [
            "data.aci_vlan_pool.VLAN_Pool_dynamic"
          ]
        }
      ]
    },
    {
      "mode": "managed",
      "type": "aci_ranges",
      "name": "VLAN_Range_dynamic_2730",
      "provider": "provider[\"registry.terraform.io/ciscodevnet/aci\"]",
      "instances": [
        {
          "schema_version": 1,
          "attributes": {
            "alloc_mode": "inherit",
            "annotation": "orchestrator:terraform",
            "description": "",
            "from": "vlan-2730",
            "id": "uni/infra/vlanns-[dynamic]-dynamic/from-[vlan-2730]-to-[vlan-2730]",
            "name_alias": "",
            "role": "external",
            "to": "vlan-2730",
            "vlan_pool_dn": "uni/infra/vlanns-[dynamic]-dynamic"
          },
          "sensitive_attributes": [],
          "private": "eyJzY2hlbWFfdmVyc2lvbiI6IjEifQ==",
          "dependencies": [
            "data.aci_vlan_pool.VLAN_Pool_dynamic"
          ]
        }
      ]
    },
    {
      "mode": "managed",
      "type": "aci_ranges",
      "name": "VLAN_Range_dynamic_2731",
      "provider": "provider[\"registry.terraform.io/ciscodevnet/aci\"]",
      "instances": [
        {
          "schema_version": 1,
          "attributes": {
            "alloc_mode": "inherit",
            "annotation": "orchestrator:terraform",
            "description": "",
            "from": "vlan-2731",
            "id": "uni/infra/vlanns-[dynamic]-dynamic/from-[vlan-2731]-to-[vlan-2731]",
            "name_alias": "",
            "role": "external",
            "to": "vlan-2731",
            "vlan_pool_dn": "uni/infra/vlanns-[dynamic]-dynamic"
          },
          "sensitive_attributes": [],
          "private": "eyJzY2hlbWFfdmVyc2lvbiI6IjEifQ==",
          "dependencies": [
            "data.aci_vlan_pool.VLAN_Pool_dynamic"
          ]
        }
      ]
    },
    {
      "mode": "managed",
      "type": "aci_ranges",
      "name": "VLAN_Range_dynamic_2732",
      "provider": "provider[\"registry.terraform.io/ciscodevnet/aci\"]",
      "instances": [
        {
          "schema_version": 1,
          "attributes": {
            "alloc_mode": "inherit",
            "annotation": "orchestrator:terraform",
            "description": "",
            "from": "vlan-2732",
            "id": "uni/infra/vlanns-[dynamic]-dynamic/from-[vlan-2732]-to-[vlan-2732]",
            "name_alias": "",
            "role": "external",
            "to": "vlan-2732",
            "vlan_pool_dn": "uni/infra/vlanns-[dynamic]-dynamic"
          },
          "sensitive_attributes": [],
          "private": "eyJzY2hlbWFfdmVyc2lvbiI6IjEifQ==",
          "dependencies": [
            "data.aci_vlan_pool.VLAN_Pool_dynamic"
          ]
        }
      ]
    },
    {
      "mode": "managed",
      "type": "aci_ranges",
      "name": "VLAN_Range_dynamic_2733",
      "provider": "provider[\"registry.terraform.io/ciscodevnet/aci\"]",
      "instances": [
        {
          "schema_version": 1,
          "attributes": {
            "alloc_mode": "inherit",
            "annotation": "orchestrator:terraform",
            "description": "",
            "from": "vlan-2733",
            "id": "uni/infra/vlanns-[dynamic]-dynamic/from-[vlan-2733]-to-[vlan-2733]",
            "name_alias": "",
            "role": "external",
            "to": "vlan-2733",
            "vlan_pool_dn": "uni/infra/vlanns-[dynamic]-dynamic"
          },
          "sensitive_attributes": [],
          "private": "eyJzY2hlbWFfdmVyc2lvbiI6IjEifQ==",
          "dependencies": [
            "data.aci_vlan_pool.VLAN_Pool_dynamic"
          ]
        }
      ]
    },
    {
      "mode": "managed",
      "type": "aci_ranges",
      "name": "VLAN_Range_dynamic_2734",
      "provider": "provider[\"registry.terraform.io/ciscodevnet/aci\"]",
      "instances": [
        {
          "schema_version": 1,
          "attributes": {
            "alloc_mode": "inherit",
            "annotation": "orchestrator:terraform",
            "description": "",
            "from": "vlan-2734",
            "id": "uni/infra/vlanns-[dynamic]-dynamic/from-[vlan-2734]-to-[vlan-2734]",
            "name_alias": "",
            "role": "external",
            "to": "vlan-2734",
            "vlan_pool_dn": "uni/infra/vlanns-[dynamic]-dynamic"
          },
          "sensitive_attributes": [],
          "private": "eyJzY2hlbWFfdmVyc2lvbiI6IjEifQ==",
          "dependencies": [
            "data.aci_vlan_pool.VLAN_Pool_dynamic"
          ]
        }
      ]
    },
    {
      "mode": "managed",
      "type": "aci_ranges",
      "name": "VLAN_Range_dynamic_2735",
      "provider": "provider[\"registry.terraform.io/ciscodevnet/aci\"]",
      "instances": [
        {
          "schema_version": 1,
          "attributes": {
            "alloc_mode": "inherit",
            "annotation": "orchestrator:terraform",
            "description": "",
            "from": "vlan-2735",
            "id": "uni/infra/vlanns-[dynamic]-dynamic/from-[vlan-2735]-to-[vlan-2735]",
            "name_alias": "",
            "role": "external",
            "to": "vlan-2735",
            "vlan_pool_dn": "uni/infra/vlanns-[dynamic]-dynamic"
          },
          "sensitive_attributes": [],
          "private": "eyJzY2hlbWFfdmVyc2lvbiI6IjEifQ==",
          "dependencies": [
            "data.aci_vlan_pool.VLAN_Pool_dynamic"
          ]
        }
      ]
    },
    {
      "mode": "managed",
      "type": "aci_ranges",
      "name": "VLAN_Range_dynamic_2736",
      "provider": "provider[\"registry.terraform.io/ciscodevnet/aci\"]",
      "instances": [
        {
          "schema_version": 1,
          "attributes": {
            "alloc_mode": "inherit",
            "annotation": "orchestrator:terraform",
            "description": "",
            "from": "vlan-2736",
            "id": "uni/infra/vlanns-[dynamic]-dynamic/from-[vlan-2736]-to-[vlan-2736]",
            "name_alias": "",
            "role": "external",
            "to": "vlan-2736",
            "vlan_pool_dn": "uni/infra/vlanns-[dynamic]-dynamic"
          },
          "sensitive_attributes": [],
          "private": "eyJzY2hlbWFfdmVyc2lvbiI6IjEifQ==",
          "dependencies": [
            "data.aci_vlan_pool.VLAN_Pool_dynamic"
          ]
        }
      ]
    },
    {
      "mode": "managed",
      "type": "aci_ranges",
      "name": "VLAN_Range_dynamic_2737",
      "provider": "provider[\"registry.terraform.io/ciscodevnet/aci\"]",
      "instances": [
        {
          "schema_version": 1,
          "attributes": {
            "alloc_mode": "inherit",
            "annotation": "orchestrator:terraform",
            "description": "",
            "from": "vlan-2737",
            "id": "uni/infra/vlanns-[dynamic]-dynamic/from-[vlan-2737]-to-[vlan-2737]",
            "name_alias": "",
            "role": "external",
            "to": "vlan-2737",
            "vlan_pool_dn": "uni/infra/vlanns-[dynamic]-dynamic"
          },
          "sensitive_attributes": [],
          "private": "eyJzY2hlbWFfdmVyc2lvbiI6IjEifQ==",
          "dependencies": [
            "data.aci_vlan_pool.VLAN_Pool_dynamic"
          ]
        }
      ]
    },
    {
      "mode": "managed",
      "type": "aci_ranges",
      "name": "VLAN_Range_dynamic_2738",
      "provider": "provider[\"registry.terraform.io/ciscodevnet/aci\"]",
      "instances": [
        {
          "schema_version": 1,
          "attributes": {
            "alloc_mode": "inherit",
            "annotation": "orchestrator:terraform",
            "description": "",
            "from": "vlan-2738",
            "id": "uni/infra/vlanns-[dynamic]-dynamic/from-[vlan-2738]-to-[vlan-2738]",
            "name_alias": "",
            "role": "external",
            "to": "vlan-2738",
            "vlan_pool_dn": "uni/infra/vlanns-[dynamic]-dynamic"
          },
          "sensitive_attributes": [],
          "private": "eyJzY2hlbWFfdmVyc2lvbiI6IjEifQ==",
          "dependencies": [
            "data.aci_vlan_pool.VLAN_Pool_dynamic"
          ]
        }
      ]
    },
    {
      "mode": "managed",
      "type": "aci_ranges",
      "name": "VLAN_Range_dynamic_2739",
      "provider": "provider[\"registry.terraform.io/ciscodevnet/aci\"]",
      "instances": [
        {
          "schema_version": 1,
          "attributes": {
            "alloc_mode": "inherit",
            "annotation": "orchestrator:terraform",
            "description": "",
            "from": "vlan-2739",
            "id": "uni/infra/vlanns-[dynamic]-dynamic/from-[vlan-2739]-to-[vlan-2739]",
            "name_alias": "",
            "role": "external",
            "to": "vlan-2739",
            "vlan_pool_dn": "uni/infra/vlanns-[dynamic]-dynamic"
          },
          "sensitive_attributes": [],
          "private": "eyJzY2hlbWFfdmVyc2lvbiI6IjEifQ==",
          "dependencies": [
            "data.aci_vlan_pool.VLAN_Pool_dynamic"
          ]
        }
      ]
    },
    {
      "mode": "managed",
      "type": "aci_ranges",
      "name": "VLAN_Range_dynamic_2740",
      "provider": "provider[\"registry.terraform.io/ciscodevnet/aci\"]",
      "instances": [
        {
          "schema_version": 1,
          "attributes": {
            "alloc_mode": "inherit",
            "annotation": "orchestrator:terraform",
            "description": "",
            "from": "vlan-2740",
            "id": "uni/infra/vlanns-[dynamic]-dynamic/from-[vlan-2740]-to-[vlan-2740]",
            "name_alias": "",
            "role": "external",
            "to": "vlan-2740",
            "vlan_pool_dn": "uni/infra/vlanns-[dynamic]-dynamic"
          },
          "sensitive_attributes": [],
          "private": "eyJzY2hlbWFfdmVyc2lvbiI6IjEifQ==",
          "dependencies": [
            "data.aci_vlan_pool.VLAN_Pool_dynamic"
          ]
        }
      ]
    },
    {
      "mode": "managed",
      "type": "aci_ranges",
      "name": "VLAN_Range_dynamic_2741",
      "provider": "provider[\"registry.terraform.io/ciscodevnet/aci\"]",
      "instances": [
        {
          "schema_version": 1,
          "attributes": {
            "alloc_mode": "inherit",
            "annotation": "orchestrator:terraform",
            "description": "",
            "from": "vlan-2741",
            "id": "uni/infra/vlanns-[dynamic]-dynamic/from-[vlan-2741]-to-[vlan-2741]",
            "name_alias": "",
            "role": "external",
            "to": "vlan-2741",
            "vlan_pool_dn": "uni/infra/vlanns-[dynamic]-dynamic"
          },
          "sensitive_attributes": [],
          "private": "eyJzY2hlbWFfdmVyc2lvbiI6IjEifQ==",
          "dependencies": [
            "data.aci_vlan_pool.VLAN_Pool_dynamic"
          ]
        }
      ]
    },
    {
      "mode": "managed",
      "type": "aci_ranges",
      "name": "VLAN_Range_dynamic_2742",
      "provider": "provider[\"registry.terraform.io/ciscodevnet/aci\"]",
      "instances": [
        {
          "schema_version": 1,
          "attributes": {
            "alloc_mode": "inherit",
            "annotation": "orchestrator:terraform",
            "description": "",
            "from": "vlan-2742",
            "id": "uni/infra/vlanns-[dynamic]-dynamic/from-[vlan-2742]-to-[vlan-2742]",
            "name_alias": "",
            "role": "external",
            "to": "vlan-2742",
            "vlan_pool_dn": "uni/infra/vlanns-[dynamic]-dynamic"
          },
          "sensitive_attributes": [],
          "private": "eyJzY2hlbWFfdmVyc2lvbiI6IjEifQ==",
          "dependencies": [
            "data.aci_vlan_pool.VLAN_Pool_dynamic"
          ]
        }
      ]
    },
    {
      "mode": "managed",
      "type": "aci_ranges",
      "name": "VLAN_Range_dynamic_2743",
      "provider": "provider[\"registry.terraform.io/ciscodevnet/aci\"]",
      "instances": [
        {
          "schema_version": 1,
          "attributes": {
            "alloc_mode": "inherit",
            "annotation": "orchestrator:terraform",
            "description": "",
            "from": "vlan-2743",
            "id": "uni/infra/vlanns-[dynamic]-dynamic/from-[vlan-2743]-to-[vlan-2743]",
            "name_alias": "",
            "role": "external",
            "to": "vlan-2743",
            "vlan_pool_dn": "uni/infra/vlanns-[dynamic]-dynamic"
          },
          "sensitive_attributes": [],
          "private": "eyJzY2hlbWFfdmVyc2lvbiI6IjEifQ==",
          "dependencies": [
            "data.aci_vlan_pool.VLAN_Pool_dynamic"
          ]
        }
      ]
    },
    {
      "mode": "managed",
      "type": "aci_ranges",
      "name": "VLAN_Range_dynamic_2744",
      "provider": "provider[\"registry.terraform.io/ciscodevnet/aci\"]",
      "instances": [
        {
          "schema_version": 1,
          "attributes": {
            "alloc_mode": "inherit",
            "annotation": "orchestrator:terraform",
            "description": "",
            "from": "vlan-2744",
            "id": "uni/infra/vlanns-[dynamic]-dynamic/from-[vlan-2744]-to-[vlan-2744]",
            "name_alias": "",
            "role": "external",
            "to": "vlan-2744",
            "vlan_pool_dn": "uni/infra/vlanns-[dynamic]-dynamic"
          },
          "sensitive_attributes": [],
          "private": "eyJzY2hlbWFfdmVyc2lvbiI6IjEifQ==",
          "dependencies": [
            "data.aci_vlan_pool.VLAN_Pool_dynamic"
          ]
        }
      ]
    },
    {
      "mode": "managed",
      "type": "aci_ranges",
      "name": "VLAN_Range_dynamic_2745",
      "provider": "provider[\"registry.terraform.io/ciscodevnet/aci\"]",
      "instances": [
        {
          "schema_version": 1,
          "attributes": {
            "alloc_mode": "inherit",
            "annotation": "orchestrator:terraform",
            "description": "",
            "from": "vlan-2745",
            "id": "uni/infra/vlanns-[dynamic]-dynamic/from-[vlan-2745]-to-[vlan-2745]",
            "name_alias": "",
            "role": "external",
            "to": "vlan-2745",
            "vlan_pool_dn": "uni/infra/vlanns-[dynamic]-dynamic"
          },
          "sensitive_attributes": [],
          "private": "eyJzY2hlbWFfdmVyc2lvbiI6IjEifQ==",
          "dependencies": [
            "data.aci_vlan_pool.VLAN_Pool_dynamic"
          ]
        }
      ]
    },
    {
      "mode": "managed",
      "type": "aci_ranges",
      "name": "VLAN_Range_dynamic_2746",
      "provider": "provider[\"registry.terraform.io/ciscodevnet/aci\"]",
      "instances": [
        {
          "schema_version": 1,
          "attributes": {
            "alloc_mode": "inherit",
            "annotation": "orchestrator:terraform",
            "description": "",
            "from": "vlan-2746",
            "id": "uni/infra/vlanns-[dynamic]-dynamic/from-[vlan-2746]-to-[vlan-2746]",
            "name_alias": "",
            "role": "external",
            "to": "vlan-2746",
            "vlan_pool_dn": "uni/infra/vlanns-[dynamic]-dynamic"
          },
          "sensitive_attributes": [],
          "private": "eyJzY2hlbWFfdmVyc2lvbiI6IjEifQ==",
          "dependencies": [
            "data.aci_vlan_pool.VLAN_Pool_dynamic"
          ]
        }
      ]
    },
    {
      "mode": "managed",
      "type": "aci_ranges",
      "name": "VLAN_Range_dynamic_2747",
      "provider": "provider[\"registry.terraform.io/ciscodevnet/aci\"]",
      "instances": [
        {
          "schema_version": 1,
          "attributes": {
            "alloc_mode": "inherit",
            "annotation": "orchestrator:terraform",
            "description": "",
            "from": "vlan-2747",
            "id": "uni/infra/vlanns-[dynamic]-dynamic/from-[vlan-2747]-to-[vlan-2747]",
            "name_alias": "",
            "role": "external",
            "to": "vlan-2747",
            "vlan_pool_dn": "uni/infra/vlanns-[dynamic]-dynamic"
          },
          "sensitive_attributes": [],
          "private": "eyJzY2hlbWFfdmVyc2lvbiI6IjEifQ==",
          "dependencies": [
            "data.aci_vlan_pool.VLAN_Pool_dynamic"
          ]
        }
      ]
    },
    {
      "mode": "managed",
      "type": "aci_ranges",
      "name": "VLAN_Range_dynamic_2748",
      "provider": "provider[\"registry.terraform.io/ciscodevnet/aci\"]",
      "instances": [
        {
          "schema_version": 1,
          "attributes": {
            "alloc_mode": "inherit",
            "annotation": "orchestrator:terraform",
            "description": "",
            "from": "vlan-2748",
            "id": "uni/infra/vlanns-[dynamic]-dynamic/from-[vlan-2748]-to-[vlan-2748]",
            "name_alias": "",
            "role": "external",
            "to": "vlan-2748",
            "vlan_pool_dn": "uni/infra/vlanns-[dynamic]-dynamic"
          },
          "sensitive_attributes": [],
          "private": "eyJzY2hlbWFfdmVyc2lvbiI6IjEifQ==",
          "dependencies": [
            "data.aci_vlan_pool.VLAN_Pool_dynamic"
          ]
        }
      ]
    },
    {
      "mode": "managed",
      "type": "aci_ranges",
      "name": "VLAN_Range_dynamic_2749",
      "provider": "provider[\"registry.terraform.io/ciscodevnet/aci\"]",
      "instances": [
        {
          "schema_version": 1,
          "attributes": {
            "alloc_mode": "inherit",
            "annotation": "orchestrator:terraform",
            "description": "",
            "from": "vlan-2749",
            "id": "uni/infra/vlanns-[dynamic]-dynamic/from-[vlan-2749]-to-[vlan-2749]",
            "name_alias": "",
            "role": "external",
            "to": "vlan-2749",
            "vlan_pool_dn": "uni/infra/vlanns-[dynamic]-dynamic"
          },
          "sensitive_attributes": [],
          "private": "eyJzY2hlbWFfdmVyc2lvbiI6IjEifQ==",
          "dependencies": [
            "data.aci_vlan_pool.VLAN_Pool_dynamic"
          ]
        }
      ]
    },
    {
      "mode": "managed",
      "type": "aci_ranges",
      "name": "VLAN_Range_dynamic_2750",
      "provider": "provider[\"registry.terraform.io/ciscodevnet/aci\"]",
      "instances": [
        {
          "schema_version": 1,
          "attributes": {
            "alloc_mode": "inherit",
            "annotation": "orchestrator:terraform",
            "description": "",
            "from": "vlan-2750",
            "id": "uni/infra/vlanns-[dynamic]-dynamic/from-[vlan-2750]-to-[vlan-2750]",
            "name_alias": "",
            "role": "external",
            "to": "vlan-2750",
            "vlan_pool_dn": "uni/infra/vlanns-[dynamic]-dynamic"
          },
          "sensitive_attributes": [],
          "private": "eyJzY2hlbWFfdmVyc2lvbiI6IjEifQ==",
          "dependencies": [
            "data.aci_vlan_pool.VLAN_Pool_dynamic"
          ]
        }
      ]
    },
    {
      "mode": "managed",
      "type": "aci_ranges",
      "name": "VLAN_Range_dynamic_2751",
      "provider": "provider[\"registry.terraform.io/ciscodevnet/aci\"]",
      "instances": [
        {
          "schema_version": 1,
          "attributes": {
            "alloc_mode": "inherit",
            "annotation": "orchestrator:terraform",
            "description": "",
            "from": "vlan-2751",
            "id": "uni/infra/vlanns-[dynamic]-dynamic/from-[vlan-2751]-to-[vlan-2751]",
            "name_alias": "",
            "role": "external",
            "to": "vlan-2751",
            "vlan_pool_dn": "uni/infra/vlanns-[dynamic]-dynamic"
          },
          "sensitive_attributes": [],
          "private": "eyJzY2hlbWFfdmVyc2lvbiI6IjEifQ==",
          "dependencies": [
            "data.aci_vlan_pool.VLAN_Pool_dynamic"
          ]
        }
      ]
    },
    {
      "mode": "managed",
      "type": "aci_ranges",
      "name": "VLAN_Range_dynamic_2752",
      "provider": "provider[\"registry.terraform.io/ciscodevnet/aci\"]",
      "instances": [
        {
          "schema_version": 1,
          "attributes": {
            "alloc_mode": "inherit",
            "annotation": "orchestrator:terraform",
            "description": "",
            "from": "vlan-2752",
            "id": "uni/infra/vlanns-[dynamic]-dynamic/from-[vlan-2752]-to-[vlan-2752]",
            "name_alias": "",
            "role": "external",
            "to": "vlan-2752",
            "vlan_pool_dn": "uni/infra/vlanns-[dynamic]-dynamic"
          },
          "sensitive_attributes": [],
          "private": "eyJzY2hlbWFfdmVyc2lvbiI6IjEifQ==",
          "dependencies": [
            "data.aci_vlan_pool.VLAN_Pool_dynamic"
          ]
        }
      ]
    },
    {
      "mode": "managed",
      "type": "aci_ranges",
      "name": "VLAN_Range_dynamic_2753",
      "provider": "provider[\"registry.terraform.io/ciscodevnet/aci\"]",
      "instances": [
        {
          "schema_version": 1,
          "attributes": {
            "alloc_mode": "inherit",
            "annotation": "orchestrator:terraform",
            "description": "",
            "from": "vlan-2753",
            "id": "uni/infra/vlanns-[dynamic]-dynamic/from-[vlan-2753]-to-[vlan-2753]",
            "name_alias": "",
            "role": "external",
            "to": "vlan-2753",
            "vlan_pool_dn": "uni/infra/vlanns-[dynamic]-dynamic"
          },
          "sensitive_attributes": [],
          "private": "eyJzY2hlbWFfdmVyc2lvbiI6IjEifQ==",
          "dependencies": [
            "data.aci_vlan_pool.VLAN_Pool_dynamic"
          ]
        }
      ]
    },
    {
      "mode": "managed",
      "type": "aci_ranges",
      "name": "VLAN_Range_dynamic_2754",
      "provider": "provider[\"registry.terraform.io/ciscodevnet/aci\"]",
      "instances": [
        {
          "schema_version": 1,
          "attributes": {
            "alloc_mode": "inherit",
            "annotation": "orchestrator:terraform",
            "description": "",
            "from": "vlan-2754",
            "id": "uni/infra/vlanns-[dynamic]-dynamic/from-[vlan-2754]-to-[vlan-2754]",
            "name_alias": "",
            "role": "external",
            "to": "vlan-2754",
            "vlan_pool_dn": "uni/infra/vlanns-[dynamic]-dynamic"
          },
          "sensitive_attributes": [],
          "private": "eyJzY2hlbWFfdmVyc2lvbiI6IjEifQ==",
          "dependencies": [
            "data.aci_vlan_pool.VLAN_Pool_dynamic"
          ]
        }
      ]
    },
    {
      "mode": "managed",
      "type": "aci_ranges",
      "name": "VLAN_Range_dynamic_2755",
      "provider": "provider[\"registry.terraform.io/ciscodevnet/aci\"]",
      "instances": [
        {
          "schema_version": 1,
          "attributes": {
            "alloc_mode": "inherit",
            "annotation": "orchestrator:terraform",
            "description": "",
            "from": "vlan-2755",
            "id": "uni/infra/vlanns-[dynamic]-dynamic/from-[vlan-2755]-to-[vlan-2755]",
            "name_alias": "",
            "role": "external",
            "to": "vlan-2755",
            "vlan_pool_dn": "uni/infra/vlanns-[dynamic]-dynamic"
          },
          "sensitive_attributes": [],
          "private": "eyJzY2hlbWFfdmVyc2lvbiI6IjEifQ==",
          "dependencies": [
            "data.aci_vlan_pool.VLAN_Pool_dynamic"
          ]
        }
      ]
    },
    {
      "mode": "managed",
      "type": "aci_ranges",
      "name": "VLAN_Range_dynamic_2756",
      "provider": "provider[\"registry.terraform.io/ciscodevnet/aci\"]",
      "instances": [
        {
          "schema_version": 1,
          "attributes": {
            "alloc_mode": "inherit",
            "annotation": "orchestrator:terraform",
            "description": "",
            "from": "vlan-2756",
            "id": "uni/infra/vlanns-[dynamic]-dynamic/from-[vlan-2756]-to-[vlan-2756]",
            "name_alias": "",
            "role": "external",
            "to": "vlan-2756",
            "vlan_pool_dn": "uni/infra/vlanns-[dynamic]-dynamic"
          },
          "sensitive_attributes": [],
          "private": "eyJzY2hlbWFfdmVyc2lvbiI6IjEifQ==",
          "dependencies": [
            "data.aci_vlan_pool.VLAN_Pool_dynamic"
          ]
        }
      ]
    },
    {
      "mode": "managed",
      "type": "aci_ranges",
      "name": "VLAN_Range_dynamic_2757",
      "provider": "provider[\"registry.terraform.io/ciscodevnet/aci\"]",
      "instances": [
        {
          "schema_version": 1,
          "attributes": {
            "alloc_mode": "inherit",
            "annotation": "orchestrator:terraform",
            "description": "",
            "from": "vlan-2757",
            "id": "uni/infra/vlanns-[dynamic]-dynamic/from-[vlan-2757]-to-[vlan-2757]",
            "name_alias": "",
            "role": "external",
            "to": "vlan-2757",
            "vlan_pool_dn": "uni/infra/vlanns-[dynamic]-dynamic"
          },
          "sensitive_attributes": [],
          "private": "eyJzY2hlbWFfdmVyc2lvbiI6IjEifQ==",
          "dependencies": [
            "data.aci_vlan_pool.VLAN_Pool_dynamic"
          ]
        }
      ]
    },
    {
      "mode": "managed",
      "type": "aci_ranges",
      "name": "VLAN_Range_dynamic_2758",
      "provider": "provider[\"registry.terraform.io/ciscodevnet/aci\"]",
      "instances": [
        {
          "schema_version": 1,
          "attributes": {
            "alloc_mode": "inherit",
            "annotation": "orchestrator:terraform",
            "description": "",
            "from": "vlan-2758",
            "id": "uni/infra/vlanns-[dynamic]-dynamic/from-[vlan-2758]-to-[vlan-2758]",
            "name_alias": "",
            "role": "external",
            "to": "vlan-2758",
            "vlan_pool_dn": "uni/infra/vlanns-[dynamic]-dynamic"
          },
          "sensitive_attributes": [],
          "private": "eyJzY2hlbWFfdmVyc2lvbiI6IjEifQ==",
          "dependencies": [
            "data.aci_vlan_pool.VLAN_Pool_dynamic"
          ]
        }
      ]
    },
    {
      "mode": "managed",
      "type": "aci_ranges",
      "name": "VLAN_Range_dynamic_2759",
      "provider": "provider[\"registry.terraform.io/ciscodevnet/aci\"]",
      "instances": [
        {
          "schema_version": 1,
          "attributes": {
            "alloc_mode": "inherit",
            "annotation": "orchestrator:terraform",
            "description": "",
            "from": "vlan-2759",
            "id": "uni/infra/vlanns-[dynamic]-dynamic/from-[vlan-2759]-to-[vlan-2759]",
            "name_alias": "",
            "role": "external",
            "to": "vlan-2759",
            "vlan_pool_dn": "uni/infra/vlanns-[dynamic]-dynamic"
          },
          "sensitive_attributes": [],
          "private": "eyJzY2hlbWFfdmVyc2lvbiI6IjEifQ==",
          "dependencies": [
            "data.aci_vlan_pool.VLAN_Pool_dynamic"
          ]
        }
      ]
    },
    {
      "mode": "managed",
      "type": "aci_ranges",
      "name": "VLAN_Range_dynamic_2760",
      "provider": "provider[\"registry.terraform.io/ciscodevnet/aci\"]",
      "instances": [
        {
          "schema_version": 1,
          "attributes": {
            "alloc_mode": "inherit",
            "annotation": "orchestrator:terraform",
            "description": "",
            "from": "vlan-2760",
            "id": "uni/infra/vlanns-[dynamic]-dynamic/from-[vlan-2760]-to-[vlan-2760]",
            "name_alias": "",
            "role": "external",
            "to": "vlan-2760",
            "vlan_pool_dn": "uni/infra/vlanns-[dynamic]-dynamic"
          },
          "sensitive_attributes": [],
          "private": "eyJzY2hlbWFfdmVyc2lvbiI6IjEifQ==",
          "dependencies": [
            "data.aci_vlan_pool.VLAN_Pool_dynamic"
          ]
        }
      ]
    },
    {
      "mode": "managed",
      "type": "aci_ranges",
      "name": "VLAN_Range_dynamic_2761",
      "provider": "provider[\"registry.terraform.io/ciscodevnet/aci\"]",
      "instances": [
        {
          "schema_version": 1,
          "attributes": {
            "alloc_mode": "inherit",
            "annotation": "orchestrator:terraform",
            "description": "",
            "from": "vlan-2761",
            "id": "uni/infra/vlanns-[dynamic]-dynamic/from-[vlan-2761]-to-[vlan-2761]",
            "name_alias": "",
            "role": "external",
            "to": "vlan-2761",
            "vlan_pool_dn": "uni/infra/vlanns-[dynamic]-dynamic"
          },
          "sensitive_attributes": [],
          "private": "eyJzY2hlbWFfdmVyc2lvbiI6IjEifQ==",
          "dependencies": [
            "data.aci_vlan_pool.VLAN_Pool_dynamic"
          ]
        }
      ]
    },
    {
      "mode": "managed",
      "type": "aci_ranges",
      "name": "VLAN_Range_dynamic_2762",
      "provider": "provider[\"registry.terraform.io/ciscodevnet/aci\"]",
      "instances": [
        {
          "schema_version": 1,
          "attributes": {
            "alloc_mode": "inherit",
            "annotation": "orchestrator:terraform",
            "description": "",
            "from": "vlan-2762",
            "id": "uni/infra/vlanns-[dynamic]-dynamic/from-[vlan-2762]-to-[vlan-2762]",
            "name_alias": "",
            "role": "external",
            "to": "vlan-2762",
            "vlan_pool_dn": "uni/infra/vlanns-[dynamic]-dynamic"
          },
          "sensitive_attributes": [],
          "private": "eyJzY2hlbWFfdmVyc2lvbiI6IjEifQ==",
          "dependencies": [
            "data.aci_vlan_pool.VLAN_Pool_dynamic"
          ]
        }
      ]
    },
    {
      "mode": "managed",
      "type": "aci_ranges",
      "name": "VLAN_Range_dynamic_2763",
      "provider": "provider[\"registry.terraform.io/ciscodevnet/aci\"]",
      "instances": [
        {
          "schema_version": 1,
          "attributes": {
            "alloc_mode": "inherit",
            "annotation": "orchestrator:terraform",
            "description": "",
            "from": "vlan-2763",
            "id": "uni/infra/vlanns-[dynamic]-dynamic/from-[vlan-2763]-to-[vlan-2763]",
            "name_alias": "",
            "role": "external",
            "to": "vlan-2763",
            "vlan_pool_dn": "uni/infra/vlanns-[dynamic]-dynamic"
          },
          "sensitive_attributes": [],
          "private": "eyJzY2hlbWFfdmVyc2lvbiI6IjEifQ==",
          "dependencies": [
            "data.aci_vlan_pool.VLAN_Pool_dynamic"
          ]
        }
      ]
    },
    {
      "mode": "managed",
      "type": "aci_ranges",
      "name": "VLAN_Range_dynamic_2764",
      "provider": "provider[\"registry.terraform.io/ciscodevnet/aci\"]",
      "instances": [
        {
          "schema_version": 1,
          "attributes": {
            "alloc_mode": "inherit",
            "annotation": "orchestrator:terraform",
            "description": "",
            "from": "vlan-2764",
            "id": "uni/infra/vlanns-[dynamic]-dynamic/from-[vlan-2764]-to-[vlan-2764]",
            "name_alias": "",
            "role": "external",
            "to": "vlan-2764",
            "vlan_pool_dn": "uni/infra/vlanns-[dynamic]-dynamic"
          },
          "sensitive_attributes": [],
          "private": "eyJzY2hlbWFfdmVyc2lvbiI6IjEifQ==",
          "dependencies": [
            "data.aci_vlan_pool.VLAN_Pool_dynamic"
          ]
        }
      ]
    },
    {
      "mode": "managed",
      "type": "aci_ranges",
      "name": "VLAN_Range_dynamic_2765",
      "provider": "provider[\"registry.terraform.io/ciscodevnet/aci\"]",
      "instances": [
        {
          "schema_version": 1,
          "attributes": {
            "alloc_mode": "inherit",
            "annotation": "orchestrator:terraform",
            "description": "",
            "from": "vlan-2765",
            "id": "uni/infra/vlanns-[dynamic]-dynamic/from-[vlan-2765]-to-[vlan-2765]",
            "name_alias": "",
            "role": "external",
            "to": "vlan-2765",
            "vlan_pool_dn": "uni/infra/vlanns-[dynamic]-dynamic"
          },
          "sensitive_attributes": [],
          "private": "eyJzY2hlbWFfdmVyc2lvbiI6IjEifQ==",
          "dependencies": [
            "data.aci_vlan_pool.VLAN_Pool_dynamic"
          ]
        }
      ]
    },
    {
      "mode": "managed",
      "type": "aci_ranges",
      "name": "VLAN_Range_dynamic_2766",
      "provider": "provider[\"registry.terraform.io/ciscodevnet/aci\"]",
      "instances": [
        {
          "schema_version": 1,
          "attributes": {
            "alloc_mode": "inherit",
            "annotation": "orchestrator:terraform",
            "description": "",
            "from": "vlan-2766",
            "id": "uni/infra/vlanns-[dynamic]-dynamic/from-[vlan-2766]-to-[vlan-2766]",
            "name_alias": "",
            "role": "external",
            "to": "vlan-2766",
            "vlan_pool_dn": "uni/infra/vlanns-[dynamic]-dynamic"
          },
          "sensitive_attributes": [],
          "private": "eyJzY2hlbWFfdmVyc2lvbiI6IjEifQ==",
          "dependencies": [
            "data.aci_vlan_pool.VLAN_Pool_dynamic"
          ]
        }
      ]
    },
    {
      "mode": "managed",
      "type": "aci_ranges",
      "name": "VLAN_Range_dynamic_2767",
      "provider": "provider[\"registry.terraform.io/ciscodevnet/aci\"]",
      "instances": [
        {
          "schema_version": 1,
          "attributes": {
            "alloc_mode": "inherit",
            "annotation": "orchestrator:terraform",
            "description": "",
            "from": "vlan-2767",
            "id": "uni/infra/vlanns-[dynamic]-dynamic/from-[vlan-2767]-to-[vlan-2767]",
            "name_alias": "",
            "role": "external",
            "to": "vlan-2767",
            "vlan_pool_dn": "uni/infra/vlanns-[dynamic]-dynamic"
          },
          "sensitive_attributes": [],
          "private": "eyJzY2hlbWFfdmVyc2lvbiI6IjEifQ==",
          "dependencies": [
            "data.aci_vlan_pool.VLAN_Pool_dynamic"
          ]
        }
      ]
    },
    {
      "mode": "managed",
      "type": "aci_ranges",
      "name": "VLAN_Range_dynamic_2768",
      "provider": "provider[\"registry.terraform.io/ciscodevnet/aci\"]",
      "instances": [
        {
          "schema_version": 1,
          "attributes": {
            "alloc_mode": "inherit",
            "annotation": "orchestrator:terraform",
            "description": "",
            "from": "vlan-2768",
            "id": "uni/infra/vlanns-[dynamic]-dynamic/from-[vlan-2768]-to-[vlan-2768]",
            "name_alias": "",
            "role": "external",
            "to": "vlan-2768",
            "vlan_pool_dn": "uni/infra/vlanns-[dynamic]-dynamic"
          },
          "sensitive_attributes": [],
          "private": "eyJzY2hlbWFfdmVyc2lvbiI6IjEifQ==",
          "dependencies": [
            "data.aci_vlan_pool.VLAN_Pool_dynamic"
          ]
        }
      ]
    },
    {
      "mode": "managed",
      "type": "aci_ranges",
      "name": "VLAN_Range_dynamic_2769",
      "provider": "provider[\"registry.terraform.io/ciscodevnet/aci\"]",
      "instances": [
        {
          "schema_version": 1,
          "attributes": {
            "alloc_mode": "inherit",
            "annotation": "orchestrator:terraform",
            "description": "",
            "from": "vlan-2769",
            "id": "uni/infra/vlanns-[dynamic]-dynamic/from-[vlan-2769]-to-[vlan-2769]",
            "name_alias": "",
            "role": "external",
            "to": "vlan-2769",
            "vlan_pool_dn": "uni/infra/vlanns-[dynamic]-dynamic"
          },
          "sensitive_attributes": [],
          "private": "eyJzY2hlbWFfdmVyc2lvbiI6IjEifQ==",
          "dependencies": [
            "data.aci_vlan_pool.VLAN_Pool_dynamic"
          ]
        }
      ]
    },
    {
      "mode": "managed",
      "type": "aci_ranges",
      "name": "VLAN_Range_dynamic_2770",
      "provider": "provider[\"registry.terraform.io/ciscodevnet/aci\"]",
      "instances": [
        {
          "schema_version": 1,
          "attributes": {
            "alloc_mode": "inherit",
            "annotation": "orchestrator:terraform",
            "description": "",
            "from": "vlan-2770",
            "id": "uni/infra/vlanns-[dynamic]-dynamic/from-[vlan-2770]-to-[vlan-2770]",
            "name_alias": "",
            "role": "external",
            "to": "vlan-2770",
            "vlan_pool_dn": "uni/infra/vlanns-[dynamic]-dynamic"
          },
          "sensitive_attributes": [],
          "private": "eyJzY2hlbWFfdmVyc2lvbiI6IjEifQ==",
          "dependencies": [
            "data.aci_vlan_pool.VLAN_Pool_dynamic"
          ]
        }
      ]
    },
    {
      "mode": "managed",
      "type": "aci_ranges",
      "name": "VLAN_Range_dynamic_2771",
      "provider": "provider[\"registry.terraform.io/ciscodevnet/aci\"]",
      "instances": [
        {
          "schema_version": 1,
          "attributes": {
            "alloc_mode": "inherit",
            "annotation": "orchestrator:terraform",
            "description": "",
            "from": "vlan-2771",
            "id": "uni/infra/vlanns-[dynamic]-dynamic/from-[vlan-2771]-to-[vlan-2771]",
            "name_alias": "",
            "role": "external",
            "to": "vlan-2771",
            "vlan_pool_dn": "uni/infra/vlanns-[dynamic]-dynamic"
          },
          "sensitive_attributes": [],
          "private": "eyJzY2hlbWFfdmVyc2lvbiI6IjEifQ==",
          "dependencies": [
            "data.aci_vlan_pool.VLAN_Pool_dynamic"
          ]
        }
      ]
    },
    {
      "mode": "managed",
      "type": "aci_ranges",
      "name": "VLAN_Range_dynamic_2772",
      "provider": "provider[\"registry.terraform.io/ciscodevnet/aci\"]",
      "instances": [
        {
          "schema_version": 1,
          "attributes": {
            "alloc_mode": "inherit",
            "annotation": "orchestrator:terraform",
            "description": "",
            "from": "vlan-2772",
            "id": "uni/infra/vlanns-[dynamic]-dynamic/from-[vlan-2772]-to-[vlan-2772]",
            "name_alias": "",
            "role": "external",
            "to": "vlan-2772",
            "vlan_pool_dn": "uni/infra/vlanns-[dynamic]-dynamic"
          },
          "sensitive_attributes": [],
          "private": "eyJzY2hlbWFfdmVyc2lvbiI6IjEifQ==",
          "dependencies": [
            "data.aci_vlan_pool.VLAN_Pool_dynamic"
          ]
        }
      ]
    },
    {
      "mode": "managed",
      "type": "aci_ranges",
      "name": "VLAN_Range_dynamic_2773",
      "provider": "provider[\"registry.terraform.io/ciscodevnet/aci\"]",
      "instances": [
        {
          "schema_version": 1,
          "attributes": {
            "alloc_mode": "inherit",
            "annotation": "orchestrator:terraform",
            "description": "",
            "from": "vlan-2773",
            "id": "uni/infra/vlanns-[dynamic]-dynamic/from-[vlan-2773]-to-[vlan-2773]",
            "name_alias": "",
            "role": "external",
            "to": "vlan-2773",
            "vlan_pool_dn": "uni/infra/vlanns-[dynamic]-dynamic"
          },
          "sensitive_attributes": [],
          "private": "eyJzY2hlbWFfdmVyc2lvbiI6IjEifQ==",
          "dependencies": [
            "data.aci_vlan_pool.VLAN_Pool_dynamic"
          ]
        }
      ]
    },
    {
      "mode": "managed",
      "type": "aci_ranges",
      "name": "VLAN_Range_dynamic_2774",
      "provider": "provider[\"registry.terraform.io/ciscodevnet/aci\"]",
      "instances": [
        {
          "schema_version": 1,
          "attributes": {
            "alloc_mode": "inherit",
            "annotation": "orchestrator:terraform",
            "description": "",
            "from": "vlan-2774",
            "id": "uni/infra/vlanns-[dynamic]-dynamic/from-[vlan-2774]-to-[vlan-2774]",
            "name_alias": "",
            "role": "external",
            "to": "vlan-2774",
            "vlan_pool_dn": "uni/infra/vlanns-[dynamic]-dynamic"
          },
          "sensitive_attributes": [],
          "private": "eyJzY2hlbWFfdmVyc2lvbiI6IjEifQ==",
          "dependencies": [
            "data.aci_vlan_pool.VLAN_Pool_dynamic"
          ]
        }
      ]
    },
    {
      "mode": "managed",
      "type": "aci_ranges",
      "name": "VLAN_Range_dynamic_2775",
      "provider": "provider[\"registry.terraform.io/ciscodevnet/aci\"]",
      "instances": [
        {
          "schema_version": 1,
          "attributes": {
            "alloc_mode": "inherit",
            "annotation": "orchestrator:terraform",
            "description": "",
            "from": "vlan-2775",
            "id": "uni/infra/vlanns-[dynamic]-dynamic/from-[vlan-2775]-to-[vlan-2775]",
            "name_alias": "",
            "role": "external",
            "to": "vlan-2775",
            "vlan_pool_dn": "uni/infra/vlanns-[dynamic]-dynamic"
          },
          "sensitive_attributes": [],
          "private": "eyJzY2hlbWFfdmVyc2lvbiI6IjEifQ==",
          "dependencies": [
            "data.aci_vlan_pool.VLAN_Pool_dynamic"
          ]
        }
      ]
    },
    {
      "mode": "managed",
      "type": "aci_ranges",
      "name": "VLAN_Range_dynamic_2776",
      "provider": "provider[\"registry.terraform.io/ciscodevnet/aci\"]",
      "instances": [
        {
          "schema_version": 1,
          "attributes": {
            "alloc_mode": "inherit",
            "annotation": "orchestrator:terraform",
            "description": "",
            "from": "vlan-2776",
            "id": "uni/infra/vlanns-[dynamic]-dynamic/from-[vlan-2776]-to-[vlan-2776]",
            "name_alias": "",
            "role": "external",
            "to": "vlan-2776",
            "vlan_pool_dn": "uni/infra/vlanns-[dynamic]-dynamic"
          },
          "sensitive_attributes": [],
          "private": "eyJzY2hlbWFfdmVyc2lvbiI6IjEifQ==",
          "dependencies": [
            "data.aci_vlan_pool.VLAN_Pool_dynamic"
          ]
        }
      ]
    },
    {
      "mode": "managed",
      "type": "aci_ranges",
      "name": "VLAN_Range_dynamic_2777",
      "provider": "provider[\"registry.terraform.io/ciscodevnet/aci\"]",
      "instances": [
        {
          "schema_version": 1,
          "attributes": {
            "alloc_mode": "inherit",
            "annotation": "orchestrator:terraform",
            "description": "",
            "from": "vlan-2777",
            "id": "uni/infra/vlanns-[dynamic]-dynamic/from-[vlan-2777]-to-[vlan-2777]",
            "name_alias": "",
            "role": "external",
            "to": "vlan-2777",
            "vlan_pool_dn": "uni/infra/vlanns-[dynamic]-dynamic"
          },
          "sensitive_attributes": [],
          "private": "eyJzY2hlbWFfdmVyc2lvbiI6IjEifQ==",
          "dependencies": [
            "data.aci_vlan_pool.VLAN_Pool_dynamic"
          ]
        }
      ]
    },
    {
      "mode": "managed",
      "type": "aci_ranges",
      "name": "VLAN_Range_dynamic_2778",
      "provider": "provider[\"registry.terraform.io/ciscodevnet/aci\"]",
      "instances": [
        {
          "schema_version": 1,
          "attributes": {
            "alloc_mode": "inherit",
            "annotation": "orchestrator:terraform",
            "description": "",
            "from": "vlan-2778",
            "id": "uni/infra/vlanns-[dynamic]-dynamic/from-[vlan-2778]-to-[vlan-2778]",
            "name_alias": "",
            "role": "external",
            "to": "vlan-2778",
            "vlan_pool_dn": "uni/infra/vlanns-[dynamic]-dynamic"
          },
          "sensitive_attributes": [],
          "private": "eyJzY2hlbWFfdmVyc2lvbiI6IjEifQ==",
          "dependencies": [
            "data.aci_vlan_pool.VLAN_Pool_dynamic"
          ]
        }
      ]
    },
    {
      "mode": "managed",
      "type": "aci_ranges",
      "name": "VLAN_Range_dynamic_2779",
      "provider": "provider[\"registry.terraform.io/ciscodevnet/aci\"]",
      "instances": [
        {
          "schema_version": 1,
          "attributes": {
            "alloc_mode": "inherit",
            "annotation": "orchestrator:terraform",
            "description": "",
            "from": "vlan-2779",
            "id": "uni/infra/vlanns-[dynamic]-dynamic/from-[vlan-2779]-to-[vlan-2779]",
            "name_alias": "",
            "role": "external",
            "to": "vlan-2779",
            "vlan_pool_dn": "uni/infra/vlanns-[dynamic]-dynamic"
          },
          "sensitive_attributes": [],
          "private": "eyJzY2hlbWFfdmVyc2lvbiI6IjEifQ==",
          "dependencies": [
            "data.aci_vlan_pool.VLAN_Pool_dynamic"
          ]
        }
      ]
    },
    {
      "mode": "managed",
      "type": "aci_ranges",
      "name": "VLAN_Range_dynamic_2780",
      "provider": "provider[\"registry.terraform.io/ciscodevnet/aci\"]",
      "instances": [
        {
          "schema_version": 1,
          "attributes": {
            "alloc_mode": "inherit",
            "annotation": "orchestrator:terraform",
            "description": "",
            "from": "vlan-2780",
            "id": "uni/infra/vlanns-[dynamic]-dynamic/from-[vlan-2780]-to-[vlan-2780]",
            "name_alias": "",
            "role": "external",
            "to": "vlan-2780",
            "vlan_pool_dn": "uni/infra/vlanns-[dynamic]-dynamic"
          },
          "sensitive_attributes": [],
          "private": "eyJzY2hlbWFfdmVyc2lvbiI6IjEifQ==",
          "dependencies": [
            "data.aci_vlan_pool.VLAN_Pool_dynamic"
          ]
        }
      ]
    },
    {
      "mode": "managed",
      "type": "aci_ranges",
      "name": "VLAN_Range_dynamic_2781",
      "provider": "provider[\"registry.terraform.io/ciscodevnet/aci\"]",
      "instances": [
        {
          "schema_version": 1,
          "attributes": {
            "alloc_mode": "inherit",
            "annotation": "orchestrator:terraform",
            "description": "",
            "from": "vlan-2781",
            "id": "uni/infra/vlanns-[dynamic]-dynamic/from-[vlan-2781]-to-[vlan-2781]",
            "name_alias": "",
            "role": "external",
            "to": "vlan-2781",
            "vlan_pool_dn": "uni/infra/vlanns-[dynamic]-dynamic"
          },
          "sensitive_attributes": [],
          "private": "eyJzY2hlbWFfdmVyc2lvbiI6IjEifQ==",
          "dependencies": [
            "data.aci_vlan_pool.VLAN_Pool_dynamic"
          ]
        }
      ]
    },
    {
      "mode": "managed",
      "type": "aci_ranges",
      "name": "VLAN_Range_dynamic_2782",
      "provider": "provider[\"registry.terraform.io/ciscodevnet/aci\"]",
      "instances": [
        {
          "schema_version": 1,
          "attributes": {
            "alloc_mode": "inherit",
            "annotation": "orchestrator:terraform",
            "description": "",
            "from": "vlan-2782",
            "id": "uni/infra/vlanns-[dynamic]-dynamic/from-[vlan-2782]-to-[vlan-2782]",
            "name_alias": "",
            "role": "external",
            "to": "vlan-2782",
            "vlan_pool_dn": "uni/infra/vlanns-[dynamic]-dynamic"
          },
          "sensitive_attributes": [],
          "private": "eyJzY2hlbWFfdmVyc2lvbiI6IjEifQ==",
          "dependencies": [
            "data.aci_vlan_pool.VLAN_Pool_dynamic"
          ]
        }
      ]
    },
    {
      "mode": "managed",
      "type": "aci_ranges",
      "name": "VLAN_Range_dynamic_2783",
      "provider": "provider[\"registry.terraform.io/ciscodevnet/aci\"]",
      "instances": [
        {
          "schema_version": 1,
          "attributes": {
            "alloc_mode": "inherit",
            "annotation": "orchestrator:terraform",
            "description": "",
            "from": "vlan-2783",
            "id": "uni/infra/vlanns-[dynamic]-dynamic/from-[vlan-2783]-to-[vlan-2783]",
            "name_alias": "",
            "role": "external",
            "to": "vlan-2783",
            "vlan_pool_dn": "uni/infra/vlanns-[dynamic]-dynamic"
          },
          "sensitive_attributes": [],
          "private": "eyJzY2hlbWFfdmVyc2lvbiI6IjEifQ==",
          "dependencies": [
            "data.aci_vlan_pool.VLAN_Pool_dynamic"
          ]
        }
      ]
    },
    {
      "mode": "managed",
      "type": "aci_ranges",
      "name": "VLAN_Range_dynamic_2784",
      "provider": "provider[\"registry.terraform.io/ciscodevnet/aci\"]",
      "instances": [
        {
          "schema_version": 1,
          "attributes": {
            "alloc_mode": "inherit",
            "annotation": "orchestrator:terraform",
            "description": "",
            "from": "vlan-2784",
            "id": "uni/infra/vlanns-[dynamic]-dynamic/from-[vlan-2784]-to-[vlan-2784]",
            "name_alias": "",
            "role": "external",
            "to": "vlan-2784",
            "vlan_pool_dn": "uni/infra/vlanns-[dynamic]-dynamic"
          },
          "sensitive_attributes": [],
          "private": "eyJzY2hlbWFfdmVyc2lvbiI6IjEifQ==",
          "dependencies": [
            "data.aci_vlan_pool.VLAN_Pool_dynamic"
          ]
        }
      ]
    },
    {
      "mode": "managed",
      "type": "aci_ranges",
      "name": "VLAN_Range_dynamic_2785",
      "provider": "provider[\"registry.terraform.io/ciscodevnet/aci\"]",
      "instances": [
        {
          "schema_version": 1,
          "attributes": {
            "alloc_mode": "inherit",
            "annotation": "orchestrator:terraform",
            "description": "",
            "from": "vlan-2785",
            "id": "uni/infra/vlanns-[dynamic]-dynamic/from-[vlan-2785]-to-[vlan-2785]",
            "name_alias": "",
            "role": "external",
            "to": "vlan-2785",
            "vlan_pool_dn": "uni/infra/vlanns-[dynamic]-dynamic"
          },
          "sensitive_attributes": [],
          "private": "eyJzY2hlbWFfdmVyc2lvbiI6IjEifQ==",
          "dependencies": [
            "data.aci_vlan_pool.VLAN_Pool_dynamic"
          ]
        }
      ]
    },
    {
      "mode": "managed",
      "type": "aci_ranges",
      "name": "VLAN_Range_dynamic_2786",
      "provider": "provider[\"registry.terraform.io/ciscodevnet/aci\"]",
      "instances": [
        {
          "schema_version": 1,
          "attributes": {
            "alloc_mode": "inherit",
            "annotation": "orchestrator:terraform",
            "description": "",
            "from": "vlan-2786",
            "id": "uni/infra/vlanns-[dynamic]-dynamic/from-[vlan-2786]-to-[vlan-2786]",
            "name_alias": "",
            "role": "external",
            "to": "vlan-2786",
            "vlan_pool_dn": "uni/infra/vlanns-[dynamic]-dynamic"
          },
          "sensitive_attributes": [],
          "private": "eyJzY2hlbWFfdmVyc2lvbiI6IjEifQ==",
          "dependencies": [
            "data.aci_vlan_pool.VLAN_Pool_dynamic"
          ]
        }
      ]
    },
    {
      "mode": "managed",
      "type": "aci_ranges",
      "name": "VLAN_Range_dynamic_2787",
      "provider": "provider[\"registry.terraform.io/ciscodevnet/aci\"]",
      "instances": [
        {
          "schema_version": 1,
          "attributes": {
            "alloc_mode": "inherit",
            "annotation": "orchestrator:terraform",
            "description": "",
            "from": "vlan-2787",
            "id": "uni/infra/vlanns-[dynamic]-dynamic/from-[vlan-2787]-to-[vlan-2787]",
            "name_alias": "",
            "role": "external",
            "to": "vlan-2787",
            "vlan_pool_dn": "uni/infra/vlanns-[dynamic]-dynamic"
          },
          "sensitive_attributes": [],
          "private": "eyJzY2hlbWFfdmVyc2lvbiI6IjEifQ==",
          "dependencies": [
            "data.aci_vlan_pool.VLAN_Pool_dynamic"
          ]
        }
      ]
    },
    {
      "mode": "managed",
      "type": "aci_ranges",
      "name": "VLAN_Range_dynamic_2788",
      "provider": "provider[\"registry.terraform.io/ciscodevnet/aci\"]",
      "instances": [
        {
          "schema_version": 1,
          "attributes": {
            "alloc_mode": "inherit",
            "annotation": "orchestrator:terraform",
            "description": "",
            "from": "vlan-2788",
            "id": "uni/infra/vlanns-[dynamic]-dynamic/from-[vlan-2788]-to-[vlan-2788]",
            "name_alias": "",
            "role": "external",
            "to": "vlan-2788",
            "vlan_pool_dn": "uni/infra/vlanns-[dynamic]-dynamic"
          },
          "sensitive_attributes": [],
          "private": "eyJzY2hlbWFfdmVyc2lvbiI6IjEifQ==",
          "dependencies": [
            "data.aci_vlan_pool.VLAN_Pool_dynamic"
          ]
        }
      ]
    },
    {
      "mode": "managed",
      "type": "aci_ranges",
      "name": "VLAN_Range_dynamic_2789",
      "provider": "provider[\"registry.terraform.io/ciscodevnet/aci\"]",
      "instances": [
        {
          "schema_version": 1,
          "attributes": {
            "alloc_mode": "inherit",
            "annotation": "orchestrator:terraform",
            "description": "",
            "from": "vlan-2789",
            "id": "uni/infra/vlanns-[dynamic]-dynamic/from-[vlan-2789]-to-[vlan-2789]",
            "name_alias": "",
            "role": "external",
            "to": "vlan-2789",
            "vlan_pool_dn": "uni/infra/vlanns-[dynamic]-dynamic"
          },
          "sensitive_attributes": [],
          "private": "eyJzY2hlbWFfdmVyc2lvbiI6IjEifQ==",
          "dependencies": [
            "data.aci_vlan_pool.VLAN_Pool_dynamic"
          ]
        }
      ]
    },
    {
      "mode": "managed",
      "type": "aci_ranges",
      "name": "VLAN_Range_dynamic_2790",
      "provider": "provider[\"registry.terraform.io/ciscodevnet/aci\"]",
      "instances": [
        {
          "schema_version": 1,
          "attributes": {
            "alloc_mode": "inherit",
            "annotation": "orchestrator:terraform",
            "description": "",
            "from": "vlan-2790",
            "id": "uni/infra/vlanns-[dynamic]-dynamic/from-[vlan-2790]-to-[vlan-2790]",
            "name_alias": "",
            "role": "external",
            "to": "vlan-2790",
            "vlan_pool_dn": "uni/infra/vlanns-[dynamic]-dynamic"
          },
          "sensitive_attributes": [],
          "private": "eyJzY2hlbWFfdmVyc2lvbiI6IjEifQ==",
          "dependencies": [
            "data.aci_vlan_pool.VLAN_Pool_dynamic"
          ]
        }
      ]
    },
    {
      "mode": "managed",
      "type": "aci_ranges",
      "name": "VLAN_Range_dynamic_2791",
      "provider": "provider[\"registry.terraform.io/ciscodevnet/aci\"]",
      "instances": [
        {
          "schema_version": 1,
          "attributes": {
            "alloc_mode": "inherit",
            "annotation": "orchestrator:terraform",
            "description": "",
            "from": "vlan-2791",
            "id": "uni/infra/vlanns-[dynamic]-dynamic/from-[vlan-2791]-to-[vlan-2791]",
            "name_alias": "",
            "role": "external",
            "to": "vlan-2791",
            "vlan_pool_dn": "uni/infra/vlanns-[dynamic]-dynamic"
          },
          "sensitive_attributes": [],
          "private": "eyJzY2hlbWFfdmVyc2lvbiI6IjEifQ==",
          "dependencies": [
            "data.aci_vlan_pool.VLAN_Pool_dynamic"
          ]
        }
      ]
    },
    {
      "mode": "managed",
      "type": "aci_ranges",
      "name": "VLAN_Range_dynamic_2792",
      "provider": "provider[\"registry.terraform.io/ciscodevnet/aci\"]",
      "instances": [
        {
          "schema_version": 1,
          "attributes": {
            "alloc_mode": "inherit",
            "annotation": "orchestrator:terraform",
            "description": "",
            "from": "vlan-2792",
            "id": "uni/infra/vlanns-[dynamic]-dynamic/from-[vlan-2792]-to-[vlan-2792]",
            "name_alias": "",
            "role": "external",
            "to": "vlan-2792",
            "vlan_pool_dn": "uni/infra/vlanns-[dynamic]-dynamic"
          },
          "sensitive_attributes": [],
          "private": "eyJzY2hlbWFfdmVyc2lvbiI6IjEifQ==",
          "dependencies": [
            "data.aci_vlan_pool.VLAN_Pool_dynamic"
          ]
        }
      ]
    },
    {
      "mode": "managed",
      "type": "aci_ranges",
      "name": "VLAN_Range_dynamic_2793",
      "provider": "provider[\"registry.terraform.io/ciscodevnet/aci\"]",
      "instances": [
        {
          "schema_version": 1,
          "attributes": {
            "alloc_mode": "inherit",
            "annotation": "orchestrator:terraform",
            "description": "",
            "from": "vlan-2793",
            "id": "uni/infra/vlanns-[dynamic]-dynamic/from-[vlan-2793]-to-[vlan-2793]",
            "name_alias": "",
            "role": "external",
            "to": "vlan-2793",
            "vlan_pool_dn": "uni/infra/vlanns-[dynamic]-dynamic"
          },
          "sensitive_attributes": [],
          "private": "eyJzY2hlbWFfdmVyc2lvbiI6IjEifQ==",
          "dependencies": [
            "data.aci_vlan_pool.VLAN_Pool_dynamic"
          ]
        }
      ]
    },
    {
      "mode": "managed",
      "type": "aci_ranges",
      "name": "VLAN_Range_dynamic_2794",
      "provider": "provider[\"registry.terraform.io/ciscodevnet/aci\"]",
      "instances": [
        {
          "schema_version": 1,
          "attributes": {
            "alloc_mode": "inherit",
            "annotation": "orchestrator:terraform",
            "description": "",
            "from": "vlan-2794",
            "id": "uni/infra/vlanns-[dynamic]-dynamic/from-[vlan-2794]-to-[vlan-2794]",
            "name_alias": "",
            "role": "external",
            "to": "vlan-2794",
            "vlan_pool_dn": "uni/infra/vlanns-[dynamic]-dynamic"
          },
          "sensitive_attributes": [],
          "private": "eyJzY2hlbWFfdmVyc2lvbiI6IjEifQ==",
          "dependencies": [
            "data.aci_vlan_pool.VLAN_Pool_dynamic"
          ]
        }
      ]
    },
    {
      "mode": "managed",
      "type": "aci_ranges",
      "name": "VLAN_Range_dynamic_2795",
      "provider": "provider[\"registry.terraform.io/ciscodevnet/aci\"]",
      "instances": [
        {
          "schema_version": 1,
          "attributes": {
            "alloc_mode": "inherit",
            "annotation": "orchestrator:terraform",
            "description": "",
            "from": "vlan-2795",
            "id": "uni/infra/vlanns-[dynamic]-dynamic/from-[vlan-2795]-to-[vlan-2795]",
            "name_alias": "",
            "role": "external",
            "to": "vlan-2795",
            "vlan_pool_dn": "uni/infra/vlanns-[dynamic]-dynamic"
          },
          "sensitive_attributes": [],
          "private": "eyJzY2hlbWFfdmVyc2lvbiI6IjEifQ==",
          "dependencies": [
            "data.aci_vlan_pool.VLAN_Pool_dynamic"
          ]
        }
      ]
    },
    {
      "mode": "managed",
      "type": "aci_ranges",
      "name": "VLAN_Range_dynamic_2796",
      "provider": "provider[\"registry.terraform.io/ciscodevnet/aci\"]",
      "instances": [
        {
          "schema_version": 1,
          "attributes": {
            "alloc_mode": "inherit",
            "annotation": "orchestrator:terraform",
            "description": "",
            "from": "vlan-2796",
            "id": "uni/infra/vlanns-[dynamic]-dynamic/from-[vlan-2796]-to-[vlan-2796]",
            "name_alias": "",
            "role": "external",
            "to": "vlan-2796",
            "vlan_pool_dn": "uni/infra/vlanns-[dynamic]-dynamic"
          },
          "sensitive_attributes": [],
          "private": "eyJzY2hlbWFfdmVyc2lvbiI6IjEifQ==",
          "dependencies": [
            "data.aci_vlan_pool.VLAN_Pool_dynamic"
          ]
        }
      ]
    },
    {
      "mode": "managed",
      "type": "aci_ranges",
      "name": "VLAN_Range_dynamic_2797",
      "provider": "provider[\"registry.terraform.io/ciscodevnet/aci\"]",
      "instances": [
        {
          "schema_version": 1,
          "attributes": {
            "alloc_mode": "inherit",
            "annotation": "orchestrator:terraform",
            "description": "",
            "from": "vlan-2797",
            "id": "uni/infra/vlanns-[dynamic]-dynamic/from-[vlan-2797]-to-[vlan-2797]",
            "name_alias": "",
            "role": "external",
            "to": "vlan-2797",
            "vlan_pool_dn": "uni/infra/vlanns-[dynamic]-dynamic"
          },
          "sensitive_attributes": [],
          "private": "eyJzY2hlbWFfdmVyc2lvbiI6IjEifQ==",
          "dependencies": [
            "data.aci_vlan_pool.VLAN_Pool_dynamic"
          ]
        }
      ]
    },
    {
      "mode": "managed",
      "type": "aci_ranges",
      "name": "VLAN_Range_dynamic_2798",
      "provider": "provider[\"registry.terraform.io/ciscodevnet/aci\"]",
      "instances": [
        {
          "schema_version": 1,
          "attributes": {
            "alloc_mode": "inherit",
            "annotation": "orchestrator:terraform",
            "description": "",
            "from": "vlan-2798",
            "id": "uni/infra/vlanns-[dynamic]-dynamic/from-[vlan-2798]-to-[vlan-2798]",
            "name_alias": "",
            "role": "external",
            "to": "vlan-2798",
            "vlan_pool_dn": "uni/infra/vlanns-[dynamic]-dynamic"
          },
          "sensitive_attributes": [],
          "private": "eyJzY2hlbWFfdmVyc2lvbiI6IjEifQ==",
          "dependencies": [
            "data.aci_vlan_pool.VLAN_Pool_dynamic"
          ]
        }
      ]
    },
    {
      "mode": "managed",
      "type": "aci_ranges",
      "name": "VLAN_Range_dynamic_2799",
      "provider": "provider[\"registry.terraform.io/ciscodevnet/aci\"]",
      "instances": [
        {
          "schema_version": 1,
          "attributes": {
            "alloc_mode": "inherit",
            "annotation": "orchestrator:terraform",
            "description": "",
            "from": "vlan-2799",
            "id": "uni/infra/vlanns-[dynamic]-dynamic/from-[vlan-2799]-to-[vlan-2799]",
            "name_alias": "",
            "role": "external",
            "to": "vlan-2799",
            "vlan_pool_dn": "uni/infra/vlanns-[dynamic]-dynamic"
          },
          "sensitive_attributes": [],
          "private": "eyJzY2hlbWFfdmVyc2lvbiI6IjEifQ==",
          "dependencies": [
            "data.aci_vlan_pool.VLAN_Pool_dynamic"
          ]
        }
      ]
    },
    {
      "mode": "managed",
      "type": "aci_ranges",
      "name": "VLAN_Range_l3out_2000",
      "provider": "provider[\"registry.terraform.io/ciscodevnet/aci\"]",
      "instances": [
        {
          "schema_version": 1,
          "attributes": {
            "alloc_mode": "inherit",
            "annotation": "orchestrator:terraform",
            "description": "",
            "from": "vlan-2000",
            "id": "uni/infra/vlanns-[l3out]-static/from-[vlan-2000]-to-[vlan-2000]",
            "name_alias": "",
            "role": "external",
            "to": "vlan-2000",
            "vlan_pool_dn": "uni/infra/vlanns-[l3out]-static"
          },
          "sensitive_attributes": [],
          "private": "eyJzY2hlbWFfdmVyc2lvbiI6IjEifQ==",
          "dependencies": [
            "data.aci_vlan_pool.VLAN_Pool_l3out"
          ]
        }
      ]
    },
    {
      "mode": "managed",
      "type": "aci_ranges",
      "name": "VLAN_Range_l3out_2001",
      "provider": "provider[\"registry.terraform.io/ciscodevnet/aci\"]",
      "instances": [
        {
          "schema_version": 1,
          "attributes": {
            "alloc_mode": "inherit",
            "annotation": "orchestrator:terraform",
            "description": "",
            "from": "vlan-2001",
            "id": "uni/infra/vlanns-[l3out]-static/from-[vlan-2001]-to-[vlan-2001]",
            "name_alias": "",
            "role": "external",
            "to": "vlan-2001",
            "vlan_pool_dn": "uni/infra/vlanns-[l3out]-static"
          },
          "sensitive_attributes": [],
          "private": "eyJzY2hlbWFfdmVyc2lvbiI6IjEifQ==",
          "dependencies": [
            "data.aci_vlan_pool.VLAN_Pool_l3out"
          ]
        }
      ]
    },
    {
      "mode": "managed",
      "type": "aci_ranges",
      "name": "VLAN_Range_l3out_2002",
      "provider": "provider[\"registry.terraform.io/ciscodevnet/aci\"]",
      "instances": [
        {
          "schema_version": 1,
          "attributes": {
            "alloc_mode": "inherit",
            "annotation": "orchestrator:terraform",
            "description": "",
            "from": "vlan-2002",
            "id": "uni/infra/vlanns-[l3out]-static/from-[vlan-2002]-to-[vlan-2002]",
            "name_alias": "",
            "role": "external",
            "to": "vlan-2002",
            "vlan_pool_dn": "uni/infra/vlanns-[l3out]-static"
          },
          "sensitive_attributes": [],
          "private": "eyJzY2hlbWFfdmVyc2lvbiI6IjEifQ==",
          "dependencies": [
            "data.aci_vlan_pool.VLAN_Pool_l3out"
          ]
        }
      ]
    },
    {
      "mode": "managed",
      "type": "aci_ranges",
      "name": "VLAN_Range_l3out_2003",
      "provider": "provider[\"registry.terraform.io/ciscodevnet/aci\"]",
      "instances": [
        {
          "schema_version": 1,
          "attributes": {
            "alloc_mode": "inherit",
            "annotation": "orchestrator:terraform",
            "description": "",
            "from": "vlan-2003",
            "id": "uni/infra/vlanns-[l3out]-static/from-[vlan-2003]-to-[vlan-2003]",
            "name_alias": "",
            "role": "external",
            "to": "vlan-2003",
            "vlan_pool_dn": "uni/infra/vlanns-[l3out]-static"
          },
          "sensitive_attributes": [],
          "private": "eyJzY2hlbWFfdmVyc2lvbiI6IjEifQ==",
          "dependencies": [
            "data.aci_vlan_pool.VLAN_Pool_l3out"
          ]
        }
      ]
    },
    {
      "mode": "managed",
      "type": "aci_ranges",
      "name": "VLAN_Range_l3out_2004",
      "provider": "provider[\"registry.terraform.io/ciscodevnet/aci\"]",
      "instances": [
        {
          "schema_version": 1,
          "attributes": {
            "alloc_mode": "inherit",
            "annotation": "orchestrator:terraform",
            "description": "",
            "from": "vlan-2004",
            "id": "uni/infra/vlanns-[l3out]-static/from-[vlan-2004]-to-[vlan-2004]",
            "name_alias": "",
            "role": "external",
            "to": "vlan-2004",
            "vlan_pool_dn": "uni/infra/vlanns-[l3out]-static"
          },
          "sensitive_attributes": [],
          "private": "eyJzY2hlbWFfdmVyc2lvbiI6IjEifQ==",
          "dependencies": [
            "data.aci_vlan_pool.VLAN_Pool_l3out"
          ]
        }
      ]
    },
    {
      "mode": "managed",
      "type": "aci_ranges",
      "name": "VLAN_Range_l3out_2005",
      "provider": "provider[\"registry.terraform.io/ciscodevnet/aci\"]",
      "instances": [
        {
          "schema_version": 1,
          "attributes": {
            "alloc_mode": "inherit",
            "annotation": "orchestrator:terraform",
            "description": "",
            "from": "vlan-2005",
            "id": "uni/infra/vlanns-[l3out]-static/from-[vlan-2005]-to-[vlan-2005]",
            "name_alias": "",
            "role": "external",
            "to": "vlan-2005",
            "vlan_pool_dn": "uni/infra/vlanns-[l3out]-static"
          },
          "sensitive_attributes": [],
          "private": "eyJzY2hlbWFfdmVyc2lvbiI6IjEifQ==",
          "dependencies": [
            "data.aci_vlan_pool.VLAN_Pool_l3out"
          ]
        }
      ]
    },
    {
      "mode": "managed",
      "type": "aci_ranges",
      "name": "VLAN_Range_l3out_2006",
      "provider": "provider[\"registry.terraform.io/ciscodevnet/aci\"]",
      "instances": [
        {
          "schema_version": 1,
          "attributes": {
            "alloc_mode": "inherit",
            "annotation": "orchestrator:terraform",
            "description": "",
            "from": "vlan-2006",
            "id": "uni/infra/vlanns-[l3out]-static/from-[vlan-2006]-to-[vlan-2006]",
            "name_alias": "",
            "role": "external",
            "to": "vlan-2006",
            "vlan_pool_dn": "uni/infra/vlanns-[l3out]-static"
          },
          "sensitive_attributes": [],
          "private": "eyJzY2hlbWFfdmVyc2lvbiI6IjEifQ==",
          "dependencies": [
            "data.aci_vlan_pool.VLAN_Pool_l3out"
          ]
        }
      ]
    },
    {
      "mode": "managed",
      "type": "aci_ranges",
      "name": "VLAN_Range_l3out_2007",
      "provider": "provider[\"registry.terraform.io/ciscodevnet/aci\"]",
      "instances": [
        {
          "schema_version": 1,
          "attributes": {
            "alloc_mode": "inherit",
            "annotation": "orchestrator:terraform",
            "description": "",
            "from": "vlan-2007",
            "id": "uni/infra/vlanns-[l3out]-static/from-[vlan-2007]-to-[vlan-2007]",
            "name_alias": "",
            "role": "external",
            "to": "vlan-2007",
            "vlan_pool_dn": "uni/infra/vlanns-[l3out]-static"
          },
          "sensitive_attributes": [],
          "private": "eyJzY2hlbWFfdmVyc2lvbiI6IjEifQ==",
          "dependencies": [
            "data.aci_vlan_pool.VLAN_Pool_l3out"
          ]
        }
      ]
    },
    {
      "mode": "managed",
      "type": "aci_ranges",
      "name": "VLAN_Range_l3out_2008",
      "provider": "provider[\"registry.terraform.io/ciscodevnet/aci\"]",
      "instances": [
        {
          "schema_version": 1,
          "attributes": {
            "alloc_mode": "inherit",
            "annotation": "orchestrator:terraform",
            "description": "",
            "from": "vlan-2008",
            "id": "uni/infra/vlanns-[l3out]-static/from-[vlan-2008]-to-[vlan-2008]",
            "name_alias": "",
            "role": "external",
            "to": "vlan-2008",
            "vlan_pool_dn": "uni/infra/vlanns-[l3out]-static"
          },
          "sensitive_attributes": [],
          "private": "eyJzY2hlbWFfdmVyc2lvbiI6IjEifQ==",
          "dependencies": [
            "data.aci_vlan_pool.VLAN_Pool_l3out"
          ]
        }
      ]
    },
    {
      "mode": "managed",
      "type": "aci_ranges",
      "name": "VLAN_Range_l3out_2009",
      "provider": "provider[\"registry.terraform.io/ciscodevnet/aci\"]",
      "instances": [
        {
          "schema_version": 1,
          "attributes": {
            "alloc_mode": "inherit",
            "annotation": "orchestrator:terraform",
            "description": "",
            "from": "vlan-2009",
            "id": "uni/infra/vlanns-[l3out]-static/from-[vlan-2009]-to-[vlan-2009]",
            "name_alias": "",
            "role": "external",
            "to": "vlan-2009",
            "vlan_pool_dn": "uni/infra/vlanns-[l3out]-static"
          },
          "sensitive_attributes": [],
          "private": "eyJzY2hlbWFfdmVyc2lvbiI6IjEifQ==",
          "dependencies": [
            "data.aci_vlan_pool.VLAN_Pool_l3out"
          ]
        }
      ]
    },
    {
      "mode": "managed",
      "type": "aci_ranges",
      "name": "VLAN_Range_l3out_2010",
      "provider": "provider[\"registry.terraform.io/ciscodevnet/aci\"]",
      "instances": [
        {
          "schema_version": 1,
          "attributes": {
            "alloc_mode": "inherit",
            "annotation": "orchestrator:terraform",
            "description": "",
            "from": "vlan-2010",
            "id": "uni/infra/vlanns-[l3out]-static/from-[vlan-2010]-to-[vlan-2010]",
            "name_alias": "",
            "role": "external",
            "to": "vlan-2010",
            "vlan_pool_dn": "uni/infra/vlanns-[l3out]-static"
          },
          "sensitive_attributes": [],
          "private": "eyJzY2hlbWFfdmVyc2lvbiI6IjEifQ==",
          "dependencies": [
            "data.aci_vlan_pool.VLAN_Pool_l3out"
          ]
        }
      ]
    },
    {
      "mode": "managed",
      "type": "aci_ranges",
      "name": "VLAN_Range_l3out_2011",
      "provider": "provider[\"registry.terraform.io/ciscodevnet/aci\"]",
      "instances": [
        {
          "schema_version": 1,
          "attributes": {
            "alloc_mode": "inherit",
            "annotation": "orchestrator:terraform",
            "description": "",
            "from": "vlan-2011",
            "id": "uni/infra/vlanns-[l3out]-static/from-[vlan-2011]-to-[vlan-2011]",
            "name_alias": "",
            "role": "external",
            "to": "vlan-2011",
            "vlan_pool_dn": "uni/infra/vlanns-[l3out]-static"
          },
          "sensitive_attributes": [],
          "private": "eyJzY2hlbWFfdmVyc2lvbiI6IjEifQ==",
          "dependencies": [
            "data.aci_vlan_pool.VLAN_Pool_l3out"
          ]
        }
      ]
    },
    {
      "mode": "managed",
      "type": "aci_ranges",
      "name": "VLAN_Range_l3out_2012",
      "provider": "provider[\"registry.terraform.io/ciscodevnet/aci\"]",
      "instances": [
        {
          "schema_version": 1,
          "attributes": {
            "alloc_mode": "inherit",
            "annotation": "orchestrator:terraform",
            "description": "",
            "from": "vlan-2012",
            "id": "uni/infra/vlanns-[l3out]-static/from-[vlan-2012]-to-[vlan-2012]",
            "name_alias": "",
            "role": "external",
            "to": "vlan-2012",
            "vlan_pool_dn": "uni/infra/vlanns-[l3out]-static"
          },
          "sensitive_attributes": [],
          "private": "eyJzY2hlbWFfdmVyc2lvbiI6IjEifQ==",
          "dependencies": [
            "data.aci_vlan_pool.VLAN_Pool_l3out"
          ]
        }
      ]
    },
    {
      "mode": "managed",
      "type": "aci_ranges",
      "name": "VLAN_Range_l3out_2013",
      "provider": "provider[\"registry.terraform.io/ciscodevnet/aci\"]",
      "instances": [
        {
          "schema_version": 1,
          "attributes": {
            "alloc_mode": "inherit",
            "annotation": "orchestrator:terraform",
            "description": "",
            "from": "vlan-2013",
            "id": "uni/infra/vlanns-[l3out]-static/from-[vlan-2013]-to-[vlan-2013]",
            "name_alias": "",
            "role": "external",
            "to": "vlan-2013",
            "vlan_pool_dn": "uni/infra/vlanns-[l3out]-static"
          },
          "sensitive_attributes": [],
          "private": "eyJzY2hlbWFfdmVyc2lvbiI6IjEifQ==",
          "dependencies": [
            "data.aci_vlan_pool.VLAN_Pool_l3out"
          ]
        }
      ]
    },
    {
      "mode": "managed",
      "type": "aci_ranges",
      "name": "VLAN_Range_l3out_2014",
      "provider": "provider[\"registry.terraform.io/ciscodevnet/aci\"]",
      "instances": [
        {
          "schema_version": 1,
          "attributes": {
            "alloc_mode": "inherit",
            "annotation": "orchestrator:terraform",
            "description": "",
            "from": "vlan-2014",
            "id": "uni/infra/vlanns-[l3out]-static/from-[vlan-2014]-to-[vlan-2014]",
            "name_alias": "",
            "role": "external",
            "to": "vlan-2014",
            "vlan_pool_dn": "uni/infra/vlanns-[l3out]-static"
          },
          "sensitive_attributes": [],
          "private": "eyJzY2hlbWFfdmVyc2lvbiI6IjEifQ==",
          "dependencies": [
            "data.aci_vlan_pool.VLAN_Pool_l3out"
          ]
        }
      ]
    },
    {
      "mode": "managed",
      "type": "aci_ranges",
      "name": "VLAN_Range_l3out_2015",
      "provider": "provider[\"registry.terraform.io/ciscodevnet/aci\"]",
      "instances": [
        {
          "schema_version": 1,
          "attributes": {
            "alloc_mode": "inherit",
            "annotation": "orchestrator:terraform",
            "description": "",
            "from": "vlan-2015",
            "id": "uni/infra/vlanns-[l3out]-static/from-[vlan-2015]-to-[vlan-2015]",
            "name_alias": "",
            "role": "external",
            "to": "vlan-2015",
            "vlan_pool_dn": "uni/infra/vlanns-[l3out]-static"
          },
          "sensitive_attributes": [],
          "private": "eyJzY2hlbWFfdmVyc2lvbiI6IjEifQ==",
          "dependencies": [
            "data.aci_vlan_pool.VLAN_Pool_l3out"
          ]
        }
      ]
    },
    {
      "mode": "managed",
      "type": "aci_ranges",
      "name": "VLAN_Range_l3out_2016",
      "provider": "provider[\"registry.terraform.io/ciscodevnet/aci\"]",
      "instances": [
        {
          "schema_version": 1,
          "attributes": {
            "alloc_mode": "inherit",
            "annotation": "orchestrator:terraform",
            "description": "",
            "from": "vlan-2016",
            "id": "uni/infra/vlanns-[l3out]-static/from-[vlan-2016]-to-[vlan-2016]",
            "name_alias": "",
            "role": "external",
            "to": "vlan-2016",
            "vlan_pool_dn": "uni/infra/vlanns-[l3out]-static"
          },
          "sensitive_attributes": [],
          "private": "eyJzY2hlbWFfdmVyc2lvbiI6IjEifQ==",
          "dependencies": [
            "data.aci_vlan_pool.VLAN_Pool_l3out"
          ]
        }
      ]
    },
    {
      "mode": "managed",
      "type": "aci_ranges",
      "name": "VLAN_Range_l3out_2017",
      "provider": "provider[\"registry.terraform.io/ciscodevnet/aci\"]",
      "instances": [
        {
          "schema_version": 1,
          "attributes": {
            "alloc_mode": "inherit",
            "annotation": "orchestrator:terraform",
            "description": "",
            "from": "vlan-2017",
            "id": "uni/infra/vlanns-[l3out]-static/from-[vlan-2017]-to-[vlan-2017]",
            "name_alias": "",
            "role": "external",
            "to": "vlan-2017",
            "vlan_pool_dn": "uni/infra/vlanns-[l3out]-static"
          },
          "sensitive_attributes": [],
          "private": "eyJzY2hlbWFfdmVyc2lvbiI6IjEifQ==",
          "dependencies": [
            "data.aci_vlan_pool.VLAN_Pool_l3out"
          ]
        }
      ]
    },
    {
      "mode": "managed",
      "type": "aci_ranges",
      "name": "VLAN_Range_l3out_2018",
      "provider": "provider[\"registry.terraform.io/ciscodevnet/aci\"]",
      "instances": [
        {
          "schema_version": 1,
          "attributes": {
            "alloc_mode": "inherit",
            "annotation": "orchestrator:terraform",
            "description": "",
            "from": "vlan-2018",
            "id": "uni/infra/vlanns-[l3out]-static/from-[vlan-2018]-to-[vlan-2018]",
            "name_alias": "",
            "role": "external",
            "to": "vlan-2018",
            "vlan_pool_dn": "uni/infra/vlanns-[l3out]-static"
          },
          "sensitive_attributes": [],
          "private": "eyJzY2hlbWFfdmVyc2lvbiI6IjEifQ==",
          "dependencies": [
            "data.aci_vlan_pool.VLAN_Pool_l3out"
          ]
        }
      ]
    },
    {
      "mode": "managed",
      "type": "aci_ranges",
      "name": "VLAN_Range_l3out_2019",
      "provider": "provider[\"registry.terraform.io/ciscodevnet/aci\"]",
      "instances": [
        {
          "schema_version": 1,
          "attributes": {
            "alloc_mode": "inherit",
            "annotation": "orchestrator:terraform",
            "description": "",
            "from": "vlan-2019",
            "id": "uni/infra/vlanns-[l3out]-static/from-[vlan-2019]-to-[vlan-2019]",
            "name_alias": "",
            "role": "external",
            "to": "vlan-2019",
            "vlan_pool_dn": "uni/infra/vlanns-[l3out]-static"
          },
          "sensitive_attributes": [],
          "private": "eyJzY2hlbWFfdmVyc2lvbiI6IjEifQ==",
          "dependencies": [
            "data.aci_vlan_pool.VLAN_Pool_l3out"
          ]
        }
      ]
    },
    {
      "mode": "managed",
      "type": "aci_ranges",
      "name": "VLAN_Range_l3out_2020",
      "provider": "provider[\"registry.terraform.io/ciscodevnet/aci\"]",
      "instances": [
        {
          "schema_version": 1,
          "attributes": {
            "alloc_mode": "inherit",
            "annotation": "orchestrator:terraform",
            "description": "",
            "from": "vlan-2020",
            "id": "uni/infra/vlanns-[l3out]-static/from-[vlan-2020]-to-[vlan-2020]",
            "name_alias": "",
            "role": "external",
            "to": "vlan-2020",
            "vlan_pool_dn": "uni/infra/vlanns-[l3out]-static"
          },
          "sensitive_attributes": [],
          "private": "eyJzY2hlbWFfdmVyc2lvbiI6IjEifQ==",
          "dependencies": [
            "data.aci_vlan_pool.VLAN_Pool_l3out"
          ]
        }
      ]
    },
    {
      "mode": "managed",
      "type": "aci_ranges",
      "name": "VLAN_Range_l3out_2021",
      "provider": "provider[\"registry.terraform.io/ciscodevnet/aci\"]",
      "instances": [
        {
          "schema_version": 1,
          "attributes": {
            "alloc_mode": "inherit",
            "annotation": "orchestrator:terraform",
            "description": "",
            "from": "vlan-2021",
            "id": "uni/infra/vlanns-[l3out]-static/from-[vlan-2021]-to-[vlan-2021]",
            "name_alias": "",
            "role": "external",
            "to": "vlan-2021",
            "vlan_pool_dn": "uni/infra/vlanns-[l3out]-static"
          },
          "sensitive_attributes": [],
          "private": "eyJzY2hlbWFfdmVyc2lvbiI6IjEifQ==",
          "dependencies": [
            "data.aci_vlan_pool.VLAN_Pool_l3out"
          ]
        }
      ]
    },
    {
      "mode": "managed",
      "type": "aci_ranges",
      "name": "VLAN_Range_l3out_2022",
      "provider": "provider[\"registry.terraform.io/ciscodevnet/aci\"]",
      "instances": [
        {
          "schema_version": 1,
          "attributes": {
            "alloc_mode": "inherit",
            "annotation": "orchestrator:terraform",
            "description": "",
            "from": "vlan-2022",
            "id": "uni/infra/vlanns-[l3out]-static/from-[vlan-2022]-to-[vlan-2022]",
            "name_alias": "",
            "role": "external",
            "to": "vlan-2022",
            "vlan_pool_dn": "uni/infra/vlanns-[l3out]-static"
          },
          "sensitive_attributes": [],
          "private": "eyJzY2hlbWFfdmVyc2lvbiI6IjEifQ==",
          "dependencies": [
            "data.aci_vlan_pool.VLAN_Pool_l3out"
          ]
        }
      ]
    },
    {
      "mode": "managed",
      "type": "aci_ranges",
      "name": "VLAN_Range_l3out_2023",
      "provider": "provider[\"registry.terraform.io/ciscodevnet/aci\"]",
      "instances": [
        {
          "schema_version": 1,
          "attributes": {
            "alloc_mode": "inherit",
            "annotation": "orchestrator:terraform",
            "description": "",
            "from": "vlan-2023",
            "id": "uni/infra/vlanns-[l3out]-static/from-[vlan-2023]-to-[vlan-2023]",
            "name_alias": "",
            "role": "external",
            "to": "vlan-2023",
            "vlan_pool_dn": "uni/infra/vlanns-[l3out]-static"
          },
          "sensitive_attributes": [],
          "private": "eyJzY2hlbWFfdmVyc2lvbiI6IjEifQ==",
          "dependencies": [
            "data.aci_vlan_pool.VLAN_Pool_l3out"
          ]
        }
      ]
    },
    {
      "mode": "managed",
      "type": "aci_ranges",
      "name": "VLAN_Range_l3out_2024",
      "provider": "provider[\"registry.terraform.io/ciscodevnet/aci\"]",
      "instances": [
        {
          "schema_version": 1,
          "attributes": {
            "alloc_mode": "inherit",
            "annotation": "orchestrator:terraform",
            "description": "",
            "from": "vlan-2024",
            "id": "uni/infra/vlanns-[l3out]-static/from-[vlan-2024]-to-[vlan-2024]",
            "name_alias": "",
            "role": "external",
            "to": "vlan-2024",
            "vlan_pool_dn": "uni/infra/vlanns-[l3out]-static"
          },
          "sensitive_attributes": [],
          "private": "eyJzY2hlbWFfdmVyc2lvbiI6IjEifQ==",
          "dependencies": [
            "data.aci_vlan_pool.VLAN_Pool_l3out"
          ]
        }
      ]
    },
    {
      "mode": "managed",
      "type": "aci_ranges",
      "name": "VLAN_Range_l3out_2025",
      "provider": "provider[\"registry.terraform.io/ciscodevnet/aci\"]",
      "instances": [
        {
          "schema_version": 1,
          "attributes": {
            "alloc_mode": "inherit",
            "annotation": "orchestrator:terraform",
            "description": "",
            "from": "vlan-2025",
            "id": "uni/infra/vlanns-[l3out]-static/from-[vlan-2025]-to-[vlan-2025]",
            "name_alias": "",
            "role": "external",
            "to": "vlan-2025",
            "vlan_pool_dn": "uni/infra/vlanns-[l3out]-static"
          },
          "sensitive_attributes": [],
          "private": "eyJzY2hlbWFfdmVyc2lvbiI6IjEifQ==",
          "dependencies": [
            "data.aci_vlan_pool.VLAN_Pool_l3out"
          ]
        }
      ]
    },
    {
      "mode": "managed",
      "type": "aci_ranges",
      "name": "VLAN_Range_l3out_2026",
      "provider": "provider[\"registry.terraform.io/ciscodevnet/aci\"]",
      "instances": [
        {
          "schema_version": 1,
          "attributes": {
            "alloc_mode": "inherit",
            "annotation": "orchestrator:terraform",
            "description": "",
            "from": "vlan-2026",
            "id": "uni/infra/vlanns-[l3out]-static/from-[vlan-2026]-to-[vlan-2026]",
            "name_alias": "",
            "role": "external",
            "to": "vlan-2026",
            "vlan_pool_dn": "uni/infra/vlanns-[l3out]-static"
          },
          "sensitive_attributes": [],
          "private": "eyJzY2hlbWFfdmVyc2lvbiI6IjEifQ==",
          "dependencies": [
            "data.aci_vlan_pool.VLAN_Pool_l3out"
          ]
        }
      ]
    },
    {
      "mode": "managed",
      "type": "aci_ranges",
      "name": "VLAN_Range_l3out_2027",
      "provider": "provider[\"registry.terraform.io/ciscodevnet/aci\"]",
      "instances": [
        {
          "schema_version": 1,
          "attributes": {
            "alloc_mode": "inherit",
            "annotation": "orchestrator:terraform",
            "description": "",
            "from": "vlan-2027",
            "id": "uni/infra/vlanns-[l3out]-static/from-[vlan-2027]-to-[vlan-2027]",
            "name_alias": "",
            "role": "external",
            "to": "vlan-2027",
            "vlan_pool_dn": "uni/infra/vlanns-[l3out]-static"
          },
          "sensitive_attributes": [],
          "private": "eyJzY2hlbWFfdmVyc2lvbiI6IjEifQ==",
          "dependencies": [
            "data.aci_vlan_pool.VLAN_Pool_l3out"
          ]
        }
      ]
    },
    {
      "mode": "managed",
      "type": "aci_ranges",
      "name": "VLAN_Range_l3out_2028",
      "provider": "provider[\"registry.terraform.io/ciscodevnet/aci\"]",
      "instances": [
        {
          "schema_version": 1,
          "attributes": {
            "alloc_mode": "inherit",
            "annotation": "orchestrator:terraform",
            "description": "",
            "from": "vlan-2028",
            "id": "uni/infra/vlanns-[l3out]-static/from-[vlan-2028]-to-[vlan-2028]",
            "name_alias": "",
            "role": "external",
            "to": "vlan-2028",
            "vlan_pool_dn": "uni/infra/vlanns-[l3out]-static"
          },
          "sensitive_attributes": [],
          "private": "eyJzY2hlbWFfdmVyc2lvbiI6IjEifQ==",
          "dependencies": [
            "data.aci_vlan_pool.VLAN_Pool_l3out"
          ]
        }
      ]
    },
    {
      "mode": "managed",
      "type": "aci_ranges",
      "name": "VLAN_Range_l3out_2029",
      "provider": "provider[\"registry.terraform.io/ciscodevnet/aci\"]",
      "instances": [
        {
          "schema_version": 1,
          "attributes": {
            "alloc_mode": "inherit",
            "annotation": "orchestrator:terraform",
            "description": "",
            "from": "vlan-2029",
            "id": "uni/infra/vlanns-[l3out]-static/from-[vlan-2029]-to-[vlan-2029]",
            "name_alias": "",
            "role": "external",
            "to": "vlan-2029",
            "vlan_pool_dn": "uni/infra/vlanns-[l3out]-static"
          },
          "sensitive_attributes": [],
          "private": "eyJzY2hlbWFfdmVyc2lvbiI6IjEifQ==",
          "dependencies": [
            "data.aci_vlan_pool.VLAN_Pool_l3out"
          ]
        }
      ]
    },
    {
      "mode": "managed",
      "type": "aci_ranges",
      "name": "VLAN_Range_l3out_2030",
      "provider": "provider[\"registry.terraform.io/ciscodevnet/aci\"]",
      "instances": [
        {
          "schema_version": 1,
          "attributes": {
            "alloc_mode": "inherit",
            "annotation": "orchestrator:terraform",
            "description": "",
            "from": "vlan-2030",
            "id": "uni/infra/vlanns-[l3out]-static/from-[vlan-2030]-to-[vlan-2030]",
            "name_alias": "",
            "role": "external",
            "to": "vlan-2030",
            "vlan_pool_dn": "uni/infra/vlanns-[l3out]-static"
          },
          "sensitive_attributes": [],
          "private": "eyJzY2hlbWFfdmVyc2lvbiI6IjEifQ==",
          "dependencies": [
            "data.aci_vlan_pool.VLAN_Pool_l3out"
          ]
        }
      ]
    },
    {
      "mode": "managed",
      "type": "aci_ranges",
      "name": "VLAN_Range_l3out_2031",
      "provider": "provider[\"registry.terraform.io/ciscodevnet/aci\"]",
      "instances": [
        {
          "schema_version": 1,
          "attributes": {
            "alloc_mode": "inherit",
            "annotation": "orchestrator:terraform",
            "description": "",
            "from": "vlan-2031",
            "id": "uni/infra/vlanns-[l3out]-static/from-[vlan-2031]-to-[vlan-2031]",
            "name_alias": "",
            "role": "external",
            "to": "vlan-2031",
            "vlan_pool_dn": "uni/infra/vlanns-[l3out]-static"
          },
          "sensitive_attributes": [],
          "private": "eyJzY2hlbWFfdmVyc2lvbiI6IjEifQ==",
          "dependencies": [
            "data.aci_vlan_pool.VLAN_Pool_l3out"
          ]
        }
      ]
    },
    {
      "mode": "managed",
      "type": "aci_ranges",
      "name": "VLAN_Range_l3out_2032",
      "provider": "provider[\"registry.terraform.io/ciscodevnet/aci\"]",
      "instances": [
        {
          "schema_version": 1,
          "attributes": {
            "alloc_mode": "inherit",
            "annotation": "orchestrator:terraform",
            "description": "",
            "from": "vlan-2032",
            "id": "uni/infra/vlanns-[l3out]-static/from-[vlan-2032]-to-[vlan-2032]",
            "name_alias": "",
            "role": "external",
            "to": "vlan-2032",
            "vlan_pool_dn": "uni/infra/vlanns-[l3out]-static"
          },
          "sensitive_attributes": [],
          "private": "eyJzY2hlbWFfdmVyc2lvbiI6IjEifQ==",
          "dependencies": [
            "data.aci_vlan_pool.VLAN_Pool_l3out"
          ]
        }
      ]
    },
    {
      "mode": "managed",
      "type": "aci_ranges",
      "name": "VLAN_Range_l3out_2033",
      "provider": "provider[\"registry.terraform.io/ciscodevnet/aci\"]",
      "instances": [
        {
          "schema_version": 1,
          "attributes": {
            "alloc_mode": "inherit",
            "annotation": "orchestrator:terraform",
            "description": "",
            "from": "vlan-2033",
            "id": "uni/infra/vlanns-[l3out]-static/from-[vlan-2033]-to-[vlan-2033]",
            "name_alias": "",
            "role": "external",
            "to": "vlan-2033",
            "vlan_pool_dn": "uni/infra/vlanns-[l3out]-static"
          },
          "sensitive_attributes": [],
          "private": "eyJzY2hlbWFfdmVyc2lvbiI6IjEifQ==",
          "dependencies": [
            "data.aci_vlan_pool.VLAN_Pool_l3out"
          ]
        }
      ]
    },
    {
      "mode": "managed",
      "type": "aci_ranges",
      "name": "VLAN_Range_l3out_2034",
      "provider": "provider[\"registry.terraform.io/ciscodevnet/aci\"]",
      "instances": [
        {
          "schema_version": 1,
          "attributes": {
            "alloc_mode": "inherit",
            "annotation": "orchestrator:terraform",
            "description": "",
            "from": "vlan-2034",
            "id": "uni/infra/vlanns-[l3out]-static/from-[vlan-2034]-to-[vlan-2034]",
            "name_alias": "",
            "role": "external",
            "to": "vlan-2034",
            "vlan_pool_dn": "uni/infra/vlanns-[l3out]-static"
          },
          "sensitive_attributes": [],
          "private": "eyJzY2hlbWFfdmVyc2lvbiI6IjEifQ==",
          "dependencies": [
            "data.aci_vlan_pool.VLAN_Pool_l3out"
          ]
        }
      ]
    },
    {
      "mode": "managed",
      "type": "aci_ranges",
      "name": "VLAN_Range_l3out_2035",
      "provider": "provider[\"registry.terraform.io/ciscodevnet/aci\"]",
      "instances": [
        {
          "schema_version": 1,
          "attributes": {
            "alloc_mode": "inherit",
            "annotation": "orchestrator:terraform",
            "description": "",
            "from": "vlan-2035",
            "id": "uni/infra/vlanns-[l3out]-static/from-[vlan-2035]-to-[vlan-2035]",
            "name_alias": "",
            "role": "external",
            "to": "vlan-2035",
            "vlan_pool_dn": "uni/infra/vlanns-[l3out]-static"
          },
          "sensitive_attributes": [],
          "private": "eyJzY2hlbWFfdmVyc2lvbiI6IjEifQ==",
          "dependencies": [
            "data.aci_vlan_pool.VLAN_Pool_l3out"
          ]
        }
      ]
    },
    {
      "mode": "managed",
      "type": "aci_ranges",
      "name": "VLAN_Range_l3out_2036",
      "provider": "provider[\"registry.terraform.io/ciscodevnet/aci\"]",
      "instances": [
        {
          "schema_version": 1,
          "attributes": {
            "alloc_mode": "inherit",
            "annotation": "orchestrator:terraform",
            "description": "",
            "from": "vlan-2036",
            "id": "uni/infra/vlanns-[l3out]-static/from-[vlan-2036]-to-[vlan-2036]",
            "name_alias": "",
            "role": "external",
            "to": "vlan-2036",
            "vlan_pool_dn": "uni/infra/vlanns-[l3out]-static"
          },
          "sensitive_attributes": [],
          "private": "eyJzY2hlbWFfdmVyc2lvbiI6IjEifQ==",
          "dependencies": [
            "data.aci_vlan_pool.VLAN_Pool_l3out"
          ]
        }
      ]
    },
    {
      "mode": "managed",
      "type": "aci_ranges",
      "name": "VLAN_Range_l3out_2037",
      "provider": "provider[\"registry.terraform.io/ciscodevnet/aci\"]",
      "instances": [
        {
          "schema_version": 1,
          "attributes": {
            "alloc_mode": "inherit",
            "annotation": "orchestrator:terraform",
            "description": "",
            "from": "vlan-2037",
            "id": "uni/infra/vlanns-[l3out]-static/from-[vlan-2037]-to-[vlan-2037]",
            "name_alias": "",
            "role": "external",
            "to": "vlan-2037",
            "vlan_pool_dn": "uni/infra/vlanns-[l3out]-static"
          },
          "sensitive_attributes": [],
          "private": "eyJzY2hlbWFfdmVyc2lvbiI6IjEifQ==",
          "dependencies": [
            "data.aci_vlan_pool.VLAN_Pool_l3out"
          ]
        }
      ]
    },
    {
      "mode": "managed",
      "type": "aci_ranges",
      "name": "VLAN_Range_l3out_2038",
      "provider": "provider[\"registry.terraform.io/ciscodevnet/aci\"]",
      "instances": [
        {
          "schema_version": 1,
          "attributes": {
            "alloc_mode": "inherit",
            "annotation": "orchestrator:terraform",
            "description": "",
            "from": "vlan-2038",
            "id": "uni/infra/vlanns-[l3out]-static/from-[vlan-2038]-to-[vlan-2038]",
            "name_alias": "",
            "role": "external",
            "to": "vlan-2038",
            "vlan_pool_dn": "uni/infra/vlanns-[l3out]-static"
          },
          "sensitive_attributes": [],
          "private": "eyJzY2hlbWFfdmVyc2lvbiI6IjEifQ==",
          "dependencies": [
            "data.aci_vlan_pool.VLAN_Pool_l3out"
          ]
        }
      ]
    },
    {
      "mode": "managed",
      "type": "aci_ranges",
      "name": "VLAN_Range_l3out_2039",
      "provider": "provider[\"registry.terraform.io/ciscodevnet/aci\"]",
      "instances": [
        {
          "schema_version": 1,
          "attributes": {
            "alloc_mode": "inherit",
            "annotation": "orchestrator:terraform",
            "description": "",
            "from": "vlan-2039",
            "id": "uni/infra/vlanns-[l3out]-static/from-[vlan-2039]-to-[vlan-2039]",
            "name_alias": "",
            "role": "external",
            "to": "vlan-2039",
            "vlan_pool_dn": "uni/infra/vlanns-[l3out]-static"
          },
          "sensitive_attributes": [],
          "private": "eyJzY2hlbWFfdmVyc2lvbiI6IjEifQ==",
          "dependencies": [
            "data.aci_vlan_pool.VLAN_Pool_l3out"
          ]
        }
      ]
    },
    {
      "mode": "managed",
      "type": "aci_ranges",
      "name": "VLAN_Range_l3out_2040",
      "provider": "provider[\"registry.terraform.io/ciscodevnet/aci\"]",
      "instances": [
        {
          "schema_version": 1,
          "attributes": {
            "alloc_mode": "inherit",
            "annotation": "orchestrator:terraform",
            "description": "",
            "from": "vlan-2040",
            "id": "uni/infra/vlanns-[l3out]-static/from-[vlan-2040]-to-[vlan-2040]",
            "name_alias": "",
            "role": "external",
            "to": "vlan-2040",
            "vlan_pool_dn": "uni/infra/vlanns-[l3out]-static"
          },
          "sensitive_attributes": [],
          "private": "eyJzY2hlbWFfdmVyc2lvbiI6IjEifQ==",
          "dependencies": [
            "data.aci_vlan_pool.VLAN_Pool_l3out"
          ]
        }
      ]
    },
    {
      "mode": "managed",
      "type": "aci_ranges",
      "name": "VLAN_Range_l3out_2041",
      "provider": "provider[\"registry.terraform.io/ciscodevnet/aci\"]",
      "instances": [
        {
          "schema_version": 1,
          "attributes": {
            "alloc_mode": "inherit",
            "annotation": "orchestrator:terraform",
            "description": "",
            "from": "vlan-2041",
            "id": "uni/infra/vlanns-[l3out]-static/from-[vlan-2041]-to-[vlan-2041]",
            "name_alias": "",
            "role": "external",
            "to": "vlan-2041",
            "vlan_pool_dn": "uni/infra/vlanns-[l3out]-static"
          },
          "sensitive_attributes": [],
          "private": "eyJzY2hlbWFfdmVyc2lvbiI6IjEifQ==",
          "dependencies": [
            "data.aci_vlan_pool.VLAN_Pool_l3out"
          ]
        }
      ]
    },
    {
      "mode": "managed",
      "type": "aci_ranges",
      "name": "VLAN_Range_l3out_2042",
      "provider": "provider[\"registry.terraform.io/ciscodevnet/aci\"]",
      "instances": [
        {
          "schema_version": 1,
          "attributes": {
            "alloc_mode": "inherit",
            "annotation": "orchestrator:terraform",
            "description": "",
            "from": "vlan-2042",
            "id": "uni/infra/vlanns-[l3out]-static/from-[vlan-2042]-to-[vlan-2042]",
            "name_alias": "",
            "role": "external",
            "to": "vlan-2042",
            "vlan_pool_dn": "uni/infra/vlanns-[l3out]-static"
          },
          "sensitive_attributes": [],
          "private": "eyJzY2hlbWFfdmVyc2lvbiI6IjEifQ==",
          "dependencies": [
            "data.aci_vlan_pool.VLAN_Pool_l3out"
          ]
        }
      ]
    },
    {
      "mode": "managed",
      "type": "aci_ranges",
      "name": "VLAN_Range_l3out_2043",
      "provider": "provider[\"registry.terraform.io/ciscodevnet/aci\"]",
      "instances": [
        {
          "schema_version": 1,
          "attributes": {
            "alloc_mode": "inherit",
            "annotation": "orchestrator:terraform",
            "description": "",
            "from": "vlan-2043",
            "id": "uni/infra/vlanns-[l3out]-static/from-[vlan-2043]-to-[vlan-2043]",
            "name_alias": "",
            "role": "external",
            "to": "vlan-2043",
            "vlan_pool_dn": "uni/infra/vlanns-[l3out]-static"
          },
          "sensitive_attributes": [],
          "private": "eyJzY2hlbWFfdmVyc2lvbiI6IjEifQ==",
          "dependencies": [
            "data.aci_vlan_pool.VLAN_Pool_l3out"
          ]
        }
      ]
    },
    {
      "mode": "managed",
      "type": "aci_ranges",
      "name": "VLAN_Range_l3out_2044",
      "provider": "provider[\"registry.terraform.io/ciscodevnet/aci\"]",
      "instances": [
        {
          "schema_version": 1,
          "attributes": {
            "alloc_mode": "inherit",
            "annotation": "orchestrator:terraform",
            "description": "",
            "from": "vlan-2044",
            "id": "uni/infra/vlanns-[l3out]-static/from-[vlan-2044]-to-[vlan-2044]",
            "name_alias": "",
            "role": "external",
            "to": "vlan-2044",
            "vlan_pool_dn": "uni/infra/vlanns-[l3out]-static"
          },
          "sensitive_attributes": [],
          "private": "eyJzY2hlbWFfdmVyc2lvbiI6IjEifQ==",
          "dependencies": [
            "data.aci_vlan_pool.VLAN_Pool_l3out"
          ]
        }
      ]
    },
    {
      "mode": "managed",
      "type": "aci_ranges",
      "name": "VLAN_Range_l3out_2045",
      "provider": "provider[\"registry.terraform.io/ciscodevnet/aci\"]",
      "instances": [
        {
          "schema_version": 1,
          "attributes": {
            "alloc_mode": "inherit",
            "annotation": "orchestrator:terraform",
            "description": "",
            "from": "vlan-2045",
            "id": "uni/infra/vlanns-[l3out]-static/from-[vlan-2045]-to-[vlan-2045]",
            "name_alias": "",
            "role": "external",
            "to": "vlan-2045",
            "vlan_pool_dn": "uni/infra/vlanns-[l3out]-static"
          },
          "sensitive_attributes": [],
          "private": "eyJzY2hlbWFfdmVyc2lvbiI6IjEifQ==",
          "dependencies": [
            "data.aci_vlan_pool.VLAN_Pool_l3out"
          ]
        }
      ]
    },
    {
      "mode": "managed",
      "type": "aci_ranges",
      "name": "VLAN_Range_l3out_2046",
      "provider": "provider[\"registry.terraform.io/ciscodevnet/aci\"]",
      "instances": [
        {
          "schema_version": 1,
          "attributes": {
            "alloc_mode": "inherit",
            "annotation": "orchestrator:terraform",
            "description": "",
            "from": "vlan-2046",
            "id": "uni/infra/vlanns-[l3out]-static/from-[vlan-2046]-to-[vlan-2046]",
            "name_alias": "",
            "role": "external",
            "to": "vlan-2046",
            "vlan_pool_dn": "uni/infra/vlanns-[l3out]-static"
          },
          "sensitive_attributes": [],
          "private": "eyJzY2hlbWFfdmVyc2lvbiI6IjEifQ==",
          "dependencies": [
            "data.aci_vlan_pool.VLAN_Pool_l3out"
          ]
        }
      ]
    },
    {
      "mode": "managed",
      "type": "aci_ranges",
      "name": "VLAN_Range_l3out_2047",
      "provider": "provider[\"registry.terraform.io/ciscodevnet/aci\"]",
      "instances": [
        {
          "schema_version": 1,
          "attributes": {
            "alloc_mode": "inherit",
            "annotation": "orchestrator:terraform",
            "description": "",
            "from": "vlan-2047",
            "id": "uni/infra/vlanns-[l3out]-static/from-[vlan-2047]-to-[vlan-2047]",
            "name_alias": "",
            "role": "external",
            "to": "vlan-2047",
            "vlan_pool_dn": "uni/infra/vlanns-[l3out]-static"
          },
          "sensitive_attributes": [],
          "private": "eyJzY2hlbWFfdmVyc2lvbiI6IjEifQ==",
          "dependencies": [
            "data.aci_vlan_pool.VLAN_Pool_l3out"
          ]
        }
      ]
    },
    {
      "mode": "managed",
      "type": "aci_ranges",
      "name": "VLAN_Range_l3out_2048",
      "provider": "provider[\"registry.terraform.io/ciscodevnet/aci\"]",
      "instances": [
        {
          "schema_version": 1,
          "attributes": {
            "alloc_mode": "inherit",
            "annotation": "orchestrator:terraform",
            "description": "",
            "from": "vlan-2048",
            "id": "uni/infra/vlanns-[l3out]-static/from-[vlan-2048]-to-[vlan-2048]",
            "name_alias": "",
            "role": "external",
            "to": "vlan-2048",
            "vlan_pool_dn": "uni/infra/vlanns-[l3out]-static"
          },
          "sensitive_attributes": [],
          "private": "eyJzY2hlbWFfdmVyc2lvbiI6IjEifQ==",
          "dependencies": [
            "data.aci_vlan_pool.VLAN_Pool_l3out"
          ]
        }
      ]
    },
    {
      "mode": "managed",
      "type": "aci_ranges",
      "name": "VLAN_Range_l3out_2049",
      "provider": "provider[\"registry.terraform.io/ciscodevnet/aci\"]",
      "instances": [
        {
          "schema_version": 1,
          "attributes": {
            "alloc_mode": "inherit",
            "annotation": "orchestrator:terraform",
            "description": "",
            "from": "vlan-2049",
            "id": "uni/infra/vlanns-[l3out]-static/from-[vlan-2049]-to-[vlan-2049]",
            "name_alias": "",
            "role": "external",
            "to": "vlan-2049",
            "vlan_pool_dn": "uni/infra/vlanns-[l3out]-static"
          },
          "sensitive_attributes": [],
          "private": "eyJzY2hlbWFfdmVyc2lvbiI6IjEifQ==",
          "dependencies": [
            "data.aci_vlan_pool.VLAN_Pool_l3out"
          ]
        }
      ]
    },
    {
      "mode": "managed",
      "type": "aci_ranges",
      "name": "VLAN_Range_l3out_2050",
      "provider": "provider[\"registry.terraform.io/ciscodevnet/aci\"]",
      "instances": [
        {
          "schema_version": 1,
          "attributes": {
            "alloc_mode": "inherit",
            "annotation": "orchestrator:terraform",
            "description": "",
            "from": "vlan-2050",
            "id": "uni/infra/vlanns-[l3out]-static/from-[vlan-2050]-to-[vlan-2050]",
            "name_alias": "",
            "role": "external",
            "to": "vlan-2050",
            "vlan_pool_dn": "uni/infra/vlanns-[l3out]-static"
          },
          "sensitive_attributes": [],
          "private": "eyJzY2hlbWFfdmVyc2lvbiI6IjEifQ==",
          "dependencies": [
            "data.aci_vlan_pool.VLAN_Pool_l3out"
          ]
        }
      ]
    },
    {
      "mode": "managed",
      "type": "aci_ranges",
      "name": "VLAN_Range_l3out_2051",
      "provider": "provider[\"registry.terraform.io/ciscodevnet/aci\"]",
      "instances": [
        {
          "schema_version": 1,
          "attributes": {
            "alloc_mode": "inherit",
            "annotation": "orchestrator:terraform",
            "description": "",
            "from": "vlan-2051",
            "id": "uni/infra/vlanns-[l3out]-static/from-[vlan-2051]-to-[vlan-2051]",
            "name_alias": "",
            "role": "external",
            "to": "vlan-2051",
            "vlan_pool_dn": "uni/infra/vlanns-[l3out]-static"
          },
          "sensitive_attributes": [],
          "private": "eyJzY2hlbWFfdmVyc2lvbiI6IjEifQ==",
          "dependencies": [
            "data.aci_vlan_pool.VLAN_Pool_l3out"
          ]
        }
      ]
    },
    {
      "mode": "managed",
      "type": "aci_ranges",
      "name": "VLAN_Range_l3out_2052",
      "provider": "provider[\"registry.terraform.io/ciscodevnet/aci\"]",
      "instances": [
        {
          "schema_version": 1,
          "attributes": {
            "alloc_mode": "inherit",
            "annotation": "orchestrator:terraform",
            "description": "",
            "from": "vlan-2052",
            "id": "uni/infra/vlanns-[l3out]-static/from-[vlan-2052]-to-[vlan-2052]",
            "name_alias": "",
            "role": "external",
            "to": "vlan-2052",
            "vlan_pool_dn": "uni/infra/vlanns-[l3out]-static"
          },
          "sensitive_attributes": [],
          "private": "eyJzY2hlbWFfdmVyc2lvbiI6IjEifQ==",
          "dependencies": [
            "data.aci_vlan_pool.VLAN_Pool_l3out"
          ]
        }
      ]
    },
    {
      "mode": "managed",
      "type": "aci_ranges",
      "name": "VLAN_Range_l3out_2053",
      "provider": "provider[\"registry.terraform.io/ciscodevnet/aci\"]",
      "instances": [
        {
          "schema_version": 1,
          "attributes": {
            "alloc_mode": "inherit",
            "annotation": "orchestrator:terraform",
            "description": "",
            "from": "vlan-2053",
            "id": "uni/infra/vlanns-[l3out]-static/from-[vlan-2053]-to-[vlan-2053]",
            "name_alias": "",
            "role": "external",
            "to": "vlan-2053",
            "vlan_pool_dn": "uni/infra/vlanns-[l3out]-static"
          },
          "sensitive_attributes": [],
          "private": "eyJzY2hlbWFfdmVyc2lvbiI6IjEifQ==",
          "dependencies": [
            "data.aci_vlan_pool.VLAN_Pool_l3out"
          ]
        }
      ]
    },
    {
      "mode": "managed",
      "type": "aci_ranges",
      "name": "VLAN_Range_l3out_2054",
      "provider": "provider[\"registry.terraform.io/ciscodevnet/aci\"]",
      "instances": [
        {
          "schema_version": 1,
          "attributes": {
            "alloc_mode": "inherit",
            "annotation": "orchestrator:terraform",
            "description": "",
            "from": "vlan-2054",
            "id": "uni/infra/vlanns-[l3out]-static/from-[vlan-2054]-to-[vlan-2054]",
            "name_alias": "",
            "role": "external",
            "to": "vlan-2054",
            "vlan_pool_dn": "uni/infra/vlanns-[l3out]-static"
          },
          "sensitive_attributes": [],
          "private": "eyJzY2hlbWFfdmVyc2lvbiI6IjEifQ==",
          "dependencies": [
            "data.aci_vlan_pool.VLAN_Pool_l3out"
          ]
        }
      ]
    },
    {
      "mode": "managed",
      "type": "aci_ranges",
      "name": "VLAN_Range_l3out_2055",
      "provider": "provider[\"registry.terraform.io/ciscodevnet/aci\"]",
      "instances": [
        {
          "schema_version": 1,
          "attributes": {
            "alloc_mode": "inherit",
            "annotation": "orchestrator:terraform",
            "description": "",
            "from": "vlan-2055",
            "id": "uni/infra/vlanns-[l3out]-static/from-[vlan-2055]-to-[vlan-2055]",
            "name_alias": "",
            "role": "external",
            "to": "vlan-2055",
            "vlan_pool_dn": "uni/infra/vlanns-[l3out]-static"
          },
          "sensitive_attributes": [],
          "private": "eyJzY2hlbWFfdmVyc2lvbiI6IjEifQ==",
          "dependencies": [
            "data.aci_vlan_pool.VLAN_Pool_l3out"
          ]
        }
      ]
    },
    {
      "mode": "managed",
      "type": "aci_ranges",
      "name": "VLAN_Range_l3out_2056",
      "provider": "provider[\"registry.terraform.io/ciscodevnet/aci\"]",
      "instances": [
        {
          "schema_version": 1,
          "attributes": {
            "alloc_mode": "inherit",
            "annotation": "orchestrator:terraform",
            "description": "",
            "from": "vlan-2056",
            "id": "uni/infra/vlanns-[l3out]-static/from-[vlan-2056]-to-[vlan-2056]",
            "name_alias": "",
            "role": "external",
            "to": "vlan-2056",
            "vlan_pool_dn": "uni/infra/vlanns-[l3out]-static"
          },
          "sensitive_attributes": [],
          "private": "eyJzY2hlbWFfdmVyc2lvbiI6IjEifQ==",
          "dependencies": [
            "data.aci_vlan_pool.VLAN_Pool_l3out"
          ]
        }
      ]
    },
    {
      "mode": "managed",
      "type": "aci_ranges",
      "name": "VLAN_Range_l3out_2057",
      "provider": "provider[\"registry.terraform.io/ciscodevnet/aci\"]",
      "instances": [
        {
          "schema_version": 1,
          "attributes": {
            "alloc_mode": "inherit",
            "annotation": "orchestrator:terraform",
            "description": "",
            "from": "vlan-2057",
            "id": "uni/infra/vlanns-[l3out]-static/from-[vlan-2057]-to-[vlan-2057]",
            "name_alias": "",
            "role": "external",
            "to": "vlan-2057",
            "vlan_pool_dn": "uni/infra/vlanns-[l3out]-static"
          },
          "sensitive_attributes": [],
          "private": "eyJzY2hlbWFfdmVyc2lvbiI6IjEifQ==",
          "dependencies": [
            "data.aci_vlan_pool.VLAN_Pool_l3out"
          ]
        }
      ]
    },
    {
      "mode": "managed",
      "type": "aci_ranges",
      "name": "VLAN_Range_l3out_2058",
      "provider": "provider[\"registry.terraform.io/ciscodevnet/aci\"]",
      "instances": [
        {
          "schema_version": 1,
          "attributes": {
            "alloc_mode": "inherit",
            "annotation": "orchestrator:terraform",
            "description": "",
            "from": "vlan-2058",
            "id": "uni/infra/vlanns-[l3out]-static/from-[vlan-2058]-to-[vlan-2058]",
            "name_alias": "",
            "role": "external",
            "to": "vlan-2058",
            "vlan_pool_dn": "uni/infra/vlanns-[l3out]-static"
          },
          "sensitive_attributes": [],
          "private": "eyJzY2hlbWFfdmVyc2lvbiI6IjEifQ==",
          "dependencies": [
            "data.aci_vlan_pool.VLAN_Pool_l3out"
          ]
        }
      ]
    },
    {
      "mode": "managed",
      "type": "aci_ranges",
      "name": "VLAN_Range_l3out_2059",
      "provider": "provider[\"registry.terraform.io/ciscodevnet/aci\"]",
      "instances": [
        {
          "schema_version": 1,
          "attributes": {
            "alloc_mode": "inherit",
            "annotation": "orchestrator:terraform",
            "description": "",
            "from": "vlan-2059",
            "id": "uni/infra/vlanns-[l3out]-static/from-[vlan-2059]-to-[vlan-2059]",
            "name_alias": "",
            "role": "external",
            "to": "vlan-2059",
            "vlan_pool_dn": "uni/infra/vlanns-[l3out]-static"
          },
          "sensitive_attributes": [],
          "private": "eyJzY2hlbWFfdmVyc2lvbiI6IjEifQ==",
          "dependencies": [
            "data.aci_vlan_pool.VLAN_Pool_l3out"
          ]
        }
      ]
    },
    {
      "mode": "managed",
      "type": "aci_ranges",
      "name": "VLAN_Range_l3out_2060",
      "provider": "provider[\"registry.terraform.io/ciscodevnet/aci\"]",
      "instances": [
        {
          "schema_version": 1,
          "attributes": {
            "alloc_mode": "inherit",
            "annotation": "orchestrator:terraform",
            "description": "",
            "from": "vlan-2060",
            "id": "uni/infra/vlanns-[l3out]-static/from-[vlan-2060]-to-[vlan-2060]",
            "name_alias": "",
            "role": "external",
            "to": "vlan-2060",
            "vlan_pool_dn": "uni/infra/vlanns-[l3out]-static"
          },
          "sensitive_attributes": [],
          "private": "eyJzY2hlbWFfdmVyc2lvbiI6IjEifQ==",
          "dependencies": [
            "data.aci_vlan_pool.VLAN_Pool_l3out"
          ]
        }
      ]
    },
    {
      "mode": "managed",
      "type": "aci_ranges",
      "name": "VLAN_Range_l3out_2061",
      "provider": "provider[\"registry.terraform.io/ciscodevnet/aci\"]",
      "instances": [
        {
          "schema_version": 1,
          "attributes": {
            "alloc_mode": "inherit",
            "annotation": "orchestrator:terraform",
            "description": "",
            "from": "vlan-2061",
            "id": "uni/infra/vlanns-[l3out]-static/from-[vlan-2061]-to-[vlan-2061]",
            "name_alias": "",
            "role": "external",
            "to": "vlan-2061",
            "vlan_pool_dn": "uni/infra/vlanns-[l3out]-static"
          },
          "sensitive_attributes": [],
          "private": "eyJzY2hlbWFfdmVyc2lvbiI6IjEifQ==",
          "dependencies": [
            "data.aci_vlan_pool.VLAN_Pool_l3out"
          ]
        }
      ]
    },
    {
      "mode": "managed",
      "type": "aci_ranges",
      "name": "VLAN_Range_l3out_2062",
      "provider": "provider[\"registry.terraform.io/ciscodevnet/aci\"]",
      "instances": [
        {
          "schema_version": 1,
          "attributes": {
            "alloc_mode": "inherit",
            "annotation": "orchestrator:terraform",
            "description": "",
            "from": "vlan-2062",
            "id": "uni/infra/vlanns-[l3out]-static/from-[vlan-2062]-to-[vlan-2062]",
            "name_alias": "",
            "role": "external",
            "to": "vlan-2062",
            "vlan_pool_dn": "uni/infra/vlanns-[l3out]-static"
          },
          "sensitive_attributes": [],
          "private": "eyJzY2hlbWFfdmVyc2lvbiI6IjEifQ==",
          "dependencies": [
            "data.aci_vlan_pool.VLAN_Pool_l3out"
          ]
        }
      ]
    },
    {
      "mode": "managed",
      "type": "aci_ranges",
      "name": "VLAN_Range_l3out_2063",
      "provider": "provider[\"registry.terraform.io/ciscodevnet/aci\"]",
      "instances": [
        {
          "schema_version": 1,
          "attributes": {
            "alloc_mode": "inherit",
            "annotation": "orchestrator:terraform",
            "description": "",
            "from": "vlan-2063",
            "id": "uni/infra/vlanns-[l3out]-static/from-[vlan-2063]-to-[vlan-2063]",
            "name_alias": "",
            "role": "external",
            "to": "vlan-2063",
            "vlan_pool_dn": "uni/infra/vlanns-[l3out]-static"
          },
          "sensitive_attributes": [],
          "private": "eyJzY2hlbWFfdmVyc2lvbiI6IjEifQ==",
          "dependencies": [
            "data.aci_vlan_pool.VLAN_Pool_l3out"
          ]
        }
      ]
    },
    {
      "mode": "managed",
      "type": "aci_ranges",
      "name": "VLAN_Range_l3out_2064",
      "provider": "provider[\"registry.terraform.io/ciscodevnet/aci\"]",
      "instances": [
        {
          "schema_version": 1,
          "attributes": {
            "alloc_mode": "inherit",
            "annotation": "orchestrator:terraform",
            "description": "",
            "from": "vlan-2064",
            "id": "uni/infra/vlanns-[l3out]-static/from-[vlan-2064]-to-[vlan-2064]",
            "name_alias": "",
            "role": "external",
            "to": "vlan-2064",
            "vlan_pool_dn": "uni/infra/vlanns-[l3out]-static"
          },
          "sensitive_attributes": [],
          "private": "eyJzY2hlbWFfdmVyc2lvbiI6IjEifQ==",
          "dependencies": [
            "data.aci_vlan_pool.VLAN_Pool_l3out"
          ]
        }
      ]
    },
    {
      "mode": "managed",
      "type": "aci_ranges",
      "name": "VLAN_Range_l3out_2065",
      "provider": "provider[\"registry.terraform.io/ciscodevnet/aci\"]",
      "instances": [
        {
          "schema_version": 1,
          "attributes": {
            "alloc_mode": "inherit",
            "annotation": "orchestrator:terraform",
            "description": "",
            "from": "vlan-2065",
            "id": "uni/infra/vlanns-[l3out]-static/from-[vlan-2065]-to-[vlan-2065]",
            "name_alias": "",
            "role": "external",
            "to": "vlan-2065",
            "vlan_pool_dn": "uni/infra/vlanns-[l3out]-static"
          },
          "sensitive_attributes": [],
          "private": "eyJzY2hlbWFfdmVyc2lvbiI6IjEifQ==",
          "dependencies": [
            "data.aci_vlan_pool.VLAN_Pool_l3out"
          ]
        }
      ]
    },
    {
      "mode": "managed",
      "type": "aci_ranges",
      "name": "VLAN_Range_l3out_2066",
      "provider": "provider[\"registry.terraform.io/ciscodevnet/aci\"]",
      "instances": [
        {
          "schema_version": 1,
          "attributes": {
            "alloc_mode": "inherit",
            "annotation": "orchestrator:terraform",
            "description": "",
            "from": "vlan-2066",
            "id": "uni/infra/vlanns-[l3out]-static/from-[vlan-2066]-to-[vlan-2066]",
            "name_alias": "",
            "role": "external",
            "to": "vlan-2066",
            "vlan_pool_dn": "uni/infra/vlanns-[l3out]-static"
          },
          "sensitive_attributes": [],
          "private": "eyJzY2hlbWFfdmVyc2lvbiI6IjEifQ==",
          "dependencies": [
            "data.aci_vlan_pool.VLAN_Pool_l3out"
          ]
        }
      ]
    },
    {
      "mode": "managed",
      "type": "aci_ranges",
      "name": "VLAN_Range_l3out_2067",
      "provider": "provider[\"registry.terraform.io/ciscodevnet/aci\"]",
      "instances": [
        {
          "schema_version": 1,
          "attributes": {
            "alloc_mode": "inherit",
            "annotation": "orchestrator:terraform",
            "description": "",
            "from": "vlan-2067",
            "id": "uni/infra/vlanns-[l3out]-static/from-[vlan-2067]-to-[vlan-2067]",
            "name_alias": "",
            "role": "external",
            "to": "vlan-2067",
            "vlan_pool_dn": "uni/infra/vlanns-[l3out]-static"
          },
          "sensitive_attributes": [],
          "private": "eyJzY2hlbWFfdmVyc2lvbiI6IjEifQ==",
          "dependencies": [
            "data.aci_vlan_pool.VLAN_Pool_l3out"
          ]
        }
      ]
    },
    {
      "mode": "managed",
      "type": "aci_ranges",
      "name": "VLAN_Range_l3out_2068",
      "provider": "provider[\"registry.terraform.io/ciscodevnet/aci\"]",
      "instances": [
        {
          "schema_version": 1,
          "attributes": {
            "alloc_mode": "inherit",
            "annotation": "orchestrator:terraform",
            "description": "",
            "from": "vlan-2068",
            "id": "uni/infra/vlanns-[l3out]-static/from-[vlan-2068]-to-[vlan-2068]",
            "name_alias": "",
            "role": "external",
            "to": "vlan-2068",
            "vlan_pool_dn": "uni/infra/vlanns-[l3out]-static"
          },
          "sensitive_attributes": [],
          "private": "eyJzY2hlbWFfdmVyc2lvbiI6IjEifQ==",
          "dependencies": [
            "data.aci_vlan_pool.VLAN_Pool_l3out"
          ]
        }
      ]
    },
    {
      "mode": "managed",
      "type": "aci_ranges",
      "name": "VLAN_Range_l3out_2069",
      "provider": "provider[\"registry.terraform.io/ciscodevnet/aci\"]",
      "instances": [
        {
          "schema_version": 1,
          "attributes": {
            "alloc_mode": "inherit",
            "annotation": "orchestrator:terraform",
            "description": "",
            "from": "vlan-2069",
            "id": "uni/infra/vlanns-[l3out]-static/from-[vlan-2069]-to-[vlan-2069]",
            "name_alias": "",
            "role": "external",
            "to": "vlan-2069",
            "vlan_pool_dn": "uni/infra/vlanns-[l3out]-static"
          },
          "sensitive_attributes": [],
          "private": "eyJzY2hlbWFfdmVyc2lvbiI6IjEifQ==",
          "dependencies": [
            "data.aci_vlan_pool.VLAN_Pool_l3out"
          ]
        }
      ]
    },
    {
      "mode": "managed",
      "type": "aci_ranges",
      "name": "VLAN_Range_l3out_2070",
      "provider": "provider[\"registry.terraform.io/ciscodevnet/aci\"]",
      "instances": [
        {
          "schema_version": 1,
          "attributes": {
            "alloc_mode": "inherit",
            "annotation": "orchestrator:terraform",
            "description": "",
            "from": "vlan-2070",
            "id": "uni/infra/vlanns-[l3out]-static/from-[vlan-2070]-to-[vlan-2070]",
            "name_alias": "",
            "role": "external",
            "to": "vlan-2070",
            "vlan_pool_dn": "uni/infra/vlanns-[l3out]-static"
          },
          "sensitive_attributes": [],
          "private": "eyJzY2hlbWFfdmVyc2lvbiI6IjEifQ==",
          "dependencies": [
            "data.aci_vlan_pool.VLAN_Pool_l3out"
          ]
        }
      ]
    },
    {
      "mode": "managed",
      "type": "aci_ranges",
      "name": "VLAN_Range_l3out_2071",
      "provider": "provider[\"registry.terraform.io/ciscodevnet/aci\"]",
      "instances": [
        {
          "schema_version": 1,
          "attributes": {
            "alloc_mode": "inherit",
            "annotation": "orchestrator:terraform",
            "description": "",
            "from": "vlan-2071",
            "id": "uni/infra/vlanns-[l3out]-static/from-[vlan-2071]-to-[vlan-2071]",
            "name_alias": "",
            "role": "external",
            "to": "vlan-2071",
            "vlan_pool_dn": "uni/infra/vlanns-[l3out]-static"
          },
          "sensitive_attributes": [],
          "private": "eyJzY2hlbWFfdmVyc2lvbiI6IjEifQ==",
          "dependencies": [
            "data.aci_vlan_pool.VLAN_Pool_l3out"
          ]
        }
      ]
    },
    {
      "mode": "managed",
      "type": "aci_ranges",
      "name": "VLAN_Range_l3out_2072",
      "provider": "provider[\"registry.terraform.io/ciscodevnet/aci\"]",
      "instances": [
        {
          "schema_version": 1,
          "attributes": {
            "alloc_mode": "inherit",
            "annotation": "orchestrator:terraform",
            "description": "",
            "from": "vlan-2072",
            "id": "uni/infra/vlanns-[l3out]-static/from-[vlan-2072]-to-[vlan-2072]",
            "name_alias": "",
            "role": "external",
            "to": "vlan-2072",
            "vlan_pool_dn": "uni/infra/vlanns-[l3out]-static"
          },
          "sensitive_attributes": [],
          "private": "eyJzY2hlbWFfdmVyc2lvbiI6IjEifQ==",
          "dependencies": [
            "data.aci_vlan_pool.VLAN_Pool_l3out"
          ]
        }
      ]
    },
    {
      "mode": "managed",
      "type": "aci_ranges",
      "name": "VLAN_Range_l3out_2073",
      "provider": "provider[\"registry.terraform.io/ciscodevnet/aci\"]",
      "instances": [
        {
          "schema_version": 1,
          "attributes": {
            "alloc_mode": "inherit",
            "annotation": "orchestrator:terraform",
            "description": "",
            "from": "vlan-2073",
            "id": "uni/infra/vlanns-[l3out]-static/from-[vlan-2073]-to-[vlan-2073]",
            "name_alias": "",
            "role": "external",
            "to": "vlan-2073",
            "vlan_pool_dn": "uni/infra/vlanns-[l3out]-static"
          },
          "sensitive_attributes": [],
          "private": "eyJzY2hlbWFfdmVyc2lvbiI6IjEifQ==",
          "dependencies": [
            "data.aci_vlan_pool.VLAN_Pool_l3out"
          ]
        }
      ]
    },
    {
      "mode": "managed",
      "type": "aci_ranges",
      "name": "VLAN_Range_l3out_2074",
      "provider": "provider[\"registry.terraform.io/ciscodevnet/aci\"]",
      "instances": [
        {
          "schema_version": 1,
          "attributes": {
            "alloc_mode": "inherit",
            "annotation": "orchestrator:terraform",
            "description": "",
            "from": "vlan-2074",
            "id": "uni/infra/vlanns-[l3out]-static/from-[vlan-2074]-to-[vlan-2074]",
            "name_alias": "",
            "role": "external",
            "to": "vlan-2074",
            "vlan_pool_dn": "uni/infra/vlanns-[l3out]-static"
          },
          "sensitive_attributes": [],
          "private": "eyJzY2hlbWFfdmVyc2lvbiI6IjEifQ==",
          "dependencies": [
            "data.aci_vlan_pool.VLAN_Pool_l3out"
          ]
        }
      ]
    },
    {
      "mode": "managed",
      "type": "aci_ranges",
      "name": "VLAN_Range_l3out_2075",
      "provider": "provider[\"registry.terraform.io/ciscodevnet/aci\"]",
      "instances": [
        {
          "schema_version": 1,
          "attributes": {
            "alloc_mode": "inherit",
            "annotation": "orchestrator:terraform",
            "description": "",
            "from": "vlan-2075",
            "id": "uni/infra/vlanns-[l3out]-static/from-[vlan-2075]-to-[vlan-2075]",
            "name_alias": "",
            "role": "external",
            "to": "vlan-2075",
            "vlan_pool_dn": "uni/infra/vlanns-[l3out]-static"
          },
          "sensitive_attributes": [],
          "private": "eyJzY2hlbWFfdmVyc2lvbiI6IjEifQ==",
          "dependencies": [
            "data.aci_vlan_pool.VLAN_Pool_l3out"
          ]
        }
      ]
    },
    {
      "mode": "managed",
      "type": "aci_ranges",
      "name": "VLAN_Range_l3out_2076",
      "provider": "provider[\"registry.terraform.io/ciscodevnet/aci\"]",
      "instances": [
        {
          "schema_version": 1,
          "attributes": {
            "alloc_mode": "inherit",
            "annotation": "orchestrator:terraform",
            "description": "",
            "from": "vlan-2076",
            "id": "uni/infra/vlanns-[l3out]-static/from-[vlan-2076]-to-[vlan-2076]",
            "name_alias": "",
            "role": "external",
            "to": "vlan-2076",
            "vlan_pool_dn": "uni/infra/vlanns-[l3out]-static"
          },
          "sensitive_attributes": [],
          "private": "eyJzY2hlbWFfdmVyc2lvbiI6IjEifQ==",
          "dependencies": [
            "data.aci_vlan_pool.VLAN_Pool_l3out"
          ]
        }
      ]
    },
    {
      "mode": "managed",
      "type": "aci_ranges",
      "name": "VLAN_Range_l3out_2077",
      "provider": "provider[\"registry.terraform.io/ciscodevnet/aci\"]",
      "instances": [
        {
          "schema_version": 1,
          "attributes": {
            "alloc_mode": "inherit",
            "annotation": "orchestrator:terraform",
            "description": "",
            "from": "vlan-2077",
            "id": "uni/infra/vlanns-[l3out]-static/from-[vlan-2077]-to-[vlan-2077]",
            "name_alias": "",
            "role": "external",
            "to": "vlan-2077",
            "vlan_pool_dn": "uni/infra/vlanns-[l3out]-static"
          },
          "sensitive_attributes": [],
          "private": "eyJzY2hlbWFfdmVyc2lvbiI6IjEifQ==",
          "dependencies": [
            "data.aci_vlan_pool.VLAN_Pool_l3out"
          ]
        }
      ]
    },
    {
      "mode": "managed",
      "type": "aci_ranges",
      "name": "VLAN_Range_l3out_2078",
      "provider": "provider[\"registry.terraform.io/ciscodevnet/aci\"]",
      "instances": [
        {
          "schema_version": 1,
          "attributes": {
            "alloc_mode": "inherit",
            "annotation": "orchestrator:terraform",
            "description": "",
            "from": "vlan-2078",
            "id": "uni/infra/vlanns-[l3out]-static/from-[vlan-2078]-to-[vlan-2078]",
            "name_alias": "",
            "role": "external",
            "to": "vlan-2078",
            "vlan_pool_dn": "uni/infra/vlanns-[l3out]-static"
          },
          "sensitive_attributes": [],
          "private": "eyJzY2hlbWFfdmVyc2lvbiI6IjEifQ==",
          "dependencies": [
            "data.aci_vlan_pool.VLAN_Pool_l3out"
          ]
        }
      ]
    },
    {
      "mode": "managed",
      "type": "aci_ranges",
      "name": "VLAN_Range_l3out_2079",
      "provider": "provider[\"registry.terraform.io/ciscodevnet/aci\"]",
      "instances": [
        {
          "schema_version": 1,
          "attributes": {
            "alloc_mode": "inherit",
            "annotation": "orchestrator:terraform",
            "description": "",
            "from": "vlan-2079",
            "id": "uni/infra/vlanns-[l3out]-static/from-[vlan-2079]-to-[vlan-2079]",
            "name_alias": "",
            "role": "external",
            "to": "vlan-2079",
            "vlan_pool_dn": "uni/infra/vlanns-[l3out]-static"
          },
          "sensitive_attributes": [],
          "private": "eyJzY2hlbWFfdmVyc2lvbiI6IjEifQ==",
          "dependencies": [
            "data.aci_vlan_pool.VLAN_Pool_l3out"
          ]
        }
      ]
    },
    {
      "mode": "managed",
      "type": "aci_ranges",
      "name": "VLAN_Range_l3out_2080",
      "provider": "provider[\"registry.terraform.io/ciscodevnet/aci\"]",
      "instances": [
        {
          "schema_version": 1,
          "attributes": {
            "alloc_mode": "inherit",
            "annotation": "orchestrator:terraform",
            "description": "",
            "from": "vlan-2080",
            "id": "uni/infra/vlanns-[l3out]-static/from-[vlan-2080]-to-[vlan-2080]",
            "name_alias": "",
            "role": "external",
            "to": "vlan-2080",
            "vlan_pool_dn": "uni/infra/vlanns-[l3out]-static"
          },
          "sensitive_attributes": [],
          "private": "eyJzY2hlbWFfdmVyc2lvbiI6IjEifQ==",
          "dependencies": [
            "data.aci_vlan_pool.VLAN_Pool_l3out"
          ]
        }
      ]
    },
    {
      "mode": "managed",
      "type": "aci_ranges",
      "name": "VLAN_Range_l3out_2081",
      "provider": "provider[\"registry.terraform.io/ciscodevnet/aci\"]",
      "instances": [
        {
          "schema_version": 1,
          "attributes": {
            "alloc_mode": "inherit",
            "annotation": "orchestrator:terraform",
            "description": "",
            "from": "vlan-2081",
            "id": "uni/infra/vlanns-[l3out]-static/from-[vlan-2081]-to-[vlan-2081]",
            "name_alias": "",
            "role": "external",
            "to": "vlan-2081",
            "vlan_pool_dn": "uni/infra/vlanns-[l3out]-static"
          },
          "sensitive_attributes": [],
          "private": "eyJzY2hlbWFfdmVyc2lvbiI6IjEifQ==",
          "dependencies": [
            "data.aci_vlan_pool.VLAN_Pool_l3out"
          ]
        }
      ]
    },
    {
      "mode": "managed",
      "type": "aci_ranges",
      "name": "VLAN_Range_l3out_2082",
      "provider": "provider[\"registry.terraform.io/ciscodevnet/aci\"]",
      "instances": [
        {
          "schema_version": 1,
          "attributes": {
            "alloc_mode": "inherit",
            "annotation": "orchestrator:terraform",
            "description": "",
            "from": "vlan-2082",
            "id": "uni/infra/vlanns-[l3out]-static/from-[vlan-2082]-to-[vlan-2082]",
            "name_alias": "",
            "role": "external",
            "to": "vlan-2082",
            "vlan_pool_dn": "uni/infra/vlanns-[l3out]-static"
          },
          "sensitive_attributes": [],
          "private": "eyJzY2hlbWFfdmVyc2lvbiI6IjEifQ==",
          "dependencies": [
            "data.aci_vlan_pool.VLAN_Pool_l3out"
          ]
        }
      ]
    },
    {
      "mode": "managed",
      "type": "aci_ranges",
      "name": "VLAN_Range_l3out_2083",
      "provider": "provider[\"registry.terraform.io/ciscodevnet/aci\"]",
      "instances": [
        {
          "schema_version": 1,
          "attributes": {
            "alloc_mode": "inherit",
            "annotation": "orchestrator:terraform",
            "description": "",
            "from": "vlan-2083",
            "id": "uni/infra/vlanns-[l3out]-static/from-[vlan-2083]-to-[vlan-2083]",
            "name_alias": "",
            "role": "external",
            "to": "vlan-2083",
            "vlan_pool_dn": "uni/infra/vlanns-[l3out]-static"
          },
          "sensitive_attributes": [],
          "private": "eyJzY2hlbWFfdmVyc2lvbiI6IjEifQ==",
          "dependencies": [
            "data.aci_vlan_pool.VLAN_Pool_l3out"
          ]
        }
      ]
    },
    {
      "mode": "managed",
      "type": "aci_ranges",
      "name": "VLAN_Range_l3out_2084",
      "provider": "provider[\"registry.terraform.io/ciscodevnet/aci\"]",
      "instances": [
        {
          "schema_version": 1,
          "attributes": {
            "alloc_mode": "inherit",
            "annotation": "orchestrator:terraform",
            "description": "",
            "from": "vlan-2084",
            "id": "uni/infra/vlanns-[l3out]-static/from-[vlan-2084]-to-[vlan-2084]",
            "name_alias": "",
            "role": "external",
            "to": "vlan-2084",
            "vlan_pool_dn": "uni/infra/vlanns-[l3out]-static"
          },
          "sensitive_attributes": [],
          "private": "eyJzY2hlbWFfdmVyc2lvbiI6IjEifQ==",
          "dependencies": [
            "data.aci_vlan_pool.VLAN_Pool_l3out"
          ]
        }
      ]
    },
    {
      "mode": "managed",
      "type": "aci_ranges",
      "name": "VLAN_Range_l3out_2085",
      "provider": "provider[\"registry.terraform.io/ciscodevnet/aci\"]",
      "instances": [
        {
          "schema_version": 1,
          "attributes": {
            "alloc_mode": "inherit",
            "annotation": "orchestrator:terraform",
            "description": "",
            "from": "vlan-2085",
            "id": "uni/infra/vlanns-[l3out]-static/from-[vlan-2085]-to-[vlan-2085]",
            "name_alias": "",
            "role": "external",
            "to": "vlan-2085",
            "vlan_pool_dn": "uni/infra/vlanns-[l3out]-static"
          },
          "sensitive_attributes": [],
          "private": "eyJzY2hlbWFfdmVyc2lvbiI6IjEifQ==",
          "dependencies": [
            "data.aci_vlan_pool.VLAN_Pool_l3out"
          ]
        }
      ]
    },
    {
      "mode": "managed",
      "type": "aci_ranges",
      "name": "VLAN_Range_l3out_2086",
      "provider": "provider[\"registry.terraform.io/ciscodevnet/aci\"]",
      "instances": [
        {
          "schema_version": 1,
          "attributes": {
            "alloc_mode": "inherit",
            "annotation": "orchestrator:terraform",
            "description": "",
            "from": "vlan-2086",
            "id": "uni/infra/vlanns-[l3out]-static/from-[vlan-2086]-to-[vlan-2086]",
            "name_alias": "",
            "role": "external",
            "to": "vlan-2086",
            "vlan_pool_dn": "uni/infra/vlanns-[l3out]-static"
          },
          "sensitive_attributes": [],
          "private": "eyJzY2hlbWFfdmVyc2lvbiI6IjEifQ==",
          "dependencies": [
            "data.aci_vlan_pool.VLAN_Pool_l3out"
          ]
        }
      ]
    },
    {
      "mode": "managed",
      "type": "aci_ranges",
      "name": "VLAN_Range_l3out_2087",
      "provider": "provider[\"registry.terraform.io/ciscodevnet/aci\"]",
      "instances": [
        {
          "schema_version": 1,
          "attributes": {
            "alloc_mode": "inherit",
            "annotation": "orchestrator:terraform",
            "description": "",
            "from": "vlan-2087",
            "id": "uni/infra/vlanns-[l3out]-static/from-[vlan-2087]-to-[vlan-2087]",
            "name_alias": "",
            "role": "external",
            "to": "vlan-2087",
            "vlan_pool_dn": "uni/infra/vlanns-[l3out]-static"
          },
          "sensitive_attributes": [],
          "private": "eyJzY2hlbWFfdmVyc2lvbiI6IjEifQ==",
          "dependencies": [
            "data.aci_vlan_pool.VLAN_Pool_l3out"
          ]
        }
      ]
    },
    {
      "mode": "managed",
      "type": "aci_ranges",
      "name": "VLAN_Range_l3out_2088",
      "provider": "provider[\"registry.terraform.io/ciscodevnet/aci\"]",
      "instances": [
        {
          "schema_version": 1,
          "attributes": {
            "alloc_mode": "inherit",
            "annotation": "orchestrator:terraform",
            "description": "",
            "from": "vlan-2088",
            "id": "uni/infra/vlanns-[l3out]-static/from-[vlan-2088]-to-[vlan-2088]",
            "name_alias": "",
            "role": "external",
            "to": "vlan-2088",
            "vlan_pool_dn": "uni/infra/vlanns-[l3out]-static"
          },
          "sensitive_attributes": [],
          "private": "eyJzY2hlbWFfdmVyc2lvbiI6IjEifQ==",
          "dependencies": [
            "data.aci_vlan_pool.VLAN_Pool_l3out"
          ]
        }
      ]
    },
    {
      "mode": "managed",
      "type": "aci_ranges",
      "name": "VLAN_Range_l3out_2089",
      "provider": "provider[\"registry.terraform.io/ciscodevnet/aci\"]",
      "instances": [
        {
          "schema_version": 1,
          "attributes": {
            "alloc_mode": "inherit",
            "annotation": "orchestrator:terraform",
            "description": "",
            "from": "vlan-2089",
            "id": "uni/infra/vlanns-[l3out]-static/from-[vlan-2089]-to-[vlan-2089]",
            "name_alias": "",
            "role": "external",
            "to": "vlan-2089",
            "vlan_pool_dn": "uni/infra/vlanns-[l3out]-static"
          },
          "sensitive_attributes": [],
          "private": "eyJzY2hlbWFfdmVyc2lvbiI6IjEifQ==",
          "dependencies": [
            "data.aci_vlan_pool.VLAN_Pool_l3out"
          ]
        }
      ]
    },
    {
      "mode": "managed",
      "type": "aci_ranges",
      "name": "VLAN_Range_l3out_2090",
      "provider": "provider[\"registry.terraform.io/ciscodevnet/aci\"]",
      "instances": [
        {
          "schema_version": 1,
          "attributes": {
            "alloc_mode": "inherit",
            "annotation": "orchestrator:terraform",
            "description": "",
            "from": "vlan-2090",
            "id": "uni/infra/vlanns-[l3out]-static/from-[vlan-2090]-to-[vlan-2090]",
            "name_alias": "",
            "role": "external",
            "to": "vlan-2090",
            "vlan_pool_dn": "uni/infra/vlanns-[l3out]-static"
          },
          "sensitive_attributes": [],
          "private": "eyJzY2hlbWFfdmVyc2lvbiI6IjEifQ==",
          "dependencies": [
            "data.aci_vlan_pool.VLAN_Pool_l3out"
          ]
        }
      ]
    },
    {
      "mode": "managed",
      "type": "aci_ranges",
      "name": "VLAN_Range_l3out_2091",
      "provider": "provider[\"registry.terraform.io/ciscodevnet/aci\"]",
      "instances": [
        {
          "schema_version": 1,
          "attributes": {
            "alloc_mode": "inherit",
            "annotation": "orchestrator:terraform",
            "description": "",
            "from": "vlan-2091",
            "id": "uni/infra/vlanns-[l3out]-static/from-[vlan-2091]-to-[vlan-2091]",
            "name_alias": "",
            "role": "external",
            "to": "vlan-2091",
            "vlan_pool_dn": "uni/infra/vlanns-[l3out]-static"
          },
          "sensitive_attributes": [],
          "private": "eyJzY2hlbWFfdmVyc2lvbiI6IjEifQ==",
          "dependencies": [
            "data.aci_vlan_pool.VLAN_Pool_l3out"
          ]
        }
      ]
    },
    {
      "mode": "managed",
      "type": "aci_ranges",
      "name": "VLAN_Range_l3out_2092",
      "provider": "provider[\"registry.terraform.io/ciscodevnet/aci\"]",
      "instances": [
        {
          "schema_version": 1,
          "attributes": {
            "alloc_mode": "inherit",
            "annotation": "orchestrator:terraform",
            "description": "",
            "from": "vlan-2092",
            "id": "uni/infra/vlanns-[l3out]-static/from-[vlan-2092]-to-[vlan-2092]",
            "name_alias": "",
            "role": "external",
            "to": "vlan-2092",
            "vlan_pool_dn": "uni/infra/vlanns-[l3out]-static"
          },
          "sensitive_attributes": [],
          "private": "eyJzY2hlbWFfdmVyc2lvbiI6IjEifQ==",
          "dependencies": [
            "data.aci_vlan_pool.VLAN_Pool_l3out"
          ]
        }
      ]
    },
    {
      "mode": "managed",
      "type": "aci_ranges",
      "name": "VLAN_Range_l3out_2093",
      "provider": "provider[\"registry.terraform.io/ciscodevnet/aci\"]",
      "instances": [
        {
          "schema_version": 1,
          "attributes": {
            "alloc_mode": "inherit",
            "annotation": "orchestrator:terraform",
            "description": "",
            "from": "vlan-2093",
            "id": "uni/infra/vlanns-[l3out]-static/from-[vlan-2093]-to-[vlan-2093]",
            "name_alias": "",
            "role": "external",
            "to": "vlan-2093",
            "vlan_pool_dn": "uni/infra/vlanns-[l3out]-static"
          },
          "sensitive_attributes": [],
          "private": "eyJzY2hlbWFfdmVyc2lvbiI6IjEifQ==",
          "dependencies": [
            "data.aci_vlan_pool.VLAN_Pool_l3out"
          ]
        }
      ]
    },
    {
      "mode": "managed",
      "type": "aci_ranges",
      "name": "VLAN_Range_l3out_2094",
      "provider": "provider[\"registry.terraform.io/ciscodevnet/aci\"]",
      "instances": [
        {
          "schema_version": 1,
          "attributes": {
            "alloc_mode": "inherit",
            "annotation": "orchestrator:terraform",
            "description": "",
            "from": "vlan-2094",
            "id": "uni/infra/vlanns-[l3out]-static/from-[vlan-2094]-to-[vlan-2094]",
            "name_alias": "",
            "role": "external",
            "to": "vlan-2094",
            "vlan_pool_dn": "uni/infra/vlanns-[l3out]-static"
          },
          "sensitive_attributes": [],
          "private": "eyJzY2hlbWFfdmVyc2lvbiI6IjEifQ==",
          "dependencies": [
            "data.aci_vlan_pool.VLAN_Pool_l3out"
          ]
        }
      ]
    },
    {
      "mode": "managed",
      "type": "aci_ranges",
      "name": "VLAN_Range_l3out_2095",
      "provider": "provider[\"registry.terraform.io/ciscodevnet/aci\"]",
      "instances": [
        {
          "schema_version": 1,
          "attributes": {
            "alloc_mode": "inherit",
            "annotation": "orchestrator:terraform",
            "description": "",
            "from": "vlan-2095",
            "id": "uni/infra/vlanns-[l3out]-static/from-[vlan-2095]-to-[vlan-2095]",
            "name_alias": "",
            "role": "external",
            "to": "vlan-2095",
            "vlan_pool_dn": "uni/infra/vlanns-[l3out]-static"
          },
          "sensitive_attributes": [],
          "private": "eyJzY2hlbWFfdmVyc2lvbiI6IjEifQ==",
          "dependencies": [
            "data.aci_vlan_pool.VLAN_Pool_l3out"
          ]
        }
      ]
    },
    {
      "mode": "managed",
      "type": "aci_ranges",
      "name": "VLAN_Range_l3out_2096",
      "provider": "provider[\"registry.terraform.io/ciscodevnet/aci\"]",
      "instances": [
        {
          "schema_version": 1,
          "attributes": {
            "alloc_mode": "inherit",
            "annotation": "orchestrator:terraform",
            "description": "",
            "from": "vlan-2096",
            "id": "uni/infra/vlanns-[l3out]-static/from-[vlan-2096]-to-[vlan-2096]",
            "name_alias": "",
            "role": "external",
            "to": "vlan-2096",
            "vlan_pool_dn": "uni/infra/vlanns-[l3out]-static"
          },
          "sensitive_attributes": [],
          "private": "eyJzY2hlbWFfdmVyc2lvbiI6IjEifQ==",
          "dependencies": [
            "data.aci_vlan_pool.VLAN_Pool_l3out"
          ]
        }
      ]
    },
    {
      "mode": "managed",
      "type": "aci_ranges",
      "name": "VLAN_Range_l3out_2097",
      "provider": "provider[\"registry.terraform.io/ciscodevnet/aci\"]",
      "instances": [
        {
          "schema_version": 1,
          "attributes": {
            "alloc_mode": "inherit",
            "annotation": "orchestrator:terraform",
            "description": "",
            "from": "vlan-2097",
            "id": "uni/infra/vlanns-[l3out]-static/from-[vlan-2097]-to-[vlan-2097]",
            "name_alias": "",
            "role": "external",
            "to": "vlan-2097",
            "vlan_pool_dn": "uni/infra/vlanns-[l3out]-static"
          },
          "sensitive_attributes": [],
          "private": "eyJzY2hlbWFfdmVyc2lvbiI6IjEifQ==",
          "dependencies": [
            "data.aci_vlan_pool.VLAN_Pool_l3out"
          ]
        }
      ]
    },
    {
      "mode": "managed",
      "type": "aci_ranges",
      "name": "VLAN_Range_l3out_2098",
      "provider": "provider[\"registry.terraform.io/ciscodevnet/aci\"]",
      "instances": [
        {
          "schema_version": 1,
          "attributes": {
            "alloc_mode": "inherit",
            "annotation": "orchestrator:terraform",
            "description": "",
            "from": "vlan-2098",
            "id": "uni/infra/vlanns-[l3out]-static/from-[vlan-2098]-to-[vlan-2098]",
            "name_alias": "",
            "role": "external",
            "to": "vlan-2098",
            "vlan_pool_dn": "uni/infra/vlanns-[l3out]-static"
          },
          "sensitive_attributes": [],
          "private": "eyJzY2hlbWFfdmVyc2lvbiI6IjEifQ==",
          "dependencies": [
            "data.aci_vlan_pool.VLAN_Pool_l3out"
          ]
        }
      ]
    },
    {
      "mode": "managed",
      "type": "aci_ranges",
      "name": "VLAN_Range_l3out_2099",
      "provider": "provider[\"registry.terraform.io/ciscodevnet/aci\"]",
      "instances": [
        {
          "schema_version": 1,
          "attributes": {
            "alloc_mode": "inherit",
            "annotation": "orchestrator:terraform",
            "description": "",
            "from": "vlan-2099",
            "id": "uni/infra/vlanns-[l3out]-static/from-[vlan-2099]-to-[vlan-2099]",
            "name_alias": "",
            "role": "external",
            "to": "vlan-2099",
            "vlan_pool_dn": "uni/infra/vlanns-[l3out]-static"
          },
          "sensitive_attributes": [],
          "private": "eyJzY2hlbWFfdmVyc2lvbiI6IjEifQ==",
          "dependencies": [
            "data.aci_vlan_pool.VLAN_Pool_l3out"
          ]
        }
      ]
    },
    {
      "mode": "managed",
      "type": "aci_ranges",
      "name": "VLAN_Range_l3out_4",
      "provider": "provider[\"registry.terraform.io/ciscodevnet/aci\"]",
      "instances": [
        {
          "schema_version": 1,
          "attributes": {
            "alloc_mode": "inherit",
            "annotation": "orchestrator:terraform",
            "description": "",
            "from": "vlan-4",
            "id": "uni/infra/vlanns-[l3out]-static/from-[vlan-4]-to-[vlan-4]",
            "name_alias": "",
            "role": "external",
            "to": "vlan-4",
            "vlan_pool_dn": "uni/infra/vlanns-[l3out]-static"
          },
          "sensitive_attributes": [],
          "private": "eyJzY2hlbWFfdmVyc2lvbiI6IjEifQ==",
          "dependencies": [
            "data.aci_vlan_pool.VLAN_Pool_l3out"
          ]
        }
      ]
    }
  ]
}
