{
  "version": 4,
  "terraform_version": "0.14.8",
  "serial": 702,
  "lineage": "fa04ba54-d7db-7007-a8ed-35e43d8016b8",
  "outputs": {},
  "resources": [
    {
      "mode": "data",
      "type": "aci_vlan_pool",
      "name": "access",
      "provider": "provider[\"registry.terraform.io/ciscodevnet/aci\"]",
      "instances": [
        {
          "schema_version": 0,
          "attributes": {
            "alloc_mode": "static",
            "annotation": "orchestrator:terraform",
            "description": "",
            "id": "uni/infra/vlanns-[access]-static",
            "name": "access",
            "name_alias": ""
          },
          "sensitive_attributes": []
        }
      ]
    },
    {
      "mode": "data",
      "type": "aci_vlan_pool",
      "name": "dynamic",
      "provider": "provider[\"registry.terraform.io/ciscodevnet/aci\"]",
      "instances": [
        {
          "schema_version": 0,
          "attributes": {
            "alloc_mode": "dynamic",
            "annotation": "orchestrator:terraform",
            "description": "",
            "id": "uni/infra/vlanns-[dynamic]-dynamic",
            "name": "dynamic",
            "name_alias": ""
          },
          "sensitive_attributes": []
        }
      ]
    },
    {
      "mode": "data",
      "type": "aci_vlan_pool",
      "name": "inband",
      "provider": "provider[\"registry.terraform.io/ciscodevnet/aci\"]",
      "instances": [
        {
          "schema_version": 0,
          "attributes": {
            "alloc_mode": "static",
            "annotation": "orchestrator:terraform",
            "description": "",
            "id": "uni/infra/vlanns-[inband]-static",
            "name": "inband",
            "name_alias": ""
          },
          "sensitive_attributes": []
        }
      ]
    },
    {
      "mode": "data",
      "type": "aci_vlan_pool",
      "name": "l3out",
      "provider": "provider[\"registry.terraform.io/ciscodevnet/aci\"]",
      "instances": [
        {
          "schema_version": 0,
          "attributes": {
            "alloc_mode": "static",
            "annotation": "orchestrator:terraform",
            "description": "",
            "id": "uni/infra/vlanns-[l3out]-static",
            "name": "l3out",
            "name_alias": ""
          },
          "sensitive_attributes": []
        }
      ]
    },
    {
      "mode": "data",
      "type": "aci_vlan_pool",
      "name": "msite",
      "provider": "provider[\"registry.terraform.io/ciscodevnet/aci\"]",
      "instances": [
        {
          "schema_version": 0,
          "attributes": {
            "alloc_mode": "static",
            "annotation": "orchestrator:terraform",
            "description": "",
            "id": "uni/infra/vlanns-[msite]-static",
            "name": "msite",
            "name_alias": ""
          },
          "sensitive_attributes": []
        }
      ]
    },
    {
      "mode": "managed",
      "type": "aci_ranges",
      "name": "access_1",
      "provider": "provider[\"registry.terraform.io/ciscodevnet/aci\"]",
      "instances": [
        {
          "schema_version": 1,
          "attributes": {
            "alloc_mode": "inherit",
            "annotation": "orchestrator:terraform",
            "description": "",
            "from": "vlan-1",
            "id": "uni/infra/vlanns-[access]-static/from-[vlan-1]-to-[vlan-1]",
            "name_alias": "",
            "role": "external",
            "to": "vlan-1",
            "vlan_pool_dn": "uni/infra/vlanns-[access]-static"
          },
          "sensitive_attributes": [],
          "private": "eyJzY2hlbWFfdmVyc2lvbiI6IjEifQ==",
          "dependencies": [
            "data.aci_vlan_pool.access"
          ]
        }
      ]
    },
    {
      "mode": "managed",
      "type": "aci_ranges",
      "name": "access_10",
      "provider": "provider[\"registry.terraform.io/ciscodevnet/aci\"]",
      "instances": [
        {
          "schema_version": 1,
          "attributes": {
            "alloc_mode": "inherit",
            "annotation": "orchestrator:terraform",
            "description": "",
            "from": "vlan-10",
            "id": "uni/infra/vlanns-[access]-static/from-[vlan-10]-to-[vlan-10]",
            "name_alias": "",
            "role": "external",
            "to": "vlan-10",
            "vlan_pool_dn": "uni/infra/vlanns-[access]-static"
          },
          "sensitive_attributes": [],
          "private": "eyJzY2hlbWFfdmVyc2lvbiI6IjEifQ==",
          "dependencies": [
            "data.aci_vlan_pool.access"
          ]
        }
      ]
    },
    {
      "mode": "managed",
      "type": "aci_ranges",
      "name": "access_100",
      "provider": "provider[\"registry.terraform.io/ciscodevnet/aci\"]",
      "instances": [
        {
          "schema_version": 1,
          "attributes": {
            "alloc_mode": "inherit",
            "annotation": "orchestrator:terraform",
            "description": "",
            "from": "vlan-100",
            "id": "uni/infra/vlanns-[access]-static/from-[vlan-100]-to-[vlan-100]",
            "name_alias": "",
            "role": "external",
            "to": "vlan-100",
            "vlan_pool_dn": "uni/infra/vlanns-[access]-static"
          },
          "sensitive_attributes": [],
          "private": "eyJzY2hlbWFfdmVyc2lvbiI6IjEifQ==",
          "dependencies": [
            "data.aci_vlan_pool.access"
          ]
        }
      ]
    },
    {
      "mode": "managed",
      "type": "aci_ranges",
      "name": "access_101",
      "provider": "provider[\"registry.terraform.io/ciscodevnet/aci\"]",
      "instances": [
        {
          "schema_version": 1,
          "attributes": {
            "alloc_mode": "inherit",
            "annotation": "orchestrator:terraform",
            "description": "",
            "from": "vlan-101",
            "id": "uni/infra/vlanns-[access]-static/from-[vlan-101]-to-[vlan-101]",
            "name_alias": "",
            "role": "external",
            "to": "vlan-101",
            "vlan_pool_dn": "uni/infra/vlanns-[access]-static"
          },
          "sensitive_attributes": [],
          "private": "eyJzY2hlbWFfdmVyc2lvbiI6IjEifQ==",
          "dependencies": [
            "data.aci_vlan_pool.access"
          ]
        }
      ]
    },
    {
      "mode": "managed",
      "type": "aci_ranges",
      "name": "access_102",
      "provider": "provider[\"registry.terraform.io/ciscodevnet/aci\"]",
      "instances": [
        {
          "schema_version": 1,
          "attributes": {
            "alloc_mode": "inherit",
            "annotation": "orchestrator:terraform",
            "description": "",
            "from": "vlan-102",
            "id": "uni/infra/vlanns-[access]-static/from-[vlan-102]-to-[vlan-102]",
            "name_alias": "",
            "role": "external",
            "to": "vlan-102",
            "vlan_pool_dn": "uni/infra/vlanns-[access]-static"
          },
          "sensitive_attributes": [],
          "private": "eyJzY2hlbWFfdmVyc2lvbiI6IjEifQ==",
          "dependencies": [
            "data.aci_vlan_pool.access"
          ]
        }
      ]
    },
    {
      "mode": "managed",
      "type": "aci_ranges",
      "name": "access_103",
      "provider": "provider[\"registry.terraform.io/ciscodevnet/aci\"]",
      "instances": [
        {
          "schema_version": 1,
          "attributes": {
            "alloc_mode": "inherit",
            "annotation": "orchestrator:terraform",
            "description": "",
            "from": "vlan-103",
            "id": "uni/infra/vlanns-[access]-static/from-[vlan-103]-to-[vlan-103]",
            "name_alias": "",
            "role": "external",
            "to": "vlan-103",
            "vlan_pool_dn": "uni/infra/vlanns-[access]-static"
          },
          "sensitive_attributes": [],
          "private": "eyJzY2hlbWFfdmVyc2lvbiI6IjEifQ==",
          "dependencies": [
            "data.aci_vlan_pool.access"
          ]
        }
      ]
    },
    {
      "mode": "managed",
      "type": "aci_ranges",
      "name": "access_104",
      "provider": "provider[\"registry.terraform.io/ciscodevnet/aci\"]",
      "instances": [
        {
          "schema_version": 1,
          "attributes": {
            "alloc_mode": "inherit",
            "annotation": "orchestrator:terraform",
            "description": "",
            "from": "vlan-104",
            "id": "uni/infra/vlanns-[access]-static/from-[vlan-104]-to-[vlan-104]",
            "name_alias": "",
            "role": "external",
            "to": "vlan-104",
            "vlan_pool_dn": "uni/infra/vlanns-[access]-static"
          },
          "sensitive_attributes": [],
          "private": "eyJzY2hlbWFfdmVyc2lvbiI6IjEifQ==",
          "dependencies": [
            "data.aci_vlan_pool.access"
          ]
        }
      ]
    },
    {
      "mode": "managed",
      "type": "aci_ranges",
      "name": "access_105",
      "provider": "provider[\"registry.terraform.io/ciscodevnet/aci\"]",
      "instances": [
        {
          "schema_version": 1,
          "attributes": {
            "alloc_mode": "inherit",
            "annotation": "orchestrator:terraform",
            "description": "",
            "from": "vlan-105",
            "id": "uni/infra/vlanns-[access]-static/from-[vlan-105]-to-[vlan-105]",
            "name_alias": "",
            "role": "external",
            "to": "vlan-105",
            "vlan_pool_dn": "uni/infra/vlanns-[access]-static"
          },
          "sensitive_attributes": [],
          "private": "eyJzY2hlbWFfdmVyc2lvbiI6IjEifQ==",
          "dependencies": [
            "data.aci_vlan_pool.access"
          ]
        }
      ]
    },
    {
      "mode": "managed",
      "type": "aci_ranges",
      "name": "access_106",
      "provider": "provider[\"registry.terraform.io/ciscodevnet/aci\"]",
      "instances": [
        {
          "schema_version": 1,
          "attributes": {
            "alloc_mode": "inherit",
            "annotation": "orchestrator:terraform",
            "description": "",
            "from": "vlan-106",
            "id": "uni/infra/vlanns-[access]-static/from-[vlan-106]-to-[vlan-106]",
            "name_alias": "",
            "role": "external",
            "to": "vlan-106",
            "vlan_pool_dn": "uni/infra/vlanns-[access]-static"
          },
          "sensitive_attributes": [],
          "private": "eyJzY2hlbWFfdmVyc2lvbiI6IjEifQ==",
          "dependencies": [
            "data.aci_vlan_pool.access"
          ]
        }
      ]
    },
    {
      "mode": "managed",
      "type": "aci_ranges",
      "name": "access_107",
      "provider": "provider[\"registry.terraform.io/ciscodevnet/aci\"]",
      "instances": [
        {
          "schema_version": 1,
          "attributes": {
            "alloc_mode": "inherit",
            "annotation": "orchestrator:terraform",
            "description": "",
            "from": "vlan-107",
            "id": "uni/infra/vlanns-[access]-static/from-[vlan-107]-to-[vlan-107]",
            "name_alias": "",
            "role": "external",
            "to": "vlan-107",
            "vlan_pool_dn": "uni/infra/vlanns-[access]-static"
          },
          "sensitive_attributes": [],
          "private": "eyJzY2hlbWFfdmVyc2lvbiI6IjEifQ==",
          "dependencies": [
            "data.aci_vlan_pool.access"
          ]
        }
      ]
    },
    {
      "mode": "managed",
      "type": "aci_ranges",
      "name": "access_108",
      "provider": "provider[\"registry.terraform.io/ciscodevnet/aci\"]",
      "instances": [
        {
          "schema_version": 1,
          "attributes": {
            "alloc_mode": "inherit",
            "annotation": "orchestrator:terraform",
            "description": "",
            "from": "vlan-108",
            "id": "uni/infra/vlanns-[access]-static/from-[vlan-108]-to-[vlan-108]",
            "name_alias": "",
            "role": "external",
            "to": "vlan-108",
            "vlan_pool_dn": "uni/infra/vlanns-[access]-static"
          },
          "sensitive_attributes": [],
          "private": "eyJzY2hlbWFfdmVyc2lvbiI6IjEifQ==",
          "dependencies": [
            "data.aci_vlan_pool.access"
          ]
        }
      ]
    },
    {
      "mode": "managed",
      "type": "aci_ranges",
      "name": "access_109",
      "provider": "provider[\"registry.terraform.io/ciscodevnet/aci\"]",
      "instances": [
        {
          "schema_version": 1,
          "attributes": {
            "alloc_mode": "inherit",
            "annotation": "orchestrator:terraform",
            "description": "",
            "from": "vlan-109",
            "id": "uni/infra/vlanns-[access]-static/from-[vlan-109]-to-[vlan-109]",
            "name_alias": "",
            "role": "external",
            "to": "vlan-109",
            "vlan_pool_dn": "uni/infra/vlanns-[access]-static"
          },
          "sensitive_attributes": [],
          "private": "eyJzY2hlbWFfdmVyc2lvbiI6IjEifQ==",
          "dependencies": [
            "data.aci_vlan_pool.access"
          ]
        }
      ]
    },
    {
      "mode": "managed",
      "type": "aci_ranges",
      "name": "access_11",
      "provider": "provider[\"registry.terraform.io/ciscodevnet/aci\"]",
      "instances": [
        {
          "schema_version": 1,
          "attributes": {
            "alloc_mode": "inherit",
            "annotation": "orchestrator:terraform",
            "description": "",
            "from": "vlan-11",
            "id": "uni/infra/vlanns-[access]-static/from-[vlan-11]-to-[vlan-11]",
            "name_alias": "",
            "role": "external",
            "to": "vlan-11",
            "vlan_pool_dn": "uni/infra/vlanns-[access]-static"
          },
          "sensitive_attributes": [],
          "private": "eyJzY2hlbWFfdmVyc2lvbiI6IjEifQ==",
          "dependencies": [
            "data.aci_vlan_pool.access"
          ]
        }
      ]
    },
    {
      "mode": "managed",
      "type": "aci_ranges",
      "name": "access_110",
      "provider": "provider[\"registry.terraform.io/ciscodevnet/aci\"]",
      "instances": [
        {
          "schema_version": 1,
          "attributes": {
            "alloc_mode": "inherit",
            "annotation": "orchestrator:terraform",
            "description": "",
            "from": "vlan-110",
            "id": "uni/infra/vlanns-[access]-static/from-[vlan-110]-to-[vlan-110]",
            "name_alias": "",
            "role": "external",
            "to": "vlan-110",
            "vlan_pool_dn": "uni/infra/vlanns-[access]-static"
          },
          "sensitive_attributes": [],
          "private": "eyJzY2hlbWFfdmVyc2lvbiI6IjEifQ==",
          "dependencies": [
            "data.aci_vlan_pool.access"
          ]
        }
      ]
    },
    {
      "mode": "managed",
      "type": "aci_ranges",
      "name": "access_1101",
      "provider": "provider[\"registry.terraform.io/ciscodevnet/aci\"]",
      "instances": [
        {
          "schema_version": 1,
          "attributes": {
            "alloc_mode": "inherit",
            "annotation": "orchestrator:terraform",
            "description": "",
            "from": "vlan-1101",
            "id": "uni/infra/vlanns-[access]-static/from-[vlan-1101]-to-[vlan-1101]",
            "name_alias": "",
            "role": "external",
            "to": "vlan-1101",
            "vlan_pool_dn": "uni/infra/vlanns-[access]-static"
          },
          "sensitive_attributes": [],
          "private": "eyJzY2hlbWFfdmVyc2lvbiI6IjEifQ==",
          "dependencies": [
            "data.aci_vlan_pool.access"
          ]
        }
      ]
    },
    {
      "mode": "managed",
      "type": "aci_ranges",
      "name": "access_1102",
      "provider": "provider[\"registry.terraform.io/ciscodevnet/aci\"]",
      "instances": [
        {
          "schema_version": 1,
          "attributes": {
            "alloc_mode": "inherit",
            "annotation": "orchestrator:terraform",
            "description": "",
            "from": "vlan-1102",
            "id": "uni/infra/vlanns-[access]-static/from-[vlan-1102]-to-[vlan-1102]",
            "name_alias": "",
            "role": "external",
            "to": "vlan-1102",
            "vlan_pool_dn": "uni/infra/vlanns-[access]-static"
          },
          "sensitive_attributes": [],
          "private": "eyJzY2hlbWFfdmVyc2lvbiI6IjEifQ==",
          "dependencies": [
            "data.aci_vlan_pool.access"
          ]
        }
      ]
    },
    {
      "mode": "managed",
      "type": "aci_ranges",
      "name": "access_1103",
      "provider": "provider[\"registry.terraform.io/ciscodevnet/aci\"]",
      "instances": [
        {
          "schema_version": 1,
          "attributes": {
            "alloc_mode": "inherit",
            "annotation": "orchestrator:terraform",
            "description": "",
            "from": "vlan-1103",
            "id": "uni/infra/vlanns-[access]-static/from-[vlan-1103]-to-[vlan-1103]",
            "name_alias": "",
            "role": "external",
            "to": "vlan-1103",
            "vlan_pool_dn": "uni/infra/vlanns-[access]-static"
          },
          "sensitive_attributes": [],
          "private": "eyJzY2hlbWFfdmVyc2lvbiI6IjEifQ==",
          "dependencies": [
            "data.aci_vlan_pool.access"
          ]
        }
      ]
    },
    {
      "mode": "managed",
      "type": "aci_ranges",
      "name": "access_1104",
      "provider": "provider[\"registry.terraform.io/ciscodevnet/aci\"]",
      "instances": [
        {
          "schema_version": 1,
          "attributes": {
            "alloc_mode": "inherit",
            "annotation": "orchestrator:terraform",
            "description": "",
            "from": "vlan-1104",
            "id": "uni/infra/vlanns-[access]-static/from-[vlan-1104]-to-[vlan-1104]",
            "name_alias": "",
            "role": "external",
            "to": "vlan-1104",
            "vlan_pool_dn": "uni/infra/vlanns-[access]-static"
          },
          "sensitive_attributes": [],
          "private": "eyJzY2hlbWFfdmVyc2lvbiI6IjEifQ==",
          "dependencies": [
            "data.aci_vlan_pool.access"
          ]
        }
      ]
    },
    {
      "mode": "managed",
      "type": "aci_ranges",
      "name": "access_1105",
      "provider": "provider[\"registry.terraform.io/ciscodevnet/aci\"]",
      "instances": [
        {
          "schema_version": 1,
          "attributes": {
            "alloc_mode": "inherit",
            "annotation": "orchestrator:terraform",
            "description": "",
            "from": "vlan-1105",
            "id": "uni/infra/vlanns-[access]-static/from-[vlan-1105]-to-[vlan-1105]",
            "name_alias": "",
            "role": "external",
            "to": "vlan-1105",
            "vlan_pool_dn": "uni/infra/vlanns-[access]-static"
          },
          "sensitive_attributes": [],
          "private": "eyJzY2hlbWFfdmVyc2lvbiI6IjEifQ==",
          "dependencies": [
            "data.aci_vlan_pool.access"
          ]
        }
      ]
    },
    {
      "mode": "managed",
      "type": "aci_ranges",
      "name": "access_1106",
      "provider": "provider[\"registry.terraform.io/ciscodevnet/aci\"]",
      "instances": [
        {
          "schema_version": 1,
          "attributes": {
            "alloc_mode": "inherit",
            "annotation": "orchestrator:terraform",
            "description": "",
            "from": "vlan-1106",
            "id": "uni/infra/vlanns-[access]-static/from-[vlan-1106]-to-[vlan-1106]",
            "name_alias": "",
            "role": "external",
            "to": "vlan-1106",
            "vlan_pool_dn": "uni/infra/vlanns-[access]-static"
          },
          "sensitive_attributes": [],
          "private": "eyJzY2hlbWFfdmVyc2lvbiI6IjEifQ==",
          "dependencies": [
            "data.aci_vlan_pool.access"
          ]
        }
      ]
    },
    {
      "mode": "managed",
      "type": "aci_ranges",
      "name": "access_1107",
      "provider": "provider[\"registry.terraform.io/ciscodevnet/aci\"]",
      "instances": [
        {
          "schema_version": 1,
          "attributes": {
            "alloc_mode": "inherit",
            "annotation": "orchestrator:terraform",
            "description": "",
            "from": "vlan-1107",
            "id": "uni/infra/vlanns-[access]-static/from-[vlan-1107]-to-[vlan-1107]",
            "name_alias": "",
            "role": "external",
            "to": "vlan-1107",
            "vlan_pool_dn": "uni/infra/vlanns-[access]-static"
          },
          "sensitive_attributes": [],
          "private": "eyJzY2hlbWFfdmVyc2lvbiI6IjEifQ==",
          "dependencies": [
            "data.aci_vlan_pool.access"
          ]
        }
      ]
    },
    {
      "mode": "managed",
      "type": "aci_ranges",
      "name": "access_1108",
      "provider": "provider[\"registry.terraform.io/ciscodevnet/aci\"]",
      "instances": [
        {
          "schema_version": 1,
          "attributes": {
            "alloc_mode": "inherit",
            "annotation": "orchestrator:terraform",
            "description": "",
            "from": "vlan-1108",
            "id": "uni/infra/vlanns-[access]-static/from-[vlan-1108]-to-[vlan-1108]",
            "name_alias": "",
            "role": "external",
            "to": "vlan-1108",
            "vlan_pool_dn": "uni/infra/vlanns-[access]-static"
          },
          "sensitive_attributes": [],
          "private": "eyJzY2hlbWFfdmVyc2lvbiI6IjEifQ==",
          "dependencies": [
            "data.aci_vlan_pool.access"
          ]
        }
      ]
    },
    {
      "mode": "managed",
      "type": "aci_ranges",
      "name": "access_1109",
      "provider": "provider[\"registry.terraform.io/ciscodevnet/aci\"]",
      "instances": [
        {
          "schema_version": 1,
          "attributes": {
            "alloc_mode": "inherit",
            "annotation": "orchestrator:terraform",
            "description": "",
            "from": "vlan-1109",
            "id": "uni/infra/vlanns-[access]-static/from-[vlan-1109]-to-[vlan-1109]",
            "name_alias": "",
            "role": "external",
            "to": "vlan-1109",
            "vlan_pool_dn": "uni/infra/vlanns-[access]-static"
          },
          "sensitive_attributes": [],
          "private": "eyJzY2hlbWFfdmVyc2lvbiI6IjEifQ==",
          "dependencies": [
            "data.aci_vlan_pool.access"
          ]
        }
      ]
    },
    {
      "mode": "managed",
      "type": "aci_ranges",
      "name": "access_111",
      "provider": "provider[\"registry.terraform.io/ciscodevnet/aci\"]",
      "instances": [
        {
          "schema_version": 1,
          "attributes": {
            "alloc_mode": "inherit",
            "annotation": "orchestrator:terraform",
            "description": "",
            "from": "vlan-111",
            "id": "uni/infra/vlanns-[access]-static/from-[vlan-111]-to-[vlan-111]",
            "name_alias": "",
            "role": "external",
            "to": "vlan-111",
            "vlan_pool_dn": "uni/infra/vlanns-[access]-static"
          },
          "sensitive_attributes": [],
          "private": "eyJzY2hlbWFfdmVyc2lvbiI6IjEifQ==",
          "dependencies": [
            "data.aci_vlan_pool.access"
          ]
        }
      ]
    },
    {
      "mode": "managed",
      "type": "aci_ranges",
      "name": "access_1110",
      "provider": "provider[\"registry.terraform.io/ciscodevnet/aci\"]",
      "instances": [
        {
          "schema_version": 1,
          "attributes": {
            "alloc_mode": "inherit",
            "annotation": "orchestrator:terraform",
            "description": "",
            "from": "vlan-1110",
            "id": "uni/infra/vlanns-[access]-static/from-[vlan-1110]-to-[vlan-1110]",
            "name_alias": "",
            "role": "external",
            "to": "vlan-1110",
            "vlan_pool_dn": "uni/infra/vlanns-[access]-static"
          },
          "sensitive_attributes": [],
          "private": "eyJzY2hlbWFfdmVyc2lvbiI6IjEifQ==",
          "dependencies": [
            "data.aci_vlan_pool.access"
          ]
        }
      ]
    },
    {
      "mode": "managed",
      "type": "aci_ranges",
      "name": "access_1111",
      "provider": "provider[\"registry.terraform.io/ciscodevnet/aci\"]",
      "instances": [
        {
          "schema_version": 1,
          "attributes": {
            "alloc_mode": "inherit",
            "annotation": "orchestrator:terraform",
            "description": "",
            "from": "vlan-1111",
            "id": "uni/infra/vlanns-[access]-static/from-[vlan-1111]-to-[vlan-1111]",
            "name_alias": "",
            "role": "external",
            "to": "vlan-1111",
            "vlan_pool_dn": "uni/infra/vlanns-[access]-static"
          },
          "sensitive_attributes": [],
          "private": "eyJzY2hlbWFfdmVyc2lvbiI6IjEifQ==",
          "dependencies": [
            "data.aci_vlan_pool.access"
          ]
        }
      ]
    },
    {
      "mode": "managed",
      "type": "aci_ranges",
      "name": "access_1112",
      "provider": "provider[\"registry.terraform.io/ciscodevnet/aci\"]",
      "instances": [
        {
          "schema_version": 1,
          "attributes": {
            "alloc_mode": "inherit",
            "annotation": "orchestrator:terraform",
            "description": "",
            "from": "vlan-1112",
            "id": "uni/infra/vlanns-[access]-static/from-[vlan-1112]-to-[vlan-1112]",
            "name_alias": "",
            "role": "external",
            "to": "vlan-1112",
            "vlan_pool_dn": "uni/infra/vlanns-[access]-static"
          },
          "sensitive_attributes": [],
          "private": "eyJzY2hlbWFfdmVyc2lvbiI6IjEifQ==",
          "dependencies": [
            "data.aci_vlan_pool.access"
          ]
        }
      ]
    },
    {
      "mode": "managed",
      "type": "aci_ranges",
      "name": "access_1113",
      "provider": "provider[\"registry.terraform.io/ciscodevnet/aci\"]",
      "instances": [
        {
          "schema_version": 1,
          "attributes": {
            "alloc_mode": "inherit",
            "annotation": "orchestrator:terraform",
            "description": "",
            "from": "vlan-1113",
            "id": "uni/infra/vlanns-[access]-static/from-[vlan-1113]-to-[vlan-1113]",
            "name_alias": "",
            "role": "external",
            "to": "vlan-1113",
            "vlan_pool_dn": "uni/infra/vlanns-[access]-static"
          },
          "sensitive_attributes": [],
          "private": "eyJzY2hlbWFfdmVyc2lvbiI6IjEifQ==",
          "dependencies": [
            "data.aci_vlan_pool.access"
          ]
        }
      ]
    },
    {
      "mode": "managed",
      "type": "aci_ranges",
      "name": "access_1114",
      "provider": "provider[\"registry.terraform.io/ciscodevnet/aci\"]",
      "instances": [
        {
          "schema_version": 1,
          "attributes": {
            "alloc_mode": "inherit",
            "annotation": "orchestrator:terraform",
            "description": "",
            "from": "vlan-1114",
            "id": "uni/infra/vlanns-[access]-static/from-[vlan-1114]-to-[vlan-1114]",
            "name_alias": "",
            "role": "external",
            "to": "vlan-1114",
            "vlan_pool_dn": "uni/infra/vlanns-[access]-static"
          },
          "sensitive_attributes": [],
          "private": "eyJzY2hlbWFfdmVyc2lvbiI6IjEifQ==",
          "dependencies": [
            "data.aci_vlan_pool.access"
          ]
        }
      ]
    },
    {
      "mode": "managed",
      "type": "aci_ranges",
      "name": "access_1115",
      "provider": "provider[\"registry.terraform.io/ciscodevnet/aci\"]",
      "instances": [
        {
          "schema_version": 1,
          "attributes": {
            "alloc_mode": "inherit",
            "annotation": "orchestrator:terraform",
            "description": "",
            "from": "vlan-1115",
            "id": "uni/infra/vlanns-[access]-static/from-[vlan-1115]-to-[vlan-1115]",
            "name_alias": "",
            "role": "external",
            "to": "vlan-1115",
            "vlan_pool_dn": "uni/infra/vlanns-[access]-static"
          },
          "sensitive_attributes": [],
          "private": "eyJzY2hlbWFfdmVyc2lvbiI6IjEifQ==",
          "dependencies": [
            "data.aci_vlan_pool.access"
          ]
        }
      ]
    },
    {
      "mode": "managed",
      "type": "aci_ranges",
      "name": "access_1116",
      "provider": "provider[\"registry.terraform.io/ciscodevnet/aci\"]",
      "instances": [
        {
          "schema_version": 1,
          "attributes": {
            "alloc_mode": "inherit",
            "annotation": "orchestrator:terraform",
            "description": "",
            "from": "vlan-1116",
            "id": "uni/infra/vlanns-[access]-static/from-[vlan-1116]-to-[vlan-1116]",
            "name_alias": "",
            "role": "external",
            "to": "vlan-1116",
            "vlan_pool_dn": "uni/infra/vlanns-[access]-static"
          },
          "sensitive_attributes": [],
          "private": "eyJzY2hlbWFfdmVyc2lvbiI6IjEifQ==",
          "dependencies": [
            "data.aci_vlan_pool.access"
          ]
        }
      ]
    },
    {
      "mode": "managed",
      "type": "aci_ranges",
      "name": "access_1117",
      "provider": "provider[\"registry.terraform.io/ciscodevnet/aci\"]",
      "instances": [
        {
          "schema_version": 1,
          "attributes": {
            "alloc_mode": "inherit",
            "annotation": "orchestrator:terraform",
            "description": "",
            "from": "vlan-1117",
            "id": "uni/infra/vlanns-[access]-static/from-[vlan-1117]-to-[vlan-1117]",
            "name_alias": "",
            "role": "external",
            "to": "vlan-1117",
            "vlan_pool_dn": "uni/infra/vlanns-[access]-static"
          },
          "sensitive_attributes": [],
          "private": "eyJzY2hlbWFfdmVyc2lvbiI6IjEifQ==",
          "dependencies": [
            "data.aci_vlan_pool.access"
          ]
        }
      ]
    },
    {
      "mode": "managed",
      "type": "aci_ranges",
      "name": "access_1118",
      "provider": "provider[\"registry.terraform.io/ciscodevnet/aci\"]",
      "instances": [
        {
          "schema_version": 1,
          "attributes": {
            "alloc_mode": "inherit",
            "annotation": "orchestrator:terraform",
            "description": "",
            "from": "vlan-1118",
            "id": "uni/infra/vlanns-[access]-static/from-[vlan-1118]-to-[vlan-1118]",
            "name_alias": "",
            "role": "external",
            "to": "vlan-1118",
            "vlan_pool_dn": "uni/infra/vlanns-[access]-static"
          },
          "sensitive_attributes": [],
          "private": "eyJzY2hlbWFfdmVyc2lvbiI6IjEifQ==",
          "dependencies": [
            "data.aci_vlan_pool.access"
          ]
        }
      ]
    },
    {
      "mode": "managed",
      "type": "aci_ranges",
      "name": "access_1119",
      "provider": "provider[\"registry.terraform.io/ciscodevnet/aci\"]",
      "instances": [
        {
          "schema_version": 1,
          "attributes": {
            "alloc_mode": "inherit",
            "annotation": "orchestrator:terraform",
            "description": "",
            "from": "vlan-1119",
            "id": "uni/infra/vlanns-[access]-static/from-[vlan-1119]-to-[vlan-1119]",
            "name_alias": "",
            "role": "external",
            "to": "vlan-1119",
            "vlan_pool_dn": "uni/infra/vlanns-[access]-static"
          },
          "sensitive_attributes": [],
          "private": "eyJzY2hlbWFfdmVyc2lvbiI6IjEifQ==",
          "dependencies": [
            "data.aci_vlan_pool.access"
          ]
        }
      ]
    },
    {
      "mode": "managed",
      "type": "aci_ranges",
      "name": "access_112",
      "provider": "provider[\"registry.terraform.io/ciscodevnet/aci\"]",
      "instances": [
        {
          "schema_version": 1,
          "attributes": {
            "alloc_mode": "inherit",
            "annotation": "orchestrator:terraform",
            "description": "",
            "from": "vlan-112",
            "id": "uni/infra/vlanns-[access]-static/from-[vlan-112]-to-[vlan-112]",
            "name_alias": "",
            "role": "external",
            "to": "vlan-112",
            "vlan_pool_dn": "uni/infra/vlanns-[access]-static"
          },
          "sensitive_attributes": [],
          "private": "eyJzY2hlbWFfdmVyc2lvbiI6IjEifQ==",
          "dependencies": [
            "data.aci_vlan_pool.access"
          ]
        }
      ]
    },
    {
      "mode": "managed",
      "type": "aci_ranges",
      "name": "access_1120",
      "provider": "provider[\"registry.terraform.io/ciscodevnet/aci\"]",
      "instances": [
        {
          "schema_version": 1,
          "attributes": {
            "alloc_mode": "inherit",
            "annotation": "orchestrator:terraform",
            "description": "",
            "from": "vlan-1120",
            "id": "uni/infra/vlanns-[access]-static/from-[vlan-1120]-to-[vlan-1120]",
            "name_alias": "",
            "role": "external",
            "to": "vlan-1120",
            "vlan_pool_dn": "uni/infra/vlanns-[access]-static"
          },
          "sensitive_attributes": [],
          "private": "eyJzY2hlbWFfdmVyc2lvbiI6IjEifQ==",
          "dependencies": [
            "data.aci_vlan_pool.access"
          ]
        }
      ]
    },
    {
      "mode": "managed",
      "type": "aci_ranges",
      "name": "access_1121",
      "provider": "provider[\"registry.terraform.io/ciscodevnet/aci\"]",
      "instances": [
        {
          "schema_version": 1,
          "attributes": {
            "alloc_mode": "inherit",
            "annotation": "orchestrator:terraform",
            "description": "",
            "from": "vlan-1121",
            "id": "uni/infra/vlanns-[access]-static/from-[vlan-1121]-to-[vlan-1121]",
            "name_alias": "",
            "role": "external",
            "to": "vlan-1121",
            "vlan_pool_dn": "uni/infra/vlanns-[access]-static"
          },
          "sensitive_attributes": [],
          "private": "eyJzY2hlbWFfdmVyc2lvbiI6IjEifQ==",
          "dependencies": [
            "data.aci_vlan_pool.access"
          ]
        }
      ]
    },
    {
      "mode": "managed",
      "type": "aci_ranges",
      "name": "access_1122",
      "provider": "provider[\"registry.terraform.io/ciscodevnet/aci\"]",
      "instances": [
        {
          "schema_version": 1,
          "attributes": {
            "alloc_mode": "inherit",
            "annotation": "orchestrator:terraform",
            "description": "",
            "from": "vlan-1122",
            "id": "uni/infra/vlanns-[access]-static/from-[vlan-1122]-to-[vlan-1122]",
            "name_alias": "",
            "role": "external",
            "to": "vlan-1122",
            "vlan_pool_dn": "uni/infra/vlanns-[access]-static"
          },
          "sensitive_attributes": [],
          "private": "eyJzY2hlbWFfdmVyc2lvbiI6IjEifQ==",
          "dependencies": [
            "data.aci_vlan_pool.access"
          ]
        }
      ]
    },
    {
      "mode": "managed",
      "type": "aci_ranges",
      "name": "access_1123",
      "provider": "provider[\"registry.terraform.io/ciscodevnet/aci\"]",
      "instances": [
        {
          "schema_version": 1,
          "attributes": {
            "alloc_mode": "inherit",
            "annotation": "orchestrator:terraform",
            "description": "",
            "from": "vlan-1123",
            "id": "uni/infra/vlanns-[access]-static/from-[vlan-1123]-to-[vlan-1123]",
            "name_alias": "",
            "role": "external",
            "to": "vlan-1123",
            "vlan_pool_dn": "uni/infra/vlanns-[access]-static"
          },
          "sensitive_attributes": [],
          "private": "eyJzY2hlbWFfdmVyc2lvbiI6IjEifQ==",
          "dependencies": [
            "data.aci_vlan_pool.access"
          ]
        }
      ]
    },
    {
      "mode": "managed",
      "type": "aci_ranges",
      "name": "access_1124",
      "provider": "provider[\"registry.terraform.io/ciscodevnet/aci\"]",
      "instances": [
        {
          "schema_version": 1,
          "attributes": {
            "alloc_mode": "inherit",
            "annotation": "orchestrator:terraform",
            "description": "",
            "from": "vlan-1124",
            "id": "uni/infra/vlanns-[access]-static/from-[vlan-1124]-to-[vlan-1124]",
            "name_alias": "",
            "role": "external",
            "to": "vlan-1124",
            "vlan_pool_dn": "uni/infra/vlanns-[access]-static"
          },
          "sensitive_attributes": [],
          "private": "eyJzY2hlbWFfdmVyc2lvbiI6IjEifQ==",
          "dependencies": [
            "data.aci_vlan_pool.access"
          ]
        }
      ]
    },
    {
      "mode": "managed",
      "type": "aci_ranges",
      "name": "access_1125",
      "provider": "provider[\"registry.terraform.io/ciscodevnet/aci\"]",
      "instances": [
        {
          "schema_version": 1,
          "attributes": {
            "alloc_mode": "inherit",
            "annotation": "orchestrator:terraform",
            "description": "",
            "from": "vlan-1125",
            "id": "uni/infra/vlanns-[access]-static/from-[vlan-1125]-to-[vlan-1125]",
            "name_alias": "",
            "role": "external",
            "to": "vlan-1125",
            "vlan_pool_dn": "uni/infra/vlanns-[access]-static"
          },
          "sensitive_attributes": [],
          "private": "eyJzY2hlbWFfdmVyc2lvbiI6IjEifQ==",
          "dependencies": [
            "data.aci_vlan_pool.access"
          ]
        }
      ]
    },
    {
      "mode": "managed",
      "type": "aci_ranges",
      "name": "access_1126",
      "provider": "provider[\"registry.terraform.io/ciscodevnet/aci\"]",
      "instances": [
        {
          "schema_version": 1,
          "attributes": {
            "alloc_mode": "inherit",
            "annotation": "orchestrator:terraform",
            "description": "",
            "from": "vlan-1126",
            "id": "uni/infra/vlanns-[access]-static/from-[vlan-1126]-to-[vlan-1126]",
            "name_alias": "",
            "role": "external",
            "to": "vlan-1126",
            "vlan_pool_dn": "uni/infra/vlanns-[access]-static"
          },
          "sensitive_attributes": [],
          "private": "eyJzY2hlbWFfdmVyc2lvbiI6IjEifQ==",
          "dependencies": [
            "data.aci_vlan_pool.access"
          ]
        }
      ]
    },
    {
      "mode": "managed",
      "type": "aci_ranges",
      "name": "access_1127",
      "provider": "provider[\"registry.terraform.io/ciscodevnet/aci\"]",
      "instances": [
        {
          "schema_version": 1,
          "attributes": {
            "alloc_mode": "inherit",
            "annotation": "orchestrator:terraform",
            "description": "",
            "from": "vlan-1127",
            "id": "uni/infra/vlanns-[access]-static/from-[vlan-1127]-to-[vlan-1127]",
            "name_alias": "",
            "role": "external",
            "to": "vlan-1127",
            "vlan_pool_dn": "uni/infra/vlanns-[access]-static"
          },
          "sensitive_attributes": [],
          "private": "eyJzY2hlbWFfdmVyc2lvbiI6IjEifQ==",
          "dependencies": [
            "data.aci_vlan_pool.access"
          ]
        }
      ]
    },
    {
      "mode": "managed",
      "type": "aci_ranges",
      "name": "access_1128",
      "provider": "provider[\"registry.terraform.io/ciscodevnet/aci\"]",
      "instances": [
        {
          "schema_version": 1,
          "attributes": {
            "alloc_mode": "inherit",
            "annotation": "orchestrator:terraform",
            "description": "",
            "from": "vlan-1128",
            "id": "uni/infra/vlanns-[access]-static/from-[vlan-1128]-to-[vlan-1128]",
            "name_alias": "",
            "role": "external",
            "to": "vlan-1128",
            "vlan_pool_dn": "uni/infra/vlanns-[access]-static"
          },
          "sensitive_attributes": [],
          "private": "eyJzY2hlbWFfdmVyc2lvbiI6IjEifQ==",
          "dependencies": [
            "data.aci_vlan_pool.access"
          ]
        }
      ]
    },
    {
      "mode": "managed",
      "type": "aci_ranges",
      "name": "access_1129",
      "provider": "provider[\"registry.terraform.io/ciscodevnet/aci\"]",
      "instances": [
        {
          "schema_version": 1,
          "attributes": {
            "alloc_mode": "inherit",
            "annotation": "orchestrator:terraform",
            "description": "",
            "from": "vlan-1129",
            "id": "uni/infra/vlanns-[access]-static/from-[vlan-1129]-to-[vlan-1129]",
            "name_alias": "",
            "role": "external",
            "to": "vlan-1129",
            "vlan_pool_dn": "uni/infra/vlanns-[access]-static"
          },
          "sensitive_attributes": [],
          "private": "eyJzY2hlbWFfdmVyc2lvbiI6IjEifQ==",
          "dependencies": [
            "data.aci_vlan_pool.access"
          ]
        }
      ]
    },
    {
      "mode": "managed",
      "type": "aci_ranges",
      "name": "access_113",
      "provider": "provider[\"registry.terraform.io/ciscodevnet/aci\"]",
      "instances": [
        {
          "schema_version": 1,
          "attributes": {
            "alloc_mode": "inherit",
            "annotation": "orchestrator:terraform",
            "description": "",
            "from": "vlan-113",
            "id": "uni/infra/vlanns-[access]-static/from-[vlan-113]-to-[vlan-113]",
            "name_alias": "",
            "role": "external",
            "to": "vlan-113",
            "vlan_pool_dn": "uni/infra/vlanns-[access]-static"
          },
          "sensitive_attributes": [],
          "private": "eyJzY2hlbWFfdmVyc2lvbiI6IjEifQ==",
          "dependencies": [
            "data.aci_vlan_pool.access"
          ]
        }
      ]
    },
    {
      "mode": "managed",
      "type": "aci_ranges",
      "name": "access_1130",
      "provider": "provider[\"registry.terraform.io/ciscodevnet/aci\"]",
      "instances": [
        {
          "schema_version": 1,
          "attributes": {
            "alloc_mode": "inherit",
            "annotation": "orchestrator:terraform",
            "description": "",
            "from": "vlan-1130",
            "id": "uni/infra/vlanns-[access]-static/from-[vlan-1130]-to-[vlan-1130]",
            "name_alias": "",
            "role": "external",
            "to": "vlan-1130",
            "vlan_pool_dn": "uni/infra/vlanns-[access]-static"
          },
          "sensitive_attributes": [],
          "private": "eyJzY2hlbWFfdmVyc2lvbiI6IjEifQ==",
          "dependencies": [
            "data.aci_vlan_pool.access"
          ]
        }
      ]
    },
    {
      "mode": "managed",
      "type": "aci_ranges",
      "name": "access_1131",
      "provider": "provider[\"registry.terraform.io/ciscodevnet/aci\"]",
      "instances": [
        {
          "schema_version": 1,
          "attributes": {
            "alloc_mode": "inherit",
            "annotation": "orchestrator:terraform",
            "description": "",
            "from": "vlan-1131",
            "id": "uni/infra/vlanns-[access]-static/from-[vlan-1131]-to-[vlan-1131]",
            "name_alias": "",
            "role": "external",
            "to": "vlan-1131",
            "vlan_pool_dn": "uni/infra/vlanns-[access]-static"
          },
          "sensitive_attributes": [],
          "private": "eyJzY2hlbWFfdmVyc2lvbiI6IjEifQ==",
          "dependencies": [
            "data.aci_vlan_pool.access"
          ]
        }
      ]
    },
    {
      "mode": "managed",
      "type": "aci_ranges",
      "name": "access_1132",
      "provider": "provider[\"registry.terraform.io/ciscodevnet/aci\"]",
      "instances": [
        {
          "schema_version": 1,
          "attributes": {
            "alloc_mode": "inherit",
            "annotation": "orchestrator:terraform",
            "description": "",
            "from": "vlan-1132",
            "id": "uni/infra/vlanns-[access]-static/from-[vlan-1132]-to-[vlan-1132]",
            "name_alias": "",
            "role": "external",
            "to": "vlan-1132",
            "vlan_pool_dn": "uni/infra/vlanns-[access]-static"
          },
          "sensitive_attributes": [],
          "private": "eyJzY2hlbWFfdmVyc2lvbiI6IjEifQ==",
          "dependencies": [
            "data.aci_vlan_pool.access"
          ]
        }
      ]
    },
    {
      "mode": "managed",
      "type": "aci_ranges",
      "name": "access_1133",
      "provider": "provider[\"registry.terraform.io/ciscodevnet/aci\"]",
      "instances": [
        {
          "schema_version": 1,
          "attributes": {
            "alloc_mode": "inherit",
            "annotation": "orchestrator:terraform",
            "description": "",
            "from": "vlan-1133",
            "id": "uni/infra/vlanns-[access]-static/from-[vlan-1133]-to-[vlan-1133]",
            "name_alias": "",
            "role": "external",
            "to": "vlan-1133",
            "vlan_pool_dn": "uni/infra/vlanns-[access]-static"
          },
          "sensitive_attributes": [],
          "private": "eyJzY2hlbWFfdmVyc2lvbiI6IjEifQ==",
          "dependencies": [
            "data.aci_vlan_pool.access"
          ]
        }
      ]
    },
    {
      "mode": "managed",
      "type": "aci_ranges",
      "name": "access_1134",
      "provider": "provider[\"registry.terraform.io/ciscodevnet/aci\"]",
      "instances": [
        {
          "schema_version": 1,
          "attributes": {
            "alloc_mode": "inherit",
            "annotation": "orchestrator:terraform",
            "description": "",
            "from": "vlan-1134",
            "id": "uni/infra/vlanns-[access]-static/from-[vlan-1134]-to-[vlan-1134]",
            "name_alias": "",
            "role": "external",
            "to": "vlan-1134",
            "vlan_pool_dn": "uni/infra/vlanns-[access]-static"
          },
          "sensitive_attributes": [],
          "private": "eyJzY2hlbWFfdmVyc2lvbiI6IjEifQ==",
          "dependencies": [
            "data.aci_vlan_pool.access"
          ]
        }
      ]
    },
    {
      "mode": "managed",
      "type": "aci_ranges",
      "name": "access_1135",
      "provider": "provider[\"registry.terraform.io/ciscodevnet/aci\"]",
      "instances": [
        {
          "schema_version": 1,
          "attributes": {
            "alloc_mode": "inherit",
            "annotation": "orchestrator:terraform",
            "description": "",
            "from": "vlan-1135",
            "id": "uni/infra/vlanns-[access]-static/from-[vlan-1135]-to-[vlan-1135]",
            "name_alias": "",
            "role": "external",
            "to": "vlan-1135",
            "vlan_pool_dn": "uni/infra/vlanns-[access]-static"
          },
          "sensitive_attributes": [],
          "private": "eyJzY2hlbWFfdmVyc2lvbiI6IjEifQ==",
          "dependencies": [
            "data.aci_vlan_pool.access"
          ]
        }
      ]
    },
    {
      "mode": "managed",
      "type": "aci_ranges",
      "name": "access_1136",
      "provider": "provider[\"registry.terraform.io/ciscodevnet/aci\"]",
      "instances": [
        {
          "schema_version": 1,
          "attributes": {
            "alloc_mode": "inherit",
            "annotation": "orchestrator:terraform",
            "description": "",
            "from": "vlan-1136",
            "id": "uni/infra/vlanns-[access]-static/from-[vlan-1136]-to-[vlan-1136]",
            "name_alias": "",
            "role": "external",
            "to": "vlan-1136",
            "vlan_pool_dn": "uni/infra/vlanns-[access]-static"
          },
          "sensitive_attributes": [],
          "private": "eyJzY2hlbWFfdmVyc2lvbiI6IjEifQ==",
          "dependencies": [
            "data.aci_vlan_pool.access"
          ]
        }
      ]
    },
    {
      "mode": "managed",
      "type": "aci_ranges",
      "name": "access_1137",
      "provider": "provider[\"registry.terraform.io/ciscodevnet/aci\"]",
      "instances": [
        {
          "schema_version": 1,
          "attributes": {
            "alloc_mode": "inherit",
            "annotation": "orchestrator:terraform",
            "description": "",
            "from": "vlan-1137",
            "id": "uni/infra/vlanns-[access]-static/from-[vlan-1137]-to-[vlan-1137]",
            "name_alias": "",
            "role": "external",
            "to": "vlan-1137",
            "vlan_pool_dn": "uni/infra/vlanns-[access]-static"
          },
          "sensitive_attributes": [],
          "private": "eyJzY2hlbWFfdmVyc2lvbiI6IjEifQ==",
          "dependencies": [
            "data.aci_vlan_pool.access"
          ]
        }
      ]
    },
    {
      "mode": "managed",
      "type": "aci_ranges",
      "name": "access_1138",
      "provider": "provider[\"registry.terraform.io/ciscodevnet/aci\"]",
      "instances": [
        {
          "schema_version": 1,
          "attributes": {
            "alloc_mode": "inherit",
            "annotation": "orchestrator:terraform",
            "description": "",
            "from": "vlan-1138",
            "id": "uni/infra/vlanns-[access]-static/from-[vlan-1138]-to-[vlan-1138]",
            "name_alias": "",
            "role": "external",
            "to": "vlan-1138",
            "vlan_pool_dn": "uni/infra/vlanns-[access]-static"
          },
          "sensitive_attributes": [],
          "private": "eyJzY2hlbWFfdmVyc2lvbiI6IjEifQ==",
          "dependencies": [
            "data.aci_vlan_pool.access"
          ]
        }
      ]
    },
    {
      "mode": "managed",
      "type": "aci_ranges",
      "name": "access_1139",
      "provider": "provider[\"registry.terraform.io/ciscodevnet/aci\"]",
      "instances": [
        {
          "schema_version": 1,
          "attributes": {
            "alloc_mode": "inherit",
            "annotation": "orchestrator:terraform",
            "description": "",
            "from": "vlan-1139",
            "id": "uni/infra/vlanns-[access]-static/from-[vlan-1139]-to-[vlan-1139]",
            "name_alias": "",
            "role": "external",
            "to": "vlan-1139",
            "vlan_pool_dn": "uni/infra/vlanns-[access]-static"
          },
          "sensitive_attributes": [],
          "private": "eyJzY2hlbWFfdmVyc2lvbiI6IjEifQ==",
          "dependencies": [
            "data.aci_vlan_pool.access"
          ]
        }
      ]
    },
    {
      "mode": "managed",
      "type": "aci_ranges",
      "name": "access_114",
      "provider": "provider[\"registry.terraform.io/ciscodevnet/aci\"]",
      "instances": [
        {
          "schema_version": 1,
          "attributes": {
            "alloc_mode": "inherit",
            "annotation": "orchestrator:terraform",
            "description": "",
            "from": "vlan-114",
            "id": "uni/infra/vlanns-[access]-static/from-[vlan-114]-to-[vlan-114]",
            "name_alias": "",
            "role": "external",
            "to": "vlan-114",
            "vlan_pool_dn": "uni/infra/vlanns-[access]-static"
          },
          "sensitive_attributes": [],
          "private": "eyJzY2hlbWFfdmVyc2lvbiI6IjEifQ==",
          "dependencies": [
            "data.aci_vlan_pool.access"
          ]
        }
      ]
    },
    {
      "mode": "managed",
      "type": "aci_ranges",
      "name": "access_1140",
      "provider": "provider[\"registry.terraform.io/ciscodevnet/aci\"]",
      "instances": [
        {
          "schema_version": 1,
          "attributes": {
            "alloc_mode": "inherit",
            "annotation": "orchestrator:terraform",
            "description": "",
            "from": "vlan-1140",
            "id": "uni/infra/vlanns-[access]-static/from-[vlan-1140]-to-[vlan-1140]",
            "name_alias": "",
            "role": "external",
            "to": "vlan-1140",
            "vlan_pool_dn": "uni/infra/vlanns-[access]-static"
          },
          "sensitive_attributes": [],
          "private": "eyJzY2hlbWFfdmVyc2lvbiI6IjEifQ==",
          "dependencies": [
            "data.aci_vlan_pool.access"
          ]
        }
      ]
    },
    {
      "mode": "managed",
      "type": "aci_ranges",
      "name": "access_1141",
      "provider": "provider[\"registry.terraform.io/ciscodevnet/aci\"]",
      "instances": [
        {
          "schema_version": 1,
          "attributes": {
            "alloc_mode": "inherit",
            "annotation": "orchestrator:terraform",
            "description": "",
            "from": "vlan-1141",
            "id": "uni/infra/vlanns-[access]-static/from-[vlan-1141]-to-[vlan-1141]",
            "name_alias": "",
            "role": "external",
            "to": "vlan-1141",
            "vlan_pool_dn": "uni/infra/vlanns-[access]-static"
          },
          "sensitive_attributes": [],
          "private": "eyJzY2hlbWFfdmVyc2lvbiI6IjEifQ==",
          "dependencies": [
            "data.aci_vlan_pool.access"
          ]
        }
      ]
    },
    {
      "mode": "managed",
      "type": "aci_ranges",
      "name": "access_1142",
      "provider": "provider[\"registry.terraform.io/ciscodevnet/aci\"]",
      "instances": [
        {
          "schema_version": 1,
          "attributes": {
            "alloc_mode": "inherit",
            "annotation": "orchestrator:terraform",
            "description": "",
            "from": "vlan-1142",
            "id": "uni/infra/vlanns-[access]-static/from-[vlan-1142]-to-[vlan-1142]",
            "name_alias": "",
            "role": "external",
            "to": "vlan-1142",
            "vlan_pool_dn": "uni/infra/vlanns-[access]-static"
          },
          "sensitive_attributes": [],
          "private": "eyJzY2hlbWFfdmVyc2lvbiI6IjEifQ==",
          "dependencies": [
            "data.aci_vlan_pool.access"
          ]
        }
      ]
    },
    {
      "mode": "managed",
      "type": "aci_ranges",
      "name": "access_1143",
      "provider": "provider[\"registry.terraform.io/ciscodevnet/aci\"]",
      "instances": [
        {
          "schema_version": 1,
          "attributes": {
            "alloc_mode": "inherit",
            "annotation": "orchestrator:terraform",
            "description": "",
            "from": "vlan-1143",
            "id": "uni/infra/vlanns-[access]-static/from-[vlan-1143]-to-[vlan-1143]",
            "name_alias": "",
            "role": "external",
            "to": "vlan-1143",
            "vlan_pool_dn": "uni/infra/vlanns-[access]-static"
          },
          "sensitive_attributes": [],
          "private": "eyJzY2hlbWFfdmVyc2lvbiI6IjEifQ==",
          "dependencies": [
            "data.aci_vlan_pool.access"
          ]
        }
      ]
    },
    {
      "mode": "managed",
      "type": "aci_ranges",
      "name": "access_1144",
      "provider": "provider[\"registry.terraform.io/ciscodevnet/aci\"]",
      "instances": [
        {
          "schema_version": 1,
          "attributes": {
            "alloc_mode": "inherit",
            "annotation": "orchestrator:terraform",
            "description": "",
            "from": "vlan-1144",
            "id": "uni/infra/vlanns-[access]-static/from-[vlan-1144]-to-[vlan-1144]",
            "name_alias": "",
            "role": "external",
            "to": "vlan-1144",
            "vlan_pool_dn": "uni/infra/vlanns-[access]-static"
          },
          "sensitive_attributes": [],
          "private": "eyJzY2hlbWFfdmVyc2lvbiI6IjEifQ==",
          "dependencies": [
            "data.aci_vlan_pool.access"
          ]
        }
      ]
    },
    {
      "mode": "managed",
      "type": "aci_ranges",
      "name": "access_1145",
      "provider": "provider[\"registry.terraform.io/ciscodevnet/aci\"]",
      "instances": [
        {
          "schema_version": 1,
          "attributes": {
            "alloc_mode": "inherit",
            "annotation": "orchestrator:terraform",
            "description": "",
            "from": "vlan-1145",
            "id": "uni/infra/vlanns-[access]-static/from-[vlan-1145]-to-[vlan-1145]",
            "name_alias": "",
            "role": "external",
            "to": "vlan-1145",
            "vlan_pool_dn": "uni/infra/vlanns-[access]-static"
          },
          "sensitive_attributes": [],
          "private": "eyJzY2hlbWFfdmVyc2lvbiI6IjEifQ==",
          "dependencies": [
            "data.aci_vlan_pool.access"
          ]
        }
      ]
    },
    {
      "mode": "managed",
      "type": "aci_ranges",
      "name": "access_1146",
      "provider": "provider[\"registry.terraform.io/ciscodevnet/aci\"]",
      "instances": [
        {
          "schema_version": 1,
          "attributes": {
            "alloc_mode": "inherit",
            "annotation": "orchestrator:terraform",
            "description": "",
            "from": "vlan-1146",
            "id": "uni/infra/vlanns-[access]-static/from-[vlan-1146]-to-[vlan-1146]",
            "name_alias": "",
            "role": "external",
            "to": "vlan-1146",
            "vlan_pool_dn": "uni/infra/vlanns-[access]-static"
          },
          "sensitive_attributes": [],
          "private": "eyJzY2hlbWFfdmVyc2lvbiI6IjEifQ==",
          "dependencies": [
            "data.aci_vlan_pool.access"
          ]
        }
      ]
    },
    {
      "mode": "managed",
      "type": "aci_ranges",
      "name": "access_1147",
      "provider": "provider[\"registry.terraform.io/ciscodevnet/aci\"]",
      "instances": [
        {
          "schema_version": 1,
          "attributes": {
            "alloc_mode": "inherit",
            "annotation": "orchestrator:terraform",
            "description": "",
            "from": "vlan-1147",
            "id": "uni/infra/vlanns-[access]-static/from-[vlan-1147]-to-[vlan-1147]",
            "name_alias": "",
            "role": "external",
            "to": "vlan-1147",
            "vlan_pool_dn": "uni/infra/vlanns-[access]-static"
          },
          "sensitive_attributes": [],
          "private": "eyJzY2hlbWFfdmVyc2lvbiI6IjEifQ==",
          "dependencies": [
            "data.aci_vlan_pool.access"
          ]
        }
      ]
    },
    {
      "mode": "managed",
      "type": "aci_ranges",
      "name": "access_1148",
      "provider": "provider[\"registry.terraform.io/ciscodevnet/aci\"]",
      "instances": [
        {
          "schema_version": 1,
          "attributes": {
            "alloc_mode": "inherit",
            "annotation": "orchestrator:terraform",
            "description": "",
            "from": "vlan-1148",
            "id": "uni/infra/vlanns-[access]-static/from-[vlan-1148]-to-[vlan-1148]",
            "name_alias": "",
            "role": "external",
            "to": "vlan-1148",
            "vlan_pool_dn": "uni/infra/vlanns-[access]-static"
          },
          "sensitive_attributes": [],
          "private": "eyJzY2hlbWFfdmVyc2lvbiI6IjEifQ==",
          "dependencies": [
            "data.aci_vlan_pool.access"
          ]
        }
      ]
    },
    {
      "mode": "managed",
      "type": "aci_ranges",
      "name": "access_1149",
      "provider": "provider[\"registry.terraform.io/ciscodevnet/aci\"]",
      "instances": [
        {
          "schema_version": 1,
          "attributes": {
            "alloc_mode": "inherit",
            "annotation": "orchestrator:terraform",
            "description": "",
            "from": "vlan-1149",
            "id": "uni/infra/vlanns-[access]-static/from-[vlan-1149]-to-[vlan-1149]",
            "name_alias": "",
            "role": "external",
            "to": "vlan-1149",
            "vlan_pool_dn": "uni/infra/vlanns-[access]-static"
          },
          "sensitive_attributes": [],
          "private": "eyJzY2hlbWFfdmVyc2lvbiI6IjEifQ==",
          "dependencies": [
            "data.aci_vlan_pool.access"
          ]
        }
      ]
    },
    {
      "mode": "managed",
      "type": "aci_ranges",
      "name": "access_115",
      "provider": "provider[\"registry.terraform.io/ciscodevnet/aci\"]",
      "instances": [
        {
          "schema_version": 1,
          "attributes": {
            "alloc_mode": "inherit",
            "annotation": "orchestrator:terraform",
            "description": "",
            "from": "vlan-115",
            "id": "uni/infra/vlanns-[access]-static/from-[vlan-115]-to-[vlan-115]",
            "name_alias": "",
            "role": "external",
            "to": "vlan-115",
            "vlan_pool_dn": "uni/infra/vlanns-[access]-static"
          },
          "sensitive_attributes": [],
          "private": "eyJzY2hlbWFfdmVyc2lvbiI6IjEifQ==",
          "dependencies": [
            "data.aci_vlan_pool.access"
          ]
        }
      ]
    },
    {
      "mode": "managed",
      "type": "aci_ranges",
      "name": "access_1150",
      "provider": "provider[\"registry.terraform.io/ciscodevnet/aci\"]",
      "instances": [
        {
          "schema_version": 1,
          "attributes": {
            "alloc_mode": "inherit",
            "annotation": "orchestrator:terraform",
            "description": "",
            "from": "vlan-1150",
            "id": "uni/infra/vlanns-[access]-static/from-[vlan-1150]-to-[vlan-1150]",
            "name_alias": "",
            "role": "external",
            "to": "vlan-1150",
            "vlan_pool_dn": "uni/infra/vlanns-[access]-static"
          },
          "sensitive_attributes": [],
          "private": "eyJzY2hlbWFfdmVyc2lvbiI6IjEifQ==",
          "dependencies": [
            "data.aci_vlan_pool.access"
          ]
        }
      ]
    },
    {
      "mode": "managed",
      "type": "aci_ranges",
      "name": "access_1151",
      "provider": "provider[\"registry.terraform.io/ciscodevnet/aci\"]",
      "instances": [
        {
          "schema_version": 1,
          "attributes": {
            "alloc_mode": "inherit",
            "annotation": "orchestrator:terraform",
            "description": "",
            "from": "vlan-1151",
            "id": "uni/infra/vlanns-[access]-static/from-[vlan-1151]-to-[vlan-1151]",
            "name_alias": "",
            "role": "external",
            "to": "vlan-1151",
            "vlan_pool_dn": "uni/infra/vlanns-[access]-static"
          },
          "sensitive_attributes": [],
          "private": "eyJzY2hlbWFfdmVyc2lvbiI6IjEifQ==",
          "dependencies": [
            "data.aci_vlan_pool.access"
          ]
        }
      ]
    },
    {
      "mode": "managed",
      "type": "aci_ranges",
      "name": "access_1152",
      "provider": "provider[\"registry.terraform.io/ciscodevnet/aci\"]",
      "instances": [
        {
          "schema_version": 1,
          "attributes": {
            "alloc_mode": "inherit",
            "annotation": "orchestrator:terraform",
            "description": "",
            "from": "vlan-1152",
            "id": "uni/infra/vlanns-[access]-static/from-[vlan-1152]-to-[vlan-1152]",
            "name_alias": "",
            "role": "external",
            "to": "vlan-1152",
            "vlan_pool_dn": "uni/infra/vlanns-[access]-static"
          },
          "sensitive_attributes": [],
          "private": "eyJzY2hlbWFfdmVyc2lvbiI6IjEifQ==",
          "dependencies": [
            "data.aci_vlan_pool.access"
          ]
        }
      ]
    },
    {
      "mode": "managed",
      "type": "aci_ranges",
      "name": "access_1153",
      "provider": "provider[\"registry.terraform.io/ciscodevnet/aci\"]",
      "instances": [
        {
          "schema_version": 1,
          "attributes": {
            "alloc_mode": "inherit",
            "annotation": "orchestrator:terraform",
            "description": "",
            "from": "vlan-1153",
            "id": "uni/infra/vlanns-[access]-static/from-[vlan-1153]-to-[vlan-1153]",
            "name_alias": "",
            "role": "external",
            "to": "vlan-1153",
            "vlan_pool_dn": "uni/infra/vlanns-[access]-static"
          },
          "sensitive_attributes": [],
          "private": "eyJzY2hlbWFfdmVyc2lvbiI6IjEifQ==",
          "dependencies": [
            "data.aci_vlan_pool.access"
          ]
        }
      ]
    },
    {
      "mode": "managed",
      "type": "aci_ranges",
      "name": "access_1154",
      "provider": "provider[\"registry.terraform.io/ciscodevnet/aci\"]",
      "instances": [
        {
          "schema_version": 1,
          "attributes": {
            "alloc_mode": "inherit",
            "annotation": "orchestrator:terraform",
            "description": "",
            "from": "vlan-1154",
            "id": "uni/infra/vlanns-[access]-static/from-[vlan-1154]-to-[vlan-1154]",
            "name_alias": "",
            "role": "external",
            "to": "vlan-1154",
            "vlan_pool_dn": "uni/infra/vlanns-[access]-static"
          },
          "sensitive_attributes": [],
          "private": "eyJzY2hlbWFfdmVyc2lvbiI6IjEifQ==",
          "dependencies": [
            "data.aci_vlan_pool.access"
          ]
        }
      ]
    },
    {
      "mode": "managed",
      "type": "aci_ranges",
      "name": "access_1155",
      "provider": "provider[\"registry.terraform.io/ciscodevnet/aci\"]",
      "instances": [
        {
          "schema_version": 1,
          "attributes": {
            "alloc_mode": "inherit",
            "annotation": "orchestrator:terraform",
            "description": "",
            "from": "vlan-1155",
            "id": "uni/infra/vlanns-[access]-static/from-[vlan-1155]-to-[vlan-1155]",
            "name_alias": "",
            "role": "external",
            "to": "vlan-1155",
            "vlan_pool_dn": "uni/infra/vlanns-[access]-static"
          },
          "sensitive_attributes": [],
          "private": "eyJzY2hlbWFfdmVyc2lvbiI6IjEifQ==",
          "dependencies": [
            "data.aci_vlan_pool.access"
          ]
        }
      ]
    },
    {
      "mode": "managed",
      "type": "aci_ranges",
      "name": "access_1156",
      "provider": "provider[\"registry.terraform.io/ciscodevnet/aci\"]",
      "instances": [
        {
          "schema_version": 1,
          "attributes": {
            "alloc_mode": "inherit",
            "annotation": "orchestrator:terraform",
            "description": "",
            "from": "vlan-1156",
            "id": "uni/infra/vlanns-[access]-static/from-[vlan-1156]-to-[vlan-1156]",
            "name_alias": "",
            "role": "external",
            "to": "vlan-1156",
            "vlan_pool_dn": "uni/infra/vlanns-[access]-static"
          },
          "sensitive_attributes": [],
          "private": "eyJzY2hlbWFfdmVyc2lvbiI6IjEifQ==",
          "dependencies": [
            "data.aci_vlan_pool.access"
          ]
        }
      ]
    },
    {
      "mode": "managed",
      "type": "aci_ranges",
      "name": "access_1157",
      "provider": "provider[\"registry.terraform.io/ciscodevnet/aci\"]",
      "instances": [
        {
          "schema_version": 1,
          "attributes": {
            "alloc_mode": "inherit",
            "annotation": "orchestrator:terraform",
            "description": "",
            "from": "vlan-1157",
            "id": "uni/infra/vlanns-[access]-static/from-[vlan-1157]-to-[vlan-1157]",
            "name_alias": "",
            "role": "external",
            "to": "vlan-1157",
            "vlan_pool_dn": "uni/infra/vlanns-[access]-static"
          },
          "sensitive_attributes": [],
          "private": "eyJzY2hlbWFfdmVyc2lvbiI6IjEifQ==",
          "dependencies": [
            "data.aci_vlan_pool.access"
          ]
        }
      ]
    },
    {
      "mode": "managed",
      "type": "aci_ranges",
      "name": "access_1158",
      "provider": "provider[\"registry.terraform.io/ciscodevnet/aci\"]",
      "instances": [
        {
          "schema_version": 1,
          "attributes": {
            "alloc_mode": "inherit",
            "annotation": "orchestrator:terraform",
            "description": "",
            "from": "vlan-1158",
            "id": "uni/infra/vlanns-[access]-static/from-[vlan-1158]-to-[vlan-1158]",
            "name_alias": "",
            "role": "external",
            "to": "vlan-1158",
            "vlan_pool_dn": "uni/infra/vlanns-[access]-static"
          },
          "sensitive_attributes": [],
          "private": "eyJzY2hlbWFfdmVyc2lvbiI6IjEifQ==",
          "dependencies": [
            "data.aci_vlan_pool.access"
          ]
        }
      ]
    },
    {
      "mode": "managed",
      "type": "aci_ranges",
      "name": "access_1159",
      "provider": "provider[\"registry.terraform.io/ciscodevnet/aci\"]",
      "instances": [
        {
          "schema_version": 1,
          "attributes": {
            "alloc_mode": "inherit",
            "annotation": "orchestrator:terraform",
            "description": "",
            "from": "vlan-1159",
            "id": "uni/infra/vlanns-[access]-static/from-[vlan-1159]-to-[vlan-1159]",
            "name_alias": "",
            "role": "external",
            "to": "vlan-1159",
            "vlan_pool_dn": "uni/infra/vlanns-[access]-static"
          },
          "sensitive_attributes": [],
          "private": "eyJzY2hlbWFfdmVyc2lvbiI6IjEifQ==",
          "dependencies": [
            "data.aci_vlan_pool.access"
          ]
        }
      ]
    },
    {
      "mode": "managed",
      "type": "aci_ranges",
      "name": "access_116",
      "provider": "provider[\"registry.terraform.io/ciscodevnet/aci\"]",
      "instances": [
        {
          "schema_version": 1,
          "attributes": {
            "alloc_mode": "inherit",
            "annotation": "orchestrator:terraform",
            "description": "",
            "from": "vlan-116",
            "id": "uni/infra/vlanns-[access]-static/from-[vlan-116]-to-[vlan-116]",
            "name_alias": "",
            "role": "external",
            "to": "vlan-116",
            "vlan_pool_dn": "uni/infra/vlanns-[access]-static"
          },
          "sensitive_attributes": [],
          "private": "eyJzY2hlbWFfdmVyc2lvbiI6IjEifQ==",
          "dependencies": [
            "data.aci_vlan_pool.access"
          ]
        }
      ]
    },
    {
      "mode": "managed",
      "type": "aci_ranges",
      "name": "access_1160",
      "provider": "provider[\"registry.terraform.io/ciscodevnet/aci\"]",
      "instances": [
        {
          "schema_version": 1,
          "attributes": {
            "alloc_mode": "inherit",
            "annotation": "orchestrator:terraform",
            "description": "",
            "from": "vlan-1160",
            "id": "uni/infra/vlanns-[access]-static/from-[vlan-1160]-to-[vlan-1160]",
            "name_alias": "",
            "role": "external",
            "to": "vlan-1160",
            "vlan_pool_dn": "uni/infra/vlanns-[access]-static"
          },
          "sensitive_attributes": [],
          "private": "eyJzY2hlbWFfdmVyc2lvbiI6IjEifQ==",
          "dependencies": [
            "data.aci_vlan_pool.access"
          ]
        }
      ]
    },
    {
      "mode": "managed",
      "type": "aci_ranges",
      "name": "access_1161",
      "provider": "provider[\"registry.terraform.io/ciscodevnet/aci\"]",
      "instances": [
        {
          "schema_version": 1,
          "attributes": {
            "alloc_mode": "inherit",
            "annotation": "orchestrator:terraform",
            "description": "",
            "from": "vlan-1161",
            "id": "uni/infra/vlanns-[access]-static/from-[vlan-1161]-to-[vlan-1161]",
            "name_alias": "",
            "role": "external",
            "to": "vlan-1161",
            "vlan_pool_dn": "uni/infra/vlanns-[access]-static"
          },
          "sensitive_attributes": [],
          "private": "eyJzY2hlbWFfdmVyc2lvbiI6IjEifQ==",
          "dependencies": [
            "data.aci_vlan_pool.access"
          ]
        }
      ]
    },
    {
      "mode": "managed",
      "type": "aci_ranges",
      "name": "access_1162",
      "provider": "provider[\"registry.terraform.io/ciscodevnet/aci\"]",
      "instances": [
        {
          "schema_version": 1,
          "attributes": {
            "alloc_mode": "inherit",
            "annotation": "orchestrator:terraform",
            "description": "",
            "from": "vlan-1162",
            "id": "uni/infra/vlanns-[access]-static/from-[vlan-1162]-to-[vlan-1162]",
            "name_alias": "",
            "role": "external",
            "to": "vlan-1162",
            "vlan_pool_dn": "uni/infra/vlanns-[access]-static"
          },
          "sensitive_attributes": [],
          "private": "eyJzY2hlbWFfdmVyc2lvbiI6IjEifQ==",
          "dependencies": [
            "data.aci_vlan_pool.access"
          ]
        }
      ]
    },
    {
      "mode": "managed",
      "type": "aci_ranges",
      "name": "access_1163",
      "provider": "provider[\"registry.terraform.io/ciscodevnet/aci\"]",
      "instances": [
        {
          "schema_version": 1,
          "attributes": {
            "alloc_mode": "inherit",
            "annotation": "orchestrator:terraform",
            "description": "",
            "from": "vlan-1163",
            "id": "uni/infra/vlanns-[access]-static/from-[vlan-1163]-to-[vlan-1163]",
            "name_alias": "",
            "role": "external",
            "to": "vlan-1163",
            "vlan_pool_dn": "uni/infra/vlanns-[access]-static"
          },
          "sensitive_attributes": [],
          "private": "eyJzY2hlbWFfdmVyc2lvbiI6IjEifQ==",
          "dependencies": [
            "data.aci_vlan_pool.access"
          ]
        }
      ]
    },
    {
      "mode": "managed",
      "type": "aci_ranges",
      "name": "access_1164",
      "provider": "provider[\"registry.terraform.io/ciscodevnet/aci\"]",
      "instances": [
        {
          "schema_version": 1,
          "attributes": {
            "alloc_mode": "inherit",
            "annotation": "orchestrator:terraform",
            "description": "",
            "from": "vlan-1164",
            "id": "uni/infra/vlanns-[access]-static/from-[vlan-1164]-to-[vlan-1164]",
            "name_alias": "",
            "role": "external",
            "to": "vlan-1164",
            "vlan_pool_dn": "uni/infra/vlanns-[access]-static"
          },
          "sensitive_attributes": [],
          "private": "eyJzY2hlbWFfdmVyc2lvbiI6IjEifQ==",
          "dependencies": [
            "data.aci_vlan_pool.access"
          ]
        }
      ]
    },
    {
      "mode": "managed",
      "type": "aci_ranges",
      "name": "access_1165",
      "provider": "provider[\"registry.terraform.io/ciscodevnet/aci\"]",
      "instances": [
        {
          "schema_version": 1,
          "attributes": {
            "alloc_mode": "inherit",
            "annotation": "orchestrator:terraform",
            "description": "",
            "from": "vlan-1165",
            "id": "uni/infra/vlanns-[access]-static/from-[vlan-1165]-to-[vlan-1165]",
            "name_alias": "",
            "role": "external",
            "to": "vlan-1165",
            "vlan_pool_dn": "uni/infra/vlanns-[access]-static"
          },
          "sensitive_attributes": [],
          "private": "eyJzY2hlbWFfdmVyc2lvbiI6IjEifQ==",
          "dependencies": [
            "data.aci_vlan_pool.access"
          ]
        }
      ]
    },
    {
      "mode": "managed",
      "type": "aci_ranges",
      "name": "access_1166",
      "provider": "provider[\"registry.terraform.io/ciscodevnet/aci\"]",
      "instances": [
        {
          "schema_version": 1,
          "attributes": {
            "alloc_mode": "inherit",
            "annotation": "orchestrator:terraform",
            "description": "",
            "from": "vlan-1166",
            "id": "uni/infra/vlanns-[access]-static/from-[vlan-1166]-to-[vlan-1166]",
            "name_alias": "",
            "role": "external",
            "to": "vlan-1166",
            "vlan_pool_dn": "uni/infra/vlanns-[access]-static"
          },
          "sensitive_attributes": [],
          "private": "eyJzY2hlbWFfdmVyc2lvbiI6IjEifQ==",
          "dependencies": [
            "data.aci_vlan_pool.access"
          ]
        }
      ]
    },
    {
      "mode": "managed",
      "type": "aci_ranges",
      "name": "access_1167",
      "provider": "provider[\"registry.terraform.io/ciscodevnet/aci\"]",
      "instances": [
        {
          "schema_version": 1,
          "attributes": {
            "alloc_mode": "inherit",
            "annotation": "orchestrator:terraform",
            "description": "",
            "from": "vlan-1167",
            "id": "uni/infra/vlanns-[access]-static/from-[vlan-1167]-to-[vlan-1167]",
            "name_alias": "",
            "role": "external",
            "to": "vlan-1167",
            "vlan_pool_dn": "uni/infra/vlanns-[access]-static"
          },
          "sensitive_attributes": [],
          "private": "eyJzY2hlbWFfdmVyc2lvbiI6IjEifQ==",
          "dependencies": [
            "data.aci_vlan_pool.access"
          ]
        }
      ]
    },
    {
      "mode": "managed",
      "type": "aci_ranges",
      "name": "access_1168",
      "provider": "provider[\"registry.terraform.io/ciscodevnet/aci\"]",
      "instances": [
        {
          "schema_version": 1,
          "attributes": {
            "alloc_mode": "inherit",
            "annotation": "orchestrator:terraform",
            "description": "",
            "from": "vlan-1168",
            "id": "uni/infra/vlanns-[access]-static/from-[vlan-1168]-to-[vlan-1168]",
            "name_alias": "",
            "role": "external",
            "to": "vlan-1168",
            "vlan_pool_dn": "uni/infra/vlanns-[access]-static"
          },
          "sensitive_attributes": [],
          "private": "eyJzY2hlbWFfdmVyc2lvbiI6IjEifQ==",
          "dependencies": [
            "data.aci_vlan_pool.access"
          ]
        }
      ]
    },
    {
      "mode": "managed",
      "type": "aci_ranges",
      "name": "access_1169",
      "provider": "provider[\"registry.terraform.io/ciscodevnet/aci\"]",
      "instances": [
        {
          "schema_version": 1,
          "attributes": {
            "alloc_mode": "inherit",
            "annotation": "orchestrator:terraform",
            "description": "",
            "from": "vlan-1169",
            "id": "uni/infra/vlanns-[access]-static/from-[vlan-1169]-to-[vlan-1169]",
            "name_alias": "",
            "role": "external",
            "to": "vlan-1169",
            "vlan_pool_dn": "uni/infra/vlanns-[access]-static"
          },
          "sensitive_attributes": [],
          "private": "eyJzY2hlbWFfdmVyc2lvbiI6IjEifQ==",
          "dependencies": [
            "data.aci_vlan_pool.access"
          ]
        }
      ]
    },
    {
      "mode": "managed",
      "type": "aci_ranges",
      "name": "access_117",
      "provider": "provider[\"registry.terraform.io/ciscodevnet/aci\"]",
      "instances": [
        {
          "schema_version": 1,
          "attributes": {
            "alloc_mode": "inherit",
            "annotation": "orchestrator:terraform",
            "description": "",
            "from": "vlan-117",
            "id": "uni/infra/vlanns-[access]-static/from-[vlan-117]-to-[vlan-117]",
            "name_alias": "",
            "role": "external",
            "to": "vlan-117",
            "vlan_pool_dn": "uni/infra/vlanns-[access]-static"
          },
          "sensitive_attributes": [],
          "private": "eyJzY2hlbWFfdmVyc2lvbiI6IjEifQ==",
          "dependencies": [
            "data.aci_vlan_pool.access"
          ]
        }
      ]
    },
    {
      "mode": "managed",
      "type": "aci_ranges",
      "name": "access_1170",
      "provider": "provider[\"registry.terraform.io/ciscodevnet/aci\"]",
      "instances": [
        {
          "schema_version": 1,
          "attributes": {
            "alloc_mode": "inherit",
            "annotation": "orchestrator:terraform",
            "description": "",
            "from": "vlan-1170",
            "id": "uni/infra/vlanns-[access]-static/from-[vlan-1170]-to-[vlan-1170]",
            "name_alias": "",
            "role": "external",
            "to": "vlan-1170",
            "vlan_pool_dn": "uni/infra/vlanns-[access]-static"
          },
          "sensitive_attributes": [],
          "private": "eyJzY2hlbWFfdmVyc2lvbiI6IjEifQ==",
          "dependencies": [
            "data.aci_vlan_pool.access"
          ]
        }
      ]
    },
    {
      "mode": "managed",
      "type": "aci_ranges",
      "name": "access_1171",
      "provider": "provider[\"registry.terraform.io/ciscodevnet/aci\"]",
      "instances": [
        {
          "schema_version": 1,
          "attributes": {
            "alloc_mode": "inherit",
            "annotation": "orchestrator:terraform",
            "description": "",
            "from": "vlan-1171",
            "id": "uni/infra/vlanns-[access]-static/from-[vlan-1171]-to-[vlan-1171]",
            "name_alias": "",
            "role": "external",
            "to": "vlan-1171",
            "vlan_pool_dn": "uni/infra/vlanns-[access]-static"
          },
          "sensitive_attributes": [],
          "private": "eyJzY2hlbWFfdmVyc2lvbiI6IjEifQ==",
          "dependencies": [
            "data.aci_vlan_pool.access"
          ]
        }
      ]
    },
    {
      "mode": "managed",
      "type": "aci_ranges",
      "name": "access_1172",
      "provider": "provider[\"registry.terraform.io/ciscodevnet/aci\"]",
      "instances": [
        {
          "schema_version": 1,
          "attributes": {
            "alloc_mode": "inherit",
            "annotation": "orchestrator:terraform",
            "description": "",
            "from": "vlan-1172",
            "id": "uni/infra/vlanns-[access]-static/from-[vlan-1172]-to-[vlan-1172]",
            "name_alias": "",
            "role": "external",
            "to": "vlan-1172",
            "vlan_pool_dn": "uni/infra/vlanns-[access]-static"
          },
          "sensitive_attributes": [],
          "private": "eyJzY2hlbWFfdmVyc2lvbiI6IjEifQ==",
          "dependencies": [
            "data.aci_vlan_pool.access"
          ]
        }
      ]
    },
    {
      "mode": "managed",
      "type": "aci_ranges",
      "name": "access_1173",
      "provider": "provider[\"registry.terraform.io/ciscodevnet/aci\"]",
      "instances": [
        {
          "schema_version": 1,
          "attributes": {
            "alloc_mode": "inherit",
            "annotation": "orchestrator:terraform",
            "description": "",
            "from": "vlan-1173",
            "id": "uni/infra/vlanns-[access]-static/from-[vlan-1173]-to-[vlan-1173]",
            "name_alias": "",
            "role": "external",
            "to": "vlan-1173",
            "vlan_pool_dn": "uni/infra/vlanns-[access]-static"
          },
          "sensitive_attributes": [],
          "private": "eyJzY2hlbWFfdmVyc2lvbiI6IjEifQ==",
          "dependencies": [
            "data.aci_vlan_pool.access"
          ]
        }
      ]
    },
    {
      "mode": "managed",
      "type": "aci_ranges",
      "name": "access_1174",
      "provider": "provider[\"registry.terraform.io/ciscodevnet/aci\"]",
      "instances": [
        {
          "schema_version": 1,
          "attributes": {
            "alloc_mode": "inherit",
            "annotation": "orchestrator:terraform",
            "description": "",
            "from": "vlan-1174",
            "id": "uni/infra/vlanns-[access]-static/from-[vlan-1174]-to-[vlan-1174]",
            "name_alias": "",
            "role": "external",
            "to": "vlan-1174",
            "vlan_pool_dn": "uni/infra/vlanns-[access]-static"
          },
          "sensitive_attributes": [],
          "private": "eyJzY2hlbWFfdmVyc2lvbiI6IjEifQ==",
          "dependencies": [
            "data.aci_vlan_pool.access"
          ]
        }
      ]
    },
    {
      "mode": "managed",
      "type": "aci_ranges",
      "name": "access_1175",
      "provider": "provider[\"registry.terraform.io/ciscodevnet/aci\"]",
      "instances": [
        {
          "schema_version": 1,
          "attributes": {
            "alloc_mode": "inherit",
            "annotation": "orchestrator:terraform",
            "description": "",
            "from": "vlan-1175",
            "id": "uni/infra/vlanns-[access]-static/from-[vlan-1175]-to-[vlan-1175]",
            "name_alias": "",
            "role": "external",
            "to": "vlan-1175",
            "vlan_pool_dn": "uni/infra/vlanns-[access]-static"
          },
          "sensitive_attributes": [],
          "private": "eyJzY2hlbWFfdmVyc2lvbiI6IjEifQ==",
          "dependencies": [
            "data.aci_vlan_pool.access"
          ]
        }
      ]
    },
    {
      "mode": "managed",
      "type": "aci_ranges",
      "name": "access_1176",
      "provider": "provider[\"registry.terraform.io/ciscodevnet/aci\"]",
      "instances": [
        {
          "schema_version": 1,
          "attributes": {
            "alloc_mode": "inherit",
            "annotation": "orchestrator:terraform",
            "description": "",
            "from": "vlan-1176",
            "id": "uni/infra/vlanns-[access]-static/from-[vlan-1176]-to-[vlan-1176]",
            "name_alias": "",
            "role": "external",
            "to": "vlan-1176",
            "vlan_pool_dn": "uni/infra/vlanns-[access]-static"
          },
          "sensitive_attributes": [],
          "private": "eyJzY2hlbWFfdmVyc2lvbiI6IjEifQ==",
          "dependencies": [
            "data.aci_vlan_pool.access"
          ]
        }
      ]
    },
    {
      "mode": "managed",
      "type": "aci_ranges",
      "name": "access_1177",
      "provider": "provider[\"registry.terraform.io/ciscodevnet/aci\"]",
      "instances": [
        {
          "schema_version": 1,
          "attributes": {
            "alloc_mode": "inherit",
            "annotation": "orchestrator:terraform",
            "description": "",
            "from": "vlan-1177",
            "id": "uni/infra/vlanns-[access]-static/from-[vlan-1177]-to-[vlan-1177]",
            "name_alias": "",
            "role": "external",
            "to": "vlan-1177",
            "vlan_pool_dn": "uni/infra/vlanns-[access]-static"
          },
          "sensitive_attributes": [],
          "private": "eyJzY2hlbWFfdmVyc2lvbiI6IjEifQ==",
          "dependencies": [
            "data.aci_vlan_pool.access"
          ]
        }
      ]
    },
    {
      "mode": "managed",
      "type": "aci_ranges",
      "name": "access_1178",
      "provider": "provider[\"registry.terraform.io/ciscodevnet/aci\"]",
      "instances": [
        {
          "schema_version": 1,
          "attributes": {
            "alloc_mode": "inherit",
            "annotation": "orchestrator:terraform",
            "description": "",
            "from": "vlan-1178",
            "id": "uni/infra/vlanns-[access]-static/from-[vlan-1178]-to-[vlan-1178]",
            "name_alias": "",
            "role": "external",
            "to": "vlan-1178",
            "vlan_pool_dn": "uni/infra/vlanns-[access]-static"
          },
          "sensitive_attributes": [],
          "private": "eyJzY2hlbWFfdmVyc2lvbiI6IjEifQ==",
          "dependencies": [
            "data.aci_vlan_pool.access"
          ]
        }
      ]
    },
    {
      "mode": "managed",
      "type": "aci_ranges",
      "name": "access_1179",
      "provider": "provider[\"registry.terraform.io/ciscodevnet/aci\"]",
      "instances": [
        {
          "schema_version": 1,
          "attributes": {
            "alloc_mode": "inherit",
            "annotation": "orchestrator:terraform",
            "description": "",
            "from": "vlan-1179",
            "id": "uni/infra/vlanns-[access]-static/from-[vlan-1179]-to-[vlan-1179]",
            "name_alias": "",
            "role": "external",
            "to": "vlan-1179",
            "vlan_pool_dn": "uni/infra/vlanns-[access]-static"
          },
          "sensitive_attributes": [],
          "private": "eyJzY2hlbWFfdmVyc2lvbiI6IjEifQ==",
          "dependencies": [
            "data.aci_vlan_pool.access"
          ]
        }
      ]
    },
    {
      "mode": "managed",
      "type": "aci_ranges",
      "name": "access_118",
      "provider": "provider[\"registry.terraform.io/ciscodevnet/aci\"]",
      "instances": [
        {
          "schema_version": 1,
          "attributes": {
            "alloc_mode": "inherit",
            "annotation": "orchestrator:terraform",
            "description": "",
            "from": "vlan-118",
            "id": "uni/infra/vlanns-[access]-static/from-[vlan-118]-to-[vlan-118]",
            "name_alias": "",
            "role": "external",
            "to": "vlan-118",
            "vlan_pool_dn": "uni/infra/vlanns-[access]-static"
          },
          "sensitive_attributes": [],
          "private": "eyJzY2hlbWFfdmVyc2lvbiI6IjEifQ==",
          "dependencies": [
            "data.aci_vlan_pool.access"
          ]
        }
      ]
    },
    {
      "mode": "managed",
      "type": "aci_ranges",
      "name": "access_1180",
      "provider": "provider[\"registry.terraform.io/ciscodevnet/aci\"]",
      "instances": [
        {
          "schema_version": 1,
          "attributes": {
            "alloc_mode": "inherit",
            "annotation": "orchestrator:terraform",
            "description": "",
            "from": "vlan-1180",
            "id": "uni/infra/vlanns-[access]-static/from-[vlan-1180]-to-[vlan-1180]",
            "name_alias": "",
            "role": "external",
            "to": "vlan-1180",
            "vlan_pool_dn": "uni/infra/vlanns-[access]-static"
          },
          "sensitive_attributes": [],
          "private": "eyJzY2hlbWFfdmVyc2lvbiI6IjEifQ==",
          "dependencies": [
            "data.aci_vlan_pool.access"
          ]
        }
      ]
    },
    {
      "mode": "managed",
      "type": "aci_ranges",
      "name": "access_1181",
      "provider": "provider[\"registry.terraform.io/ciscodevnet/aci\"]",
      "instances": [
        {
          "schema_version": 1,
          "attributes": {
            "alloc_mode": "inherit",
            "annotation": "orchestrator:terraform",
            "description": "",
            "from": "vlan-1181",
            "id": "uni/infra/vlanns-[access]-static/from-[vlan-1181]-to-[vlan-1181]",
            "name_alias": "",
            "role": "external",
            "to": "vlan-1181",
            "vlan_pool_dn": "uni/infra/vlanns-[access]-static"
          },
          "sensitive_attributes": [],
          "private": "eyJzY2hlbWFfdmVyc2lvbiI6IjEifQ==",
          "dependencies": [
            "data.aci_vlan_pool.access"
          ]
        }
      ]
    },
    {
      "mode": "managed",
      "type": "aci_ranges",
      "name": "access_1182",
      "provider": "provider[\"registry.terraform.io/ciscodevnet/aci\"]",
      "instances": [
        {
          "schema_version": 1,
          "attributes": {
            "alloc_mode": "inherit",
            "annotation": "orchestrator:terraform",
            "description": "",
            "from": "vlan-1182",
            "id": "uni/infra/vlanns-[access]-static/from-[vlan-1182]-to-[vlan-1182]",
            "name_alias": "",
            "role": "external",
            "to": "vlan-1182",
            "vlan_pool_dn": "uni/infra/vlanns-[access]-static"
          },
          "sensitive_attributes": [],
          "private": "eyJzY2hlbWFfdmVyc2lvbiI6IjEifQ==",
          "dependencies": [
            "data.aci_vlan_pool.access"
          ]
        }
      ]
    },
    {
      "mode": "managed",
      "type": "aci_ranges",
      "name": "access_1183",
      "provider": "provider[\"registry.terraform.io/ciscodevnet/aci\"]",
      "instances": [
        {
          "schema_version": 1,
          "attributes": {
            "alloc_mode": "inherit",
            "annotation": "orchestrator:terraform",
            "description": "",
            "from": "vlan-1183",
            "id": "uni/infra/vlanns-[access]-static/from-[vlan-1183]-to-[vlan-1183]",
            "name_alias": "",
            "role": "external",
            "to": "vlan-1183",
            "vlan_pool_dn": "uni/infra/vlanns-[access]-static"
          },
          "sensitive_attributes": [],
          "private": "eyJzY2hlbWFfdmVyc2lvbiI6IjEifQ==",
          "dependencies": [
            "data.aci_vlan_pool.access"
          ]
        }
      ]
    },
    {
      "mode": "managed",
      "type": "aci_ranges",
      "name": "access_1184",
      "provider": "provider[\"registry.terraform.io/ciscodevnet/aci\"]",
      "instances": [
        {
          "schema_version": 1,
          "attributes": {
            "alloc_mode": "inherit",
            "annotation": "orchestrator:terraform",
            "description": "",
            "from": "vlan-1184",
            "id": "uni/infra/vlanns-[access]-static/from-[vlan-1184]-to-[vlan-1184]",
            "name_alias": "",
            "role": "external",
            "to": "vlan-1184",
            "vlan_pool_dn": "uni/infra/vlanns-[access]-static"
          },
          "sensitive_attributes": [],
          "private": "eyJzY2hlbWFfdmVyc2lvbiI6IjEifQ==",
          "dependencies": [
            "data.aci_vlan_pool.access"
          ]
        }
      ]
    },
    {
      "mode": "managed",
      "type": "aci_ranges",
      "name": "access_1185",
      "provider": "provider[\"registry.terraform.io/ciscodevnet/aci\"]",
      "instances": [
        {
          "schema_version": 1,
          "attributes": {
            "alloc_mode": "inherit",
            "annotation": "orchestrator:terraform",
            "description": "",
            "from": "vlan-1185",
            "id": "uni/infra/vlanns-[access]-static/from-[vlan-1185]-to-[vlan-1185]",
            "name_alias": "",
            "role": "external",
            "to": "vlan-1185",
            "vlan_pool_dn": "uni/infra/vlanns-[access]-static"
          },
          "sensitive_attributes": [],
          "private": "eyJzY2hlbWFfdmVyc2lvbiI6IjEifQ==",
          "dependencies": [
            "data.aci_vlan_pool.access"
          ]
        }
      ]
    },
    {
      "mode": "managed",
      "type": "aci_ranges",
      "name": "access_1186",
      "provider": "provider[\"registry.terraform.io/ciscodevnet/aci\"]",
      "instances": [
        {
          "schema_version": 1,
          "attributes": {
            "alloc_mode": "inherit",
            "annotation": "orchestrator:terraform",
            "description": "",
            "from": "vlan-1186",
            "id": "uni/infra/vlanns-[access]-static/from-[vlan-1186]-to-[vlan-1186]",
            "name_alias": "",
            "role": "external",
            "to": "vlan-1186",
            "vlan_pool_dn": "uni/infra/vlanns-[access]-static"
          },
          "sensitive_attributes": [],
          "private": "eyJzY2hlbWFfdmVyc2lvbiI6IjEifQ==",
          "dependencies": [
            "data.aci_vlan_pool.access"
          ]
        }
      ]
    },
    {
      "mode": "managed",
      "type": "aci_ranges",
      "name": "access_1187",
      "provider": "provider[\"registry.terraform.io/ciscodevnet/aci\"]",
      "instances": [
        {
          "schema_version": 1,
          "attributes": {
            "alloc_mode": "inherit",
            "annotation": "orchestrator:terraform",
            "description": "",
            "from": "vlan-1187",
            "id": "uni/infra/vlanns-[access]-static/from-[vlan-1187]-to-[vlan-1187]",
            "name_alias": "",
            "role": "external",
            "to": "vlan-1187",
            "vlan_pool_dn": "uni/infra/vlanns-[access]-static"
          },
          "sensitive_attributes": [],
          "private": "eyJzY2hlbWFfdmVyc2lvbiI6IjEifQ==",
          "dependencies": [
            "data.aci_vlan_pool.access"
          ]
        }
      ]
    },
    {
      "mode": "managed",
      "type": "aci_ranges",
      "name": "access_1188",
      "provider": "provider[\"registry.terraform.io/ciscodevnet/aci\"]",
      "instances": [
        {
          "schema_version": 1,
          "attributes": {
            "alloc_mode": "inherit",
            "annotation": "orchestrator:terraform",
            "description": "",
            "from": "vlan-1188",
            "id": "uni/infra/vlanns-[access]-static/from-[vlan-1188]-to-[vlan-1188]",
            "name_alias": "",
            "role": "external",
            "to": "vlan-1188",
            "vlan_pool_dn": "uni/infra/vlanns-[access]-static"
          },
          "sensitive_attributes": [],
          "private": "eyJzY2hlbWFfdmVyc2lvbiI6IjEifQ==",
          "dependencies": [
            "data.aci_vlan_pool.access"
          ]
        }
      ]
    },
    {
      "mode": "managed",
      "type": "aci_ranges",
      "name": "access_1189",
      "provider": "provider[\"registry.terraform.io/ciscodevnet/aci\"]",
      "instances": [
        {
          "schema_version": 1,
          "attributes": {
            "alloc_mode": "inherit",
            "annotation": "orchestrator:terraform",
            "description": "",
            "from": "vlan-1189",
            "id": "uni/infra/vlanns-[access]-static/from-[vlan-1189]-to-[vlan-1189]",
            "name_alias": "",
            "role": "external",
            "to": "vlan-1189",
            "vlan_pool_dn": "uni/infra/vlanns-[access]-static"
          },
          "sensitive_attributes": [],
          "private": "eyJzY2hlbWFfdmVyc2lvbiI6IjEifQ==",
          "dependencies": [
            "data.aci_vlan_pool.access"
          ]
        }
      ]
    },
    {
      "mode": "managed",
      "type": "aci_ranges",
      "name": "access_119",
      "provider": "provider[\"registry.terraform.io/ciscodevnet/aci\"]",
      "instances": [
        {
          "schema_version": 1,
          "attributes": {
            "alloc_mode": "inherit",
            "annotation": "orchestrator:terraform",
            "description": "",
            "from": "vlan-119",
            "id": "uni/infra/vlanns-[access]-static/from-[vlan-119]-to-[vlan-119]",
            "name_alias": "",
            "role": "external",
            "to": "vlan-119",
            "vlan_pool_dn": "uni/infra/vlanns-[access]-static"
          },
          "sensitive_attributes": [],
          "private": "eyJzY2hlbWFfdmVyc2lvbiI6IjEifQ==",
          "dependencies": [
            "data.aci_vlan_pool.access"
          ]
        }
      ]
    },
    {
      "mode": "managed",
      "type": "aci_ranges",
      "name": "access_1190",
      "provider": "provider[\"registry.terraform.io/ciscodevnet/aci\"]",
      "instances": [
        {
          "schema_version": 1,
          "attributes": {
            "alloc_mode": "inherit",
            "annotation": "orchestrator:terraform",
            "description": "",
            "from": "vlan-1190",
            "id": "uni/infra/vlanns-[access]-static/from-[vlan-1190]-to-[vlan-1190]",
            "name_alias": "",
            "role": "external",
            "to": "vlan-1190",
            "vlan_pool_dn": "uni/infra/vlanns-[access]-static"
          },
          "sensitive_attributes": [],
          "private": "eyJzY2hlbWFfdmVyc2lvbiI6IjEifQ==",
          "dependencies": [
            "data.aci_vlan_pool.access"
          ]
        }
      ]
    },
    {
      "mode": "managed",
      "type": "aci_ranges",
      "name": "access_1191",
      "provider": "provider[\"registry.terraform.io/ciscodevnet/aci\"]",
      "instances": [
        {
          "schema_version": 1,
          "attributes": {
            "alloc_mode": "inherit",
            "annotation": "orchestrator:terraform",
            "description": "",
            "from": "vlan-1191",
            "id": "uni/infra/vlanns-[access]-static/from-[vlan-1191]-to-[vlan-1191]",
            "name_alias": "",
            "role": "external",
            "to": "vlan-1191",
            "vlan_pool_dn": "uni/infra/vlanns-[access]-static"
          },
          "sensitive_attributes": [],
          "private": "eyJzY2hlbWFfdmVyc2lvbiI6IjEifQ==",
          "dependencies": [
            "data.aci_vlan_pool.access"
          ]
        }
      ]
    },
    {
      "mode": "managed",
      "type": "aci_ranges",
      "name": "access_1192",
      "provider": "provider[\"registry.terraform.io/ciscodevnet/aci\"]",
      "instances": [
        {
          "schema_version": 1,
          "attributes": {
            "alloc_mode": "inherit",
            "annotation": "orchestrator:terraform",
            "description": "",
            "from": "vlan-1192",
            "id": "uni/infra/vlanns-[access]-static/from-[vlan-1192]-to-[vlan-1192]",
            "name_alias": "",
            "role": "external",
            "to": "vlan-1192",
            "vlan_pool_dn": "uni/infra/vlanns-[access]-static"
          },
          "sensitive_attributes": [],
          "private": "eyJzY2hlbWFfdmVyc2lvbiI6IjEifQ==",
          "dependencies": [
            "data.aci_vlan_pool.access"
          ]
        }
      ]
    },
    {
      "mode": "managed",
      "type": "aci_ranges",
      "name": "access_1193",
      "provider": "provider[\"registry.terraform.io/ciscodevnet/aci\"]",
      "instances": [
        {
          "schema_version": 1,
          "attributes": {
            "alloc_mode": "inherit",
            "annotation": "orchestrator:terraform",
            "description": "",
            "from": "vlan-1193",
            "id": "uni/infra/vlanns-[access]-static/from-[vlan-1193]-to-[vlan-1193]",
            "name_alias": "",
            "role": "external",
            "to": "vlan-1193",
            "vlan_pool_dn": "uni/infra/vlanns-[access]-static"
          },
          "sensitive_attributes": [],
          "private": "eyJzY2hlbWFfdmVyc2lvbiI6IjEifQ==",
          "dependencies": [
            "data.aci_vlan_pool.access"
          ]
        }
      ]
    },
    {
      "mode": "managed",
      "type": "aci_ranges",
      "name": "access_1194",
      "provider": "provider[\"registry.terraform.io/ciscodevnet/aci\"]",
      "instances": [
        {
          "schema_version": 1,
          "attributes": {
            "alloc_mode": "inherit",
            "annotation": "orchestrator:terraform",
            "description": "",
            "from": "vlan-1194",
            "id": "uni/infra/vlanns-[access]-static/from-[vlan-1194]-to-[vlan-1194]",
            "name_alias": "",
            "role": "external",
            "to": "vlan-1194",
            "vlan_pool_dn": "uni/infra/vlanns-[access]-static"
          },
          "sensitive_attributes": [],
          "private": "eyJzY2hlbWFfdmVyc2lvbiI6IjEifQ==",
          "dependencies": [
            "data.aci_vlan_pool.access"
          ]
        }
      ]
    },
    {
      "mode": "managed",
      "type": "aci_ranges",
      "name": "access_1195",
      "provider": "provider[\"registry.terraform.io/ciscodevnet/aci\"]",
      "instances": [
        {
          "schema_version": 1,
          "attributes": {
            "alloc_mode": "inherit",
            "annotation": "orchestrator:terraform",
            "description": "",
            "from": "vlan-1195",
            "id": "uni/infra/vlanns-[access]-static/from-[vlan-1195]-to-[vlan-1195]",
            "name_alias": "",
            "role": "external",
            "to": "vlan-1195",
            "vlan_pool_dn": "uni/infra/vlanns-[access]-static"
          },
          "sensitive_attributes": [],
          "private": "eyJzY2hlbWFfdmVyc2lvbiI6IjEifQ==",
          "dependencies": [
            "data.aci_vlan_pool.access"
          ]
        }
      ]
    },
    {
      "mode": "managed",
      "type": "aci_ranges",
      "name": "access_1196",
      "provider": "provider[\"registry.terraform.io/ciscodevnet/aci\"]",
      "instances": [
        {
          "schema_version": 1,
          "attributes": {
            "alloc_mode": "inherit",
            "annotation": "orchestrator:terraform",
            "description": "",
            "from": "vlan-1196",
            "id": "uni/infra/vlanns-[access]-static/from-[vlan-1196]-to-[vlan-1196]",
            "name_alias": "",
            "role": "external",
            "to": "vlan-1196",
            "vlan_pool_dn": "uni/infra/vlanns-[access]-static"
          },
          "sensitive_attributes": [],
          "private": "eyJzY2hlbWFfdmVyc2lvbiI6IjEifQ==",
          "dependencies": [
            "data.aci_vlan_pool.access"
          ]
        }
      ]
    },
    {
      "mode": "managed",
      "type": "aci_ranges",
      "name": "access_1197",
      "provider": "provider[\"registry.terraform.io/ciscodevnet/aci\"]",
      "instances": [
        {
          "schema_version": 1,
          "attributes": {
            "alloc_mode": "inherit",
            "annotation": "orchestrator:terraform",
            "description": "",
            "from": "vlan-1197",
            "id": "uni/infra/vlanns-[access]-static/from-[vlan-1197]-to-[vlan-1197]",
            "name_alias": "",
            "role": "external",
            "to": "vlan-1197",
            "vlan_pool_dn": "uni/infra/vlanns-[access]-static"
          },
          "sensitive_attributes": [],
          "private": "eyJzY2hlbWFfdmVyc2lvbiI6IjEifQ==",
          "dependencies": [
            "data.aci_vlan_pool.access"
          ]
        }
      ]
    },
    {
      "mode": "managed",
      "type": "aci_ranges",
      "name": "access_1198",
      "provider": "provider[\"registry.terraform.io/ciscodevnet/aci\"]",
      "instances": [
        {
          "schema_version": 1,
          "attributes": {
            "alloc_mode": "inherit",
            "annotation": "orchestrator:terraform",
            "description": "",
            "from": "vlan-1198",
            "id": "uni/infra/vlanns-[access]-static/from-[vlan-1198]-to-[vlan-1198]",
            "name_alias": "",
            "role": "external",
            "to": "vlan-1198",
            "vlan_pool_dn": "uni/infra/vlanns-[access]-static"
          },
          "sensitive_attributes": [],
          "private": "eyJzY2hlbWFfdmVyc2lvbiI6IjEifQ==",
          "dependencies": [
            "data.aci_vlan_pool.access"
          ]
        }
      ]
    },
    {
      "mode": "managed",
      "type": "aci_ranges",
      "name": "access_1199",
      "provider": "provider[\"registry.terraform.io/ciscodevnet/aci\"]",
      "instances": [
        {
          "schema_version": 1,
          "attributes": {
            "alloc_mode": "inherit",
            "annotation": "orchestrator:terraform",
            "description": "",
            "from": "vlan-1199",
            "id": "uni/infra/vlanns-[access]-static/from-[vlan-1199]-to-[vlan-1199]",
            "name_alias": "",
            "role": "external",
            "to": "vlan-1199",
            "vlan_pool_dn": "uni/infra/vlanns-[access]-static"
          },
          "sensitive_attributes": [],
          "private": "eyJzY2hlbWFfdmVyc2lvbiI6IjEifQ==",
          "dependencies": [
            "data.aci_vlan_pool.access"
          ]
        }
      ]
    },
    {
      "mode": "managed",
      "type": "aci_ranges",
      "name": "access_12",
      "provider": "provider[\"registry.terraform.io/ciscodevnet/aci\"]",
      "instances": [
        {
          "schema_version": 1,
          "attributes": {
            "alloc_mode": "inherit",
            "annotation": "orchestrator:terraform",
            "description": "",
            "from": "vlan-12",
            "id": "uni/infra/vlanns-[access]-static/from-[vlan-12]-to-[vlan-12]",
            "name_alias": "",
            "role": "external",
            "to": "vlan-12",
            "vlan_pool_dn": "uni/infra/vlanns-[access]-static"
          },
          "sensitive_attributes": [],
          "private": "eyJzY2hlbWFfdmVyc2lvbiI6IjEifQ==",
          "dependencies": [
            "data.aci_vlan_pool.access"
          ]
        }
      ]
    },
    {
      "mode": "managed",
      "type": "aci_ranges",
      "name": "access_120",
      "provider": "provider[\"registry.terraform.io/ciscodevnet/aci\"]",
      "instances": [
        {
          "schema_version": 1,
          "attributes": {
            "alloc_mode": "inherit",
            "annotation": "orchestrator:terraform",
            "description": "",
            "from": "vlan-120",
            "id": "uni/infra/vlanns-[access]-static/from-[vlan-120]-to-[vlan-120]",
            "name_alias": "",
            "role": "external",
            "to": "vlan-120",
            "vlan_pool_dn": "uni/infra/vlanns-[access]-static"
          },
          "sensitive_attributes": [],
          "private": "eyJzY2hlbWFfdmVyc2lvbiI6IjEifQ==",
          "dependencies": [
            "data.aci_vlan_pool.access"
          ]
        }
      ]
    },
    {
      "mode": "managed",
      "type": "aci_ranges",
      "name": "access_121",
      "provider": "provider[\"registry.terraform.io/ciscodevnet/aci\"]",
      "instances": [
        {
          "schema_version": 1,
          "attributes": {
            "alloc_mode": "inherit",
            "annotation": "orchestrator:terraform",
            "description": "",
            "from": "vlan-121",
            "id": "uni/infra/vlanns-[access]-static/from-[vlan-121]-to-[vlan-121]",
            "name_alias": "",
            "role": "external",
            "to": "vlan-121",
            "vlan_pool_dn": "uni/infra/vlanns-[access]-static"
          },
          "sensitive_attributes": [],
          "private": "eyJzY2hlbWFfdmVyc2lvbiI6IjEifQ==",
          "dependencies": [
            "data.aci_vlan_pool.access"
          ]
        }
      ]
    },
    {
      "mode": "managed",
      "type": "aci_ranges",
      "name": "access_122",
      "provider": "provider[\"registry.terraform.io/ciscodevnet/aci\"]",
      "instances": [
        {
          "schema_version": 1,
          "attributes": {
            "alloc_mode": "inherit",
            "annotation": "orchestrator:terraform",
            "description": "",
            "from": "vlan-122",
            "id": "uni/infra/vlanns-[access]-static/from-[vlan-122]-to-[vlan-122]",
            "name_alias": "",
            "role": "external",
            "to": "vlan-122",
            "vlan_pool_dn": "uni/infra/vlanns-[access]-static"
          },
          "sensitive_attributes": [],
          "private": "eyJzY2hlbWFfdmVyc2lvbiI6IjEifQ==",
          "dependencies": [
            "data.aci_vlan_pool.access"
          ]
        }
      ]
    },
    {
      "mode": "managed",
      "type": "aci_ranges",
      "name": "access_123",
      "provider": "provider[\"registry.terraform.io/ciscodevnet/aci\"]",
      "instances": [
        {
          "schema_version": 1,
          "attributes": {
            "alloc_mode": "inherit",
            "annotation": "orchestrator:terraform",
            "description": "",
            "from": "vlan-123",
            "id": "uni/infra/vlanns-[access]-static/from-[vlan-123]-to-[vlan-123]",
            "name_alias": "",
            "role": "external",
            "to": "vlan-123",
            "vlan_pool_dn": "uni/infra/vlanns-[access]-static"
          },
          "sensitive_attributes": [],
          "private": "eyJzY2hlbWFfdmVyc2lvbiI6IjEifQ==",
          "dependencies": [
            "data.aci_vlan_pool.access"
          ]
        }
      ]
    },
    {
      "mode": "managed",
      "type": "aci_ranges",
      "name": "access_124",
      "provider": "provider[\"registry.terraform.io/ciscodevnet/aci\"]",
      "instances": [
        {
          "schema_version": 1,
          "attributes": {
            "alloc_mode": "inherit",
            "annotation": "orchestrator:terraform",
            "description": "",
            "from": "vlan-124",
            "id": "uni/infra/vlanns-[access]-static/from-[vlan-124]-to-[vlan-124]",
            "name_alias": "",
            "role": "external",
            "to": "vlan-124",
            "vlan_pool_dn": "uni/infra/vlanns-[access]-static"
          },
          "sensitive_attributes": [],
          "private": "eyJzY2hlbWFfdmVyc2lvbiI6IjEifQ==",
          "dependencies": [
            "data.aci_vlan_pool.access"
          ]
        }
      ]
    },
    {
      "mode": "managed",
      "type": "aci_ranges",
      "name": "access_125",
      "provider": "provider[\"registry.terraform.io/ciscodevnet/aci\"]",
      "instances": [
        {
          "schema_version": 1,
          "attributes": {
            "alloc_mode": "inherit",
            "annotation": "orchestrator:terraform",
            "description": "",
            "from": "vlan-125",
            "id": "uni/infra/vlanns-[access]-static/from-[vlan-125]-to-[vlan-125]",
            "name_alias": "",
            "role": "external",
            "to": "vlan-125",
            "vlan_pool_dn": "uni/infra/vlanns-[access]-static"
          },
          "sensitive_attributes": [],
          "private": "eyJzY2hlbWFfdmVyc2lvbiI6IjEifQ==",
          "dependencies": [
            "data.aci_vlan_pool.access"
          ]
        }
      ]
    },
    {
      "mode": "managed",
      "type": "aci_ranges",
      "name": "access_126",
      "provider": "provider[\"registry.terraform.io/ciscodevnet/aci\"]",
      "instances": [
        {
          "schema_version": 1,
          "attributes": {
            "alloc_mode": "inherit",
            "annotation": "orchestrator:terraform",
            "description": "",
            "from": "vlan-126",
            "id": "uni/infra/vlanns-[access]-static/from-[vlan-126]-to-[vlan-126]",
            "name_alias": "",
            "role": "external",
            "to": "vlan-126",
            "vlan_pool_dn": "uni/infra/vlanns-[access]-static"
          },
          "sensitive_attributes": [],
          "private": "eyJzY2hlbWFfdmVyc2lvbiI6IjEifQ==",
          "dependencies": [
            "data.aci_vlan_pool.access"
          ]
        }
      ]
    },
    {
      "mode": "managed",
      "type": "aci_ranges",
      "name": "access_127",
      "provider": "provider[\"registry.terraform.io/ciscodevnet/aci\"]",
      "instances": [
        {
          "schema_version": 1,
          "attributes": {
            "alloc_mode": "inherit",
            "annotation": "orchestrator:terraform",
            "description": "",
            "from": "vlan-127",
            "id": "uni/infra/vlanns-[access]-static/from-[vlan-127]-to-[vlan-127]",
            "name_alias": "",
            "role": "external",
            "to": "vlan-127",
            "vlan_pool_dn": "uni/infra/vlanns-[access]-static"
          },
          "sensitive_attributes": [],
          "private": "eyJzY2hlbWFfdmVyc2lvbiI6IjEifQ==",
          "dependencies": [
            "data.aci_vlan_pool.access"
          ]
        }
      ]
    },
    {
      "mode": "managed",
      "type": "aci_ranges",
      "name": "access_128",
      "provider": "provider[\"registry.terraform.io/ciscodevnet/aci\"]",
      "instances": [
        {
          "schema_version": 1,
          "attributes": {
            "alloc_mode": "inherit",
            "annotation": "orchestrator:terraform",
            "description": "",
            "from": "vlan-128",
            "id": "uni/infra/vlanns-[access]-static/from-[vlan-128]-to-[vlan-128]",
            "name_alias": "",
            "role": "external",
            "to": "vlan-128",
            "vlan_pool_dn": "uni/infra/vlanns-[access]-static"
          },
          "sensitive_attributes": [],
          "private": "eyJzY2hlbWFfdmVyc2lvbiI6IjEifQ==",
          "dependencies": [
            "data.aci_vlan_pool.access"
          ]
        }
      ]
    },
    {
      "mode": "managed",
      "type": "aci_ranges",
      "name": "access_129",
      "provider": "provider[\"registry.terraform.io/ciscodevnet/aci\"]",
      "instances": [
        {
          "schema_version": 1,
          "attributes": {
            "alloc_mode": "inherit",
            "annotation": "orchestrator:terraform",
            "description": "",
            "from": "vlan-129",
            "id": "uni/infra/vlanns-[access]-static/from-[vlan-129]-to-[vlan-129]",
            "name_alias": "",
            "role": "external",
            "to": "vlan-129",
            "vlan_pool_dn": "uni/infra/vlanns-[access]-static"
          },
          "sensitive_attributes": [],
          "private": "eyJzY2hlbWFfdmVyc2lvbiI6IjEifQ==",
          "dependencies": [
            "data.aci_vlan_pool.access"
          ]
        }
      ]
    },
    {
      "mode": "managed",
      "type": "aci_ranges",
      "name": "access_13",
      "provider": "provider[\"registry.terraform.io/ciscodevnet/aci\"]",
      "instances": [
        {
          "schema_version": 1,
          "attributes": {
            "alloc_mode": "inherit",
            "annotation": "orchestrator:terraform",
            "description": "",
            "from": "vlan-13",
            "id": "uni/infra/vlanns-[access]-static/from-[vlan-13]-to-[vlan-13]",
            "name_alias": "",
            "role": "external",
            "to": "vlan-13",
            "vlan_pool_dn": "uni/infra/vlanns-[access]-static"
          },
          "sensitive_attributes": [],
          "private": "eyJzY2hlbWFfdmVyc2lvbiI6IjEifQ==",
          "dependencies": [
            "data.aci_vlan_pool.access"
          ]
        }
      ]
    },
    {
      "mode": "managed",
      "type": "aci_ranges",
      "name": "access_130",
      "provider": "provider[\"registry.terraform.io/ciscodevnet/aci\"]",
      "instances": [
        {
          "schema_version": 1,
          "attributes": {
            "alloc_mode": "inherit",
            "annotation": "orchestrator:terraform",
            "description": "",
            "from": "vlan-130",
            "id": "uni/infra/vlanns-[access]-static/from-[vlan-130]-to-[vlan-130]",
            "name_alias": "",
            "role": "external",
            "to": "vlan-130",
            "vlan_pool_dn": "uni/infra/vlanns-[access]-static"
          },
          "sensitive_attributes": [],
          "private": "eyJzY2hlbWFfdmVyc2lvbiI6IjEifQ==",
          "dependencies": [
            "data.aci_vlan_pool.access"
          ]
        }
      ]
    },
    {
      "mode": "managed",
      "type": "aci_ranges",
      "name": "access_131",
      "provider": "provider[\"registry.terraform.io/ciscodevnet/aci\"]",
      "instances": [
        {
          "schema_version": 1,
          "attributes": {
            "alloc_mode": "inherit",
            "annotation": "orchestrator:terraform",
            "description": "",
            "from": "vlan-131",
            "id": "uni/infra/vlanns-[access]-static/from-[vlan-131]-to-[vlan-131]",
            "name_alias": "",
            "role": "external",
            "to": "vlan-131",
            "vlan_pool_dn": "uni/infra/vlanns-[access]-static"
          },
          "sensitive_attributes": [],
          "private": "eyJzY2hlbWFfdmVyc2lvbiI6IjEifQ==",
          "dependencies": [
            "data.aci_vlan_pool.access"
          ]
        }
      ]
    },
    {
      "mode": "managed",
      "type": "aci_ranges",
      "name": "access_132",
      "provider": "provider[\"registry.terraform.io/ciscodevnet/aci\"]",
      "instances": [
        {
          "schema_version": 1,
          "attributes": {
            "alloc_mode": "inherit",
            "annotation": "orchestrator:terraform",
            "description": "",
            "from": "vlan-132",
            "id": "uni/infra/vlanns-[access]-static/from-[vlan-132]-to-[vlan-132]",
            "name_alias": "",
            "role": "external",
            "to": "vlan-132",
            "vlan_pool_dn": "uni/infra/vlanns-[access]-static"
          },
          "sensitive_attributes": [],
          "private": "eyJzY2hlbWFfdmVyc2lvbiI6IjEifQ==",
          "dependencies": [
            "data.aci_vlan_pool.access"
          ]
        }
      ]
    },
    {
      "mode": "managed",
      "type": "aci_ranges",
      "name": "access_133",
      "provider": "provider[\"registry.terraform.io/ciscodevnet/aci\"]",
      "instances": [
        {
          "schema_version": 1,
          "attributes": {
            "alloc_mode": "inherit",
            "annotation": "orchestrator:terraform",
            "description": "",
            "from": "vlan-133",
            "id": "uni/infra/vlanns-[access]-static/from-[vlan-133]-to-[vlan-133]",
            "name_alias": "",
            "role": "external",
            "to": "vlan-133",
            "vlan_pool_dn": "uni/infra/vlanns-[access]-static"
          },
          "sensitive_attributes": [],
          "private": "eyJzY2hlbWFfdmVyc2lvbiI6IjEifQ==",
          "dependencies": [
            "data.aci_vlan_pool.access"
          ]
        }
      ]
    },
    {
      "mode": "managed",
      "type": "aci_ranges",
      "name": "access_134",
      "provider": "provider[\"registry.terraform.io/ciscodevnet/aci\"]",
      "instances": [
        {
          "schema_version": 1,
          "attributes": {
            "alloc_mode": "inherit",
            "annotation": "orchestrator:terraform",
            "description": "",
            "from": "vlan-134",
            "id": "uni/infra/vlanns-[access]-static/from-[vlan-134]-to-[vlan-134]",
            "name_alias": "",
            "role": "external",
            "to": "vlan-134",
            "vlan_pool_dn": "uni/infra/vlanns-[access]-static"
          },
          "sensitive_attributes": [],
          "private": "eyJzY2hlbWFfdmVyc2lvbiI6IjEifQ==",
          "dependencies": [
            "data.aci_vlan_pool.access"
          ]
        }
      ]
    },
    {
      "mode": "managed",
      "type": "aci_ranges",
      "name": "access_135",
      "provider": "provider[\"registry.terraform.io/ciscodevnet/aci\"]",
      "instances": [
        {
          "schema_version": 1,
          "attributes": {
            "alloc_mode": "inherit",
            "annotation": "orchestrator:terraform",
            "description": "",
            "from": "vlan-135",
            "id": "uni/infra/vlanns-[access]-static/from-[vlan-135]-to-[vlan-135]",
            "name_alias": "",
            "role": "external",
            "to": "vlan-135",
            "vlan_pool_dn": "uni/infra/vlanns-[access]-static"
          },
          "sensitive_attributes": [],
          "private": "eyJzY2hlbWFfdmVyc2lvbiI6IjEifQ==",
          "dependencies": [
            "data.aci_vlan_pool.access"
          ]
        }
      ]
    },
    {
      "mode": "managed",
      "type": "aci_ranges",
      "name": "access_136",
      "provider": "provider[\"registry.terraform.io/ciscodevnet/aci\"]",
      "instances": [
        {
          "schema_version": 1,
          "attributes": {
            "alloc_mode": "inherit",
            "annotation": "orchestrator:terraform",
            "description": "",
            "from": "vlan-136",
            "id": "uni/infra/vlanns-[access]-static/from-[vlan-136]-to-[vlan-136]",
            "name_alias": "",
            "role": "external",
            "to": "vlan-136",
            "vlan_pool_dn": "uni/infra/vlanns-[access]-static"
          },
          "sensitive_attributes": [],
          "private": "eyJzY2hlbWFfdmVyc2lvbiI6IjEifQ==",
          "dependencies": [
            "data.aci_vlan_pool.access"
          ]
        }
      ]
    },
    {
      "mode": "managed",
      "type": "aci_ranges",
      "name": "access_137",
      "provider": "provider[\"registry.terraform.io/ciscodevnet/aci\"]",
      "instances": [
        {
          "schema_version": 1,
          "attributes": {
            "alloc_mode": "inherit",
            "annotation": "orchestrator:terraform",
            "description": "",
            "from": "vlan-137",
            "id": "uni/infra/vlanns-[access]-static/from-[vlan-137]-to-[vlan-137]",
            "name_alias": "",
            "role": "external",
            "to": "vlan-137",
            "vlan_pool_dn": "uni/infra/vlanns-[access]-static"
          },
          "sensitive_attributes": [],
          "private": "eyJzY2hlbWFfdmVyc2lvbiI6IjEifQ==",
          "dependencies": [
            "data.aci_vlan_pool.access"
          ]
        }
      ]
    },
    {
      "mode": "managed",
      "type": "aci_ranges",
      "name": "access_138",
      "provider": "provider[\"registry.terraform.io/ciscodevnet/aci\"]",
      "instances": [
        {
          "schema_version": 1,
          "attributes": {
            "alloc_mode": "inherit",
            "annotation": "orchestrator:terraform",
            "description": "",
            "from": "vlan-138",
            "id": "uni/infra/vlanns-[access]-static/from-[vlan-138]-to-[vlan-138]",
            "name_alias": "",
            "role": "external",
            "to": "vlan-138",
            "vlan_pool_dn": "uni/infra/vlanns-[access]-static"
          },
          "sensitive_attributes": [],
          "private": "eyJzY2hlbWFfdmVyc2lvbiI6IjEifQ==",
          "dependencies": [
            "data.aci_vlan_pool.access"
          ]
        }
      ]
    },
    {
      "mode": "managed",
      "type": "aci_ranges",
      "name": "access_139",
      "provider": "provider[\"registry.terraform.io/ciscodevnet/aci\"]",
      "instances": [
        {
          "schema_version": 1,
          "attributes": {
            "alloc_mode": "inherit",
            "annotation": "orchestrator:terraform",
            "description": "",
            "from": "vlan-139",
            "id": "uni/infra/vlanns-[access]-static/from-[vlan-139]-to-[vlan-139]",
            "name_alias": "",
            "role": "external",
            "to": "vlan-139",
            "vlan_pool_dn": "uni/infra/vlanns-[access]-static"
          },
          "sensitive_attributes": [],
          "private": "eyJzY2hlbWFfdmVyc2lvbiI6IjEifQ==",
          "dependencies": [
            "data.aci_vlan_pool.access"
          ]
        }
      ]
    },
    {
      "mode": "managed",
      "type": "aci_ranges",
      "name": "access_14",
      "provider": "provider[\"registry.terraform.io/ciscodevnet/aci\"]",
      "instances": [
        {
          "schema_version": 1,
          "attributes": {
            "alloc_mode": "inherit",
            "annotation": "orchestrator:terraform",
            "description": "",
            "from": "vlan-14",
            "id": "uni/infra/vlanns-[access]-static/from-[vlan-14]-to-[vlan-14]",
            "name_alias": "",
            "role": "external",
            "to": "vlan-14",
            "vlan_pool_dn": "uni/infra/vlanns-[access]-static"
          },
          "sensitive_attributes": [],
          "private": "eyJzY2hlbWFfdmVyc2lvbiI6IjEifQ==",
          "dependencies": [
            "data.aci_vlan_pool.access"
          ]
        }
      ]
    },
    {
      "mode": "managed",
      "type": "aci_ranges",
      "name": "access_140",
      "provider": "provider[\"registry.terraform.io/ciscodevnet/aci\"]",
      "instances": [
        {
          "schema_version": 1,
          "attributes": {
            "alloc_mode": "inherit",
            "annotation": "orchestrator:terraform",
            "description": "",
            "from": "vlan-140",
            "id": "uni/infra/vlanns-[access]-static/from-[vlan-140]-to-[vlan-140]",
            "name_alias": "",
            "role": "external",
            "to": "vlan-140",
            "vlan_pool_dn": "uni/infra/vlanns-[access]-static"
          },
          "sensitive_attributes": [],
          "private": "eyJzY2hlbWFfdmVyc2lvbiI6IjEifQ==",
          "dependencies": [
            "data.aci_vlan_pool.access"
          ]
        }
      ]
    },
    {
      "mode": "managed",
      "type": "aci_ranges",
      "name": "access_141",
      "provider": "provider[\"registry.terraform.io/ciscodevnet/aci\"]",
      "instances": [
        {
          "schema_version": 1,
          "attributes": {
            "alloc_mode": "inherit",
            "annotation": "orchestrator:terraform",
            "description": "",
            "from": "vlan-141",
            "id": "uni/infra/vlanns-[access]-static/from-[vlan-141]-to-[vlan-141]",
            "name_alias": "",
            "role": "external",
            "to": "vlan-141",
            "vlan_pool_dn": "uni/infra/vlanns-[access]-static"
          },
          "sensitive_attributes": [],
          "private": "eyJzY2hlbWFfdmVyc2lvbiI6IjEifQ==",
          "dependencies": [
            "data.aci_vlan_pool.access"
          ]
        }
      ]
    },
    {
      "mode": "managed",
      "type": "aci_ranges",
      "name": "access_142",
      "provider": "provider[\"registry.terraform.io/ciscodevnet/aci\"]",
      "instances": [
        {
          "schema_version": 1,
          "attributes": {
            "alloc_mode": "inherit",
            "annotation": "orchestrator:terraform",
            "description": "",
            "from": "vlan-142",
            "id": "uni/infra/vlanns-[access]-static/from-[vlan-142]-to-[vlan-142]",
            "name_alias": "",
            "role": "external",
            "to": "vlan-142",
            "vlan_pool_dn": "uni/infra/vlanns-[access]-static"
          },
          "sensitive_attributes": [],
          "private": "eyJzY2hlbWFfdmVyc2lvbiI6IjEifQ==",
          "dependencies": [
            "data.aci_vlan_pool.access"
          ]
        }
      ]
    },
    {
      "mode": "managed",
      "type": "aci_ranges",
      "name": "access_143",
      "provider": "provider[\"registry.terraform.io/ciscodevnet/aci\"]",
      "instances": [
        {
          "schema_version": 1,
          "attributes": {
            "alloc_mode": "inherit",
            "annotation": "orchestrator:terraform",
            "description": "",
            "from": "vlan-143",
            "id": "uni/infra/vlanns-[access]-static/from-[vlan-143]-to-[vlan-143]",
            "name_alias": "",
            "role": "external",
            "to": "vlan-143",
            "vlan_pool_dn": "uni/infra/vlanns-[access]-static"
          },
          "sensitive_attributes": [],
          "private": "eyJzY2hlbWFfdmVyc2lvbiI6IjEifQ==",
          "dependencies": [
            "data.aci_vlan_pool.access"
          ]
        }
      ]
    },
    {
      "mode": "managed",
      "type": "aci_ranges",
      "name": "access_144",
      "provider": "provider[\"registry.terraform.io/ciscodevnet/aci\"]",
      "instances": [
        {
          "schema_version": 1,
          "attributes": {
            "alloc_mode": "inherit",
            "annotation": "orchestrator:terraform",
            "description": "",
            "from": "vlan-144",
            "id": "uni/infra/vlanns-[access]-static/from-[vlan-144]-to-[vlan-144]",
            "name_alias": "",
            "role": "external",
            "to": "vlan-144",
            "vlan_pool_dn": "uni/infra/vlanns-[access]-static"
          },
          "sensitive_attributes": [],
          "private": "eyJzY2hlbWFfdmVyc2lvbiI6IjEifQ==",
          "dependencies": [
            "data.aci_vlan_pool.access"
          ]
        }
      ]
    },
    {
      "mode": "managed",
      "type": "aci_ranges",
      "name": "access_145",
      "provider": "provider[\"registry.terraform.io/ciscodevnet/aci\"]",
      "instances": [
        {
          "schema_version": 1,
          "attributes": {
            "alloc_mode": "inherit",
            "annotation": "orchestrator:terraform",
            "description": "",
            "from": "vlan-145",
            "id": "uni/infra/vlanns-[access]-static/from-[vlan-145]-to-[vlan-145]",
            "name_alias": "",
            "role": "external",
            "to": "vlan-145",
            "vlan_pool_dn": "uni/infra/vlanns-[access]-static"
          },
          "sensitive_attributes": [],
          "private": "eyJzY2hlbWFfdmVyc2lvbiI6IjEifQ==",
          "dependencies": [
            "data.aci_vlan_pool.access"
          ]
        }
      ]
    },
    {
      "mode": "managed",
      "type": "aci_ranges",
      "name": "access_146",
      "provider": "provider[\"registry.terraform.io/ciscodevnet/aci\"]",
      "instances": [
        {
          "schema_version": 1,
          "attributes": {
            "alloc_mode": "inherit",
            "annotation": "orchestrator:terraform",
            "description": "",
            "from": "vlan-146",
            "id": "uni/infra/vlanns-[access]-static/from-[vlan-146]-to-[vlan-146]",
            "name_alias": "",
            "role": "external",
            "to": "vlan-146",
            "vlan_pool_dn": "uni/infra/vlanns-[access]-static"
          },
          "sensitive_attributes": [],
          "private": "eyJzY2hlbWFfdmVyc2lvbiI6IjEifQ==",
          "dependencies": [
            "data.aci_vlan_pool.access"
          ]
        }
      ]
    },
    {
      "mode": "managed",
      "type": "aci_ranges",
      "name": "access_147",
      "provider": "provider[\"registry.terraform.io/ciscodevnet/aci\"]",
      "instances": [
        {
          "schema_version": 1,
          "attributes": {
            "alloc_mode": "inherit",
            "annotation": "orchestrator:terraform",
            "description": "",
            "from": "vlan-147",
            "id": "uni/infra/vlanns-[access]-static/from-[vlan-147]-to-[vlan-147]",
            "name_alias": "",
            "role": "external",
            "to": "vlan-147",
            "vlan_pool_dn": "uni/infra/vlanns-[access]-static"
          },
          "sensitive_attributes": [],
          "private": "eyJzY2hlbWFfdmVyc2lvbiI6IjEifQ==",
          "dependencies": [
            "data.aci_vlan_pool.access"
          ]
        }
      ]
    },
    {
      "mode": "managed",
      "type": "aci_ranges",
      "name": "access_148",
      "provider": "provider[\"registry.terraform.io/ciscodevnet/aci\"]",
      "instances": [
        {
          "schema_version": 1,
          "attributes": {
            "alloc_mode": "inherit",
            "annotation": "orchestrator:terraform",
            "description": "",
            "from": "vlan-148",
            "id": "uni/infra/vlanns-[access]-static/from-[vlan-148]-to-[vlan-148]",
            "name_alias": "",
            "role": "external",
            "to": "vlan-148",
            "vlan_pool_dn": "uni/infra/vlanns-[access]-static"
          },
          "sensitive_attributes": [],
          "private": "eyJzY2hlbWFfdmVyc2lvbiI6IjEifQ==",
          "dependencies": [
            "data.aci_vlan_pool.access"
          ]
        }
      ]
    },
    {
      "mode": "managed",
      "type": "aci_ranges",
      "name": "access_149",
      "provider": "provider[\"registry.terraform.io/ciscodevnet/aci\"]",
      "instances": [
        {
          "schema_version": 1,
          "attributes": {
            "alloc_mode": "inherit",
            "annotation": "orchestrator:terraform",
            "description": "",
            "from": "vlan-149",
            "id": "uni/infra/vlanns-[access]-static/from-[vlan-149]-to-[vlan-149]",
            "name_alias": "",
            "role": "external",
            "to": "vlan-149",
            "vlan_pool_dn": "uni/infra/vlanns-[access]-static"
          },
          "sensitive_attributes": [],
          "private": "eyJzY2hlbWFfdmVyc2lvbiI6IjEifQ==",
          "dependencies": [
            "data.aci_vlan_pool.access"
          ]
        }
      ]
    },
    {
      "mode": "managed",
      "type": "aci_ranges",
      "name": "access_15",
      "provider": "provider[\"registry.terraform.io/ciscodevnet/aci\"]",
      "instances": [
        {
          "schema_version": 1,
          "attributes": {
            "alloc_mode": "inherit",
            "annotation": "orchestrator:terraform",
            "description": "",
            "from": "vlan-15",
            "id": "uni/infra/vlanns-[access]-static/from-[vlan-15]-to-[vlan-15]",
            "name_alias": "",
            "role": "external",
            "to": "vlan-15",
            "vlan_pool_dn": "uni/infra/vlanns-[access]-static"
          },
          "sensitive_attributes": [],
          "private": "eyJzY2hlbWFfdmVyc2lvbiI6IjEifQ==",
          "dependencies": [
            "data.aci_vlan_pool.access"
          ]
        }
      ]
    },
    {
      "mode": "managed",
      "type": "aci_ranges",
      "name": "access_150",
      "provider": "provider[\"registry.terraform.io/ciscodevnet/aci\"]",
      "instances": [
        {
          "schema_version": 1,
          "attributes": {
            "alloc_mode": "inherit",
            "annotation": "orchestrator:terraform",
            "description": "",
            "from": "vlan-150",
            "id": "uni/infra/vlanns-[access]-static/from-[vlan-150]-to-[vlan-150]",
            "name_alias": "",
            "role": "external",
            "to": "vlan-150",
            "vlan_pool_dn": "uni/infra/vlanns-[access]-static"
          },
          "sensitive_attributes": [],
          "private": "eyJzY2hlbWFfdmVyc2lvbiI6IjEifQ==",
          "dependencies": [
            "data.aci_vlan_pool.access"
          ]
        }
      ]
    },
    {
      "mode": "managed",
      "type": "aci_ranges",
      "name": "access_151",
      "provider": "provider[\"registry.terraform.io/ciscodevnet/aci\"]",
      "instances": [
        {
          "schema_version": 1,
          "attributes": {
            "alloc_mode": "inherit",
            "annotation": "orchestrator:terraform",
            "description": "",
            "from": "vlan-151",
            "id": "uni/infra/vlanns-[access]-static/from-[vlan-151]-to-[vlan-151]",
            "name_alias": "",
            "role": "external",
            "to": "vlan-151",
            "vlan_pool_dn": "uni/infra/vlanns-[access]-static"
          },
          "sensitive_attributes": [],
          "private": "eyJzY2hlbWFfdmVyc2lvbiI6IjEifQ==",
          "dependencies": [
            "data.aci_vlan_pool.access"
          ]
        }
      ]
    },
    {
      "mode": "managed",
      "type": "aci_ranges",
      "name": "access_152",
      "provider": "provider[\"registry.terraform.io/ciscodevnet/aci\"]",
      "instances": [
        {
          "schema_version": 1,
          "attributes": {
            "alloc_mode": "inherit",
            "annotation": "orchestrator:terraform",
            "description": "",
            "from": "vlan-152",
            "id": "uni/infra/vlanns-[access]-static/from-[vlan-152]-to-[vlan-152]",
            "name_alias": "",
            "role": "external",
            "to": "vlan-152",
            "vlan_pool_dn": "uni/infra/vlanns-[access]-static"
          },
          "sensitive_attributes": [],
          "private": "eyJzY2hlbWFfdmVyc2lvbiI6IjEifQ==",
          "dependencies": [
            "data.aci_vlan_pool.access"
          ]
        }
      ]
    },
    {
      "mode": "managed",
      "type": "aci_ranges",
      "name": "access_153",
      "provider": "provider[\"registry.terraform.io/ciscodevnet/aci\"]",
      "instances": [
        {
          "schema_version": 1,
          "attributes": {
            "alloc_mode": "inherit",
            "annotation": "orchestrator:terraform",
            "description": "",
            "from": "vlan-153",
            "id": "uni/infra/vlanns-[access]-static/from-[vlan-153]-to-[vlan-153]",
            "name_alias": "",
            "role": "external",
            "to": "vlan-153",
            "vlan_pool_dn": "uni/infra/vlanns-[access]-static"
          },
          "sensitive_attributes": [],
          "private": "eyJzY2hlbWFfdmVyc2lvbiI6IjEifQ==",
          "dependencies": [
            "data.aci_vlan_pool.access"
          ]
        }
      ]
    },
    {
      "mode": "managed",
      "type": "aci_ranges",
      "name": "access_154",
      "provider": "provider[\"registry.terraform.io/ciscodevnet/aci\"]",
      "instances": [
        {
          "schema_version": 1,
          "attributes": {
            "alloc_mode": "inherit",
            "annotation": "orchestrator:terraform",
            "description": "",
            "from": "vlan-154",
            "id": "uni/infra/vlanns-[access]-static/from-[vlan-154]-to-[vlan-154]",
            "name_alias": "",
            "role": "external",
            "to": "vlan-154",
            "vlan_pool_dn": "uni/infra/vlanns-[access]-static"
          },
          "sensitive_attributes": [],
          "private": "eyJzY2hlbWFfdmVyc2lvbiI6IjEifQ==",
          "dependencies": [
            "data.aci_vlan_pool.access"
          ]
        }
      ]
    },
    {
      "mode": "managed",
      "type": "aci_ranges",
      "name": "access_155",
      "provider": "provider[\"registry.terraform.io/ciscodevnet/aci\"]",
      "instances": [
        {
          "schema_version": 1,
          "attributes": {
            "alloc_mode": "inherit",
            "annotation": "orchestrator:terraform",
            "description": "",
            "from": "vlan-155",
            "id": "uni/infra/vlanns-[access]-static/from-[vlan-155]-to-[vlan-155]",
            "name_alias": "",
            "role": "external",
            "to": "vlan-155",
            "vlan_pool_dn": "uni/infra/vlanns-[access]-static"
          },
          "sensitive_attributes": [],
          "private": "eyJzY2hlbWFfdmVyc2lvbiI6IjEifQ==",
          "dependencies": [
            "data.aci_vlan_pool.access"
          ]
        }
      ]
    },
    {
      "mode": "managed",
      "type": "aci_ranges",
      "name": "access_156",
      "provider": "provider[\"registry.terraform.io/ciscodevnet/aci\"]",
      "instances": [
        {
          "schema_version": 1,
          "attributes": {
            "alloc_mode": "inherit",
            "annotation": "orchestrator:terraform",
            "description": "",
            "from": "vlan-156",
            "id": "uni/infra/vlanns-[access]-static/from-[vlan-156]-to-[vlan-156]",
            "name_alias": "",
            "role": "external",
            "to": "vlan-156",
            "vlan_pool_dn": "uni/infra/vlanns-[access]-static"
          },
          "sensitive_attributes": [],
          "private": "eyJzY2hlbWFfdmVyc2lvbiI6IjEifQ==",
          "dependencies": [
            "data.aci_vlan_pool.access"
          ]
        }
      ]
    },
    {
      "mode": "managed",
      "type": "aci_ranges",
      "name": "access_157",
      "provider": "provider[\"registry.terraform.io/ciscodevnet/aci\"]",
      "instances": [
        {
          "schema_version": 1,
          "attributes": {
            "alloc_mode": "inherit",
            "annotation": "orchestrator:terraform",
            "description": "",
            "from": "vlan-157",
            "id": "uni/infra/vlanns-[access]-static/from-[vlan-157]-to-[vlan-157]",
            "name_alias": "",
            "role": "external",
            "to": "vlan-157",
            "vlan_pool_dn": "uni/infra/vlanns-[access]-static"
          },
          "sensitive_attributes": [],
          "private": "eyJzY2hlbWFfdmVyc2lvbiI6IjEifQ==",
          "dependencies": [
            "data.aci_vlan_pool.access"
          ]
        }
      ]
    },
    {
      "mode": "managed",
      "type": "aci_ranges",
      "name": "access_158",
      "provider": "provider[\"registry.terraform.io/ciscodevnet/aci\"]",
      "instances": [
        {
          "schema_version": 1,
          "attributes": {
            "alloc_mode": "inherit",
            "annotation": "orchestrator:terraform",
            "description": "",
            "from": "vlan-158",
            "id": "uni/infra/vlanns-[access]-static/from-[vlan-158]-to-[vlan-158]",
            "name_alias": "",
            "role": "external",
            "to": "vlan-158",
            "vlan_pool_dn": "uni/infra/vlanns-[access]-static"
          },
          "sensitive_attributes": [],
          "private": "eyJzY2hlbWFfdmVyc2lvbiI6IjEifQ==",
          "dependencies": [
            "data.aci_vlan_pool.access"
          ]
        }
      ]
    },
    {
      "mode": "managed",
      "type": "aci_ranges",
      "name": "access_159",
      "provider": "provider[\"registry.terraform.io/ciscodevnet/aci\"]",
      "instances": [
        {
          "schema_version": 1,
          "attributes": {
            "alloc_mode": "inherit",
            "annotation": "orchestrator:terraform",
            "description": "",
            "from": "vlan-159",
            "id": "uni/infra/vlanns-[access]-static/from-[vlan-159]-to-[vlan-159]",
            "name_alias": "",
            "role": "external",
            "to": "vlan-159",
            "vlan_pool_dn": "uni/infra/vlanns-[access]-static"
          },
          "sensitive_attributes": [],
          "private": "eyJzY2hlbWFfdmVyc2lvbiI6IjEifQ==",
          "dependencies": [
            "data.aci_vlan_pool.access"
          ]
        }
      ]
    },
    {
      "mode": "managed",
      "type": "aci_ranges",
      "name": "access_16",
      "provider": "provider[\"registry.terraform.io/ciscodevnet/aci\"]",
      "instances": [
        {
          "schema_version": 1,
          "attributes": {
            "alloc_mode": "inherit",
            "annotation": "orchestrator:terraform",
            "description": "",
            "from": "vlan-16",
            "id": "uni/infra/vlanns-[access]-static/from-[vlan-16]-to-[vlan-16]",
            "name_alias": "",
            "role": "external",
            "to": "vlan-16",
            "vlan_pool_dn": "uni/infra/vlanns-[access]-static"
          },
          "sensitive_attributes": [],
          "private": "eyJzY2hlbWFfdmVyc2lvbiI6IjEifQ==",
          "dependencies": [
            "data.aci_vlan_pool.access"
          ]
        }
      ]
    },
    {
      "mode": "managed",
      "type": "aci_ranges",
      "name": "access_160",
      "provider": "provider[\"registry.terraform.io/ciscodevnet/aci\"]",
      "instances": [
        {
          "schema_version": 1,
          "attributes": {
            "alloc_mode": "inherit",
            "annotation": "orchestrator:terraform",
            "description": "",
            "from": "vlan-160",
            "id": "uni/infra/vlanns-[access]-static/from-[vlan-160]-to-[vlan-160]",
            "name_alias": "",
            "role": "external",
            "to": "vlan-160",
            "vlan_pool_dn": "uni/infra/vlanns-[access]-static"
          },
          "sensitive_attributes": [],
          "private": "eyJzY2hlbWFfdmVyc2lvbiI6IjEifQ==",
          "dependencies": [
            "data.aci_vlan_pool.access"
          ]
        }
      ]
    },
    {
      "mode": "managed",
      "type": "aci_ranges",
      "name": "access_161",
      "provider": "provider[\"registry.terraform.io/ciscodevnet/aci\"]",
      "instances": [
        {
          "schema_version": 1,
          "attributes": {
            "alloc_mode": "inherit",
            "annotation": "orchestrator:terraform",
            "description": "",
            "from": "vlan-161",
            "id": "uni/infra/vlanns-[access]-static/from-[vlan-161]-to-[vlan-161]",
            "name_alias": "",
            "role": "external",
            "to": "vlan-161",
            "vlan_pool_dn": "uni/infra/vlanns-[access]-static"
          },
          "sensitive_attributes": [],
          "private": "eyJzY2hlbWFfdmVyc2lvbiI6IjEifQ==",
          "dependencies": [
            "data.aci_vlan_pool.access"
          ]
        }
      ]
    },
    {
      "mode": "managed",
      "type": "aci_ranges",
      "name": "access_162",
      "provider": "provider[\"registry.terraform.io/ciscodevnet/aci\"]",
      "instances": [
        {
          "schema_version": 1,
          "attributes": {
            "alloc_mode": "inherit",
            "annotation": "orchestrator:terraform",
            "description": "",
            "from": "vlan-162",
            "id": "uni/infra/vlanns-[access]-static/from-[vlan-162]-to-[vlan-162]",
            "name_alias": "",
            "role": "external",
            "to": "vlan-162",
            "vlan_pool_dn": "uni/infra/vlanns-[access]-static"
          },
          "sensitive_attributes": [],
          "private": "eyJzY2hlbWFfdmVyc2lvbiI6IjEifQ==",
          "dependencies": [
            "data.aci_vlan_pool.access"
          ]
        }
      ]
    },
    {
      "mode": "managed",
      "type": "aci_ranges",
      "name": "access_163",
      "provider": "provider[\"registry.terraform.io/ciscodevnet/aci\"]",
      "instances": [
        {
          "schema_version": 1,
          "attributes": {
            "alloc_mode": "inherit",
            "annotation": "orchestrator:terraform",
            "description": "",
            "from": "vlan-163",
            "id": "uni/infra/vlanns-[access]-static/from-[vlan-163]-to-[vlan-163]",
            "name_alias": "",
            "role": "external",
            "to": "vlan-163",
            "vlan_pool_dn": "uni/infra/vlanns-[access]-static"
          },
          "sensitive_attributes": [],
          "private": "eyJzY2hlbWFfdmVyc2lvbiI6IjEifQ==",
          "dependencies": [
            "data.aci_vlan_pool.access"
          ]
        }
      ]
    },
    {
      "mode": "managed",
      "type": "aci_ranges",
      "name": "access_164",
      "provider": "provider[\"registry.terraform.io/ciscodevnet/aci\"]",
      "instances": [
        {
          "schema_version": 1,
          "attributes": {
            "alloc_mode": "inherit",
            "annotation": "orchestrator:terraform",
            "description": "",
            "from": "vlan-164",
            "id": "uni/infra/vlanns-[access]-static/from-[vlan-164]-to-[vlan-164]",
            "name_alias": "",
            "role": "external",
            "to": "vlan-164",
            "vlan_pool_dn": "uni/infra/vlanns-[access]-static"
          },
          "sensitive_attributes": [],
          "private": "eyJzY2hlbWFfdmVyc2lvbiI6IjEifQ==",
          "dependencies": [
            "data.aci_vlan_pool.access"
          ]
        }
      ]
    },
    {
      "mode": "managed",
      "type": "aci_ranges",
      "name": "access_165",
      "provider": "provider[\"registry.terraform.io/ciscodevnet/aci\"]",
      "instances": [
        {
          "schema_version": 1,
          "attributes": {
            "alloc_mode": "inherit",
            "annotation": "orchestrator:terraform",
            "description": "",
            "from": "vlan-165",
            "id": "uni/infra/vlanns-[access]-static/from-[vlan-165]-to-[vlan-165]",
            "name_alias": "",
            "role": "external",
            "to": "vlan-165",
            "vlan_pool_dn": "uni/infra/vlanns-[access]-static"
          },
          "sensitive_attributes": [],
          "private": "eyJzY2hlbWFfdmVyc2lvbiI6IjEifQ==",
          "dependencies": [
            "data.aci_vlan_pool.access"
          ]
        }
      ]
    },
    {
      "mode": "managed",
      "type": "aci_ranges",
      "name": "access_166",
      "provider": "provider[\"registry.terraform.io/ciscodevnet/aci\"]",
      "instances": [
        {
          "schema_version": 1,
          "attributes": {
            "alloc_mode": "inherit",
            "annotation": "orchestrator:terraform",
            "description": "",
            "from": "vlan-166",
            "id": "uni/infra/vlanns-[access]-static/from-[vlan-166]-to-[vlan-166]",
            "name_alias": "",
            "role": "external",
            "to": "vlan-166",
            "vlan_pool_dn": "uni/infra/vlanns-[access]-static"
          },
          "sensitive_attributes": [],
          "private": "eyJzY2hlbWFfdmVyc2lvbiI6IjEifQ==",
          "dependencies": [
            "data.aci_vlan_pool.access"
          ]
        }
      ]
    },
    {
      "mode": "managed",
      "type": "aci_ranges",
      "name": "access_167",
      "provider": "provider[\"registry.terraform.io/ciscodevnet/aci\"]",
      "instances": [
        {
          "schema_version": 1,
          "attributes": {
            "alloc_mode": "inherit",
            "annotation": "orchestrator:terraform",
            "description": "",
            "from": "vlan-167",
            "id": "uni/infra/vlanns-[access]-static/from-[vlan-167]-to-[vlan-167]",
            "name_alias": "",
            "role": "external",
            "to": "vlan-167",
            "vlan_pool_dn": "uni/infra/vlanns-[access]-static"
          },
          "sensitive_attributes": [],
          "private": "eyJzY2hlbWFfdmVyc2lvbiI6IjEifQ==",
          "dependencies": [
            "data.aci_vlan_pool.access"
          ]
        }
      ]
    },
    {
      "mode": "managed",
      "type": "aci_ranges",
      "name": "access_168",
      "provider": "provider[\"registry.terraform.io/ciscodevnet/aci\"]",
      "instances": [
        {
          "schema_version": 1,
          "attributes": {
            "alloc_mode": "inherit",
            "annotation": "orchestrator:terraform",
            "description": "",
            "from": "vlan-168",
            "id": "uni/infra/vlanns-[access]-static/from-[vlan-168]-to-[vlan-168]",
            "name_alias": "",
            "role": "external",
            "to": "vlan-168",
            "vlan_pool_dn": "uni/infra/vlanns-[access]-static"
          },
          "sensitive_attributes": [],
          "private": "eyJzY2hlbWFfdmVyc2lvbiI6IjEifQ==",
          "dependencies": [
            "data.aci_vlan_pool.access"
          ]
        }
      ]
    },
    {
      "mode": "managed",
      "type": "aci_ranges",
      "name": "access_169",
      "provider": "provider[\"registry.terraform.io/ciscodevnet/aci\"]",
      "instances": [
        {
          "schema_version": 1,
          "attributes": {
            "alloc_mode": "inherit",
            "annotation": "orchestrator:terraform",
            "description": "",
            "from": "vlan-169",
            "id": "uni/infra/vlanns-[access]-static/from-[vlan-169]-to-[vlan-169]",
            "name_alias": "",
            "role": "external",
            "to": "vlan-169",
            "vlan_pool_dn": "uni/infra/vlanns-[access]-static"
          },
          "sensitive_attributes": [],
          "private": "eyJzY2hlbWFfdmVyc2lvbiI6IjEifQ==",
          "dependencies": [
            "data.aci_vlan_pool.access"
          ]
        }
      ]
    },
    {
      "mode": "managed",
      "type": "aci_ranges",
      "name": "access_17",
      "provider": "provider[\"registry.terraform.io/ciscodevnet/aci\"]",
      "instances": [
        {
          "schema_version": 1,
          "attributes": {
            "alloc_mode": "inherit",
            "annotation": "orchestrator:terraform",
            "description": "",
            "from": "vlan-17",
            "id": "uni/infra/vlanns-[access]-static/from-[vlan-17]-to-[vlan-17]",
            "name_alias": "",
            "role": "external",
            "to": "vlan-17",
            "vlan_pool_dn": "uni/infra/vlanns-[access]-static"
          },
          "sensitive_attributes": [],
          "private": "eyJzY2hlbWFfdmVyc2lvbiI6IjEifQ==",
          "dependencies": [
            "data.aci_vlan_pool.access"
          ]
        }
      ]
    },
    {
      "mode": "managed",
      "type": "aci_ranges",
      "name": "access_170",
      "provider": "provider[\"registry.terraform.io/ciscodevnet/aci\"]",
      "instances": [
        {
          "schema_version": 1,
          "attributes": {
            "alloc_mode": "inherit",
            "annotation": "orchestrator:terraform",
            "description": "",
            "from": "vlan-170",
            "id": "uni/infra/vlanns-[access]-static/from-[vlan-170]-to-[vlan-170]",
            "name_alias": "",
            "role": "external",
            "to": "vlan-170",
            "vlan_pool_dn": "uni/infra/vlanns-[access]-static"
          },
          "sensitive_attributes": [],
          "private": "eyJzY2hlbWFfdmVyc2lvbiI6IjEifQ==",
          "dependencies": [
            "data.aci_vlan_pool.access"
          ]
        }
      ]
    },
    {
      "mode": "managed",
      "type": "aci_ranges",
      "name": "access_171",
      "provider": "provider[\"registry.terraform.io/ciscodevnet/aci\"]",
      "instances": [
        {
          "schema_version": 1,
          "attributes": {
            "alloc_mode": "inherit",
            "annotation": "orchestrator:terraform",
            "description": "",
            "from": "vlan-171",
            "id": "uni/infra/vlanns-[access]-static/from-[vlan-171]-to-[vlan-171]",
            "name_alias": "",
            "role": "external",
            "to": "vlan-171",
            "vlan_pool_dn": "uni/infra/vlanns-[access]-static"
          },
          "sensitive_attributes": [],
          "private": "eyJzY2hlbWFfdmVyc2lvbiI6IjEifQ==",
          "dependencies": [
            "data.aci_vlan_pool.access"
          ]
        }
      ]
    },
    {
      "mode": "managed",
      "type": "aci_ranges",
      "name": "access_172",
      "provider": "provider[\"registry.terraform.io/ciscodevnet/aci\"]",
      "instances": [
        {
          "schema_version": 1,
          "attributes": {
            "alloc_mode": "inherit",
            "annotation": "orchestrator:terraform",
            "description": "",
            "from": "vlan-172",
            "id": "uni/infra/vlanns-[access]-static/from-[vlan-172]-to-[vlan-172]",
            "name_alias": "",
            "role": "external",
            "to": "vlan-172",
            "vlan_pool_dn": "uni/infra/vlanns-[access]-static"
          },
          "sensitive_attributes": [],
          "private": "eyJzY2hlbWFfdmVyc2lvbiI6IjEifQ==",
          "dependencies": [
            "data.aci_vlan_pool.access"
          ]
        }
      ]
    },
    {
      "mode": "managed",
      "type": "aci_ranges",
      "name": "access_173",
      "provider": "provider[\"registry.terraform.io/ciscodevnet/aci\"]",
      "instances": [
        {
          "schema_version": 1,
          "attributes": {
            "alloc_mode": "inherit",
            "annotation": "orchestrator:terraform",
            "description": "",
            "from": "vlan-173",
            "id": "uni/infra/vlanns-[access]-static/from-[vlan-173]-to-[vlan-173]",
            "name_alias": "",
            "role": "external",
            "to": "vlan-173",
            "vlan_pool_dn": "uni/infra/vlanns-[access]-static"
          },
          "sensitive_attributes": [],
          "private": "eyJzY2hlbWFfdmVyc2lvbiI6IjEifQ==",
          "dependencies": [
            "data.aci_vlan_pool.access"
          ]
        }
      ]
    },
    {
      "mode": "managed",
      "type": "aci_ranges",
      "name": "access_174",
      "provider": "provider[\"registry.terraform.io/ciscodevnet/aci\"]",
      "instances": [
        {
          "schema_version": 1,
          "attributes": {
            "alloc_mode": "inherit",
            "annotation": "orchestrator:terraform",
            "description": "",
            "from": "vlan-174",
            "id": "uni/infra/vlanns-[access]-static/from-[vlan-174]-to-[vlan-174]",
            "name_alias": "",
            "role": "external",
            "to": "vlan-174",
            "vlan_pool_dn": "uni/infra/vlanns-[access]-static"
          },
          "sensitive_attributes": [],
          "private": "eyJzY2hlbWFfdmVyc2lvbiI6IjEifQ==",
          "dependencies": [
            "data.aci_vlan_pool.access"
          ]
        }
      ]
    },
    {
      "mode": "managed",
      "type": "aci_ranges",
      "name": "access_175",
      "provider": "provider[\"registry.terraform.io/ciscodevnet/aci\"]",
      "instances": [
        {
          "schema_version": 1,
          "attributes": {
            "alloc_mode": "inherit",
            "annotation": "orchestrator:terraform",
            "description": "",
            "from": "vlan-175",
            "id": "uni/infra/vlanns-[access]-static/from-[vlan-175]-to-[vlan-175]",
            "name_alias": "",
            "role": "external",
            "to": "vlan-175",
            "vlan_pool_dn": "uni/infra/vlanns-[access]-static"
          },
          "sensitive_attributes": [],
          "private": "eyJzY2hlbWFfdmVyc2lvbiI6IjEifQ==",
          "dependencies": [
            "data.aci_vlan_pool.access"
          ]
        }
      ]
    },
    {
      "mode": "managed",
      "type": "aci_ranges",
      "name": "access_176",
      "provider": "provider[\"registry.terraform.io/ciscodevnet/aci\"]",
      "instances": [
        {
          "schema_version": 1,
          "attributes": {
            "alloc_mode": "inherit",
            "annotation": "orchestrator:terraform",
            "description": "",
            "from": "vlan-176",
            "id": "uni/infra/vlanns-[access]-static/from-[vlan-176]-to-[vlan-176]",
            "name_alias": "",
            "role": "external",
            "to": "vlan-176",
            "vlan_pool_dn": "uni/infra/vlanns-[access]-static"
          },
          "sensitive_attributes": [],
          "private": "eyJzY2hlbWFfdmVyc2lvbiI6IjEifQ==",
          "dependencies": [
            "data.aci_vlan_pool.access"
          ]
        }
      ]
    },
    {
      "mode": "managed",
      "type": "aci_ranges",
      "name": "access_177",
      "provider": "provider[\"registry.terraform.io/ciscodevnet/aci\"]",
      "instances": [
        {
          "schema_version": 1,
          "attributes": {
            "alloc_mode": "inherit",
            "annotation": "orchestrator:terraform",
            "description": "",
            "from": "vlan-177",
            "id": "uni/infra/vlanns-[access]-static/from-[vlan-177]-to-[vlan-177]",
            "name_alias": "",
            "role": "external",
            "to": "vlan-177",
            "vlan_pool_dn": "uni/infra/vlanns-[access]-static"
          },
          "sensitive_attributes": [],
          "private": "eyJzY2hlbWFfdmVyc2lvbiI6IjEifQ==",
          "dependencies": [
            "data.aci_vlan_pool.access"
          ]
        }
      ]
    },
    {
      "mode": "managed",
      "type": "aci_ranges",
      "name": "access_178",
      "provider": "provider[\"registry.terraform.io/ciscodevnet/aci\"]",
      "instances": [
        {
          "schema_version": 1,
          "attributes": {
            "alloc_mode": "inherit",
            "annotation": "orchestrator:terraform",
            "description": "",
            "from": "vlan-178",
            "id": "uni/infra/vlanns-[access]-static/from-[vlan-178]-to-[vlan-178]",
            "name_alias": "",
            "role": "external",
            "to": "vlan-178",
            "vlan_pool_dn": "uni/infra/vlanns-[access]-static"
          },
          "sensitive_attributes": [],
          "private": "eyJzY2hlbWFfdmVyc2lvbiI6IjEifQ==",
          "dependencies": [
            "data.aci_vlan_pool.access"
          ]
        }
      ]
    },
    {
      "mode": "managed",
      "type": "aci_ranges",
      "name": "access_179",
      "provider": "provider[\"registry.terraform.io/ciscodevnet/aci\"]",
      "instances": [
        {
          "schema_version": 1,
          "attributes": {
            "alloc_mode": "inherit",
            "annotation": "orchestrator:terraform",
            "description": "",
            "from": "vlan-179",
            "id": "uni/infra/vlanns-[access]-static/from-[vlan-179]-to-[vlan-179]",
            "name_alias": "",
            "role": "external",
            "to": "vlan-179",
            "vlan_pool_dn": "uni/infra/vlanns-[access]-static"
          },
          "sensitive_attributes": [],
          "private": "eyJzY2hlbWFfdmVyc2lvbiI6IjEifQ==",
          "dependencies": [
            "data.aci_vlan_pool.access"
          ]
        }
      ]
    },
    {
      "mode": "managed",
      "type": "aci_ranges",
      "name": "access_18",
      "provider": "provider[\"registry.terraform.io/ciscodevnet/aci\"]",
      "instances": [
        {
          "schema_version": 1,
          "attributes": {
            "alloc_mode": "inherit",
            "annotation": "orchestrator:terraform",
            "description": "",
            "from": "vlan-18",
            "id": "uni/infra/vlanns-[access]-static/from-[vlan-18]-to-[vlan-18]",
            "name_alias": "",
            "role": "external",
            "to": "vlan-18",
            "vlan_pool_dn": "uni/infra/vlanns-[access]-static"
          },
          "sensitive_attributes": [],
          "private": "eyJzY2hlbWFfdmVyc2lvbiI6IjEifQ==",
          "dependencies": [
            "data.aci_vlan_pool.access"
          ]
        }
      ]
    },
    {
      "mode": "managed",
      "type": "aci_ranges",
      "name": "access_180",
      "provider": "provider[\"registry.terraform.io/ciscodevnet/aci\"]",
      "instances": [
        {
          "schema_version": 1,
          "attributes": {
            "alloc_mode": "inherit",
            "annotation": "orchestrator:terraform",
            "description": "",
            "from": "vlan-180",
            "id": "uni/infra/vlanns-[access]-static/from-[vlan-180]-to-[vlan-180]",
            "name_alias": "",
            "role": "external",
            "to": "vlan-180",
            "vlan_pool_dn": "uni/infra/vlanns-[access]-static"
          },
          "sensitive_attributes": [],
          "private": "eyJzY2hlbWFfdmVyc2lvbiI6IjEifQ==",
          "dependencies": [
            "data.aci_vlan_pool.access"
          ]
        }
      ]
    },
    {
      "mode": "managed",
      "type": "aci_ranges",
      "name": "access_181",
      "provider": "provider[\"registry.terraform.io/ciscodevnet/aci\"]",
      "instances": [
        {
          "schema_version": 1,
          "attributes": {
            "alloc_mode": "inherit",
            "annotation": "orchestrator:terraform",
            "description": "",
            "from": "vlan-181",
            "id": "uni/infra/vlanns-[access]-static/from-[vlan-181]-to-[vlan-181]",
            "name_alias": "",
            "role": "external",
            "to": "vlan-181",
            "vlan_pool_dn": "uni/infra/vlanns-[access]-static"
          },
          "sensitive_attributes": [],
          "private": "eyJzY2hlbWFfdmVyc2lvbiI6IjEifQ==",
          "dependencies": [
            "data.aci_vlan_pool.access"
          ]
        }
      ]
    },
    {
      "mode": "managed",
      "type": "aci_ranges",
      "name": "access_182",
      "provider": "provider[\"registry.terraform.io/ciscodevnet/aci\"]",
      "instances": [
        {
          "schema_version": 1,
          "attributes": {
            "alloc_mode": "inherit",
            "annotation": "orchestrator:terraform",
            "description": "",
            "from": "vlan-182",
            "id": "uni/infra/vlanns-[access]-static/from-[vlan-182]-to-[vlan-182]",
            "name_alias": "",
            "role": "external",
            "to": "vlan-182",
            "vlan_pool_dn": "uni/infra/vlanns-[access]-static"
          },
          "sensitive_attributes": [],
          "private": "eyJzY2hlbWFfdmVyc2lvbiI6IjEifQ==",
          "dependencies": [
            "data.aci_vlan_pool.access"
          ]
        }
      ]
    },
    {
      "mode": "managed",
      "type": "aci_ranges",
      "name": "access_183",
      "provider": "provider[\"registry.terraform.io/ciscodevnet/aci\"]",
      "instances": [
        {
          "schema_version": 1,
          "attributes": {
            "alloc_mode": "inherit",
            "annotation": "orchestrator:terraform",
            "description": "",
            "from": "vlan-183",
            "id": "uni/infra/vlanns-[access]-static/from-[vlan-183]-to-[vlan-183]",
            "name_alias": "",
            "role": "external",
            "to": "vlan-183",
            "vlan_pool_dn": "uni/infra/vlanns-[access]-static"
          },
          "sensitive_attributes": [],
          "private": "eyJzY2hlbWFfdmVyc2lvbiI6IjEifQ==",
          "dependencies": [
            "data.aci_vlan_pool.access"
          ]
        }
      ]
    },
    {
      "mode": "managed",
      "type": "aci_ranges",
      "name": "access_184",
      "provider": "provider[\"registry.terraform.io/ciscodevnet/aci\"]",
      "instances": [
        {
          "schema_version": 1,
          "attributes": {
            "alloc_mode": "inherit",
            "annotation": "orchestrator:terraform",
            "description": "",
            "from": "vlan-184",
            "id": "uni/infra/vlanns-[access]-static/from-[vlan-184]-to-[vlan-184]",
            "name_alias": "",
            "role": "external",
            "to": "vlan-184",
            "vlan_pool_dn": "uni/infra/vlanns-[access]-static"
          },
          "sensitive_attributes": [],
          "private": "eyJzY2hlbWFfdmVyc2lvbiI6IjEifQ==",
          "dependencies": [
            "data.aci_vlan_pool.access"
          ]
        }
      ]
    },
    {
      "mode": "managed",
      "type": "aci_ranges",
      "name": "access_185",
      "provider": "provider[\"registry.terraform.io/ciscodevnet/aci\"]",
      "instances": [
        {
          "schema_version": 1,
          "attributes": {
            "alloc_mode": "inherit",
            "annotation": "orchestrator:terraform",
            "description": "",
            "from": "vlan-185",
            "id": "uni/infra/vlanns-[access]-static/from-[vlan-185]-to-[vlan-185]",
            "name_alias": "",
            "role": "external",
            "to": "vlan-185",
            "vlan_pool_dn": "uni/infra/vlanns-[access]-static"
          },
          "sensitive_attributes": [],
          "private": "eyJzY2hlbWFfdmVyc2lvbiI6IjEifQ==",
          "dependencies": [
            "data.aci_vlan_pool.access"
          ]
        }
      ]
    },
    {
      "mode": "managed",
      "type": "aci_ranges",
      "name": "access_186",
      "provider": "provider[\"registry.terraform.io/ciscodevnet/aci\"]",
      "instances": [
        {
          "schema_version": 1,
          "attributes": {
            "alloc_mode": "inherit",
            "annotation": "orchestrator:terraform",
            "description": "",
            "from": "vlan-186",
            "id": "uni/infra/vlanns-[access]-static/from-[vlan-186]-to-[vlan-186]",
            "name_alias": "",
            "role": "external",
            "to": "vlan-186",
            "vlan_pool_dn": "uni/infra/vlanns-[access]-static"
          },
          "sensitive_attributes": [],
          "private": "eyJzY2hlbWFfdmVyc2lvbiI6IjEifQ==",
          "dependencies": [
            "data.aci_vlan_pool.access"
          ]
        }
      ]
    },
    {
      "mode": "managed",
      "type": "aci_ranges",
      "name": "access_187",
      "provider": "provider[\"registry.terraform.io/ciscodevnet/aci\"]",
      "instances": [
        {
          "schema_version": 1,
          "attributes": {
            "alloc_mode": "inherit",
            "annotation": "orchestrator:terraform",
            "description": "",
            "from": "vlan-187",
            "id": "uni/infra/vlanns-[access]-static/from-[vlan-187]-to-[vlan-187]",
            "name_alias": "",
            "role": "external",
            "to": "vlan-187",
            "vlan_pool_dn": "uni/infra/vlanns-[access]-static"
          },
          "sensitive_attributes": [],
          "private": "eyJzY2hlbWFfdmVyc2lvbiI6IjEifQ==",
          "dependencies": [
            "data.aci_vlan_pool.access"
          ]
        }
      ]
    },
    {
      "mode": "managed",
      "type": "aci_ranges",
      "name": "access_188",
      "provider": "provider[\"registry.terraform.io/ciscodevnet/aci\"]",
      "instances": [
        {
          "schema_version": 1,
          "attributes": {
            "alloc_mode": "inherit",
            "annotation": "orchestrator:terraform",
            "description": "",
            "from": "vlan-188",
            "id": "uni/infra/vlanns-[access]-static/from-[vlan-188]-to-[vlan-188]",
            "name_alias": "",
            "role": "external",
            "to": "vlan-188",
            "vlan_pool_dn": "uni/infra/vlanns-[access]-static"
          },
          "sensitive_attributes": [],
          "private": "eyJzY2hlbWFfdmVyc2lvbiI6IjEifQ==",
          "dependencies": [
            "data.aci_vlan_pool.access"
          ]
        }
      ]
    },
    {
      "mode": "managed",
      "type": "aci_ranges",
      "name": "access_189",
      "provider": "provider[\"registry.terraform.io/ciscodevnet/aci\"]",
      "instances": [
        {
          "schema_version": 1,
          "attributes": {
            "alloc_mode": "inherit",
            "annotation": "orchestrator:terraform",
            "description": "",
            "from": "vlan-189",
            "id": "uni/infra/vlanns-[access]-static/from-[vlan-189]-to-[vlan-189]",
            "name_alias": "",
            "role": "external",
            "to": "vlan-189",
            "vlan_pool_dn": "uni/infra/vlanns-[access]-static"
          },
          "sensitive_attributes": [],
          "private": "eyJzY2hlbWFfdmVyc2lvbiI6IjEifQ==",
          "dependencies": [
            "data.aci_vlan_pool.access"
          ]
        }
      ]
    },
    {
      "mode": "managed",
      "type": "aci_ranges",
      "name": "access_19",
      "provider": "provider[\"registry.terraform.io/ciscodevnet/aci\"]",
      "instances": [
        {
          "schema_version": 1,
          "attributes": {
            "alloc_mode": "inherit",
            "annotation": "orchestrator:terraform",
            "description": "",
            "from": "vlan-19",
            "id": "uni/infra/vlanns-[access]-static/from-[vlan-19]-to-[vlan-19]",
            "name_alias": "",
            "role": "external",
            "to": "vlan-19",
            "vlan_pool_dn": "uni/infra/vlanns-[access]-static"
          },
          "sensitive_attributes": [],
          "private": "eyJzY2hlbWFfdmVyc2lvbiI6IjEifQ==",
          "dependencies": [
            "data.aci_vlan_pool.access"
          ]
        }
      ]
    },
    {
      "mode": "managed",
      "type": "aci_ranges",
      "name": "access_190",
      "provider": "provider[\"registry.terraform.io/ciscodevnet/aci\"]",
      "instances": [
        {
          "schema_version": 1,
          "attributes": {
            "alloc_mode": "inherit",
            "annotation": "orchestrator:terraform",
            "description": "",
            "from": "vlan-190",
            "id": "uni/infra/vlanns-[access]-static/from-[vlan-190]-to-[vlan-190]",
            "name_alias": "",
            "role": "external",
            "to": "vlan-190",
            "vlan_pool_dn": "uni/infra/vlanns-[access]-static"
          },
          "sensitive_attributes": [],
          "private": "eyJzY2hlbWFfdmVyc2lvbiI6IjEifQ==",
          "dependencies": [
            "data.aci_vlan_pool.access"
          ]
        }
      ]
    },
    {
      "mode": "managed",
      "type": "aci_ranges",
      "name": "access_191",
      "provider": "provider[\"registry.terraform.io/ciscodevnet/aci\"]",
      "instances": [
        {
          "schema_version": 1,
          "attributes": {
            "alloc_mode": "inherit",
            "annotation": "orchestrator:terraform",
            "description": "",
            "from": "vlan-191",
            "id": "uni/infra/vlanns-[access]-static/from-[vlan-191]-to-[vlan-191]",
            "name_alias": "",
            "role": "external",
            "to": "vlan-191",
            "vlan_pool_dn": "uni/infra/vlanns-[access]-static"
          },
          "sensitive_attributes": [],
          "private": "eyJzY2hlbWFfdmVyc2lvbiI6IjEifQ==",
          "dependencies": [
            "data.aci_vlan_pool.access"
          ]
        }
      ]
    },
    {
      "mode": "managed",
      "type": "aci_ranges",
      "name": "access_192",
      "provider": "provider[\"registry.terraform.io/ciscodevnet/aci\"]",
      "instances": [
        {
          "schema_version": 1,
          "attributes": {
            "alloc_mode": "inherit",
            "annotation": "orchestrator:terraform",
            "description": "",
            "from": "vlan-192",
            "id": "uni/infra/vlanns-[access]-static/from-[vlan-192]-to-[vlan-192]",
            "name_alias": "",
            "role": "external",
            "to": "vlan-192",
            "vlan_pool_dn": "uni/infra/vlanns-[access]-static"
          },
          "sensitive_attributes": [],
          "private": "eyJzY2hlbWFfdmVyc2lvbiI6IjEifQ==",
          "dependencies": [
            "data.aci_vlan_pool.access"
          ]
        }
      ]
    },
    {
      "mode": "managed",
      "type": "aci_ranges",
      "name": "access_193",
      "provider": "provider[\"registry.terraform.io/ciscodevnet/aci\"]",
      "instances": [
        {
          "schema_version": 1,
          "attributes": {
            "alloc_mode": "inherit",
            "annotation": "orchestrator:terraform",
            "description": "",
            "from": "vlan-193",
            "id": "uni/infra/vlanns-[access]-static/from-[vlan-193]-to-[vlan-193]",
            "name_alias": "",
            "role": "external",
            "to": "vlan-193",
            "vlan_pool_dn": "uni/infra/vlanns-[access]-static"
          },
          "sensitive_attributes": [],
          "private": "eyJzY2hlbWFfdmVyc2lvbiI6IjEifQ==",
          "dependencies": [
            "data.aci_vlan_pool.access"
          ]
        }
      ]
    },
    {
      "mode": "managed",
      "type": "aci_ranges",
      "name": "access_194",
      "provider": "provider[\"registry.terraform.io/ciscodevnet/aci\"]",
      "instances": [
        {
          "schema_version": 1,
          "attributes": {
            "alloc_mode": "inherit",
            "annotation": "orchestrator:terraform",
            "description": "",
            "from": "vlan-194",
            "id": "uni/infra/vlanns-[access]-static/from-[vlan-194]-to-[vlan-194]",
            "name_alias": "",
            "role": "external",
            "to": "vlan-194",
            "vlan_pool_dn": "uni/infra/vlanns-[access]-static"
          },
          "sensitive_attributes": [],
          "private": "eyJzY2hlbWFfdmVyc2lvbiI6IjEifQ==",
          "dependencies": [
            "data.aci_vlan_pool.access"
          ]
        }
      ]
    },
    {
      "mode": "managed",
      "type": "aci_ranges",
      "name": "access_195",
      "provider": "provider[\"registry.terraform.io/ciscodevnet/aci\"]",
      "instances": [
        {
          "schema_version": 1,
          "attributes": {
            "alloc_mode": "inherit",
            "annotation": "orchestrator:terraform",
            "description": "",
            "from": "vlan-195",
            "id": "uni/infra/vlanns-[access]-static/from-[vlan-195]-to-[vlan-195]",
            "name_alias": "",
            "role": "external",
            "to": "vlan-195",
            "vlan_pool_dn": "uni/infra/vlanns-[access]-static"
          },
          "sensitive_attributes": [],
          "private": "eyJzY2hlbWFfdmVyc2lvbiI6IjEifQ==",
          "dependencies": [
            "data.aci_vlan_pool.access"
          ]
        }
      ]
    },
    {
      "mode": "managed",
      "type": "aci_ranges",
      "name": "access_196",
      "provider": "provider[\"registry.terraform.io/ciscodevnet/aci\"]",
      "instances": [
        {
          "schema_version": 1,
          "attributes": {
            "alloc_mode": "inherit",
            "annotation": "orchestrator:terraform",
            "description": "",
            "from": "vlan-196",
            "id": "uni/infra/vlanns-[access]-static/from-[vlan-196]-to-[vlan-196]",
            "name_alias": "",
            "role": "external",
            "to": "vlan-196",
            "vlan_pool_dn": "uni/infra/vlanns-[access]-static"
          },
          "sensitive_attributes": [],
          "private": "eyJzY2hlbWFfdmVyc2lvbiI6IjEifQ==",
          "dependencies": [
            "data.aci_vlan_pool.access"
          ]
        }
      ]
    },
    {
      "mode": "managed",
      "type": "aci_ranges",
      "name": "access_197",
      "provider": "provider[\"registry.terraform.io/ciscodevnet/aci\"]",
      "instances": [
        {
          "schema_version": 1,
          "attributes": {
            "alloc_mode": "inherit",
            "annotation": "orchestrator:terraform",
            "description": "",
            "from": "vlan-197",
            "id": "uni/infra/vlanns-[access]-static/from-[vlan-197]-to-[vlan-197]",
            "name_alias": "",
            "role": "external",
            "to": "vlan-197",
            "vlan_pool_dn": "uni/infra/vlanns-[access]-static"
          },
          "sensitive_attributes": [],
          "private": "eyJzY2hlbWFfdmVyc2lvbiI6IjEifQ==",
          "dependencies": [
            "data.aci_vlan_pool.access"
          ]
        }
      ]
    },
    {
      "mode": "managed",
      "type": "aci_ranges",
      "name": "access_198",
      "provider": "provider[\"registry.terraform.io/ciscodevnet/aci\"]",
      "instances": [
        {
          "schema_version": 1,
          "attributes": {
            "alloc_mode": "inherit",
            "annotation": "orchestrator:terraform",
            "description": "",
            "from": "vlan-198",
            "id": "uni/infra/vlanns-[access]-static/from-[vlan-198]-to-[vlan-198]",
            "name_alias": "",
            "role": "external",
            "to": "vlan-198",
            "vlan_pool_dn": "uni/infra/vlanns-[access]-static"
          },
          "sensitive_attributes": [],
          "private": "eyJzY2hlbWFfdmVyc2lvbiI6IjEifQ==",
          "dependencies": [
            "data.aci_vlan_pool.access"
          ]
        }
      ]
    },
    {
      "mode": "managed",
      "type": "aci_ranges",
      "name": "access_199",
      "provider": "provider[\"registry.terraform.io/ciscodevnet/aci\"]",
      "instances": [
        {
          "schema_version": 1,
          "attributes": {
            "alloc_mode": "inherit",
            "annotation": "orchestrator:terraform",
            "description": "",
            "from": "vlan-199",
            "id": "uni/infra/vlanns-[access]-static/from-[vlan-199]-to-[vlan-199]",
            "name_alias": "",
            "role": "external",
            "to": "vlan-199",
            "vlan_pool_dn": "uni/infra/vlanns-[access]-static"
          },
          "sensitive_attributes": [],
          "private": "eyJzY2hlbWFfdmVyc2lvbiI6IjEifQ==",
          "dependencies": [
            "data.aci_vlan_pool.access"
          ]
        }
      ]
    },
    {
      "mode": "managed",
      "type": "aci_ranges",
      "name": "access_2",
      "provider": "provider[\"registry.terraform.io/ciscodevnet/aci\"]",
      "instances": [
        {
          "schema_version": 1,
          "attributes": {
            "alloc_mode": "inherit",
            "annotation": "orchestrator:terraform",
            "description": "",
            "from": "vlan-2",
            "id": "uni/infra/vlanns-[access]-static/from-[vlan-2]-to-[vlan-2]",
            "name_alias": "",
            "role": "external",
            "to": "vlan-2",
            "vlan_pool_dn": "uni/infra/vlanns-[access]-static"
          },
          "sensitive_attributes": [],
          "private": "eyJzY2hlbWFfdmVyc2lvbiI6IjEifQ==",
          "dependencies": [
            "data.aci_vlan_pool.access"
          ]
        }
      ]
    },
    {
      "mode": "managed",
      "type": "aci_ranges",
      "name": "access_20",
      "provider": "provider[\"registry.terraform.io/ciscodevnet/aci\"]",
      "instances": [
        {
          "schema_version": 1,
          "attributes": {
            "alloc_mode": "inherit",
            "annotation": "orchestrator:terraform",
            "description": "",
            "from": "vlan-20",
            "id": "uni/infra/vlanns-[access]-static/from-[vlan-20]-to-[vlan-20]",
            "name_alias": "",
            "role": "external",
            "to": "vlan-20",
            "vlan_pool_dn": "uni/infra/vlanns-[access]-static"
          },
          "sensitive_attributes": [],
          "private": "eyJzY2hlbWFfdmVyc2lvbiI6IjEifQ==",
          "dependencies": [
            "data.aci_vlan_pool.access"
          ]
        }
      ]
    },
    {
      "mode": "managed",
      "type": "aci_ranges",
      "name": "access_21",
      "provider": "provider[\"registry.terraform.io/ciscodevnet/aci\"]",
      "instances": [
        {
          "schema_version": 1,
          "attributes": {
            "alloc_mode": "inherit",
            "annotation": "orchestrator:terraform",
            "description": "",
            "from": "vlan-21",
            "id": "uni/infra/vlanns-[access]-static/from-[vlan-21]-to-[vlan-21]",
            "name_alias": "",
            "role": "external",
            "to": "vlan-21",
            "vlan_pool_dn": "uni/infra/vlanns-[access]-static"
          },
          "sensitive_attributes": [],
          "private": "eyJzY2hlbWFfdmVyc2lvbiI6IjEifQ==",
          "dependencies": [
            "data.aci_vlan_pool.access"
          ]
        }
      ]
    },
    {
      "mode": "managed",
      "type": "aci_ranges",
      "name": "access_22",
      "provider": "provider[\"registry.terraform.io/ciscodevnet/aci\"]",
      "instances": [
        {
          "schema_version": 1,
          "attributes": {
            "alloc_mode": "inherit",
            "annotation": "orchestrator:terraform",
            "description": "",
            "from": "vlan-22",
            "id": "uni/infra/vlanns-[access]-static/from-[vlan-22]-to-[vlan-22]",
            "name_alias": "",
            "role": "external",
            "to": "vlan-22",
            "vlan_pool_dn": "uni/infra/vlanns-[access]-static"
          },
          "sensitive_attributes": [],
          "private": "eyJzY2hlbWFfdmVyc2lvbiI6IjEifQ==",
          "dependencies": [
            "data.aci_vlan_pool.access"
          ]
        }
      ]
    },
    {
      "mode": "managed",
      "type": "aci_ranges",
      "name": "access_23",
      "provider": "provider[\"registry.terraform.io/ciscodevnet/aci\"]",
      "instances": [
        {
          "schema_version": 1,
          "attributes": {
            "alloc_mode": "inherit",
            "annotation": "orchestrator:terraform",
            "description": "",
            "from": "vlan-23",
            "id": "uni/infra/vlanns-[access]-static/from-[vlan-23]-to-[vlan-23]",
            "name_alias": "",
            "role": "external",
            "to": "vlan-23",
            "vlan_pool_dn": "uni/infra/vlanns-[access]-static"
          },
          "sensitive_attributes": [],
          "private": "eyJzY2hlbWFfdmVyc2lvbiI6IjEifQ==",
          "dependencies": [
            "data.aci_vlan_pool.access"
          ]
        }
      ]
    },
    {
      "mode": "managed",
      "type": "aci_ranges",
      "name": "access_24",
      "provider": "provider[\"registry.terraform.io/ciscodevnet/aci\"]",
      "instances": [
        {
          "schema_version": 1,
          "attributes": {
            "alloc_mode": "inherit",
            "annotation": "orchestrator:terraform",
            "description": "",
            "from": "vlan-24",
            "id": "uni/infra/vlanns-[access]-static/from-[vlan-24]-to-[vlan-24]",
            "name_alias": "",
            "role": "external",
            "to": "vlan-24",
            "vlan_pool_dn": "uni/infra/vlanns-[access]-static"
          },
          "sensitive_attributes": [],
          "private": "eyJzY2hlbWFfdmVyc2lvbiI6IjEifQ==",
          "dependencies": [
            "data.aci_vlan_pool.access"
          ]
        }
      ]
    },
    {
      "mode": "managed",
      "type": "aci_ranges",
      "name": "access_25",
      "provider": "provider[\"registry.terraform.io/ciscodevnet/aci\"]",
      "instances": [
        {
          "schema_version": 1,
          "attributes": {
            "alloc_mode": "inherit",
            "annotation": "orchestrator:terraform",
            "description": "",
            "from": "vlan-25",
            "id": "uni/infra/vlanns-[access]-static/from-[vlan-25]-to-[vlan-25]",
            "name_alias": "",
            "role": "external",
            "to": "vlan-25",
            "vlan_pool_dn": "uni/infra/vlanns-[access]-static"
          },
          "sensitive_attributes": [],
          "private": "eyJzY2hlbWFfdmVyc2lvbiI6IjEifQ==",
          "dependencies": [
            "data.aci_vlan_pool.access"
          ]
        }
      ]
    },
    {
      "mode": "managed",
      "type": "aci_ranges",
      "name": "access_26",
      "provider": "provider[\"registry.terraform.io/ciscodevnet/aci\"]",
      "instances": [
        {
          "schema_version": 1,
          "attributes": {
            "alloc_mode": "inherit",
            "annotation": "orchestrator:terraform",
            "description": "",
            "from": "vlan-26",
            "id": "uni/infra/vlanns-[access]-static/from-[vlan-26]-to-[vlan-26]",
            "name_alias": "",
            "role": "external",
            "to": "vlan-26",
            "vlan_pool_dn": "uni/infra/vlanns-[access]-static"
          },
          "sensitive_attributes": [],
          "private": "eyJzY2hlbWFfdmVyc2lvbiI6IjEifQ==",
          "dependencies": [
            "data.aci_vlan_pool.access"
          ]
        }
      ]
    },
    {
      "mode": "managed",
      "type": "aci_ranges",
      "name": "access_27",
      "provider": "provider[\"registry.terraform.io/ciscodevnet/aci\"]",
      "instances": [
        {
          "schema_version": 1,
          "attributes": {
            "alloc_mode": "inherit",
            "annotation": "orchestrator:terraform",
            "description": "",
            "from": "vlan-27",
            "id": "uni/infra/vlanns-[access]-static/from-[vlan-27]-to-[vlan-27]",
            "name_alias": "",
            "role": "external",
            "to": "vlan-27",
            "vlan_pool_dn": "uni/infra/vlanns-[access]-static"
          },
          "sensitive_attributes": [],
          "private": "eyJzY2hlbWFfdmVyc2lvbiI6IjEifQ==",
          "dependencies": [
            "data.aci_vlan_pool.access"
          ]
        }
      ]
    },
    {
      "mode": "managed",
      "type": "aci_ranges",
      "name": "access_28",
      "provider": "provider[\"registry.terraform.io/ciscodevnet/aci\"]",
      "instances": [
        {
          "schema_version": 1,
          "attributes": {
            "alloc_mode": "inherit",
            "annotation": "orchestrator:terraform",
            "description": "",
            "from": "vlan-28",
            "id": "uni/infra/vlanns-[access]-static/from-[vlan-28]-to-[vlan-28]",
            "name_alias": "",
            "role": "external",
            "to": "vlan-28",
            "vlan_pool_dn": "uni/infra/vlanns-[access]-static"
          },
          "sensitive_attributes": [],
          "private": "eyJzY2hlbWFfdmVyc2lvbiI6IjEifQ==",
          "dependencies": [
            "data.aci_vlan_pool.access"
          ]
        }
      ]
    },
    {
      "mode": "managed",
      "type": "aci_ranges",
      "name": "access_29",
      "provider": "provider[\"registry.terraform.io/ciscodevnet/aci\"]",
      "instances": [
        {
          "schema_version": 1,
          "attributes": {
            "alloc_mode": "inherit",
            "annotation": "orchestrator:terraform",
            "description": "",
            "from": "vlan-29",
            "id": "uni/infra/vlanns-[access]-static/from-[vlan-29]-to-[vlan-29]",
            "name_alias": "",
            "role": "external",
            "to": "vlan-29",
            "vlan_pool_dn": "uni/infra/vlanns-[access]-static"
          },
          "sensitive_attributes": [],
          "private": "eyJzY2hlbWFfdmVyc2lvbiI6IjEifQ==",
          "dependencies": [
            "data.aci_vlan_pool.access"
          ]
        }
      ]
    },
    {
      "mode": "managed",
      "type": "aci_ranges",
      "name": "access_3",
      "provider": "provider[\"registry.terraform.io/ciscodevnet/aci\"]",
      "instances": [
        {
          "schema_version": 1,
          "attributes": {
            "alloc_mode": "inherit",
            "annotation": "orchestrator:terraform",
            "description": "",
            "from": "vlan-3",
            "id": "uni/infra/vlanns-[access]-static/from-[vlan-3]-to-[vlan-3]",
            "name_alias": "",
            "role": "external",
            "to": "vlan-3",
            "vlan_pool_dn": "uni/infra/vlanns-[access]-static"
          },
          "sensitive_attributes": [],
          "private": "eyJzY2hlbWFfdmVyc2lvbiI6IjEifQ==",
          "dependencies": [
            "data.aci_vlan_pool.access"
          ]
        }
      ]
    },
    {
      "mode": "managed",
      "type": "aci_ranges",
      "name": "access_30",
      "provider": "provider[\"registry.terraform.io/ciscodevnet/aci\"]",
      "instances": [
        {
          "schema_version": 1,
          "attributes": {
            "alloc_mode": "inherit",
            "annotation": "orchestrator:terraform",
            "description": "",
            "from": "vlan-30",
            "id": "uni/infra/vlanns-[access]-static/from-[vlan-30]-to-[vlan-30]",
            "name_alias": "",
            "role": "external",
            "to": "vlan-30",
            "vlan_pool_dn": "uni/infra/vlanns-[access]-static"
          },
          "sensitive_attributes": [],
          "private": "eyJzY2hlbWFfdmVyc2lvbiI6IjEifQ==",
          "dependencies": [
            "data.aci_vlan_pool.access"
          ]
        }
      ]
    },
    {
      "mode": "managed",
      "type": "aci_ranges",
      "name": "access_31",
      "provider": "provider[\"registry.terraform.io/ciscodevnet/aci\"]",
      "instances": [
        {
          "schema_version": 1,
          "attributes": {
            "alloc_mode": "inherit",
            "annotation": "orchestrator:terraform",
            "description": "",
            "from": "vlan-31",
            "id": "uni/infra/vlanns-[access]-static/from-[vlan-31]-to-[vlan-31]",
            "name_alias": "",
            "role": "external",
            "to": "vlan-31",
            "vlan_pool_dn": "uni/infra/vlanns-[access]-static"
          },
          "sensitive_attributes": [],
          "private": "eyJzY2hlbWFfdmVyc2lvbiI6IjEifQ==",
          "dependencies": [
            "data.aci_vlan_pool.access"
          ]
        }
      ]
    },
    {
      "mode": "managed",
      "type": "aci_ranges",
      "name": "access_32",
      "provider": "provider[\"registry.terraform.io/ciscodevnet/aci\"]",
      "instances": [
        {
          "schema_version": 1,
          "attributes": {
            "alloc_mode": "inherit",
            "annotation": "orchestrator:terraform",
            "description": "",
            "from": "vlan-32",
            "id": "uni/infra/vlanns-[access]-static/from-[vlan-32]-to-[vlan-32]",
            "name_alias": "",
            "role": "external",
            "to": "vlan-32",
            "vlan_pool_dn": "uni/infra/vlanns-[access]-static"
          },
          "sensitive_attributes": [],
          "private": "eyJzY2hlbWFfdmVyc2lvbiI6IjEifQ==",
          "dependencies": [
            "data.aci_vlan_pool.access"
          ]
        }
      ]
    },
    {
      "mode": "managed",
      "type": "aci_ranges",
      "name": "access_33",
      "provider": "provider[\"registry.terraform.io/ciscodevnet/aci\"]",
      "instances": [
        {
          "schema_version": 1,
          "attributes": {
            "alloc_mode": "inherit",
            "annotation": "orchestrator:terraform",
            "description": "",
            "from": "vlan-33",
            "id": "uni/infra/vlanns-[access]-static/from-[vlan-33]-to-[vlan-33]",
            "name_alias": "",
            "role": "external",
            "to": "vlan-33",
            "vlan_pool_dn": "uni/infra/vlanns-[access]-static"
          },
          "sensitive_attributes": [],
          "private": "eyJzY2hlbWFfdmVyc2lvbiI6IjEifQ==",
          "dependencies": [
            "data.aci_vlan_pool.access"
          ]
        }
      ]
    },
    {
      "mode": "managed",
      "type": "aci_ranges",
      "name": "access_34",
      "provider": "provider[\"registry.terraform.io/ciscodevnet/aci\"]",
      "instances": [
        {
          "schema_version": 1,
          "attributes": {
            "alloc_mode": "inherit",
            "annotation": "orchestrator:terraform",
            "description": "",
            "from": "vlan-34",
            "id": "uni/infra/vlanns-[access]-static/from-[vlan-34]-to-[vlan-34]",
            "name_alias": "",
            "role": "external",
            "to": "vlan-34",
            "vlan_pool_dn": "uni/infra/vlanns-[access]-static"
          },
          "sensitive_attributes": [],
          "private": "eyJzY2hlbWFfdmVyc2lvbiI6IjEifQ==",
          "dependencies": [
            "data.aci_vlan_pool.access"
          ]
        }
      ]
    },
    {
      "mode": "managed",
      "type": "aci_ranges",
      "name": "access_35",
      "provider": "provider[\"registry.terraform.io/ciscodevnet/aci\"]",
      "instances": [
        {
          "schema_version": 1,
          "attributes": {
            "alloc_mode": "inherit",
            "annotation": "orchestrator:terraform",
            "description": "",
            "from": "vlan-35",
            "id": "uni/infra/vlanns-[access]-static/from-[vlan-35]-to-[vlan-35]",
            "name_alias": "",
            "role": "external",
            "to": "vlan-35",
            "vlan_pool_dn": "uni/infra/vlanns-[access]-static"
          },
          "sensitive_attributes": [],
          "private": "eyJzY2hlbWFfdmVyc2lvbiI6IjEifQ==",
          "dependencies": [
            "data.aci_vlan_pool.access"
          ]
        }
      ]
    },
    {
      "mode": "managed",
      "type": "aci_ranges",
      "name": "access_36",
      "provider": "provider[\"registry.terraform.io/ciscodevnet/aci\"]",
      "instances": [
        {
          "schema_version": 1,
          "attributes": {
            "alloc_mode": "inherit",
            "annotation": "orchestrator:terraform",
            "description": "",
            "from": "vlan-36",
            "id": "uni/infra/vlanns-[access]-static/from-[vlan-36]-to-[vlan-36]",
            "name_alias": "",
            "role": "external",
            "to": "vlan-36",
            "vlan_pool_dn": "uni/infra/vlanns-[access]-static"
          },
          "sensitive_attributes": [],
          "private": "eyJzY2hlbWFfdmVyc2lvbiI6IjEifQ==",
          "dependencies": [
            "data.aci_vlan_pool.access"
          ]
        }
      ]
    },
    {
      "mode": "managed",
      "type": "aci_ranges",
      "name": "access_37",
      "provider": "provider[\"registry.terraform.io/ciscodevnet/aci\"]",
      "instances": [
        {
          "schema_version": 1,
          "attributes": {
            "alloc_mode": "inherit",
            "annotation": "orchestrator:terraform",
            "description": "",
            "from": "vlan-37",
            "id": "uni/infra/vlanns-[access]-static/from-[vlan-37]-to-[vlan-37]",
            "name_alias": "",
            "role": "external",
            "to": "vlan-37",
            "vlan_pool_dn": "uni/infra/vlanns-[access]-static"
          },
          "sensitive_attributes": [],
          "private": "eyJzY2hlbWFfdmVyc2lvbiI6IjEifQ==",
          "dependencies": [
            "data.aci_vlan_pool.access"
          ]
        }
      ]
    },
    {
      "mode": "managed",
      "type": "aci_ranges",
      "name": "access_38",
      "provider": "provider[\"registry.terraform.io/ciscodevnet/aci\"]",
      "instances": [
        {
          "schema_version": 1,
          "attributes": {
            "alloc_mode": "inherit",
            "annotation": "orchestrator:terraform",
            "description": "",
            "from": "vlan-38",
            "id": "uni/infra/vlanns-[access]-static/from-[vlan-38]-to-[vlan-38]",
            "name_alias": "",
            "role": "external",
            "to": "vlan-38",
            "vlan_pool_dn": "uni/infra/vlanns-[access]-static"
          },
          "sensitive_attributes": [],
          "private": "eyJzY2hlbWFfdmVyc2lvbiI6IjEifQ==",
          "dependencies": [
            "data.aci_vlan_pool.access"
          ]
        }
      ]
    },
    {
      "mode": "managed",
      "type": "aci_ranges",
      "name": "access_39",
      "provider": "provider[\"registry.terraform.io/ciscodevnet/aci\"]",
      "instances": [
        {
          "schema_version": 1,
          "attributes": {
            "alloc_mode": "inherit",
            "annotation": "orchestrator:terraform",
            "description": "",
            "from": "vlan-39",
            "id": "uni/infra/vlanns-[access]-static/from-[vlan-39]-to-[vlan-39]",
            "name_alias": "",
            "role": "external",
            "to": "vlan-39",
            "vlan_pool_dn": "uni/infra/vlanns-[access]-static"
          },
          "sensitive_attributes": [],
          "private": "eyJzY2hlbWFfdmVyc2lvbiI6IjEifQ==",
          "dependencies": [
            "data.aci_vlan_pool.access"
          ]
        }
      ]
    },
    {
      "mode": "managed",
      "type": "aci_ranges",
      "name": "access_4",
      "provider": "provider[\"registry.terraform.io/ciscodevnet/aci\"]",
      "instances": [
        {
          "schema_version": 1,
          "attributes": {
            "alloc_mode": "inherit",
            "annotation": "orchestrator:terraform",
            "description": "",
            "from": "vlan-4",
            "id": "uni/infra/vlanns-[access]-static/from-[vlan-4]-to-[vlan-4]",
            "name_alias": "",
            "role": "external",
            "to": "vlan-4",
            "vlan_pool_dn": "uni/infra/vlanns-[access]-static"
          },
          "sensitive_attributes": [],
          "private": "eyJzY2hlbWFfdmVyc2lvbiI6IjEifQ==",
          "dependencies": [
            "data.aci_vlan_pool.access"
          ]
        }
      ]
    },
    {
      "mode": "managed",
      "type": "aci_ranges",
      "name": "access_40",
      "provider": "provider[\"registry.terraform.io/ciscodevnet/aci\"]",
      "instances": [
        {
          "schema_version": 1,
          "attributes": {
            "alloc_mode": "inherit",
            "annotation": "orchestrator:terraform",
            "description": "",
            "from": "vlan-40",
            "id": "uni/infra/vlanns-[access]-static/from-[vlan-40]-to-[vlan-40]",
            "name_alias": "",
            "role": "external",
            "to": "vlan-40",
            "vlan_pool_dn": "uni/infra/vlanns-[access]-static"
          },
          "sensitive_attributes": [],
          "private": "eyJzY2hlbWFfdmVyc2lvbiI6IjEifQ==",
          "dependencies": [
            "data.aci_vlan_pool.access"
          ]
        }
      ]
    },
    {
      "mode": "managed",
      "type": "aci_ranges",
      "name": "access_41",
      "provider": "provider[\"registry.terraform.io/ciscodevnet/aci\"]",
      "instances": [
        {
          "schema_version": 1,
          "attributes": {
            "alloc_mode": "inherit",
            "annotation": "orchestrator:terraform",
            "description": "",
            "from": "vlan-41",
            "id": "uni/infra/vlanns-[access]-static/from-[vlan-41]-to-[vlan-41]",
            "name_alias": "",
            "role": "external",
            "to": "vlan-41",
            "vlan_pool_dn": "uni/infra/vlanns-[access]-static"
          },
          "sensitive_attributes": [],
          "private": "eyJzY2hlbWFfdmVyc2lvbiI6IjEifQ==",
          "dependencies": [
            "data.aci_vlan_pool.access"
          ]
        }
      ]
    },
    {
      "mode": "managed",
      "type": "aci_ranges",
      "name": "access_42",
      "provider": "provider[\"registry.terraform.io/ciscodevnet/aci\"]",
      "instances": [
        {
          "schema_version": 1,
          "attributes": {
            "alloc_mode": "inherit",
            "annotation": "orchestrator:terraform",
            "description": "",
            "from": "vlan-42",
            "id": "uni/infra/vlanns-[access]-static/from-[vlan-42]-to-[vlan-42]",
            "name_alias": "",
            "role": "external",
            "to": "vlan-42",
            "vlan_pool_dn": "uni/infra/vlanns-[access]-static"
          },
          "sensitive_attributes": [],
          "private": "eyJzY2hlbWFfdmVyc2lvbiI6IjEifQ==",
          "dependencies": [
            "data.aci_vlan_pool.access"
          ]
        }
      ]
    },
    {
      "mode": "managed",
      "type": "aci_ranges",
      "name": "access_43",
      "provider": "provider[\"registry.terraform.io/ciscodevnet/aci\"]",
      "instances": [
        {
          "schema_version": 1,
          "attributes": {
            "alloc_mode": "inherit",
            "annotation": "orchestrator:terraform",
            "description": "",
            "from": "vlan-43",
            "id": "uni/infra/vlanns-[access]-static/from-[vlan-43]-to-[vlan-43]",
            "name_alias": "",
            "role": "external",
            "to": "vlan-43",
            "vlan_pool_dn": "uni/infra/vlanns-[access]-static"
          },
          "sensitive_attributes": [],
          "private": "eyJzY2hlbWFfdmVyc2lvbiI6IjEifQ==",
          "dependencies": [
            "data.aci_vlan_pool.access"
          ]
        }
      ]
    },
    {
      "mode": "managed",
      "type": "aci_ranges",
      "name": "access_44",
      "provider": "provider[\"registry.terraform.io/ciscodevnet/aci\"]",
      "instances": [
        {
          "schema_version": 1,
          "attributes": {
            "alloc_mode": "inherit",
            "annotation": "orchestrator:terraform",
            "description": "",
            "from": "vlan-44",
            "id": "uni/infra/vlanns-[access]-static/from-[vlan-44]-to-[vlan-44]",
            "name_alias": "",
            "role": "external",
            "to": "vlan-44",
            "vlan_pool_dn": "uni/infra/vlanns-[access]-static"
          },
          "sensitive_attributes": [],
          "private": "eyJzY2hlbWFfdmVyc2lvbiI6IjEifQ==",
          "dependencies": [
            "data.aci_vlan_pool.access"
          ]
        }
      ]
    },
    {
      "mode": "managed",
      "type": "aci_ranges",
      "name": "access_45",
      "provider": "provider[\"registry.terraform.io/ciscodevnet/aci\"]",
      "instances": [
        {
          "schema_version": 1,
          "attributes": {
            "alloc_mode": "inherit",
            "annotation": "orchestrator:terraform",
            "description": "",
            "from": "vlan-45",
            "id": "uni/infra/vlanns-[access]-static/from-[vlan-45]-to-[vlan-45]",
            "name_alias": "",
            "role": "external",
            "to": "vlan-45",
            "vlan_pool_dn": "uni/infra/vlanns-[access]-static"
          },
          "sensitive_attributes": [],
          "private": "eyJzY2hlbWFfdmVyc2lvbiI6IjEifQ==",
          "dependencies": [
            "data.aci_vlan_pool.access"
          ]
        }
      ]
    },
    {
      "mode": "managed",
      "type": "aci_ranges",
      "name": "access_46",
      "provider": "provider[\"registry.terraform.io/ciscodevnet/aci\"]",
      "instances": [
        {
          "schema_version": 1,
          "attributes": {
            "alloc_mode": "inherit",
            "annotation": "orchestrator:terraform",
            "description": "",
            "from": "vlan-46",
            "id": "uni/infra/vlanns-[access]-static/from-[vlan-46]-to-[vlan-46]",
            "name_alias": "",
            "role": "external",
            "to": "vlan-46",
            "vlan_pool_dn": "uni/infra/vlanns-[access]-static"
          },
          "sensitive_attributes": [],
          "private": "eyJzY2hlbWFfdmVyc2lvbiI6IjEifQ==",
          "dependencies": [
            "data.aci_vlan_pool.access"
          ]
        }
      ]
    },
    {
      "mode": "managed",
      "type": "aci_ranges",
      "name": "access_47",
      "provider": "provider[\"registry.terraform.io/ciscodevnet/aci\"]",
      "instances": [
        {
          "schema_version": 1,
          "attributes": {
            "alloc_mode": "inherit",
            "annotation": "orchestrator:terraform",
            "description": "",
            "from": "vlan-47",
            "id": "uni/infra/vlanns-[access]-static/from-[vlan-47]-to-[vlan-47]",
            "name_alias": "",
            "role": "external",
            "to": "vlan-47",
            "vlan_pool_dn": "uni/infra/vlanns-[access]-static"
          },
          "sensitive_attributes": [],
          "private": "eyJzY2hlbWFfdmVyc2lvbiI6IjEifQ==",
          "dependencies": [
            "data.aci_vlan_pool.access"
          ]
        }
      ]
    },
    {
      "mode": "managed",
      "type": "aci_ranges",
      "name": "access_48",
      "provider": "provider[\"registry.terraform.io/ciscodevnet/aci\"]",
      "instances": [
        {
          "schema_version": 1,
          "attributes": {
            "alloc_mode": "inherit",
            "annotation": "orchestrator:terraform",
            "description": "",
            "from": "vlan-48",
            "id": "uni/infra/vlanns-[access]-static/from-[vlan-48]-to-[vlan-48]",
            "name_alias": "",
            "role": "external",
            "to": "vlan-48",
            "vlan_pool_dn": "uni/infra/vlanns-[access]-static"
          },
          "sensitive_attributes": [],
          "private": "eyJzY2hlbWFfdmVyc2lvbiI6IjEifQ==",
          "dependencies": [
            "data.aci_vlan_pool.access"
          ]
        }
      ]
    },
    {
      "mode": "managed",
      "type": "aci_ranges",
      "name": "access_49",
      "provider": "provider[\"registry.terraform.io/ciscodevnet/aci\"]",
      "instances": [
        {
          "schema_version": 1,
          "attributes": {
            "alloc_mode": "inherit",
            "annotation": "orchestrator:terraform",
            "description": "",
            "from": "vlan-49",
            "id": "uni/infra/vlanns-[access]-static/from-[vlan-49]-to-[vlan-49]",
            "name_alias": "",
            "role": "external",
            "to": "vlan-49",
            "vlan_pool_dn": "uni/infra/vlanns-[access]-static"
          },
          "sensitive_attributes": [],
          "private": "eyJzY2hlbWFfdmVyc2lvbiI6IjEifQ==",
          "dependencies": [
            "data.aci_vlan_pool.access"
          ]
        }
      ]
    },
    {
      "mode": "managed",
      "type": "aci_ranges",
      "name": "access_5",
      "provider": "provider[\"registry.terraform.io/ciscodevnet/aci\"]",
      "instances": [
        {
          "schema_version": 1,
          "attributes": {
            "alloc_mode": "inherit",
            "annotation": "orchestrator:terraform",
            "description": "",
            "from": "vlan-5",
            "id": "uni/infra/vlanns-[access]-static/from-[vlan-5]-to-[vlan-5]",
            "name_alias": "",
            "role": "external",
            "to": "vlan-5",
            "vlan_pool_dn": "uni/infra/vlanns-[access]-static"
          },
          "sensitive_attributes": [],
          "private": "eyJzY2hlbWFfdmVyc2lvbiI6IjEifQ==",
          "dependencies": [
            "data.aci_vlan_pool.access"
          ]
        }
      ]
    },
    {
      "mode": "managed",
      "type": "aci_ranges",
      "name": "access_50",
      "provider": "provider[\"registry.terraform.io/ciscodevnet/aci\"]",
      "instances": [
        {
          "schema_version": 1,
          "attributes": {
            "alloc_mode": "inherit",
            "annotation": "orchestrator:terraform",
            "description": "",
            "from": "vlan-50",
            "id": "uni/infra/vlanns-[access]-static/from-[vlan-50]-to-[vlan-50]",
            "name_alias": "",
            "role": "external",
            "to": "vlan-50",
            "vlan_pool_dn": "uni/infra/vlanns-[access]-static"
          },
          "sensitive_attributes": [],
          "private": "eyJzY2hlbWFfdmVyc2lvbiI6IjEifQ==",
          "dependencies": [
            "data.aci_vlan_pool.access"
          ]
        }
      ]
    },
    {
      "mode": "managed",
      "type": "aci_ranges",
      "name": "access_51",
      "provider": "provider[\"registry.terraform.io/ciscodevnet/aci\"]",
      "instances": [
        {
          "schema_version": 1,
          "attributes": {
            "alloc_mode": "inherit",
            "annotation": "orchestrator:terraform",
            "description": "",
            "from": "vlan-51",
            "id": "uni/infra/vlanns-[access]-static/from-[vlan-51]-to-[vlan-51]",
            "name_alias": "",
            "role": "external",
            "to": "vlan-51",
            "vlan_pool_dn": "uni/infra/vlanns-[access]-static"
          },
          "sensitive_attributes": [],
          "private": "eyJzY2hlbWFfdmVyc2lvbiI6IjEifQ==",
          "dependencies": [
            "data.aci_vlan_pool.access"
          ]
        }
      ]
    },
    {
      "mode": "managed",
      "type": "aci_ranges",
      "name": "access_52",
      "provider": "provider[\"registry.terraform.io/ciscodevnet/aci\"]",
      "instances": [
        {
          "schema_version": 1,
          "attributes": {
            "alloc_mode": "inherit",
            "annotation": "orchestrator:terraform",
            "description": "",
            "from": "vlan-52",
            "id": "uni/infra/vlanns-[access]-static/from-[vlan-52]-to-[vlan-52]",
            "name_alias": "",
            "role": "external",
            "to": "vlan-52",
            "vlan_pool_dn": "uni/infra/vlanns-[access]-static"
          },
          "sensitive_attributes": [],
          "private": "eyJzY2hlbWFfdmVyc2lvbiI6IjEifQ==",
          "dependencies": [
            "data.aci_vlan_pool.access"
          ]
        }
      ]
    },
    {
      "mode": "managed",
      "type": "aci_ranges",
      "name": "access_53",
      "provider": "provider[\"registry.terraform.io/ciscodevnet/aci\"]",
      "instances": [
        {
          "schema_version": 1,
          "attributes": {
            "alloc_mode": "inherit",
            "annotation": "orchestrator:terraform",
            "description": "",
            "from": "vlan-53",
            "id": "uni/infra/vlanns-[access]-static/from-[vlan-53]-to-[vlan-53]",
            "name_alias": "",
            "role": "external",
            "to": "vlan-53",
            "vlan_pool_dn": "uni/infra/vlanns-[access]-static"
          },
          "sensitive_attributes": [],
          "private": "eyJzY2hlbWFfdmVyc2lvbiI6IjEifQ==",
          "dependencies": [
            "data.aci_vlan_pool.access"
          ]
        }
      ]
    },
    {
      "mode": "managed",
      "type": "aci_ranges",
      "name": "access_54",
      "provider": "provider[\"registry.terraform.io/ciscodevnet/aci\"]",
      "instances": [
        {
          "schema_version": 1,
          "attributes": {
            "alloc_mode": "inherit",
            "annotation": "orchestrator:terraform",
            "description": "",
            "from": "vlan-54",
            "id": "uni/infra/vlanns-[access]-static/from-[vlan-54]-to-[vlan-54]",
            "name_alias": "",
            "role": "external",
            "to": "vlan-54",
            "vlan_pool_dn": "uni/infra/vlanns-[access]-static"
          },
          "sensitive_attributes": [],
          "private": "eyJzY2hlbWFfdmVyc2lvbiI6IjEifQ==",
          "dependencies": [
            "data.aci_vlan_pool.access"
          ]
        }
      ]
    },
    {
      "mode": "managed",
      "type": "aci_ranges",
      "name": "access_55",
      "provider": "provider[\"registry.terraform.io/ciscodevnet/aci\"]",
      "instances": [
        {
          "schema_version": 1,
          "attributes": {
            "alloc_mode": "inherit",
            "annotation": "orchestrator:terraform",
            "description": "",
            "from": "vlan-55",
            "id": "uni/infra/vlanns-[access]-static/from-[vlan-55]-to-[vlan-55]",
            "name_alias": "",
            "role": "external",
            "to": "vlan-55",
            "vlan_pool_dn": "uni/infra/vlanns-[access]-static"
          },
          "sensitive_attributes": [],
          "private": "eyJzY2hlbWFfdmVyc2lvbiI6IjEifQ==",
          "dependencies": [
            "data.aci_vlan_pool.access"
          ]
        }
      ]
    },
    {
      "mode": "managed",
      "type": "aci_ranges",
      "name": "access_56",
      "provider": "provider[\"registry.terraform.io/ciscodevnet/aci\"]",
      "instances": [
        {
          "schema_version": 1,
          "attributes": {
            "alloc_mode": "inherit",
            "annotation": "orchestrator:terraform",
            "description": "",
            "from": "vlan-56",
            "id": "uni/infra/vlanns-[access]-static/from-[vlan-56]-to-[vlan-56]",
            "name_alias": "",
            "role": "external",
            "to": "vlan-56",
            "vlan_pool_dn": "uni/infra/vlanns-[access]-static"
          },
          "sensitive_attributes": [],
          "private": "eyJzY2hlbWFfdmVyc2lvbiI6IjEifQ==",
          "dependencies": [
            "data.aci_vlan_pool.access"
          ]
        }
      ]
    },
    {
      "mode": "managed",
      "type": "aci_ranges",
      "name": "access_57",
      "provider": "provider[\"registry.terraform.io/ciscodevnet/aci\"]",
      "instances": [
        {
          "schema_version": 1,
          "attributes": {
            "alloc_mode": "inherit",
            "annotation": "orchestrator:terraform",
            "description": "",
            "from": "vlan-57",
            "id": "uni/infra/vlanns-[access]-static/from-[vlan-57]-to-[vlan-57]",
            "name_alias": "",
            "role": "external",
            "to": "vlan-57",
            "vlan_pool_dn": "uni/infra/vlanns-[access]-static"
          },
          "sensitive_attributes": [],
          "private": "eyJzY2hlbWFfdmVyc2lvbiI6IjEifQ==",
          "dependencies": [
            "data.aci_vlan_pool.access"
          ]
        }
      ]
    },
    {
      "mode": "managed",
      "type": "aci_ranges",
      "name": "access_58",
      "provider": "provider[\"registry.terraform.io/ciscodevnet/aci\"]",
      "instances": [
        {
          "schema_version": 1,
          "attributes": {
            "alloc_mode": "inherit",
            "annotation": "orchestrator:terraform",
            "description": "",
            "from": "vlan-58",
            "id": "uni/infra/vlanns-[access]-static/from-[vlan-58]-to-[vlan-58]",
            "name_alias": "",
            "role": "external",
            "to": "vlan-58",
            "vlan_pool_dn": "uni/infra/vlanns-[access]-static"
          },
          "sensitive_attributes": [],
          "private": "eyJzY2hlbWFfdmVyc2lvbiI6IjEifQ==",
          "dependencies": [
            "data.aci_vlan_pool.access"
          ]
        }
      ]
    },
    {
      "mode": "managed",
      "type": "aci_ranges",
      "name": "access_59",
      "provider": "provider[\"registry.terraform.io/ciscodevnet/aci\"]",
      "instances": [
        {
          "schema_version": 1,
          "attributes": {
            "alloc_mode": "inherit",
            "annotation": "orchestrator:terraform",
            "description": "",
            "from": "vlan-59",
            "id": "uni/infra/vlanns-[access]-static/from-[vlan-59]-to-[vlan-59]",
            "name_alias": "",
            "role": "external",
            "to": "vlan-59",
            "vlan_pool_dn": "uni/infra/vlanns-[access]-static"
          },
          "sensitive_attributes": [],
          "private": "eyJzY2hlbWFfdmVyc2lvbiI6IjEifQ==",
          "dependencies": [
            "data.aci_vlan_pool.access"
          ]
        }
      ]
    },
    {
      "mode": "managed",
      "type": "aci_ranges",
      "name": "access_6",
      "provider": "provider[\"registry.terraform.io/ciscodevnet/aci\"]",
      "instances": [
        {
          "schema_version": 1,
          "attributes": {
            "alloc_mode": "inherit",
            "annotation": "orchestrator:terraform",
            "description": "",
            "from": "vlan-6",
            "id": "uni/infra/vlanns-[access]-static/from-[vlan-6]-to-[vlan-6]",
            "name_alias": "",
            "role": "external",
            "to": "vlan-6",
            "vlan_pool_dn": "uni/infra/vlanns-[access]-static"
          },
          "sensitive_attributes": [],
          "private": "eyJzY2hlbWFfdmVyc2lvbiI6IjEifQ==",
          "dependencies": [
            "data.aci_vlan_pool.access"
          ]
        }
      ]
    },
    {
      "mode": "managed",
      "type": "aci_ranges",
      "name": "access_60",
      "provider": "provider[\"registry.terraform.io/ciscodevnet/aci\"]",
      "instances": [
        {
          "schema_version": 1,
          "attributes": {
            "alloc_mode": "inherit",
            "annotation": "orchestrator:terraform",
            "description": "",
            "from": "vlan-60",
            "id": "uni/infra/vlanns-[access]-static/from-[vlan-60]-to-[vlan-60]",
            "name_alias": "",
            "role": "external",
            "to": "vlan-60",
            "vlan_pool_dn": "uni/infra/vlanns-[access]-static"
          },
          "sensitive_attributes": [],
          "private": "eyJzY2hlbWFfdmVyc2lvbiI6IjEifQ==",
          "dependencies": [
            "data.aci_vlan_pool.access"
          ]
        }
      ]
    },
    {
      "mode": "managed",
      "type": "aci_ranges",
      "name": "access_61",
      "provider": "provider[\"registry.terraform.io/ciscodevnet/aci\"]",
      "instances": [
        {
          "schema_version": 1,
          "attributes": {
            "alloc_mode": "inherit",
            "annotation": "orchestrator:terraform",
            "description": "",
            "from": "vlan-61",
            "id": "uni/infra/vlanns-[access]-static/from-[vlan-61]-to-[vlan-61]",
            "name_alias": "",
            "role": "external",
            "to": "vlan-61",
            "vlan_pool_dn": "uni/infra/vlanns-[access]-static"
          },
          "sensitive_attributes": [],
          "private": "eyJzY2hlbWFfdmVyc2lvbiI6IjEifQ==",
          "dependencies": [
            "data.aci_vlan_pool.access"
          ]
        }
      ]
    },
    {
      "mode": "managed",
      "type": "aci_ranges",
      "name": "access_62",
      "provider": "provider[\"registry.terraform.io/ciscodevnet/aci\"]",
      "instances": [
        {
          "schema_version": 1,
          "attributes": {
            "alloc_mode": "inherit",
            "annotation": "orchestrator:terraform",
            "description": "",
            "from": "vlan-62",
            "id": "uni/infra/vlanns-[access]-static/from-[vlan-62]-to-[vlan-62]",
            "name_alias": "",
            "role": "external",
            "to": "vlan-62",
            "vlan_pool_dn": "uni/infra/vlanns-[access]-static"
          },
          "sensitive_attributes": [],
          "private": "eyJzY2hlbWFfdmVyc2lvbiI6IjEifQ==",
          "dependencies": [
            "data.aci_vlan_pool.access"
          ]
        }
      ]
    },
    {
      "mode": "managed",
      "type": "aci_ranges",
      "name": "access_63",
      "provider": "provider[\"registry.terraform.io/ciscodevnet/aci\"]",
      "instances": [
        {
          "schema_version": 1,
          "attributes": {
            "alloc_mode": "inherit",
            "annotation": "orchestrator:terraform",
            "description": "",
            "from": "vlan-63",
            "id": "uni/infra/vlanns-[access]-static/from-[vlan-63]-to-[vlan-63]",
            "name_alias": "",
            "role": "external",
            "to": "vlan-63",
            "vlan_pool_dn": "uni/infra/vlanns-[access]-static"
          },
          "sensitive_attributes": [],
          "private": "eyJzY2hlbWFfdmVyc2lvbiI6IjEifQ==",
          "dependencies": [
            "data.aci_vlan_pool.access"
          ]
        }
      ]
    },
    {
      "mode": "managed",
      "type": "aci_ranges",
      "name": "access_64",
      "provider": "provider[\"registry.terraform.io/ciscodevnet/aci\"]",
      "instances": [
        {
          "schema_version": 1,
          "attributes": {
            "alloc_mode": "inherit",
            "annotation": "orchestrator:terraform",
            "description": "",
            "from": "vlan-64",
            "id": "uni/infra/vlanns-[access]-static/from-[vlan-64]-to-[vlan-64]",
            "name_alias": "",
            "role": "external",
            "to": "vlan-64",
            "vlan_pool_dn": "uni/infra/vlanns-[access]-static"
          },
          "sensitive_attributes": [],
          "private": "eyJzY2hlbWFfdmVyc2lvbiI6IjEifQ==",
          "dependencies": [
            "data.aci_vlan_pool.access"
          ]
        }
      ]
    },
    {
      "mode": "managed",
      "type": "aci_ranges",
      "name": "access_65",
      "provider": "provider[\"registry.terraform.io/ciscodevnet/aci\"]",
      "instances": [
        {
          "schema_version": 1,
          "attributes": {
            "alloc_mode": "inherit",
            "annotation": "orchestrator:terraform",
            "description": "",
            "from": "vlan-65",
            "id": "uni/infra/vlanns-[access]-static/from-[vlan-65]-to-[vlan-65]",
            "name_alias": "",
            "role": "external",
            "to": "vlan-65",
            "vlan_pool_dn": "uni/infra/vlanns-[access]-static"
          },
          "sensitive_attributes": [],
          "private": "eyJzY2hlbWFfdmVyc2lvbiI6IjEifQ==",
          "dependencies": [
            "data.aci_vlan_pool.access"
          ]
        }
      ]
    },
    {
      "mode": "managed",
      "type": "aci_ranges",
      "name": "access_66",
      "provider": "provider[\"registry.terraform.io/ciscodevnet/aci\"]",
      "instances": [
        {
          "schema_version": 1,
          "attributes": {
            "alloc_mode": "inherit",
            "annotation": "orchestrator:terraform",
            "description": "",
            "from": "vlan-66",
            "id": "uni/infra/vlanns-[access]-static/from-[vlan-66]-to-[vlan-66]",
            "name_alias": "",
            "role": "external",
            "to": "vlan-66",
            "vlan_pool_dn": "uni/infra/vlanns-[access]-static"
          },
          "sensitive_attributes": [],
          "private": "eyJzY2hlbWFfdmVyc2lvbiI6IjEifQ==",
          "dependencies": [
            "data.aci_vlan_pool.access"
          ]
        }
      ]
    },
    {
      "mode": "managed",
      "type": "aci_ranges",
      "name": "access_67",
      "provider": "provider[\"registry.terraform.io/ciscodevnet/aci\"]",
      "instances": [
        {
          "schema_version": 1,
          "attributes": {
            "alloc_mode": "inherit",
            "annotation": "orchestrator:terraform",
            "description": "",
            "from": "vlan-67",
            "id": "uni/infra/vlanns-[access]-static/from-[vlan-67]-to-[vlan-67]",
            "name_alias": "",
            "role": "external",
            "to": "vlan-67",
            "vlan_pool_dn": "uni/infra/vlanns-[access]-static"
          },
          "sensitive_attributes": [],
          "private": "eyJzY2hlbWFfdmVyc2lvbiI6IjEifQ==",
          "dependencies": [
            "data.aci_vlan_pool.access"
          ]
        }
      ]
    },
    {
      "mode": "managed",
      "type": "aci_ranges",
      "name": "access_68",
      "provider": "provider[\"registry.terraform.io/ciscodevnet/aci\"]",
      "instances": [
        {
          "schema_version": 1,
          "attributes": {
            "alloc_mode": "inherit",
            "annotation": "orchestrator:terraform",
            "description": "",
            "from": "vlan-68",
            "id": "uni/infra/vlanns-[access]-static/from-[vlan-68]-to-[vlan-68]",
            "name_alias": "",
            "role": "external",
            "to": "vlan-68",
            "vlan_pool_dn": "uni/infra/vlanns-[access]-static"
          },
          "sensitive_attributes": [],
          "private": "eyJzY2hlbWFfdmVyc2lvbiI6IjEifQ==",
          "dependencies": [
            "data.aci_vlan_pool.access"
          ]
        }
      ]
    },
    {
      "mode": "managed",
      "type": "aci_ranges",
      "name": "access_69",
      "provider": "provider[\"registry.terraform.io/ciscodevnet/aci\"]",
      "instances": [
        {
          "schema_version": 1,
          "attributes": {
            "alloc_mode": "inherit",
            "annotation": "orchestrator:terraform",
            "description": "",
            "from": "vlan-69",
            "id": "uni/infra/vlanns-[access]-static/from-[vlan-69]-to-[vlan-69]",
            "name_alias": "",
            "role": "external",
            "to": "vlan-69",
            "vlan_pool_dn": "uni/infra/vlanns-[access]-static"
          },
          "sensitive_attributes": [],
          "private": "eyJzY2hlbWFfdmVyc2lvbiI6IjEifQ==",
          "dependencies": [
            "data.aci_vlan_pool.access"
          ]
        }
      ]
    },
    {
      "mode": "managed",
      "type": "aci_ranges",
      "name": "access_7",
      "provider": "provider[\"registry.terraform.io/ciscodevnet/aci\"]",
      "instances": [
        {
          "schema_version": 1,
          "attributes": {
            "alloc_mode": "inherit",
            "annotation": "orchestrator:terraform",
            "description": "",
            "from": "vlan-7",
            "id": "uni/infra/vlanns-[access]-static/from-[vlan-7]-to-[vlan-7]",
            "name_alias": "",
            "role": "external",
            "to": "vlan-7",
            "vlan_pool_dn": "uni/infra/vlanns-[access]-static"
          },
          "sensitive_attributes": [],
          "private": "eyJzY2hlbWFfdmVyc2lvbiI6IjEifQ==",
          "dependencies": [
            "data.aci_vlan_pool.access"
          ]
        }
      ]
    },
    {
      "mode": "managed",
      "type": "aci_ranges",
      "name": "access_70",
      "provider": "provider[\"registry.terraform.io/ciscodevnet/aci\"]",
      "instances": [
        {
          "schema_version": 1,
          "attributes": {
            "alloc_mode": "inherit",
            "annotation": "orchestrator:terraform",
            "description": "",
            "from": "vlan-70",
            "id": "uni/infra/vlanns-[access]-static/from-[vlan-70]-to-[vlan-70]",
            "name_alias": "",
            "role": "external",
            "to": "vlan-70",
            "vlan_pool_dn": "uni/infra/vlanns-[access]-static"
          },
          "sensitive_attributes": [],
          "private": "eyJzY2hlbWFfdmVyc2lvbiI6IjEifQ==",
          "dependencies": [
            "data.aci_vlan_pool.access"
          ]
        }
      ]
    },
    {
      "mode": "managed",
      "type": "aci_ranges",
      "name": "access_71",
      "provider": "provider[\"registry.terraform.io/ciscodevnet/aci\"]",
      "instances": [
        {
          "schema_version": 1,
          "attributes": {
            "alloc_mode": "inherit",
            "annotation": "orchestrator:terraform",
            "description": "",
            "from": "vlan-71",
            "id": "uni/infra/vlanns-[access]-static/from-[vlan-71]-to-[vlan-71]",
            "name_alias": "",
            "role": "external",
            "to": "vlan-71",
            "vlan_pool_dn": "uni/infra/vlanns-[access]-static"
          },
          "sensitive_attributes": [],
          "private": "eyJzY2hlbWFfdmVyc2lvbiI6IjEifQ==",
          "dependencies": [
            "data.aci_vlan_pool.access"
          ]
        }
      ]
    },
    {
      "mode": "managed",
      "type": "aci_ranges",
      "name": "access_72",
      "provider": "provider[\"registry.terraform.io/ciscodevnet/aci\"]",
      "instances": [
        {
          "schema_version": 1,
          "attributes": {
            "alloc_mode": "inherit",
            "annotation": "orchestrator:terraform",
            "description": "",
            "from": "vlan-72",
            "id": "uni/infra/vlanns-[access]-static/from-[vlan-72]-to-[vlan-72]",
            "name_alias": "",
            "role": "external",
            "to": "vlan-72",
            "vlan_pool_dn": "uni/infra/vlanns-[access]-static"
          },
          "sensitive_attributes": [],
          "private": "eyJzY2hlbWFfdmVyc2lvbiI6IjEifQ==",
          "dependencies": [
            "data.aci_vlan_pool.access"
          ]
        }
      ]
    },
    {
      "mode": "managed",
      "type": "aci_ranges",
      "name": "access_73",
      "provider": "provider[\"registry.terraform.io/ciscodevnet/aci\"]",
      "instances": [
        {
          "schema_version": 1,
          "attributes": {
            "alloc_mode": "inherit",
            "annotation": "orchestrator:terraform",
            "description": "",
            "from": "vlan-73",
            "id": "uni/infra/vlanns-[access]-static/from-[vlan-73]-to-[vlan-73]",
            "name_alias": "",
            "role": "external",
            "to": "vlan-73",
            "vlan_pool_dn": "uni/infra/vlanns-[access]-static"
          },
          "sensitive_attributes": [],
          "private": "eyJzY2hlbWFfdmVyc2lvbiI6IjEifQ==",
          "dependencies": [
            "data.aci_vlan_pool.access"
          ]
        }
      ]
    },
    {
      "mode": "managed",
      "type": "aci_ranges",
      "name": "access_74",
      "provider": "provider[\"registry.terraform.io/ciscodevnet/aci\"]",
      "instances": [
        {
          "schema_version": 1,
          "attributes": {
            "alloc_mode": "inherit",
            "annotation": "orchestrator:terraform",
            "description": "",
            "from": "vlan-74",
            "id": "uni/infra/vlanns-[access]-static/from-[vlan-74]-to-[vlan-74]",
            "name_alias": "",
            "role": "external",
            "to": "vlan-74",
            "vlan_pool_dn": "uni/infra/vlanns-[access]-static"
          },
          "sensitive_attributes": [],
          "private": "eyJzY2hlbWFfdmVyc2lvbiI6IjEifQ==",
          "dependencies": [
            "data.aci_vlan_pool.access"
          ]
        }
      ]
    },
    {
      "mode": "managed",
      "type": "aci_ranges",
      "name": "access_75",
      "provider": "provider[\"registry.terraform.io/ciscodevnet/aci\"]",
      "instances": [
        {
          "schema_version": 1,
          "attributes": {
            "alloc_mode": "inherit",
            "annotation": "orchestrator:terraform",
            "description": "",
            "from": "vlan-75",
            "id": "uni/infra/vlanns-[access]-static/from-[vlan-75]-to-[vlan-75]",
            "name_alias": "",
            "role": "external",
            "to": "vlan-75",
            "vlan_pool_dn": "uni/infra/vlanns-[access]-static"
          },
          "sensitive_attributes": [],
          "private": "eyJzY2hlbWFfdmVyc2lvbiI6IjEifQ==",
          "dependencies": [
            "data.aci_vlan_pool.access"
          ]
        }
      ]
    },
    {
      "mode": "managed",
      "type": "aci_ranges",
      "name": "access_76",
      "provider": "provider[\"registry.terraform.io/ciscodevnet/aci\"]",
      "instances": [
        {
          "schema_version": 1,
          "attributes": {
            "alloc_mode": "inherit",
            "annotation": "orchestrator:terraform",
            "description": "",
            "from": "vlan-76",
            "id": "uni/infra/vlanns-[access]-static/from-[vlan-76]-to-[vlan-76]",
            "name_alias": "",
            "role": "external",
            "to": "vlan-76",
            "vlan_pool_dn": "uni/infra/vlanns-[access]-static"
          },
          "sensitive_attributes": [],
          "private": "eyJzY2hlbWFfdmVyc2lvbiI6IjEifQ==",
          "dependencies": [
            "data.aci_vlan_pool.access"
          ]
        }
      ]
    },
    {
      "mode": "managed",
      "type": "aci_ranges",
      "name": "access_77",
      "provider": "provider[\"registry.terraform.io/ciscodevnet/aci\"]",
      "instances": [
        {
          "schema_version": 1,
          "attributes": {
            "alloc_mode": "inherit",
            "annotation": "orchestrator:terraform",
            "description": "",
            "from": "vlan-77",
            "id": "uni/infra/vlanns-[access]-static/from-[vlan-77]-to-[vlan-77]",
            "name_alias": "",
            "role": "external",
            "to": "vlan-77",
            "vlan_pool_dn": "uni/infra/vlanns-[access]-static"
          },
          "sensitive_attributes": [],
          "private": "eyJzY2hlbWFfdmVyc2lvbiI6IjEifQ==",
          "dependencies": [
            "data.aci_vlan_pool.access"
          ]
        }
      ]
    },
    {
      "mode": "managed",
      "type": "aci_ranges",
      "name": "access_78",
      "provider": "provider[\"registry.terraform.io/ciscodevnet/aci\"]",
      "instances": [
        {
          "schema_version": 1,
          "attributes": {
            "alloc_mode": "inherit",
            "annotation": "orchestrator:terraform",
            "description": "",
            "from": "vlan-78",
            "id": "uni/infra/vlanns-[access]-static/from-[vlan-78]-to-[vlan-78]",
            "name_alias": "",
            "role": "external",
            "to": "vlan-78",
            "vlan_pool_dn": "uni/infra/vlanns-[access]-static"
          },
          "sensitive_attributes": [],
          "private": "eyJzY2hlbWFfdmVyc2lvbiI6IjEifQ==",
          "dependencies": [
            "data.aci_vlan_pool.access"
          ]
        }
      ]
    },
    {
      "mode": "managed",
      "type": "aci_ranges",
      "name": "access_79",
      "provider": "provider[\"registry.terraform.io/ciscodevnet/aci\"]",
      "instances": [
        {
          "schema_version": 1,
          "attributes": {
            "alloc_mode": "inherit",
            "annotation": "orchestrator:terraform",
            "description": "",
            "from": "vlan-79",
            "id": "uni/infra/vlanns-[access]-static/from-[vlan-79]-to-[vlan-79]",
            "name_alias": "",
            "role": "external",
            "to": "vlan-79",
            "vlan_pool_dn": "uni/infra/vlanns-[access]-static"
          },
          "sensitive_attributes": [],
          "private": "eyJzY2hlbWFfdmVyc2lvbiI6IjEifQ==",
          "dependencies": [
            "data.aci_vlan_pool.access"
          ]
        }
      ]
    },
    {
      "mode": "managed",
      "type": "aci_ranges",
      "name": "access_8",
      "provider": "provider[\"registry.terraform.io/ciscodevnet/aci\"]",
      "instances": [
        {
          "schema_version": 1,
          "attributes": {
            "alloc_mode": "inherit",
            "annotation": "orchestrator:terraform",
            "description": "",
            "from": "vlan-8",
            "id": "uni/infra/vlanns-[access]-static/from-[vlan-8]-to-[vlan-8]",
            "name_alias": "",
            "role": "external",
            "to": "vlan-8",
            "vlan_pool_dn": "uni/infra/vlanns-[access]-static"
          },
          "sensitive_attributes": [],
          "private": "eyJzY2hlbWFfdmVyc2lvbiI6IjEifQ==",
          "dependencies": [
            "data.aci_vlan_pool.access"
          ]
        }
      ]
    },
    {
      "mode": "managed",
      "type": "aci_ranges",
      "name": "access_80",
      "provider": "provider[\"registry.terraform.io/ciscodevnet/aci\"]",
      "instances": [
        {
          "schema_version": 1,
          "attributes": {
            "alloc_mode": "inherit",
            "annotation": "orchestrator:terraform",
            "description": "",
            "from": "vlan-80",
            "id": "uni/infra/vlanns-[access]-static/from-[vlan-80]-to-[vlan-80]",
            "name_alias": "",
            "role": "external",
            "to": "vlan-80",
            "vlan_pool_dn": "uni/infra/vlanns-[access]-static"
          },
          "sensitive_attributes": [],
          "private": "eyJzY2hlbWFfdmVyc2lvbiI6IjEifQ==",
          "dependencies": [
            "data.aci_vlan_pool.access"
          ]
        }
      ]
    },
    {
      "mode": "managed",
      "type": "aci_ranges",
      "name": "access_81",
      "provider": "provider[\"registry.terraform.io/ciscodevnet/aci\"]",
      "instances": [
        {
          "schema_version": 1,
          "attributes": {
            "alloc_mode": "inherit",
            "annotation": "orchestrator:terraform",
            "description": "",
            "from": "vlan-81",
            "id": "uni/infra/vlanns-[access]-static/from-[vlan-81]-to-[vlan-81]",
            "name_alias": "",
            "role": "external",
            "to": "vlan-81",
            "vlan_pool_dn": "uni/infra/vlanns-[access]-static"
          },
          "sensitive_attributes": [],
          "private": "eyJzY2hlbWFfdmVyc2lvbiI6IjEifQ==",
          "dependencies": [
            "data.aci_vlan_pool.access"
          ]
        }
      ]
    },
    {
      "mode": "managed",
      "type": "aci_ranges",
      "name": "access_82",
      "provider": "provider[\"registry.terraform.io/ciscodevnet/aci\"]",
      "instances": [
        {
          "schema_version": 1,
          "attributes": {
            "alloc_mode": "inherit",
            "annotation": "orchestrator:terraform",
            "description": "",
            "from": "vlan-82",
            "id": "uni/infra/vlanns-[access]-static/from-[vlan-82]-to-[vlan-82]",
            "name_alias": "",
            "role": "external",
            "to": "vlan-82",
            "vlan_pool_dn": "uni/infra/vlanns-[access]-static"
          },
          "sensitive_attributes": [],
          "private": "eyJzY2hlbWFfdmVyc2lvbiI6IjEifQ==",
          "dependencies": [
            "data.aci_vlan_pool.access"
          ]
        }
      ]
    },
    {
      "mode": "managed",
      "type": "aci_ranges",
      "name": "access_83",
      "provider": "provider[\"registry.terraform.io/ciscodevnet/aci\"]",
      "instances": [
        {
          "schema_version": 1,
          "attributes": {
            "alloc_mode": "inherit",
            "annotation": "orchestrator:terraform",
            "description": "",
            "from": "vlan-83",
            "id": "uni/infra/vlanns-[access]-static/from-[vlan-83]-to-[vlan-83]",
            "name_alias": "",
            "role": "external",
            "to": "vlan-83",
            "vlan_pool_dn": "uni/infra/vlanns-[access]-static"
          },
          "sensitive_attributes": [],
          "private": "eyJzY2hlbWFfdmVyc2lvbiI6IjEifQ==",
          "dependencies": [
            "data.aci_vlan_pool.access"
          ]
        }
      ]
    },
    {
      "mode": "managed",
      "type": "aci_ranges",
      "name": "access_84",
      "provider": "provider[\"registry.terraform.io/ciscodevnet/aci\"]",
      "instances": [
        {
          "schema_version": 1,
          "attributes": {
            "alloc_mode": "inherit",
            "annotation": "orchestrator:terraform",
            "description": "",
            "from": "vlan-84",
            "id": "uni/infra/vlanns-[access]-static/from-[vlan-84]-to-[vlan-84]",
            "name_alias": "",
            "role": "external",
            "to": "vlan-84",
            "vlan_pool_dn": "uni/infra/vlanns-[access]-static"
          },
          "sensitive_attributes": [],
          "private": "eyJzY2hlbWFfdmVyc2lvbiI6IjEifQ==",
          "dependencies": [
            "data.aci_vlan_pool.access"
          ]
        }
      ]
    },
    {
      "mode": "managed",
      "type": "aci_ranges",
      "name": "access_85",
      "provider": "provider[\"registry.terraform.io/ciscodevnet/aci\"]",
      "instances": [
        {
          "schema_version": 1,
          "attributes": {
            "alloc_mode": "inherit",
            "annotation": "orchestrator:terraform",
            "description": "",
            "from": "vlan-85",
            "id": "uni/infra/vlanns-[access]-static/from-[vlan-85]-to-[vlan-85]",
            "name_alias": "",
            "role": "external",
            "to": "vlan-85",
            "vlan_pool_dn": "uni/infra/vlanns-[access]-static"
          },
          "sensitive_attributes": [],
          "private": "eyJzY2hlbWFfdmVyc2lvbiI6IjEifQ==",
          "dependencies": [
            "data.aci_vlan_pool.access"
          ]
        }
      ]
    },
    {
      "mode": "managed",
      "type": "aci_ranges",
      "name": "access_86",
      "provider": "provider[\"registry.terraform.io/ciscodevnet/aci\"]",
      "instances": [
        {
          "schema_version": 1,
          "attributes": {
            "alloc_mode": "inherit",
            "annotation": "orchestrator:terraform",
            "description": "",
            "from": "vlan-86",
            "id": "uni/infra/vlanns-[access]-static/from-[vlan-86]-to-[vlan-86]",
            "name_alias": "",
            "role": "external",
            "to": "vlan-86",
            "vlan_pool_dn": "uni/infra/vlanns-[access]-static"
          },
          "sensitive_attributes": [],
          "private": "eyJzY2hlbWFfdmVyc2lvbiI6IjEifQ==",
          "dependencies": [
            "data.aci_vlan_pool.access"
          ]
        }
      ]
    },
    {
      "mode": "managed",
      "type": "aci_ranges",
      "name": "access_87",
      "provider": "provider[\"registry.terraform.io/ciscodevnet/aci\"]",
      "instances": [
        {
          "schema_version": 1,
          "attributes": {
            "alloc_mode": "inherit",
            "annotation": "orchestrator:terraform",
            "description": "",
            "from": "vlan-87",
            "id": "uni/infra/vlanns-[access]-static/from-[vlan-87]-to-[vlan-87]",
            "name_alias": "",
            "role": "external",
            "to": "vlan-87",
            "vlan_pool_dn": "uni/infra/vlanns-[access]-static"
          },
          "sensitive_attributes": [],
          "private": "eyJzY2hlbWFfdmVyc2lvbiI6IjEifQ==",
          "dependencies": [
            "data.aci_vlan_pool.access"
          ]
        }
      ]
    },
    {
      "mode": "managed",
      "type": "aci_ranges",
      "name": "access_88",
      "provider": "provider[\"registry.terraform.io/ciscodevnet/aci\"]",
      "instances": [
        {
          "schema_version": 1,
          "attributes": {
            "alloc_mode": "inherit",
            "annotation": "orchestrator:terraform",
            "description": "",
            "from": "vlan-88",
            "id": "uni/infra/vlanns-[access]-static/from-[vlan-88]-to-[vlan-88]",
            "name_alias": "",
            "role": "external",
            "to": "vlan-88",
            "vlan_pool_dn": "uni/infra/vlanns-[access]-static"
          },
          "sensitive_attributes": [],
          "private": "eyJzY2hlbWFfdmVyc2lvbiI6IjEifQ==",
          "dependencies": [
            "data.aci_vlan_pool.access"
          ]
        }
      ]
    },
    {
      "mode": "managed",
      "type": "aci_ranges",
      "name": "access_89",
      "provider": "provider[\"registry.terraform.io/ciscodevnet/aci\"]",
      "instances": [
        {
          "schema_version": 1,
          "attributes": {
            "alloc_mode": "inherit",
            "annotation": "orchestrator:terraform",
            "description": "",
            "from": "vlan-89",
            "id": "uni/infra/vlanns-[access]-static/from-[vlan-89]-to-[vlan-89]",
            "name_alias": "",
            "role": "external",
            "to": "vlan-89",
            "vlan_pool_dn": "uni/infra/vlanns-[access]-static"
          },
          "sensitive_attributes": [],
          "private": "eyJzY2hlbWFfdmVyc2lvbiI6IjEifQ==",
          "dependencies": [
            "data.aci_vlan_pool.access"
          ]
        }
      ]
    },
    {
      "mode": "managed",
      "type": "aci_ranges",
      "name": "access_9",
      "provider": "provider[\"registry.terraform.io/ciscodevnet/aci\"]",
      "instances": [
        {
          "schema_version": 1,
          "attributes": {
            "alloc_mode": "inherit",
            "annotation": "orchestrator:terraform",
            "description": "",
            "from": "vlan-9",
            "id": "uni/infra/vlanns-[access]-static/from-[vlan-9]-to-[vlan-9]",
            "name_alias": "",
            "role": "external",
            "to": "vlan-9",
            "vlan_pool_dn": "uni/infra/vlanns-[access]-static"
          },
          "sensitive_attributes": [],
          "private": "eyJzY2hlbWFfdmVyc2lvbiI6IjEifQ==",
          "dependencies": [
            "data.aci_vlan_pool.access"
          ]
        }
      ]
    },
    {
      "mode": "managed",
      "type": "aci_ranges",
      "name": "access_90",
      "provider": "provider[\"registry.terraform.io/ciscodevnet/aci\"]",
      "instances": [
        {
          "schema_version": 1,
          "attributes": {
            "alloc_mode": "inherit",
            "annotation": "orchestrator:terraform",
            "description": "",
            "from": "vlan-90",
            "id": "uni/infra/vlanns-[access]-static/from-[vlan-90]-to-[vlan-90]",
            "name_alias": "",
            "role": "external",
            "to": "vlan-90",
            "vlan_pool_dn": "uni/infra/vlanns-[access]-static"
          },
          "sensitive_attributes": [],
          "private": "eyJzY2hlbWFfdmVyc2lvbiI6IjEifQ==",
          "dependencies": [
            "data.aci_vlan_pool.access"
          ]
        }
      ]
    },
    {
      "mode": "managed",
      "type": "aci_ranges",
      "name": "access_91",
      "provider": "provider[\"registry.terraform.io/ciscodevnet/aci\"]",
      "instances": [
        {
          "schema_version": 1,
          "attributes": {
            "alloc_mode": "inherit",
            "annotation": "orchestrator:terraform",
            "description": "",
            "from": "vlan-91",
            "id": "uni/infra/vlanns-[access]-static/from-[vlan-91]-to-[vlan-91]",
            "name_alias": "",
            "role": "external",
            "to": "vlan-91",
            "vlan_pool_dn": "uni/infra/vlanns-[access]-static"
          },
          "sensitive_attributes": [],
          "private": "eyJzY2hlbWFfdmVyc2lvbiI6IjEifQ==",
          "dependencies": [
            "data.aci_vlan_pool.access"
          ]
        }
      ]
    },
    {
      "mode": "managed",
      "type": "aci_ranges",
      "name": "access_92",
      "provider": "provider[\"registry.terraform.io/ciscodevnet/aci\"]",
      "instances": [
        {
          "schema_version": 1,
          "attributes": {
            "alloc_mode": "inherit",
            "annotation": "orchestrator:terraform",
            "description": "",
            "from": "vlan-92",
            "id": "uni/infra/vlanns-[access]-static/from-[vlan-92]-to-[vlan-92]",
            "name_alias": "",
            "role": "external",
            "to": "vlan-92",
            "vlan_pool_dn": "uni/infra/vlanns-[access]-static"
          },
          "sensitive_attributes": [],
          "private": "eyJzY2hlbWFfdmVyc2lvbiI6IjEifQ==",
          "dependencies": [
            "data.aci_vlan_pool.access"
          ]
        }
      ]
    },
    {
      "mode": "managed",
      "type": "aci_ranges",
      "name": "access_93",
      "provider": "provider[\"registry.terraform.io/ciscodevnet/aci\"]",
      "instances": [
        {
          "schema_version": 1,
          "attributes": {
            "alloc_mode": "inherit",
            "annotation": "orchestrator:terraform",
            "description": "",
            "from": "vlan-93",
            "id": "uni/infra/vlanns-[access]-static/from-[vlan-93]-to-[vlan-93]",
            "name_alias": "",
            "role": "external",
            "to": "vlan-93",
            "vlan_pool_dn": "uni/infra/vlanns-[access]-static"
          },
          "sensitive_attributes": [],
          "private": "eyJzY2hlbWFfdmVyc2lvbiI6IjEifQ==",
          "dependencies": [
            "data.aci_vlan_pool.access"
          ]
        }
      ]
    },
    {
      "mode": "managed",
      "type": "aci_ranges",
      "name": "access_94",
      "provider": "provider[\"registry.terraform.io/ciscodevnet/aci\"]",
      "instances": [
        {
          "schema_version": 1,
          "attributes": {
            "alloc_mode": "inherit",
            "annotation": "orchestrator:terraform",
            "description": "",
            "from": "vlan-94",
            "id": "uni/infra/vlanns-[access]-static/from-[vlan-94]-to-[vlan-94]",
            "name_alias": "",
            "role": "external",
            "to": "vlan-94",
            "vlan_pool_dn": "uni/infra/vlanns-[access]-static"
          },
          "sensitive_attributes": [],
          "private": "eyJzY2hlbWFfdmVyc2lvbiI6IjEifQ==",
          "dependencies": [
            "data.aci_vlan_pool.access"
          ]
        }
      ]
    },
    {
      "mode": "managed",
      "type": "aci_ranges",
      "name": "access_95",
      "provider": "provider[\"registry.terraform.io/ciscodevnet/aci\"]",
      "instances": [
        {
          "schema_version": 1,
          "attributes": {
            "alloc_mode": "inherit",
            "annotation": "orchestrator:terraform",
            "description": "",
            "from": "vlan-95",
            "id": "uni/infra/vlanns-[access]-static/from-[vlan-95]-to-[vlan-95]",
            "name_alias": "",
            "role": "external",
            "to": "vlan-95",
            "vlan_pool_dn": "uni/infra/vlanns-[access]-static"
          },
          "sensitive_attributes": [],
          "private": "eyJzY2hlbWFfdmVyc2lvbiI6IjEifQ==",
          "dependencies": [
            "data.aci_vlan_pool.access"
          ]
        }
      ]
    },
    {
      "mode": "managed",
      "type": "aci_ranges",
      "name": "access_96",
      "provider": "provider[\"registry.terraform.io/ciscodevnet/aci\"]",
      "instances": [
        {
          "schema_version": 1,
          "attributes": {
            "alloc_mode": "inherit",
            "annotation": "orchestrator:terraform",
            "description": "",
            "from": "vlan-96",
            "id": "uni/infra/vlanns-[access]-static/from-[vlan-96]-to-[vlan-96]",
            "name_alias": "",
            "role": "external",
            "to": "vlan-96",
            "vlan_pool_dn": "uni/infra/vlanns-[access]-static"
          },
          "sensitive_attributes": [],
          "private": "eyJzY2hlbWFfdmVyc2lvbiI6IjEifQ==",
          "dependencies": [
            "data.aci_vlan_pool.access"
          ]
        }
      ]
    },
    {
      "mode": "managed",
      "type": "aci_ranges",
      "name": "access_97",
      "provider": "provider[\"registry.terraform.io/ciscodevnet/aci\"]",
      "instances": [
        {
          "schema_version": 1,
          "attributes": {
            "alloc_mode": "inherit",
            "annotation": "orchestrator:terraform",
            "description": "",
            "from": "vlan-97",
            "id": "uni/infra/vlanns-[access]-static/from-[vlan-97]-to-[vlan-97]",
            "name_alias": "",
            "role": "external",
            "to": "vlan-97",
            "vlan_pool_dn": "uni/infra/vlanns-[access]-static"
          },
          "sensitive_attributes": [],
          "private": "eyJzY2hlbWFfdmVyc2lvbiI6IjEifQ==",
          "dependencies": [
            "data.aci_vlan_pool.access"
          ]
        }
      ]
    },
    {
      "mode": "managed",
      "type": "aci_ranges",
      "name": "access_98",
      "provider": "provider[\"registry.terraform.io/ciscodevnet/aci\"]",
      "instances": [
        {
          "schema_version": 1,
          "attributes": {
            "alloc_mode": "inherit",
            "annotation": "orchestrator:terraform",
            "description": "",
            "from": "vlan-98",
            "id": "uni/infra/vlanns-[access]-static/from-[vlan-98]-to-[vlan-98]",
            "name_alias": "",
            "role": "external",
            "to": "vlan-98",
            "vlan_pool_dn": "uni/infra/vlanns-[access]-static"
          },
          "sensitive_attributes": [],
          "private": "eyJzY2hlbWFfdmVyc2lvbiI6IjEifQ==",
          "dependencies": [
            "data.aci_vlan_pool.access"
          ]
        }
      ]
    },
    {
      "mode": "managed",
      "type": "aci_ranges",
      "name": "access_99",
      "provider": "provider[\"registry.terraform.io/ciscodevnet/aci\"]",
      "instances": [
        {
          "schema_version": 1,
          "attributes": {
            "alloc_mode": "inherit",
            "annotation": "orchestrator:terraform",
            "description": "",
            "from": "vlan-99",
            "id": "uni/infra/vlanns-[access]-static/from-[vlan-99]-to-[vlan-99]",
            "name_alias": "",
            "role": "external",
            "to": "vlan-99",
            "vlan_pool_dn": "uni/infra/vlanns-[access]-static"
          },
          "sensitive_attributes": [],
          "private": "eyJzY2hlbWFfdmVyc2lvbiI6IjEifQ==",
          "dependencies": [
            "data.aci_vlan_pool.access"
          ]
        }
      ]
    },
    {
      "mode": "managed",
      "type": "aci_ranges",
      "name": "dynamic_2100",
      "provider": "provider[\"registry.terraform.io/ciscodevnet/aci\"]",
      "instances": [
        {
          "schema_version": 1,
          "attributes": {
            "alloc_mode": "inherit",
            "annotation": "orchestrator:terraform",
            "description": "",
            "from": "vlan-2100",
            "id": "uni/infra/vlanns-[dynamic]-dynamic/from-[vlan-2100]-to-[vlan-2100]",
            "name_alias": "",
            "role": "external",
            "to": "vlan-2100",
            "vlan_pool_dn": "uni/infra/vlanns-[dynamic]-dynamic"
          },
          "sensitive_attributes": [],
          "private": "eyJzY2hlbWFfdmVyc2lvbiI6IjEifQ==",
          "dependencies": [
            "data.aci_vlan_pool.dynamic"
          ]
        }
      ]
    },
    {
      "mode": "managed",
      "type": "aci_ranges",
      "name": "dynamic_2101",
      "provider": "provider[\"registry.terraform.io/ciscodevnet/aci\"]",
      "instances": [
        {
          "schema_version": 1,
          "attributes": {
            "alloc_mode": "inherit",
            "annotation": "orchestrator:terraform",
            "description": "",
            "from": "vlan-2101",
            "id": "uni/infra/vlanns-[dynamic]-dynamic/from-[vlan-2101]-to-[vlan-2101]",
            "name_alias": "",
            "role": "external",
            "to": "vlan-2101",
            "vlan_pool_dn": "uni/infra/vlanns-[dynamic]-dynamic"
          },
          "sensitive_attributes": [],
          "private": "eyJzY2hlbWFfdmVyc2lvbiI6IjEifQ==",
          "dependencies": [
            "data.aci_vlan_pool.dynamic"
          ]
        }
      ]
    },
    {
      "mode": "managed",
      "type": "aci_ranges",
      "name": "dynamic_2102",
      "provider": "provider[\"registry.terraform.io/ciscodevnet/aci\"]",
      "instances": [
        {
          "schema_version": 1,
          "attributes": {
            "alloc_mode": "inherit",
            "annotation": "orchestrator:terraform",
            "description": "",
            "from": "vlan-2102",
            "id": "uni/infra/vlanns-[dynamic]-dynamic/from-[vlan-2102]-to-[vlan-2102]",
            "name_alias": "",
            "role": "external",
            "to": "vlan-2102",
            "vlan_pool_dn": "uni/infra/vlanns-[dynamic]-dynamic"
          },
          "sensitive_attributes": [],
          "private": "eyJzY2hlbWFfdmVyc2lvbiI6IjEifQ==",
          "dependencies": [
            "data.aci_vlan_pool.dynamic"
          ]
        }
      ]
    },
    {
      "mode": "managed",
      "type": "aci_ranges",
      "name": "dynamic_2103",
      "provider": "provider[\"registry.terraform.io/ciscodevnet/aci\"]",
      "instances": [
        {
          "schema_version": 1,
          "attributes": {
            "alloc_mode": "inherit",
            "annotation": "orchestrator:terraform",
            "description": "",
            "from": "vlan-2103",
            "id": "uni/infra/vlanns-[dynamic]-dynamic/from-[vlan-2103]-to-[vlan-2103]",
            "name_alias": "",
            "role": "external",
            "to": "vlan-2103",
            "vlan_pool_dn": "uni/infra/vlanns-[dynamic]-dynamic"
          },
          "sensitive_attributes": [],
          "private": "eyJzY2hlbWFfdmVyc2lvbiI6IjEifQ==",
          "dependencies": [
            "data.aci_vlan_pool.dynamic"
          ]
        }
      ]
    },
    {
      "mode": "managed",
      "type": "aci_ranges",
      "name": "dynamic_2104",
      "provider": "provider[\"registry.terraform.io/ciscodevnet/aci\"]",
      "instances": [
        {
          "schema_version": 1,
          "attributes": {
            "alloc_mode": "inherit",
            "annotation": "orchestrator:terraform",
            "description": "",
            "from": "vlan-2104",
            "id": "uni/infra/vlanns-[dynamic]-dynamic/from-[vlan-2104]-to-[vlan-2104]",
            "name_alias": "",
            "role": "external",
            "to": "vlan-2104",
            "vlan_pool_dn": "uni/infra/vlanns-[dynamic]-dynamic"
          },
          "sensitive_attributes": [],
          "private": "eyJzY2hlbWFfdmVyc2lvbiI6IjEifQ==",
          "dependencies": [
            "data.aci_vlan_pool.dynamic"
          ]
        }
      ]
    },
    {
      "mode": "managed",
      "type": "aci_ranges",
      "name": "dynamic_2105",
      "provider": "provider[\"registry.terraform.io/ciscodevnet/aci\"]",
      "instances": [
        {
          "schema_version": 1,
          "attributes": {
            "alloc_mode": "inherit",
            "annotation": "orchestrator:terraform",
            "description": "",
            "from": "vlan-2105",
            "id": "uni/infra/vlanns-[dynamic]-dynamic/from-[vlan-2105]-to-[vlan-2105]",
            "name_alias": "",
            "role": "external",
            "to": "vlan-2105",
            "vlan_pool_dn": "uni/infra/vlanns-[dynamic]-dynamic"
          },
          "sensitive_attributes": [],
          "private": "eyJzY2hlbWFfdmVyc2lvbiI6IjEifQ==",
          "dependencies": [
            "data.aci_vlan_pool.dynamic"
          ]
        }
      ]
    },
    {
      "mode": "managed",
      "type": "aci_ranges",
      "name": "dynamic_2106",
      "provider": "provider[\"registry.terraform.io/ciscodevnet/aci\"]",
      "instances": [
        {
          "schema_version": 1,
          "attributes": {
            "alloc_mode": "inherit",
            "annotation": "orchestrator:terraform",
            "description": "",
            "from": "vlan-2106",
            "id": "uni/infra/vlanns-[dynamic]-dynamic/from-[vlan-2106]-to-[vlan-2106]",
            "name_alias": "",
            "role": "external",
            "to": "vlan-2106",
            "vlan_pool_dn": "uni/infra/vlanns-[dynamic]-dynamic"
          },
          "sensitive_attributes": [],
          "private": "eyJzY2hlbWFfdmVyc2lvbiI6IjEifQ==",
          "dependencies": [
            "data.aci_vlan_pool.dynamic"
          ]
        }
      ]
    },
    {
      "mode": "managed",
      "type": "aci_ranges",
      "name": "dynamic_2107",
      "provider": "provider[\"registry.terraform.io/ciscodevnet/aci\"]",
      "instances": [
        {
          "schema_version": 1,
          "attributes": {
            "alloc_mode": "inherit",
            "annotation": "orchestrator:terraform",
            "description": "",
            "from": "vlan-2107",
            "id": "uni/infra/vlanns-[dynamic]-dynamic/from-[vlan-2107]-to-[vlan-2107]",
            "name_alias": "",
            "role": "external",
            "to": "vlan-2107",
            "vlan_pool_dn": "uni/infra/vlanns-[dynamic]-dynamic"
          },
          "sensitive_attributes": [],
          "private": "eyJzY2hlbWFfdmVyc2lvbiI6IjEifQ==",
          "dependencies": [
            "data.aci_vlan_pool.dynamic"
          ]
        }
      ]
    },
    {
      "mode": "managed",
      "type": "aci_ranges",
      "name": "dynamic_2108",
      "provider": "provider[\"registry.terraform.io/ciscodevnet/aci\"]",
      "instances": [
        {
          "schema_version": 1,
          "attributes": {
            "alloc_mode": "inherit",
            "annotation": "orchestrator:terraform",
            "description": "",
            "from": "vlan-2108",
            "id": "uni/infra/vlanns-[dynamic]-dynamic/from-[vlan-2108]-to-[vlan-2108]",
            "name_alias": "",
            "role": "external",
            "to": "vlan-2108",
            "vlan_pool_dn": "uni/infra/vlanns-[dynamic]-dynamic"
          },
          "sensitive_attributes": [],
          "private": "eyJzY2hlbWFfdmVyc2lvbiI6IjEifQ==",
          "dependencies": [
            "data.aci_vlan_pool.dynamic"
          ]
        }
      ]
    },
    {
      "mode": "managed",
      "type": "aci_ranges",
      "name": "dynamic_2109",
      "provider": "provider[\"registry.terraform.io/ciscodevnet/aci\"]",
      "instances": [
        {
          "schema_version": 1,
          "attributes": {
            "alloc_mode": "inherit",
            "annotation": "orchestrator:terraform",
            "description": "",
            "from": "vlan-2109",
            "id": "uni/infra/vlanns-[dynamic]-dynamic/from-[vlan-2109]-to-[vlan-2109]",
            "name_alias": "",
            "role": "external",
            "to": "vlan-2109",
            "vlan_pool_dn": "uni/infra/vlanns-[dynamic]-dynamic"
          },
          "sensitive_attributes": [],
          "private": "eyJzY2hlbWFfdmVyc2lvbiI6IjEifQ==",
          "dependencies": [
            "data.aci_vlan_pool.dynamic"
          ]
        }
      ]
    },
    {
      "mode": "managed",
      "type": "aci_ranges",
      "name": "dynamic_2110",
      "provider": "provider[\"registry.terraform.io/ciscodevnet/aci\"]",
      "instances": [
        {
          "schema_version": 1,
          "attributes": {
            "alloc_mode": "inherit",
            "annotation": "orchestrator:terraform",
            "description": "",
            "from": "vlan-2110",
            "id": "uni/infra/vlanns-[dynamic]-dynamic/from-[vlan-2110]-to-[vlan-2110]",
            "name_alias": "",
            "role": "external",
            "to": "vlan-2110",
            "vlan_pool_dn": "uni/infra/vlanns-[dynamic]-dynamic"
          },
          "sensitive_attributes": [],
          "private": "eyJzY2hlbWFfdmVyc2lvbiI6IjEifQ==",
          "dependencies": [
            "data.aci_vlan_pool.dynamic"
          ]
        }
      ]
    },
    {
      "mode": "managed",
      "type": "aci_ranges",
      "name": "dynamic_2111",
      "provider": "provider[\"registry.terraform.io/ciscodevnet/aci\"]",
      "instances": [
        {
          "schema_version": 1,
          "attributes": {
            "alloc_mode": "inherit",
            "annotation": "orchestrator:terraform",
            "description": "",
            "from": "vlan-2111",
            "id": "uni/infra/vlanns-[dynamic]-dynamic/from-[vlan-2111]-to-[vlan-2111]",
            "name_alias": "",
            "role": "external",
            "to": "vlan-2111",
            "vlan_pool_dn": "uni/infra/vlanns-[dynamic]-dynamic"
          },
          "sensitive_attributes": [],
          "private": "eyJzY2hlbWFfdmVyc2lvbiI6IjEifQ==",
          "dependencies": [
            "data.aci_vlan_pool.dynamic"
          ]
        }
      ]
    },
    {
      "mode": "managed",
      "type": "aci_ranges",
      "name": "dynamic_2112",
      "provider": "provider[\"registry.terraform.io/ciscodevnet/aci\"]",
      "instances": [
        {
          "schema_version": 1,
          "attributes": {
            "alloc_mode": "inherit",
            "annotation": "orchestrator:terraform",
            "description": "",
            "from": "vlan-2112",
            "id": "uni/infra/vlanns-[dynamic]-dynamic/from-[vlan-2112]-to-[vlan-2112]",
            "name_alias": "",
            "role": "external",
            "to": "vlan-2112",
            "vlan_pool_dn": "uni/infra/vlanns-[dynamic]-dynamic"
          },
          "sensitive_attributes": [],
          "private": "eyJzY2hlbWFfdmVyc2lvbiI6IjEifQ==",
          "dependencies": [
            "data.aci_vlan_pool.dynamic"
          ]
        }
      ]
    },
    {
      "mode": "managed",
      "type": "aci_ranges",
      "name": "dynamic_2113",
      "provider": "provider[\"registry.terraform.io/ciscodevnet/aci\"]",
      "instances": [
        {
          "schema_version": 1,
          "attributes": {
            "alloc_mode": "inherit",
            "annotation": "orchestrator:terraform",
            "description": "",
            "from": "vlan-2113",
            "id": "uni/infra/vlanns-[dynamic]-dynamic/from-[vlan-2113]-to-[vlan-2113]",
            "name_alias": "",
            "role": "external",
            "to": "vlan-2113",
            "vlan_pool_dn": "uni/infra/vlanns-[dynamic]-dynamic"
          },
          "sensitive_attributes": [],
          "private": "eyJzY2hlbWFfdmVyc2lvbiI6IjEifQ==",
          "dependencies": [
            "data.aci_vlan_pool.dynamic"
          ]
        }
      ]
    },
    {
      "mode": "managed",
      "type": "aci_ranges",
      "name": "dynamic_2114",
      "provider": "provider[\"registry.terraform.io/ciscodevnet/aci\"]",
      "instances": [
        {
          "schema_version": 1,
          "attributes": {
            "alloc_mode": "inherit",
            "annotation": "orchestrator:terraform",
            "description": "",
            "from": "vlan-2114",
            "id": "uni/infra/vlanns-[dynamic]-dynamic/from-[vlan-2114]-to-[vlan-2114]",
            "name_alias": "",
            "role": "external",
            "to": "vlan-2114",
            "vlan_pool_dn": "uni/infra/vlanns-[dynamic]-dynamic"
          },
          "sensitive_attributes": [],
          "private": "eyJzY2hlbWFfdmVyc2lvbiI6IjEifQ==",
          "dependencies": [
            "data.aci_vlan_pool.dynamic"
          ]
        }
      ]
    },
    {
      "mode": "managed",
      "type": "aci_ranges",
      "name": "dynamic_2115",
      "provider": "provider[\"registry.terraform.io/ciscodevnet/aci\"]",
      "instances": [
        {
          "schema_version": 1,
          "attributes": {
            "alloc_mode": "inherit",
            "annotation": "orchestrator:terraform",
            "description": "",
            "from": "vlan-2115",
            "id": "uni/infra/vlanns-[dynamic]-dynamic/from-[vlan-2115]-to-[vlan-2115]",
            "name_alias": "",
            "role": "external",
            "to": "vlan-2115",
            "vlan_pool_dn": "uni/infra/vlanns-[dynamic]-dynamic"
          },
          "sensitive_attributes": [],
          "private": "eyJzY2hlbWFfdmVyc2lvbiI6IjEifQ==",
          "dependencies": [
            "data.aci_vlan_pool.dynamic"
          ]
        }
      ]
    },
    {
      "mode": "managed",
      "type": "aci_ranges",
      "name": "dynamic_2116",
      "provider": "provider[\"registry.terraform.io/ciscodevnet/aci\"]",
      "instances": [
        {
          "schema_version": 1,
          "attributes": {
            "alloc_mode": "inherit",
            "annotation": "orchestrator:terraform",
            "description": "",
            "from": "vlan-2116",
            "id": "uni/infra/vlanns-[dynamic]-dynamic/from-[vlan-2116]-to-[vlan-2116]",
            "name_alias": "",
            "role": "external",
            "to": "vlan-2116",
            "vlan_pool_dn": "uni/infra/vlanns-[dynamic]-dynamic"
          },
          "sensitive_attributes": [],
          "private": "eyJzY2hlbWFfdmVyc2lvbiI6IjEifQ==",
          "dependencies": [
            "data.aci_vlan_pool.dynamic"
          ]
        }
      ]
    },
    {
      "mode": "managed",
      "type": "aci_ranges",
      "name": "dynamic_2117",
      "provider": "provider[\"registry.terraform.io/ciscodevnet/aci\"]",
      "instances": [
        {
          "schema_version": 1,
          "attributes": {
            "alloc_mode": "inherit",
            "annotation": "orchestrator:terraform",
            "description": "",
            "from": "vlan-2117",
            "id": "uni/infra/vlanns-[dynamic]-dynamic/from-[vlan-2117]-to-[vlan-2117]",
            "name_alias": "",
            "role": "external",
            "to": "vlan-2117",
            "vlan_pool_dn": "uni/infra/vlanns-[dynamic]-dynamic"
          },
          "sensitive_attributes": [],
          "private": "eyJzY2hlbWFfdmVyc2lvbiI6IjEifQ==",
          "dependencies": [
            "data.aci_vlan_pool.dynamic"
          ]
        }
      ]
    },
    {
      "mode": "managed",
      "type": "aci_ranges",
      "name": "dynamic_2118",
      "provider": "provider[\"registry.terraform.io/ciscodevnet/aci\"]",
      "instances": [
        {
          "schema_version": 1,
          "attributes": {
            "alloc_mode": "inherit",
            "annotation": "orchestrator:terraform",
            "description": "",
            "from": "vlan-2118",
            "id": "uni/infra/vlanns-[dynamic]-dynamic/from-[vlan-2118]-to-[vlan-2118]",
            "name_alias": "",
            "role": "external",
            "to": "vlan-2118",
            "vlan_pool_dn": "uni/infra/vlanns-[dynamic]-dynamic"
          },
          "sensitive_attributes": [],
          "private": "eyJzY2hlbWFfdmVyc2lvbiI6IjEifQ==",
          "dependencies": [
            "data.aci_vlan_pool.dynamic"
          ]
        }
      ]
    },
    {
      "mode": "managed",
      "type": "aci_ranges",
      "name": "dynamic_2119",
      "provider": "provider[\"registry.terraform.io/ciscodevnet/aci\"]",
      "instances": [
        {
          "schema_version": 1,
          "attributes": {
            "alloc_mode": "inherit",
            "annotation": "orchestrator:terraform",
            "description": "",
            "from": "vlan-2119",
            "id": "uni/infra/vlanns-[dynamic]-dynamic/from-[vlan-2119]-to-[vlan-2119]",
            "name_alias": "",
            "role": "external",
            "to": "vlan-2119",
            "vlan_pool_dn": "uni/infra/vlanns-[dynamic]-dynamic"
          },
          "sensitive_attributes": [],
          "private": "eyJzY2hlbWFfdmVyc2lvbiI6IjEifQ==",
          "dependencies": [
            "data.aci_vlan_pool.dynamic"
          ]
        }
      ]
    },
    {
      "mode": "managed",
      "type": "aci_ranges",
      "name": "dynamic_2120",
      "provider": "provider[\"registry.terraform.io/ciscodevnet/aci\"]",
      "instances": [
        {
          "schema_version": 1,
          "attributes": {
            "alloc_mode": "inherit",
            "annotation": "orchestrator:terraform",
            "description": "",
            "from": "vlan-2120",
            "id": "uni/infra/vlanns-[dynamic]-dynamic/from-[vlan-2120]-to-[vlan-2120]",
            "name_alias": "",
            "role": "external",
            "to": "vlan-2120",
            "vlan_pool_dn": "uni/infra/vlanns-[dynamic]-dynamic"
          },
          "sensitive_attributes": [],
          "private": "eyJzY2hlbWFfdmVyc2lvbiI6IjEifQ==",
          "dependencies": [
            "data.aci_vlan_pool.dynamic"
          ]
        }
      ]
    },
    {
      "mode": "managed",
      "type": "aci_ranges",
      "name": "dynamic_2121",
      "provider": "provider[\"registry.terraform.io/ciscodevnet/aci\"]",
      "instances": [
        {
          "schema_version": 1,
          "attributes": {
            "alloc_mode": "inherit",
            "annotation": "orchestrator:terraform",
            "description": "",
            "from": "vlan-2121",
            "id": "uni/infra/vlanns-[dynamic]-dynamic/from-[vlan-2121]-to-[vlan-2121]",
            "name_alias": "",
            "role": "external",
            "to": "vlan-2121",
            "vlan_pool_dn": "uni/infra/vlanns-[dynamic]-dynamic"
          },
          "sensitive_attributes": [],
          "private": "eyJzY2hlbWFfdmVyc2lvbiI6IjEifQ==",
          "dependencies": [
            "data.aci_vlan_pool.dynamic"
          ]
        }
      ]
    },
    {
      "mode": "managed",
      "type": "aci_ranges",
      "name": "dynamic_2122",
      "provider": "provider[\"registry.terraform.io/ciscodevnet/aci\"]",
      "instances": [
        {
          "schema_version": 1,
          "attributes": {
            "alloc_mode": "inherit",
            "annotation": "orchestrator:terraform",
            "description": "",
            "from": "vlan-2122",
            "id": "uni/infra/vlanns-[dynamic]-dynamic/from-[vlan-2122]-to-[vlan-2122]",
            "name_alias": "",
            "role": "external",
            "to": "vlan-2122",
            "vlan_pool_dn": "uni/infra/vlanns-[dynamic]-dynamic"
          },
          "sensitive_attributes": [],
          "private": "eyJzY2hlbWFfdmVyc2lvbiI6IjEifQ==",
          "dependencies": [
            "data.aci_vlan_pool.dynamic"
          ]
        }
      ]
    },
    {
      "mode": "managed",
      "type": "aci_ranges",
      "name": "dynamic_2123",
      "provider": "provider[\"registry.terraform.io/ciscodevnet/aci\"]",
      "instances": [
        {
          "schema_version": 1,
          "attributes": {
            "alloc_mode": "inherit",
            "annotation": "orchestrator:terraform",
            "description": "",
            "from": "vlan-2123",
            "id": "uni/infra/vlanns-[dynamic]-dynamic/from-[vlan-2123]-to-[vlan-2123]",
            "name_alias": "",
            "role": "external",
            "to": "vlan-2123",
            "vlan_pool_dn": "uni/infra/vlanns-[dynamic]-dynamic"
          },
          "sensitive_attributes": [],
          "private": "eyJzY2hlbWFfdmVyc2lvbiI6IjEifQ==",
          "dependencies": [
            "data.aci_vlan_pool.dynamic"
          ]
        }
      ]
    },
    {
      "mode": "managed",
      "type": "aci_ranges",
      "name": "dynamic_2124",
      "provider": "provider[\"registry.terraform.io/ciscodevnet/aci\"]",
      "instances": [
        {
          "schema_version": 1,
          "attributes": {
            "alloc_mode": "inherit",
            "annotation": "orchestrator:terraform",
            "description": "",
            "from": "vlan-2124",
            "id": "uni/infra/vlanns-[dynamic]-dynamic/from-[vlan-2124]-to-[vlan-2124]",
            "name_alias": "",
            "role": "external",
            "to": "vlan-2124",
            "vlan_pool_dn": "uni/infra/vlanns-[dynamic]-dynamic"
          },
          "sensitive_attributes": [],
          "private": "eyJzY2hlbWFfdmVyc2lvbiI6IjEifQ==",
          "dependencies": [
            "data.aci_vlan_pool.dynamic"
          ]
        }
      ]
    },
    {
      "mode": "managed",
      "type": "aci_ranges",
      "name": "dynamic_2125",
      "provider": "provider[\"registry.terraform.io/ciscodevnet/aci\"]",
      "instances": [
        {
          "schema_version": 1,
          "attributes": {
            "alloc_mode": "inherit",
            "annotation": "orchestrator:terraform",
            "description": "",
            "from": "vlan-2125",
            "id": "uni/infra/vlanns-[dynamic]-dynamic/from-[vlan-2125]-to-[vlan-2125]",
            "name_alias": "",
            "role": "external",
            "to": "vlan-2125",
            "vlan_pool_dn": "uni/infra/vlanns-[dynamic]-dynamic"
          },
          "sensitive_attributes": [],
          "private": "eyJzY2hlbWFfdmVyc2lvbiI6IjEifQ==",
          "dependencies": [
            "data.aci_vlan_pool.dynamic"
          ]
        }
      ]
    },
    {
      "mode": "managed",
      "type": "aci_ranges",
      "name": "dynamic_2126",
      "provider": "provider[\"registry.terraform.io/ciscodevnet/aci\"]",
      "instances": [
        {
          "schema_version": 1,
          "attributes": {
            "alloc_mode": "inherit",
            "annotation": "orchestrator:terraform",
            "description": "",
            "from": "vlan-2126",
            "id": "uni/infra/vlanns-[dynamic]-dynamic/from-[vlan-2126]-to-[vlan-2126]",
            "name_alias": "",
            "role": "external",
            "to": "vlan-2126",
            "vlan_pool_dn": "uni/infra/vlanns-[dynamic]-dynamic"
          },
          "sensitive_attributes": [],
          "private": "eyJzY2hlbWFfdmVyc2lvbiI6IjEifQ==",
          "dependencies": [
            "data.aci_vlan_pool.dynamic"
          ]
        }
      ]
    },
    {
      "mode": "managed",
      "type": "aci_ranges",
      "name": "dynamic_2127",
      "provider": "provider[\"registry.terraform.io/ciscodevnet/aci\"]",
      "instances": [
        {
          "schema_version": 1,
          "attributes": {
            "alloc_mode": "inherit",
            "annotation": "orchestrator:terraform",
            "description": "",
            "from": "vlan-2127",
            "id": "uni/infra/vlanns-[dynamic]-dynamic/from-[vlan-2127]-to-[vlan-2127]",
            "name_alias": "",
            "role": "external",
            "to": "vlan-2127",
            "vlan_pool_dn": "uni/infra/vlanns-[dynamic]-dynamic"
          },
          "sensitive_attributes": [],
          "private": "eyJzY2hlbWFfdmVyc2lvbiI6IjEifQ==",
          "dependencies": [
            "data.aci_vlan_pool.dynamic"
          ]
        }
      ]
    },
    {
      "mode": "managed",
      "type": "aci_ranges",
      "name": "dynamic_2128",
      "provider": "provider[\"registry.terraform.io/ciscodevnet/aci\"]",
      "instances": [
        {
          "schema_version": 1,
          "attributes": {
            "alloc_mode": "inherit",
            "annotation": "orchestrator:terraform",
            "description": "",
            "from": "vlan-2128",
            "id": "uni/infra/vlanns-[dynamic]-dynamic/from-[vlan-2128]-to-[vlan-2128]",
            "name_alias": "",
            "role": "external",
            "to": "vlan-2128",
            "vlan_pool_dn": "uni/infra/vlanns-[dynamic]-dynamic"
          },
          "sensitive_attributes": [],
          "private": "eyJzY2hlbWFfdmVyc2lvbiI6IjEifQ==",
          "dependencies": [
            "data.aci_vlan_pool.dynamic"
          ]
        }
      ]
    },
    {
      "mode": "managed",
      "type": "aci_ranges",
      "name": "dynamic_2129",
      "provider": "provider[\"registry.terraform.io/ciscodevnet/aci\"]",
      "instances": [
        {
          "schema_version": 1,
          "attributes": {
            "alloc_mode": "inherit",
            "annotation": "orchestrator:terraform",
            "description": "",
            "from": "vlan-2129",
            "id": "uni/infra/vlanns-[dynamic]-dynamic/from-[vlan-2129]-to-[vlan-2129]",
            "name_alias": "",
            "role": "external",
            "to": "vlan-2129",
            "vlan_pool_dn": "uni/infra/vlanns-[dynamic]-dynamic"
          },
          "sensitive_attributes": [],
          "private": "eyJzY2hlbWFfdmVyc2lvbiI6IjEifQ==",
          "dependencies": [
            "data.aci_vlan_pool.dynamic"
          ]
        }
      ]
    },
    {
      "mode": "managed",
      "type": "aci_ranges",
      "name": "dynamic_2130",
      "provider": "provider[\"registry.terraform.io/ciscodevnet/aci\"]",
      "instances": [
        {
          "schema_version": 1,
          "attributes": {
            "alloc_mode": "inherit",
            "annotation": "orchestrator:terraform",
            "description": "",
            "from": "vlan-2130",
            "id": "uni/infra/vlanns-[dynamic]-dynamic/from-[vlan-2130]-to-[vlan-2130]",
            "name_alias": "",
            "role": "external",
            "to": "vlan-2130",
            "vlan_pool_dn": "uni/infra/vlanns-[dynamic]-dynamic"
          },
          "sensitive_attributes": [],
          "private": "eyJzY2hlbWFfdmVyc2lvbiI6IjEifQ==",
          "dependencies": [
            "data.aci_vlan_pool.dynamic"
          ]
        }
      ]
    },
    {
      "mode": "managed",
      "type": "aci_ranges",
      "name": "dynamic_2131",
      "provider": "provider[\"registry.terraform.io/ciscodevnet/aci\"]",
      "instances": [
        {
          "schema_version": 1,
          "attributes": {
            "alloc_mode": "inherit",
            "annotation": "orchestrator:terraform",
            "description": "",
            "from": "vlan-2131",
            "id": "uni/infra/vlanns-[dynamic]-dynamic/from-[vlan-2131]-to-[vlan-2131]",
            "name_alias": "",
            "role": "external",
            "to": "vlan-2131",
            "vlan_pool_dn": "uni/infra/vlanns-[dynamic]-dynamic"
          },
          "sensitive_attributes": [],
          "private": "eyJzY2hlbWFfdmVyc2lvbiI6IjEifQ==",
          "dependencies": [
            "data.aci_vlan_pool.dynamic"
          ]
        }
      ]
    },
    {
      "mode": "managed",
      "type": "aci_ranges",
      "name": "dynamic_2132",
      "provider": "provider[\"registry.terraform.io/ciscodevnet/aci\"]",
      "instances": [
        {
          "schema_version": 1,
          "attributes": {
            "alloc_mode": "inherit",
            "annotation": "orchestrator:terraform",
            "description": "",
            "from": "vlan-2132",
            "id": "uni/infra/vlanns-[dynamic]-dynamic/from-[vlan-2132]-to-[vlan-2132]",
            "name_alias": "",
            "role": "external",
            "to": "vlan-2132",
            "vlan_pool_dn": "uni/infra/vlanns-[dynamic]-dynamic"
          },
          "sensitive_attributes": [],
          "private": "eyJzY2hlbWFfdmVyc2lvbiI6IjEifQ==",
          "dependencies": [
            "data.aci_vlan_pool.dynamic"
          ]
        }
      ]
    },
    {
      "mode": "managed",
      "type": "aci_ranges",
      "name": "dynamic_2133",
      "provider": "provider[\"registry.terraform.io/ciscodevnet/aci\"]",
      "instances": [
        {
          "schema_version": 1,
          "attributes": {
            "alloc_mode": "inherit",
            "annotation": "orchestrator:terraform",
            "description": "",
            "from": "vlan-2133",
            "id": "uni/infra/vlanns-[dynamic]-dynamic/from-[vlan-2133]-to-[vlan-2133]",
            "name_alias": "",
            "role": "external",
            "to": "vlan-2133",
            "vlan_pool_dn": "uni/infra/vlanns-[dynamic]-dynamic"
          },
          "sensitive_attributes": [],
          "private": "eyJzY2hlbWFfdmVyc2lvbiI6IjEifQ==",
          "dependencies": [
            "data.aci_vlan_pool.dynamic"
          ]
        }
      ]
    },
    {
      "mode": "managed",
      "type": "aci_ranges",
      "name": "dynamic_2134",
      "provider": "provider[\"registry.terraform.io/ciscodevnet/aci\"]",
      "instances": [
        {
          "schema_version": 1,
          "attributes": {
            "alloc_mode": "inherit",
            "annotation": "orchestrator:terraform",
            "description": "",
            "from": "vlan-2134",
            "id": "uni/infra/vlanns-[dynamic]-dynamic/from-[vlan-2134]-to-[vlan-2134]",
            "name_alias": "",
            "role": "external",
            "to": "vlan-2134",
            "vlan_pool_dn": "uni/infra/vlanns-[dynamic]-dynamic"
          },
          "sensitive_attributes": [],
          "private": "eyJzY2hlbWFfdmVyc2lvbiI6IjEifQ==",
          "dependencies": [
            "data.aci_vlan_pool.dynamic"
          ]
        }
      ]
    },
    {
      "mode": "managed",
      "type": "aci_ranges",
      "name": "dynamic_2135",
      "provider": "provider[\"registry.terraform.io/ciscodevnet/aci\"]",
      "instances": [
        {
          "schema_version": 1,
          "attributes": {
            "alloc_mode": "inherit",
            "annotation": "orchestrator:terraform",
            "description": "",
            "from": "vlan-2135",
            "id": "uni/infra/vlanns-[dynamic]-dynamic/from-[vlan-2135]-to-[vlan-2135]",
            "name_alias": "",
            "role": "external",
            "to": "vlan-2135",
            "vlan_pool_dn": "uni/infra/vlanns-[dynamic]-dynamic"
          },
          "sensitive_attributes": [],
          "private": "eyJzY2hlbWFfdmVyc2lvbiI6IjEifQ==",
          "dependencies": [
            "data.aci_vlan_pool.dynamic"
          ]
        }
      ]
    },
    {
      "mode": "managed",
      "type": "aci_ranges",
      "name": "dynamic_2136",
      "provider": "provider[\"registry.terraform.io/ciscodevnet/aci\"]",
      "instances": [
        {
          "schema_version": 1,
          "attributes": {
            "alloc_mode": "inherit",
            "annotation": "orchestrator:terraform",
            "description": "",
            "from": "vlan-2136",
            "id": "uni/infra/vlanns-[dynamic]-dynamic/from-[vlan-2136]-to-[vlan-2136]",
            "name_alias": "",
            "role": "external",
            "to": "vlan-2136",
            "vlan_pool_dn": "uni/infra/vlanns-[dynamic]-dynamic"
          },
          "sensitive_attributes": [],
          "private": "eyJzY2hlbWFfdmVyc2lvbiI6IjEifQ==",
          "dependencies": [
            "data.aci_vlan_pool.dynamic"
          ]
        }
      ]
    },
    {
      "mode": "managed",
      "type": "aci_ranges",
      "name": "dynamic_2137",
      "provider": "provider[\"registry.terraform.io/ciscodevnet/aci\"]",
      "instances": [
        {
          "schema_version": 1,
          "attributes": {
            "alloc_mode": "inherit",
            "annotation": "orchestrator:terraform",
            "description": "",
            "from": "vlan-2137",
            "id": "uni/infra/vlanns-[dynamic]-dynamic/from-[vlan-2137]-to-[vlan-2137]",
            "name_alias": "",
            "role": "external",
            "to": "vlan-2137",
            "vlan_pool_dn": "uni/infra/vlanns-[dynamic]-dynamic"
          },
          "sensitive_attributes": [],
          "private": "eyJzY2hlbWFfdmVyc2lvbiI6IjEifQ==",
          "dependencies": [
            "data.aci_vlan_pool.dynamic"
          ]
        }
      ]
    },
    {
      "mode": "managed",
      "type": "aci_ranges",
      "name": "dynamic_2138",
      "provider": "provider[\"registry.terraform.io/ciscodevnet/aci\"]",
      "instances": [
        {
          "schema_version": 1,
          "attributes": {
            "alloc_mode": "inherit",
            "annotation": "orchestrator:terraform",
            "description": "",
            "from": "vlan-2138",
            "id": "uni/infra/vlanns-[dynamic]-dynamic/from-[vlan-2138]-to-[vlan-2138]",
            "name_alias": "",
            "role": "external",
            "to": "vlan-2138",
            "vlan_pool_dn": "uni/infra/vlanns-[dynamic]-dynamic"
          },
          "sensitive_attributes": [],
          "private": "eyJzY2hlbWFfdmVyc2lvbiI6IjEifQ==",
          "dependencies": [
            "data.aci_vlan_pool.dynamic"
          ]
        }
      ]
    },
    {
      "mode": "managed",
      "type": "aci_ranges",
      "name": "dynamic_2139",
      "provider": "provider[\"registry.terraform.io/ciscodevnet/aci\"]",
      "instances": [
        {
          "schema_version": 1,
          "attributes": {
            "alloc_mode": "inherit",
            "annotation": "orchestrator:terraform",
            "description": "",
            "from": "vlan-2139",
            "id": "uni/infra/vlanns-[dynamic]-dynamic/from-[vlan-2139]-to-[vlan-2139]",
            "name_alias": "",
            "role": "external",
            "to": "vlan-2139",
            "vlan_pool_dn": "uni/infra/vlanns-[dynamic]-dynamic"
          },
          "sensitive_attributes": [],
          "private": "eyJzY2hlbWFfdmVyc2lvbiI6IjEifQ==",
          "dependencies": [
            "data.aci_vlan_pool.dynamic"
          ]
        }
      ]
    },
    {
      "mode": "managed",
      "type": "aci_ranges",
      "name": "dynamic_2140",
      "provider": "provider[\"registry.terraform.io/ciscodevnet/aci\"]",
      "instances": [
        {
          "schema_version": 1,
          "attributes": {
            "alloc_mode": "inherit",
            "annotation": "orchestrator:terraform",
            "description": "",
            "from": "vlan-2140",
            "id": "uni/infra/vlanns-[dynamic]-dynamic/from-[vlan-2140]-to-[vlan-2140]",
            "name_alias": "",
            "role": "external",
            "to": "vlan-2140",
            "vlan_pool_dn": "uni/infra/vlanns-[dynamic]-dynamic"
          },
          "sensitive_attributes": [],
          "private": "eyJzY2hlbWFfdmVyc2lvbiI6IjEifQ==",
          "dependencies": [
            "data.aci_vlan_pool.dynamic"
          ]
        }
      ]
    },
    {
      "mode": "managed",
      "type": "aci_ranges",
      "name": "dynamic_2141",
      "provider": "provider[\"registry.terraform.io/ciscodevnet/aci\"]",
      "instances": [
        {
          "schema_version": 1,
          "attributes": {
            "alloc_mode": "inherit",
            "annotation": "orchestrator:terraform",
            "description": "",
            "from": "vlan-2141",
            "id": "uni/infra/vlanns-[dynamic]-dynamic/from-[vlan-2141]-to-[vlan-2141]",
            "name_alias": "",
            "role": "external",
            "to": "vlan-2141",
            "vlan_pool_dn": "uni/infra/vlanns-[dynamic]-dynamic"
          },
          "sensitive_attributes": [],
          "private": "eyJzY2hlbWFfdmVyc2lvbiI6IjEifQ==",
          "dependencies": [
            "data.aci_vlan_pool.dynamic"
          ]
        }
      ]
    },
    {
      "mode": "managed",
      "type": "aci_ranges",
      "name": "dynamic_2142",
      "provider": "provider[\"registry.terraform.io/ciscodevnet/aci\"]",
      "instances": [
        {
          "schema_version": 1,
          "attributes": {
            "alloc_mode": "inherit",
            "annotation": "orchestrator:terraform",
            "description": "",
            "from": "vlan-2142",
            "id": "uni/infra/vlanns-[dynamic]-dynamic/from-[vlan-2142]-to-[vlan-2142]",
            "name_alias": "",
            "role": "external",
            "to": "vlan-2142",
            "vlan_pool_dn": "uni/infra/vlanns-[dynamic]-dynamic"
          },
          "sensitive_attributes": [],
          "private": "eyJzY2hlbWFfdmVyc2lvbiI6IjEifQ==",
          "dependencies": [
            "data.aci_vlan_pool.dynamic"
          ]
        }
      ]
    },
    {
      "mode": "managed",
      "type": "aci_ranges",
      "name": "dynamic_2143",
      "provider": "provider[\"registry.terraform.io/ciscodevnet/aci\"]",
      "instances": [
        {
          "schema_version": 1,
          "attributes": {
            "alloc_mode": "inherit",
            "annotation": "orchestrator:terraform",
            "description": "",
            "from": "vlan-2143",
            "id": "uni/infra/vlanns-[dynamic]-dynamic/from-[vlan-2143]-to-[vlan-2143]",
            "name_alias": "",
            "role": "external",
            "to": "vlan-2143",
            "vlan_pool_dn": "uni/infra/vlanns-[dynamic]-dynamic"
          },
          "sensitive_attributes": [],
          "private": "eyJzY2hlbWFfdmVyc2lvbiI6IjEifQ==",
          "dependencies": [
            "data.aci_vlan_pool.dynamic"
          ]
        }
      ]
    },
    {
      "mode": "managed",
      "type": "aci_ranges",
      "name": "dynamic_2144",
      "provider": "provider[\"registry.terraform.io/ciscodevnet/aci\"]",
      "instances": [
        {
          "schema_version": 1,
          "attributes": {
            "alloc_mode": "inherit",
            "annotation": "orchestrator:terraform",
            "description": "",
            "from": "vlan-2144",
            "id": "uni/infra/vlanns-[dynamic]-dynamic/from-[vlan-2144]-to-[vlan-2144]",
            "name_alias": "",
            "role": "external",
            "to": "vlan-2144",
            "vlan_pool_dn": "uni/infra/vlanns-[dynamic]-dynamic"
          },
          "sensitive_attributes": [],
          "private": "eyJzY2hlbWFfdmVyc2lvbiI6IjEifQ==",
          "dependencies": [
            "data.aci_vlan_pool.dynamic"
          ]
        }
      ]
    },
    {
      "mode": "managed",
      "type": "aci_ranges",
      "name": "dynamic_2145",
      "provider": "provider[\"registry.terraform.io/ciscodevnet/aci\"]",
      "instances": [
        {
          "schema_version": 1,
          "attributes": {
            "alloc_mode": "inherit",
            "annotation": "orchestrator:terraform",
            "description": "",
            "from": "vlan-2145",
            "id": "uni/infra/vlanns-[dynamic]-dynamic/from-[vlan-2145]-to-[vlan-2145]",
            "name_alias": "",
            "role": "external",
            "to": "vlan-2145",
            "vlan_pool_dn": "uni/infra/vlanns-[dynamic]-dynamic"
          },
          "sensitive_attributes": [],
          "private": "eyJzY2hlbWFfdmVyc2lvbiI6IjEifQ==",
          "dependencies": [
            "data.aci_vlan_pool.dynamic"
          ]
        }
      ]
    },
    {
      "mode": "managed",
      "type": "aci_ranges",
      "name": "dynamic_2146",
      "provider": "provider[\"registry.terraform.io/ciscodevnet/aci\"]",
      "instances": [
        {
          "schema_version": 1,
          "attributes": {
            "alloc_mode": "inherit",
            "annotation": "orchestrator:terraform",
            "description": "",
            "from": "vlan-2146",
            "id": "uni/infra/vlanns-[dynamic]-dynamic/from-[vlan-2146]-to-[vlan-2146]",
            "name_alias": "",
            "role": "external",
            "to": "vlan-2146",
            "vlan_pool_dn": "uni/infra/vlanns-[dynamic]-dynamic"
          },
          "sensitive_attributes": [],
          "private": "eyJzY2hlbWFfdmVyc2lvbiI6IjEifQ==",
          "dependencies": [
            "data.aci_vlan_pool.dynamic"
          ]
        }
      ]
    },
    {
      "mode": "managed",
      "type": "aci_ranges",
      "name": "dynamic_2147",
      "provider": "provider[\"registry.terraform.io/ciscodevnet/aci\"]",
      "instances": [
        {
          "schema_version": 1,
          "attributes": {
            "alloc_mode": "inherit",
            "annotation": "orchestrator:terraform",
            "description": "",
            "from": "vlan-2147",
            "id": "uni/infra/vlanns-[dynamic]-dynamic/from-[vlan-2147]-to-[vlan-2147]",
            "name_alias": "",
            "role": "external",
            "to": "vlan-2147",
            "vlan_pool_dn": "uni/infra/vlanns-[dynamic]-dynamic"
          },
          "sensitive_attributes": [],
          "private": "eyJzY2hlbWFfdmVyc2lvbiI6IjEifQ==",
          "dependencies": [
            "data.aci_vlan_pool.dynamic"
          ]
        }
      ]
    },
    {
      "mode": "managed",
      "type": "aci_ranges",
      "name": "dynamic_2148",
      "provider": "provider[\"registry.terraform.io/ciscodevnet/aci\"]",
      "instances": [
        {
          "schema_version": 1,
          "attributes": {
            "alloc_mode": "inherit",
            "annotation": "orchestrator:terraform",
            "description": "",
            "from": "vlan-2148",
            "id": "uni/infra/vlanns-[dynamic]-dynamic/from-[vlan-2148]-to-[vlan-2148]",
            "name_alias": "",
            "role": "external",
            "to": "vlan-2148",
            "vlan_pool_dn": "uni/infra/vlanns-[dynamic]-dynamic"
          },
          "sensitive_attributes": [],
          "private": "eyJzY2hlbWFfdmVyc2lvbiI6IjEifQ==",
          "dependencies": [
            "data.aci_vlan_pool.dynamic"
          ]
        }
      ]
    },
    {
      "mode": "managed",
      "type": "aci_ranges",
      "name": "dynamic_2149",
      "provider": "provider[\"registry.terraform.io/ciscodevnet/aci\"]",
      "instances": [
        {
          "schema_version": 1,
          "attributes": {
            "alloc_mode": "inherit",
            "annotation": "orchestrator:terraform",
            "description": "",
            "from": "vlan-2149",
            "id": "uni/infra/vlanns-[dynamic]-dynamic/from-[vlan-2149]-to-[vlan-2149]",
            "name_alias": "",
            "role": "external",
            "to": "vlan-2149",
            "vlan_pool_dn": "uni/infra/vlanns-[dynamic]-dynamic"
          },
          "sensitive_attributes": [],
          "private": "eyJzY2hlbWFfdmVyc2lvbiI6IjEifQ==",
          "dependencies": [
            "data.aci_vlan_pool.dynamic"
          ]
        }
      ]
    },
    {
      "mode": "managed",
      "type": "aci_ranges",
      "name": "dynamic_2150",
      "provider": "provider[\"registry.terraform.io/ciscodevnet/aci\"]",
      "instances": [
        {
          "schema_version": 1,
          "attributes": {
            "alloc_mode": "inherit",
            "annotation": "orchestrator:terraform",
            "description": "",
            "from": "vlan-2150",
            "id": "uni/infra/vlanns-[dynamic]-dynamic/from-[vlan-2150]-to-[vlan-2150]",
            "name_alias": "",
            "role": "external",
            "to": "vlan-2150",
            "vlan_pool_dn": "uni/infra/vlanns-[dynamic]-dynamic"
          },
          "sensitive_attributes": [],
          "private": "eyJzY2hlbWFfdmVyc2lvbiI6IjEifQ==",
          "dependencies": [
            "data.aci_vlan_pool.dynamic"
          ]
        }
      ]
    },
    {
      "mode": "managed",
      "type": "aci_ranges",
      "name": "dynamic_2151",
      "provider": "provider[\"registry.terraform.io/ciscodevnet/aci\"]",
      "instances": [
        {
          "schema_version": 1,
          "attributes": {
            "alloc_mode": "inherit",
            "annotation": "orchestrator:terraform",
            "description": "",
            "from": "vlan-2151",
            "id": "uni/infra/vlanns-[dynamic]-dynamic/from-[vlan-2151]-to-[vlan-2151]",
            "name_alias": "",
            "role": "external",
            "to": "vlan-2151",
            "vlan_pool_dn": "uni/infra/vlanns-[dynamic]-dynamic"
          },
          "sensitive_attributes": [],
          "private": "eyJzY2hlbWFfdmVyc2lvbiI6IjEifQ==",
          "dependencies": [
            "data.aci_vlan_pool.dynamic"
          ]
        }
      ]
    },
    {
      "mode": "managed",
      "type": "aci_ranges",
      "name": "dynamic_2152",
      "provider": "provider[\"registry.terraform.io/ciscodevnet/aci\"]",
      "instances": [
        {
          "schema_version": 1,
          "attributes": {
            "alloc_mode": "inherit",
            "annotation": "orchestrator:terraform",
            "description": "",
            "from": "vlan-2152",
            "id": "uni/infra/vlanns-[dynamic]-dynamic/from-[vlan-2152]-to-[vlan-2152]",
            "name_alias": "",
            "role": "external",
            "to": "vlan-2152",
            "vlan_pool_dn": "uni/infra/vlanns-[dynamic]-dynamic"
          },
          "sensitive_attributes": [],
          "private": "eyJzY2hlbWFfdmVyc2lvbiI6IjEifQ==",
          "dependencies": [
            "data.aci_vlan_pool.dynamic"
          ]
        }
      ]
    },
    {
      "mode": "managed",
      "type": "aci_ranges",
      "name": "dynamic_2153",
      "provider": "provider[\"registry.terraform.io/ciscodevnet/aci\"]",
      "instances": [
        {
          "schema_version": 1,
          "attributes": {
            "alloc_mode": "inherit",
            "annotation": "orchestrator:terraform",
            "description": "",
            "from": "vlan-2153",
            "id": "uni/infra/vlanns-[dynamic]-dynamic/from-[vlan-2153]-to-[vlan-2153]",
            "name_alias": "",
            "role": "external",
            "to": "vlan-2153",
            "vlan_pool_dn": "uni/infra/vlanns-[dynamic]-dynamic"
          },
          "sensitive_attributes": [],
          "private": "eyJzY2hlbWFfdmVyc2lvbiI6IjEifQ==",
          "dependencies": [
            "data.aci_vlan_pool.dynamic"
          ]
        }
      ]
    },
    {
      "mode": "managed",
      "type": "aci_ranges",
      "name": "dynamic_2154",
      "provider": "provider[\"registry.terraform.io/ciscodevnet/aci\"]",
      "instances": [
        {
          "schema_version": 1,
          "attributes": {
            "alloc_mode": "inherit",
            "annotation": "orchestrator:terraform",
            "description": "",
            "from": "vlan-2154",
            "id": "uni/infra/vlanns-[dynamic]-dynamic/from-[vlan-2154]-to-[vlan-2154]",
            "name_alias": "",
            "role": "external",
            "to": "vlan-2154",
            "vlan_pool_dn": "uni/infra/vlanns-[dynamic]-dynamic"
          },
          "sensitive_attributes": [],
          "private": "eyJzY2hlbWFfdmVyc2lvbiI6IjEifQ==",
          "dependencies": [
            "data.aci_vlan_pool.dynamic"
          ]
        }
      ]
    },
    {
      "mode": "managed",
      "type": "aci_ranges",
      "name": "dynamic_2155",
      "provider": "provider[\"registry.terraform.io/ciscodevnet/aci\"]",
      "instances": [
        {
          "schema_version": 1,
          "attributes": {
            "alloc_mode": "inherit",
            "annotation": "orchestrator:terraform",
            "description": "",
            "from": "vlan-2155",
            "id": "uni/infra/vlanns-[dynamic]-dynamic/from-[vlan-2155]-to-[vlan-2155]",
            "name_alias": "",
            "role": "external",
            "to": "vlan-2155",
            "vlan_pool_dn": "uni/infra/vlanns-[dynamic]-dynamic"
          },
          "sensitive_attributes": [],
          "private": "eyJzY2hlbWFfdmVyc2lvbiI6IjEifQ==",
          "dependencies": [
            "data.aci_vlan_pool.dynamic"
          ]
        }
      ]
    },
    {
      "mode": "managed",
      "type": "aci_ranges",
      "name": "dynamic_2156",
      "provider": "provider[\"registry.terraform.io/ciscodevnet/aci\"]",
      "instances": [
        {
          "schema_version": 1,
          "attributes": {
            "alloc_mode": "inherit",
            "annotation": "orchestrator:terraform",
            "description": "",
            "from": "vlan-2156",
            "id": "uni/infra/vlanns-[dynamic]-dynamic/from-[vlan-2156]-to-[vlan-2156]",
            "name_alias": "",
            "role": "external",
            "to": "vlan-2156",
            "vlan_pool_dn": "uni/infra/vlanns-[dynamic]-dynamic"
          },
          "sensitive_attributes": [],
          "private": "eyJzY2hlbWFfdmVyc2lvbiI6IjEifQ==",
          "dependencies": [
            "data.aci_vlan_pool.dynamic"
          ]
        }
      ]
    },
    {
      "mode": "managed",
      "type": "aci_ranges",
      "name": "dynamic_2157",
      "provider": "provider[\"registry.terraform.io/ciscodevnet/aci\"]",
      "instances": [
        {
          "schema_version": 1,
          "attributes": {
            "alloc_mode": "inherit",
            "annotation": "orchestrator:terraform",
            "description": "",
            "from": "vlan-2157",
            "id": "uni/infra/vlanns-[dynamic]-dynamic/from-[vlan-2157]-to-[vlan-2157]",
            "name_alias": "",
            "role": "external",
            "to": "vlan-2157",
            "vlan_pool_dn": "uni/infra/vlanns-[dynamic]-dynamic"
          },
          "sensitive_attributes": [],
          "private": "eyJzY2hlbWFfdmVyc2lvbiI6IjEifQ==",
          "dependencies": [
            "data.aci_vlan_pool.dynamic"
          ]
        }
      ]
    },
    {
      "mode": "managed",
      "type": "aci_ranges",
      "name": "dynamic_2158",
      "provider": "provider[\"registry.terraform.io/ciscodevnet/aci\"]",
      "instances": [
        {
          "schema_version": 1,
          "attributes": {
            "alloc_mode": "inherit",
            "annotation": "orchestrator:terraform",
            "description": "",
            "from": "vlan-2158",
            "id": "uni/infra/vlanns-[dynamic]-dynamic/from-[vlan-2158]-to-[vlan-2158]",
            "name_alias": "",
            "role": "external",
            "to": "vlan-2158",
            "vlan_pool_dn": "uni/infra/vlanns-[dynamic]-dynamic"
          },
          "sensitive_attributes": [],
          "private": "eyJzY2hlbWFfdmVyc2lvbiI6IjEifQ==",
          "dependencies": [
            "data.aci_vlan_pool.dynamic"
          ]
        }
      ]
    },
    {
      "mode": "managed",
      "type": "aci_ranges",
      "name": "dynamic_2159",
      "provider": "provider[\"registry.terraform.io/ciscodevnet/aci\"]",
      "instances": [
        {
          "schema_version": 1,
          "attributes": {
            "alloc_mode": "inherit",
            "annotation": "orchestrator:terraform",
            "description": "",
            "from": "vlan-2159",
            "id": "uni/infra/vlanns-[dynamic]-dynamic/from-[vlan-2159]-to-[vlan-2159]",
            "name_alias": "",
            "role": "external",
            "to": "vlan-2159",
            "vlan_pool_dn": "uni/infra/vlanns-[dynamic]-dynamic"
          },
          "sensitive_attributes": [],
          "private": "eyJzY2hlbWFfdmVyc2lvbiI6IjEifQ==",
          "dependencies": [
            "data.aci_vlan_pool.dynamic"
          ]
        }
      ]
    },
    {
      "mode": "managed",
      "type": "aci_ranges",
      "name": "dynamic_2160",
      "provider": "provider[\"registry.terraform.io/ciscodevnet/aci\"]",
      "instances": [
        {
          "schema_version": 1,
          "attributes": {
            "alloc_mode": "inherit",
            "annotation": "orchestrator:terraform",
            "description": "",
            "from": "vlan-2160",
            "id": "uni/infra/vlanns-[dynamic]-dynamic/from-[vlan-2160]-to-[vlan-2160]",
            "name_alias": "",
            "role": "external",
            "to": "vlan-2160",
            "vlan_pool_dn": "uni/infra/vlanns-[dynamic]-dynamic"
          },
          "sensitive_attributes": [],
          "private": "eyJzY2hlbWFfdmVyc2lvbiI6IjEifQ==",
          "dependencies": [
            "data.aci_vlan_pool.dynamic"
          ]
        }
      ]
    },
    {
      "mode": "managed",
      "type": "aci_ranges",
      "name": "dynamic_2161",
      "provider": "provider[\"registry.terraform.io/ciscodevnet/aci\"]",
      "instances": [
        {
          "schema_version": 1,
          "attributes": {
            "alloc_mode": "inherit",
            "annotation": "orchestrator:terraform",
            "description": "",
            "from": "vlan-2161",
            "id": "uni/infra/vlanns-[dynamic]-dynamic/from-[vlan-2161]-to-[vlan-2161]",
            "name_alias": "",
            "role": "external",
            "to": "vlan-2161",
            "vlan_pool_dn": "uni/infra/vlanns-[dynamic]-dynamic"
          },
          "sensitive_attributes": [],
          "private": "eyJzY2hlbWFfdmVyc2lvbiI6IjEifQ==",
          "dependencies": [
            "data.aci_vlan_pool.dynamic"
          ]
        }
      ]
    },
    {
      "mode": "managed",
      "type": "aci_ranges",
      "name": "dynamic_2162",
      "provider": "provider[\"registry.terraform.io/ciscodevnet/aci\"]",
      "instances": [
        {
          "schema_version": 1,
          "attributes": {
            "alloc_mode": "inherit",
            "annotation": "orchestrator:terraform",
            "description": "",
            "from": "vlan-2162",
            "id": "uni/infra/vlanns-[dynamic]-dynamic/from-[vlan-2162]-to-[vlan-2162]",
            "name_alias": "",
            "role": "external",
            "to": "vlan-2162",
            "vlan_pool_dn": "uni/infra/vlanns-[dynamic]-dynamic"
          },
          "sensitive_attributes": [],
          "private": "eyJzY2hlbWFfdmVyc2lvbiI6IjEifQ==",
          "dependencies": [
            "data.aci_vlan_pool.dynamic"
          ]
        }
      ]
    },
    {
      "mode": "managed",
      "type": "aci_ranges",
      "name": "dynamic_2163",
      "provider": "provider[\"registry.terraform.io/ciscodevnet/aci\"]",
      "instances": [
        {
          "schema_version": 1,
          "attributes": {
            "alloc_mode": "inherit",
            "annotation": "orchestrator:terraform",
            "description": "",
            "from": "vlan-2163",
            "id": "uni/infra/vlanns-[dynamic]-dynamic/from-[vlan-2163]-to-[vlan-2163]",
            "name_alias": "",
            "role": "external",
            "to": "vlan-2163",
            "vlan_pool_dn": "uni/infra/vlanns-[dynamic]-dynamic"
          },
          "sensitive_attributes": [],
          "private": "eyJzY2hlbWFfdmVyc2lvbiI6IjEifQ==",
          "dependencies": [
            "data.aci_vlan_pool.dynamic"
          ]
        }
      ]
    },
    {
      "mode": "managed",
      "type": "aci_ranges",
      "name": "dynamic_2164",
      "provider": "provider[\"registry.terraform.io/ciscodevnet/aci\"]",
      "instances": [
        {
          "schema_version": 1,
          "attributes": {
            "alloc_mode": "inherit",
            "annotation": "orchestrator:terraform",
            "description": "",
            "from": "vlan-2164",
            "id": "uni/infra/vlanns-[dynamic]-dynamic/from-[vlan-2164]-to-[vlan-2164]",
            "name_alias": "",
            "role": "external",
            "to": "vlan-2164",
            "vlan_pool_dn": "uni/infra/vlanns-[dynamic]-dynamic"
          },
          "sensitive_attributes": [],
          "private": "eyJzY2hlbWFfdmVyc2lvbiI6IjEifQ==",
          "dependencies": [
            "data.aci_vlan_pool.dynamic"
          ]
        }
      ]
    },
    {
      "mode": "managed",
      "type": "aci_ranges",
      "name": "dynamic_2165",
      "provider": "provider[\"registry.terraform.io/ciscodevnet/aci\"]",
      "instances": [
        {
          "schema_version": 1,
          "attributes": {
            "alloc_mode": "inherit",
            "annotation": "orchestrator:terraform",
            "description": "",
            "from": "vlan-2165",
            "id": "uni/infra/vlanns-[dynamic]-dynamic/from-[vlan-2165]-to-[vlan-2165]",
            "name_alias": "",
            "role": "external",
            "to": "vlan-2165",
            "vlan_pool_dn": "uni/infra/vlanns-[dynamic]-dynamic"
          },
          "sensitive_attributes": [],
          "private": "eyJzY2hlbWFfdmVyc2lvbiI6IjEifQ==",
          "dependencies": [
            "data.aci_vlan_pool.dynamic"
          ]
        }
      ]
    },
    {
      "mode": "managed",
      "type": "aci_ranges",
      "name": "dynamic_2166",
      "provider": "provider[\"registry.terraform.io/ciscodevnet/aci\"]",
      "instances": [
        {
          "schema_version": 1,
          "attributes": {
            "alloc_mode": "inherit",
            "annotation": "orchestrator:terraform",
            "description": "",
            "from": "vlan-2166",
            "id": "uni/infra/vlanns-[dynamic]-dynamic/from-[vlan-2166]-to-[vlan-2166]",
            "name_alias": "",
            "role": "external",
            "to": "vlan-2166",
            "vlan_pool_dn": "uni/infra/vlanns-[dynamic]-dynamic"
          },
          "sensitive_attributes": [],
          "private": "eyJzY2hlbWFfdmVyc2lvbiI6IjEifQ==",
          "dependencies": [
            "data.aci_vlan_pool.dynamic"
          ]
        }
      ]
    },
    {
      "mode": "managed",
      "type": "aci_ranges",
      "name": "dynamic_2167",
      "provider": "provider[\"registry.terraform.io/ciscodevnet/aci\"]",
      "instances": [
        {
          "schema_version": 1,
          "attributes": {
            "alloc_mode": "inherit",
            "annotation": "orchestrator:terraform",
            "description": "",
            "from": "vlan-2167",
            "id": "uni/infra/vlanns-[dynamic]-dynamic/from-[vlan-2167]-to-[vlan-2167]",
            "name_alias": "",
            "role": "external",
            "to": "vlan-2167",
            "vlan_pool_dn": "uni/infra/vlanns-[dynamic]-dynamic"
          },
          "sensitive_attributes": [],
          "private": "eyJzY2hlbWFfdmVyc2lvbiI6IjEifQ==",
          "dependencies": [
            "data.aci_vlan_pool.dynamic"
          ]
        }
      ]
    },
    {
      "mode": "managed",
      "type": "aci_ranges",
      "name": "dynamic_2168",
      "provider": "provider[\"registry.terraform.io/ciscodevnet/aci\"]",
      "instances": [
        {
          "schema_version": 1,
          "attributes": {
            "alloc_mode": "inherit",
            "annotation": "orchestrator:terraform",
            "description": "",
            "from": "vlan-2168",
            "id": "uni/infra/vlanns-[dynamic]-dynamic/from-[vlan-2168]-to-[vlan-2168]",
            "name_alias": "",
            "role": "external",
            "to": "vlan-2168",
            "vlan_pool_dn": "uni/infra/vlanns-[dynamic]-dynamic"
          },
          "sensitive_attributes": [],
          "private": "eyJzY2hlbWFfdmVyc2lvbiI6IjEifQ==",
          "dependencies": [
            "data.aci_vlan_pool.dynamic"
          ]
        }
      ]
    },
    {
      "mode": "managed",
      "type": "aci_ranges",
      "name": "dynamic_2169",
      "provider": "provider[\"registry.terraform.io/ciscodevnet/aci\"]",
      "instances": [
        {
          "schema_version": 1,
          "attributes": {
            "alloc_mode": "inherit",
            "annotation": "orchestrator:terraform",
            "description": "",
            "from": "vlan-2169",
            "id": "uni/infra/vlanns-[dynamic]-dynamic/from-[vlan-2169]-to-[vlan-2169]",
            "name_alias": "",
            "role": "external",
            "to": "vlan-2169",
            "vlan_pool_dn": "uni/infra/vlanns-[dynamic]-dynamic"
          },
          "sensitive_attributes": [],
          "private": "eyJzY2hlbWFfdmVyc2lvbiI6IjEifQ==",
          "dependencies": [
            "data.aci_vlan_pool.dynamic"
          ]
        }
      ]
    },
    {
      "mode": "managed",
      "type": "aci_ranges",
      "name": "dynamic_2170",
      "provider": "provider[\"registry.terraform.io/ciscodevnet/aci\"]",
      "instances": [
        {
          "schema_version": 1,
          "attributes": {
            "alloc_mode": "inherit",
            "annotation": "orchestrator:terraform",
            "description": "",
            "from": "vlan-2170",
            "id": "uni/infra/vlanns-[dynamic]-dynamic/from-[vlan-2170]-to-[vlan-2170]",
            "name_alias": "",
            "role": "external",
            "to": "vlan-2170",
            "vlan_pool_dn": "uni/infra/vlanns-[dynamic]-dynamic"
          },
          "sensitive_attributes": [],
          "private": "eyJzY2hlbWFfdmVyc2lvbiI6IjEifQ==",
          "dependencies": [
            "data.aci_vlan_pool.dynamic"
          ]
        }
      ]
    },
    {
      "mode": "managed",
      "type": "aci_ranges",
      "name": "dynamic_2171",
      "provider": "provider[\"registry.terraform.io/ciscodevnet/aci\"]",
      "instances": [
        {
          "schema_version": 1,
          "attributes": {
            "alloc_mode": "inherit",
            "annotation": "orchestrator:terraform",
            "description": "",
            "from": "vlan-2171",
            "id": "uni/infra/vlanns-[dynamic]-dynamic/from-[vlan-2171]-to-[vlan-2171]",
            "name_alias": "",
            "role": "external",
            "to": "vlan-2171",
            "vlan_pool_dn": "uni/infra/vlanns-[dynamic]-dynamic"
          },
          "sensitive_attributes": [],
          "private": "eyJzY2hlbWFfdmVyc2lvbiI6IjEifQ==",
          "dependencies": [
            "data.aci_vlan_pool.dynamic"
          ]
        }
      ]
    },
    {
      "mode": "managed",
      "type": "aci_ranges",
      "name": "dynamic_2172",
      "provider": "provider[\"registry.terraform.io/ciscodevnet/aci\"]",
      "instances": [
        {
          "schema_version": 1,
          "attributes": {
            "alloc_mode": "inherit",
            "annotation": "orchestrator:terraform",
            "description": "",
            "from": "vlan-2172",
            "id": "uni/infra/vlanns-[dynamic]-dynamic/from-[vlan-2172]-to-[vlan-2172]",
            "name_alias": "",
            "role": "external",
            "to": "vlan-2172",
            "vlan_pool_dn": "uni/infra/vlanns-[dynamic]-dynamic"
          },
          "sensitive_attributes": [],
          "private": "eyJzY2hlbWFfdmVyc2lvbiI6IjEifQ==",
          "dependencies": [
            "data.aci_vlan_pool.dynamic"
          ]
        }
      ]
    },
    {
      "mode": "managed",
      "type": "aci_ranges",
      "name": "dynamic_2173",
      "provider": "provider[\"registry.terraform.io/ciscodevnet/aci\"]",
      "instances": [
        {
          "schema_version": 1,
          "attributes": {
            "alloc_mode": "inherit",
            "annotation": "orchestrator:terraform",
            "description": "",
            "from": "vlan-2173",
            "id": "uni/infra/vlanns-[dynamic]-dynamic/from-[vlan-2173]-to-[vlan-2173]",
            "name_alias": "",
            "role": "external",
            "to": "vlan-2173",
            "vlan_pool_dn": "uni/infra/vlanns-[dynamic]-dynamic"
          },
          "sensitive_attributes": [],
          "private": "eyJzY2hlbWFfdmVyc2lvbiI6IjEifQ==",
          "dependencies": [
            "data.aci_vlan_pool.dynamic"
          ]
        }
      ]
    },
    {
      "mode": "managed",
      "type": "aci_ranges",
      "name": "dynamic_2174",
      "provider": "provider[\"registry.terraform.io/ciscodevnet/aci\"]",
      "instances": [
        {
          "schema_version": 1,
          "attributes": {
            "alloc_mode": "inherit",
            "annotation": "orchestrator:terraform",
            "description": "",
            "from": "vlan-2174",
            "id": "uni/infra/vlanns-[dynamic]-dynamic/from-[vlan-2174]-to-[vlan-2174]",
            "name_alias": "",
            "role": "external",
            "to": "vlan-2174",
            "vlan_pool_dn": "uni/infra/vlanns-[dynamic]-dynamic"
          },
          "sensitive_attributes": [],
          "private": "eyJzY2hlbWFfdmVyc2lvbiI6IjEifQ==",
          "dependencies": [
            "data.aci_vlan_pool.dynamic"
          ]
        }
      ]
    },
    {
      "mode": "managed",
      "type": "aci_ranges",
      "name": "dynamic_2175",
      "provider": "provider[\"registry.terraform.io/ciscodevnet/aci\"]",
      "instances": [
        {
          "schema_version": 1,
          "attributes": {
            "alloc_mode": "inherit",
            "annotation": "orchestrator:terraform",
            "description": "",
            "from": "vlan-2175",
            "id": "uni/infra/vlanns-[dynamic]-dynamic/from-[vlan-2175]-to-[vlan-2175]",
            "name_alias": "",
            "role": "external",
            "to": "vlan-2175",
            "vlan_pool_dn": "uni/infra/vlanns-[dynamic]-dynamic"
          },
          "sensitive_attributes": [],
          "private": "eyJzY2hlbWFfdmVyc2lvbiI6IjEifQ==",
          "dependencies": [
            "data.aci_vlan_pool.dynamic"
          ]
        }
      ]
    },
    {
      "mode": "managed",
      "type": "aci_ranges",
      "name": "dynamic_2176",
      "provider": "provider[\"registry.terraform.io/ciscodevnet/aci\"]",
      "instances": [
        {
          "schema_version": 1,
          "attributes": {
            "alloc_mode": "inherit",
            "annotation": "orchestrator:terraform",
            "description": "",
            "from": "vlan-2176",
            "id": "uni/infra/vlanns-[dynamic]-dynamic/from-[vlan-2176]-to-[vlan-2176]",
            "name_alias": "",
            "role": "external",
            "to": "vlan-2176",
            "vlan_pool_dn": "uni/infra/vlanns-[dynamic]-dynamic"
          },
          "sensitive_attributes": [],
          "private": "eyJzY2hlbWFfdmVyc2lvbiI6IjEifQ==",
          "dependencies": [
            "data.aci_vlan_pool.dynamic"
          ]
        }
      ]
    },
    {
      "mode": "managed",
      "type": "aci_ranges",
      "name": "dynamic_2177",
      "provider": "provider[\"registry.terraform.io/ciscodevnet/aci\"]",
      "instances": [
        {
          "schema_version": 1,
          "attributes": {
            "alloc_mode": "inherit",
            "annotation": "orchestrator:terraform",
            "description": "",
            "from": "vlan-2177",
            "id": "uni/infra/vlanns-[dynamic]-dynamic/from-[vlan-2177]-to-[vlan-2177]",
            "name_alias": "",
            "role": "external",
            "to": "vlan-2177",
            "vlan_pool_dn": "uni/infra/vlanns-[dynamic]-dynamic"
          },
          "sensitive_attributes": [],
          "private": "eyJzY2hlbWFfdmVyc2lvbiI6IjEifQ==",
          "dependencies": [
            "data.aci_vlan_pool.dynamic"
          ]
        }
      ]
    },
    {
      "mode": "managed",
      "type": "aci_ranges",
      "name": "dynamic_2178",
      "provider": "provider[\"registry.terraform.io/ciscodevnet/aci\"]",
      "instances": [
        {
          "schema_version": 1,
          "attributes": {
            "alloc_mode": "inherit",
            "annotation": "orchestrator:terraform",
            "description": "",
            "from": "vlan-2178",
            "id": "uni/infra/vlanns-[dynamic]-dynamic/from-[vlan-2178]-to-[vlan-2178]",
            "name_alias": "",
            "role": "external",
            "to": "vlan-2178",
            "vlan_pool_dn": "uni/infra/vlanns-[dynamic]-dynamic"
          },
          "sensitive_attributes": [],
          "private": "eyJzY2hlbWFfdmVyc2lvbiI6IjEifQ==",
          "dependencies": [
            "data.aci_vlan_pool.dynamic"
          ]
        }
      ]
    },
    {
      "mode": "managed",
      "type": "aci_ranges",
      "name": "dynamic_2179",
      "provider": "provider[\"registry.terraform.io/ciscodevnet/aci\"]",
      "instances": [
        {
          "schema_version": 1,
          "attributes": {
            "alloc_mode": "inherit",
            "annotation": "orchestrator:terraform",
            "description": "",
            "from": "vlan-2179",
            "id": "uni/infra/vlanns-[dynamic]-dynamic/from-[vlan-2179]-to-[vlan-2179]",
            "name_alias": "",
            "role": "external",
            "to": "vlan-2179",
            "vlan_pool_dn": "uni/infra/vlanns-[dynamic]-dynamic"
          },
          "sensitive_attributes": [],
          "private": "eyJzY2hlbWFfdmVyc2lvbiI6IjEifQ==",
          "dependencies": [
            "data.aci_vlan_pool.dynamic"
          ]
        }
      ]
    },
    {
      "mode": "managed",
      "type": "aci_ranges",
      "name": "dynamic_2180",
      "provider": "provider[\"registry.terraform.io/ciscodevnet/aci\"]",
      "instances": [
        {
          "schema_version": 1,
          "attributes": {
            "alloc_mode": "inherit",
            "annotation": "orchestrator:terraform",
            "description": "",
            "from": "vlan-2180",
            "id": "uni/infra/vlanns-[dynamic]-dynamic/from-[vlan-2180]-to-[vlan-2180]",
            "name_alias": "",
            "role": "external",
            "to": "vlan-2180",
            "vlan_pool_dn": "uni/infra/vlanns-[dynamic]-dynamic"
          },
          "sensitive_attributes": [],
          "private": "eyJzY2hlbWFfdmVyc2lvbiI6IjEifQ==",
          "dependencies": [
            "data.aci_vlan_pool.dynamic"
          ]
        }
      ]
    },
    {
      "mode": "managed",
      "type": "aci_ranges",
      "name": "dynamic_2181",
      "provider": "provider[\"registry.terraform.io/ciscodevnet/aci\"]",
      "instances": [
        {
          "schema_version": 1,
          "attributes": {
            "alloc_mode": "inherit",
            "annotation": "orchestrator:terraform",
            "description": "",
            "from": "vlan-2181",
            "id": "uni/infra/vlanns-[dynamic]-dynamic/from-[vlan-2181]-to-[vlan-2181]",
            "name_alias": "",
            "role": "external",
            "to": "vlan-2181",
            "vlan_pool_dn": "uni/infra/vlanns-[dynamic]-dynamic"
          },
          "sensitive_attributes": [],
          "private": "eyJzY2hlbWFfdmVyc2lvbiI6IjEifQ==",
          "dependencies": [
            "data.aci_vlan_pool.dynamic"
          ]
        }
      ]
    },
    {
      "mode": "managed",
      "type": "aci_ranges",
      "name": "dynamic_2182",
      "provider": "provider[\"registry.terraform.io/ciscodevnet/aci\"]",
      "instances": [
        {
          "schema_version": 1,
          "attributes": {
            "alloc_mode": "inherit",
            "annotation": "orchestrator:terraform",
            "description": "",
            "from": "vlan-2182",
            "id": "uni/infra/vlanns-[dynamic]-dynamic/from-[vlan-2182]-to-[vlan-2182]",
            "name_alias": "",
            "role": "external",
            "to": "vlan-2182",
            "vlan_pool_dn": "uni/infra/vlanns-[dynamic]-dynamic"
          },
          "sensitive_attributes": [],
          "private": "eyJzY2hlbWFfdmVyc2lvbiI6IjEifQ==",
          "dependencies": [
            "data.aci_vlan_pool.dynamic"
          ]
        }
      ]
    },
    {
      "mode": "managed",
      "type": "aci_ranges",
      "name": "dynamic_2183",
      "provider": "provider[\"registry.terraform.io/ciscodevnet/aci\"]",
      "instances": [
        {
          "schema_version": 1,
          "attributes": {
            "alloc_mode": "inherit",
            "annotation": "orchestrator:terraform",
            "description": "",
            "from": "vlan-2183",
            "id": "uni/infra/vlanns-[dynamic]-dynamic/from-[vlan-2183]-to-[vlan-2183]",
            "name_alias": "",
            "role": "external",
            "to": "vlan-2183",
            "vlan_pool_dn": "uni/infra/vlanns-[dynamic]-dynamic"
          },
          "sensitive_attributes": [],
          "private": "eyJzY2hlbWFfdmVyc2lvbiI6IjEifQ==",
          "dependencies": [
            "data.aci_vlan_pool.dynamic"
          ]
        }
      ]
    },
    {
      "mode": "managed",
      "type": "aci_ranges",
      "name": "dynamic_2184",
      "provider": "provider[\"registry.terraform.io/ciscodevnet/aci\"]",
      "instances": [
        {
          "schema_version": 1,
          "attributes": {
            "alloc_mode": "inherit",
            "annotation": "orchestrator:terraform",
            "description": "",
            "from": "vlan-2184",
            "id": "uni/infra/vlanns-[dynamic]-dynamic/from-[vlan-2184]-to-[vlan-2184]",
            "name_alias": "",
            "role": "external",
            "to": "vlan-2184",
            "vlan_pool_dn": "uni/infra/vlanns-[dynamic]-dynamic"
          },
          "sensitive_attributes": [],
          "private": "eyJzY2hlbWFfdmVyc2lvbiI6IjEifQ==",
          "dependencies": [
            "data.aci_vlan_pool.dynamic"
          ]
        }
      ]
    },
    {
      "mode": "managed",
      "type": "aci_ranges",
      "name": "dynamic_2185",
      "provider": "provider[\"registry.terraform.io/ciscodevnet/aci\"]",
      "instances": [
        {
          "schema_version": 1,
          "attributes": {
            "alloc_mode": "inherit",
            "annotation": "orchestrator:terraform",
            "description": "",
            "from": "vlan-2185",
            "id": "uni/infra/vlanns-[dynamic]-dynamic/from-[vlan-2185]-to-[vlan-2185]",
            "name_alias": "",
            "role": "external",
            "to": "vlan-2185",
            "vlan_pool_dn": "uni/infra/vlanns-[dynamic]-dynamic"
          },
          "sensitive_attributes": [],
          "private": "eyJzY2hlbWFfdmVyc2lvbiI6IjEifQ==",
          "dependencies": [
            "data.aci_vlan_pool.dynamic"
          ]
        }
      ]
    },
    {
      "mode": "managed",
      "type": "aci_ranges",
      "name": "dynamic_2186",
      "provider": "provider[\"registry.terraform.io/ciscodevnet/aci\"]",
      "instances": [
        {
          "schema_version": 1,
          "attributes": {
            "alloc_mode": "inherit",
            "annotation": "orchestrator:terraform",
            "description": "",
            "from": "vlan-2186",
            "id": "uni/infra/vlanns-[dynamic]-dynamic/from-[vlan-2186]-to-[vlan-2186]",
            "name_alias": "",
            "role": "external",
            "to": "vlan-2186",
            "vlan_pool_dn": "uni/infra/vlanns-[dynamic]-dynamic"
          },
          "sensitive_attributes": [],
          "private": "eyJzY2hlbWFfdmVyc2lvbiI6IjEifQ==",
          "dependencies": [
            "data.aci_vlan_pool.dynamic"
          ]
        }
      ]
    },
    {
      "mode": "managed",
      "type": "aci_ranges",
      "name": "dynamic_2187",
      "provider": "provider[\"registry.terraform.io/ciscodevnet/aci\"]",
      "instances": [
        {
          "schema_version": 1,
          "attributes": {
            "alloc_mode": "inherit",
            "annotation": "orchestrator:terraform",
            "description": "",
            "from": "vlan-2187",
            "id": "uni/infra/vlanns-[dynamic]-dynamic/from-[vlan-2187]-to-[vlan-2187]",
            "name_alias": "",
            "role": "external",
            "to": "vlan-2187",
            "vlan_pool_dn": "uni/infra/vlanns-[dynamic]-dynamic"
          },
          "sensitive_attributes": [],
          "private": "eyJzY2hlbWFfdmVyc2lvbiI6IjEifQ==",
          "dependencies": [
            "data.aci_vlan_pool.dynamic"
          ]
        }
      ]
    },
    {
      "mode": "managed",
      "type": "aci_ranges",
      "name": "dynamic_2188",
      "provider": "provider[\"registry.terraform.io/ciscodevnet/aci\"]",
      "instances": [
        {
          "schema_version": 1,
          "attributes": {
            "alloc_mode": "inherit",
            "annotation": "orchestrator:terraform",
            "description": "",
            "from": "vlan-2188",
            "id": "uni/infra/vlanns-[dynamic]-dynamic/from-[vlan-2188]-to-[vlan-2188]",
            "name_alias": "",
            "role": "external",
            "to": "vlan-2188",
            "vlan_pool_dn": "uni/infra/vlanns-[dynamic]-dynamic"
          },
          "sensitive_attributes": [],
          "private": "eyJzY2hlbWFfdmVyc2lvbiI6IjEifQ==",
          "dependencies": [
            "data.aci_vlan_pool.dynamic"
          ]
        }
      ]
    },
    {
      "mode": "managed",
      "type": "aci_ranges",
      "name": "dynamic_2189",
      "provider": "provider[\"registry.terraform.io/ciscodevnet/aci\"]",
      "instances": [
        {
          "schema_version": 1,
          "attributes": {
            "alloc_mode": "inherit",
            "annotation": "orchestrator:terraform",
            "description": "",
            "from": "vlan-2189",
            "id": "uni/infra/vlanns-[dynamic]-dynamic/from-[vlan-2189]-to-[vlan-2189]",
            "name_alias": "",
            "role": "external",
            "to": "vlan-2189",
            "vlan_pool_dn": "uni/infra/vlanns-[dynamic]-dynamic"
          },
          "sensitive_attributes": [],
          "private": "eyJzY2hlbWFfdmVyc2lvbiI6IjEifQ==",
          "dependencies": [
            "data.aci_vlan_pool.dynamic"
          ]
        }
      ]
    },
    {
      "mode": "managed",
      "type": "aci_ranges",
      "name": "dynamic_2190",
      "provider": "provider[\"registry.terraform.io/ciscodevnet/aci\"]",
      "instances": [
        {
          "schema_version": 1,
          "attributes": {
            "alloc_mode": "inherit",
            "annotation": "orchestrator:terraform",
            "description": "",
            "from": "vlan-2190",
            "id": "uni/infra/vlanns-[dynamic]-dynamic/from-[vlan-2190]-to-[vlan-2190]",
            "name_alias": "",
            "role": "external",
            "to": "vlan-2190",
            "vlan_pool_dn": "uni/infra/vlanns-[dynamic]-dynamic"
          },
          "sensitive_attributes": [],
          "private": "eyJzY2hlbWFfdmVyc2lvbiI6IjEifQ==",
          "dependencies": [
            "data.aci_vlan_pool.dynamic"
          ]
        }
      ]
    },
    {
      "mode": "managed",
      "type": "aci_ranges",
      "name": "dynamic_2191",
      "provider": "provider[\"registry.terraform.io/ciscodevnet/aci\"]",
      "instances": [
        {
          "schema_version": 1,
          "attributes": {
            "alloc_mode": "inherit",
            "annotation": "orchestrator:terraform",
            "description": "",
            "from": "vlan-2191",
            "id": "uni/infra/vlanns-[dynamic]-dynamic/from-[vlan-2191]-to-[vlan-2191]",
            "name_alias": "",
            "role": "external",
            "to": "vlan-2191",
            "vlan_pool_dn": "uni/infra/vlanns-[dynamic]-dynamic"
          },
          "sensitive_attributes": [],
          "private": "eyJzY2hlbWFfdmVyc2lvbiI6IjEifQ==",
          "dependencies": [
            "data.aci_vlan_pool.dynamic"
          ]
        }
      ]
    },
    {
      "mode": "managed",
      "type": "aci_ranges",
      "name": "dynamic_2192",
      "provider": "provider[\"registry.terraform.io/ciscodevnet/aci\"]",
      "instances": [
        {
          "schema_version": 1,
          "attributes": {
            "alloc_mode": "inherit",
            "annotation": "orchestrator:terraform",
            "description": "",
            "from": "vlan-2192",
            "id": "uni/infra/vlanns-[dynamic]-dynamic/from-[vlan-2192]-to-[vlan-2192]",
            "name_alias": "",
            "role": "external",
            "to": "vlan-2192",
            "vlan_pool_dn": "uni/infra/vlanns-[dynamic]-dynamic"
          },
          "sensitive_attributes": [],
          "private": "eyJzY2hlbWFfdmVyc2lvbiI6IjEifQ==",
          "dependencies": [
            "data.aci_vlan_pool.dynamic"
          ]
        }
      ]
    },
    {
      "mode": "managed",
      "type": "aci_ranges",
      "name": "dynamic_2193",
      "provider": "provider[\"registry.terraform.io/ciscodevnet/aci\"]",
      "instances": [
        {
          "schema_version": 1,
          "attributes": {
            "alloc_mode": "inherit",
            "annotation": "orchestrator:terraform",
            "description": "",
            "from": "vlan-2193",
            "id": "uni/infra/vlanns-[dynamic]-dynamic/from-[vlan-2193]-to-[vlan-2193]",
            "name_alias": "",
            "role": "external",
            "to": "vlan-2193",
            "vlan_pool_dn": "uni/infra/vlanns-[dynamic]-dynamic"
          },
          "sensitive_attributes": [],
          "private": "eyJzY2hlbWFfdmVyc2lvbiI6IjEifQ==",
          "dependencies": [
            "data.aci_vlan_pool.dynamic"
          ]
        }
      ]
    },
    {
      "mode": "managed",
      "type": "aci_ranges",
      "name": "dynamic_2194",
      "provider": "provider[\"registry.terraform.io/ciscodevnet/aci\"]",
      "instances": [
        {
          "schema_version": 1,
          "attributes": {
            "alloc_mode": "inherit",
            "annotation": "orchestrator:terraform",
            "description": "",
            "from": "vlan-2194",
            "id": "uni/infra/vlanns-[dynamic]-dynamic/from-[vlan-2194]-to-[vlan-2194]",
            "name_alias": "",
            "role": "external",
            "to": "vlan-2194",
            "vlan_pool_dn": "uni/infra/vlanns-[dynamic]-dynamic"
          },
          "sensitive_attributes": [],
          "private": "eyJzY2hlbWFfdmVyc2lvbiI6IjEifQ==",
          "dependencies": [
            "data.aci_vlan_pool.dynamic"
          ]
        }
      ]
    },
    {
      "mode": "managed",
      "type": "aci_ranges",
      "name": "dynamic_2195",
      "provider": "provider[\"registry.terraform.io/ciscodevnet/aci\"]",
      "instances": [
        {
          "schema_version": 1,
          "attributes": {
            "alloc_mode": "inherit",
            "annotation": "orchestrator:terraform",
            "description": "",
            "from": "vlan-2195",
            "id": "uni/infra/vlanns-[dynamic]-dynamic/from-[vlan-2195]-to-[vlan-2195]",
            "name_alias": "",
            "role": "external",
            "to": "vlan-2195",
            "vlan_pool_dn": "uni/infra/vlanns-[dynamic]-dynamic"
          },
          "sensitive_attributes": [],
          "private": "eyJzY2hlbWFfdmVyc2lvbiI6IjEifQ==",
          "dependencies": [
            "data.aci_vlan_pool.dynamic"
          ]
        }
      ]
    },
    {
      "mode": "managed",
      "type": "aci_ranges",
      "name": "dynamic_2196",
      "provider": "provider[\"registry.terraform.io/ciscodevnet/aci\"]",
      "instances": [
        {
          "schema_version": 1,
          "attributes": {
            "alloc_mode": "inherit",
            "annotation": "orchestrator:terraform",
            "description": "",
            "from": "vlan-2196",
            "id": "uni/infra/vlanns-[dynamic]-dynamic/from-[vlan-2196]-to-[vlan-2196]",
            "name_alias": "",
            "role": "external",
            "to": "vlan-2196",
            "vlan_pool_dn": "uni/infra/vlanns-[dynamic]-dynamic"
          },
          "sensitive_attributes": [],
          "private": "eyJzY2hlbWFfdmVyc2lvbiI6IjEifQ==",
          "dependencies": [
            "data.aci_vlan_pool.dynamic"
          ]
        }
      ]
    },
    {
      "mode": "managed",
      "type": "aci_ranges",
      "name": "dynamic_2197",
      "provider": "provider[\"registry.terraform.io/ciscodevnet/aci\"]",
      "instances": [
        {
          "schema_version": 1,
          "attributes": {
            "alloc_mode": "inherit",
            "annotation": "orchestrator:terraform",
            "description": "",
            "from": "vlan-2197",
            "id": "uni/infra/vlanns-[dynamic]-dynamic/from-[vlan-2197]-to-[vlan-2197]",
            "name_alias": "",
            "role": "external",
            "to": "vlan-2197",
            "vlan_pool_dn": "uni/infra/vlanns-[dynamic]-dynamic"
          },
          "sensitive_attributes": [],
          "private": "eyJzY2hlbWFfdmVyc2lvbiI6IjEifQ==",
          "dependencies": [
            "data.aci_vlan_pool.dynamic"
          ]
        }
      ]
    },
    {
      "mode": "managed",
      "type": "aci_ranges",
      "name": "dynamic_2198",
      "provider": "provider[\"registry.terraform.io/ciscodevnet/aci\"]",
      "instances": [
        {
          "schema_version": 1,
          "attributes": {
            "alloc_mode": "inherit",
            "annotation": "orchestrator:terraform",
            "description": "",
            "from": "vlan-2198",
            "id": "uni/infra/vlanns-[dynamic]-dynamic/from-[vlan-2198]-to-[vlan-2198]",
            "name_alias": "",
            "role": "external",
            "to": "vlan-2198",
            "vlan_pool_dn": "uni/infra/vlanns-[dynamic]-dynamic"
          },
          "sensitive_attributes": [],
          "private": "eyJzY2hlbWFfdmVyc2lvbiI6IjEifQ==",
          "dependencies": [
            "data.aci_vlan_pool.dynamic"
          ]
        }
      ]
    },
    {
      "mode": "managed",
      "type": "aci_ranges",
      "name": "dynamic_2199",
      "provider": "provider[\"registry.terraform.io/ciscodevnet/aci\"]",
      "instances": [
        {
          "schema_version": 1,
          "attributes": {
            "alloc_mode": "inherit",
            "annotation": "orchestrator:terraform",
            "description": "",
            "from": "vlan-2199",
            "id": "uni/infra/vlanns-[dynamic]-dynamic/from-[vlan-2199]-to-[vlan-2199]",
            "name_alias": "",
            "role": "external",
            "to": "vlan-2199",
            "vlan_pool_dn": "uni/infra/vlanns-[dynamic]-dynamic"
          },
          "sensitive_attributes": [],
          "private": "eyJzY2hlbWFfdmVyc2lvbiI6IjEifQ==",
          "dependencies": [
            "data.aci_vlan_pool.dynamic"
          ]
        }
      ]
    },
    {
      "mode": "managed",
      "type": "aci_ranges",
      "name": "dynamic_2200",
      "provider": "provider[\"registry.terraform.io/ciscodevnet/aci\"]",
      "instances": [
        {
          "schema_version": 1,
          "attributes": {
            "alloc_mode": "inherit",
            "annotation": "orchestrator:terraform",
            "description": "",
            "from": "vlan-2200",
            "id": "uni/infra/vlanns-[dynamic]-dynamic/from-[vlan-2200]-to-[vlan-2200]",
            "name_alias": "",
            "role": "external",
            "to": "vlan-2200",
            "vlan_pool_dn": "uni/infra/vlanns-[dynamic]-dynamic"
          },
          "sensitive_attributes": [],
          "private": "eyJzY2hlbWFfdmVyc2lvbiI6IjEifQ==",
          "dependencies": [
            "data.aci_vlan_pool.dynamic"
          ]
        }
      ]
    },
    {
      "mode": "managed",
      "type": "aci_ranges",
      "name": "dynamic_2201",
      "provider": "provider[\"registry.terraform.io/ciscodevnet/aci\"]",
      "instances": [
        {
          "schema_version": 1,
          "attributes": {
            "alloc_mode": "inherit",
            "annotation": "orchestrator:terraform",
            "description": "",
            "from": "vlan-2201",
            "id": "uni/infra/vlanns-[dynamic]-dynamic/from-[vlan-2201]-to-[vlan-2201]",
            "name_alias": "",
            "role": "external",
            "to": "vlan-2201",
            "vlan_pool_dn": "uni/infra/vlanns-[dynamic]-dynamic"
          },
          "sensitive_attributes": [],
          "private": "eyJzY2hlbWFfdmVyc2lvbiI6IjEifQ==",
          "dependencies": [
            "data.aci_vlan_pool.dynamic"
          ]
        }
      ]
    },
    {
      "mode": "managed",
      "type": "aci_ranges",
      "name": "dynamic_2202",
      "provider": "provider[\"registry.terraform.io/ciscodevnet/aci\"]",
      "instances": [
        {
          "schema_version": 1,
          "attributes": {
            "alloc_mode": "inherit",
            "annotation": "orchestrator:terraform",
            "description": "",
            "from": "vlan-2202",
            "id": "uni/infra/vlanns-[dynamic]-dynamic/from-[vlan-2202]-to-[vlan-2202]",
            "name_alias": "",
            "role": "external",
            "to": "vlan-2202",
            "vlan_pool_dn": "uni/infra/vlanns-[dynamic]-dynamic"
          },
          "sensitive_attributes": [],
          "private": "eyJzY2hlbWFfdmVyc2lvbiI6IjEifQ==",
          "dependencies": [
            "data.aci_vlan_pool.dynamic"
          ]
        }
      ]
    },
    {
      "mode": "managed",
      "type": "aci_ranges",
      "name": "dynamic_2203",
      "provider": "provider[\"registry.terraform.io/ciscodevnet/aci\"]",
      "instances": [
        {
          "schema_version": 1,
          "attributes": {
            "alloc_mode": "inherit",
            "annotation": "orchestrator:terraform",
            "description": "",
            "from": "vlan-2203",
            "id": "uni/infra/vlanns-[dynamic]-dynamic/from-[vlan-2203]-to-[vlan-2203]",
            "name_alias": "",
            "role": "external",
            "to": "vlan-2203",
            "vlan_pool_dn": "uni/infra/vlanns-[dynamic]-dynamic"
          },
          "sensitive_attributes": [],
          "private": "eyJzY2hlbWFfdmVyc2lvbiI6IjEifQ==",
          "dependencies": [
            "data.aci_vlan_pool.dynamic"
          ]
        }
      ]
    },
    {
      "mode": "managed",
      "type": "aci_ranges",
      "name": "dynamic_2204",
      "provider": "provider[\"registry.terraform.io/ciscodevnet/aci\"]",
      "instances": [
        {
          "schema_version": 1,
          "attributes": {
            "alloc_mode": "inherit",
            "annotation": "orchestrator:terraform",
            "description": "",
            "from": "vlan-2204",
            "id": "uni/infra/vlanns-[dynamic]-dynamic/from-[vlan-2204]-to-[vlan-2204]",
            "name_alias": "",
            "role": "external",
            "to": "vlan-2204",
            "vlan_pool_dn": "uni/infra/vlanns-[dynamic]-dynamic"
          },
          "sensitive_attributes": [],
          "private": "eyJzY2hlbWFfdmVyc2lvbiI6IjEifQ==",
          "dependencies": [
            "data.aci_vlan_pool.dynamic"
          ]
        }
      ]
    },
    {
      "mode": "managed",
      "type": "aci_ranges",
      "name": "dynamic_2205",
      "provider": "provider[\"registry.terraform.io/ciscodevnet/aci\"]",
      "instances": [
        {
          "schema_version": 1,
          "attributes": {
            "alloc_mode": "inherit",
            "annotation": "orchestrator:terraform",
            "description": "",
            "from": "vlan-2205",
            "id": "uni/infra/vlanns-[dynamic]-dynamic/from-[vlan-2205]-to-[vlan-2205]",
            "name_alias": "",
            "role": "external",
            "to": "vlan-2205",
            "vlan_pool_dn": "uni/infra/vlanns-[dynamic]-dynamic"
          },
          "sensitive_attributes": [],
          "private": "eyJzY2hlbWFfdmVyc2lvbiI6IjEifQ==",
          "dependencies": [
            "data.aci_vlan_pool.dynamic"
          ]
        }
      ]
    },
    {
      "mode": "managed",
      "type": "aci_ranges",
      "name": "dynamic_2206",
      "provider": "provider[\"registry.terraform.io/ciscodevnet/aci\"]",
      "instances": [
        {
          "schema_version": 1,
          "attributes": {
            "alloc_mode": "inherit",
            "annotation": "orchestrator:terraform",
            "description": "",
            "from": "vlan-2206",
            "id": "uni/infra/vlanns-[dynamic]-dynamic/from-[vlan-2206]-to-[vlan-2206]",
            "name_alias": "",
            "role": "external",
            "to": "vlan-2206",
            "vlan_pool_dn": "uni/infra/vlanns-[dynamic]-dynamic"
          },
          "sensitive_attributes": [],
          "private": "eyJzY2hlbWFfdmVyc2lvbiI6IjEifQ==",
          "dependencies": [
            "data.aci_vlan_pool.dynamic"
          ]
        }
      ]
    },
    {
      "mode": "managed",
      "type": "aci_ranges",
      "name": "dynamic_2207",
      "provider": "provider[\"registry.terraform.io/ciscodevnet/aci\"]",
      "instances": [
        {
          "schema_version": 1,
          "attributes": {
            "alloc_mode": "inherit",
            "annotation": "orchestrator:terraform",
            "description": "",
            "from": "vlan-2207",
            "id": "uni/infra/vlanns-[dynamic]-dynamic/from-[vlan-2207]-to-[vlan-2207]",
            "name_alias": "",
            "role": "external",
            "to": "vlan-2207",
            "vlan_pool_dn": "uni/infra/vlanns-[dynamic]-dynamic"
          },
          "sensitive_attributes": [],
          "private": "eyJzY2hlbWFfdmVyc2lvbiI6IjEifQ==",
          "dependencies": [
            "data.aci_vlan_pool.dynamic"
          ]
        }
      ]
    },
    {
      "mode": "managed",
      "type": "aci_ranges",
      "name": "dynamic_2208",
      "provider": "provider[\"registry.terraform.io/ciscodevnet/aci\"]",
      "instances": [
        {
          "schema_version": 1,
          "attributes": {
            "alloc_mode": "inherit",
            "annotation": "orchestrator:terraform",
            "description": "",
            "from": "vlan-2208",
            "id": "uni/infra/vlanns-[dynamic]-dynamic/from-[vlan-2208]-to-[vlan-2208]",
            "name_alias": "",
            "role": "external",
            "to": "vlan-2208",
            "vlan_pool_dn": "uni/infra/vlanns-[dynamic]-dynamic"
          },
          "sensitive_attributes": [],
          "private": "eyJzY2hlbWFfdmVyc2lvbiI6IjEifQ==",
          "dependencies": [
            "data.aci_vlan_pool.dynamic"
          ]
        }
      ]
    },
    {
      "mode": "managed",
      "type": "aci_ranges",
      "name": "dynamic_2209",
      "provider": "provider[\"registry.terraform.io/ciscodevnet/aci\"]",
      "instances": [
        {
          "schema_version": 1,
          "attributes": {
            "alloc_mode": "inherit",
            "annotation": "orchestrator:terraform",
            "description": "",
            "from": "vlan-2209",
            "id": "uni/infra/vlanns-[dynamic]-dynamic/from-[vlan-2209]-to-[vlan-2209]",
            "name_alias": "",
            "role": "external",
            "to": "vlan-2209",
            "vlan_pool_dn": "uni/infra/vlanns-[dynamic]-dynamic"
          },
          "sensitive_attributes": [],
          "private": "eyJzY2hlbWFfdmVyc2lvbiI6IjEifQ==",
          "dependencies": [
            "data.aci_vlan_pool.dynamic"
          ]
        }
      ]
    },
    {
      "mode": "managed",
      "type": "aci_ranges",
      "name": "dynamic_2210",
      "provider": "provider[\"registry.terraform.io/ciscodevnet/aci\"]",
      "instances": [
        {
          "schema_version": 1,
          "attributes": {
            "alloc_mode": "inherit",
            "annotation": "orchestrator:terraform",
            "description": "",
            "from": "vlan-2210",
            "id": "uni/infra/vlanns-[dynamic]-dynamic/from-[vlan-2210]-to-[vlan-2210]",
            "name_alias": "",
            "role": "external",
            "to": "vlan-2210",
            "vlan_pool_dn": "uni/infra/vlanns-[dynamic]-dynamic"
          },
          "sensitive_attributes": [],
          "private": "eyJzY2hlbWFfdmVyc2lvbiI6IjEifQ==",
          "dependencies": [
            "data.aci_vlan_pool.dynamic"
          ]
        }
      ]
    },
    {
      "mode": "managed",
      "type": "aci_ranges",
      "name": "dynamic_2211",
      "provider": "provider[\"registry.terraform.io/ciscodevnet/aci\"]",
      "instances": [
        {
          "schema_version": 1,
          "attributes": {
            "alloc_mode": "inherit",
            "annotation": "orchestrator:terraform",
            "description": "",
            "from": "vlan-2211",
            "id": "uni/infra/vlanns-[dynamic]-dynamic/from-[vlan-2211]-to-[vlan-2211]",
            "name_alias": "",
            "role": "external",
            "to": "vlan-2211",
            "vlan_pool_dn": "uni/infra/vlanns-[dynamic]-dynamic"
          },
          "sensitive_attributes": [],
          "private": "eyJzY2hlbWFfdmVyc2lvbiI6IjEifQ==",
          "dependencies": [
            "data.aci_vlan_pool.dynamic"
          ]
        }
      ]
    },
    {
      "mode": "managed",
      "type": "aci_ranges",
      "name": "dynamic_2212",
      "provider": "provider[\"registry.terraform.io/ciscodevnet/aci\"]",
      "instances": [
        {
          "schema_version": 1,
          "attributes": {
            "alloc_mode": "inherit",
            "annotation": "orchestrator:terraform",
            "description": "",
            "from": "vlan-2212",
            "id": "uni/infra/vlanns-[dynamic]-dynamic/from-[vlan-2212]-to-[vlan-2212]",
            "name_alias": "",
            "role": "external",
            "to": "vlan-2212",
            "vlan_pool_dn": "uni/infra/vlanns-[dynamic]-dynamic"
          },
          "sensitive_attributes": [],
          "private": "eyJzY2hlbWFfdmVyc2lvbiI6IjEifQ==",
          "dependencies": [
            "data.aci_vlan_pool.dynamic"
          ]
        }
      ]
    },
    {
      "mode": "managed",
      "type": "aci_ranges",
      "name": "dynamic_2213",
      "provider": "provider[\"registry.terraform.io/ciscodevnet/aci\"]",
      "instances": [
        {
          "schema_version": 1,
          "attributes": {
            "alloc_mode": "inherit",
            "annotation": "orchestrator:terraform",
            "description": "",
            "from": "vlan-2213",
            "id": "uni/infra/vlanns-[dynamic]-dynamic/from-[vlan-2213]-to-[vlan-2213]",
            "name_alias": "",
            "role": "external",
            "to": "vlan-2213",
            "vlan_pool_dn": "uni/infra/vlanns-[dynamic]-dynamic"
          },
          "sensitive_attributes": [],
          "private": "eyJzY2hlbWFfdmVyc2lvbiI6IjEifQ==",
          "dependencies": [
            "data.aci_vlan_pool.dynamic"
          ]
        }
      ]
    },
    {
      "mode": "managed",
      "type": "aci_ranges",
      "name": "dynamic_2214",
      "provider": "provider[\"registry.terraform.io/ciscodevnet/aci\"]",
      "instances": [
        {
          "schema_version": 1,
          "attributes": {
            "alloc_mode": "inherit",
            "annotation": "orchestrator:terraform",
            "description": "",
            "from": "vlan-2214",
            "id": "uni/infra/vlanns-[dynamic]-dynamic/from-[vlan-2214]-to-[vlan-2214]",
            "name_alias": "",
            "role": "external",
            "to": "vlan-2214",
            "vlan_pool_dn": "uni/infra/vlanns-[dynamic]-dynamic"
          },
          "sensitive_attributes": [],
          "private": "eyJzY2hlbWFfdmVyc2lvbiI6IjEifQ==",
          "dependencies": [
            "data.aci_vlan_pool.dynamic"
          ]
        }
      ]
    },
    {
      "mode": "managed",
      "type": "aci_ranges",
      "name": "dynamic_2215",
      "provider": "provider[\"registry.terraform.io/ciscodevnet/aci\"]",
      "instances": [
        {
          "schema_version": 1,
          "attributes": {
            "alloc_mode": "inherit",
            "annotation": "orchestrator:terraform",
            "description": "",
            "from": "vlan-2215",
            "id": "uni/infra/vlanns-[dynamic]-dynamic/from-[vlan-2215]-to-[vlan-2215]",
            "name_alias": "",
            "role": "external",
            "to": "vlan-2215",
            "vlan_pool_dn": "uni/infra/vlanns-[dynamic]-dynamic"
          },
          "sensitive_attributes": [],
          "private": "eyJzY2hlbWFfdmVyc2lvbiI6IjEifQ==",
          "dependencies": [
            "data.aci_vlan_pool.dynamic"
          ]
        }
      ]
    },
    {
      "mode": "managed",
      "type": "aci_ranges",
      "name": "dynamic_2216",
      "provider": "provider[\"registry.terraform.io/ciscodevnet/aci\"]",
      "instances": [
        {
          "schema_version": 1,
          "attributes": {
            "alloc_mode": "inherit",
            "annotation": "orchestrator:terraform",
            "description": "",
            "from": "vlan-2216",
            "id": "uni/infra/vlanns-[dynamic]-dynamic/from-[vlan-2216]-to-[vlan-2216]",
            "name_alias": "",
            "role": "external",
            "to": "vlan-2216",
            "vlan_pool_dn": "uni/infra/vlanns-[dynamic]-dynamic"
          },
          "sensitive_attributes": [],
          "private": "eyJzY2hlbWFfdmVyc2lvbiI6IjEifQ==",
          "dependencies": [
            "data.aci_vlan_pool.dynamic"
          ]
        }
      ]
    },
    {
      "mode": "managed",
      "type": "aci_ranges",
      "name": "dynamic_2217",
      "provider": "provider[\"registry.terraform.io/ciscodevnet/aci\"]",
      "instances": [
        {
          "schema_version": 1,
          "attributes": {
            "alloc_mode": "inherit",
            "annotation": "orchestrator:terraform",
            "description": "",
            "from": "vlan-2217",
            "id": "uni/infra/vlanns-[dynamic]-dynamic/from-[vlan-2217]-to-[vlan-2217]",
            "name_alias": "",
            "role": "external",
            "to": "vlan-2217",
            "vlan_pool_dn": "uni/infra/vlanns-[dynamic]-dynamic"
          },
          "sensitive_attributes": [],
          "private": "eyJzY2hlbWFfdmVyc2lvbiI6IjEifQ==",
          "dependencies": [
            "data.aci_vlan_pool.dynamic"
          ]
        }
      ]
    },
    {
      "mode": "managed",
      "type": "aci_ranges",
      "name": "dynamic_2218",
      "provider": "provider[\"registry.terraform.io/ciscodevnet/aci\"]",
      "instances": [
        {
          "schema_version": 1,
          "attributes": {
            "alloc_mode": "inherit",
            "annotation": "orchestrator:terraform",
            "description": "",
            "from": "vlan-2218",
            "id": "uni/infra/vlanns-[dynamic]-dynamic/from-[vlan-2218]-to-[vlan-2218]",
            "name_alias": "",
            "role": "external",
            "to": "vlan-2218",
            "vlan_pool_dn": "uni/infra/vlanns-[dynamic]-dynamic"
          },
          "sensitive_attributes": [],
          "private": "eyJzY2hlbWFfdmVyc2lvbiI6IjEifQ==",
          "dependencies": [
            "data.aci_vlan_pool.dynamic"
          ]
        }
      ]
    },
    {
      "mode": "managed",
      "type": "aci_ranges",
      "name": "dynamic_2219",
      "provider": "provider[\"registry.terraform.io/ciscodevnet/aci\"]",
      "instances": [
        {
          "schema_version": 1,
          "attributes": {
            "alloc_mode": "inherit",
            "annotation": "orchestrator:terraform",
            "description": "",
            "from": "vlan-2219",
            "id": "uni/infra/vlanns-[dynamic]-dynamic/from-[vlan-2219]-to-[vlan-2219]",
            "name_alias": "",
            "role": "external",
            "to": "vlan-2219",
            "vlan_pool_dn": "uni/infra/vlanns-[dynamic]-dynamic"
          },
          "sensitive_attributes": [],
          "private": "eyJzY2hlbWFfdmVyc2lvbiI6IjEifQ==",
          "dependencies": [
            "data.aci_vlan_pool.dynamic"
          ]
        }
      ]
    },
    {
      "mode": "managed",
      "type": "aci_ranges",
      "name": "dynamic_2220",
      "provider": "provider[\"registry.terraform.io/ciscodevnet/aci\"]",
      "instances": [
        {
          "schema_version": 1,
          "attributes": {
            "alloc_mode": "inherit",
            "annotation": "orchestrator:terraform",
            "description": "",
            "from": "vlan-2220",
            "id": "uni/infra/vlanns-[dynamic]-dynamic/from-[vlan-2220]-to-[vlan-2220]",
            "name_alias": "",
            "role": "external",
            "to": "vlan-2220",
            "vlan_pool_dn": "uni/infra/vlanns-[dynamic]-dynamic"
          },
          "sensitive_attributes": [],
          "private": "eyJzY2hlbWFfdmVyc2lvbiI6IjEifQ==",
          "dependencies": [
            "data.aci_vlan_pool.dynamic"
          ]
        }
      ]
    },
    {
      "mode": "managed",
      "type": "aci_ranges",
      "name": "dynamic_2221",
      "provider": "provider[\"registry.terraform.io/ciscodevnet/aci\"]",
      "instances": [
        {
          "schema_version": 1,
          "attributes": {
            "alloc_mode": "inherit",
            "annotation": "orchestrator:terraform",
            "description": "",
            "from": "vlan-2221",
            "id": "uni/infra/vlanns-[dynamic]-dynamic/from-[vlan-2221]-to-[vlan-2221]",
            "name_alias": "",
            "role": "external",
            "to": "vlan-2221",
            "vlan_pool_dn": "uni/infra/vlanns-[dynamic]-dynamic"
          },
          "sensitive_attributes": [],
          "private": "eyJzY2hlbWFfdmVyc2lvbiI6IjEifQ==",
          "dependencies": [
            "data.aci_vlan_pool.dynamic"
          ]
        }
      ]
    },
    {
      "mode": "managed",
      "type": "aci_ranges",
      "name": "dynamic_2222",
      "provider": "provider[\"registry.terraform.io/ciscodevnet/aci\"]",
      "instances": [
        {
          "schema_version": 1,
          "attributes": {
            "alloc_mode": "inherit",
            "annotation": "orchestrator:terraform",
            "description": "",
            "from": "vlan-2222",
            "id": "uni/infra/vlanns-[dynamic]-dynamic/from-[vlan-2222]-to-[vlan-2222]",
            "name_alias": "",
            "role": "external",
            "to": "vlan-2222",
            "vlan_pool_dn": "uni/infra/vlanns-[dynamic]-dynamic"
          },
          "sensitive_attributes": [],
          "private": "eyJzY2hlbWFfdmVyc2lvbiI6IjEifQ==",
          "dependencies": [
            "data.aci_vlan_pool.dynamic"
          ]
        }
      ]
    },
    {
      "mode": "managed",
      "type": "aci_ranges",
      "name": "dynamic_2223",
      "provider": "provider[\"registry.terraform.io/ciscodevnet/aci\"]",
      "instances": [
        {
          "schema_version": 1,
          "attributes": {
            "alloc_mode": "inherit",
            "annotation": "orchestrator:terraform",
            "description": "",
            "from": "vlan-2223",
            "id": "uni/infra/vlanns-[dynamic]-dynamic/from-[vlan-2223]-to-[vlan-2223]",
            "name_alias": "",
            "role": "external",
            "to": "vlan-2223",
            "vlan_pool_dn": "uni/infra/vlanns-[dynamic]-dynamic"
          },
          "sensitive_attributes": [],
          "private": "eyJzY2hlbWFfdmVyc2lvbiI6IjEifQ==",
          "dependencies": [
            "data.aci_vlan_pool.dynamic"
          ]
        }
      ]
    },
    {
      "mode": "managed",
      "type": "aci_ranges",
      "name": "dynamic_2224",
      "provider": "provider[\"registry.terraform.io/ciscodevnet/aci\"]",
      "instances": [
        {
          "schema_version": 1,
          "attributes": {
            "alloc_mode": "inherit",
            "annotation": "orchestrator:terraform",
            "description": "",
            "from": "vlan-2224",
            "id": "uni/infra/vlanns-[dynamic]-dynamic/from-[vlan-2224]-to-[vlan-2224]",
            "name_alias": "",
            "role": "external",
            "to": "vlan-2224",
            "vlan_pool_dn": "uni/infra/vlanns-[dynamic]-dynamic"
          },
          "sensitive_attributes": [],
          "private": "eyJzY2hlbWFfdmVyc2lvbiI6IjEifQ==",
          "dependencies": [
            "data.aci_vlan_pool.dynamic"
          ]
        }
      ]
    },
    {
      "mode": "managed",
      "type": "aci_ranges",
      "name": "dynamic_2225",
      "provider": "provider[\"registry.terraform.io/ciscodevnet/aci\"]",
      "instances": [
        {
          "schema_version": 1,
          "attributes": {
            "alloc_mode": "inherit",
            "annotation": "orchestrator:terraform",
            "description": "",
            "from": "vlan-2225",
            "id": "uni/infra/vlanns-[dynamic]-dynamic/from-[vlan-2225]-to-[vlan-2225]",
            "name_alias": "",
            "role": "external",
            "to": "vlan-2225",
            "vlan_pool_dn": "uni/infra/vlanns-[dynamic]-dynamic"
          },
          "sensitive_attributes": [],
          "private": "eyJzY2hlbWFfdmVyc2lvbiI6IjEifQ==",
          "dependencies": [
            "data.aci_vlan_pool.dynamic"
          ]
        }
      ]
    },
    {
      "mode": "managed",
      "type": "aci_ranges",
      "name": "dynamic_2226",
      "provider": "provider[\"registry.terraform.io/ciscodevnet/aci\"]",
      "instances": [
        {
          "schema_version": 1,
          "attributes": {
            "alloc_mode": "inherit",
            "annotation": "orchestrator:terraform",
            "description": "",
            "from": "vlan-2226",
            "id": "uni/infra/vlanns-[dynamic]-dynamic/from-[vlan-2226]-to-[vlan-2226]",
            "name_alias": "",
            "role": "external",
            "to": "vlan-2226",
            "vlan_pool_dn": "uni/infra/vlanns-[dynamic]-dynamic"
          },
          "sensitive_attributes": [],
          "private": "eyJzY2hlbWFfdmVyc2lvbiI6IjEifQ==",
          "dependencies": [
            "data.aci_vlan_pool.dynamic"
          ]
        }
      ]
    },
    {
      "mode": "managed",
      "type": "aci_ranges",
      "name": "dynamic_2227",
      "provider": "provider[\"registry.terraform.io/ciscodevnet/aci\"]",
      "instances": [
        {
          "schema_version": 1,
          "attributes": {
            "alloc_mode": "inherit",
            "annotation": "orchestrator:terraform",
            "description": "",
            "from": "vlan-2227",
            "id": "uni/infra/vlanns-[dynamic]-dynamic/from-[vlan-2227]-to-[vlan-2227]",
            "name_alias": "",
            "role": "external",
            "to": "vlan-2227",
            "vlan_pool_dn": "uni/infra/vlanns-[dynamic]-dynamic"
          },
          "sensitive_attributes": [],
          "private": "eyJzY2hlbWFfdmVyc2lvbiI6IjEifQ==",
          "dependencies": [
            "data.aci_vlan_pool.dynamic"
          ]
        }
      ]
    },
    {
      "mode": "managed",
      "type": "aci_ranges",
      "name": "dynamic_2228",
      "provider": "provider[\"registry.terraform.io/ciscodevnet/aci\"]",
      "instances": [
        {
          "schema_version": 1,
          "attributes": {
            "alloc_mode": "inherit",
            "annotation": "orchestrator:terraform",
            "description": "",
            "from": "vlan-2228",
            "id": "uni/infra/vlanns-[dynamic]-dynamic/from-[vlan-2228]-to-[vlan-2228]",
            "name_alias": "",
            "role": "external",
            "to": "vlan-2228",
            "vlan_pool_dn": "uni/infra/vlanns-[dynamic]-dynamic"
          },
          "sensitive_attributes": [],
          "private": "eyJzY2hlbWFfdmVyc2lvbiI6IjEifQ==",
          "dependencies": [
            "data.aci_vlan_pool.dynamic"
          ]
        }
      ]
    },
    {
      "mode": "managed",
      "type": "aci_ranges",
      "name": "dynamic_2229",
      "provider": "provider[\"registry.terraform.io/ciscodevnet/aci\"]",
      "instances": [
        {
          "schema_version": 1,
          "attributes": {
            "alloc_mode": "inherit",
            "annotation": "orchestrator:terraform",
            "description": "",
            "from": "vlan-2229",
            "id": "uni/infra/vlanns-[dynamic]-dynamic/from-[vlan-2229]-to-[vlan-2229]",
            "name_alias": "",
            "role": "external",
            "to": "vlan-2229",
            "vlan_pool_dn": "uni/infra/vlanns-[dynamic]-dynamic"
          },
          "sensitive_attributes": [],
          "private": "eyJzY2hlbWFfdmVyc2lvbiI6IjEifQ==",
          "dependencies": [
            "data.aci_vlan_pool.dynamic"
          ]
        }
      ]
    },
    {
      "mode": "managed",
      "type": "aci_ranges",
      "name": "dynamic_2230",
      "provider": "provider[\"registry.terraform.io/ciscodevnet/aci\"]",
      "instances": [
        {
          "schema_version": 1,
          "attributes": {
            "alloc_mode": "inherit",
            "annotation": "orchestrator:terraform",
            "description": "",
            "from": "vlan-2230",
            "id": "uni/infra/vlanns-[dynamic]-dynamic/from-[vlan-2230]-to-[vlan-2230]",
            "name_alias": "",
            "role": "external",
            "to": "vlan-2230",
            "vlan_pool_dn": "uni/infra/vlanns-[dynamic]-dynamic"
          },
          "sensitive_attributes": [],
          "private": "eyJzY2hlbWFfdmVyc2lvbiI6IjEifQ==",
          "dependencies": [
            "data.aci_vlan_pool.dynamic"
          ]
        }
      ]
    },
    {
      "mode": "managed",
      "type": "aci_ranges",
      "name": "dynamic_2231",
      "provider": "provider[\"registry.terraform.io/ciscodevnet/aci\"]",
      "instances": [
        {
          "schema_version": 1,
          "attributes": {
            "alloc_mode": "inherit",
            "annotation": "orchestrator:terraform",
            "description": "",
            "from": "vlan-2231",
            "id": "uni/infra/vlanns-[dynamic]-dynamic/from-[vlan-2231]-to-[vlan-2231]",
            "name_alias": "",
            "role": "external",
            "to": "vlan-2231",
            "vlan_pool_dn": "uni/infra/vlanns-[dynamic]-dynamic"
          },
          "sensitive_attributes": [],
          "private": "eyJzY2hlbWFfdmVyc2lvbiI6IjEifQ==",
          "dependencies": [
            "data.aci_vlan_pool.dynamic"
          ]
        }
      ]
    },
    {
      "mode": "managed",
      "type": "aci_ranges",
      "name": "dynamic_2232",
      "provider": "provider[\"registry.terraform.io/ciscodevnet/aci\"]",
      "instances": [
        {
          "schema_version": 1,
          "attributes": {
            "alloc_mode": "inherit",
            "annotation": "orchestrator:terraform",
            "description": "",
            "from": "vlan-2232",
            "id": "uni/infra/vlanns-[dynamic]-dynamic/from-[vlan-2232]-to-[vlan-2232]",
            "name_alias": "",
            "role": "external",
            "to": "vlan-2232",
            "vlan_pool_dn": "uni/infra/vlanns-[dynamic]-dynamic"
          },
          "sensitive_attributes": [],
          "private": "eyJzY2hlbWFfdmVyc2lvbiI6IjEifQ==",
          "dependencies": [
            "data.aci_vlan_pool.dynamic"
          ]
        }
      ]
    },
    {
      "mode": "managed",
      "type": "aci_ranges",
      "name": "dynamic_2233",
      "provider": "provider[\"registry.terraform.io/ciscodevnet/aci\"]",
      "instances": [
        {
          "schema_version": 1,
          "attributes": {
            "alloc_mode": "inherit",
            "annotation": "orchestrator:terraform",
            "description": "",
            "from": "vlan-2233",
            "id": "uni/infra/vlanns-[dynamic]-dynamic/from-[vlan-2233]-to-[vlan-2233]",
            "name_alias": "",
            "role": "external",
            "to": "vlan-2233",
            "vlan_pool_dn": "uni/infra/vlanns-[dynamic]-dynamic"
          },
          "sensitive_attributes": [],
          "private": "eyJzY2hlbWFfdmVyc2lvbiI6IjEifQ==",
          "dependencies": [
            "data.aci_vlan_pool.dynamic"
          ]
        }
      ]
    },
    {
      "mode": "managed",
      "type": "aci_ranges",
      "name": "dynamic_2234",
      "provider": "provider[\"registry.terraform.io/ciscodevnet/aci\"]",
      "instances": [
        {
          "schema_version": 1,
          "attributes": {
            "alloc_mode": "inherit",
            "annotation": "orchestrator:terraform",
            "description": "",
            "from": "vlan-2234",
            "id": "uni/infra/vlanns-[dynamic]-dynamic/from-[vlan-2234]-to-[vlan-2234]",
            "name_alias": "",
            "role": "external",
            "to": "vlan-2234",
            "vlan_pool_dn": "uni/infra/vlanns-[dynamic]-dynamic"
          },
          "sensitive_attributes": [],
          "private": "eyJzY2hlbWFfdmVyc2lvbiI6IjEifQ==",
          "dependencies": [
            "data.aci_vlan_pool.dynamic"
          ]
        }
      ]
    },
    {
      "mode": "managed",
      "type": "aci_ranges",
      "name": "dynamic_2235",
      "provider": "provider[\"registry.terraform.io/ciscodevnet/aci\"]",
      "instances": [
        {
          "schema_version": 1,
          "attributes": {
            "alloc_mode": "inherit",
            "annotation": "orchestrator:terraform",
            "description": "",
            "from": "vlan-2235",
            "id": "uni/infra/vlanns-[dynamic]-dynamic/from-[vlan-2235]-to-[vlan-2235]",
            "name_alias": "",
            "role": "external",
            "to": "vlan-2235",
            "vlan_pool_dn": "uni/infra/vlanns-[dynamic]-dynamic"
          },
          "sensitive_attributes": [],
          "private": "eyJzY2hlbWFfdmVyc2lvbiI6IjEifQ==",
          "dependencies": [
            "data.aci_vlan_pool.dynamic"
          ]
        }
      ]
    },
    {
      "mode": "managed",
      "type": "aci_ranges",
      "name": "dynamic_2236",
      "provider": "provider[\"registry.terraform.io/ciscodevnet/aci\"]",
      "instances": [
        {
          "schema_version": 1,
          "attributes": {
            "alloc_mode": "inherit",
            "annotation": "orchestrator:terraform",
            "description": "",
            "from": "vlan-2236",
            "id": "uni/infra/vlanns-[dynamic]-dynamic/from-[vlan-2236]-to-[vlan-2236]",
            "name_alias": "",
            "role": "external",
            "to": "vlan-2236",
            "vlan_pool_dn": "uni/infra/vlanns-[dynamic]-dynamic"
          },
          "sensitive_attributes": [],
          "private": "eyJzY2hlbWFfdmVyc2lvbiI6IjEifQ==",
          "dependencies": [
            "data.aci_vlan_pool.dynamic"
          ]
        }
      ]
    },
    {
      "mode": "managed",
      "type": "aci_ranges",
      "name": "dynamic_2237",
      "provider": "provider[\"registry.terraform.io/ciscodevnet/aci\"]",
      "instances": [
        {
          "schema_version": 1,
          "attributes": {
            "alloc_mode": "inherit",
            "annotation": "orchestrator:terraform",
            "description": "",
            "from": "vlan-2237",
            "id": "uni/infra/vlanns-[dynamic]-dynamic/from-[vlan-2237]-to-[vlan-2237]",
            "name_alias": "",
            "role": "external",
            "to": "vlan-2237",
            "vlan_pool_dn": "uni/infra/vlanns-[dynamic]-dynamic"
          },
          "sensitive_attributes": [],
          "private": "eyJzY2hlbWFfdmVyc2lvbiI6IjEifQ==",
          "dependencies": [
            "data.aci_vlan_pool.dynamic"
          ]
        }
      ]
    },
    {
      "mode": "managed",
      "type": "aci_ranges",
      "name": "dynamic_2238",
      "provider": "provider[\"registry.terraform.io/ciscodevnet/aci\"]",
      "instances": [
        {
          "schema_version": 1,
          "attributes": {
            "alloc_mode": "inherit",
            "annotation": "orchestrator:terraform",
            "description": "",
            "from": "vlan-2238",
            "id": "uni/infra/vlanns-[dynamic]-dynamic/from-[vlan-2238]-to-[vlan-2238]",
            "name_alias": "",
            "role": "external",
            "to": "vlan-2238",
            "vlan_pool_dn": "uni/infra/vlanns-[dynamic]-dynamic"
          },
          "sensitive_attributes": [],
          "private": "eyJzY2hlbWFfdmVyc2lvbiI6IjEifQ==",
          "dependencies": [
            "data.aci_vlan_pool.dynamic"
          ]
        }
      ]
    },
    {
      "mode": "managed",
      "type": "aci_ranges",
      "name": "dynamic_2239",
      "provider": "provider[\"registry.terraform.io/ciscodevnet/aci\"]",
      "instances": [
        {
          "schema_version": 1,
          "attributes": {
            "alloc_mode": "inherit",
            "annotation": "orchestrator:terraform",
            "description": "",
            "from": "vlan-2239",
            "id": "uni/infra/vlanns-[dynamic]-dynamic/from-[vlan-2239]-to-[vlan-2239]",
            "name_alias": "",
            "role": "external",
            "to": "vlan-2239",
            "vlan_pool_dn": "uni/infra/vlanns-[dynamic]-dynamic"
          },
          "sensitive_attributes": [],
          "private": "eyJzY2hlbWFfdmVyc2lvbiI6IjEifQ==",
          "dependencies": [
            "data.aci_vlan_pool.dynamic"
          ]
        }
      ]
    },
    {
      "mode": "managed",
      "type": "aci_ranges",
      "name": "dynamic_2240",
      "provider": "provider[\"registry.terraform.io/ciscodevnet/aci\"]",
      "instances": [
        {
          "schema_version": 1,
          "attributes": {
            "alloc_mode": "inherit",
            "annotation": "orchestrator:terraform",
            "description": "",
            "from": "vlan-2240",
            "id": "uni/infra/vlanns-[dynamic]-dynamic/from-[vlan-2240]-to-[vlan-2240]",
            "name_alias": "",
            "role": "external",
            "to": "vlan-2240",
            "vlan_pool_dn": "uni/infra/vlanns-[dynamic]-dynamic"
          },
          "sensitive_attributes": [],
          "private": "eyJzY2hlbWFfdmVyc2lvbiI6IjEifQ==",
          "dependencies": [
            "data.aci_vlan_pool.dynamic"
          ]
        }
      ]
    },
    {
      "mode": "managed",
      "type": "aci_ranges",
      "name": "dynamic_2241",
      "provider": "provider[\"registry.terraform.io/ciscodevnet/aci\"]",
      "instances": [
        {
          "schema_version": 1,
          "attributes": {
            "alloc_mode": "inherit",
            "annotation": "orchestrator:terraform",
            "description": "",
            "from": "vlan-2241",
            "id": "uni/infra/vlanns-[dynamic]-dynamic/from-[vlan-2241]-to-[vlan-2241]",
            "name_alias": "",
            "role": "external",
            "to": "vlan-2241",
            "vlan_pool_dn": "uni/infra/vlanns-[dynamic]-dynamic"
          },
          "sensitive_attributes": [],
          "private": "eyJzY2hlbWFfdmVyc2lvbiI6IjEifQ==",
          "dependencies": [
            "data.aci_vlan_pool.dynamic"
          ]
        }
      ]
    },
    {
      "mode": "managed",
      "type": "aci_ranges",
      "name": "dynamic_2242",
      "provider": "provider[\"registry.terraform.io/ciscodevnet/aci\"]",
      "instances": [
        {
          "schema_version": 1,
          "attributes": {
            "alloc_mode": "inherit",
            "annotation": "orchestrator:terraform",
            "description": "",
            "from": "vlan-2242",
            "id": "uni/infra/vlanns-[dynamic]-dynamic/from-[vlan-2242]-to-[vlan-2242]",
            "name_alias": "",
            "role": "external",
            "to": "vlan-2242",
            "vlan_pool_dn": "uni/infra/vlanns-[dynamic]-dynamic"
          },
          "sensitive_attributes": [],
          "private": "eyJzY2hlbWFfdmVyc2lvbiI6IjEifQ==",
          "dependencies": [
            "data.aci_vlan_pool.dynamic"
          ]
        }
      ]
    },
    {
      "mode": "managed",
      "type": "aci_ranges",
      "name": "dynamic_2243",
      "provider": "provider[\"registry.terraform.io/ciscodevnet/aci\"]",
      "instances": [
        {
          "schema_version": 1,
          "attributes": {
            "alloc_mode": "inherit",
            "annotation": "orchestrator:terraform",
            "description": "",
            "from": "vlan-2243",
            "id": "uni/infra/vlanns-[dynamic]-dynamic/from-[vlan-2243]-to-[vlan-2243]",
            "name_alias": "",
            "role": "external",
            "to": "vlan-2243",
            "vlan_pool_dn": "uni/infra/vlanns-[dynamic]-dynamic"
          },
          "sensitive_attributes": [],
          "private": "eyJzY2hlbWFfdmVyc2lvbiI6IjEifQ==",
          "dependencies": [
            "data.aci_vlan_pool.dynamic"
          ]
        }
      ]
    },
    {
      "mode": "managed",
      "type": "aci_ranges",
      "name": "dynamic_2244",
      "provider": "provider[\"registry.terraform.io/ciscodevnet/aci\"]",
      "instances": [
        {
          "schema_version": 1,
          "attributes": {
            "alloc_mode": "inherit",
            "annotation": "orchestrator:terraform",
            "description": "",
            "from": "vlan-2244",
            "id": "uni/infra/vlanns-[dynamic]-dynamic/from-[vlan-2244]-to-[vlan-2244]",
            "name_alias": "",
            "role": "external",
            "to": "vlan-2244",
            "vlan_pool_dn": "uni/infra/vlanns-[dynamic]-dynamic"
          },
          "sensitive_attributes": [],
          "private": "eyJzY2hlbWFfdmVyc2lvbiI6IjEifQ==",
          "dependencies": [
            "data.aci_vlan_pool.dynamic"
          ]
        }
      ]
    },
    {
      "mode": "managed",
      "type": "aci_ranges",
      "name": "dynamic_2245",
      "provider": "provider[\"registry.terraform.io/ciscodevnet/aci\"]",
      "instances": [
        {
          "schema_version": 1,
          "attributes": {
            "alloc_mode": "inherit",
            "annotation": "orchestrator:terraform",
            "description": "",
            "from": "vlan-2245",
            "id": "uni/infra/vlanns-[dynamic]-dynamic/from-[vlan-2245]-to-[vlan-2245]",
            "name_alias": "",
            "role": "external",
            "to": "vlan-2245",
            "vlan_pool_dn": "uni/infra/vlanns-[dynamic]-dynamic"
          },
          "sensitive_attributes": [],
          "private": "eyJzY2hlbWFfdmVyc2lvbiI6IjEifQ==",
          "dependencies": [
            "data.aci_vlan_pool.dynamic"
          ]
        }
      ]
    },
    {
      "mode": "managed",
      "type": "aci_ranges",
      "name": "dynamic_2246",
      "provider": "provider[\"registry.terraform.io/ciscodevnet/aci\"]",
      "instances": [
        {
          "schema_version": 1,
          "attributes": {
            "alloc_mode": "inherit",
            "annotation": "orchestrator:terraform",
            "description": "",
            "from": "vlan-2246",
            "id": "uni/infra/vlanns-[dynamic]-dynamic/from-[vlan-2246]-to-[vlan-2246]",
            "name_alias": "",
            "role": "external",
            "to": "vlan-2246",
            "vlan_pool_dn": "uni/infra/vlanns-[dynamic]-dynamic"
          },
          "sensitive_attributes": [],
          "private": "eyJzY2hlbWFfdmVyc2lvbiI6IjEifQ==",
          "dependencies": [
            "data.aci_vlan_pool.dynamic"
          ]
        }
      ]
    },
    {
      "mode": "managed",
      "type": "aci_ranges",
      "name": "dynamic_2247",
      "provider": "provider[\"registry.terraform.io/ciscodevnet/aci\"]",
      "instances": [
        {
          "schema_version": 1,
          "attributes": {
            "alloc_mode": "inherit",
            "annotation": "orchestrator:terraform",
            "description": "",
            "from": "vlan-2247",
            "id": "uni/infra/vlanns-[dynamic]-dynamic/from-[vlan-2247]-to-[vlan-2247]",
            "name_alias": "",
            "role": "external",
            "to": "vlan-2247",
            "vlan_pool_dn": "uni/infra/vlanns-[dynamic]-dynamic"
          },
          "sensitive_attributes": [],
          "private": "eyJzY2hlbWFfdmVyc2lvbiI6IjEifQ==",
          "dependencies": [
            "data.aci_vlan_pool.dynamic"
          ]
        }
      ]
    },
    {
      "mode": "managed",
      "type": "aci_ranges",
      "name": "dynamic_2248",
      "provider": "provider[\"registry.terraform.io/ciscodevnet/aci\"]",
      "instances": [
        {
          "schema_version": 1,
          "attributes": {
            "alloc_mode": "inherit",
            "annotation": "orchestrator:terraform",
            "description": "",
            "from": "vlan-2248",
            "id": "uni/infra/vlanns-[dynamic]-dynamic/from-[vlan-2248]-to-[vlan-2248]",
            "name_alias": "",
            "role": "external",
            "to": "vlan-2248",
            "vlan_pool_dn": "uni/infra/vlanns-[dynamic]-dynamic"
          },
          "sensitive_attributes": [],
          "private": "eyJzY2hlbWFfdmVyc2lvbiI6IjEifQ==",
          "dependencies": [
            "data.aci_vlan_pool.dynamic"
          ]
        }
      ]
    },
    {
      "mode": "managed",
      "type": "aci_ranges",
      "name": "dynamic_2249",
      "provider": "provider[\"registry.terraform.io/ciscodevnet/aci\"]",
      "instances": [
        {
          "schema_version": 1,
          "attributes": {
            "alloc_mode": "inherit",
            "annotation": "orchestrator:terraform",
            "description": "",
            "from": "vlan-2249",
            "id": "uni/infra/vlanns-[dynamic]-dynamic/from-[vlan-2249]-to-[vlan-2249]",
            "name_alias": "",
            "role": "external",
            "to": "vlan-2249",
            "vlan_pool_dn": "uni/infra/vlanns-[dynamic]-dynamic"
          },
          "sensitive_attributes": [],
          "private": "eyJzY2hlbWFfdmVyc2lvbiI6IjEifQ==",
          "dependencies": [
            "data.aci_vlan_pool.dynamic"
          ]
        }
      ]
    },
    {
      "mode": "managed",
      "type": "aci_ranges",
      "name": "dynamic_2250",
      "provider": "provider[\"registry.terraform.io/ciscodevnet/aci\"]",
      "instances": [
        {
          "schema_version": 1,
          "attributes": {
            "alloc_mode": "inherit",
            "annotation": "orchestrator:terraform",
            "description": "",
            "from": "vlan-2250",
            "id": "uni/infra/vlanns-[dynamic]-dynamic/from-[vlan-2250]-to-[vlan-2250]",
            "name_alias": "",
            "role": "external",
            "to": "vlan-2250",
            "vlan_pool_dn": "uni/infra/vlanns-[dynamic]-dynamic"
          },
          "sensitive_attributes": [],
          "private": "eyJzY2hlbWFfdmVyc2lvbiI6IjEifQ==",
          "dependencies": [
            "data.aci_vlan_pool.dynamic"
          ]
        }
      ]
    },
    {
      "mode": "managed",
      "type": "aci_ranges",
      "name": "dynamic_2251",
      "provider": "provider[\"registry.terraform.io/ciscodevnet/aci\"]",
      "instances": [
        {
          "schema_version": 1,
          "attributes": {
            "alloc_mode": "inherit",
            "annotation": "orchestrator:terraform",
            "description": "",
            "from": "vlan-2251",
            "id": "uni/infra/vlanns-[dynamic]-dynamic/from-[vlan-2251]-to-[vlan-2251]",
            "name_alias": "",
            "role": "external",
            "to": "vlan-2251",
            "vlan_pool_dn": "uni/infra/vlanns-[dynamic]-dynamic"
          },
          "sensitive_attributes": [],
          "private": "eyJzY2hlbWFfdmVyc2lvbiI6IjEifQ==",
          "dependencies": [
            "data.aci_vlan_pool.dynamic"
          ]
        }
      ]
    },
    {
      "mode": "managed",
      "type": "aci_ranges",
      "name": "dynamic_2252",
      "provider": "provider[\"registry.terraform.io/ciscodevnet/aci\"]",
      "instances": [
        {
          "schema_version": 1,
          "attributes": {
            "alloc_mode": "inherit",
            "annotation": "orchestrator:terraform",
            "description": "",
            "from": "vlan-2252",
            "id": "uni/infra/vlanns-[dynamic]-dynamic/from-[vlan-2252]-to-[vlan-2252]",
            "name_alias": "",
            "role": "external",
            "to": "vlan-2252",
            "vlan_pool_dn": "uni/infra/vlanns-[dynamic]-dynamic"
          },
          "sensitive_attributes": [],
          "private": "eyJzY2hlbWFfdmVyc2lvbiI6IjEifQ==",
          "dependencies": [
            "data.aci_vlan_pool.dynamic"
          ]
        }
      ]
    },
    {
      "mode": "managed",
      "type": "aci_ranges",
      "name": "dynamic_2253",
      "provider": "provider[\"registry.terraform.io/ciscodevnet/aci\"]",
      "instances": [
        {
          "schema_version": 1,
          "attributes": {
            "alloc_mode": "inherit",
            "annotation": "orchestrator:terraform",
            "description": "",
            "from": "vlan-2253",
            "id": "uni/infra/vlanns-[dynamic]-dynamic/from-[vlan-2253]-to-[vlan-2253]",
            "name_alias": "",
            "role": "external",
            "to": "vlan-2253",
            "vlan_pool_dn": "uni/infra/vlanns-[dynamic]-dynamic"
          },
          "sensitive_attributes": [],
          "private": "eyJzY2hlbWFfdmVyc2lvbiI6IjEifQ==",
          "dependencies": [
            "data.aci_vlan_pool.dynamic"
          ]
        }
      ]
    },
    {
      "mode": "managed",
      "type": "aci_ranges",
      "name": "dynamic_2254",
      "provider": "provider[\"registry.terraform.io/ciscodevnet/aci\"]",
      "instances": [
        {
          "schema_version": 1,
          "attributes": {
            "alloc_mode": "inherit",
            "annotation": "orchestrator:terraform",
            "description": "",
            "from": "vlan-2254",
            "id": "uni/infra/vlanns-[dynamic]-dynamic/from-[vlan-2254]-to-[vlan-2254]",
            "name_alias": "",
            "role": "external",
            "to": "vlan-2254",
            "vlan_pool_dn": "uni/infra/vlanns-[dynamic]-dynamic"
          },
          "sensitive_attributes": [],
          "private": "eyJzY2hlbWFfdmVyc2lvbiI6IjEifQ==",
          "dependencies": [
            "data.aci_vlan_pool.dynamic"
          ]
        }
      ]
    },
    {
      "mode": "managed",
      "type": "aci_ranges",
      "name": "dynamic_2255",
      "provider": "provider[\"registry.terraform.io/ciscodevnet/aci\"]",
      "instances": [
        {
          "schema_version": 1,
          "attributes": {
            "alloc_mode": "inherit",
            "annotation": "orchestrator:terraform",
            "description": "",
            "from": "vlan-2255",
            "id": "uni/infra/vlanns-[dynamic]-dynamic/from-[vlan-2255]-to-[vlan-2255]",
            "name_alias": "",
            "role": "external",
            "to": "vlan-2255",
            "vlan_pool_dn": "uni/infra/vlanns-[dynamic]-dynamic"
          },
          "sensitive_attributes": [],
          "private": "eyJzY2hlbWFfdmVyc2lvbiI6IjEifQ==",
          "dependencies": [
            "data.aci_vlan_pool.dynamic"
          ]
        }
      ]
    },
    {
      "mode": "managed",
      "type": "aci_ranges",
      "name": "dynamic_2256",
      "provider": "provider[\"registry.terraform.io/ciscodevnet/aci\"]",
      "instances": [
        {
          "schema_version": 1,
          "attributes": {
            "alloc_mode": "inherit",
            "annotation": "orchestrator:terraform",
            "description": "",
            "from": "vlan-2256",
            "id": "uni/infra/vlanns-[dynamic]-dynamic/from-[vlan-2256]-to-[vlan-2256]",
            "name_alias": "",
            "role": "external",
            "to": "vlan-2256",
            "vlan_pool_dn": "uni/infra/vlanns-[dynamic]-dynamic"
          },
          "sensitive_attributes": [],
          "private": "eyJzY2hlbWFfdmVyc2lvbiI6IjEifQ==",
          "dependencies": [
            "data.aci_vlan_pool.dynamic"
          ]
        }
      ]
    },
    {
      "mode": "managed",
      "type": "aci_ranges",
      "name": "dynamic_2257",
      "provider": "provider[\"registry.terraform.io/ciscodevnet/aci\"]",
      "instances": [
        {
          "schema_version": 1,
          "attributes": {
            "alloc_mode": "inherit",
            "annotation": "orchestrator:terraform",
            "description": "",
            "from": "vlan-2257",
            "id": "uni/infra/vlanns-[dynamic]-dynamic/from-[vlan-2257]-to-[vlan-2257]",
            "name_alias": "",
            "role": "external",
            "to": "vlan-2257",
            "vlan_pool_dn": "uni/infra/vlanns-[dynamic]-dynamic"
          },
          "sensitive_attributes": [],
          "private": "eyJzY2hlbWFfdmVyc2lvbiI6IjEifQ==",
          "dependencies": [
            "data.aci_vlan_pool.dynamic"
          ]
        }
      ]
    },
    {
      "mode": "managed",
      "type": "aci_ranges",
      "name": "dynamic_2258",
      "provider": "provider[\"registry.terraform.io/ciscodevnet/aci\"]",
      "instances": [
        {
          "schema_version": 1,
          "attributes": {
            "alloc_mode": "inherit",
            "annotation": "orchestrator:terraform",
            "description": "",
            "from": "vlan-2258",
            "id": "uni/infra/vlanns-[dynamic]-dynamic/from-[vlan-2258]-to-[vlan-2258]",
            "name_alias": "",
            "role": "external",
            "to": "vlan-2258",
            "vlan_pool_dn": "uni/infra/vlanns-[dynamic]-dynamic"
          },
          "sensitive_attributes": [],
          "private": "eyJzY2hlbWFfdmVyc2lvbiI6IjEifQ==",
          "dependencies": [
            "data.aci_vlan_pool.dynamic"
          ]
        }
      ]
    },
    {
      "mode": "managed",
      "type": "aci_ranges",
      "name": "dynamic_2259",
      "provider": "provider[\"registry.terraform.io/ciscodevnet/aci\"]",
      "instances": [
        {
          "schema_version": 1,
          "attributes": {
            "alloc_mode": "inherit",
            "annotation": "orchestrator:terraform",
            "description": "",
            "from": "vlan-2259",
            "id": "uni/infra/vlanns-[dynamic]-dynamic/from-[vlan-2259]-to-[vlan-2259]",
            "name_alias": "",
            "role": "external",
            "to": "vlan-2259",
            "vlan_pool_dn": "uni/infra/vlanns-[dynamic]-dynamic"
          },
          "sensitive_attributes": [],
          "private": "eyJzY2hlbWFfdmVyc2lvbiI6IjEifQ==",
          "dependencies": [
            "data.aci_vlan_pool.dynamic"
          ]
        }
      ]
    },
    {
      "mode": "managed",
      "type": "aci_ranges",
      "name": "dynamic_2260",
      "provider": "provider[\"registry.terraform.io/ciscodevnet/aci\"]",
      "instances": [
        {
          "schema_version": 1,
          "attributes": {
            "alloc_mode": "inherit",
            "annotation": "orchestrator:terraform",
            "description": "",
            "from": "vlan-2260",
            "id": "uni/infra/vlanns-[dynamic]-dynamic/from-[vlan-2260]-to-[vlan-2260]",
            "name_alias": "",
            "role": "external",
            "to": "vlan-2260",
            "vlan_pool_dn": "uni/infra/vlanns-[dynamic]-dynamic"
          },
          "sensitive_attributes": [],
          "private": "eyJzY2hlbWFfdmVyc2lvbiI6IjEifQ==",
          "dependencies": [
            "data.aci_vlan_pool.dynamic"
          ]
        }
      ]
    },
    {
      "mode": "managed",
      "type": "aci_ranges",
      "name": "dynamic_2261",
      "provider": "provider[\"registry.terraform.io/ciscodevnet/aci\"]",
      "instances": [
        {
          "schema_version": 1,
          "attributes": {
            "alloc_mode": "inherit",
            "annotation": "orchestrator:terraform",
            "description": "",
            "from": "vlan-2261",
            "id": "uni/infra/vlanns-[dynamic]-dynamic/from-[vlan-2261]-to-[vlan-2261]",
            "name_alias": "",
            "role": "external",
            "to": "vlan-2261",
            "vlan_pool_dn": "uni/infra/vlanns-[dynamic]-dynamic"
          },
          "sensitive_attributes": [],
          "private": "eyJzY2hlbWFfdmVyc2lvbiI6IjEifQ==",
          "dependencies": [
            "data.aci_vlan_pool.dynamic"
          ]
        }
      ]
    },
    {
      "mode": "managed",
      "type": "aci_ranges",
      "name": "dynamic_2262",
      "provider": "provider[\"registry.terraform.io/ciscodevnet/aci\"]",
      "instances": [
        {
          "schema_version": 1,
          "attributes": {
            "alloc_mode": "inherit",
            "annotation": "orchestrator:terraform",
            "description": "",
            "from": "vlan-2262",
            "id": "uni/infra/vlanns-[dynamic]-dynamic/from-[vlan-2262]-to-[vlan-2262]",
            "name_alias": "",
            "role": "external",
            "to": "vlan-2262",
            "vlan_pool_dn": "uni/infra/vlanns-[dynamic]-dynamic"
          },
          "sensitive_attributes": [],
          "private": "eyJzY2hlbWFfdmVyc2lvbiI6IjEifQ==",
          "dependencies": [
            "data.aci_vlan_pool.dynamic"
          ]
        }
      ]
    },
    {
      "mode": "managed",
      "type": "aci_ranges",
      "name": "dynamic_2263",
      "provider": "provider[\"registry.terraform.io/ciscodevnet/aci\"]",
      "instances": [
        {
          "schema_version": 1,
          "attributes": {
            "alloc_mode": "inherit",
            "annotation": "orchestrator:terraform",
            "description": "",
            "from": "vlan-2263",
            "id": "uni/infra/vlanns-[dynamic]-dynamic/from-[vlan-2263]-to-[vlan-2263]",
            "name_alias": "",
            "role": "external",
            "to": "vlan-2263",
            "vlan_pool_dn": "uni/infra/vlanns-[dynamic]-dynamic"
          },
          "sensitive_attributes": [],
          "private": "eyJzY2hlbWFfdmVyc2lvbiI6IjEifQ==",
          "dependencies": [
            "data.aci_vlan_pool.dynamic"
          ]
        }
      ]
    },
    {
      "mode": "managed",
      "type": "aci_ranges",
      "name": "dynamic_2264",
      "provider": "provider[\"registry.terraform.io/ciscodevnet/aci\"]",
      "instances": [
        {
          "schema_version": 1,
          "attributes": {
            "alloc_mode": "inherit",
            "annotation": "orchestrator:terraform",
            "description": "",
            "from": "vlan-2264",
            "id": "uni/infra/vlanns-[dynamic]-dynamic/from-[vlan-2264]-to-[vlan-2264]",
            "name_alias": "",
            "role": "external",
            "to": "vlan-2264",
            "vlan_pool_dn": "uni/infra/vlanns-[dynamic]-dynamic"
          },
          "sensitive_attributes": [],
          "private": "eyJzY2hlbWFfdmVyc2lvbiI6IjEifQ==",
          "dependencies": [
            "data.aci_vlan_pool.dynamic"
          ]
        }
      ]
    },
    {
      "mode": "managed",
      "type": "aci_ranges",
      "name": "dynamic_2265",
      "provider": "provider[\"registry.terraform.io/ciscodevnet/aci\"]",
      "instances": [
        {
          "schema_version": 1,
          "attributes": {
            "alloc_mode": "inherit",
            "annotation": "orchestrator:terraform",
            "description": "",
            "from": "vlan-2265",
            "id": "uni/infra/vlanns-[dynamic]-dynamic/from-[vlan-2265]-to-[vlan-2265]",
            "name_alias": "",
            "role": "external",
            "to": "vlan-2265",
            "vlan_pool_dn": "uni/infra/vlanns-[dynamic]-dynamic"
          },
          "sensitive_attributes": [],
          "private": "eyJzY2hlbWFfdmVyc2lvbiI6IjEifQ==",
          "dependencies": [
            "data.aci_vlan_pool.dynamic"
          ]
        }
      ]
    },
    {
      "mode": "managed",
      "type": "aci_ranges",
      "name": "dynamic_2266",
      "provider": "provider[\"registry.terraform.io/ciscodevnet/aci\"]",
      "instances": [
        {
          "schema_version": 1,
          "attributes": {
            "alloc_mode": "inherit",
            "annotation": "orchestrator:terraform",
            "description": "",
            "from": "vlan-2266",
            "id": "uni/infra/vlanns-[dynamic]-dynamic/from-[vlan-2266]-to-[vlan-2266]",
            "name_alias": "",
            "role": "external",
            "to": "vlan-2266",
            "vlan_pool_dn": "uni/infra/vlanns-[dynamic]-dynamic"
          },
          "sensitive_attributes": [],
          "private": "eyJzY2hlbWFfdmVyc2lvbiI6IjEifQ==",
          "dependencies": [
            "data.aci_vlan_pool.dynamic"
          ]
        }
      ]
    },
    {
      "mode": "managed",
      "type": "aci_ranges",
      "name": "dynamic_2267",
      "provider": "provider[\"registry.terraform.io/ciscodevnet/aci\"]",
      "instances": [
        {
          "schema_version": 1,
          "attributes": {
            "alloc_mode": "inherit",
            "annotation": "orchestrator:terraform",
            "description": "",
            "from": "vlan-2267",
            "id": "uni/infra/vlanns-[dynamic]-dynamic/from-[vlan-2267]-to-[vlan-2267]",
            "name_alias": "",
            "role": "external",
            "to": "vlan-2267",
            "vlan_pool_dn": "uni/infra/vlanns-[dynamic]-dynamic"
          },
          "sensitive_attributes": [],
          "private": "eyJzY2hlbWFfdmVyc2lvbiI6IjEifQ==",
          "dependencies": [
            "data.aci_vlan_pool.dynamic"
          ]
        }
      ]
    },
    {
      "mode": "managed",
      "type": "aci_ranges",
      "name": "dynamic_2268",
      "provider": "provider[\"registry.terraform.io/ciscodevnet/aci\"]",
      "instances": [
        {
          "schema_version": 1,
          "attributes": {
            "alloc_mode": "inherit",
            "annotation": "orchestrator:terraform",
            "description": "",
            "from": "vlan-2268",
            "id": "uni/infra/vlanns-[dynamic]-dynamic/from-[vlan-2268]-to-[vlan-2268]",
            "name_alias": "",
            "role": "external",
            "to": "vlan-2268",
            "vlan_pool_dn": "uni/infra/vlanns-[dynamic]-dynamic"
          },
          "sensitive_attributes": [],
          "private": "eyJzY2hlbWFfdmVyc2lvbiI6IjEifQ==",
          "dependencies": [
            "data.aci_vlan_pool.dynamic"
          ]
        }
      ]
    },
    {
      "mode": "managed",
      "type": "aci_ranges",
      "name": "dynamic_2269",
      "provider": "provider[\"registry.terraform.io/ciscodevnet/aci\"]",
      "instances": [
        {
          "schema_version": 1,
          "attributes": {
            "alloc_mode": "inherit",
            "annotation": "orchestrator:terraform",
            "description": "",
            "from": "vlan-2269",
            "id": "uni/infra/vlanns-[dynamic]-dynamic/from-[vlan-2269]-to-[vlan-2269]",
            "name_alias": "",
            "role": "external",
            "to": "vlan-2269",
            "vlan_pool_dn": "uni/infra/vlanns-[dynamic]-dynamic"
          },
          "sensitive_attributes": [],
          "private": "eyJzY2hlbWFfdmVyc2lvbiI6IjEifQ==",
          "dependencies": [
            "data.aci_vlan_pool.dynamic"
          ]
        }
      ]
    },
    {
      "mode": "managed",
      "type": "aci_ranges",
      "name": "dynamic_2270",
      "provider": "provider[\"registry.terraform.io/ciscodevnet/aci\"]",
      "instances": [
        {
          "schema_version": 1,
          "attributes": {
            "alloc_mode": "inherit",
            "annotation": "orchestrator:terraform",
            "description": "",
            "from": "vlan-2270",
            "id": "uni/infra/vlanns-[dynamic]-dynamic/from-[vlan-2270]-to-[vlan-2270]",
            "name_alias": "",
            "role": "external",
            "to": "vlan-2270",
            "vlan_pool_dn": "uni/infra/vlanns-[dynamic]-dynamic"
          },
          "sensitive_attributes": [],
          "private": "eyJzY2hlbWFfdmVyc2lvbiI6IjEifQ==",
          "dependencies": [
            "data.aci_vlan_pool.dynamic"
          ]
        }
      ]
    },
    {
      "mode": "managed",
      "type": "aci_ranges",
      "name": "dynamic_2271",
      "provider": "provider[\"registry.terraform.io/ciscodevnet/aci\"]",
      "instances": [
        {
          "schema_version": 1,
          "attributes": {
            "alloc_mode": "inherit",
            "annotation": "orchestrator:terraform",
            "description": "",
            "from": "vlan-2271",
            "id": "uni/infra/vlanns-[dynamic]-dynamic/from-[vlan-2271]-to-[vlan-2271]",
            "name_alias": "",
            "role": "external",
            "to": "vlan-2271",
            "vlan_pool_dn": "uni/infra/vlanns-[dynamic]-dynamic"
          },
          "sensitive_attributes": [],
          "private": "eyJzY2hlbWFfdmVyc2lvbiI6IjEifQ==",
          "dependencies": [
            "data.aci_vlan_pool.dynamic"
          ]
        }
      ]
    },
    {
      "mode": "managed",
      "type": "aci_ranges",
      "name": "dynamic_2272",
      "provider": "provider[\"registry.terraform.io/ciscodevnet/aci\"]",
      "instances": [
        {
          "schema_version": 1,
          "attributes": {
            "alloc_mode": "inherit",
            "annotation": "orchestrator:terraform",
            "description": "",
            "from": "vlan-2272",
            "id": "uni/infra/vlanns-[dynamic]-dynamic/from-[vlan-2272]-to-[vlan-2272]",
            "name_alias": "",
            "role": "external",
            "to": "vlan-2272",
            "vlan_pool_dn": "uni/infra/vlanns-[dynamic]-dynamic"
          },
          "sensitive_attributes": [],
          "private": "eyJzY2hlbWFfdmVyc2lvbiI6IjEifQ==",
          "dependencies": [
            "data.aci_vlan_pool.dynamic"
          ]
        }
      ]
    },
    {
      "mode": "managed",
      "type": "aci_ranges",
      "name": "dynamic_2273",
      "provider": "provider[\"registry.terraform.io/ciscodevnet/aci\"]",
      "instances": [
        {
          "schema_version": 1,
          "attributes": {
            "alloc_mode": "inherit",
            "annotation": "orchestrator:terraform",
            "description": "",
            "from": "vlan-2273",
            "id": "uni/infra/vlanns-[dynamic]-dynamic/from-[vlan-2273]-to-[vlan-2273]",
            "name_alias": "",
            "role": "external",
            "to": "vlan-2273",
            "vlan_pool_dn": "uni/infra/vlanns-[dynamic]-dynamic"
          },
          "sensitive_attributes": [],
          "private": "eyJzY2hlbWFfdmVyc2lvbiI6IjEifQ==",
          "dependencies": [
            "data.aci_vlan_pool.dynamic"
          ]
        }
      ]
    },
    {
      "mode": "managed",
      "type": "aci_ranges",
      "name": "dynamic_2274",
      "provider": "provider[\"registry.terraform.io/ciscodevnet/aci\"]",
      "instances": [
        {
          "schema_version": 1,
          "attributes": {
            "alloc_mode": "inherit",
            "annotation": "orchestrator:terraform",
            "description": "",
            "from": "vlan-2274",
            "id": "uni/infra/vlanns-[dynamic]-dynamic/from-[vlan-2274]-to-[vlan-2274]",
            "name_alias": "",
            "role": "external",
            "to": "vlan-2274",
            "vlan_pool_dn": "uni/infra/vlanns-[dynamic]-dynamic"
          },
          "sensitive_attributes": [],
          "private": "eyJzY2hlbWFfdmVyc2lvbiI6IjEifQ==",
          "dependencies": [
            "data.aci_vlan_pool.dynamic"
          ]
        }
      ]
    },
    {
      "mode": "managed",
      "type": "aci_ranges",
      "name": "dynamic_2275",
      "provider": "provider[\"registry.terraform.io/ciscodevnet/aci\"]",
      "instances": [
        {
          "schema_version": 1,
          "attributes": {
            "alloc_mode": "inherit",
            "annotation": "orchestrator:terraform",
            "description": "",
            "from": "vlan-2275",
            "id": "uni/infra/vlanns-[dynamic]-dynamic/from-[vlan-2275]-to-[vlan-2275]",
            "name_alias": "",
            "role": "external",
            "to": "vlan-2275",
            "vlan_pool_dn": "uni/infra/vlanns-[dynamic]-dynamic"
          },
          "sensitive_attributes": [],
          "private": "eyJzY2hlbWFfdmVyc2lvbiI6IjEifQ==",
          "dependencies": [
            "data.aci_vlan_pool.dynamic"
          ]
        }
      ]
    },
    {
      "mode": "managed",
      "type": "aci_ranges",
      "name": "dynamic_2276",
      "provider": "provider[\"registry.terraform.io/ciscodevnet/aci\"]",
      "instances": [
        {
          "schema_version": 1,
          "attributes": {
            "alloc_mode": "inherit",
            "annotation": "orchestrator:terraform",
            "description": "",
            "from": "vlan-2276",
            "id": "uni/infra/vlanns-[dynamic]-dynamic/from-[vlan-2276]-to-[vlan-2276]",
            "name_alias": "",
            "role": "external",
            "to": "vlan-2276",
            "vlan_pool_dn": "uni/infra/vlanns-[dynamic]-dynamic"
          },
          "sensitive_attributes": [],
          "private": "eyJzY2hlbWFfdmVyc2lvbiI6IjEifQ==",
          "dependencies": [
            "data.aci_vlan_pool.dynamic"
          ]
        }
      ]
    },
    {
      "mode": "managed",
      "type": "aci_ranges",
      "name": "dynamic_2277",
      "provider": "provider[\"registry.terraform.io/ciscodevnet/aci\"]",
      "instances": [
        {
          "schema_version": 1,
          "attributes": {
            "alloc_mode": "inherit",
            "annotation": "orchestrator:terraform",
            "description": "",
            "from": "vlan-2277",
            "id": "uni/infra/vlanns-[dynamic]-dynamic/from-[vlan-2277]-to-[vlan-2277]",
            "name_alias": "",
            "role": "external",
            "to": "vlan-2277",
            "vlan_pool_dn": "uni/infra/vlanns-[dynamic]-dynamic"
          },
          "sensitive_attributes": [],
          "private": "eyJzY2hlbWFfdmVyc2lvbiI6IjEifQ==",
          "dependencies": [
            "data.aci_vlan_pool.dynamic"
          ]
        }
      ]
    },
    {
      "mode": "managed",
      "type": "aci_ranges",
      "name": "dynamic_2278",
      "provider": "provider[\"registry.terraform.io/ciscodevnet/aci\"]",
      "instances": [
        {
          "schema_version": 1,
          "attributes": {
            "alloc_mode": "inherit",
            "annotation": "orchestrator:terraform",
            "description": "",
            "from": "vlan-2278",
            "id": "uni/infra/vlanns-[dynamic]-dynamic/from-[vlan-2278]-to-[vlan-2278]",
            "name_alias": "",
            "role": "external",
            "to": "vlan-2278",
            "vlan_pool_dn": "uni/infra/vlanns-[dynamic]-dynamic"
          },
          "sensitive_attributes": [],
          "private": "eyJzY2hlbWFfdmVyc2lvbiI6IjEifQ==",
          "dependencies": [
            "data.aci_vlan_pool.dynamic"
          ]
        }
      ]
    },
    {
      "mode": "managed",
      "type": "aci_ranges",
      "name": "dynamic_2279",
      "provider": "provider[\"registry.terraform.io/ciscodevnet/aci\"]",
      "instances": [
        {
          "schema_version": 1,
          "attributes": {
            "alloc_mode": "inherit",
            "annotation": "orchestrator:terraform",
            "description": "",
            "from": "vlan-2279",
            "id": "uni/infra/vlanns-[dynamic]-dynamic/from-[vlan-2279]-to-[vlan-2279]",
            "name_alias": "",
            "role": "external",
            "to": "vlan-2279",
            "vlan_pool_dn": "uni/infra/vlanns-[dynamic]-dynamic"
          },
          "sensitive_attributes": [],
          "private": "eyJzY2hlbWFfdmVyc2lvbiI6IjEifQ==",
          "dependencies": [
            "data.aci_vlan_pool.dynamic"
          ]
        }
      ]
    },
    {
      "mode": "managed",
      "type": "aci_ranges",
      "name": "dynamic_2280",
      "provider": "provider[\"registry.terraform.io/ciscodevnet/aci\"]",
      "instances": [
        {
          "schema_version": 1,
          "attributes": {
            "alloc_mode": "inherit",
            "annotation": "orchestrator:terraform",
            "description": "",
            "from": "vlan-2280",
            "id": "uni/infra/vlanns-[dynamic]-dynamic/from-[vlan-2280]-to-[vlan-2280]",
            "name_alias": "",
            "role": "external",
            "to": "vlan-2280",
            "vlan_pool_dn": "uni/infra/vlanns-[dynamic]-dynamic"
          },
          "sensitive_attributes": [],
          "private": "eyJzY2hlbWFfdmVyc2lvbiI6IjEifQ==",
          "dependencies": [
            "data.aci_vlan_pool.dynamic"
          ]
        }
      ]
    },
    {
      "mode": "managed",
      "type": "aci_ranges",
      "name": "dynamic_2281",
      "provider": "provider[\"registry.terraform.io/ciscodevnet/aci\"]",
      "instances": [
        {
          "schema_version": 1,
          "attributes": {
            "alloc_mode": "inherit",
            "annotation": "orchestrator:terraform",
            "description": "",
            "from": "vlan-2281",
            "id": "uni/infra/vlanns-[dynamic]-dynamic/from-[vlan-2281]-to-[vlan-2281]",
            "name_alias": "",
            "role": "external",
            "to": "vlan-2281",
            "vlan_pool_dn": "uni/infra/vlanns-[dynamic]-dynamic"
          },
          "sensitive_attributes": [],
          "private": "eyJzY2hlbWFfdmVyc2lvbiI6IjEifQ==",
          "dependencies": [
            "data.aci_vlan_pool.dynamic"
          ]
        }
      ]
    },
    {
      "mode": "managed",
      "type": "aci_ranges",
      "name": "dynamic_2282",
      "provider": "provider[\"registry.terraform.io/ciscodevnet/aci\"]",
      "instances": [
        {
          "schema_version": 1,
          "attributes": {
            "alloc_mode": "inherit",
            "annotation": "orchestrator:terraform",
            "description": "",
            "from": "vlan-2282",
            "id": "uni/infra/vlanns-[dynamic]-dynamic/from-[vlan-2282]-to-[vlan-2282]",
            "name_alias": "",
            "role": "external",
            "to": "vlan-2282",
            "vlan_pool_dn": "uni/infra/vlanns-[dynamic]-dynamic"
          },
          "sensitive_attributes": [],
          "private": "eyJzY2hlbWFfdmVyc2lvbiI6IjEifQ==",
          "dependencies": [
            "data.aci_vlan_pool.dynamic"
          ]
        }
      ]
    },
    {
      "mode": "managed",
      "type": "aci_ranges",
      "name": "dynamic_2283",
      "provider": "provider[\"registry.terraform.io/ciscodevnet/aci\"]",
      "instances": [
        {
          "schema_version": 1,
          "attributes": {
            "alloc_mode": "inherit",
            "annotation": "orchestrator:terraform",
            "description": "",
            "from": "vlan-2283",
            "id": "uni/infra/vlanns-[dynamic]-dynamic/from-[vlan-2283]-to-[vlan-2283]",
            "name_alias": "",
            "role": "external",
            "to": "vlan-2283",
            "vlan_pool_dn": "uni/infra/vlanns-[dynamic]-dynamic"
          },
          "sensitive_attributes": [],
          "private": "eyJzY2hlbWFfdmVyc2lvbiI6IjEifQ==",
          "dependencies": [
            "data.aci_vlan_pool.dynamic"
          ]
        }
      ]
    },
    {
      "mode": "managed",
      "type": "aci_ranges",
      "name": "dynamic_2284",
      "provider": "provider[\"registry.terraform.io/ciscodevnet/aci\"]",
      "instances": [
        {
          "schema_version": 1,
          "attributes": {
            "alloc_mode": "inherit",
            "annotation": "orchestrator:terraform",
            "description": "",
            "from": "vlan-2284",
            "id": "uni/infra/vlanns-[dynamic]-dynamic/from-[vlan-2284]-to-[vlan-2284]",
            "name_alias": "",
            "role": "external",
            "to": "vlan-2284",
            "vlan_pool_dn": "uni/infra/vlanns-[dynamic]-dynamic"
          },
          "sensitive_attributes": [],
          "private": "eyJzY2hlbWFfdmVyc2lvbiI6IjEifQ==",
          "dependencies": [
            "data.aci_vlan_pool.dynamic"
          ]
        }
      ]
    },
    {
      "mode": "managed",
      "type": "aci_ranges",
      "name": "dynamic_2285",
      "provider": "provider[\"registry.terraform.io/ciscodevnet/aci\"]",
      "instances": [
        {
          "schema_version": 1,
          "attributes": {
            "alloc_mode": "inherit",
            "annotation": "orchestrator:terraform",
            "description": "",
            "from": "vlan-2285",
            "id": "uni/infra/vlanns-[dynamic]-dynamic/from-[vlan-2285]-to-[vlan-2285]",
            "name_alias": "",
            "role": "external",
            "to": "vlan-2285",
            "vlan_pool_dn": "uni/infra/vlanns-[dynamic]-dynamic"
          },
          "sensitive_attributes": [],
          "private": "eyJzY2hlbWFfdmVyc2lvbiI6IjEifQ==",
          "dependencies": [
            "data.aci_vlan_pool.dynamic"
          ]
        }
      ]
    },
    {
      "mode": "managed",
      "type": "aci_ranges",
      "name": "dynamic_2286",
      "provider": "provider[\"registry.terraform.io/ciscodevnet/aci\"]",
      "instances": [
        {
          "schema_version": 1,
          "attributes": {
            "alloc_mode": "inherit",
            "annotation": "orchestrator:terraform",
            "description": "",
            "from": "vlan-2286",
            "id": "uni/infra/vlanns-[dynamic]-dynamic/from-[vlan-2286]-to-[vlan-2286]",
            "name_alias": "",
            "role": "external",
            "to": "vlan-2286",
            "vlan_pool_dn": "uni/infra/vlanns-[dynamic]-dynamic"
          },
          "sensitive_attributes": [],
          "private": "eyJzY2hlbWFfdmVyc2lvbiI6IjEifQ==",
          "dependencies": [
            "data.aci_vlan_pool.dynamic"
          ]
        }
      ]
    },
    {
      "mode": "managed",
      "type": "aci_ranges",
      "name": "dynamic_2287",
      "provider": "provider[\"registry.terraform.io/ciscodevnet/aci\"]",
      "instances": [
        {
          "schema_version": 1,
          "attributes": {
            "alloc_mode": "inherit",
            "annotation": "orchestrator:terraform",
            "description": "",
            "from": "vlan-2287",
            "id": "uni/infra/vlanns-[dynamic]-dynamic/from-[vlan-2287]-to-[vlan-2287]",
            "name_alias": "",
            "role": "external",
            "to": "vlan-2287",
            "vlan_pool_dn": "uni/infra/vlanns-[dynamic]-dynamic"
          },
          "sensitive_attributes": [],
          "private": "eyJzY2hlbWFfdmVyc2lvbiI6IjEifQ==",
          "dependencies": [
            "data.aci_vlan_pool.dynamic"
          ]
        }
      ]
    },
    {
      "mode": "managed",
      "type": "aci_ranges",
      "name": "dynamic_2288",
      "provider": "provider[\"registry.terraform.io/ciscodevnet/aci\"]",
      "instances": [
        {
          "schema_version": 1,
          "attributes": {
            "alloc_mode": "inherit",
            "annotation": "orchestrator:terraform",
            "description": "",
            "from": "vlan-2288",
            "id": "uni/infra/vlanns-[dynamic]-dynamic/from-[vlan-2288]-to-[vlan-2288]",
            "name_alias": "",
            "role": "external",
            "to": "vlan-2288",
            "vlan_pool_dn": "uni/infra/vlanns-[dynamic]-dynamic"
          },
          "sensitive_attributes": [],
          "private": "eyJzY2hlbWFfdmVyc2lvbiI6IjEifQ==",
          "dependencies": [
            "data.aci_vlan_pool.dynamic"
          ]
        }
      ]
    },
    {
      "mode": "managed",
      "type": "aci_ranges",
      "name": "dynamic_2289",
      "provider": "provider[\"registry.terraform.io/ciscodevnet/aci\"]",
      "instances": [
        {
          "schema_version": 1,
          "attributes": {
            "alloc_mode": "inherit",
            "annotation": "orchestrator:terraform",
            "description": "",
            "from": "vlan-2289",
            "id": "uni/infra/vlanns-[dynamic]-dynamic/from-[vlan-2289]-to-[vlan-2289]",
            "name_alias": "",
            "role": "external",
            "to": "vlan-2289",
            "vlan_pool_dn": "uni/infra/vlanns-[dynamic]-dynamic"
          },
          "sensitive_attributes": [],
          "private": "eyJzY2hlbWFfdmVyc2lvbiI6IjEifQ==",
          "dependencies": [
            "data.aci_vlan_pool.dynamic"
          ]
        }
      ]
    },
    {
      "mode": "managed",
      "type": "aci_ranges",
      "name": "dynamic_2290",
      "provider": "provider[\"registry.terraform.io/ciscodevnet/aci\"]",
      "instances": [
        {
          "schema_version": 1,
          "attributes": {
            "alloc_mode": "inherit",
            "annotation": "orchestrator:terraform",
            "description": "",
            "from": "vlan-2290",
            "id": "uni/infra/vlanns-[dynamic]-dynamic/from-[vlan-2290]-to-[vlan-2290]",
            "name_alias": "",
            "role": "external",
            "to": "vlan-2290",
            "vlan_pool_dn": "uni/infra/vlanns-[dynamic]-dynamic"
          },
          "sensitive_attributes": [],
          "private": "eyJzY2hlbWFfdmVyc2lvbiI6IjEifQ==",
          "dependencies": [
            "data.aci_vlan_pool.dynamic"
          ]
        }
      ]
    },
    {
      "mode": "managed",
      "type": "aci_ranges",
      "name": "dynamic_2291",
      "provider": "provider[\"registry.terraform.io/ciscodevnet/aci\"]",
      "instances": [
        {
          "schema_version": 1,
          "attributes": {
            "alloc_mode": "inherit",
            "annotation": "orchestrator:terraform",
            "description": "",
            "from": "vlan-2291",
            "id": "uni/infra/vlanns-[dynamic]-dynamic/from-[vlan-2291]-to-[vlan-2291]",
            "name_alias": "",
            "role": "external",
            "to": "vlan-2291",
            "vlan_pool_dn": "uni/infra/vlanns-[dynamic]-dynamic"
          },
          "sensitive_attributes": [],
          "private": "eyJzY2hlbWFfdmVyc2lvbiI6IjEifQ==",
          "dependencies": [
            "data.aci_vlan_pool.dynamic"
          ]
        }
      ]
    },
    {
      "mode": "managed",
      "type": "aci_ranges",
      "name": "dynamic_2292",
      "provider": "provider[\"registry.terraform.io/ciscodevnet/aci\"]",
      "instances": [
        {
          "schema_version": 1,
          "attributes": {
            "alloc_mode": "inherit",
            "annotation": "orchestrator:terraform",
            "description": "",
            "from": "vlan-2292",
            "id": "uni/infra/vlanns-[dynamic]-dynamic/from-[vlan-2292]-to-[vlan-2292]",
            "name_alias": "",
            "role": "external",
            "to": "vlan-2292",
            "vlan_pool_dn": "uni/infra/vlanns-[dynamic]-dynamic"
          },
          "sensitive_attributes": [],
          "private": "eyJzY2hlbWFfdmVyc2lvbiI6IjEifQ==",
          "dependencies": [
            "data.aci_vlan_pool.dynamic"
          ]
        }
      ]
    },
    {
      "mode": "managed",
      "type": "aci_ranges",
      "name": "dynamic_2293",
      "provider": "provider[\"registry.terraform.io/ciscodevnet/aci\"]",
      "instances": [
        {
          "schema_version": 1,
          "attributes": {
            "alloc_mode": "inherit",
            "annotation": "orchestrator:terraform",
            "description": "",
            "from": "vlan-2293",
            "id": "uni/infra/vlanns-[dynamic]-dynamic/from-[vlan-2293]-to-[vlan-2293]",
            "name_alias": "",
            "role": "external",
            "to": "vlan-2293",
            "vlan_pool_dn": "uni/infra/vlanns-[dynamic]-dynamic"
          },
          "sensitive_attributes": [],
          "private": "eyJzY2hlbWFfdmVyc2lvbiI6IjEifQ==",
          "dependencies": [
            "data.aci_vlan_pool.dynamic"
          ]
        }
      ]
    },
    {
      "mode": "managed",
      "type": "aci_ranges",
      "name": "dynamic_2294",
      "provider": "provider[\"registry.terraform.io/ciscodevnet/aci\"]",
      "instances": [
        {
          "schema_version": 1,
          "attributes": {
            "alloc_mode": "inherit",
            "annotation": "orchestrator:terraform",
            "description": "",
            "from": "vlan-2294",
            "id": "uni/infra/vlanns-[dynamic]-dynamic/from-[vlan-2294]-to-[vlan-2294]",
            "name_alias": "",
            "role": "external",
            "to": "vlan-2294",
            "vlan_pool_dn": "uni/infra/vlanns-[dynamic]-dynamic"
          },
          "sensitive_attributes": [],
          "private": "eyJzY2hlbWFfdmVyc2lvbiI6IjEifQ==",
          "dependencies": [
            "data.aci_vlan_pool.dynamic"
          ]
        }
      ]
    },
    {
      "mode": "managed",
      "type": "aci_ranges",
      "name": "dynamic_2295",
      "provider": "provider[\"registry.terraform.io/ciscodevnet/aci\"]",
      "instances": [
        {
          "schema_version": 1,
          "attributes": {
            "alloc_mode": "inherit",
            "annotation": "orchestrator:terraform",
            "description": "",
            "from": "vlan-2295",
            "id": "uni/infra/vlanns-[dynamic]-dynamic/from-[vlan-2295]-to-[vlan-2295]",
            "name_alias": "",
            "role": "external",
            "to": "vlan-2295",
            "vlan_pool_dn": "uni/infra/vlanns-[dynamic]-dynamic"
          },
          "sensitive_attributes": [],
          "private": "eyJzY2hlbWFfdmVyc2lvbiI6IjEifQ==",
          "dependencies": [
            "data.aci_vlan_pool.dynamic"
          ]
        }
      ]
    },
    {
      "mode": "managed",
      "type": "aci_ranges",
      "name": "dynamic_2296",
      "provider": "provider[\"registry.terraform.io/ciscodevnet/aci\"]",
      "instances": [
        {
          "schema_version": 1,
          "attributes": {
            "alloc_mode": "inherit",
            "annotation": "orchestrator:terraform",
            "description": "",
            "from": "vlan-2296",
            "id": "uni/infra/vlanns-[dynamic]-dynamic/from-[vlan-2296]-to-[vlan-2296]",
            "name_alias": "",
            "role": "external",
            "to": "vlan-2296",
            "vlan_pool_dn": "uni/infra/vlanns-[dynamic]-dynamic"
          },
          "sensitive_attributes": [],
          "private": "eyJzY2hlbWFfdmVyc2lvbiI6IjEifQ==",
          "dependencies": [
            "data.aci_vlan_pool.dynamic"
          ]
        }
      ]
    },
    {
      "mode": "managed",
      "type": "aci_ranges",
      "name": "dynamic_2297",
      "provider": "provider[\"registry.terraform.io/ciscodevnet/aci\"]",
      "instances": [
        {
          "schema_version": 1,
          "attributes": {
            "alloc_mode": "inherit",
            "annotation": "orchestrator:terraform",
            "description": "",
            "from": "vlan-2297",
            "id": "uni/infra/vlanns-[dynamic]-dynamic/from-[vlan-2297]-to-[vlan-2297]",
            "name_alias": "",
            "role": "external",
            "to": "vlan-2297",
            "vlan_pool_dn": "uni/infra/vlanns-[dynamic]-dynamic"
          },
          "sensitive_attributes": [],
          "private": "eyJzY2hlbWFfdmVyc2lvbiI6IjEifQ==",
          "dependencies": [
            "data.aci_vlan_pool.dynamic"
          ]
        }
      ]
    },
    {
      "mode": "managed",
      "type": "aci_ranges",
      "name": "dynamic_2298",
      "provider": "provider[\"registry.terraform.io/ciscodevnet/aci\"]",
      "instances": [
        {
          "schema_version": 1,
          "attributes": {
            "alloc_mode": "inherit",
            "annotation": "orchestrator:terraform",
            "description": "",
            "from": "vlan-2298",
            "id": "uni/infra/vlanns-[dynamic]-dynamic/from-[vlan-2298]-to-[vlan-2298]",
            "name_alias": "",
            "role": "external",
            "to": "vlan-2298",
            "vlan_pool_dn": "uni/infra/vlanns-[dynamic]-dynamic"
          },
          "sensitive_attributes": [],
          "private": "eyJzY2hlbWFfdmVyc2lvbiI6IjEifQ==",
          "dependencies": [
            "data.aci_vlan_pool.dynamic"
          ]
        }
      ]
    },
    {
      "mode": "managed",
      "type": "aci_ranges",
      "name": "dynamic_2299",
      "provider": "provider[\"registry.terraform.io/ciscodevnet/aci\"]",
      "instances": [
        {
          "schema_version": 1,
          "attributes": {
            "alloc_mode": "inherit",
            "annotation": "orchestrator:terraform",
            "description": "",
            "from": "vlan-2299",
            "id": "uni/infra/vlanns-[dynamic]-dynamic/from-[vlan-2299]-to-[vlan-2299]",
            "name_alias": "",
            "role": "external",
            "to": "vlan-2299",
            "vlan_pool_dn": "uni/infra/vlanns-[dynamic]-dynamic"
          },
          "sensitive_attributes": [],
          "private": "eyJzY2hlbWFfdmVyc2lvbiI6IjEifQ==",
          "dependencies": [
            "data.aci_vlan_pool.dynamic"
          ]
        }
      ]
    },
    {
      "mode": "managed",
      "type": "aci_ranges",
      "name": "dynamic_2300",
      "provider": "provider[\"registry.terraform.io/ciscodevnet/aci\"]",
      "instances": [
        {
          "schema_version": 1,
          "attributes": {
            "alloc_mode": "inherit",
            "annotation": "orchestrator:terraform",
            "description": "",
            "from": "vlan-2300",
            "id": "uni/infra/vlanns-[dynamic]-dynamic/from-[vlan-2300]-to-[vlan-2300]",
            "name_alias": "",
            "role": "external",
            "to": "vlan-2300",
            "vlan_pool_dn": "uni/infra/vlanns-[dynamic]-dynamic"
          },
          "sensitive_attributes": [],
          "private": "eyJzY2hlbWFfdmVyc2lvbiI6IjEifQ==",
          "dependencies": [
            "data.aci_vlan_pool.dynamic"
          ]
        }
      ]
    },
    {
      "mode": "managed",
      "type": "aci_ranges",
      "name": "dynamic_2301",
      "provider": "provider[\"registry.terraform.io/ciscodevnet/aci\"]",
      "instances": [
        {
          "schema_version": 1,
          "attributes": {
            "alloc_mode": "inherit",
            "annotation": "orchestrator:terraform",
            "description": "",
            "from": "vlan-2301",
            "id": "uni/infra/vlanns-[dynamic]-dynamic/from-[vlan-2301]-to-[vlan-2301]",
            "name_alias": "",
            "role": "external",
            "to": "vlan-2301",
            "vlan_pool_dn": "uni/infra/vlanns-[dynamic]-dynamic"
          },
          "sensitive_attributes": [],
          "private": "eyJzY2hlbWFfdmVyc2lvbiI6IjEifQ==",
          "dependencies": [
            "data.aci_vlan_pool.dynamic"
          ]
        }
      ]
    },
    {
      "mode": "managed",
      "type": "aci_ranges",
      "name": "dynamic_2302",
      "provider": "provider[\"registry.terraform.io/ciscodevnet/aci\"]",
      "instances": [
        {
          "schema_version": 1,
          "attributes": {
            "alloc_mode": "inherit",
            "annotation": "orchestrator:terraform",
            "description": "",
            "from": "vlan-2302",
            "id": "uni/infra/vlanns-[dynamic]-dynamic/from-[vlan-2302]-to-[vlan-2302]",
            "name_alias": "",
            "role": "external",
            "to": "vlan-2302",
            "vlan_pool_dn": "uni/infra/vlanns-[dynamic]-dynamic"
          },
          "sensitive_attributes": [],
          "private": "eyJzY2hlbWFfdmVyc2lvbiI6IjEifQ==",
          "dependencies": [
            "data.aci_vlan_pool.dynamic"
          ]
        }
      ]
    },
    {
      "mode": "managed",
      "type": "aci_ranges",
      "name": "dynamic_2303",
      "provider": "provider[\"registry.terraform.io/ciscodevnet/aci\"]",
      "instances": [
        {
          "schema_version": 1,
          "attributes": {
            "alloc_mode": "inherit",
            "annotation": "orchestrator:terraform",
            "description": "",
            "from": "vlan-2303",
            "id": "uni/infra/vlanns-[dynamic]-dynamic/from-[vlan-2303]-to-[vlan-2303]",
            "name_alias": "",
            "role": "external",
            "to": "vlan-2303",
            "vlan_pool_dn": "uni/infra/vlanns-[dynamic]-dynamic"
          },
          "sensitive_attributes": [],
          "private": "eyJzY2hlbWFfdmVyc2lvbiI6IjEifQ==",
          "dependencies": [
            "data.aci_vlan_pool.dynamic"
          ]
        }
      ]
    },
    {
      "mode": "managed",
      "type": "aci_ranges",
      "name": "dynamic_2304",
      "provider": "provider[\"registry.terraform.io/ciscodevnet/aci\"]",
      "instances": [
        {
          "schema_version": 1,
          "attributes": {
            "alloc_mode": "inherit",
            "annotation": "orchestrator:terraform",
            "description": "",
            "from": "vlan-2304",
            "id": "uni/infra/vlanns-[dynamic]-dynamic/from-[vlan-2304]-to-[vlan-2304]",
            "name_alias": "",
            "role": "external",
            "to": "vlan-2304",
            "vlan_pool_dn": "uni/infra/vlanns-[dynamic]-dynamic"
          },
          "sensitive_attributes": [],
          "private": "eyJzY2hlbWFfdmVyc2lvbiI6IjEifQ==",
          "dependencies": [
            "data.aci_vlan_pool.dynamic"
          ]
        }
      ]
    },
    {
      "mode": "managed",
      "type": "aci_ranges",
      "name": "dynamic_2305",
      "provider": "provider[\"registry.terraform.io/ciscodevnet/aci\"]",
      "instances": [
        {
          "schema_version": 1,
          "attributes": {
            "alloc_mode": "inherit",
            "annotation": "orchestrator:terraform",
            "description": "",
            "from": "vlan-2305",
            "id": "uni/infra/vlanns-[dynamic]-dynamic/from-[vlan-2305]-to-[vlan-2305]",
            "name_alias": "",
            "role": "external",
            "to": "vlan-2305",
            "vlan_pool_dn": "uni/infra/vlanns-[dynamic]-dynamic"
          },
          "sensitive_attributes": [],
          "private": "eyJzY2hlbWFfdmVyc2lvbiI6IjEifQ==",
          "dependencies": [
            "data.aci_vlan_pool.dynamic"
          ]
        }
      ]
    },
    {
      "mode": "managed",
      "type": "aci_ranges",
      "name": "dynamic_2306",
      "provider": "provider[\"registry.terraform.io/ciscodevnet/aci\"]",
      "instances": [
        {
          "schema_version": 1,
          "attributes": {
            "alloc_mode": "inherit",
            "annotation": "orchestrator:terraform",
            "description": "",
            "from": "vlan-2306",
            "id": "uni/infra/vlanns-[dynamic]-dynamic/from-[vlan-2306]-to-[vlan-2306]",
            "name_alias": "",
            "role": "external",
            "to": "vlan-2306",
            "vlan_pool_dn": "uni/infra/vlanns-[dynamic]-dynamic"
          },
          "sensitive_attributes": [],
          "private": "eyJzY2hlbWFfdmVyc2lvbiI6IjEifQ==",
          "dependencies": [
            "data.aci_vlan_pool.dynamic"
          ]
        }
      ]
    },
    {
      "mode": "managed",
      "type": "aci_ranges",
      "name": "dynamic_2307",
      "provider": "provider[\"registry.terraform.io/ciscodevnet/aci\"]",
      "instances": [
        {
          "schema_version": 1,
          "attributes": {
            "alloc_mode": "inherit",
            "annotation": "orchestrator:terraform",
            "description": "",
            "from": "vlan-2307",
            "id": "uni/infra/vlanns-[dynamic]-dynamic/from-[vlan-2307]-to-[vlan-2307]",
            "name_alias": "",
            "role": "external",
            "to": "vlan-2307",
            "vlan_pool_dn": "uni/infra/vlanns-[dynamic]-dynamic"
          },
          "sensitive_attributes": [],
          "private": "eyJzY2hlbWFfdmVyc2lvbiI6IjEifQ==",
          "dependencies": [
            "data.aci_vlan_pool.dynamic"
          ]
        }
      ]
    },
    {
      "mode": "managed",
      "type": "aci_ranges",
      "name": "dynamic_2308",
      "provider": "provider[\"registry.terraform.io/ciscodevnet/aci\"]",
      "instances": [
        {
          "schema_version": 1,
          "attributes": {
            "alloc_mode": "inherit",
            "annotation": "orchestrator:terraform",
            "description": "",
            "from": "vlan-2308",
            "id": "uni/infra/vlanns-[dynamic]-dynamic/from-[vlan-2308]-to-[vlan-2308]",
            "name_alias": "",
            "role": "external",
            "to": "vlan-2308",
            "vlan_pool_dn": "uni/infra/vlanns-[dynamic]-dynamic"
          },
          "sensitive_attributes": [],
          "private": "eyJzY2hlbWFfdmVyc2lvbiI6IjEifQ==",
          "dependencies": [
            "data.aci_vlan_pool.dynamic"
          ]
        }
      ]
    },
    {
      "mode": "managed",
      "type": "aci_ranges",
      "name": "dynamic_2309",
      "provider": "provider[\"registry.terraform.io/ciscodevnet/aci\"]",
      "instances": [
        {
          "schema_version": 1,
          "attributes": {
            "alloc_mode": "inherit",
            "annotation": "orchestrator:terraform",
            "description": "",
            "from": "vlan-2309",
            "id": "uni/infra/vlanns-[dynamic]-dynamic/from-[vlan-2309]-to-[vlan-2309]",
            "name_alias": "",
            "role": "external",
            "to": "vlan-2309",
            "vlan_pool_dn": "uni/infra/vlanns-[dynamic]-dynamic"
          },
          "sensitive_attributes": [],
          "private": "eyJzY2hlbWFfdmVyc2lvbiI6IjEifQ==",
          "dependencies": [
            "data.aci_vlan_pool.dynamic"
          ]
        }
      ]
    },
    {
      "mode": "managed",
      "type": "aci_ranges",
      "name": "dynamic_2310",
      "provider": "provider[\"registry.terraform.io/ciscodevnet/aci\"]",
      "instances": [
        {
          "schema_version": 1,
          "attributes": {
            "alloc_mode": "inherit",
            "annotation": "orchestrator:terraform",
            "description": "",
            "from": "vlan-2310",
            "id": "uni/infra/vlanns-[dynamic]-dynamic/from-[vlan-2310]-to-[vlan-2310]",
            "name_alias": "",
            "role": "external",
            "to": "vlan-2310",
            "vlan_pool_dn": "uni/infra/vlanns-[dynamic]-dynamic"
          },
          "sensitive_attributes": [],
          "private": "eyJzY2hlbWFfdmVyc2lvbiI6IjEifQ==",
          "dependencies": [
            "data.aci_vlan_pool.dynamic"
          ]
        }
      ]
    },
    {
      "mode": "managed",
      "type": "aci_ranges",
      "name": "dynamic_2311",
      "provider": "provider[\"registry.terraform.io/ciscodevnet/aci\"]",
      "instances": [
        {
          "schema_version": 1,
          "attributes": {
            "alloc_mode": "inherit",
            "annotation": "orchestrator:terraform",
            "description": "",
            "from": "vlan-2311",
            "id": "uni/infra/vlanns-[dynamic]-dynamic/from-[vlan-2311]-to-[vlan-2311]",
            "name_alias": "",
            "role": "external",
            "to": "vlan-2311",
            "vlan_pool_dn": "uni/infra/vlanns-[dynamic]-dynamic"
          },
          "sensitive_attributes": [],
          "private": "eyJzY2hlbWFfdmVyc2lvbiI6IjEifQ==",
          "dependencies": [
            "data.aci_vlan_pool.dynamic"
          ]
        }
      ]
    },
    {
      "mode": "managed",
      "type": "aci_ranges",
      "name": "dynamic_2312",
      "provider": "provider[\"registry.terraform.io/ciscodevnet/aci\"]",
      "instances": [
        {
          "schema_version": 1,
          "attributes": {
            "alloc_mode": "inherit",
            "annotation": "orchestrator:terraform",
            "description": "",
            "from": "vlan-2312",
            "id": "uni/infra/vlanns-[dynamic]-dynamic/from-[vlan-2312]-to-[vlan-2312]",
            "name_alias": "",
            "role": "external",
            "to": "vlan-2312",
            "vlan_pool_dn": "uni/infra/vlanns-[dynamic]-dynamic"
          },
          "sensitive_attributes": [],
          "private": "eyJzY2hlbWFfdmVyc2lvbiI6IjEifQ==",
          "dependencies": [
            "data.aci_vlan_pool.dynamic"
          ]
        }
      ]
    },
    {
      "mode": "managed",
      "type": "aci_ranges",
      "name": "dynamic_2313",
      "provider": "provider[\"registry.terraform.io/ciscodevnet/aci\"]",
      "instances": [
        {
          "schema_version": 1,
          "attributes": {
            "alloc_mode": "inherit",
            "annotation": "orchestrator:terraform",
            "description": "",
            "from": "vlan-2313",
            "id": "uni/infra/vlanns-[dynamic]-dynamic/from-[vlan-2313]-to-[vlan-2313]",
            "name_alias": "",
            "role": "external",
            "to": "vlan-2313",
            "vlan_pool_dn": "uni/infra/vlanns-[dynamic]-dynamic"
          },
          "sensitive_attributes": [],
          "private": "eyJzY2hlbWFfdmVyc2lvbiI6IjEifQ==",
          "dependencies": [
            "data.aci_vlan_pool.dynamic"
          ]
        }
      ]
    },
    {
      "mode": "managed",
      "type": "aci_ranges",
      "name": "dynamic_2314",
      "provider": "provider[\"registry.terraform.io/ciscodevnet/aci\"]",
      "instances": [
        {
          "schema_version": 1,
          "attributes": {
            "alloc_mode": "inherit",
            "annotation": "orchestrator:terraform",
            "description": "",
            "from": "vlan-2314",
            "id": "uni/infra/vlanns-[dynamic]-dynamic/from-[vlan-2314]-to-[vlan-2314]",
            "name_alias": "",
            "role": "external",
            "to": "vlan-2314",
            "vlan_pool_dn": "uni/infra/vlanns-[dynamic]-dynamic"
          },
          "sensitive_attributes": [],
          "private": "eyJzY2hlbWFfdmVyc2lvbiI6IjEifQ==",
          "dependencies": [
            "data.aci_vlan_pool.dynamic"
          ]
        }
      ]
    },
    {
      "mode": "managed",
      "type": "aci_ranges",
      "name": "dynamic_2315",
      "provider": "provider[\"registry.terraform.io/ciscodevnet/aci\"]",
      "instances": [
        {
          "schema_version": 1,
          "attributes": {
            "alloc_mode": "inherit",
            "annotation": "orchestrator:terraform",
            "description": "",
            "from": "vlan-2315",
            "id": "uni/infra/vlanns-[dynamic]-dynamic/from-[vlan-2315]-to-[vlan-2315]",
            "name_alias": "",
            "role": "external",
            "to": "vlan-2315",
            "vlan_pool_dn": "uni/infra/vlanns-[dynamic]-dynamic"
          },
          "sensitive_attributes": [],
          "private": "eyJzY2hlbWFfdmVyc2lvbiI6IjEifQ==",
          "dependencies": [
            "data.aci_vlan_pool.dynamic"
          ]
        }
      ]
    },
    {
      "mode": "managed",
      "type": "aci_ranges",
      "name": "dynamic_2316",
      "provider": "provider[\"registry.terraform.io/ciscodevnet/aci\"]",
      "instances": [
        {
          "schema_version": 1,
          "attributes": {
            "alloc_mode": "inherit",
            "annotation": "orchestrator:terraform",
            "description": "",
            "from": "vlan-2316",
            "id": "uni/infra/vlanns-[dynamic]-dynamic/from-[vlan-2316]-to-[vlan-2316]",
            "name_alias": "",
            "role": "external",
            "to": "vlan-2316",
            "vlan_pool_dn": "uni/infra/vlanns-[dynamic]-dynamic"
          },
          "sensitive_attributes": [],
          "private": "eyJzY2hlbWFfdmVyc2lvbiI6IjEifQ==",
          "dependencies": [
            "data.aci_vlan_pool.dynamic"
          ]
        }
      ]
    },
    {
      "mode": "managed",
      "type": "aci_ranges",
      "name": "dynamic_2317",
      "provider": "provider[\"registry.terraform.io/ciscodevnet/aci\"]",
      "instances": [
        {
          "schema_version": 1,
          "attributes": {
            "alloc_mode": "inherit",
            "annotation": "orchestrator:terraform",
            "description": "",
            "from": "vlan-2317",
            "id": "uni/infra/vlanns-[dynamic]-dynamic/from-[vlan-2317]-to-[vlan-2317]",
            "name_alias": "",
            "role": "external",
            "to": "vlan-2317",
            "vlan_pool_dn": "uni/infra/vlanns-[dynamic]-dynamic"
          },
          "sensitive_attributes": [],
          "private": "eyJzY2hlbWFfdmVyc2lvbiI6IjEifQ==",
          "dependencies": [
            "data.aci_vlan_pool.dynamic"
          ]
        }
      ]
    },
    {
      "mode": "managed",
      "type": "aci_ranges",
      "name": "dynamic_2318",
      "provider": "provider[\"registry.terraform.io/ciscodevnet/aci\"]",
      "instances": [
        {
          "schema_version": 1,
          "attributes": {
            "alloc_mode": "inherit",
            "annotation": "orchestrator:terraform",
            "description": "",
            "from": "vlan-2318",
            "id": "uni/infra/vlanns-[dynamic]-dynamic/from-[vlan-2318]-to-[vlan-2318]",
            "name_alias": "",
            "role": "external",
            "to": "vlan-2318",
            "vlan_pool_dn": "uni/infra/vlanns-[dynamic]-dynamic"
          },
          "sensitive_attributes": [],
          "private": "eyJzY2hlbWFfdmVyc2lvbiI6IjEifQ==",
          "dependencies": [
            "data.aci_vlan_pool.dynamic"
          ]
        }
      ]
    },
    {
      "mode": "managed",
      "type": "aci_ranges",
      "name": "dynamic_2319",
      "provider": "provider[\"registry.terraform.io/ciscodevnet/aci\"]",
      "instances": [
        {
          "schema_version": 1,
          "attributes": {
            "alloc_mode": "inherit",
            "annotation": "orchestrator:terraform",
            "description": "",
            "from": "vlan-2319",
            "id": "uni/infra/vlanns-[dynamic]-dynamic/from-[vlan-2319]-to-[vlan-2319]",
            "name_alias": "",
            "role": "external",
            "to": "vlan-2319",
            "vlan_pool_dn": "uni/infra/vlanns-[dynamic]-dynamic"
          },
          "sensitive_attributes": [],
          "private": "eyJzY2hlbWFfdmVyc2lvbiI6IjEifQ==",
          "dependencies": [
            "data.aci_vlan_pool.dynamic"
          ]
        }
      ]
    },
    {
      "mode": "managed",
      "type": "aci_ranges",
      "name": "dynamic_2320",
      "provider": "provider[\"registry.terraform.io/ciscodevnet/aci\"]",
      "instances": [
        {
          "schema_version": 1,
          "attributes": {
            "alloc_mode": "inherit",
            "annotation": "orchestrator:terraform",
            "description": "",
            "from": "vlan-2320",
            "id": "uni/infra/vlanns-[dynamic]-dynamic/from-[vlan-2320]-to-[vlan-2320]",
            "name_alias": "",
            "role": "external",
            "to": "vlan-2320",
            "vlan_pool_dn": "uni/infra/vlanns-[dynamic]-dynamic"
          },
          "sensitive_attributes": [],
          "private": "eyJzY2hlbWFfdmVyc2lvbiI6IjEifQ==",
          "dependencies": [
            "data.aci_vlan_pool.dynamic"
          ]
        }
      ]
    },
    {
      "mode": "managed",
      "type": "aci_ranges",
      "name": "dynamic_2321",
      "provider": "provider[\"registry.terraform.io/ciscodevnet/aci\"]",
      "instances": [
        {
          "schema_version": 1,
          "attributes": {
            "alloc_mode": "inherit",
            "annotation": "orchestrator:terraform",
            "description": "",
            "from": "vlan-2321",
            "id": "uni/infra/vlanns-[dynamic]-dynamic/from-[vlan-2321]-to-[vlan-2321]",
            "name_alias": "",
            "role": "external",
            "to": "vlan-2321",
            "vlan_pool_dn": "uni/infra/vlanns-[dynamic]-dynamic"
          },
          "sensitive_attributes": [],
          "private": "eyJzY2hlbWFfdmVyc2lvbiI6IjEifQ==",
          "dependencies": [
            "data.aci_vlan_pool.dynamic"
          ]
        }
      ]
    },
    {
      "mode": "managed",
      "type": "aci_ranges",
      "name": "dynamic_2322",
      "provider": "provider[\"registry.terraform.io/ciscodevnet/aci\"]",
      "instances": [
        {
          "schema_version": 1,
          "attributes": {
            "alloc_mode": "inherit",
            "annotation": "orchestrator:terraform",
            "description": "",
            "from": "vlan-2322",
            "id": "uni/infra/vlanns-[dynamic]-dynamic/from-[vlan-2322]-to-[vlan-2322]",
            "name_alias": "",
            "role": "external",
            "to": "vlan-2322",
            "vlan_pool_dn": "uni/infra/vlanns-[dynamic]-dynamic"
          },
          "sensitive_attributes": [],
          "private": "eyJzY2hlbWFfdmVyc2lvbiI6IjEifQ==",
          "dependencies": [
            "data.aci_vlan_pool.dynamic"
          ]
        }
      ]
    },
    {
      "mode": "managed",
      "type": "aci_ranges",
      "name": "dynamic_2323",
      "provider": "provider[\"registry.terraform.io/ciscodevnet/aci\"]",
      "instances": [
        {
          "schema_version": 1,
          "attributes": {
            "alloc_mode": "inherit",
            "annotation": "orchestrator:terraform",
            "description": "",
            "from": "vlan-2323",
            "id": "uni/infra/vlanns-[dynamic]-dynamic/from-[vlan-2323]-to-[vlan-2323]",
            "name_alias": "",
            "role": "external",
            "to": "vlan-2323",
            "vlan_pool_dn": "uni/infra/vlanns-[dynamic]-dynamic"
          },
          "sensitive_attributes": [],
          "private": "eyJzY2hlbWFfdmVyc2lvbiI6IjEifQ==",
          "dependencies": [
            "data.aci_vlan_pool.dynamic"
          ]
        }
      ]
    },
    {
      "mode": "managed",
      "type": "aci_ranges",
      "name": "dynamic_2324",
      "provider": "provider[\"registry.terraform.io/ciscodevnet/aci\"]",
      "instances": [
        {
          "schema_version": 1,
          "attributes": {
            "alloc_mode": "inherit",
            "annotation": "orchestrator:terraform",
            "description": "",
            "from": "vlan-2324",
            "id": "uni/infra/vlanns-[dynamic]-dynamic/from-[vlan-2324]-to-[vlan-2324]",
            "name_alias": "",
            "role": "external",
            "to": "vlan-2324",
            "vlan_pool_dn": "uni/infra/vlanns-[dynamic]-dynamic"
          },
          "sensitive_attributes": [],
          "private": "eyJzY2hlbWFfdmVyc2lvbiI6IjEifQ==",
          "dependencies": [
            "data.aci_vlan_pool.dynamic"
          ]
        }
      ]
    },
    {
      "mode": "managed",
      "type": "aci_ranges",
      "name": "dynamic_2325",
      "provider": "provider[\"registry.terraform.io/ciscodevnet/aci\"]",
      "instances": [
        {
          "schema_version": 1,
          "attributes": {
            "alloc_mode": "inherit",
            "annotation": "orchestrator:terraform",
            "description": "",
            "from": "vlan-2325",
            "id": "uni/infra/vlanns-[dynamic]-dynamic/from-[vlan-2325]-to-[vlan-2325]",
            "name_alias": "",
            "role": "external",
            "to": "vlan-2325",
            "vlan_pool_dn": "uni/infra/vlanns-[dynamic]-dynamic"
          },
          "sensitive_attributes": [],
          "private": "eyJzY2hlbWFfdmVyc2lvbiI6IjEifQ==",
          "dependencies": [
            "data.aci_vlan_pool.dynamic"
          ]
        }
      ]
    },
    {
      "mode": "managed",
      "type": "aci_ranges",
      "name": "dynamic_2326",
      "provider": "provider[\"registry.terraform.io/ciscodevnet/aci\"]",
      "instances": [
        {
          "schema_version": 1,
          "attributes": {
            "alloc_mode": "inherit",
            "annotation": "orchestrator:terraform",
            "description": "",
            "from": "vlan-2326",
            "id": "uni/infra/vlanns-[dynamic]-dynamic/from-[vlan-2326]-to-[vlan-2326]",
            "name_alias": "",
            "role": "external",
            "to": "vlan-2326",
            "vlan_pool_dn": "uni/infra/vlanns-[dynamic]-dynamic"
          },
          "sensitive_attributes": [],
          "private": "eyJzY2hlbWFfdmVyc2lvbiI6IjEifQ==",
          "dependencies": [
            "data.aci_vlan_pool.dynamic"
          ]
        }
      ]
    },
    {
      "mode": "managed",
      "type": "aci_ranges",
      "name": "dynamic_2327",
      "provider": "provider[\"registry.terraform.io/ciscodevnet/aci\"]",
      "instances": [
        {
          "schema_version": 1,
          "attributes": {
            "alloc_mode": "inherit",
            "annotation": "orchestrator:terraform",
            "description": "",
            "from": "vlan-2327",
            "id": "uni/infra/vlanns-[dynamic]-dynamic/from-[vlan-2327]-to-[vlan-2327]",
            "name_alias": "",
            "role": "external",
            "to": "vlan-2327",
            "vlan_pool_dn": "uni/infra/vlanns-[dynamic]-dynamic"
          },
          "sensitive_attributes": [],
          "private": "eyJzY2hlbWFfdmVyc2lvbiI6IjEifQ==",
          "dependencies": [
            "data.aci_vlan_pool.dynamic"
          ]
        }
      ]
    },
    {
      "mode": "managed",
      "type": "aci_ranges",
      "name": "dynamic_2328",
      "provider": "provider[\"registry.terraform.io/ciscodevnet/aci\"]",
      "instances": [
        {
          "schema_version": 1,
          "attributes": {
            "alloc_mode": "inherit",
            "annotation": "orchestrator:terraform",
            "description": "",
            "from": "vlan-2328",
            "id": "uni/infra/vlanns-[dynamic]-dynamic/from-[vlan-2328]-to-[vlan-2328]",
            "name_alias": "",
            "role": "external",
            "to": "vlan-2328",
            "vlan_pool_dn": "uni/infra/vlanns-[dynamic]-dynamic"
          },
          "sensitive_attributes": [],
          "private": "eyJzY2hlbWFfdmVyc2lvbiI6IjEifQ==",
          "dependencies": [
            "data.aci_vlan_pool.dynamic"
          ]
        }
      ]
    },
    {
      "mode": "managed",
      "type": "aci_ranges",
      "name": "dynamic_2329",
      "provider": "provider[\"registry.terraform.io/ciscodevnet/aci\"]",
      "instances": [
        {
          "schema_version": 1,
          "attributes": {
            "alloc_mode": "inherit",
            "annotation": "orchestrator:terraform",
            "description": "",
            "from": "vlan-2329",
            "id": "uni/infra/vlanns-[dynamic]-dynamic/from-[vlan-2329]-to-[vlan-2329]",
            "name_alias": "",
            "role": "external",
            "to": "vlan-2329",
            "vlan_pool_dn": "uni/infra/vlanns-[dynamic]-dynamic"
          },
          "sensitive_attributes": [],
          "private": "eyJzY2hlbWFfdmVyc2lvbiI6IjEifQ==",
          "dependencies": [
            "data.aci_vlan_pool.dynamic"
          ]
        }
      ]
    },
    {
      "mode": "managed",
      "type": "aci_ranges",
      "name": "dynamic_2330",
      "provider": "provider[\"registry.terraform.io/ciscodevnet/aci\"]",
      "instances": [
        {
          "schema_version": 1,
          "attributes": {
            "alloc_mode": "inherit",
            "annotation": "orchestrator:terraform",
            "description": "",
            "from": "vlan-2330",
            "id": "uni/infra/vlanns-[dynamic]-dynamic/from-[vlan-2330]-to-[vlan-2330]",
            "name_alias": "",
            "role": "external",
            "to": "vlan-2330",
            "vlan_pool_dn": "uni/infra/vlanns-[dynamic]-dynamic"
          },
          "sensitive_attributes": [],
          "private": "eyJzY2hlbWFfdmVyc2lvbiI6IjEifQ==",
          "dependencies": [
            "data.aci_vlan_pool.dynamic"
          ]
        }
      ]
    },
    {
      "mode": "managed",
      "type": "aci_ranges",
      "name": "dynamic_2331",
      "provider": "provider[\"registry.terraform.io/ciscodevnet/aci\"]",
      "instances": [
        {
          "schema_version": 1,
          "attributes": {
            "alloc_mode": "inherit",
            "annotation": "orchestrator:terraform",
            "description": "",
            "from": "vlan-2331",
            "id": "uni/infra/vlanns-[dynamic]-dynamic/from-[vlan-2331]-to-[vlan-2331]",
            "name_alias": "",
            "role": "external",
            "to": "vlan-2331",
            "vlan_pool_dn": "uni/infra/vlanns-[dynamic]-dynamic"
          },
          "sensitive_attributes": [],
          "private": "eyJzY2hlbWFfdmVyc2lvbiI6IjEifQ==",
          "dependencies": [
            "data.aci_vlan_pool.dynamic"
          ]
        }
      ]
    },
    {
      "mode": "managed",
      "type": "aci_ranges",
      "name": "dynamic_2332",
      "provider": "provider[\"registry.terraform.io/ciscodevnet/aci\"]",
      "instances": [
        {
          "schema_version": 1,
          "attributes": {
            "alloc_mode": "inherit",
            "annotation": "orchestrator:terraform",
            "description": "",
            "from": "vlan-2332",
            "id": "uni/infra/vlanns-[dynamic]-dynamic/from-[vlan-2332]-to-[vlan-2332]",
            "name_alias": "",
            "role": "external",
            "to": "vlan-2332",
            "vlan_pool_dn": "uni/infra/vlanns-[dynamic]-dynamic"
          },
          "sensitive_attributes": [],
          "private": "eyJzY2hlbWFfdmVyc2lvbiI6IjEifQ==",
          "dependencies": [
            "data.aci_vlan_pool.dynamic"
          ]
        }
      ]
    },
    {
      "mode": "managed",
      "type": "aci_ranges",
      "name": "dynamic_2333",
      "provider": "provider[\"registry.terraform.io/ciscodevnet/aci\"]",
      "instances": [
        {
          "schema_version": 1,
          "attributes": {
            "alloc_mode": "inherit",
            "annotation": "orchestrator:terraform",
            "description": "",
            "from": "vlan-2333",
            "id": "uni/infra/vlanns-[dynamic]-dynamic/from-[vlan-2333]-to-[vlan-2333]",
            "name_alias": "",
            "role": "external",
            "to": "vlan-2333",
            "vlan_pool_dn": "uni/infra/vlanns-[dynamic]-dynamic"
          },
          "sensitive_attributes": [],
          "private": "eyJzY2hlbWFfdmVyc2lvbiI6IjEifQ==",
          "dependencies": [
            "data.aci_vlan_pool.dynamic"
          ]
        }
      ]
    },
    {
      "mode": "managed",
      "type": "aci_ranges",
      "name": "dynamic_2334",
      "provider": "provider[\"registry.terraform.io/ciscodevnet/aci\"]",
      "instances": [
        {
          "schema_version": 1,
          "attributes": {
            "alloc_mode": "inherit",
            "annotation": "orchestrator:terraform",
            "description": "",
            "from": "vlan-2334",
            "id": "uni/infra/vlanns-[dynamic]-dynamic/from-[vlan-2334]-to-[vlan-2334]",
            "name_alias": "",
            "role": "external",
            "to": "vlan-2334",
            "vlan_pool_dn": "uni/infra/vlanns-[dynamic]-dynamic"
          },
          "sensitive_attributes": [],
          "private": "eyJzY2hlbWFfdmVyc2lvbiI6IjEifQ==",
          "dependencies": [
            "data.aci_vlan_pool.dynamic"
          ]
        }
      ]
    },
    {
      "mode": "managed",
      "type": "aci_ranges",
      "name": "dynamic_2335",
      "provider": "provider[\"registry.terraform.io/ciscodevnet/aci\"]",
      "instances": [
        {
          "schema_version": 1,
          "attributes": {
            "alloc_mode": "inherit",
            "annotation": "orchestrator:terraform",
            "description": "",
            "from": "vlan-2335",
            "id": "uni/infra/vlanns-[dynamic]-dynamic/from-[vlan-2335]-to-[vlan-2335]",
            "name_alias": "",
            "role": "external",
            "to": "vlan-2335",
            "vlan_pool_dn": "uni/infra/vlanns-[dynamic]-dynamic"
          },
          "sensitive_attributes": [],
          "private": "eyJzY2hlbWFfdmVyc2lvbiI6IjEifQ==",
          "dependencies": [
            "data.aci_vlan_pool.dynamic"
          ]
        }
      ]
    },
    {
      "mode": "managed",
      "type": "aci_ranges",
      "name": "dynamic_2336",
      "provider": "provider[\"registry.terraform.io/ciscodevnet/aci\"]",
      "instances": [
        {
          "schema_version": 1,
          "attributes": {
            "alloc_mode": "inherit",
            "annotation": "orchestrator:terraform",
            "description": "",
            "from": "vlan-2336",
            "id": "uni/infra/vlanns-[dynamic]-dynamic/from-[vlan-2336]-to-[vlan-2336]",
            "name_alias": "",
            "role": "external",
            "to": "vlan-2336",
            "vlan_pool_dn": "uni/infra/vlanns-[dynamic]-dynamic"
          },
          "sensitive_attributes": [],
          "private": "eyJzY2hlbWFfdmVyc2lvbiI6IjEifQ==",
          "dependencies": [
            "data.aci_vlan_pool.dynamic"
          ]
        }
      ]
    },
    {
      "mode": "managed",
      "type": "aci_ranges",
      "name": "dynamic_2337",
      "provider": "provider[\"registry.terraform.io/ciscodevnet/aci\"]",
      "instances": [
        {
          "schema_version": 1,
          "attributes": {
            "alloc_mode": "inherit",
            "annotation": "orchestrator:terraform",
            "description": "",
            "from": "vlan-2337",
            "id": "uni/infra/vlanns-[dynamic]-dynamic/from-[vlan-2337]-to-[vlan-2337]",
            "name_alias": "",
            "role": "external",
            "to": "vlan-2337",
            "vlan_pool_dn": "uni/infra/vlanns-[dynamic]-dynamic"
          },
          "sensitive_attributes": [],
          "private": "eyJzY2hlbWFfdmVyc2lvbiI6IjEifQ==",
          "dependencies": [
            "data.aci_vlan_pool.dynamic"
          ]
        }
      ]
    },
    {
      "mode": "managed",
      "type": "aci_ranges",
      "name": "dynamic_2338",
      "provider": "provider[\"registry.terraform.io/ciscodevnet/aci\"]",
      "instances": [
        {
          "schema_version": 1,
          "attributes": {
            "alloc_mode": "inherit",
            "annotation": "orchestrator:terraform",
            "description": "",
            "from": "vlan-2338",
            "id": "uni/infra/vlanns-[dynamic]-dynamic/from-[vlan-2338]-to-[vlan-2338]",
            "name_alias": "",
            "role": "external",
            "to": "vlan-2338",
            "vlan_pool_dn": "uni/infra/vlanns-[dynamic]-dynamic"
          },
          "sensitive_attributes": [],
          "private": "eyJzY2hlbWFfdmVyc2lvbiI6IjEifQ==",
          "dependencies": [
            "data.aci_vlan_pool.dynamic"
          ]
        }
      ]
    },
    {
      "mode": "managed",
      "type": "aci_ranges",
      "name": "dynamic_2339",
      "provider": "provider[\"registry.terraform.io/ciscodevnet/aci\"]",
      "instances": [
        {
          "schema_version": 1,
          "attributes": {
            "alloc_mode": "inherit",
            "annotation": "orchestrator:terraform",
            "description": "",
            "from": "vlan-2339",
            "id": "uni/infra/vlanns-[dynamic]-dynamic/from-[vlan-2339]-to-[vlan-2339]",
            "name_alias": "",
            "role": "external",
            "to": "vlan-2339",
            "vlan_pool_dn": "uni/infra/vlanns-[dynamic]-dynamic"
          },
          "sensitive_attributes": [],
          "private": "eyJzY2hlbWFfdmVyc2lvbiI6IjEifQ==",
          "dependencies": [
            "data.aci_vlan_pool.dynamic"
          ]
        }
      ]
    },
    {
      "mode": "managed",
      "type": "aci_ranges",
      "name": "dynamic_2340",
      "provider": "provider[\"registry.terraform.io/ciscodevnet/aci\"]",
      "instances": [
        {
          "schema_version": 1,
          "attributes": {
            "alloc_mode": "inherit",
            "annotation": "orchestrator:terraform",
            "description": "",
            "from": "vlan-2340",
            "id": "uni/infra/vlanns-[dynamic]-dynamic/from-[vlan-2340]-to-[vlan-2340]",
            "name_alias": "",
            "role": "external",
            "to": "vlan-2340",
            "vlan_pool_dn": "uni/infra/vlanns-[dynamic]-dynamic"
          },
          "sensitive_attributes": [],
          "private": "eyJzY2hlbWFfdmVyc2lvbiI6IjEifQ==",
          "dependencies": [
            "data.aci_vlan_pool.dynamic"
          ]
        }
      ]
    },
    {
      "mode": "managed",
      "type": "aci_ranges",
      "name": "dynamic_2341",
      "provider": "provider[\"registry.terraform.io/ciscodevnet/aci\"]",
      "instances": [
        {
          "schema_version": 1,
          "attributes": {
            "alloc_mode": "inherit",
            "annotation": "orchestrator:terraform",
            "description": "",
            "from": "vlan-2341",
            "id": "uni/infra/vlanns-[dynamic]-dynamic/from-[vlan-2341]-to-[vlan-2341]",
            "name_alias": "",
            "role": "external",
            "to": "vlan-2341",
            "vlan_pool_dn": "uni/infra/vlanns-[dynamic]-dynamic"
          },
          "sensitive_attributes": [],
          "private": "eyJzY2hlbWFfdmVyc2lvbiI6IjEifQ==",
          "dependencies": [
            "data.aci_vlan_pool.dynamic"
          ]
        }
      ]
    },
    {
      "mode": "managed",
      "type": "aci_ranges",
      "name": "dynamic_2342",
      "provider": "provider[\"registry.terraform.io/ciscodevnet/aci\"]",
      "instances": [
        {
          "schema_version": 1,
          "attributes": {
            "alloc_mode": "inherit",
            "annotation": "orchestrator:terraform",
            "description": "",
            "from": "vlan-2342",
            "id": "uni/infra/vlanns-[dynamic]-dynamic/from-[vlan-2342]-to-[vlan-2342]",
            "name_alias": "",
            "role": "external",
            "to": "vlan-2342",
            "vlan_pool_dn": "uni/infra/vlanns-[dynamic]-dynamic"
          },
          "sensitive_attributes": [],
          "private": "eyJzY2hlbWFfdmVyc2lvbiI6IjEifQ==",
          "dependencies": [
            "data.aci_vlan_pool.dynamic"
          ]
        }
      ]
    },
    {
      "mode": "managed",
      "type": "aci_ranges",
      "name": "dynamic_2343",
      "provider": "provider[\"registry.terraform.io/ciscodevnet/aci\"]",
      "instances": [
        {
          "schema_version": 1,
          "attributes": {
            "alloc_mode": "inherit",
            "annotation": "orchestrator:terraform",
            "description": "",
            "from": "vlan-2343",
            "id": "uni/infra/vlanns-[dynamic]-dynamic/from-[vlan-2343]-to-[vlan-2343]",
            "name_alias": "",
            "role": "external",
            "to": "vlan-2343",
            "vlan_pool_dn": "uni/infra/vlanns-[dynamic]-dynamic"
          },
          "sensitive_attributes": [],
          "private": "eyJzY2hlbWFfdmVyc2lvbiI6IjEifQ==",
          "dependencies": [
            "data.aci_vlan_pool.dynamic"
          ]
        }
      ]
    },
    {
      "mode": "managed",
      "type": "aci_ranges",
      "name": "dynamic_2344",
      "provider": "provider[\"registry.terraform.io/ciscodevnet/aci\"]",
      "instances": [
        {
          "schema_version": 1,
          "attributes": {
            "alloc_mode": "inherit",
            "annotation": "orchestrator:terraform",
            "description": "",
            "from": "vlan-2344",
            "id": "uni/infra/vlanns-[dynamic]-dynamic/from-[vlan-2344]-to-[vlan-2344]",
            "name_alias": "",
            "role": "external",
            "to": "vlan-2344",
            "vlan_pool_dn": "uni/infra/vlanns-[dynamic]-dynamic"
          },
          "sensitive_attributes": [],
          "private": "eyJzY2hlbWFfdmVyc2lvbiI6IjEifQ==",
          "dependencies": [
            "data.aci_vlan_pool.dynamic"
          ]
        }
      ]
    },
    {
      "mode": "managed",
      "type": "aci_ranges",
      "name": "dynamic_2345",
      "provider": "provider[\"registry.terraform.io/ciscodevnet/aci\"]",
      "instances": [
        {
          "schema_version": 1,
          "attributes": {
            "alloc_mode": "inherit",
            "annotation": "orchestrator:terraform",
            "description": "",
            "from": "vlan-2345",
            "id": "uni/infra/vlanns-[dynamic]-dynamic/from-[vlan-2345]-to-[vlan-2345]",
            "name_alias": "",
            "role": "external",
            "to": "vlan-2345",
            "vlan_pool_dn": "uni/infra/vlanns-[dynamic]-dynamic"
          },
          "sensitive_attributes": [],
          "private": "eyJzY2hlbWFfdmVyc2lvbiI6IjEifQ==",
          "dependencies": [
            "data.aci_vlan_pool.dynamic"
          ]
        }
      ]
    },
    {
      "mode": "managed",
      "type": "aci_ranges",
      "name": "dynamic_2346",
      "provider": "provider[\"registry.terraform.io/ciscodevnet/aci\"]",
      "instances": [
        {
          "schema_version": 1,
          "attributes": {
            "alloc_mode": "inherit",
            "annotation": "orchestrator:terraform",
            "description": "",
            "from": "vlan-2346",
            "id": "uni/infra/vlanns-[dynamic]-dynamic/from-[vlan-2346]-to-[vlan-2346]",
            "name_alias": "",
            "role": "external",
            "to": "vlan-2346",
            "vlan_pool_dn": "uni/infra/vlanns-[dynamic]-dynamic"
          },
          "sensitive_attributes": [],
          "private": "eyJzY2hlbWFfdmVyc2lvbiI6IjEifQ==",
          "dependencies": [
            "data.aci_vlan_pool.dynamic"
          ]
        }
      ]
    },
    {
      "mode": "managed",
      "type": "aci_ranges",
      "name": "dynamic_2347",
      "provider": "provider[\"registry.terraform.io/ciscodevnet/aci\"]",
      "instances": [
        {
          "schema_version": 1,
          "attributes": {
            "alloc_mode": "inherit",
            "annotation": "orchestrator:terraform",
            "description": "",
            "from": "vlan-2347",
            "id": "uni/infra/vlanns-[dynamic]-dynamic/from-[vlan-2347]-to-[vlan-2347]",
            "name_alias": "",
            "role": "external",
            "to": "vlan-2347",
            "vlan_pool_dn": "uni/infra/vlanns-[dynamic]-dynamic"
          },
          "sensitive_attributes": [],
          "private": "eyJzY2hlbWFfdmVyc2lvbiI6IjEifQ==",
          "dependencies": [
            "data.aci_vlan_pool.dynamic"
          ]
        }
      ]
    },
    {
      "mode": "managed",
      "type": "aci_ranges",
      "name": "dynamic_2348",
      "provider": "provider[\"registry.terraform.io/ciscodevnet/aci\"]",
      "instances": [
        {
          "schema_version": 1,
          "attributes": {
            "alloc_mode": "inherit",
            "annotation": "orchestrator:terraform",
            "description": "",
            "from": "vlan-2348",
            "id": "uni/infra/vlanns-[dynamic]-dynamic/from-[vlan-2348]-to-[vlan-2348]",
            "name_alias": "",
            "role": "external",
            "to": "vlan-2348",
            "vlan_pool_dn": "uni/infra/vlanns-[dynamic]-dynamic"
          },
          "sensitive_attributes": [],
          "private": "eyJzY2hlbWFfdmVyc2lvbiI6IjEifQ==",
          "dependencies": [
            "data.aci_vlan_pool.dynamic"
          ]
        }
      ]
    },
    {
      "mode": "managed",
      "type": "aci_ranges",
      "name": "dynamic_2349",
      "provider": "provider[\"registry.terraform.io/ciscodevnet/aci\"]",
      "instances": [
        {
          "schema_version": 1,
          "attributes": {
            "alloc_mode": "inherit",
            "annotation": "orchestrator:terraform",
            "description": "",
            "from": "vlan-2349",
            "id": "uni/infra/vlanns-[dynamic]-dynamic/from-[vlan-2349]-to-[vlan-2349]",
            "name_alias": "",
            "role": "external",
            "to": "vlan-2349",
            "vlan_pool_dn": "uni/infra/vlanns-[dynamic]-dynamic"
          },
          "sensitive_attributes": [],
          "private": "eyJzY2hlbWFfdmVyc2lvbiI6IjEifQ==",
          "dependencies": [
            "data.aci_vlan_pool.dynamic"
          ]
        }
      ]
    },
    {
      "mode": "managed",
      "type": "aci_ranges",
      "name": "dynamic_2350",
      "provider": "provider[\"registry.terraform.io/ciscodevnet/aci\"]",
      "instances": [
        {
          "schema_version": 1,
          "attributes": {
            "alloc_mode": "inherit",
            "annotation": "orchestrator:terraform",
            "description": "",
            "from": "vlan-2350",
            "id": "uni/infra/vlanns-[dynamic]-dynamic/from-[vlan-2350]-to-[vlan-2350]",
            "name_alias": "",
            "role": "external",
            "to": "vlan-2350",
            "vlan_pool_dn": "uni/infra/vlanns-[dynamic]-dynamic"
          },
          "sensitive_attributes": [],
          "private": "eyJzY2hlbWFfdmVyc2lvbiI6IjEifQ==",
          "dependencies": [
            "data.aci_vlan_pool.dynamic"
          ]
        }
      ]
    },
    {
      "mode": "managed",
      "type": "aci_ranges",
      "name": "dynamic_2351",
      "provider": "provider[\"registry.terraform.io/ciscodevnet/aci\"]",
      "instances": [
        {
          "schema_version": 1,
          "attributes": {
            "alloc_mode": "inherit",
            "annotation": "orchestrator:terraform",
            "description": "",
            "from": "vlan-2351",
            "id": "uni/infra/vlanns-[dynamic]-dynamic/from-[vlan-2351]-to-[vlan-2351]",
            "name_alias": "",
            "role": "external",
            "to": "vlan-2351",
            "vlan_pool_dn": "uni/infra/vlanns-[dynamic]-dynamic"
          },
          "sensitive_attributes": [],
          "private": "eyJzY2hlbWFfdmVyc2lvbiI6IjEifQ==",
          "dependencies": [
            "data.aci_vlan_pool.dynamic"
          ]
        }
      ]
    },
    {
      "mode": "managed",
      "type": "aci_ranges",
      "name": "dynamic_2352",
      "provider": "provider[\"registry.terraform.io/ciscodevnet/aci\"]",
      "instances": [
        {
          "schema_version": 1,
          "attributes": {
            "alloc_mode": "inherit",
            "annotation": "orchestrator:terraform",
            "description": "",
            "from": "vlan-2352",
            "id": "uni/infra/vlanns-[dynamic]-dynamic/from-[vlan-2352]-to-[vlan-2352]",
            "name_alias": "",
            "role": "external",
            "to": "vlan-2352",
            "vlan_pool_dn": "uni/infra/vlanns-[dynamic]-dynamic"
          },
          "sensitive_attributes": [],
          "private": "eyJzY2hlbWFfdmVyc2lvbiI6IjEifQ==",
          "dependencies": [
            "data.aci_vlan_pool.dynamic"
          ]
        }
      ]
    },
    {
      "mode": "managed",
      "type": "aci_ranges",
      "name": "dynamic_2353",
      "provider": "provider[\"registry.terraform.io/ciscodevnet/aci\"]",
      "instances": [
        {
          "schema_version": 1,
          "attributes": {
            "alloc_mode": "inherit",
            "annotation": "orchestrator:terraform",
            "description": "",
            "from": "vlan-2353",
            "id": "uni/infra/vlanns-[dynamic]-dynamic/from-[vlan-2353]-to-[vlan-2353]",
            "name_alias": "",
            "role": "external",
            "to": "vlan-2353",
            "vlan_pool_dn": "uni/infra/vlanns-[dynamic]-dynamic"
          },
          "sensitive_attributes": [],
          "private": "eyJzY2hlbWFfdmVyc2lvbiI6IjEifQ==",
          "dependencies": [
            "data.aci_vlan_pool.dynamic"
          ]
        }
      ]
    },
    {
      "mode": "managed",
      "type": "aci_ranges",
      "name": "dynamic_2354",
      "provider": "provider[\"registry.terraform.io/ciscodevnet/aci\"]",
      "instances": [
        {
          "schema_version": 1,
          "attributes": {
            "alloc_mode": "inherit",
            "annotation": "orchestrator:terraform",
            "description": "",
            "from": "vlan-2354",
            "id": "uni/infra/vlanns-[dynamic]-dynamic/from-[vlan-2354]-to-[vlan-2354]",
            "name_alias": "",
            "role": "external",
            "to": "vlan-2354",
            "vlan_pool_dn": "uni/infra/vlanns-[dynamic]-dynamic"
          },
          "sensitive_attributes": [],
          "private": "eyJzY2hlbWFfdmVyc2lvbiI6IjEifQ==",
          "dependencies": [
            "data.aci_vlan_pool.dynamic"
          ]
        }
      ]
    },
    {
      "mode": "managed",
      "type": "aci_ranges",
      "name": "dynamic_2355",
      "provider": "provider[\"registry.terraform.io/ciscodevnet/aci\"]",
      "instances": [
        {
          "schema_version": 1,
          "attributes": {
            "alloc_mode": "inherit",
            "annotation": "orchestrator:terraform",
            "description": "",
            "from": "vlan-2355",
            "id": "uni/infra/vlanns-[dynamic]-dynamic/from-[vlan-2355]-to-[vlan-2355]",
            "name_alias": "",
            "role": "external",
            "to": "vlan-2355",
            "vlan_pool_dn": "uni/infra/vlanns-[dynamic]-dynamic"
          },
          "sensitive_attributes": [],
          "private": "eyJzY2hlbWFfdmVyc2lvbiI6IjEifQ==",
          "dependencies": [
            "data.aci_vlan_pool.dynamic"
          ]
        }
      ]
    },
    {
      "mode": "managed",
      "type": "aci_ranges",
      "name": "dynamic_2356",
      "provider": "provider[\"registry.terraform.io/ciscodevnet/aci\"]",
      "instances": [
        {
          "schema_version": 1,
          "attributes": {
            "alloc_mode": "inherit",
            "annotation": "orchestrator:terraform",
            "description": "",
            "from": "vlan-2356",
            "id": "uni/infra/vlanns-[dynamic]-dynamic/from-[vlan-2356]-to-[vlan-2356]",
            "name_alias": "",
            "role": "external",
            "to": "vlan-2356",
            "vlan_pool_dn": "uni/infra/vlanns-[dynamic]-dynamic"
          },
          "sensitive_attributes": [],
          "private": "eyJzY2hlbWFfdmVyc2lvbiI6IjEifQ==",
          "dependencies": [
            "data.aci_vlan_pool.dynamic"
          ]
        }
      ]
    },
    {
      "mode": "managed",
      "type": "aci_ranges",
      "name": "dynamic_2357",
      "provider": "provider[\"registry.terraform.io/ciscodevnet/aci\"]",
      "instances": [
        {
          "schema_version": 1,
          "attributes": {
            "alloc_mode": "inherit",
            "annotation": "orchestrator:terraform",
            "description": "",
            "from": "vlan-2357",
            "id": "uni/infra/vlanns-[dynamic]-dynamic/from-[vlan-2357]-to-[vlan-2357]",
            "name_alias": "",
            "role": "external",
            "to": "vlan-2357",
            "vlan_pool_dn": "uni/infra/vlanns-[dynamic]-dynamic"
          },
          "sensitive_attributes": [],
          "private": "eyJzY2hlbWFfdmVyc2lvbiI6IjEifQ==",
          "dependencies": [
            "data.aci_vlan_pool.dynamic"
          ]
        }
      ]
    },
    {
      "mode": "managed",
      "type": "aci_ranges",
      "name": "dynamic_2358",
      "provider": "provider[\"registry.terraform.io/ciscodevnet/aci\"]",
      "instances": [
        {
          "schema_version": 1,
          "attributes": {
            "alloc_mode": "inherit",
            "annotation": "orchestrator:terraform",
            "description": "",
            "from": "vlan-2358",
            "id": "uni/infra/vlanns-[dynamic]-dynamic/from-[vlan-2358]-to-[vlan-2358]",
            "name_alias": "",
            "role": "external",
            "to": "vlan-2358",
            "vlan_pool_dn": "uni/infra/vlanns-[dynamic]-dynamic"
          },
          "sensitive_attributes": [],
          "private": "eyJzY2hlbWFfdmVyc2lvbiI6IjEifQ==",
          "dependencies": [
            "data.aci_vlan_pool.dynamic"
          ]
        }
      ]
    },
    {
      "mode": "managed",
      "type": "aci_ranges",
      "name": "dynamic_2359",
      "provider": "provider[\"registry.terraform.io/ciscodevnet/aci\"]",
      "instances": [
        {
          "schema_version": 1,
          "attributes": {
            "alloc_mode": "inherit",
            "annotation": "orchestrator:terraform",
            "description": "",
            "from": "vlan-2359",
            "id": "uni/infra/vlanns-[dynamic]-dynamic/from-[vlan-2359]-to-[vlan-2359]",
            "name_alias": "",
            "role": "external",
            "to": "vlan-2359",
            "vlan_pool_dn": "uni/infra/vlanns-[dynamic]-dynamic"
          },
          "sensitive_attributes": [],
          "private": "eyJzY2hlbWFfdmVyc2lvbiI6IjEifQ==",
          "dependencies": [
            "data.aci_vlan_pool.dynamic"
          ]
        }
      ]
    },
    {
      "mode": "managed",
      "type": "aci_ranges",
      "name": "dynamic_2360",
      "provider": "provider[\"registry.terraform.io/ciscodevnet/aci\"]",
      "instances": [
        {
          "schema_version": 1,
          "attributes": {
            "alloc_mode": "inherit",
            "annotation": "orchestrator:terraform",
            "description": "",
            "from": "vlan-2360",
            "id": "uni/infra/vlanns-[dynamic]-dynamic/from-[vlan-2360]-to-[vlan-2360]",
            "name_alias": "",
            "role": "external",
            "to": "vlan-2360",
            "vlan_pool_dn": "uni/infra/vlanns-[dynamic]-dynamic"
          },
          "sensitive_attributes": [],
          "private": "eyJzY2hlbWFfdmVyc2lvbiI6IjEifQ==",
          "dependencies": [
            "data.aci_vlan_pool.dynamic"
          ]
        }
      ]
    },
    {
      "mode": "managed",
      "type": "aci_ranges",
      "name": "dynamic_2361",
      "provider": "provider[\"registry.terraform.io/ciscodevnet/aci\"]",
      "instances": [
        {
          "schema_version": 1,
          "attributes": {
            "alloc_mode": "inherit",
            "annotation": "orchestrator:terraform",
            "description": "",
            "from": "vlan-2361",
            "id": "uni/infra/vlanns-[dynamic]-dynamic/from-[vlan-2361]-to-[vlan-2361]",
            "name_alias": "",
            "role": "external",
            "to": "vlan-2361",
            "vlan_pool_dn": "uni/infra/vlanns-[dynamic]-dynamic"
          },
          "sensitive_attributes": [],
          "private": "eyJzY2hlbWFfdmVyc2lvbiI6IjEifQ==",
          "dependencies": [
            "data.aci_vlan_pool.dynamic"
          ]
        }
      ]
    },
    {
      "mode": "managed",
      "type": "aci_ranges",
      "name": "dynamic_2362",
      "provider": "provider[\"registry.terraform.io/ciscodevnet/aci\"]",
      "instances": [
        {
          "schema_version": 1,
          "attributes": {
            "alloc_mode": "inherit",
            "annotation": "orchestrator:terraform",
            "description": "",
            "from": "vlan-2362",
            "id": "uni/infra/vlanns-[dynamic]-dynamic/from-[vlan-2362]-to-[vlan-2362]",
            "name_alias": "",
            "role": "external",
            "to": "vlan-2362",
            "vlan_pool_dn": "uni/infra/vlanns-[dynamic]-dynamic"
          },
          "sensitive_attributes": [],
          "private": "eyJzY2hlbWFfdmVyc2lvbiI6IjEifQ==",
          "dependencies": [
            "data.aci_vlan_pool.dynamic"
          ]
        }
      ]
    },
    {
      "mode": "managed",
      "type": "aci_ranges",
      "name": "dynamic_2363",
      "provider": "provider[\"registry.terraform.io/ciscodevnet/aci\"]",
      "instances": [
        {
          "schema_version": 1,
          "attributes": {
            "alloc_mode": "inherit",
            "annotation": "orchestrator:terraform",
            "description": "",
            "from": "vlan-2363",
            "id": "uni/infra/vlanns-[dynamic]-dynamic/from-[vlan-2363]-to-[vlan-2363]",
            "name_alias": "",
            "role": "external",
            "to": "vlan-2363",
            "vlan_pool_dn": "uni/infra/vlanns-[dynamic]-dynamic"
          },
          "sensitive_attributes": [],
          "private": "eyJzY2hlbWFfdmVyc2lvbiI6IjEifQ==",
          "dependencies": [
            "data.aci_vlan_pool.dynamic"
          ]
        }
      ]
    },
    {
      "mode": "managed",
      "type": "aci_ranges",
      "name": "dynamic_2364",
      "provider": "provider[\"registry.terraform.io/ciscodevnet/aci\"]",
      "instances": [
        {
          "schema_version": 1,
          "attributes": {
            "alloc_mode": "inherit",
            "annotation": "orchestrator:terraform",
            "description": "",
            "from": "vlan-2364",
            "id": "uni/infra/vlanns-[dynamic]-dynamic/from-[vlan-2364]-to-[vlan-2364]",
            "name_alias": "",
            "role": "external",
            "to": "vlan-2364",
            "vlan_pool_dn": "uni/infra/vlanns-[dynamic]-dynamic"
          },
          "sensitive_attributes": [],
          "private": "eyJzY2hlbWFfdmVyc2lvbiI6IjEifQ==",
          "dependencies": [
            "data.aci_vlan_pool.dynamic"
          ]
        }
      ]
    },
    {
      "mode": "managed",
      "type": "aci_ranges",
      "name": "dynamic_2365",
      "provider": "provider[\"registry.terraform.io/ciscodevnet/aci\"]",
      "instances": [
        {
          "schema_version": 1,
          "attributes": {
            "alloc_mode": "inherit",
            "annotation": "orchestrator:terraform",
            "description": "",
            "from": "vlan-2365",
            "id": "uni/infra/vlanns-[dynamic]-dynamic/from-[vlan-2365]-to-[vlan-2365]",
            "name_alias": "",
            "role": "external",
            "to": "vlan-2365",
            "vlan_pool_dn": "uni/infra/vlanns-[dynamic]-dynamic"
          },
          "sensitive_attributes": [],
          "private": "eyJzY2hlbWFfdmVyc2lvbiI6IjEifQ==",
          "dependencies": [
            "data.aci_vlan_pool.dynamic"
          ]
        }
      ]
    },
    {
      "mode": "managed",
      "type": "aci_ranges",
      "name": "dynamic_2366",
      "provider": "provider[\"registry.terraform.io/ciscodevnet/aci\"]",
      "instances": [
        {
          "schema_version": 1,
          "attributes": {
            "alloc_mode": "inherit",
            "annotation": "orchestrator:terraform",
            "description": "",
            "from": "vlan-2366",
            "id": "uni/infra/vlanns-[dynamic]-dynamic/from-[vlan-2366]-to-[vlan-2366]",
            "name_alias": "",
            "role": "external",
            "to": "vlan-2366",
            "vlan_pool_dn": "uni/infra/vlanns-[dynamic]-dynamic"
          },
          "sensitive_attributes": [],
          "private": "eyJzY2hlbWFfdmVyc2lvbiI6IjEifQ==",
          "dependencies": [
            "data.aci_vlan_pool.dynamic"
          ]
        }
      ]
    },
    {
      "mode": "managed",
      "type": "aci_ranges",
      "name": "dynamic_2367",
      "provider": "provider[\"registry.terraform.io/ciscodevnet/aci\"]",
      "instances": [
        {
          "schema_version": 1,
          "attributes": {
            "alloc_mode": "inherit",
            "annotation": "orchestrator:terraform",
            "description": "",
            "from": "vlan-2367",
            "id": "uni/infra/vlanns-[dynamic]-dynamic/from-[vlan-2367]-to-[vlan-2367]",
            "name_alias": "",
            "role": "external",
            "to": "vlan-2367",
            "vlan_pool_dn": "uni/infra/vlanns-[dynamic]-dynamic"
          },
          "sensitive_attributes": [],
          "private": "eyJzY2hlbWFfdmVyc2lvbiI6IjEifQ==",
          "dependencies": [
            "data.aci_vlan_pool.dynamic"
          ]
        }
      ]
    },
    {
      "mode": "managed",
      "type": "aci_ranges",
      "name": "dynamic_2368",
      "provider": "provider[\"registry.terraform.io/ciscodevnet/aci\"]",
      "instances": [
        {
          "schema_version": 1,
          "attributes": {
            "alloc_mode": "inherit",
            "annotation": "orchestrator:terraform",
            "description": "",
            "from": "vlan-2368",
            "id": "uni/infra/vlanns-[dynamic]-dynamic/from-[vlan-2368]-to-[vlan-2368]",
            "name_alias": "",
            "role": "external",
            "to": "vlan-2368",
            "vlan_pool_dn": "uni/infra/vlanns-[dynamic]-dynamic"
          },
          "sensitive_attributes": [],
          "private": "eyJzY2hlbWFfdmVyc2lvbiI6IjEifQ==",
          "dependencies": [
            "data.aci_vlan_pool.dynamic"
          ]
        }
      ]
    },
    {
      "mode": "managed",
      "type": "aci_ranges",
      "name": "dynamic_2369",
      "provider": "provider[\"registry.terraform.io/ciscodevnet/aci\"]",
      "instances": [
        {
          "schema_version": 1,
          "attributes": {
            "alloc_mode": "inherit",
            "annotation": "orchestrator:terraform",
            "description": "",
            "from": "vlan-2369",
            "id": "uni/infra/vlanns-[dynamic]-dynamic/from-[vlan-2369]-to-[vlan-2369]",
            "name_alias": "",
            "role": "external",
            "to": "vlan-2369",
            "vlan_pool_dn": "uni/infra/vlanns-[dynamic]-dynamic"
          },
          "sensitive_attributes": [],
          "private": "eyJzY2hlbWFfdmVyc2lvbiI6IjEifQ==",
          "dependencies": [
            "data.aci_vlan_pool.dynamic"
          ]
        }
      ]
    },
    {
      "mode": "managed",
      "type": "aci_ranges",
      "name": "dynamic_2370",
      "provider": "provider[\"registry.terraform.io/ciscodevnet/aci\"]",
      "instances": [
        {
          "schema_version": 1,
          "attributes": {
            "alloc_mode": "inherit",
            "annotation": "orchestrator:terraform",
            "description": "",
            "from": "vlan-2370",
            "id": "uni/infra/vlanns-[dynamic]-dynamic/from-[vlan-2370]-to-[vlan-2370]",
            "name_alias": "",
            "role": "external",
            "to": "vlan-2370",
            "vlan_pool_dn": "uni/infra/vlanns-[dynamic]-dynamic"
          },
          "sensitive_attributes": [],
          "private": "eyJzY2hlbWFfdmVyc2lvbiI6IjEifQ==",
          "dependencies": [
            "data.aci_vlan_pool.dynamic"
          ]
        }
      ]
    },
    {
      "mode": "managed",
      "type": "aci_ranges",
      "name": "dynamic_2371",
      "provider": "provider[\"registry.terraform.io/ciscodevnet/aci\"]",
      "instances": [
        {
          "schema_version": 1,
          "attributes": {
            "alloc_mode": "inherit",
            "annotation": "orchestrator:terraform",
            "description": "",
            "from": "vlan-2371",
            "id": "uni/infra/vlanns-[dynamic]-dynamic/from-[vlan-2371]-to-[vlan-2371]",
            "name_alias": "",
            "role": "external",
            "to": "vlan-2371",
            "vlan_pool_dn": "uni/infra/vlanns-[dynamic]-dynamic"
          },
          "sensitive_attributes": [],
          "private": "eyJzY2hlbWFfdmVyc2lvbiI6IjEifQ==",
          "dependencies": [
            "data.aci_vlan_pool.dynamic"
          ]
        }
      ]
    },
    {
      "mode": "managed",
      "type": "aci_ranges",
      "name": "dynamic_2372",
      "provider": "provider[\"registry.terraform.io/ciscodevnet/aci\"]",
      "instances": [
        {
          "schema_version": 1,
          "attributes": {
            "alloc_mode": "inherit",
            "annotation": "orchestrator:terraform",
            "description": "",
            "from": "vlan-2372",
            "id": "uni/infra/vlanns-[dynamic]-dynamic/from-[vlan-2372]-to-[vlan-2372]",
            "name_alias": "",
            "role": "external",
            "to": "vlan-2372",
            "vlan_pool_dn": "uni/infra/vlanns-[dynamic]-dynamic"
          },
          "sensitive_attributes": [],
          "private": "eyJzY2hlbWFfdmVyc2lvbiI6IjEifQ==",
          "dependencies": [
            "data.aci_vlan_pool.dynamic"
          ]
        }
      ]
    },
    {
      "mode": "managed",
      "type": "aci_ranges",
      "name": "dynamic_2373",
      "provider": "provider[\"registry.terraform.io/ciscodevnet/aci\"]",
      "instances": [
        {
          "schema_version": 1,
          "attributes": {
            "alloc_mode": "inherit",
            "annotation": "orchestrator:terraform",
            "description": "",
            "from": "vlan-2373",
            "id": "uni/infra/vlanns-[dynamic]-dynamic/from-[vlan-2373]-to-[vlan-2373]",
            "name_alias": "",
            "role": "external",
            "to": "vlan-2373",
            "vlan_pool_dn": "uni/infra/vlanns-[dynamic]-dynamic"
          },
          "sensitive_attributes": [],
          "private": "eyJzY2hlbWFfdmVyc2lvbiI6IjEifQ==",
          "dependencies": [
            "data.aci_vlan_pool.dynamic"
          ]
        }
      ]
    },
    {
      "mode": "managed",
      "type": "aci_ranges",
      "name": "dynamic_2374",
      "provider": "provider[\"registry.terraform.io/ciscodevnet/aci\"]",
      "instances": [
        {
          "schema_version": 1,
          "attributes": {
            "alloc_mode": "inherit",
            "annotation": "orchestrator:terraform",
            "description": "",
            "from": "vlan-2374",
            "id": "uni/infra/vlanns-[dynamic]-dynamic/from-[vlan-2374]-to-[vlan-2374]",
            "name_alias": "",
            "role": "external",
            "to": "vlan-2374",
            "vlan_pool_dn": "uni/infra/vlanns-[dynamic]-dynamic"
          },
          "sensitive_attributes": [],
          "private": "eyJzY2hlbWFfdmVyc2lvbiI6IjEifQ==",
          "dependencies": [
            "data.aci_vlan_pool.dynamic"
          ]
        }
      ]
    },
    {
      "mode": "managed",
      "type": "aci_ranges",
      "name": "dynamic_2375",
      "provider": "provider[\"registry.terraform.io/ciscodevnet/aci\"]",
      "instances": [
        {
          "schema_version": 1,
          "attributes": {
            "alloc_mode": "inherit",
            "annotation": "orchestrator:terraform",
            "description": "",
            "from": "vlan-2375",
            "id": "uni/infra/vlanns-[dynamic]-dynamic/from-[vlan-2375]-to-[vlan-2375]",
            "name_alias": "",
            "role": "external",
            "to": "vlan-2375",
            "vlan_pool_dn": "uni/infra/vlanns-[dynamic]-dynamic"
          },
          "sensitive_attributes": [],
          "private": "eyJzY2hlbWFfdmVyc2lvbiI6IjEifQ==",
          "dependencies": [
            "data.aci_vlan_pool.dynamic"
          ]
        }
      ]
    },
    {
      "mode": "managed",
      "type": "aci_ranges",
      "name": "dynamic_2376",
      "provider": "provider[\"registry.terraform.io/ciscodevnet/aci\"]",
      "instances": [
        {
          "schema_version": 1,
          "attributes": {
            "alloc_mode": "inherit",
            "annotation": "orchestrator:terraform",
            "description": "",
            "from": "vlan-2376",
            "id": "uni/infra/vlanns-[dynamic]-dynamic/from-[vlan-2376]-to-[vlan-2376]",
            "name_alias": "",
            "role": "external",
            "to": "vlan-2376",
            "vlan_pool_dn": "uni/infra/vlanns-[dynamic]-dynamic"
          },
          "sensitive_attributes": [],
          "private": "eyJzY2hlbWFfdmVyc2lvbiI6IjEifQ==",
          "dependencies": [
            "data.aci_vlan_pool.dynamic"
          ]
        }
      ]
    },
    {
      "mode": "managed",
      "type": "aci_ranges",
      "name": "dynamic_2377",
      "provider": "provider[\"registry.terraform.io/ciscodevnet/aci\"]",
      "instances": [
        {
          "schema_version": 1,
          "attributes": {
            "alloc_mode": "inherit",
            "annotation": "orchestrator:terraform",
            "description": "",
            "from": "vlan-2377",
            "id": "uni/infra/vlanns-[dynamic]-dynamic/from-[vlan-2377]-to-[vlan-2377]",
            "name_alias": "",
            "role": "external",
            "to": "vlan-2377",
            "vlan_pool_dn": "uni/infra/vlanns-[dynamic]-dynamic"
          },
          "sensitive_attributes": [],
          "private": "eyJzY2hlbWFfdmVyc2lvbiI6IjEifQ==",
          "dependencies": [
            "data.aci_vlan_pool.dynamic"
          ]
        }
      ]
    },
    {
      "mode": "managed",
      "type": "aci_ranges",
      "name": "dynamic_2378",
      "provider": "provider[\"registry.terraform.io/ciscodevnet/aci\"]",
      "instances": [
        {
          "schema_version": 1,
          "attributes": {
            "alloc_mode": "inherit",
            "annotation": "orchestrator:terraform",
            "description": "",
            "from": "vlan-2378",
            "id": "uni/infra/vlanns-[dynamic]-dynamic/from-[vlan-2378]-to-[vlan-2378]",
            "name_alias": "",
            "role": "external",
            "to": "vlan-2378",
            "vlan_pool_dn": "uni/infra/vlanns-[dynamic]-dynamic"
          },
          "sensitive_attributes": [],
          "private": "eyJzY2hlbWFfdmVyc2lvbiI6IjEifQ==",
          "dependencies": [
            "data.aci_vlan_pool.dynamic"
          ]
        }
      ]
    },
    {
      "mode": "managed",
      "type": "aci_ranges",
      "name": "dynamic_2379",
      "provider": "provider[\"registry.terraform.io/ciscodevnet/aci\"]",
      "instances": [
        {
          "schema_version": 1,
          "attributes": {
            "alloc_mode": "inherit",
            "annotation": "orchestrator:terraform",
            "description": "",
            "from": "vlan-2379",
            "id": "uni/infra/vlanns-[dynamic]-dynamic/from-[vlan-2379]-to-[vlan-2379]",
            "name_alias": "",
            "role": "external",
            "to": "vlan-2379",
            "vlan_pool_dn": "uni/infra/vlanns-[dynamic]-dynamic"
          },
          "sensitive_attributes": [],
          "private": "eyJzY2hlbWFfdmVyc2lvbiI6IjEifQ==",
          "dependencies": [
            "data.aci_vlan_pool.dynamic"
          ]
        }
      ]
    },
    {
      "mode": "managed",
      "type": "aci_ranges",
      "name": "dynamic_2380",
      "provider": "provider[\"registry.terraform.io/ciscodevnet/aci\"]",
      "instances": [
        {
          "schema_version": 1,
          "attributes": {
            "alloc_mode": "inherit",
            "annotation": "orchestrator:terraform",
            "description": "",
            "from": "vlan-2380",
            "id": "uni/infra/vlanns-[dynamic]-dynamic/from-[vlan-2380]-to-[vlan-2380]",
            "name_alias": "",
            "role": "external",
            "to": "vlan-2380",
            "vlan_pool_dn": "uni/infra/vlanns-[dynamic]-dynamic"
          },
          "sensitive_attributes": [],
          "private": "eyJzY2hlbWFfdmVyc2lvbiI6IjEifQ==",
          "dependencies": [
            "data.aci_vlan_pool.dynamic"
          ]
        }
      ]
    },
    {
      "mode": "managed",
      "type": "aci_ranges",
      "name": "dynamic_2381",
      "provider": "provider[\"registry.terraform.io/ciscodevnet/aci\"]",
      "instances": [
        {
          "schema_version": 1,
          "attributes": {
            "alloc_mode": "inherit",
            "annotation": "orchestrator:terraform",
            "description": "",
            "from": "vlan-2381",
            "id": "uni/infra/vlanns-[dynamic]-dynamic/from-[vlan-2381]-to-[vlan-2381]",
            "name_alias": "",
            "role": "external",
            "to": "vlan-2381",
            "vlan_pool_dn": "uni/infra/vlanns-[dynamic]-dynamic"
          },
          "sensitive_attributes": [],
          "private": "eyJzY2hlbWFfdmVyc2lvbiI6IjEifQ==",
          "dependencies": [
            "data.aci_vlan_pool.dynamic"
          ]
        }
      ]
    },
    {
      "mode": "managed",
      "type": "aci_ranges",
      "name": "dynamic_2382",
      "provider": "provider[\"registry.terraform.io/ciscodevnet/aci\"]",
      "instances": [
        {
          "schema_version": 1,
          "attributes": {
            "alloc_mode": "inherit",
            "annotation": "orchestrator:terraform",
            "description": "",
            "from": "vlan-2382",
            "id": "uni/infra/vlanns-[dynamic]-dynamic/from-[vlan-2382]-to-[vlan-2382]",
            "name_alias": "",
            "role": "external",
            "to": "vlan-2382",
            "vlan_pool_dn": "uni/infra/vlanns-[dynamic]-dynamic"
          },
          "sensitive_attributes": [],
          "private": "eyJzY2hlbWFfdmVyc2lvbiI6IjEifQ==",
          "dependencies": [
            "data.aci_vlan_pool.dynamic"
          ]
        }
      ]
    },
    {
      "mode": "managed",
      "type": "aci_ranges",
      "name": "dynamic_2383",
      "provider": "provider[\"registry.terraform.io/ciscodevnet/aci\"]",
      "instances": [
        {
          "schema_version": 1,
          "attributes": {
            "alloc_mode": "inherit",
            "annotation": "orchestrator:terraform",
            "description": "",
            "from": "vlan-2383",
            "id": "uni/infra/vlanns-[dynamic]-dynamic/from-[vlan-2383]-to-[vlan-2383]",
            "name_alias": "",
            "role": "external",
            "to": "vlan-2383",
            "vlan_pool_dn": "uni/infra/vlanns-[dynamic]-dynamic"
          },
          "sensitive_attributes": [],
          "private": "eyJzY2hlbWFfdmVyc2lvbiI6IjEifQ==",
          "dependencies": [
            "data.aci_vlan_pool.dynamic"
          ]
        }
      ]
    },
    {
      "mode": "managed",
      "type": "aci_ranges",
      "name": "dynamic_2384",
      "provider": "provider[\"registry.terraform.io/ciscodevnet/aci\"]",
      "instances": [
        {
          "schema_version": 1,
          "attributes": {
            "alloc_mode": "inherit",
            "annotation": "orchestrator:terraform",
            "description": "",
            "from": "vlan-2384",
            "id": "uni/infra/vlanns-[dynamic]-dynamic/from-[vlan-2384]-to-[vlan-2384]",
            "name_alias": "",
            "role": "external",
            "to": "vlan-2384",
            "vlan_pool_dn": "uni/infra/vlanns-[dynamic]-dynamic"
          },
          "sensitive_attributes": [],
          "private": "eyJzY2hlbWFfdmVyc2lvbiI6IjEifQ==",
          "dependencies": [
            "data.aci_vlan_pool.dynamic"
          ]
        }
      ]
    },
    {
      "mode": "managed",
      "type": "aci_ranges",
      "name": "dynamic_2385",
      "provider": "provider[\"registry.terraform.io/ciscodevnet/aci\"]",
      "instances": [
        {
          "schema_version": 1,
          "attributes": {
            "alloc_mode": "inherit",
            "annotation": "orchestrator:terraform",
            "description": "",
            "from": "vlan-2385",
            "id": "uni/infra/vlanns-[dynamic]-dynamic/from-[vlan-2385]-to-[vlan-2385]",
            "name_alias": "",
            "role": "external",
            "to": "vlan-2385",
            "vlan_pool_dn": "uni/infra/vlanns-[dynamic]-dynamic"
          },
          "sensitive_attributes": [],
          "private": "eyJzY2hlbWFfdmVyc2lvbiI6IjEifQ==",
          "dependencies": [
            "data.aci_vlan_pool.dynamic"
          ]
        }
      ]
    },
    {
      "mode": "managed",
      "type": "aci_ranges",
      "name": "dynamic_2386",
      "provider": "provider[\"registry.terraform.io/ciscodevnet/aci\"]",
      "instances": [
        {
          "schema_version": 1,
          "attributes": {
            "alloc_mode": "inherit",
            "annotation": "orchestrator:terraform",
            "description": "",
            "from": "vlan-2386",
            "id": "uni/infra/vlanns-[dynamic]-dynamic/from-[vlan-2386]-to-[vlan-2386]",
            "name_alias": "",
            "role": "external",
            "to": "vlan-2386",
            "vlan_pool_dn": "uni/infra/vlanns-[dynamic]-dynamic"
          },
          "sensitive_attributes": [],
          "private": "eyJzY2hlbWFfdmVyc2lvbiI6IjEifQ==",
          "dependencies": [
            "data.aci_vlan_pool.dynamic"
          ]
        }
      ]
    },
    {
      "mode": "managed",
      "type": "aci_ranges",
      "name": "dynamic_2387",
      "provider": "provider[\"registry.terraform.io/ciscodevnet/aci\"]",
      "instances": [
        {
          "schema_version": 1,
          "attributes": {
            "alloc_mode": "inherit",
            "annotation": "orchestrator:terraform",
            "description": "",
            "from": "vlan-2387",
            "id": "uni/infra/vlanns-[dynamic]-dynamic/from-[vlan-2387]-to-[vlan-2387]",
            "name_alias": "",
            "role": "external",
            "to": "vlan-2387",
            "vlan_pool_dn": "uni/infra/vlanns-[dynamic]-dynamic"
          },
          "sensitive_attributes": [],
          "private": "eyJzY2hlbWFfdmVyc2lvbiI6IjEifQ==",
          "dependencies": [
            "data.aci_vlan_pool.dynamic"
          ]
        }
      ]
    },
    {
      "mode": "managed",
      "type": "aci_ranges",
      "name": "dynamic_2388",
      "provider": "provider[\"registry.terraform.io/ciscodevnet/aci\"]",
      "instances": [
        {
          "schema_version": 1,
          "attributes": {
            "alloc_mode": "inherit",
            "annotation": "orchestrator:terraform",
            "description": "",
            "from": "vlan-2388",
            "id": "uni/infra/vlanns-[dynamic]-dynamic/from-[vlan-2388]-to-[vlan-2388]",
            "name_alias": "",
            "role": "external",
            "to": "vlan-2388",
            "vlan_pool_dn": "uni/infra/vlanns-[dynamic]-dynamic"
          },
          "sensitive_attributes": [],
          "private": "eyJzY2hlbWFfdmVyc2lvbiI6IjEifQ==",
          "dependencies": [
            "data.aci_vlan_pool.dynamic"
          ]
        }
      ]
    },
    {
      "mode": "managed",
      "type": "aci_ranges",
      "name": "dynamic_2389",
      "provider": "provider[\"registry.terraform.io/ciscodevnet/aci\"]",
      "instances": [
        {
          "schema_version": 1,
          "attributes": {
            "alloc_mode": "inherit",
            "annotation": "orchestrator:terraform",
            "description": "",
            "from": "vlan-2389",
            "id": "uni/infra/vlanns-[dynamic]-dynamic/from-[vlan-2389]-to-[vlan-2389]",
            "name_alias": "",
            "role": "external",
            "to": "vlan-2389",
            "vlan_pool_dn": "uni/infra/vlanns-[dynamic]-dynamic"
          },
          "sensitive_attributes": [],
          "private": "eyJzY2hlbWFfdmVyc2lvbiI6IjEifQ==",
          "dependencies": [
            "data.aci_vlan_pool.dynamic"
          ]
        }
      ]
    },
    {
      "mode": "managed",
      "type": "aci_ranges",
      "name": "dynamic_2390",
      "provider": "provider[\"registry.terraform.io/ciscodevnet/aci\"]",
      "instances": [
        {
          "schema_version": 1,
          "attributes": {
            "alloc_mode": "inherit",
            "annotation": "orchestrator:terraform",
            "description": "",
            "from": "vlan-2390",
            "id": "uni/infra/vlanns-[dynamic]-dynamic/from-[vlan-2390]-to-[vlan-2390]",
            "name_alias": "",
            "role": "external",
            "to": "vlan-2390",
            "vlan_pool_dn": "uni/infra/vlanns-[dynamic]-dynamic"
          },
          "sensitive_attributes": [],
          "private": "eyJzY2hlbWFfdmVyc2lvbiI6IjEifQ==",
          "dependencies": [
            "data.aci_vlan_pool.dynamic"
          ]
        }
      ]
    },
    {
      "mode": "managed",
      "type": "aci_ranges",
      "name": "dynamic_2391",
      "provider": "provider[\"registry.terraform.io/ciscodevnet/aci\"]",
      "instances": [
        {
          "schema_version": 1,
          "attributes": {
            "alloc_mode": "inherit",
            "annotation": "orchestrator:terraform",
            "description": "",
            "from": "vlan-2391",
            "id": "uni/infra/vlanns-[dynamic]-dynamic/from-[vlan-2391]-to-[vlan-2391]",
            "name_alias": "",
            "role": "external",
            "to": "vlan-2391",
            "vlan_pool_dn": "uni/infra/vlanns-[dynamic]-dynamic"
          },
          "sensitive_attributes": [],
          "private": "eyJzY2hlbWFfdmVyc2lvbiI6IjEifQ==",
          "dependencies": [
            "data.aci_vlan_pool.dynamic"
          ]
        }
      ]
    },
    {
      "mode": "managed",
      "type": "aci_ranges",
      "name": "dynamic_2392",
      "provider": "provider[\"registry.terraform.io/ciscodevnet/aci\"]",
      "instances": [
        {
          "schema_version": 1,
          "attributes": {
            "alloc_mode": "inherit",
            "annotation": "orchestrator:terraform",
            "description": "",
            "from": "vlan-2392",
            "id": "uni/infra/vlanns-[dynamic]-dynamic/from-[vlan-2392]-to-[vlan-2392]",
            "name_alias": "",
            "role": "external",
            "to": "vlan-2392",
            "vlan_pool_dn": "uni/infra/vlanns-[dynamic]-dynamic"
          },
          "sensitive_attributes": [],
          "private": "eyJzY2hlbWFfdmVyc2lvbiI6IjEifQ==",
          "dependencies": [
            "data.aci_vlan_pool.dynamic"
          ]
        }
      ]
    },
    {
      "mode": "managed",
      "type": "aci_ranges",
      "name": "dynamic_2393",
      "provider": "provider[\"registry.terraform.io/ciscodevnet/aci\"]",
      "instances": [
        {
          "schema_version": 1,
          "attributes": {
            "alloc_mode": "inherit",
            "annotation": "orchestrator:terraform",
            "description": "",
            "from": "vlan-2393",
            "id": "uni/infra/vlanns-[dynamic]-dynamic/from-[vlan-2393]-to-[vlan-2393]",
            "name_alias": "",
            "role": "external",
            "to": "vlan-2393",
            "vlan_pool_dn": "uni/infra/vlanns-[dynamic]-dynamic"
          },
          "sensitive_attributes": [],
          "private": "eyJzY2hlbWFfdmVyc2lvbiI6IjEifQ==",
          "dependencies": [
            "data.aci_vlan_pool.dynamic"
          ]
        }
      ]
    },
    {
      "mode": "managed",
      "type": "aci_ranges",
      "name": "dynamic_2394",
      "provider": "provider[\"registry.terraform.io/ciscodevnet/aci\"]",
      "instances": [
        {
          "schema_version": 1,
          "attributes": {
            "alloc_mode": "inherit",
            "annotation": "orchestrator:terraform",
            "description": "",
            "from": "vlan-2394",
            "id": "uni/infra/vlanns-[dynamic]-dynamic/from-[vlan-2394]-to-[vlan-2394]",
            "name_alias": "",
            "role": "external",
            "to": "vlan-2394",
            "vlan_pool_dn": "uni/infra/vlanns-[dynamic]-dynamic"
          },
          "sensitive_attributes": [],
          "private": "eyJzY2hlbWFfdmVyc2lvbiI6IjEifQ==",
          "dependencies": [
            "data.aci_vlan_pool.dynamic"
          ]
        }
      ]
    },
    {
      "mode": "managed",
      "type": "aci_ranges",
      "name": "dynamic_2395",
      "provider": "provider[\"registry.terraform.io/ciscodevnet/aci\"]",
      "instances": [
        {
          "schema_version": 1,
          "attributes": {
            "alloc_mode": "inherit",
            "annotation": "orchestrator:terraform",
            "description": "",
            "from": "vlan-2395",
            "id": "uni/infra/vlanns-[dynamic]-dynamic/from-[vlan-2395]-to-[vlan-2395]",
            "name_alias": "",
            "role": "external",
            "to": "vlan-2395",
            "vlan_pool_dn": "uni/infra/vlanns-[dynamic]-dynamic"
          },
          "sensitive_attributes": [],
          "private": "eyJzY2hlbWFfdmVyc2lvbiI6IjEifQ==",
          "dependencies": [
            "data.aci_vlan_pool.dynamic"
          ]
        }
      ]
    },
    {
      "mode": "managed",
      "type": "aci_ranges",
      "name": "dynamic_2396",
      "provider": "provider[\"registry.terraform.io/ciscodevnet/aci\"]",
      "instances": [
        {
          "schema_version": 1,
          "attributes": {
            "alloc_mode": "inherit",
            "annotation": "orchestrator:terraform",
            "description": "",
            "from": "vlan-2396",
            "id": "uni/infra/vlanns-[dynamic]-dynamic/from-[vlan-2396]-to-[vlan-2396]",
            "name_alias": "",
            "role": "external",
            "to": "vlan-2396",
            "vlan_pool_dn": "uni/infra/vlanns-[dynamic]-dynamic"
          },
          "sensitive_attributes": [],
          "private": "eyJzY2hlbWFfdmVyc2lvbiI6IjEifQ==",
          "dependencies": [
            "data.aci_vlan_pool.dynamic"
          ]
        }
      ]
    },
    {
      "mode": "managed",
      "type": "aci_ranges",
      "name": "dynamic_2397",
      "provider": "provider[\"registry.terraform.io/ciscodevnet/aci\"]",
      "instances": [
        {
          "schema_version": 1,
          "attributes": {
            "alloc_mode": "inherit",
            "annotation": "orchestrator:terraform",
            "description": "",
            "from": "vlan-2397",
            "id": "uni/infra/vlanns-[dynamic]-dynamic/from-[vlan-2397]-to-[vlan-2397]",
            "name_alias": "",
            "role": "external",
            "to": "vlan-2397",
            "vlan_pool_dn": "uni/infra/vlanns-[dynamic]-dynamic"
          },
          "sensitive_attributes": [],
          "private": "eyJzY2hlbWFfdmVyc2lvbiI6IjEifQ==",
          "dependencies": [
            "data.aci_vlan_pool.dynamic"
          ]
        }
      ]
    },
    {
      "mode": "managed",
      "type": "aci_ranges",
      "name": "dynamic_2398",
      "provider": "provider[\"registry.terraform.io/ciscodevnet/aci\"]",
      "instances": [
        {
          "schema_version": 1,
          "attributes": {
            "alloc_mode": "inherit",
            "annotation": "orchestrator:terraform",
            "description": "",
            "from": "vlan-2398",
            "id": "uni/infra/vlanns-[dynamic]-dynamic/from-[vlan-2398]-to-[vlan-2398]",
            "name_alias": "",
            "role": "external",
            "to": "vlan-2398",
            "vlan_pool_dn": "uni/infra/vlanns-[dynamic]-dynamic"
          },
          "sensitive_attributes": [],
          "private": "eyJzY2hlbWFfdmVyc2lvbiI6IjEifQ==",
          "dependencies": [
            "data.aci_vlan_pool.dynamic"
          ]
        }
      ]
    },
    {
      "mode": "managed",
      "type": "aci_ranges",
      "name": "dynamic_2399",
      "provider": "provider[\"registry.terraform.io/ciscodevnet/aci\"]",
      "instances": [
        {
          "schema_version": 1,
          "attributes": {
            "alloc_mode": "inherit",
            "annotation": "orchestrator:terraform",
            "description": "",
            "from": "vlan-2399",
            "id": "uni/infra/vlanns-[dynamic]-dynamic/from-[vlan-2399]-to-[vlan-2399]",
            "name_alias": "",
            "role": "external",
            "to": "vlan-2399",
            "vlan_pool_dn": "uni/infra/vlanns-[dynamic]-dynamic"
          },
          "sensitive_attributes": [],
          "private": "eyJzY2hlbWFfdmVyc2lvbiI6IjEifQ==",
          "dependencies": [
            "data.aci_vlan_pool.dynamic"
          ]
        }
      ]
    },
    {
      "mode": "managed",
      "type": "aci_ranges",
      "name": "dynamic_2400",
      "provider": "provider[\"registry.terraform.io/ciscodevnet/aci\"]",
      "instances": [
        {
          "schema_version": 1,
          "attributes": {
            "alloc_mode": "inherit",
            "annotation": "orchestrator:terraform",
            "description": "",
            "from": "vlan-2400",
            "id": "uni/infra/vlanns-[dynamic]-dynamic/from-[vlan-2400]-to-[vlan-2400]",
            "name_alias": "",
            "role": "external",
            "to": "vlan-2400",
            "vlan_pool_dn": "uni/infra/vlanns-[dynamic]-dynamic"
          },
          "sensitive_attributes": [],
          "private": "eyJzY2hlbWFfdmVyc2lvbiI6IjEifQ==",
          "dependencies": [
            "data.aci_vlan_pool.dynamic"
          ]
        }
      ]
    },
    {
      "mode": "managed",
      "type": "aci_ranges",
      "name": "dynamic_2401",
      "provider": "provider[\"registry.terraform.io/ciscodevnet/aci\"]",
      "instances": [
        {
          "schema_version": 1,
          "attributes": {
            "alloc_mode": "inherit",
            "annotation": "orchestrator:terraform",
            "description": "",
            "from": "vlan-2401",
            "id": "uni/infra/vlanns-[dynamic]-dynamic/from-[vlan-2401]-to-[vlan-2401]",
            "name_alias": "",
            "role": "external",
            "to": "vlan-2401",
            "vlan_pool_dn": "uni/infra/vlanns-[dynamic]-dynamic"
          },
          "sensitive_attributes": [],
          "private": "eyJzY2hlbWFfdmVyc2lvbiI6IjEifQ==",
          "dependencies": [
            "data.aci_vlan_pool.dynamic"
          ]
        }
      ]
    },
    {
      "mode": "managed",
      "type": "aci_ranges",
      "name": "dynamic_2402",
      "provider": "provider[\"registry.terraform.io/ciscodevnet/aci\"]",
      "instances": [
        {
          "schema_version": 1,
          "attributes": {
            "alloc_mode": "inherit",
            "annotation": "orchestrator:terraform",
            "description": "",
            "from": "vlan-2402",
            "id": "uni/infra/vlanns-[dynamic]-dynamic/from-[vlan-2402]-to-[vlan-2402]",
            "name_alias": "",
            "role": "external",
            "to": "vlan-2402",
            "vlan_pool_dn": "uni/infra/vlanns-[dynamic]-dynamic"
          },
          "sensitive_attributes": [],
          "private": "eyJzY2hlbWFfdmVyc2lvbiI6IjEifQ==",
          "dependencies": [
            "data.aci_vlan_pool.dynamic"
          ]
        }
      ]
    },
    {
      "mode": "managed",
      "type": "aci_ranges",
      "name": "dynamic_2403",
      "provider": "provider[\"registry.terraform.io/ciscodevnet/aci\"]",
      "instances": [
        {
          "schema_version": 1,
          "attributes": {
            "alloc_mode": "inherit",
            "annotation": "orchestrator:terraform",
            "description": "",
            "from": "vlan-2403",
            "id": "uni/infra/vlanns-[dynamic]-dynamic/from-[vlan-2403]-to-[vlan-2403]",
            "name_alias": "",
            "role": "external",
            "to": "vlan-2403",
            "vlan_pool_dn": "uni/infra/vlanns-[dynamic]-dynamic"
          },
          "sensitive_attributes": [],
          "private": "eyJzY2hlbWFfdmVyc2lvbiI6IjEifQ==",
          "dependencies": [
            "data.aci_vlan_pool.dynamic"
          ]
        }
      ]
    },
    {
      "mode": "managed",
      "type": "aci_ranges",
      "name": "dynamic_2404",
      "provider": "provider[\"registry.terraform.io/ciscodevnet/aci\"]",
      "instances": [
        {
          "schema_version": 1,
          "attributes": {
            "alloc_mode": "inherit",
            "annotation": "orchestrator:terraform",
            "description": "",
            "from": "vlan-2404",
            "id": "uni/infra/vlanns-[dynamic]-dynamic/from-[vlan-2404]-to-[vlan-2404]",
            "name_alias": "",
            "role": "external",
            "to": "vlan-2404",
            "vlan_pool_dn": "uni/infra/vlanns-[dynamic]-dynamic"
          },
          "sensitive_attributes": [],
          "private": "eyJzY2hlbWFfdmVyc2lvbiI6IjEifQ==",
          "dependencies": [
            "data.aci_vlan_pool.dynamic"
          ]
        }
      ]
    },
    {
      "mode": "managed",
      "type": "aci_ranges",
      "name": "dynamic_2405",
      "provider": "provider[\"registry.terraform.io/ciscodevnet/aci\"]",
      "instances": [
        {
          "schema_version": 1,
          "attributes": {
            "alloc_mode": "inherit",
            "annotation": "orchestrator:terraform",
            "description": "",
            "from": "vlan-2405",
            "id": "uni/infra/vlanns-[dynamic]-dynamic/from-[vlan-2405]-to-[vlan-2405]",
            "name_alias": "",
            "role": "external",
            "to": "vlan-2405",
            "vlan_pool_dn": "uni/infra/vlanns-[dynamic]-dynamic"
          },
          "sensitive_attributes": [],
          "private": "eyJzY2hlbWFfdmVyc2lvbiI6IjEifQ==",
          "dependencies": [
            "data.aci_vlan_pool.dynamic"
          ]
        }
      ]
    },
    {
      "mode": "managed",
      "type": "aci_ranges",
      "name": "dynamic_2406",
      "provider": "provider[\"registry.terraform.io/ciscodevnet/aci\"]",
      "instances": [
        {
          "schema_version": 1,
          "attributes": {
            "alloc_mode": "inherit",
            "annotation": "orchestrator:terraform",
            "description": "",
            "from": "vlan-2406",
            "id": "uni/infra/vlanns-[dynamic]-dynamic/from-[vlan-2406]-to-[vlan-2406]",
            "name_alias": "",
            "role": "external",
            "to": "vlan-2406",
            "vlan_pool_dn": "uni/infra/vlanns-[dynamic]-dynamic"
          },
          "sensitive_attributes": [],
          "private": "eyJzY2hlbWFfdmVyc2lvbiI6IjEifQ==",
          "dependencies": [
            "data.aci_vlan_pool.dynamic"
          ]
        }
      ]
    },
    {
      "mode": "managed",
      "type": "aci_ranges",
      "name": "dynamic_2407",
      "provider": "provider[\"registry.terraform.io/ciscodevnet/aci\"]",
      "instances": [
        {
          "schema_version": 1,
          "attributes": {
            "alloc_mode": "inherit",
            "annotation": "orchestrator:terraform",
            "description": "",
            "from": "vlan-2407",
            "id": "uni/infra/vlanns-[dynamic]-dynamic/from-[vlan-2407]-to-[vlan-2407]",
            "name_alias": "",
            "role": "external",
            "to": "vlan-2407",
            "vlan_pool_dn": "uni/infra/vlanns-[dynamic]-dynamic"
          },
          "sensitive_attributes": [],
          "private": "eyJzY2hlbWFfdmVyc2lvbiI6IjEifQ==",
          "dependencies": [
            "data.aci_vlan_pool.dynamic"
          ]
        }
      ]
    },
    {
      "mode": "managed",
      "type": "aci_ranges",
      "name": "dynamic_2408",
      "provider": "provider[\"registry.terraform.io/ciscodevnet/aci\"]",
      "instances": [
        {
          "schema_version": 1,
          "attributes": {
            "alloc_mode": "inherit",
            "annotation": "orchestrator:terraform",
            "description": "",
            "from": "vlan-2408",
            "id": "uni/infra/vlanns-[dynamic]-dynamic/from-[vlan-2408]-to-[vlan-2408]",
            "name_alias": "",
            "role": "external",
            "to": "vlan-2408",
            "vlan_pool_dn": "uni/infra/vlanns-[dynamic]-dynamic"
          },
          "sensitive_attributes": [],
          "private": "eyJzY2hlbWFfdmVyc2lvbiI6IjEifQ==",
          "dependencies": [
            "data.aci_vlan_pool.dynamic"
          ]
        }
      ]
    },
    {
      "mode": "managed",
      "type": "aci_ranges",
      "name": "dynamic_2409",
      "provider": "provider[\"registry.terraform.io/ciscodevnet/aci\"]",
      "instances": [
        {
          "schema_version": 1,
          "attributes": {
            "alloc_mode": "inherit",
            "annotation": "orchestrator:terraform",
            "description": "",
            "from": "vlan-2409",
            "id": "uni/infra/vlanns-[dynamic]-dynamic/from-[vlan-2409]-to-[vlan-2409]",
            "name_alias": "",
            "role": "external",
            "to": "vlan-2409",
            "vlan_pool_dn": "uni/infra/vlanns-[dynamic]-dynamic"
          },
          "sensitive_attributes": [],
          "private": "eyJzY2hlbWFfdmVyc2lvbiI6IjEifQ==",
          "dependencies": [
            "data.aci_vlan_pool.dynamic"
          ]
        }
      ]
    },
    {
      "mode": "managed",
      "type": "aci_ranges",
      "name": "dynamic_2410",
      "provider": "provider[\"registry.terraform.io/ciscodevnet/aci\"]",
      "instances": [
        {
          "schema_version": 1,
          "attributes": {
            "alloc_mode": "inherit",
            "annotation": "orchestrator:terraform",
            "description": "",
            "from": "vlan-2410",
            "id": "uni/infra/vlanns-[dynamic]-dynamic/from-[vlan-2410]-to-[vlan-2410]",
            "name_alias": "",
            "role": "external",
            "to": "vlan-2410",
            "vlan_pool_dn": "uni/infra/vlanns-[dynamic]-dynamic"
          },
          "sensitive_attributes": [],
          "private": "eyJzY2hlbWFfdmVyc2lvbiI6IjEifQ==",
          "dependencies": [
            "data.aci_vlan_pool.dynamic"
          ]
        }
      ]
    },
    {
      "mode": "managed",
      "type": "aci_ranges",
      "name": "dynamic_2411",
      "provider": "provider[\"registry.terraform.io/ciscodevnet/aci\"]",
      "instances": [
        {
          "schema_version": 1,
          "attributes": {
            "alloc_mode": "inherit",
            "annotation": "orchestrator:terraform",
            "description": "",
            "from": "vlan-2411",
            "id": "uni/infra/vlanns-[dynamic]-dynamic/from-[vlan-2411]-to-[vlan-2411]",
            "name_alias": "",
            "role": "external",
            "to": "vlan-2411",
            "vlan_pool_dn": "uni/infra/vlanns-[dynamic]-dynamic"
          },
          "sensitive_attributes": [],
          "private": "eyJzY2hlbWFfdmVyc2lvbiI6IjEifQ==",
          "dependencies": [
            "data.aci_vlan_pool.dynamic"
          ]
        }
      ]
    },
    {
      "mode": "managed",
      "type": "aci_ranges",
      "name": "dynamic_2412",
      "provider": "provider[\"registry.terraform.io/ciscodevnet/aci\"]",
      "instances": [
        {
          "schema_version": 1,
          "attributes": {
            "alloc_mode": "inherit",
            "annotation": "orchestrator:terraform",
            "description": "",
            "from": "vlan-2412",
            "id": "uni/infra/vlanns-[dynamic]-dynamic/from-[vlan-2412]-to-[vlan-2412]",
            "name_alias": "",
            "role": "external",
            "to": "vlan-2412",
            "vlan_pool_dn": "uni/infra/vlanns-[dynamic]-dynamic"
          },
          "sensitive_attributes": [],
          "private": "eyJzY2hlbWFfdmVyc2lvbiI6IjEifQ==",
          "dependencies": [
            "data.aci_vlan_pool.dynamic"
          ]
        }
      ]
    },
    {
      "mode": "managed",
      "type": "aci_ranges",
      "name": "dynamic_2413",
      "provider": "provider[\"registry.terraform.io/ciscodevnet/aci\"]",
      "instances": [
        {
          "schema_version": 1,
          "attributes": {
            "alloc_mode": "inherit",
            "annotation": "orchestrator:terraform",
            "description": "",
            "from": "vlan-2413",
            "id": "uni/infra/vlanns-[dynamic]-dynamic/from-[vlan-2413]-to-[vlan-2413]",
            "name_alias": "",
            "role": "external",
            "to": "vlan-2413",
            "vlan_pool_dn": "uni/infra/vlanns-[dynamic]-dynamic"
          },
          "sensitive_attributes": [],
          "private": "eyJzY2hlbWFfdmVyc2lvbiI6IjEifQ==",
          "dependencies": [
            "data.aci_vlan_pool.dynamic"
          ]
        }
      ]
    },
    {
      "mode": "managed",
      "type": "aci_ranges",
      "name": "dynamic_2414",
      "provider": "provider[\"registry.terraform.io/ciscodevnet/aci\"]",
      "instances": [
        {
          "schema_version": 1,
          "attributes": {
            "alloc_mode": "inherit",
            "annotation": "orchestrator:terraform",
            "description": "",
            "from": "vlan-2414",
            "id": "uni/infra/vlanns-[dynamic]-dynamic/from-[vlan-2414]-to-[vlan-2414]",
            "name_alias": "",
            "role": "external",
            "to": "vlan-2414",
            "vlan_pool_dn": "uni/infra/vlanns-[dynamic]-dynamic"
          },
          "sensitive_attributes": [],
          "private": "eyJzY2hlbWFfdmVyc2lvbiI6IjEifQ==",
          "dependencies": [
            "data.aci_vlan_pool.dynamic"
          ]
        }
      ]
    },
    {
      "mode": "managed",
      "type": "aci_ranges",
      "name": "dynamic_2415",
      "provider": "provider[\"registry.terraform.io/ciscodevnet/aci\"]",
      "instances": [
        {
          "schema_version": 1,
          "attributes": {
            "alloc_mode": "inherit",
            "annotation": "orchestrator:terraform",
            "description": "",
            "from": "vlan-2415",
            "id": "uni/infra/vlanns-[dynamic]-dynamic/from-[vlan-2415]-to-[vlan-2415]",
            "name_alias": "",
            "role": "external",
            "to": "vlan-2415",
            "vlan_pool_dn": "uni/infra/vlanns-[dynamic]-dynamic"
          },
          "sensitive_attributes": [],
          "private": "eyJzY2hlbWFfdmVyc2lvbiI6IjEifQ==",
          "dependencies": [
            "data.aci_vlan_pool.dynamic"
          ]
        }
      ]
    },
    {
      "mode": "managed",
      "type": "aci_ranges",
      "name": "dynamic_2416",
      "provider": "provider[\"registry.terraform.io/ciscodevnet/aci\"]",
      "instances": [
        {
          "schema_version": 1,
          "attributes": {
            "alloc_mode": "inherit",
            "annotation": "orchestrator:terraform",
            "description": "",
            "from": "vlan-2416",
            "id": "uni/infra/vlanns-[dynamic]-dynamic/from-[vlan-2416]-to-[vlan-2416]",
            "name_alias": "",
            "role": "external",
            "to": "vlan-2416",
            "vlan_pool_dn": "uni/infra/vlanns-[dynamic]-dynamic"
          },
          "sensitive_attributes": [],
          "private": "eyJzY2hlbWFfdmVyc2lvbiI6IjEifQ==",
          "dependencies": [
            "data.aci_vlan_pool.dynamic"
          ]
        }
      ]
    },
    {
      "mode": "managed",
      "type": "aci_ranges",
      "name": "dynamic_2417",
      "provider": "provider[\"registry.terraform.io/ciscodevnet/aci\"]",
      "instances": [
        {
          "schema_version": 1,
          "attributes": {
            "alloc_mode": "inherit",
            "annotation": "orchestrator:terraform",
            "description": "",
            "from": "vlan-2417",
            "id": "uni/infra/vlanns-[dynamic]-dynamic/from-[vlan-2417]-to-[vlan-2417]",
            "name_alias": "",
            "role": "external",
            "to": "vlan-2417",
            "vlan_pool_dn": "uni/infra/vlanns-[dynamic]-dynamic"
          },
          "sensitive_attributes": [],
          "private": "eyJzY2hlbWFfdmVyc2lvbiI6IjEifQ==",
          "dependencies": [
            "data.aci_vlan_pool.dynamic"
          ]
        }
      ]
    },
    {
      "mode": "managed",
      "type": "aci_ranges",
      "name": "dynamic_2418",
      "provider": "provider[\"registry.terraform.io/ciscodevnet/aci\"]",
      "instances": [
        {
          "schema_version": 1,
          "attributes": {
            "alloc_mode": "inherit",
            "annotation": "orchestrator:terraform",
            "description": "",
            "from": "vlan-2418",
            "id": "uni/infra/vlanns-[dynamic]-dynamic/from-[vlan-2418]-to-[vlan-2418]",
            "name_alias": "",
            "role": "external",
            "to": "vlan-2418",
            "vlan_pool_dn": "uni/infra/vlanns-[dynamic]-dynamic"
          },
          "sensitive_attributes": [],
          "private": "eyJzY2hlbWFfdmVyc2lvbiI6IjEifQ==",
          "dependencies": [
            "data.aci_vlan_pool.dynamic"
          ]
        }
      ]
    },
    {
      "mode": "managed",
      "type": "aci_ranges",
      "name": "dynamic_2419",
      "provider": "provider[\"registry.terraform.io/ciscodevnet/aci\"]",
      "instances": [
        {
          "schema_version": 1,
          "attributes": {
            "alloc_mode": "inherit",
            "annotation": "orchestrator:terraform",
            "description": "",
            "from": "vlan-2419",
            "id": "uni/infra/vlanns-[dynamic]-dynamic/from-[vlan-2419]-to-[vlan-2419]",
            "name_alias": "",
            "role": "external",
            "to": "vlan-2419",
            "vlan_pool_dn": "uni/infra/vlanns-[dynamic]-dynamic"
          },
          "sensitive_attributes": [],
          "private": "eyJzY2hlbWFfdmVyc2lvbiI6IjEifQ==",
          "dependencies": [
            "data.aci_vlan_pool.dynamic"
          ]
        }
      ]
    },
    {
      "mode": "managed",
      "type": "aci_ranges",
      "name": "dynamic_2420",
      "provider": "provider[\"registry.terraform.io/ciscodevnet/aci\"]",
      "instances": [
        {
          "schema_version": 1,
          "attributes": {
            "alloc_mode": "inherit",
            "annotation": "orchestrator:terraform",
            "description": "",
            "from": "vlan-2420",
            "id": "uni/infra/vlanns-[dynamic]-dynamic/from-[vlan-2420]-to-[vlan-2420]",
            "name_alias": "",
            "role": "external",
            "to": "vlan-2420",
            "vlan_pool_dn": "uni/infra/vlanns-[dynamic]-dynamic"
          },
          "sensitive_attributes": [],
          "private": "eyJzY2hlbWFfdmVyc2lvbiI6IjEifQ==",
          "dependencies": [
            "data.aci_vlan_pool.dynamic"
          ]
        }
      ]
    },
    {
      "mode": "managed",
      "type": "aci_ranges",
      "name": "dynamic_2421",
      "provider": "provider[\"registry.terraform.io/ciscodevnet/aci\"]",
      "instances": [
        {
          "schema_version": 1,
          "attributes": {
            "alloc_mode": "inherit",
            "annotation": "orchestrator:terraform",
            "description": "",
            "from": "vlan-2421",
            "id": "uni/infra/vlanns-[dynamic]-dynamic/from-[vlan-2421]-to-[vlan-2421]",
            "name_alias": "",
            "role": "external",
            "to": "vlan-2421",
            "vlan_pool_dn": "uni/infra/vlanns-[dynamic]-dynamic"
          },
          "sensitive_attributes": [],
          "private": "eyJzY2hlbWFfdmVyc2lvbiI6IjEifQ==",
          "dependencies": [
            "data.aci_vlan_pool.dynamic"
          ]
        }
      ]
    },
    {
      "mode": "managed",
      "type": "aci_ranges",
      "name": "dynamic_2422",
      "provider": "provider[\"registry.terraform.io/ciscodevnet/aci\"]",
      "instances": [
        {
          "schema_version": 1,
          "attributes": {
            "alloc_mode": "inherit",
            "annotation": "orchestrator:terraform",
            "description": "",
            "from": "vlan-2422",
            "id": "uni/infra/vlanns-[dynamic]-dynamic/from-[vlan-2422]-to-[vlan-2422]",
            "name_alias": "",
            "role": "external",
            "to": "vlan-2422",
            "vlan_pool_dn": "uni/infra/vlanns-[dynamic]-dynamic"
          },
          "sensitive_attributes": [],
          "private": "eyJzY2hlbWFfdmVyc2lvbiI6IjEifQ==",
          "dependencies": [
            "data.aci_vlan_pool.dynamic"
          ]
        }
      ]
    },
    {
      "mode": "managed",
      "type": "aci_ranges",
      "name": "dynamic_2423",
      "provider": "provider[\"registry.terraform.io/ciscodevnet/aci\"]",
      "instances": [
        {
          "schema_version": 1,
          "attributes": {
            "alloc_mode": "inherit",
            "annotation": "orchestrator:terraform",
            "description": "",
            "from": "vlan-2423",
            "id": "uni/infra/vlanns-[dynamic]-dynamic/from-[vlan-2423]-to-[vlan-2423]",
            "name_alias": "",
            "role": "external",
            "to": "vlan-2423",
            "vlan_pool_dn": "uni/infra/vlanns-[dynamic]-dynamic"
          },
          "sensitive_attributes": [],
          "private": "eyJzY2hlbWFfdmVyc2lvbiI6IjEifQ==",
          "dependencies": [
            "data.aci_vlan_pool.dynamic"
          ]
        }
      ]
    },
    {
      "mode": "managed",
      "type": "aci_ranges",
      "name": "dynamic_2424",
      "provider": "provider[\"registry.terraform.io/ciscodevnet/aci\"]",
      "instances": [
        {
          "schema_version": 1,
          "attributes": {
            "alloc_mode": "inherit",
            "annotation": "orchestrator:terraform",
            "description": "",
            "from": "vlan-2424",
            "id": "uni/infra/vlanns-[dynamic]-dynamic/from-[vlan-2424]-to-[vlan-2424]",
            "name_alias": "",
            "role": "external",
            "to": "vlan-2424",
            "vlan_pool_dn": "uni/infra/vlanns-[dynamic]-dynamic"
          },
          "sensitive_attributes": [],
          "private": "eyJzY2hlbWFfdmVyc2lvbiI6IjEifQ==",
          "dependencies": [
            "data.aci_vlan_pool.dynamic"
          ]
        }
      ]
    },
    {
      "mode": "managed",
      "type": "aci_ranges",
      "name": "dynamic_2425",
      "provider": "provider[\"registry.terraform.io/ciscodevnet/aci\"]",
      "instances": [
        {
          "schema_version": 1,
          "attributes": {
            "alloc_mode": "inherit",
            "annotation": "orchestrator:terraform",
            "description": "",
            "from": "vlan-2425",
            "id": "uni/infra/vlanns-[dynamic]-dynamic/from-[vlan-2425]-to-[vlan-2425]",
            "name_alias": "",
            "role": "external",
            "to": "vlan-2425",
            "vlan_pool_dn": "uni/infra/vlanns-[dynamic]-dynamic"
          },
          "sensitive_attributes": [],
          "private": "eyJzY2hlbWFfdmVyc2lvbiI6IjEifQ==",
          "dependencies": [
            "data.aci_vlan_pool.dynamic"
          ]
        }
      ]
    },
    {
      "mode": "managed",
      "type": "aci_ranges",
      "name": "dynamic_2426",
      "provider": "provider[\"registry.terraform.io/ciscodevnet/aci\"]",
      "instances": [
        {
          "schema_version": 1,
          "attributes": {
            "alloc_mode": "inherit",
            "annotation": "orchestrator:terraform",
            "description": "",
            "from": "vlan-2426",
            "id": "uni/infra/vlanns-[dynamic]-dynamic/from-[vlan-2426]-to-[vlan-2426]",
            "name_alias": "",
            "role": "external",
            "to": "vlan-2426",
            "vlan_pool_dn": "uni/infra/vlanns-[dynamic]-dynamic"
          },
          "sensitive_attributes": [],
          "private": "eyJzY2hlbWFfdmVyc2lvbiI6IjEifQ==",
          "dependencies": [
            "data.aci_vlan_pool.dynamic"
          ]
        }
      ]
    },
    {
      "mode": "managed",
      "type": "aci_ranges",
      "name": "dynamic_2427",
      "provider": "provider[\"registry.terraform.io/ciscodevnet/aci\"]",
      "instances": [
        {
          "schema_version": 1,
          "attributes": {
            "alloc_mode": "inherit",
            "annotation": "orchestrator:terraform",
            "description": "",
            "from": "vlan-2427",
            "id": "uni/infra/vlanns-[dynamic]-dynamic/from-[vlan-2427]-to-[vlan-2427]",
            "name_alias": "",
            "role": "external",
            "to": "vlan-2427",
            "vlan_pool_dn": "uni/infra/vlanns-[dynamic]-dynamic"
          },
          "sensitive_attributes": [],
          "private": "eyJzY2hlbWFfdmVyc2lvbiI6IjEifQ==",
          "dependencies": [
            "data.aci_vlan_pool.dynamic"
          ]
        }
      ]
    },
    {
      "mode": "managed",
      "type": "aci_ranges",
      "name": "dynamic_2428",
      "provider": "provider[\"registry.terraform.io/ciscodevnet/aci\"]",
      "instances": [
        {
          "schema_version": 1,
          "attributes": {
            "alloc_mode": "inherit",
            "annotation": "orchestrator:terraform",
            "description": "",
            "from": "vlan-2428",
            "id": "uni/infra/vlanns-[dynamic]-dynamic/from-[vlan-2428]-to-[vlan-2428]",
            "name_alias": "",
            "role": "external",
            "to": "vlan-2428",
            "vlan_pool_dn": "uni/infra/vlanns-[dynamic]-dynamic"
          },
          "sensitive_attributes": [],
          "private": "eyJzY2hlbWFfdmVyc2lvbiI6IjEifQ==",
          "dependencies": [
            "data.aci_vlan_pool.dynamic"
          ]
        }
      ]
    },
    {
      "mode": "managed",
      "type": "aci_ranges",
      "name": "dynamic_2429",
      "provider": "provider[\"registry.terraform.io/ciscodevnet/aci\"]",
      "instances": [
        {
          "schema_version": 1,
          "attributes": {
            "alloc_mode": "inherit",
            "annotation": "orchestrator:terraform",
            "description": "",
            "from": "vlan-2429",
            "id": "uni/infra/vlanns-[dynamic]-dynamic/from-[vlan-2429]-to-[vlan-2429]",
            "name_alias": "",
            "role": "external",
            "to": "vlan-2429",
            "vlan_pool_dn": "uni/infra/vlanns-[dynamic]-dynamic"
          },
          "sensitive_attributes": [],
          "private": "eyJzY2hlbWFfdmVyc2lvbiI6IjEifQ==",
          "dependencies": [
            "data.aci_vlan_pool.dynamic"
          ]
        }
      ]
    },
    {
      "mode": "managed",
      "type": "aci_ranges",
      "name": "dynamic_2430",
      "provider": "provider[\"registry.terraform.io/ciscodevnet/aci\"]",
      "instances": [
        {
          "schema_version": 1,
          "attributes": {
            "alloc_mode": "inherit",
            "annotation": "orchestrator:terraform",
            "description": "",
            "from": "vlan-2430",
            "id": "uni/infra/vlanns-[dynamic]-dynamic/from-[vlan-2430]-to-[vlan-2430]",
            "name_alias": "",
            "role": "external",
            "to": "vlan-2430",
            "vlan_pool_dn": "uni/infra/vlanns-[dynamic]-dynamic"
          },
          "sensitive_attributes": [],
          "private": "eyJzY2hlbWFfdmVyc2lvbiI6IjEifQ==",
          "dependencies": [
            "data.aci_vlan_pool.dynamic"
          ]
        }
      ]
    },
    {
      "mode": "managed",
      "type": "aci_ranges",
      "name": "dynamic_2431",
      "provider": "provider[\"registry.terraform.io/ciscodevnet/aci\"]",
      "instances": [
        {
          "schema_version": 1,
          "attributes": {
            "alloc_mode": "inherit",
            "annotation": "orchestrator:terraform",
            "description": "",
            "from": "vlan-2431",
            "id": "uni/infra/vlanns-[dynamic]-dynamic/from-[vlan-2431]-to-[vlan-2431]",
            "name_alias": "",
            "role": "external",
            "to": "vlan-2431",
            "vlan_pool_dn": "uni/infra/vlanns-[dynamic]-dynamic"
          },
          "sensitive_attributes": [],
          "private": "eyJzY2hlbWFfdmVyc2lvbiI6IjEifQ==",
          "dependencies": [
            "data.aci_vlan_pool.dynamic"
          ]
        }
      ]
    },
    {
      "mode": "managed",
      "type": "aci_ranges",
      "name": "dynamic_2432",
      "provider": "provider[\"registry.terraform.io/ciscodevnet/aci\"]",
      "instances": [
        {
          "schema_version": 1,
          "attributes": {
            "alloc_mode": "inherit",
            "annotation": "orchestrator:terraform",
            "description": "",
            "from": "vlan-2432",
            "id": "uni/infra/vlanns-[dynamic]-dynamic/from-[vlan-2432]-to-[vlan-2432]",
            "name_alias": "",
            "role": "external",
            "to": "vlan-2432",
            "vlan_pool_dn": "uni/infra/vlanns-[dynamic]-dynamic"
          },
          "sensitive_attributes": [],
          "private": "eyJzY2hlbWFfdmVyc2lvbiI6IjEifQ==",
          "dependencies": [
            "data.aci_vlan_pool.dynamic"
          ]
        }
      ]
    },
    {
      "mode": "managed",
      "type": "aci_ranges",
      "name": "dynamic_2433",
      "provider": "provider[\"registry.terraform.io/ciscodevnet/aci\"]",
      "instances": [
        {
          "schema_version": 1,
          "attributes": {
            "alloc_mode": "inherit",
            "annotation": "orchestrator:terraform",
            "description": "",
            "from": "vlan-2433",
            "id": "uni/infra/vlanns-[dynamic]-dynamic/from-[vlan-2433]-to-[vlan-2433]",
            "name_alias": "",
            "role": "external",
            "to": "vlan-2433",
            "vlan_pool_dn": "uni/infra/vlanns-[dynamic]-dynamic"
          },
          "sensitive_attributes": [],
          "private": "eyJzY2hlbWFfdmVyc2lvbiI6IjEifQ==",
          "dependencies": [
            "data.aci_vlan_pool.dynamic"
          ]
        }
      ]
    },
    {
      "mode": "managed",
      "type": "aci_ranges",
      "name": "dynamic_2434",
      "provider": "provider[\"registry.terraform.io/ciscodevnet/aci\"]",
      "instances": [
        {
          "schema_version": 1,
          "attributes": {
            "alloc_mode": "inherit",
            "annotation": "orchestrator:terraform",
            "description": "",
            "from": "vlan-2434",
            "id": "uni/infra/vlanns-[dynamic]-dynamic/from-[vlan-2434]-to-[vlan-2434]",
            "name_alias": "",
            "role": "external",
            "to": "vlan-2434",
            "vlan_pool_dn": "uni/infra/vlanns-[dynamic]-dynamic"
          },
          "sensitive_attributes": [],
          "private": "eyJzY2hlbWFfdmVyc2lvbiI6IjEifQ==",
          "dependencies": [
            "data.aci_vlan_pool.dynamic"
          ]
        }
      ]
    },
    {
      "mode": "managed",
      "type": "aci_ranges",
      "name": "dynamic_2435",
      "provider": "provider[\"registry.terraform.io/ciscodevnet/aci\"]",
      "instances": [
        {
          "schema_version": 1,
          "attributes": {
            "alloc_mode": "inherit",
            "annotation": "orchestrator:terraform",
            "description": "",
            "from": "vlan-2435",
            "id": "uni/infra/vlanns-[dynamic]-dynamic/from-[vlan-2435]-to-[vlan-2435]",
            "name_alias": "",
            "role": "external",
            "to": "vlan-2435",
            "vlan_pool_dn": "uni/infra/vlanns-[dynamic]-dynamic"
          },
          "sensitive_attributes": [],
          "private": "eyJzY2hlbWFfdmVyc2lvbiI6IjEifQ==",
          "dependencies": [
            "data.aci_vlan_pool.dynamic"
          ]
        }
      ]
    },
    {
      "mode": "managed",
      "type": "aci_ranges",
      "name": "dynamic_2436",
      "provider": "provider[\"registry.terraform.io/ciscodevnet/aci\"]",
      "instances": [
        {
          "schema_version": 1,
          "attributes": {
            "alloc_mode": "inherit",
            "annotation": "orchestrator:terraform",
            "description": "",
            "from": "vlan-2436",
            "id": "uni/infra/vlanns-[dynamic]-dynamic/from-[vlan-2436]-to-[vlan-2436]",
            "name_alias": "",
            "role": "external",
            "to": "vlan-2436",
            "vlan_pool_dn": "uni/infra/vlanns-[dynamic]-dynamic"
          },
          "sensitive_attributes": [],
          "private": "eyJzY2hlbWFfdmVyc2lvbiI6IjEifQ==",
          "dependencies": [
            "data.aci_vlan_pool.dynamic"
          ]
        }
      ]
    },
    {
      "mode": "managed",
      "type": "aci_ranges",
      "name": "dynamic_2437",
      "provider": "provider[\"registry.terraform.io/ciscodevnet/aci\"]",
      "instances": [
        {
          "schema_version": 1,
          "attributes": {
            "alloc_mode": "inherit",
            "annotation": "orchestrator:terraform",
            "description": "",
            "from": "vlan-2437",
            "id": "uni/infra/vlanns-[dynamic]-dynamic/from-[vlan-2437]-to-[vlan-2437]",
            "name_alias": "",
            "role": "external",
            "to": "vlan-2437",
            "vlan_pool_dn": "uni/infra/vlanns-[dynamic]-dynamic"
          },
          "sensitive_attributes": [],
          "private": "eyJzY2hlbWFfdmVyc2lvbiI6IjEifQ==",
          "dependencies": [
            "data.aci_vlan_pool.dynamic"
          ]
        }
      ]
    },
    {
      "mode": "managed",
      "type": "aci_ranges",
      "name": "dynamic_2438",
      "provider": "provider[\"registry.terraform.io/ciscodevnet/aci\"]",
      "instances": [
        {
          "schema_version": 1,
          "attributes": {
            "alloc_mode": "inherit",
            "annotation": "orchestrator:terraform",
            "description": "",
            "from": "vlan-2438",
            "id": "uni/infra/vlanns-[dynamic]-dynamic/from-[vlan-2438]-to-[vlan-2438]",
            "name_alias": "",
            "role": "external",
            "to": "vlan-2438",
            "vlan_pool_dn": "uni/infra/vlanns-[dynamic]-dynamic"
          },
          "sensitive_attributes": [],
          "private": "eyJzY2hlbWFfdmVyc2lvbiI6IjEifQ==",
          "dependencies": [
            "data.aci_vlan_pool.dynamic"
          ]
        }
      ]
    },
    {
      "mode": "managed",
      "type": "aci_ranges",
      "name": "dynamic_2439",
      "provider": "provider[\"registry.terraform.io/ciscodevnet/aci\"]",
      "instances": [
        {
          "schema_version": 1,
          "attributes": {
            "alloc_mode": "inherit",
            "annotation": "orchestrator:terraform",
            "description": "",
            "from": "vlan-2439",
            "id": "uni/infra/vlanns-[dynamic]-dynamic/from-[vlan-2439]-to-[vlan-2439]",
            "name_alias": "",
            "role": "external",
            "to": "vlan-2439",
            "vlan_pool_dn": "uni/infra/vlanns-[dynamic]-dynamic"
          },
          "sensitive_attributes": [],
          "private": "eyJzY2hlbWFfdmVyc2lvbiI6IjEifQ==",
          "dependencies": [
            "data.aci_vlan_pool.dynamic"
          ]
        }
      ]
    },
    {
      "mode": "managed",
      "type": "aci_ranges",
      "name": "dynamic_2440",
      "provider": "provider[\"registry.terraform.io/ciscodevnet/aci\"]",
      "instances": [
        {
          "schema_version": 1,
          "attributes": {
            "alloc_mode": "inherit",
            "annotation": "orchestrator:terraform",
            "description": "",
            "from": "vlan-2440",
            "id": "uni/infra/vlanns-[dynamic]-dynamic/from-[vlan-2440]-to-[vlan-2440]",
            "name_alias": "",
            "role": "external",
            "to": "vlan-2440",
            "vlan_pool_dn": "uni/infra/vlanns-[dynamic]-dynamic"
          },
          "sensitive_attributes": [],
          "private": "eyJzY2hlbWFfdmVyc2lvbiI6IjEifQ==",
          "dependencies": [
            "data.aci_vlan_pool.dynamic"
          ]
        }
      ]
    },
    {
      "mode": "managed",
      "type": "aci_ranges",
      "name": "dynamic_2441",
      "provider": "provider[\"registry.terraform.io/ciscodevnet/aci\"]",
      "instances": [
        {
          "schema_version": 1,
          "attributes": {
            "alloc_mode": "inherit",
            "annotation": "orchestrator:terraform",
            "description": "",
            "from": "vlan-2441",
            "id": "uni/infra/vlanns-[dynamic]-dynamic/from-[vlan-2441]-to-[vlan-2441]",
            "name_alias": "",
            "role": "external",
            "to": "vlan-2441",
            "vlan_pool_dn": "uni/infra/vlanns-[dynamic]-dynamic"
          },
          "sensitive_attributes": [],
          "private": "eyJzY2hlbWFfdmVyc2lvbiI6IjEifQ==",
          "dependencies": [
            "data.aci_vlan_pool.dynamic"
          ]
        }
      ]
    },
    {
      "mode": "managed",
      "type": "aci_ranges",
      "name": "dynamic_2442",
      "provider": "provider[\"registry.terraform.io/ciscodevnet/aci\"]",
      "instances": [
        {
          "schema_version": 1,
          "attributes": {
            "alloc_mode": "inherit",
            "annotation": "orchestrator:terraform",
            "description": "",
            "from": "vlan-2442",
            "id": "uni/infra/vlanns-[dynamic]-dynamic/from-[vlan-2442]-to-[vlan-2442]",
            "name_alias": "",
            "role": "external",
            "to": "vlan-2442",
            "vlan_pool_dn": "uni/infra/vlanns-[dynamic]-dynamic"
          },
          "sensitive_attributes": [],
          "private": "eyJzY2hlbWFfdmVyc2lvbiI6IjEifQ==",
          "dependencies": [
            "data.aci_vlan_pool.dynamic"
          ]
        }
      ]
    },
    {
      "mode": "managed",
      "type": "aci_ranges",
      "name": "dynamic_2443",
      "provider": "provider[\"registry.terraform.io/ciscodevnet/aci\"]",
      "instances": [
        {
          "schema_version": 1,
          "attributes": {
            "alloc_mode": "inherit",
            "annotation": "orchestrator:terraform",
            "description": "",
            "from": "vlan-2443",
            "id": "uni/infra/vlanns-[dynamic]-dynamic/from-[vlan-2443]-to-[vlan-2443]",
            "name_alias": "",
            "role": "external",
            "to": "vlan-2443",
            "vlan_pool_dn": "uni/infra/vlanns-[dynamic]-dynamic"
          },
          "sensitive_attributes": [],
          "private": "eyJzY2hlbWFfdmVyc2lvbiI6IjEifQ==",
          "dependencies": [
            "data.aci_vlan_pool.dynamic"
          ]
        }
      ]
    },
    {
      "mode": "managed",
      "type": "aci_ranges",
      "name": "dynamic_2444",
      "provider": "provider[\"registry.terraform.io/ciscodevnet/aci\"]",
      "instances": [
        {
          "schema_version": 1,
          "attributes": {
            "alloc_mode": "inherit",
            "annotation": "orchestrator:terraform",
            "description": "",
            "from": "vlan-2444",
            "id": "uni/infra/vlanns-[dynamic]-dynamic/from-[vlan-2444]-to-[vlan-2444]",
            "name_alias": "",
            "role": "external",
            "to": "vlan-2444",
            "vlan_pool_dn": "uni/infra/vlanns-[dynamic]-dynamic"
          },
          "sensitive_attributes": [],
          "private": "eyJzY2hlbWFfdmVyc2lvbiI6IjEifQ==",
          "dependencies": [
            "data.aci_vlan_pool.dynamic"
          ]
        }
      ]
    },
    {
      "mode": "managed",
      "type": "aci_ranges",
      "name": "dynamic_2445",
      "provider": "provider[\"registry.terraform.io/ciscodevnet/aci\"]",
      "instances": [
        {
          "schema_version": 1,
          "attributes": {
            "alloc_mode": "inherit",
            "annotation": "orchestrator:terraform",
            "description": "",
            "from": "vlan-2445",
            "id": "uni/infra/vlanns-[dynamic]-dynamic/from-[vlan-2445]-to-[vlan-2445]",
            "name_alias": "",
            "role": "external",
            "to": "vlan-2445",
            "vlan_pool_dn": "uni/infra/vlanns-[dynamic]-dynamic"
          },
          "sensitive_attributes": [],
          "private": "eyJzY2hlbWFfdmVyc2lvbiI6IjEifQ==",
          "dependencies": [
            "data.aci_vlan_pool.dynamic"
          ]
        }
      ]
    },
    {
      "mode": "managed",
      "type": "aci_ranges",
      "name": "dynamic_2446",
      "provider": "provider[\"registry.terraform.io/ciscodevnet/aci\"]",
      "instances": [
        {
          "schema_version": 1,
          "attributes": {
            "alloc_mode": "inherit",
            "annotation": "orchestrator:terraform",
            "description": "",
            "from": "vlan-2446",
            "id": "uni/infra/vlanns-[dynamic]-dynamic/from-[vlan-2446]-to-[vlan-2446]",
            "name_alias": "",
            "role": "external",
            "to": "vlan-2446",
            "vlan_pool_dn": "uni/infra/vlanns-[dynamic]-dynamic"
          },
          "sensitive_attributes": [],
          "private": "eyJzY2hlbWFfdmVyc2lvbiI6IjEifQ==",
          "dependencies": [
            "data.aci_vlan_pool.dynamic"
          ]
        }
      ]
    },
    {
      "mode": "managed",
      "type": "aci_ranges",
      "name": "dynamic_2447",
      "provider": "provider[\"registry.terraform.io/ciscodevnet/aci\"]",
      "instances": [
        {
          "schema_version": 1,
          "attributes": {
            "alloc_mode": "inherit",
            "annotation": "orchestrator:terraform",
            "description": "",
            "from": "vlan-2447",
            "id": "uni/infra/vlanns-[dynamic]-dynamic/from-[vlan-2447]-to-[vlan-2447]",
            "name_alias": "",
            "role": "external",
            "to": "vlan-2447",
            "vlan_pool_dn": "uni/infra/vlanns-[dynamic]-dynamic"
          },
          "sensitive_attributes": [],
          "private": "eyJzY2hlbWFfdmVyc2lvbiI6IjEifQ==",
          "dependencies": [
            "data.aci_vlan_pool.dynamic"
          ]
        }
      ]
    },
    {
      "mode": "managed",
      "type": "aci_ranges",
      "name": "dynamic_2448",
      "provider": "provider[\"registry.terraform.io/ciscodevnet/aci\"]",
      "instances": [
        {
          "schema_version": 1,
          "attributes": {
            "alloc_mode": "inherit",
            "annotation": "orchestrator:terraform",
            "description": "",
            "from": "vlan-2448",
            "id": "uni/infra/vlanns-[dynamic]-dynamic/from-[vlan-2448]-to-[vlan-2448]",
            "name_alias": "",
            "role": "external",
            "to": "vlan-2448",
            "vlan_pool_dn": "uni/infra/vlanns-[dynamic]-dynamic"
          },
          "sensitive_attributes": [],
          "private": "eyJzY2hlbWFfdmVyc2lvbiI6IjEifQ==",
          "dependencies": [
            "data.aci_vlan_pool.dynamic"
          ]
        }
      ]
    },
    {
      "mode": "managed",
      "type": "aci_ranges",
      "name": "dynamic_2449",
      "provider": "provider[\"registry.terraform.io/ciscodevnet/aci\"]",
      "instances": [
        {
          "schema_version": 1,
          "attributes": {
            "alloc_mode": "inherit",
            "annotation": "orchestrator:terraform",
            "description": "",
            "from": "vlan-2449",
            "id": "uni/infra/vlanns-[dynamic]-dynamic/from-[vlan-2449]-to-[vlan-2449]",
            "name_alias": "",
            "role": "external",
            "to": "vlan-2449",
            "vlan_pool_dn": "uni/infra/vlanns-[dynamic]-dynamic"
          },
          "sensitive_attributes": [],
          "private": "eyJzY2hlbWFfdmVyc2lvbiI6IjEifQ==",
          "dependencies": [
            "data.aci_vlan_pool.dynamic"
          ]
        }
      ]
    },
    {
      "mode": "managed",
      "type": "aci_ranges",
      "name": "dynamic_2450",
      "provider": "provider[\"registry.terraform.io/ciscodevnet/aci\"]",
      "instances": [
        {
          "schema_version": 1,
          "attributes": {
            "alloc_mode": "inherit",
            "annotation": "orchestrator:terraform",
            "description": "",
            "from": "vlan-2450",
            "id": "uni/infra/vlanns-[dynamic]-dynamic/from-[vlan-2450]-to-[vlan-2450]",
            "name_alias": "",
            "role": "external",
            "to": "vlan-2450",
            "vlan_pool_dn": "uni/infra/vlanns-[dynamic]-dynamic"
          },
          "sensitive_attributes": [],
          "private": "eyJzY2hlbWFfdmVyc2lvbiI6IjEifQ==",
          "dependencies": [
            "data.aci_vlan_pool.dynamic"
          ]
        }
      ]
    },
    {
      "mode": "managed",
      "type": "aci_ranges",
      "name": "dynamic_2451",
      "provider": "provider[\"registry.terraform.io/ciscodevnet/aci\"]",
      "instances": [
        {
          "schema_version": 1,
          "attributes": {
            "alloc_mode": "inherit",
            "annotation": "orchestrator:terraform",
            "description": "",
            "from": "vlan-2451",
            "id": "uni/infra/vlanns-[dynamic]-dynamic/from-[vlan-2451]-to-[vlan-2451]",
            "name_alias": "",
            "role": "external",
            "to": "vlan-2451",
            "vlan_pool_dn": "uni/infra/vlanns-[dynamic]-dynamic"
          },
          "sensitive_attributes": [],
          "private": "eyJzY2hlbWFfdmVyc2lvbiI6IjEifQ==",
          "dependencies": [
            "data.aci_vlan_pool.dynamic"
          ]
        }
      ]
    },
    {
      "mode": "managed",
      "type": "aci_ranges",
      "name": "dynamic_2452",
      "provider": "provider[\"registry.terraform.io/ciscodevnet/aci\"]",
      "instances": [
        {
          "schema_version": 1,
          "attributes": {
            "alloc_mode": "inherit",
            "annotation": "orchestrator:terraform",
            "description": "",
            "from": "vlan-2452",
            "id": "uni/infra/vlanns-[dynamic]-dynamic/from-[vlan-2452]-to-[vlan-2452]",
            "name_alias": "",
            "role": "external",
            "to": "vlan-2452",
            "vlan_pool_dn": "uni/infra/vlanns-[dynamic]-dynamic"
          },
          "sensitive_attributes": [],
          "private": "eyJzY2hlbWFfdmVyc2lvbiI6IjEifQ==",
          "dependencies": [
            "data.aci_vlan_pool.dynamic"
          ]
        }
      ]
    },
    {
      "mode": "managed",
      "type": "aci_ranges",
      "name": "dynamic_2453",
      "provider": "provider[\"registry.terraform.io/ciscodevnet/aci\"]",
      "instances": [
        {
          "schema_version": 1,
          "attributes": {
            "alloc_mode": "inherit",
            "annotation": "orchestrator:terraform",
            "description": "",
            "from": "vlan-2453",
            "id": "uni/infra/vlanns-[dynamic]-dynamic/from-[vlan-2453]-to-[vlan-2453]",
            "name_alias": "",
            "role": "external",
            "to": "vlan-2453",
            "vlan_pool_dn": "uni/infra/vlanns-[dynamic]-dynamic"
          },
          "sensitive_attributes": [],
          "private": "eyJzY2hlbWFfdmVyc2lvbiI6IjEifQ==",
          "dependencies": [
            "data.aci_vlan_pool.dynamic"
          ]
        }
      ]
    },
    {
      "mode": "managed",
      "type": "aci_ranges",
      "name": "dynamic_2454",
      "provider": "provider[\"registry.terraform.io/ciscodevnet/aci\"]",
      "instances": [
        {
          "schema_version": 1,
          "attributes": {
            "alloc_mode": "inherit",
            "annotation": "orchestrator:terraform",
            "description": "",
            "from": "vlan-2454",
            "id": "uni/infra/vlanns-[dynamic]-dynamic/from-[vlan-2454]-to-[vlan-2454]",
            "name_alias": "",
            "role": "external",
            "to": "vlan-2454",
            "vlan_pool_dn": "uni/infra/vlanns-[dynamic]-dynamic"
          },
          "sensitive_attributes": [],
          "private": "eyJzY2hlbWFfdmVyc2lvbiI6IjEifQ==",
          "dependencies": [
            "data.aci_vlan_pool.dynamic"
          ]
        }
      ]
    },
    {
      "mode": "managed",
      "type": "aci_ranges",
      "name": "dynamic_2455",
      "provider": "provider[\"registry.terraform.io/ciscodevnet/aci\"]",
      "instances": [
        {
          "schema_version": 1,
          "attributes": {
            "alloc_mode": "inherit",
            "annotation": "orchestrator:terraform",
            "description": "",
            "from": "vlan-2455",
            "id": "uni/infra/vlanns-[dynamic]-dynamic/from-[vlan-2455]-to-[vlan-2455]",
            "name_alias": "",
            "role": "external",
            "to": "vlan-2455",
            "vlan_pool_dn": "uni/infra/vlanns-[dynamic]-dynamic"
          },
          "sensitive_attributes": [],
          "private": "eyJzY2hlbWFfdmVyc2lvbiI6IjEifQ==",
          "dependencies": [
            "data.aci_vlan_pool.dynamic"
          ]
        }
      ]
    },
    {
      "mode": "managed",
      "type": "aci_ranges",
      "name": "dynamic_2456",
      "provider": "provider[\"registry.terraform.io/ciscodevnet/aci\"]",
      "instances": [
        {
          "schema_version": 1,
          "attributes": {
            "alloc_mode": "inherit",
            "annotation": "orchestrator:terraform",
            "description": "",
            "from": "vlan-2456",
            "id": "uni/infra/vlanns-[dynamic]-dynamic/from-[vlan-2456]-to-[vlan-2456]",
            "name_alias": "",
            "role": "external",
            "to": "vlan-2456",
            "vlan_pool_dn": "uni/infra/vlanns-[dynamic]-dynamic"
          },
          "sensitive_attributes": [],
          "private": "eyJzY2hlbWFfdmVyc2lvbiI6IjEifQ==",
          "dependencies": [
            "data.aci_vlan_pool.dynamic"
          ]
        }
      ]
    },
    {
      "mode": "managed",
      "type": "aci_ranges",
      "name": "dynamic_2457",
      "provider": "provider[\"registry.terraform.io/ciscodevnet/aci\"]",
      "instances": [
        {
          "schema_version": 1,
          "attributes": {
            "alloc_mode": "inherit",
            "annotation": "orchestrator:terraform",
            "description": "",
            "from": "vlan-2457",
            "id": "uni/infra/vlanns-[dynamic]-dynamic/from-[vlan-2457]-to-[vlan-2457]",
            "name_alias": "",
            "role": "external",
            "to": "vlan-2457",
            "vlan_pool_dn": "uni/infra/vlanns-[dynamic]-dynamic"
          },
          "sensitive_attributes": [],
          "private": "eyJzY2hlbWFfdmVyc2lvbiI6IjEifQ==",
          "dependencies": [
            "data.aci_vlan_pool.dynamic"
          ]
        }
      ]
    },
    {
      "mode": "managed",
      "type": "aci_ranges",
      "name": "dynamic_2458",
      "provider": "provider[\"registry.terraform.io/ciscodevnet/aci\"]",
      "instances": [
        {
          "schema_version": 1,
          "attributes": {
            "alloc_mode": "inherit",
            "annotation": "orchestrator:terraform",
            "description": "",
            "from": "vlan-2458",
            "id": "uni/infra/vlanns-[dynamic]-dynamic/from-[vlan-2458]-to-[vlan-2458]",
            "name_alias": "",
            "role": "external",
            "to": "vlan-2458",
            "vlan_pool_dn": "uni/infra/vlanns-[dynamic]-dynamic"
          },
          "sensitive_attributes": [],
          "private": "eyJzY2hlbWFfdmVyc2lvbiI6IjEifQ==",
          "dependencies": [
            "data.aci_vlan_pool.dynamic"
          ]
        }
      ]
    },
    {
      "mode": "managed",
      "type": "aci_ranges",
      "name": "dynamic_2459",
      "provider": "provider[\"registry.terraform.io/ciscodevnet/aci\"]",
      "instances": [
        {
          "schema_version": 1,
          "attributes": {
            "alloc_mode": "inherit",
            "annotation": "orchestrator:terraform",
            "description": "",
            "from": "vlan-2459",
            "id": "uni/infra/vlanns-[dynamic]-dynamic/from-[vlan-2459]-to-[vlan-2459]",
            "name_alias": "",
            "role": "external",
            "to": "vlan-2459",
            "vlan_pool_dn": "uni/infra/vlanns-[dynamic]-dynamic"
          },
          "sensitive_attributes": [],
          "private": "eyJzY2hlbWFfdmVyc2lvbiI6IjEifQ==",
          "dependencies": [
            "data.aci_vlan_pool.dynamic"
          ]
        }
      ]
    },
    {
      "mode": "managed",
      "type": "aci_ranges",
      "name": "dynamic_2460",
      "provider": "provider[\"registry.terraform.io/ciscodevnet/aci\"]",
      "instances": [
        {
          "schema_version": 1,
          "attributes": {
            "alloc_mode": "inherit",
            "annotation": "orchestrator:terraform",
            "description": "",
            "from": "vlan-2460",
            "id": "uni/infra/vlanns-[dynamic]-dynamic/from-[vlan-2460]-to-[vlan-2460]",
            "name_alias": "",
            "role": "external",
            "to": "vlan-2460",
            "vlan_pool_dn": "uni/infra/vlanns-[dynamic]-dynamic"
          },
          "sensitive_attributes": [],
          "private": "eyJzY2hlbWFfdmVyc2lvbiI6IjEifQ==",
          "dependencies": [
            "data.aci_vlan_pool.dynamic"
          ]
        }
      ]
    },
    {
      "mode": "managed",
      "type": "aci_ranges",
      "name": "dynamic_2461",
      "provider": "provider[\"registry.terraform.io/ciscodevnet/aci\"]",
      "instances": [
        {
          "schema_version": 1,
          "attributes": {
            "alloc_mode": "inherit",
            "annotation": "orchestrator:terraform",
            "description": "",
            "from": "vlan-2461",
            "id": "uni/infra/vlanns-[dynamic]-dynamic/from-[vlan-2461]-to-[vlan-2461]",
            "name_alias": "",
            "role": "external",
            "to": "vlan-2461",
            "vlan_pool_dn": "uni/infra/vlanns-[dynamic]-dynamic"
          },
          "sensitive_attributes": [],
          "private": "eyJzY2hlbWFfdmVyc2lvbiI6IjEifQ==",
          "dependencies": [
            "data.aci_vlan_pool.dynamic"
          ]
        }
      ]
    },
    {
      "mode": "managed",
      "type": "aci_ranges",
      "name": "dynamic_2462",
      "provider": "provider[\"registry.terraform.io/ciscodevnet/aci\"]",
      "instances": [
        {
          "schema_version": 1,
          "attributes": {
            "alloc_mode": "inherit",
            "annotation": "orchestrator:terraform",
            "description": "",
            "from": "vlan-2462",
            "id": "uni/infra/vlanns-[dynamic]-dynamic/from-[vlan-2462]-to-[vlan-2462]",
            "name_alias": "",
            "role": "external",
            "to": "vlan-2462",
            "vlan_pool_dn": "uni/infra/vlanns-[dynamic]-dynamic"
          },
          "sensitive_attributes": [],
          "private": "eyJzY2hlbWFfdmVyc2lvbiI6IjEifQ==",
          "dependencies": [
            "data.aci_vlan_pool.dynamic"
          ]
        }
      ]
    },
    {
      "mode": "managed",
      "type": "aci_ranges",
      "name": "dynamic_2463",
      "provider": "provider[\"registry.terraform.io/ciscodevnet/aci\"]",
      "instances": [
        {
          "schema_version": 1,
          "attributes": {
            "alloc_mode": "inherit",
            "annotation": "orchestrator:terraform",
            "description": "",
            "from": "vlan-2463",
            "id": "uni/infra/vlanns-[dynamic]-dynamic/from-[vlan-2463]-to-[vlan-2463]",
            "name_alias": "",
            "role": "external",
            "to": "vlan-2463",
            "vlan_pool_dn": "uni/infra/vlanns-[dynamic]-dynamic"
          },
          "sensitive_attributes": [],
          "private": "eyJzY2hlbWFfdmVyc2lvbiI6IjEifQ==",
          "dependencies": [
            "data.aci_vlan_pool.dynamic"
          ]
        }
      ]
    },
    {
      "mode": "managed",
      "type": "aci_ranges",
      "name": "dynamic_2464",
      "provider": "provider[\"registry.terraform.io/ciscodevnet/aci\"]",
      "instances": [
        {
          "schema_version": 1,
          "attributes": {
            "alloc_mode": "inherit",
            "annotation": "orchestrator:terraform",
            "description": "",
            "from": "vlan-2464",
            "id": "uni/infra/vlanns-[dynamic]-dynamic/from-[vlan-2464]-to-[vlan-2464]",
            "name_alias": "",
            "role": "external",
            "to": "vlan-2464",
            "vlan_pool_dn": "uni/infra/vlanns-[dynamic]-dynamic"
          },
          "sensitive_attributes": [],
          "private": "eyJzY2hlbWFfdmVyc2lvbiI6IjEifQ==",
          "dependencies": [
            "data.aci_vlan_pool.dynamic"
          ]
        }
      ]
    },
    {
      "mode": "managed",
      "type": "aci_ranges",
      "name": "dynamic_2465",
      "provider": "provider[\"registry.terraform.io/ciscodevnet/aci\"]",
      "instances": [
        {
          "schema_version": 1,
          "attributes": {
            "alloc_mode": "inherit",
            "annotation": "orchestrator:terraform",
            "description": "",
            "from": "vlan-2465",
            "id": "uni/infra/vlanns-[dynamic]-dynamic/from-[vlan-2465]-to-[vlan-2465]",
            "name_alias": "",
            "role": "external",
            "to": "vlan-2465",
            "vlan_pool_dn": "uni/infra/vlanns-[dynamic]-dynamic"
          },
          "sensitive_attributes": [],
          "private": "eyJzY2hlbWFfdmVyc2lvbiI6IjEifQ==",
          "dependencies": [
            "data.aci_vlan_pool.dynamic"
          ]
        }
      ]
    },
    {
      "mode": "managed",
      "type": "aci_ranges",
      "name": "dynamic_2466",
      "provider": "provider[\"registry.terraform.io/ciscodevnet/aci\"]",
      "instances": [
        {
          "schema_version": 1,
          "attributes": {
            "alloc_mode": "inherit",
            "annotation": "orchestrator:terraform",
            "description": "",
            "from": "vlan-2466",
            "id": "uni/infra/vlanns-[dynamic]-dynamic/from-[vlan-2466]-to-[vlan-2466]",
            "name_alias": "",
            "role": "external",
            "to": "vlan-2466",
            "vlan_pool_dn": "uni/infra/vlanns-[dynamic]-dynamic"
          },
          "sensitive_attributes": [],
          "private": "eyJzY2hlbWFfdmVyc2lvbiI6IjEifQ==",
          "dependencies": [
            "data.aci_vlan_pool.dynamic"
          ]
        }
      ]
    },
    {
      "mode": "managed",
      "type": "aci_ranges",
      "name": "dynamic_2467",
      "provider": "provider[\"registry.terraform.io/ciscodevnet/aci\"]",
      "instances": [
        {
          "schema_version": 1,
          "attributes": {
            "alloc_mode": "inherit",
            "annotation": "orchestrator:terraform",
            "description": "",
            "from": "vlan-2467",
            "id": "uni/infra/vlanns-[dynamic]-dynamic/from-[vlan-2467]-to-[vlan-2467]",
            "name_alias": "",
            "role": "external",
            "to": "vlan-2467",
            "vlan_pool_dn": "uni/infra/vlanns-[dynamic]-dynamic"
          },
          "sensitive_attributes": [],
          "private": "eyJzY2hlbWFfdmVyc2lvbiI6IjEifQ==",
          "dependencies": [
            "data.aci_vlan_pool.dynamic"
          ]
        }
      ]
    },
    {
      "mode": "managed",
      "type": "aci_ranges",
      "name": "dynamic_2468",
      "provider": "provider[\"registry.terraform.io/ciscodevnet/aci\"]",
      "instances": [
        {
          "schema_version": 1,
          "attributes": {
            "alloc_mode": "inherit",
            "annotation": "orchestrator:terraform",
            "description": "",
            "from": "vlan-2468",
            "id": "uni/infra/vlanns-[dynamic]-dynamic/from-[vlan-2468]-to-[vlan-2468]",
            "name_alias": "",
            "role": "external",
            "to": "vlan-2468",
            "vlan_pool_dn": "uni/infra/vlanns-[dynamic]-dynamic"
          },
          "sensitive_attributes": [],
          "private": "eyJzY2hlbWFfdmVyc2lvbiI6IjEifQ==",
          "dependencies": [
            "data.aci_vlan_pool.dynamic"
          ]
        }
      ]
    },
    {
      "mode": "managed",
      "type": "aci_ranges",
      "name": "dynamic_2469",
      "provider": "provider[\"registry.terraform.io/ciscodevnet/aci\"]",
      "instances": [
        {
          "schema_version": 1,
          "attributes": {
            "alloc_mode": "inherit",
            "annotation": "orchestrator:terraform",
            "description": "",
            "from": "vlan-2469",
            "id": "uni/infra/vlanns-[dynamic]-dynamic/from-[vlan-2469]-to-[vlan-2469]",
            "name_alias": "",
            "role": "external",
            "to": "vlan-2469",
            "vlan_pool_dn": "uni/infra/vlanns-[dynamic]-dynamic"
          },
          "sensitive_attributes": [],
          "private": "eyJzY2hlbWFfdmVyc2lvbiI6IjEifQ==",
          "dependencies": [
            "data.aci_vlan_pool.dynamic"
          ]
        }
      ]
    },
    {
      "mode": "managed",
      "type": "aci_ranges",
      "name": "dynamic_2470",
      "provider": "provider[\"registry.terraform.io/ciscodevnet/aci\"]",
      "instances": [
        {
          "schema_version": 1,
          "attributes": {
            "alloc_mode": "inherit",
            "annotation": "orchestrator:terraform",
            "description": "",
            "from": "vlan-2470",
            "id": "uni/infra/vlanns-[dynamic]-dynamic/from-[vlan-2470]-to-[vlan-2470]",
            "name_alias": "",
            "role": "external",
            "to": "vlan-2470",
            "vlan_pool_dn": "uni/infra/vlanns-[dynamic]-dynamic"
          },
          "sensitive_attributes": [],
          "private": "eyJzY2hlbWFfdmVyc2lvbiI6IjEifQ==",
          "dependencies": [
            "data.aci_vlan_pool.dynamic"
          ]
        }
      ]
    },
    {
      "mode": "managed",
      "type": "aci_ranges",
      "name": "dynamic_2471",
      "provider": "provider[\"registry.terraform.io/ciscodevnet/aci\"]",
      "instances": [
        {
          "schema_version": 1,
          "attributes": {
            "alloc_mode": "inherit",
            "annotation": "orchestrator:terraform",
            "description": "",
            "from": "vlan-2471",
            "id": "uni/infra/vlanns-[dynamic]-dynamic/from-[vlan-2471]-to-[vlan-2471]",
            "name_alias": "",
            "role": "external",
            "to": "vlan-2471",
            "vlan_pool_dn": "uni/infra/vlanns-[dynamic]-dynamic"
          },
          "sensitive_attributes": [],
          "private": "eyJzY2hlbWFfdmVyc2lvbiI6IjEifQ==",
          "dependencies": [
            "data.aci_vlan_pool.dynamic"
          ]
        }
      ]
    },
    {
      "mode": "managed",
      "type": "aci_ranges",
      "name": "dynamic_2472",
      "provider": "provider[\"registry.terraform.io/ciscodevnet/aci\"]",
      "instances": [
        {
          "schema_version": 1,
          "attributes": {
            "alloc_mode": "inherit",
            "annotation": "orchestrator:terraform",
            "description": "",
            "from": "vlan-2472",
            "id": "uni/infra/vlanns-[dynamic]-dynamic/from-[vlan-2472]-to-[vlan-2472]",
            "name_alias": "",
            "role": "external",
            "to": "vlan-2472",
            "vlan_pool_dn": "uni/infra/vlanns-[dynamic]-dynamic"
          },
          "sensitive_attributes": [],
          "private": "eyJzY2hlbWFfdmVyc2lvbiI6IjEifQ==",
          "dependencies": [
            "data.aci_vlan_pool.dynamic"
          ]
        }
      ]
    },
    {
      "mode": "managed",
      "type": "aci_ranges",
      "name": "dynamic_2473",
      "provider": "provider[\"registry.terraform.io/ciscodevnet/aci\"]",
      "instances": [
        {
          "schema_version": 1,
          "attributes": {
            "alloc_mode": "inherit",
            "annotation": "orchestrator:terraform",
            "description": "",
            "from": "vlan-2473",
            "id": "uni/infra/vlanns-[dynamic]-dynamic/from-[vlan-2473]-to-[vlan-2473]",
            "name_alias": "",
            "role": "external",
            "to": "vlan-2473",
            "vlan_pool_dn": "uni/infra/vlanns-[dynamic]-dynamic"
          },
          "sensitive_attributes": [],
          "private": "eyJzY2hlbWFfdmVyc2lvbiI6IjEifQ==",
          "dependencies": [
            "data.aci_vlan_pool.dynamic"
          ]
        }
      ]
    },
    {
      "mode": "managed",
      "type": "aci_ranges",
      "name": "dynamic_2474",
      "provider": "provider[\"registry.terraform.io/ciscodevnet/aci\"]",
      "instances": [
        {
          "schema_version": 1,
          "attributes": {
            "alloc_mode": "inherit",
            "annotation": "orchestrator:terraform",
            "description": "",
            "from": "vlan-2474",
            "id": "uni/infra/vlanns-[dynamic]-dynamic/from-[vlan-2474]-to-[vlan-2474]",
            "name_alias": "",
            "role": "external",
            "to": "vlan-2474",
            "vlan_pool_dn": "uni/infra/vlanns-[dynamic]-dynamic"
          },
          "sensitive_attributes": [],
          "private": "eyJzY2hlbWFfdmVyc2lvbiI6IjEifQ==",
          "dependencies": [
            "data.aci_vlan_pool.dynamic"
          ]
        }
      ]
    },
    {
      "mode": "managed",
      "type": "aci_ranges",
      "name": "dynamic_2475",
      "provider": "provider[\"registry.terraform.io/ciscodevnet/aci\"]",
      "instances": [
        {
          "schema_version": 1,
          "attributes": {
            "alloc_mode": "inherit",
            "annotation": "orchestrator:terraform",
            "description": "",
            "from": "vlan-2475",
            "id": "uni/infra/vlanns-[dynamic]-dynamic/from-[vlan-2475]-to-[vlan-2475]",
            "name_alias": "",
            "role": "external",
            "to": "vlan-2475",
            "vlan_pool_dn": "uni/infra/vlanns-[dynamic]-dynamic"
          },
          "sensitive_attributes": [],
          "private": "eyJzY2hlbWFfdmVyc2lvbiI6IjEifQ==",
          "dependencies": [
            "data.aci_vlan_pool.dynamic"
          ]
        }
      ]
    },
    {
      "mode": "managed",
      "type": "aci_ranges",
      "name": "dynamic_2476",
      "provider": "provider[\"registry.terraform.io/ciscodevnet/aci\"]",
      "instances": [
        {
          "schema_version": 1,
          "attributes": {
            "alloc_mode": "inherit",
            "annotation": "orchestrator:terraform",
            "description": "",
            "from": "vlan-2476",
            "id": "uni/infra/vlanns-[dynamic]-dynamic/from-[vlan-2476]-to-[vlan-2476]",
            "name_alias": "",
            "role": "external",
            "to": "vlan-2476",
            "vlan_pool_dn": "uni/infra/vlanns-[dynamic]-dynamic"
          },
          "sensitive_attributes": [],
          "private": "eyJzY2hlbWFfdmVyc2lvbiI6IjEifQ==",
          "dependencies": [
            "data.aci_vlan_pool.dynamic"
          ]
        }
      ]
    },
    {
      "mode": "managed",
      "type": "aci_ranges",
      "name": "dynamic_2477",
      "provider": "provider[\"registry.terraform.io/ciscodevnet/aci\"]",
      "instances": [
        {
          "schema_version": 1,
          "attributes": {
            "alloc_mode": "inherit",
            "annotation": "orchestrator:terraform",
            "description": "",
            "from": "vlan-2477",
            "id": "uni/infra/vlanns-[dynamic]-dynamic/from-[vlan-2477]-to-[vlan-2477]",
            "name_alias": "",
            "role": "external",
            "to": "vlan-2477",
            "vlan_pool_dn": "uni/infra/vlanns-[dynamic]-dynamic"
          },
          "sensitive_attributes": [],
          "private": "eyJzY2hlbWFfdmVyc2lvbiI6IjEifQ==",
          "dependencies": [
            "data.aci_vlan_pool.dynamic"
          ]
        }
      ]
    },
    {
      "mode": "managed",
      "type": "aci_ranges",
      "name": "dynamic_2478",
      "provider": "provider[\"registry.terraform.io/ciscodevnet/aci\"]",
      "instances": [
        {
          "schema_version": 1,
          "attributes": {
            "alloc_mode": "inherit",
            "annotation": "orchestrator:terraform",
            "description": "",
            "from": "vlan-2478",
            "id": "uni/infra/vlanns-[dynamic]-dynamic/from-[vlan-2478]-to-[vlan-2478]",
            "name_alias": "",
            "role": "external",
            "to": "vlan-2478",
            "vlan_pool_dn": "uni/infra/vlanns-[dynamic]-dynamic"
          },
          "sensitive_attributes": [],
          "private": "eyJzY2hlbWFfdmVyc2lvbiI6IjEifQ==",
          "dependencies": [
            "data.aci_vlan_pool.dynamic"
          ]
        }
      ]
    },
    {
      "mode": "managed",
      "type": "aci_ranges",
      "name": "dynamic_2479",
      "provider": "provider[\"registry.terraform.io/ciscodevnet/aci\"]",
      "instances": [
        {
          "schema_version": 1,
          "attributes": {
            "alloc_mode": "inherit",
            "annotation": "orchestrator:terraform",
            "description": "",
            "from": "vlan-2479",
            "id": "uni/infra/vlanns-[dynamic]-dynamic/from-[vlan-2479]-to-[vlan-2479]",
            "name_alias": "",
            "role": "external",
            "to": "vlan-2479",
            "vlan_pool_dn": "uni/infra/vlanns-[dynamic]-dynamic"
          },
          "sensitive_attributes": [],
          "private": "eyJzY2hlbWFfdmVyc2lvbiI6IjEifQ==",
          "dependencies": [
            "data.aci_vlan_pool.dynamic"
          ]
        }
      ]
    },
    {
      "mode": "managed",
      "type": "aci_ranges",
      "name": "dynamic_2480",
      "provider": "provider[\"registry.terraform.io/ciscodevnet/aci\"]",
      "instances": [
        {
          "schema_version": 1,
          "attributes": {
            "alloc_mode": "inherit",
            "annotation": "orchestrator:terraform",
            "description": "",
            "from": "vlan-2480",
            "id": "uni/infra/vlanns-[dynamic]-dynamic/from-[vlan-2480]-to-[vlan-2480]",
            "name_alias": "",
            "role": "external",
            "to": "vlan-2480",
            "vlan_pool_dn": "uni/infra/vlanns-[dynamic]-dynamic"
          },
          "sensitive_attributes": [],
          "private": "eyJzY2hlbWFfdmVyc2lvbiI6IjEifQ==",
          "dependencies": [
            "data.aci_vlan_pool.dynamic"
          ]
        }
      ]
    },
    {
      "mode": "managed",
      "type": "aci_ranges",
      "name": "dynamic_2481",
      "provider": "provider[\"registry.terraform.io/ciscodevnet/aci\"]",
      "instances": [
        {
          "schema_version": 1,
          "attributes": {
            "alloc_mode": "inherit",
            "annotation": "orchestrator:terraform",
            "description": "",
            "from": "vlan-2481",
            "id": "uni/infra/vlanns-[dynamic]-dynamic/from-[vlan-2481]-to-[vlan-2481]",
            "name_alias": "",
            "role": "external",
            "to": "vlan-2481",
            "vlan_pool_dn": "uni/infra/vlanns-[dynamic]-dynamic"
          },
          "sensitive_attributes": [],
          "private": "eyJzY2hlbWFfdmVyc2lvbiI6IjEifQ==",
          "dependencies": [
            "data.aci_vlan_pool.dynamic"
          ]
        }
      ]
    },
    {
      "mode": "managed",
      "type": "aci_ranges",
      "name": "dynamic_2482",
      "provider": "provider[\"registry.terraform.io/ciscodevnet/aci\"]",
      "instances": [
        {
          "schema_version": 1,
          "attributes": {
            "alloc_mode": "inherit",
            "annotation": "orchestrator:terraform",
            "description": "",
            "from": "vlan-2482",
            "id": "uni/infra/vlanns-[dynamic]-dynamic/from-[vlan-2482]-to-[vlan-2482]",
            "name_alias": "",
            "role": "external",
            "to": "vlan-2482",
            "vlan_pool_dn": "uni/infra/vlanns-[dynamic]-dynamic"
          },
          "sensitive_attributes": [],
          "private": "eyJzY2hlbWFfdmVyc2lvbiI6IjEifQ==",
          "dependencies": [
            "data.aci_vlan_pool.dynamic"
          ]
        }
      ]
    },
    {
      "mode": "managed",
      "type": "aci_ranges",
      "name": "dynamic_2483",
      "provider": "provider[\"registry.terraform.io/ciscodevnet/aci\"]",
      "instances": [
        {
          "schema_version": 1,
          "attributes": {
            "alloc_mode": "inherit",
            "annotation": "orchestrator:terraform",
            "description": "",
            "from": "vlan-2483",
            "id": "uni/infra/vlanns-[dynamic]-dynamic/from-[vlan-2483]-to-[vlan-2483]",
            "name_alias": "",
            "role": "external",
            "to": "vlan-2483",
            "vlan_pool_dn": "uni/infra/vlanns-[dynamic]-dynamic"
          },
          "sensitive_attributes": [],
          "private": "eyJzY2hlbWFfdmVyc2lvbiI6IjEifQ==",
          "dependencies": [
            "data.aci_vlan_pool.dynamic"
          ]
        }
      ]
    },
    {
      "mode": "managed",
      "type": "aci_ranges",
      "name": "dynamic_2484",
      "provider": "provider[\"registry.terraform.io/ciscodevnet/aci\"]",
      "instances": [
        {
          "schema_version": 1,
          "attributes": {
            "alloc_mode": "inherit",
            "annotation": "orchestrator:terraform",
            "description": "",
            "from": "vlan-2484",
            "id": "uni/infra/vlanns-[dynamic]-dynamic/from-[vlan-2484]-to-[vlan-2484]",
            "name_alias": "",
            "role": "external",
            "to": "vlan-2484",
            "vlan_pool_dn": "uni/infra/vlanns-[dynamic]-dynamic"
          },
          "sensitive_attributes": [],
          "private": "eyJzY2hlbWFfdmVyc2lvbiI6IjEifQ==",
          "dependencies": [
            "data.aci_vlan_pool.dynamic"
          ]
        }
      ]
    },
    {
      "mode": "managed",
      "type": "aci_ranges",
      "name": "dynamic_2485",
      "provider": "provider[\"registry.terraform.io/ciscodevnet/aci\"]",
      "instances": [
        {
          "schema_version": 1,
          "attributes": {
            "alloc_mode": "inherit",
            "annotation": "orchestrator:terraform",
            "description": "",
            "from": "vlan-2485",
            "id": "uni/infra/vlanns-[dynamic]-dynamic/from-[vlan-2485]-to-[vlan-2485]",
            "name_alias": "",
            "role": "external",
            "to": "vlan-2485",
            "vlan_pool_dn": "uni/infra/vlanns-[dynamic]-dynamic"
          },
          "sensitive_attributes": [],
          "private": "eyJzY2hlbWFfdmVyc2lvbiI6IjEifQ==",
          "dependencies": [
            "data.aci_vlan_pool.dynamic"
          ]
        }
      ]
    },
    {
      "mode": "managed",
      "type": "aci_ranges",
      "name": "dynamic_2486",
      "provider": "provider[\"registry.terraform.io/ciscodevnet/aci\"]",
      "instances": [
        {
          "schema_version": 1,
          "attributes": {
            "alloc_mode": "inherit",
            "annotation": "orchestrator:terraform",
            "description": "",
            "from": "vlan-2486",
            "id": "uni/infra/vlanns-[dynamic]-dynamic/from-[vlan-2486]-to-[vlan-2486]",
            "name_alias": "",
            "role": "external",
            "to": "vlan-2486",
            "vlan_pool_dn": "uni/infra/vlanns-[dynamic]-dynamic"
          },
          "sensitive_attributes": [],
          "private": "eyJzY2hlbWFfdmVyc2lvbiI6IjEifQ==",
          "dependencies": [
            "data.aci_vlan_pool.dynamic"
          ]
        }
      ]
    },
    {
      "mode": "managed",
      "type": "aci_ranges",
      "name": "dynamic_2487",
      "provider": "provider[\"registry.terraform.io/ciscodevnet/aci\"]",
      "instances": [
        {
          "schema_version": 1,
          "attributes": {
            "alloc_mode": "inherit",
            "annotation": "orchestrator:terraform",
            "description": "",
            "from": "vlan-2487",
            "id": "uni/infra/vlanns-[dynamic]-dynamic/from-[vlan-2487]-to-[vlan-2487]",
            "name_alias": "",
            "role": "external",
            "to": "vlan-2487",
            "vlan_pool_dn": "uni/infra/vlanns-[dynamic]-dynamic"
          },
          "sensitive_attributes": [],
          "private": "eyJzY2hlbWFfdmVyc2lvbiI6IjEifQ==",
          "dependencies": [
            "data.aci_vlan_pool.dynamic"
          ]
        }
      ]
    },
    {
      "mode": "managed",
      "type": "aci_ranges",
      "name": "dynamic_2488",
      "provider": "provider[\"registry.terraform.io/ciscodevnet/aci\"]",
      "instances": [
        {
          "schema_version": 1,
          "attributes": {
            "alloc_mode": "inherit",
            "annotation": "orchestrator:terraform",
            "description": "",
            "from": "vlan-2488",
            "id": "uni/infra/vlanns-[dynamic]-dynamic/from-[vlan-2488]-to-[vlan-2488]",
            "name_alias": "",
            "role": "external",
            "to": "vlan-2488",
            "vlan_pool_dn": "uni/infra/vlanns-[dynamic]-dynamic"
          },
          "sensitive_attributes": [],
          "private": "eyJzY2hlbWFfdmVyc2lvbiI6IjEifQ==",
          "dependencies": [
            "data.aci_vlan_pool.dynamic"
          ]
        }
      ]
    },
    {
      "mode": "managed",
      "type": "aci_ranges",
      "name": "dynamic_2489",
      "provider": "provider[\"registry.terraform.io/ciscodevnet/aci\"]",
      "instances": [
        {
          "schema_version": 1,
          "attributes": {
            "alloc_mode": "inherit",
            "annotation": "orchestrator:terraform",
            "description": "",
            "from": "vlan-2489",
            "id": "uni/infra/vlanns-[dynamic]-dynamic/from-[vlan-2489]-to-[vlan-2489]",
            "name_alias": "",
            "role": "external",
            "to": "vlan-2489",
            "vlan_pool_dn": "uni/infra/vlanns-[dynamic]-dynamic"
          },
          "sensitive_attributes": [],
          "private": "eyJzY2hlbWFfdmVyc2lvbiI6IjEifQ==",
          "dependencies": [
            "data.aci_vlan_pool.dynamic"
          ]
        }
      ]
    },
    {
      "mode": "managed",
      "type": "aci_ranges",
      "name": "dynamic_2490",
      "provider": "provider[\"registry.terraform.io/ciscodevnet/aci\"]",
      "instances": [
        {
          "schema_version": 1,
          "attributes": {
            "alloc_mode": "inherit",
            "annotation": "orchestrator:terraform",
            "description": "",
            "from": "vlan-2490",
            "id": "uni/infra/vlanns-[dynamic]-dynamic/from-[vlan-2490]-to-[vlan-2490]",
            "name_alias": "",
            "role": "external",
            "to": "vlan-2490",
            "vlan_pool_dn": "uni/infra/vlanns-[dynamic]-dynamic"
          },
          "sensitive_attributes": [],
          "private": "eyJzY2hlbWFfdmVyc2lvbiI6IjEifQ==",
          "dependencies": [
            "data.aci_vlan_pool.dynamic"
          ]
        }
      ]
    },
    {
      "mode": "managed",
      "type": "aci_ranges",
      "name": "dynamic_2491",
      "provider": "provider[\"registry.terraform.io/ciscodevnet/aci\"]",
      "instances": [
        {
          "schema_version": 1,
          "attributes": {
            "alloc_mode": "inherit",
            "annotation": "orchestrator:terraform",
            "description": "",
            "from": "vlan-2491",
            "id": "uni/infra/vlanns-[dynamic]-dynamic/from-[vlan-2491]-to-[vlan-2491]",
            "name_alias": "",
            "role": "external",
            "to": "vlan-2491",
            "vlan_pool_dn": "uni/infra/vlanns-[dynamic]-dynamic"
          },
          "sensitive_attributes": [],
          "private": "eyJzY2hlbWFfdmVyc2lvbiI6IjEifQ==",
          "dependencies": [
            "data.aci_vlan_pool.dynamic"
          ]
        }
      ]
    },
    {
      "mode": "managed",
      "type": "aci_ranges",
      "name": "dynamic_2492",
      "provider": "provider[\"registry.terraform.io/ciscodevnet/aci\"]",
      "instances": [
        {
          "schema_version": 1,
          "attributes": {
            "alloc_mode": "inherit",
            "annotation": "orchestrator:terraform",
            "description": "",
            "from": "vlan-2492",
            "id": "uni/infra/vlanns-[dynamic]-dynamic/from-[vlan-2492]-to-[vlan-2492]",
            "name_alias": "",
            "role": "external",
            "to": "vlan-2492",
            "vlan_pool_dn": "uni/infra/vlanns-[dynamic]-dynamic"
          },
          "sensitive_attributes": [],
          "private": "eyJzY2hlbWFfdmVyc2lvbiI6IjEifQ==",
          "dependencies": [
            "data.aci_vlan_pool.dynamic"
          ]
        }
      ]
    },
    {
      "mode": "managed",
      "type": "aci_ranges",
      "name": "dynamic_2493",
      "provider": "provider[\"registry.terraform.io/ciscodevnet/aci\"]",
      "instances": [
        {
          "schema_version": 1,
          "attributes": {
            "alloc_mode": "inherit",
            "annotation": "orchestrator:terraform",
            "description": "",
            "from": "vlan-2493",
            "id": "uni/infra/vlanns-[dynamic]-dynamic/from-[vlan-2493]-to-[vlan-2493]",
            "name_alias": "",
            "role": "external",
            "to": "vlan-2493",
            "vlan_pool_dn": "uni/infra/vlanns-[dynamic]-dynamic"
          },
          "sensitive_attributes": [],
          "private": "eyJzY2hlbWFfdmVyc2lvbiI6IjEifQ==",
          "dependencies": [
            "data.aci_vlan_pool.dynamic"
          ]
        }
      ]
    },
    {
      "mode": "managed",
      "type": "aci_ranges",
      "name": "dynamic_2494",
      "provider": "provider[\"registry.terraform.io/ciscodevnet/aci\"]",
      "instances": [
        {
          "schema_version": 1,
          "attributes": {
            "alloc_mode": "inherit",
            "annotation": "orchestrator:terraform",
            "description": "",
            "from": "vlan-2494",
            "id": "uni/infra/vlanns-[dynamic]-dynamic/from-[vlan-2494]-to-[vlan-2494]",
            "name_alias": "",
            "role": "external",
            "to": "vlan-2494",
            "vlan_pool_dn": "uni/infra/vlanns-[dynamic]-dynamic"
          },
          "sensitive_attributes": [],
          "private": "eyJzY2hlbWFfdmVyc2lvbiI6IjEifQ==",
          "dependencies": [
            "data.aci_vlan_pool.dynamic"
          ]
        }
      ]
    },
    {
      "mode": "managed",
      "type": "aci_ranges",
      "name": "dynamic_2495",
      "provider": "provider[\"registry.terraform.io/ciscodevnet/aci\"]",
      "instances": [
        {
          "schema_version": 1,
          "attributes": {
            "alloc_mode": "inherit",
            "annotation": "orchestrator:terraform",
            "description": "",
            "from": "vlan-2495",
            "id": "uni/infra/vlanns-[dynamic]-dynamic/from-[vlan-2495]-to-[vlan-2495]",
            "name_alias": "",
            "role": "external",
            "to": "vlan-2495",
            "vlan_pool_dn": "uni/infra/vlanns-[dynamic]-dynamic"
          },
          "sensitive_attributes": [],
          "private": "eyJzY2hlbWFfdmVyc2lvbiI6IjEifQ==",
          "dependencies": [
            "data.aci_vlan_pool.dynamic"
          ]
        }
      ]
    },
    {
      "mode": "managed",
      "type": "aci_ranges",
      "name": "dynamic_2496",
      "provider": "provider[\"registry.terraform.io/ciscodevnet/aci\"]",
      "instances": [
        {
          "schema_version": 1,
          "attributes": {
            "alloc_mode": "inherit",
            "annotation": "orchestrator:terraform",
            "description": "",
            "from": "vlan-2496",
            "id": "uni/infra/vlanns-[dynamic]-dynamic/from-[vlan-2496]-to-[vlan-2496]",
            "name_alias": "",
            "role": "external",
            "to": "vlan-2496",
            "vlan_pool_dn": "uni/infra/vlanns-[dynamic]-dynamic"
          },
          "sensitive_attributes": [],
          "private": "eyJzY2hlbWFfdmVyc2lvbiI6IjEifQ==",
          "dependencies": [
            "data.aci_vlan_pool.dynamic"
          ]
        }
      ]
    },
    {
      "mode": "managed",
      "type": "aci_ranges",
      "name": "dynamic_2497",
      "provider": "provider[\"registry.terraform.io/ciscodevnet/aci\"]",
      "instances": [
        {
          "schema_version": 1,
          "attributes": {
            "alloc_mode": "inherit",
            "annotation": "orchestrator:terraform",
            "description": "",
            "from": "vlan-2497",
            "id": "uni/infra/vlanns-[dynamic]-dynamic/from-[vlan-2497]-to-[vlan-2497]",
            "name_alias": "",
            "role": "external",
            "to": "vlan-2497",
            "vlan_pool_dn": "uni/infra/vlanns-[dynamic]-dynamic"
          },
          "sensitive_attributes": [],
          "private": "eyJzY2hlbWFfdmVyc2lvbiI6IjEifQ==",
          "dependencies": [
            "data.aci_vlan_pool.dynamic"
          ]
        }
      ]
    },
    {
      "mode": "managed",
      "type": "aci_ranges",
      "name": "dynamic_2498",
      "provider": "provider[\"registry.terraform.io/ciscodevnet/aci\"]",
      "instances": [
        {
          "schema_version": 1,
          "attributes": {
            "alloc_mode": "inherit",
            "annotation": "orchestrator:terraform",
            "description": "",
            "from": "vlan-2498",
            "id": "uni/infra/vlanns-[dynamic]-dynamic/from-[vlan-2498]-to-[vlan-2498]",
            "name_alias": "",
            "role": "external",
            "to": "vlan-2498",
            "vlan_pool_dn": "uni/infra/vlanns-[dynamic]-dynamic"
          },
          "sensitive_attributes": [],
          "private": "eyJzY2hlbWFfdmVyc2lvbiI6IjEifQ==",
          "dependencies": [
            "data.aci_vlan_pool.dynamic"
          ]
        }
      ]
    },
    {
      "mode": "managed",
      "type": "aci_ranges",
      "name": "dynamic_2499",
      "provider": "provider[\"registry.terraform.io/ciscodevnet/aci\"]",
      "instances": [
        {
          "schema_version": 1,
          "attributes": {
            "alloc_mode": "inherit",
            "annotation": "orchestrator:terraform",
            "description": "",
            "from": "vlan-2499",
            "id": "uni/infra/vlanns-[dynamic]-dynamic/from-[vlan-2499]-to-[vlan-2499]",
            "name_alias": "",
            "role": "external",
            "to": "vlan-2499",
            "vlan_pool_dn": "uni/infra/vlanns-[dynamic]-dynamic"
          },
          "sensitive_attributes": [],
          "private": "eyJzY2hlbWFfdmVyc2lvbiI6IjEifQ==",
          "dependencies": [
            "data.aci_vlan_pool.dynamic"
          ]
        }
      ]
    },
    {
      "mode": "managed",
      "type": "aci_ranges",
      "name": "inband_911",
      "provider": "provider[\"registry.terraform.io/ciscodevnet/aci\"]",
      "instances": [
        {
          "schema_version": 1,
          "attributes": {
            "alloc_mode": "inherit",
            "annotation": "orchestrator:terraform",
            "description": "",
            "from": "vlan-911",
            "id": "uni/infra/vlanns-[inband]-static/from-[vlan-911]-to-[vlan-911]",
            "name_alias": "",
            "role": "external",
            "to": "vlan-911",
            "vlan_pool_dn": "uni/infra/vlanns-[inband]-static"
          },
          "sensitive_attributes": [],
          "private": "eyJzY2hlbWFfdmVyc2lvbiI6IjEifQ==",
          "dependencies": [
            "data.aci_vlan_pool.inband"
          ]
        }
      ]
    },
    {
      "mode": "managed",
      "type": "aci_ranges",
      "name": "l3out_901",
      "provider": "provider[\"registry.terraform.io/ciscodevnet/aci\"]",
      "instances": [
        {
          "schema_version": 1,
          "attributes": {
            "alloc_mode": "inherit",
            "annotation": "orchestrator:terraform",
            "description": "",
            "from": "vlan-901",
            "id": "uni/infra/vlanns-[l3out]-static/from-[vlan-901]-to-[vlan-901]",
            "name_alias": "",
            "role": "external",
            "to": "vlan-901",
            "vlan_pool_dn": "uni/infra/vlanns-[l3out]-static"
          },
          "sensitive_attributes": [],
          "private": "eyJzY2hlbWFfdmVyc2lvbiI6IjEifQ==",
          "dependencies": [
            "data.aci_vlan_pool.l3out"
          ]
        }
      ]
    },
    {
      "mode": "managed",
      "type": "aci_ranges",
      "name": "msite_4",
      "provider": "provider[\"registry.terraform.io/ciscodevnet/aci\"]",
      "instances": [
        {
          "schema_version": 1,
          "attributes": {
            "alloc_mode": "inherit",
            "annotation": "orchestrator:terraform",
            "description": "",
            "from": "vlan-4",
            "id": "uni/infra/vlanns-[msite]-static/from-[vlan-4]-to-[vlan-4]",
            "name_alias": "",
            "role": "external",
            "to": "vlan-4",
            "vlan_pool_dn": "uni/infra/vlanns-[msite]-static"
          },
          "sensitive_attributes": [],
          "private": "eyJzY2hlbWFfdmVyc2lvbiI6IjEifQ==",
          "dependencies": [
            "data.aci_vlan_pool.msite"
          ]
        }
      ]
    }
  ]
}
