{
  "version": 4,
  "terraform_version": "0.14.8",
  "serial": 1,
  "lineage": "477fda1e-1156-92c1-ca81-1064473ede74",
  "outputs": {},
  "resources": [
    {
      "mode": "data",
      "type": "aci_tenant",
      "name": "prod",
      "provider": "provider[\"registry.terraform.io/ciscodevnet/aci\"]",
      "instances": [
        {
          "schema_version": 0,
          "attributes": {
            "annotation": "orchestrator:terraform",
            "description": "Updated Tenant Description",
            "id": "uni/tn-prod",
            "name": "prod",
            "name_alias": ""
          },
          "sensitive_attributes": []
        }
      ]
    },
    {
      "mode": "managed",
      "type": "aci_application_profile",
      "name": "networks",
      "provider": "provider[\"registry.terraform.io/ciscodevnet/aci\"]",
      "instances": [
        {
          "schema_version": 1,
          "attributes": {
            "annotation": "orchestrator:terraform",
            "description": "",
            "id": "uni/tn-prod/ap-networks",
            "name": "networks",
            "name_alias": "",
            "prio": "unspecified",
            "relation_fv_rs_ap_mon_pol": "",
            "tenant_dn": "uni/tn-prod"
          },
          "sensitive_attributes": [],
          "private": "eyJzY2hlbWFfdmVyc2lvbiI6IjEifQ==",
          "dependencies": [
            "data.aci_tenant.prod"
          ]
        }
      ]
    }
  ]
}
