{
  "version": 4,
  "terraform_version": "1.0.6",
  "serial": 1,
  "lineage": "cfb4dd74-9457-8ace-4ad3-884a6720ef0c",
  "outputs": {},
  "resources": [
    {
      "mode": "managed",
      "type": "aci_tenant",
      "name": "Tenant_community_health",
      "provider": "provider[\"registry.terraform.io/ciscodevnet/aci\"]",
      "instances": [
        {
          "schema_version": 1,
          "attributes": {
            "annotation": "orchestrator:terraform",
            "description": "Test Tenant for Community Demo",
            "id": "uni/tn-community_health",
            "name": "community_health",
            "name_alias": "",
            "relation_fv_rs_tenant_mon_pol": "",
            "relation_fv_rs_tn_deny_rule": null
          },
          "sensitive_attributes": [],
          "private": "eyJzY2hlbWFfdmVyc2lvbiI6IjEifQ=="
        }
      ]
    }
  ]
}
