{
  "version": 4,
  "terraform_version": "0.14.5",
  "serial": 802,
  "lineage": "0346fccb-44fa-90b8-56a1-1e56bd560681",
  "outputs": {},
  "resources": [
    {
      "mode": "data",
      "type": "aci_vlan_pool",
      "name": "access",
      "provider": "provider[\"registry.terraform.io/ciscodevnet/aci\"]",
      "instances": [
        {
          "schema_version": 0,
          "attributes": {
            "alloc_mode": "static",
            "annotation": "orchestrator:terraform",
            "description": "",
            "id": "uni/infra/vlanns-[access]-static",
            "name": "access",
            "name_alias": ""
          },
          "sensitive_attributes": []
        }
      ]
    },
    {
      "mode": "data",
      "type": "aci_vlan_pool",
      "name": "dynamic",
      "provider": "provider[\"registry.terraform.io/ciscodevnet/aci\"]",
      "instances": [
        {
          "schema_version": 0,
          "attributes": {
            "alloc_mode": "dynamic",
            "annotation": "orchestrator:terraform",
            "description": "",
            "id": "uni/infra/vlanns-[dynamic]-dynamic",
            "name": "dynamic",
            "name_alias": ""
          },
          "sensitive_attributes": []
        }
      ]
    },
    {
      "mode": "data",
      "type": "aci_vlan_pool",
      "name": "inband",
      "provider": "provider[\"registry.terraform.io/ciscodevnet/aci\"]",
      "instances": [
        {
          "schema_version": 0,
          "attributes": {
            "alloc_mode": "static",
            "annotation": "orchestrator:terraform",
            "description": "",
            "id": "uni/infra/vlanns-[inband]-static",
            "name": "inband",
            "name_alias": ""
          },
          "sensitive_attributes": []
        }
      ]
    },
    {
      "mode": "data",
      "type": "aci_vlan_pool",
      "name": "l3out",
      "provider": "provider[\"registry.terraform.io/ciscodevnet/aci\"]",
      "instances": [
        {
          "schema_version": 0,
          "attributes": {
            "alloc_mode": "static",
            "annotation": "orchestrator:terraform",
            "description": "",
            "id": "uni/infra/vlanns-[l3out]-static",
            "name": "l3out",
            "name_alias": ""
          },
          "sensitive_attributes": []
        }
      ]
    },
    {
      "mode": "data",
      "type": "aci_vlan_pool",
      "name": "msite",
      "provider": "provider[\"registry.terraform.io/ciscodevnet/aci\"]",
      "instances": [
        {
          "schema_version": 0,
          "attributes": {
            "alloc_mode": "static",
            "annotation": "orchestrator:terraform",
            "description": "",
            "id": "uni/infra/vlanns-[msite]-static",
            "name": "msite",
            "name_alias": ""
          },
          "sensitive_attributes": []
        }
      ]
    },
    {
      "mode": "managed",
      "type": "aci_ranges",
      "name": "access_1",
      "provider": "provider[\"registry.terraform.io/ciscodevnet/aci\"]",
      "instances": [
        {
          "schema_version": 1,
          "attributes": {
            "alloc_mode": "inherit",
            "annotation": "orchestrator:terraform",
            "description": "",
            "from": "vlan-1",
            "id": "uni/infra/vlanns-[access]-static/from-[vlan-1]-to-[vlan-1]",
            "name_alias": "",
            "role": "external",
            "to": "vlan-1",
            "vlan_pool_dn": "uni/infra/vlanns-[access]-static"
          },
          "sensitive_attributes": [],
          "private": "eyJzY2hlbWFfdmVyc2lvbiI6IjEifQ==",
          "dependencies": [
            "data.aci_vlan_pool.access"
          ]
        }
      ]
    },
    {
      "mode": "managed",
      "type": "aci_ranges",
      "name": "access_10",
      "provider": "provider[\"registry.terraform.io/ciscodevnet/aci\"]",
      "instances": [
        {
          "schema_version": 1,
          "attributes": {
            "alloc_mode": "inherit",
            "annotation": "orchestrator:terraform",
            "description": "",
            "from": "vlan-10",
            "id": "uni/infra/vlanns-[access]-static/from-[vlan-10]-to-[vlan-10]",
            "name_alias": "",
            "role": "external",
            "to": "vlan-10",
            "vlan_pool_dn": "uni/infra/vlanns-[access]-static"
          },
          "sensitive_attributes": [],
          "private": "eyJzY2hlbWFfdmVyc2lvbiI6IjEifQ==",
          "dependencies": [
            "data.aci_vlan_pool.access"
          ]
        }
      ]
    },
    {
      "mode": "managed",
      "type": "aci_ranges",
      "name": "access_100",
      "provider": "provider[\"registry.terraform.io/ciscodevnet/aci\"]",
      "instances": [
        {
          "schema_version": 1,
          "attributes": {
            "alloc_mode": "inherit",
            "annotation": "orchestrator:terraform",
            "description": "",
            "from": "vlan-100",
            "id": "uni/infra/vlanns-[access]-static/from-[vlan-100]-to-[vlan-100]",
            "name_alias": "",
            "role": "external",
            "to": "vlan-100",
            "vlan_pool_dn": "uni/infra/vlanns-[access]-static"
          },
          "sensitive_attributes": [],
          "private": "eyJzY2hlbWFfdmVyc2lvbiI6IjEifQ==",
          "dependencies": [
            "data.aci_vlan_pool.access"
          ]
        }
      ]
    },
    {
      "mode": "managed",
      "type": "aci_ranges",
      "name": "access_11",
      "provider": "provider[\"registry.terraform.io/ciscodevnet/aci\"]",
      "instances": [
        {
          "schema_version": 1,
          "attributes": {
            "alloc_mode": "inherit",
            "annotation": "orchestrator:terraform",
            "description": "",
            "from": "vlan-11",
            "id": "uni/infra/vlanns-[access]-static/from-[vlan-11]-to-[vlan-11]",
            "name_alias": "",
            "role": "external",
            "to": "vlan-11",
            "vlan_pool_dn": "uni/infra/vlanns-[access]-static"
          },
          "sensitive_attributes": [],
          "private": "eyJzY2hlbWFfdmVyc2lvbiI6IjEifQ==",
          "dependencies": [
            "data.aci_vlan_pool.access"
          ]
        }
      ]
    },
    {
      "mode": "managed",
      "type": "aci_ranges",
      "name": "access_12",
      "provider": "provider[\"registry.terraform.io/ciscodevnet/aci\"]",
      "instances": [
        {
          "schema_version": 1,
          "attributes": {
            "alloc_mode": "inherit",
            "annotation": "orchestrator:terraform",
            "description": "",
            "from": "vlan-12",
            "id": "uni/infra/vlanns-[access]-static/from-[vlan-12]-to-[vlan-12]",
            "name_alias": "",
            "role": "external",
            "to": "vlan-12",
            "vlan_pool_dn": "uni/infra/vlanns-[access]-static"
          },
          "sensitive_attributes": [],
          "private": "eyJzY2hlbWFfdmVyc2lvbiI6IjEifQ==",
          "dependencies": [
            "data.aci_vlan_pool.access"
          ]
        }
      ]
    },
    {
      "mode": "managed",
      "type": "aci_ranges",
      "name": "access_1201",
      "provider": "provider[\"registry.terraform.io/ciscodevnet/aci\"]",
      "instances": [
        {
          "schema_version": 1,
          "attributes": {
            "alloc_mode": "inherit",
            "annotation": "orchestrator:terraform",
            "description": "",
            "from": "vlan-1201",
            "id": "uni/infra/vlanns-[access]-static/from-[vlan-1201]-to-[vlan-1201]",
            "name_alias": "",
            "role": "external",
            "to": "vlan-1201",
            "vlan_pool_dn": "uni/infra/vlanns-[access]-static"
          },
          "sensitive_attributes": [],
          "private": "eyJzY2hlbWFfdmVyc2lvbiI6IjEifQ==",
          "dependencies": [
            "data.aci_vlan_pool.access"
          ]
        }
      ]
    },
    {
      "mode": "managed",
      "type": "aci_ranges",
      "name": "access_1202",
      "provider": "provider[\"registry.terraform.io/ciscodevnet/aci\"]",
      "instances": [
        {
          "schema_version": 1,
          "attributes": {
            "alloc_mode": "inherit",
            "annotation": "orchestrator:terraform",
            "description": "",
            "from": "vlan-1202",
            "id": "uni/infra/vlanns-[access]-static/from-[vlan-1202]-to-[vlan-1202]",
            "name_alias": "",
            "role": "external",
            "to": "vlan-1202",
            "vlan_pool_dn": "uni/infra/vlanns-[access]-static"
          },
          "sensitive_attributes": [],
          "private": "eyJzY2hlbWFfdmVyc2lvbiI6IjEifQ==",
          "dependencies": [
            "data.aci_vlan_pool.access"
          ]
        }
      ]
    },
    {
      "mode": "managed",
      "type": "aci_ranges",
      "name": "access_1203",
      "provider": "provider[\"registry.terraform.io/ciscodevnet/aci\"]",
      "instances": [
        {
          "schema_version": 1,
          "attributes": {
            "alloc_mode": "inherit",
            "annotation": "orchestrator:terraform",
            "description": "",
            "from": "vlan-1203",
            "id": "uni/infra/vlanns-[access]-static/from-[vlan-1203]-to-[vlan-1203]",
            "name_alias": "",
            "role": "external",
            "to": "vlan-1203",
            "vlan_pool_dn": "uni/infra/vlanns-[access]-static"
          },
          "sensitive_attributes": [],
          "private": "eyJzY2hlbWFfdmVyc2lvbiI6IjEifQ==",
          "dependencies": [
            "data.aci_vlan_pool.access"
          ]
        }
      ]
    },
    {
      "mode": "managed",
      "type": "aci_ranges",
      "name": "access_1204",
      "provider": "provider[\"registry.terraform.io/ciscodevnet/aci\"]",
      "instances": [
        {
          "schema_version": 1,
          "attributes": {
            "alloc_mode": "inherit",
            "annotation": "orchestrator:terraform",
            "description": "",
            "from": "vlan-1204",
            "id": "uni/infra/vlanns-[access]-static/from-[vlan-1204]-to-[vlan-1204]",
            "name_alias": "",
            "role": "external",
            "to": "vlan-1204",
            "vlan_pool_dn": "uni/infra/vlanns-[access]-static"
          },
          "sensitive_attributes": [],
          "private": "eyJzY2hlbWFfdmVyc2lvbiI6IjEifQ==",
          "dependencies": [
            "data.aci_vlan_pool.access"
          ]
        }
      ]
    },
    {
      "mode": "managed",
      "type": "aci_ranges",
      "name": "access_1205",
      "provider": "provider[\"registry.terraform.io/ciscodevnet/aci\"]",
      "instances": [
        {
          "schema_version": 1,
          "attributes": {
            "alloc_mode": "inherit",
            "annotation": "orchestrator:terraform",
            "description": "",
            "from": "vlan-1205",
            "id": "uni/infra/vlanns-[access]-static/from-[vlan-1205]-to-[vlan-1205]",
            "name_alias": "",
            "role": "external",
            "to": "vlan-1205",
            "vlan_pool_dn": "uni/infra/vlanns-[access]-static"
          },
          "sensitive_attributes": [],
          "private": "eyJzY2hlbWFfdmVyc2lvbiI6IjEifQ==",
          "dependencies": [
            "data.aci_vlan_pool.access"
          ]
        }
      ]
    },
    {
      "mode": "managed",
      "type": "aci_ranges",
      "name": "access_1206",
      "provider": "provider[\"registry.terraform.io/ciscodevnet/aci\"]",
      "instances": [
        {
          "schema_version": 1,
          "attributes": {
            "alloc_mode": "inherit",
            "annotation": "orchestrator:terraform",
            "description": "",
            "from": "vlan-1206",
            "id": "uni/infra/vlanns-[access]-static/from-[vlan-1206]-to-[vlan-1206]",
            "name_alias": "",
            "role": "external",
            "to": "vlan-1206",
            "vlan_pool_dn": "uni/infra/vlanns-[access]-static"
          },
          "sensitive_attributes": [],
          "private": "eyJzY2hlbWFfdmVyc2lvbiI6IjEifQ==",
          "dependencies": [
            "data.aci_vlan_pool.access"
          ]
        }
      ]
    },
    {
      "mode": "managed",
      "type": "aci_ranges",
      "name": "access_1207",
      "provider": "provider[\"registry.terraform.io/ciscodevnet/aci\"]",
      "instances": [
        {
          "schema_version": 1,
          "attributes": {
            "alloc_mode": "inherit",
            "annotation": "orchestrator:terraform",
            "description": "",
            "from": "vlan-1207",
            "id": "uni/infra/vlanns-[access]-static/from-[vlan-1207]-to-[vlan-1207]",
            "name_alias": "",
            "role": "external",
            "to": "vlan-1207",
            "vlan_pool_dn": "uni/infra/vlanns-[access]-static"
          },
          "sensitive_attributes": [],
          "private": "eyJzY2hlbWFfdmVyc2lvbiI6IjEifQ==",
          "dependencies": [
            "data.aci_vlan_pool.access"
          ]
        }
      ]
    },
    {
      "mode": "managed",
      "type": "aci_ranges",
      "name": "access_1208",
      "provider": "provider[\"registry.terraform.io/ciscodevnet/aci\"]",
      "instances": [
        {
          "schema_version": 1,
          "attributes": {
            "alloc_mode": "inherit",
            "annotation": "orchestrator:terraform",
            "description": "",
            "from": "vlan-1208",
            "id": "uni/infra/vlanns-[access]-static/from-[vlan-1208]-to-[vlan-1208]",
            "name_alias": "",
            "role": "external",
            "to": "vlan-1208",
            "vlan_pool_dn": "uni/infra/vlanns-[access]-static"
          },
          "sensitive_attributes": [],
          "private": "eyJzY2hlbWFfdmVyc2lvbiI6IjEifQ==",
          "dependencies": [
            "data.aci_vlan_pool.access"
          ]
        }
      ]
    },
    {
      "mode": "managed",
      "type": "aci_ranges",
      "name": "access_1209",
      "provider": "provider[\"registry.terraform.io/ciscodevnet/aci\"]",
      "instances": [
        {
          "schema_version": 1,
          "attributes": {
            "alloc_mode": "inherit",
            "annotation": "orchestrator:terraform",
            "description": "",
            "from": "vlan-1209",
            "id": "uni/infra/vlanns-[access]-static/from-[vlan-1209]-to-[vlan-1209]",
            "name_alias": "",
            "role": "external",
            "to": "vlan-1209",
            "vlan_pool_dn": "uni/infra/vlanns-[access]-static"
          },
          "sensitive_attributes": [],
          "private": "eyJzY2hlbWFfdmVyc2lvbiI6IjEifQ==",
          "dependencies": [
            "data.aci_vlan_pool.access"
          ]
        }
      ]
    },
    {
      "mode": "managed",
      "type": "aci_ranges",
      "name": "access_1210",
      "provider": "provider[\"registry.terraform.io/ciscodevnet/aci\"]",
      "instances": [
        {
          "schema_version": 1,
          "attributes": {
            "alloc_mode": "inherit",
            "annotation": "orchestrator:terraform",
            "description": "",
            "from": "vlan-1210",
            "id": "uni/infra/vlanns-[access]-static/from-[vlan-1210]-to-[vlan-1210]",
            "name_alias": "",
            "role": "external",
            "to": "vlan-1210",
            "vlan_pool_dn": "uni/infra/vlanns-[access]-static"
          },
          "sensitive_attributes": [],
          "private": "eyJzY2hlbWFfdmVyc2lvbiI6IjEifQ==",
          "dependencies": [
            "data.aci_vlan_pool.access"
          ]
        }
      ]
    },
    {
      "mode": "managed",
      "type": "aci_ranges",
      "name": "access_1211",
      "provider": "provider[\"registry.terraform.io/ciscodevnet/aci\"]",
      "instances": [
        {
          "schema_version": 1,
          "attributes": {
            "alloc_mode": "inherit",
            "annotation": "orchestrator:terraform",
            "description": "",
            "from": "vlan-1211",
            "id": "uni/infra/vlanns-[access]-static/from-[vlan-1211]-to-[vlan-1211]",
            "name_alias": "",
            "role": "external",
            "to": "vlan-1211",
            "vlan_pool_dn": "uni/infra/vlanns-[access]-static"
          },
          "sensitive_attributes": [],
          "private": "eyJzY2hlbWFfdmVyc2lvbiI6IjEifQ==",
          "dependencies": [
            "data.aci_vlan_pool.access"
          ]
        }
      ]
    },
    {
      "mode": "managed",
      "type": "aci_ranges",
      "name": "access_1212",
      "provider": "provider[\"registry.terraform.io/ciscodevnet/aci\"]",
      "instances": [
        {
          "schema_version": 1,
          "attributes": {
            "alloc_mode": "inherit",
            "annotation": "orchestrator:terraform",
            "description": "",
            "from": "vlan-1212",
            "id": "uni/infra/vlanns-[access]-static/from-[vlan-1212]-to-[vlan-1212]",
            "name_alias": "",
            "role": "external",
            "to": "vlan-1212",
            "vlan_pool_dn": "uni/infra/vlanns-[access]-static"
          },
          "sensitive_attributes": [],
          "private": "eyJzY2hlbWFfdmVyc2lvbiI6IjEifQ==",
          "dependencies": [
            "data.aci_vlan_pool.access"
          ]
        }
      ]
    },
    {
      "mode": "managed",
      "type": "aci_ranges",
      "name": "access_1213",
      "provider": "provider[\"registry.terraform.io/ciscodevnet/aci\"]",
      "instances": [
        {
          "schema_version": 1,
          "attributes": {
            "alloc_mode": "inherit",
            "annotation": "orchestrator:terraform",
            "description": "",
            "from": "vlan-1213",
            "id": "uni/infra/vlanns-[access]-static/from-[vlan-1213]-to-[vlan-1213]",
            "name_alias": "",
            "role": "external",
            "to": "vlan-1213",
            "vlan_pool_dn": "uni/infra/vlanns-[access]-static"
          },
          "sensitive_attributes": [],
          "private": "eyJzY2hlbWFfdmVyc2lvbiI6IjEifQ==",
          "dependencies": [
            "data.aci_vlan_pool.access"
          ]
        }
      ]
    },
    {
      "mode": "managed",
      "type": "aci_ranges",
      "name": "access_1214",
      "provider": "provider[\"registry.terraform.io/ciscodevnet/aci\"]",
      "instances": [
        {
          "schema_version": 1,
          "attributes": {
            "alloc_mode": "inherit",
            "annotation": "orchestrator:terraform",
            "description": "",
            "from": "vlan-1214",
            "id": "uni/infra/vlanns-[access]-static/from-[vlan-1214]-to-[vlan-1214]",
            "name_alias": "",
            "role": "external",
            "to": "vlan-1214",
            "vlan_pool_dn": "uni/infra/vlanns-[access]-static"
          },
          "sensitive_attributes": [],
          "private": "eyJzY2hlbWFfdmVyc2lvbiI6IjEifQ==",
          "dependencies": [
            "data.aci_vlan_pool.access"
          ]
        }
      ]
    },
    {
      "mode": "managed",
      "type": "aci_ranges",
      "name": "access_1215",
      "provider": "provider[\"registry.terraform.io/ciscodevnet/aci\"]",
      "instances": [
        {
          "schema_version": 1,
          "attributes": {
            "alloc_mode": "inherit",
            "annotation": "orchestrator:terraform",
            "description": "",
            "from": "vlan-1215",
            "id": "uni/infra/vlanns-[access]-static/from-[vlan-1215]-to-[vlan-1215]",
            "name_alias": "",
            "role": "external",
            "to": "vlan-1215",
            "vlan_pool_dn": "uni/infra/vlanns-[access]-static"
          },
          "sensitive_attributes": [],
          "private": "eyJzY2hlbWFfdmVyc2lvbiI6IjEifQ==",
          "dependencies": [
            "data.aci_vlan_pool.access"
          ]
        }
      ]
    },
    {
      "mode": "managed",
      "type": "aci_ranges",
      "name": "access_1216",
      "provider": "provider[\"registry.terraform.io/ciscodevnet/aci\"]",
      "instances": [
        {
          "schema_version": 1,
          "attributes": {
            "alloc_mode": "inherit",
            "annotation": "orchestrator:terraform",
            "description": "",
            "from": "vlan-1216",
            "id": "uni/infra/vlanns-[access]-static/from-[vlan-1216]-to-[vlan-1216]",
            "name_alias": "",
            "role": "external",
            "to": "vlan-1216",
            "vlan_pool_dn": "uni/infra/vlanns-[access]-static"
          },
          "sensitive_attributes": [],
          "private": "eyJzY2hlbWFfdmVyc2lvbiI6IjEifQ==",
          "dependencies": [
            "data.aci_vlan_pool.access"
          ]
        }
      ]
    },
    {
      "mode": "managed",
      "type": "aci_ranges",
      "name": "access_1217",
      "provider": "provider[\"registry.terraform.io/ciscodevnet/aci\"]",
      "instances": [
        {
          "schema_version": 1,
          "attributes": {
            "alloc_mode": "inherit",
            "annotation": "orchestrator:terraform",
            "description": "",
            "from": "vlan-1217",
            "id": "uni/infra/vlanns-[access]-static/from-[vlan-1217]-to-[vlan-1217]",
            "name_alias": "",
            "role": "external",
            "to": "vlan-1217",
            "vlan_pool_dn": "uni/infra/vlanns-[access]-static"
          },
          "sensitive_attributes": [],
          "private": "eyJzY2hlbWFfdmVyc2lvbiI6IjEifQ==",
          "dependencies": [
            "data.aci_vlan_pool.access"
          ]
        }
      ]
    },
    {
      "mode": "managed",
      "type": "aci_ranges",
      "name": "access_1218",
      "provider": "provider[\"registry.terraform.io/ciscodevnet/aci\"]",
      "instances": [
        {
          "schema_version": 1,
          "attributes": {
            "alloc_mode": "inherit",
            "annotation": "orchestrator:terraform",
            "description": "",
            "from": "vlan-1218",
            "id": "uni/infra/vlanns-[access]-static/from-[vlan-1218]-to-[vlan-1218]",
            "name_alias": "",
            "role": "external",
            "to": "vlan-1218",
            "vlan_pool_dn": "uni/infra/vlanns-[access]-static"
          },
          "sensitive_attributes": [],
          "private": "eyJzY2hlbWFfdmVyc2lvbiI6IjEifQ==",
          "dependencies": [
            "data.aci_vlan_pool.access"
          ]
        }
      ]
    },
    {
      "mode": "managed",
      "type": "aci_ranges",
      "name": "access_1219",
      "provider": "provider[\"registry.terraform.io/ciscodevnet/aci\"]",
      "instances": [
        {
          "schema_version": 1,
          "attributes": {
            "alloc_mode": "inherit",
            "annotation": "orchestrator:terraform",
            "description": "",
            "from": "vlan-1219",
            "id": "uni/infra/vlanns-[access]-static/from-[vlan-1219]-to-[vlan-1219]",
            "name_alias": "",
            "role": "external",
            "to": "vlan-1219",
            "vlan_pool_dn": "uni/infra/vlanns-[access]-static"
          },
          "sensitive_attributes": [],
          "private": "eyJzY2hlbWFfdmVyc2lvbiI6IjEifQ==",
          "dependencies": [
            "data.aci_vlan_pool.access"
          ]
        }
      ]
    },
    {
      "mode": "managed",
      "type": "aci_ranges",
      "name": "access_1220",
      "provider": "provider[\"registry.terraform.io/ciscodevnet/aci\"]",
      "instances": [
        {
          "schema_version": 1,
          "attributes": {
            "alloc_mode": "inherit",
            "annotation": "orchestrator:terraform",
            "description": "",
            "from": "vlan-1220",
            "id": "uni/infra/vlanns-[access]-static/from-[vlan-1220]-to-[vlan-1220]",
            "name_alias": "",
            "role": "external",
            "to": "vlan-1220",
            "vlan_pool_dn": "uni/infra/vlanns-[access]-static"
          },
          "sensitive_attributes": [],
          "private": "eyJzY2hlbWFfdmVyc2lvbiI6IjEifQ==",
          "dependencies": [
            "data.aci_vlan_pool.access"
          ]
        }
      ]
    },
    {
      "mode": "managed",
      "type": "aci_ranges",
      "name": "access_1221",
      "provider": "provider[\"registry.terraform.io/ciscodevnet/aci\"]",
      "instances": [
        {
          "schema_version": 1,
          "attributes": {
            "alloc_mode": "inherit",
            "annotation": "orchestrator:terraform",
            "description": "",
            "from": "vlan-1221",
            "id": "uni/infra/vlanns-[access]-static/from-[vlan-1221]-to-[vlan-1221]",
            "name_alias": "",
            "role": "external",
            "to": "vlan-1221",
            "vlan_pool_dn": "uni/infra/vlanns-[access]-static"
          },
          "sensitive_attributes": [],
          "private": "eyJzY2hlbWFfdmVyc2lvbiI6IjEifQ==",
          "dependencies": [
            "data.aci_vlan_pool.access"
          ]
        }
      ]
    },
    {
      "mode": "managed",
      "type": "aci_ranges",
      "name": "access_1222",
      "provider": "provider[\"registry.terraform.io/ciscodevnet/aci\"]",
      "instances": [
        {
          "schema_version": 1,
          "attributes": {
            "alloc_mode": "inherit",
            "annotation": "orchestrator:terraform",
            "description": "",
            "from": "vlan-1222",
            "id": "uni/infra/vlanns-[access]-static/from-[vlan-1222]-to-[vlan-1222]",
            "name_alias": "",
            "role": "external",
            "to": "vlan-1222",
            "vlan_pool_dn": "uni/infra/vlanns-[access]-static"
          },
          "sensitive_attributes": [],
          "private": "eyJzY2hlbWFfdmVyc2lvbiI6IjEifQ==",
          "dependencies": [
            "data.aci_vlan_pool.access"
          ]
        }
      ]
    },
    {
      "mode": "managed",
      "type": "aci_ranges",
      "name": "access_1223",
      "provider": "provider[\"registry.terraform.io/ciscodevnet/aci\"]",
      "instances": [
        {
          "schema_version": 1,
          "attributes": {
            "alloc_mode": "inherit",
            "annotation": "orchestrator:terraform",
            "description": "",
            "from": "vlan-1223",
            "id": "uni/infra/vlanns-[access]-static/from-[vlan-1223]-to-[vlan-1223]",
            "name_alias": "",
            "role": "external",
            "to": "vlan-1223",
            "vlan_pool_dn": "uni/infra/vlanns-[access]-static"
          },
          "sensitive_attributes": [],
          "private": "eyJzY2hlbWFfdmVyc2lvbiI6IjEifQ==",
          "dependencies": [
            "data.aci_vlan_pool.access"
          ]
        }
      ]
    },
    {
      "mode": "managed",
      "type": "aci_ranges",
      "name": "access_1224",
      "provider": "provider[\"registry.terraform.io/ciscodevnet/aci\"]",
      "instances": [
        {
          "schema_version": 1,
          "attributes": {
            "alloc_mode": "inherit",
            "annotation": "orchestrator:terraform",
            "description": "",
            "from": "vlan-1224",
            "id": "uni/infra/vlanns-[access]-static/from-[vlan-1224]-to-[vlan-1224]",
            "name_alias": "",
            "role": "external",
            "to": "vlan-1224",
            "vlan_pool_dn": "uni/infra/vlanns-[access]-static"
          },
          "sensitive_attributes": [],
          "private": "eyJzY2hlbWFfdmVyc2lvbiI6IjEifQ==",
          "dependencies": [
            "data.aci_vlan_pool.access"
          ]
        }
      ]
    },
    {
      "mode": "managed",
      "type": "aci_ranges",
      "name": "access_1225",
      "provider": "provider[\"registry.terraform.io/ciscodevnet/aci\"]",
      "instances": [
        {
          "schema_version": 1,
          "attributes": {
            "alloc_mode": "inherit",
            "annotation": "orchestrator:terraform",
            "description": "",
            "from": "vlan-1225",
            "id": "uni/infra/vlanns-[access]-static/from-[vlan-1225]-to-[vlan-1225]",
            "name_alias": "",
            "role": "external",
            "to": "vlan-1225",
            "vlan_pool_dn": "uni/infra/vlanns-[access]-static"
          },
          "sensitive_attributes": [],
          "private": "eyJzY2hlbWFfdmVyc2lvbiI6IjEifQ==",
          "dependencies": [
            "data.aci_vlan_pool.access"
          ]
        }
      ]
    },
    {
      "mode": "managed",
      "type": "aci_ranges",
      "name": "access_1226",
      "provider": "provider[\"registry.terraform.io/ciscodevnet/aci\"]",
      "instances": [
        {
          "schema_version": 1,
          "attributes": {
            "alloc_mode": "inherit",
            "annotation": "orchestrator:terraform",
            "description": "",
            "from": "vlan-1226",
            "id": "uni/infra/vlanns-[access]-static/from-[vlan-1226]-to-[vlan-1226]",
            "name_alias": "",
            "role": "external",
            "to": "vlan-1226",
            "vlan_pool_dn": "uni/infra/vlanns-[access]-static"
          },
          "sensitive_attributes": [],
          "private": "eyJzY2hlbWFfdmVyc2lvbiI6IjEifQ==",
          "dependencies": [
            "data.aci_vlan_pool.access"
          ]
        }
      ]
    },
    {
      "mode": "managed",
      "type": "aci_ranges",
      "name": "access_1227",
      "provider": "provider[\"registry.terraform.io/ciscodevnet/aci\"]",
      "instances": [
        {
          "schema_version": 1,
          "attributes": {
            "alloc_mode": "inherit",
            "annotation": "orchestrator:terraform",
            "description": "",
            "from": "vlan-1227",
            "id": "uni/infra/vlanns-[access]-static/from-[vlan-1227]-to-[vlan-1227]",
            "name_alias": "",
            "role": "external",
            "to": "vlan-1227",
            "vlan_pool_dn": "uni/infra/vlanns-[access]-static"
          },
          "sensitive_attributes": [],
          "private": "eyJzY2hlbWFfdmVyc2lvbiI6IjEifQ==",
          "dependencies": [
            "data.aci_vlan_pool.access"
          ]
        }
      ]
    },
    {
      "mode": "managed",
      "type": "aci_ranges",
      "name": "access_1228",
      "provider": "provider[\"registry.terraform.io/ciscodevnet/aci\"]",
      "instances": [
        {
          "schema_version": 1,
          "attributes": {
            "alloc_mode": "inherit",
            "annotation": "orchestrator:terraform",
            "description": "",
            "from": "vlan-1228",
            "id": "uni/infra/vlanns-[access]-static/from-[vlan-1228]-to-[vlan-1228]",
            "name_alias": "",
            "role": "external",
            "to": "vlan-1228",
            "vlan_pool_dn": "uni/infra/vlanns-[access]-static"
          },
          "sensitive_attributes": [],
          "private": "eyJzY2hlbWFfdmVyc2lvbiI6IjEifQ==",
          "dependencies": [
            "data.aci_vlan_pool.access"
          ]
        }
      ]
    },
    {
      "mode": "managed",
      "type": "aci_ranges",
      "name": "access_1229",
      "provider": "provider[\"registry.terraform.io/ciscodevnet/aci\"]",
      "instances": [
        {
          "schema_version": 1,
          "attributes": {
            "alloc_mode": "inherit",
            "annotation": "orchestrator:terraform",
            "description": "",
            "from": "vlan-1229",
            "id": "uni/infra/vlanns-[access]-static/from-[vlan-1229]-to-[vlan-1229]",
            "name_alias": "",
            "role": "external",
            "to": "vlan-1229",
            "vlan_pool_dn": "uni/infra/vlanns-[access]-static"
          },
          "sensitive_attributes": [],
          "private": "eyJzY2hlbWFfdmVyc2lvbiI6IjEifQ==",
          "dependencies": [
            "data.aci_vlan_pool.access"
          ]
        }
      ]
    },
    {
      "mode": "managed",
      "type": "aci_ranges",
      "name": "access_1230",
      "provider": "provider[\"registry.terraform.io/ciscodevnet/aci\"]",
      "instances": [
        {
          "schema_version": 1,
          "attributes": {
            "alloc_mode": "inherit",
            "annotation": "orchestrator:terraform",
            "description": "",
            "from": "vlan-1230",
            "id": "uni/infra/vlanns-[access]-static/from-[vlan-1230]-to-[vlan-1230]",
            "name_alias": "",
            "role": "external",
            "to": "vlan-1230",
            "vlan_pool_dn": "uni/infra/vlanns-[access]-static"
          },
          "sensitive_attributes": [],
          "private": "eyJzY2hlbWFfdmVyc2lvbiI6IjEifQ==",
          "dependencies": [
            "data.aci_vlan_pool.access"
          ]
        }
      ]
    },
    {
      "mode": "managed",
      "type": "aci_ranges",
      "name": "access_1231",
      "provider": "provider[\"registry.terraform.io/ciscodevnet/aci\"]",
      "instances": [
        {
          "schema_version": 1,
          "attributes": {
            "alloc_mode": "inherit",
            "annotation": "orchestrator:terraform",
            "description": "",
            "from": "vlan-1231",
            "id": "uni/infra/vlanns-[access]-static/from-[vlan-1231]-to-[vlan-1231]",
            "name_alias": "",
            "role": "external",
            "to": "vlan-1231",
            "vlan_pool_dn": "uni/infra/vlanns-[access]-static"
          },
          "sensitive_attributes": [],
          "private": "eyJzY2hlbWFfdmVyc2lvbiI6IjEifQ==",
          "dependencies": [
            "data.aci_vlan_pool.access"
          ]
        }
      ]
    },
    {
      "mode": "managed",
      "type": "aci_ranges",
      "name": "access_1232",
      "provider": "provider[\"registry.terraform.io/ciscodevnet/aci\"]",
      "instances": [
        {
          "schema_version": 1,
          "attributes": {
            "alloc_mode": "inherit",
            "annotation": "orchestrator:terraform",
            "description": "",
            "from": "vlan-1232",
            "id": "uni/infra/vlanns-[access]-static/from-[vlan-1232]-to-[vlan-1232]",
            "name_alias": "",
            "role": "external",
            "to": "vlan-1232",
            "vlan_pool_dn": "uni/infra/vlanns-[access]-static"
          },
          "sensitive_attributes": [],
          "private": "eyJzY2hlbWFfdmVyc2lvbiI6IjEifQ==",
          "dependencies": [
            "data.aci_vlan_pool.access"
          ]
        }
      ]
    },
    {
      "mode": "managed",
      "type": "aci_ranges",
      "name": "access_1233",
      "provider": "provider[\"registry.terraform.io/ciscodevnet/aci\"]",
      "instances": [
        {
          "schema_version": 1,
          "attributes": {
            "alloc_mode": "inherit",
            "annotation": "orchestrator:terraform",
            "description": "",
            "from": "vlan-1233",
            "id": "uni/infra/vlanns-[access]-static/from-[vlan-1233]-to-[vlan-1233]",
            "name_alias": "",
            "role": "external",
            "to": "vlan-1233",
            "vlan_pool_dn": "uni/infra/vlanns-[access]-static"
          },
          "sensitive_attributes": [],
          "private": "eyJzY2hlbWFfdmVyc2lvbiI6IjEifQ==",
          "dependencies": [
            "data.aci_vlan_pool.access"
          ]
        }
      ]
    },
    {
      "mode": "managed",
      "type": "aci_ranges",
      "name": "access_1234",
      "provider": "provider[\"registry.terraform.io/ciscodevnet/aci\"]",
      "instances": [
        {
          "schema_version": 1,
          "attributes": {
            "alloc_mode": "inherit",
            "annotation": "orchestrator:terraform",
            "description": "",
            "from": "vlan-1234",
            "id": "uni/infra/vlanns-[access]-static/from-[vlan-1234]-to-[vlan-1234]",
            "name_alias": "",
            "role": "external",
            "to": "vlan-1234",
            "vlan_pool_dn": "uni/infra/vlanns-[access]-static"
          },
          "sensitive_attributes": [],
          "private": "eyJzY2hlbWFfdmVyc2lvbiI6IjEifQ==",
          "dependencies": [
            "data.aci_vlan_pool.access"
          ]
        }
      ]
    },
    {
      "mode": "managed",
      "type": "aci_ranges",
      "name": "access_1235",
      "provider": "provider[\"registry.terraform.io/ciscodevnet/aci\"]",
      "instances": [
        {
          "schema_version": 1,
          "attributes": {
            "alloc_mode": "inherit",
            "annotation": "orchestrator:terraform",
            "description": "",
            "from": "vlan-1235",
            "id": "uni/infra/vlanns-[access]-static/from-[vlan-1235]-to-[vlan-1235]",
            "name_alias": "",
            "role": "external",
            "to": "vlan-1235",
            "vlan_pool_dn": "uni/infra/vlanns-[access]-static"
          },
          "sensitive_attributes": [],
          "private": "eyJzY2hlbWFfdmVyc2lvbiI6IjEifQ==",
          "dependencies": [
            "data.aci_vlan_pool.access"
          ]
        }
      ]
    },
    {
      "mode": "managed",
      "type": "aci_ranges",
      "name": "access_1236",
      "provider": "provider[\"registry.terraform.io/ciscodevnet/aci\"]",
      "instances": [
        {
          "schema_version": 1,
          "attributes": {
            "alloc_mode": "inherit",
            "annotation": "orchestrator:terraform",
            "description": "",
            "from": "vlan-1236",
            "id": "uni/infra/vlanns-[access]-static/from-[vlan-1236]-to-[vlan-1236]",
            "name_alias": "",
            "role": "external",
            "to": "vlan-1236",
            "vlan_pool_dn": "uni/infra/vlanns-[access]-static"
          },
          "sensitive_attributes": [],
          "private": "eyJzY2hlbWFfdmVyc2lvbiI6IjEifQ==",
          "dependencies": [
            "data.aci_vlan_pool.access"
          ]
        }
      ]
    },
    {
      "mode": "managed",
      "type": "aci_ranges",
      "name": "access_1237",
      "provider": "provider[\"registry.terraform.io/ciscodevnet/aci\"]",
      "instances": [
        {
          "schema_version": 1,
          "attributes": {
            "alloc_mode": "inherit",
            "annotation": "orchestrator:terraform",
            "description": "",
            "from": "vlan-1237",
            "id": "uni/infra/vlanns-[access]-static/from-[vlan-1237]-to-[vlan-1237]",
            "name_alias": "",
            "role": "external",
            "to": "vlan-1237",
            "vlan_pool_dn": "uni/infra/vlanns-[access]-static"
          },
          "sensitive_attributes": [],
          "private": "eyJzY2hlbWFfdmVyc2lvbiI6IjEifQ==",
          "dependencies": [
            "data.aci_vlan_pool.access"
          ]
        }
      ]
    },
    {
      "mode": "managed",
      "type": "aci_ranges",
      "name": "access_1238",
      "provider": "provider[\"registry.terraform.io/ciscodevnet/aci\"]",
      "instances": [
        {
          "schema_version": 1,
          "attributes": {
            "alloc_mode": "inherit",
            "annotation": "orchestrator:terraform",
            "description": "",
            "from": "vlan-1238",
            "id": "uni/infra/vlanns-[access]-static/from-[vlan-1238]-to-[vlan-1238]",
            "name_alias": "",
            "role": "external",
            "to": "vlan-1238",
            "vlan_pool_dn": "uni/infra/vlanns-[access]-static"
          },
          "sensitive_attributes": [],
          "private": "eyJzY2hlbWFfdmVyc2lvbiI6IjEifQ==",
          "dependencies": [
            "data.aci_vlan_pool.access"
          ]
        }
      ]
    },
    {
      "mode": "managed",
      "type": "aci_ranges",
      "name": "access_1239",
      "provider": "provider[\"registry.terraform.io/ciscodevnet/aci\"]",
      "instances": [
        {
          "schema_version": 1,
          "attributes": {
            "alloc_mode": "inherit",
            "annotation": "orchestrator:terraform",
            "description": "",
            "from": "vlan-1239",
            "id": "uni/infra/vlanns-[access]-static/from-[vlan-1239]-to-[vlan-1239]",
            "name_alias": "",
            "role": "external",
            "to": "vlan-1239",
            "vlan_pool_dn": "uni/infra/vlanns-[access]-static"
          },
          "sensitive_attributes": [],
          "private": "eyJzY2hlbWFfdmVyc2lvbiI6IjEifQ==",
          "dependencies": [
            "data.aci_vlan_pool.access"
          ]
        }
      ]
    },
    {
      "mode": "managed",
      "type": "aci_ranges",
      "name": "access_1240",
      "provider": "provider[\"registry.terraform.io/ciscodevnet/aci\"]",
      "instances": [
        {
          "schema_version": 1,
          "attributes": {
            "alloc_mode": "inherit",
            "annotation": "orchestrator:terraform",
            "description": "",
            "from": "vlan-1240",
            "id": "uni/infra/vlanns-[access]-static/from-[vlan-1240]-to-[vlan-1240]",
            "name_alias": "",
            "role": "external",
            "to": "vlan-1240",
            "vlan_pool_dn": "uni/infra/vlanns-[access]-static"
          },
          "sensitive_attributes": [],
          "private": "eyJzY2hlbWFfdmVyc2lvbiI6IjEifQ==",
          "dependencies": [
            "data.aci_vlan_pool.access"
          ]
        }
      ]
    },
    {
      "mode": "managed",
      "type": "aci_ranges",
      "name": "access_1241",
      "provider": "provider[\"registry.terraform.io/ciscodevnet/aci\"]",
      "instances": [
        {
          "schema_version": 1,
          "attributes": {
            "alloc_mode": "inherit",
            "annotation": "orchestrator:terraform",
            "description": "",
            "from": "vlan-1241",
            "id": "uni/infra/vlanns-[access]-static/from-[vlan-1241]-to-[vlan-1241]",
            "name_alias": "",
            "role": "external",
            "to": "vlan-1241",
            "vlan_pool_dn": "uni/infra/vlanns-[access]-static"
          },
          "sensitive_attributes": [],
          "private": "eyJzY2hlbWFfdmVyc2lvbiI6IjEifQ==",
          "dependencies": [
            "data.aci_vlan_pool.access"
          ]
        }
      ]
    },
    {
      "mode": "managed",
      "type": "aci_ranges",
      "name": "access_1242",
      "provider": "provider[\"registry.terraform.io/ciscodevnet/aci\"]",
      "instances": [
        {
          "schema_version": 1,
          "attributes": {
            "alloc_mode": "inherit",
            "annotation": "orchestrator:terraform",
            "description": "",
            "from": "vlan-1242",
            "id": "uni/infra/vlanns-[access]-static/from-[vlan-1242]-to-[vlan-1242]",
            "name_alias": "",
            "role": "external",
            "to": "vlan-1242",
            "vlan_pool_dn": "uni/infra/vlanns-[access]-static"
          },
          "sensitive_attributes": [],
          "private": "eyJzY2hlbWFfdmVyc2lvbiI6IjEifQ==",
          "dependencies": [
            "data.aci_vlan_pool.access"
          ]
        }
      ]
    },
    {
      "mode": "managed",
      "type": "aci_ranges",
      "name": "access_1243",
      "provider": "provider[\"registry.terraform.io/ciscodevnet/aci\"]",
      "instances": [
        {
          "schema_version": 1,
          "attributes": {
            "alloc_mode": "inherit",
            "annotation": "orchestrator:terraform",
            "description": "",
            "from": "vlan-1243",
            "id": "uni/infra/vlanns-[access]-static/from-[vlan-1243]-to-[vlan-1243]",
            "name_alias": "",
            "role": "external",
            "to": "vlan-1243",
            "vlan_pool_dn": "uni/infra/vlanns-[access]-static"
          },
          "sensitive_attributes": [],
          "private": "eyJzY2hlbWFfdmVyc2lvbiI6IjEifQ==",
          "dependencies": [
            "data.aci_vlan_pool.access"
          ]
        }
      ]
    },
    {
      "mode": "managed",
      "type": "aci_ranges",
      "name": "access_1244",
      "provider": "provider[\"registry.terraform.io/ciscodevnet/aci\"]",
      "instances": [
        {
          "schema_version": 1,
          "attributes": {
            "alloc_mode": "inherit",
            "annotation": "orchestrator:terraform",
            "description": "",
            "from": "vlan-1244",
            "id": "uni/infra/vlanns-[access]-static/from-[vlan-1244]-to-[vlan-1244]",
            "name_alias": "",
            "role": "external",
            "to": "vlan-1244",
            "vlan_pool_dn": "uni/infra/vlanns-[access]-static"
          },
          "sensitive_attributes": [],
          "private": "eyJzY2hlbWFfdmVyc2lvbiI6IjEifQ==",
          "dependencies": [
            "data.aci_vlan_pool.access"
          ]
        }
      ]
    },
    {
      "mode": "managed",
      "type": "aci_ranges",
      "name": "access_1245",
      "provider": "provider[\"registry.terraform.io/ciscodevnet/aci\"]",
      "instances": [
        {
          "schema_version": 1,
          "attributes": {
            "alloc_mode": "inherit",
            "annotation": "orchestrator:terraform",
            "description": "",
            "from": "vlan-1245",
            "id": "uni/infra/vlanns-[access]-static/from-[vlan-1245]-to-[vlan-1245]",
            "name_alias": "",
            "role": "external",
            "to": "vlan-1245",
            "vlan_pool_dn": "uni/infra/vlanns-[access]-static"
          },
          "sensitive_attributes": [],
          "private": "eyJzY2hlbWFfdmVyc2lvbiI6IjEifQ==",
          "dependencies": [
            "data.aci_vlan_pool.access"
          ]
        }
      ]
    },
    {
      "mode": "managed",
      "type": "aci_ranges",
      "name": "access_1246",
      "provider": "provider[\"registry.terraform.io/ciscodevnet/aci\"]",
      "instances": [
        {
          "schema_version": 1,
          "attributes": {
            "alloc_mode": "inherit",
            "annotation": "orchestrator:terraform",
            "description": "",
            "from": "vlan-1246",
            "id": "uni/infra/vlanns-[access]-static/from-[vlan-1246]-to-[vlan-1246]",
            "name_alias": "",
            "role": "external",
            "to": "vlan-1246",
            "vlan_pool_dn": "uni/infra/vlanns-[access]-static"
          },
          "sensitive_attributes": [],
          "private": "eyJzY2hlbWFfdmVyc2lvbiI6IjEifQ==",
          "dependencies": [
            "data.aci_vlan_pool.access"
          ]
        }
      ]
    },
    {
      "mode": "managed",
      "type": "aci_ranges",
      "name": "access_1247",
      "provider": "provider[\"registry.terraform.io/ciscodevnet/aci\"]",
      "instances": [
        {
          "schema_version": 1,
          "attributes": {
            "alloc_mode": "inherit",
            "annotation": "orchestrator:terraform",
            "description": "",
            "from": "vlan-1247",
            "id": "uni/infra/vlanns-[access]-static/from-[vlan-1247]-to-[vlan-1247]",
            "name_alias": "",
            "role": "external",
            "to": "vlan-1247",
            "vlan_pool_dn": "uni/infra/vlanns-[access]-static"
          },
          "sensitive_attributes": [],
          "private": "eyJzY2hlbWFfdmVyc2lvbiI6IjEifQ==",
          "dependencies": [
            "data.aci_vlan_pool.access"
          ]
        }
      ]
    },
    {
      "mode": "managed",
      "type": "aci_ranges",
      "name": "access_1248",
      "provider": "provider[\"registry.terraform.io/ciscodevnet/aci\"]",
      "instances": [
        {
          "schema_version": 1,
          "attributes": {
            "alloc_mode": "inherit",
            "annotation": "orchestrator:terraform",
            "description": "",
            "from": "vlan-1248",
            "id": "uni/infra/vlanns-[access]-static/from-[vlan-1248]-to-[vlan-1248]",
            "name_alias": "",
            "role": "external",
            "to": "vlan-1248",
            "vlan_pool_dn": "uni/infra/vlanns-[access]-static"
          },
          "sensitive_attributes": [],
          "private": "eyJzY2hlbWFfdmVyc2lvbiI6IjEifQ==",
          "dependencies": [
            "data.aci_vlan_pool.access"
          ]
        }
      ]
    },
    {
      "mode": "managed",
      "type": "aci_ranges",
      "name": "access_1249",
      "provider": "provider[\"registry.terraform.io/ciscodevnet/aci\"]",
      "instances": [
        {
          "schema_version": 1,
          "attributes": {
            "alloc_mode": "inherit",
            "annotation": "orchestrator:terraform",
            "description": "",
            "from": "vlan-1249",
            "id": "uni/infra/vlanns-[access]-static/from-[vlan-1249]-to-[vlan-1249]",
            "name_alias": "",
            "role": "external",
            "to": "vlan-1249",
            "vlan_pool_dn": "uni/infra/vlanns-[access]-static"
          },
          "sensitive_attributes": [],
          "private": "eyJzY2hlbWFfdmVyc2lvbiI6IjEifQ==",
          "dependencies": [
            "data.aci_vlan_pool.access"
          ]
        }
      ]
    },
    {
      "mode": "managed",
      "type": "aci_ranges",
      "name": "access_1250",
      "provider": "provider[\"registry.terraform.io/ciscodevnet/aci\"]",
      "instances": [
        {
          "schema_version": 1,
          "attributes": {
            "alloc_mode": "inherit",
            "annotation": "orchestrator:terraform",
            "description": "",
            "from": "vlan-1250",
            "id": "uni/infra/vlanns-[access]-static/from-[vlan-1250]-to-[vlan-1250]",
            "name_alias": "",
            "role": "external",
            "to": "vlan-1250",
            "vlan_pool_dn": "uni/infra/vlanns-[access]-static"
          },
          "sensitive_attributes": [],
          "private": "eyJzY2hlbWFfdmVyc2lvbiI6IjEifQ==",
          "dependencies": [
            "data.aci_vlan_pool.access"
          ]
        }
      ]
    },
    {
      "mode": "managed",
      "type": "aci_ranges",
      "name": "access_1251",
      "provider": "provider[\"registry.terraform.io/ciscodevnet/aci\"]",
      "instances": [
        {
          "schema_version": 1,
          "attributes": {
            "alloc_mode": "inherit",
            "annotation": "orchestrator:terraform",
            "description": "",
            "from": "vlan-1251",
            "id": "uni/infra/vlanns-[access]-static/from-[vlan-1251]-to-[vlan-1251]",
            "name_alias": "",
            "role": "external",
            "to": "vlan-1251",
            "vlan_pool_dn": "uni/infra/vlanns-[access]-static"
          },
          "sensitive_attributes": [],
          "private": "eyJzY2hlbWFfdmVyc2lvbiI6IjEifQ==",
          "dependencies": [
            "data.aci_vlan_pool.access"
          ]
        }
      ]
    },
    {
      "mode": "managed",
      "type": "aci_ranges",
      "name": "access_1252",
      "provider": "provider[\"registry.terraform.io/ciscodevnet/aci\"]",
      "instances": [
        {
          "schema_version": 1,
          "attributes": {
            "alloc_mode": "inherit",
            "annotation": "orchestrator:terraform",
            "description": "",
            "from": "vlan-1252",
            "id": "uni/infra/vlanns-[access]-static/from-[vlan-1252]-to-[vlan-1252]",
            "name_alias": "",
            "role": "external",
            "to": "vlan-1252",
            "vlan_pool_dn": "uni/infra/vlanns-[access]-static"
          },
          "sensitive_attributes": [],
          "private": "eyJzY2hlbWFfdmVyc2lvbiI6IjEifQ==",
          "dependencies": [
            "data.aci_vlan_pool.access"
          ]
        }
      ]
    },
    {
      "mode": "managed",
      "type": "aci_ranges",
      "name": "access_1253",
      "provider": "provider[\"registry.terraform.io/ciscodevnet/aci\"]",
      "instances": [
        {
          "schema_version": 1,
          "attributes": {
            "alloc_mode": "inherit",
            "annotation": "orchestrator:terraform",
            "description": "",
            "from": "vlan-1253",
            "id": "uni/infra/vlanns-[access]-static/from-[vlan-1253]-to-[vlan-1253]",
            "name_alias": "",
            "role": "external",
            "to": "vlan-1253",
            "vlan_pool_dn": "uni/infra/vlanns-[access]-static"
          },
          "sensitive_attributes": [],
          "private": "eyJzY2hlbWFfdmVyc2lvbiI6IjEifQ==",
          "dependencies": [
            "data.aci_vlan_pool.access"
          ]
        }
      ]
    },
    {
      "mode": "managed",
      "type": "aci_ranges",
      "name": "access_1254",
      "provider": "provider[\"registry.terraform.io/ciscodevnet/aci\"]",
      "instances": [
        {
          "schema_version": 1,
          "attributes": {
            "alloc_mode": "inherit",
            "annotation": "orchestrator:terraform",
            "description": "",
            "from": "vlan-1254",
            "id": "uni/infra/vlanns-[access]-static/from-[vlan-1254]-to-[vlan-1254]",
            "name_alias": "",
            "role": "external",
            "to": "vlan-1254",
            "vlan_pool_dn": "uni/infra/vlanns-[access]-static"
          },
          "sensitive_attributes": [],
          "private": "eyJzY2hlbWFfdmVyc2lvbiI6IjEifQ==",
          "dependencies": [
            "data.aci_vlan_pool.access"
          ]
        }
      ]
    },
    {
      "mode": "managed",
      "type": "aci_ranges",
      "name": "access_1255",
      "provider": "provider[\"registry.terraform.io/ciscodevnet/aci\"]",
      "instances": [
        {
          "schema_version": 1,
          "attributes": {
            "alloc_mode": "inherit",
            "annotation": "orchestrator:terraform",
            "description": "",
            "from": "vlan-1255",
            "id": "uni/infra/vlanns-[access]-static/from-[vlan-1255]-to-[vlan-1255]",
            "name_alias": "",
            "role": "external",
            "to": "vlan-1255",
            "vlan_pool_dn": "uni/infra/vlanns-[access]-static"
          },
          "sensitive_attributes": [],
          "private": "eyJzY2hlbWFfdmVyc2lvbiI6IjEifQ==",
          "dependencies": [
            "data.aci_vlan_pool.access"
          ]
        }
      ]
    },
    {
      "mode": "managed",
      "type": "aci_ranges",
      "name": "access_1256",
      "provider": "provider[\"registry.terraform.io/ciscodevnet/aci\"]",
      "instances": [
        {
          "schema_version": 1,
          "attributes": {
            "alloc_mode": "inherit",
            "annotation": "orchestrator:terraform",
            "description": "",
            "from": "vlan-1256",
            "id": "uni/infra/vlanns-[access]-static/from-[vlan-1256]-to-[vlan-1256]",
            "name_alias": "",
            "role": "external",
            "to": "vlan-1256",
            "vlan_pool_dn": "uni/infra/vlanns-[access]-static"
          },
          "sensitive_attributes": [],
          "private": "eyJzY2hlbWFfdmVyc2lvbiI6IjEifQ==",
          "dependencies": [
            "data.aci_vlan_pool.access"
          ]
        }
      ]
    },
    {
      "mode": "managed",
      "type": "aci_ranges",
      "name": "access_1257",
      "provider": "provider[\"registry.terraform.io/ciscodevnet/aci\"]",
      "instances": [
        {
          "schema_version": 1,
          "attributes": {
            "alloc_mode": "inherit",
            "annotation": "orchestrator:terraform",
            "description": "",
            "from": "vlan-1257",
            "id": "uni/infra/vlanns-[access]-static/from-[vlan-1257]-to-[vlan-1257]",
            "name_alias": "",
            "role": "external",
            "to": "vlan-1257",
            "vlan_pool_dn": "uni/infra/vlanns-[access]-static"
          },
          "sensitive_attributes": [],
          "private": "eyJzY2hlbWFfdmVyc2lvbiI6IjEifQ==",
          "dependencies": [
            "data.aci_vlan_pool.access"
          ]
        }
      ]
    },
    {
      "mode": "managed",
      "type": "aci_ranges",
      "name": "access_1258",
      "provider": "provider[\"registry.terraform.io/ciscodevnet/aci\"]",
      "instances": [
        {
          "schema_version": 1,
          "attributes": {
            "alloc_mode": "inherit",
            "annotation": "orchestrator:terraform",
            "description": "",
            "from": "vlan-1258",
            "id": "uni/infra/vlanns-[access]-static/from-[vlan-1258]-to-[vlan-1258]",
            "name_alias": "",
            "role": "external",
            "to": "vlan-1258",
            "vlan_pool_dn": "uni/infra/vlanns-[access]-static"
          },
          "sensitive_attributes": [],
          "private": "eyJzY2hlbWFfdmVyc2lvbiI6IjEifQ==",
          "dependencies": [
            "data.aci_vlan_pool.access"
          ]
        }
      ]
    },
    {
      "mode": "managed",
      "type": "aci_ranges",
      "name": "access_1259",
      "provider": "provider[\"registry.terraform.io/ciscodevnet/aci\"]",
      "instances": [
        {
          "schema_version": 1,
          "attributes": {
            "alloc_mode": "inherit",
            "annotation": "orchestrator:terraform",
            "description": "",
            "from": "vlan-1259",
            "id": "uni/infra/vlanns-[access]-static/from-[vlan-1259]-to-[vlan-1259]",
            "name_alias": "",
            "role": "external",
            "to": "vlan-1259",
            "vlan_pool_dn": "uni/infra/vlanns-[access]-static"
          },
          "sensitive_attributes": [],
          "private": "eyJzY2hlbWFfdmVyc2lvbiI6IjEifQ==",
          "dependencies": [
            "data.aci_vlan_pool.access"
          ]
        }
      ]
    },
    {
      "mode": "managed",
      "type": "aci_ranges",
      "name": "access_1260",
      "provider": "provider[\"registry.terraform.io/ciscodevnet/aci\"]",
      "instances": [
        {
          "schema_version": 1,
          "attributes": {
            "alloc_mode": "inherit",
            "annotation": "orchestrator:terraform",
            "description": "",
            "from": "vlan-1260",
            "id": "uni/infra/vlanns-[access]-static/from-[vlan-1260]-to-[vlan-1260]",
            "name_alias": "",
            "role": "external",
            "to": "vlan-1260",
            "vlan_pool_dn": "uni/infra/vlanns-[access]-static"
          },
          "sensitive_attributes": [],
          "private": "eyJzY2hlbWFfdmVyc2lvbiI6IjEifQ==",
          "dependencies": [
            "data.aci_vlan_pool.access"
          ]
        }
      ]
    },
    {
      "mode": "managed",
      "type": "aci_ranges",
      "name": "access_1261",
      "provider": "provider[\"registry.terraform.io/ciscodevnet/aci\"]",
      "instances": [
        {
          "schema_version": 1,
          "attributes": {
            "alloc_mode": "inherit",
            "annotation": "orchestrator:terraform",
            "description": "",
            "from": "vlan-1261",
            "id": "uni/infra/vlanns-[access]-static/from-[vlan-1261]-to-[vlan-1261]",
            "name_alias": "",
            "role": "external",
            "to": "vlan-1261",
            "vlan_pool_dn": "uni/infra/vlanns-[access]-static"
          },
          "sensitive_attributes": [],
          "private": "eyJzY2hlbWFfdmVyc2lvbiI6IjEifQ==",
          "dependencies": [
            "data.aci_vlan_pool.access"
          ]
        }
      ]
    },
    {
      "mode": "managed",
      "type": "aci_ranges",
      "name": "access_1262",
      "provider": "provider[\"registry.terraform.io/ciscodevnet/aci\"]",
      "instances": [
        {
          "schema_version": 1,
          "attributes": {
            "alloc_mode": "inherit",
            "annotation": "orchestrator:terraform",
            "description": "",
            "from": "vlan-1262",
            "id": "uni/infra/vlanns-[access]-static/from-[vlan-1262]-to-[vlan-1262]",
            "name_alias": "",
            "role": "external",
            "to": "vlan-1262",
            "vlan_pool_dn": "uni/infra/vlanns-[access]-static"
          },
          "sensitive_attributes": [],
          "private": "eyJzY2hlbWFfdmVyc2lvbiI6IjEifQ==",
          "dependencies": [
            "data.aci_vlan_pool.access"
          ]
        }
      ]
    },
    {
      "mode": "managed",
      "type": "aci_ranges",
      "name": "access_1263",
      "provider": "provider[\"registry.terraform.io/ciscodevnet/aci\"]",
      "instances": [
        {
          "schema_version": 1,
          "attributes": {
            "alloc_mode": "inherit",
            "annotation": "orchestrator:terraform",
            "description": "",
            "from": "vlan-1263",
            "id": "uni/infra/vlanns-[access]-static/from-[vlan-1263]-to-[vlan-1263]",
            "name_alias": "",
            "role": "external",
            "to": "vlan-1263",
            "vlan_pool_dn": "uni/infra/vlanns-[access]-static"
          },
          "sensitive_attributes": [],
          "private": "eyJzY2hlbWFfdmVyc2lvbiI6IjEifQ==",
          "dependencies": [
            "data.aci_vlan_pool.access"
          ]
        }
      ]
    },
    {
      "mode": "managed",
      "type": "aci_ranges",
      "name": "access_1264",
      "provider": "provider[\"registry.terraform.io/ciscodevnet/aci\"]",
      "instances": [
        {
          "schema_version": 1,
          "attributes": {
            "alloc_mode": "inherit",
            "annotation": "orchestrator:terraform",
            "description": "",
            "from": "vlan-1264",
            "id": "uni/infra/vlanns-[access]-static/from-[vlan-1264]-to-[vlan-1264]",
            "name_alias": "",
            "role": "external",
            "to": "vlan-1264",
            "vlan_pool_dn": "uni/infra/vlanns-[access]-static"
          },
          "sensitive_attributes": [],
          "private": "eyJzY2hlbWFfdmVyc2lvbiI6IjEifQ==",
          "dependencies": [
            "data.aci_vlan_pool.access"
          ]
        }
      ]
    },
    {
      "mode": "managed",
      "type": "aci_ranges",
      "name": "access_1265",
      "provider": "provider[\"registry.terraform.io/ciscodevnet/aci\"]",
      "instances": [
        {
          "schema_version": 1,
          "attributes": {
            "alloc_mode": "inherit",
            "annotation": "orchestrator:terraform",
            "description": "",
            "from": "vlan-1265",
            "id": "uni/infra/vlanns-[access]-static/from-[vlan-1265]-to-[vlan-1265]",
            "name_alias": "",
            "role": "external",
            "to": "vlan-1265",
            "vlan_pool_dn": "uni/infra/vlanns-[access]-static"
          },
          "sensitive_attributes": [],
          "private": "eyJzY2hlbWFfdmVyc2lvbiI6IjEifQ==",
          "dependencies": [
            "data.aci_vlan_pool.access"
          ]
        }
      ]
    },
    {
      "mode": "managed",
      "type": "aci_ranges",
      "name": "access_1266",
      "provider": "provider[\"registry.terraform.io/ciscodevnet/aci\"]",
      "instances": [
        {
          "schema_version": 1,
          "attributes": {
            "alloc_mode": "inherit",
            "annotation": "orchestrator:terraform",
            "description": "",
            "from": "vlan-1266",
            "id": "uni/infra/vlanns-[access]-static/from-[vlan-1266]-to-[vlan-1266]",
            "name_alias": "",
            "role": "external",
            "to": "vlan-1266",
            "vlan_pool_dn": "uni/infra/vlanns-[access]-static"
          },
          "sensitive_attributes": [],
          "private": "eyJzY2hlbWFfdmVyc2lvbiI6IjEifQ==",
          "dependencies": [
            "data.aci_vlan_pool.access"
          ]
        }
      ]
    },
    {
      "mode": "managed",
      "type": "aci_ranges",
      "name": "access_1267",
      "provider": "provider[\"registry.terraform.io/ciscodevnet/aci\"]",
      "instances": [
        {
          "schema_version": 1,
          "attributes": {
            "alloc_mode": "inherit",
            "annotation": "orchestrator:terraform",
            "description": "",
            "from": "vlan-1267",
            "id": "uni/infra/vlanns-[access]-static/from-[vlan-1267]-to-[vlan-1267]",
            "name_alias": "",
            "role": "external",
            "to": "vlan-1267",
            "vlan_pool_dn": "uni/infra/vlanns-[access]-static"
          },
          "sensitive_attributes": [],
          "private": "eyJzY2hlbWFfdmVyc2lvbiI6IjEifQ==",
          "dependencies": [
            "data.aci_vlan_pool.access"
          ]
        }
      ]
    },
    {
      "mode": "managed",
      "type": "aci_ranges",
      "name": "access_1268",
      "provider": "provider[\"registry.terraform.io/ciscodevnet/aci\"]",
      "instances": [
        {
          "schema_version": 1,
          "attributes": {
            "alloc_mode": "inherit",
            "annotation": "orchestrator:terraform",
            "description": "",
            "from": "vlan-1268",
            "id": "uni/infra/vlanns-[access]-static/from-[vlan-1268]-to-[vlan-1268]",
            "name_alias": "",
            "role": "external",
            "to": "vlan-1268",
            "vlan_pool_dn": "uni/infra/vlanns-[access]-static"
          },
          "sensitive_attributes": [],
          "private": "eyJzY2hlbWFfdmVyc2lvbiI6IjEifQ==",
          "dependencies": [
            "data.aci_vlan_pool.access"
          ]
        }
      ]
    },
    {
      "mode": "managed",
      "type": "aci_ranges",
      "name": "access_1269",
      "provider": "provider[\"registry.terraform.io/ciscodevnet/aci\"]",
      "instances": [
        {
          "schema_version": 1,
          "attributes": {
            "alloc_mode": "inherit",
            "annotation": "orchestrator:terraform",
            "description": "",
            "from": "vlan-1269",
            "id": "uni/infra/vlanns-[access]-static/from-[vlan-1269]-to-[vlan-1269]",
            "name_alias": "",
            "role": "external",
            "to": "vlan-1269",
            "vlan_pool_dn": "uni/infra/vlanns-[access]-static"
          },
          "sensitive_attributes": [],
          "private": "eyJzY2hlbWFfdmVyc2lvbiI6IjEifQ==",
          "dependencies": [
            "data.aci_vlan_pool.access"
          ]
        }
      ]
    },
    {
      "mode": "managed",
      "type": "aci_ranges",
      "name": "access_1270",
      "provider": "provider[\"registry.terraform.io/ciscodevnet/aci\"]",
      "instances": [
        {
          "schema_version": 1,
          "attributes": {
            "alloc_mode": "inherit",
            "annotation": "orchestrator:terraform",
            "description": "",
            "from": "vlan-1270",
            "id": "uni/infra/vlanns-[access]-static/from-[vlan-1270]-to-[vlan-1270]",
            "name_alias": "",
            "role": "external",
            "to": "vlan-1270",
            "vlan_pool_dn": "uni/infra/vlanns-[access]-static"
          },
          "sensitive_attributes": [],
          "private": "eyJzY2hlbWFfdmVyc2lvbiI6IjEifQ==",
          "dependencies": [
            "data.aci_vlan_pool.access"
          ]
        }
      ]
    },
    {
      "mode": "managed",
      "type": "aci_ranges",
      "name": "access_1271",
      "provider": "provider[\"registry.terraform.io/ciscodevnet/aci\"]",
      "instances": [
        {
          "schema_version": 1,
          "attributes": {
            "alloc_mode": "inherit",
            "annotation": "orchestrator:terraform",
            "description": "",
            "from": "vlan-1271",
            "id": "uni/infra/vlanns-[access]-static/from-[vlan-1271]-to-[vlan-1271]",
            "name_alias": "",
            "role": "external",
            "to": "vlan-1271",
            "vlan_pool_dn": "uni/infra/vlanns-[access]-static"
          },
          "sensitive_attributes": [],
          "private": "eyJzY2hlbWFfdmVyc2lvbiI6IjEifQ==",
          "dependencies": [
            "data.aci_vlan_pool.access"
          ]
        }
      ]
    },
    {
      "mode": "managed",
      "type": "aci_ranges",
      "name": "access_1272",
      "provider": "provider[\"registry.terraform.io/ciscodevnet/aci\"]",
      "instances": [
        {
          "schema_version": 1,
          "attributes": {
            "alloc_mode": "inherit",
            "annotation": "orchestrator:terraform",
            "description": "",
            "from": "vlan-1272",
            "id": "uni/infra/vlanns-[access]-static/from-[vlan-1272]-to-[vlan-1272]",
            "name_alias": "",
            "role": "external",
            "to": "vlan-1272",
            "vlan_pool_dn": "uni/infra/vlanns-[access]-static"
          },
          "sensitive_attributes": [],
          "private": "eyJzY2hlbWFfdmVyc2lvbiI6IjEifQ==",
          "dependencies": [
            "data.aci_vlan_pool.access"
          ]
        }
      ]
    },
    {
      "mode": "managed",
      "type": "aci_ranges",
      "name": "access_1273",
      "provider": "provider[\"registry.terraform.io/ciscodevnet/aci\"]",
      "instances": [
        {
          "schema_version": 1,
          "attributes": {
            "alloc_mode": "inherit",
            "annotation": "orchestrator:terraform",
            "description": "",
            "from": "vlan-1273",
            "id": "uni/infra/vlanns-[access]-static/from-[vlan-1273]-to-[vlan-1273]",
            "name_alias": "",
            "role": "external",
            "to": "vlan-1273",
            "vlan_pool_dn": "uni/infra/vlanns-[access]-static"
          },
          "sensitive_attributes": [],
          "private": "eyJzY2hlbWFfdmVyc2lvbiI6IjEifQ==",
          "dependencies": [
            "data.aci_vlan_pool.access"
          ]
        }
      ]
    },
    {
      "mode": "managed",
      "type": "aci_ranges",
      "name": "access_1274",
      "provider": "provider[\"registry.terraform.io/ciscodevnet/aci\"]",
      "instances": [
        {
          "schema_version": 1,
          "attributes": {
            "alloc_mode": "inherit",
            "annotation": "orchestrator:terraform",
            "description": "",
            "from": "vlan-1274",
            "id": "uni/infra/vlanns-[access]-static/from-[vlan-1274]-to-[vlan-1274]",
            "name_alias": "",
            "role": "external",
            "to": "vlan-1274",
            "vlan_pool_dn": "uni/infra/vlanns-[access]-static"
          },
          "sensitive_attributes": [],
          "private": "eyJzY2hlbWFfdmVyc2lvbiI6IjEifQ==",
          "dependencies": [
            "data.aci_vlan_pool.access"
          ]
        }
      ]
    },
    {
      "mode": "managed",
      "type": "aci_ranges",
      "name": "access_1275",
      "provider": "provider[\"registry.terraform.io/ciscodevnet/aci\"]",
      "instances": [
        {
          "schema_version": 1,
          "attributes": {
            "alloc_mode": "inherit",
            "annotation": "orchestrator:terraform",
            "description": "",
            "from": "vlan-1275",
            "id": "uni/infra/vlanns-[access]-static/from-[vlan-1275]-to-[vlan-1275]",
            "name_alias": "",
            "role": "external",
            "to": "vlan-1275",
            "vlan_pool_dn": "uni/infra/vlanns-[access]-static"
          },
          "sensitive_attributes": [],
          "private": "eyJzY2hlbWFfdmVyc2lvbiI6IjEifQ==",
          "dependencies": [
            "data.aci_vlan_pool.access"
          ]
        }
      ]
    },
    {
      "mode": "managed",
      "type": "aci_ranges",
      "name": "access_1276",
      "provider": "provider[\"registry.terraform.io/ciscodevnet/aci\"]",
      "instances": [
        {
          "schema_version": 1,
          "attributes": {
            "alloc_mode": "inherit",
            "annotation": "orchestrator:terraform",
            "description": "",
            "from": "vlan-1276",
            "id": "uni/infra/vlanns-[access]-static/from-[vlan-1276]-to-[vlan-1276]",
            "name_alias": "",
            "role": "external",
            "to": "vlan-1276",
            "vlan_pool_dn": "uni/infra/vlanns-[access]-static"
          },
          "sensitive_attributes": [],
          "private": "eyJzY2hlbWFfdmVyc2lvbiI6IjEifQ==",
          "dependencies": [
            "data.aci_vlan_pool.access"
          ]
        }
      ]
    },
    {
      "mode": "managed",
      "type": "aci_ranges",
      "name": "access_1277",
      "provider": "provider[\"registry.terraform.io/ciscodevnet/aci\"]",
      "instances": [
        {
          "schema_version": 1,
          "attributes": {
            "alloc_mode": "inherit",
            "annotation": "orchestrator:terraform",
            "description": "",
            "from": "vlan-1277",
            "id": "uni/infra/vlanns-[access]-static/from-[vlan-1277]-to-[vlan-1277]",
            "name_alias": "",
            "role": "external",
            "to": "vlan-1277",
            "vlan_pool_dn": "uni/infra/vlanns-[access]-static"
          },
          "sensitive_attributes": [],
          "private": "eyJzY2hlbWFfdmVyc2lvbiI6IjEifQ==",
          "dependencies": [
            "data.aci_vlan_pool.access"
          ]
        }
      ]
    },
    {
      "mode": "managed",
      "type": "aci_ranges",
      "name": "access_1278",
      "provider": "provider[\"registry.terraform.io/ciscodevnet/aci\"]",
      "instances": [
        {
          "schema_version": 1,
          "attributes": {
            "alloc_mode": "inherit",
            "annotation": "orchestrator:terraform",
            "description": "",
            "from": "vlan-1278",
            "id": "uni/infra/vlanns-[access]-static/from-[vlan-1278]-to-[vlan-1278]",
            "name_alias": "",
            "role": "external",
            "to": "vlan-1278",
            "vlan_pool_dn": "uni/infra/vlanns-[access]-static"
          },
          "sensitive_attributes": [],
          "private": "eyJzY2hlbWFfdmVyc2lvbiI6IjEifQ==",
          "dependencies": [
            "data.aci_vlan_pool.access"
          ]
        }
      ]
    },
    {
      "mode": "managed",
      "type": "aci_ranges",
      "name": "access_1279",
      "provider": "provider[\"registry.terraform.io/ciscodevnet/aci\"]",
      "instances": [
        {
          "schema_version": 1,
          "attributes": {
            "alloc_mode": "inherit",
            "annotation": "orchestrator:terraform",
            "description": "",
            "from": "vlan-1279",
            "id": "uni/infra/vlanns-[access]-static/from-[vlan-1279]-to-[vlan-1279]",
            "name_alias": "",
            "role": "external",
            "to": "vlan-1279",
            "vlan_pool_dn": "uni/infra/vlanns-[access]-static"
          },
          "sensitive_attributes": [],
          "private": "eyJzY2hlbWFfdmVyc2lvbiI6IjEifQ==",
          "dependencies": [
            "data.aci_vlan_pool.access"
          ]
        }
      ]
    },
    {
      "mode": "managed",
      "type": "aci_ranges",
      "name": "access_1280",
      "provider": "provider[\"registry.terraform.io/ciscodevnet/aci\"]",
      "instances": [
        {
          "schema_version": 1,
          "attributes": {
            "alloc_mode": "inherit",
            "annotation": "orchestrator:terraform",
            "description": "",
            "from": "vlan-1280",
            "id": "uni/infra/vlanns-[access]-static/from-[vlan-1280]-to-[vlan-1280]",
            "name_alias": "",
            "role": "external",
            "to": "vlan-1280",
            "vlan_pool_dn": "uni/infra/vlanns-[access]-static"
          },
          "sensitive_attributes": [],
          "private": "eyJzY2hlbWFfdmVyc2lvbiI6IjEifQ==",
          "dependencies": [
            "data.aci_vlan_pool.access"
          ]
        }
      ]
    },
    {
      "mode": "managed",
      "type": "aci_ranges",
      "name": "access_1281",
      "provider": "provider[\"registry.terraform.io/ciscodevnet/aci\"]",
      "instances": [
        {
          "schema_version": 1,
          "attributes": {
            "alloc_mode": "inherit",
            "annotation": "orchestrator:terraform",
            "description": "",
            "from": "vlan-1281",
            "id": "uni/infra/vlanns-[access]-static/from-[vlan-1281]-to-[vlan-1281]",
            "name_alias": "",
            "role": "external",
            "to": "vlan-1281",
            "vlan_pool_dn": "uni/infra/vlanns-[access]-static"
          },
          "sensitive_attributes": [],
          "private": "eyJzY2hlbWFfdmVyc2lvbiI6IjEifQ==",
          "dependencies": [
            "data.aci_vlan_pool.access"
          ]
        }
      ]
    },
    {
      "mode": "managed",
      "type": "aci_ranges",
      "name": "access_1282",
      "provider": "provider[\"registry.terraform.io/ciscodevnet/aci\"]",
      "instances": [
        {
          "schema_version": 1,
          "attributes": {
            "alloc_mode": "inherit",
            "annotation": "orchestrator:terraform",
            "description": "",
            "from": "vlan-1282",
            "id": "uni/infra/vlanns-[access]-static/from-[vlan-1282]-to-[vlan-1282]",
            "name_alias": "",
            "role": "external",
            "to": "vlan-1282",
            "vlan_pool_dn": "uni/infra/vlanns-[access]-static"
          },
          "sensitive_attributes": [],
          "private": "eyJzY2hlbWFfdmVyc2lvbiI6IjEifQ==",
          "dependencies": [
            "data.aci_vlan_pool.access"
          ]
        }
      ]
    },
    {
      "mode": "managed",
      "type": "aci_ranges",
      "name": "access_1283",
      "provider": "provider[\"registry.terraform.io/ciscodevnet/aci\"]",
      "instances": [
        {
          "schema_version": 1,
          "attributes": {
            "alloc_mode": "inherit",
            "annotation": "orchestrator:terraform",
            "description": "",
            "from": "vlan-1283",
            "id": "uni/infra/vlanns-[access]-static/from-[vlan-1283]-to-[vlan-1283]",
            "name_alias": "",
            "role": "external",
            "to": "vlan-1283",
            "vlan_pool_dn": "uni/infra/vlanns-[access]-static"
          },
          "sensitive_attributes": [],
          "private": "eyJzY2hlbWFfdmVyc2lvbiI6IjEifQ==",
          "dependencies": [
            "data.aci_vlan_pool.access"
          ]
        }
      ]
    },
    {
      "mode": "managed",
      "type": "aci_ranges",
      "name": "access_1284",
      "provider": "provider[\"registry.terraform.io/ciscodevnet/aci\"]",
      "instances": [
        {
          "schema_version": 1,
          "attributes": {
            "alloc_mode": "inherit",
            "annotation": "orchestrator:terraform",
            "description": "",
            "from": "vlan-1284",
            "id": "uni/infra/vlanns-[access]-static/from-[vlan-1284]-to-[vlan-1284]",
            "name_alias": "",
            "role": "external",
            "to": "vlan-1284",
            "vlan_pool_dn": "uni/infra/vlanns-[access]-static"
          },
          "sensitive_attributes": [],
          "private": "eyJzY2hlbWFfdmVyc2lvbiI6IjEifQ==",
          "dependencies": [
            "data.aci_vlan_pool.access"
          ]
        }
      ]
    },
    {
      "mode": "managed",
      "type": "aci_ranges",
      "name": "access_1285",
      "provider": "provider[\"registry.terraform.io/ciscodevnet/aci\"]",
      "instances": [
        {
          "schema_version": 1,
          "attributes": {
            "alloc_mode": "inherit",
            "annotation": "orchestrator:terraform",
            "description": "",
            "from": "vlan-1285",
            "id": "uni/infra/vlanns-[access]-static/from-[vlan-1285]-to-[vlan-1285]",
            "name_alias": "",
            "role": "external",
            "to": "vlan-1285",
            "vlan_pool_dn": "uni/infra/vlanns-[access]-static"
          },
          "sensitive_attributes": [],
          "private": "eyJzY2hlbWFfdmVyc2lvbiI6IjEifQ==",
          "dependencies": [
            "data.aci_vlan_pool.access"
          ]
        }
      ]
    },
    {
      "mode": "managed",
      "type": "aci_ranges",
      "name": "access_1286",
      "provider": "provider[\"registry.terraform.io/ciscodevnet/aci\"]",
      "instances": [
        {
          "schema_version": 1,
          "attributes": {
            "alloc_mode": "inherit",
            "annotation": "orchestrator:terraform",
            "description": "",
            "from": "vlan-1286",
            "id": "uni/infra/vlanns-[access]-static/from-[vlan-1286]-to-[vlan-1286]",
            "name_alias": "",
            "role": "external",
            "to": "vlan-1286",
            "vlan_pool_dn": "uni/infra/vlanns-[access]-static"
          },
          "sensitive_attributes": [],
          "private": "eyJzY2hlbWFfdmVyc2lvbiI6IjEifQ==",
          "dependencies": [
            "data.aci_vlan_pool.access"
          ]
        }
      ]
    },
    {
      "mode": "managed",
      "type": "aci_ranges",
      "name": "access_1287",
      "provider": "provider[\"registry.terraform.io/ciscodevnet/aci\"]",
      "instances": [
        {
          "schema_version": 1,
          "attributes": {
            "alloc_mode": "inherit",
            "annotation": "orchestrator:terraform",
            "description": "",
            "from": "vlan-1287",
            "id": "uni/infra/vlanns-[access]-static/from-[vlan-1287]-to-[vlan-1287]",
            "name_alias": "",
            "role": "external",
            "to": "vlan-1287",
            "vlan_pool_dn": "uni/infra/vlanns-[access]-static"
          },
          "sensitive_attributes": [],
          "private": "eyJzY2hlbWFfdmVyc2lvbiI6IjEifQ==",
          "dependencies": [
            "data.aci_vlan_pool.access"
          ]
        }
      ]
    },
    {
      "mode": "managed",
      "type": "aci_ranges",
      "name": "access_1288",
      "provider": "provider[\"registry.terraform.io/ciscodevnet/aci\"]",
      "instances": [
        {
          "schema_version": 1,
          "attributes": {
            "alloc_mode": "inherit",
            "annotation": "orchestrator:terraform",
            "description": "",
            "from": "vlan-1288",
            "id": "uni/infra/vlanns-[access]-static/from-[vlan-1288]-to-[vlan-1288]",
            "name_alias": "",
            "role": "external",
            "to": "vlan-1288",
            "vlan_pool_dn": "uni/infra/vlanns-[access]-static"
          },
          "sensitive_attributes": [],
          "private": "eyJzY2hlbWFfdmVyc2lvbiI6IjEifQ==",
          "dependencies": [
            "data.aci_vlan_pool.access"
          ]
        }
      ]
    },
    {
      "mode": "managed",
      "type": "aci_ranges",
      "name": "access_1289",
      "provider": "provider[\"registry.terraform.io/ciscodevnet/aci\"]",
      "instances": [
        {
          "schema_version": 1,
          "attributes": {
            "alloc_mode": "inherit",
            "annotation": "orchestrator:terraform",
            "description": "",
            "from": "vlan-1289",
            "id": "uni/infra/vlanns-[access]-static/from-[vlan-1289]-to-[vlan-1289]",
            "name_alias": "",
            "role": "external",
            "to": "vlan-1289",
            "vlan_pool_dn": "uni/infra/vlanns-[access]-static"
          },
          "sensitive_attributes": [],
          "private": "eyJzY2hlbWFfdmVyc2lvbiI6IjEifQ==",
          "dependencies": [
            "data.aci_vlan_pool.access"
          ]
        }
      ]
    },
    {
      "mode": "managed",
      "type": "aci_ranges",
      "name": "access_1290",
      "provider": "provider[\"registry.terraform.io/ciscodevnet/aci\"]",
      "instances": [
        {
          "schema_version": 1,
          "attributes": {
            "alloc_mode": "inherit",
            "annotation": "orchestrator:terraform",
            "description": "",
            "from": "vlan-1290",
            "id": "uni/infra/vlanns-[access]-static/from-[vlan-1290]-to-[vlan-1290]",
            "name_alias": "",
            "role": "external",
            "to": "vlan-1290",
            "vlan_pool_dn": "uni/infra/vlanns-[access]-static"
          },
          "sensitive_attributes": [],
          "private": "eyJzY2hlbWFfdmVyc2lvbiI6IjEifQ==",
          "dependencies": [
            "data.aci_vlan_pool.access"
          ]
        }
      ]
    },
    {
      "mode": "managed",
      "type": "aci_ranges",
      "name": "access_1291",
      "provider": "provider[\"registry.terraform.io/ciscodevnet/aci\"]",
      "instances": [
        {
          "schema_version": 1,
          "attributes": {
            "alloc_mode": "inherit",
            "annotation": "orchestrator:terraform",
            "description": "",
            "from": "vlan-1291",
            "id": "uni/infra/vlanns-[access]-static/from-[vlan-1291]-to-[vlan-1291]",
            "name_alias": "",
            "role": "external",
            "to": "vlan-1291",
            "vlan_pool_dn": "uni/infra/vlanns-[access]-static"
          },
          "sensitive_attributes": [],
          "private": "eyJzY2hlbWFfdmVyc2lvbiI6IjEifQ==",
          "dependencies": [
            "data.aci_vlan_pool.access"
          ]
        }
      ]
    },
    {
      "mode": "managed",
      "type": "aci_ranges",
      "name": "access_1292",
      "provider": "provider[\"registry.terraform.io/ciscodevnet/aci\"]",
      "instances": [
        {
          "schema_version": 1,
          "attributes": {
            "alloc_mode": "inherit",
            "annotation": "orchestrator:terraform",
            "description": "",
            "from": "vlan-1292",
            "id": "uni/infra/vlanns-[access]-static/from-[vlan-1292]-to-[vlan-1292]",
            "name_alias": "",
            "role": "external",
            "to": "vlan-1292",
            "vlan_pool_dn": "uni/infra/vlanns-[access]-static"
          },
          "sensitive_attributes": [],
          "private": "eyJzY2hlbWFfdmVyc2lvbiI6IjEifQ==",
          "dependencies": [
            "data.aci_vlan_pool.access"
          ]
        }
      ]
    },
    {
      "mode": "managed",
      "type": "aci_ranges",
      "name": "access_1293",
      "provider": "provider[\"registry.terraform.io/ciscodevnet/aci\"]",
      "instances": [
        {
          "schema_version": 1,
          "attributes": {
            "alloc_mode": "inherit",
            "annotation": "orchestrator:terraform",
            "description": "",
            "from": "vlan-1293",
            "id": "uni/infra/vlanns-[access]-static/from-[vlan-1293]-to-[vlan-1293]",
            "name_alias": "",
            "role": "external",
            "to": "vlan-1293",
            "vlan_pool_dn": "uni/infra/vlanns-[access]-static"
          },
          "sensitive_attributes": [],
          "private": "eyJzY2hlbWFfdmVyc2lvbiI6IjEifQ==",
          "dependencies": [
            "data.aci_vlan_pool.access"
          ]
        }
      ]
    },
    {
      "mode": "managed",
      "type": "aci_ranges",
      "name": "access_1294",
      "provider": "provider[\"registry.terraform.io/ciscodevnet/aci\"]",
      "instances": [
        {
          "schema_version": 1,
          "attributes": {
            "alloc_mode": "inherit",
            "annotation": "orchestrator:terraform",
            "description": "",
            "from": "vlan-1294",
            "id": "uni/infra/vlanns-[access]-static/from-[vlan-1294]-to-[vlan-1294]",
            "name_alias": "",
            "role": "external",
            "to": "vlan-1294",
            "vlan_pool_dn": "uni/infra/vlanns-[access]-static"
          },
          "sensitive_attributes": [],
          "private": "eyJzY2hlbWFfdmVyc2lvbiI6IjEifQ==",
          "dependencies": [
            "data.aci_vlan_pool.access"
          ]
        }
      ]
    },
    {
      "mode": "managed",
      "type": "aci_ranges",
      "name": "access_1295",
      "provider": "provider[\"registry.terraform.io/ciscodevnet/aci\"]",
      "instances": [
        {
          "schema_version": 1,
          "attributes": {
            "alloc_mode": "inherit",
            "annotation": "orchestrator:terraform",
            "description": "",
            "from": "vlan-1295",
            "id": "uni/infra/vlanns-[access]-static/from-[vlan-1295]-to-[vlan-1295]",
            "name_alias": "",
            "role": "external",
            "to": "vlan-1295",
            "vlan_pool_dn": "uni/infra/vlanns-[access]-static"
          },
          "sensitive_attributes": [],
          "private": "eyJzY2hlbWFfdmVyc2lvbiI6IjEifQ==",
          "dependencies": [
            "data.aci_vlan_pool.access"
          ]
        }
      ]
    },
    {
      "mode": "managed",
      "type": "aci_ranges",
      "name": "access_1296",
      "provider": "provider[\"registry.terraform.io/ciscodevnet/aci\"]",
      "instances": [
        {
          "schema_version": 1,
          "attributes": {
            "alloc_mode": "inherit",
            "annotation": "orchestrator:terraform",
            "description": "",
            "from": "vlan-1296",
            "id": "uni/infra/vlanns-[access]-static/from-[vlan-1296]-to-[vlan-1296]",
            "name_alias": "",
            "role": "external",
            "to": "vlan-1296",
            "vlan_pool_dn": "uni/infra/vlanns-[access]-static"
          },
          "sensitive_attributes": [],
          "private": "eyJzY2hlbWFfdmVyc2lvbiI6IjEifQ==",
          "dependencies": [
            "data.aci_vlan_pool.access"
          ]
        }
      ]
    },
    {
      "mode": "managed",
      "type": "aci_ranges",
      "name": "access_1297",
      "provider": "provider[\"registry.terraform.io/ciscodevnet/aci\"]",
      "instances": [
        {
          "schema_version": 1,
          "attributes": {
            "alloc_mode": "inherit",
            "annotation": "orchestrator:terraform",
            "description": "",
            "from": "vlan-1297",
            "id": "uni/infra/vlanns-[access]-static/from-[vlan-1297]-to-[vlan-1297]",
            "name_alias": "",
            "role": "external",
            "to": "vlan-1297",
            "vlan_pool_dn": "uni/infra/vlanns-[access]-static"
          },
          "sensitive_attributes": [],
          "private": "eyJzY2hlbWFfdmVyc2lvbiI6IjEifQ==",
          "dependencies": [
            "data.aci_vlan_pool.access"
          ]
        }
      ]
    },
    {
      "mode": "managed",
      "type": "aci_ranges",
      "name": "access_1298",
      "provider": "provider[\"registry.terraform.io/ciscodevnet/aci\"]",
      "instances": [
        {
          "schema_version": 1,
          "attributes": {
            "alloc_mode": "inherit",
            "annotation": "orchestrator:terraform",
            "description": "",
            "from": "vlan-1298",
            "id": "uni/infra/vlanns-[access]-static/from-[vlan-1298]-to-[vlan-1298]",
            "name_alias": "",
            "role": "external",
            "to": "vlan-1298",
            "vlan_pool_dn": "uni/infra/vlanns-[access]-static"
          },
          "sensitive_attributes": [],
          "private": "eyJzY2hlbWFfdmVyc2lvbiI6IjEifQ==",
          "dependencies": [
            "data.aci_vlan_pool.access"
          ]
        }
      ]
    },
    {
      "mode": "managed",
      "type": "aci_ranges",
      "name": "access_1299",
      "provider": "provider[\"registry.terraform.io/ciscodevnet/aci\"]",
      "instances": [
        {
          "schema_version": 1,
          "attributes": {
            "alloc_mode": "inherit",
            "annotation": "orchestrator:terraform",
            "description": "",
            "from": "vlan-1299",
            "id": "uni/infra/vlanns-[access]-static/from-[vlan-1299]-to-[vlan-1299]",
            "name_alias": "",
            "role": "external",
            "to": "vlan-1299",
            "vlan_pool_dn": "uni/infra/vlanns-[access]-static"
          },
          "sensitive_attributes": [],
          "private": "eyJzY2hlbWFfdmVyc2lvbiI6IjEifQ==",
          "dependencies": [
            "data.aci_vlan_pool.access"
          ]
        }
      ]
    },
    {
      "mode": "managed",
      "type": "aci_ranges",
      "name": "access_13",
      "provider": "provider[\"registry.terraform.io/ciscodevnet/aci\"]",
      "instances": [
        {
          "schema_version": 1,
          "attributes": {
            "alloc_mode": "inherit",
            "annotation": "orchestrator:terraform",
            "description": "",
            "from": "vlan-13",
            "id": "uni/infra/vlanns-[access]-static/from-[vlan-13]-to-[vlan-13]",
            "name_alias": "",
            "role": "external",
            "to": "vlan-13",
            "vlan_pool_dn": "uni/infra/vlanns-[access]-static"
          },
          "sensitive_attributes": [],
          "private": "eyJzY2hlbWFfdmVyc2lvbiI6IjEifQ==",
          "dependencies": [
            "data.aci_vlan_pool.access"
          ]
        }
      ]
    },
    {
      "mode": "managed",
      "type": "aci_ranges",
      "name": "access_14",
      "provider": "provider[\"registry.terraform.io/ciscodevnet/aci\"]",
      "instances": [
        {
          "schema_version": 1,
          "attributes": {
            "alloc_mode": "inherit",
            "annotation": "orchestrator:terraform",
            "description": "",
            "from": "vlan-14",
            "id": "uni/infra/vlanns-[access]-static/from-[vlan-14]-to-[vlan-14]",
            "name_alias": "",
            "role": "external",
            "to": "vlan-14",
            "vlan_pool_dn": "uni/infra/vlanns-[access]-static"
          },
          "sensitive_attributes": [],
          "private": "eyJzY2hlbWFfdmVyc2lvbiI6IjEifQ==",
          "dependencies": [
            "data.aci_vlan_pool.access"
          ]
        }
      ]
    },
    {
      "mode": "managed",
      "type": "aci_ranges",
      "name": "access_15",
      "provider": "provider[\"registry.terraform.io/ciscodevnet/aci\"]",
      "instances": [
        {
          "schema_version": 1,
          "attributes": {
            "alloc_mode": "inherit",
            "annotation": "orchestrator:terraform",
            "description": "",
            "from": "vlan-15",
            "id": "uni/infra/vlanns-[access]-static/from-[vlan-15]-to-[vlan-15]",
            "name_alias": "",
            "role": "external",
            "to": "vlan-15",
            "vlan_pool_dn": "uni/infra/vlanns-[access]-static"
          },
          "sensitive_attributes": [],
          "private": "eyJzY2hlbWFfdmVyc2lvbiI6IjEifQ==",
          "dependencies": [
            "data.aci_vlan_pool.access"
          ]
        }
      ]
    },
    {
      "mode": "managed",
      "type": "aci_ranges",
      "name": "access_16",
      "provider": "provider[\"registry.terraform.io/ciscodevnet/aci\"]",
      "instances": [
        {
          "schema_version": 1,
          "attributes": {
            "alloc_mode": "inherit",
            "annotation": "orchestrator:terraform",
            "description": "",
            "from": "vlan-16",
            "id": "uni/infra/vlanns-[access]-static/from-[vlan-16]-to-[vlan-16]",
            "name_alias": "",
            "role": "external",
            "to": "vlan-16",
            "vlan_pool_dn": "uni/infra/vlanns-[access]-static"
          },
          "sensitive_attributes": [],
          "private": "eyJzY2hlbWFfdmVyc2lvbiI6IjEifQ==",
          "dependencies": [
            "data.aci_vlan_pool.access"
          ]
        }
      ]
    },
    {
      "mode": "managed",
      "type": "aci_ranges",
      "name": "access_17",
      "provider": "provider[\"registry.terraform.io/ciscodevnet/aci\"]",
      "instances": [
        {
          "schema_version": 1,
          "attributes": {
            "alloc_mode": "inherit",
            "annotation": "orchestrator:terraform",
            "description": "",
            "from": "vlan-17",
            "id": "uni/infra/vlanns-[access]-static/from-[vlan-17]-to-[vlan-17]",
            "name_alias": "",
            "role": "external",
            "to": "vlan-17",
            "vlan_pool_dn": "uni/infra/vlanns-[access]-static"
          },
          "sensitive_attributes": [],
          "private": "eyJzY2hlbWFfdmVyc2lvbiI6IjEifQ==",
          "dependencies": [
            "data.aci_vlan_pool.access"
          ]
        }
      ]
    },
    {
      "mode": "managed",
      "type": "aci_ranges",
      "name": "access_18",
      "provider": "provider[\"registry.terraform.io/ciscodevnet/aci\"]",
      "instances": [
        {
          "schema_version": 1,
          "attributes": {
            "alloc_mode": "inherit",
            "annotation": "orchestrator:terraform",
            "description": "",
            "from": "vlan-18",
            "id": "uni/infra/vlanns-[access]-static/from-[vlan-18]-to-[vlan-18]",
            "name_alias": "",
            "role": "external",
            "to": "vlan-18",
            "vlan_pool_dn": "uni/infra/vlanns-[access]-static"
          },
          "sensitive_attributes": [],
          "private": "eyJzY2hlbWFfdmVyc2lvbiI6IjEifQ==",
          "dependencies": [
            "data.aci_vlan_pool.access"
          ]
        }
      ]
    },
    {
      "mode": "managed",
      "type": "aci_ranges",
      "name": "access_19",
      "provider": "provider[\"registry.terraform.io/ciscodevnet/aci\"]",
      "instances": [
        {
          "schema_version": 1,
          "attributes": {
            "alloc_mode": "inherit",
            "annotation": "orchestrator:terraform",
            "description": "",
            "from": "vlan-19",
            "id": "uni/infra/vlanns-[access]-static/from-[vlan-19]-to-[vlan-19]",
            "name_alias": "",
            "role": "external",
            "to": "vlan-19",
            "vlan_pool_dn": "uni/infra/vlanns-[access]-static"
          },
          "sensitive_attributes": [],
          "private": "eyJzY2hlbWFfdmVyc2lvbiI6IjEifQ==",
          "dependencies": [
            "data.aci_vlan_pool.access"
          ]
        }
      ]
    },
    {
      "mode": "managed",
      "type": "aci_ranges",
      "name": "access_2",
      "provider": "provider[\"registry.terraform.io/ciscodevnet/aci\"]",
      "instances": [
        {
          "schema_version": 1,
          "attributes": {
            "alloc_mode": "inherit",
            "annotation": "orchestrator:terraform",
            "description": "",
            "from": "vlan-2",
            "id": "uni/infra/vlanns-[access]-static/from-[vlan-2]-to-[vlan-2]",
            "name_alias": "",
            "role": "external",
            "to": "vlan-2",
            "vlan_pool_dn": "uni/infra/vlanns-[access]-static"
          },
          "sensitive_attributes": [],
          "private": "eyJzY2hlbWFfdmVyc2lvbiI6IjEifQ==",
          "dependencies": [
            "data.aci_vlan_pool.access"
          ]
        }
      ]
    },
    {
      "mode": "managed",
      "type": "aci_ranges",
      "name": "access_20",
      "provider": "provider[\"registry.terraform.io/ciscodevnet/aci\"]",
      "instances": [
        {
          "schema_version": 1,
          "attributes": {
            "alloc_mode": "inherit",
            "annotation": "orchestrator:terraform",
            "description": "",
            "from": "vlan-20",
            "id": "uni/infra/vlanns-[access]-static/from-[vlan-20]-to-[vlan-20]",
            "name_alias": "",
            "role": "external",
            "to": "vlan-20",
            "vlan_pool_dn": "uni/infra/vlanns-[access]-static"
          },
          "sensitive_attributes": [],
          "private": "eyJzY2hlbWFfdmVyc2lvbiI6IjEifQ==",
          "dependencies": [
            "data.aci_vlan_pool.access"
          ]
        }
      ]
    },
    {
      "mode": "managed",
      "type": "aci_ranges",
      "name": "access_201",
      "provider": "provider[\"registry.terraform.io/ciscodevnet/aci\"]",
      "instances": [
        {
          "schema_version": 1,
          "attributes": {
            "alloc_mode": "inherit",
            "annotation": "orchestrator:terraform",
            "description": "",
            "from": "vlan-201",
            "id": "uni/infra/vlanns-[access]-static/from-[vlan-201]-to-[vlan-201]",
            "name_alias": "",
            "role": "external",
            "to": "vlan-201",
            "vlan_pool_dn": "uni/infra/vlanns-[access]-static"
          },
          "sensitive_attributes": [],
          "private": "eyJzY2hlbWFfdmVyc2lvbiI6IjEifQ==",
          "dependencies": [
            "data.aci_vlan_pool.access"
          ]
        }
      ]
    },
    {
      "mode": "managed",
      "type": "aci_ranges",
      "name": "access_202",
      "provider": "provider[\"registry.terraform.io/ciscodevnet/aci\"]",
      "instances": [
        {
          "schema_version": 1,
          "attributes": {
            "alloc_mode": "inherit",
            "annotation": "orchestrator:terraform",
            "description": "",
            "from": "vlan-202",
            "id": "uni/infra/vlanns-[access]-static/from-[vlan-202]-to-[vlan-202]",
            "name_alias": "",
            "role": "external",
            "to": "vlan-202",
            "vlan_pool_dn": "uni/infra/vlanns-[access]-static"
          },
          "sensitive_attributes": [],
          "private": "eyJzY2hlbWFfdmVyc2lvbiI6IjEifQ==",
          "dependencies": [
            "data.aci_vlan_pool.access"
          ]
        }
      ]
    },
    {
      "mode": "managed",
      "type": "aci_ranges",
      "name": "access_203",
      "provider": "provider[\"registry.terraform.io/ciscodevnet/aci\"]",
      "instances": [
        {
          "schema_version": 1,
          "attributes": {
            "alloc_mode": "inherit",
            "annotation": "orchestrator:terraform",
            "description": "",
            "from": "vlan-203",
            "id": "uni/infra/vlanns-[access]-static/from-[vlan-203]-to-[vlan-203]",
            "name_alias": "",
            "role": "external",
            "to": "vlan-203",
            "vlan_pool_dn": "uni/infra/vlanns-[access]-static"
          },
          "sensitive_attributes": [],
          "private": "eyJzY2hlbWFfdmVyc2lvbiI6IjEifQ==",
          "dependencies": [
            "data.aci_vlan_pool.access"
          ]
        }
      ]
    },
    {
      "mode": "managed",
      "type": "aci_ranges",
      "name": "access_204",
      "provider": "provider[\"registry.terraform.io/ciscodevnet/aci\"]",
      "instances": [
        {
          "schema_version": 1,
          "attributes": {
            "alloc_mode": "inherit",
            "annotation": "orchestrator:terraform",
            "description": "",
            "from": "vlan-204",
            "id": "uni/infra/vlanns-[access]-static/from-[vlan-204]-to-[vlan-204]",
            "name_alias": "",
            "role": "external",
            "to": "vlan-204",
            "vlan_pool_dn": "uni/infra/vlanns-[access]-static"
          },
          "sensitive_attributes": [],
          "private": "eyJzY2hlbWFfdmVyc2lvbiI6IjEifQ==",
          "dependencies": [
            "data.aci_vlan_pool.access"
          ]
        }
      ]
    },
    {
      "mode": "managed",
      "type": "aci_ranges",
      "name": "access_205",
      "provider": "provider[\"registry.terraform.io/ciscodevnet/aci\"]",
      "instances": [
        {
          "schema_version": 1,
          "attributes": {
            "alloc_mode": "inherit",
            "annotation": "orchestrator:terraform",
            "description": "",
            "from": "vlan-205",
            "id": "uni/infra/vlanns-[access]-static/from-[vlan-205]-to-[vlan-205]",
            "name_alias": "",
            "role": "external",
            "to": "vlan-205",
            "vlan_pool_dn": "uni/infra/vlanns-[access]-static"
          },
          "sensitive_attributes": [],
          "private": "eyJzY2hlbWFfdmVyc2lvbiI6IjEifQ==",
          "dependencies": [
            "data.aci_vlan_pool.access"
          ]
        }
      ]
    },
    {
      "mode": "managed",
      "type": "aci_ranges",
      "name": "access_206",
      "provider": "provider[\"registry.terraform.io/ciscodevnet/aci\"]",
      "instances": [
        {
          "schema_version": 1,
          "attributes": {
            "alloc_mode": "inherit",
            "annotation": "orchestrator:terraform",
            "description": "",
            "from": "vlan-206",
            "id": "uni/infra/vlanns-[access]-static/from-[vlan-206]-to-[vlan-206]",
            "name_alias": "",
            "role": "external",
            "to": "vlan-206",
            "vlan_pool_dn": "uni/infra/vlanns-[access]-static"
          },
          "sensitive_attributes": [],
          "private": "eyJzY2hlbWFfdmVyc2lvbiI6IjEifQ==",
          "dependencies": [
            "data.aci_vlan_pool.access"
          ]
        }
      ]
    },
    {
      "mode": "managed",
      "type": "aci_ranges",
      "name": "access_207",
      "provider": "provider[\"registry.terraform.io/ciscodevnet/aci\"]",
      "instances": [
        {
          "schema_version": 1,
          "attributes": {
            "alloc_mode": "inherit",
            "annotation": "orchestrator:terraform",
            "description": "",
            "from": "vlan-207",
            "id": "uni/infra/vlanns-[access]-static/from-[vlan-207]-to-[vlan-207]",
            "name_alias": "",
            "role": "external",
            "to": "vlan-207",
            "vlan_pool_dn": "uni/infra/vlanns-[access]-static"
          },
          "sensitive_attributes": [],
          "private": "eyJzY2hlbWFfdmVyc2lvbiI6IjEifQ==",
          "dependencies": [
            "data.aci_vlan_pool.access"
          ]
        }
      ]
    },
    {
      "mode": "managed",
      "type": "aci_ranges",
      "name": "access_208",
      "provider": "provider[\"registry.terraform.io/ciscodevnet/aci\"]",
      "instances": [
        {
          "schema_version": 1,
          "attributes": {
            "alloc_mode": "inherit",
            "annotation": "orchestrator:terraform",
            "description": "",
            "from": "vlan-208",
            "id": "uni/infra/vlanns-[access]-static/from-[vlan-208]-to-[vlan-208]",
            "name_alias": "",
            "role": "external",
            "to": "vlan-208",
            "vlan_pool_dn": "uni/infra/vlanns-[access]-static"
          },
          "sensitive_attributes": [],
          "private": "eyJzY2hlbWFfdmVyc2lvbiI6IjEifQ==",
          "dependencies": [
            "data.aci_vlan_pool.access"
          ]
        }
      ]
    },
    {
      "mode": "managed",
      "type": "aci_ranges",
      "name": "access_209",
      "provider": "provider[\"registry.terraform.io/ciscodevnet/aci\"]",
      "instances": [
        {
          "schema_version": 1,
          "attributes": {
            "alloc_mode": "inherit",
            "annotation": "orchestrator:terraform",
            "description": "",
            "from": "vlan-209",
            "id": "uni/infra/vlanns-[access]-static/from-[vlan-209]-to-[vlan-209]",
            "name_alias": "",
            "role": "external",
            "to": "vlan-209",
            "vlan_pool_dn": "uni/infra/vlanns-[access]-static"
          },
          "sensitive_attributes": [],
          "private": "eyJzY2hlbWFfdmVyc2lvbiI6IjEifQ==",
          "dependencies": [
            "data.aci_vlan_pool.access"
          ]
        }
      ]
    },
    {
      "mode": "managed",
      "type": "aci_ranges",
      "name": "access_21",
      "provider": "provider[\"registry.terraform.io/ciscodevnet/aci\"]",
      "instances": [
        {
          "schema_version": 1,
          "attributes": {
            "alloc_mode": "inherit",
            "annotation": "orchestrator:terraform",
            "description": "",
            "from": "vlan-21",
            "id": "uni/infra/vlanns-[access]-static/from-[vlan-21]-to-[vlan-21]",
            "name_alias": "",
            "role": "external",
            "to": "vlan-21",
            "vlan_pool_dn": "uni/infra/vlanns-[access]-static"
          },
          "sensitive_attributes": [],
          "private": "eyJzY2hlbWFfdmVyc2lvbiI6IjEifQ==",
          "dependencies": [
            "data.aci_vlan_pool.access"
          ]
        }
      ]
    },
    {
      "mode": "managed",
      "type": "aci_ranges",
      "name": "access_210",
      "provider": "provider[\"registry.terraform.io/ciscodevnet/aci\"]",
      "instances": [
        {
          "schema_version": 1,
          "attributes": {
            "alloc_mode": "inherit",
            "annotation": "orchestrator:terraform",
            "description": "",
            "from": "vlan-210",
            "id": "uni/infra/vlanns-[access]-static/from-[vlan-210]-to-[vlan-210]",
            "name_alias": "",
            "role": "external",
            "to": "vlan-210",
            "vlan_pool_dn": "uni/infra/vlanns-[access]-static"
          },
          "sensitive_attributes": [],
          "private": "eyJzY2hlbWFfdmVyc2lvbiI6IjEifQ==",
          "dependencies": [
            "data.aci_vlan_pool.access"
          ]
        }
      ]
    },
    {
      "mode": "managed",
      "type": "aci_ranges",
      "name": "access_211",
      "provider": "provider[\"registry.terraform.io/ciscodevnet/aci\"]",
      "instances": [
        {
          "schema_version": 1,
          "attributes": {
            "alloc_mode": "inherit",
            "annotation": "orchestrator:terraform",
            "description": "",
            "from": "vlan-211",
            "id": "uni/infra/vlanns-[access]-static/from-[vlan-211]-to-[vlan-211]",
            "name_alias": "",
            "role": "external",
            "to": "vlan-211",
            "vlan_pool_dn": "uni/infra/vlanns-[access]-static"
          },
          "sensitive_attributes": [],
          "private": "eyJzY2hlbWFfdmVyc2lvbiI6IjEifQ==",
          "dependencies": [
            "data.aci_vlan_pool.access"
          ]
        }
      ]
    },
    {
      "mode": "managed",
      "type": "aci_ranges",
      "name": "access_212",
      "provider": "provider[\"registry.terraform.io/ciscodevnet/aci\"]",
      "instances": [
        {
          "schema_version": 1,
          "attributes": {
            "alloc_mode": "inherit",
            "annotation": "orchestrator:terraform",
            "description": "",
            "from": "vlan-212",
            "id": "uni/infra/vlanns-[access]-static/from-[vlan-212]-to-[vlan-212]",
            "name_alias": "",
            "role": "external",
            "to": "vlan-212",
            "vlan_pool_dn": "uni/infra/vlanns-[access]-static"
          },
          "sensitive_attributes": [],
          "private": "eyJzY2hlbWFfdmVyc2lvbiI6IjEifQ==",
          "dependencies": [
            "data.aci_vlan_pool.access"
          ]
        }
      ]
    },
    {
      "mode": "managed",
      "type": "aci_ranges",
      "name": "access_213",
      "provider": "provider[\"registry.terraform.io/ciscodevnet/aci\"]",
      "instances": [
        {
          "schema_version": 1,
          "attributes": {
            "alloc_mode": "inherit",
            "annotation": "orchestrator:terraform",
            "description": "",
            "from": "vlan-213",
            "id": "uni/infra/vlanns-[access]-static/from-[vlan-213]-to-[vlan-213]",
            "name_alias": "",
            "role": "external",
            "to": "vlan-213",
            "vlan_pool_dn": "uni/infra/vlanns-[access]-static"
          },
          "sensitive_attributes": [],
          "private": "eyJzY2hlbWFfdmVyc2lvbiI6IjEifQ==",
          "dependencies": [
            "data.aci_vlan_pool.access"
          ]
        }
      ]
    },
    {
      "mode": "managed",
      "type": "aci_ranges",
      "name": "access_214",
      "provider": "provider[\"registry.terraform.io/ciscodevnet/aci\"]",
      "instances": [
        {
          "schema_version": 1,
          "attributes": {
            "alloc_mode": "inherit",
            "annotation": "orchestrator:terraform",
            "description": "",
            "from": "vlan-214",
            "id": "uni/infra/vlanns-[access]-static/from-[vlan-214]-to-[vlan-214]",
            "name_alias": "",
            "role": "external",
            "to": "vlan-214",
            "vlan_pool_dn": "uni/infra/vlanns-[access]-static"
          },
          "sensitive_attributes": [],
          "private": "eyJzY2hlbWFfdmVyc2lvbiI6IjEifQ==",
          "dependencies": [
            "data.aci_vlan_pool.access"
          ]
        }
      ]
    },
    {
      "mode": "managed",
      "type": "aci_ranges",
      "name": "access_215",
      "provider": "provider[\"registry.terraform.io/ciscodevnet/aci\"]",
      "instances": [
        {
          "schema_version": 1,
          "attributes": {
            "alloc_mode": "inherit",
            "annotation": "orchestrator:terraform",
            "description": "",
            "from": "vlan-215",
            "id": "uni/infra/vlanns-[access]-static/from-[vlan-215]-to-[vlan-215]",
            "name_alias": "",
            "role": "external",
            "to": "vlan-215",
            "vlan_pool_dn": "uni/infra/vlanns-[access]-static"
          },
          "sensitive_attributes": [],
          "private": "eyJzY2hlbWFfdmVyc2lvbiI6IjEifQ==",
          "dependencies": [
            "data.aci_vlan_pool.access"
          ]
        }
      ]
    },
    {
      "mode": "managed",
      "type": "aci_ranges",
      "name": "access_216",
      "provider": "provider[\"registry.terraform.io/ciscodevnet/aci\"]",
      "instances": [
        {
          "schema_version": 1,
          "attributes": {
            "alloc_mode": "inherit",
            "annotation": "orchestrator:terraform",
            "description": "",
            "from": "vlan-216",
            "id": "uni/infra/vlanns-[access]-static/from-[vlan-216]-to-[vlan-216]",
            "name_alias": "",
            "role": "external",
            "to": "vlan-216",
            "vlan_pool_dn": "uni/infra/vlanns-[access]-static"
          },
          "sensitive_attributes": [],
          "private": "eyJzY2hlbWFfdmVyc2lvbiI6IjEifQ==",
          "dependencies": [
            "data.aci_vlan_pool.access"
          ]
        }
      ]
    },
    {
      "mode": "managed",
      "type": "aci_ranges",
      "name": "access_217",
      "provider": "provider[\"registry.terraform.io/ciscodevnet/aci\"]",
      "instances": [
        {
          "schema_version": 1,
          "attributes": {
            "alloc_mode": "inherit",
            "annotation": "orchestrator:terraform",
            "description": "",
            "from": "vlan-217",
            "id": "uni/infra/vlanns-[access]-static/from-[vlan-217]-to-[vlan-217]",
            "name_alias": "",
            "role": "external",
            "to": "vlan-217",
            "vlan_pool_dn": "uni/infra/vlanns-[access]-static"
          },
          "sensitive_attributes": [],
          "private": "eyJzY2hlbWFfdmVyc2lvbiI6IjEifQ==",
          "dependencies": [
            "data.aci_vlan_pool.access"
          ]
        }
      ]
    },
    {
      "mode": "managed",
      "type": "aci_ranges",
      "name": "access_218",
      "provider": "provider[\"registry.terraform.io/ciscodevnet/aci\"]",
      "instances": [
        {
          "schema_version": 1,
          "attributes": {
            "alloc_mode": "inherit",
            "annotation": "orchestrator:terraform",
            "description": "",
            "from": "vlan-218",
            "id": "uni/infra/vlanns-[access]-static/from-[vlan-218]-to-[vlan-218]",
            "name_alias": "",
            "role": "external",
            "to": "vlan-218",
            "vlan_pool_dn": "uni/infra/vlanns-[access]-static"
          },
          "sensitive_attributes": [],
          "private": "eyJzY2hlbWFfdmVyc2lvbiI6IjEifQ==",
          "dependencies": [
            "data.aci_vlan_pool.access"
          ]
        }
      ]
    },
    {
      "mode": "managed",
      "type": "aci_ranges",
      "name": "access_219",
      "provider": "provider[\"registry.terraform.io/ciscodevnet/aci\"]",
      "instances": [
        {
          "schema_version": 1,
          "attributes": {
            "alloc_mode": "inherit",
            "annotation": "orchestrator:terraform",
            "description": "",
            "from": "vlan-219",
            "id": "uni/infra/vlanns-[access]-static/from-[vlan-219]-to-[vlan-219]",
            "name_alias": "",
            "role": "external",
            "to": "vlan-219",
            "vlan_pool_dn": "uni/infra/vlanns-[access]-static"
          },
          "sensitive_attributes": [],
          "private": "eyJzY2hlbWFfdmVyc2lvbiI6IjEifQ==",
          "dependencies": [
            "data.aci_vlan_pool.access"
          ]
        }
      ]
    },
    {
      "mode": "managed",
      "type": "aci_ranges",
      "name": "access_22",
      "provider": "provider[\"registry.terraform.io/ciscodevnet/aci\"]",
      "instances": [
        {
          "schema_version": 1,
          "attributes": {
            "alloc_mode": "inherit",
            "annotation": "orchestrator:terraform",
            "description": "",
            "from": "vlan-22",
            "id": "uni/infra/vlanns-[access]-static/from-[vlan-22]-to-[vlan-22]",
            "name_alias": "",
            "role": "external",
            "to": "vlan-22",
            "vlan_pool_dn": "uni/infra/vlanns-[access]-static"
          },
          "sensitive_attributes": [],
          "private": "eyJzY2hlbWFfdmVyc2lvbiI6IjEifQ==",
          "dependencies": [
            "data.aci_vlan_pool.access"
          ]
        }
      ]
    },
    {
      "mode": "managed",
      "type": "aci_ranges",
      "name": "access_220",
      "provider": "provider[\"registry.terraform.io/ciscodevnet/aci\"]",
      "instances": [
        {
          "schema_version": 1,
          "attributes": {
            "alloc_mode": "inherit",
            "annotation": "orchestrator:terraform",
            "description": "",
            "from": "vlan-220",
            "id": "uni/infra/vlanns-[access]-static/from-[vlan-220]-to-[vlan-220]",
            "name_alias": "",
            "role": "external",
            "to": "vlan-220",
            "vlan_pool_dn": "uni/infra/vlanns-[access]-static"
          },
          "sensitive_attributes": [],
          "private": "eyJzY2hlbWFfdmVyc2lvbiI6IjEifQ==",
          "dependencies": [
            "data.aci_vlan_pool.access"
          ]
        }
      ]
    },
    {
      "mode": "managed",
      "type": "aci_ranges",
      "name": "access_221",
      "provider": "provider[\"registry.terraform.io/ciscodevnet/aci\"]",
      "instances": [
        {
          "schema_version": 1,
          "attributes": {
            "alloc_mode": "inherit",
            "annotation": "orchestrator:terraform",
            "description": "",
            "from": "vlan-221",
            "id": "uni/infra/vlanns-[access]-static/from-[vlan-221]-to-[vlan-221]",
            "name_alias": "",
            "role": "external",
            "to": "vlan-221",
            "vlan_pool_dn": "uni/infra/vlanns-[access]-static"
          },
          "sensitive_attributes": [],
          "private": "eyJzY2hlbWFfdmVyc2lvbiI6IjEifQ==",
          "dependencies": [
            "data.aci_vlan_pool.access"
          ]
        }
      ]
    },
    {
      "mode": "managed",
      "type": "aci_ranges",
      "name": "access_222",
      "provider": "provider[\"registry.terraform.io/ciscodevnet/aci\"]",
      "instances": [
        {
          "schema_version": 1,
          "attributes": {
            "alloc_mode": "inherit",
            "annotation": "orchestrator:terraform",
            "description": "",
            "from": "vlan-222",
            "id": "uni/infra/vlanns-[access]-static/from-[vlan-222]-to-[vlan-222]",
            "name_alias": "",
            "role": "external",
            "to": "vlan-222",
            "vlan_pool_dn": "uni/infra/vlanns-[access]-static"
          },
          "sensitive_attributes": [],
          "private": "eyJzY2hlbWFfdmVyc2lvbiI6IjEifQ==",
          "dependencies": [
            "data.aci_vlan_pool.access"
          ]
        }
      ]
    },
    {
      "mode": "managed",
      "type": "aci_ranges",
      "name": "access_223",
      "provider": "provider[\"registry.terraform.io/ciscodevnet/aci\"]",
      "instances": [
        {
          "schema_version": 1,
          "attributes": {
            "alloc_mode": "inherit",
            "annotation": "orchestrator:terraform",
            "description": "",
            "from": "vlan-223",
            "id": "uni/infra/vlanns-[access]-static/from-[vlan-223]-to-[vlan-223]",
            "name_alias": "",
            "role": "external",
            "to": "vlan-223",
            "vlan_pool_dn": "uni/infra/vlanns-[access]-static"
          },
          "sensitive_attributes": [],
          "private": "eyJzY2hlbWFfdmVyc2lvbiI6IjEifQ==",
          "dependencies": [
            "data.aci_vlan_pool.access"
          ]
        }
      ]
    },
    {
      "mode": "managed",
      "type": "aci_ranges",
      "name": "access_224",
      "provider": "provider[\"registry.terraform.io/ciscodevnet/aci\"]",
      "instances": [
        {
          "schema_version": 1,
          "attributes": {
            "alloc_mode": "inherit",
            "annotation": "orchestrator:terraform",
            "description": "",
            "from": "vlan-224",
            "id": "uni/infra/vlanns-[access]-static/from-[vlan-224]-to-[vlan-224]",
            "name_alias": "",
            "role": "external",
            "to": "vlan-224",
            "vlan_pool_dn": "uni/infra/vlanns-[access]-static"
          },
          "sensitive_attributes": [],
          "private": "eyJzY2hlbWFfdmVyc2lvbiI6IjEifQ==",
          "dependencies": [
            "data.aci_vlan_pool.access"
          ]
        }
      ]
    },
    {
      "mode": "managed",
      "type": "aci_ranges",
      "name": "access_225",
      "provider": "provider[\"registry.terraform.io/ciscodevnet/aci\"]",
      "instances": [
        {
          "schema_version": 1,
          "attributes": {
            "alloc_mode": "inherit",
            "annotation": "orchestrator:terraform",
            "description": "",
            "from": "vlan-225",
            "id": "uni/infra/vlanns-[access]-static/from-[vlan-225]-to-[vlan-225]",
            "name_alias": "",
            "role": "external",
            "to": "vlan-225",
            "vlan_pool_dn": "uni/infra/vlanns-[access]-static"
          },
          "sensitive_attributes": [],
          "private": "eyJzY2hlbWFfdmVyc2lvbiI6IjEifQ==",
          "dependencies": [
            "data.aci_vlan_pool.access"
          ]
        }
      ]
    },
    {
      "mode": "managed",
      "type": "aci_ranges",
      "name": "access_226",
      "provider": "provider[\"registry.terraform.io/ciscodevnet/aci\"]",
      "instances": [
        {
          "schema_version": 1,
          "attributes": {
            "alloc_mode": "inherit",
            "annotation": "orchestrator:terraform",
            "description": "",
            "from": "vlan-226",
            "id": "uni/infra/vlanns-[access]-static/from-[vlan-226]-to-[vlan-226]",
            "name_alias": "",
            "role": "external",
            "to": "vlan-226",
            "vlan_pool_dn": "uni/infra/vlanns-[access]-static"
          },
          "sensitive_attributes": [],
          "private": "eyJzY2hlbWFfdmVyc2lvbiI6IjEifQ==",
          "dependencies": [
            "data.aci_vlan_pool.access"
          ]
        }
      ]
    },
    {
      "mode": "managed",
      "type": "aci_ranges",
      "name": "access_227",
      "provider": "provider[\"registry.terraform.io/ciscodevnet/aci\"]",
      "instances": [
        {
          "schema_version": 1,
          "attributes": {
            "alloc_mode": "inherit",
            "annotation": "orchestrator:terraform",
            "description": "",
            "from": "vlan-227",
            "id": "uni/infra/vlanns-[access]-static/from-[vlan-227]-to-[vlan-227]",
            "name_alias": "",
            "role": "external",
            "to": "vlan-227",
            "vlan_pool_dn": "uni/infra/vlanns-[access]-static"
          },
          "sensitive_attributes": [],
          "private": "eyJzY2hlbWFfdmVyc2lvbiI6IjEifQ==",
          "dependencies": [
            "data.aci_vlan_pool.access"
          ]
        }
      ]
    },
    {
      "mode": "managed",
      "type": "aci_ranges",
      "name": "access_228",
      "provider": "provider[\"registry.terraform.io/ciscodevnet/aci\"]",
      "instances": [
        {
          "schema_version": 1,
          "attributes": {
            "alloc_mode": "inherit",
            "annotation": "orchestrator:terraform",
            "description": "",
            "from": "vlan-228",
            "id": "uni/infra/vlanns-[access]-static/from-[vlan-228]-to-[vlan-228]",
            "name_alias": "",
            "role": "external",
            "to": "vlan-228",
            "vlan_pool_dn": "uni/infra/vlanns-[access]-static"
          },
          "sensitive_attributes": [],
          "private": "eyJzY2hlbWFfdmVyc2lvbiI6IjEifQ==",
          "dependencies": [
            "data.aci_vlan_pool.access"
          ]
        }
      ]
    },
    {
      "mode": "managed",
      "type": "aci_ranges",
      "name": "access_229",
      "provider": "provider[\"registry.terraform.io/ciscodevnet/aci\"]",
      "instances": [
        {
          "schema_version": 1,
          "attributes": {
            "alloc_mode": "inherit",
            "annotation": "orchestrator:terraform",
            "description": "",
            "from": "vlan-229",
            "id": "uni/infra/vlanns-[access]-static/from-[vlan-229]-to-[vlan-229]",
            "name_alias": "",
            "role": "external",
            "to": "vlan-229",
            "vlan_pool_dn": "uni/infra/vlanns-[access]-static"
          },
          "sensitive_attributes": [],
          "private": "eyJzY2hlbWFfdmVyc2lvbiI6IjEifQ==",
          "dependencies": [
            "data.aci_vlan_pool.access"
          ]
        }
      ]
    },
    {
      "mode": "managed",
      "type": "aci_ranges",
      "name": "access_23",
      "provider": "provider[\"registry.terraform.io/ciscodevnet/aci\"]",
      "instances": [
        {
          "schema_version": 1,
          "attributes": {
            "alloc_mode": "inherit",
            "annotation": "orchestrator:terraform",
            "description": "",
            "from": "vlan-23",
            "id": "uni/infra/vlanns-[access]-static/from-[vlan-23]-to-[vlan-23]",
            "name_alias": "",
            "role": "external",
            "to": "vlan-23",
            "vlan_pool_dn": "uni/infra/vlanns-[access]-static"
          },
          "sensitive_attributes": [],
          "private": "eyJzY2hlbWFfdmVyc2lvbiI6IjEifQ==",
          "dependencies": [
            "data.aci_vlan_pool.access"
          ]
        }
      ]
    },
    {
      "mode": "managed",
      "type": "aci_ranges",
      "name": "access_230",
      "provider": "provider[\"registry.terraform.io/ciscodevnet/aci\"]",
      "instances": [
        {
          "schema_version": 1,
          "attributes": {
            "alloc_mode": "inherit",
            "annotation": "orchestrator:terraform",
            "description": "",
            "from": "vlan-230",
            "id": "uni/infra/vlanns-[access]-static/from-[vlan-230]-to-[vlan-230]",
            "name_alias": "",
            "role": "external",
            "to": "vlan-230",
            "vlan_pool_dn": "uni/infra/vlanns-[access]-static"
          },
          "sensitive_attributes": [],
          "private": "eyJzY2hlbWFfdmVyc2lvbiI6IjEifQ==",
          "dependencies": [
            "data.aci_vlan_pool.access"
          ]
        }
      ]
    },
    {
      "mode": "managed",
      "type": "aci_ranges",
      "name": "access_231",
      "provider": "provider[\"registry.terraform.io/ciscodevnet/aci\"]",
      "instances": [
        {
          "schema_version": 1,
          "attributes": {
            "alloc_mode": "inherit",
            "annotation": "orchestrator:terraform",
            "description": "",
            "from": "vlan-231",
            "id": "uni/infra/vlanns-[access]-static/from-[vlan-231]-to-[vlan-231]",
            "name_alias": "",
            "role": "external",
            "to": "vlan-231",
            "vlan_pool_dn": "uni/infra/vlanns-[access]-static"
          },
          "sensitive_attributes": [],
          "private": "eyJzY2hlbWFfdmVyc2lvbiI6IjEifQ==",
          "dependencies": [
            "data.aci_vlan_pool.access"
          ]
        }
      ]
    },
    {
      "mode": "managed",
      "type": "aci_ranges",
      "name": "access_232",
      "provider": "provider[\"registry.terraform.io/ciscodevnet/aci\"]",
      "instances": [
        {
          "schema_version": 1,
          "attributes": {
            "alloc_mode": "inherit",
            "annotation": "orchestrator:terraform",
            "description": "",
            "from": "vlan-232",
            "id": "uni/infra/vlanns-[access]-static/from-[vlan-232]-to-[vlan-232]",
            "name_alias": "",
            "role": "external",
            "to": "vlan-232",
            "vlan_pool_dn": "uni/infra/vlanns-[access]-static"
          },
          "sensitive_attributes": [],
          "private": "eyJzY2hlbWFfdmVyc2lvbiI6IjEifQ==",
          "dependencies": [
            "data.aci_vlan_pool.access"
          ]
        }
      ]
    },
    {
      "mode": "managed",
      "type": "aci_ranges",
      "name": "access_233",
      "provider": "provider[\"registry.terraform.io/ciscodevnet/aci\"]",
      "instances": [
        {
          "schema_version": 1,
          "attributes": {
            "alloc_mode": "inherit",
            "annotation": "orchestrator:terraform",
            "description": "",
            "from": "vlan-233",
            "id": "uni/infra/vlanns-[access]-static/from-[vlan-233]-to-[vlan-233]",
            "name_alias": "",
            "role": "external",
            "to": "vlan-233",
            "vlan_pool_dn": "uni/infra/vlanns-[access]-static"
          },
          "sensitive_attributes": [],
          "private": "eyJzY2hlbWFfdmVyc2lvbiI6IjEifQ==",
          "dependencies": [
            "data.aci_vlan_pool.access"
          ]
        }
      ]
    },
    {
      "mode": "managed",
      "type": "aci_ranges",
      "name": "access_234",
      "provider": "provider[\"registry.terraform.io/ciscodevnet/aci\"]",
      "instances": [
        {
          "schema_version": 1,
          "attributes": {
            "alloc_mode": "inherit",
            "annotation": "orchestrator:terraform",
            "description": "",
            "from": "vlan-234",
            "id": "uni/infra/vlanns-[access]-static/from-[vlan-234]-to-[vlan-234]",
            "name_alias": "",
            "role": "external",
            "to": "vlan-234",
            "vlan_pool_dn": "uni/infra/vlanns-[access]-static"
          },
          "sensitive_attributes": [],
          "private": "eyJzY2hlbWFfdmVyc2lvbiI6IjEifQ==",
          "dependencies": [
            "data.aci_vlan_pool.access"
          ]
        }
      ]
    },
    {
      "mode": "managed",
      "type": "aci_ranges",
      "name": "access_235",
      "provider": "provider[\"registry.terraform.io/ciscodevnet/aci\"]",
      "instances": [
        {
          "schema_version": 1,
          "attributes": {
            "alloc_mode": "inherit",
            "annotation": "orchestrator:terraform",
            "description": "",
            "from": "vlan-235",
            "id": "uni/infra/vlanns-[access]-static/from-[vlan-235]-to-[vlan-235]",
            "name_alias": "",
            "role": "external",
            "to": "vlan-235",
            "vlan_pool_dn": "uni/infra/vlanns-[access]-static"
          },
          "sensitive_attributes": [],
          "private": "eyJzY2hlbWFfdmVyc2lvbiI6IjEifQ==",
          "dependencies": [
            "data.aci_vlan_pool.access"
          ]
        }
      ]
    },
    {
      "mode": "managed",
      "type": "aci_ranges",
      "name": "access_236",
      "provider": "provider[\"registry.terraform.io/ciscodevnet/aci\"]",
      "instances": [
        {
          "schema_version": 1,
          "attributes": {
            "alloc_mode": "inherit",
            "annotation": "orchestrator:terraform",
            "description": "",
            "from": "vlan-236",
            "id": "uni/infra/vlanns-[access]-static/from-[vlan-236]-to-[vlan-236]",
            "name_alias": "",
            "role": "external",
            "to": "vlan-236",
            "vlan_pool_dn": "uni/infra/vlanns-[access]-static"
          },
          "sensitive_attributes": [],
          "private": "eyJzY2hlbWFfdmVyc2lvbiI6IjEifQ==",
          "dependencies": [
            "data.aci_vlan_pool.access"
          ]
        }
      ]
    },
    {
      "mode": "managed",
      "type": "aci_ranges",
      "name": "access_237",
      "provider": "provider[\"registry.terraform.io/ciscodevnet/aci\"]",
      "instances": [
        {
          "schema_version": 1,
          "attributes": {
            "alloc_mode": "inherit",
            "annotation": "orchestrator:terraform",
            "description": "",
            "from": "vlan-237",
            "id": "uni/infra/vlanns-[access]-static/from-[vlan-237]-to-[vlan-237]",
            "name_alias": "",
            "role": "external",
            "to": "vlan-237",
            "vlan_pool_dn": "uni/infra/vlanns-[access]-static"
          },
          "sensitive_attributes": [],
          "private": "eyJzY2hlbWFfdmVyc2lvbiI6IjEifQ==",
          "dependencies": [
            "data.aci_vlan_pool.access"
          ]
        }
      ]
    },
    {
      "mode": "managed",
      "type": "aci_ranges",
      "name": "access_238",
      "provider": "provider[\"registry.terraform.io/ciscodevnet/aci\"]",
      "instances": [
        {
          "schema_version": 1,
          "attributes": {
            "alloc_mode": "inherit",
            "annotation": "orchestrator:terraform",
            "description": "",
            "from": "vlan-238",
            "id": "uni/infra/vlanns-[access]-static/from-[vlan-238]-to-[vlan-238]",
            "name_alias": "",
            "role": "external",
            "to": "vlan-238",
            "vlan_pool_dn": "uni/infra/vlanns-[access]-static"
          },
          "sensitive_attributes": [],
          "private": "eyJzY2hlbWFfdmVyc2lvbiI6IjEifQ==",
          "dependencies": [
            "data.aci_vlan_pool.access"
          ]
        }
      ]
    },
    {
      "mode": "managed",
      "type": "aci_ranges",
      "name": "access_239",
      "provider": "provider[\"registry.terraform.io/ciscodevnet/aci\"]",
      "instances": [
        {
          "schema_version": 1,
          "attributes": {
            "alloc_mode": "inherit",
            "annotation": "orchestrator:terraform",
            "description": "",
            "from": "vlan-239",
            "id": "uni/infra/vlanns-[access]-static/from-[vlan-239]-to-[vlan-239]",
            "name_alias": "",
            "role": "external",
            "to": "vlan-239",
            "vlan_pool_dn": "uni/infra/vlanns-[access]-static"
          },
          "sensitive_attributes": [],
          "private": "eyJzY2hlbWFfdmVyc2lvbiI6IjEifQ==",
          "dependencies": [
            "data.aci_vlan_pool.access"
          ]
        }
      ]
    },
    {
      "mode": "managed",
      "type": "aci_ranges",
      "name": "access_24",
      "provider": "provider[\"registry.terraform.io/ciscodevnet/aci\"]",
      "instances": [
        {
          "schema_version": 1,
          "attributes": {
            "alloc_mode": "inherit",
            "annotation": "orchestrator:terraform",
            "description": "",
            "from": "vlan-24",
            "id": "uni/infra/vlanns-[access]-static/from-[vlan-24]-to-[vlan-24]",
            "name_alias": "",
            "role": "external",
            "to": "vlan-24",
            "vlan_pool_dn": "uni/infra/vlanns-[access]-static"
          },
          "sensitive_attributes": [],
          "private": "eyJzY2hlbWFfdmVyc2lvbiI6IjEifQ==",
          "dependencies": [
            "data.aci_vlan_pool.access"
          ]
        }
      ]
    },
    {
      "mode": "managed",
      "type": "aci_ranges",
      "name": "access_240",
      "provider": "provider[\"registry.terraform.io/ciscodevnet/aci\"]",
      "instances": [
        {
          "schema_version": 1,
          "attributes": {
            "alloc_mode": "inherit",
            "annotation": "orchestrator:terraform",
            "description": "",
            "from": "vlan-240",
            "id": "uni/infra/vlanns-[access]-static/from-[vlan-240]-to-[vlan-240]",
            "name_alias": "",
            "role": "external",
            "to": "vlan-240",
            "vlan_pool_dn": "uni/infra/vlanns-[access]-static"
          },
          "sensitive_attributes": [],
          "private": "eyJzY2hlbWFfdmVyc2lvbiI6IjEifQ==",
          "dependencies": [
            "data.aci_vlan_pool.access"
          ]
        }
      ]
    },
    {
      "mode": "managed",
      "type": "aci_ranges",
      "name": "access_241",
      "provider": "provider[\"registry.terraform.io/ciscodevnet/aci\"]",
      "instances": [
        {
          "schema_version": 1,
          "attributes": {
            "alloc_mode": "inherit",
            "annotation": "orchestrator:terraform",
            "description": "",
            "from": "vlan-241",
            "id": "uni/infra/vlanns-[access]-static/from-[vlan-241]-to-[vlan-241]",
            "name_alias": "",
            "role": "external",
            "to": "vlan-241",
            "vlan_pool_dn": "uni/infra/vlanns-[access]-static"
          },
          "sensitive_attributes": [],
          "private": "eyJzY2hlbWFfdmVyc2lvbiI6IjEifQ==",
          "dependencies": [
            "data.aci_vlan_pool.access"
          ]
        }
      ]
    },
    {
      "mode": "managed",
      "type": "aci_ranges",
      "name": "access_242",
      "provider": "provider[\"registry.terraform.io/ciscodevnet/aci\"]",
      "instances": [
        {
          "schema_version": 1,
          "attributes": {
            "alloc_mode": "inherit",
            "annotation": "orchestrator:terraform",
            "description": "",
            "from": "vlan-242",
            "id": "uni/infra/vlanns-[access]-static/from-[vlan-242]-to-[vlan-242]",
            "name_alias": "",
            "role": "external",
            "to": "vlan-242",
            "vlan_pool_dn": "uni/infra/vlanns-[access]-static"
          },
          "sensitive_attributes": [],
          "private": "eyJzY2hlbWFfdmVyc2lvbiI6IjEifQ==",
          "dependencies": [
            "data.aci_vlan_pool.access"
          ]
        }
      ]
    },
    {
      "mode": "managed",
      "type": "aci_ranges",
      "name": "access_243",
      "provider": "provider[\"registry.terraform.io/ciscodevnet/aci\"]",
      "instances": [
        {
          "schema_version": 1,
          "attributes": {
            "alloc_mode": "inherit",
            "annotation": "orchestrator:terraform",
            "description": "",
            "from": "vlan-243",
            "id": "uni/infra/vlanns-[access]-static/from-[vlan-243]-to-[vlan-243]",
            "name_alias": "",
            "role": "external",
            "to": "vlan-243",
            "vlan_pool_dn": "uni/infra/vlanns-[access]-static"
          },
          "sensitive_attributes": [],
          "private": "eyJzY2hlbWFfdmVyc2lvbiI6IjEifQ==",
          "dependencies": [
            "data.aci_vlan_pool.access"
          ]
        }
      ]
    },
    {
      "mode": "managed",
      "type": "aci_ranges",
      "name": "access_244",
      "provider": "provider[\"registry.terraform.io/ciscodevnet/aci\"]",
      "instances": [
        {
          "schema_version": 1,
          "attributes": {
            "alloc_mode": "inherit",
            "annotation": "orchestrator:terraform",
            "description": "",
            "from": "vlan-244",
            "id": "uni/infra/vlanns-[access]-static/from-[vlan-244]-to-[vlan-244]",
            "name_alias": "",
            "role": "external",
            "to": "vlan-244",
            "vlan_pool_dn": "uni/infra/vlanns-[access]-static"
          },
          "sensitive_attributes": [],
          "private": "eyJzY2hlbWFfdmVyc2lvbiI6IjEifQ==",
          "dependencies": [
            "data.aci_vlan_pool.access"
          ]
        }
      ]
    },
    {
      "mode": "managed",
      "type": "aci_ranges",
      "name": "access_245",
      "provider": "provider[\"registry.terraform.io/ciscodevnet/aci\"]",
      "instances": [
        {
          "schema_version": 1,
          "attributes": {
            "alloc_mode": "inherit",
            "annotation": "orchestrator:terraform",
            "description": "",
            "from": "vlan-245",
            "id": "uni/infra/vlanns-[access]-static/from-[vlan-245]-to-[vlan-245]",
            "name_alias": "",
            "role": "external",
            "to": "vlan-245",
            "vlan_pool_dn": "uni/infra/vlanns-[access]-static"
          },
          "sensitive_attributes": [],
          "private": "eyJzY2hlbWFfdmVyc2lvbiI6IjEifQ==",
          "dependencies": [
            "data.aci_vlan_pool.access"
          ]
        }
      ]
    },
    {
      "mode": "managed",
      "type": "aci_ranges",
      "name": "access_246",
      "provider": "provider[\"registry.terraform.io/ciscodevnet/aci\"]",
      "instances": [
        {
          "schema_version": 1,
          "attributes": {
            "alloc_mode": "inherit",
            "annotation": "orchestrator:terraform",
            "description": "",
            "from": "vlan-246",
            "id": "uni/infra/vlanns-[access]-static/from-[vlan-246]-to-[vlan-246]",
            "name_alias": "",
            "role": "external",
            "to": "vlan-246",
            "vlan_pool_dn": "uni/infra/vlanns-[access]-static"
          },
          "sensitive_attributes": [],
          "private": "eyJzY2hlbWFfdmVyc2lvbiI6IjEifQ==",
          "dependencies": [
            "data.aci_vlan_pool.access"
          ]
        }
      ]
    },
    {
      "mode": "managed",
      "type": "aci_ranges",
      "name": "access_247",
      "provider": "provider[\"registry.terraform.io/ciscodevnet/aci\"]",
      "instances": [
        {
          "schema_version": 1,
          "attributes": {
            "alloc_mode": "inherit",
            "annotation": "orchestrator:terraform",
            "description": "",
            "from": "vlan-247",
            "id": "uni/infra/vlanns-[access]-static/from-[vlan-247]-to-[vlan-247]",
            "name_alias": "",
            "role": "external",
            "to": "vlan-247",
            "vlan_pool_dn": "uni/infra/vlanns-[access]-static"
          },
          "sensitive_attributes": [],
          "private": "eyJzY2hlbWFfdmVyc2lvbiI6IjEifQ==",
          "dependencies": [
            "data.aci_vlan_pool.access"
          ]
        }
      ]
    },
    {
      "mode": "managed",
      "type": "aci_ranges",
      "name": "access_248",
      "provider": "provider[\"registry.terraform.io/ciscodevnet/aci\"]",
      "instances": [
        {
          "schema_version": 1,
          "attributes": {
            "alloc_mode": "inherit",
            "annotation": "orchestrator:terraform",
            "description": "",
            "from": "vlan-248",
            "id": "uni/infra/vlanns-[access]-static/from-[vlan-248]-to-[vlan-248]",
            "name_alias": "",
            "role": "external",
            "to": "vlan-248",
            "vlan_pool_dn": "uni/infra/vlanns-[access]-static"
          },
          "sensitive_attributes": [],
          "private": "eyJzY2hlbWFfdmVyc2lvbiI6IjEifQ==",
          "dependencies": [
            "data.aci_vlan_pool.access"
          ]
        }
      ]
    },
    {
      "mode": "managed",
      "type": "aci_ranges",
      "name": "access_249",
      "provider": "provider[\"registry.terraform.io/ciscodevnet/aci\"]",
      "instances": [
        {
          "schema_version": 1,
          "attributes": {
            "alloc_mode": "inherit",
            "annotation": "orchestrator:terraform",
            "description": "",
            "from": "vlan-249",
            "id": "uni/infra/vlanns-[access]-static/from-[vlan-249]-to-[vlan-249]",
            "name_alias": "",
            "role": "external",
            "to": "vlan-249",
            "vlan_pool_dn": "uni/infra/vlanns-[access]-static"
          },
          "sensitive_attributes": [],
          "private": "eyJzY2hlbWFfdmVyc2lvbiI6IjEifQ==",
          "dependencies": [
            "data.aci_vlan_pool.access"
          ]
        }
      ]
    },
    {
      "mode": "managed",
      "type": "aci_ranges",
      "name": "access_25",
      "provider": "provider[\"registry.terraform.io/ciscodevnet/aci\"]",
      "instances": [
        {
          "schema_version": 1,
          "attributes": {
            "alloc_mode": "inherit",
            "annotation": "orchestrator:terraform",
            "description": "",
            "from": "vlan-25",
            "id": "uni/infra/vlanns-[access]-static/from-[vlan-25]-to-[vlan-25]",
            "name_alias": "",
            "role": "external",
            "to": "vlan-25",
            "vlan_pool_dn": "uni/infra/vlanns-[access]-static"
          },
          "sensitive_attributes": [],
          "private": "eyJzY2hlbWFfdmVyc2lvbiI6IjEifQ==",
          "dependencies": [
            "data.aci_vlan_pool.access"
          ]
        }
      ]
    },
    {
      "mode": "managed",
      "type": "aci_ranges",
      "name": "access_250",
      "provider": "provider[\"registry.terraform.io/ciscodevnet/aci\"]",
      "instances": [
        {
          "schema_version": 1,
          "attributes": {
            "alloc_mode": "inherit",
            "annotation": "orchestrator:terraform",
            "description": "",
            "from": "vlan-250",
            "id": "uni/infra/vlanns-[access]-static/from-[vlan-250]-to-[vlan-250]",
            "name_alias": "",
            "role": "external",
            "to": "vlan-250",
            "vlan_pool_dn": "uni/infra/vlanns-[access]-static"
          },
          "sensitive_attributes": [],
          "private": "eyJzY2hlbWFfdmVyc2lvbiI6IjEifQ==",
          "dependencies": [
            "data.aci_vlan_pool.access"
          ]
        }
      ]
    },
    {
      "mode": "managed",
      "type": "aci_ranges",
      "name": "access_251",
      "provider": "provider[\"registry.terraform.io/ciscodevnet/aci\"]",
      "instances": [
        {
          "schema_version": 1,
          "attributes": {
            "alloc_mode": "inherit",
            "annotation": "orchestrator:terraform",
            "description": "",
            "from": "vlan-251",
            "id": "uni/infra/vlanns-[access]-static/from-[vlan-251]-to-[vlan-251]",
            "name_alias": "",
            "role": "external",
            "to": "vlan-251",
            "vlan_pool_dn": "uni/infra/vlanns-[access]-static"
          },
          "sensitive_attributes": [],
          "private": "eyJzY2hlbWFfdmVyc2lvbiI6IjEifQ==",
          "dependencies": [
            "data.aci_vlan_pool.access"
          ]
        }
      ]
    },
    {
      "mode": "managed",
      "type": "aci_ranges",
      "name": "access_252",
      "provider": "provider[\"registry.terraform.io/ciscodevnet/aci\"]",
      "instances": [
        {
          "schema_version": 1,
          "attributes": {
            "alloc_mode": "inherit",
            "annotation": "orchestrator:terraform",
            "description": "",
            "from": "vlan-252",
            "id": "uni/infra/vlanns-[access]-static/from-[vlan-252]-to-[vlan-252]",
            "name_alias": "",
            "role": "external",
            "to": "vlan-252",
            "vlan_pool_dn": "uni/infra/vlanns-[access]-static"
          },
          "sensitive_attributes": [],
          "private": "eyJzY2hlbWFfdmVyc2lvbiI6IjEifQ==",
          "dependencies": [
            "data.aci_vlan_pool.access"
          ]
        }
      ]
    },
    {
      "mode": "managed",
      "type": "aci_ranges",
      "name": "access_253",
      "provider": "provider[\"registry.terraform.io/ciscodevnet/aci\"]",
      "instances": [
        {
          "schema_version": 1,
          "attributes": {
            "alloc_mode": "inherit",
            "annotation": "orchestrator:terraform",
            "description": "",
            "from": "vlan-253",
            "id": "uni/infra/vlanns-[access]-static/from-[vlan-253]-to-[vlan-253]",
            "name_alias": "",
            "role": "external",
            "to": "vlan-253",
            "vlan_pool_dn": "uni/infra/vlanns-[access]-static"
          },
          "sensitive_attributes": [],
          "private": "eyJzY2hlbWFfdmVyc2lvbiI6IjEifQ==",
          "dependencies": [
            "data.aci_vlan_pool.access"
          ]
        }
      ]
    },
    {
      "mode": "managed",
      "type": "aci_ranges",
      "name": "access_254",
      "provider": "provider[\"registry.terraform.io/ciscodevnet/aci\"]",
      "instances": [
        {
          "schema_version": 1,
          "attributes": {
            "alloc_mode": "inherit",
            "annotation": "orchestrator:terraform",
            "description": "",
            "from": "vlan-254",
            "id": "uni/infra/vlanns-[access]-static/from-[vlan-254]-to-[vlan-254]",
            "name_alias": "",
            "role": "external",
            "to": "vlan-254",
            "vlan_pool_dn": "uni/infra/vlanns-[access]-static"
          },
          "sensitive_attributes": [],
          "private": "eyJzY2hlbWFfdmVyc2lvbiI6IjEifQ==",
          "dependencies": [
            "data.aci_vlan_pool.access"
          ]
        }
      ]
    },
    {
      "mode": "managed",
      "type": "aci_ranges",
      "name": "access_255",
      "provider": "provider[\"registry.terraform.io/ciscodevnet/aci\"]",
      "instances": [
        {
          "schema_version": 1,
          "attributes": {
            "alloc_mode": "inherit",
            "annotation": "orchestrator:terraform",
            "description": "",
            "from": "vlan-255",
            "id": "uni/infra/vlanns-[access]-static/from-[vlan-255]-to-[vlan-255]",
            "name_alias": "",
            "role": "external",
            "to": "vlan-255",
            "vlan_pool_dn": "uni/infra/vlanns-[access]-static"
          },
          "sensitive_attributes": [],
          "private": "eyJzY2hlbWFfdmVyc2lvbiI6IjEifQ==",
          "dependencies": [
            "data.aci_vlan_pool.access"
          ]
        }
      ]
    },
    {
      "mode": "managed",
      "type": "aci_ranges",
      "name": "access_256",
      "provider": "provider[\"registry.terraform.io/ciscodevnet/aci\"]",
      "instances": [
        {
          "schema_version": 1,
          "attributes": {
            "alloc_mode": "inherit",
            "annotation": "orchestrator:terraform",
            "description": "",
            "from": "vlan-256",
            "id": "uni/infra/vlanns-[access]-static/from-[vlan-256]-to-[vlan-256]",
            "name_alias": "",
            "role": "external",
            "to": "vlan-256",
            "vlan_pool_dn": "uni/infra/vlanns-[access]-static"
          },
          "sensitive_attributes": [],
          "private": "eyJzY2hlbWFfdmVyc2lvbiI6IjEifQ==",
          "dependencies": [
            "data.aci_vlan_pool.access"
          ]
        }
      ]
    },
    {
      "mode": "managed",
      "type": "aci_ranges",
      "name": "access_257",
      "provider": "provider[\"registry.terraform.io/ciscodevnet/aci\"]",
      "instances": [
        {
          "schema_version": 1,
          "attributes": {
            "alloc_mode": "inherit",
            "annotation": "orchestrator:terraform",
            "description": "",
            "from": "vlan-257",
            "id": "uni/infra/vlanns-[access]-static/from-[vlan-257]-to-[vlan-257]",
            "name_alias": "",
            "role": "external",
            "to": "vlan-257",
            "vlan_pool_dn": "uni/infra/vlanns-[access]-static"
          },
          "sensitive_attributes": [],
          "private": "eyJzY2hlbWFfdmVyc2lvbiI6IjEifQ==",
          "dependencies": [
            "data.aci_vlan_pool.access"
          ]
        }
      ]
    },
    {
      "mode": "managed",
      "type": "aci_ranges",
      "name": "access_258",
      "provider": "provider[\"registry.terraform.io/ciscodevnet/aci\"]",
      "instances": [
        {
          "schema_version": 1,
          "attributes": {
            "alloc_mode": "inherit",
            "annotation": "orchestrator:terraform",
            "description": "",
            "from": "vlan-258",
            "id": "uni/infra/vlanns-[access]-static/from-[vlan-258]-to-[vlan-258]",
            "name_alias": "",
            "role": "external",
            "to": "vlan-258",
            "vlan_pool_dn": "uni/infra/vlanns-[access]-static"
          },
          "sensitive_attributes": [],
          "private": "eyJzY2hlbWFfdmVyc2lvbiI6IjEifQ==",
          "dependencies": [
            "data.aci_vlan_pool.access"
          ]
        }
      ]
    },
    {
      "mode": "managed",
      "type": "aci_ranges",
      "name": "access_259",
      "provider": "provider[\"registry.terraform.io/ciscodevnet/aci\"]",
      "instances": [
        {
          "schema_version": 1,
          "attributes": {
            "alloc_mode": "inherit",
            "annotation": "orchestrator:terraform",
            "description": "",
            "from": "vlan-259",
            "id": "uni/infra/vlanns-[access]-static/from-[vlan-259]-to-[vlan-259]",
            "name_alias": "",
            "role": "external",
            "to": "vlan-259",
            "vlan_pool_dn": "uni/infra/vlanns-[access]-static"
          },
          "sensitive_attributes": [],
          "private": "eyJzY2hlbWFfdmVyc2lvbiI6IjEifQ==",
          "dependencies": [
            "data.aci_vlan_pool.access"
          ]
        }
      ]
    },
    {
      "mode": "managed",
      "type": "aci_ranges",
      "name": "access_26",
      "provider": "provider[\"registry.terraform.io/ciscodevnet/aci\"]",
      "instances": [
        {
          "schema_version": 1,
          "attributes": {
            "alloc_mode": "inherit",
            "annotation": "orchestrator:terraform",
            "description": "",
            "from": "vlan-26",
            "id": "uni/infra/vlanns-[access]-static/from-[vlan-26]-to-[vlan-26]",
            "name_alias": "",
            "role": "external",
            "to": "vlan-26",
            "vlan_pool_dn": "uni/infra/vlanns-[access]-static"
          },
          "sensitive_attributes": [],
          "private": "eyJzY2hlbWFfdmVyc2lvbiI6IjEifQ==",
          "dependencies": [
            "data.aci_vlan_pool.access"
          ]
        }
      ]
    },
    {
      "mode": "managed",
      "type": "aci_ranges",
      "name": "access_260",
      "provider": "provider[\"registry.terraform.io/ciscodevnet/aci\"]",
      "instances": [
        {
          "schema_version": 1,
          "attributes": {
            "alloc_mode": "inherit",
            "annotation": "orchestrator:terraform",
            "description": "",
            "from": "vlan-260",
            "id": "uni/infra/vlanns-[access]-static/from-[vlan-260]-to-[vlan-260]",
            "name_alias": "",
            "role": "external",
            "to": "vlan-260",
            "vlan_pool_dn": "uni/infra/vlanns-[access]-static"
          },
          "sensitive_attributes": [],
          "private": "eyJzY2hlbWFfdmVyc2lvbiI6IjEifQ==",
          "dependencies": [
            "data.aci_vlan_pool.access"
          ]
        }
      ]
    },
    {
      "mode": "managed",
      "type": "aci_ranges",
      "name": "access_261",
      "provider": "provider[\"registry.terraform.io/ciscodevnet/aci\"]",
      "instances": [
        {
          "schema_version": 1,
          "attributes": {
            "alloc_mode": "inherit",
            "annotation": "orchestrator:terraform",
            "description": "",
            "from": "vlan-261",
            "id": "uni/infra/vlanns-[access]-static/from-[vlan-261]-to-[vlan-261]",
            "name_alias": "",
            "role": "external",
            "to": "vlan-261",
            "vlan_pool_dn": "uni/infra/vlanns-[access]-static"
          },
          "sensitive_attributes": [],
          "private": "eyJzY2hlbWFfdmVyc2lvbiI6IjEifQ==",
          "dependencies": [
            "data.aci_vlan_pool.access"
          ]
        }
      ]
    },
    {
      "mode": "managed",
      "type": "aci_ranges",
      "name": "access_262",
      "provider": "provider[\"registry.terraform.io/ciscodevnet/aci\"]",
      "instances": [
        {
          "schema_version": 1,
          "attributes": {
            "alloc_mode": "inherit",
            "annotation": "orchestrator:terraform",
            "description": "",
            "from": "vlan-262",
            "id": "uni/infra/vlanns-[access]-static/from-[vlan-262]-to-[vlan-262]",
            "name_alias": "",
            "role": "external",
            "to": "vlan-262",
            "vlan_pool_dn": "uni/infra/vlanns-[access]-static"
          },
          "sensitive_attributes": [],
          "private": "eyJzY2hlbWFfdmVyc2lvbiI6IjEifQ==",
          "dependencies": [
            "data.aci_vlan_pool.access"
          ]
        }
      ]
    },
    {
      "mode": "managed",
      "type": "aci_ranges",
      "name": "access_263",
      "provider": "provider[\"registry.terraform.io/ciscodevnet/aci\"]",
      "instances": [
        {
          "schema_version": 1,
          "attributes": {
            "alloc_mode": "inherit",
            "annotation": "orchestrator:terraform",
            "description": "",
            "from": "vlan-263",
            "id": "uni/infra/vlanns-[access]-static/from-[vlan-263]-to-[vlan-263]",
            "name_alias": "",
            "role": "external",
            "to": "vlan-263",
            "vlan_pool_dn": "uni/infra/vlanns-[access]-static"
          },
          "sensitive_attributes": [],
          "private": "eyJzY2hlbWFfdmVyc2lvbiI6IjEifQ==",
          "dependencies": [
            "data.aci_vlan_pool.access"
          ]
        }
      ]
    },
    {
      "mode": "managed",
      "type": "aci_ranges",
      "name": "access_264",
      "provider": "provider[\"registry.terraform.io/ciscodevnet/aci\"]",
      "instances": [
        {
          "schema_version": 1,
          "attributes": {
            "alloc_mode": "inherit",
            "annotation": "orchestrator:terraform",
            "description": "",
            "from": "vlan-264",
            "id": "uni/infra/vlanns-[access]-static/from-[vlan-264]-to-[vlan-264]",
            "name_alias": "",
            "role": "external",
            "to": "vlan-264",
            "vlan_pool_dn": "uni/infra/vlanns-[access]-static"
          },
          "sensitive_attributes": [],
          "private": "eyJzY2hlbWFfdmVyc2lvbiI6IjEifQ==",
          "dependencies": [
            "data.aci_vlan_pool.access"
          ]
        }
      ]
    },
    {
      "mode": "managed",
      "type": "aci_ranges",
      "name": "access_265",
      "provider": "provider[\"registry.terraform.io/ciscodevnet/aci\"]",
      "instances": [
        {
          "schema_version": 1,
          "attributes": {
            "alloc_mode": "inherit",
            "annotation": "orchestrator:terraform",
            "description": "",
            "from": "vlan-265",
            "id": "uni/infra/vlanns-[access]-static/from-[vlan-265]-to-[vlan-265]",
            "name_alias": "",
            "role": "external",
            "to": "vlan-265",
            "vlan_pool_dn": "uni/infra/vlanns-[access]-static"
          },
          "sensitive_attributes": [],
          "private": "eyJzY2hlbWFfdmVyc2lvbiI6IjEifQ==",
          "dependencies": [
            "data.aci_vlan_pool.access"
          ]
        }
      ]
    },
    {
      "mode": "managed",
      "type": "aci_ranges",
      "name": "access_266",
      "provider": "provider[\"registry.terraform.io/ciscodevnet/aci\"]",
      "instances": [
        {
          "schema_version": 1,
          "attributes": {
            "alloc_mode": "inherit",
            "annotation": "orchestrator:terraform",
            "description": "",
            "from": "vlan-266",
            "id": "uni/infra/vlanns-[access]-static/from-[vlan-266]-to-[vlan-266]",
            "name_alias": "",
            "role": "external",
            "to": "vlan-266",
            "vlan_pool_dn": "uni/infra/vlanns-[access]-static"
          },
          "sensitive_attributes": [],
          "private": "eyJzY2hlbWFfdmVyc2lvbiI6IjEifQ==",
          "dependencies": [
            "data.aci_vlan_pool.access"
          ]
        }
      ]
    },
    {
      "mode": "managed",
      "type": "aci_ranges",
      "name": "access_267",
      "provider": "provider[\"registry.terraform.io/ciscodevnet/aci\"]",
      "instances": [
        {
          "schema_version": 1,
          "attributes": {
            "alloc_mode": "inherit",
            "annotation": "orchestrator:terraform",
            "description": "",
            "from": "vlan-267",
            "id": "uni/infra/vlanns-[access]-static/from-[vlan-267]-to-[vlan-267]",
            "name_alias": "",
            "role": "external",
            "to": "vlan-267",
            "vlan_pool_dn": "uni/infra/vlanns-[access]-static"
          },
          "sensitive_attributes": [],
          "private": "eyJzY2hlbWFfdmVyc2lvbiI6IjEifQ==",
          "dependencies": [
            "data.aci_vlan_pool.access"
          ]
        }
      ]
    },
    {
      "mode": "managed",
      "type": "aci_ranges",
      "name": "access_268",
      "provider": "provider[\"registry.terraform.io/ciscodevnet/aci\"]",
      "instances": [
        {
          "schema_version": 1,
          "attributes": {
            "alloc_mode": "inherit",
            "annotation": "orchestrator:terraform",
            "description": "",
            "from": "vlan-268",
            "id": "uni/infra/vlanns-[access]-static/from-[vlan-268]-to-[vlan-268]",
            "name_alias": "",
            "role": "external",
            "to": "vlan-268",
            "vlan_pool_dn": "uni/infra/vlanns-[access]-static"
          },
          "sensitive_attributes": [],
          "private": "eyJzY2hlbWFfdmVyc2lvbiI6IjEifQ==",
          "dependencies": [
            "data.aci_vlan_pool.access"
          ]
        }
      ]
    },
    {
      "mode": "managed",
      "type": "aci_ranges",
      "name": "access_269",
      "provider": "provider[\"registry.terraform.io/ciscodevnet/aci\"]",
      "instances": [
        {
          "schema_version": 1,
          "attributes": {
            "alloc_mode": "inherit",
            "annotation": "orchestrator:terraform",
            "description": "",
            "from": "vlan-269",
            "id": "uni/infra/vlanns-[access]-static/from-[vlan-269]-to-[vlan-269]",
            "name_alias": "",
            "role": "external",
            "to": "vlan-269",
            "vlan_pool_dn": "uni/infra/vlanns-[access]-static"
          },
          "sensitive_attributes": [],
          "private": "eyJzY2hlbWFfdmVyc2lvbiI6IjEifQ==",
          "dependencies": [
            "data.aci_vlan_pool.access"
          ]
        }
      ]
    },
    {
      "mode": "managed",
      "type": "aci_ranges",
      "name": "access_27",
      "provider": "provider[\"registry.terraform.io/ciscodevnet/aci\"]",
      "instances": [
        {
          "schema_version": 1,
          "attributes": {
            "alloc_mode": "inherit",
            "annotation": "orchestrator:terraform",
            "description": "",
            "from": "vlan-27",
            "id": "uni/infra/vlanns-[access]-static/from-[vlan-27]-to-[vlan-27]",
            "name_alias": "",
            "role": "external",
            "to": "vlan-27",
            "vlan_pool_dn": "uni/infra/vlanns-[access]-static"
          },
          "sensitive_attributes": [],
          "private": "eyJzY2hlbWFfdmVyc2lvbiI6IjEifQ==",
          "dependencies": [
            "data.aci_vlan_pool.access"
          ]
        }
      ]
    },
    {
      "mode": "managed",
      "type": "aci_ranges",
      "name": "access_270",
      "provider": "provider[\"registry.terraform.io/ciscodevnet/aci\"]",
      "instances": [
        {
          "schema_version": 1,
          "attributes": {
            "alloc_mode": "inherit",
            "annotation": "orchestrator:terraform",
            "description": "",
            "from": "vlan-270",
            "id": "uni/infra/vlanns-[access]-static/from-[vlan-270]-to-[vlan-270]",
            "name_alias": "",
            "role": "external",
            "to": "vlan-270",
            "vlan_pool_dn": "uni/infra/vlanns-[access]-static"
          },
          "sensitive_attributes": [],
          "private": "eyJzY2hlbWFfdmVyc2lvbiI6IjEifQ==",
          "dependencies": [
            "data.aci_vlan_pool.access"
          ]
        }
      ]
    },
    {
      "mode": "managed",
      "type": "aci_ranges",
      "name": "access_271",
      "provider": "provider[\"registry.terraform.io/ciscodevnet/aci\"]",
      "instances": [
        {
          "schema_version": 1,
          "attributes": {
            "alloc_mode": "inherit",
            "annotation": "orchestrator:terraform",
            "description": "",
            "from": "vlan-271",
            "id": "uni/infra/vlanns-[access]-static/from-[vlan-271]-to-[vlan-271]",
            "name_alias": "",
            "role": "external",
            "to": "vlan-271",
            "vlan_pool_dn": "uni/infra/vlanns-[access]-static"
          },
          "sensitive_attributes": [],
          "private": "eyJzY2hlbWFfdmVyc2lvbiI6IjEifQ==",
          "dependencies": [
            "data.aci_vlan_pool.access"
          ]
        }
      ]
    },
    {
      "mode": "managed",
      "type": "aci_ranges",
      "name": "access_272",
      "provider": "provider[\"registry.terraform.io/ciscodevnet/aci\"]",
      "instances": [
        {
          "schema_version": 1,
          "attributes": {
            "alloc_mode": "inherit",
            "annotation": "orchestrator:terraform",
            "description": "",
            "from": "vlan-272",
            "id": "uni/infra/vlanns-[access]-static/from-[vlan-272]-to-[vlan-272]",
            "name_alias": "",
            "role": "external",
            "to": "vlan-272",
            "vlan_pool_dn": "uni/infra/vlanns-[access]-static"
          },
          "sensitive_attributes": [],
          "private": "eyJzY2hlbWFfdmVyc2lvbiI6IjEifQ==",
          "dependencies": [
            "data.aci_vlan_pool.access"
          ]
        }
      ]
    },
    {
      "mode": "managed",
      "type": "aci_ranges",
      "name": "access_273",
      "provider": "provider[\"registry.terraform.io/ciscodevnet/aci\"]",
      "instances": [
        {
          "schema_version": 1,
          "attributes": {
            "alloc_mode": "inherit",
            "annotation": "orchestrator:terraform",
            "description": "",
            "from": "vlan-273",
            "id": "uni/infra/vlanns-[access]-static/from-[vlan-273]-to-[vlan-273]",
            "name_alias": "",
            "role": "external",
            "to": "vlan-273",
            "vlan_pool_dn": "uni/infra/vlanns-[access]-static"
          },
          "sensitive_attributes": [],
          "private": "eyJzY2hlbWFfdmVyc2lvbiI6IjEifQ==",
          "dependencies": [
            "data.aci_vlan_pool.access"
          ]
        }
      ]
    },
    {
      "mode": "managed",
      "type": "aci_ranges",
      "name": "access_274",
      "provider": "provider[\"registry.terraform.io/ciscodevnet/aci\"]",
      "instances": [
        {
          "schema_version": 1,
          "attributes": {
            "alloc_mode": "inherit",
            "annotation": "orchestrator:terraform",
            "description": "",
            "from": "vlan-274",
            "id": "uni/infra/vlanns-[access]-static/from-[vlan-274]-to-[vlan-274]",
            "name_alias": "",
            "role": "external",
            "to": "vlan-274",
            "vlan_pool_dn": "uni/infra/vlanns-[access]-static"
          },
          "sensitive_attributes": [],
          "private": "eyJzY2hlbWFfdmVyc2lvbiI6IjEifQ==",
          "dependencies": [
            "data.aci_vlan_pool.access"
          ]
        }
      ]
    },
    {
      "mode": "managed",
      "type": "aci_ranges",
      "name": "access_275",
      "provider": "provider[\"registry.terraform.io/ciscodevnet/aci\"]",
      "instances": [
        {
          "schema_version": 1,
          "attributes": {
            "alloc_mode": "inherit",
            "annotation": "orchestrator:terraform",
            "description": "",
            "from": "vlan-275",
            "id": "uni/infra/vlanns-[access]-static/from-[vlan-275]-to-[vlan-275]",
            "name_alias": "",
            "role": "external",
            "to": "vlan-275",
            "vlan_pool_dn": "uni/infra/vlanns-[access]-static"
          },
          "sensitive_attributes": [],
          "private": "eyJzY2hlbWFfdmVyc2lvbiI6IjEifQ==",
          "dependencies": [
            "data.aci_vlan_pool.access"
          ]
        }
      ]
    },
    {
      "mode": "managed",
      "type": "aci_ranges",
      "name": "access_276",
      "provider": "provider[\"registry.terraform.io/ciscodevnet/aci\"]",
      "instances": [
        {
          "schema_version": 1,
          "attributes": {
            "alloc_mode": "inherit",
            "annotation": "orchestrator:terraform",
            "description": "",
            "from": "vlan-276",
            "id": "uni/infra/vlanns-[access]-static/from-[vlan-276]-to-[vlan-276]",
            "name_alias": "",
            "role": "external",
            "to": "vlan-276",
            "vlan_pool_dn": "uni/infra/vlanns-[access]-static"
          },
          "sensitive_attributes": [],
          "private": "eyJzY2hlbWFfdmVyc2lvbiI6IjEifQ==",
          "dependencies": [
            "data.aci_vlan_pool.access"
          ]
        }
      ]
    },
    {
      "mode": "managed",
      "type": "aci_ranges",
      "name": "access_277",
      "provider": "provider[\"registry.terraform.io/ciscodevnet/aci\"]",
      "instances": [
        {
          "schema_version": 1,
          "attributes": {
            "alloc_mode": "inherit",
            "annotation": "orchestrator:terraform",
            "description": "",
            "from": "vlan-277",
            "id": "uni/infra/vlanns-[access]-static/from-[vlan-277]-to-[vlan-277]",
            "name_alias": "",
            "role": "external",
            "to": "vlan-277",
            "vlan_pool_dn": "uni/infra/vlanns-[access]-static"
          },
          "sensitive_attributes": [],
          "private": "eyJzY2hlbWFfdmVyc2lvbiI6IjEifQ==",
          "dependencies": [
            "data.aci_vlan_pool.access"
          ]
        }
      ]
    },
    {
      "mode": "managed",
      "type": "aci_ranges",
      "name": "access_278",
      "provider": "provider[\"registry.terraform.io/ciscodevnet/aci\"]",
      "instances": [
        {
          "schema_version": 1,
          "attributes": {
            "alloc_mode": "inherit",
            "annotation": "orchestrator:terraform",
            "description": "",
            "from": "vlan-278",
            "id": "uni/infra/vlanns-[access]-static/from-[vlan-278]-to-[vlan-278]",
            "name_alias": "",
            "role": "external",
            "to": "vlan-278",
            "vlan_pool_dn": "uni/infra/vlanns-[access]-static"
          },
          "sensitive_attributes": [],
          "private": "eyJzY2hlbWFfdmVyc2lvbiI6IjEifQ==",
          "dependencies": [
            "data.aci_vlan_pool.access"
          ]
        }
      ]
    },
    {
      "mode": "managed",
      "type": "aci_ranges",
      "name": "access_279",
      "provider": "provider[\"registry.terraform.io/ciscodevnet/aci\"]",
      "instances": [
        {
          "schema_version": 1,
          "attributes": {
            "alloc_mode": "inherit",
            "annotation": "orchestrator:terraform",
            "description": "",
            "from": "vlan-279",
            "id": "uni/infra/vlanns-[access]-static/from-[vlan-279]-to-[vlan-279]",
            "name_alias": "",
            "role": "external",
            "to": "vlan-279",
            "vlan_pool_dn": "uni/infra/vlanns-[access]-static"
          },
          "sensitive_attributes": [],
          "private": "eyJzY2hlbWFfdmVyc2lvbiI6IjEifQ==",
          "dependencies": [
            "data.aci_vlan_pool.access"
          ]
        }
      ]
    },
    {
      "mode": "managed",
      "type": "aci_ranges",
      "name": "access_28",
      "provider": "provider[\"registry.terraform.io/ciscodevnet/aci\"]",
      "instances": [
        {
          "schema_version": 1,
          "attributes": {
            "alloc_mode": "inherit",
            "annotation": "orchestrator:terraform",
            "description": "",
            "from": "vlan-28",
            "id": "uni/infra/vlanns-[access]-static/from-[vlan-28]-to-[vlan-28]",
            "name_alias": "",
            "role": "external",
            "to": "vlan-28",
            "vlan_pool_dn": "uni/infra/vlanns-[access]-static"
          },
          "sensitive_attributes": [],
          "private": "eyJzY2hlbWFfdmVyc2lvbiI6IjEifQ==",
          "dependencies": [
            "data.aci_vlan_pool.access"
          ]
        }
      ]
    },
    {
      "mode": "managed",
      "type": "aci_ranges",
      "name": "access_280",
      "provider": "provider[\"registry.terraform.io/ciscodevnet/aci\"]",
      "instances": [
        {
          "schema_version": 1,
          "attributes": {
            "alloc_mode": "inherit",
            "annotation": "orchestrator:terraform",
            "description": "",
            "from": "vlan-280",
            "id": "uni/infra/vlanns-[access]-static/from-[vlan-280]-to-[vlan-280]",
            "name_alias": "",
            "role": "external",
            "to": "vlan-280",
            "vlan_pool_dn": "uni/infra/vlanns-[access]-static"
          },
          "sensitive_attributes": [],
          "private": "eyJzY2hlbWFfdmVyc2lvbiI6IjEifQ==",
          "dependencies": [
            "data.aci_vlan_pool.access"
          ]
        }
      ]
    },
    {
      "mode": "managed",
      "type": "aci_ranges",
      "name": "access_281",
      "provider": "provider[\"registry.terraform.io/ciscodevnet/aci\"]",
      "instances": [
        {
          "schema_version": 1,
          "attributes": {
            "alloc_mode": "inherit",
            "annotation": "orchestrator:terraform",
            "description": "",
            "from": "vlan-281",
            "id": "uni/infra/vlanns-[access]-static/from-[vlan-281]-to-[vlan-281]",
            "name_alias": "",
            "role": "external",
            "to": "vlan-281",
            "vlan_pool_dn": "uni/infra/vlanns-[access]-static"
          },
          "sensitive_attributes": [],
          "private": "eyJzY2hlbWFfdmVyc2lvbiI6IjEifQ==",
          "dependencies": [
            "data.aci_vlan_pool.access"
          ]
        }
      ]
    },
    {
      "mode": "managed",
      "type": "aci_ranges",
      "name": "access_282",
      "provider": "provider[\"registry.terraform.io/ciscodevnet/aci\"]",
      "instances": [
        {
          "schema_version": 1,
          "attributes": {
            "alloc_mode": "inherit",
            "annotation": "orchestrator:terraform",
            "description": "",
            "from": "vlan-282",
            "id": "uni/infra/vlanns-[access]-static/from-[vlan-282]-to-[vlan-282]",
            "name_alias": "",
            "role": "external",
            "to": "vlan-282",
            "vlan_pool_dn": "uni/infra/vlanns-[access]-static"
          },
          "sensitive_attributes": [],
          "private": "eyJzY2hlbWFfdmVyc2lvbiI6IjEifQ==",
          "dependencies": [
            "data.aci_vlan_pool.access"
          ]
        }
      ]
    },
    {
      "mode": "managed",
      "type": "aci_ranges",
      "name": "access_283",
      "provider": "provider[\"registry.terraform.io/ciscodevnet/aci\"]",
      "instances": [
        {
          "schema_version": 1,
          "attributes": {
            "alloc_mode": "inherit",
            "annotation": "orchestrator:terraform",
            "description": "",
            "from": "vlan-283",
            "id": "uni/infra/vlanns-[access]-static/from-[vlan-283]-to-[vlan-283]",
            "name_alias": "",
            "role": "external",
            "to": "vlan-283",
            "vlan_pool_dn": "uni/infra/vlanns-[access]-static"
          },
          "sensitive_attributes": [],
          "private": "eyJzY2hlbWFfdmVyc2lvbiI6IjEifQ==",
          "dependencies": [
            "data.aci_vlan_pool.access"
          ]
        }
      ]
    },
    {
      "mode": "managed",
      "type": "aci_ranges",
      "name": "access_284",
      "provider": "provider[\"registry.terraform.io/ciscodevnet/aci\"]",
      "instances": [
        {
          "schema_version": 1,
          "attributes": {
            "alloc_mode": "inherit",
            "annotation": "orchestrator:terraform",
            "description": "",
            "from": "vlan-284",
            "id": "uni/infra/vlanns-[access]-static/from-[vlan-284]-to-[vlan-284]",
            "name_alias": "",
            "role": "external",
            "to": "vlan-284",
            "vlan_pool_dn": "uni/infra/vlanns-[access]-static"
          },
          "sensitive_attributes": [],
          "private": "eyJzY2hlbWFfdmVyc2lvbiI6IjEifQ==",
          "dependencies": [
            "data.aci_vlan_pool.access"
          ]
        }
      ]
    },
    {
      "mode": "managed",
      "type": "aci_ranges",
      "name": "access_285",
      "provider": "provider[\"registry.terraform.io/ciscodevnet/aci\"]",
      "instances": [
        {
          "schema_version": 1,
          "attributes": {
            "alloc_mode": "inherit",
            "annotation": "orchestrator:terraform",
            "description": "",
            "from": "vlan-285",
            "id": "uni/infra/vlanns-[access]-static/from-[vlan-285]-to-[vlan-285]",
            "name_alias": "",
            "role": "external",
            "to": "vlan-285",
            "vlan_pool_dn": "uni/infra/vlanns-[access]-static"
          },
          "sensitive_attributes": [],
          "private": "eyJzY2hlbWFfdmVyc2lvbiI6IjEifQ==",
          "dependencies": [
            "data.aci_vlan_pool.access"
          ]
        }
      ]
    },
    {
      "mode": "managed",
      "type": "aci_ranges",
      "name": "access_286",
      "provider": "provider[\"registry.terraform.io/ciscodevnet/aci\"]",
      "instances": [
        {
          "schema_version": 1,
          "attributes": {
            "alloc_mode": "inherit",
            "annotation": "orchestrator:terraform",
            "description": "",
            "from": "vlan-286",
            "id": "uni/infra/vlanns-[access]-static/from-[vlan-286]-to-[vlan-286]",
            "name_alias": "",
            "role": "external",
            "to": "vlan-286",
            "vlan_pool_dn": "uni/infra/vlanns-[access]-static"
          },
          "sensitive_attributes": [],
          "private": "eyJzY2hlbWFfdmVyc2lvbiI6IjEifQ==",
          "dependencies": [
            "data.aci_vlan_pool.access"
          ]
        }
      ]
    },
    {
      "mode": "managed",
      "type": "aci_ranges",
      "name": "access_287",
      "provider": "provider[\"registry.terraform.io/ciscodevnet/aci\"]",
      "instances": [
        {
          "schema_version": 1,
          "attributes": {
            "alloc_mode": "inherit",
            "annotation": "orchestrator:terraform",
            "description": "",
            "from": "vlan-287",
            "id": "uni/infra/vlanns-[access]-static/from-[vlan-287]-to-[vlan-287]",
            "name_alias": "",
            "role": "external",
            "to": "vlan-287",
            "vlan_pool_dn": "uni/infra/vlanns-[access]-static"
          },
          "sensitive_attributes": [],
          "private": "eyJzY2hlbWFfdmVyc2lvbiI6IjEifQ==",
          "dependencies": [
            "data.aci_vlan_pool.access"
          ]
        }
      ]
    },
    {
      "mode": "managed",
      "type": "aci_ranges",
      "name": "access_288",
      "provider": "provider[\"registry.terraform.io/ciscodevnet/aci\"]",
      "instances": [
        {
          "schema_version": 1,
          "attributes": {
            "alloc_mode": "inherit",
            "annotation": "orchestrator:terraform",
            "description": "",
            "from": "vlan-288",
            "id": "uni/infra/vlanns-[access]-static/from-[vlan-288]-to-[vlan-288]",
            "name_alias": "",
            "role": "external",
            "to": "vlan-288",
            "vlan_pool_dn": "uni/infra/vlanns-[access]-static"
          },
          "sensitive_attributes": [],
          "private": "eyJzY2hlbWFfdmVyc2lvbiI6IjEifQ==",
          "dependencies": [
            "data.aci_vlan_pool.access"
          ]
        }
      ]
    },
    {
      "mode": "managed",
      "type": "aci_ranges",
      "name": "access_289",
      "provider": "provider[\"registry.terraform.io/ciscodevnet/aci\"]",
      "instances": [
        {
          "schema_version": 1,
          "attributes": {
            "alloc_mode": "inherit",
            "annotation": "orchestrator:terraform",
            "description": "",
            "from": "vlan-289",
            "id": "uni/infra/vlanns-[access]-static/from-[vlan-289]-to-[vlan-289]",
            "name_alias": "",
            "role": "external",
            "to": "vlan-289",
            "vlan_pool_dn": "uni/infra/vlanns-[access]-static"
          },
          "sensitive_attributes": [],
          "private": "eyJzY2hlbWFfdmVyc2lvbiI6IjEifQ==",
          "dependencies": [
            "data.aci_vlan_pool.access"
          ]
        }
      ]
    },
    {
      "mode": "managed",
      "type": "aci_ranges",
      "name": "access_29",
      "provider": "provider[\"registry.terraform.io/ciscodevnet/aci\"]",
      "instances": [
        {
          "schema_version": 1,
          "attributes": {
            "alloc_mode": "inherit",
            "annotation": "orchestrator:terraform",
            "description": "",
            "from": "vlan-29",
            "id": "uni/infra/vlanns-[access]-static/from-[vlan-29]-to-[vlan-29]",
            "name_alias": "",
            "role": "external",
            "to": "vlan-29",
            "vlan_pool_dn": "uni/infra/vlanns-[access]-static"
          },
          "sensitive_attributes": [],
          "private": "eyJzY2hlbWFfdmVyc2lvbiI6IjEifQ==",
          "dependencies": [
            "data.aci_vlan_pool.access"
          ]
        }
      ]
    },
    {
      "mode": "managed",
      "type": "aci_ranges",
      "name": "access_290",
      "provider": "provider[\"registry.terraform.io/ciscodevnet/aci\"]",
      "instances": [
        {
          "schema_version": 1,
          "attributes": {
            "alloc_mode": "inherit",
            "annotation": "orchestrator:terraform",
            "description": "",
            "from": "vlan-290",
            "id": "uni/infra/vlanns-[access]-static/from-[vlan-290]-to-[vlan-290]",
            "name_alias": "",
            "role": "external",
            "to": "vlan-290",
            "vlan_pool_dn": "uni/infra/vlanns-[access]-static"
          },
          "sensitive_attributes": [],
          "private": "eyJzY2hlbWFfdmVyc2lvbiI6IjEifQ==",
          "dependencies": [
            "data.aci_vlan_pool.access"
          ]
        }
      ]
    },
    {
      "mode": "managed",
      "type": "aci_ranges",
      "name": "access_291",
      "provider": "provider[\"registry.terraform.io/ciscodevnet/aci\"]",
      "instances": [
        {
          "schema_version": 1,
          "attributes": {
            "alloc_mode": "inherit",
            "annotation": "orchestrator:terraform",
            "description": "",
            "from": "vlan-291",
            "id": "uni/infra/vlanns-[access]-static/from-[vlan-291]-to-[vlan-291]",
            "name_alias": "",
            "role": "external",
            "to": "vlan-291",
            "vlan_pool_dn": "uni/infra/vlanns-[access]-static"
          },
          "sensitive_attributes": [],
          "private": "eyJzY2hlbWFfdmVyc2lvbiI6IjEifQ==",
          "dependencies": [
            "data.aci_vlan_pool.access"
          ]
        }
      ]
    },
    {
      "mode": "managed",
      "type": "aci_ranges",
      "name": "access_292",
      "provider": "provider[\"registry.terraform.io/ciscodevnet/aci\"]",
      "instances": [
        {
          "schema_version": 1,
          "attributes": {
            "alloc_mode": "inherit",
            "annotation": "orchestrator:terraform",
            "description": "",
            "from": "vlan-292",
            "id": "uni/infra/vlanns-[access]-static/from-[vlan-292]-to-[vlan-292]",
            "name_alias": "",
            "role": "external",
            "to": "vlan-292",
            "vlan_pool_dn": "uni/infra/vlanns-[access]-static"
          },
          "sensitive_attributes": [],
          "private": "eyJzY2hlbWFfdmVyc2lvbiI6IjEifQ==",
          "dependencies": [
            "data.aci_vlan_pool.access"
          ]
        }
      ]
    },
    {
      "mode": "managed",
      "type": "aci_ranges",
      "name": "access_293",
      "provider": "provider[\"registry.terraform.io/ciscodevnet/aci\"]",
      "instances": [
        {
          "schema_version": 1,
          "attributes": {
            "alloc_mode": "inherit",
            "annotation": "orchestrator:terraform",
            "description": "",
            "from": "vlan-293",
            "id": "uni/infra/vlanns-[access]-static/from-[vlan-293]-to-[vlan-293]",
            "name_alias": "",
            "role": "external",
            "to": "vlan-293",
            "vlan_pool_dn": "uni/infra/vlanns-[access]-static"
          },
          "sensitive_attributes": [],
          "private": "eyJzY2hlbWFfdmVyc2lvbiI6IjEifQ==",
          "dependencies": [
            "data.aci_vlan_pool.access"
          ]
        }
      ]
    },
    {
      "mode": "managed",
      "type": "aci_ranges",
      "name": "access_294",
      "provider": "provider[\"registry.terraform.io/ciscodevnet/aci\"]",
      "instances": [
        {
          "schema_version": 1,
          "attributes": {
            "alloc_mode": "inherit",
            "annotation": "orchestrator:terraform",
            "description": "",
            "from": "vlan-294",
            "id": "uni/infra/vlanns-[access]-static/from-[vlan-294]-to-[vlan-294]",
            "name_alias": "",
            "role": "external",
            "to": "vlan-294",
            "vlan_pool_dn": "uni/infra/vlanns-[access]-static"
          },
          "sensitive_attributes": [],
          "private": "eyJzY2hlbWFfdmVyc2lvbiI6IjEifQ==",
          "dependencies": [
            "data.aci_vlan_pool.access"
          ]
        }
      ]
    },
    {
      "mode": "managed",
      "type": "aci_ranges",
      "name": "access_295",
      "provider": "provider[\"registry.terraform.io/ciscodevnet/aci\"]",
      "instances": [
        {
          "schema_version": 1,
          "attributes": {
            "alloc_mode": "inherit",
            "annotation": "orchestrator:terraform",
            "description": "",
            "from": "vlan-295",
            "id": "uni/infra/vlanns-[access]-static/from-[vlan-295]-to-[vlan-295]",
            "name_alias": "",
            "role": "external",
            "to": "vlan-295",
            "vlan_pool_dn": "uni/infra/vlanns-[access]-static"
          },
          "sensitive_attributes": [],
          "private": "eyJzY2hlbWFfdmVyc2lvbiI6IjEifQ==",
          "dependencies": [
            "data.aci_vlan_pool.access"
          ]
        }
      ]
    },
    {
      "mode": "managed",
      "type": "aci_ranges",
      "name": "access_296",
      "provider": "provider[\"registry.terraform.io/ciscodevnet/aci\"]",
      "instances": [
        {
          "schema_version": 1,
          "attributes": {
            "alloc_mode": "inherit",
            "annotation": "orchestrator:terraform",
            "description": "",
            "from": "vlan-296",
            "id": "uni/infra/vlanns-[access]-static/from-[vlan-296]-to-[vlan-296]",
            "name_alias": "",
            "role": "external",
            "to": "vlan-296",
            "vlan_pool_dn": "uni/infra/vlanns-[access]-static"
          },
          "sensitive_attributes": [],
          "private": "eyJzY2hlbWFfdmVyc2lvbiI6IjEifQ==",
          "dependencies": [
            "data.aci_vlan_pool.access"
          ]
        }
      ]
    },
    {
      "mode": "managed",
      "type": "aci_ranges",
      "name": "access_297",
      "provider": "provider[\"registry.terraform.io/ciscodevnet/aci\"]",
      "instances": [
        {
          "schema_version": 1,
          "attributes": {
            "alloc_mode": "inherit",
            "annotation": "orchestrator:terraform",
            "description": "",
            "from": "vlan-297",
            "id": "uni/infra/vlanns-[access]-static/from-[vlan-297]-to-[vlan-297]",
            "name_alias": "",
            "role": "external",
            "to": "vlan-297",
            "vlan_pool_dn": "uni/infra/vlanns-[access]-static"
          },
          "sensitive_attributes": [],
          "private": "eyJzY2hlbWFfdmVyc2lvbiI6IjEifQ==",
          "dependencies": [
            "data.aci_vlan_pool.access"
          ]
        }
      ]
    },
    {
      "mode": "managed",
      "type": "aci_ranges",
      "name": "access_298",
      "provider": "provider[\"registry.terraform.io/ciscodevnet/aci\"]",
      "instances": [
        {
          "schema_version": 1,
          "attributes": {
            "alloc_mode": "inherit",
            "annotation": "orchestrator:terraform",
            "description": "",
            "from": "vlan-298",
            "id": "uni/infra/vlanns-[access]-static/from-[vlan-298]-to-[vlan-298]",
            "name_alias": "",
            "role": "external",
            "to": "vlan-298",
            "vlan_pool_dn": "uni/infra/vlanns-[access]-static"
          },
          "sensitive_attributes": [],
          "private": "eyJzY2hlbWFfdmVyc2lvbiI6IjEifQ==",
          "dependencies": [
            "data.aci_vlan_pool.access"
          ]
        }
      ]
    },
    {
      "mode": "managed",
      "type": "aci_ranges",
      "name": "access_299",
      "provider": "provider[\"registry.terraform.io/ciscodevnet/aci\"]",
      "instances": [
        {
          "schema_version": 1,
          "attributes": {
            "alloc_mode": "inherit",
            "annotation": "orchestrator:terraform",
            "description": "",
            "from": "vlan-299",
            "id": "uni/infra/vlanns-[access]-static/from-[vlan-299]-to-[vlan-299]",
            "name_alias": "",
            "role": "external",
            "to": "vlan-299",
            "vlan_pool_dn": "uni/infra/vlanns-[access]-static"
          },
          "sensitive_attributes": [],
          "private": "eyJzY2hlbWFfdmVyc2lvbiI6IjEifQ==",
          "dependencies": [
            "data.aci_vlan_pool.access"
          ]
        }
      ]
    },
    {
      "mode": "managed",
      "type": "aci_ranges",
      "name": "access_3",
      "provider": "provider[\"registry.terraform.io/ciscodevnet/aci\"]",
      "instances": [
        {
          "schema_version": 1,
          "attributes": {
            "alloc_mode": "inherit",
            "annotation": "orchestrator:terraform",
            "description": "",
            "from": "vlan-3",
            "id": "uni/infra/vlanns-[access]-static/from-[vlan-3]-to-[vlan-3]",
            "name_alias": "",
            "role": "external",
            "to": "vlan-3",
            "vlan_pool_dn": "uni/infra/vlanns-[access]-static"
          },
          "sensitive_attributes": [],
          "private": "eyJzY2hlbWFfdmVyc2lvbiI6IjEifQ==",
          "dependencies": [
            "data.aci_vlan_pool.access"
          ]
        }
      ]
    },
    {
      "mode": "managed",
      "type": "aci_ranges",
      "name": "access_30",
      "provider": "provider[\"registry.terraform.io/ciscodevnet/aci\"]",
      "instances": [
        {
          "schema_version": 1,
          "attributes": {
            "alloc_mode": "inherit",
            "annotation": "orchestrator:terraform",
            "description": "",
            "from": "vlan-30",
            "id": "uni/infra/vlanns-[access]-static/from-[vlan-30]-to-[vlan-30]",
            "name_alias": "",
            "role": "external",
            "to": "vlan-30",
            "vlan_pool_dn": "uni/infra/vlanns-[access]-static"
          },
          "sensitive_attributes": [],
          "private": "eyJzY2hlbWFfdmVyc2lvbiI6IjEifQ==",
          "dependencies": [
            "data.aci_vlan_pool.access"
          ]
        }
      ]
    },
    {
      "mode": "managed",
      "type": "aci_ranges",
      "name": "access_31",
      "provider": "provider[\"registry.terraform.io/ciscodevnet/aci\"]",
      "instances": [
        {
          "schema_version": 1,
          "attributes": {
            "alloc_mode": "inherit",
            "annotation": "orchestrator:terraform",
            "description": "",
            "from": "vlan-31",
            "id": "uni/infra/vlanns-[access]-static/from-[vlan-31]-to-[vlan-31]",
            "name_alias": "",
            "role": "external",
            "to": "vlan-31",
            "vlan_pool_dn": "uni/infra/vlanns-[access]-static"
          },
          "sensitive_attributes": [],
          "private": "eyJzY2hlbWFfdmVyc2lvbiI6IjEifQ==",
          "dependencies": [
            "data.aci_vlan_pool.access"
          ]
        }
      ]
    },
    {
      "mode": "managed",
      "type": "aci_ranges",
      "name": "access_32",
      "provider": "provider[\"registry.terraform.io/ciscodevnet/aci\"]",
      "instances": [
        {
          "schema_version": 1,
          "attributes": {
            "alloc_mode": "inherit",
            "annotation": "orchestrator:terraform",
            "description": "",
            "from": "vlan-32",
            "id": "uni/infra/vlanns-[access]-static/from-[vlan-32]-to-[vlan-32]",
            "name_alias": "",
            "role": "external",
            "to": "vlan-32",
            "vlan_pool_dn": "uni/infra/vlanns-[access]-static"
          },
          "sensitive_attributes": [],
          "private": "eyJzY2hlbWFfdmVyc2lvbiI6IjEifQ==",
          "dependencies": [
            "data.aci_vlan_pool.access"
          ]
        }
      ]
    },
    {
      "mode": "managed",
      "type": "aci_ranges",
      "name": "access_33",
      "provider": "provider[\"registry.terraform.io/ciscodevnet/aci\"]",
      "instances": [
        {
          "schema_version": 1,
          "attributes": {
            "alloc_mode": "inherit",
            "annotation": "orchestrator:terraform",
            "description": "",
            "from": "vlan-33",
            "id": "uni/infra/vlanns-[access]-static/from-[vlan-33]-to-[vlan-33]",
            "name_alias": "",
            "role": "external",
            "to": "vlan-33",
            "vlan_pool_dn": "uni/infra/vlanns-[access]-static"
          },
          "sensitive_attributes": [],
          "private": "eyJzY2hlbWFfdmVyc2lvbiI6IjEifQ==",
          "dependencies": [
            "data.aci_vlan_pool.access"
          ]
        }
      ]
    },
    {
      "mode": "managed",
      "type": "aci_ranges",
      "name": "access_34",
      "provider": "provider[\"registry.terraform.io/ciscodevnet/aci\"]",
      "instances": [
        {
          "schema_version": 1,
          "attributes": {
            "alloc_mode": "inherit",
            "annotation": "orchestrator:terraform",
            "description": "",
            "from": "vlan-34",
            "id": "uni/infra/vlanns-[access]-static/from-[vlan-34]-to-[vlan-34]",
            "name_alias": "",
            "role": "external",
            "to": "vlan-34",
            "vlan_pool_dn": "uni/infra/vlanns-[access]-static"
          },
          "sensitive_attributes": [],
          "private": "eyJzY2hlbWFfdmVyc2lvbiI6IjEifQ==",
          "dependencies": [
            "data.aci_vlan_pool.access"
          ]
        }
      ]
    },
    {
      "mode": "managed",
      "type": "aci_ranges",
      "name": "access_35",
      "provider": "provider[\"registry.terraform.io/ciscodevnet/aci\"]",
      "instances": [
        {
          "schema_version": 1,
          "attributes": {
            "alloc_mode": "inherit",
            "annotation": "orchestrator:terraform",
            "description": "",
            "from": "vlan-35",
            "id": "uni/infra/vlanns-[access]-static/from-[vlan-35]-to-[vlan-35]",
            "name_alias": "",
            "role": "external",
            "to": "vlan-35",
            "vlan_pool_dn": "uni/infra/vlanns-[access]-static"
          },
          "sensitive_attributes": [],
          "private": "eyJzY2hlbWFfdmVyc2lvbiI6IjEifQ==",
          "dependencies": [
            "data.aci_vlan_pool.access"
          ]
        }
      ]
    },
    {
      "mode": "managed",
      "type": "aci_ranges",
      "name": "access_36",
      "provider": "provider[\"registry.terraform.io/ciscodevnet/aci\"]",
      "instances": [
        {
          "schema_version": 1,
          "attributes": {
            "alloc_mode": "inherit",
            "annotation": "orchestrator:terraform",
            "description": "",
            "from": "vlan-36",
            "id": "uni/infra/vlanns-[access]-static/from-[vlan-36]-to-[vlan-36]",
            "name_alias": "",
            "role": "external",
            "to": "vlan-36",
            "vlan_pool_dn": "uni/infra/vlanns-[access]-static"
          },
          "sensitive_attributes": [],
          "private": "eyJzY2hlbWFfdmVyc2lvbiI6IjEifQ==",
          "dependencies": [
            "data.aci_vlan_pool.access"
          ]
        }
      ]
    },
    {
      "mode": "managed",
      "type": "aci_ranges",
      "name": "access_37",
      "provider": "provider[\"registry.terraform.io/ciscodevnet/aci\"]",
      "instances": [
        {
          "schema_version": 1,
          "attributes": {
            "alloc_mode": "inherit",
            "annotation": "orchestrator:terraform",
            "description": "",
            "from": "vlan-37",
            "id": "uni/infra/vlanns-[access]-static/from-[vlan-37]-to-[vlan-37]",
            "name_alias": "",
            "role": "external",
            "to": "vlan-37",
            "vlan_pool_dn": "uni/infra/vlanns-[access]-static"
          },
          "sensitive_attributes": [],
          "private": "eyJzY2hlbWFfdmVyc2lvbiI6IjEifQ==",
          "dependencies": [
            "data.aci_vlan_pool.access"
          ]
        }
      ]
    },
    {
      "mode": "managed",
      "type": "aci_ranges",
      "name": "access_38",
      "provider": "provider[\"registry.terraform.io/ciscodevnet/aci\"]",
      "instances": [
        {
          "schema_version": 1,
          "attributes": {
            "alloc_mode": "inherit",
            "annotation": "orchestrator:terraform",
            "description": "",
            "from": "vlan-38",
            "id": "uni/infra/vlanns-[access]-static/from-[vlan-38]-to-[vlan-38]",
            "name_alias": "",
            "role": "external",
            "to": "vlan-38",
            "vlan_pool_dn": "uni/infra/vlanns-[access]-static"
          },
          "sensitive_attributes": [],
          "private": "eyJzY2hlbWFfdmVyc2lvbiI6IjEifQ==",
          "dependencies": [
            "data.aci_vlan_pool.access"
          ]
        }
      ]
    },
    {
      "mode": "managed",
      "type": "aci_ranges",
      "name": "access_39",
      "provider": "provider[\"registry.terraform.io/ciscodevnet/aci\"]",
      "instances": [
        {
          "schema_version": 1,
          "attributes": {
            "alloc_mode": "inherit",
            "annotation": "orchestrator:terraform",
            "description": "",
            "from": "vlan-39",
            "id": "uni/infra/vlanns-[access]-static/from-[vlan-39]-to-[vlan-39]",
            "name_alias": "",
            "role": "external",
            "to": "vlan-39",
            "vlan_pool_dn": "uni/infra/vlanns-[access]-static"
          },
          "sensitive_attributes": [],
          "private": "eyJzY2hlbWFfdmVyc2lvbiI6IjEifQ==",
          "dependencies": [
            "data.aci_vlan_pool.access"
          ]
        }
      ]
    },
    {
      "mode": "managed",
      "type": "aci_ranges",
      "name": "access_4",
      "provider": "provider[\"registry.terraform.io/ciscodevnet/aci\"]",
      "instances": [
        {
          "schema_version": 1,
          "attributes": {
            "alloc_mode": "inherit",
            "annotation": "orchestrator:terraform",
            "description": "",
            "from": "vlan-4",
            "id": "uni/infra/vlanns-[access]-static/from-[vlan-4]-to-[vlan-4]",
            "name_alias": "",
            "role": "external",
            "to": "vlan-4",
            "vlan_pool_dn": "uni/infra/vlanns-[access]-static"
          },
          "sensitive_attributes": [],
          "private": "eyJzY2hlbWFfdmVyc2lvbiI6IjEifQ==",
          "dependencies": [
            "data.aci_vlan_pool.access"
          ]
        }
      ]
    },
    {
      "mode": "managed",
      "type": "aci_ranges",
      "name": "access_40",
      "provider": "provider[\"registry.terraform.io/ciscodevnet/aci\"]",
      "instances": [
        {
          "schema_version": 1,
          "attributes": {
            "alloc_mode": "inherit",
            "annotation": "orchestrator:terraform",
            "description": "",
            "from": "vlan-40",
            "id": "uni/infra/vlanns-[access]-static/from-[vlan-40]-to-[vlan-40]",
            "name_alias": "",
            "role": "external",
            "to": "vlan-40",
            "vlan_pool_dn": "uni/infra/vlanns-[access]-static"
          },
          "sensitive_attributes": [],
          "private": "eyJzY2hlbWFfdmVyc2lvbiI6IjEifQ==",
          "dependencies": [
            "data.aci_vlan_pool.access"
          ]
        }
      ]
    },
    {
      "mode": "managed",
      "type": "aci_ranges",
      "name": "access_41",
      "provider": "provider[\"registry.terraform.io/ciscodevnet/aci\"]",
      "instances": [
        {
          "schema_version": 1,
          "attributes": {
            "alloc_mode": "inherit",
            "annotation": "orchestrator:terraform",
            "description": "",
            "from": "vlan-41",
            "id": "uni/infra/vlanns-[access]-static/from-[vlan-41]-to-[vlan-41]",
            "name_alias": "",
            "role": "external",
            "to": "vlan-41",
            "vlan_pool_dn": "uni/infra/vlanns-[access]-static"
          },
          "sensitive_attributes": [],
          "private": "eyJzY2hlbWFfdmVyc2lvbiI6IjEifQ==",
          "dependencies": [
            "data.aci_vlan_pool.access"
          ]
        }
      ]
    },
    {
      "mode": "managed",
      "type": "aci_ranges",
      "name": "access_42",
      "provider": "provider[\"registry.terraform.io/ciscodevnet/aci\"]",
      "instances": [
        {
          "schema_version": 1,
          "attributes": {
            "alloc_mode": "inherit",
            "annotation": "orchestrator:terraform",
            "description": "",
            "from": "vlan-42",
            "id": "uni/infra/vlanns-[access]-static/from-[vlan-42]-to-[vlan-42]",
            "name_alias": "",
            "role": "external",
            "to": "vlan-42",
            "vlan_pool_dn": "uni/infra/vlanns-[access]-static"
          },
          "sensitive_attributes": [],
          "private": "eyJzY2hlbWFfdmVyc2lvbiI6IjEifQ==",
          "dependencies": [
            "data.aci_vlan_pool.access"
          ]
        }
      ]
    },
    {
      "mode": "managed",
      "type": "aci_ranges",
      "name": "access_43",
      "provider": "provider[\"registry.terraform.io/ciscodevnet/aci\"]",
      "instances": [
        {
          "schema_version": 1,
          "attributes": {
            "alloc_mode": "inherit",
            "annotation": "orchestrator:terraform",
            "description": "",
            "from": "vlan-43",
            "id": "uni/infra/vlanns-[access]-static/from-[vlan-43]-to-[vlan-43]",
            "name_alias": "",
            "role": "external",
            "to": "vlan-43",
            "vlan_pool_dn": "uni/infra/vlanns-[access]-static"
          },
          "sensitive_attributes": [],
          "private": "eyJzY2hlbWFfdmVyc2lvbiI6IjEifQ==",
          "dependencies": [
            "data.aci_vlan_pool.access"
          ]
        }
      ]
    },
    {
      "mode": "managed",
      "type": "aci_ranges",
      "name": "access_44",
      "provider": "provider[\"registry.terraform.io/ciscodevnet/aci\"]",
      "instances": [
        {
          "schema_version": 1,
          "attributes": {
            "alloc_mode": "inherit",
            "annotation": "orchestrator:terraform",
            "description": "",
            "from": "vlan-44",
            "id": "uni/infra/vlanns-[access]-static/from-[vlan-44]-to-[vlan-44]",
            "name_alias": "",
            "role": "external",
            "to": "vlan-44",
            "vlan_pool_dn": "uni/infra/vlanns-[access]-static"
          },
          "sensitive_attributes": [],
          "private": "eyJzY2hlbWFfdmVyc2lvbiI6IjEifQ==",
          "dependencies": [
            "data.aci_vlan_pool.access"
          ]
        }
      ]
    },
    {
      "mode": "managed",
      "type": "aci_ranges",
      "name": "access_45",
      "provider": "provider[\"registry.terraform.io/ciscodevnet/aci\"]",
      "instances": [
        {
          "schema_version": 1,
          "attributes": {
            "alloc_mode": "inherit",
            "annotation": "orchestrator:terraform",
            "description": "",
            "from": "vlan-45",
            "id": "uni/infra/vlanns-[access]-static/from-[vlan-45]-to-[vlan-45]",
            "name_alias": "",
            "role": "external",
            "to": "vlan-45",
            "vlan_pool_dn": "uni/infra/vlanns-[access]-static"
          },
          "sensitive_attributes": [],
          "private": "eyJzY2hlbWFfdmVyc2lvbiI6IjEifQ==",
          "dependencies": [
            "data.aci_vlan_pool.access"
          ]
        }
      ]
    },
    {
      "mode": "managed",
      "type": "aci_ranges",
      "name": "access_46",
      "provider": "provider[\"registry.terraform.io/ciscodevnet/aci\"]",
      "instances": [
        {
          "schema_version": 1,
          "attributes": {
            "alloc_mode": "inherit",
            "annotation": "orchestrator:terraform",
            "description": "",
            "from": "vlan-46",
            "id": "uni/infra/vlanns-[access]-static/from-[vlan-46]-to-[vlan-46]",
            "name_alias": "",
            "role": "external",
            "to": "vlan-46",
            "vlan_pool_dn": "uni/infra/vlanns-[access]-static"
          },
          "sensitive_attributes": [],
          "private": "eyJzY2hlbWFfdmVyc2lvbiI6IjEifQ==",
          "dependencies": [
            "data.aci_vlan_pool.access"
          ]
        }
      ]
    },
    {
      "mode": "managed",
      "type": "aci_ranges",
      "name": "access_47",
      "provider": "provider[\"registry.terraform.io/ciscodevnet/aci\"]",
      "instances": [
        {
          "schema_version": 1,
          "attributes": {
            "alloc_mode": "inherit",
            "annotation": "orchestrator:terraform",
            "description": "",
            "from": "vlan-47",
            "id": "uni/infra/vlanns-[access]-static/from-[vlan-47]-to-[vlan-47]",
            "name_alias": "",
            "role": "external",
            "to": "vlan-47",
            "vlan_pool_dn": "uni/infra/vlanns-[access]-static"
          },
          "sensitive_attributes": [],
          "private": "eyJzY2hlbWFfdmVyc2lvbiI6IjEifQ==",
          "dependencies": [
            "data.aci_vlan_pool.access"
          ]
        }
      ]
    },
    {
      "mode": "managed",
      "type": "aci_ranges",
      "name": "access_48",
      "provider": "provider[\"registry.terraform.io/ciscodevnet/aci\"]",
      "instances": [
        {
          "schema_version": 1,
          "attributes": {
            "alloc_mode": "inherit",
            "annotation": "orchestrator:terraform",
            "description": "",
            "from": "vlan-48",
            "id": "uni/infra/vlanns-[access]-static/from-[vlan-48]-to-[vlan-48]",
            "name_alias": "",
            "role": "external",
            "to": "vlan-48",
            "vlan_pool_dn": "uni/infra/vlanns-[access]-static"
          },
          "sensitive_attributes": [],
          "private": "eyJzY2hlbWFfdmVyc2lvbiI6IjEifQ==",
          "dependencies": [
            "data.aci_vlan_pool.access"
          ]
        }
      ]
    },
    {
      "mode": "managed",
      "type": "aci_ranges",
      "name": "access_49",
      "provider": "provider[\"registry.terraform.io/ciscodevnet/aci\"]",
      "instances": [
        {
          "schema_version": 1,
          "attributes": {
            "alloc_mode": "inherit",
            "annotation": "orchestrator:terraform",
            "description": "",
            "from": "vlan-49",
            "id": "uni/infra/vlanns-[access]-static/from-[vlan-49]-to-[vlan-49]",
            "name_alias": "",
            "role": "external",
            "to": "vlan-49",
            "vlan_pool_dn": "uni/infra/vlanns-[access]-static"
          },
          "sensitive_attributes": [],
          "private": "eyJzY2hlbWFfdmVyc2lvbiI6IjEifQ==",
          "dependencies": [
            "data.aci_vlan_pool.access"
          ]
        }
      ]
    },
    {
      "mode": "managed",
      "type": "aci_ranges",
      "name": "access_5",
      "provider": "provider[\"registry.terraform.io/ciscodevnet/aci\"]",
      "instances": [
        {
          "schema_version": 1,
          "attributes": {
            "alloc_mode": "inherit",
            "annotation": "orchestrator:terraform",
            "description": "",
            "from": "vlan-5",
            "id": "uni/infra/vlanns-[access]-static/from-[vlan-5]-to-[vlan-5]",
            "name_alias": "",
            "role": "external",
            "to": "vlan-5",
            "vlan_pool_dn": "uni/infra/vlanns-[access]-static"
          },
          "sensitive_attributes": [],
          "private": "eyJzY2hlbWFfdmVyc2lvbiI6IjEifQ==",
          "dependencies": [
            "data.aci_vlan_pool.access"
          ]
        }
      ]
    },
    {
      "mode": "managed",
      "type": "aci_ranges",
      "name": "access_50",
      "provider": "provider[\"registry.terraform.io/ciscodevnet/aci\"]",
      "instances": [
        {
          "schema_version": 1,
          "attributes": {
            "alloc_mode": "inherit",
            "annotation": "orchestrator:terraform",
            "description": "",
            "from": "vlan-50",
            "id": "uni/infra/vlanns-[access]-static/from-[vlan-50]-to-[vlan-50]",
            "name_alias": "",
            "role": "external",
            "to": "vlan-50",
            "vlan_pool_dn": "uni/infra/vlanns-[access]-static"
          },
          "sensitive_attributes": [],
          "private": "eyJzY2hlbWFfdmVyc2lvbiI6IjEifQ==",
          "dependencies": [
            "data.aci_vlan_pool.access"
          ]
        }
      ]
    },
    {
      "mode": "managed",
      "type": "aci_ranges",
      "name": "access_51",
      "provider": "provider[\"registry.terraform.io/ciscodevnet/aci\"]",
      "instances": [
        {
          "schema_version": 1,
          "attributes": {
            "alloc_mode": "inherit",
            "annotation": "orchestrator:terraform",
            "description": "",
            "from": "vlan-51",
            "id": "uni/infra/vlanns-[access]-static/from-[vlan-51]-to-[vlan-51]",
            "name_alias": "",
            "role": "external",
            "to": "vlan-51",
            "vlan_pool_dn": "uni/infra/vlanns-[access]-static"
          },
          "sensitive_attributes": [],
          "private": "eyJzY2hlbWFfdmVyc2lvbiI6IjEifQ==",
          "dependencies": [
            "data.aci_vlan_pool.access"
          ]
        }
      ]
    },
    {
      "mode": "managed",
      "type": "aci_ranges",
      "name": "access_52",
      "provider": "provider[\"registry.terraform.io/ciscodevnet/aci\"]",
      "instances": [
        {
          "schema_version": 1,
          "attributes": {
            "alloc_mode": "inherit",
            "annotation": "orchestrator:terraform",
            "description": "",
            "from": "vlan-52",
            "id": "uni/infra/vlanns-[access]-static/from-[vlan-52]-to-[vlan-52]",
            "name_alias": "",
            "role": "external",
            "to": "vlan-52",
            "vlan_pool_dn": "uni/infra/vlanns-[access]-static"
          },
          "sensitive_attributes": [],
          "private": "eyJzY2hlbWFfdmVyc2lvbiI6IjEifQ==",
          "dependencies": [
            "data.aci_vlan_pool.access"
          ]
        }
      ]
    },
    {
      "mode": "managed",
      "type": "aci_ranges",
      "name": "access_53",
      "provider": "provider[\"registry.terraform.io/ciscodevnet/aci\"]",
      "instances": [
        {
          "schema_version": 1,
          "attributes": {
            "alloc_mode": "inherit",
            "annotation": "orchestrator:terraform",
            "description": "",
            "from": "vlan-53",
            "id": "uni/infra/vlanns-[access]-static/from-[vlan-53]-to-[vlan-53]",
            "name_alias": "",
            "role": "external",
            "to": "vlan-53",
            "vlan_pool_dn": "uni/infra/vlanns-[access]-static"
          },
          "sensitive_attributes": [],
          "private": "eyJzY2hlbWFfdmVyc2lvbiI6IjEifQ==",
          "dependencies": [
            "data.aci_vlan_pool.access"
          ]
        }
      ]
    },
    {
      "mode": "managed",
      "type": "aci_ranges",
      "name": "access_54",
      "provider": "provider[\"registry.terraform.io/ciscodevnet/aci\"]",
      "instances": [
        {
          "schema_version": 1,
          "attributes": {
            "alloc_mode": "inherit",
            "annotation": "orchestrator:terraform",
            "description": "",
            "from": "vlan-54",
            "id": "uni/infra/vlanns-[access]-static/from-[vlan-54]-to-[vlan-54]",
            "name_alias": "",
            "role": "external",
            "to": "vlan-54",
            "vlan_pool_dn": "uni/infra/vlanns-[access]-static"
          },
          "sensitive_attributes": [],
          "private": "eyJzY2hlbWFfdmVyc2lvbiI6IjEifQ==",
          "dependencies": [
            "data.aci_vlan_pool.access"
          ]
        }
      ]
    },
    {
      "mode": "managed",
      "type": "aci_ranges",
      "name": "access_55",
      "provider": "provider[\"registry.terraform.io/ciscodevnet/aci\"]",
      "instances": [
        {
          "schema_version": 1,
          "attributes": {
            "alloc_mode": "inherit",
            "annotation": "orchestrator:terraform",
            "description": "",
            "from": "vlan-55",
            "id": "uni/infra/vlanns-[access]-static/from-[vlan-55]-to-[vlan-55]",
            "name_alias": "",
            "role": "external",
            "to": "vlan-55",
            "vlan_pool_dn": "uni/infra/vlanns-[access]-static"
          },
          "sensitive_attributes": [],
          "private": "eyJzY2hlbWFfdmVyc2lvbiI6IjEifQ==",
          "dependencies": [
            "data.aci_vlan_pool.access"
          ]
        }
      ]
    },
    {
      "mode": "managed",
      "type": "aci_ranges",
      "name": "access_56",
      "provider": "provider[\"registry.terraform.io/ciscodevnet/aci\"]",
      "instances": [
        {
          "schema_version": 1,
          "attributes": {
            "alloc_mode": "inherit",
            "annotation": "orchestrator:terraform",
            "description": "",
            "from": "vlan-56",
            "id": "uni/infra/vlanns-[access]-static/from-[vlan-56]-to-[vlan-56]",
            "name_alias": "",
            "role": "external",
            "to": "vlan-56",
            "vlan_pool_dn": "uni/infra/vlanns-[access]-static"
          },
          "sensitive_attributes": [],
          "private": "eyJzY2hlbWFfdmVyc2lvbiI6IjEifQ==",
          "dependencies": [
            "data.aci_vlan_pool.access"
          ]
        }
      ]
    },
    {
      "mode": "managed",
      "type": "aci_ranges",
      "name": "access_57",
      "provider": "provider[\"registry.terraform.io/ciscodevnet/aci\"]",
      "instances": [
        {
          "schema_version": 1,
          "attributes": {
            "alloc_mode": "inherit",
            "annotation": "orchestrator:terraform",
            "description": "",
            "from": "vlan-57",
            "id": "uni/infra/vlanns-[access]-static/from-[vlan-57]-to-[vlan-57]",
            "name_alias": "",
            "role": "external",
            "to": "vlan-57",
            "vlan_pool_dn": "uni/infra/vlanns-[access]-static"
          },
          "sensitive_attributes": [],
          "private": "eyJzY2hlbWFfdmVyc2lvbiI6IjEifQ==",
          "dependencies": [
            "data.aci_vlan_pool.access"
          ]
        }
      ]
    },
    {
      "mode": "managed",
      "type": "aci_ranges",
      "name": "access_58",
      "provider": "provider[\"registry.terraform.io/ciscodevnet/aci\"]",
      "instances": [
        {
          "schema_version": 1,
          "attributes": {
            "alloc_mode": "inherit",
            "annotation": "orchestrator:terraform",
            "description": "",
            "from": "vlan-58",
            "id": "uni/infra/vlanns-[access]-static/from-[vlan-58]-to-[vlan-58]",
            "name_alias": "",
            "role": "external",
            "to": "vlan-58",
            "vlan_pool_dn": "uni/infra/vlanns-[access]-static"
          },
          "sensitive_attributes": [],
          "private": "eyJzY2hlbWFfdmVyc2lvbiI6IjEifQ==",
          "dependencies": [
            "data.aci_vlan_pool.access"
          ]
        }
      ]
    },
    {
      "mode": "managed",
      "type": "aci_ranges",
      "name": "access_59",
      "provider": "provider[\"registry.terraform.io/ciscodevnet/aci\"]",
      "instances": [
        {
          "schema_version": 1,
          "attributes": {
            "alloc_mode": "inherit",
            "annotation": "orchestrator:terraform",
            "description": "",
            "from": "vlan-59",
            "id": "uni/infra/vlanns-[access]-static/from-[vlan-59]-to-[vlan-59]",
            "name_alias": "",
            "role": "external",
            "to": "vlan-59",
            "vlan_pool_dn": "uni/infra/vlanns-[access]-static"
          },
          "sensitive_attributes": [],
          "private": "eyJzY2hlbWFfdmVyc2lvbiI6IjEifQ==",
          "dependencies": [
            "data.aci_vlan_pool.access"
          ]
        }
      ]
    },
    {
      "mode": "managed",
      "type": "aci_ranges",
      "name": "access_6",
      "provider": "provider[\"registry.terraform.io/ciscodevnet/aci\"]",
      "instances": [
        {
          "schema_version": 1,
          "attributes": {
            "alloc_mode": "inherit",
            "annotation": "orchestrator:terraform",
            "description": "",
            "from": "vlan-6",
            "id": "uni/infra/vlanns-[access]-static/from-[vlan-6]-to-[vlan-6]",
            "name_alias": "",
            "role": "external",
            "to": "vlan-6",
            "vlan_pool_dn": "uni/infra/vlanns-[access]-static"
          },
          "sensitive_attributes": [],
          "private": "eyJzY2hlbWFfdmVyc2lvbiI6IjEifQ==",
          "dependencies": [
            "data.aci_vlan_pool.access"
          ]
        }
      ]
    },
    {
      "mode": "managed",
      "type": "aci_ranges",
      "name": "access_60",
      "provider": "provider[\"registry.terraform.io/ciscodevnet/aci\"]",
      "instances": [
        {
          "schema_version": 1,
          "attributes": {
            "alloc_mode": "inherit",
            "annotation": "orchestrator:terraform",
            "description": "",
            "from": "vlan-60",
            "id": "uni/infra/vlanns-[access]-static/from-[vlan-60]-to-[vlan-60]",
            "name_alias": "",
            "role": "external",
            "to": "vlan-60",
            "vlan_pool_dn": "uni/infra/vlanns-[access]-static"
          },
          "sensitive_attributes": [],
          "private": "eyJzY2hlbWFfdmVyc2lvbiI6IjEifQ==",
          "dependencies": [
            "data.aci_vlan_pool.access"
          ]
        }
      ]
    },
    {
      "mode": "managed",
      "type": "aci_ranges",
      "name": "access_61",
      "provider": "provider[\"registry.terraform.io/ciscodevnet/aci\"]",
      "instances": [
        {
          "schema_version": 1,
          "attributes": {
            "alloc_mode": "inherit",
            "annotation": "orchestrator:terraform",
            "description": "",
            "from": "vlan-61",
            "id": "uni/infra/vlanns-[access]-static/from-[vlan-61]-to-[vlan-61]",
            "name_alias": "",
            "role": "external",
            "to": "vlan-61",
            "vlan_pool_dn": "uni/infra/vlanns-[access]-static"
          },
          "sensitive_attributes": [],
          "private": "eyJzY2hlbWFfdmVyc2lvbiI6IjEifQ==",
          "dependencies": [
            "data.aci_vlan_pool.access"
          ]
        }
      ]
    },
    {
      "mode": "managed",
      "type": "aci_ranges",
      "name": "access_62",
      "provider": "provider[\"registry.terraform.io/ciscodevnet/aci\"]",
      "instances": [
        {
          "schema_version": 1,
          "attributes": {
            "alloc_mode": "inherit",
            "annotation": "orchestrator:terraform",
            "description": "",
            "from": "vlan-62",
            "id": "uni/infra/vlanns-[access]-static/from-[vlan-62]-to-[vlan-62]",
            "name_alias": "",
            "role": "external",
            "to": "vlan-62",
            "vlan_pool_dn": "uni/infra/vlanns-[access]-static"
          },
          "sensitive_attributes": [],
          "private": "eyJzY2hlbWFfdmVyc2lvbiI6IjEifQ==",
          "dependencies": [
            "data.aci_vlan_pool.access"
          ]
        }
      ]
    },
    {
      "mode": "managed",
      "type": "aci_ranges",
      "name": "access_63",
      "provider": "provider[\"registry.terraform.io/ciscodevnet/aci\"]",
      "instances": [
        {
          "schema_version": 1,
          "attributes": {
            "alloc_mode": "inherit",
            "annotation": "orchestrator:terraform",
            "description": "",
            "from": "vlan-63",
            "id": "uni/infra/vlanns-[access]-static/from-[vlan-63]-to-[vlan-63]",
            "name_alias": "",
            "role": "external",
            "to": "vlan-63",
            "vlan_pool_dn": "uni/infra/vlanns-[access]-static"
          },
          "sensitive_attributes": [],
          "private": "eyJzY2hlbWFfdmVyc2lvbiI6IjEifQ==",
          "dependencies": [
            "data.aci_vlan_pool.access"
          ]
        }
      ]
    },
    {
      "mode": "managed",
      "type": "aci_ranges",
      "name": "access_64",
      "provider": "provider[\"registry.terraform.io/ciscodevnet/aci\"]",
      "instances": [
        {
          "schema_version": 1,
          "attributes": {
            "alloc_mode": "inherit",
            "annotation": "orchestrator:terraform",
            "description": "",
            "from": "vlan-64",
            "id": "uni/infra/vlanns-[access]-static/from-[vlan-64]-to-[vlan-64]",
            "name_alias": "",
            "role": "external",
            "to": "vlan-64",
            "vlan_pool_dn": "uni/infra/vlanns-[access]-static"
          },
          "sensitive_attributes": [],
          "private": "eyJzY2hlbWFfdmVyc2lvbiI6IjEifQ==",
          "dependencies": [
            "data.aci_vlan_pool.access"
          ]
        }
      ]
    },
    {
      "mode": "managed",
      "type": "aci_ranges",
      "name": "access_65",
      "provider": "provider[\"registry.terraform.io/ciscodevnet/aci\"]",
      "instances": [
        {
          "schema_version": 1,
          "attributes": {
            "alloc_mode": "inherit",
            "annotation": "orchestrator:terraform",
            "description": "",
            "from": "vlan-65",
            "id": "uni/infra/vlanns-[access]-static/from-[vlan-65]-to-[vlan-65]",
            "name_alias": "",
            "role": "external",
            "to": "vlan-65",
            "vlan_pool_dn": "uni/infra/vlanns-[access]-static"
          },
          "sensitive_attributes": [],
          "private": "eyJzY2hlbWFfdmVyc2lvbiI6IjEifQ==",
          "dependencies": [
            "data.aci_vlan_pool.access"
          ]
        }
      ]
    },
    {
      "mode": "managed",
      "type": "aci_ranges",
      "name": "access_66",
      "provider": "provider[\"registry.terraform.io/ciscodevnet/aci\"]",
      "instances": [
        {
          "schema_version": 1,
          "attributes": {
            "alloc_mode": "inherit",
            "annotation": "orchestrator:terraform",
            "description": "",
            "from": "vlan-66",
            "id": "uni/infra/vlanns-[access]-static/from-[vlan-66]-to-[vlan-66]",
            "name_alias": "",
            "role": "external",
            "to": "vlan-66",
            "vlan_pool_dn": "uni/infra/vlanns-[access]-static"
          },
          "sensitive_attributes": [],
          "private": "eyJzY2hlbWFfdmVyc2lvbiI6IjEifQ==",
          "dependencies": [
            "data.aci_vlan_pool.access"
          ]
        }
      ]
    },
    {
      "mode": "managed",
      "type": "aci_ranges",
      "name": "access_67",
      "provider": "provider[\"registry.terraform.io/ciscodevnet/aci\"]",
      "instances": [
        {
          "schema_version": 1,
          "attributes": {
            "alloc_mode": "inherit",
            "annotation": "orchestrator:terraform",
            "description": "",
            "from": "vlan-67",
            "id": "uni/infra/vlanns-[access]-static/from-[vlan-67]-to-[vlan-67]",
            "name_alias": "",
            "role": "external",
            "to": "vlan-67",
            "vlan_pool_dn": "uni/infra/vlanns-[access]-static"
          },
          "sensitive_attributes": [],
          "private": "eyJzY2hlbWFfdmVyc2lvbiI6IjEifQ==",
          "dependencies": [
            "data.aci_vlan_pool.access"
          ]
        }
      ]
    },
    {
      "mode": "managed",
      "type": "aci_ranges",
      "name": "access_68",
      "provider": "provider[\"registry.terraform.io/ciscodevnet/aci\"]",
      "instances": [
        {
          "schema_version": 1,
          "attributes": {
            "alloc_mode": "inherit",
            "annotation": "orchestrator:terraform",
            "description": "",
            "from": "vlan-68",
            "id": "uni/infra/vlanns-[access]-static/from-[vlan-68]-to-[vlan-68]",
            "name_alias": "",
            "role": "external",
            "to": "vlan-68",
            "vlan_pool_dn": "uni/infra/vlanns-[access]-static"
          },
          "sensitive_attributes": [],
          "private": "eyJzY2hlbWFfdmVyc2lvbiI6IjEifQ==",
          "dependencies": [
            "data.aci_vlan_pool.access"
          ]
        }
      ]
    },
    {
      "mode": "managed",
      "type": "aci_ranges",
      "name": "access_69",
      "provider": "provider[\"registry.terraform.io/ciscodevnet/aci\"]",
      "instances": [
        {
          "schema_version": 1,
          "attributes": {
            "alloc_mode": "inherit",
            "annotation": "orchestrator:terraform",
            "description": "",
            "from": "vlan-69",
            "id": "uni/infra/vlanns-[access]-static/from-[vlan-69]-to-[vlan-69]",
            "name_alias": "",
            "role": "external",
            "to": "vlan-69",
            "vlan_pool_dn": "uni/infra/vlanns-[access]-static"
          },
          "sensitive_attributes": [],
          "private": "eyJzY2hlbWFfdmVyc2lvbiI6IjEifQ==",
          "dependencies": [
            "data.aci_vlan_pool.access"
          ]
        }
      ]
    },
    {
      "mode": "managed",
      "type": "aci_ranges",
      "name": "access_7",
      "provider": "provider[\"registry.terraform.io/ciscodevnet/aci\"]",
      "instances": [
        {
          "schema_version": 1,
          "attributes": {
            "alloc_mode": "inherit",
            "annotation": "orchestrator:terraform",
            "description": "",
            "from": "vlan-7",
            "id": "uni/infra/vlanns-[access]-static/from-[vlan-7]-to-[vlan-7]",
            "name_alias": "",
            "role": "external",
            "to": "vlan-7",
            "vlan_pool_dn": "uni/infra/vlanns-[access]-static"
          },
          "sensitive_attributes": [],
          "private": "eyJzY2hlbWFfdmVyc2lvbiI6IjEifQ==",
          "dependencies": [
            "data.aci_vlan_pool.access"
          ]
        }
      ]
    },
    {
      "mode": "managed",
      "type": "aci_ranges",
      "name": "access_70",
      "provider": "provider[\"registry.terraform.io/ciscodevnet/aci\"]",
      "instances": [
        {
          "schema_version": 1,
          "attributes": {
            "alloc_mode": "inherit",
            "annotation": "orchestrator:terraform",
            "description": "",
            "from": "vlan-70",
            "id": "uni/infra/vlanns-[access]-static/from-[vlan-70]-to-[vlan-70]",
            "name_alias": "",
            "role": "external",
            "to": "vlan-70",
            "vlan_pool_dn": "uni/infra/vlanns-[access]-static"
          },
          "sensitive_attributes": [],
          "private": "eyJzY2hlbWFfdmVyc2lvbiI6IjEifQ==",
          "dependencies": [
            "data.aci_vlan_pool.access"
          ]
        }
      ]
    },
    {
      "mode": "managed",
      "type": "aci_ranges",
      "name": "access_71",
      "provider": "provider[\"registry.terraform.io/ciscodevnet/aci\"]",
      "instances": [
        {
          "schema_version": 1,
          "attributes": {
            "alloc_mode": "inherit",
            "annotation": "orchestrator:terraform",
            "description": "",
            "from": "vlan-71",
            "id": "uni/infra/vlanns-[access]-static/from-[vlan-71]-to-[vlan-71]",
            "name_alias": "",
            "role": "external",
            "to": "vlan-71",
            "vlan_pool_dn": "uni/infra/vlanns-[access]-static"
          },
          "sensitive_attributes": [],
          "private": "eyJzY2hlbWFfdmVyc2lvbiI6IjEifQ==",
          "dependencies": [
            "data.aci_vlan_pool.access"
          ]
        }
      ]
    },
    {
      "mode": "managed",
      "type": "aci_ranges",
      "name": "access_72",
      "provider": "provider[\"registry.terraform.io/ciscodevnet/aci\"]",
      "instances": [
        {
          "schema_version": 1,
          "attributes": {
            "alloc_mode": "inherit",
            "annotation": "orchestrator:terraform",
            "description": "",
            "from": "vlan-72",
            "id": "uni/infra/vlanns-[access]-static/from-[vlan-72]-to-[vlan-72]",
            "name_alias": "",
            "role": "external",
            "to": "vlan-72",
            "vlan_pool_dn": "uni/infra/vlanns-[access]-static"
          },
          "sensitive_attributes": [],
          "private": "eyJzY2hlbWFfdmVyc2lvbiI6IjEifQ==",
          "dependencies": [
            "data.aci_vlan_pool.access"
          ]
        }
      ]
    },
    {
      "mode": "managed",
      "type": "aci_ranges",
      "name": "access_73",
      "provider": "provider[\"registry.terraform.io/ciscodevnet/aci\"]",
      "instances": [
        {
          "schema_version": 1,
          "attributes": {
            "alloc_mode": "inherit",
            "annotation": "orchestrator:terraform",
            "description": "",
            "from": "vlan-73",
            "id": "uni/infra/vlanns-[access]-static/from-[vlan-73]-to-[vlan-73]",
            "name_alias": "",
            "role": "external",
            "to": "vlan-73",
            "vlan_pool_dn": "uni/infra/vlanns-[access]-static"
          },
          "sensitive_attributes": [],
          "private": "eyJzY2hlbWFfdmVyc2lvbiI6IjEifQ==",
          "dependencies": [
            "data.aci_vlan_pool.access"
          ]
        }
      ]
    },
    {
      "mode": "managed",
      "type": "aci_ranges",
      "name": "access_74",
      "provider": "provider[\"registry.terraform.io/ciscodevnet/aci\"]",
      "instances": [
        {
          "schema_version": 1,
          "attributes": {
            "alloc_mode": "inherit",
            "annotation": "orchestrator:terraform",
            "description": "",
            "from": "vlan-74",
            "id": "uni/infra/vlanns-[access]-static/from-[vlan-74]-to-[vlan-74]",
            "name_alias": "",
            "role": "external",
            "to": "vlan-74",
            "vlan_pool_dn": "uni/infra/vlanns-[access]-static"
          },
          "sensitive_attributes": [],
          "private": "eyJzY2hlbWFfdmVyc2lvbiI6IjEifQ==",
          "dependencies": [
            "data.aci_vlan_pool.access"
          ]
        }
      ]
    },
    {
      "mode": "managed",
      "type": "aci_ranges",
      "name": "access_75",
      "provider": "provider[\"registry.terraform.io/ciscodevnet/aci\"]",
      "instances": [
        {
          "schema_version": 1,
          "attributes": {
            "alloc_mode": "inherit",
            "annotation": "orchestrator:terraform",
            "description": "",
            "from": "vlan-75",
            "id": "uni/infra/vlanns-[access]-static/from-[vlan-75]-to-[vlan-75]",
            "name_alias": "",
            "role": "external",
            "to": "vlan-75",
            "vlan_pool_dn": "uni/infra/vlanns-[access]-static"
          },
          "sensitive_attributes": [],
          "private": "eyJzY2hlbWFfdmVyc2lvbiI6IjEifQ==",
          "dependencies": [
            "data.aci_vlan_pool.access"
          ]
        }
      ]
    },
    {
      "mode": "managed",
      "type": "aci_ranges",
      "name": "access_76",
      "provider": "provider[\"registry.terraform.io/ciscodevnet/aci\"]",
      "instances": [
        {
          "schema_version": 1,
          "attributes": {
            "alloc_mode": "inherit",
            "annotation": "orchestrator:terraform",
            "description": "",
            "from": "vlan-76",
            "id": "uni/infra/vlanns-[access]-static/from-[vlan-76]-to-[vlan-76]",
            "name_alias": "",
            "role": "external",
            "to": "vlan-76",
            "vlan_pool_dn": "uni/infra/vlanns-[access]-static"
          },
          "sensitive_attributes": [],
          "private": "eyJzY2hlbWFfdmVyc2lvbiI6IjEifQ==",
          "dependencies": [
            "data.aci_vlan_pool.access"
          ]
        }
      ]
    },
    {
      "mode": "managed",
      "type": "aci_ranges",
      "name": "access_77",
      "provider": "provider[\"registry.terraform.io/ciscodevnet/aci\"]",
      "instances": [
        {
          "schema_version": 1,
          "attributes": {
            "alloc_mode": "inherit",
            "annotation": "orchestrator:terraform",
            "description": "",
            "from": "vlan-77",
            "id": "uni/infra/vlanns-[access]-static/from-[vlan-77]-to-[vlan-77]",
            "name_alias": "",
            "role": "external",
            "to": "vlan-77",
            "vlan_pool_dn": "uni/infra/vlanns-[access]-static"
          },
          "sensitive_attributes": [],
          "private": "eyJzY2hlbWFfdmVyc2lvbiI6IjEifQ==",
          "dependencies": [
            "data.aci_vlan_pool.access"
          ]
        }
      ]
    },
    {
      "mode": "managed",
      "type": "aci_ranges",
      "name": "access_78",
      "provider": "provider[\"registry.terraform.io/ciscodevnet/aci\"]",
      "instances": [
        {
          "schema_version": 1,
          "attributes": {
            "alloc_mode": "inherit",
            "annotation": "orchestrator:terraform",
            "description": "",
            "from": "vlan-78",
            "id": "uni/infra/vlanns-[access]-static/from-[vlan-78]-to-[vlan-78]",
            "name_alias": "",
            "role": "external",
            "to": "vlan-78",
            "vlan_pool_dn": "uni/infra/vlanns-[access]-static"
          },
          "sensitive_attributes": [],
          "private": "eyJzY2hlbWFfdmVyc2lvbiI6IjEifQ==",
          "dependencies": [
            "data.aci_vlan_pool.access"
          ]
        }
      ]
    },
    {
      "mode": "managed",
      "type": "aci_ranges",
      "name": "access_79",
      "provider": "provider[\"registry.terraform.io/ciscodevnet/aci\"]",
      "instances": [
        {
          "schema_version": 1,
          "attributes": {
            "alloc_mode": "inherit",
            "annotation": "orchestrator:terraform",
            "description": "",
            "from": "vlan-79",
            "id": "uni/infra/vlanns-[access]-static/from-[vlan-79]-to-[vlan-79]",
            "name_alias": "",
            "role": "external",
            "to": "vlan-79",
            "vlan_pool_dn": "uni/infra/vlanns-[access]-static"
          },
          "sensitive_attributes": [],
          "private": "eyJzY2hlbWFfdmVyc2lvbiI6IjEifQ==",
          "dependencies": [
            "data.aci_vlan_pool.access"
          ]
        }
      ]
    },
    {
      "mode": "managed",
      "type": "aci_ranges",
      "name": "access_8",
      "provider": "provider[\"registry.terraform.io/ciscodevnet/aci\"]",
      "instances": [
        {
          "schema_version": 1,
          "attributes": {
            "alloc_mode": "inherit",
            "annotation": "orchestrator:terraform",
            "description": "",
            "from": "vlan-8",
            "id": "uni/infra/vlanns-[access]-static/from-[vlan-8]-to-[vlan-8]",
            "name_alias": "",
            "role": "external",
            "to": "vlan-8",
            "vlan_pool_dn": "uni/infra/vlanns-[access]-static"
          },
          "sensitive_attributes": [],
          "private": "eyJzY2hlbWFfdmVyc2lvbiI6IjEifQ==",
          "dependencies": [
            "data.aci_vlan_pool.access"
          ]
        }
      ]
    },
    {
      "mode": "managed",
      "type": "aci_ranges",
      "name": "access_80",
      "provider": "provider[\"registry.terraform.io/ciscodevnet/aci\"]",
      "instances": [
        {
          "schema_version": 1,
          "attributes": {
            "alloc_mode": "inherit",
            "annotation": "orchestrator:terraform",
            "description": "",
            "from": "vlan-80",
            "id": "uni/infra/vlanns-[access]-static/from-[vlan-80]-to-[vlan-80]",
            "name_alias": "",
            "role": "external",
            "to": "vlan-80",
            "vlan_pool_dn": "uni/infra/vlanns-[access]-static"
          },
          "sensitive_attributes": [],
          "private": "eyJzY2hlbWFfdmVyc2lvbiI6IjEifQ==",
          "dependencies": [
            "data.aci_vlan_pool.access"
          ]
        }
      ]
    },
    {
      "mode": "managed",
      "type": "aci_ranges",
      "name": "access_81",
      "provider": "provider[\"registry.terraform.io/ciscodevnet/aci\"]",
      "instances": [
        {
          "schema_version": 1,
          "attributes": {
            "alloc_mode": "inherit",
            "annotation": "orchestrator:terraform",
            "description": "",
            "from": "vlan-81",
            "id": "uni/infra/vlanns-[access]-static/from-[vlan-81]-to-[vlan-81]",
            "name_alias": "",
            "role": "external",
            "to": "vlan-81",
            "vlan_pool_dn": "uni/infra/vlanns-[access]-static"
          },
          "sensitive_attributes": [],
          "private": "eyJzY2hlbWFfdmVyc2lvbiI6IjEifQ==",
          "dependencies": [
            "data.aci_vlan_pool.access"
          ]
        }
      ]
    },
    {
      "mode": "managed",
      "type": "aci_ranges",
      "name": "access_82",
      "provider": "provider[\"registry.terraform.io/ciscodevnet/aci\"]",
      "instances": [
        {
          "schema_version": 1,
          "attributes": {
            "alloc_mode": "inherit",
            "annotation": "orchestrator:terraform",
            "description": "",
            "from": "vlan-82",
            "id": "uni/infra/vlanns-[access]-static/from-[vlan-82]-to-[vlan-82]",
            "name_alias": "",
            "role": "external",
            "to": "vlan-82",
            "vlan_pool_dn": "uni/infra/vlanns-[access]-static"
          },
          "sensitive_attributes": [],
          "private": "eyJzY2hlbWFfdmVyc2lvbiI6IjEifQ==",
          "dependencies": [
            "data.aci_vlan_pool.access"
          ]
        }
      ]
    },
    {
      "mode": "managed",
      "type": "aci_ranges",
      "name": "access_83",
      "provider": "provider[\"registry.terraform.io/ciscodevnet/aci\"]",
      "instances": [
        {
          "schema_version": 1,
          "attributes": {
            "alloc_mode": "inherit",
            "annotation": "orchestrator:terraform",
            "description": "",
            "from": "vlan-83",
            "id": "uni/infra/vlanns-[access]-static/from-[vlan-83]-to-[vlan-83]",
            "name_alias": "",
            "role": "external",
            "to": "vlan-83",
            "vlan_pool_dn": "uni/infra/vlanns-[access]-static"
          },
          "sensitive_attributes": [],
          "private": "eyJzY2hlbWFfdmVyc2lvbiI6IjEifQ==",
          "dependencies": [
            "data.aci_vlan_pool.access"
          ]
        }
      ]
    },
    {
      "mode": "managed",
      "type": "aci_ranges",
      "name": "access_84",
      "provider": "provider[\"registry.terraform.io/ciscodevnet/aci\"]",
      "instances": [
        {
          "schema_version": 1,
          "attributes": {
            "alloc_mode": "inherit",
            "annotation": "orchestrator:terraform",
            "description": "",
            "from": "vlan-84",
            "id": "uni/infra/vlanns-[access]-static/from-[vlan-84]-to-[vlan-84]",
            "name_alias": "",
            "role": "external",
            "to": "vlan-84",
            "vlan_pool_dn": "uni/infra/vlanns-[access]-static"
          },
          "sensitive_attributes": [],
          "private": "eyJzY2hlbWFfdmVyc2lvbiI6IjEifQ==",
          "dependencies": [
            "data.aci_vlan_pool.access"
          ]
        }
      ]
    },
    {
      "mode": "managed",
      "type": "aci_ranges",
      "name": "access_85",
      "provider": "provider[\"registry.terraform.io/ciscodevnet/aci\"]",
      "instances": [
        {
          "schema_version": 1,
          "attributes": {
            "alloc_mode": "inherit",
            "annotation": "orchestrator:terraform",
            "description": "",
            "from": "vlan-85",
            "id": "uni/infra/vlanns-[access]-static/from-[vlan-85]-to-[vlan-85]",
            "name_alias": "",
            "role": "external",
            "to": "vlan-85",
            "vlan_pool_dn": "uni/infra/vlanns-[access]-static"
          },
          "sensitive_attributes": [],
          "private": "eyJzY2hlbWFfdmVyc2lvbiI6IjEifQ==",
          "dependencies": [
            "data.aci_vlan_pool.access"
          ]
        }
      ]
    },
    {
      "mode": "managed",
      "type": "aci_ranges",
      "name": "access_86",
      "provider": "provider[\"registry.terraform.io/ciscodevnet/aci\"]",
      "instances": [
        {
          "schema_version": 1,
          "attributes": {
            "alloc_mode": "inherit",
            "annotation": "orchestrator:terraform",
            "description": "",
            "from": "vlan-86",
            "id": "uni/infra/vlanns-[access]-static/from-[vlan-86]-to-[vlan-86]",
            "name_alias": "",
            "role": "external",
            "to": "vlan-86",
            "vlan_pool_dn": "uni/infra/vlanns-[access]-static"
          },
          "sensitive_attributes": [],
          "private": "eyJzY2hlbWFfdmVyc2lvbiI6IjEifQ==",
          "dependencies": [
            "data.aci_vlan_pool.access"
          ]
        }
      ]
    },
    {
      "mode": "managed",
      "type": "aci_ranges",
      "name": "access_87",
      "provider": "provider[\"registry.terraform.io/ciscodevnet/aci\"]",
      "instances": [
        {
          "schema_version": 1,
          "attributes": {
            "alloc_mode": "inherit",
            "annotation": "orchestrator:terraform",
            "description": "",
            "from": "vlan-87",
            "id": "uni/infra/vlanns-[access]-static/from-[vlan-87]-to-[vlan-87]",
            "name_alias": "",
            "role": "external",
            "to": "vlan-87",
            "vlan_pool_dn": "uni/infra/vlanns-[access]-static"
          },
          "sensitive_attributes": [],
          "private": "eyJzY2hlbWFfdmVyc2lvbiI6IjEifQ==",
          "dependencies": [
            "data.aci_vlan_pool.access"
          ]
        }
      ]
    },
    {
      "mode": "managed",
      "type": "aci_ranges",
      "name": "access_88",
      "provider": "provider[\"registry.terraform.io/ciscodevnet/aci\"]",
      "instances": [
        {
          "schema_version": 1,
          "attributes": {
            "alloc_mode": "inherit",
            "annotation": "orchestrator:terraform",
            "description": "",
            "from": "vlan-88",
            "id": "uni/infra/vlanns-[access]-static/from-[vlan-88]-to-[vlan-88]",
            "name_alias": "",
            "role": "external",
            "to": "vlan-88",
            "vlan_pool_dn": "uni/infra/vlanns-[access]-static"
          },
          "sensitive_attributes": [],
          "private": "eyJzY2hlbWFfdmVyc2lvbiI6IjEifQ==",
          "dependencies": [
            "data.aci_vlan_pool.access"
          ]
        }
      ]
    },
    {
      "mode": "managed",
      "type": "aci_ranges",
      "name": "access_89",
      "provider": "provider[\"registry.terraform.io/ciscodevnet/aci\"]",
      "instances": [
        {
          "schema_version": 1,
          "attributes": {
            "alloc_mode": "inherit",
            "annotation": "orchestrator:terraform",
            "description": "",
            "from": "vlan-89",
            "id": "uni/infra/vlanns-[access]-static/from-[vlan-89]-to-[vlan-89]",
            "name_alias": "",
            "role": "external",
            "to": "vlan-89",
            "vlan_pool_dn": "uni/infra/vlanns-[access]-static"
          },
          "sensitive_attributes": [],
          "private": "eyJzY2hlbWFfdmVyc2lvbiI6IjEifQ==",
          "dependencies": [
            "data.aci_vlan_pool.access"
          ]
        }
      ]
    },
    {
      "mode": "managed",
      "type": "aci_ranges",
      "name": "access_9",
      "provider": "provider[\"registry.terraform.io/ciscodevnet/aci\"]",
      "instances": [
        {
          "schema_version": 1,
          "attributes": {
            "alloc_mode": "inherit",
            "annotation": "orchestrator:terraform",
            "description": "",
            "from": "vlan-9",
            "id": "uni/infra/vlanns-[access]-static/from-[vlan-9]-to-[vlan-9]",
            "name_alias": "",
            "role": "external",
            "to": "vlan-9",
            "vlan_pool_dn": "uni/infra/vlanns-[access]-static"
          },
          "sensitive_attributes": [],
          "private": "eyJzY2hlbWFfdmVyc2lvbiI6IjEifQ==",
          "dependencies": [
            "data.aci_vlan_pool.access"
          ]
        }
      ]
    },
    {
      "mode": "managed",
      "type": "aci_ranges",
      "name": "access_90",
      "provider": "provider[\"registry.terraform.io/ciscodevnet/aci\"]",
      "instances": [
        {
          "schema_version": 1,
          "attributes": {
            "alloc_mode": "inherit",
            "annotation": "orchestrator:terraform",
            "description": "",
            "from": "vlan-90",
            "id": "uni/infra/vlanns-[access]-static/from-[vlan-90]-to-[vlan-90]",
            "name_alias": "",
            "role": "external",
            "to": "vlan-90",
            "vlan_pool_dn": "uni/infra/vlanns-[access]-static"
          },
          "sensitive_attributes": [],
          "private": "eyJzY2hlbWFfdmVyc2lvbiI6IjEifQ==",
          "dependencies": [
            "data.aci_vlan_pool.access"
          ]
        }
      ]
    },
    {
      "mode": "managed",
      "type": "aci_ranges",
      "name": "access_91",
      "provider": "provider[\"registry.terraform.io/ciscodevnet/aci\"]",
      "instances": [
        {
          "schema_version": 1,
          "attributes": {
            "alloc_mode": "inherit",
            "annotation": "orchestrator:terraform",
            "description": "",
            "from": "vlan-91",
            "id": "uni/infra/vlanns-[access]-static/from-[vlan-91]-to-[vlan-91]",
            "name_alias": "",
            "role": "external",
            "to": "vlan-91",
            "vlan_pool_dn": "uni/infra/vlanns-[access]-static"
          },
          "sensitive_attributes": [],
          "private": "eyJzY2hlbWFfdmVyc2lvbiI6IjEifQ==",
          "dependencies": [
            "data.aci_vlan_pool.access"
          ]
        }
      ]
    },
    {
      "mode": "managed",
      "type": "aci_ranges",
      "name": "access_92",
      "provider": "provider[\"registry.terraform.io/ciscodevnet/aci\"]",
      "instances": [
        {
          "schema_version": 1,
          "attributes": {
            "alloc_mode": "inherit",
            "annotation": "orchestrator:terraform",
            "description": "",
            "from": "vlan-92",
            "id": "uni/infra/vlanns-[access]-static/from-[vlan-92]-to-[vlan-92]",
            "name_alias": "",
            "role": "external",
            "to": "vlan-92",
            "vlan_pool_dn": "uni/infra/vlanns-[access]-static"
          },
          "sensitive_attributes": [],
          "private": "eyJzY2hlbWFfdmVyc2lvbiI6IjEifQ==",
          "dependencies": [
            "data.aci_vlan_pool.access"
          ]
        }
      ]
    },
    {
      "mode": "managed",
      "type": "aci_ranges",
      "name": "access_93",
      "provider": "provider[\"registry.terraform.io/ciscodevnet/aci\"]",
      "instances": [
        {
          "schema_version": 1,
          "attributes": {
            "alloc_mode": "inherit",
            "annotation": "orchestrator:terraform",
            "description": "",
            "from": "vlan-93",
            "id": "uni/infra/vlanns-[access]-static/from-[vlan-93]-to-[vlan-93]",
            "name_alias": "",
            "role": "external",
            "to": "vlan-93",
            "vlan_pool_dn": "uni/infra/vlanns-[access]-static"
          },
          "sensitive_attributes": [],
          "private": "eyJzY2hlbWFfdmVyc2lvbiI6IjEifQ==",
          "dependencies": [
            "data.aci_vlan_pool.access"
          ]
        }
      ]
    },
    {
      "mode": "managed",
      "type": "aci_ranges",
      "name": "access_94",
      "provider": "provider[\"registry.terraform.io/ciscodevnet/aci\"]",
      "instances": [
        {
          "schema_version": 1,
          "attributes": {
            "alloc_mode": "inherit",
            "annotation": "orchestrator:terraform",
            "description": "",
            "from": "vlan-94",
            "id": "uni/infra/vlanns-[access]-static/from-[vlan-94]-to-[vlan-94]",
            "name_alias": "",
            "role": "external",
            "to": "vlan-94",
            "vlan_pool_dn": "uni/infra/vlanns-[access]-static"
          },
          "sensitive_attributes": [],
          "private": "eyJzY2hlbWFfdmVyc2lvbiI6IjEifQ==",
          "dependencies": [
            "data.aci_vlan_pool.access"
          ]
        }
      ]
    },
    {
      "mode": "managed",
      "type": "aci_ranges",
      "name": "access_95",
      "provider": "provider[\"registry.terraform.io/ciscodevnet/aci\"]",
      "instances": [
        {
          "schema_version": 1,
          "attributes": {
            "alloc_mode": "inherit",
            "annotation": "orchestrator:terraform",
            "description": "",
            "from": "vlan-95",
            "id": "uni/infra/vlanns-[access]-static/from-[vlan-95]-to-[vlan-95]",
            "name_alias": "",
            "role": "external",
            "to": "vlan-95",
            "vlan_pool_dn": "uni/infra/vlanns-[access]-static"
          },
          "sensitive_attributes": [],
          "private": "eyJzY2hlbWFfdmVyc2lvbiI6IjEifQ==",
          "dependencies": [
            "data.aci_vlan_pool.access"
          ]
        }
      ]
    },
    {
      "mode": "managed",
      "type": "aci_ranges",
      "name": "access_96",
      "provider": "provider[\"registry.terraform.io/ciscodevnet/aci\"]",
      "instances": [
        {
          "schema_version": 1,
          "attributes": {
            "alloc_mode": "inherit",
            "annotation": "orchestrator:terraform",
            "description": "",
            "from": "vlan-96",
            "id": "uni/infra/vlanns-[access]-static/from-[vlan-96]-to-[vlan-96]",
            "name_alias": "",
            "role": "external",
            "to": "vlan-96",
            "vlan_pool_dn": "uni/infra/vlanns-[access]-static"
          },
          "sensitive_attributes": [],
          "private": "eyJzY2hlbWFfdmVyc2lvbiI6IjEifQ==",
          "dependencies": [
            "data.aci_vlan_pool.access"
          ]
        }
      ]
    },
    {
      "mode": "managed",
      "type": "aci_ranges",
      "name": "access_97",
      "provider": "provider[\"registry.terraform.io/ciscodevnet/aci\"]",
      "instances": [
        {
          "schema_version": 1,
          "attributes": {
            "alloc_mode": "inherit",
            "annotation": "orchestrator:terraform",
            "description": "",
            "from": "vlan-97",
            "id": "uni/infra/vlanns-[access]-static/from-[vlan-97]-to-[vlan-97]",
            "name_alias": "",
            "role": "external",
            "to": "vlan-97",
            "vlan_pool_dn": "uni/infra/vlanns-[access]-static"
          },
          "sensitive_attributes": [],
          "private": "eyJzY2hlbWFfdmVyc2lvbiI6IjEifQ==",
          "dependencies": [
            "data.aci_vlan_pool.access"
          ]
        }
      ]
    },
    {
      "mode": "managed",
      "type": "aci_ranges",
      "name": "access_98",
      "provider": "provider[\"registry.terraform.io/ciscodevnet/aci\"]",
      "instances": [
        {
          "schema_version": 1,
          "attributes": {
            "alloc_mode": "inherit",
            "annotation": "orchestrator:terraform",
            "description": "",
            "from": "vlan-98",
            "id": "uni/infra/vlanns-[access]-static/from-[vlan-98]-to-[vlan-98]",
            "name_alias": "",
            "role": "external",
            "to": "vlan-98",
            "vlan_pool_dn": "uni/infra/vlanns-[access]-static"
          },
          "sensitive_attributes": [],
          "private": "eyJzY2hlbWFfdmVyc2lvbiI6IjEifQ==",
          "dependencies": [
            "data.aci_vlan_pool.access"
          ]
        }
      ]
    },
    {
      "mode": "managed",
      "type": "aci_ranges",
      "name": "access_99",
      "provider": "provider[\"registry.terraform.io/ciscodevnet/aci\"]",
      "instances": [
        {
          "schema_version": 1,
          "attributes": {
            "alloc_mode": "inherit",
            "annotation": "orchestrator:terraform",
            "description": "",
            "from": "vlan-99",
            "id": "uni/infra/vlanns-[access]-static/from-[vlan-99]-to-[vlan-99]",
            "name_alias": "",
            "role": "external",
            "to": "vlan-99",
            "vlan_pool_dn": "uni/infra/vlanns-[access]-static"
          },
          "sensitive_attributes": [],
          "private": "eyJzY2hlbWFfdmVyc2lvbiI6IjEifQ==",
          "dependencies": [
            "data.aci_vlan_pool.access"
          ]
        }
      ]
    },
    {
      "mode": "managed",
      "type": "aci_ranges",
      "name": "dynamic_2500",
      "provider": "provider[\"registry.terraform.io/ciscodevnet/aci\"]",
      "instances": [
        {
          "schema_version": 1,
          "attributes": {
            "alloc_mode": "inherit",
            "annotation": "orchestrator:terraform",
            "description": "",
            "from": "vlan-2500",
            "id": "uni/infra/vlanns-[dynamic]-dynamic/from-[vlan-2500]-to-[vlan-2500]",
            "name_alias": "",
            "role": "external",
            "to": "vlan-2500",
            "vlan_pool_dn": "uni/infra/vlanns-[dynamic]-dynamic"
          },
          "sensitive_attributes": [],
          "private": "eyJzY2hlbWFfdmVyc2lvbiI6IjEifQ==",
          "dependencies": [
            "data.aci_vlan_pool.dynamic"
          ]
        }
      ]
    },
    {
      "mode": "managed",
      "type": "aci_ranges",
      "name": "dynamic_2501",
      "provider": "provider[\"registry.terraform.io/ciscodevnet/aci\"]",
      "instances": [
        {
          "schema_version": 1,
          "attributes": {
            "alloc_mode": "inherit",
            "annotation": "orchestrator:terraform",
            "description": "",
            "from": "vlan-2501",
            "id": "uni/infra/vlanns-[dynamic]-dynamic/from-[vlan-2501]-to-[vlan-2501]",
            "name_alias": "",
            "role": "external",
            "to": "vlan-2501",
            "vlan_pool_dn": "uni/infra/vlanns-[dynamic]-dynamic"
          },
          "sensitive_attributes": [],
          "private": "eyJzY2hlbWFfdmVyc2lvbiI6IjEifQ==",
          "dependencies": [
            "data.aci_vlan_pool.dynamic"
          ]
        }
      ]
    },
    {
      "mode": "managed",
      "type": "aci_ranges",
      "name": "dynamic_2502",
      "provider": "provider[\"registry.terraform.io/ciscodevnet/aci\"]",
      "instances": [
        {
          "schema_version": 1,
          "attributes": {
            "alloc_mode": "inherit",
            "annotation": "orchestrator:terraform",
            "description": "",
            "from": "vlan-2502",
            "id": "uni/infra/vlanns-[dynamic]-dynamic/from-[vlan-2502]-to-[vlan-2502]",
            "name_alias": "",
            "role": "external",
            "to": "vlan-2502",
            "vlan_pool_dn": "uni/infra/vlanns-[dynamic]-dynamic"
          },
          "sensitive_attributes": [],
          "private": "eyJzY2hlbWFfdmVyc2lvbiI6IjEifQ==",
          "dependencies": [
            "data.aci_vlan_pool.dynamic"
          ]
        }
      ]
    },
    {
      "mode": "managed",
      "type": "aci_ranges",
      "name": "dynamic_2503",
      "provider": "provider[\"registry.terraform.io/ciscodevnet/aci\"]",
      "instances": [
        {
          "schema_version": 1,
          "attributes": {
            "alloc_mode": "inherit",
            "annotation": "orchestrator:terraform",
            "description": "",
            "from": "vlan-2503",
            "id": "uni/infra/vlanns-[dynamic]-dynamic/from-[vlan-2503]-to-[vlan-2503]",
            "name_alias": "",
            "role": "external",
            "to": "vlan-2503",
            "vlan_pool_dn": "uni/infra/vlanns-[dynamic]-dynamic"
          },
          "sensitive_attributes": [],
          "private": "eyJzY2hlbWFfdmVyc2lvbiI6IjEifQ==",
          "dependencies": [
            "data.aci_vlan_pool.dynamic"
          ]
        }
      ]
    },
    {
      "mode": "managed",
      "type": "aci_ranges",
      "name": "dynamic_2504",
      "provider": "provider[\"registry.terraform.io/ciscodevnet/aci\"]",
      "instances": [
        {
          "schema_version": 1,
          "attributes": {
            "alloc_mode": "inherit",
            "annotation": "orchestrator:terraform",
            "description": "",
            "from": "vlan-2504",
            "id": "uni/infra/vlanns-[dynamic]-dynamic/from-[vlan-2504]-to-[vlan-2504]",
            "name_alias": "",
            "role": "external",
            "to": "vlan-2504",
            "vlan_pool_dn": "uni/infra/vlanns-[dynamic]-dynamic"
          },
          "sensitive_attributes": [],
          "private": "eyJzY2hlbWFfdmVyc2lvbiI6IjEifQ==",
          "dependencies": [
            "data.aci_vlan_pool.dynamic"
          ]
        }
      ]
    },
    {
      "mode": "managed",
      "type": "aci_ranges",
      "name": "dynamic_2505",
      "provider": "provider[\"registry.terraform.io/ciscodevnet/aci\"]",
      "instances": [
        {
          "schema_version": 1,
          "attributes": {
            "alloc_mode": "inherit",
            "annotation": "orchestrator:terraform",
            "description": "",
            "from": "vlan-2505",
            "id": "uni/infra/vlanns-[dynamic]-dynamic/from-[vlan-2505]-to-[vlan-2505]",
            "name_alias": "",
            "role": "external",
            "to": "vlan-2505",
            "vlan_pool_dn": "uni/infra/vlanns-[dynamic]-dynamic"
          },
          "sensitive_attributes": [],
          "private": "eyJzY2hlbWFfdmVyc2lvbiI6IjEifQ==",
          "dependencies": [
            "data.aci_vlan_pool.dynamic"
          ]
        }
      ]
    },
    {
      "mode": "managed",
      "type": "aci_ranges",
      "name": "dynamic_2506",
      "provider": "provider[\"registry.terraform.io/ciscodevnet/aci\"]",
      "instances": [
        {
          "schema_version": 1,
          "attributes": {
            "alloc_mode": "inherit",
            "annotation": "orchestrator:terraform",
            "description": "",
            "from": "vlan-2506",
            "id": "uni/infra/vlanns-[dynamic]-dynamic/from-[vlan-2506]-to-[vlan-2506]",
            "name_alias": "",
            "role": "external",
            "to": "vlan-2506",
            "vlan_pool_dn": "uni/infra/vlanns-[dynamic]-dynamic"
          },
          "sensitive_attributes": [],
          "private": "eyJzY2hlbWFfdmVyc2lvbiI6IjEifQ==",
          "dependencies": [
            "data.aci_vlan_pool.dynamic"
          ]
        }
      ]
    },
    {
      "mode": "managed",
      "type": "aci_ranges",
      "name": "dynamic_2507",
      "provider": "provider[\"registry.terraform.io/ciscodevnet/aci\"]",
      "instances": [
        {
          "schema_version": 1,
          "attributes": {
            "alloc_mode": "inherit",
            "annotation": "orchestrator:terraform",
            "description": "",
            "from": "vlan-2507",
            "id": "uni/infra/vlanns-[dynamic]-dynamic/from-[vlan-2507]-to-[vlan-2507]",
            "name_alias": "",
            "role": "external",
            "to": "vlan-2507",
            "vlan_pool_dn": "uni/infra/vlanns-[dynamic]-dynamic"
          },
          "sensitive_attributes": [],
          "private": "eyJzY2hlbWFfdmVyc2lvbiI6IjEifQ==",
          "dependencies": [
            "data.aci_vlan_pool.dynamic"
          ]
        }
      ]
    },
    {
      "mode": "managed",
      "type": "aci_ranges",
      "name": "dynamic_2508",
      "provider": "provider[\"registry.terraform.io/ciscodevnet/aci\"]",
      "instances": [
        {
          "schema_version": 1,
          "attributes": {
            "alloc_mode": "inherit",
            "annotation": "orchestrator:terraform",
            "description": "",
            "from": "vlan-2508",
            "id": "uni/infra/vlanns-[dynamic]-dynamic/from-[vlan-2508]-to-[vlan-2508]",
            "name_alias": "",
            "role": "external",
            "to": "vlan-2508",
            "vlan_pool_dn": "uni/infra/vlanns-[dynamic]-dynamic"
          },
          "sensitive_attributes": [],
          "private": "eyJzY2hlbWFfdmVyc2lvbiI6IjEifQ==",
          "dependencies": [
            "data.aci_vlan_pool.dynamic"
          ]
        }
      ]
    },
    {
      "mode": "managed",
      "type": "aci_ranges",
      "name": "dynamic_2509",
      "provider": "provider[\"registry.terraform.io/ciscodevnet/aci\"]",
      "instances": [
        {
          "schema_version": 1,
          "attributes": {
            "alloc_mode": "inherit",
            "annotation": "orchestrator:terraform",
            "description": "",
            "from": "vlan-2509",
            "id": "uni/infra/vlanns-[dynamic]-dynamic/from-[vlan-2509]-to-[vlan-2509]",
            "name_alias": "",
            "role": "external",
            "to": "vlan-2509",
            "vlan_pool_dn": "uni/infra/vlanns-[dynamic]-dynamic"
          },
          "sensitive_attributes": [],
          "private": "eyJzY2hlbWFfdmVyc2lvbiI6IjEifQ==",
          "dependencies": [
            "data.aci_vlan_pool.dynamic"
          ]
        }
      ]
    },
    {
      "mode": "managed",
      "type": "aci_ranges",
      "name": "dynamic_2510",
      "provider": "provider[\"registry.terraform.io/ciscodevnet/aci\"]",
      "instances": [
        {
          "schema_version": 1,
          "attributes": {
            "alloc_mode": "inherit",
            "annotation": "orchestrator:terraform",
            "description": "",
            "from": "vlan-2510",
            "id": "uni/infra/vlanns-[dynamic]-dynamic/from-[vlan-2510]-to-[vlan-2510]",
            "name_alias": "",
            "role": "external",
            "to": "vlan-2510",
            "vlan_pool_dn": "uni/infra/vlanns-[dynamic]-dynamic"
          },
          "sensitive_attributes": [],
          "private": "eyJzY2hlbWFfdmVyc2lvbiI6IjEifQ==",
          "dependencies": [
            "data.aci_vlan_pool.dynamic"
          ]
        }
      ]
    },
    {
      "mode": "managed",
      "type": "aci_ranges",
      "name": "dynamic_2511",
      "provider": "provider[\"registry.terraform.io/ciscodevnet/aci\"]",
      "instances": [
        {
          "schema_version": 1,
          "attributes": {
            "alloc_mode": "inherit",
            "annotation": "orchestrator:terraform",
            "description": "",
            "from": "vlan-2511",
            "id": "uni/infra/vlanns-[dynamic]-dynamic/from-[vlan-2511]-to-[vlan-2511]",
            "name_alias": "",
            "role": "external",
            "to": "vlan-2511",
            "vlan_pool_dn": "uni/infra/vlanns-[dynamic]-dynamic"
          },
          "sensitive_attributes": [],
          "private": "eyJzY2hlbWFfdmVyc2lvbiI6IjEifQ==",
          "dependencies": [
            "data.aci_vlan_pool.dynamic"
          ]
        }
      ]
    },
    {
      "mode": "managed",
      "type": "aci_ranges",
      "name": "dynamic_2512",
      "provider": "provider[\"registry.terraform.io/ciscodevnet/aci\"]",
      "instances": [
        {
          "schema_version": 1,
          "attributes": {
            "alloc_mode": "inherit",
            "annotation": "orchestrator:terraform",
            "description": "",
            "from": "vlan-2512",
            "id": "uni/infra/vlanns-[dynamic]-dynamic/from-[vlan-2512]-to-[vlan-2512]",
            "name_alias": "",
            "role": "external",
            "to": "vlan-2512",
            "vlan_pool_dn": "uni/infra/vlanns-[dynamic]-dynamic"
          },
          "sensitive_attributes": [],
          "private": "eyJzY2hlbWFfdmVyc2lvbiI6IjEifQ==",
          "dependencies": [
            "data.aci_vlan_pool.dynamic"
          ]
        }
      ]
    },
    {
      "mode": "managed",
      "type": "aci_ranges",
      "name": "dynamic_2513",
      "provider": "provider[\"registry.terraform.io/ciscodevnet/aci\"]",
      "instances": [
        {
          "schema_version": 1,
          "attributes": {
            "alloc_mode": "inherit",
            "annotation": "orchestrator:terraform",
            "description": "",
            "from": "vlan-2513",
            "id": "uni/infra/vlanns-[dynamic]-dynamic/from-[vlan-2513]-to-[vlan-2513]",
            "name_alias": "",
            "role": "external",
            "to": "vlan-2513",
            "vlan_pool_dn": "uni/infra/vlanns-[dynamic]-dynamic"
          },
          "sensitive_attributes": [],
          "private": "eyJzY2hlbWFfdmVyc2lvbiI6IjEifQ==",
          "dependencies": [
            "data.aci_vlan_pool.dynamic"
          ]
        }
      ]
    },
    {
      "mode": "managed",
      "type": "aci_ranges",
      "name": "dynamic_2514",
      "provider": "provider[\"registry.terraform.io/ciscodevnet/aci\"]",
      "instances": [
        {
          "schema_version": 1,
          "attributes": {
            "alloc_mode": "inherit",
            "annotation": "orchestrator:terraform",
            "description": "",
            "from": "vlan-2514",
            "id": "uni/infra/vlanns-[dynamic]-dynamic/from-[vlan-2514]-to-[vlan-2514]",
            "name_alias": "",
            "role": "external",
            "to": "vlan-2514",
            "vlan_pool_dn": "uni/infra/vlanns-[dynamic]-dynamic"
          },
          "sensitive_attributes": [],
          "private": "eyJzY2hlbWFfdmVyc2lvbiI6IjEifQ==",
          "dependencies": [
            "data.aci_vlan_pool.dynamic"
          ]
        }
      ]
    },
    {
      "mode": "managed",
      "type": "aci_ranges",
      "name": "dynamic_2515",
      "provider": "provider[\"registry.terraform.io/ciscodevnet/aci\"]",
      "instances": [
        {
          "schema_version": 1,
          "attributes": {
            "alloc_mode": "inherit",
            "annotation": "orchestrator:terraform",
            "description": "",
            "from": "vlan-2515",
            "id": "uni/infra/vlanns-[dynamic]-dynamic/from-[vlan-2515]-to-[vlan-2515]",
            "name_alias": "",
            "role": "external",
            "to": "vlan-2515",
            "vlan_pool_dn": "uni/infra/vlanns-[dynamic]-dynamic"
          },
          "sensitive_attributes": [],
          "private": "eyJzY2hlbWFfdmVyc2lvbiI6IjEifQ==",
          "dependencies": [
            "data.aci_vlan_pool.dynamic"
          ]
        }
      ]
    },
    {
      "mode": "managed",
      "type": "aci_ranges",
      "name": "dynamic_2516",
      "provider": "provider[\"registry.terraform.io/ciscodevnet/aci\"]",
      "instances": [
        {
          "schema_version": 1,
          "attributes": {
            "alloc_mode": "inherit",
            "annotation": "orchestrator:terraform",
            "description": "",
            "from": "vlan-2516",
            "id": "uni/infra/vlanns-[dynamic]-dynamic/from-[vlan-2516]-to-[vlan-2516]",
            "name_alias": "",
            "role": "external",
            "to": "vlan-2516",
            "vlan_pool_dn": "uni/infra/vlanns-[dynamic]-dynamic"
          },
          "sensitive_attributes": [],
          "private": "eyJzY2hlbWFfdmVyc2lvbiI6IjEifQ==",
          "dependencies": [
            "data.aci_vlan_pool.dynamic"
          ]
        }
      ]
    },
    {
      "mode": "managed",
      "type": "aci_ranges",
      "name": "dynamic_2517",
      "provider": "provider[\"registry.terraform.io/ciscodevnet/aci\"]",
      "instances": [
        {
          "schema_version": 1,
          "attributes": {
            "alloc_mode": "inherit",
            "annotation": "orchestrator:terraform",
            "description": "",
            "from": "vlan-2517",
            "id": "uni/infra/vlanns-[dynamic]-dynamic/from-[vlan-2517]-to-[vlan-2517]",
            "name_alias": "",
            "role": "external",
            "to": "vlan-2517",
            "vlan_pool_dn": "uni/infra/vlanns-[dynamic]-dynamic"
          },
          "sensitive_attributes": [],
          "private": "eyJzY2hlbWFfdmVyc2lvbiI6IjEifQ==",
          "dependencies": [
            "data.aci_vlan_pool.dynamic"
          ]
        }
      ]
    },
    {
      "mode": "managed",
      "type": "aci_ranges",
      "name": "dynamic_2518",
      "provider": "provider[\"registry.terraform.io/ciscodevnet/aci\"]",
      "instances": [
        {
          "schema_version": 1,
          "attributes": {
            "alloc_mode": "inherit",
            "annotation": "orchestrator:terraform",
            "description": "",
            "from": "vlan-2518",
            "id": "uni/infra/vlanns-[dynamic]-dynamic/from-[vlan-2518]-to-[vlan-2518]",
            "name_alias": "",
            "role": "external",
            "to": "vlan-2518",
            "vlan_pool_dn": "uni/infra/vlanns-[dynamic]-dynamic"
          },
          "sensitive_attributes": [],
          "private": "eyJzY2hlbWFfdmVyc2lvbiI6IjEifQ==",
          "dependencies": [
            "data.aci_vlan_pool.dynamic"
          ]
        }
      ]
    },
    {
      "mode": "managed",
      "type": "aci_ranges",
      "name": "dynamic_2519",
      "provider": "provider[\"registry.terraform.io/ciscodevnet/aci\"]",
      "instances": [
        {
          "schema_version": 1,
          "attributes": {
            "alloc_mode": "inherit",
            "annotation": "orchestrator:terraform",
            "description": "",
            "from": "vlan-2519",
            "id": "uni/infra/vlanns-[dynamic]-dynamic/from-[vlan-2519]-to-[vlan-2519]",
            "name_alias": "",
            "role": "external",
            "to": "vlan-2519",
            "vlan_pool_dn": "uni/infra/vlanns-[dynamic]-dynamic"
          },
          "sensitive_attributes": [],
          "private": "eyJzY2hlbWFfdmVyc2lvbiI6IjEifQ==",
          "dependencies": [
            "data.aci_vlan_pool.dynamic"
          ]
        }
      ]
    },
    {
      "mode": "managed",
      "type": "aci_ranges",
      "name": "dynamic_2520",
      "provider": "provider[\"registry.terraform.io/ciscodevnet/aci\"]",
      "instances": [
        {
          "schema_version": 1,
          "attributes": {
            "alloc_mode": "inherit",
            "annotation": "orchestrator:terraform",
            "description": "",
            "from": "vlan-2520",
            "id": "uni/infra/vlanns-[dynamic]-dynamic/from-[vlan-2520]-to-[vlan-2520]",
            "name_alias": "",
            "role": "external",
            "to": "vlan-2520",
            "vlan_pool_dn": "uni/infra/vlanns-[dynamic]-dynamic"
          },
          "sensitive_attributes": [],
          "private": "eyJzY2hlbWFfdmVyc2lvbiI6IjEifQ==",
          "dependencies": [
            "data.aci_vlan_pool.dynamic"
          ]
        }
      ]
    },
    {
      "mode": "managed",
      "type": "aci_ranges",
      "name": "dynamic_2521",
      "provider": "provider[\"registry.terraform.io/ciscodevnet/aci\"]",
      "instances": [
        {
          "schema_version": 1,
          "attributes": {
            "alloc_mode": "inherit",
            "annotation": "orchestrator:terraform",
            "description": "",
            "from": "vlan-2521",
            "id": "uni/infra/vlanns-[dynamic]-dynamic/from-[vlan-2521]-to-[vlan-2521]",
            "name_alias": "",
            "role": "external",
            "to": "vlan-2521",
            "vlan_pool_dn": "uni/infra/vlanns-[dynamic]-dynamic"
          },
          "sensitive_attributes": [],
          "private": "eyJzY2hlbWFfdmVyc2lvbiI6IjEifQ==",
          "dependencies": [
            "data.aci_vlan_pool.dynamic"
          ]
        }
      ]
    },
    {
      "mode": "managed",
      "type": "aci_ranges",
      "name": "dynamic_2522",
      "provider": "provider[\"registry.terraform.io/ciscodevnet/aci\"]",
      "instances": [
        {
          "schema_version": 1,
          "attributes": {
            "alloc_mode": "inherit",
            "annotation": "orchestrator:terraform",
            "description": "",
            "from": "vlan-2522",
            "id": "uni/infra/vlanns-[dynamic]-dynamic/from-[vlan-2522]-to-[vlan-2522]",
            "name_alias": "",
            "role": "external",
            "to": "vlan-2522",
            "vlan_pool_dn": "uni/infra/vlanns-[dynamic]-dynamic"
          },
          "sensitive_attributes": [],
          "private": "eyJzY2hlbWFfdmVyc2lvbiI6IjEifQ==",
          "dependencies": [
            "data.aci_vlan_pool.dynamic"
          ]
        }
      ]
    },
    {
      "mode": "managed",
      "type": "aci_ranges",
      "name": "dynamic_2523",
      "provider": "provider[\"registry.terraform.io/ciscodevnet/aci\"]",
      "instances": [
        {
          "schema_version": 1,
          "attributes": {
            "alloc_mode": "inherit",
            "annotation": "orchestrator:terraform",
            "description": "",
            "from": "vlan-2523",
            "id": "uni/infra/vlanns-[dynamic]-dynamic/from-[vlan-2523]-to-[vlan-2523]",
            "name_alias": "",
            "role": "external",
            "to": "vlan-2523",
            "vlan_pool_dn": "uni/infra/vlanns-[dynamic]-dynamic"
          },
          "sensitive_attributes": [],
          "private": "eyJzY2hlbWFfdmVyc2lvbiI6IjEifQ==",
          "dependencies": [
            "data.aci_vlan_pool.dynamic"
          ]
        }
      ]
    },
    {
      "mode": "managed",
      "type": "aci_ranges",
      "name": "dynamic_2524",
      "provider": "provider[\"registry.terraform.io/ciscodevnet/aci\"]",
      "instances": [
        {
          "schema_version": 1,
          "attributes": {
            "alloc_mode": "inherit",
            "annotation": "orchestrator:terraform",
            "description": "",
            "from": "vlan-2524",
            "id": "uni/infra/vlanns-[dynamic]-dynamic/from-[vlan-2524]-to-[vlan-2524]",
            "name_alias": "",
            "role": "external",
            "to": "vlan-2524",
            "vlan_pool_dn": "uni/infra/vlanns-[dynamic]-dynamic"
          },
          "sensitive_attributes": [],
          "private": "eyJzY2hlbWFfdmVyc2lvbiI6IjEifQ==",
          "dependencies": [
            "data.aci_vlan_pool.dynamic"
          ]
        }
      ]
    },
    {
      "mode": "managed",
      "type": "aci_ranges",
      "name": "dynamic_2525",
      "provider": "provider[\"registry.terraform.io/ciscodevnet/aci\"]",
      "instances": [
        {
          "schema_version": 1,
          "attributes": {
            "alloc_mode": "inherit",
            "annotation": "orchestrator:terraform",
            "description": "",
            "from": "vlan-2525",
            "id": "uni/infra/vlanns-[dynamic]-dynamic/from-[vlan-2525]-to-[vlan-2525]",
            "name_alias": "",
            "role": "external",
            "to": "vlan-2525",
            "vlan_pool_dn": "uni/infra/vlanns-[dynamic]-dynamic"
          },
          "sensitive_attributes": [],
          "private": "eyJzY2hlbWFfdmVyc2lvbiI6IjEifQ==",
          "dependencies": [
            "data.aci_vlan_pool.dynamic"
          ]
        }
      ]
    },
    {
      "mode": "managed",
      "type": "aci_ranges",
      "name": "dynamic_2526",
      "provider": "provider[\"registry.terraform.io/ciscodevnet/aci\"]",
      "instances": [
        {
          "schema_version": 1,
          "attributes": {
            "alloc_mode": "inherit",
            "annotation": "orchestrator:terraform",
            "description": "",
            "from": "vlan-2526",
            "id": "uni/infra/vlanns-[dynamic]-dynamic/from-[vlan-2526]-to-[vlan-2526]",
            "name_alias": "",
            "role": "external",
            "to": "vlan-2526",
            "vlan_pool_dn": "uni/infra/vlanns-[dynamic]-dynamic"
          },
          "sensitive_attributes": [],
          "private": "eyJzY2hlbWFfdmVyc2lvbiI6IjEifQ==",
          "dependencies": [
            "data.aci_vlan_pool.dynamic"
          ]
        }
      ]
    },
    {
      "mode": "managed",
      "type": "aci_ranges",
      "name": "dynamic_2527",
      "provider": "provider[\"registry.terraform.io/ciscodevnet/aci\"]",
      "instances": [
        {
          "schema_version": 1,
          "attributes": {
            "alloc_mode": "inherit",
            "annotation": "orchestrator:terraform",
            "description": "",
            "from": "vlan-2527",
            "id": "uni/infra/vlanns-[dynamic]-dynamic/from-[vlan-2527]-to-[vlan-2527]",
            "name_alias": "",
            "role": "external",
            "to": "vlan-2527",
            "vlan_pool_dn": "uni/infra/vlanns-[dynamic]-dynamic"
          },
          "sensitive_attributes": [],
          "private": "eyJzY2hlbWFfdmVyc2lvbiI6IjEifQ==",
          "dependencies": [
            "data.aci_vlan_pool.dynamic"
          ]
        }
      ]
    },
    {
      "mode": "managed",
      "type": "aci_ranges",
      "name": "dynamic_2528",
      "provider": "provider[\"registry.terraform.io/ciscodevnet/aci\"]",
      "instances": [
        {
          "schema_version": 1,
          "attributes": {
            "alloc_mode": "inherit",
            "annotation": "orchestrator:terraform",
            "description": "",
            "from": "vlan-2528",
            "id": "uni/infra/vlanns-[dynamic]-dynamic/from-[vlan-2528]-to-[vlan-2528]",
            "name_alias": "",
            "role": "external",
            "to": "vlan-2528",
            "vlan_pool_dn": "uni/infra/vlanns-[dynamic]-dynamic"
          },
          "sensitive_attributes": [],
          "private": "eyJzY2hlbWFfdmVyc2lvbiI6IjEifQ==",
          "dependencies": [
            "data.aci_vlan_pool.dynamic"
          ]
        }
      ]
    },
    {
      "mode": "managed",
      "type": "aci_ranges",
      "name": "dynamic_2529",
      "provider": "provider[\"registry.terraform.io/ciscodevnet/aci\"]",
      "instances": [
        {
          "schema_version": 1,
          "attributes": {
            "alloc_mode": "inherit",
            "annotation": "orchestrator:terraform",
            "description": "",
            "from": "vlan-2529",
            "id": "uni/infra/vlanns-[dynamic]-dynamic/from-[vlan-2529]-to-[vlan-2529]",
            "name_alias": "",
            "role": "external",
            "to": "vlan-2529",
            "vlan_pool_dn": "uni/infra/vlanns-[dynamic]-dynamic"
          },
          "sensitive_attributes": [],
          "private": "eyJzY2hlbWFfdmVyc2lvbiI6IjEifQ==",
          "dependencies": [
            "data.aci_vlan_pool.dynamic"
          ]
        }
      ]
    },
    {
      "mode": "managed",
      "type": "aci_ranges",
      "name": "dynamic_2530",
      "provider": "provider[\"registry.terraform.io/ciscodevnet/aci\"]",
      "instances": [
        {
          "schema_version": 1,
          "attributes": {
            "alloc_mode": "inherit",
            "annotation": "orchestrator:terraform",
            "description": "",
            "from": "vlan-2530",
            "id": "uni/infra/vlanns-[dynamic]-dynamic/from-[vlan-2530]-to-[vlan-2530]",
            "name_alias": "",
            "role": "external",
            "to": "vlan-2530",
            "vlan_pool_dn": "uni/infra/vlanns-[dynamic]-dynamic"
          },
          "sensitive_attributes": [],
          "private": "eyJzY2hlbWFfdmVyc2lvbiI6IjEifQ==",
          "dependencies": [
            "data.aci_vlan_pool.dynamic"
          ]
        }
      ]
    },
    {
      "mode": "managed",
      "type": "aci_ranges",
      "name": "dynamic_2531",
      "provider": "provider[\"registry.terraform.io/ciscodevnet/aci\"]",
      "instances": [
        {
          "schema_version": 1,
          "attributes": {
            "alloc_mode": "inherit",
            "annotation": "orchestrator:terraform",
            "description": "",
            "from": "vlan-2531",
            "id": "uni/infra/vlanns-[dynamic]-dynamic/from-[vlan-2531]-to-[vlan-2531]",
            "name_alias": "",
            "role": "external",
            "to": "vlan-2531",
            "vlan_pool_dn": "uni/infra/vlanns-[dynamic]-dynamic"
          },
          "sensitive_attributes": [],
          "private": "eyJzY2hlbWFfdmVyc2lvbiI6IjEifQ==",
          "dependencies": [
            "data.aci_vlan_pool.dynamic"
          ]
        }
      ]
    },
    {
      "mode": "managed",
      "type": "aci_ranges",
      "name": "dynamic_2532",
      "provider": "provider[\"registry.terraform.io/ciscodevnet/aci\"]",
      "instances": [
        {
          "schema_version": 1,
          "attributes": {
            "alloc_mode": "inherit",
            "annotation": "orchestrator:terraform",
            "description": "",
            "from": "vlan-2532",
            "id": "uni/infra/vlanns-[dynamic]-dynamic/from-[vlan-2532]-to-[vlan-2532]",
            "name_alias": "",
            "role": "external",
            "to": "vlan-2532",
            "vlan_pool_dn": "uni/infra/vlanns-[dynamic]-dynamic"
          },
          "sensitive_attributes": [],
          "private": "eyJzY2hlbWFfdmVyc2lvbiI6IjEifQ==",
          "dependencies": [
            "data.aci_vlan_pool.dynamic"
          ]
        }
      ]
    },
    {
      "mode": "managed",
      "type": "aci_ranges",
      "name": "dynamic_2533",
      "provider": "provider[\"registry.terraform.io/ciscodevnet/aci\"]",
      "instances": [
        {
          "schema_version": 1,
          "attributes": {
            "alloc_mode": "inherit",
            "annotation": "orchestrator:terraform",
            "description": "",
            "from": "vlan-2533",
            "id": "uni/infra/vlanns-[dynamic]-dynamic/from-[vlan-2533]-to-[vlan-2533]",
            "name_alias": "",
            "role": "external",
            "to": "vlan-2533",
            "vlan_pool_dn": "uni/infra/vlanns-[dynamic]-dynamic"
          },
          "sensitive_attributes": [],
          "private": "eyJzY2hlbWFfdmVyc2lvbiI6IjEifQ==",
          "dependencies": [
            "data.aci_vlan_pool.dynamic"
          ]
        }
      ]
    },
    {
      "mode": "managed",
      "type": "aci_ranges",
      "name": "dynamic_2534",
      "provider": "provider[\"registry.terraform.io/ciscodevnet/aci\"]",
      "instances": [
        {
          "schema_version": 1,
          "attributes": {
            "alloc_mode": "inherit",
            "annotation": "orchestrator:terraform",
            "description": "",
            "from": "vlan-2534",
            "id": "uni/infra/vlanns-[dynamic]-dynamic/from-[vlan-2534]-to-[vlan-2534]",
            "name_alias": "",
            "role": "external",
            "to": "vlan-2534",
            "vlan_pool_dn": "uni/infra/vlanns-[dynamic]-dynamic"
          },
          "sensitive_attributes": [],
          "private": "eyJzY2hlbWFfdmVyc2lvbiI6IjEifQ==",
          "dependencies": [
            "data.aci_vlan_pool.dynamic"
          ]
        }
      ]
    },
    {
      "mode": "managed",
      "type": "aci_ranges",
      "name": "dynamic_2535",
      "provider": "provider[\"registry.terraform.io/ciscodevnet/aci\"]",
      "instances": [
        {
          "schema_version": 1,
          "attributes": {
            "alloc_mode": "inherit",
            "annotation": "orchestrator:terraform",
            "description": "",
            "from": "vlan-2535",
            "id": "uni/infra/vlanns-[dynamic]-dynamic/from-[vlan-2535]-to-[vlan-2535]",
            "name_alias": "",
            "role": "external",
            "to": "vlan-2535",
            "vlan_pool_dn": "uni/infra/vlanns-[dynamic]-dynamic"
          },
          "sensitive_attributes": [],
          "private": "eyJzY2hlbWFfdmVyc2lvbiI6IjEifQ==",
          "dependencies": [
            "data.aci_vlan_pool.dynamic"
          ]
        }
      ]
    },
    {
      "mode": "managed",
      "type": "aci_ranges",
      "name": "dynamic_2536",
      "provider": "provider[\"registry.terraform.io/ciscodevnet/aci\"]",
      "instances": [
        {
          "schema_version": 1,
          "attributes": {
            "alloc_mode": "inherit",
            "annotation": "orchestrator:terraform",
            "description": "",
            "from": "vlan-2536",
            "id": "uni/infra/vlanns-[dynamic]-dynamic/from-[vlan-2536]-to-[vlan-2536]",
            "name_alias": "",
            "role": "external",
            "to": "vlan-2536",
            "vlan_pool_dn": "uni/infra/vlanns-[dynamic]-dynamic"
          },
          "sensitive_attributes": [],
          "private": "eyJzY2hlbWFfdmVyc2lvbiI6IjEifQ==",
          "dependencies": [
            "data.aci_vlan_pool.dynamic"
          ]
        }
      ]
    },
    {
      "mode": "managed",
      "type": "aci_ranges",
      "name": "dynamic_2537",
      "provider": "provider[\"registry.terraform.io/ciscodevnet/aci\"]",
      "instances": [
        {
          "schema_version": 1,
          "attributes": {
            "alloc_mode": "inherit",
            "annotation": "orchestrator:terraform",
            "description": "",
            "from": "vlan-2537",
            "id": "uni/infra/vlanns-[dynamic]-dynamic/from-[vlan-2537]-to-[vlan-2537]",
            "name_alias": "",
            "role": "external",
            "to": "vlan-2537",
            "vlan_pool_dn": "uni/infra/vlanns-[dynamic]-dynamic"
          },
          "sensitive_attributes": [],
          "private": "eyJzY2hlbWFfdmVyc2lvbiI6IjEifQ==",
          "dependencies": [
            "data.aci_vlan_pool.dynamic"
          ]
        }
      ]
    },
    {
      "mode": "managed",
      "type": "aci_ranges",
      "name": "dynamic_2538",
      "provider": "provider[\"registry.terraform.io/ciscodevnet/aci\"]",
      "instances": [
        {
          "schema_version": 1,
          "attributes": {
            "alloc_mode": "inherit",
            "annotation": "orchestrator:terraform",
            "description": "",
            "from": "vlan-2538",
            "id": "uni/infra/vlanns-[dynamic]-dynamic/from-[vlan-2538]-to-[vlan-2538]",
            "name_alias": "",
            "role": "external",
            "to": "vlan-2538",
            "vlan_pool_dn": "uni/infra/vlanns-[dynamic]-dynamic"
          },
          "sensitive_attributes": [],
          "private": "eyJzY2hlbWFfdmVyc2lvbiI6IjEifQ==",
          "dependencies": [
            "data.aci_vlan_pool.dynamic"
          ]
        }
      ]
    },
    {
      "mode": "managed",
      "type": "aci_ranges",
      "name": "dynamic_2539",
      "provider": "provider[\"registry.terraform.io/ciscodevnet/aci\"]",
      "instances": [
        {
          "schema_version": 1,
          "attributes": {
            "alloc_mode": "inherit",
            "annotation": "orchestrator:terraform",
            "description": "",
            "from": "vlan-2539",
            "id": "uni/infra/vlanns-[dynamic]-dynamic/from-[vlan-2539]-to-[vlan-2539]",
            "name_alias": "",
            "role": "external",
            "to": "vlan-2539",
            "vlan_pool_dn": "uni/infra/vlanns-[dynamic]-dynamic"
          },
          "sensitive_attributes": [],
          "private": "eyJzY2hlbWFfdmVyc2lvbiI6IjEifQ==",
          "dependencies": [
            "data.aci_vlan_pool.dynamic"
          ]
        }
      ]
    },
    {
      "mode": "managed",
      "type": "aci_ranges",
      "name": "dynamic_2540",
      "provider": "provider[\"registry.terraform.io/ciscodevnet/aci\"]",
      "instances": [
        {
          "schema_version": 1,
          "attributes": {
            "alloc_mode": "inherit",
            "annotation": "orchestrator:terraform",
            "description": "",
            "from": "vlan-2540",
            "id": "uni/infra/vlanns-[dynamic]-dynamic/from-[vlan-2540]-to-[vlan-2540]",
            "name_alias": "",
            "role": "external",
            "to": "vlan-2540",
            "vlan_pool_dn": "uni/infra/vlanns-[dynamic]-dynamic"
          },
          "sensitive_attributes": [],
          "private": "eyJzY2hlbWFfdmVyc2lvbiI6IjEifQ==",
          "dependencies": [
            "data.aci_vlan_pool.dynamic"
          ]
        }
      ]
    },
    {
      "mode": "managed",
      "type": "aci_ranges",
      "name": "dynamic_2541",
      "provider": "provider[\"registry.terraform.io/ciscodevnet/aci\"]",
      "instances": [
        {
          "schema_version": 1,
          "attributes": {
            "alloc_mode": "inherit",
            "annotation": "orchestrator:terraform",
            "description": "",
            "from": "vlan-2541",
            "id": "uni/infra/vlanns-[dynamic]-dynamic/from-[vlan-2541]-to-[vlan-2541]",
            "name_alias": "",
            "role": "external",
            "to": "vlan-2541",
            "vlan_pool_dn": "uni/infra/vlanns-[dynamic]-dynamic"
          },
          "sensitive_attributes": [],
          "private": "eyJzY2hlbWFfdmVyc2lvbiI6IjEifQ==",
          "dependencies": [
            "data.aci_vlan_pool.dynamic"
          ]
        }
      ]
    },
    {
      "mode": "managed",
      "type": "aci_ranges",
      "name": "dynamic_2542",
      "provider": "provider[\"registry.terraform.io/ciscodevnet/aci\"]",
      "instances": [
        {
          "schema_version": 1,
          "attributes": {
            "alloc_mode": "inherit",
            "annotation": "orchestrator:terraform",
            "description": "",
            "from": "vlan-2542",
            "id": "uni/infra/vlanns-[dynamic]-dynamic/from-[vlan-2542]-to-[vlan-2542]",
            "name_alias": "",
            "role": "external",
            "to": "vlan-2542",
            "vlan_pool_dn": "uni/infra/vlanns-[dynamic]-dynamic"
          },
          "sensitive_attributes": [],
          "private": "eyJzY2hlbWFfdmVyc2lvbiI6IjEifQ==",
          "dependencies": [
            "data.aci_vlan_pool.dynamic"
          ]
        }
      ]
    },
    {
      "mode": "managed",
      "type": "aci_ranges",
      "name": "dynamic_2543",
      "provider": "provider[\"registry.terraform.io/ciscodevnet/aci\"]",
      "instances": [
        {
          "schema_version": 1,
          "attributes": {
            "alloc_mode": "inherit",
            "annotation": "orchestrator:terraform",
            "description": "",
            "from": "vlan-2543",
            "id": "uni/infra/vlanns-[dynamic]-dynamic/from-[vlan-2543]-to-[vlan-2543]",
            "name_alias": "",
            "role": "external",
            "to": "vlan-2543",
            "vlan_pool_dn": "uni/infra/vlanns-[dynamic]-dynamic"
          },
          "sensitive_attributes": [],
          "private": "eyJzY2hlbWFfdmVyc2lvbiI6IjEifQ==",
          "dependencies": [
            "data.aci_vlan_pool.dynamic"
          ]
        }
      ]
    },
    {
      "mode": "managed",
      "type": "aci_ranges",
      "name": "dynamic_2544",
      "provider": "provider[\"registry.terraform.io/ciscodevnet/aci\"]",
      "instances": [
        {
          "schema_version": 1,
          "attributes": {
            "alloc_mode": "inherit",
            "annotation": "orchestrator:terraform",
            "description": "",
            "from": "vlan-2544",
            "id": "uni/infra/vlanns-[dynamic]-dynamic/from-[vlan-2544]-to-[vlan-2544]",
            "name_alias": "",
            "role": "external",
            "to": "vlan-2544",
            "vlan_pool_dn": "uni/infra/vlanns-[dynamic]-dynamic"
          },
          "sensitive_attributes": [],
          "private": "eyJzY2hlbWFfdmVyc2lvbiI6IjEifQ==",
          "dependencies": [
            "data.aci_vlan_pool.dynamic"
          ]
        }
      ]
    },
    {
      "mode": "managed",
      "type": "aci_ranges",
      "name": "dynamic_2545",
      "provider": "provider[\"registry.terraform.io/ciscodevnet/aci\"]",
      "instances": [
        {
          "schema_version": 1,
          "attributes": {
            "alloc_mode": "inherit",
            "annotation": "orchestrator:terraform",
            "description": "",
            "from": "vlan-2545",
            "id": "uni/infra/vlanns-[dynamic]-dynamic/from-[vlan-2545]-to-[vlan-2545]",
            "name_alias": "",
            "role": "external",
            "to": "vlan-2545",
            "vlan_pool_dn": "uni/infra/vlanns-[dynamic]-dynamic"
          },
          "sensitive_attributes": [],
          "private": "eyJzY2hlbWFfdmVyc2lvbiI6IjEifQ==",
          "dependencies": [
            "data.aci_vlan_pool.dynamic"
          ]
        }
      ]
    },
    {
      "mode": "managed",
      "type": "aci_ranges",
      "name": "dynamic_2546",
      "provider": "provider[\"registry.terraform.io/ciscodevnet/aci\"]",
      "instances": [
        {
          "schema_version": 1,
          "attributes": {
            "alloc_mode": "inherit",
            "annotation": "orchestrator:terraform",
            "description": "",
            "from": "vlan-2546",
            "id": "uni/infra/vlanns-[dynamic]-dynamic/from-[vlan-2546]-to-[vlan-2546]",
            "name_alias": "",
            "role": "external",
            "to": "vlan-2546",
            "vlan_pool_dn": "uni/infra/vlanns-[dynamic]-dynamic"
          },
          "sensitive_attributes": [],
          "private": "eyJzY2hlbWFfdmVyc2lvbiI6IjEifQ==",
          "dependencies": [
            "data.aci_vlan_pool.dynamic"
          ]
        }
      ]
    },
    {
      "mode": "managed",
      "type": "aci_ranges",
      "name": "dynamic_2547",
      "provider": "provider[\"registry.terraform.io/ciscodevnet/aci\"]",
      "instances": [
        {
          "schema_version": 1,
          "attributes": {
            "alloc_mode": "inherit",
            "annotation": "orchestrator:terraform",
            "description": "",
            "from": "vlan-2547",
            "id": "uni/infra/vlanns-[dynamic]-dynamic/from-[vlan-2547]-to-[vlan-2547]",
            "name_alias": "",
            "role": "external",
            "to": "vlan-2547",
            "vlan_pool_dn": "uni/infra/vlanns-[dynamic]-dynamic"
          },
          "sensitive_attributes": [],
          "private": "eyJzY2hlbWFfdmVyc2lvbiI6IjEifQ==",
          "dependencies": [
            "data.aci_vlan_pool.dynamic"
          ]
        }
      ]
    },
    {
      "mode": "managed",
      "type": "aci_ranges",
      "name": "dynamic_2548",
      "provider": "provider[\"registry.terraform.io/ciscodevnet/aci\"]",
      "instances": [
        {
          "schema_version": 1,
          "attributes": {
            "alloc_mode": "inherit",
            "annotation": "orchestrator:terraform",
            "description": "",
            "from": "vlan-2548",
            "id": "uni/infra/vlanns-[dynamic]-dynamic/from-[vlan-2548]-to-[vlan-2548]",
            "name_alias": "",
            "role": "external",
            "to": "vlan-2548",
            "vlan_pool_dn": "uni/infra/vlanns-[dynamic]-dynamic"
          },
          "sensitive_attributes": [],
          "private": "eyJzY2hlbWFfdmVyc2lvbiI6IjEifQ==",
          "dependencies": [
            "data.aci_vlan_pool.dynamic"
          ]
        }
      ]
    },
    {
      "mode": "managed",
      "type": "aci_ranges",
      "name": "dynamic_2549",
      "provider": "provider[\"registry.terraform.io/ciscodevnet/aci\"]",
      "instances": [
        {
          "schema_version": 1,
          "attributes": {
            "alloc_mode": "inherit",
            "annotation": "orchestrator:terraform",
            "description": "",
            "from": "vlan-2549",
            "id": "uni/infra/vlanns-[dynamic]-dynamic/from-[vlan-2549]-to-[vlan-2549]",
            "name_alias": "",
            "role": "external",
            "to": "vlan-2549",
            "vlan_pool_dn": "uni/infra/vlanns-[dynamic]-dynamic"
          },
          "sensitive_attributes": [],
          "private": "eyJzY2hlbWFfdmVyc2lvbiI6IjEifQ==",
          "dependencies": [
            "data.aci_vlan_pool.dynamic"
          ]
        }
      ]
    },
    {
      "mode": "managed",
      "type": "aci_ranges",
      "name": "dynamic_2550",
      "provider": "provider[\"registry.terraform.io/ciscodevnet/aci\"]",
      "instances": [
        {
          "schema_version": 1,
          "attributes": {
            "alloc_mode": "inherit",
            "annotation": "orchestrator:terraform",
            "description": "",
            "from": "vlan-2550",
            "id": "uni/infra/vlanns-[dynamic]-dynamic/from-[vlan-2550]-to-[vlan-2550]",
            "name_alias": "",
            "role": "external",
            "to": "vlan-2550",
            "vlan_pool_dn": "uni/infra/vlanns-[dynamic]-dynamic"
          },
          "sensitive_attributes": [],
          "private": "eyJzY2hlbWFfdmVyc2lvbiI6IjEifQ==",
          "dependencies": [
            "data.aci_vlan_pool.dynamic"
          ]
        }
      ]
    },
    {
      "mode": "managed",
      "type": "aci_ranges",
      "name": "dynamic_2551",
      "provider": "provider[\"registry.terraform.io/ciscodevnet/aci\"]",
      "instances": [
        {
          "schema_version": 1,
          "attributes": {
            "alloc_mode": "inherit",
            "annotation": "orchestrator:terraform",
            "description": "",
            "from": "vlan-2551",
            "id": "uni/infra/vlanns-[dynamic]-dynamic/from-[vlan-2551]-to-[vlan-2551]",
            "name_alias": "",
            "role": "external",
            "to": "vlan-2551",
            "vlan_pool_dn": "uni/infra/vlanns-[dynamic]-dynamic"
          },
          "sensitive_attributes": [],
          "private": "eyJzY2hlbWFfdmVyc2lvbiI6IjEifQ==",
          "dependencies": [
            "data.aci_vlan_pool.dynamic"
          ]
        }
      ]
    },
    {
      "mode": "managed",
      "type": "aci_ranges",
      "name": "dynamic_2552",
      "provider": "provider[\"registry.terraform.io/ciscodevnet/aci\"]",
      "instances": [
        {
          "schema_version": 1,
          "attributes": {
            "alloc_mode": "inherit",
            "annotation": "orchestrator:terraform",
            "description": "",
            "from": "vlan-2552",
            "id": "uni/infra/vlanns-[dynamic]-dynamic/from-[vlan-2552]-to-[vlan-2552]",
            "name_alias": "",
            "role": "external",
            "to": "vlan-2552",
            "vlan_pool_dn": "uni/infra/vlanns-[dynamic]-dynamic"
          },
          "sensitive_attributes": [],
          "private": "eyJzY2hlbWFfdmVyc2lvbiI6IjEifQ==",
          "dependencies": [
            "data.aci_vlan_pool.dynamic"
          ]
        }
      ]
    },
    {
      "mode": "managed",
      "type": "aci_ranges",
      "name": "dynamic_2553",
      "provider": "provider[\"registry.terraform.io/ciscodevnet/aci\"]",
      "instances": [
        {
          "schema_version": 1,
          "attributes": {
            "alloc_mode": "inherit",
            "annotation": "orchestrator:terraform",
            "description": "",
            "from": "vlan-2553",
            "id": "uni/infra/vlanns-[dynamic]-dynamic/from-[vlan-2553]-to-[vlan-2553]",
            "name_alias": "",
            "role": "external",
            "to": "vlan-2553",
            "vlan_pool_dn": "uni/infra/vlanns-[dynamic]-dynamic"
          },
          "sensitive_attributes": [],
          "private": "eyJzY2hlbWFfdmVyc2lvbiI6IjEifQ==",
          "dependencies": [
            "data.aci_vlan_pool.dynamic"
          ]
        }
      ]
    },
    {
      "mode": "managed",
      "type": "aci_ranges",
      "name": "dynamic_2554",
      "provider": "provider[\"registry.terraform.io/ciscodevnet/aci\"]",
      "instances": [
        {
          "schema_version": 1,
          "attributes": {
            "alloc_mode": "inherit",
            "annotation": "orchestrator:terraform",
            "description": "",
            "from": "vlan-2554",
            "id": "uni/infra/vlanns-[dynamic]-dynamic/from-[vlan-2554]-to-[vlan-2554]",
            "name_alias": "",
            "role": "external",
            "to": "vlan-2554",
            "vlan_pool_dn": "uni/infra/vlanns-[dynamic]-dynamic"
          },
          "sensitive_attributes": [],
          "private": "eyJzY2hlbWFfdmVyc2lvbiI6IjEifQ==",
          "dependencies": [
            "data.aci_vlan_pool.dynamic"
          ]
        }
      ]
    },
    {
      "mode": "managed",
      "type": "aci_ranges",
      "name": "dynamic_2555",
      "provider": "provider[\"registry.terraform.io/ciscodevnet/aci\"]",
      "instances": [
        {
          "schema_version": 1,
          "attributes": {
            "alloc_mode": "inherit",
            "annotation": "orchestrator:terraform",
            "description": "",
            "from": "vlan-2555",
            "id": "uni/infra/vlanns-[dynamic]-dynamic/from-[vlan-2555]-to-[vlan-2555]",
            "name_alias": "",
            "role": "external",
            "to": "vlan-2555",
            "vlan_pool_dn": "uni/infra/vlanns-[dynamic]-dynamic"
          },
          "sensitive_attributes": [],
          "private": "eyJzY2hlbWFfdmVyc2lvbiI6IjEifQ==",
          "dependencies": [
            "data.aci_vlan_pool.dynamic"
          ]
        }
      ]
    },
    {
      "mode": "managed",
      "type": "aci_ranges",
      "name": "dynamic_2556",
      "provider": "provider[\"registry.terraform.io/ciscodevnet/aci\"]",
      "instances": [
        {
          "schema_version": 1,
          "attributes": {
            "alloc_mode": "inherit",
            "annotation": "orchestrator:terraform",
            "description": "",
            "from": "vlan-2556",
            "id": "uni/infra/vlanns-[dynamic]-dynamic/from-[vlan-2556]-to-[vlan-2556]",
            "name_alias": "",
            "role": "external",
            "to": "vlan-2556",
            "vlan_pool_dn": "uni/infra/vlanns-[dynamic]-dynamic"
          },
          "sensitive_attributes": [],
          "private": "eyJzY2hlbWFfdmVyc2lvbiI6IjEifQ==",
          "dependencies": [
            "data.aci_vlan_pool.dynamic"
          ]
        }
      ]
    },
    {
      "mode": "managed",
      "type": "aci_ranges",
      "name": "dynamic_2557",
      "provider": "provider[\"registry.terraform.io/ciscodevnet/aci\"]",
      "instances": [
        {
          "schema_version": 1,
          "attributes": {
            "alloc_mode": "inherit",
            "annotation": "orchestrator:terraform",
            "description": "",
            "from": "vlan-2557",
            "id": "uni/infra/vlanns-[dynamic]-dynamic/from-[vlan-2557]-to-[vlan-2557]",
            "name_alias": "",
            "role": "external",
            "to": "vlan-2557",
            "vlan_pool_dn": "uni/infra/vlanns-[dynamic]-dynamic"
          },
          "sensitive_attributes": [],
          "private": "eyJzY2hlbWFfdmVyc2lvbiI6IjEifQ==",
          "dependencies": [
            "data.aci_vlan_pool.dynamic"
          ]
        }
      ]
    },
    {
      "mode": "managed",
      "type": "aci_ranges",
      "name": "dynamic_2558",
      "provider": "provider[\"registry.terraform.io/ciscodevnet/aci\"]",
      "instances": [
        {
          "schema_version": 1,
          "attributes": {
            "alloc_mode": "inherit",
            "annotation": "orchestrator:terraform",
            "description": "",
            "from": "vlan-2558",
            "id": "uni/infra/vlanns-[dynamic]-dynamic/from-[vlan-2558]-to-[vlan-2558]",
            "name_alias": "",
            "role": "external",
            "to": "vlan-2558",
            "vlan_pool_dn": "uni/infra/vlanns-[dynamic]-dynamic"
          },
          "sensitive_attributes": [],
          "private": "eyJzY2hlbWFfdmVyc2lvbiI6IjEifQ==",
          "dependencies": [
            "data.aci_vlan_pool.dynamic"
          ]
        }
      ]
    },
    {
      "mode": "managed",
      "type": "aci_ranges",
      "name": "dynamic_2559",
      "provider": "provider[\"registry.terraform.io/ciscodevnet/aci\"]",
      "instances": [
        {
          "schema_version": 1,
          "attributes": {
            "alloc_mode": "inherit",
            "annotation": "orchestrator:terraform",
            "description": "",
            "from": "vlan-2559",
            "id": "uni/infra/vlanns-[dynamic]-dynamic/from-[vlan-2559]-to-[vlan-2559]",
            "name_alias": "",
            "role": "external",
            "to": "vlan-2559",
            "vlan_pool_dn": "uni/infra/vlanns-[dynamic]-dynamic"
          },
          "sensitive_attributes": [],
          "private": "eyJzY2hlbWFfdmVyc2lvbiI6IjEifQ==",
          "dependencies": [
            "data.aci_vlan_pool.dynamic"
          ]
        }
      ]
    },
    {
      "mode": "managed",
      "type": "aci_ranges",
      "name": "dynamic_2560",
      "provider": "provider[\"registry.terraform.io/ciscodevnet/aci\"]",
      "instances": [
        {
          "schema_version": 1,
          "attributes": {
            "alloc_mode": "inherit",
            "annotation": "orchestrator:terraform",
            "description": "",
            "from": "vlan-2560",
            "id": "uni/infra/vlanns-[dynamic]-dynamic/from-[vlan-2560]-to-[vlan-2560]",
            "name_alias": "",
            "role": "external",
            "to": "vlan-2560",
            "vlan_pool_dn": "uni/infra/vlanns-[dynamic]-dynamic"
          },
          "sensitive_attributes": [],
          "private": "eyJzY2hlbWFfdmVyc2lvbiI6IjEifQ==",
          "dependencies": [
            "data.aci_vlan_pool.dynamic"
          ]
        }
      ]
    },
    {
      "mode": "managed",
      "type": "aci_ranges",
      "name": "dynamic_2561",
      "provider": "provider[\"registry.terraform.io/ciscodevnet/aci\"]",
      "instances": [
        {
          "schema_version": 1,
          "attributes": {
            "alloc_mode": "inherit",
            "annotation": "orchestrator:terraform",
            "description": "",
            "from": "vlan-2561",
            "id": "uni/infra/vlanns-[dynamic]-dynamic/from-[vlan-2561]-to-[vlan-2561]",
            "name_alias": "",
            "role": "external",
            "to": "vlan-2561",
            "vlan_pool_dn": "uni/infra/vlanns-[dynamic]-dynamic"
          },
          "sensitive_attributes": [],
          "private": "eyJzY2hlbWFfdmVyc2lvbiI6IjEifQ==",
          "dependencies": [
            "data.aci_vlan_pool.dynamic"
          ]
        }
      ]
    },
    {
      "mode": "managed",
      "type": "aci_ranges",
      "name": "dynamic_2562",
      "provider": "provider[\"registry.terraform.io/ciscodevnet/aci\"]",
      "instances": [
        {
          "schema_version": 1,
          "attributes": {
            "alloc_mode": "inherit",
            "annotation": "orchestrator:terraform",
            "description": "",
            "from": "vlan-2562",
            "id": "uni/infra/vlanns-[dynamic]-dynamic/from-[vlan-2562]-to-[vlan-2562]",
            "name_alias": "",
            "role": "external",
            "to": "vlan-2562",
            "vlan_pool_dn": "uni/infra/vlanns-[dynamic]-dynamic"
          },
          "sensitive_attributes": [],
          "private": "eyJzY2hlbWFfdmVyc2lvbiI6IjEifQ==",
          "dependencies": [
            "data.aci_vlan_pool.dynamic"
          ]
        }
      ]
    },
    {
      "mode": "managed",
      "type": "aci_ranges",
      "name": "dynamic_2563",
      "provider": "provider[\"registry.terraform.io/ciscodevnet/aci\"]",
      "instances": [
        {
          "schema_version": 1,
          "attributes": {
            "alloc_mode": "inherit",
            "annotation": "orchestrator:terraform",
            "description": "",
            "from": "vlan-2563",
            "id": "uni/infra/vlanns-[dynamic]-dynamic/from-[vlan-2563]-to-[vlan-2563]",
            "name_alias": "",
            "role": "external",
            "to": "vlan-2563",
            "vlan_pool_dn": "uni/infra/vlanns-[dynamic]-dynamic"
          },
          "sensitive_attributes": [],
          "private": "eyJzY2hlbWFfdmVyc2lvbiI6IjEifQ==",
          "dependencies": [
            "data.aci_vlan_pool.dynamic"
          ]
        }
      ]
    },
    {
      "mode": "managed",
      "type": "aci_ranges",
      "name": "dynamic_2564",
      "provider": "provider[\"registry.terraform.io/ciscodevnet/aci\"]",
      "instances": [
        {
          "schema_version": 1,
          "attributes": {
            "alloc_mode": "inherit",
            "annotation": "orchestrator:terraform",
            "description": "",
            "from": "vlan-2564",
            "id": "uni/infra/vlanns-[dynamic]-dynamic/from-[vlan-2564]-to-[vlan-2564]",
            "name_alias": "",
            "role": "external",
            "to": "vlan-2564",
            "vlan_pool_dn": "uni/infra/vlanns-[dynamic]-dynamic"
          },
          "sensitive_attributes": [],
          "private": "eyJzY2hlbWFfdmVyc2lvbiI6IjEifQ==",
          "dependencies": [
            "data.aci_vlan_pool.dynamic"
          ]
        }
      ]
    },
    {
      "mode": "managed",
      "type": "aci_ranges",
      "name": "dynamic_2565",
      "provider": "provider[\"registry.terraform.io/ciscodevnet/aci\"]",
      "instances": [
        {
          "schema_version": 1,
          "attributes": {
            "alloc_mode": "inherit",
            "annotation": "orchestrator:terraform",
            "description": "",
            "from": "vlan-2565",
            "id": "uni/infra/vlanns-[dynamic]-dynamic/from-[vlan-2565]-to-[vlan-2565]",
            "name_alias": "",
            "role": "external",
            "to": "vlan-2565",
            "vlan_pool_dn": "uni/infra/vlanns-[dynamic]-dynamic"
          },
          "sensitive_attributes": [],
          "private": "eyJzY2hlbWFfdmVyc2lvbiI6IjEifQ==",
          "dependencies": [
            "data.aci_vlan_pool.dynamic"
          ]
        }
      ]
    },
    {
      "mode": "managed",
      "type": "aci_ranges",
      "name": "dynamic_2566",
      "provider": "provider[\"registry.terraform.io/ciscodevnet/aci\"]",
      "instances": [
        {
          "schema_version": 1,
          "attributes": {
            "alloc_mode": "inherit",
            "annotation": "orchestrator:terraform",
            "description": "",
            "from": "vlan-2566",
            "id": "uni/infra/vlanns-[dynamic]-dynamic/from-[vlan-2566]-to-[vlan-2566]",
            "name_alias": "",
            "role": "external",
            "to": "vlan-2566",
            "vlan_pool_dn": "uni/infra/vlanns-[dynamic]-dynamic"
          },
          "sensitive_attributes": [],
          "private": "eyJzY2hlbWFfdmVyc2lvbiI6IjEifQ==",
          "dependencies": [
            "data.aci_vlan_pool.dynamic"
          ]
        }
      ]
    },
    {
      "mode": "managed",
      "type": "aci_ranges",
      "name": "dynamic_2567",
      "provider": "provider[\"registry.terraform.io/ciscodevnet/aci\"]",
      "instances": [
        {
          "schema_version": 1,
          "attributes": {
            "alloc_mode": "inherit",
            "annotation": "orchestrator:terraform",
            "description": "",
            "from": "vlan-2567",
            "id": "uni/infra/vlanns-[dynamic]-dynamic/from-[vlan-2567]-to-[vlan-2567]",
            "name_alias": "",
            "role": "external",
            "to": "vlan-2567",
            "vlan_pool_dn": "uni/infra/vlanns-[dynamic]-dynamic"
          },
          "sensitive_attributes": [],
          "private": "eyJzY2hlbWFfdmVyc2lvbiI6IjEifQ==",
          "dependencies": [
            "data.aci_vlan_pool.dynamic"
          ]
        }
      ]
    },
    {
      "mode": "managed",
      "type": "aci_ranges",
      "name": "dynamic_2568",
      "provider": "provider[\"registry.terraform.io/ciscodevnet/aci\"]",
      "instances": [
        {
          "schema_version": 1,
          "attributes": {
            "alloc_mode": "inherit",
            "annotation": "orchestrator:terraform",
            "description": "",
            "from": "vlan-2568",
            "id": "uni/infra/vlanns-[dynamic]-dynamic/from-[vlan-2568]-to-[vlan-2568]",
            "name_alias": "",
            "role": "external",
            "to": "vlan-2568",
            "vlan_pool_dn": "uni/infra/vlanns-[dynamic]-dynamic"
          },
          "sensitive_attributes": [],
          "private": "eyJzY2hlbWFfdmVyc2lvbiI6IjEifQ==",
          "dependencies": [
            "data.aci_vlan_pool.dynamic"
          ]
        }
      ]
    },
    {
      "mode": "managed",
      "type": "aci_ranges",
      "name": "dynamic_2569",
      "provider": "provider[\"registry.terraform.io/ciscodevnet/aci\"]",
      "instances": [
        {
          "schema_version": 1,
          "attributes": {
            "alloc_mode": "inherit",
            "annotation": "orchestrator:terraform",
            "description": "",
            "from": "vlan-2569",
            "id": "uni/infra/vlanns-[dynamic]-dynamic/from-[vlan-2569]-to-[vlan-2569]",
            "name_alias": "",
            "role": "external",
            "to": "vlan-2569",
            "vlan_pool_dn": "uni/infra/vlanns-[dynamic]-dynamic"
          },
          "sensitive_attributes": [],
          "private": "eyJzY2hlbWFfdmVyc2lvbiI6IjEifQ==",
          "dependencies": [
            "data.aci_vlan_pool.dynamic"
          ]
        }
      ]
    },
    {
      "mode": "managed",
      "type": "aci_ranges",
      "name": "dynamic_2570",
      "provider": "provider[\"registry.terraform.io/ciscodevnet/aci\"]",
      "instances": [
        {
          "schema_version": 1,
          "attributes": {
            "alloc_mode": "inherit",
            "annotation": "orchestrator:terraform",
            "description": "",
            "from": "vlan-2570",
            "id": "uni/infra/vlanns-[dynamic]-dynamic/from-[vlan-2570]-to-[vlan-2570]",
            "name_alias": "",
            "role": "external",
            "to": "vlan-2570",
            "vlan_pool_dn": "uni/infra/vlanns-[dynamic]-dynamic"
          },
          "sensitive_attributes": [],
          "private": "eyJzY2hlbWFfdmVyc2lvbiI6IjEifQ==",
          "dependencies": [
            "data.aci_vlan_pool.dynamic"
          ]
        }
      ]
    },
    {
      "mode": "managed",
      "type": "aci_ranges",
      "name": "dynamic_2571",
      "provider": "provider[\"registry.terraform.io/ciscodevnet/aci\"]",
      "instances": [
        {
          "schema_version": 1,
          "attributes": {
            "alloc_mode": "inherit",
            "annotation": "orchestrator:terraform",
            "description": "",
            "from": "vlan-2571",
            "id": "uni/infra/vlanns-[dynamic]-dynamic/from-[vlan-2571]-to-[vlan-2571]",
            "name_alias": "",
            "role": "external",
            "to": "vlan-2571",
            "vlan_pool_dn": "uni/infra/vlanns-[dynamic]-dynamic"
          },
          "sensitive_attributes": [],
          "private": "eyJzY2hlbWFfdmVyc2lvbiI6IjEifQ==",
          "dependencies": [
            "data.aci_vlan_pool.dynamic"
          ]
        }
      ]
    },
    {
      "mode": "managed",
      "type": "aci_ranges",
      "name": "dynamic_2572",
      "provider": "provider[\"registry.terraform.io/ciscodevnet/aci\"]",
      "instances": [
        {
          "schema_version": 1,
          "attributes": {
            "alloc_mode": "inherit",
            "annotation": "orchestrator:terraform",
            "description": "",
            "from": "vlan-2572",
            "id": "uni/infra/vlanns-[dynamic]-dynamic/from-[vlan-2572]-to-[vlan-2572]",
            "name_alias": "",
            "role": "external",
            "to": "vlan-2572",
            "vlan_pool_dn": "uni/infra/vlanns-[dynamic]-dynamic"
          },
          "sensitive_attributes": [],
          "private": "eyJzY2hlbWFfdmVyc2lvbiI6IjEifQ==",
          "dependencies": [
            "data.aci_vlan_pool.dynamic"
          ]
        }
      ]
    },
    {
      "mode": "managed",
      "type": "aci_ranges",
      "name": "dynamic_2573",
      "provider": "provider[\"registry.terraform.io/ciscodevnet/aci\"]",
      "instances": [
        {
          "schema_version": 1,
          "attributes": {
            "alloc_mode": "inherit",
            "annotation": "orchestrator:terraform",
            "description": "",
            "from": "vlan-2573",
            "id": "uni/infra/vlanns-[dynamic]-dynamic/from-[vlan-2573]-to-[vlan-2573]",
            "name_alias": "",
            "role": "external",
            "to": "vlan-2573",
            "vlan_pool_dn": "uni/infra/vlanns-[dynamic]-dynamic"
          },
          "sensitive_attributes": [],
          "private": "eyJzY2hlbWFfdmVyc2lvbiI6IjEifQ==",
          "dependencies": [
            "data.aci_vlan_pool.dynamic"
          ]
        }
      ]
    },
    {
      "mode": "managed",
      "type": "aci_ranges",
      "name": "dynamic_2574",
      "provider": "provider[\"registry.terraform.io/ciscodevnet/aci\"]",
      "instances": [
        {
          "schema_version": 1,
          "attributes": {
            "alloc_mode": "inherit",
            "annotation": "orchestrator:terraform",
            "description": "",
            "from": "vlan-2574",
            "id": "uni/infra/vlanns-[dynamic]-dynamic/from-[vlan-2574]-to-[vlan-2574]",
            "name_alias": "",
            "role": "external",
            "to": "vlan-2574",
            "vlan_pool_dn": "uni/infra/vlanns-[dynamic]-dynamic"
          },
          "sensitive_attributes": [],
          "private": "eyJzY2hlbWFfdmVyc2lvbiI6IjEifQ==",
          "dependencies": [
            "data.aci_vlan_pool.dynamic"
          ]
        }
      ]
    },
    {
      "mode": "managed",
      "type": "aci_ranges",
      "name": "dynamic_2575",
      "provider": "provider[\"registry.terraform.io/ciscodevnet/aci\"]",
      "instances": [
        {
          "schema_version": 1,
          "attributes": {
            "alloc_mode": "inherit",
            "annotation": "orchestrator:terraform",
            "description": "",
            "from": "vlan-2575",
            "id": "uni/infra/vlanns-[dynamic]-dynamic/from-[vlan-2575]-to-[vlan-2575]",
            "name_alias": "",
            "role": "external",
            "to": "vlan-2575",
            "vlan_pool_dn": "uni/infra/vlanns-[dynamic]-dynamic"
          },
          "sensitive_attributes": [],
          "private": "eyJzY2hlbWFfdmVyc2lvbiI6IjEifQ==",
          "dependencies": [
            "data.aci_vlan_pool.dynamic"
          ]
        }
      ]
    },
    {
      "mode": "managed",
      "type": "aci_ranges",
      "name": "dynamic_2576",
      "provider": "provider[\"registry.terraform.io/ciscodevnet/aci\"]",
      "instances": [
        {
          "schema_version": 1,
          "attributes": {
            "alloc_mode": "inherit",
            "annotation": "orchestrator:terraform",
            "description": "",
            "from": "vlan-2576",
            "id": "uni/infra/vlanns-[dynamic]-dynamic/from-[vlan-2576]-to-[vlan-2576]",
            "name_alias": "",
            "role": "external",
            "to": "vlan-2576",
            "vlan_pool_dn": "uni/infra/vlanns-[dynamic]-dynamic"
          },
          "sensitive_attributes": [],
          "private": "eyJzY2hlbWFfdmVyc2lvbiI6IjEifQ==",
          "dependencies": [
            "data.aci_vlan_pool.dynamic"
          ]
        }
      ]
    },
    {
      "mode": "managed",
      "type": "aci_ranges",
      "name": "dynamic_2577",
      "provider": "provider[\"registry.terraform.io/ciscodevnet/aci\"]",
      "instances": [
        {
          "schema_version": 1,
          "attributes": {
            "alloc_mode": "inherit",
            "annotation": "orchestrator:terraform",
            "description": "",
            "from": "vlan-2577",
            "id": "uni/infra/vlanns-[dynamic]-dynamic/from-[vlan-2577]-to-[vlan-2577]",
            "name_alias": "",
            "role": "external",
            "to": "vlan-2577",
            "vlan_pool_dn": "uni/infra/vlanns-[dynamic]-dynamic"
          },
          "sensitive_attributes": [],
          "private": "eyJzY2hlbWFfdmVyc2lvbiI6IjEifQ==",
          "dependencies": [
            "data.aci_vlan_pool.dynamic"
          ]
        }
      ]
    },
    {
      "mode": "managed",
      "type": "aci_ranges",
      "name": "dynamic_2578",
      "provider": "provider[\"registry.terraform.io/ciscodevnet/aci\"]",
      "instances": [
        {
          "schema_version": 1,
          "attributes": {
            "alloc_mode": "inherit",
            "annotation": "orchestrator:terraform",
            "description": "",
            "from": "vlan-2578",
            "id": "uni/infra/vlanns-[dynamic]-dynamic/from-[vlan-2578]-to-[vlan-2578]",
            "name_alias": "",
            "role": "external",
            "to": "vlan-2578",
            "vlan_pool_dn": "uni/infra/vlanns-[dynamic]-dynamic"
          },
          "sensitive_attributes": [],
          "private": "eyJzY2hlbWFfdmVyc2lvbiI6IjEifQ==",
          "dependencies": [
            "data.aci_vlan_pool.dynamic"
          ]
        }
      ]
    },
    {
      "mode": "managed",
      "type": "aci_ranges",
      "name": "dynamic_2579",
      "provider": "provider[\"registry.terraform.io/ciscodevnet/aci\"]",
      "instances": [
        {
          "schema_version": 1,
          "attributes": {
            "alloc_mode": "inherit",
            "annotation": "orchestrator:terraform",
            "description": "",
            "from": "vlan-2579",
            "id": "uni/infra/vlanns-[dynamic]-dynamic/from-[vlan-2579]-to-[vlan-2579]",
            "name_alias": "",
            "role": "external",
            "to": "vlan-2579",
            "vlan_pool_dn": "uni/infra/vlanns-[dynamic]-dynamic"
          },
          "sensitive_attributes": [],
          "private": "eyJzY2hlbWFfdmVyc2lvbiI6IjEifQ==",
          "dependencies": [
            "data.aci_vlan_pool.dynamic"
          ]
        }
      ]
    },
    {
      "mode": "managed",
      "type": "aci_ranges",
      "name": "dynamic_2580",
      "provider": "provider[\"registry.terraform.io/ciscodevnet/aci\"]",
      "instances": [
        {
          "schema_version": 1,
          "attributes": {
            "alloc_mode": "inherit",
            "annotation": "orchestrator:terraform",
            "description": "",
            "from": "vlan-2580",
            "id": "uni/infra/vlanns-[dynamic]-dynamic/from-[vlan-2580]-to-[vlan-2580]",
            "name_alias": "",
            "role": "external",
            "to": "vlan-2580",
            "vlan_pool_dn": "uni/infra/vlanns-[dynamic]-dynamic"
          },
          "sensitive_attributes": [],
          "private": "eyJzY2hlbWFfdmVyc2lvbiI6IjEifQ==",
          "dependencies": [
            "data.aci_vlan_pool.dynamic"
          ]
        }
      ]
    },
    {
      "mode": "managed",
      "type": "aci_ranges",
      "name": "dynamic_2581",
      "provider": "provider[\"registry.terraform.io/ciscodevnet/aci\"]",
      "instances": [
        {
          "schema_version": 1,
          "attributes": {
            "alloc_mode": "inherit",
            "annotation": "orchestrator:terraform",
            "description": "",
            "from": "vlan-2581",
            "id": "uni/infra/vlanns-[dynamic]-dynamic/from-[vlan-2581]-to-[vlan-2581]",
            "name_alias": "",
            "role": "external",
            "to": "vlan-2581",
            "vlan_pool_dn": "uni/infra/vlanns-[dynamic]-dynamic"
          },
          "sensitive_attributes": [],
          "private": "eyJzY2hlbWFfdmVyc2lvbiI6IjEifQ==",
          "dependencies": [
            "data.aci_vlan_pool.dynamic"
          ]
        }
      ]
    },
    {
      "mode": "managed",
      "type": "aci_ranges",
      "name": "dynamic_2582",
      "provider": "provider[\"registry.terraform.io/ciscodevnet/aci\"]",
      "instances": [
        {
          "schema_version": 1,
          "attributes": {
            "alloc_mode": "inherit",
            "annotation": "orchestrator:terraform",
            "description": "",
            "from": "vlan-2582",
            "id": "uni/infra/vlanns-[dynamic]-dynamic/from-[vlan-2582]-to-[vlan-2582]",
            "name_alias": "",
            "role": "external",
            "to": "vlan-2582",
            "vlan_pool_dn": "uni/infra/vlanns-[dynamic]-dynamic"
          },
          "sensitive_attributes": [],
          "private": "eyJzY2hlbWFfdmVyc2lvbiI6IjEifQ==",
          "dependencies": [
            "data.aci_vlan_pool.dynamic"
          ]
        }
      ]
    },
    {
      "mode": "managed",
      "type": "aci_ranges",
      "name": "dynamic_2583",
      "provider": "provider[\"registry.terraform.io/ciscodevnet/aci\"]",
      "instances": [
        {
          "schema_version": 1,
          "attributes": {
            "alloc_mode": "inherit",
            "annotation": "orchestrator:terraform",
            "description": "",
            "from": "vlan-2583",
            "id": "uni/infra/vlanns-[dynamic]-dynamic/from-[vlan-2583]-to-[vlan-2583]",
            "name_alias": "",
            "role": "external",
            "to": "vlan-2583",
            "vlan_pool_dn": "uni/infra/vlanns-[dynamic]-dynamic"
          },
          "sensitive_attributes": [],
          "private": "eyJzY2hlbWFfdmVyc2lvbiI6IjEifQ==",
          "dependencies": [
            "data.aci_vlan_pool.dynamic"
          ]
        }
      ]
    },
    {
      "mode": "managed",
      "type": "aci_ranges",
      "name": "dynamic_2584",
      "provider": "provider[\"registry.terraform.io/ciscodevnet/aci\"]",
      "instances": [
        {
          "schema_version": 1,
          "attributes": {
            "alloc_mode": "inherit",
            "annotation": "orchestrator:terraform",
            "description": "",
            "from": "vlan-2584",
            "id": "uni/infra/vlanns-[dynamic]-dynamic/from-[vlan-2584]-to-[vlan-2584]",
            "name_alias": "",
            "role": "external",
            "to": "vlan-2584",
            "vlan_pool_dn": "uni/infra/vlanns-[dynamic]-dynamic"
          },
          "sensitive_attributes": [],
          "private": "eyJzY2hlbWFfdmVyc2lvbiI6IjEifQ==",
          "dependencies": [
            "data.aci_vlan_pool.dynamic"
          ]
        }
      ]
    },
    {
      "mode": "managed",
      "type": "aci_ranges",
      "name": "dynamic_2585",
      "provider": "provider[\"registry.terraform.io/ciscodevnet/aci\"]",
      "instances": [
        {
          "schema_version": 1,
          "attributes": {
            "alloc_mode": "inherit",
            "annotation": "orchestrator:terraform",
            "description": "",
            "from": "vlan-2585",
            "id": "uni/infra/vlanns-[dynamic]-dynamic/from-[vlan-2585]-to-[vlan-2585]",
            "name_alias": "",
            "role": "external",
            "to": "vlan-2585",
            "vlan_pool_dn": "uni/infra/vlanns-[dynamic]-dynamic"
          },
          "sensitive_attributes": [],
          "private": "eyJzY2hlbWFfdmVyc2lvbiI6IjEifQ==",
          "dependencies": [
            "data.aci_vlan_pool.dynamic"
          ]
        }
      ]
    },
    {
      "mode": "managed",
      "type": "aci_ranges",
      "name": "dynamic_2586",
      "provider": "provider[\"registry.terraform.io/ciscodevnet/aci\"]",
      "instances": [
        {
          "schema_version": 1,
          "attributes": {
            "alloc_mode": "inherit",
            "annotation": "orchestrator:terraform",
            "description": "",
            "from": "vlan-2586",
            "id": "uni/infra/vlanns-[dynamic]-dynamic/from-[vlan-2586]-to-[vlan-2586]",
            "name_alias": "",
            "role": "external",
            "to": "vlan-2586",
            "vlan_pool_dn": "uni/infra/vlanns-[dynamic]-dynamic"
          },
          "sensitive_attributes": [],
          "private": "eyJzY2hlbWFfdmVyc2lvbiI6IjEifQ==",
          "dependencies": [
            "data.aci_vlan_pool.dynamic"
          ]
        }
      ]
    },
    {
      "mode": "managed",
      "type": "aci_ranges",
      "name": "dynamic_2587",
      "provider": "provider[\"registry.terraform.io/ciscodevnet/aci\"]",
      "instances": [
        {
          "schema_version": 1,
          "attributes": {
            "alloc_mode": "inherit",
            "annotation": "orchestrator:terraform",
            "description": "",
            "from": "vlan-2587",
            "id": "uni/infra/vlanns-[dynamic]-dynamic/from-[vlan-2587]-to-[vlan-2587]",
            "name_alias": "",
            "role": "external",
            "to": "vlan-2587",
            "vlan_pool_dn": "uni/infra/vlanns-[dynamic]-dynamic"
          },
          "sensitive_attributes": [],
          "private": "eyJzY2hlbWFfdmVyc2lvbiI6IjEifQ==",
          "dependencies": [
            "data.aci_vlan_pool.dynamic"
          ]
        }
      ]
    },
    {
      "mode": "managed",
      "type": "aci_ranges",
      "name": "dynamic_2588",
      "provider": "provider[\"registry.terraform.io/ciscodevnet/aci\"]",
      "instances": [
        {
          "schema_version": 1,
          "attributes": {
            "alloc_mode": "inherit",
            "annotation": "orchestrator:terraform",
            "description": "",
            "from": "vlan-2588",
            "id": "uni/infra/vlanns-[dynamic]-dynamic/from-[vlan-2588]-to-[vlan-2588]",
            "name_alias": "",
            "role": "external",
            "to": "vlan-2588",
            "vlan_pool_dn": "uni/infra/vlanns-[dynamic]-dynamic"
          },
          "sensitive_attributes": [],
          "private": "eyJzY2hlbWFfdmVyc2lvbiI6IjEifQ==",
          "dependencies": [
            "data.aci_vlan_pool.dynamic"
          ]
        }
      ]
    },
    {
      "mode": "managed",
      "type": "aci_ranges",
      "name": "dynamic_2589",
      "provider": "provider[\"registry.terraform.io/ciscodevnet/aci\"]",
      "instances": [
        {
          "schema_version": 1,
          "attributes": {
            "alloc_mode": "inherit",
            "annotation": "orchestrator:terraform",
            "description": "",
            "from": "vlan-2589",
            "id": "uni/infra/vlanns-[dynamic]-dynamic/from-[vlan-2589]-to-[vlan-2589]",
            "name_alias": "",
            "role": "external",
            "to": "vlan-2589",
            "vlan_pool_dn": "uni/infra/vlanns-[dynamic]-dynamic"
          },
          "sensitive_attributes": [],
          "private": "eyJzY2hlbWFfdmVyc2lvbiI6IjEifQ==",
          "dependencies": [
            "data.aci_vlan_pool.dynamic"
          ]
        }
      ]
    },
    {
      "mode": "managed",
      "type": "aci_ranges",
      "name": "dynamic_2590",
      "provider": "provider[\"registry.terraform.io/ciscodevnet/aci\"]",
      "instances": [
        {
          "schema_version": 1,
          "attributes": {
            "alloc_mode": "inherit",
            "annotation": "orchestrator:terraform",
            "description": "",
            "from": "vlan-2590",
            "id": "uni/infra/vlanns-[dynamic]-dynamic/from-[vlan-2590]-to-[vlan-2590]",
            "name_alias": "",
            "role": "external",
            "to": "vlan-2590",
            "vlan_pool_dn": "uni/infra/vlanns-[dynamic]-dynamic"
          },
          "sensitive_attributes": [],
          "private": "eyJzY2hlbWFfdmVyc2lvbiI6IjEifQ==",
          "dependencies": [
            "data.aci_vlan_pool.dynamic"
          ]
        }
      ]
    },
    {
      "mode": "managed",
      "type": "aci_ranges",
      "name": "dynamic_2591",
      "provider": "provider[\"registry.terraform.io/ciscodevnet/aci\"]",
      "instances": [
        {
          "schema_version": 1,
          "attributes": {
            "alloc_mode": "inherit",
            "annotation": "orchestrator:terraform",
            "description": "",
            "from": "vlan-2591",
            "id": "uni/infra/vlanns-[dynamic]-dynamic/from-[vlan-2591]-to-[vlan-2591]",
            "name_alias": "",
            "role": "external",
            "to": "vlan-2591",
            "vlan_pool_dn": "uni/infra/vlanns-[dynamic]-dynamic"
          },
          "sensitive_attributes": [],
          "private": "eyJzY2hlbWFfdmVyc2lvbiI6IjEifQ==",
          "dependencies": [
            "data.aci_vlan_pool.dynamic"
          ]
        }
      ]
    },
    {
      "mode": "managed",
      "type": "aci_ranges",
      "name": "dynamic_2592",
      "provider": "provider[\"registry.terraform.io/ciscodevnet/aci\"]",
      "instances": [
        {
          "schema_version": 1,
          "attributes": {
            "alloc_mode": "inherit",
            "annotation": "orchestrator:terraform",
            "description": "",
            "from": "vlan-2592",
            "id": "uni/infra/vlanns-[dynamic]-dynamic/from-[vlan-2592]-to-[vlan-2592]",
            "name_alias": "",
            "role": "external",
            "to": "vlan-2592",
            "vlan_pool_dn": "uni/infra/vlanns-[dynamic]-dynamic"
          },
          "sensitive_attributes": [],
          "private": "eyJzY2hlbWFfdmVyc2lvbiI6IjEifQ==",
          "dependencies": [
            "data.aci_vlan_pool.dynamic"
          ]
        }
      ]
    },
    {
      "mode": "managed",
      "type": "aci_ranges",
      "name": "dynamic_2593",
      "provider": "provider[\"registry.terraform.io/ciscodevnet/aci\"]",
      "instances": [
        {
          "schema_version": 1,
          "attributes": {
            "alloc_mode": "inherit",
            "annotation": "orchestrator:terraform",
            "description": "",
            "from": "vlan-2593",
            "id": "uni/infra/vlanns-[dynamic]-dynamic/from-[vlan-2593]-to-[vlan-2593]",
            "name_alias": "",
            "role": "external",
            "to": "vlan-2593",
            "vlan_pool_dn": "uni/infra/vlanns-[dynamic]-dynamic"
          },
          "sensitive_attributes": [],
          "private": "eyJzY2hlbWFfdmVyc2lvbiI6IjEifQ==",
          "dependencies": [
            "data.aci_vlan_pool.dynamic"
          ]
        }
      ]
    },
    {
      "mode": "managed",
      "type": "aci_ranges",
      "name": "dynamic_2594",
      "provider": "provider[\"registry.terraform.io/ciscodevnet/aci\"]",
      "instances": [
        {
          "schema_version": 1,
          "attributes": {
            "alloc_mode": "inherit",
            "annotation": "orchestrator:terraform",
            "description": "",
            "from": "vlan-2594",
            "id": "uni/infra/vlanns-[dynamic]-dynamic/from-[vlan-2594]-to-[vlan-2594]",
            "name_alias": "",
            "role": "external",
            "to": "vlan-2594",
            "vlan_pool_dn": "uni/infra/vlanns-[dynamic]-dynamic"
          },
          "sensitive_attributes": [],
          "private": "eyJzY2hlbWFfdmVyc2lvbiI6IjEifQ==",
          "dependencies": [
            "data.aci_vlan_pool.dynamic"
          ]
        }
      ]
    },
    {
      "mode": "managed",
      "type": "aci_ranges",
      "name": "dynamic_2595",
      "provider": "provider[\"registry.terraform.io/ciscodevnet/aci\"]",
      "instances": [
        {
          "schema_version": 1,
          "attributes": {
            "alloc_mode": "inherit",
            "annotation": "orchestrator:terraform",
            "description": "",
            "from": "vlan-2595",
            "id": "uni/infra/vlanns-[dynamic]-dynamic/from-[vlan-2595]-to-[vlan-2595]",
            "name_alias": "",
            "role": "external",
            "to": "vlan-2595",
            "vlan_pool_dn": "uni/infra/vlanns-[dynamic]-dynamic"
          },
          "sensitive_attributes": [],
          "private": "eyJzY2hlbWFfdmVyc2lvbiI6IjEifQ==",
          "dependencies": [
            "data.aci_vlan_pool.dynamic"
          ]
        }
      ]
    },
    {
      "mode": "managed",
      "type": "aci_ranges",
      "name": "dynamic_2596",
      "provider": "provider[\"registry.terraform.io/ciscodevnet/aci\"]",
      "instances": [
        {
          "schema_version": 1,
          "attributes": {
            "alloc_mode": "inherit",
            "annotation": "orchestrator:terraform",
            "description": "",
            "from": "vlan-2596",
            "id": "uni/infra/vlanns-[dynamic]-dynamic/from-[vlan-2596]-to-[vlan-2596]",
            "name_alias": "",
            "role": "external",
            "to": "vlan-2596",
            "vlan_pool_dn": "uni/infra/vlanns-[dynamic]-dynamic"
          },
          "sensitive_attributes": [],
          "private": "eyJzY2hlbWFfdmVyc2lvbiI6IjEifQ==",
          "dependencies": [
            "data.aci_vlan_pool.dynamic"
          ]
        }
      ]
    },
    {
      "mode": "managed",
      "type": "aci_ranges",
      "name": "dynamic_2597",
      "provider": "provider[\"registry.terraform.io/ciscodevnet/aci\"]",
      "instances": [
        {
          "schema_version": 1,
          "attributes": {
            "alloc_mode": "inherit",
            "annotation": "orchestrator:terraform",
            "description": "",
            "from": "vlan-2597",
            "id": "uni/infra/vlanns-[dynamic]-dynamic/from-[vlan-2597]-to-[vlan-2597]",
            "name_alias": "",
            "role": "external",
            "to": "vlan-2597",
            "vlan_pool_dn": "uni/infra/vlanns-[dynamic]-dynamic"
          },
          "sensitive_attributes": [],
          "private": "eyJzY2hlbWFfdmVyc2lvbiI6IjEifQ==",
          "dependencies": [
            "data.aci_vlan_pool.dynamic"
          ]
        }
      ]
    },
    {
      "mode": "managed",
      "type": "aci_ranges",
      "name": "dynamic_2598",
      "provider": "provider[\"registry.terraform.io/ciscodevnet/aci\"]",
      "instances": [
        {
          "schema_version": 1,
          "attributes": {
            "alloc_mode": "inherit",
            "annotation": "orchestrator:terraform",
            "description": "",
            "from": "vlan-2598",
            "id": "uni/infra/vlanns-[dynamic]-dynamic/from-[vlan-2598]-to-[vlan-2598]",
            "name_alias": "",
            "role": "external",
            "to": "vlan-2598",
            "vlan_pool_dn": "uni/infra/vlanns-[dynamic]-dynamic"
          },
          "sensitive_attributes": [],
          "private": "eyJzY2hlbWFfdmVyc2lvbiI6IjEifQ==",
          "dependencies": [
            "data.aci_vlan_pool.dynamic"
          ]
        }
      ]
    },
    {
      "mode": "managed",
      "type": "aci_ranges",
      "name": "dynamic_2599",
      "provider": "provider[\"registry.terraform.io/ciscodevnet/aci\"]",
      "instances": [
        {
          "schema_version": 1,
          "attributes": {
            "alloc_mode": "inherit",
            "annotation": "orchestrator:terraform",
            "description": "",
            "from": "vlan-2599",
            "id": "uni/infra/vlanns-[dynamic]-dynamic/from-[vlan-2599]-to-[vlan-2599]",
            "name_alias": "",
            "role": "external",
            "to": "vlan-2599",
            "vlan_pool_dn": "uni/infra/vlanns-[dynamic]-dynamic"
          },
          "sensitive_attributes": [],
          "private": "eyJzY2hlbWFfdmVyc2lvbiI6IjEifQ==",
          "dependencies": [
            "data.aci_vlan_pool.dynamic"
          ]
        }
      ]
    },
    {
      "mode": "managed",
      "type": "aci_ranges",
      "name": "dynamic_2600",
      "provider": "provider[\"registry.terraform.io/ciscodevnet/aci\"]",
      "instances": [
        {
          "schema_version": 1,
          "attributes": {
            "alloc_mode": "inherit",
            "annotation": "orchestrator:terraform",
            "description": "",
            "from": "vlan-2600",
            "id": "uni/infra/vlanns-[dynamic]-dynamic/from-[vlan-2600]-to-[vlan-2600]",
            "name_alias": "",
            "role": "external",
            "to": "vlan-2600",
            "vlan_pool_dn": "uni/infra/vlanns-[dynamic]-dynamic"
          },
          "sensitive_attributes": [],
          "private": "eyJzY2hlbWFfdmVyc2lvbiI6IjEifQ==",
          "dependencies": [
            "data.aci_vlan_pool.dynamic"
          ]
        }
      ]
    },
    {
      "mode": "managed",
      "type": "aci_ranges",
      "name": "dynamic_2601",
      "provider": "provider[\"registry.terraform.io/ciscodevnet/aci\"]",
      "instances": [
        {
          "schema_version": 1,
          "attributes": {
            "alloc_mode": "inherit",
            "annotation": "orchestrator:terraform",
            "description": "",
            "from": "vlan-2601",
            "id": "uni/infra/vlanns-[dynamic]-dynamic/from-[vlan-2601]-to-[vlan-2601]",
            "name_alias": "",
            "role": "external",
            "to": "vlan-2601",
            "vlan_pool_dn": "uni/infra/vlanns-[dynamic]-dynamic"
          },
          "sensitive_attributes": [],
          "private": "eyJzY2hlbWFfdmVyc2lvbiI6IjEifQ==",
          "dependencies": [
            "data.aci_vlan_pool.dynamic"
          ]
        }
      ]
    },
    {
      "mode": "managed",
      "type": "aci_ranges",
      "name": "dynamic_2602",
      "provider": "provider[\"registry.terraform.io/ciscodevnet/aci\"]",
      "instances": [
        {
          "schema_version": 1,
          "attributes": {
            "alloc_mode": "inherit",
            "annotation": "orchestrator:terraform",
            "description": "",
            "from": "vlan-2602",
            "id": "uni/infra/vlanns-[dynamic]-dynamic/from-[vlan-2602]-to-[vlan-2602]",
            "name_alias": "",
            "role": "external",
            "to": "vlan-2602",
            "vlan_pool_dn": "uni/infra/vlanns-[dynamic]-dynamic"
          },
          "sensitive_attributes": [],
          "private": "eyJzY2hlbWFfdmVyc2lvbiI6IjEifQ==",
          "dependencies": [
            "data.aci_vlan_pool.dynamic"
          ]
        }
      ]
    },
    {
      "mode": "managed",
      "type": "aci_ranges",
      "name": "dynamic_2603",
      "provider": "provider[\"registry.terraform.io/ciscodevnet/aci\"]",
      "instances": [
        {
          "schema_version": 1,
          "attributes": {
            "alloc_mode": "inherit",
            "annotation": "orchestrator:terraform",
            "description": "",
            "from": "vlan-2603",
            "id": "uni/infra/vlanns-[dynamic]-dynamic/from-[vlan-2603]-to-[vlan-2603]",
            "name_alias": "",
            "role": "external",
            "to": "vlan-2603",
            "vlan_pool_dn": "uni/infra/vlanns-[dynamic]-dynamic"
          },
          "sensitive_attributes": [],
          "private": "eyJzY2hlbWFfdmVyc2lvbiI6IjEifQ==",
          "dependencies": [
            "data.aci_vlan_pool.dynamic"
          ]
        }
      ]
    },
    {
      "mode": "managed",
      "type": "aci_ranges",
      "name": "dynamic_2604",
      "provider": "provider[\"registry.terraform.io/ciscodevnet/aci\"]",
      "instances": [
        {
          "schema_version": 1,
          "attributes": {
            "alloc_mode": "inherit",
            "annotation": "orchestrator:terraform",
            "description": "",
            "from": "vlan-2604",
            "id": "uni/infra/vlanns-[dynamic]-dynamic/from-[vlan-2604]-to-[vlan-2604]",
            "name_alias": "",
            "role": "external",
            "to": "vlan-2604",
            "vlan_pool_dn": "uni/infra/vlanns-[dynamic]-dynamic"
          },
          "sensitive_attributes": [],
          "private": "eyJzY2hlbWFfdmVyc2lvbiI6IjEifQ==",
          "dependencies": [
            "data.aci_vlan_pool.dynamic"
          ]
        }
      ]
    },
    {
      "mode": "managed",
      "type": "aci_ranges",
      "name": "dynamic_2605",
      "provider": "provider[\"registry.terraform.io/ciscodevnet/aci\"]",
      "instances": [
        {
          "schema_version": 1,
          "attributes": {
            "alloc_mode": "inherit",
            "annotation": "orchestrator:terraform",
            "description": "",
            "from": "vlan-2605",
            "id": "uni/infra/vlanns-[dynamic]-dynamic/from-[vlan-2605]-to-[vlan-2605]",
            "name_alias": "",
            "role": "external",
            "to": "vlan-2605",
            "vlan_pool_dn": "uni/infra/vlanns-[dynamic]-dynamic"
          },
          "sensitive_attributes": [],
          "private": "eyJzY2hlbWFfdmVyc2lvbiI6IjEifQ==",
          "dependencies": [
            "data.aci_vlan_pool.dynamic"
          ]
        }
      ]
    },
    {
      "mode": "managed",
      "type": "aci_ranges",
      "name": "dynamic_2606",
      "provider": "provider[\"registry.terraform.io/ciscodevnet/aci\"]",
      "instances": [
        {
          "schema_version": 1,
          "attributes": {
            "alloc_mode": "inherit",
            "annotation": "orchestrator:terraform",
            "description": "",
            "from": "vlan-2606",
            "id": "uni/infra/vlanns-[dynamic]-dynamic/from-[vlan-2606]-to-[vlan-2606]",
            "name_alias": "",
            "role": "external",
            "to": "vlan-2606",
            "vlan_pool_dn": "uni/infra/vlanns-[dynamic]-dynamic"
          },
          "sensitive_attributes": [],
          "private": "eyJzY2hlbWFfdmVyc2lvbiI6IjEifQ==",
          "dependencies": [
            "data.aci_vlan_pool.dynamic"
          ]
        }
      ]
    },
    {
      "mode": "managed",
      "type": "aci_ranges",
      "name": "dynamic_2607",
      "provider": "provider[\"registry.terraform.io/ciscodevnet/aci\"]",
      "instances": [
        {
          "schema_version": 1,
          "attributes": {
            "alloc_mode": "inherit",
            "annotation": "orchestrator:terraform",
            "description": "",
            "from": "vlan-2607",
            "id": "uni/infra/vlanns-[dynamic]-dynamic/from-[vlan-2607]-to-[vlan-2607]",
            "name_alias": "",
            "role": "external",
            "to": "vlan-2607",
            "vlan_pool_dn": "uni/infra/vlanns-[dynamic]-dynamic"
          },
          "sensitive_attributes": [],
          "private": "eyJzY2hlbWFfdmVyc2lvbiI6IjEifQ==",
          "dependencies": [
            "data.aci_vlan_pool.dynamic"
          ]
        }
      ]
    },
    {
      "mode": "managed",
      "type": "aci_ranges",
      "name": "dynamic_2608",
      "provider": "provider[\"registry.terraform.io/ciscodevnet/aci\"]",
      "instances": [
        {
          "schema_version": 1,
          "attributes": {
            "alloc_mode": "inherit",
            "annotation": "orchestrator:terraform",
            "description": "",
            "from": "vlan-2608",
            "id": "uni/infra/vlanns-[dynamic]-dynamic/from-[vlan-2608]-to-[vlan-2608]",
            "name_alias": "",
            "role": "external",
            "to": "vlan-2608",
            "vlan_pool_dn": "uni/infra/vlanns-[dynamic]-dynamic"
          },
          "sensitive_attributes": [],
          "private": "eyJzY2hlbWFfdmVyc2lvbiI6IjEifQ==",
          "dependencies": [
            "data.aci_vlan_pool.dynamic"
          ]
        }
      ]
    },
    {
      "mode": "managed",
      "type": "aci_ranges",
      "name": "dynamic_2609",
      "provider": "provider[\"registry.terraform.io/ciscodevnet/aci\"]",
      "instances": [
        {
          "schema_version": 1,
          "attributes": {
            "alloc_mode": "inherit",
            "annotation": "orchestrator:terraform",
            "description": "",
            "from": "vlan-2609",
            "id": "uni/infra/vlanns-[dynamic]-dynamic/from-[vlan-2609]-to-[vlan-2609]",
            "name_alias": "",
            "role": "external",
            "to": "vlan-2609",
            "vlan_pool_dn": "uni/infra/vlanns-[dynamic]-dynamic"
          },
          "sensitive_attributes": [],
          "private": "eyJzY2hlbWFfdmVyc2lvbiI6IjEifQ==",
          "dependencies": [
            "data.aci_vlan_pool.dynamic"
          ]
        }
      ]
    },
    {
      "mode": "managed",
      "type": "aci_ranges",
      "name": "dynamic_2610",
      "provider": "provider[\"registry.terraform.io/ciscodevnet/aci\"]",
      "instances": [
        {
          "schema_version": 1,
          "attributes": {
            "alloc_mode": "inherit",
            "annotation": "orchestrator:terraform",
            "description": "",
            "from": "vlan-2610",
            "id": "uni/infra/vlanns-[dynamic]-dynamic/from-[vlan-2610]-to-[vlan-2610]",
            "name_alias": "",
            "role": "external",
            "to": "vlan-2610",
            "vlan_pool_dn": "uni/infra/vlanns-[dynamic]-dynamic"
          },
          "sensitive_attributes": [],
          "private": "eyJzY2hlbWFfdmVyc2lvbiI6IjEifQ==",
          "dependencies": [
            "data.aci_vlan_pool.dynamic"
          ]
        }
      ]
    },
    {
      "mode": "managed",
      "type": "aci_ranges",
      "name": "dynamic_2611",
      "provider": "provider[\"registry.terraform.io/ciscodevnet/aci\"]",
      "instances": [
        {
          "schema_version": 1,
          "attributes": {
            "alloc_mode": "inherit",
            "annotation": "orchestrator:terraform",
            "description": "",
            "from": "vlan-2611",
            "id": "uni/infra/vlanns-[dynamic]-dynamic/from-[vlan-2611]-to-[vlan-2611]",
            "name_alias": "",
            "role": "external",
            "to": "vlan-2611",
            "vlan_pool_dn": "uni/infra/vlanns-[dynamic]-dynamic"
          },
          "sensitive_attributes": [],
          "private": "eyJzY2hlbWFfdmVyc2lvbiI6IjEifQ==",
          "dependencies": [
            "data.aci_vlan_pool.dynamic"
          ]
        }
      ]
    },
    {
      "mode": "managed",
      "type": "aci_ranges",
      "name": "dynamic_2612",
      "provider": "provider[\"registry.terraform.io/ciscodevnet/aci\"]",
      "instances": [
        {
          "schema_version": 1,
          "attributes": {
            "alloc_mode": "inherit",
            "annotation": "orchestrator:terraform",
            "description": "",
            "from": "vlan-2612",
            "id": "uni/infra/vlanns-[dynamic]-dynamic/from-[vlan-2612]-to-[vlan-2612]",
            "name_alias": "",
            "role": "external",
            "to": "vlan-2612",
            "vlan_pool_dn": "uni/infra/vlanns-[dynamic]-dynamic"
          },
          "sensitive_attributes": [],
          "private": "eyJzY2hlbWFfdmVyc2lvbiI6IjEifQ==",
          "dependencies": [
            "data.aci_vlan_pool.dynamic"
          ]
        }
      ]
    },
    {
      "mode": "managed",
      "type": "aci_ranges",
      "name": "dynamic_2613",
      "provider": "provider[\"registry.terraform.io/ciscodevnet/aci\"]",
      "instances": [
        {
          "schema_version": 1,
          "attributes": {
            "alloc_mode": "inherit",
            "annotation": "orchestrator:terraform",
            "description": "",
            "from": "vlan-2613",
            "id": "uni/infra/vlanns-[dynamic]-dynamic/from-[vlan-2613]-to-[vlan-2613]",
            "name_alias": "",
            "role": "external",
            "to": "vlan-2613",
            "vlan_pool_dn": "uni/infra/vlanns-[dynamic]-dynamic"
          },
          "sensitive_attributes": [],
          "private": "eyJzY2hlbWFfdmVyc2lvbiI6IjEifQ==",
          "dependencies": [
            "data.aci_vlan_pool.dynamic"
          ]
        }
      ]
    },
    {
      "mode": "managed",
      "type": "aci_ranges",
      "name": "dynamic_2614",
      "provider": "provider[\"registry.terraform.io/ciscodevnet/aci\"]",
      "instances": [
        {
          "schema_version": 1,
          "attributes": {
            "alloc_mode": "inherit",
            "annotation": "orchestrator:terraform",
            "description": "",
            "from": "vlan-2614",
            "id": "uni/infra/vlanns-[dynamic]-dynamic/from-[vlan-2614]-to-[vlan-2614]",
            "name_alias": "",
            "role": "external",
            "to": "vlan-2614",
            "vlan_pool_dn": "uni/infra/vlanns-[dynamic]-dynamic"
          },
          "sensitive_attributes": [],
          "private": "eyJzY2hlbWFfdmVyc2lvbiI6IjEifQ==",
          "dependencies": [
            "data.aci_vlan_pool.dynamic"
          ]
        }
      ]
    },
    {
      "mode": "managed",
      "type": "aci_ranges",
      "name": "dynamic_2615",
      "provider": "provider[\"registry.terraform.io/ciscodevnet/aci\"]",
      "instances": [
        {
          "schema_version": 1,
          "attributes": {
            "alloc_mode": "inherit",
            "annotation": "orchestrator:terraform",
            "description": "",
            "from": "vlan-2615",
            "id": "uni/infra/vlanns-[dynamic]-dynamic/from-[vlan-2615]-to-[vlan-2615]",
            "name_alias": "",
            "role": "external",
            "to": "vlan-2615",
            "vlan_pool_dn": "uni/infra/vlanns-[dynamic]-dynamic"
          },
          "sensitive_attributes": [],
          "private": "eyJzY2hlbWFfdmVyc2lvbiI6IjEifQ==",
          "dependencies": [
            "data.aci_vlan_pool.dynamic"
          ]
        }
      ]
    },
    {
      "mode": "managed",
      "type": "aci_ranges",
      "name": "dynamic_2616",
      "provider": "provider[\"registry.terraform.io/ciscodevnet/aci\"]",
      "instances": [
        {
          "schema_version": 1,
          "attributes": {
            "alloc_mode": "inherit",
            "annotation": "orchestrator:terraform",
            "description": "",
            "from": "vlan-2616",
            "id": "uni/infra/vlanns-[dynamic]-dynamic/from-[vlan-2616]-to-[vlan-2616]",
            "name_alias": "",
            "role": "external",
            "to": "vlan-2616",
            "vlan_pool_dn": "uni/infra/vlanns-[dynamic]-dynamic"
          },
          "sensitive_attributes": [],
          "private": "eyJzY2hlbWFfdmVyc2lvbiI6IjEifQ==",
          "dependencies": [
            "data.aci_vlan_pool.dynamic"
          ]
        }
      ]
    },
    {
      "mode": "managed",
      "type": "aci_ranges",
      "name": "dynamic_2617",
      "provider": "provider[\"registry.terraform.io/ciscodevnet/aci\"]",
      "instances": [
        {
          "schema_version": 1,
          "attributes": {
            "alloc_mode": "inherit",
            "annotation": "orchestrator:terraform",
            "description": "",
            "from": "vlan-2617",
            "id": "uni/infra/vlanns-[dynamic]-dynamic/from-[vlan-2617]-to-[vlan-2617]",
            "name_alias": "",
            "role": "external",
            "to": "vlan-2617",
            "vlan_pool_dn": "uni/infra/vlanns-[dynamic]-dynamic"
          },
          "sensitive_attributes": [],
          "private": "eyJzY2hlbWFfdmVyc2lvbiI6IjEifQ==",
          "dependencies": [
            "data.aci_vlan_pool.dynamic"
          ]
        }
      ]
    },
    {
      "mode": "managed",
      "type": "aci_ranges",
      "name": "dynamic_2618",
      "provider": "provider[\"registry.terraform.io/ciscodevnet/aci\"]",
      "instances": [
        {
          "schema_version": 1,
          "attributes": {
            "alloc_mode": "inherit",
            "annotation": "orchestrator:terraform",
            "description": "",
            "from": "vlan-2618",
            "id": "uni/infra/vlanns-[dynamic]-dynamic/from-[vlan-2618]-to-[vlan-2618]",
            "name_alias": "",
            "role": "external",
            "to": "vlan-2618",
            "vlan_pool_dn": "uni/infra/vlanns-[dynamic]-dynamic"
          },
          "sensitive_attributes": [],
          "private": "eyJzY2hlbWFfdmVyc2lvbiI6IjEifQ==",
          "dependencies": [
            "data.aci_vlan_pool.dynamic"
          ]
        }
      ]
    },
    {
      "mode": "managed",
      "type": "aci_ranges",
      "name": "dynamic_2619",
      "provider": "provider[\"registry.terraform.io/ciscodevnet/aci\"]",
      "instances": [
        {
          "schema_version": 1,
          "attributes": {
            "alloc_mode": "inherit",
            "annotation": "orchestrator:terraform",
            "description": "",
            "from": "vlan-2619",
            "id": "uni/infra/vlanns-[dynamic]-dynamic/from-[vlan-2619]-to-[vlan-2619]",
            "name_alias": "",
            "role": "external",
            "to": "vlan-2619",
            "vlan_pool_dn": "uni/infra/vlanns-[dynamic]-dynamic"
          },
          "sensitive_attributes": [],
          "private": "eyJzY2hlbWFfdmVyc2lvbiI6IjEifQ==",
          "dependencies": [
            "data.aci_vlan_pool.dynamic"
          ]
        }
      ]
    },
    {
      "mode": "managed",
      "type": "aci_ranges",
      "name": "dynamic_2620",
      "provider": "provider[\"registry.terraform.io/ciscodevnet/aci\"]",
      "instances": [
        {
          "schema_version": 1,
          "attributes": {
            "alloc_mode": "inherit",
            "annotation": "orchestrator:terraform",
            "description": "",
            "from": "vlan-2620",
            "id": "uni/infra/vlanns-[dynamic]-dynamic/from-[vlan-2620]-to-[vlan-2620]",
            "name_alias": "",
            "role": "external",
            "to": "vlan-2620",
            "vlan_pool_dn": "uni/infra/vlanns-[dynamic]-dynamic"
          },
          "sensitive_attributes": [],
          "private": "eyJzY2hlbWFfdmVyc2lvbiI6IjEifQ==",
          "dependencies": [
            "data.aci_vlan_pool.dynamic"
          ]
        }
      ]
    },
    {
      "mode": "managed",
      "type": "aci_ranges",
      "name": "dynamic_2621",
      "provider": "provider[\"registry.terraform.io/ciscodevnet/aci\"]",
      "instances": [
        {
          "schema_version": 1,
          "attributes": {
            "alloc_mode": "inherit",
            "annotation": "orchestrator:terraform",
            "description": "",
            "from": "vlan-2621",
            "id": "uni/infra/vlanns-[dynamic]-dynamic/from-[vlan-2621]-to-[vlan-2621]",
            "name_alias": "",
            "role": "external",
            "to": "vlan-2621",
            "vlan_pool_dn": "uni/infra/vlanns-[dynamic]-dynamic"
          },
          "sensitive_attributes": [],
          "private": "eyJzY2hlbWFfdmVyc2lvbiI6IjEifQ==",
          "dependencies": [
            "data.aci_vlan_pool.dynamic"
          ]
        }
      ]
    },
    {
      "mode": "managed",
      "type": "aci_ranges",
      "name": "dynamic_2622",
      "provider": "provider[\"registry.terraform.io/ciscodevnet/aci\"]",
      "instances": [
        {
          "schema_version": 1,
          "attributes": {
            "alloc_mode": "inherit",
            "annotation": "orchestrator:terraform",
            "description": "",
            "from": "vlan-2622",
            "id": "uni/infra/vlanns-[dynamic]-dynamic/from-[vlan-2622]-to-[vlan-2622]",
            "name_alias": "",
            "role": "external",
            "to": "vlan-2622",
            "vlan_pool_dn": "uni/infra/vlanns-[dynamic]-dynamic"
          },
          "sensitive_attributes": [],
          "private": "eyJzY2hlbWFfdmVyc2lvbiI6IjEifQ==",
          "dependencies": [
            "data.aci_vlan_pool.dynamic"
          ]
        }
      ]
    },
    {
      "mode": "managed",
      "type": "aci_ranges",
      "name": "dynamic_2623",
      "provider": "provider[\"registry.terraform.io/ciscodevnet/aci\"]",
      "instances": [
        {
          "schema_version": 1,
          "attributes": {
            "alloc_mode": "inherit",
            "annotation": "orchestrator:terraform",
            "description": "",
            "from": "vlan-2623",
            "id": "uni/infra/vlanns-[dynamic]-dynamic/from-[vlan-2623]-to-[vlan-2623]",
            "name_alias": "",
            "role": "external",
            "to": "vlan-2623",
            "vlan_pool_dn": "uni/infra/vlanns-[dynamic]-dynamic"
          },
          "sensitive_attributes": [],
          "private": "eyJzY2hlbWFfdmVyc2lvbiI6IjEifQ==",
          "dependencies": [
            "data.aci_vlan_pool.dynamic"
          ]
        }
      ]
    },
    {
      "mode": "managed",
      "type": "aci_ranges",
      "name": "dynamic_2624",
      "provider": "provider[\"registry.terraform.io/ciscodevnet/aci\"]",
      "instances": [
        {
          "schema_version": 1,
          "attributes": {
            "alloc_mode": "inherit",
            "annotation": "orchestrator:terraform",
            "description": "",
            "from": "vlan-2624",
            "id": "uni/infra/vlanns-[dynamic]-dynamic/from-[vlan-2624]-to-[vlan-2624]",
            "name_alias": "",
            "role": "external",
            "to": "vlan-2624",
            "vlan_pool_dn": "uni/infra/vlanns-[dynamic]-dynamic"
          },
          "sensitive_attributes": [],
          "private": "eyJzY2hlbWFfdmVyc2lvbiI6IjEifQ==",
          "dependencies": [
            "data.aci_vlan_pool.dynamic"
          ]
        }
      ]
    },
    {
      "mode": "managed",
      "type": "aci_ranges",
      "name": "dynamic_2625",
      "provider": "provider[\"registry.terraform.io/ciscodevnet/aci\"]",
      "instances": [
        {
          "schema_version": 1,
          "attributes": {
            "alloc_mode": "inherit",
            "annotation": "orchestrator:terraform",
            "description": "",
            "from": "vlan-2625",
            "id": "uni/infra/vlanns-[dynamic]-dynamic/from-[vlan-2625]-to-[vlan-2625]",
            "name_alias": "",
            "role": "external",
            "to": "vlan-2625",
            "vlan_pool_dn": "uni/infra/vlanns-[dynamic]-dynamic"
          },
          "sensitive_attributes": [],
          "private": "eyJzY2hlbWFfdmVyc2lvbiI6IjEifQ==",
          "dependencies": [
            "data.aci_vlan_pool.dynamic"
          ]
        }
      ]
    },
    {
      "mode": "managed",
      "type": "aci_ranges",
      "name": "dynamic_2626",
      "provider": "provider[\"registry.terraform.io/ciscodevnet/aci\"]",
      "instances": [
        {
          "schema_version": 1,
          "attributes": {
            "alloc_mode": "inherit",
            "annotation": "orchestrator:terraform",
            "description": "",
            "from": "vlan-2626",
            "id": "uni/infra/vlanns-[dynamic]-dynamic/from-[vlan-2626]-to-[vlan-2626]",
            "name_alias": "",
            "role": "external",
            "to": "vlan-2626",
            "vlan_pool_dn": "uni/infra/vlanns-[dynamic]-dynamic"
          },
          "sensitive_attributes": [],
          "private": "eyJzY2hlbWFfdmVyc2lvbiI6IjEifQ==",
          "dependencies": [
            "data.aci_vlan_pool.dynamic"
          ]
        }
      ]
    },
    {
      "mode": "managed",
      "type": "aci_ranges",
      "name": "dynamic_2627",
      "provider": "provider[\"registry.terraform.io/ciscodevnet/aci\"]",
      "instances": [
        {
          "schema_version": 1,
          "attributes": {
            "alloc_mode": "inherit",
            "annotation": "orchestrator:terraform",
            "description": "",
            "from": "vlan-2627",
            "id": "uni/infra/vlanns-[dynamic]-dynamic/from-[vlan-2627]-to-[vlan-2627]",
            "name_alias": "",
            "role": "external",
            "to": "vlan-2627",
            "vlan_pool_dn": "uni/infra/vlanns-[dynamic]-dynamic"
          },
          "sensitive_attributes": [],
          "private": "eyJzY2hlbWFfdmVyc2lvbiI6IjEifQ==",
          "dependencies": [
            "data.aci_vlan_pool.dynamic"
          ]
        }
      ]
    },
    {
      "mode": "managed",
      "type": "aci_ranges",
      "name": "dynamic_2628",
      "provider": "provider[\"registry.terraform.io/ciscodevnet/aci\"]",
      "instances": [
        {
          "schema_version": 1,
          "attributes": {
            "alloc_mode": "inherit",
            "annotation": "orchestrator:terraform",
            "description": "",
            "from": "vlan-2628",
            "id": "uni/infra/vlanns-[dynamic]-dynamic/from-[vlan-2628]-to-[vlan-2628]",
            "name_alias": "",
            "role": "external",
            "to": "vlan-2628",
            "vlan_pool_dn": "uni/infra/vlanns-[dynamic]-dynamic"
          },
          "sensitive_attributes": [],
          "private": "eyJzY2hlbWFfdmVyc2lvbiI6IjEifQ==",
          "dependencies": [
            "data.aci_vlan_pool.dynamic"
          ]
        }
      ]
    },
    {
      "mode": "managed",
      "type": "aci_ranges",
      "name": "dynamic_2629",
      "provider": "provider[\"registry.terraform.io/ciscodevnet/aci\"]",
      "instances": [
        {
          "schema_version": 1,
          "attributes": {
            "alloc_mode": "inherit",
            "annotation": "orchestrator:terraform",
            "description": "",
            "from": "vlan-2629",
            "id": "uni/infra/vlanns-[dynamic]-dynamic/from-[vlan-2629]-to-[vlan-2629]",
            "name_alias": "",
            "role": "external",
            "to": "vlan-2629",
            "vlan_pool_dn": "uni/infra/vlanns-[dynamic]-dynamic"
          },
          "sensitive_attributes": [],
          "private": "eyJzY2hlbWFfdmVyc2lvbiI6IjEifQ==",
          "dependencies": [
            "data.aci_vlan_pool.dynamic"
          ]
        }
      ]
    },
    {
      "mode": "managed",
      "type": "aci_ranges",
      "name": "dynamic_2630",
      "provider": "provider[\"registry.terraform.io/ciscodevnet/aci\"]",
      "instances": [
        {
          "schema_version": 1,
          "attributes": {
            "alloc_mode": "inherit",
            "annotation": "orchestrator:terraform",
            "description": "",
            "from": "vlan-2630",
            "id": "uni/infra/vlanns-[dynamic]-dynamic/from-[vlan-2630]-to-[vlan-2630]",
            "name_alias": "",
            "role": "external",
            "to": "vlan-2630",
            "vlan_pool_dn": "uni/infra/vlanns-[dynamic]-dynamic"
          },
          "sensitive_attributes": [],
          "private": "eyJzY2hlbWFfdmVyc2lvbiI6IjEifQ==",
          "dependencies": [
            "data.aci_vlan_pool.dynamic"
          ]
        }
      ]
    },
    {
      "mode": "managed",
      "type": "aci_ranges",
      "name": "dynamic_2631",
      "provider": "provider[\"registry.terraform.io/ciscodevnet/aci\"]",
      "instances": [
        {
          "schema_version": 1,
          "attributes": {
            "alloc_mode": "inherit",
            "annotation": "orchestrator:terraform",
            "description": "",
            "from": "vlan-2631",
            "id": "uni/infra/vlanns-[dynamic]-dynamic/from-[vlan-2631]-to-[vlan-2631]",
            "name_alias": "",
            "role": "external",
            "to": "vlan-2631",
            "vlan_pool_dn": "uni/infra/vlanns-[dynamic]-dynamic"
          },
          "sensitive_attributes": [],
          "private": "eyJzY2hlbWFfdmVyc2lvbiI6IjEifQ==",
          "dependencies": [
            "data.aci_vlan_pool.dynamic"
          ]
        }
      ]
    },
    {
      "mode": "managed",
      "type": "aci_ranges",
      "name": "dynamic_2632",
      "provider": "provider[\"registry.terraform.io/ciscodevnet/aci\"]",
      "instances": [
        {
          "schema_version": 1,
          "attributes": {
            "alloc_mode": "inherit",
            "annotation": "orchestrator:terraform",
            "description": "",
            "from": "vlan-2632",
            "id": "uni/infra/vlanns-[dynamic]-dynamic/from-[vlan-2632]-to-[vlan-2632]",
            "name_alias": "",
            "role": "external",
            "to": "vlan-2632",
            "vlan_pool_dn": "uni/infra/vlanns-[dynamic]-dynamic"
          },
          "sensitive_attributes": [],
          "private": "eyJzY2hlbWFfdmVyc2lvbiI6IjEifQ==",
          "dependencies": [
            "data.aci_vlan_pool.dynamic"
          ]
        }
      ]
    },
    {
      "mode": "managed",
      "type": "aci_ranges",
      "name": "dynamic_2633",
      "provider": "provider[\"registry.terraform.io/ciscodevnet/aci\"]",
      "instances": [
        {
          "schema_version": 1,
          "attributes": {
            "alloc_mode": "inherit",
            "annotation": "orchestrator:terraform",
            "description": "",
            "from": "vlan-2633",
            "id": "uni/infra/vlanns-[dynamic]-dynamic/from-[vlan-2633]-to-[vlan-2633]",
            "name_alias": "",
            "role": "external",
            "to": "vlan-2633",
            "vlan_pool_dn": "uni/infra/vlanns-[dynamic]-dynamic"
          },
          "sensitive_attributes": [],
          "private": "eyJzY2hlbWFfdmVyc2lvbiI6IjEifQ==",
          "dependencies": [
            "data.aci_vlan_pool.dynamic"
          ]
        }
      ]
    },
    {
      "mode": "managed",
      "type": "aci_ranges",
      "name": "dynamic_2634",
      "provider": "provider[\"registry.terraform.io/ciscodevnet/aci\"]",
      "instances": [
        {
          "schema_version": 1,
          "attributes": {
            "alloc_mode": "inherit",
            "annotation": "orchestrator:terraform",
            "description": "",
            "from": "vlan-2634",
            "id": "uni/infra/vlanns-[dynamic]-dynamic/from-[vlan-2634]-to-[vlan-2634]",
            "name_alias": "",
            "role": "external",
            "to": "vlan-2634",
            "vlan_pool_dn": "uni/infra/vlanns-[dynamic]-dynamic"
          },
          "sensitive_attributes": [],
          "private": "eyJzY2hlbWFfdmVyc2lvbiI6IjEifQ==",
          "dependencies": [
            "data.aci_vlan_pool.dynamic"
          ]
        }
      ]
    },
    {
      "mode": "managed",
      "type": "aci_ranges",
      "name": "dynamic_2635",
      "provider": "provider[\"registry.terraform.io/ciscodevnet/aci\"]",
      "instances": [
        {
          "schema_version": 1,
          "attributes": {
            "alloc_mode": "inherit",
            "annotation": "orchestrator:terraform",
            "description": "",
            "from": "vlan-2635",
            "id": "uni/infra/vlanns-[dynamic]-dynamic/from-[vlan-2635]-to-[vlan-2635]",
            "name_alias": "",
            "role": "external",
            "to": "vlan-2635",
            "vlan_pool_dn": "uni/infra/vlanns-[dynamic]-dynamic"
          },
          "sensitive_attributes": [],
          "private": "eyJzY2hlbWFfdmVyc2lvbiI6IjEifQ==",
          "dependencies": [
            "data.aci_vlan_pool.dynamic"
          ]
        }
      ]
    },
    {
      "mode": "managed",
      "type": "aci_ranges",
      "name": "dynamic_2636",
      "provider": "provider[\"registry.terraform.io/ciscodevnet/aci\"]",
      "instances": [
        {
          "schema_version": 1,
          "attributes": {
            "alloc_mode": "inherit",
            "annotation": "orchestrator:terraform",
            "description": "",
            "from": "vlan-2636",
            "id": "uni/infra/vlanns-[dynamic]-dynamic/from-[vlan-2636]-to-[vlan-2636]",
            "name_alias": "",
            "role": "external",
            "to": "vlan-2636",
            "vlan_pool_dn": "uni/infra/vlanns-[dynamic]-dynamic"
          },
          "sensitive_attributes": [],
          "private": "eyJzY2hlbWFfdmVyc2lvbiI6IjEifQ==",
          "dependencies": [
            "data.aci_vlan_pool.dynamic"
          ]
        }
      ]
    },
    {
      "mode": "managed",
      "type": "aci_ranges",
      "name": "dynamic_2637",
      "provider": "provider[\"registry.terraform.io/ciscodevnet/aci\"]",
      "instances": [
        {
          "schema_version": 1,
          "attributes": {
            "alloc_mode": "inherit",
            "annotation": "orchestrator:terraform",
            "description": "",
            "from": "vlan-2637",
            "id": "uni/infra/vlanns-[dynamic]-dynamic/from-[vlan-2637]-to-[vlan-2637]",
            "name_alias": "",
            "role": "external",
            "to": "vlan-2637",
            "vlan_pool_dn": "uni/infra/vlanns-[dynamic]-dynamic"
          },
          "sensitive_attributes": [],
          "private": "eyJzY2hlbWFfdmVyc2lvbiI6IjEifQ==",
          "dependencies": [
            "data.aci_vlan_pool.dynamic"
          ]
        }
      ]
    },
    {
      "mode": "managed",
      "type": "aci_ranges",
      "name": "dynamic_2638",
      "provider": "provider[\"registry.terraform.io/ciscodevnet/aci\"]",
      "instances": [
        {
          "schema_version": 1,
          "attributes": {
            "alloc_mode": "inherit",
            "annotation": "orchestrator:terraform",
            "description": "",
            "from": "vlan-2638",
            "id": "uni/infra/vlanns-[dynamic]-dynamic/from-[vlan-2638]-to-[vlan-2638]",
            "name_alias": "",
            "role": "external",
            "to": "vlan-2638",
            "vlan_pool_dn": "uni/infra/vlanns-[dynamic]-dynamic"
          },
          "sensitive_attributes": [],
          "private": "eyJzY2hlbWFfdmVyc2lvbiI6IjEifQ==",
          "dependencies": [
            "data.aci_vlan_pool.dynamic"
          ]
        }
      ]
    },
    {
      "mode": "managed",
      "type": "aci_ranges",
      "name": "dynamic_2639",
      "provider": "provider[\"registry.terraform.io/ciscodevnet/aci\"]",
      "instances": [
        {
          "schema_version": 1,
          "attributes": {
            "alloc_mode": "inherit",
            "annotation": "orchestrator:terraform",
            "description": "",
            "from": "vlan-2639",
            "id": "uni/infra/vlanns-[dynamic]-dynamic/from-[vlan-2639]-to-[vlan-2639]",
            "name_alias": "",
            "role": "external",
            "to": "vlan-2639",
            "vlan_pool_dn": "uni/infra/vlanns-[dynamic]-dynamic"
          },
          "sensitive_attributes": [],
          "private": "eyJzY2hlbWFfdmVyc2lvbiI6IjEifQ==",
          "dependencies": [
            "data.aci_vlan_pool.dynamic"
          ]
        }
      ]
    },
    {
      "mode": "managed",
      "type": "aci_ranges",
      "name": "dynamic_2640",
      "provider": "provider[\"registry.terraform.io/ciscodevnet/aci\"]",
      "instances": [
        {
          "schema_version": 1,
          "attributes": {
            "alloc_mode": "inherit",
            "annotation": "orchestrator:terraform",
            "description": "",
            "from": "vlan-2640",
            "id": "uni/infra/vlanns-[dynamic]-dynamic/from-[vlan-2640]-to-[vlan-2640]",
            "name_alias": "",
            "role": "external",
            "to": "vlan-2640",
            "vlan_pool_dn": "uni/infra/vlanns-[dynamic]-dynamic"
          },
          "sensitive_attributes": [],
          "private": "eyJzY2hlbWFfdmVyc2lvbiI6IjEifQ==",
          "dependencies": [
            "data.aci_vlan_pool.dynamic"
          ]
        }
      ]
    },
    {
      "mode": "managed",
      "type": "aci_ranges",
      "name": "dynamic_2641",
      "provider": "provider[\"registry.terraform.io/ciscodevnet/aci\"]",
      "instances": [
        {
          "schema_version": 1,
          "attributes": {
            "alloc_mode": "inherit",
            "annotation": "orchestrator:terraform",
            "description": "",
            "from": "vlan-2641",
            "id": "uni/infra/vlanns-[dynamic]-dynamic/from-[vlan-2641]-to-[vlan-2641]",
            "name_alias": "",
            "role": "external",
            "to": "vlan-2641",
            "vlan_pool_dn": "uni/infra/vlanns-[dynamic]-dynamic"
          },
          "sensitive_attributes": [],
          "private": "eyJzY2hlbWFfdmVyc2lvbiI6IjEifQ==",
          "dependencies": [
            "data.aci_vlan_pool.dynamic"
          ]
        }
      ]
    },
    {
      "mode": "managed",
      "type": "aci_ranges",
      "name": "dynamic_2642",
      "provider": "provider[\"registry.terraform.io/ciscodevnet/aci\"]",
      "instances": [
        {
          "schema_version": 1,
          "attributes": {
            "alloc_mode": "inherit",
            "annotation": "orchestrator:terraform",
            "description": "",
            "from": "vlan-2642",
            "id": "uni/infra/vlanns-[dynamic]-dynamic/from-[vlan-2642]-to-[vlan-2642]",
            "name_alias": "",
            "role": "external",
            "to": "vlan-2642",
            "vlan_pool_dn": "uni/infra/vlanns-[dynamic]-dynamic"
          },
          "sensitive_attributes": [],
          "private": "eyJzY2hlbWFfdmVyc2lvbiI6IjEifQ==",
          "dependencies": [
            "data.aci_vlan_pool.dynamic"
          ]
        }
      ]
    },
    {
      "mode": "managed",
      "type": "aci_ranges",
      "name": "dynamic_2643",
      "provider": "provider[\"registry.terraform.io/ciscodevnet/aci\"]",
      "instances": [
        {
          "schema_version": 1,
          "attributes": {
            "alloc_mode": "inherit",
            "annotation": "orchestrator:terraform",
            "description": "",
            "from": "vlan-2643",
            "id": "uni/infra/vlanns-[dynamic]-dynamic/from-[vlan-2643]-to-[vlan-2643]",
            "name_alias": "",
            "role": "external",
            "to": "vlan-2643",
            "vlan_pool_dn": "uni/infra/vlanns-[dynamic]-dynamic"
          },
          "sensitive_attributes": [],
          "private": "eyJzY2hlbWFfdmVyc2lvbiI6IjEifQ==",
          "dependencies": [
            "data.aci_vlan_pool.dynamic"
          ]
        }
      ]
    },
    {
      "mode": "managed",
      "type": "aci_ranges",
      "name": "dynamic_2644",
      "provider": "provider[\"registry.terraform.io/ciscodevnet/aci\"]",
      "instances": [
        {
          "schema_version": 1,
          "attributes": {
            "alloc_mode": "inherit",
            "annotation": "orchestrator:terraform",
            "description": "",
            "from": "vlan-2644",
            "id": "uni/infra/vlanns-[dynamic]-dynamic/from-[vlan-2644]-to-[vlan-2644]",
            "name_alias": "",
            "role": "external",
            "to": "vlan-2644",
            "vlan_pool_dn": "uni/infra/vlanns-[dynamic]-dynamic"
          },
          "sensitive_attributes": [],
          "private": "eyJzY2hlbWFfdmVyc2lvbiI6IjEifQ==",
          "dependencies": [
            "data.aci_vlan_pool.dynamic"
          ]
        }
      ]
    },
    {
      "mode": "managed",
      "type": "aci_ranges",
      "name": "dynamic_2645",
      "provider": "provider[\"registry.terraform.io/ciscodevnet/aci\"]",
      "instances": [
        {
          "schema_version": 1,
          "attributes": {
            "alloc_mode": "inherit",
            "annotation": "orchestrator:terraform",
            "description": "",
            "from": "vlan-2645",
            "id": "uni/infra/vlanns-[dynamic]-dynamic/from-[vlan-2645]-to-[vlan-2645]",
            "name_alias": "",
            "role": "external",
            "to": "vlan-2645",
            "vlan_pool_dn": "uni/infra/vlanns-[dynamic]-dynamic"
          },
          "sensitive_attributes": [],
          "private": "eyJzY2hlbWFfdmVyc2lvbiI6IjEifQ==",
          "dependencies": [
            "data.aci_vlan_pool.dynamic"
          ]
        }
      ]
    },
    {
      "mode": "managed",
      "type": "aci_ranges",
      "name": "dynamic_2646",
      "provider": "provider[\"registry.terraform.io/ciscodevnet/aci\"]",
      "instances": [
        {
          "schema_version": 1,
          "attributes": {
            "alloc_mode": "inherit",
            "annotation": "orchestrator:terraform",
            "description": "",
            "from": "vlan-2646",
            "id": "uni/infra/vlanns-[dynamic]-dynamic/from-[vlan-2646]-to-[vlan-2646]",
            "name_alias": "",
            "role": "external",
            "to": "vlan-2646",
            "vlan_pool_dn": "uni/infra/vlanns-[dynamic]-dynamic"
          },
          "sensitive_attributes": [],
          "private": "eyJzY2hlbWFfdmVyc2lvbiI6IjEifQ==",
          "dependencies": [
            "data.aci_vlan_pool.dynamic"
          ]
        }
      ]
    },
    {
      "mode": "managed",
      "type": "aci_ranges",
      "name": "dynamic_2647",
      "provider": "provider[\"registry.terraform.io/ciscodevnet/aci\"]",
      "instances": [
        {
          "schema_version": 1,
          "attributes": {
            "alloc_mode": "inherit",
            "annotation": "orchestrator:terraform",
            "description": "",
            "from": "vlan-2647",
            "id": "uni/infra/vlanns-[dynamic]-dynamic/from-[vlan-2647]-to-[vlan-2647]",
            "name_alias": "",
            "role": "external",
            "to": "vlan-2647",
            "vlan_pool_dn": "uni/infra/vlanns-[dynamic]-dynamic"
          },
          "sensitive_attributes": [],
          "private": "eyJzY2hlbWFfdmVyc2lvbiI6IjEifQ==",
          "dependencies": [
            "data.aci_vlan_pool.dynamic"
          ]
        }
      ]
    },
    {
      "mode": "managed",
      "type": "aci_ranges",
      "name": "dynamic_2648",
      "provider": "provider[\"registry.terraform.io/ciscodevnet/aci\"]",
      "instances": [
        {
          "schema_version": 1,
          "attributes": {
            "alloc_mode": "inherit",
            "annotation": "orchestrator:terraform",
            "description": "",
            "from": "vlan-2648",
            "id": "uni/infra/vlanns-[dynamic]-dynamic/from-[vlan-2648]-to-[vlan-2648]",
            "name_alias": "",
            "role": "external",
            "to": "vlan-2648",
            "vlan_pool_dn": "uni/infra/vlanns-[dynamic]-dynamic"
          },
          "sensitive_attributes": [],
          "private": "eyJzY2hlbWFfdmVyc2lvbiI6IjEifQ==",
          "dependencies": [
            "data.aci_vlan_pool.dynamic"
          ]
        }
      ]
    },
    {
      "mode": "managed",
      "type": "aci_ranges",
      "name": "dynamic_2649",
      "provider": "provider[\"registry.terraform.io/ciscodevnet/aci\"]",
      "instances": [
        {
          "schema_version": 1,
          "attributes": {
            "alloc_mode": "inherit",
            "annotation": "orchestrator:terraform",
            "description": "",
            "from": "vlan-2649",
            "id": "uni/infra/vlanns-[dynamic]-dynamic/from-[vlan-2649]-to-[vlan-2649]",
            "name_alias": "",
            "role": "external",
            "to": "vlan-2649",
            "vlan_pool_dn": "uni/infra/vlanns-[dynamic]-dynamic"
          },
          "sensitive_attributes": [],
          "private": "eyJzY2hlbWFfdmVyc2lvbiI6IjEifQ==",
          "dependencies": [
            "data.aci_vlan_pool.dynamic"
          ]
        }
      ]
    },
    {
      "mode": "managed",
      "type": "aci_ranges",
      "name": "dynamic_2650",
      "provider": "provider[\"registry.terraform.io/ciscodevnet/aci\"]",
      "instances": [
        {
          "schema_version": 1,
          "attributes": {
            "alloc_mode": "inherit",
            "annotation": "orchestrator:terraform",
            "description": "",
            "from": "vlan-2650",
            "id": "uni/infra/vlanns-[dynamic]-dynamic/from-[vlan-2650]-to-[vlan-2650]",
            "name_alias": "",
            "role": "external",
            "to": "vlan-2650",
            "vlan_pool_dn": "uni/infra/vlanns-[dynamic]-dynamic"
          },
          "sensitive_attributes": [],
          "private": "eyJzY2hlbWFfdmVyc2lvbiI6IjEifQ==",
          "dependencies": [
            "data.aci_vlan_pool.dynamic"
          ]
        }
      ]
    },
    {
      "mode": "managed",
      "type": "aci_ranges",
      "name": "dynamic_2651",
      "provider": "provider[\"registry.terraform.io/ciscodevnet/aci\"]",
      "instances": [
        {
          "schema_version": 1,
          "attributes": {
            "alloc_mode": "inherit",
            "annotation": "orchestrator:terraform",
            "description": "",
            "from": "vlan-2651",
            "id": "uni/infra/vlanns-[dynamic]-dynamic/from-[vlan-2651]-to-[vlan-2651]",
            "name_alias": "",
            "role": "external",
            "to": "vlan-2651",
            "vlan_pool_dn": "uni/infra/vlanns-[dynamic]-dynamic"
          },
          "sensitive_attributes": [],
          "private": "eyJzY2hlbWFfdmVyc2lvbiI6IjEifQ==",
          "dependencies": [
            "data.aci_vlan_pool.dynamic"
          ]
        }
      ]
    },
    {
      "mode": "managed",
      "type": "aci_ranges",
      "name": "dynamic_2652",
      "provider": "provider[\"registry.terraform.io/ciscodevnet/aci\"]",
      "instances": [
        {
          "schema_version": 1,
          "attributes": {
            "alloc_mode": "inherit",
            "annotation": "orchestrator:terraform",
            "description": "",
            "from": "vlan-2652",
            "id": "uni/infra/vlanns-[dynamic]-dynamic/from-[vlan-2652]-to-[vlan-2652]",
            "name_alias": "",
            "role": "external",
            "to": "vlan-2652",
            "vlan_pool_dn": "uni/infra/vlanns-[dynamic]-dynamic"
          },
          "sensitive_attributes": [],
          "private": "eyJzY2hlbWFfdmVyc2lvbiI6IjEifQ==",
          "dependencies": [
            "data.aci_vlan_pool.dynamic"
          ]
        }
      ]
    },
    {
      "mode": "managed",
      "type": "aci_ranges",
      "name": "dynamic_2653",
      "provider": "provider[\"registry.terraform.io/ciscodevnet/aci\"]",
      "instances": [
        {
          "schema_version": 1,
          "attributes": {
            "alloc_mode": "inherit",
            "annotation": "orchestrator:terraform",
            "description": "",
            "from": "vlan-2653",
            "id": "uni/infra/vlanns-[dynamic]-dynamic/from-[vlan-2653]-to-[vlan-2653]",
            "name_alias": "",
            "role": "external",
            "to": "vlan-2653",
            "vlan_pool_dn": "uni/infra/vlanns-[dynamic]-dynamic"
          },
          "sensitive_attributes": [],
          "private": "eyJzY2hlbWFfdmVyc2lvbiI6IjEifQ==",
          "dependencies": [
            "data.aci_vlan_pool.dynamic"
          ]
        }
      ]
    },
    {
      "mode": "managed",
      "type": "aci_ranges",
      "name": "dynamic_2654",
      "provider": "provider[\"registry.terraform.io/ciscodevnet/aci\"]",
      "instances": [
        {
          "schema_version": 1,
          "attributes": {
            "alloc_mode": "inherit",
            "annotation": "orchestrator:terraform",
            "description": "",
            "from": "vlan-2654",
            "id": "uni/infra/vlanns-[dynamic]-dynamic/from-[vlan-2654]-to-[vlan-2654]",
            "name_alias": "",
            "role": "external",
            "to": "vlan-2654",
            "vlan_pool_dn": "uni/infra/vlanns-[dynamic]-dynamic"
          },
          "sensitive_attributes": [],
          "private": "eyJzY2hlbWFfdmVyc2lvbiI6IjEifQ==",
          "dependencies": [
            "data.aci_vlan_pool.dynamic"
          ]
        }
      ]
    },
    {
      "mode": "managed",
      "type": "aci_ranges",
      "name": "dynamic_2655",
      "provider": "provider[\"registry.terraform.io/ciscodevnet/aci\"]",
      "instances": [
        {
          "schema_version": 1,
          "attributes": {
            "alloc_mode": "inherit",
            "annotation": "orchestrator:terraform",
            "description": "",
            "from": "vlan-2655",
            "id": "uni/infra/vlanns-[dynamic]-dynamic/from-[vlan-2655]-to-[vlan-2655]",
            "name_alias": "",
            "role": "external",
            "to": "vlan-2655",
            "vlan_pool_dn": "uni/infra/vlanns-[dynamic]-dynamic"
          },
          "sensitive_attributes": [],
          "private": "eyJzY2hlbWFfdmVyc2lvbiI6IjEifQ==",
          "dependencies": [
            "data.aci_vlan_pool.dynamic"
          ]
        }
      ]
    },
    {
      "mode": "managed",
      "type": "aci_ranges",
      "name": "dynamic_2656",
      "provider": "provider[\"registry.terraform.io/ciscodevnet/aci\"]",
      "instances": [
        {
          "schema_version": 1,
          "attributes": {
            "alloc_mode": "inherit",
            "annotation": "orchestrator:terraform",
            "description": "",
            "from": "vlan-2656",
            "id": "uni/infra/vlanns-[dynamic]-dynamic/from-[vlan-2656]-to-[vlan-2656]",
            "name_alias": "",
            "role": "external",
            "to": "vlan-2656",
            "vlan_pool_dn": "uni/infra/vlanns-[dynamic]-dynamic"
          },
          "sensitive_attributes": [],
          "private": "eyJzY2hlbWFfdmVyc2lvbiI6IjEifQ==",
          "dependencies": [
            "data.aci_vlan_pool.dynamic"
          ]
        }
      ]
    },
    {
      "mode": "managed",
      "type": "aci_ranges",
      "name": "dynamic_2657",
      "provider": "provider[\"registry.terraform.io/ciscodevnet/aci\"]",
      "instances": [
        {
          "schema_version": 1,
          "attributes": {
            "alloc_mode": "inherit",
            "annotation": "orchestrator:terraform",
            "description": "",
            "from": "vlan-2657",
            "id": "uni/infra/vlanns-[dynamic]-dynamic/from-[vlan-2657]-to-[vlan-2657]",
            "name_alias": "",
            "role": "external",
            "to": "vlan-2657",
            "vlan_pool_dn": "uni/infra/vlanns-[dynamic]-dynamic"
          },
          "sensitive_attributes": [],
          "private": "eyJzY2hlbWFfdmVyc2lvbiI6IjEifQ==",
          "dependencies": [
            "data.aci_vlan_pool.dynamic"
          ]
        }
      ]
    },
    {
      "mode": "managed",
      "type": "aci_ranges",
      "name": "dynamic_2658",
      "provider": "provider[\"registry.terraform.io/ciscodevnet/aci\"]",
      "instances": [
        {
          "schema_version": 1,
          "attributes": {
            "alloc_mode": "inherit",
            "annotation": "orchestrator:terraform",
            "description": "",
            "from": "vlan-2658",
            "id": "uni/infra/vlanns-[dynamic]-dynamic/from-[vlan-2658]-to-[vlan-2658]",
            "name_alias": "",
            "role": "external",
            "to": "vlan-2658",
            "vlan_pool_dn": "uni/infra/vlanns-[dynamic]-dynamic"
          },
          "sensitive_attributes": [],
          "private": "eyJzY2hlbWFfdmVyc2lvbiI6IjEifQ==",
          "dependencies": [
            "data.aci_vlan_pool.dynamic"
          ]
        }
      ]
    },
    {
      "mode": "managed",
      "type": "aci_ranges",
      "name": "dynamic_2659",
      "provider": "provider[\"registry.terraform.io/ciscodevnet/aci\"]",
      "instances": [
        {
          "schema_version": 1,
          "attributes": {
            "alloc_mode": "inherit",
            "annotation": "orchestrator:terraform",
            "description": "",
            "from": "vlan-2659",
            "id": "uni/infra/vlanns-[dynamic]-dynamic/from-[vlan-2659]-to-[vlan-2659]",
            "name_alias": "",
            "role": "external",
            "to": "vlan-2659",
            "vlan_pool_dn": "uni/infra/vlanns-[dynamic]-dynamic"
          },
          "sensitive_attributes": [],
          "private": "eyJzY2hlbWFfdmVyc2lvbiI6IjEifQ==",
          "dependencies": [
            "data.aci_vlan_pool.dynamic"
          ]
        }
      ]
    },
    {
      "mode": "managed",
      "type": "aci_ranges",
      "name": "dynamic_2660",
      "provider": "provider[\"registry.terraform.io/ciscodevnet/aci\"]",
      "instances": [
        {
          "schema_version": 1,
          "attributes": {
            "alloc_mode": "inherit",
            "annotation": "orchestrator:terraform",
            "description": "",
            "from": "vlan-2660",
            "id": "uni/infra/vlanns-[dynamic]-dynamic/from-[vlan-2660]-to-[vlan-2660]",
            "name_alias": "",
            "role": "external",
            "to": "vlan-2660",
            "vlan_pool_dn": "uni/infra/vlanns-[dynamic]-dynamic"
          },
          "sensitive_attributes": [],
          "private": "eyJzY2hlbWFfdmVyc2lvbiI6IjEifQ==",
          "dependencies": [
            "data.aci_vlan_pool.dynamic"
          ]
        }
      ]
    },
    {
      "mode": "managed",
      "type": "aci_ranges",
      "name": "dynamic_2661",
      "provider": "provider[\"registry.terraform.io/ciscodevnet/aci\"]",
      "instances": [
        {
          "schema_version": 1,
          "attributes": {
            "alloc_mode": "inherit",
            "annotation": "orchestrator:terraform",
            "description": "",
            "from": "vlan-2661",
            "id": "uni/infra/vlanns-[dynamic]-dynamic/from-[vlan-2661]-to-[vlan-2661]",
            "name_alias": "",
            "role": "external",
            "to": "vlan-2661",
            "vlan_pool_dn": "uni/infra/vlanns-[dynamic]-dynamic"
          },
          "sensitive_attributes": [],
          "private": "eyJzY2hlbWFfdmVyc2lvbiI6IjEifQ==",
          "dependencies": [
            "data.aci_vlan_pool.dynamic"
          ]
        }
      ]
    },
    {
      "mode": "managed",
      "type": "aci_ranges",
      "name": "dynamic_2662",
      "provider": "provider[\"registry.terraform.io/ciscodevnet/aci\"]",
      "instances": [
        {
          "schema_version": 1,
          "attributes": {
            "alloc_mode": "inherit",
            "annotation": "orchestrator:terraform",
            "description": "",
            "from": "vlan-2662",
            "id": "uni/infra/vlanns-[dynamic]-dynamic/from-[vlan-2662]-to-[vlan-2662]",
            "name_alias": "",
            "role": "external",
            "to": "vlan-2662",
            "vlan_pool_dn": "uni/infra/vlanns-[dynamic]-dynamic"
          },
          "sensitive_attributes": [],
          "private": "eyJzY2hlbWFfdmVyc2lvbiI6IjEifQ==",
          "dependencies": [
            "data.aci_vlan_pool.dynamic"
          ]
        }
      ]
    },
    {
      "mode": "managed",
      "type": "aci_ranges",
      "name": "dynamic_2663",
      "provider": "provider[\"registry.terraform.io/ciscodevnet/aci\"]",
      "instances": [
        {
          "schema_version": 1,
          "attributes": {
            "alloc_mode": "inherit",
            "annotation": "orchestrator:terraform",
            "description": "",
            "from": "vlan-2663",
            "id": "uni/infra/vlanns-[dynamic]-dynamic/from-[vlan-2663]-to-[vlan-2663]",
            "name_alias": "",
            "role": "external",
            "to": "vlan-2663",
            "vlan_pool_dn": "uni/infra/vlanns-[dynamic]-dynamic"
          },
          "sensitive_attributes": [],
          "private": "eyJzY2hlbWFfdmVyc2lvbiI6IjEifQ==",
          "dependencies": [
            "data.aci_vlan_pool.dynamic"
          ]
        }
      ]
    },
    {
      "mode": "managed",
      "type": "aci_ranges",
      "name": "dynamic_2664",
      "provider": "provider[\"registry.terraform.io/ciscodevnet/aci\"]",
      "instances": [
        {
          "schema_version": 1,
          "attributes": {
            "alloc_mode": "inherit",
            "annotation": "orchestrator:terraform",
            "description": "",
            "from": "vlan-2664",
            "id": "uni/infra/vlanns-[dynamic]-dynamic/from-[vlan-2664]-to-[vlan-2664]",
            "name_alias": "",
            "role": "external",
            "to": "vlan-2664",
            "vlan_pool_dn": "uni/infra/vlanns-[dynamic]-dynamic"
          },
          "sensitive_attributes": [],
          "private": "eyJzY2hlbWFfdmVyc2lvbiI6IjEifQ==",
          "dependencies": [
            "data.aci_vlan_pool.dynamic"
          ]
        }
      ]
    },
    {
      "mode": "managed",
      "type": "aci_ranges",
      "name": "dynamic_2665",
      "provider": "provider[\"registry.terraform.io/ciscodevnet/aci\"]",
      "instances": [
        {
          "schema_version": 1,
          "attributes": {
            "alloc_mode": "inherit",
            "annotation": "orchestrator:terraform",
            "description": "",
            "from": "vlan-2665",
            "id": "uni/infra/vlanns-[dynamic]-dynamic/from-[vlan-2665]-to-[vlan-2665]",
            "name_alias": "",
            "role": "external",
            "to": "vlan-2665",
            "vlan_pool_dn": "uni/infra/vlanns-[dynamic]-dynamic"
          },
          "sensitive_attributes": [],
          "private": "eyJzY2hlbWFfdmVyc2lvbiI6IjEifQ==",
          "dependencies": [
            "data.aci_vlan_pool.dynamic"
          ]
        }
      ]
    },
    {
      "mode": "managed",
      "type": "aci_ranges",
      "name": "dynamic_2666",
      "provider": "provider[\"registry.terraform.io/ciscodevnet/aci\"]",
      "instances": [
        {
          "schema_version": 1,
          "attributes": {
            "alloc_mode": "inherit",
            "annotation": "orchestrator:terraform",
            "description": "",
            "from": "vlan-2666",
            "id": "uni/infra/vlanns-[dynamic]-dynamic/from-[vlan-2666]-to-[vlan-2666]",
            "name_alias": "",
            "role": "external",
            "to": "vlan-2666",
            "vlan_pool_dn": "uni/infra/vlanns-[dynamic]-dynamic"
          },
          "sensitive_attributes": [],
          "private": "eyJzY2hlbWFfdmVyc2lvbiI6IjEifQ==",
          "dependencies": [
            "data.aci_vlan_pool.dynamic"
          ]
        }
      ]
    },
    {
      "mode": "managed",
      "type": "aci_ranges",
      "name": "dynamic_2667",
      "provider": "provider[\"registry.terraform.io/ciscodevnet/aci\"]",
      "instances": [
        {
          "schema_version": 1,
          "attributes": {
            "alloc_mode": "inherit",
            "annotation": "orchestrator:terraform",
            "description": "",
            "from": "vlan-2667",
            "id": "uni/infra/vlanns-[dynamic]-dynamic/from-[vlan-2667]-to-[vlan-2667]",
            "name_alias": "",
            "role": "external",
            "to": "vlan-2667",
            "vlan_pool_dn": "uni/infra/vlanns-[dynamic]-dynamic"
          },
          "sensitive_attributes": [],
          "private": "eyJzY2hlbWFfdmVyc2lvbiI6IjEifQ==",
          "dependencies": [
            "data.aci_vlan_pool.dynamic"
          ]
        }
      ]
    },
    {
      "mode": "managed",
      "type": "aci_ranges",
      "name": "dynamic_2668",
      "provider": "provider[\"registry.terraform.io/ciscodevnet/aci\"]",
      "instances": [
        {
          "schema_version": 1,
          "attributes": {
            "alloc_mode": "inherit",
            "annotation": "orchestrator:terraform",
            "description": "",
            "from": "vlan-2668",
            "id": "uni/infra/vlanns-[dynamic]-dynamic/from-[vlan-2668]-to-[vlan-2668]",
            "name_alias": "",
            "role": "external",
            "to": "vlan-2668",
            "vlan_pool_dn": "uni/infra/vlanns-[dynamic]-dynamic"
          },
          "sensitive_attributes": [],
          "private": "eyJzY2hlbWFfdmVyc2lvbiI6IjEifQ==",
          "dependencies": [
            "data.aci_vlan_pool.dynamic"
          ]
        }
      ]
    },
    {
      "mode": "managed",
      "type": "aci_ranges",
      "name": "dynamic_2669",
      "provider": "provider[\"registry.terraform.io/ciscodevnet/aci\"]",
      "instances": [
        {
          "schema_version": 1,
          "attributes": {
            "alloc_mode": "inherit",
            "annotation": "orchestrator:terraform",
            "description": "",
            "from": "vlan-2669",
            "id": "uni/infra/vlanns-[dynamic]-dynamic/from-[vlan-2669]-to-[vlan-2669]",
            "name_alias": "",
            "role": "external",
            "to": "vlan-2669",
            "vlan_pool_dn": "uni/infra/vlanns-[dynamic]-dynamic"
          },
          "sensitive_attributes": [],
          "private": "eyJzY2hlbWFfdmVyc2lvbiI6IjEifQ==",
          "dependencies": [
            "data.aci_vlan_pool.dynamic"
          ]
        }
      ]
    },
    {
      "mode": "managed",
      "type": "aci_ranges",
      "name": "dynamic_2670",
      "provider": "provider[\"registry.terraform.io/ciscodevnet/aci\"]",
      "instances": [
        {
          "schema_version": 1,
          "attributes": {
            "alloc_mode": "inherit",
            "annotation": "orchestrator:terraform",
            "description": "",
            "from": "vlan-2670",
            "id": "uni/infra/vlanns-[dynamic]-dynamic/from-[vlan-2670]-to-[vlan-2670]",
            "name_alias": "",
            "role": "external",
            "to": "vlan-2670",
            "vlan_pool_dn": "uni/infra/vlanns-[dynamic]-dynamic"
          },
          "sensitive_attributes": [],
          "private": "eyJzY2hlbWFfdmVyc2lvbiI6IjEifQ==",
          "dependencies": [
            "data.aci_vlan_pool.dynamic"
          ]
        }
      ]
    },
    {
      "mode": "managed",
      "type": "aci_ranges",
      "name": "dynamic_2671",
      "provider": "provider[\"registry.terraform.io/ciscodevnet/aci\"]",
      "instances": [
        {
          "schema_version": 1,
          "attributes": {
            "alloc_mode": "inherit",
            "annotation": "orchestrator:terraform",
            "description": "",
            "from": "vlan-2671",
            "id": "uni/infra/vlanns-[dynamic]-dynamic/from-[vlan-2671]-to-[vlan-2671]",
            "name_alias": "",
            "role": "external",
            "to": "vlan-2671",
            "vlan_pool_dn": "uni/infra/vlanns-[dynamic]-dynamic"
          },
          "sensitive_attributes": [],
          "private": "eyJzY2hlbWFfdmVyc2lvbiI6IjEifQ==",
          "dependencies": [
            "data.aci_vlan_pool.dynamic"
          ]
        }
      ]
    },
    {
      "mode": "managed",
      "type": "aci_ranges",
      "name": "dynamic_2672",
      "provider": "provider[\"registry.terraform.io/ciscodevnet/aci\"]",
      "instances": [
        {
          "schema_version": 1,
          "attributes": {
            "alloc_mode": "inherit",
            "annotation": "orchestrator:terraform",
            "description": "",
            "from": "vlan-2672",
            "id": "uni/infra/vlanns-[dynamic]-dynamic/from-[vlan-2672]-to-[vlan-2672]",
            "name_alias": "",
            "role": "external",
            "to": "vlan-2672",
            "vlan_pool_dn": "uni/infra/vlanns-[dynamic]-dynamic"
          },
          "sensitive_attributes": [],
          "private": "eyJzY2hlbWFfdmVyc2lvbiI6IjEifQ==",
          "dependencies": [
            "data.aci_vlan_pool.dynamic"
          ]
        }
      ]
    },
    {
      "mode": "managed",
      "type": "aci_ranges",
      "name": "dynamic_2673",
      "provider": "provider[\"registry.terraform.io/ciscodevnet/aci\"]",
      "instances": [
        {
          "schema_version": 1,
          "attributes": {
            "alloc_mode": "inherit",
            "annotation": "orchestrator:terraform",
            "description": "",
            "from": "vlan-2673",
            "id": "uni/infra/vlanns-[dynamic]-dynamic/from-[vlan-2673]-to-[vlan-2673]",
            "name_alias": "",
            "role": "external",
            "to": "vlan-2673",
            "vlan_pool_dn": "uni/infra/vlanns-[dynamic]-dynamic"
          },
          "sensitive_attributes": [],
          "private": "eyJzY2hlbWFfdmVyc2lvbiI6IjEifQ==",
          "dependencies": [
            "data.aci_vlan_pool.dynamic"
          ]
        }
      ]
    },
    {
      "mode": "managed",
      "type": "aci_ranges",
      "name": "dynamic_2674",
      "provider": "provider[\"registry.terraform.io/ciscodevnet/aci\"]",
      "instances": [
        {
          "schema_version": 1,
          "attributes": {
            "alloc_mode": "inherit",
            "annotation": "orchestrator:terraform",
            "description": "",
            "from": "vlan-2674",
            "id": "uni/infra/vlanns-[dynamic]-dynamic/from-[vlan-2674]-to-[vlan-2674]",
            "name_alias": "",
            "role": "external",
            "to": "vlan-2674",
            "vlan_pool_dn": "uni/infra/vlanns-[dynamic]-dynamic"
          },
          "sensitive_attributes": [],
          "private": "eyJzY2hlbWFfdmVyc2lvbiI6IjEifQ==",
          "dependencies": [
            "data.aci_vlan_pool.dynamic"
          ]
        }
      ]
    },
    {
      "mode": "managed",
      "type": "aci_ranges",
      "name": "dynamic_2675",
      "provider": "provider[\"registry.terraform.io/ciscodevnet/aci\"]",
      "instances": [
        {
          "schema_version": 1,
          "attributes": {
            "alloc_mode": "inherit",
            "annotation": "orchestrator:terraform",
            "description": "",
            "from": "vlan-2675",
            "id": "uni/infra/vlanns-[dynamic]-dynamic/from-[vlan-2675]-to-[vlan-2675]",
            "name_alias": "",
            "role": "external",
            "to": "vlan-2675",
            "vlan_pool_dn": "uni/infra/vlanns-[dynamic]-dynamic"
          },
          "sensitive_attributes": [],
          "private": "eyJzY2hlbWFfdmVyc2lvbiI6IjEifQ==",
          "dependencies": [
            "data.aci_vlan_pool.dynamic"
          ]
        }
      ]
    },
    {
      "mode": "managed",
      "type": "aci_ranges",
      "name": "dynamic_2676",
      "provider": "provider[\"registry.terraform.io/ciscodevnet/aci\"]",
      "instances": [
        {
          "schema_version": 1,
          "attributes": {
            "alloc_mode": "inherit",
            "annotation": "orchestrator:terraform",
            "description": "",
            "from": "vlan-2676",
            "id": "uni/infra/vlanns-[dynamic]-dynamic/from-[vlan-2676]-to-[vlan-2676]",
            "name_alias": "",
            "role": "external",
            "to": "vlan-2676",
            "vlan_pool_dn": "uni/infra/vlanns-[dynamic]-dynamic"
          },
          "sensitive_attributes": [],
          "private": "eyJzY2hlbWFfdmVyc2lvbiI6IjEifQ==",
          "dependencies": [
            "data.aci_vlan_pool.dynamic"
          ]
        }
      ]
    },
    {
      "mode": "managed",
      "type": "aci_ranges",
      "name": "dynamic_2677",
      "provider": "provider[\"registry.terraform.io/ciscodevnet/aci\"]",
      "instances": [
        {
          "schema_version": 1,
          "attributes": {
            "alloc_mode": "inherit",
            "annotation": "orchestrator:terraform",
            "description": "",
            "from": "vlan-2677",
            "id": "uni/infra/vlanns-[dynamic]-dynamic/from-[vlan-2677]-to-[vlan-2677]",
            "name_alias": "",
            "role": "external",
            "to": "vlan-2677",
            "vlan_pool_dn": "uni/infra/vlanns-[dynamic]-dynamic"
          },
          "sensitive_attributes": [],
          "private": "eyJzY2hlbWFfdmVyc2lvbiI6IjEifQ==",
          "dependencies": [
            "data.aci_vlan_pool.dynamic"
          ]
        }
      ]
    },
    {
      "mode": "managed",
      "type": "aci_ranges",
      "name": "dynamic_2678",
      "provider": "provider[\"registry.terraform.io/ciscodevnet/aci\"]",
      "instances": [
        {
          "schema_version": 1,
          "attributes": {
            "alloc_mode": "inherit",
            "annotation": "orchestrator:terraform",
            "description": "",
            "from": "vlan-2678",
            "id": "uni/infra/vlanns-[dynamic]-dynamic/from-[vlan-2678]-to-[vlan-2678]",
            "name_alias": "",
            "role": "external",
            "to": "vlan-2678",
            "vlan_pool_dn": "uni/infra/vlanns-[dynamic]-dynamic"
          },
          "sensitive_attributes": [],
          "private": "eyJzY2hlbWFfdmVyc2lvbiI6IjEifQ==",
          "dependencies": [
            "data.aci_vlan_pool.dynamic"
          ]
        }
      ]
    },
    {
      "mode": "managed",
      "type": "aci_ranges",
      "name": "dynamic_2679",
      "provider": "provider[\"registry.terraform.io/ciscodevnet/aci\"]",
      "instances": [
        {
          "schema_version": 1,
          "attributes": {
            "alloc_mode": "inherit",
            "annotation": "orchestrator:terraform",
            "description": "",
            "from": "vlan-2679",
            "id": "uni/infra/vlanns-[dynamic]-dynamic/from-[vlan-2679]-to-[vlan-2679]",
            "name_alias": "",
            "role": "external",
            "to": "vlan-2679",
            "vlan_pool_dn": "uni/infra/vlanns-[dynamic]-dynamic"
          },
          "sensitive_attributes": [],
          "private": "eyJzY2hlbWFfdmVyc2lvbiI6IjEifQ==",
          "dependencies": [
            "data.aci_vlan_pool.dynamic"
          ]
        }
      ]
    },
    {
      "mode": "managed",
      "type": "aci_ranges",
      "name": "dynamic_2680",
      "provider": "provider[\"registry.terraform.io/ciscodevnet/aci\"]",
      "instances": [
        {
          "schema_version": 1,
          "attributes": {
            "alloc_mode": "inherit",
            "annotation": "orchestrator:terraform",
            "description": "",
            "from": "vlan-2680",
            "id": "uni/infra/vlanns-[dynamic]-dynamic/from-[vlan-2680]-to-[vlan-2680]",
            "name_alias": "",
            "role": "external",
            "to": "vlan-2680",
            "vlan_pool_dn": "uni/infra/vlanns-[dynamic]-dynamic"
          },
          "sensitive_attributes": [],
          "private": "eyJzY2hlbWFfdmVyc2lvbiI6IjEifQ==",
          "dependencies": [
            "data.aci_vlan_pool.dynamic"
          ]
        }
      ]
    },
    {
      "mode": "managed",
      "type": "aci_ranges",
      "name": "dynamic_2681",
      "provider": "provider[\"registry.terraform.io/ciscodevnet/aci\"]",
      "instances": [
        {
          "schema_version": 1,
          "attributes": {
            "alloc_mode": "inherit",
            "annotation": "orchestrator:terraform",
            "description": "",
            "from": "vlan-2681",
            "id": "uni/infra/vlanns-[dynamic]-dynamic/from-[vlan-2681]-to-[vlan-2681]",
            "name_alias": "",
            "role": "external",
            "to": "vlan-2681",
            "vlan_pool_dn": "uni/infra/vlanns-[dynamic]-dynamic"
          },
          "sensitive_attributes": [],
          "private": "eyJzY2hlbWFfdmVyc2lvbiI6IjEifQ==",
          "dependencies": [
            "data.aci_vlan_pool.dynamic"
          ]
        }
      ]
    },
    {
      "mode": "managed",
      "type": "aci_ranges",
      "name": "dynamic_2682",
      "provider": "provider[\"registry.terraform.io/ciscodevnet/aci\"]",
      "instances": [
        {
          "schema_version": 1,
          "attributes": {
            "alloc_mode": "inherit",
            "annotation": "orchestrator:terraform",
            "description": "",
            "from": "vlan-2682",
            "id": "uni/infra/vlanns-[dynamic]-dynamic/from-[vlan-2682]-to-[vlan-2682]",
            "name_alias": "",
            "role": "external",
            "to": "vlan-2682",
            "vlan_pool_dn": "uni/infra/vlanns-[dynamic]-dynamic"
          },
          "sensitive_attributes": [],
          "private": "eyJzY2hlbWFfdmVyc2lvbiI6IjEifQ==",
          "dependencies": [
            "data.aci_vlan_pool.dynamic"
          ]
        }
      ]
    },
    {
      "mode": "managed",
      "type": "aci_ranges",
      "name": "dynamic_2683",
      "provider": "provider[\"registry.terraform.io/ciscodevnet/aci\"]",
      "instances": [
        {
          "schema_version": 1,
          "attributes": {
            "alloc_mode": "inherit",
            "annotation": "orchestrator:terraform",
            "description": "",
            "from": "vlan-2683",
            "id": "uni/infra/vlanns-[dynamic]-dynamic/from-[vlan-2683]-to-[vlan-2683]",
            "name_alias": "",
            "role": "external",
            "to": "vlan-2683",
            "vlan_pool_dn": "uni/infra/vlanns-[dynamic]-dynamic"
          },
          "sensitive_attributes": [],
          "private": "eyJzY2hlbWFfdmVyc2lvbiI6IjEifQ==",
          "dependencies": [
            "data.aci_vlan_pool.dynamic"
          ]
        }
      ]
    },
    {
      "mode": "managed",
      "type": "aci_ranges",
      "name": "dynamic_2684",
      "provider": "provider[\"registry.terraform.io/ciscodevnet/aci\"]",
      "instances": [
        {
          "schema_version": 1,
          "attributes": {
            "alloc_mode": "inherit",
            "annotation": "orchestrator:terraform",
            "description": "",
            "from": "vlan-2684",
            "id": "uni/infra/vlanns-[dynamic]-dynamic/from-[vlan-2684]-to-[vlan-2684]",
            "name_alias": "",
            "role": "external",
            "to": "vlan-2684",
            "vlan_pool_dn": "uni/infra/vlanns-[dynamic]-dynamic"
          },
          "sensitive_attributes": [],
          "private": "eyJzY2hlbWFfdmVyc2lvbiI6IjEifQ==",
          "dependencies": [
            "data.aci_vlan_pool.dynamic"
          ]
        }
      ]
    },
    {
      "mode": "managed",
      "type": "aci_ranges",
      "name": "dynamic_2685",
      "provider": "provider[\"registry.terraform.io/ciscodevnet/aci\"]",
      "instances": [
        {
          "schema_version": 1,
          "attributes": {
            "alloc_mode": "inherit",
            "annotation": "orchestrator:terraform",
            "description": "",
            "from": "vlan-2685",
            "id": "uni/infra/vlanns-[dynamic]-dynamic/from-[vlan-2685]-to-[vlan-2685]",
            "name_alias": "",
            "role": "external",
            "to": "vlan-2685",
            "vlan_pool_dn": "uni/infra/vlanns-[dynamic]-dynamic"
          },
          "sensitive_attributes": [],
          "private": "eyJzY2hlbWFfdmVyc2lvbiI6IjEifQ==",
          "dependencies": [
            "data.aci_vlan_pool.dynamic"
          ]
        }
      ]
    },
    {
      "mode": "managed",
      "type": "aci_ranges",
      "name": "dynamic_2686",
      "provider": "provider[\"registry.terraform.io/ciscodevnet/aci\"]",
      "instances": [
        {
          "schema_version": 1,
          "attributes": {
            "alloc_mode": "inherit",
            "annotation": "orchestrator:terraform",
            "description": "",
            "from": "vlan-2686",
            "id": "uni/infra/vlanns-[dynamic]-dynamic/from-[vlan-2686]-to-[vlan-2686]",
            "name_alias": "",
            "role": "external",
            "to": "vlan-2686",
            "vlan_pool_dn": "uni/infra/vlanns-[dynamic]-dynamic"
          },
          "sensitive_attributes": [],
          "private": "eyJzY2hlbWFfdmVyc2lvbiI6IjEifQ==",
          "dependencies": [
            "data.aci_vlan_pool.dynamic"
          ]
        }
      ]
    },
    {
      "mode": "managed",
      "type": "aci_ranges",
      "name": "dynamic_2687",
      "provider": "provider[\"registry.terraform.io/ciscodevnet/aci\"]",
      "instances": [
        {
          "schema_version": 1,
          "attributes": {
            "alloc_mode": "inherit",
            "annotation": "orchestrator:terraform",
            "description": "",
            "from": "vlan-2687",
            "id": "uni/infra/vlanns-[dynamic]-dynamic/from-[vlan-2687]-to-[vlan-2687]",
            "name_alias": "",
            "role": "external",
            "to": "vlan-2687",
            "vlan_pool_dn": "uni/infra/vlanns-[dynamic]-dynamic"
          },
          "sensitive_attributes": [],
          "private": "eyJzY2hlbWFfdmVyc2lvbiI6IjEifQ==",
          "dependencies": [
            "data.aci_vlan_pool.dynamic"
          ]
        }
      ]
    },
    {
      "mode": "managed",
      "type": "aci_ranges",
      "name": "dynamic_2688",
      "provider": "provider[\"registry.terraform.io/ciscodevnet/aci\"]",
      "instances": [
        {
          "schema_version": 1,
          "attributes": {
            "alloc_mode": "inherit",
            "annotation": "orchestrator:terraform",
            "description": "",
            "from": "vlan-2688",
            "id": "uni/infra/vlanns-[dynamic]-dynamic/from-[vlan-2688]-to-[vlan-2688]",
            "name_alias": "",
            "role": "external",
            "to": "vlan-2688",
            "vlan_pool_dn": "uni/infra/vlanns-[dynamic]-dynamic"
          },
          "sensitive_attributes": [],
          "private": "eyJzY2hlbWFfdmVyc2lvbiI6IjEifQ==",
          "dependencies": [
            "data.aci_vlan_pool.dynamic"
          ]
        }
      ]
    },
    {
      "mode": "managed",
      "type": "aci_ranges",
      "name": "dynamic_2689",
      "provider": "provider[\"registry.terraform.io/ciscodevnet/aci\"]",
      "instances": [
        {
          "schema_version": 1,
          "attributes": {
            "alloc_mode": "inherit",
            "annotation": "orchestrator:terraform",
            "description": "",
            "from": "vlan-2689",
            "id": "uni/infra/vlanns-[dynamic]-dynamic/from-[vlan-2689]-to-[vlan-2689]",
            "name_alias": "",
            "role": "external",
            "to": "vlan-2689",
            "vlan_pool_dn": "uni/infra/vlanns-[dynamic]-dynamic"
          },
          "sensitive_attributes": [],
          "private": "eyJzY2hlbWFfdmVyc2lvbiI6IjEifQ==",
          "dependencies": [
            "data.aci_vlan_pool.dynamic"
          ]
        }
      ]
    },
    {
      "mode": "managed",
      "type": "aci_ranges",
      "name": "dynamic_2690",
      "provider": "provider[\"registry.terraform.io/ciscodevnet/aci\"]",
      "instances": [
        {
          "schema_version": 1,
          "attributes": {
            "alloc_mode": "inherit",
            "annotation": "orchestrator:terraform",
            "description": "",
            "from": "vlan-2690",
            "id": "uni/infra/vlanns-[dynamic]-dynamic/from-[vlan-2690]-to-[vlan-2690]",
            "name_alias": "",
            "role": "external",
            "to": "vlan-2690",
            "vlan_pool_dn": "uni/infra/vlanns-[dynamic]-dynamic"
          },
          "sensitive_attributes": [],
          "private": "eyJzY2hlbWFfdmVyc2lvbiI6IjEifQ==",
          "dependencies": [
            "data.aci_vlan_pool.dynamic"
          ]
        }
      ]
    },
    {
      "mode": "managed",
      "type": "aci_ranges",
      "name": "dynamic_2691",
      "provider": "provider[\"registry.terraform.io/ciscodevnet/aci\"]",
      "instances": [
        {
          "schema_version": 1,
          "attributes": {
            "alloc_mode": "inherit",
            "annotation": "orchestrator:terraform",
            "description": "",
            "from": "vlan-2691",
            "id": "uni/infra/vlanns-[dynamic]-dynamic/from-[vlan-2691]-to-[vlan-2691]",
            "name_alias": "",
            "role": "external",
            "to": "vlan-2691",
            "vlan_pool_dn": "uni/infra/vlanns-[dynamic]-dynamic"
          },
          "sensitive_attributes": [],
          "private": "eyJzY2hlbWFfdmVyc2lvbiI6IjEifQ==",
          "dependencies": [
            "data.aci_vlan_pool.dynamic"
          ]
        }
      ]
    },
    {
      "mode": "managed",
      "type": "aci_ranges",
      "name": "dynamic_2692",
      "provider": "provider[\"registry.terraform.io/ciscodevnet/aci\"]",
      "instances": [
        {
          "schema_version": 1,
          "attributes": {
            "alloc_mode": "inherit",
            "annotation": "orchestrator:terraform",
            "description": "",
            "from": "vlan-2692",
            "id": "uni/infra/vlanns-[dynamic]-dynamic/from-[vlan-2692]-to-[vlan-2692]",
            "name_alias": "",
            "role": "external",
            "to": "vlan-2692",
            "vlan_pool_dn": "uni/infra/vlanns-[dynamic]-dynamic"
          },
          "sensitive_attributes": [],
          "private": "eyJzY2hlbWFfdmVyc2lvbiI6IjEifQ==",
          "dependencies": [
            "data.aci_vlan_pool.dynamic"
          ]
        }
      ]
    },
    {
      "mode": "managed",
      "type": "aci_ranges",
      "name": "dynamic_2693",
      "provider": "provider[\"registry.terraform.io/ciscodevnet/aci\"]",
      "instances": [
        {
          "schema_version": 1,
          "attributes": {
            "alloc_mode": "inherit",
            "annotation": "orchestrator:terraform",
            "description": "",
            "from": "vlan-2693",
            "id": "uni/infra/vlanns-[dynamic]-dynamic/from-[vlan-2693]-to-[vlan-2693]",
            "name_alias": "",
            "role": "external",
            "to": "vlan-2693",
            "vlan_pool_dn": "uni/infra/vlanns-[dynamic]-dynamic"
          },
          "sensitive_attributes": [],
          "private": "eyJzY2hlbWFfdmVyc2lvbiI6IjEifQ==",
          "dependencies": [
            "data.aci_vlan_pool.dynamic"
          ]
        }
      ]
    },
    {
      "mode": "managed",
      "type": "aci_ranges",
      "name": "dynamic_2694",
      "provider": "provider[\"registry.terraform.io/ciscodevnet/aci\"]",
      "instances": [
        {
          "schema_version": 1,
          "attributes": {
            "alloc_mode": "inherit",
            "annotation": "orchestrator:terraform",
            "description": "",
            "from": "vlan-2694",
            "id": "uni/infra/vlanns-[dynamic]-dynamic/from-[vlan-2694]-to-[vlan-2694]",
            "name_alias": "",
            "role": "external",
            "to": "vlan-2694",
            "vlan_pool_dn": "uni/infra/vlanns-[dynamic]-dynamic"
          },
          "sensitive_attributes": [],
          "private": "eyJzY2hlbWFfdmVyc2lvbiI6IjEifQ==",
          "dependencies": [
            "data.aci_vlan_pool.dynamic"
          ]
        }
      ]
    },
    {
      "mode": "managed",
      "type": "aci_ranges",
      "name": "dynamic_2695",
      "provider": "provider[\"registry.terraform.io/ciscodevnet/aci\"]",
      "instances": [
        {
          "schema_version": 1,
          "attributes": {
            "alloc_mode": "inherit",
            "annotation": "orchestrator:terraform",
            "description": "",
            "from": "vlan-2695",
            "id": "uni/infra/vlanns-[dynamic]-dynamic/from-[vlan-2695]-to-[vlan-2695]",
            "name_alias": "",
            "role": "external",
            "to": "vlan-2695",
            "vlan_pool_dn": "uni/infra/vlanns-[dynamic]-dynamic"
          },
          "sensitive_attributes": [],
          "private": "eyJzY2hlbWFfdmVyc2lvbiI6IjEifQ==",
          "dependencies": [
            "data.aci_vlan_pool.dynamic"
          ]
        }
      ]
    },
    {
      "mode": "managed",
      "type": "aci_ranges",
      "name": "dynamic_2696",
      "provider": "provider[\"registry.terraform.io/ciscodevnet/aci\"]",
      "instances": [
        {
          "schema_version": 1,
          "attributes": {
            "alloc_mode": "inherit",
            "annotation": "orchestrator:terraform",
            "description": "",
            "from": "vlan-2696",
            "id": "uni/infra/vlanns-[dynamic]-dynamic/from-[vlan-2696]-to-[vlan-2696]",
            "name_alias": "",
            "role": "external",
            "to": "vlan-2696",
            "vlan_pool_dn": "uni/infra/vlanns-[dynamic]-dynamic"
          },
          "sensitive_attributes": [],
          "private": "eyJzY2hlbWFfdmVyc2lvbiI6IjEifQ==",
          "dependencies": [
            "data.aci_vlan_pool.dynamic"
          ]
        }
      ]
    },
    {
      "mode": "managed",
      "type": "aci_ranges",
      "name": "dynamic_2697",
      "provider": "provider[\"registry.terraform.io/ciscodevnet/aci\"]",
      "instances": [
        {
          "schema_version": 1,
          "attributes": {
            "alloc_mode": "inherit",
            "annotation": "orchestrator:terraform",
            "description": "",
            "from": "vlan-2697",
            "id": "uni/infra/vlanns-[dynamic]-dynamic/from-[vlan-2697]-to-[vlan-2697]",
            "name_alias": "",
            "role": "external",
            "to": "vlan-2697",
            "vlan_pool_dn": "uni/infra/vlanns-[dynamic]-dynamic"
          },
          "sensitive_attributes": [],
          "private": "eyJzY2hlbWFfdmVyc2lvbiI6IjEifQ==",
          "dependencies": [
            "data.aci_vlan_pool.dynamic"
          ]
        }
      ]
    },
    {
      "mode": "managed",
      "type": "aci_ranges",
      "name": "dynamic_2698",
      "provider": "provider[\"registry.terraform.io/ciscodevnet/aci\"]",
      "instances": [
        {
          "schema_version": 1,
          "attributes": {
            "alloc_mode": "inherit",
            "annotation": "orchestrator:terraform",
            "description": "",
            "from": "vlan-2698",
            "id": "uni/infra/vlanns-[dynamic]-dynamic/from-[vlan-2698]-to-[vlan-2698]",
            "name_alias": "",
            "role": "external",
            "to": "vlan-2698",
            "vlan_pool_dn": "uni/infra/vlanns-[dynamic]-dynamic"
          },
          "sensitive_attributes": [],
          "private": "eyJzY2hlbWFfdmVyc2lvbiI6IjEifQ==",
          "dependencies": [
            "data.aci_vlan_pool.dynamic"
          ]
        }
      ]
    },
    {
      "mode": "managed",
      "type": "aci_ranges",
      "name": "dynamic_2699",
      "provider": "provider[\"registry.terraform.io/ciscodevnet/aci\"]",
      "instances": [
        {
          "schema_version": 1,
          "attributes": {
            "alloc_mode": "inherit",
            "annotation": "orchestrator:terraform",
            "description": "",
            "from": "vlan-2699",
            "id": "uni/infra/vlanns-[dynamic]-dynamic/from-[vlan-2699]-to-[vlan-2699]",
            "name_alias": "",
            "role": "external",
            "to": "vlan-2699",
            "vlan_pool_dn": "uni/infra/vlanns-[dynamic]-dynamic"
          },
          "sensitive_attributes": [],
          "private": "eyJzY2hlbWFfdmVyc2lvbiI6IjEifQ==",
          "dependencies": [
            "data.aci_vlan_pool.dynamic"
          ]
        }
      ]
    },
    {
      "mode": "managed",
      "type": "aci_ranges",
      "name": "dynamic_2700",
      "provider": "provider[\"registry.terraform.io/ciscodevnet/aci\"]",
      "instances": [
        {
          "schema_version": 1,
          "attributes": {
            "alloc_mode": "inherit",
            "annotation": "orchestrator:terraform",
            "description": "",
            "from": "vlan-2700",
            "id": "uni/infra/vlanns-[dynamic]-dynamic/from-[vlan-2700]-to-[vlan-2700]",
            "name_alias": "",
            "role": "external",
            "to": "vlan-2700",
            "vlan_pool_dn": "uni/infra/vlanns-[dynamic]-dynamic"
          },
          "sensitive_attributes": [],
          "private": "eyJzY2hlbWFfdmVyc2lvbiI6IjEifQ==",
          "dependencies": [
            "data.aci_vlan_pool.dynamic"
          ]
        }
      ]
    },
    {
      "mode": "managed",
      "type": "aci_ranges",
      "name": "dynamic_2701",
      "provider": "provider[\"registry.terraform.io/ciscodevnet/aci\"]",
      "instances": [
        {
          "schema_version": 1,
          "attributes": {
            "alloc_mode": "inherit",
            "annotation": "orchestrator:terraform",
            "description": "",
            "from": "vlan-2701",
            "id": "uni/infra/vlanns-[dynamic]-dynamic/from-[vlan-2701]-to-[vlan-2701]",
            "name_alias": "",
            "role": "external",
            "to": "vlan-2701",
            "vlan_pool_dn": "uni/infra/vlanns-[dynamic]-dynamic"
          },
          "sensitive_attributes": [],
          "private": "eyJzY2hlbWFfdmVyc2lvbiI6IjEifQ==",
          "dependencies": [
            "data.aci_vlan_pool.dynamic"
          ]
        }
      ]
    },
    {
      "mode": "managed",
      "type": "aci_ranges",
      "name": "dynamic_2702",
      "provider": "provider[\"registry.terraform.io/ciscodevnet/aci\"]",
      "instances": [
        {
          "schema_version": 1,
          "attributes": {
            "alloc_mode": "inherit",
            "annotation": "orchestrator:terraform",
            "description": "",
            "from": "vlan-2702",
            "id": "uni/infra/vlanns-[dynamic]-dynamic/from-[vlan-2702]-to-[vlan-2702]",
            "name_alias": "",
            "role": "external",
            "to": "vlan-2702",
            "vlan_pool_dn": "uni/infra/vlanns-[dynamic]-dynamic"
          },
          "sensitive_attributes": [],
          "private": "eyJzY2hlbWFfdmVyc2lvbiI6IjEifQ==",
          "dependencies": [
            "data.aci_vlan_pool.dynamic"
          ]
        }
      ]
    },
    {
      "mode": "managed",
      "type": "aci_ranges",
      "name": "dynamic_2703",
      "provider": "provider[\"registry.terraform.io/ciscodevnet/aci\"]",
      "instances": [
        {
          "schema_version": 1,
          "attributes": {
            "alloc_mode": "inherit",
            "annotation": "orchestrator:terraform",
            "description": "",
            "from": "vlan-2703",
            "id": "uni/infra/vlanns-[dynamic]-dynamic/from-[vlan-2703]-to-[vlan-2703]",
            "name_alias": "",
            "role": "external",
            "to": "vlan-2703",
            "vlan_pool_dn": "uni/infra/vlanns-[dynamic]-dynamic"
          },
          "sensitive_attributes": [],
          "private": "eyJzY2hlbWFfdmVyc2lvbiI6IjEifQ==",
          "dependencies": [
            "data.aci_vlan_pool.dynamic"
          ]
        }
      ]
    },
    {
      "mode": "managed",
      "type": "aci_ranges",
      "name": "dynamic_2704",
      "provider": "provider[\"registry.terraform.io/ciscodevnet/aci\"]",
      "instances": [
        {
          "schema_version": 1,
          "attributes": {
            "alloc_mode": "inherit",
            "annotation": "orchestrator:terraform",
            "description": "",
            "from": "vlan-2704",
            "id": "uni/infra/vlanns-[dynamic]-dynamic/from-[vlan-2704]-to-[vlan-2704]",
            "name_alias": "",
            "role": "external",
            "to": "vlan-2704",
            "vlan_pool_dn": "uni/infra/vlanns-[dynamic]-dynamic"
          },
          "sensitive_attributes": [],
          "private": "eyJzY2hlbWFfdmVyc2lvbiI6IjEifQ==",
          "dependencies": [
            "data.aci_vlan_pool.dynamic"
          ]
        }
      ]
    },
    {
      "mode": "managed",
      "type": "aci_ranges",
      "name": "dynamic_2705",
      "provider": "provider[\"registry.terraform.io/ciscodevnet/aci\"]",
      "instances": [
        {
          "schema_version": 1,
          "attributes": {
            "alloc_mode": "inherit",
            "annotation": "orchestrator:terraform",
            "description": "",
            "from": "vlan-2705",
            "id": "uni/infra/vlanns-[dynamic]-dynamic/from-[vlan-2705]-to-[vlan-2705]",
            "name_alias": "",
            "role": "external",
            "to": "vlan-2705",
            "vlan_pool_dn": "uni/infra/vlanns-[dynamic]-dynamic"
          },
          "sensitive_attributes": [],
          "private": "eyJzY2hlbWFfdmVyc2lvbiI6IjEifQ==",
          "dependencies": [
            "data.aci_vlan_pool.dynamic"
          ]
        }
      ]
    },
    {
      "mode": "managed",
      "type": "aci_ranges",
      "name": "dynamic_2706",
      "provider": "provider[\"registry.terraform.io/ciscodevnet/aci\"]",
      "instances": [
        {
          "schema_version": 1,
          "attributes": {
            "alloc_mode": "inherit",
            "annotation": "orchestrator:terraform",
            "description": "",
            "from": "vlan-2706",
            "id": "uni/infra/vlanns-[dynamic]-dynamic/from-[vlan-2706]-to-[vlan-2706]",
            "name_alias": "",
            "role": "external",
            "to": "vlan-2706",
            "vlan_pool_dn": "uni/infra/vlanns-[dynamic]-dynamic"
          },
          "sensitive_attributes": [],
          "private": "eyJzY2hlbWFfdmVyc2lvbiI6IjEifQ==",
          "dependencies": [
            "data.aci_vlan_pool.dynamic"
          ]
        }
      ]
    },
    {
      "mode": "managed",
      "type": "aci_ranges",
      "name": "dynamic_2707",
      "provider": "provider[\"registry.terraform.io/ciscodevnet/aci\"]",
      "instances": [
        {
          "schema_version": 1,
          "attributes": {
            "alloc_mode": "inherit",
            "annotation": "orchestrator:terraform",
            "description": "",
            "from": "vlan-2707",
            "id": "uni/infra/vlanns-[dynamic]-dynamic/from-[vlan-2707]-to-[vlan-2707]",
            "name_alias": "",
            "role": "external",
            "to": "vlan-2707",
            "vlan_pool_dn": "uni/infra/vlanns-[dynamic]-dynamic"
          },
          "sensitive_attributes": [],
          "private": "eyJzY2hlbWFfdmVyc2lvbiI6IjEifQ==",
          "dependencies": [
            "data.aci_vlan_pool.dynamic"
          ]
        }
      ]
    },
    {
      "mode": "managed",
      "type": "aci_ranges",
      "name": "dynamic_2708",
      "provider": "provider[\"registry.terraform.io/ciscodevnet/aci\"]",
      "instances": [
        {
          "schema_version": 1,
          "attributes": {
            "alloc_mode": "inherit",
            "annotation": "orchestrator:terraform",
            "description": "",
            "from": "vlan-2708",
            "id": "uni/infra/vlanns-[dynamic]-dynamic/from-[vlan-2708]-to-[vlan-2708]",
            "name_alias": "",
            "role": "external",
            "to": "vlan-2708",
            "vlan_pool_dn": "uni/infra/vlanns-[dynamic]-dynamic"
          },
          "sensitive_attributes": [],
          "private": "eyJzY2hlbWFfdmVyc2lvbiI6IjEifQ==",
          "dependencies": [
            "data.aci_vlan_pool.dynamic"
          ]
        }
      ]
    },
    {
      "mode": "managed",
      "type": "aci_ranges",
      "name": "dynamic_2709",
      "provider": "provider[\"registry.terraform.io/ciscodevnet/aci\"]",
      "instances": [
        {
          "schema_version": 1,
          "attributes": {
            "alloc_mode": "inherit",
            "annotation": "orchestrator:terraform",
            "description": "",
            "from": "vlan-2709",
            "id": "uni/infra/vlanns-[dynamic]-dynamic/from-[vlan-2709]-to-[vlan-2709]",
            "name_alias": "",
            "role": "external",
            "to": "vlan-2709",
            "vlan_pool_dn": "uni/infra/vlanns-[dynamic]-dynamic"
          },
          "sensitive_attributes": [],
          "private": "eyJzY2hlbWFfdmVyc2lvbiI6IjEifQ==",
          "dependencies": [
            "data.aci_vlan_pool.dynamic"
          ]
        }
      ]
    },
    {
      "mode": "managed",
      "type": "aci_ranges",
      "name": "dynamic_2710",
      "provider": "provider[\"registry.terraform.io/ciscodevnet/aci\"]",
      "instances": [
        {
          "schema_version": 1,
          "attributes": {
            "alloc_mode": "inherit",
            "annotation": "orchestrator:terraform",
            "description": "",
            "from": "vlan-2710",
            "id": "uni/infra/vlanns-[dynamic]-dynamic/from-[vlan-2710]-to-[vlan-2710]",
            "name_alias": "",
            "role": "external",
            "to": "vlan-2710",
            "vlan_pool_dn": "uni/infra/vlanns-[dynamic]-dynamic"
          },
          "sensitive_attributes": [],
          "private": "eyJzY2hlbWFfdmVyc2lvbiI6IjEifQ==",
          "dependencies": [
            "data.aci_vlan_pool.dynamic"
          ]
        }
      ]
    },
    {
      "mode": "managed",
      "type": "aci_ranges",
      "name": "dynamic_2711",
      "provider": "provider[\"registry.terraform.io/ciscodevnet/aci\"]",
      "instances": [
        {
          "schema_version": 1,
          "attributes": {
            "alloc_mode": "inherit",
            "annotation": "orchestrator:terraform",
            "description": "",
            "from": "vlan-2711",
            "id": "uni/infra/vlanns-[dynamic]-dynamic/from-[vlan-2711]-to-[vlan-2711]",
            "name_alias": "",
            "role": "external",
            "to": "vlan-2711",
            "vlan_pool_dn": "uni/infra/vlanns-[dynamic]-dynamic"
          },
          "sensitive_attributes": [],
          "private": "eyJzY2hlbWFfdmVyc2lvbiI6IjEifQ==",
          "dependencies": [
            "data.aci_vlan_pool.dynamic"
          ]
        }
      ]
    },
    {
      "mode": "managed",
      "type": "aci_ranges",
      "name": "dynamic_2712",
      "provider": "provider[\"registry.terraform.io/ciscodevnet/aci\"]",
      "instances": [
        {
          "schema_version": 1,
          "attributes": {
            "alloc_mode": "inherit",
            "annotation": "orchestrator:terraform",
            "description": "",
            "from": "vlan-2712",
            "id": "uni/infra/vlanns-[dynamic]-dynamic/from-[vlan-2712]-to-[vlan-2712]",
            "name_alias": "",
            "role": "external",
            "to": "vlan-2712",
            "vlan_pool_dn": "uni/infra/vlanns-[dynamic]-dynamic"
          },
          "sensitive_attributes": [],
          "private": "eyJzY2hlbWFfdmVyc2lvbiI6IjEifQ==",
          "dependencies": [
            "data.aci_vlan_pool.dynamic"
          ]
        }
      ]
    },
    {
      "mode": "managed",
      "type": "aci_ranges",
      "name": "dynamic_2713",
      "provider": "provider[\"registry.terraform.io/ciscodevnet/aci\"]",
      "instances": [
        {
          "schema_version": 1,
          "attributes": {
            "alloc_mode": "inherit",
            "annotation": "orchestrator:terraform",
            "description": "",
            "from": "vlan-2713",
            "id": "uni/infra/vlanns-[dynamic]-dynamic/from-[vlan-2713]-to-[vlan-2713]",
            "name_alias": "",
            "role": "external",
            "to": "vlan-2713",
            "vlan_pool_dn": "uni/infra/vlanns-[dynamic]-dynamic"
          },
          "sensitive_attributes": [],
          "private": "eyJzY2hlbWFfdmVyc2lvbiI6IjEifQ==",
          "dependencies": [
            "data.aci_vlan_pool.dynamic"
          ]
        }
      ]
    },
    {
      "mode": "managed",
      "type": "aci_ranges",
      "name": "dynamic_2714",
      "provider": "provider[\"registry.terraform.io/ciscodevnet/aci\"]",
      "instances": [
        {
          "schema_version": 1,
          "attributes": {
            "alloc_mode": "inherit",
            "annotation": "orchestrator:terraform",
            "description": "",
            "from": "vlan-2714",
            "id": "uni/infra/vlanns-[dynamic]-dynamic/from-[vlan-2714]-to-[vlan-2714]",
            "name_alias": "",
            "role": "external",
            "to": "vlan-2714",
            "vlan_pool_dn": "uni/infra/vlanns-[dynamic]-dynamic"
          },
          "sensitive_attributes": [],
          "private": "eyJzY2hlbWFfdmVyc2lvbiI6IjEifQ==",
          "dependencies": [
            "data.aci_vlan_pool.dynamic"
          ]
        }
      ]
    },
    {
      "mode": "managed",
      "type": "aci_ranges",
      "name": "dynamic_2715",
      "provider": "provider[\"registry.terraform.io/ciscodevnet/aci\"]",
      "instances": [
        {
          "schema_version": 1,
          "attributes": {
            "alloc_mode": "inherit",
            "annotation": "orchestrator:terraform",
            "description": "",
            "from": "vlan-2715",
            "id": "uni/infra/vlanns-[dynamic]-dynamic/from-[vlan-2715]-to-[vlan-2715]",
            "name_alias": "",
            "role": "external",
            "to": "vlan-2715",
            "vlan_pool_dn": "uni/infra/vlanns-[dynamic]-dynamic"
          },
          "sensitive_attributes": [],
          "private": "eyJzY2hlbWFfdmVyc2lvbiI6IjEifQ==",
          "dependencies": [
            "data.aci_vlan_pool.dynamic"
          ]
        }
      ]
    },
    {
      "mode": "managed",
      "type": "aci_ranges",
      "name": "dynamic_2716",
      "provider": "provider[\"registry.terraform.io/ciscodevnet/aci\"]",
      "instances": [
        {
          "schema_version": 1,
          "attributes": {
            "alloc_mode": "inherit",
            "annotation": "orchestrator:terraform",
            "description": "",
            "from": "vlan-2716",
            "id": "uni/infra/vlanns-[dynamic]-dynamic/from-[vlan-2716]-to-[vlan-2716]",
            "name_alias": "",
            "role": "external",
            "to": "vlan-2716",
            "vlan_pool_dn": "uni/infra/vlanns-[dynamic]-dynamic"
          },
          "sensitive_attributes": [],
          "private": "eyJzY2hlbWFfdmVyc2lvbiI6IjEifQ==",
          "dependencies": [
            "data.aci_vlan_pool.dynamic"
          ]
        }
      ]
    },
    {
      "mode": "managed",
      "type": "aci_ranges",
      "name": "dynamic_2717",
      "provider": "provider[\"registry.terraform.io/ciscodevnet/aci\"]",
      "instances": [
        {
          "schema_version": 1,
          "attributes": {
            "alloc_mode": "inherit",
            "annotation": "orchestrator:terraform",
            "description": "",
            "from": "vlan-2717",
            "id": "uni/infra/vlanns-[dynamic]-dynamic/from-[vlan-2717]-to-[vlan-2717]",
            "name_alias": "",
            "role": "external",
            "to": "vlan-2717",
            "vlan_pool_dn": "uni/infra/vlanns-[dynamic]-dynamic"
          },
          "sensitive_attributes": [],
          "private": "eyJzY2hlbWFfdmVyc2lvbiI6IjEifQ==",
          "dependencies": [
            "data.aci_vlan_pool.dynamic"
          ]
        }
      ]
    },
    {
      "mode": "managed",
      "type": "aci_ranges",
      "name": "dynamic_2718",
      "provider": "provider[\"registry.terraform.io/ciscodevnet/aci\"]",
      "instances": [
        {
          "schema_version": 1,
          "attributes": {
            "alloc_mode": "inherit",
            "annotation": "orchestrator:terraform",
            "description": "",
            "from": "vlan-2718",
            "id": "uni/infra/vlanns-[dynamic]-dynamic/from-[vlan-2718]-to-[vlan-2718]",
            "name_alias": "",
            "role": "external",
            "to": "vlan-2718",
            "vlan_pool_dn": "uni/infra/vlanns-[dynamic]-dynamic"
          },
          "sensitive_attributes": [],
          "private": "eyJzY2hlbWFfdmVyc2lvbiI6IjEifQ==",
          "dependencies": [
            "data.aci_vlan_pool.dynamic"
          ]
        }
      ]
    },
    {
      "mode": "managed",
      "type": "aci_ranges",
      "name": "dynamic_2719",
      "provider": "provider[\"registry.terraform.io/ciscodevnet/aci\"]",
      "instances": [
        {
          "schema_version": 1,
          "attributes": {
            "alloc_mode": "inherit",
            "annotation": "orchestrator:terraform",
            "description": "",
            "from": "vlan-2719",
            "id": "uni/infra/vlanns-[dynamic]-dynamic/from-[vlan-2719]-to-[vlan-2719]",
            "name_alias": "",
            "role": "external",
            "to": "vlan-2719",
            "vlan_pool_dn": "uni/infra/vlanns-[dynamic]-dynamic"
          },
          "sensitive_attributes": [],
          "private": "eyJzY2hlbWFfdmVyc2lvbiI6IjEifQ==",
          "dependencies": [
            "data.aci_vlan_pool.dynamic"
          ]
        }
      ]
    },
    {
      "mode": "managed",
      "type": "aci_ranges",
      "name": "dynamic_2720",
      "provider": "provider[\"registry.terraform.io/ciscodevnet/aci\"]",
      "instances": [
        {
          "schema_version": 1,
          "attributes": {
            "alloc_mode": "inherit",
            "annotation": "orchestrator:terraform",
            "description": "",
            "from": "vlan-2720",
            "id": "uni/infra/vlanns-[dynamic]-dynamic/from-[vlan-2720]-to-[vlan-2720]",
            "name_alias": "",
            "role": "external",
            "to": "vlan-2720",
            "vlan_pool_dn": "uni/infra/vlanns-[dynamic]-dynamic"
          },
          "sensitive_attributes": [],
          "private": "eyJzY2hlbWFfdmVyc2lvbiI6IjEifQ==",
          "dependencies": [
            "data.aci_vlan_pool.dynamic"
          ]
        }
      ]
    },
    {
      "mode": "managed",
      "type": "aci_ranges",
      "name": "dynamic_2721",
      "provider": "provider[\"registry.terraform.io/ciscodevnet/aci\"]",
      "instances": [
        {
          "schema_version": 1,
          "attributes": {
            "alloc_mode": "inherit",
            "annotation": "orchestrator:terraform",
            "description": "",
            "from": "vlan-2721",
            "id": "uni/infra/vlanns-[dynamic]-dynamic/from-[vlan-2721]-to-[vlan-2721]",
            "name_alias": "",
            "role": "external",
            "to": "vlan-2721",
            "vlan_pool_dn": "uni/infra/vlanns-[dynamic]-dynamic"
          },
          "sensitive_attributes": [],
          "private": "eyJzY2hlbWFfdmVyc2lvbiI6IjEifQ==",
          "dependencies": [
            "data.aci_vlan_pool.dynamic"
          ]
        }
      ]
    },
    {
      "mode": "managed",
      "type": "aci_ranges",
      "name": "dynamic_2722",
      "provider": "provider[\"registry.terraform.io/ciscodevnet/aci\"]",
      "instances": [
        {
          "schema_version": 1,
          "attributes": {
            "alloc_mode": "inherit",
            "annotation": "orchestrator:terraform",
            "description": "",
            "from": "vlan-2722",
            "id": "uni/infra/vlanns-[dynamic]-dynamic/from-[vlan-2722]-to-[vlan-2722]",
            "name_alias": "",
            "role": "external",
            "to": "vlan-2722",
            "vlan_pool_dn": "uni/infra/vlanns-[dynamic]-dynamic"
          },
          "sensitive_attributes": [],
          "private": "eyJzY2hlbWFfdmVyc2lvbiI6IjEifQ==",
          "dependencies": [
            "data.aci_vlan_pool.dynamic"
          ]
        }
      ]
    },
    {
      "mode": "managed",
      "type": "aci_ranges",
      "name": "dynamic_2723",
      "provider": "provider[\"registry.terraform.io/ciscodevnet/aci\"]",
      "instances": [
        {
          "schema_version": 1,
          "attributes": {
            "alloc_mode": "inherit",
            "annotation": "orchestrator:terraform",
            "description": "",
            "from": "vlan-2723",
            "id": "uni/infra/vlanns-[dynamic]-dynamic/from-[vlan-2723]-to-[vlan-2723]",
            "name_alias": "",
            "role": "external",
            "to": "vlan-2723",
            "vlan_pool_dn": "uni/infra/vlanns-[dynamic]-dynamic"
          },
          "sensitive_attributes": [],
          "private": "eyJzY2hlbWFfdmVyc2lvbiI6IjEifQ==",
          "dependencies": [
            "data.aci_vlan_pool.dynamic"
          ]
        }
      ]
    },
    {
      "mode": "managed",
      "type": "aci_ranges",
      "name": "dynamic_2724",
      "provider": "provider[\"registry.terraform.io/ciscodevnet/aci\"]",
      "instances": [
        {
          "schema_version": 1,
          "attributes": {
            "alloc_mode": "inherit",
            "annotation": "orchestrator:terraform",
            "description": "",
            "from": "vlan-2724",
            "id": "uni/infra/vlanns-[dynamic]-dynamic/from-[vlan-2724]-to-[vlan-2724]",
            "name_alias": "",
            "role": "external",
            "to": "vlan-2724",
            "vlan_pool_dn": "uni/infra/vlanns-[dynamic]-dynamic"
          },
          "sensitive_attributes": [],
          "private": "eyJzY2hlbWFfdmVyc2lvbiI6IjEifQ==",
          "dependencies": [
            "data.aci_vlan_pool.dynamic"
          ]
        }
      ]
    },
    {
      "mode": "managed",
      "type": "aci_ranges",
      "name": "dynamic_2725",
      "provider": "provider[\"registry.terraform.io/ciscodevnet/aci\"]",
      "instances": [
        {
          "schema_version": 1,
          "attributes": {
            "alloc_mode": "inherit",
            "annotation": "orchestrator:terraform",
            "description": "",
            "from": "vlan-2725",
            "id": "uni/infra/vlanns-[dynamic]-dynamic/from-[vlan-2725]-to-[vlan-2725]",
            "name_alias": "",
            "role": "external",
            "to": "vlan-2725",
            "vlan_pool_dn": "uni/infra/vlanns-[dynamic]-dynamic"
          },
          "sensitive_attributes": [],
          "private": "eyJzY2hlbWFfdmVyc2lvbiI6IjEifQ==",
          "dependencies": [
            "data.aci_vlan_pool.dynamic"
          ]
        }
      ]
    },
    {
      "mode": "managed",
      "type": "aci_ranges",
      "name": "dynamic_2726",
      "provider": "provider[\"registry.terraform.io/ciscodevnet/aci\"]",
      "instances": [
        {
          "schema_version": 1,
          "attributes": {
            "alloc_mode": "inherit",
            "annotation": "orchestrator:terraform",
            "description": "",
            "from": "vlan-2726",
            "id": "uni/infra/vlanns-[dynamic]-dynamic/from-[vlan-2726]-to-[vlan-2726]",
            "name_alias": "",
            "role": "external",
            "to": "vlan-2726",
            "vlan_pool_dn": "uni/infra/vlanns-[dynamic]-dynamic"
          },
          "sensitive_attributes": [],
          "private": "eyJzY2hlbWFfdmVyc2lvbiI6IjEifQ==",
          "dependencies": [
            "data.aci_vlan_pool.dynamic"
          ]
        }
      ]
    },
    {
      "mode": "managed",
      "type": "aci_ranges",
      "name": "dynamic_2727",
      "provider": "provider[\"registry.terraform.io/ciscodevnet/aci\"]",
      "instances": [
        {
          "schema_version": 1,
          "attributes": {
            "alloc_mode": "inherit",
            "annotation": "orchestrator:terraform",
            "description": "",
            "from": "vlan-2727",
            "id": "uni/infra/vlanns-[dynamic]-dynamic/from-[vlan-2727]-to-[vlan-2727]",
            "name_alias": "",
            "role": "external",
            "to": "vlan-2727",
            "vlan_pool_dn": "uni/infra/vlanns-[dynamic]-dynamic"
          },
          "sensitive_attributes": [],
          "private": "eyJzY2hlbWFfdmVyc2lvbiI6IjEifQ==",
          "dependencies": [
            "data.aci_vlan_pool.dynamic"
          ]
        }
      ]
    },
    {
      "mode": "managed",
      "type": "aci_ranges",
      "name": "dynamic_2728",
      "provider": "provider[\"registry.terraform.io/ciscodevnet/aci\"]",
      "instances": [
        {
          "schema_version": 1,
          "attributes": {
            "alloc_mode": "inherit",
            "annotation": "orchestrator:terraform",
            "description": "",
            "from": "vlan-2728",
            "id": "uni/infra/vlanns-[dynamic]-dynamic/from-[vlan-2728]-to-[vlan-2728]",
            "name_alias": "",
            "role": "external",
            "to": "vlan-2728",
            "vlan_pool_dn": "uni/infra/vlanns-[dynamic]-dynamic"
          },
          "sensitive_attributes": [],
          "private": "eyJzY2hlbWFfdmVyc2lvbiI6IjEifQ==",
          "dependencies": [
            "data.aci_vlan_pool.dynamic"
          ]
        }
      ]
    },
    {
      "mode": "managed",
      "type": "aci_ranges",
      "name": "dynamic_2729",
      "provider": "provider[\"registry.terraform.io/ciscodevnet/aci\"]",
      "instances": [
        {
          "schema_version": 1,
          "attributes": {
            "alloc_mode": "inherit",
            "annotation": "orchestrator:terraform",
            "description": "",
            "from": "vlan-2729",
            "id": "uni/infra/vlanns-[dynamic]-dynamic/from-[vlan-2729]-to-[vlan-2729]",
            "name_alias": "",
            "role": "external",
            "to": "vlan-2729",
            "vlan_pool_dn": "uni/infra/vlanns-[dynamic]-dynamic"
          },
          "sensitive_attributes": [],
          "private": "eyJzY2hlbWFfdmVyc2lvbiI6IjEifQ==",
          "dependencies": [
            "data.aci_vlan_pool.dynamic"
          ]
        }
      ]
    },
    {
      "mode": "managed",
      "type": "aci_ranges",
      "name": "dynamic_2730",
      "provider": "provider[\"registry.terraform.io/ciscodevnet/aci\"]",
      "instances": [
        {
          "schema_version": 1,
          "attributes": {
            "alloc_mode": "inherit",
            "annotation": "orchestrator:terraform",
            "description": "",
            "from": "vlan-2730",
            "id": "uni/infra/vlanns-[dynamic]-dynamic/from-[vlan-2730]-to-[vlan-2730]",
            "name_alias": "",
            "role": "external",
            "to": "vlan-2730",
            "vlan_pool_dn": "uni/infra/vlanns-[dynamic]-dynamic"
          },
          "sensitive_attributes": [],
          "private": "eyJzY2hlbWFfdmVyc2lvbiI6IjEifQ==",
          "dependencies": [
            "data.aci_vlan_pool.dynamic"
          ]
        }
      ]
    },
    {
      "mode": "managed",
      "type": "aci_ranges",
      "name": "dynamic_2731",
      "provider": "provider[\"registry.terraform.io/ciscodevnet/aci\"]",
      "instances": [
        {
          "schema_version": 1,
          "attributes": {
            "alloc_mode": "inherit",
            "annotation": "orchestrator:terraform",
            "description": "",
            "from": "vlan-2731",
            "id": "uni/infra/vlanns-[dynamic]-dynamic/from-[vlan-2731]-to-[vlan-2731]",
            "name_alias": "",
            "role": "external",
            "to": "vlan-2731",
            "vlan_pool_dn": "uni/infra/vlanns-[dynamic]-dynamic"
          },
          "sensitive_attributes": [],
          "private": "eyJzY2hlbWFfdmVyc2lvbiI6IjEifQ==",
          "dependencies": [
            "data.aci_vlan_pool.dynamic"
          ]
        }
      ]
    },
    {
      "mode": "managed",
      "type": "aci_ranges",
      "name": "dynamic_2732",
      "provider": "provider[\"registry.terraform.io/ciscodevnet/aci\"]",
      "instances": [
        {
          "schema_version": 1,
          "attributes": {
            "alloc_mode": "inherit",
            "annotation": "orchestrator:terraform",
            "description": "",
            "from": "vlan-2732",
            "id": "uni/infra/vlanns-[dynamic]-dynamic/from-[vlan-2732]-to-[vlan-2732]",
            "name_alias": "",
            "role": "external",
            "to": "vlan-2732",
            "vlan_pool_dn": "uni/infra/vlanns-[dynamic]-dynamic"
          },
          "sensitive_attributes": [],
          "private": "eyJzY2hlbWFfdmVyc2lvbiI6IjEifQ==",
          "dependencies": [
            "data.aci_vlan_pool.dynamic"
          ]
        }
      ]
    },
    {
      "mode": "managed",
      "type": "aci_ranges",
      "name": "dynamic_2733",
      "provider": "provider[\"registry.terraform.io/ciscodevnet/aci\"]",
      "instances": [
        {
          "schema_version": 1,
          "attributes": {
            "alloc_mode": "inherit",
            "annotation": "orchestrator:terraform",
            "description": "",
            "from": "vlan-2733",
            "id": "uni/infra/vlanns-[dynamic]-dynamic/from-[vlan-2733]-to-[vlan-2733]",
            "name_alias": "",
            "role": "external",
            "to": "vlan-2733",
            "vlan_pool_dn": "uni/infra/vlanns-[dynamic]-dynamic"
          },
          "sensitive_attributes": [],
          "private": "eyJzY2hlbWFfdmVyc2lvbiI6IjEifQ==",
          "dependencies": [
            "data.aci_vlan_pool.dynamic"
          ]
        }
      ]
    },
    {
      "mode": "managed",
      "type": "aci_ranges",
      "name": "dynamic_2734",
      "provider": "provider[\"registry.terraform.io/ciscodevnet/aci\"]",
      "instances": [
        {
          "schema_version": 1,
          "attributes": {
            "alloc_mode": "inherit",
            "annotation": "orchestrator:terraform",
            "description": "",
            "from": "vlan-2734",
            "id": "uni/infra/vlanns-[dynamic]-dynamic/from-[vlan-2734]-to-[vlan-2734]",
            "name_alias": "",
            "role": "external",
            "to": "vlan-2734",
            "vlan_pool_dn": "uni/infra/vlanns-[dynamic]-dynamic"
          },
          "sensitive_attributes": [],
          "private": "eyJzY2hlbWFfdmVyc2lvbiI6IjEifQ==",
          "dependencies": [
            "data.aci_vlan_pool.dynamic"
          ]
        }
      ]
    },
    {
      "mode": "managed",
      "type": "aci_ranges",
      "name": "dynamic_2735",
      "provider": "provider[\"registry.terraform.io/ciscodevnet/aci\"]",
      "instances": [
        {
          "schema_version": 1,
          "attributes": {
            "alloc_mode": "inherit",
            "annotation": "orchestrator:terraform",
            "description": "",
            "from": "vlan-2735",
            "id": "uni/infra/vlanns-[dynamic]-dynamic/from-[vlan-2735]-to-[vlan-2735]",
            "name_alias": "",
            "role": "external",
            "to": "vlan-2735",
            "vlan_pool_dn": "uni/infra/vlanns-[dynamic]-dynamic"
          },
          "sensitive_attributes": [],
          "private": "eyJzY2hlbWFfdmVyc2lvbiI6IjEifQ==",
          "dependencies": [
            "data.aci_vlan_pool.dynamic"
          ]
        }
      ]
    },
    {
      "mode": "managed",
      "type": "aci_ranges",
      "name": "dynamic_2736",
      "provider": "provider[\"registry.terraform.io/ciscodevnet/aci\"]",
      "instances": [
        {
          "schema_version": 1,
          "attributes": {
            "alloc_mode": "inherit",
            "annotation": "orchestrator:terraform",
            "description": "",
            "from": "vlan-2736",
            "id": "uni/infra/vlanns-[dynamic]-dynamic/from-[vlan-2736]-to-[vlan-2736]",
            "name_alias": "",
            "role": "external",
            "to": "vlan-2736",
            "vlan_pool_dn": "uni/infra/vlanns-[dynamic]-dynamic"
          },
          "sensitive_attributes": [],
          "private": "eyJzY2hlbWFfdmVyc2lvbiI6IjEifQ==",
          "dependencies": [
            "data.aci_vlan_pool.dynamic"
          ]
        }
      ]
    },
    {
      "mode": "managed",
      "type": "aci_ranges",
      "name": "dynamic_2737",
      "provider": "provider[\"registry.terraform.io/ciscodevnet/aci\"]",
      "instances": [
        {
          "schema_version": 1,
          "attributes": {
            "alloc_mode": "inherit",
            "annotation": "orchestrator:terraform",
            "description": "",
            "from": "vlan-2737",
            "id": "uni/infra/vlanns-[dynamic]-dynamic/from-[vlan-2737]-to-[vlan-2737]",
            "name_alias": "",
            "role": "external",
            "to": "vlan-2737",
            "vlan_pool_dn": "uni/infra/vlanns-[dynamic]-dynamic"
          },
          "sensitive_attributes": [],
          "private": "eyJzY2hlbWFfdmVyc2lvbiI6IjEifQ==",
          "dependencies": [
            "data.aci_vlan_pool.dynamic"
          ]
        }
      ]
    },
    {
      "mode": "managed",
      "type": "aci_ranges",
      "name": "dynamic_2738",
      "provider": "provider[\"registry.terraform.io/ciscodevnet/aci\"]",
      "instances": [
        {
          "schema_version": 1,
          "attributes": {
            "alloc_mode": "inherit",
            "annotation": "orchestrator:terraform",
            "description": "",
            "from": "vlan-2738",
            "id": "uni/infra/vlanns-[dynamic]-dynamic/from-[vlan-2738]-to-[vlan-2738]",
            "name_alias": "",
            "role": "external",
            "to": "vlan-2738",
            "vlan_pool_dn": "uni/infra/vlanns-[dynamic]-dynamic"
          },
          "sensitive_attributes": [],
          "private": "eyJzY2hlbWFfdmVyc2lvbiI6IjEifQ==",
          "dependencies": [
            "data.aci_vlan_pool.dynamic"
          ]
        }
      ]
    },
    {
      "mode": "managed",
      "type": "aci_ranges",
      "name": "dynamic_2739",
      "provider": "provider[\"registry.terraform.io/ciscodevnet/aci\"]",
      "instances": [
        {
          "schema_version": 1,
          "attributes": {
            "alloc_mode": "inherit",
            "annotation": "orchestrator:terraform",
            "description": "",
            "from": "vlan-2739",
            "id": "uni/infra/vlanns-[dynamic]-dynamic/from-[vlan-2739]-to-[vlan-2739]",
            "name_alias": "",
            "role": "external",
            "to": "vlan-2739",
            "vlan_pool_dn": "uni/infra/vlanns-[dynamic]-dynamic"
          },
          "sensitive_attributes": [],
          "private": "eyJzY2hlbWFfdmVyc2lvbiI6IjEifQ==",
          "dependencies": [
            "data.aci_vlan_pool.dynamic"
          ]
        }
      ]
    },
    {
      "mode": "managed",
      "type": "aci_ranges",
      "name": "dynamic_2740",
      "provider": "provider[\"registry.terraform.io/ciscodevnet/aci\"]",
      "instances": [
        {
          "schema_version": 1,
          "attributes": {
            "alloc_mode": "inherit",
            "annotation": "orchestrator:terraform",
            "description": "",
            "from": "vlan-2740",
            "id": "uni/infra/vlanns-[dynamic]-dynamic/from-[vlan-2740]-to-[vlan-2740]",
            "name_alias": "",
            "role": "external",
            "to": "vlan-2740",
            "vlan_pool_dn": "uni/infra/vlanns-[dynamic]-dynamic"
          },
          "sensitive_attributes": [],
          "private": "eyJzY2hlbWFfdmVyc2lvbiI6IjEifQ==",
          "dependencies": [
            "data.aci_vlan_pool.dynamic"
          ]
        }
      ]
    },
    {
      "mode": "managed",
      "type": "aci_ranges",
      "name": "dynamic_2741",
      "provider": "provider[\"registry.terraform.io/ciscodevnet/aci\"]",
      "instances": [
        {
          "schema_version": 1,
          "attributes": {
            "alloc_mode": "inherit",
            "annotation": "orchestrator:terraform",
            "description": "",
            "from": "vlan-2741",
            "id": "uni/infra/vlanns-[dynamic]-dynamic/from-[vlan-2741]-to-[vlan-2741]",
            "name_alias": "",
            "role": "external",
            "to": "vlan-2741",
            "vlan_pool_dn": "uni/infra/vlanns-[dynamic]-dynamic"
          },
          "sensitive_attributes": [],
          "private": "eyJzY2hlbWFfdmVyc2lvbiI6IjEifQ==",
          "dependencies": [
            "data.aci_vlan_pool.dynamic"
          ]
        }
      ]
    },
    {
      "mode": "managed",
      "type": "aci_ranges",
      "name": "dynamic_2742",
      "provider": "provider[\"registry.terraform.io/ciscodevnet/aci\"]",
      "instances": [
        {
          "schema_version": 1,
          "attributes": {
            "alloc_mode": "inherit",
            "annotation": "orchestrator:terraform",
            "description": "",
            "from": "vlan-2742",
            "id": "uni/infra/vlanns-[dynamic]-dynamic/from-[vlan-2742]-to-[vlan-2742]",
            "name_alias": "",
            "role": "external",
            "to": "vlan-2742",
            "vlan_pool_dn": "uni/infra/vlanns-[dynamic]-dynamic"
          },
          "sensitive_attributes": [],
          "private": "eyJzY2hlbWFfdmVyc2lvbiI6IjEifQ==",
          "dependencies": [
            "data.aci_vlan_pool.dynamic"
          ]
        }
      ]
    },
    {
      "mode": "managed",
      "type": "aci_ranges",
      "name": "dynamic_2743",
      "provider": "provider[\"registry.terraform.io/ciscodevnet/aci\"]",
      "instances": [
        {
          "schema_version": 1,
          "attributes": {
            "alloc_mode": "inherit",
            "annotation": "orchestrator:terraform",
            "description": "",
            "from": "vlan-2743",
            "id": "uni/infra/vlanns-[dynamic]-dynamic/from-[vlan-2743]-to-[vlan-2743]",
            "name_alias": "",
            "role": "external",
            "to": "vlan-2743",
            "vlan_pool_dn": "uni/infra/vlanns-[dynamic]-dynamic"
          },
          "sensitive_attributes": [],
          "private": "eyJzY2hlbWFfdmVyc2lvbiI6IjEifQ==",
          "dependencies": [
            "data.aci_vlan_pool.dynamic"
          ]
        }
      ]
    },
    {
      "mode": "managed",
      "type": "aci_ranges",
      "name": "dynamic_2744",
      "provider": "provider[\"registry.terraform.io/ciscodevnet/aci\"]",
      "instances": [
        {
          "schema_version": 1,
          "attributes": {
            "alloc_mode": "inherit",
            "annotation": "orchestrator:terraform",
            "description": "",
            "from": "vlan-2744",
            "id": "uni/infra/vlanns-[dynamic]-dynamic/from-[vlan-2744]-to-[vlan-2744]",
            "name_alias": "",
            "role": "external",
            "to": "vlan-2744",
            "vlan_pool_dn": "uni/infra/vlanns-[dynamic]-dynamic"
          },
          "sensitive_attributes": [],
          "private": "eyJzY2hlbWFfdmVyc2lvbiI6IjEifQ==",
          "dependencies": [
            "data.aci_vlan_pool.dynamic"
          ]
        }
      ]
    },
    {
      "mode": "managed",
      "type": "aci_ranges",
      "name": "dynamic_2745",
      "provider": "provider[\"registry.terraform.io/ciscodevnet/aci\"]",
      "instances": [
        {
          "schema_version": 1,
          "attributes": {
            "alloc_mode": "inherit",
            "annotation": "orchestrator:terraform",
            "description": "",
            "from": "vlan-2745",
            "id": "uni/infra/vlanns-[dynamic]-dynamic/from-[vlan-2745]-to-[vlan-2745]",
            "name_alias": "",
            "role": "external",
            "to": "vlan-2745",
            "vlan_pool_dn": "uni/infra/vlanns-[dynamic]-dynamic"
          },
          "sensitive_attributes": [],
          "private": "eyJzY2hlbWFfdmVyc2lvbiI6IjEifQ==",
          "dependencies": [
            "data.aci_vlan_pool.dynamic"
          ]
        }
      ]
    },
    {
      "mode": "managed",
      "type": "aci_ranges",
      "name": "dynamic_2746",
      "provider": "provider[\"registry.terraform.io/ciscodevnet/aci\"]",
      "instances": [
        {
          "schema_version": 1,
          "attributes": {
            "alloc_mode": "inherit",
            "annotation": "orchestrator:terraform",
            "description": "",
            "from": "vlan-2746",
            "id": "uni/infra/vlanns-[dynamic]-dynamic/from-[vlan-2746]-to-[vlan-2746]",
            "name_alias": "",
            "role": "external",
            "to": "vlan-2746",
            "vlan_pool_dn": "uni/infra/vlanns-[dynamic]-dynamic"
          },
          "sensitive_attributes": [],
          "private": "eyJzY2hlbWFfdmVyc2lvbiI6IjEifQ==",
          "dependencies": [
            "data.aci_vlan_pool.dynamic"
          ]
        }
      ]
    },
    {
      "mode": "managed",
      "type": "aci_ranges",
      "name": "dynamic_2747",
      "provider": "provider[\"registry.terraform.io/ciscodevnet/aci\"]",
      "instances": [
        {
          "schema_version": 1,
          "attributes": {
            "alloc_mode": "inherit",
            "annotation": "orchestrator:terraform",
            "description": "",
            "from": "vlan-2747",
            "id": "uni/infra/vlanns-[dynamic]-dynamic/from-[vlan-2747]-to-[vlan-2747]",
            "name_alias": "",
            "role": "external",
            "to": "vlan-2747",
            "vlan_pool_dn": "uni/infra/vlanns-[dynamic]-dynamic"
          },
          "sensitive_attributes": [],
          "private": "eyJzY2hlbWFfdmVyc2lvbiI6IjEifQ==",
          "dependencies": [
            "data.aci_vlan_pool.dynamic"
          ]
        }
      ]
    },
    {
      "mode": "managed",
      "type": "aci_ranges",
      "name": "dynamic_2748",
      "provider": "provider[\"registry.terraform.io/ciscodevnet/aci\"]",
      "instances": [
        {
          "schema_version": 1,
          "attributes": {
            "alloc_mode": "inherit",
            "annotation": "orchestrator:terraform",
            "description": "",
            "from": "vlan-2748",
            "id": "uni/infra/vlanns-[dynamic]-dynamic/from-[vlan-2748]-to-[vlan-2748]",
            "name_alias": "",
            "role": "external",
            "to": "vlan-2748",
            "vlan_pool_dn": "uni/infra/vlanns-[dynamic]-dynamic"
          },
          "sensitive_attributes": [],
          "private": "eyJzY2hlbWFfdmVyc2lvbiI6IjEifQ==",
          "dependencies": [
            "data.aci_vlan_pool.dynamic"
          ]
        }
      ]
    },
    {
      "mode": "managed",
      "type": "aci_ranges",
      "name": "dynamic_2749",
      "provider": "provider[\"registry.terraform.io/ciscodevnet/aci\"]",
      "instances": [
        {
          "schema_version": 1,
          "attributes": {
            "alloc_mode": "inherit",
            "annotation": "orchestrator:terraform",
            "description": "",
            "from": "vlan-2749",
            "id": "uni/infra/vlanns-[dynamic]-dynamic/from-[vlan-2749]-to-[vlan-2749]",
            "name_alias": "",
            "role": "external",
            "to": "vlan-2749",
            "vlan_pool_dn": "uni/infra/vlanns-[dynamic]-dynamic"
          },
          "sensitive_attributes": [],
          "private": "eyJzY2hlbWFfdmVyc2lvbiI6IjEifQ==",
          "dependencies": [
            "data.aci_vlan_pool.dynamic"
          ]
        }
      ]
    },
    {
      "mode": "managed",
      "type": "aci_ranges",
      "name": "dynamic_2750",
      "provider": "provider[\"registry.terraform.io/ciscodevnet/aci\"]",
      "instances": [
        {
          "schema_version": 1,
          "attributes": {
            "alloc_mode": "inherit",
            "annotation": "orchestrator:terraform",
            "description": "",
            "from": "vlan-2750",
            "id": "uni/infra/vlanns-[dynamic]-dynamic/from-[vlan-2750]-to-[vlan-2750]",
            "name_alias": "",
            "role": "external",
            "to": "vlan-2750",
            "vlan_pool_dn": "uni/infra/vlanns-[dynamic]-dynamic"
          },
          "sensitive_attributes": [],
          "private": "eyJzY2hlbWFfdmVyc2lvbiI6IjEifQ==",
          "dependencies": [
            "data.aci_vlan_pool.dynamic"
          ]
        }
      ]
    },
    {
      "mode": "managed",
      "type": "aci_ranges",
      "name": "dynamic_2751",
      "provider": "provider[\"registry.terraform.io/ciscodevnet/aci\"]",
      "instances": [
        {
          "schema_version": 1,
          "attributes": {
            "alloc_mode": "inherit",
            "annotation": "orchestrator:terraform",
            "description": "",
            "from": "vlan-2751",
            "id": "uni/infra/vlanns-[dynamic]-dynamic/from-[vlan-2751]-to-[vlan-2751]",
            "name_alias": "",
            "role": "external",
            "to": "vlan-2751",
            "vlan_pool_dn": "uni/infra/vlanns-[dynamic]-dynamic"
          },
          "sensitive_attributes": [],
          "private": "eyJzY2hlbWFfdmVyc2lvbiI6IjEifQ==",
          "dependencies": [
            "data.aci_vlan_pool.dynamic"
          ]
        }
      ]
    },
    {
      "mode": "managed",
      "type": "aci_ranges",
      "name": "dynamic_2752",
      "provider": "provider[\"registry.terraform.io/ciscodevnet/aci\"]",
      "instances": [
        {
          "schema_version": 1,
          "attributes": {
            "alloc_mode": "inherit",
            "annotation": "orchestrator:terraform",
            "description": "",
            "from": "vlan-2752",
            "id": "uni/infra/vlanns-[dynamic]-dynamic/from-[vlan-2752]-to-[vlan-2752]",
            "name_alias": "",
            "role": "external",
            "to": "vlan-2752",
            "vlan_pool_dn": "uni/infra/vlanns-[dynamic]-dynamic"
          },
          "sensitive_attributes": [],
          "private": "eyJzY2hlbWFfdmVyc2lvbiI6IjEifQ==",
          "dependencies": [
            "data.aci_vlan_pool.dynamic"
          ]
        }
      ]
    },
    {
      "mode": "managed",
      "type": "aci_ranges",
      "name": "dynamic_2753",
      "provider": "provider[\"registry.terraform.io/ciscodevnet/aci\"]",
      "instances": [
        {
          "schema_version": 1,
          "attributes": {
            "alloc_mode": "inherit",
            "annotation": "orchestrator:terraform",
            "description": "",
            "from": "vlan-2753",
            "id": "uni/infra/vlanns-[dynamic]-dynamic/from-[vlan-2753]-to-[vlan-2753]",
            "name_alias": "",
            "role": "external",
            "to": "vlan-2753",
            "vlan_pool_dn": "uni/infra/vlanns-[dynamic]-dynamic"
          },
          "sensitive_attributes": [],
          "private": "eyJzY2hlbWFfdmVyc2lvbiI6IjEifQ==",
          "dependencies": [
            "data.aci_vlan_pool.dynamic"
          ]
        }
      ]
    },
    {
      "mode": "managed",
      "type": "aci_ranges",
      "name": "dynamic_2754",
      "provider": "provider[\"registry.terraform.io/ciscodevnet/aci\"]",
      "instances": [
        {
          "schema_version": 1,
          "attributes": {
            "alloc_mode": "inherit",
            "annotation": "orchestrator:terraform",
            "description": "",
            "from": "vlan-2754",
            "id": "uni/infra/vlanns-[dynamic]-dynamic/from-[vlan-2754]-to-[vlan-2754]",
            "name_alias": "",
            "role": "external",
            "to": "vlan-2754",
            "vlan_pool_dn": "uni/infra/vlanns-[dynamic]-dynamic"
          },
          "sensitive_attributes": [],
          "private": "eyJzY2hlbWFfdmVyc2lvbiI6IjEifQ==",
          "dependencies": [
            "data.aci_vlan_pool.dynamic"
          ]
        }
      ]
    },
    {
      "mode": "managed",
      "type": "aci_ranges",
      "name": "dynamic_2755",
      "provider": "provider[\"registry.terraform.io/ciscodevnet/aci\"]",
      "instances": [
        {
          "schema_version": 1,
          "attributes": {
            "alloc_mode": "inherit",
            "annotation": "orchestrator:terraform",
            "description": "",
            "from": "vlan-2755",
            "id": "uni/infra/vlanns-[dynamic]-dynamic/from-[vlan-2755]-to-[vlan-2755]",
            "name_alias": "",
            "role": "external",
            "to": "vlan-2755",
            "vlan_pool_dn": "uni/infra/vlanns-[dynamic]-dynamic"
          },
          "sensitive_attributes": [],
          "private": "eyJzY2hlbWFfdmVyc2lvbiI6IjEifQ==",
          "dependencies": [
            "data.aci_vlan_pool.dynamic"
          ]
        }
      ]
    },
    {
      "mode": "managed",
      "type": "aci_ranges",
      "name": "dynamic_2756",
      "provider": "provider[\"registry.terraform.io/ciscodevnet/aci\"]",
      "instances": [
        {
          "schema_version": 1,
          "attributes": {
            "alloc_mode": "inherit",
            "annotation": "orchestrator:terraform",
            "description": "",
            "from": "vlan-2756",
            "id": "uni/infra/vlanns-[dynamic]-dynamic/from-[vlan-2756]-to-[vlan-2756]",
            "name_alias": "",
            "role": "external",
            "to": "vlan-2756",
            "vlan_pool_dn": "uni/infra/vlanns-[dynamic]-dynamic"
          },
          "sensitive_attributes": [],
          "private": "eyJzY2hlbWFfdmVyc2lvbiI6IjEifQ==",
          "dependencies": [
            "data.aci_vlan_pool.dynamic"
          ]
        }
      ]
    },
    {
      "mode": "managed",
      "type": "aci_ranges",
      "name": "dynamic_2757",
      "provider": "provider[\"registry.terraform.io/ciscodevnet/aci\"]",
      "instances": [
        {
          "schema_version": 1,
          "attributes": {
            "alloc_mode": "inherit",
            "annotation": "orchestrator:terraform",
            "description": "",
            "from": "vlan-2757",
            "id": "uni/infra/vlanns-[dynamic]-dynamic/from-[vlan-2757]-to-[vlan-2757]",
            "name_alias": "",
            "role": "external",
            "to": "vlan-2757",
            "vlan_pool_dn": "uni/infra/vlanns-[dynamic]-dynamic"
          },
          "sensitive_attributes": [],
          "private": "eyJzY2hlbWFfdmVyc2lvbiI6IjEifQ==",
          "dependencies": [
            "data.aci_vlan_pool.dynamic"
          ]
        }
      ]
    },
    {
      "mode": "managed",
      "type": "aci_ranges",
      "name": "dynamic_2758",
      "provider": "provider[\"registry.terraform.io/ciscodevnet/aci\"]",
      "instances": [
        {
          "schema_version": 1,
          "attributes": {
            "alloc_mode": "inherit",
            "annotation": "orchestrator:terraform",
            "description": "",
            "from": "vlan-2758",
            "id": "uni/infra/vlanns-[dynamic]-dynamic/from-[vlan-2758]-to-[vlan-2758]",
            "name_alias": "",
            "role": "external",
            "to": "vlan-2758",
            "vlan_pool_dn": "uni/infra/vlanns-[dynamic]-dynamic"
          },
          "sensitive_attributes": [],
          "private": "eyJzY2hlbWFfdmVyc2lvbiI6IjEifQ==",
          "dependencies": [
            "data.aci_vlan_pool.dynamic"
          ]
        }
      ]
    },
    {
      "mode": "managed",
      "type": "aci_ranges",
      "name": "dynamic_2759",
      "provider": "provider[\"registry.terraform.io/ciscodevnet/aci\"]",
      "instances": [
        {
          "schema_version": 1,
          "attributes": {
            "alloc_mode": "inherit",
            "annotation": "orchestrator:terraform",
            "description": "",
            "from": "vlan-2759",
            "id": "uni/infra/vlanns-[dynamic]-dynamic/from-[vlan-2759]-to-[vlan-2759]",
            "name_alias": "",
            "role": "external",
            "to": "vlan-2759",
            "vlan_pool_dn": "uni/infra/vlanns-[dynamic]-dynamic"
          },
          "sensitive_attributes": [],
          "private": "eyJzY2hlbWFfdmVyc2lvbiI6IjEifQ==",
          "dependencies": [
            "data.aci_vlan_pool.dynamic"
          ]
        }
      ]
    },
    {
      "mode": "managed",
      "type": "aci_ranges",
      "name": "dynamic_2760",
      "provider": "provider[\"registry.terraform.io/ciscodevnet/aci\"]",
      "instances": [
        {
          "schema_version": 1,
          "attributes": {
            "alloc_mode": "inherit",
            "annotation": "orchestrator:terraform",
            "description": "",
            "from": "vlan-2760",
            "id": "uni/infra/vlanns-[dynamic]-dynamic/from-[vlan-2760]-to-[vlan-2760]",
            "name_alias": "",
            "role": "external",
            "to": "vlan-2760",
            "vlan_pool_dn": "uni/infra/vlanns-[dynamic]-dynamic"
          },
          "sensitive_attributes": [],
          "private": "eyJzY2hlbWFfdmVyc2lvbiI6IjEifQ==",
          "dependencies": [
            "data.aci_vlan_pool.dynamic"
          ]
        }
      ]
    },
    {
      "mode": "managed",
      "type": "aci_ranges",
      "name": "dynamic_2761",
      "provider": "provider[\"registry.terraform.io/ciscodevnet/aci\"]",
      "instances": [
        {
          "schema_version": 1,
          "attributes": {
            "alloc_mode": "inherit",
            "annotation": "orchestrator:terraform",
            "description": "",
            "from": "vlan-2761",
            "id": "uni/infra/vlanns-[dynamic]-dynamic/from-[vlan-2761]-to-[vlan-2761]",
            "name_alias": "",
            "role": "external",
            "to": "vlan-2761",
            "vlan_pool_dn": "uni/infra/vlanns-[dynamic]-dynamic"
          },
          "sensitive_attributes": [],
          "private": "eyJzY2hlbWFfdmVyc2lvbiI6IjEifQ==",
          "dependencies": [
            "data.aci_vlan_pool.dynamic"
          ]
        }
      ]
    },
    {
      "mode": "managed",
      "type": "aci_ranges",
      "name": "dynamic_2762",
      "provider": "provider[\"registry.terraform.io/ciscodevnet/aci\"]",
      "instances": [
        {
          "schema_version": 1,
          "attributes": {
            "alloc_mode": "inherit",
            "annotation": "orchestrator:terraform",
            "description": "",
            "from": "vlan-2762",
            "id": "uni/infra/vlanns-[dynamic]-dynamic/from-[vlan-2762]-to-[vlan-2762]",
            "name_alias": "",
            "role": "external",
            "to": "vlan-2762",
            "vlan_pool_dn": "uni/infra/vlanns-[dynamic]-dynamic"
          },
          "sensitive_attributes": [],
          "private": "eyJzY2hlbWFfdmVyc2lvbiI6IjEifQ==",
          "dependencies": [
            "data.aci_vlan_pool.dynamic"
          ]
        }
      ]
    },
    {
      "mode": "managed",
      "type": "aci_ranges",
      "name": "dynamic_2763",
      "provider": "provider[\"registry.terraform.io/ciscodevnet/aci\"]",
      "instances": [
        {
          "schema_version": 1,
          "attributes": {
            "alloc_mode": "inherit",
            "annotation": "orchestrator:terraform",
            "description": "",
            "from": "vlan-2763",
            "id": "uni/infra/vlanns-[dynamic]-dynamic/from-[vlan-2763]-to-[vlan-2763]",
            "name_alias": "",
            "role": "external",
            "to": "vlan-2763",
            "vlan_pool_dn": "uni/infra/vlanns-[dynamic]-dynamic"
          },
          "sensitive_attributes": [],
          "private": "eyJzY2hlbWFfdmVyc2lvbiI6IjEifQ==",
          "dependencies": [
            "data.aci_vlan_pool.dynamic"
          ]
        }
      ]
    },
    {
      "mode": "managed",
      "type": "aci_ranges",
      "name": "dynamic_2764",
      "provider": "provider[\"registry.terraform.io/ciscodevnet/aci\"]",
      "instances": [
        {
          "schema_version": 1,
          "attributes": {
            "alloc_mode": "inherit",
            "annotation": "orchestrator:terraform",
            "description": "",
            "from": "vlan-2764",
            "id": "uni/infra/vlanns-[dynamic]-dynamic/from-[vlan-2764]-to-[vlan-2764]",
            "name_alias": "",
            "role": "external",
            "to": "vlan-2764",
            "vlan_pool_dn": "uni/infra/vlanns-[dynamic]-dynamic"
          },
          "sensitive_attributes": [],
          "private": "eyJzY2hlbWFfdmVyc2lvbiI6IjEifQ==",
          "dependencies": [
            "data.aci_vlan_pool.dynamic"
          ]
        }
      ]
    },
    {
      "mode": "managed",
      "type": "aci_ranges",
      "name": "dynamic_2765",
      "provider": "provider[\"registry.terraform.io/ciscodevnet/aci\"]",
      "instances": [
        {
          "schema_version": 1,
          "attributes": {
            "alloc_mode": "inherit",
            "annotation": "orchestrator:terraform",
            "description": "",
            "from": "vlan-2765",
            "id": "uni/infra/vlanns-[dynamic]-dynamic/from-[vlan-2765]-to-[vlan-2765]",
            "name_alias": "",
            "role": "external",
            "to": "vlan-2765",
            "vlan_pool_dn": "uni/infra/vlanns-[dynamic]-dynamic"
          },
          "sensitive_attributes": [],
          "private": "eyJzY2hlbWFfdmVyc2lvbiI6IjEifQ==",
          "dependencies": [
            "data.aci_vlan_pool.dynamic"
          ]
        }
      ]
    },
    {
      "mode": "managed",
      "type": "aci_ranges",
      "name": "dynamic_2766",
      "provider": "provider[\"registry.terraform.io/ciscodevnet/aci\"]",
      "instances": [
        {
          "schema_version": 1,
          "attributes": {
            "alloc_mode": "inherit",
            "annotation": "orchestrator:terraform",
            "description": "",
            "from": "vlan-2766",
            "id": "uni/infra/vlanns-[dynamic]-dynamic/from-[vlan-2766]-to-[vlan-2766]",
            "name_alias": "",
            "role": "external",
            "to": "vlan-2766",
            "vlan_pool_dn": "uni/infra/vlanns-[dynamic]-dynamic"
          },
          "sensitive_attributes": [],
          "private": "eyJzY2hlbWFfdmVyc2lvbiI6IjEifQ==",
          "dependencies": [
            "data.aci_vlan_pool.dynamic"
          ]
        }
      ]
    },
    {
      "mode": "managed",
      "type": "aci_ranges",
      "name": "dynamic_2767",
      "provider": "provider[\"registry.terraform.io/ciscodevnet/aci\"]",
      "instances": [
        {
          "schema_version": 1,
          "attributes": {
            "alloc_mode": "inherit",
            "annotation": "orchestrator:terraform",
            "description": "",
            "from": "vlan-2767",
            "id": "uni/infra/vlanns-[dynamic]-dynamic/from-[vlan-2767]-to-[vlan-2767]",
            "name_alias": "",
            "role": "external",
            "to": "vlan-2767",
            "vlan_pool_dn": "uni/infra/vlanns-[dynamic]-dynamic"
          },
          "sensitive_attributes": [],
          "private": "eyJzY2hlbWFfdmVyc2lvbiI6IjEifQ==",
          "dependencies": [
            "data.aci_vlan_pool.dynamic"
          ]
        }
      ]
    },
    {
      "mode": "managed",
      "type": "aci_ranges",
      "name": "dynamic_2768",
      "provider": "provider[\"registry.terraform.io/ciscodevnet/aci\"]",
      "instances": [
        {
          "schema_version": 1,
          "attributes": {
            "alloc_mode": "inherit",
            "annotation": "orchestrator:terraform",
            "description": "",
            "from": "vlan-2768",
            "id": "uni/infra/vlanns-[dynamic]-dynamic/from-[vlan-2768]-to-[vlan-2768]",
            "name_alias": "",
            "role": "external",
            "to": "vlan-2768",
            "vlan_pool_dn": "uni/infra/vlanns-[dynamic]-dynamic"
          },
          "sensitive_attributes": [],
          "private": "eyJzY2hlbWFfdmVyc2lvbiI6IjEifQ==",
          "dependencies": [
            "data.aci_vlan_pool.dynamic"
          ]
        }
      ]
    },
    {
      "mode": "managed",
      "type": "aci_ranges",
      "name": "dynamic_2769",
      "provider": "provider[\"registry.terraform.io/ciscodevnet/aci\"]",
      "instances": [
        {
          "schema_version": 1,
          "attributes": {
            "alloc_mode": "inherit",
            "annotation": "orchestrator:terraform",
            "description": "",
            "from": "vlan-2769",
            "id": "uni/infra/vlanns-[dynamic]-dynamic/from-[vlan-2769]-to-[vlan-2769]",
            "name_alias": "",
            "role": "external",
            "to": "vlan-2769",
            "vlan_pool_dn": "uni/infra/vlanns-[dynamic]-dynamic"
          },
          "sensitive_attributes": [],
          "private": "eyJzY2hlbWFfdmVyc2lvbiI6IjEifQ==",
          "dependencies": [
            "data.aci_vlan_pool.dynamic"
          ]
        }
      ]
    },
    {
      "mode": "managed",
      "type": "aci_ranges",
      "name": "dynamic_2770",
      "provider": "provider[\"registry.terraform.io/ciscodevnet/aci\"]",
      "instances": [
        {
          "schema_version": 1,
          "attributes": {
            "alloc_mode": "inherit",
            "annotation": "orchestrator:terraform",
            "description": "",
            "from": "vlan-2770",
            "id": "uni/infra/vlanns-[dynamic]-dynamic/from-[vlan-2770]-to-[vlan-2770]",
            "name_alias": "",
            "role": "external",
            "to": "vlan-2770",
            "vlan_pool_dn": "uni/infra/vlanns-[dynamic]-dynamic"
          },
          "sensitive_attributes": [],
          "private": "eyJzY2hlbWFfdmVyc2lvbiI6IjEifQ==",
          "dependencies": [
            "data.aci_vlan_pool.dynamic"
          ]
        }
      ]
    },
    {
      "mode": "managed",
      "type": "aci_ranges",
      "name": "dynamic_2771",
      "provider": "provider[\"registry.terraform.io/ciscodevnet/aci\"]",
      "instances": [
        {
          "schema_version": 1,
          "attributes": {
            "alloc_mode": "inherit",
            "annotation": "orchestrator:terraform",
            "description": "",
            "from": "vlan-2771",
            "id": "uni/infra/vlanns-[dynamic]-dynamic/from-[vlan-2771]-to-[vlan-2771]",
            "name_alias": "",
            "role": "external",
            "to": "vlan-2771",
            "vlan_pool_dn": "uni/infra/vlanns-[dynamic]-dynamic"
          },
          "sensitive_attributes": [],
          "private": "eyJzY2hlbWFfdmVyc2lvbiI6IjEifQ==",
          "dependencies": [
            "data.aci_vlan_pool.dynamic"
          ]
        }
      ]
    },
    {
      "mode": "managed",
      "type": "aci_ranges",
      "name": "dynamic_2772",
      "provider": "provider[\"registry.terraform.io/ciscodevnet/aci\"]",
      "instances": [
        {
          "schema_version": 1,
          "attributes": {
            "alloc_mode": "inherit",
            "annotation": "orchestrator:terraform",
            "description": "",
            "from": "vlan-2772",
            "id": "uni/infra/vlanns-[dynamic]-dynamic/from-[vlan-2772]-to-[vlan-2772]",
            "name_alias": "",
            "role": "external",
            "to": "vlan-2772",
            "vlan_pool_dn": "uni/infra/vlanns-[dynamic]-dynamic"
          },
          "sensitive_attributes": [],
          "private": "eyJzY2hlbWFfdmVyc2lvbiI6IjEifQ==",
          "dependencies": [
            "data.aci_vlan_pool.dynamic"
          ]
        }
      ]
    },
    {
      "mode": "managed",
      "type": "aci_ranges",
      "name": "dynamic_2773",
      "provider": "provider[\"registry.terraform.io/ciscodevnet/aci\"]",
      "instances": [
        {
          "schema_version": 1,
          "attributes": {
            "alloc_mode": "inherit",
            "annotation": "orchestrator:terraform",
            "description": "",
            "from": "vlan-2773",
            "id": "uni/infra/vlanns-[dynamic]-dynamic/from-[vlan-2773]-to-[vlan-2773]",
            "name_alias": "",
            "role": "external",
            "to": "vlan-2773",
            "vlan_pool_dn": "uni/infra/vlanns-[dynamic]-dynamic"
          },
          "sensitive_attributes": [],
          "private": "eyJzY2hlbWFfdmVyc2lvbiI6IjEifQ==",
          "dependencies": [
            "data.aci_vlan_pool.dynamic"
          ]
        }
      ]
    },
    {
      "mode": "managed",
      "type": "aci_ranges",
      "name": "dynamic_2774",
      "provider": "provider[\"registry.terraform.io/ciscodevnet/aci\"]",
      "instances": [
        {
          "schema_version": 1,
          "attributes": {
            "alloc_mode": "inherit",
            "annotation": "orchestrator:terraform",
            "description": "",
            "from": "vlan-2774",
            "id": "uni/infra/vlanns-[dynamic]-dynamic/from-[vlan-2774]-to-[vlan-2774]",
            "name_alias": "",
            "role": "external",
            "to": "vlan-2774",
            "vlan_pool_dn": "uni/infra/vlanns-[dynamic]-dynamic"
          },
          "sensitive_attributes": [],
          "private": "eyJzY2hlbWFfdmVyc2lvbiI6IjEifQ==",
          "dependencies": [
            "data.aci_vlan_pool.dynamic"
          ]
        }
      ]
    },
    {
      "mode": "managed",
      "type": "aci_ranges",
      "name": "dynamic_2775",
      "provider": "provider[\"registry.terraform.io/ciscodevnet/aci\"]",
      "instances": [
        {
          "schema_version": 1,
          "attributes": {
            "alloc_mode": "inherit",
            "annotation": "orchestrator:terraform",
            "description": "",
            "from": "vlan-2775",
            "id": "uni/infra/vlanns-[dynamic]-dynamic/from-[vlan-2775]-to-[vlan-2775]",
            "name_alias": "",
            "role": "external",
            "to": "vlan-2775",
            "vlan_pool_dn": "uni/infra/vlanns-[dynamic]-dynamic"
          },
          "sensitive_attributes": [],
          "private": "eyJzY2hlbWFfdmVyc2lvbiI6IjEifQ==",
          "dependencies": [
            "data.aci_vlan_pool.dynamic"
          ]
        }
      ]
    },
    {
      "mode": "managed",
      "type": "aci_ranges",
      "name": "dynamic_2776",
      "provider": "provider[\"registry.terraform.io/ciscodevnet/aci\"]",
      "instances": [
        {
          "schema_version": 1,
          "attributes": {
            "alloc_mode": "inherit",
            "annotation": "orchestrator:terraform",
            "description": "",
            "from": "vlan-2776",
            "id": "uni/infra/vlanns-[dynamic]-dynamic/from-[vlan-2776]-to-[vlan-2776]",
            "name_alias": "",
            "role": "external",
            "to": "vlan-2776",
            "vlan_pool_dn": "uni/infra/vlanns-[dynamic]-dynamic"
          },
          "sensitive_attributes": [],
          "private": "eyJzY2hlbWFfdmVyc2lvbiI6IjEifQ==",
          "dependencies": [
            "data.aci_vlan_pool.dynamic"
          ]
        }
      ]
    },
    {
      "mode": "managed",
      "type": "aci_ranges",
      "name": "dynamic_2777",
      "provider": "provider[\"registry.terraform.io/ciscodevnet/aci\"]",
      "instances": [
        {
          "schema_version": 1,
          "attributes": {
            "alloc_mode": "inherit",
            "annotation": "orchestrator:terraform",
            "description": "",
            "from": "vlan-2777",
            "id": "uni/infra/vlanns-[dynamic]-dynamic/from-[vlan-2777]-to-[vlan-2777]",
            "name_alias": "",
            "role": "external",
            "to": "vlan-2777",
            "vlan_pool_dn": "uni/infra/vlanns-[dynamic]-dynamic"
          },
          "sensitive_attributes": [],
          "private": "eyJzY2hlbWFfdmVyc2lvbiI6IjEifQ==",
          "dependencies": [
            "data.aci_vlan_pool.dynamic"
          ]
        }
      ]
    },
    {
      "mode": "managed",
      "type": "aci_ranges",
      "name": "dynamic_2778",
      "provider": "provider[\"registry.terraform.io/ciscodevnet/aci\"]",
      "instances": [
        {
          "schema_version": 1,
          "attributes": {
            "alloc_mode": "inherit",
            "annotation": "orchestrator:terraform",
            "description": "",
            "from": "vlan-2778",
            "id": "uni/infra/vlanns-[dynamic]-dynamic/from-[vlan-2778]-to-[vlan-2778]",
            "name_alias": "",
            "role": "external",
            "to": "vlan-2778",
            "vlan_pool_dn": "uni/infra/vlanns-[dynamic]-dynamic"
          },
          "sensitive_attributes": [],
          "private": "eyJzY2hlbWFfdmVyc2lvbiI6IjEifQ==",
          "dependencies": [
            "data.aci_vlan_pool.dynamic"
          ]
        }
      ]
    },
    {
      "mode": "managed",
      "type": "aci_ranges",
      "name": "dynamic_2779",
      "provider": "provider[\"registry.terraform.io/ciscodevnet/aci\"]",
      "instances": [
        {
          "schema_version": 1,
          "attributes": {
            "alloc_mode": "inherit",
            "annotation": "orchestrator:terraform",
            "description": "",
            "from": "vlan-2779",
            "id": "uni/infra/vlanns-[dynamic]-dynamic/from-[vlan-2779]-to-[vlan-2779]",
            "name_alias": "",
            "role": "external",
            "to": "vlan-2779",
            "vlan_pool_dn": "uni/infra/vlanns-[dynamic]-dynamic"
          },
          "sensitive_attributes": [],
          "private": "eyJzY2hlbWFfdmVyc2lvbiI6IjEifQ==",
          "dependencies": [
            "data.aci_vlan_pool.dynamic"
          ]
        }
      ]
    },
    {
      "mode": "managed",
      "type": "aci_ranges",
      "name": "dynamic_2780",
      "provider": "provider[\"registry.terraform.io/ciscodevnet/aci\"]",
      "instances": [
        {
          "schema_version": 1,
          "attributes": {
            "alloc_mode": "inherit",
            "annotation": "orchestrator:terraform",
            "description": "",
            "from": "vlan-2780",
            "id": "uni/infra/vlanns-[dynamic]-dynamic/from-[vlan-2780]-to-[vlan-2780]",
            "name_alias": "",
            "role": "external",
            "to": "vlan-2780",
            "vlan_pool_dn": "uni/infra/vlanns-[dynamic]-dynamic"
          },
          "sensitive_attributes": [],
          "private": "eyJzY2hlbWFfdmVyc2lvbiI6IjEifQ==",
          "dependencies": [
            "data.aci_vlan_pool.dynamic"
          ]
        }
      ]
    },
    {
      "mode": "managed",
      "type": "aci_ranges",
      "name": "dynamic_2781",
      "provider": "provider[\"registry.terraform.io/ciscodevnet/aci\"]",
      "instances": [
        {
          "schema_version": 1,
          "attributes": {
            "alloc_mode": "inherit",
            "annotation": "orchestrator:terraform",
            "description": "",
            "from": "vlan-2781",
            "id": "uni/infra/vlanns-[dynamic]-dynamic/from-[vlan-2781]-to-[vlan-2781]",
            "name_alias": "",
            "role": "external",
            "to": "vlan-2781",
            "vlan_pool_dn": "uni/infra/vlanns-[dynamic]-dynamic"
          },
          "sensitive_attributes": [],
          "private": "eyJzY2hlbWFfdmVyc2lvbiI6IjEifQ==",
          "dependencies": [
            "data.aci_vlan_pool.dynamic"
          ]
        }
      ]
    },
    {
      "mode": "managed",
      "type": "aci_ranges",
      "name": "dynamic_2782",
      "provider": "provider[\"registry.terraform.io/ciscodevnet/aci\"]",
      "instances": [
        {
          "schema_version": 1,
          "attributes": {
            "alloc_mode": "inherit",
            "annotation": "orchestrator:terraform",
            "description": "",
            "from": "vlan-2782",
            "id": "uni/infra/vlanns-[dynamic]-dynamic/from-[vlan-2782]-to-[vlan-2782]",
            "name_alias": "",
            "role": "external",
            "to": "vlan-2782",
            "vlan_pool_dn": "uni/infra/vlanns-[dynamic]-dynamic"
          },
          "sensitive_attributes": [],
          "private": "eyJzY2hlbWFfdmVyc2lvbiI6IjEifQ==",
          "dependencies": [
            "data.aci_vlan_pool.dynamic"
          ]
        }
      ]
    },
    {
      "mode": "managed",
      "type": "aci_ranges",
      "name": "dynamic_2783",
      "provider": "provider[\"registry.terraform.io/ciscodevnet/aci\"]",
      "instances": [
        {
          "schema_version": 1,
          "attributes": {
            "alloc_mode": "inherit",
            "annotation": "orchestrator:terraform",
            "description": "",
            "from": "vlan-2783",
            "id": "uni/infra/vlanns-[dynamic]-dynamic/from-[vlan-2783]-to-[vlan-2783]",
            "name_alias": "",
            "role": "external",
            "to": "vlan-2783",
            "vlan_pool_dn": "uni/infra/vlanns-[dynamic]-dynamic"
          },
          "sensitive_attributes": [],
          "private": "eyJzY2hlbWFfdmVyc2lvbiI6IjEifQ==",
          "dependencies": [
            "data.aci_vlan_pool.dynamic"
          ]
        }
      ]
    },
    {
      "mode": "managed",
      "type": "aci_ranges",
      "name": "dynamic_2784",
      "provider": "provider[\"registry.terraform.io/ciscodevnet/aci\"]",
      "instances": [
        {
          "schema_version": 1,
          "attributes": {
            "alloc_mode": "inherit",
            "annotation": "orchestrator:terraform",
            "description": "",
            "from": "vlan-2784",
            "id": "uni/infra/vlanns-[dynamic]-dynamic/from-[vlan-2784]-to-[vlan-2784]",
            "name_alias": "",
            "role": "external",
            "to": "vlan-2784",
            "vlan_pool_dn": "uni/infra/vlanns-[dynamic]-dynamic"
          },
          "sensitive_attributes": [],
          "private": "eyJzY2hlbWFfdmVyc2lvbiI6IjEifQ==",
          "dependencies": [
            "data.aci_vlan_pool.dynamic"
          ]
        }
      ]
    },
    {
      "mode": "managed",
      "type": "aci_ranges",
      "name": "dynamic_2785",
      "provider": "provider[\"registry.terraform.io/ciscodevnet/aci\"]",
      "instances": [
        {
          "schema_version": 1,
          "attributes": {
            "alloc_mode": "inherit",
            "annotation": "orchestrator:terraform",
            "description": "",
            "from": "vlan-2785",
            "id": "uni/infra/vlanns-[dynamic]-dynamic/from-[vlan-2785]-to-[vlan-2785]",
            "name_alias": "",
            "role": "external",
            "to": "vlan-2785",
            "vlan_pool_dn": "uni/infra/vlanns-[dynamic]-dynamic"
          },
          "sensitive_attributes": [],
          "private": "eyJzY2hlbWFfdmVyc2lvbiI6IjEifQ==",
          "dependencies": [
            "data.aci_vlan_pool.dynamic"
          ]
        }
      ]
    },
    {
      "mode": "managed",
      "type": "aci_ranges",
      "name": "dynamic_2786",
      "provider": "provider[\"registry.terraform.io/ciscodevnet/aci\"]",
      "instances": [
        {
          "schema_version": 1,
          "attributes": {
            "alloc_mode": "inherit",
            "annotation": "orchestrator:terraform",
            "description": "",
            "from": "vlan-2786",
            "id": "uni/infra/vlanns-[dynamic]-dynamic/from-[vlan-2786]-to-[vlan-2786]",
            "name_alias": "",
            "role": "external",
            "to": "vlan-2786",
            "vlan_pool_dn": "uni/infra/vlanns-[dynamic]-dynamic"
          },
          "sensitive_attributes": [],
          "private": "eyJzY2hlbWFfdmVyc2lvbiI6IjEifQ==",
          "dependencies": [
            "data.aci_vlan_pool.dynamic"
          ]
        }
      ]
    },
    {
      "mode": "managed",
      "type": "aci_ranges",
      "name": "dynamic_2787",
      "provider": "provider[\"registry.terraform.io/ciscodevnet/aci\"]",
      "instances": [
        {
          "schema_version": 1,
          "attributes": {
            "alloc_mode": "inherit",
            "annotation": "orchestrator:terraform",
            "description": "",
            "from": "vlan-2787",
            "id": "uni/infra/vlanns-[dynamic]-dynamic/from-[vlan-2787]-to-[vlan-2787]",
            "name_alias": "",
            "role": "external",
            "to": "vlan-2787",
            "vlan_pool_dn": "uni/infra/vlanns-[dynamic]-dynamic"
          },
          "sensitive_attributes": [],
          "private": "eyJzY2hlbWFfdmVyc2lvbiI6IjEifQ==",
          "dependencies": [
            "data.aci_vlan_pool.dynamic"
          ]
        }
      ]
    },
    {
      "mode": "managed",
      "type": "aci_ranges",
      "name": "dynamic_2788",
      "provider": "provider[\"registry.terraform.io/ciscodevnet/aci\"]",
      "instances": [
        {
          "schema_version": 1,
          "attributes": {
            "alloc_mode": "inherit",
            "annotation": "orchestrator:terraform",
            "description": "",
            "from": "vlan-2788",
            "id": "uni/infra/vlanns-[dynamic]-dynamic/from-[vlan-2788]-to-[vlan-2788]",
            "name_alias": "",
            "role": "external",
            "to": "vlan-2788",
            "vlan_pool_dn": "uni/infra/vlanns-[dynamic]-dynamic"
          },
          "sensitive_attributes": [],
          "private": "eyJzY2hlbWFfdmVyc2lvbiI6IjEifQ==",
          "dependencies": [
            "data.aci_vlan_pool.dynamic"
          ]
        }
      ]
    },
    {
      "mode": "managed",
      "type": "aci_ranges",
      "name": "dynamic_2789",
      "provider": "provider[\"registry.terraform.io/ciscodevnet/aci\"]",
      "instances": [
        {
          "schema_version": 1,
          "attributes": {
            "alloc_mode": "inherit",
            "annotation": "orchestrator:terraform",
            "description": "",
            "from": "vlan-2789",
            "id": "uni/infra/vlanns-[dynamic]-dynamic/from-[vlan-2789]-to-[vlan-2789]",
            "name_alias": "",
            "role": "external",
            "to": "vlan-2789",
            "vlan_pool_dn": "uni/infra/vlanns-[dynamic]-dynamic"
          },
          "sensitive_attributes": [],
          "private": "eyJzY2hlbWFfdmVyc2lvbiI6IjEifQ==",
          "dependencies": [
            "data.aci_vlan_pool.dynamic"
          ]
        }
      ]
    },
    {
      "mode": "managed",
      "type": "aci_ranges",
      "name": "dynamic_2790",
      "provider": "provider[\"registry.terraform.io/ciscodevnet/aci\"]",
      "instances": [
        {
          "schema_version": 1,
          "attributes": {
            "alloc_mode": "inherit",
            "annotation": "orchestrator:terraform",
            "description": "",
            "from": "vlan-2790",
            "id": "uni/infra/vlanns-[dynamic]-dynamic/from-[vlan-2790]-to-[vlan-2790]",
            "name_alias": "",
            "role": "external",
            "to": "vlan-2790",
            "vlan_pool_dn": "uni/infra/vlanns-[dynamic]-dynamic"
          },
          "sensitive_attributes": [],
          "private": "eyJzY2hlbWFfdmVyc2lvbiI6IjEifQ==",
          "dependencies": [
            "data.aci_vlan_pool.dynamic"
          ]
        }
      ]
    },
    {
      "mode": "managed",
      "type": "aci_ranges",
      "name": "dynamic_2791",
      "provider": "provider[\"registry.terraform.io/ciscodevnet/aci\"]",
      "instances": [
        {
          "schema_version": 1,
          "attributes": {
            "alloc_mode": "inherit",
            "annotation": "orchestrator:terraform",
            "description": "",
            "from": "vlan-2791",
            "id": "uni/infra/vlanns-[dynamic]-dynamic/from-[vlan-2791]-to-[vlan-2791]",
            "name_alias": "",
            "role": "external",
            "to": "vlan-2791",
            "vlan_pool_dn": "uni/infra/vlanns-[dynamic]-dynamic"
          },
          "sensitive_attributes": [],
          "private": "eyJzY2hlbWFfdmVyc2lvbiI6IjEifQ==",
          "dependencies": [
            "data.aci_vlan_pool.dynamic"
          ]
        }
      ]
    },
    {
      "mode": "managed",
      "type": "aci_ranges",
      "name": "dynamic_2792",
      "provider": "provider[\"registry.terraform.io/ciscodevnet/aci\"]",
      "instances": [
        {
          "schema_version": 1,
          "attributes": {
            "alloc_mode": "inherit",
            "annotation": "orchestrator:terraform",
            "description": "",
            "from": "vlan-2792",
            "id": "uni/infra/vlanns-[dynamic]-dynamic/from-[vlan-2792]-to-[vlan-2792]",
            "name_alias": "",
            "role": "external",
            "to": "vlan-2792",
            "vlan_pool_dn": "uni/infra/vlanns-[dynamic]-dynamic"
          },
          "sensitive_attributes": [],
          "private": "eyJzY2hlbWFfdmVyc2lvbiI6IjEifQ==",
          "dependencies": [
            "data.aci_vlan_pool.dynamic"
          ]
        }
      ]
    },
    {
      "mode": "managed",
      "type": "aci_ranges",
      "name": "dynamic_2793",
      "provider": "provider[\"registry.terraform.io/ciscodevnet/aci\"]",
      "instances": [
        {
          "schema_version": 1,
          "attributes": {
            "alloc_mode": "inherit",
            "annotation": "orchestrator:terraform",
            "description": "",
            "from": "vlan-2793",
            "id": "uni/infra/vlanns-[dynamic]-dynamic/from-[vlan-2793]-to-[vlan-2793]",
            "name_alias": "",
            "role": "external",
            "to": "vlan-2793",
            "vlan_pool_dn": "uni/infra/vlanns-[dynamic]-dynamic"
          },
          "sensitive_attributes": [],
          "private": "eyJzY2hlbWFfdmVyc2lvbiI6IjEifQ==",
          "dependencies": [
            "data.aci_vlan_pool.dynamic"
          ]
        }
      ]
    },
    {
      "mode": "managed",
      "type": "aci_ranges",
      "name": "dynamic_2794",
      "provider": "provider[\"registry.terraform.io/ciscodevnet/aci\"]",
      "instances": [
        {
          "schema_version": 1,
          "attributes": {
            "alloc_mode": "inherit",
            "annotation": "orchestrator:terraform",
            "description": "",
            "from": "vlan-2794",
            "id": "uni/infra/vlanns-[dynamic]-dynamic/from-[vlan-2794]-to-[vlan-2794]",
            "name_alias": "",
            "role": "external",
            "to": "vlan-2794",
            "vlan_pool_dn": "uni/infra/vlanns-[dynamic]-dynamic"
          },
          "sensitive_attributes": [],
          "private": "eyJzY2hlbWFfdmVyc2lvbiI6IjEifQ==",
          "dependencies": [
            "data.aci_vlan_pool.dynamic"
          ]
        }
      ]
    },
    {
      "mode": "managed",
      "type": "aci_ranges",
      "name": "dynamic_2795",
      "provider": "provider[\"registry.terraform.io/ciscodevnet/aci\"]",
      "instances": [
        {
          "schema_version": 1,
          "attributes": {
            "alloc_mode": "inherit",
            "annotation": "orchestrator:terraform",
            "description": "",
            "from": "vlan-2795",
            "id": "uni/infra/vlanns-[dynamic]-dynamic/from-[vlan-2795]-to-[vlan-2795]",
            "name_alias": "",
            "role": "external",
            "to": "vlan-2795",
            "vlan_pool_dn": "uni/infra/vlanns-[dynamic]-dynamic"
          },
          "sensitive_attributes": [],
          "private": "eyJzY2hlbWFfdmVyc2lvbiI6IjEifQ==",
          "dependencies": [
            "data.aci_vlan_pool.dynamic"
          ]
        }
      ]
    },
    {
      "mode": "managed",
      "type": "aci_ranges",
      "name": "dynamic_2796",
      "provider": "provider[\"registry.terraform.io/ciscodevnet/aci\"]",
      "instances": [
        {
          "schema_version": 1,
          "attributes": {
            "alloc_mode": "inherit",
            "annotation": "orchestrator:terraform",
            "description": "",
            "from": "vlan-2796",
            "id": "uni/infra/vlanns-[dynamic]-dynamic/from-[vlan-2796]-to-[vlan-2796]",
            "name_alias": "",
            "role": "external",
            "to": "vlan-2796",
            "vlan_pool_dn": "uni/infra/vlanns-[dynamic]-dynamic"
          },
          "sensitive_attributes": [],
          "private": "eyJzY2hlbWFfdmVyc2lvbiI6IjEifQ==",
          "dependencies": [
            "data.aci_vlan_pool.dynamic"
          ]
        }
      ]
    },
    {
      "mode": "managed",
      "type": "aci_ranges",
      "name": "dynamic_2797",
      "provider": "provider[\"registry.terraform.io/ciscodevnet/aci\"]",
      "instances": [
        {
          "schema_version": 1,
          "attributes": {
            "alloc_mode": "inherit",
            "annotation": "orchestrator:terraform",
            "description": "",
            "from": "vlan-2797",
            "id": "uni/infra/vlanns-[dynamic]-dynamic/from-[vlan-2797]-to-[vlan-2797]",
            "name_alias": "",
            "role": "external",
            "to": "vlan-2797",
            "vlan_pool_dn": "uni/infra/vlanns-[dynamic]-dynamic"
          },
          "sensitive_attributes": [],
          "private": "eyJzY2hlbWFfdmVyc2lvbiI6IjEifQ==",
          "dependencies": [
            "data.aci_vlan_pool.dynamic"
          ]
        }
      ]
    },
    {
      "mode": "managed",
      "type": "aci_ranges",
      "name": "dynamic_2798",
      "provider": "provider[\"registry.terraform.io/ciscodevnet/aci\"]",
      "instances": [
        {
          "schema_version": 1,
          "attributes": {
            "alloc_mode": "inherit",
            "annotation": "orchestrator:terraform",
            "description": "",
            "from": "vlan-2798",
            "id": "uni/infra/vlanns-[dynamic]-dynamic/from-[vlan-2798]-to-[vlan-2798]",
            "name_alias": "",
            "role": "external",
            "to": "vlan-2798",
            "vlan_pool_dn": "uni/infra/vlanns-[dynamic]-dynamic"
          },
          "sensitive_attributes": [],
          "private": "eyJzY2hlbWFfdmVyc2lvbiI6IjEifQ==",
          "dependencies": [
            "data.aci_vlan_pool.dynamic"
          ]
        }
      ]
    },
    {
      "mode": "managed",
      "type": "aci_ranges",
      "name": "dynamic_2799",
      "provider": "provider[\"registry.terraform.io/ciscodevnet/aci\"]",
      "instances": [
        {
          "schema_version": 1,
          "attributes": {
            "alloc_mode": "inherit",
            "annotation": "orchestrator:terraform",
            "description": "",
            "from": "vlan-2799",
            "id": "uni/infra/vlanns-[dynamic]-dynamic/from-[vlan-2799]-to-[vlan-2799]",
            "name_alias": "",
            "role": "external",
            "to": "vlan-2799",
            "vlan_pool_dn": "uni/infra/vlanns-[dynamic]-dynamic"
          },
          "sensitive_attributes": [],
          "private": "eyJzY2hlbWFfdmVyc2lvbiI6IjEifQ==",
          "dependencies": [
            "data.aci_vlan_pool.dynamic"
          ]
        }
      ]
    },
    {
      "mode": "managed",
      "type": "aci_ranges",
      "name": "dynamic_2800",
      "provider": "provider[\"registry.terraform.io/ciscodevnet/aci\"]",
      "instances": [
        {
          "schema_version": 1,
          "attributes": {
            "alloc_mode": "inherit",
            "annotation": "orchestrator:terraform",
            "description": "",
            "from": "vlan-2800",
            "id": "uni/infra/vlanns-[dynamic]-dynamic/from-[vlan-2800]-to-[vlan-2800]",
            "name_alias": "",
            "role": "external",
            "to": "vlan-2800",
            "vlan_pool_dn": "uni/infra/vlanns-[dynamic]-dynamic"
          },
          "sensitive_attributes": [],
          "private": "eyJzY2hlbWFfdmVyc2lvbiI6IjEifQ==",
          "dependencies": [
            "data.aci_vlan_pool.dynamic"
          ]
        }
      ]
    },
    {
      "mode": "managed",
      "type": "aci_ranges",
      "name": "dynamic_2801",
      "provider": "provider[\"registry.terraform.io/ciscodevnet/aci\"]",
      "instances": [
        {
          "schema_version": 1,
          "attributes": {
            "alloc_mode": "inherit",
            "annotation": "orchestrator:terraform",
            "description": "",
            "from": "vlan-2801",
            "id": "uni/infra/vlanns-[dynamic]-dynamic/from-[vlan-2801]-to-[vlan-2801]",
            "name_alias": "",
            "role": "external",
            "to": "vlan-2801",
            "vlan_pool_dn": "uni/infra/vlanns-[dynamic]-dynamic"
          },
          "sensitive_attributes": [],
          "private": "eyJzY2hlbWFfdmVyc2lvbiI6IjEifQ==",
          "dependencies": [
            "data.aci_vlan_pool.dynamic"
          ]
        }
      ]
    },
    {
      "mode": "managed",
      "type": "aci_ranges",
      "name": "dynamic_2802",
      "provider": "provider[\"registry.terraform.io/ciscodevnet/aci\"]",
      "instances": [
        {
          "schema_version": 1,
          "attributes": {
            "alloc_mode": "inherit",
            "annotation": "orchestrator:terraform",
            "description": "",
            "from": "vlan-2802",
            "id": "uni/infra/vlanns-[dynamic]-dynamic/from-[vlan-2802]-to-[vlan-2802]",
            "name_alias": "",
            "role": "external",
            "to": "vlan-2802",
            "vlan_pool_dn": "uni/infra/vlanns-[dynamic]-dynamic"
          },
          "sensitive_attributes": [],
          "private": "eyJzY2hlbWFfdmVyc2lvbiI6IjEifQ==",
          "dependencies": [
            "data.aci_vlan_pool.dynamic"
          ]
        }
      ]
    },
    {
      "mode": "managed",
      "type": "aci_ranges",
      "name": "dynamic_2803",
      "provider": "provider[\"registry.terraform.io/ciscodevnet/aci\"]",
      "instances": [
        {
          "schema_version": 1,
          "attributes": {
            "alloc_mode": "inherit",
            "annotation": "orchestrator:terraform",
            "description": "",
            "from": "vlan-2803",
            "id": "uni/infra/vlanns-[dynamic]-dynamic/from-[vlan-2803]-to-[vlan-2803]",
            "name_alias": "",
            "role": "external",
            "to": "vlan-2803",
            "vlan_pool_dn": "uni/infra/vlanns-[dynamic]-dynamic"
          },
          "sensitive_attributes": [],
          "private": "eyJzY2hlbWFfdmVyc2lvbiI6IjEifQ==",
          "dependencies": [
            "data.aci_vlan_pool.dynamic"
          ]
        }
      ]
    },
    {
      "mode": "managed",
      "type": "aci_ranges",
      "name": "dynamic_2804",
      "provider": "provider[\"registry.terraform.io/ciscodevnet/aci\"]",
      "instances": [
        {
          "schema_version": 1,
          "attributes": {
            "alloc_mode": "inherit",
            "annotation": "orchestrator:terraform",
            "description": "",
            "from": "vlan-2804",
            "id": "uni/infra/vlanns-[dynamic]-dynamic/from-[vlan-2804]-to-[vlan-2804]",
            "name_alias": "",
            "role": "external",
            "to": "vlan-2804",
            "vlan_pool_dn": "uni/infra/vlanns-[dynamic]-dynamic"
          },
          "sensitive_attributes": [],
          "private": "eyJzY2hlbWFfdmVyc2lvbiI6IjEifQ==",
          "dependencies": [
            "data.aci_vlan_pool.dynamic"
          ]
        }
      ]
    },
    {
      "mode": "managed",
      "type": "aci_ranges",
      "name": "dynamic_2805",
      "provider": "provider[\"registry.terraform.io/ciscodevnet/aci\"]",
      "instances": [
        {
          "schema_version": 1,
          "attributes": {
            "alloc_mode": "inherit",
            "annotation": "orchestrator:terraform",
            "description": "",
            "from": "vlan-2805",
            "id": "uni/infra/vlanns-[dynamic]-dynamic/from-[vlan-2805]-to-[vlan-2805]",
            "name_alias": "",
            "role": "external",
            "to": "vlan-2805",
            "vlan_pool_dn": "uni/infra/vlanns-[dynamic]-dynamic"
          },
          "sensitive_attributes": [],
          "private": "eyJzY2hlbWFfdmVyc2lvbiI6IjEifQ==",
          "dependencies": [
            "data.aci_vlan_pool.dynamic"
          ]
        }
      ]
    },
    {
      "mode": "managed",
      "type": "aci_ranges",
      "name": "dynamic_2806",
      "provider": "provider[\"registry.terraform.io/ciscodevnet/aci\"]",
      "instances": [
        {
          "schema_version": 1,
          "attributes": {
            "alloc_mode": "inherit",
            "annotation": "orchestrator:terraform",
            "description": "",
            "from": "vlan-2806",
            "id": "uni/infra/vlanns-[dynamic]-dynamic/from-[vlan-2806]-to-[vlan-2806]",
            "name_alias": "",
            "role": "external",
            "to": "vlan-2806",
            "vlan_pool_dn": "uni/infra/vlanns-[dynamic]-dynamic"
          },
          "sensitive_attributes": [],
          "private": "eyJzY2hlbWFfdmVyc2lvbiI6IjEifQ==",
          "dependencies": [
            "data.aci_vlan_pool.dynamic"
          ]
        }
      ]
    },
    {
      "mode": "managed",
      "type": "aci_ranges",
      "name": "dynamic_2807",
      "provider": "provider[\"registry.terraform.io/ciscodevnet/aci\"]",
      "instances": [
        {
          "schema_version": 1,
          "attributes": {
            "alloc_mode": "inherit",
            "annotation": "orchestrator:terraform",
            "description": "",
            "from": "vlan-2807",
            "id": "uni/infra/vlanns-[dynamic]-dynamic/from-[vlan-2807]-to-[vlan-2807]",
            "name_alias": "",
            "role": "external",
            "to": "vlan-2807",
            "vlan_pool_dn": "uni/infra/vlanns-[dynamic]-dynamic"
          },
          "sensitive_attributes": [],
          "private": "eyJzY2hlbWFfdmVyc2lvbiI6IjEifQ==",
          "dependencies": [
            "data.aci_vlan_pool.dynamic"
          ]
        }
      ]
    },
    {
      "mode": "managed",
      "type": "aci_ranges",
      "name": "dynamic_2808",
      "provider": "provider[\"registry.terraform.io/ciscodevnet/aci\"]",
      "instances": [
        {
          "schema_version": 1,
          "attributes": {
            "alloc_mode": "inherit",
            "annotation": "orchestrator:terraform",
            "description": "",
            "from": "vlan-2808",
            "id": "uni/infra/vlanns-[dynamic]-dynamic/from-[vlan-2808]-to-[vlan-2808]",
            "name_alias": "",
            "role": "external",
            "to": "vlan-2808",
            "vlan_pool_dn": "uni/infra/vlanns-[dynamic]-dynamic"
          },
          "sensitive_attributes": [],
          "private": "eyJzY2hlbWFfdmVyc2lvbiI6IjEifQ==",
          "dependencies": [
            "data.aci_vlan_pool.dynamic"
          ]
        }
      ]
    },
    {
      "mode": "managed",
      "type": "aci_ranges",
      "name": "dynamic_2809",
      "provider": "provider[\"registry.terraform.io/ciscodevnet/aci\"]",
      "instances": [
        {
          "schema_version": 1,
          "attributes": {
            "alloc_mode": "inherit",
            "annotation": "orchestrator:terraform",
            "description": "",
            "from": "vlan-2809",
            "id": "uni/infra/vlanns-[dynamic]-dynamic/from-[vlan-2809]-to-[vlan-2809]",
            "name_alias": "",
            "role": "external",
            "to": "vlan-2809",
            "vlan_pool_dn": "uni/infra/vlanns-[dynamic]-dynamic"
          },
          "sensitive_attributes": [],
          "private": "eyJzY2hlbWFfdmVyc2lvbiI6IjEifQ==",
          "dependencies": [
            "data.aci_vlan_pool.dynamic"
          ]
        }
      ]
    },
    {
      "mode": "managed",
      "type": "aci_ranges",
      "name": "dynamic_2810",
      "provider": "provider[\"registry.terraform.io/ciscodevnet/aci\"]",
      "instances": [
        {
          "schema_version": 1,
          "attributes": {
            "alloc_mode": "inherit",
            "annotation": "orchestrator:terraform",
            "description": "",
            "from": "vlan-2810",
            "id": "uni/infra/vlanns-[dynamic]-dynamic/from-[vlan-2810]-to-[vlan-2810]",
            "name_alias": "",
            "role": "external",
            "to": "vlan-2810",
            "vlan_pool_dn": "uni/infra/vlanns-[dynamic]-dynamic"
          },
          "sensitive_attributes": [],
          "private": "eyJzY2hlbWFfdmVyc2lvbiI6IjEifQ==",
          "dependencies": [
            "data.aci_vlan_pool.dynamic"
          ]
        }
      ]
    },
    {
      "mode": "managed",
      "type": "aci_ranges",
      "name": "dynamic_2811",
      "provider": "provider[\"registry.terraform.io/ciscodevnet/aci\"]",
      "instances": [
        {
          "schema_version": 1,
          "attributes": {
            "alloc_mode": "inherit",
            "annotation": "orchestrator:terraform",
            "description": "",
            "from": "vlan-2811",
            "id": "uni/infra/vlanns-[dynamic]-dynamic/from-[vlan-2811]-to-[vlan-2811]",
            "name_alias": "",
            "role": "external",
            "to": "vlan-2811",
            "vlan_pool_dn": "uni/infra/vlanns-[dynamic]-dynamic"
          },
          "sensitive_attributes": [],
          "private": "eyJzY2hlbWFfdmVyc2lvbiI6IjEifQ==",
          "dependencies": [
            "data.aci_vlan_pool.dynamic"
          ]
        }
      ]
    },
    {
      "mode": "managed",
      "type": "aci_ranges",
      "name": "dynamic_2812",
      "provider": "provider[\"registry.terraform.io/ciscodevnet/aci\"]",
      "instances": [
        {
          "schema_version": 1,
          "attributes": {
            "alloc_mode": "inherit",
            "annotation": "orchestrator:terraform",
            "description": "",
            "from": "vlan-2812",
            "id": "uni/infra/vlanns-[dynamic]-dynamic/from-[vlan-2812]-to-[vlan-2812]",
            "name_alias": "",
            "role": "external",
            "to": "vlan-2812",
            "vlan_pool_dn": "uni/infra/vlanns-[dynamic]-dynamic"
          },
          "sensitive_attributes": [],
          "private": "eyJzY2hlbWFfdmVyc2lvbiI6IjEifQ==",
          "dependencies": [
            "data.aci_vlan_pool.dynamic"
          ]
        }
      ]
    },
    {
      "mode": "managed",
      "type": "aci_ranges",
      "name": "dynamic_2813",
      "provider": "provider[\"registry.terraform.io/ciscodevnet/aci\"]",
      "instances": [
        {
          "schema_version": 1,
          "attributes": {
            "alloc_mode": "inherit",
            "annotation": "orchestrator:terraform",
            "description": "",
            "from": "vlan-2813",
            "id": "uni/infra/vlanns-[dynamic]-dynamic/from-[vlan-2813]-to-[vlan-2813]",
            "name_alias": "",
            "role": "external",
            "to": "vlan-2813",
            "vlan_pool_dn": "uni/infra/vlanns-[dynamic]-dynamic"
          },
          "sensitive_attributes": [],
          "private": "eyJzY2hlbWFfdmVyc2lvbiI6IjEifQ==",
          "dependencies": [
            "data.aci_vlan_pool.dynamic"
          ]
        }
      ]
    },
    {
      "mode": "managed",
      "type": "aci_ranges",
      "name": "dynamic_2814",
      "provider": "provider[\"registry.terraform.io/ciscodevnet/aci\"]",
      "instances": [
        {
          "schema_version": 1,
          "attributes": {
            "alloc_mode": "inherit",
            "annotation": "orchestrator:terraform",
            "description": "",
            "from": "vlan-2814",
            "id": "uni/infra/vlanns-[dynamic]-dynamic/from-[vlan-2814]-to-[vlan-2814]",
            "name_alias": "",
            "role": "external",
            "to": "vlan-2814",
            "vlan_pool_dn": "uni/infra/vlanns-[dynamic]-dynamic"
          },
          "sensitive_attributes": [],
          "private": "eyJzY2hlbWFfdmVyc2lvbiI6IjEifQ==",
          "dependencies": [
            "data.aci_vlan_pool.dynamic"
          ]
        }
      ]
    },
    {
      "mode": "managed",
      "type": "aci_ranges",
      "name": "dynamic_2815",
      "provider": "provider[\"registry.terraform.io/ciscodevnet/aci\"]",
      "instances": [
        {
          "schema_version": 1,
          "attributes": {
            "alloc_mode": "inherit",
            "annotation": "orchestrator:terraform",
            "description": "",
            "from": "vlan-2815",
            "id": "uni/infra/vlanns-[dynamic]-dynamic/from-[vlan-2815]-to-[vlan-2815]",
            "name_alias": "",
            "role": "external",
            "to": "vlan-2815",
            "vlan_pool_dn": "uni/infra/vlanns-[dynamic]-dynamic"
          },
          "sensitive_attributes": [],
          "private": "eyJzY2hlbWFfdmVyc2lvbiI6IjEifQ==",
          "dependencies": [
            "data.aci_vlan_pool.dynamic"
          ]
        }
      ]
    },
    {
      "mode": "managed",
      "type": "aci_ranges",
      "name": "dynamic_2816",
      "provider": "provider[\"registry.terraform.io/ciscodevnet/aci\"]",
      "instances": [
        {
          "schema_version": 1,
          "attributes": {
            "alloc_mode": "inherit",
            "annotation": "orchestrator:terraform",
            "description": "",
            "from": "vlan-2816",
            "id": "uni/infra/vlanns-[dynamic]-dynamic/from-[vlan-2816]-to-[vlan-2816]",
            "name_alias": "",
            "role": "external",
            "to": "vlan-2816",
            "vlan_pool_dn": "uni/infra/vlanns-[dynamic]-dynamic"
          },
          "sensitive_attributes": [],
          "private": "eyJzY2hlbWFfdmVyc2lvbiI6IjEifQ==",
          "dependencies": [
            "data.aci_vlan_pool.dynamic"
          ]
        }
      ]
    },
    {
      "mode": "managed",
      "type": "aci_ranges",
      "name": "dynamic_2817",
      "provider": "provider[\"registry.terraform.io/ciscodevnet/aci\"]",
      "instances": [
        {
          "schema_version": 1,
          "attributes": {
            "alloc_mode": "inherit",
            "annotation": "orchestrator:terraform",
            "description": "",
            "from": "vlan-2817",
            "id": "uni/infra/vlanns-[dynamic]-dynamic/from-[vlan-2817]-to-[vlan-2817]",
            "name_alias": "",
            "role": "external",
            "to": "vlan-2817",
            "vlan_pool_dn": "uni/infra/vlanns-[dynamic]-dynamic"
          },
          "sensitive_attributes": [],
          "private": "eyJzY2hlbWFfdmVyc2lvbiI6IjEifQ==",
          "dependencies": [
            "data.aci_vlan_pool.dynamic"
          ]
        }
      ]
    },
    {
      "mode": "managed",
      "type": "aci_ranges",
      "name": "dynamic_2818",
      "provider": "provider[\"registry.terraform.io/ciscodevnet/aci\"]",
      "instances": [
        {
          "schema_version": 1,
          "attributes": {
            "alloc_mode": "inherit",
            "annotation": "orchestrator:terraform",
            "description": "",
            "from": "vlan-2818",
            "id": "uni/infra/vlanns-[dynamic]-dynamic/from-[vlan-2818]-to-[vlan-2818]",
            "name_alias": "",
            "role": "external",
            "to": "vlan-2818",
            "vlan_pool_dn": "uni/infra/vlanns-[dynamic]-dynamic"
          },
          "sensitive_attributes": [],
          "private": "eyJzY2hlbWFfdmVyc2lvbiI6IjEifQ==",
          "dependencies": [
            "data.aci_vlan_pool.dynamic"
          ]
        }
      ]
    },
    {
      "mode": "managed",
      "type": "aci_ranges",
      "name": "dynamic_2819",
      "provider": "provider[\"registry.terraform.io/ciscodevnet/aci\"]",
      "instances": [
        {
          "schema_version": 1,
          "attributes": {
            "alloc_mode": "inherit",
            "annotation": "orchestrator:terraform",
            "description": "",
            "from": "vlan-2819",
            "id": "uni/infra/vlanns-[dynamic]-dynamic/from-[vlan-2819]-to-[vlan-2819]",
            "name_alias": "",
            "role": "external",
            "to": "vlan-2819",
            "vlan_pool_dn": "uni/infra/vlanns-[dynamic]-dynamic"
          },
          "sensitive_attributes": [],
          "private": "eyJzY2hlbWFfdmVyc2lvbiI6IjEifQ==",
          "dependencies": [
            "data.aci_vlan_pool.dynamic"
          ]
        }
      ]
    },
    {
      "mode": "managed",
      "type": "aci_ranges",
      "name": "dynamic_2820",
      "provider": "provider[\"registry.terraform.io/ciscodevnet/aci\"]",
      "instances": [
        {
          "schema_version": 1,
          "attributes": {
            "alloc_mode": "inherit",
            "annotation": "orchestrator:terraform",
            "description": "",
            "from": "vlan-2820",
            "id": "uni/infra/vlanns-[dynamic]-dynamic/from-[vlan-2820]-to-[vlan-2820]",
            "name_alias": "",
            "role": "external",
            "to": "vlan-2820",
            "vlan_pool_dn": "uni/infra/vlanns-[dynamic]-dynamic"
          },
          "sensitive_attributes": [],
          "private": "eyJzY2hlbWFfdmVyc2lvbiI6IjEifQ==",
          "dependencies": [
            "data.aci_vlan_pool.dynamic"
          ]
        }
      ]
    },
    {
      "mode": "managed",
      "type": "aci_ranges",
      "name": "dynamic_2821",
      "provider": "provider[\"registry.terraform.io/ciscodevnet/aci\"]",
      "instances": [
        {
          "schema_version": 1,
          "attributes": {
            "alloc_mode": "inherit",
            "annotation": "orchestrator:terraform",
            "description": "",
            "from": "vlan-2821",
            "id": "uni/infra/vlanns-[dynamic]-dynamic/from-[vlan-2821]-to-[vlan-2821]",
            "name_alias": "",
            "role": "external",
            "to": "vlan-2821",
            "vlan_pool_dn": "uni/infra/vlanns-[dynamic]-dynamic"
          },
          "sensitive_attributes": [],
          "private": "eyJzY2hlbWFfdmVyc2lvbiI6IjEifQ==",
          "dependencies": [
            "data.aci_vlan_pool.dynamic"
          ]
        }
      ]
    },
    {
      "mode": "managed",
      "type": "aci_ranges",
      "name": "dynamic_2822",
      "provider": "provider[\"registry.terraform.io/ciscodevnet/aci\"]",
      "instances": [
        {
          "schema_version": 1,
          "attributes": {
            "alloc_mode": "inherit",
            "annotation": "orchestrator:terraform",
            "description": "",
            "from": "vlan-2822",
            "id": "uni/infra/vlanns-[dynamic]-dynamic/from-[vlan-2822]-to-[vlan-2822]",
            "name_alias": "",
            "role": "external",
            "to": "vlan-2822",
            "vlan_pool_dn": "uni/infra/vlanns-[dynamic]-dynamic"
          },
          "sensitive_attributes": [],
          "private": "eyJzY2hlbWFfdmVyc2lvbiI6IjEifQ==",
          "dependencies": [
            "data.aci_vlan_pool.dynamic"
          ]
        }
      ]
    },
    {
      "mode": "managed",
      "type": "aci_ranges",
      "name": "dynamic_2823",
      "provider": "provider[\"registry.terraform.io/ciscodevnet/aci\"]",
      "instances": [
        {
          "schema_version": 1,
          "attributes": {
            "alloc_mode": "inherit",
            "annotation": "orchestrator:terraform",
            "description": "",
            "from": "vlan-2823",
            "id": "uni/infra/vlanns-[dynamic]-dynamic/from-[vlan-2823]-to-[vlan-2823]",
            "name_alias": "",
            "role": "external",
            "to": "vlan-2823",
            "vlan_pool_dn": "uni/infra/vlanns-[dynamic]-dynamic"
          },
          "sensitive_attributes": [],
          "private": "eyJzY2hlbWFfdmVyc2lvbiI6IjEifQ==",
          "dependencies": [
            "data.aci_vlan_pool.dynamic"
          ]
        }
      ]
    },
    {
      "mode": "managed",
      "type": "aci_ranges",
      "name": "dynamic_2824",
      "provider": "provider[\"registry.terraform.io/ciscodevnet/aci\"]",
      "instances": [
        {
          "schema_version": 1,
          "attributes": {
            "alloc_mode": "inherit",
            "annotation": "orchestrator:terraform",
            "description": "",
            "from": "vlan-2824",
            "id": "uni/infra/vlanns-[dynamic]-dynamic/from-[vlan-2824]-to-[vlan-2824]",
            "name_alias": "",
            "role": "external",
            "to": "vlan-2824",
            "vlan_pool_dn": "uni/infra/vlanns-[dynamic]-dynamic"
          },
          "sensitive_attributes": [],
          "private": "eyJzY2hlbWFfdmVyc2lvbiI6IjEifQ==",
          "dependencies": [
            "data.aci_vlan_pool.dynamic"
          ]
        }
      ]
    },
    {
      "mode": "managed",
      "type": "aci_ranges",
      "name": "dynamic_2825",
      "provider": "provider[\"registry.terraform.io/ciscodevnet/aci\"]",
      "instances": [
        {
          "schema_version": 1,
          "attributes": {
            "alloc_mode": "inherit",
            "annotation": "orchestrator:terraform",
            "description": "",
            "from": "vlan-2825",
            "id": "uni/infra/vlanns-[dynamic]-dynamic/from-[vlan-2825]-to-[vlan-2825]",
            "name_alias": "",
            "role": "external",
            "to": "vlan-2825",
            "vlan_pool_dn": "uni/infra/vlanns-[dynamic]-dynamic"
          },
          "sensitive_attributes": [],
          "private": "eyJzY2hlbWFfdmVyc2lvbiI6IjEifQ==",
          "dependencies": [
            "data.aci_vlan_pool.dynamic"
          ]
        }
      ]
    },
    {
      "mode": "managed",
      "type": "aci_ranges",
      "name": "dynamic_2826",
      "provider": "provider[\"registry.terraform.io/ciscodevnet/aci\"]",
      "instances": [
        {
          "schema_version": 1,
          "attributes": {
            "alloc_mode": "inherit",
            "annotation": "orchestrator:terraform",
            "description": "",
            "from": "vlan-2826",
            "id": "uni/infra/vlanns-[dynamic]-dynamic/from-[vlan-2826]-to-[vlan-2826]",
            "name_alias": "",
            "role": "external",
            "to": "vlan-2826",
            "vlan_pool_dn": "uni/infra/vlanns-[dynamic]-dynamic"
          },
          "sensitive_attributes": [],
          "private": "eyJzY2hlbWFfdmVyc2lvbiI6IjEifQ==",
          "dependencies": [
            "data.aci_vlan_pool.dynamic"
          ]
        }
      ]
    },
    {
      "mode": "managed",
      "type": "aci_ranges",
      "name": "dynamic_2827",
      "provider": "provider[\"registry.terraform.io/ciscodevnet/aci\"]",
      "instances": [
        {
          "schema_version": 1,
          "attributes": {
            "alloc_mode": "inherit",
            "annotation": "orchestrator:terraform",
            "description": "",
            "from": "vlan-2827",
            "id": "uni/infra/vlanns-[dynamic]-dynamic/from-[vlan-2827]-to-[vlan-2827]",
            "name_alias": "",
            "role": "external",
            "to": "vlan-2827",
            "vlan_pool_dn": "uni/infra/vlanns-[dynamic]-dynamic"
          },
          "sensitive_attributes": [],
          "private": "eyJzY2hlbWFfdmVyc2lvbiI6IjEifQ==",
          "dependencies": [
            "data.aci_vlan_pool.dynamic"
          ]
        }
      ]
    },
    {
      "mode": "managed",
      "type": "aci_ranges",
      "name": "dynamic_2828",
      "provider": "provider[\"registry.terraform.io/ciscodevnet/aci\"]",
      "instances": [
        {
          "schema_version": 1,
          "attributes": {
            "alloc_mode": "inherit",
            "annotation": "orchestrator:terraform",
            "description": "",
            "from": "vlan-2828",
            "id": "uni/infra/vlanns-[dynamic]-dynamic/from-[vlan-2828]-to-[vlan-2828]",
            "name_alias": "",
            "role": "external",
            "to": "vlan-2828",
            "vlan_pool_dn": "uni/infra/vlanns-[dynamic]-dynamic"
          },
          "sensitive_attributes": [],
          "private": "eyJzY2hlbWFfdmVyc2lvbiI6IjEifQ==",
          "dependencies": [
            "data.aci_vlan_pool.dynamic"
          ]
        }
      ]
    },
    {
      "mode": "managed",
      "type": "aci_ranges",
      "name": "dynamic_2829",
      "provider": "provider[\"registry.terraform.io/ciscodevnet/aci\"]",
      "instances": [
        {
          "schema_version": 1,
          "attributes": {
            "alloc_mode": "inherit",
            "annotation": "orchestrator:terraform",
            "description": "",
            "from": "vlan-2829",
            "id": "uni/infra/vlanns-[dynamic]-dynamic/from-[vlan-2829]-to-[vlan-2829]",
            "name_alias": "",
            "role": "external",
            "to": "vlan-2829",
            "vlan_pool_dn": "uni/infra/vlanns-[dynamic]-dynamic"
          },
          "sensitive_attributes": [],
          "private": "eyJzY2hlbWFfdmVyc2lvbiI6IjEifQ==",
          "dependencies": [
            "data.aci_vlan_pool.dynamic"
          ]
        }
      ]
    },
    {
      "mode": "managed",
      "type": "aci_ranges",
      "name": "dynamic_2830",
      "provider": "provider[\"registry.terraform.io/ciscodevnet/aci\"]",
      "instances": [
        {
          "schema_version": 1,
          "attributes": {
            "alloc_mode": "inherit",
            "annotation": "orchestrator:terraform",
            "description": "",
            "from": "vlan-2830",
            "id": "uni/infra/vlanns-[dynamic]-dynamic/from-[vlan-2830]-to-[vlan-2830]",
            "name_alias": "",
            "role": "external",
            "to": "vlan-2830",
            "vlan_pool_dn": "uni/infra/vlanns-[dynamic]-dynamic"
          },
          "sensitive_attributes": [],
          "private": "eyJzY2hlbWFfdmVyc2lvbiI6IjEifQ==",
          "dependencies": [
            "data.aci_vlan_pool.dynamic"
          ]
        }
      ]
    },
    {
      "mode": "managed",
      "type": "aci_ranges",
      "name": "dynamic_2831",
      "provider": "provider[\"registry.terraform.io/ciscodevnet/aci\"]",
      "instances": [
        {
          "schema_version": 1,
          "attributes": {
            "alloc_mode": "inherit",
            "annotation": "orchestrator:terraform",
            "description": "",
            "from": "vlan-2831",
            "id": "uni/infra/vlanns-[dynamic]-dynamic/from-[vlan-2831]-to-[vlan-2831]",
            "name_alias": "",
            "role": "external",
            "to": "vlan-2831",
            "vlan_pool_dn": "uni/infra/vlanns-[dynamic]-dynamic"
          },
          "sensitive_attributes": [],
          "private": "eyJzY2hlbWFfdmVyc2lvbiI6IjEifQ==",
          "dependencies": [
            "data.aci_vlan_pool.dynamic"
          ]
        }
      ]
    },
    {
      "mode": "managed",
      "type": "aci_ranges",
      "name": "dynamic_2832",
      "provider": "provider[\"registry.terraform.io/ciscodevnet/aci\"]",
      "instances": [
        {
          "schema_version": 1,
          "attributes": {
            "alloc_mode": "inherit",
            "annotation": "orchestrator:terraform",
            "description": "",
            "from": "vlan-2832",
            "id": "uni/infra/vlanns-[dynamic]-dynamic/from-[vlan-2832]-to-[vlan-2832]",
            "name_alias": "",
            "role": "external",
            "to": "vlan-2832",
            "vlan_pool_dn": "uni/infra/vlanns-[dynamic]-dynamic"
          },
          "sensitive_attributes": [],
          "private": "eyJzY2hlbWFfdmVyc2lvbiI6IjEifQ==",
          "dependencies": [
            "data.aci_vlan_pool.dynamic"
          ]
        }
      ]
    },
    {
      "mode": "managed",
      "type": "aci_ranges",
      "name": "dynamic_2833",
      "provider": "provider[\"registry.terraform.io/ciscodevnet/aci\"]",
      "instances": [
        {
          "schema_version": 1,
          "attributes": {
            "alloc_mode": "inherit",
            "annotation": "orchestrator:terraform",
            "description": "",
            "from": "vlan-2833",
            "id": "uni/infra/vlanns-[dynamic]-dynamic/from-[vlan-2833]-to-[vlan-2833]",
            "name_alias": "",
            "role": "external",
            "to": "vlan-2833",
            "vlan_pool_dn": "uni/infra/vlanns-[dynamic]-dynamic"
          },
          "sensitive_attributes": [],
          "private": "eyJzY2hlbWFfdmVyc2lvbiI6IjEifQ==",
          "dependencies": [
            "data.aci_vlan_pool.dynamic"
          ]
        }
      ]
    },
    {
      "mode": "managed",
      "type": "aci_ranges",
      "name": "dynamic_2834",
      "provider": "provider[\"registry.terraform.io/ciscodevnet/aci\"]",
      "instances": [
        {
          "schema_version": 1,
          "attributes": {
            "alloc_mode": "inherit",
            "annotation": "orchestrator:terraform",
            "description": "",
            "from": "vlan-2834",
            "id": "uni/infra/vlanns-[dynamic]-dynamic/from-[vlan-2834]-to-[vlan-2834]",
            "name_alias": "",
            "role": "external",
            "to": "vlan-2834",
            "vlan_pool_dn": "uni/infra/vlanns-[dynamic]-dynamic"
          },
          "sensitive_attributes": [],
          "private": "eyJzY2hlbWFfdmVyc2lvbiI6IjEifQ==",
          "dependencies": [
            "data.aci_vlan_pool.dynamic"
          ]
        }
      ]
    },
    {
      "mode": "managed",
      "type": "aci_ranges",
      "name": "dynamic_2835",
      "provider": "provider[\"registry.terraform.io/ciscodevnet/aci\"]",
      "instances": [
        {
          "schema_version": 1,
          "attributes": {
            "alloc_mode": "inherit",
            "annotation": "orchestrator:terraform",
            "description": "",
            "from": "vlan-2835",
            "id": "uni/infra/vlanns-[dynamic]-dynamic/from-[vlan-2835]-to-[vlan-2835]",
            "name_alias": "",
            "role": "external",
            "to": "vlan-2835",
            "vlan_pool_dn": "uni/infra/vlanns-[dynamic]-dynamic"
          },
          "sensitive_attributes": [],
          "private": "eyJzY2hlbWFfdmVyc2lvbiI6IjEifQ==",
          "dependencies": [
            "data.aci_vlan_pool.dynamic"
          ]
        }
      ]
    },
    {
      "mode": "managed",
      "type": "aci_ranges",
      "name": "dynamic_2836",
      "provider": "provider[\"registry.terraform.io/ciscodevnet/aci\"]",
      "instances": [
        {
          "schema_version": 1,
          "attributes": {
            "alloc_mode": "inherit",
            "annotation": "orchestrator:terraform",
            "description": "",
            "from": "vlan-2836",
            "id": "uni/infra/vlanns-[dynamic]-dynamic/from-[vlan-2836]-to-[vlan-2836]",
            "name_alias": "",
            "role": "external",
            "to": "vlan-2836",
            "vlan_pool_dn": "uni/infra/vlanns-[dynamic]-dynamic"
          },
          "sensitive_attributes": [],
          "private": "eyJzY2hlbWFfdmVyc2lvbiI6IjEifQ==",
          "dependencies": [
            "data.aci_vlan_pool.dynamic"
          ]
        }
      ]
    },
    {
      "mode": "managed",
      "type": "aci_ranges",
      "name": "dynamic_2837",
      "provider": "provider[\"registry.terraform.io/ciscodevnet/aci\"]",
      "instances": [
        {
          "schema_version": 1,
          "attributes": {
            "alloc_mode": "inherit",
            "annotation": "orchestrator:terraform",
            "description": "",
            "from": "vlan-2837",
            "id": "uni/infra/vlanns-[dynamic]-dynamic/from-[vlan-2837]-to-[vlan-2837]",
            "name_alias": "",
            "role": "external",
            "to": "vlan-2837",
            "vlan_pool_dn": "uni/infra/vlanns-[dynamic]-dynamic"
          },
          "sensitive_attributes": [],
          "private": "eyJzY2hlbWFfdmVyc2lvbiI6IjEifQ==",
          "dependencies": [
            "data.aci_vlan_pool.dynamic"
          ]
        }
      ]
    },
    {
      "mode": "managed",
      "type": "aci_ranges",
      "name": "dynamic_2838",
      "provider": "provider[\"registry.terraform.io/ciscodevnet/aci\"]",
      "instances": [
        {
          "schema_version": 1,
          "attributes": {
            "alloc_mode": "inherit",
            "annotation": "orchestrator:terraform",
            "description": "",
            "from": "vlan-2838",
            "id": "uni/infra/vlanns-[dynamic]-dynamic/from-[vlan-2838]-to-[vlan-2838]",
            "name_alias": "",
            "role": "external",
            "to": "vlan-2838",
            "vlan_pool_dn": "uni/infra/vlanns-[dynamic]-dynamic"
          },
          "sensitive_attributes": [],
          "private": "eyJzY2hlbWFfdmVyc2lvbiI6IjEifQ==",
          "dependencies": [
            "data.aci_vlan_pool.dynamic"
          ]
        }
      ]
    },
    {
      "mode": "managed",
      "type": "aci_ranges",
      "name": "dynamic_2839",
      "provider": "provider[\"registry.terraform.io/ciscodevnet/aci\"]",
      "instances": [
        {
          "schema_version": 1,
          "attributes": {
            "alloc_mode": "inherit",
            "annotation": "orchestrator:terraform",
            "description": "",
            "from": "vlan-2839",
            "id": "uni/infra/vlanns-[dynamic]-dynamic/from-[vlan-2839]-to-[vlan-2839]",
            "name_alias": "",
            "role": "external",
            "to": "vlan-2839",
            "vlan_pool_dn": "uni/infra/vlanns-[dynamic]-dynamic"
          },
          "sensitive_attributes": [],
          "private": "eyJzY2hlbWFfdmVyc2lvbiI6IjEifQ==",
          "dependencies": [
            "data.aci_vlan_pool.dynamic"
          ]
        }
      ]
    },
    {
      "mode": "managed",
      "type": "aci_ranges",
      "name": "dynamic_2840",
      "provider": "provider[\"registry.terraform.io/ciscodevnet/aci\"]",
      "instances": [
        {
          "schema_version": 1,
          "attributes": {
            "alloc_mode": "inherit",
            "annotation": "orchestrator:terraform",
            "description": "",
            "from": "vlan-2840",
            "id": "uni/infra/vlanns-[dynamic]-dynamic/from-[vlan-2840]-to-[vlan-2840]",
            "name_alias": "",
            "role": "external",
            "to": "vlan-2840",
            "vlan_pool_dn": "uni/infra/vlanns-[dynamic]-dynamic"
          },
          "sensitive_attributes": [],
          "private": "eyJzY2hlbWFfdmVyc2lvbiI6IjEifQ==",
          "dependencies": [
            "data.aci_vlan_pool.dynamic"
          ]
        }
      ]
    },
    {
      "mode": "managed",
      "type": "aci_ranges",
      "name": "dynamic_2841",
      "provider": "provider[\"registry.terraform.io/ciscodevnet/aci\"]",
      "instances": [
        {
          "schema_version": 1,
          "attributes": {
            "alloc_mode": "inherit",
            "annotation": "orchestrator:terraform",
            "description": "",
            "from": "vlan-2841",
            "id": "uni/infra/vlanns-[dynamic]-dynamic/from-[vlan-2841]-to-[vlan-2841]",
            "name_alias": "",
            "role": "external",
            "to": "vlan-2841",
            "vlan_pool_dn": "uni/infra/vlanns-[dynamic]-dynamic"
          },
          "sensitive_attributes": [],
          "private": "eyJzY2hlbWFfdmVyc2lvbiI6IjEifQ==",
          "dependencies": [
            "data.aci_vlan_pool.dynamic"
          ]
        }
      ]
    },
    {
      "mode": "managed",
      "type": "aci_ranges",
      "name": "dynamic_2842",
      "provider": "provider[\"registry.terraform.io/ciscodevnet/aci\"]",
      "instances": [
        {
          "schema_version": 1,
          "attributes": {
            "alloc_mode": "inherit",
            "annotation": "orchestrator:terraform",
            "description": "",
            "from": "vlan-2842",
            "id": "uni/infra/vlanns-[dynamic]-dynamic/from-[vlan-2842]-to-[vlan-2842]",
            "name_alias": "",
            "role": "external",
            "to": "vlan-2842",
            "vlan_pool_dn": "uni/infra/vlanns-[dynamic]-dynamic"
          },
          "sensitive_attributes": [],
          "private": "eyJzY2hlbWFfdmVyc2lvbiI6IjEifQ==",
          "dependencies": [
            "data.aci_vlan_pool.dynamic"
          ]
        }
      ]
    },
    {
      "mode": "managed",
      "type": "aci_ranges",
      "name": "dynamic_2843",
      "provider": "provider[\"registry.terraform.io/ciscodevnet/aci\"]",
      "instances": [
        {
          "schema_version": 1,
          "attributes": {
            "alloc_mode": "inherit",
            "annotation": "orchestrator:terraform",
            "description": "",
            "from": "vlan-2843",
            "id": "uni/infra/vlanns-[dynamic]-dynamic/from-[vlan-2843]-to-[vlan-2843]",
            "name_alias": "",
            "role": "external",
            "to": "vlan-2843",
            "vlan_pool_dn": "uni/infra/vlanns-[dynamic]-dynamic"
          },
          "sensitive_attributes": [],
          "private": "eyJzY2hlbWFfdmVyc2lvbiI6IjEifQ==",
          "dependencies": [
            "data.aci_vlan_pool.dynamic"
          ]
        }
      ]
    },
    {
      "mode": "managed",
      "type": "aci_ranges",
      "name": "dynamic_2844",
      "provider": "provider[\"registry.terraform.io/ciscodevnet/aci\"]",
      "instances": [
        {
          "schema_version": 1,
          "attributes": {
            "alloc_mode": "inherit",
            "annotation": "orchestrator:terraform",
            "description": "",
            "from": "vlan-2844",
            "id": "uni/infra/vlanns-[dynamic]-dynamic/from-[vlan-2844]-to-[vlan-2844]",
            "name_alias": "",
            "role": "external",
            "to": "vlan-2844",
            "vlan_pool_dn": "uni/infra/vlanns-[dynamic]-dynamic"
          },
          "sensitive_attributes": [],
          "private": "eyJzY2hlbWFfdmVyc2lvbiI6IjEifQ==",
          "dependencies": [
            "data.aci_vlan_pool.dynamic"
          ]
        }
      ]
    },
    {
      "mode": "managed",
      "type": "aci_ranges",
      "name": "dynamic_2845",
      "provider": "provider[\"registry.terraform.io/ciscodevnet/aci\"]",
      "instances": [
        {
          "schema_version": 1,
          "attributes": {
            "alloc_mode": "inherit",
            "annotation": "orchestrator:terraform",
            "description": "",
            "from": "vlan-2845",
            "id": "uni/infra/vlanns-[dynamic]-dynamic/from-[vlan-2845]-to-[vlan-2845]",
            "name_alias": "",
            "role": "external",
            "to": "vlan-2845",
            "vlan_pool_dn": "uni/infra/vlanns-[dynamic]-dynamic"
          },
          "sensitive_attributes": [],
          "private": "eyJzY2hlbWFfdmVyc2lvbiI6IjEifQ==",
          "dependencies": [
            "data.aci_vlan_pool.dynamic"
          ]
        }
      ]
    },
    {
      "mode": "managed",
      "type": "aci_ranges",
      "name": "dynamic_2846",
      "provider": "provider[\"registry.terraform.io/ciscodevnet/aci\"]",
      "instances": [
        {
          "schema_version": 1,
          "attributes": {
            "alloc_mode": "inherit",
            "annotation": "orchestrator:terraform",
            "description": "",
            "from": "vlan-2846",
            "id": "uni/infra/vlanns-[dynamic]-dynamic/from-[vlan-2846]-to-[vlan-2846]",
            "name_alias": "",
            "role": "external",
            "to": "vlan-2846",
            "vlan_pool_dn": "uni/infra/vlanns-[dynamic]-dynamic"
          },
          "sensitive_attributes": [],
          "private": "eyJzY2hlbWFfdmVyc2lvbiI6IjEifQ==",
          "dependencies": [
            "data.aci_vlan_pool.dynamic"
          ]
        }
      ]
    },
    {
      "mode": "managed",
      "type": "aci_ranges",
      "name": "dynamic_2847",
      "provider": "provider[\"registry.terraform.io/ciscodevnet/aci\"]",
      "instances": [
        {
          "schema_version": 1,
          "attributes": {
            "alloc_mode": "inherit",
            "annotation": "orchestrator:terraform",
            "description": "",
            "from": "vlan-2847",
            "id": "uni/infra/vlanns-[dynamic]-dynamic/from-[vlan-2847]-to-[vlan-2847]",
            "name_alias": "",
            "role": "external",
            "to": "vlan-2847",
            "vlan_pool_dn": "uni/infra/vlanns-[dynamic]-dynamic"
          },
          "sensitive_attributes": [],
          "private": "eyJzY2hlbWFfdmVyc2lvbiI6IjEifQ==",
          "dependencies": [
            "data.aci_vlan_pool.dynamic"
          ]
        }
      ]
    },
    {
      "mode": "managed",
      "type": "aci_ranges",
      "name": "dynamic_2848",
      "provider": "provider[\"registry.terraform.io/ciscodevnet/aci\"]",
      "instances": [
        {
          "schema_version": 1,
          "attributes": {
            "alloc_mode": "inherit",
            "annotation": "orchestrator:terraform",
            "description": "",
            "from": "vlan-2848",
            "id": "uni/infra/vlanns-[dynamic]-dynamic/from-[vlan-2848]-to-[vlan-2848]",
            "name_alias": "",
            "role": "external",
            "to": "vlan-2848",
            "vlan_pool_dn": "uni/infra/vlanns-[dynamic]-dynamic"
          },
          "sensitive_attributes": [],
          "private": "eyJzY2hlbWFfdmVyc2lvbiI6IjEifQ==",
          "dependencies": [
            "data.aci_vlan_pool.dynamic"
          ]
        }
      ]
    },
    {
      "mode": "managed",
      "type": "aci_ranges",
      "name": "dynamic_2849",
      "provider": "provider[\"registry.terraform.io/ciscodevnet/aci\"]",
      "instances": [
        {
          "schema_version": 1,
          "attributes": {
            "alloc_mode": "inherit",
            "annotation": "orchestrator:terraform",
            "description": "",
            "from": "vlan-2849",
            "id": "uni/infra/vlanns-[dynamic]-dynamic/from-[vlan-2849]-to-[vlan-2849]",
            "name_alias": "",
            "role": "external",
            "to": "vlan-2849",
            "vlan_pool_dn": "uni/infra/vlanns-[dynamic]-dynamic"
          },
          "sensitive_attributes": [],
          "private": "eyJzY2hlbWFfdmVyc2lvbiI6IjEifQ==",
          "dependencies": [
            "data.aci_vlan_pool.dynamic"
          ]
        }
      ]
    },
    {
      "mode": "managed",
      "type": "aci_ranges",
      "name": "dynamic_2850",
      "provider": "provider[\"registry.terraform.io/ciscodevnet/aci\"]",
      "instances": [
        {
          "schema_version": 1,
          "attributes": {
            "alloc_mode": "inherit",
            "annotation": "orchestrator:terraform",
            "description": "",
            "from": "vlan-2850",
            "id": "uni/infra/vlanns-[dynamic]-dynamic/from-[vlan-2850]-to-[vlan-2850]",
            "name_alias": "",
            "role": "external",
            "to": "vlan-2850",
            "vlan_pool_dn": "uni/infra/vlanns-[dynamic]-dynamic"
          },
          "sensitive_attributes": [],
          "private": "eyJzY2hlbWFfdmVyc2lvbiI6IjEifQ==",
          "dependencies": [
            "data.aci_vlan_pool.dynamic"
          ]
        }
      ]
    },
    {
      "mode": "managed",
      "type": "aci_ranges",
      "name": "dynamic_2851",
      "provider": "provider[\"registry.terraform.io/ciscodevnet/aci\"]",
      "instances": [
        {
          "schema_version": 1,
          "attributes": {
            "alloc_mode": "inherit",
            "annotation": "orchestrator:terraform",
            "description": "",
            "from": "vlan-2851",
            "id": "uni/infra/vlanns-[dynamic]-dynamic/from-[vlan-2851]-to-[vlan-2851]",
            "name_alias": "",
            "role": "external",
            "to": "vlan-2851",
            "vlan_pool_dn": "uni/infra/vlanns-[dynamic]-dynamic"
          },
          "sensitive_attributes": [],
          "private": "eyJzY2hlbWFfdmVyc2lvbiI6IjEifQ==",
          "dependencies": [
            "data.aci_vlan_pool.dynamic"
          ]
        }
      ]
    },
    {
      "mode": "managed",
      "type": "aci_ranges",
      "name": "dynamic_2852",
      "provider": "provider[\"registry.terraform.io/ciscodevnet/aci\"]",
      "instances": [
        {
          "schema_version": 1,
          "attributes": {
            "alloc_mode": "inherit",
            "annotation": "orchestrator:terraform",
            "description": "",
            "from": "vlan-2852",
            "id": "uni/infra/vlanns-[dynamic]-dynamic/from-[vlan-2852]-to-[vlan-2852]",
            "name_alias": "",
            "role": "external",
            "to": "vlan-2852",
            "vlan_pool_dn": "uni/infra/vlanns-[dynamic]-dynamic"
          },
          "sensitive_attributes": [],
          "private": "eyJzY2hlbWFfdmVyc2lvbiI6IjEifQ==",
          "dependencies": [
            "data.aci_vlan_pool.dynamic"
          ]
        }
      ]
    },
    {
      "mode": "managed",
      "type": "aci_ranges",
      "name": "dynamic_2853",
      "provider": "provider[\"registry.terraform.io/ciscodevnet/aci\"]",
      "instances": [
        {
          "schema_version": 1,
          "attributes": {
            "alloc_mode": "inherit",
            "annotation": "orchestrator:terraform",
            "description": "",
            "from": "vlan-2853",
            "id": "uni/infra/vlanns-[dynamic]-dynamic/from-[vlan-2853]-to-[vlan-2853]",
            "name_alias": "",
            "role": "external",
            "to": "vlan-2853",
            "vlan_pool_dn": "uni/infra/vlanns-[dynamic]-dynamic"
          },
          "sensitive_attributes": [],
          "private": "eyJzY2hlbWFfdmVyc2lvbiI6IjEifQ==",
          "dependencies": [
            "data.aci_vlan_pool.dynamic"
          ]
        }
      ]
    },
    {
      "mode": "managed",
      "type": "aci_ranges",
      "name": "dynamic_2854",
      "provider": "provider[\"registry.terraform.io/ciscodevnet/aci\"]",
      "instances": [
        {
          "schema_version": 1,
          "attributes": {
            "alloc_mode": "inherit",
            "annotation": "orchestrator:terraform",
            "description": "",
            "from": "vlan-2854",
            "id": "uni/infra/vlanns-[dynamic]-dynamic/from-[vlan-2854]-to-[vlan-2854]",
            "name_alias": "",
            "role": "external",
            "to": "vlan-2854",
            "vlan_pool_dn": "uni/infra/vlanns-[dynamic]-dynamic"
          },
          "sensitive_attributes": [],
          "private": "eyJzY2hlbWFfdmVyc2lvbiI6IjEifQ==",
          "dependencies": [
            "data.aci_vlan_pool.dynamic"
          ]
        }
      ]
    },
    {
      "mode": "managed",
      "type": "aci_ranges",
      "name": "dynamic_2855",
      "provider": "provider[\"registry.terraform.io/ciscodevnet/aci\"]",
      "instances": [
        {
          "schema_version": 1,
          "attributes": {
            "alloc_mode": "inherit",
            "annotation": "orchestrator:terraform",
            "description": "",
            "from": "vlan-2855",
            "id": "uni/infra/vlanns-[dynamic]-dynamic/from-[vlan-2855]-to-[vlan-2855]",
            "name_alias": "",
            "role": "external",
            "to": "vlan-2855",
            "vlan_pool_dn": "uni/infra/vlanns-[dynamic]-dynamic"
          },
          "sensitive_attributes": [],
          "private": "eyJzY2hlbWFfdmVyc2lvbiI6IjEifQ==",
          "dependencies": [
            "data.aci_vlan_pool.dynamic"
          ]
        }
      ]
    },
    {
      "mode": "managed",
      "type": "aci_ranges",
      "name": "dynamic_2856",
      "provider": "provider[\"registry.terraform.io/ciscodevnet/aci\"]",
      "instances": [
        {
          "schema_version": 1,
          "attributes": {
            "alloc_mode": "inherit",
            "annotation": "orchestrator:terraform",
            "description": "",
            "from": "vlan-2856",
            "id": "uni/infra/vlanns-[dynamic]-dynamic/from-[vlan-2856]-to-[vlan-2856]",
            "name_alias": "",
            "role": "external",
            "to": "vlan-2856",
            "vlan_pool_dn": "uni/infra/vlanns-[dynamic]-dynamic"
          },
          "sensitive_attributes": [],
          "private": "eyJzY2hlbWFfdmVyc2lvbiI6IjEifQ==",
          "dependencies": [
            "data.aci_vlan_pool.dynamic"
          ]
        }
      ]
    },
    {
      "mode": "managed",
      "type": "aci_ranges",
      "name": "dynamic_2857",
      "provider": "provider[\"registry.terraform.io/ciscodevnet/aci\"]",
      "instances": [
        {
          "schema_version": 1,
          "attributes": {
            "alloc_mode": "inherit",
            "annotation": "orchestrator:terraform",
            "description": "",
            "from": "vlan-2857",
            "id": "uni/infra/vlanns-[dynamic]-dynamic/from-[vlan-2857]-to-[vlan-2857]",
            "name_alias": "",
            "role": "external",
            "to": "vlan-2857",
            "vlan_pool_dn": "uni/infra/vlanns-[dynamic]-dynamic"
          },
          "sensitive_attributes": [],
          "private": "eyJzY2hlbWFfdmVyc2lvbiI6IjEifQ==",
          "dependencies": [
            "data.aci_vlan_pool.dynamic"
          ]
        }
      ]
    },
    {
      "mode": "managed",
      "type": "aci_ranges",
      "name": "dynamic_2858",
      "provider": "provider[\"registry.terraform.io/ciscodevnet/aci\"]",
      "instances": [
        {
          "schema_version": 1,
          "attributes": {
            "alloc_mode": "inherit",
            "annotation": "orchestrator:terraform",
            "description": "",
            "from": "vlan-2858",
            "id": "uni/infra/vlanns-[dynamic]-dynamic/from-[vlan-2858]-to-[vlan-2858]",
            "name_alias": "",
            "role": "external",
            "to": "vlan-2858",
            "vlan_pool_dn": "uni/infra/vlanns-[dynamic]-dynamic"
          },
          "sensitive_attributes": [],
          "private": "eyJzY2hlbWFfdmVyc2lvbiI6IjEifQ==",
          "dependencies": [
            "data.aci_vlan_pool.dynamic"
          ]
        }
      ]
    },
    {
      "mode": "managed",
      "type": "aci_ranges",
      "name": "dynamic_2859",
      "provider": "provider[\"registry.terraform.io/ciscodevnet/aci\"]",
      "instances": [
        {
          "schema_version": 1,
          "attributes": {
            "alloc_mode": "inherit",
            "annotation": "orchestrator:terraform",
            "description": "",
            "from": "vlan-2859",
            "id": "uni/infra/vlanns-[dynamic]-dynamic/from-[vlan-2859]-to-[vlan-2859]",
            "name_alias": "",
            "role": "external",
            "to": "vlan-2859",
            "vlan_pool_dn": "uni/infra/vlanns-[dynamic]-dynamic"
          },
          "sensitive_attributes": [],
          "private": "eyJzY2hlbWFfdmVyc2lvbiI6IjEifQ==",
          "dependencies": [
            "data.aci_vlan_pool.dynamic"
          ]
        }
      ]
    },
    {
      "mode": "managed",
      "type": "aci_ranges",
      "name": "dynamic_2860",
      "provider": "provider[\"registry.terraform.io/ciscodevnet/aci\"]",
      "instances": [
        {
          "schema_version": 1,
          "attributes": {
            "alloc_mode": "inherit",
            "annotation": "orchestrator:terraform",
            "description": "",
            "from": "vlan-2860",
            "id": "uni/infra/vlanns-[dynamic]-dynamic/from-[vlan-2860]-to-[vlan-2860]",
            "name_alias": "",
            "role": "external",
            "to": "vlan-2860",
            "vlan_pool_dn": "uni/infra/vlanns-[dynamic]-dynamic"
          },
          "sensitive_attributes": [],
          "private": "eyJzY2hlbWFfdmVyc2lvbiI6IjEifQ==",
          "dependencies": [
            "data.aci_vlan_pool.dynamic"
          ]
        }
      ]
    },
    {
      "mode": "managed",
      "type": "aci_ranges",
      "name": "dynamic_2861",
      "provider": "provider[\"registry.terraform.io/ciscodevnet/aci\"]",
      "instances": [
        {
          "schema_version": 1,
          "attributes": {
            "alloc_mode": "inherit",
            "annotation": "orchestrator:terraform",
            "description": "",
            "from": "vlan-2861",
            "id": "uni/infra/vlanns-[dynamic]-dynamic/from-[vlan-2861]-to-[vlan-2861]",
            "name_alias": "",
            "role": "external",
            "to": "vlan-2861",
            "vlan_pool_dn": "uni/infra/vlanns-[dynamic]-dynamic"
          },
          "sensitive_attributes": [],
          "private": "eyJzY2hlbWFfdmVyc2lvbiI6IjEifQ==",
          "dependencies": [
            "data.aci_vlan_pool.dynamic"
          ]
        }
      ]
    },
    {
      "mode": "managed",
      "type": "aci_ranges",
      "name": "dynamic_2862",
      "provider": "provider[\"registry.terraform.io/ciscodevnet/aci\"]",
      "instances": [
        {
          "schema_version": 1,
          "attributes": {
            "alloc_mode": "inherit",
            "annotation": "orchestrator:terraform",
            "description": "",
            "from": "vlan-2862",
            "id": "uni/infra/vlanns-[dynamic]-dynamic/from-[vlan-2862]-to-[vlan-2862]",
            "name_alias": "",
            "role": "external",
            "to": "vlan-2862",
            "vlan_pool_dn": "uni/infra/vlanns-[dynamic]-dynamic"
          },
          "sensitive_attributes": [],
          "private": "eyJzY2hlbWFfdmVyc2lvbiI6IjEifQ==",
          "dependencies": [
            "data.aci_vlan_pool.dynamic"
          ]
        }
      ]
    },
    {
      "mode": "managed",
      "type": "aci_ranges",
      "name": "dynamic_2863",
      "provider": "provider[\"registry.terraform.io/ciscodevnet/aci\"]",
      "instances": [
        {
          "schema_version": 1,
          "attributes": {
            "alloc_mode": "inherit",
            "annotation": "orchestrator:terraform",
            "description": "",
            "from": "vlan-2863",
            "id": "uni/infra/vlanns-[dynamic]-dynamic/from-[vlan-2863]-to-[vlan-2863]",
            "name_alias": "",
            "role": "external",
            "to": "vlan-2863",
            "vlan_pool_dn": "uni/infra/vlanns-[dynamic]-dynamic"
          },
          "sensitive_attributes": [],
          "private": "eyJzY2hlbWFfdmVyc2lvbiI6IjEifQ==",
          "dependencies": [
            "data.aci_vlan_pool.dynamic"
          ]
        }
      ]
    },
    {
      "mode": "managed",
      "type": "aci_ranges",
      "name": "dynamic_2864",
      "provider": "provider[\"registry.terraform.io/ciscodevnet/aci\"]",
      "instances": [
        {
          "schema_version": 1,
          "attributes": {
            "alloc_mode": "inherit",
            "annotation": "orchestrator:terraform",
            "description": "",
            "from": "vlan-2864",
            "id": "uni/infra/vlanns-[dynamic]-dynamic/from-[vlan-2864]-to-[vlan-2864]",
            "name_alias": "",
            "role": "external",
            "to": "vlan-2864",
            "vlan_pool_dn": "uni/infra/vlanns-[dynamic]-dynamic"
          },
          "sensitive_attributes": [],
          "private": "eyJzY2hlbWFfdmVyc2lvbiI6IjEifQ==",
          "dependencies": [
            "data.aci_vlan_pool.dynamic"
          ]
        }
      ]
    },
    {
      "mode": "managed",
      "type": "aci_ranges",
      "name": "dynamic_2865",
      "provider": "provider[\"registry.terraform.io/ciscodevnet/aci\"]",
      "instances": [
        {
          "schema_version": 1,
          "attributes": {
            "alloc_mode": "inherit",
            "annotation": "orchestrator:terraform",
            "description": "",
            "from": "vlan-2865",
            "id": "uni/infra/vlanns-[dynamic]-dynamic/from-[vlan-2865]-to-[vlan-2865]",
            "name_alias": "",
            "role": "external",
            "to": "vlan-2865",
            "vlan_pool_dn": "uni/infra/vlanns-[dynamic]-dynamic"
          },
          "sensitive_attributes": [],
          "private": "eyJzY2hlbWFfdmVyc2lvbiI6IjEifQ==",
          "dependencies": [
            "data.aci_vlan_pool.dynamic"
          ]
        }
      ]
    },
    {
      "mode": "managed",
      "type": "aci_ranges",
      "name": "dynamic_2866",
      "provider": "provider[\"registry.terraform.io/ciscodevnet/aci\"]",
      "instances": [
        {
          "schema_version": 1,
          "attributes": {
            "alloc_mode": "inherit",
            "annotation": "orchestrator:terraform",
            "description": "",
            "from": "vlan-2866",
            "id": "uni/infra/vlanns-[dynamic]-dynamic/from-[vlan-2866]-to-[vlan-2866]",
            "name_alias": "",
            "role": "external",
            "to": "vlan-2866",
            "vlan_pool_dn": "uni/infra/vlanns-[dynamic]-dynamic"
          },
          "sensitive_attributes": [],
          "private": "eyJzY2hlbWFfdmVyc2lvbiI6IjEifQ==",
          "dependencies": [
            "data.aci_vlan_pool.dynamic"
          ]
        }
      ]
    },
    {
      "mode": "managed",
      "type": "aci_ranges",
      "name": "dynamic_2867",
      "provider": "provider[\"registry.terraform.io/ciscodevnet/aci\"]",
      "instances": [
        {
          "schema_version": 1,
          "attributes": {
            "alloc_mode": "inherit",
            "annotation": "orchestrator:terraform",
            "description": "",
            "from": "vlan-2867",
            "id": "uni/infra/vlanns-[dynamic]-dynamic/from-[vlan-2867]-to-[vlan-2867]",
            "name_alias": "",
            "role": "external",
            "to": "vlan-2867",
            "vlan_pool_dn": "uni/infra/vlanns-[dynamic]-dynamic"
          },
          "sensitive_attributes": [],
          "private": "eyJzY2hlbWFfdmVyc2lvbiI6IjEifQ==",
          "dependencies": [
            "data.aci_vlan_pool.dynamic"
          ]
        }
      ]
    },
    {
      "mode": "managed",
      "type": "aci_ranges",
      "name": "dynamic_2868",
      "provider": "provider[\"registry.terraform.io/ciscodevnet/aci\"]",
      "instances": [
        {
          "schema_version": 1,
          "attributes": {
            "alloc_mode": "inherit",
            "annotation": "orchestrator:terraform",
            "description": "",
            "from": "vlan-2868",
            "id": "uni/infra/vlanns-[dynamic]-dynamic/from-[vlan-2868]-to-[vlan-2868]",
            "name_alias": "",
            "role": "external",
            "to": "vlan-2868",
            "vlan_pool_dn": "uni/infra/vlanns-[dynamic]-dynamic"
          },
          "sensitive_attributes": [],
          "private": "eyJzY2hlbWFfdmVyc2lvbiI6IjEifQ==",
          "dependencies": [
            "data.aci_vlan_pool.dynamic"
          ]
        }
      ]
    },
    {
      "mode": "managed",
      "type": "aci_ranges",
      "name": "dynamic_2869",
      "provider": "provider[\"registry.terraform.io/ciscodevnet/aci\"]",
      "instances": [
        {
          "schema_version": 1,
          "attributes": {
            "alloc_mode": "inherit",
            "annotation": "orchestrator:terraform",
            "description": "",
            "from": "vlan-2869",
            "id": "uni/infra/vlanns-[dynamic]-dynamic/from-[vlan-2869]-to-[vlan-2869]",
            "name_alias": "",
            "role": "external",
            "to": "vlan-2869",
            "vlan_pool_dn": "uni/infra/vlanns-[dynamic]-dynamic"
          },
          "sensitive_attributes": [],
          "private": "eyJzY2hlbWFfdmVyc2lvbiI6IjEifQ==",
          "dependencies": [
            "data.aci_vlan_pool.dynamic"
          ]
        }
      ]
    },
    {
      "mode": "managed",
      "type": "aci_ranges",
      "name": "dynamic_2870",
      "provider": "provider[\"registry.terraform.io/ciscodevnet/aci\"]",
      "instances": [
        {
          "schema_version": 1,
          "attributes": {
            "alloc_mode": "inherit",
            "annotation": "orchestrator:terraform",
            "description": "",
            "from": "vlan-2870",
            "id": "uni/infra/vlanns-[dynamic]-dynamic/from-[vlan-2870]-to-[vlan-2870]",
            "name_alias": "",
            "role": "external",
            "to": "vlan-2870",
            "vlan_pool_dn": "uni/infra/vlanns-[dynamic]-dynamic"
          },
          "sensitive_attributes": [],
          "private": "eyJzY2hlbWFfdmVyc2lvbiI6IjEifQ==",
          "dependencies": [
            "data.aci_vlan_pool.dynamic"
          ]
        }
      ]
    },
    {
      "mode": "managed",
      "type": "aci_ranges",
      "name": "dynamic_2871",
      "provider": "provider[\"registry.terraform.io/ciscodevnet/aci\"]",
      "instances": [
        {
          "schema_version": 1,
          "attributes": {
            "alloc_mode": "inherit",
            "annotation": "orchestrator:terraform",
            "description": "",
            "from": "vlan-2871",
            "id": "uni/infra/vlanns-[dynamic]-dynamic/from-[vlan-2871]-to-[vlan-2871]",
            "name_alias": "",
            "role": "external",
            "to": "vlan-2871",
            "vlan_pool_dn": "uni/infra/vlanns-[dynamic]-dynamic"
          },
          "sensitive_attributes": [],
          "private": "eyJzY2hlbWFfdmVyc2lvbiI6IjEifQ==",
          "dependencies": [
            "data.aci_vlan_pool.dynamic"
          ]
        }
      ]
    },
    {
      "mode": "managed",
      "type": "aci_ranges",
      "name": "dynamic_2872",
      "provider": "provider[\"registry.terraform.io/ciscodevnet/aci\"]",
      "instances": [
        {
          "schema_version": 1,
          "attributes": {
            "alloc_mode": "inherit",
            "annotation": "orchestrator:terraform",
            "description": "",
            "from": "vlan-2872",
            "id": "uni/infra/vlanns-[dynamic]-dynamic/from-[vlan-2872]-to-[vlan-2872]",
            "name_alias": "",
            "role": "external",
            "to": "vlan-2872",
            "vlan_pool_dn": "uni/infra/vlanns-[dynamic]-dynamic"
          },
          "sensitive_attributes": [],
          "private": "eyJzY2hlbWFfdmVyc2lvbiI6IjEifQ==",
          "dependencies": [
            "data.aci_vlan_pool.dynamic"
          ]
        }
      ]
    },
    {
      "mode": "managed",
      "type": "aci_ranges",
      "name": "dynamic_2873",
      "provider": "provider[\"registry.terraform.io/ciscodevnet/aci\"]",
      "instances": [
        {
          "schema_version": 1,
          "attributes": {
            "alloc_mode": "inherit",
            "annotation": "orchestrator:terraform",
            "description": "",
            "from": "vlan-2873",
            "id": "uni/infra/vlanns-[dynamic]-dynamic/from-[vlan-2873]-to-[vlan-2873]",
            "name_alias": "",
            "role": "external",
            "to": "vlan-2873",
            "vlan_pool_dn": "uni/infra/vlanns-[dynamic]-dynamic"
          },
          "sensitive_attributes": [],
          "private": "eyJzY2hlbWFfdmVyc2lvbiI6IjEifQ==",
          "dependencies": [
            "data.aci_vlan_pool.dynamic"
          ]
        }
      ]
    },
    {
      "mode": "managed",
      "type": "aci_ranges",
      "name": "dynamic_2874",
      "provider": "provider[\"registry.terraform.io/ciscodevnet/aci\"]",
      "instances": [
        {
          "schema_version": 1,
          "attributes": {
            "alloc_mode": "inherit",
            "annotation": "orchestrator:terraform",
            "description": "",
            "from": "vlan-2874",
            "id": "uni/infra/vlanns-[dynamic]-dynamic/from-[vlan-2874]-to-[vlan-2874]",
            "name_alias": "",
            "role": "external",
            "to": "vlan-2874",
            "vlan_pool_dn": "uni/infra/vlanns-[dynamic]-dynamic"
          },
          "sensitive_attributes": [],
          "private": "eyJzY2hlbWFfdmVyc2lvbiI6IjEifQ==",
          "dependencies": [
            "data.aci_vlan_pool.dynamic"
          ]
        }
      ]
    },
    {
      "mode": "managed",
      "type": "aci_ranges",
      "name": "dynamic_2875",
      "provider": "provider[\"registry.terraform.io/ciscodevnet/aci\"]",
      "instances": [
        {
          "schema_version": 1,
          "attributes": {
            "alloc_mode": "inherit",
            "annotation": "orchestrator:terraform",
            "description": "",
            "from": "vlan-2875",
            "id": "uni/infra/vlanns-[dynamic]-dynamic/from-[vlan-2875]-to-[vlan-2875]",
            "name_alias": "",
            "role": "external",
            "to": "vlan-2875",
            "vlan_pool_dn": "uni/infra/vlanns-[dynamic]-dynamic"
          },
          "sensitive_attributes": [],
          "private": "eyJzY2hlbWFfdmVyc2lvbiI6IjEifQ==",
          "dependencies": [
            "data.aci_vlan_pool.dynamic"
          ]
        }
      ]
    },
    {
      "mode": "managed",
      "type": "aci_ranges",
      "name": "dynamic_2876",
      "provider": "provider[\"registry.terraform.io/ciscodevnet/aci\"]",
      "instances": [
        {
          "schema_version": 1,
          "attributes": {
            "alloc_mode": "inherit",
            "annotation": "orchestrator:terraform",
            "description": "",
            "from": "vlan-2876",
            "id": "uni/infra/vlanns-[dynamic]-dynamic/from-[vlan-2876]-to-[vlan-2876]",
            "name_alias": "",
            "role": "external",
            "to": "vlan-2876",
            "vlan_pool_dn": "uni/infra/vlanns-[dynamic]-dynamic"
          },
          "sensitive_attributes": [],
          "private": "eyJzY2hlbWFfdmVyc2lvbiI6IjEifQ==",
          "dependencies": [
            "data.aci_vlan_pool.dynamic"
          ]
        }
      ]
    },
    {
      "mode": "managed",
      "type": "aci_ranges",
      "name": "dynamic_2877",
      "provider": "provider[\"registry.terraform.io/ciscodevnet/aci\"]",
      "instances": [
        {
          "schema_version": 1,
          "attributes": {
            "alloc_mode": "inherit",
            "annotation": "orchestrator:terraform",
            "description": "",
            "from": "vlan-2877",
            "id": "uni/infra/vlanns-[dynamic]-dynamic/from-[vlan-2877]-to-[vlan-2877]",
            "name_alias": "",
            "role": "external",
            "to": "vlan-2877",
            "vlan_pool_dn": "uni/infra/vlanns-[dynamic]-dynamic"
          },
          "sensitive_attributes": [],
          "private": "eyJzY2hlbWFfdmVyc2lvbiI6IjEifQ==",
          "dependencies": [
            "data.aci_vlan_pool.dynamic"
          ]
        }
      ]
    },
    {
      "mode": "managed",
      "type": "aci_ranges",
      "name": "dynamic_2878",
      "provider": "provider[\"registry.terraform.io/ciscodevnet/aci\"]",
      "instances": [
        {
          "schema_version": 1,
          "attributes": {
            "alloc_mode": "inherit",
            "annotation": "orchestrator:terraform",
            "description": "",
            "from": "vlan-2878",
            "id": "uni/infra/vlanns-[dynamic]-dynamic/from-[vlan-2878]-to-[vlan-2878]",
            "name_alias": "",
            "role": "external",
            "to": "vlan-2878",
            "vlan_pool_dn": "uni/infra/vlanns-[dynamic]-dynamic"
          },
          "sensitive_attributes": [],
          "private": "eyJzY2hlbWFfdmVyc2lvbiI6IjEifQ==",
          "dependencies": [
            "data.aci_vlan_pool.dynamic"
          ]
        }
      ]
    },
    {
      "mode": "managed",
      "type": "aci_ranges",
      "name": "dynamic_2879",
      "provider": "provider[\"registry.terraform.io/ciscodevnet/aci\"]",
      "instances": [
        {
          "schema_version": 1,
          "attributes": {
            "alloc_mode": "inherit",
            "annotation": "orchestrator:terraform",
            "description": "",
            "from": "vlan-2879",
            "id": "uni/infra/vlanns-[dynamic]-dynamic/from-[vlan-2879]-to-[vlan-2879]",
            "name_alias": "",
            "role": "external",
            "to": "vlan-2879",
            "vlan_pool_dn": "uni/infra/vlanns-[dynamic]-dynamic"
          },
          "sensitive_attributes": [],
          "private": "eyJzY2hlbWFfdmVyc2lvbiI6IjEifQ==",
          "dependencies": [
            "data.aci_vlan_pool.dynamic"
          ]
        }
      ]
    },
    {
      "mode": "managed",
      "type": "aci_ranges",
      "name": "dynamic_2880",
      "provider": "provider[\"registry.terraform.io/ciscodevnet/aci\"]",
      "instances": [
        {
          "schema_version": 1,
          "attributes": {
            "alloc_mode": "inherit",
            "annotation": "orchestrator:terraform",
            "description": "",
            "from": "vlan-2880",
            "id": "uni/infra/vlanns-[dynamic]-dynamic/from-[vlan-2880]-to-[vlan-2880]",
            "name_alias": "",
            "role": "external",
            "to": "vlan-2880",
            "vlan_pool_dn": "uni/infra/vlanns-[dynamic]-dynamic"
          },
          "sensitive_attributes": [],
          "private": "eyJzY2hlbWFfdmVyc2lvbiI6IjEifQ==",
          "dependencies": [
            "data.aci_vlan_pool.dynamic"
          ]
        }
      ]
    },
    {
      "mode": "managed",
      "type": "aci_ranges",
      "name": "dynamic_2881",
      "provider": "provider[\"registry.terraform.io/ciscodevnet/aci\"]",
      "instances": [
        {
          "schema_version": 1,
          "attributes": {
            "alloc_mode": "inherit",
            "annotation": "orchestrator:terraform",
            "description": "",
            "from": "vlan-2881",
            "id": "uni/infra/vlanns-[dynamic]-dynamic/from-[vlan-2881]-to-[vlan-2881]",
            "name_alias": "",
            "role": "external",
            "to": "vlan-2881",
            "vlan_pool_dn": "uni/infra/vlanns-[dynamic]-dynamic"
          },
          "sensitive_attributes": [],
          "private": "eyJzY2hlbWFfdmVyc2lvbiI6IjEifQ==",
          "dependencies": [
            "data.aci_vlan_pool.dynamic"
          ]
        }
      ]
    },
    {
      "mode": "managed",
      "type": "aci_ranges",
      "name": "dynamic_2882",
      "provider": "provider[\"registry.terraform.io/ciscodevnet/aci\"]",
      "instances": [
        {
          "schema_version": 1,
          "attributes": {
            "alloc_mode": "inherit",
            "annotation": "orchestrator:terraform",
            "description": "",
            "from": "vlan-2882",
            "id": "uni/infra/vlanns-[dynamic]-dynamic/from-[vlan-2882]-to-[vlan-2882]",
            "name_alias": "",
            "role": "external",
            "to": "vlan-2882",
            "vlan_pool_dn": "uni/infra/vlanns-[dynamic]-dynamic"
          },
          "sensitive_attributes": [],
          "private": "eyJzY2hlbWFfdmVyc2lvbiI6IjEifQ==",
          "dependencies": [
            "data.aci_vlan_pool.dynamic"
          ]
        }
      ]
    },
    {
      "mode": "managed",
      "type": "aci_ranges",
      "name": "dynamic_2883",
      "provider": "provider[\"registry.terraform.io/ciscodevnet/aci\"]",
      "instances": [
        {
          "schema_version": 1,
          "attributes": {
            "alloc_mode": "inherit",
            "annotation": "orchestrator:terraform",
            "description": "",
            "from": "vlan-2883",
            "id": "uni/infra/vlanns-[dynamic]-dynamic/from-[vlan-2883]-to-[vlan-2883]",
            "name_alias": "",
            "role": "external",
            "to": "vlan-2883",
            "vlan_pool_dn": "uni/infra/vlanns-[dynamic]-dynamic"
          },
          "sensitive_attributes": [],
          "private": "eyJzY2hlbWFfdmVyc2lvbiI6IjEifQ==",
          "dependencies": [
            "data.aci_vlan_pool.dynamic"
          ]
        }
      ]
    },
    {
      "mode": "managed",
      "type": "aci_ranges",
      "name": "dynamic_2884",
      "provider": "provider[\"registry.terraform.io/ciscodevnet/aci\"]",
      "instances": [
        {
          "schema_version": 1,
          "attributes": {
            "alloc_mode": "inherit",
            "annotation": "orchestrator:terraform",
            "description": "",
            "from": "vlan-2884",
            "id": "uni/infra/vlanns-[dynamic]-dynamic/from-[vlan-2884]-to-[vlan-2884]",
            "name_alias": "",
            "role": "external",
            "to": "vlan-2884",
            "vlan_pool_dn": "uni/infra/vlanns-[dynamic]-dynamic"
          },
          "sensitive_attributes": [],
          "private": "eyJzY2hlbWFfdmVyc2lvbiI6IjEifQ==",
          "dependencies": [
            "data.aci_vlan_pool.dynamic"
          ]
        }
      ]
    },
    {
      "mode": "managed",
      "type": "aci_ranges",
      "name": "dynamic_2885",
      "provider": "provider[\"registry.terraform.io/ciscodevnet/aci\"]",
      "instances": [
        {
          "schema_version": 1,
          "attributes": {
            "alloc_mode": "inherit",
            "annotation": "orchestrator:terraform",
            "description": "",
            "from": "vlan-2885",
            "id": "uni/infra/vlanns-[dynamic]-dynamic/from-[vlan-2885]-to-[vlan-2885]",
            "name_alias": "",
            "role": "external",
            "to": "vlan-2885",
            "vlan_pool_dn": "uni/infra/vlanns-[dynamic]-dynamic"
          },
          "sensitive_attributes": [],
          "private": "eyJzY2hlbWFfdmVyc2lvbiI6IjEifQ==",
          "dependencies": [
            "data.aci_vlan_pool.dynamic"
          ]
        }
      ]
    },
    {
      "mode": "managed",
      "type": "aci_ranges",
      "name": "dynamic_2886",
      "provider": "provider[\"registry.terraform.io/ciscodevnet/aci\"]",
      "instances": [
        {
          "schema_version": 1,
          "attributes": {
            "alloc_mode": "inherit",
            "annotation": "orchestrator:terraform",
            "description": "",
            "from": "vlan-2886",
            "id": "uni/infra/vlanns-[dynamic]-dynamic/from-[vlan-2886]-to-[vlan-2886]",
            "name_alias": "",
            "role": "external",
            "to": "vlan-2886",
            "vlan_pool_dn": "uni/infra/vlanns-[dynamic]-dynamic"
          },
          "sensitive_attributes": [],
          "private": "eyJzY2hlbWFfdmVyc2lvbiI6IjEifQ==",
          "dependencies": [
            "data.aci_vlan_pool.dynamic"
          ]
        }
      ]
    },
    {
      "mode": "managed",
      "type": "aci_ranges",
      "name": "dynamic_2887",
      "provider": "provider[\"registry.terraform.io/ciscodevnet/aci\"]",
      "instances": [
        {
          "schema_version": 1,
          "attributes": {
            "alloc_mode": "inherit",
            "annotation": "orchestrator:terraform",
            "description": "",
            "from": "vlan-2887",
            "id": "uni/infra/vlanns-[dynamic]-dynamic/from-[vlan-2887]-to-[vlan-2887]",
            "name_alias": "",
            "role": "external",
            "to": "vlan-2887",
            "vlan_pool_dn": "uni/infra/vlanns-[dynamic]-dynamic"
          },
          "sensitive_attributes": [],
          "private": "eyJzY2hlbWFfdmVyc2lvbiI6IjEifQ==",
          "dependencies": [
            "data.aci_vlan_pool.dynamic"
          ]
        }
      ]
    },
    {
      "mode": "managed",
      "type": "aci_ranges",
      "name": "dynamic_2888",
      "provider": "provider[\"registry.terraform.io/ciscodevnet/aci\"]",
      "instances": [
        {
          "schema_version": 1,
          "attributes": {
            "alloc_mode": "inherit",
            "annotation": "orchestrator:terraform",
            "description": "",
            "from": "vlan-2888",
            "id": "uni/infra/vlanns-[dynamic]-dynamic/from-[vlan-2888]-to-[vlan-2888]",
            "name_alias": "",
            "role": "external",
            "to": "vlan-2888",
            "vlan_pool_dn": "uni/infra/vlanns-[dynamic]-dynamic"
          },
          "sensitive_attributes": [],
          "private": "eyJzY2hlbWFfdmVyc2lvbiI6IjEifQ==",
          "dependencies": [
            "data.aci_vlan_pool.dynamic"
          ]
        }
      ]
    },
    {
      "mode": "managed",
      "type": "aci_ranges",
      "name": "dynamic_2889",
      "provider": "provider[\"registry.terraform.io/ciscodevnet/aci\"]",
      "instances": [
        {
          "schema_version": 1,
          "attributes": {
            "alloc_mode": "inherit",
            "annotation": "orchestrator:terraform",
            "description": "",
            "from": "vlan-2889",
            "id": "uni/infra/vlanns-[dynamic]-dynamic/from-[vlan-2889]-to-[vlan-2889]",
            "name_alias": "",
            "role": "external",
            "to": "vlan-2889",
            "vlan_pool_dn": "uni/infra/vlanns-[dynamic]-dynamic"
          },
          "sensitive_attributes": [],
          "private": "eyJzY2hlbWFfdmVyc2lvbiI6IjEifQ==",
          "dependencies": [
            "data.aci_vlan_pool.dynamic"
          ]
        }
      ]
    },
    {
      "mode": "managed",
      "type": "aci_ranges",
      "name": "dynamic_2890",
      "provider": "provider[\"registry.terraform.io/ciscodevnet/aci\"]",
      "instances": [
        {
          "schema_version": 1,
          "attributes": {
            "alloc_mode": "inherit",
            "annotation": "orchestrator:terraform",
            "description": "",
            "from": "vlan-2890",
            "id": "uni/infra/vlanns-[dynamic]-dynamic/from-[vlan-2890]-to-[vlan-2890]",
            "name_alias": "",
            "role": "external",
            "to": "vlan-2890",
            "vlan_pool_dn": "uni/infra/vlanns-[dynamic]-dynamic"
          },
          "sensitive_attributes": [],
          "private": "eyJzY2hlbWFfdmVyc2lvbiI6IjEifQ==",
          "dependencies": [
            "data.aci_vlan_pool.dynamic"
          ]
        }
      ]
    },
    {
      "mode": "managed",
      "type": "aci_ranges",
      "name": "dynamic_2891",
      "provider": "provider[\"registry.terraform.io/ciscodevnet/aci\"]",
      "instances": [
        {
          "schema_version": 1,
          "attributes": {
            "alloc_mode": "inherit",
            "annotation": "orchestrator:terraform",
            "description": "",
            "from": "vlan-2891",
            "id": "uni/infra/vlanns-[dynamic]-dynamic/from-[vlan-2891]-to-[vlan-2891]",
            "name_alias": "",
            "role": "external",
            "to": "vlan-2891",
            "vlan_pool_dn": "uni/infra/vlanns-[dynamic]-dynamic"
          },
          "sensitive_attributes": [],
          "private": "eyJzY2hlbWFfdmVyc2lvbiI6IjEifQ==",
          "dependencies": [
            "data.aci_vlan_pool.dynamic"
          ]
        }
      ]
    },
    {
      "mode": "managed",
      "type": "aci_ranges",
      "name": "dynamic_2892",
      "provider": "provider[\"registry.terraform.io/ciscodevnet/aci\"]",
      "instances": [
        {
          "schema_version": 1,
          "attributes": {
            "alloc_mode": "inherit",
            "annotation": "orchestrator:terraform",
            "description": "",
            "from": "vlan-2892",
            "id": "uni/infra/vlanns-[dynamic]-dynamic/from-[vlan-2892]-to-[vlan-2892]",
            "name_alias": "",
            "role": "external",
            "to": "vlan-2892",
            "vlan_pool_dn": "uni/infra/vlanns-[dynamic]-dynamic"
          },
          "sensitive_attributes": [],
          "private": "eyJzY2hlbWFfdmVyc2lvbiI6IjEifQ==",
          "dependencies": [
            "data.aci_vlan_pool.dynamic"
          ]
        }
      ]
    },
    {
      "mode": "managed",
      "type": "aci_ranges",
      "name": "dynamic_2893",
      "provider": "provider[\"registry.terraform.io/ciscodevnet/aci\"]",
      "instances": [
        {
          "schema_version": 1,
          "attributes": {
            "alloc_mode": "inherit",
            "annotation": "orchestrator:terraform",
            "description": "",
            "from": "vlan-2893",
            "id": "uni/infra/vlanns-[dynamic]-dynamic/from-[vlan-2893]-to-[vlan-2893]",
            "name_alias": "",
            "role": "external",
            "to": "vlan-2893",
            "vlan_pool_dn": "uni/infra/vlanns-[dynamic]-dynamic"
          },
          "sensitive_attributes": [],
          "private": "eyJzY2hlbWFfdmVyc2lvbiI6IjEifQ==",
          "dependencies": [
            "data.aci_vlan_pool.dynamic"
          ]
        }
      ]
    },
    {
      "mode": "managed",
      "type": "aci_ranges",
      "name": "dynamic_2894",
      "provider": "provider[\"registry.terraform.io/ciscodevnet/aci\"]",
      "instances": [
        {
          "schema_version": 1,
          "attributes": {
            "alloc_mode": "inherit",
            "annotation": "orchestrator:terraform",
            "description": "",
            "from": "vlan-2894",
            "id": "uni/infra/vlanns-[dynamic]-dynamic/from-[vlan-2894]-to-[vlan-2894]",
            "name_alias": "",
            "role": "external",
            "to": "vlan-2894",
            "vlan_pool_dn": "uni/infra/vlanns-[dynamic]-dynamic"
          },
          "sensitive_attributes": [],
          "private": "eyJzY2hlbWFfdmVyc2lvbiI6IjEifQ==",
          "dependencies": [
            "data.aci_vlan_pool.dynamic"
          ]
        }
      ]
    },
    {
      "mode": "managed",
      "type": "aci_ranges",
      "name": "dynamic_2895",
      "provider": "provider[\"registry.terraform.io/ciscodevnet/aci\"]",
      "instances": [
        {
          "schema_version": 1,
          "attributes": {
            "alloc_mode": "inherit",
            "annotation": "orchestrator:terraform",
            "description": "",
            "from": "vlan-2895",
            "id": "uni/infra/vlanns-[dynamic]-dynamic/from-[vlan-2895]-to-[vlan-2895]",
            "name_alias": "",
            "role": "external",
            "to": "vlan-2895",
            "vlan_pool_dn": "uni/infra/vlanns-[dynamic]-dynamic"
          },
          "sensitive_attributes": [],
          "private": "eyJzY2hlbWFfdmVyc2lvbiI6IjEifQ==",
          "dependencies": [
            "data.aci_vlan_pool.dynamic"
          ]
        }
      ]
    },
    {
      "mode": "managed",
      "type": "aci_ranges",
      "name": "dynamic_2896",
      "provider": "provider[\"registry.terraform.io/ciscodevnet/aci\"]",
      "instances": [
        {
          "schema_version": 1,
          "attributes": {
            "alloc_mode": "inherit",
            "annotation": "orchestrator:terraform",
            "description": "",
            "from": "vlan-2896",
            "id": "uni/infra/vlanns-[dynamic]-dynamic/from-[vlan-2896]-to-[vlan-2896]",
            "name_alias": "",
            "role": "external",
            "to": "vlan-2896",
            "vlan_pool_dn": "uni/infra/vlanns-[dynamic]-dynamic"
          },
          "sensitive_attributes": [],
          "private": "eyJzY2hlbWFfdmVyc2lvbiI6IjEifQ==",
          "dependencies": [
            "data.aci_vlan_pool.dynamic"
          ]
        }
      ]
    },
    {
      "mode": "managed",
      "type": "aci_ranges",
      "name": "dynamic_2897",
      "provider": "provider[\"registry.terraform.io/ciscodevnet/aci\"]",
      "instances": [
        {
          "schema_version": 1,
          "attributes": {
            "alloc_mode": "inherit",
            "annotation": "orchestrator:terraform",
            "description": "",
            "from": "vlan-2897",
            "id": "uni/infra/vlanns-[dynamic]-dynamic/from-[vlan-2897]-to-[vlan-2897]",
            "name_alias": "",
            "role": "external",
            "to": "vlan-2897",
            "vlan_pool_dn": "uni/infra/vlanns-[dynamic]-dynamic"
          },
          "sensitive_attributes": [],
          "private": "eyJzY2hlbWFfdmVyc2lvbiI6IjEifQ==",
          "dependencies": [
            "data.aci_vlan_pool.dynamic"
          ]
        }
      ]
    },
    {
      "mode": "managed",
      "type": "aci_ranges",
      "name": "dynamic_2898",
      "provider": "provider[\"registry.terraform.io/ciscodevnet/aci\"]",
      "instances": [
        {
          "schema_version": 1,
          "attributes": {
            "alloc_mode": "inherit",
            "annotation": "orchestrator:terraform",
            "description": "",
            "from": "vlan-2898",
            "id": "uni/infra/vlanns-[dynamic]-dynamic/from-[vlan-2898]-to-[vlan-2898]",
            "name_alias": "",
            "role": "external",
            "to": "vlan-2898",
            "vlan_pool_dn": "uni/infra/vlanns-[dynamic]-dynamic"
          },
          "sensitive_attributes": [],
          "private": "eyJzY2hlbWFfdmVyc2lvbiI6IjEifQ==",
          "dependencies": [
            "data.aci_vlan_pool.dynamic"
          ]
        }
      ]
    },
    {
      "mode": "managed",
      "type": "aci_ranges",
      "name": "dynamic_2899",
      "provider": "provider[\"registry.terraform.io/ciscodevnet/aci\"]",
      "instances": [
        {
          "schema_version": 1,
          "attributes": {
            "alloc_mode": "inherit",
            "annotation": "orchestrator:terraform",
            "description": "",
            "from": "vlan-2899",
            "id": "uni/infra/vlanns-[dynamic]-dynamic/from-[vlan-2899]-to-[vlan-2899]",
            "name_alias": "",
            "role": "external",
            "to": "vlan-2899",
            "vlan_pool_dn": "uni/infra/vlanns-[dynamic]-dynamic"
          },
          "sensitive_attributes": [],
          "private": "eyJzY2hlbWFfdmVyc2lvbiI6IjEifQ==",
          "dependencies": [
            "data.aci_vlan_pool.dynamic"
          ]
        }
      ]
    },
    {
      "mode": "managed",
      "type": "aci_ranges",
      "name": "dynamic_2900",
      "provider": "provider[\"registry.terraform.io/ciscodevnet/aci\"]",
      "instances": [
        {
          "schema_version": 1,
          "attributes": {
            "alloc_mode": "inherit",
            "annotation": "orchestrator:terraform",
            "description": "",
            "from": "vlan-2900",
            "id": "uni/infra/vlanns-[dynamic]-dynamic/from-[vlan-2900]-to-[vlan-2900]",
            "name_alias": "",
            "role": "external",
            "to": "vlan-2900",
            "vlan_pool_dn": "uni/infra/vlanns-[dynamic]-dynamic"
          },
          "sensitive_attributes": [],
          "private": "eyJzY2hlbWFfdmVyc2lvbiI6IjEifQ==",
          "dependencies": [
            "data.aci_vlan_pool.dynamic"
          ]
        }
      ]
    },
    {
      "mode": "managed",
      "type": "aci_ranges",
      "name": "dynamic_2901",
      "provider": "provider[\"registry.terraform.io/ciscodevnet/aci\"]",
      "instances": [
        {
          "schema_version": 1,
          "attributes": {
            "alloc_mode": "inherit",
            "annotation": "orchestrator:terraform",
            "description": "",
            "from": "vlan-2901",
            "id": "uni/infra/vlanns-[dynamic]-dynamic/from-[vlan-2901]-to-[vlan-2901]",
            "name_alias": "",
            "role": "external",
            "to": "vlan-2901",
            "vlan_pool_dn": "uni/infra/vlanns-[dynamic]-dynamic"
          },
          "sensitive_attributes": [],
          "private": "eyJzY2hlbWFfdmVyc2lvbiI6IjEifQ==",
          "dependencies": [
            "data.aci_vlan_pool.dynamic"
          ]
        }
      ]
    },
    {
      "mode": "managed",
      "type": "aci_ranges",
      "name": "dynamic_2902",
      "provider": "provider[\"registry.terraform.io/ciscodevnet/aci\"]",
      "instances": [
        {
          "schema_version": 1,
          "attributes": {
            "alloc_mode": "inherit",
            "annotation": "orchestrator:terraform",
            "description": "",
            "from": "vlan-2902",
            "id": "uni/infra/vlanns-[dynamic]-dynamic/from-[vlan-2902]-to-[vlan-2902]",
            "name_alias": "",
            "role": "external",
            "to": "vlan-2902",
            "vlan_pool_dn": "uni/infra/vlanns-[dynamic]-dynamic"
          },
          "sensitive_attributes": [],
          "private": "eyJzY2hlbWFfdmVyc2lvbiI6IjEifQ==",
          "dependencies": [
            "data.aci_vlan_pool.dynamic"
          ]
        }
      ]
    },
    {
      "mode": "managed",
      "type": "aci_ranges",
      "name": "dynamic_2903",
      "provider": "provider[\"registry.terraform.io/ciscodevnet/aci\"]",
      "instances": [
        {
          "schema_version": 1,
          "attributes": {
            "alloc_mode": "inherit",
            "annotation": "orchestrator:terraform",
            "description": "",
            "from": "vlan-2903",
            "id": "uni/infra/vlanns-[dynamic]-dynamic/from-[vlan-2903]-to-[vlan-2903]",
            "name_alias": "",
            "role": "external",
            "to": "vlan-2903",
            "vlan_pool_dn": "uni/infra/vlanns-[dynamic]-dynamic"
          },
          "sensitive_attributes": [],
          "private": "eyJzY2hlbWFfdmVyc2lvbiI6IjEifQ==",
          "dependencies": [
            "data.aci_vlan_pool.dynamic"
          ]
        }
      ]
    },
    {
      "mode": "managed",
      "type": "aci_ranges",
      "name": "dynamic_2904",
      "provider": "provider[\"registry.terraform.io/ciscodevnet/aci\"]",
      "instances": [
        {
          "schema_version": 1,
          "attributes": {
            "alloc_mode": "inherit",
            "annotation": "orchestrator:terraform",
            "description": "",
            "from": "vlan-2904",
            "id": "uni/infra/vlanns-[dynamic]-dynamic/from-[vlan-2904]-to-[vlan-2904]",
            "name_alias": "",
            "role": "external",
            "to": "vlan-2904",
            "vlan_pool_dn": "uni/infra/vlanns-[dynamic]-dynamic"
          },
          "sensitive_attributes": [],
          "private": "eyJzY2hlbWFfdmVyc2lvbiI6IjEifQ==",
          "dependencies": [
            "data.aci_vlan_pool.dynamic"
          ]
        }
      ]
    },
    {
      "mode": "managed",
      "type": "aci_ranges",
      "name": "dynamic_2905",
      "provider": "provider[\"registry.terraform.io/ciscodevnet/aci\"]",
      "instances": [
        {
          "schema_version": 1,
          "attributes": {
            "alloc_mode": "inherit",
            "annotation": "orchestrator:terraform",
            "description": "",
            "from": "vlan-2905",
            "id": "uni/infra/vlanns-[dynamic]-dynamic/from-[vlan-2905]-to-[vlan-2905]",
            "name_alias": "",
            "role": "external",
            "to": "vlan-2905",
            "vlan_pool_dn": "uni/infra/vlanns-[dynamic]-dynamic"
          },
          "sensitive_attributes": [],
          "private": "eyJzY2hlbWFfdmVyc2lvbiI6IjEifQ==",
          "dependencies": [
            "data.aci_vlan_pool.dynamic"
          ]
        }
      ]
    },
    {
      "mode": "managed",
      "type": "aci_ranges",
      "name": "dynamic_2906",
      "provider": "provider[\"registry.terraform.io/ciscodevnet/aci\"]",
      "instances": [
        {
          "schema_version": 1,
          "attributes": {
            "alloc_mode": "inherit",
            "annotation": "orchestrator:terraform",
            "description": "",
            "from": "vlan-2906",
            "id": "uni/infra/vlanns-[dynamic]-dynamic/from-[vlan-2906]-to-[vlan-2906]",
            "name_alias": "",
            "role": "external",
            "to": "vlan-2906",
            "vlan_pool_dn": "uni/infra/vlanns-[dynamic]-dynamic"
          },
          "sensitive_attributes": [],
          "private": "eyJzY2hlbWFfdmVyc2lvbiI6IjEifQ==",
          "dependencies": [
            "data.aci_vlan_pool.dynamic"
          ]
        }
      ]
    },
    {
      "mode": "managed",
      "type": "aci_ranges",
      "name": "dynamic_2907",
      "provider": "provider[\"registry.terraform.io/ciscodevnet/aci\"]",
      "instances": [
        {
          "schema_version": 1,
          "attributes": {
            "alloc_mode": "inherit",
            "annotation": "orchestrator:terraform",
            "description": "",
            "from": "vlan-2907",
            "id": "uni/infra/vlanns-[dynamic]-dynamic/from-[vlan-2907]-to-[vlan-2907]",
            "name_alias": "",
            "role": "external",
            "to": "vlan-2907",
            "vlan_pool_dn": "uni/infra/vlanns-[dynamic]-dynamic"
          },
          "sensitive_attributes": [],
          "private": "eyJzY2hlbWFfdmVyc2lvbiI6IjEifQ==",
          "dependencies": [
            "data.aci_vlan_pool.dynamic"
          ]
        }
      ]
    },
    {
      "mode": "managed",
      "type": "aci_ranges",
      "name": "dynamic_2908",
      "provider": "provider[\"registry.terraform.io/ciscodevnet/aci\"]",
      "instances": [
        {
          "schema_version": 1,
          "attributes": {
            "alloc_mode": "inherit",
            "annotation": "orchestrator:terraform",
            "description": "",
            "from": "vlan-2908",
            "id": "uni/infra/vlanns-[dynamic]-dynamic/from-[vlan-2908]-to-[vlan-2908]",
            "name_alias": "",
            "role": "external",
            "to": "vlan-2908",
            "vlan_pool_dn": "uni/infra/vlanns-[dynamic]-dynamic"
          },
          "sensitive_attributes": [],
          "private": "eyJzY2hlbWFfdmVyc2lvbiI6IjEifQ==",
          "dependencies": [
            "data.aci_vlan_pool.dynamic"
          ]
        }
      ]
    },
    {
      "mode": "managed",
      "type": "aci_ranges",
      "name": "dynamic_2909",
      "provider": "provider[\"registry.terraform.io/ciscodevnet/aci\"]",
      "instances": [
        {
          "schema_version": 1,
          "attributes": {
            "alloc_mode": "inherit",
            "annotation": "orchestrator:terraform",
            "description": "",
            "from": "vlan-2909",
            "id": "uni/infra/vlanns-[dynamic]-dynamic/from-[vlan-2909]-to-[vlan-2909]",
            "name_alias": "",
            "role": "external",
            "to": "vlan-2909",
            "vlan_pool_dn": "uni/infra/vlanns-[dynamic]-dynamic"
          },
          "sensitive_attributes": [],
          "private": "eyJzY2hlbWFfdmVyc2lvbiI6IjEifQ==",
          "dependencies": [
            "data.aci_vlan_pool.dynamic"
          ]
        }
      ]
    },
    {
      "mode": "managed",
      "type": "aci_ranges",
      "name": "dynamic_2910",
      "provider": "provider[\"registry.terraform.io/ciscodevnet/aci\"]",
      "instances": [
        {
          "schema_version": 1,
          "attributes": {
            "alloc_mode": "inherit",
            "annotation": "orchestrator:terraform",
            "description": "",
            "from": "vlan-2910",
            "id": "uni/infra/vlanns-[dynamic]-dynamic/from-[vlan-2910]-to-[vlan-2910]",
            "name_alias": "",
            "role": "external",
            "to": "vlan-2910",
            "vlan_pool_dn": "uni/infra/vlanns-[dynamic]-dynamic"
          },
          "sensitive_attributes": [],
          "private": "eyJzY2hlbWFfdmVyc2lvbiI6IjEifQ==",
          "dependencies": [
            "data.aci_vlan_pool.dynamic"
          ]
        }
      ]
    },
    {
      "mode": "managed",
      "type": "aci_ranges",
      "name": "dynamic_2911",
      "provider": "provider[\"registry.terraform.io/ciscodevnet/aci\"]",
      "instances": [
        {
          "schema_version": 1,
          "attributes": {
            "alloc_mode": "inherit",
            "annotation": "orchestrator:terraform",
            "description": "",
            "from": "vlan-2911",
            "id": "uni/infra/vlanns-[dynamic]-dynamic/from-[vlan-2911]-to-[vlan-2911]",
            "name_alias": "",
            "role": "external",
            "to": "vlan-2911",
            "vlan_pool_dn": "uni/infra/vlanns-[dynamic]-dynamic"
          },
          "sensitive_attributes": [],
          "private": "eyJzY2hlbWFfdmVyc2lvbiI6IjEifQ==",
          "dependencies": [
            "data.aci_vlan_pool.dynamic"
          ]
        }
      ]
    },
    {
      "mode": "managed",
      "type": "aci_ranges",
      "name": "dynamic_2912",
      "provider": "provider[\"registry.terraform.io/ciscodevnet/aci\"]",
      "instances": [
        {
          "schema_version": 1,
          "attributes": {
            "alloc_mode": "inherit",
            "annotation": "orchestrator:terraform",
            "description": "",
            "from": "vlan-2912",
            "id": "uni/infra/vlanns-[dynamic]-dynamic/from-[vlan-2912]-to-[vlan-2912]",
            "name_alias": "",
            "role": "external",
            "to": "vlan-2912",
            "vlan_pool_dn": "uni/infra/vlanns-[dynamic]-dynamic"
          },
          "sensitive_attributes": [],
          "private": "eyJzY2hlbWFfdmVyc2lvbiI6IjEifQ==",
          "dependencies": [
            "data.aci_vlan_pool.dynamic"
          ]
        }
      ]
    },
    {
      "mode": "managed",
      "type": "aci_ranges",
      "name": "dynamic_2913",
      "provider": "provider[\"registry.terraform.io/ciscodevnet/aci\"]",
      "instances": [
        {
          "schema_version": 1,
          "attributes": {
            "alloc_mode": "inherit",
            "annotation": "orchestrator:terraform",
            "description": "",
            "from": "vlan-2913",
            "id": "uni/infra/vlanns-[dynamic]-dynamic/from-[vlan-2913]-to-[vlan-2913]",
            "name_alias": "",
            "role": "external",
            "to": "vlan-2913",
            "vlan_pool_dn": "uni/infra/vlanns-[dynamic]-dynamic"
          },
          "sensitive_attributes": [],
          "private": "eyJzY2hlbWFfdmVyc2lvbiI6IjEifQ==",
          "dependencies": [
            "data.aci_vlan_pool.dynamic"
          ]
        }
      ]
    },
    {
      "mode": "managed",
      "type": "aci_ranges",
      "name": "dynamic_2914",
      "provider": "provider[\"registry.terraform.io/ciscodevnet/aci\"]",
      "instances": [
        {
          "schema_version": 1,
          "attributes": {
            "alloc_mode": "inherit",
            "annotation": "orchestrator:terraform",
            "description": "",
            "from": "vlan-2914",
            "id": "uni/infra/vlanns-[dynamic]-dynamic/from-[vlan-2914]-to-[vlan-2914]",
            "name_alias": "",
            "role": "external",
            "to": "vlan-2914",
            "vlan_pool_dn": "uni/infra/vlanns-[dynamic]-dynamic"
          },
          "sensitive_attributes": [],
          "private": "eyJzY2hlbWFfdmVyc2lvbiI6IjEifQ==",
          "dependencies": [
            "data.aci_vlan_pool.dynamic"
          ]
        }
      ]
    },
    {
      "mode": "managed",
      "type": "aci_ranges",
      "name": "dynamic_2915",
      "provider": "provider[\"registry.terraform.io/ciscodevnet/aci\"]",
      "instances": [
        {
          "schema_version": 1,
          "attributes": {
            "alloc_mode": "inherit",
            "annotation": "orchestrator:terraform",
            "description": "",
            "from": "vlan-2915",
            "id": "uni/infra/vlanns-[dynamic]-dynamic/from-[vlan-2915]-to-[vlan-2915]",
            "name_alias": "",
            "role": "external",
            "to": "vlan-2915",
            "vlan_pool_dn": "uni/infra/vlanns-[dynamic]-dynamic"
          },
          "sensitive_attributes": [],
          "private": "eyJzY2hlbWFfdmVyc2lvbiI6IjEifQ==",
          "dependencies": [
            "data.aci_vlan_pool.dynamic"
          ]
        }
      ]
    },
    {
      "mode": "managed",
      "type": "aci_ranges",
      "name": "dynamic_2916",
      "provider": "provider[\"registry.terraform.io/ciscodevnet/aci\"]",
      "instances": [
        {
          "schema_version": 1,
          "attributes": {
            "alloc_mode": "inherit",
            "annotation": "orchestrator:terraform",
            "description": "",
            "from": "vlan-2916",
            "id": "uni/infra/vlanns-[dynamic]-dynamic/from-[vlan-2916]-to-[vlan-2916]",
            "name_alias": "",
            "role": "external",
            "to": "vlan-2916",
            "vlan_pool_dn": "uni/infra/vlanns-[dynamic]-dynamic"
          },
          "sensitive_attributes": [],
          "private": "eyJzY2hlbWFfdmVyc2lvbiI6IjEifQ==",
          "dependencies": [
            "data.aci_vlan_pool.dynamic"
          ]
        }
      ]
    },
    {
      "mode": "managed",
      "type": "aci_ranges",
      "name": "dynamic_2917",
      "provider": "provider[\"registry.terraform.io/ciscodevnet/aci\"]",
      "instances": [
        {
          "schema_version": 1,
          "attributes": {
            "alloc_mode": "inherit",
            "annotation": "orchestrator:terraform",
            "description": "",
            "from": "vlan-2917",
            "id": "uni/infra/vlanns-[dynamic]-dynamic/from-[vlan-2917]-to-[vlan-2917]",
            "name_alias": "",
            "role": "external",
            "to": "vlan-2917",
            "vlan_pool_dn": "uni/infra/vlanns-[dynamic]-dynamic"
          },
          "sensitive_attributes": [],
          "private": "eyJzY2hlbWFfdmVyc2lvbiI6IjEifQ==",
          "dependencies": [
            "data.aci_vlan_pool.dynamic"
          ]
        }
      ]
    },
    {
      "mode": "managed",
      "type": "aci_ranges",
      "name": "dynamic_2918",
      "provider": "provider[\"registry.terraform.io/ciscodevnet/aci\"]",
      "instances": [
        {
          "schema_version": 1,
          "attributes": {
            "alloc_mode": "inherit",
            "annotation": "orchestrator:terraform",
            "description": "",
            "from": "vlan-2918",
            "id": "uni/infra/vlanns-[dynamic]-dynamic/from-[vlan-2918]-to-[vlan-2918]",
            "name_alias": "",
            "role": "external",
            "to": "vlan-2918",
            "vlan_pool_dn": "uni/infra/vlanns-[dynamic]-dynamic"
          },
          "sensitive_attributes": [],
          "private": "eyJzY2hlbWFfdmVyc2lvbiI6IjEifQ==",
          "dependencies": [
            "data.aci_vlan_pool.dynamic"
          ]
        }
      ]
    },
    {
      "mode": "managed",
      "type": "aci_ranges",
      "name": "dynamic_2919",
      "provider": "provider[\"registry.terraform.io/ciscodevnet/aci\"]",
      "instances": [
        {
          "schema_version": 1,
          "attributes": {
            "alloc_mode": "inherit",
            "annotation": "orchestrator:terraform",
            "description": "",
            "from": "vlan-2919",
            "id": "uni/infra/vlanns-[dynamic]-dynamic/from-[vlan-2919]-to-[vlan-2919]",
            "name_alias": "",
            "role": "external",
            "to": "vlan-2919",
            "vlan_pool_dn": "uni/infra/vlanns-[dynamic]-dynamic"
          },
          "sensitive_attributes": [],
          "private": "eyJzY2hlbWFfdmVyc2lvbiI6IjEifQ==",
          "dependencies": [
            "data.aci_vlan_pool.dynamic"
          ]
        }
      ]
    },
    {
      "mode": "managed",
      "type": "aci_ranges",
      "name": "dynamic_2920",
      "provider": "provider[\"registry.terraform.io/ciscodevnet/aci\"]",
      "instances": [
        {
          "schema_version": 1,
          "attributes": {
            "alloc_mode": "inherit",
            "annotation": "orchestrator:terraform",
            "description": "",
            "from": "vlan-2920",
            "id": "uni/infra/vlanns-[dynamic]-dynamic/from-[vlan-2920]-to-[vlan-2920]",
            "name_alias": "",
            "role": "external",
            "to": "vlan-2920",
            "vlan_pool_dn": "uni/infra/vlanns-[dynamic]-dynamic"
          },
          "sensitive_attributes": [],
          "private": "eyJzY2hlbWFfdmVyc2lvbiI6IjEifQ==",
          "dependencies": [
            "data.aci_vlan_pool.dynamic"
          ]
        }
      ]
    },
    {
      "mode": "managed",
      "type": "aci_ranges",
      "name": "dynamic_2921",
      "provider": "provider[\"registry.terraform.io/ciscodevnet/aci\"]",
      "instances": [
        {
          "schema_version": 1,
          "attributes": {
            "alloc_mode": "inherit",
            "annotation": "orchestrator:terraform",
            "description": "",
            "from": "vlan-2921",
            "id": "uni/infra/vlanns-[dynamic]-dynamic/from-[vlan-2921]-to-[vlan-2921]",
            "name_alias": "",
            "role": "external",
            "to": "vlan-2921",
            "vlan_pool_dn": "uni/infra/vlanns-[dynamic]-dynamic"
          },
          "sensitive_attributes": [],
          "private": "eyJzY2hlbWFfdmVyc2lvbiI6IjEifQ==",
          "dependencies": [
            "data.aci_vlan_pool.dynamic"
          ]
        }
      ]
    },
    {
      "mode": "managed",
      "type": "aci_ranges",
      "name": "dynamic_2922",
      "provider": "provider[\"registry.terraform.io/ciscodevnet/aci\"]",
      "instances": [
        {
          "schema_version": 1,
          "attributes": {
            "alloc_mode": "inherit",
            "annotation": "orchestrator:terraform",
            "description": "",
            "from": "vlan-2922",
            "id": "uni/infra/vlanns-[dynamic]-dynamic/from-[vlan-2922]-to-[vlan-2922]",
            "name_alias": "",
            "role": "external",
            "to": "vlan-2922",
            "vlan_pool_dn": "uni/infra/vlanns-[dynamic]-dynamic"
          },
          "sensitive_attributes": [],
          "private": "eyJzY2hlbWFfdmVyc2lvbiI6IjEifQ==",
          "dependencies": [
            "data.aci_vlan_pool.dynamic"
          ]
        }
      ]
    },
    {
      "mode": "managed",
      "type": "aci_ranges",
      "name": "dynamic_2923",
      "provider": "provider[\"registry.terraform.io/ciscodevnet/aci\"]",
      "instances": [
        {
          "schema_version": 1,
          "attributes": {
            "alloc_mode": "inherit",
            "annotation": "orchestrator:terraform",
            "description": "",
            "from": "vlan-2923",
            "id": "uni/infra/vlanns-[dynamic]-dynamic/from-[vlan-2923]-to-[vlan-2923]",
            "name_alias": "",
            "role": "external",
            "to": "vlan-2923",
            "vlan_pool_dn": "uni/infra/vlanns-[dynamic]-dynamic"
          },
          "sensitive_attributes": [],
          "private": "eyJzY2hlbWFfdmVyc2lvbiI6IjEifQ==",
          "dependencies": [
            "data.aci_vlan_pool.dynamic"
          ]
        }
      ]
    },
    {
      "mode": "managed",
      "type": "aci_ranges",
      "name": "dynamic_2924",
      "provider": "provider[\"registry.terraform.io/ciscodevnet/aci\"]",
      "instances": [
        {
          "schema_version": 1,
          "attributes": {
            "alloc_mode": "inherit",
            "annotation": "orchestrator:terraform",
            "description": "",
            "from": "vlan-2924",
            "id": "uni/infra/vlanns-[dynamic]-dynamic/from-[vlan-2924]-to-[vlan-2924]",
            "name_alias": "",
            "role": "external",
            "to": "vlan-2924",
            "vlan_pool_dn": "uni/infra/vlanns-[dynamic]-dynamic"
          },
          "sensitive_attributes": [],
          "private": "eyJzY2hlbWFfdmVyc2lvbiI6IjEifQ==",
          "dependencies": [
            "data.aci_vlan_pool.dynamic"
          ]
        }
      ]
    },
    {
      "mode": "managed",
      "type": "aci_ranges",
      "name": "dynamic_2925",
      "provider": "provider[\"registry.terraform.io/ciscodevnet/aci\"]",
      "instances": [
        {
          "schema_version": 1,
          "attributes": {
            "alloc_mode": "inherit",
            "annotation": "orchestrator:terraform",
            "description": "",
            "from": "vlan-2925",
            "id": "uni/infra/vlanns-[dynamic]-dynamic/from-[vlan-2925]-to-[vlan-2925]",
            "name_alias": "",
            "role": "external",
            "to": "vlan-2925",
            "vlan_pool_dn": "uni/infra/vlanns-[dynamic]-dynamic"
          },
          "sensitive_attributes": [],
          "private": "eyJzY2hlbWFfdmVyc2lvbiI6IjEifQ==",
          "dependencies": [
            "data.aci_vlan_pool.dynamic"
          ]
        }
      ]
    },
    {
      "mode": "managed",
      "type": "aci_ranges",
      "name": "dynamic_2926",
      "provider": "provider[\"registry.terraform.io/ciscodevnet/aci\"]",
      "instances": [
        {
          "schema_version": 1,
          "attributes": {
            "alloc_mode": "inherit",
            "annotation": "orchestrator:terraform",
            "description": "",
            "from": "vlan-2926",
            "id": "uni/infra/vlanns-[dynamic]-dynamic/from-[vlan-2926]-to-[vlan-2926]",
            "name_alias": "",
            "role": "external",
            "to": "vlan-2926",
            "vlan_pool_dn": "uni/infra/vlanns-[dynamic]-dynamic"
          },
          "sensitive_attributes": [],
          "private": "eyJzY2hlbWFfdmVyc2lvbiI6IjEifQ==",
          "dependencies": [
            "data.aci_vlan_pool.dynamic"
          ]
        }
      ]
    },
    {
      "mode": "managed",
      "type": "aci_ranges",
      "name": "dynamic_2927",
      "provider": "provider[\"registry.terraform.io/ciscodevnet/aci\"]",
      "instances": [
        {
          "schema_version": 1,
          "attributes": {
            "alloc_mode": "inherit",
            "annotation": "orchestrator:terraform",
            "description": "",
            "from": "vlan-2927",
            "id": "uni/infra/vlanns-[dynamic]-dynamic/from-[vlan-2927]-to-[vlan-2927]",
            "name_alias": "",
            "role": "external",
            "to": "vlan-2927",
            "vlan_pool_dn": "uni/infra/vlanns-[dynamic]-dynamic"
          },
          "sensitive_attributes": [],
          "private": "eyJzY2hlbWFfdmVyc2lvbiI6IjEifQ==",
          "dependencies": [
            "data.aci_vlan_pool.dynamic"
          ]
        }
      ]
    },
    {
      "mode": "managed",
      "type": "aci_ranges",
      "name": "dynamic_2928",
      "provider": "provider[\"registry.terraform.io/ciscodevnet/aci\"]",
      "instances": [
        {
          "schema_version": 1,
          "attributes": {
            "alloc_mode": "inherit",
            "annotation": "orchestrator:terraform",
            "description": "",
            "from": "vlan-2928",
            "id": "uni/infra/vlanns-[dynamic]-dynamic/from-[vlan-2928]-to-[vlan-2928]",
            "name_alias": "",
            "role": "external",
            "to": "vlan-2928",
            "vlan_pool_dn": "uni/infra/vlanns-[dynamic]-dynamic"
          },
          "sensitive_attributes": [],
          "private": "eyJzY2hlbWFfdmVyc2lvbiI6IjEifQ==",
          "dependencies": [
            "data.aci_vlan_pool.dynamic"
          ]
        }
      ]
    },
    {
      "mode": "managed",
      "type": "aci_ranges",
      "name": "dynamic_2929",
      "provider": "provider[\"registry.terraform.io/ciscodevnet/aci\"]",
      "instances": [
        {
          "schema_version": 1,
          "attributes": {
            "alloc_mode": "inherit",
            "annotation": "orchestrator:terraform",
            "description": "",
            "from": "vlan-2929",
            "id": "uni/infra/vlanns-[dynamic]-dynamic/from-[vlan-2929]-to-[vlan-2929]",
            "name_alias": "",
            "role": "external",
            "to": "vlan-2929",
            "vlan_pool_dn": "uni/infra/vlanns-[dynamic]-dynamic"
          },
          "sensitive_attributes": [],
          "private": "eyJzY2hlbWFfdmVyc2lvbiI6IjEifQ==",
          "dependencies": [
            "data.aci_vlan_pool.dynamic"
          ]
        }
      ]
    },
    {
      "mode": "managed",
      "type": "aci_ranges",
      "name": "dynamic_2930",
      "provider": "provider[\"registry.terraform.io/ciscodevnet/aci\"]",
      "instances": [
        {
          "schema_version": 1,
          "attributes": {
            "alloc_mode": "inherit",
            "annotation": "orchestrator:terraform",
            "description": "",
            "from": "vlan-2930",
            "id": "uni/infra/vlanns-[dynamic]-dynamic/from-[vlan-2930]-to-[vlan-2930]",
            "name_alias": "",
            "role": "external",
            "to": "vlan-2930",
            "vlan_pool_dn": "uni/infra/vlanns-[dynamic]-dynamic"
          },
          "sensitive_attributes": [],
          "private": "eyJzY2hlbWFfdmVyc2lvbiI6IjEifQ==",
          "dependencies": [
            "data.aci_vlan_pool.dynamic"
          ]
        }
      ]
    },
    {
      "mode": "managed",
      "type": "aci_ranges",
      "name": "dynamic_2931",
      "provider": "provider[\"registry.terraform.io/ciscodevnet/aci\"]",
      "instances": [
        {
          "schema_version": 1,
          "attributes": {
            "alloc_mode": "inherit",
            "annotation": "orchestrator:terraform",
            "description": "",
            "from": "vlan-2931",
            "id": "uni/infra/vlanns-[dynamic]-dynamic/from-[vlan-2931]-to-[vlan-2931]",
            "name_alias": "",
            "role": "external",
            "to": "vlan-2931",
            "vlan_pool_dn": "uni/infra/vlanns-[dynamic]-dynamic"
          },
          "sensitive_attributes": [],
          "private": "eyJzY2hlbWFfdmVyc2lvbiI6IjEifQ==",
          "dependencies": [
            "data.aci_vlan_pool.dynamic"
          ]
        }
      ]
    },
    {
      "mode": "managed",
      "type": "aci_ranges",
      "name": "dynamic_2932",
      "provider": "provider[\"registry.terraform.io/ciscodevnet/aci\"]",
      "instances": [
        {
          "schema_version": 1,
          "attributes": {
            "alloc_mode": "inherit",
            "annotation": "orchestrator:terraform",
            "description": "",
            "from": "vlan-2932",
            "id": "uni/infra/vlanns-[dynamic]-dynamic/from-[vlan-2932]-to-[vlan-2932]",
            "name_alias": "",
            "role": "external",
            "to": "vlan-2932",
            "vlan_pool_dn": "uni/infra/vlanns-[dynamic]-dynamic"
          },
          "sensitive_attributes": [],
          "private": "eyJzY2hlbWFfdmVyc2lvbiI6IjEifQ==",
          "dependencies": [
            "data.aci_vlan_pool.dynamic"
          ]
        }
      ]
    },
    {
      "mode": "managed",
      "type": "aci_ranges",
      "name": "dynamic_2933",
      "provider": "provider[\"registry.terraform.io/ciscodevnet/aci\"]",
      "instances": [
        {
          "schema_version": 1,
          "attributes": {
            "alloc_mode": "inherit",
            "annotation": "orchestrator:terraform",
            "description": "",
            "from": "vlan-2933",
            "id": "uni/infra/vlanns-[dynamic]-dynamic/from-[vlan-2933]-to-[vlan-2933]",
            "name_alias": "",
            "role": "external",
            "to": "vlan-2933",
            "vlan_pool_dn": "uni/infra/vlanns-[dynamic]-dynamic"
          },
          "sensitive_attributes": [],
          "private": "eyJzY2hlbWFfdmVyc2lvbiI6IjEifQ==",
          "dependencies": [
            "data.aci_vlan_pool.dynamic"
          ]
        }
      ]
    },
    {
      "mode": "managed",
      "type": "aci_ranges",
      "name": "dynamic_2934",
      "provider": "provider[\"registry.terraform.io/ciscodevnet/aci\"]",
      "instances": [
        {
          "schema_version": 1,
          "attributes": {
            "alloc_mode": "inherit",
            "annotation": "orchestrator:terraform",
            "description": "",
            "from": "vlan-2934",
            "id": "uni/infra/vlanns-[dynamic]-dynamic/from-[vlan-2934]-to-[vlan-2934]",
            "name_alias": "",
            "role": "external",
            "to": "vlan-2934",
            "vlan_pool_dn": "uni/infra/vlanns-[dynamic]-dynamic"
          },
          "sensitive_attributes": [],
          "private": "eyJzY2hlbWFfdmVyc2lvbiI6IjEifQ==",
          "dependencies": [
            "data.aci_vlan_pool.dynamic"
          ]
        }
      ]
    },
    {
      "mode": "managed",
      "type": "aci_ranges",
      "name": "dynamic_2935",
      "provider": "provider[\"registry.terraform.io/ciscodevnet/aci\"]",
      "instances": [
        {
          "schema_version": 1,
          "attributes": {
            "alloc_mode": "inherit",
            "annotation": "orchestrator:terraform",
            "description": "",
            "from": "vlan-2935",
            "id": "uni/infra/vlanns-[dynamic]-dynamic/from-[vlan-2935]-to-[vlan-2935]",
            "name_alias": "",
            "role": "external",
            "to": "vlan-2935",
            "vlan_pool_dn": "uni/infra/vlanns-[dynamic]-dynamic"
          },
          "sensitive_attributes": [],
          "private": "eyJzY2hlbWFfdmVyc2lvbiI6IjEifQ==",
          "dependencies": [
            "data.aci_vlan_pool.dynamic"
          ]
        }
      ]
    },
    {
      "mode": "managed",
      "type": "aci_ranges",
      "name": "dynamic_2936",
      "provider": "provider[\"registry.terraform.io/ciscodevnet/aci\"]",
      "instances": [
        {
          "schema_version": 1,
          "attributes": {
            "alloc_mode": "inherit",
            "annotation": "orchestrator:terraform",
            "description": "",
            "from": "vlan-2936",
            "id": "uni/infra/vlanns-[dynamic]-dynamic/from-[vlan-2936]-to-[vlan-2936]",
            "name_alias": "",
            "role": "external",
            "to": "vlan-2936",
            "vlan_pool_dn": "uni/infra/vlanns-[dynamic]-dynamic"
          },
          "sensitive_attributes": [],
          "private": "eyJzY2hlbWFfdmVyc2lvbiI6IjEifQ==",
          "dependencies": [
            "data.aci_vlan_pool.dynamic"
          ]
        }
      ]
    },
    {
      "mode": "managed",
      "type": "aci_ranges",
      "name": "dynamic_2937",
      "provider": "provider[\"registry.terraform.io/ciscodevnet/aci\"]",
      "instances": [
        {
          "schema_version": 1,
          "attributes": {
            "alloc_mode": "inherit",
            "annotation": "orchestrator:terraform",
            "description": "",
            "from": "vlan-2937",
            "id": "uni/infra/vlanns-[dynamic]-dynamic/from-[vlan-2937]-to-[vlan-2937]",
            "name_alias": "",
            "role": "external",
            "to": "vlan-2937",
            "vlan_pool_dn": "uni/infra/vlanns-[dynamic]-dynamic"
          },
          "sensitive_attributes": [],
          "private": "eyJzY2hlbWFfdmVyc2lvbiI6IjEifQ==",
          "dependencies": [
            "data.aci_vlan_pool.dynamic"
          ]
        }
      ]
    },
    {
      "mode": "managed",
      "type": "aci_ranges",
      "name": "dynamic_2938",
      "provider": "provider[\"registry.terraform.io/ciscodevnet/aci\"]",
      "instances": [
        {
          "schema_version": 1,
          "attributes": {
            "alloc_mode": "inherit",
            "annotation": "orchestrator:terraform",
            "description": "",
            "from": "vlan-2938",
            "id": "uni/infra/vlanns-[dynamic]-dynamic/from-[vlan-2938]-to-[vlan-2938]",
            "name_alias": "",
            "role": "external",
            "to": "vlan-2938",
            "vlan_pool_dn": "uni/infra/vlanns-[dynamic]-dynamic"
          },
          "sensitive_attributes": [],
          "private": "eyJzY2hlbWFfdmVyc2lvbiI6IjEifQ==",
          "dependencies": [
            "data.aci_vlan_pool.dynamic"
          ]
        }
      ]
    },
    {
      "mode": "managed",
      "type": "aci_ranges",
      "name": "dynamic_2939",
      "provider": "provider[\"registry.terraform.io/ciscodevnet/aci\"]",
      "instances": [
        {
          "schema_version": 1,
          "attributes": {
            "alloc_mode": "inherit",
            "annotation": "orchestrator:terraform",
            "description": "",
            "from": "vlan-2939",
            "id": "uni/infra/vlanns-[dynamic]-dynamic/from-[vlan-2939]-to-[vlan-2939]",
            "name_alias": "",
            "role": "external",
            "to": "vlan-2939",
            "vlan_pool_dn": "uni/infra/vlanns-[dynamic]-dynamic"
          },
          "sensitive_attributes": [],
          "private": "eyJzY2hlbWFfdmVyc2lvbiI6IjEifQ==",
          "dependencies": [
            "data.aci_vlan_pool.dynamic"
          ]
        }
      ]
    },
    {
      "mode": "managed",
      "type": "aci_ranges",
      "name": "dynamic_2940",
      "provider": "provider[\"registry.terraform.io/ciscodevnet/aci\"]",
      "instances": [
        {
          "schema_version": 1,
          "attributes": {
            "alloc_mode": "inherit",
            "annotation": "orchestrator:terraform",
            "description": "",
            "from": "vlan-2940",
            "id": "uni/infra/vlanns-[dynamic]-dynamic/from-[vlan-2940]-to-[vlan-2940]",
            "name_alias": "",
            "role": "external",
            "to": "vlan-2940",
            "vlan_pool_dn": "uni/infra/vlanns-[dynamic]-dynamic"
          },
          "sensitive_attributes": [],
          "private": "eyJzY2hlbWFfdmVyc2lvbiI6IjEifQ==",
          "dependencies": [
            "data.aci_vlan_pool.dynamic"
          ]
        }
      ]
    },
    {
      "mode": "managed",
      "type": "aci_ranges",
      "name": "dynamic_2941",
      "provider": "provider[\"registry.terraform.io/ciscodevnet/aci\"]",
      "instances": [
        {
          "schema_version": 1,
          "attributes": {
            "alloc_mode": "inherit",
            "annotation": "orchestrator:terraform",
            "description": "",
            "from": "vlan-2941",
            "id": "uni/infra/vlanns-[dynamic]-dynamic/from-[vlan-2941]-to-[vlan-2941]",
            "name_alias": "",
            "role": "external",
            "to": "vlan-2941",
            "vlan_pool_dn": "uni/infra/vlanns-[dynamic]-dynamic"
          },
          "sensitive_attributes": [],
          "private": "eyJzY2hlbWFfdmVyc2lvbiI6IjEifQ==",
          "dependencies": [
            "data.aci_vlan_pool.dynamic"
          ]
        }
      ]
    },
    {
      "mode": "managed",
      "type": "aci_ranges",
      "name": "dynamic_2942",
      "provider": "provider[\"registry.terraform.io/ciscodevnet/aci\"]",
      "instances": [
        {
          "schema_version": 1,
          "attributes": {
            "alloc_mode": "inherit",
            "annotation": "orchestrator:terraform",
            "description": "",
            "from": "vlan-2942",
            "id": "uni/infra/vlanns-[dynamic]-dynamic/from-[vlan-2942]-to-[vlan-2942]",
            "name_alias": "",
            "role": "external",
            "to": "vlan-2942",
            "vlan_pool_dn": "uni/infra/vlanns-[dynamic]-dynamic"
          },
          "sensitive_attributes": [],
          "private": "eyJzY2hlbWFfdmVyc2lvbiI6IjEifQ==",
          "dependencies": [
            "data.aci_vlan_pool.dynamic"
          ]
        }
      ]
    },
    {
      "mode": "managed",
      "type": "aci_ranges",
      "name": "dynamic_2943",
      "provider": "provider[\"registry.terraform.io/ciscodevnet/aci\"]",
      "instances": [
        {
          "schema_version": 1,
          "attributes": {
            "alloc_mode": "inherit",
            "annotation": "orchestrator:terraform",
            "description": "",
            "from": "vlan-2943",
            "id": "uni/infra/vlanns-[dynamic]-dynamic/from-[vlan-2943]-to-[vlan-2943]",
            "name_alias": "",
            "role": "external",
            "to": "vlan-2943",
            "vlan_pool_dn": "uni/infra/vlanns-[dynamic]-dynamic"
          },
          "sensitive_attributes": [],
          "private": "eyJzY2hlbWFfdmVyc2lvbiI6IjEifQ==",
          "dependencies": [
            "data.aci_vlan_pool.dynamic"
          ]
        }
      ]
    },
    {
      "mode": "managed",
      "type": "aci_ranges",
      "name": "dynamic_2944",
      "provider": "provider[\"registry.terraform.io/ciscodevnet/aci\"]",
      "instances": [
        {
          "schema_version": 1,
          "attributes": {
            "alloc_mode": "inherit",
            "annotation": "orchestrator:terraform",
            "description": "",
            "from": "vlan-2944",
            "id": "uni/infra/vlanns-[dynamic]-dynamic/from-[vlan-2944]-to-[vlan-2944]",
            "name_alias": "",
            "role": "external",
            "to": "vlan-2944",
            "vlan_pool_dn": "uni/infra/vlanns-[dynamic]-dynamic"
          },
          "sensitive_attributes": [],
          "private": "eyJzY2hlbWFfdmVyc2lvbiI6IjEifQ==",
          "dependencies": [
            "data.aci_vlan_pool.dynamic"
          ]
        }
      ]
    },
    {
      "mode": "managed",
      "type": "aci_ranges",
      "name": "dynamic_2945",
      "provider": "provider[\"registry.terraform.io/ciscodevnet/aci\"]",
      "instances": [
        {
          "schema_version": 1,
          "attributes": {
            "alloc_mode": "inherit",
            "annotation": "orchestrator:terraform",
            "description": "",
            "from": "vlan-2945",
            "id": "uni/infra/vlanns-[dynamic]-dynamic/from-[vlan-2945]-to-[vlan-2945]",
            "name_alias": "",
            "role": "external",
            "to": "vlan-2945",
            "vlan_pool_dn": "uni/infra/vlanns-[dynamic]-dynamic"
          },
          "sensitive_attributes": [],
          "private": "eyJzY2hlbWFfdmVyc2lvbiI6IjEifQ==",
          "dependencies": [
            "data.aci_vlan_pool.dynamic"
          ]
        }
      ]
    },
    {
      "mode": "managed",
      "type": "aci_ranges",
      "name": "dynamic_2946",
      "provider": "provider[\"registry.terraform.io/ciscodevnet/aci\"]",
      "instances": [
        {
          "schema_version": 1,
          "attributes": {
            "alloc_mode": "inherit",
            "annotation": "orchestrator:terraform",
            "description": "",
            "from": "vlan-2946",
            "id": "uni/infra/vlanns-[dynamic]-dynamic/from-[vlan-2946]-to-[vlan-2946]",
            "name_alias": "",
            "role": "external",
            "to": "vlan-2946",
            "vlan_pool_dn": "uni/infra/vlanns-[dynamic]-dynamic"
          },
          "sensitive_attributes": [],
          "private": "eyJzY2hlbWFfdmVyc2lvbiI6IjEifQ==",
          "dependencies": [
            "data.aci_vlan_pool.dynamic"
          ]
        }
      ]
    },
    {
      "mode": "managed",
      "type": "aci_ranges",
      "name": "dynamic_2947",
      "provider": "provider[\"registry.terraform.io/ciscodevnet/aci\"]",
      "instances": [
        {
          "schema_version": 1,
          "attributes": {
            "alloc_mode": "inherit",
            "annotation": "orchestrator:terraform",
            "description": "",
            "from": "vlan-2947",
            "id": "uni/infra/vlanns-[dynamic]-dynamic/from-[vlan-2947]-to-[vlan-2947]",
            "name_alias": "",
            "role": "external",
            "to": "vlan-2947",
            "vlan_pool_dn": "uni/infra/vlanns-[dynamic]-dynamic"
          },
          "sensitive_attributes": [],
          "private": "eyJzY2hlbWFfdmVyc2lvbiI6IjEifQ==",
          "dependencies": [
            "data.aci_vlan_pool.dynamic"
          ]
        }
      ]
    },
    {
      "mode": "managed",
      "type": "aci_ranges",
      "name": "dynamic_2948",
      "provider": "provider[\"registry.terraform.io/ciscodevnet/aci\"]",
      "instances": [
        {
          "schema_version": 1,
          "attributes": {
            "alloc_mode": "inherit",
            "annotation": "orchestrator:terraform",
            "description": "",
            "from": "vlan-2948",
            "id": "uni/infra/vlanns-[dynamic]-dynamic/from-[vlan-2948]-to-[vlan-2948]",
            "name_alias": "",
            "role": "external",
            "to": "vlan-2948",
            "vlan_pool_dn": "uni/infra/vlanns-[dynamic]-dynamic"
          },
          "sensitive_attributes": [],
          "private": "eyJzY2hlbWFfdmVyc2lvbiI6IjEifQ==",
          "dependencies": [
            "data.aci_vlan_pool.dynamic"
          ]
        }
      ]
    },
    {
      "mode": "managed",
      "type": "aci_ranges",
      "name": "dynamic_2949",
      "provider": "provider[\"registry.terraform.io/ciscodevnet/aci\"]",
      "instances": [
        {
          "schema_version": 1,
          "attributes": {
            "alloc_mode": "inherit",
            "annotation": "orchestrator:terraform",
            "description": "",
            "from": "vlan-2949",
            "id": "uni/infra/vlanns-[dynamic]-dynamic/from-[vlan-2949]-to-[vlan-2949]",
            "name_alias": "",
            "role": "external",
            "to": "vlan-2949",
            "vlan_pool_dn": "uni/infra/vlanns-[dynamic]-dynamic"
          },
          "sensitive_attributes": [],
          "private": "eyJzY2hlbWFfdmVyc2lvbiI6IjEifQ==",
          "dependencies": [
            "data.aci_vlan_pool.dynamic"
          ]
        }
      ]
    },
    {
      "mode": "managed",
      "type": "aci_ranges",
      "name": "dynamic_2950",
      "provider": "provider[\"registry.terraform.io/ciscodevnet/aci\"]",
      "instances": [
        {
          "schema_version": 1,
          "attributes": {
            "alloc_mode": "inherit",
            "annotation": "orchestrator:terraform",
            "description": "",
            "from": "vlan-2950",
            "id": "uni/infra/vlanns-[dynamic]-dynamic/from-[vlan-2950]-to-[vlan-2950]",
            "name_alias": "",
            "role": "external",
            "to": "vlan-2950",
            "vlan_pool_dn": "uni/infra/vlanns-[dynamic]-dynamic"
          },
          "sensitive_attributes": [],
          "private": "eyJzY2hlbWFfdmVyc2lvbiI6IjEifQ==",
          "dependencies": [
            "data.aci_vlan_pool.dynamic"
          ]
        }
      ]
    },
    {
      "mode": "managed",
      "type": "aci_ranges",
      "name": "dynamic_2951",
      "provider": "provider[\"registry.terraform.io/ciscodevnet/aci\"]",
      "instances": [
        {
          "schema_version": 1,
          "attributes": {
            "alloc_mode": "inherit",
            "annotation": "orchestrator:terraform",
            "description": "",
            "from": "vlan-2951",
            "id": "uni/infra/vlanns-[dynamic]-dynamic/from-[vlan-2951]-to-[vlan-2951]",
            "name_alias": "",
            "role": "external",
            "to": "vlan-2951",
            "vlan_pool_dn": "uni/infra/vlanns-[dynamic]-dynamic"
          },
          "sensitive_attributes": [],
          "private": "eyJzY2hlbWFfdmVyc2lvbiI6IjEifQ==",
          "dependencies": [
            "data.aci_vlan_pool.dynamic"
          ]
        }
      ]
    },
    {
      "mode": "managed",
      "type": "aci_ranges",
      "name": "dynamic_2952",
      "provider": "provider[\"registry.terraform.io/ciscodevnet/aci\"]",
      "instances": [
        {
          "schema_version": 1,
          "attributes": {
            "alloc_mode": "inherit",
            "annotation": "orchestrator:terraform",
            "description": "",
            "from": "vlan-2952",
            "id": "uni/infra/vlanns-[dynamic]-dynamic/from-[vlan-2952]-to-[vlan-2952]",
            "name_alias": "",
            "role": "external",
            "to": "vlan-2952",
            "vlan_pool_dn": "uni/infra/vlanns-[dynamic]-dynamic"
          },
          "sensitive_attributes": [],
          "private": "eyJzY2hlbWFfdmVyc2lvbiI6IjEifQ==",
          "dependencies": [
            "data.aci_vlan_pool.dynamic"
          ]
        }
      ]
    },
    {
      "mode": "managed",
      "type": "aci_ranges",
      "name": "dynamic_2953",
      "provider": "provider[\"registry.terraform.io/ciscodevnet/aci\"]",
      "instances": [
        {
          "schema_version": 1,
          "attributes": {
            "alloc_mode": "inherit",
            "annotation": "orchestrator:terraform",
            "description": "",
            "from": "vlan-2953",
            "id": "uni/infra/vlanns-[dynamic]-dynamic/from-[vlan-2953]-to-[vlan-2953]",
            "name_alias": "",
            "role": "external",
            "to": "vlan-2953",
            "vlan_pool_dn": "uni/infra/vlanns-[dynamic]-dynamic"
          },
          "sensitive_attributes": [],
          "private": "eyJzY2hlbWFfdmVyc2lvbiI6IjEifQ==",
          "dependencies": [
            "data.aci_vlan_pool.dynamic"
          ]
        }
      ]
    },
    {
      "mode": "managed",
      "type": "aci_ranges",
      "name": "dynamic_2954",
      "provider": "provider[\"registry.terraform.io/ciscodevnet/aci\"]",
      "instances": [
        {
          "schema_version": 1,
          "attributes": {
            "alloc_mode": "inherit",
            "annotation": "orchestrator:terraform",
            "description": "",
            "from": "vlan-2954",
            "id": "uni/infra/vlanns-[dynamic]-dynamic/from-[vlan-2954]-to-[vlan-2954]",
            "name_alias": "",
            "role": "external",
            "to": "vlan-2954",
            "vlan_pool_dn": "uni/infra/vlanns-[dynamic]-dynamic"
          },
          "sensitive_attributes": [],
          "private": "eyJzY2hlbWFfdmVyc2lvbiI6IjEifQ==",
          "dependencies": [
            "data.aci_vlan_pool.dynamic"
          ]
        }
      ]
    },
    {
      "mode": "managed",
      "type": "aci_ranges",
      "name": "dynamic_2955",
      "provider": "provider[\"registry.terraform.io/ciscodevnet/aci\"]",
      "instances": [
        {
          "schema_version": 1,
          "attributes": {
            "alloc_mode": "inherit",
            "annotation": "orchestrator:terraform",
            "description": "",
            "from": "vlan-2955",
            "id": "uni/infra/vlanns-[dynamic]-dynamic/from-[vlan-2955]-to-[vlan-2955]",
            "name_alias": "",
            "role": "external",
            "to": "vlan-2955",
            "vlan_pool_dn": "uni/infra/vlanns-[dynamic]-dynamic"
          },
          "sensitive_attributes": [],
          "private": "eyJzY2hlbWFfdmVyc2lvbiI6IjEifQ==",
          "dependencies": [
            "data.aci_vlan_pool.dynamic"
          ]
        }
      ]
    },
    {
      "mode": "managed",
      "type": "aci_ranges",
      "name": "dynamic_2956",
      "provider": "provider[\"registry.terraform.io/ciscodevnet/aci\"]",
      "instances": [
        {
          "schema_version": 1,
          "attributes": {
            "alloc_mode": "inherit",
            "annotation": "orchestrator:terraform",
            "description": "",
            "from": "vlan-2956",
            "id": "uni/infra/vlanns-[dynamic]-dynamic/from-[vlan-2956]-to-[vlan-2956]",
            "name_alias": "",
            "role": "external",
            "to": "vlan-2956",
            "vlan_pool_dn": "uni/infra/vlanns-[dynamic]-dynamic"
          },
          "sensitive_attributes": [],
          "private": "eyJzY2hlbWFfdmVyc2lvbiI6IjEifQ==",
          "dependencies": [
            "data.aci_vlan_pool.dynamic"
          ]
        }
      ]
    },
    {
      "mode": "managed",
      "type": "aci_ranges",
      "name": "dynamic_2957",
      "provider": "provider[\"registry.terraform.io/ciscodevnet/aci\"]",
      "instances": [
        {
          "schema_version": 1,
          "attributes": {
            "alloc_mode": "inherit",
            "annotation": "orchestrator:terraform",
            "description": "",
            "from": "vlan-2957",
            "id": "uni/infra/vlanns-[dynamic]-dynamic/from-[vlan-2957]-to-[vlan-2957]",
            "name_alias": "",
            "role": "external",
            "to": "vlan-2957",
            "vlan_pool_dn": "uni/infra/vlanns-[dynamic]-dynamic"
          },
          "sensitive_attributes": [],
          "private": "eyJzY2hlbWFfdmVyc2lvbiI6IjEifQ==",
          "dependencies": [
            "data.aci_vlan_pool.dynamic"
          ]
        }
      ]
    },
    {
      "mode": "managed",
      "type": "aci_ranges",
      "name": "dynamic_2958",
      "provider": "provider[\"registry.terraform.io/ciscodevnet/aci\"]",
      "instances": [
        {
          "schema_version": 1,
          "attributes": {
            "alloc_mode": "inherit",
            "annotation": "orchestrator:terraform",
            "description": "",
            "from": "vlan-2958",
            "id": "uni/infra/vlanns-[dynamic]-dynamic/from-[vlan-2958]-to-[vlan-2958]",
            "name_alias": "",
            "role": "external",
            "to": "vlan-2958",
            "vlan_pool_dn": "uni/infra/vlanns-[dynamic]-dynamic"
          },
          "sensitive_attributes": [],
          "private": "eyJzY2hlbWFfdmVyc2lvbiI6IjEifQ==",
          "dependencies": [
            "data.aci_vlan_pool.dynamic"
          ]
        }
      ]
    },
    {
      "mode": "managed",
      "type": "aci_ranges",
      "name": "dynamic_2959",
      "provider": "provider[\"registry.terraform.io/ciscodevnet/aci\"]",
      "instances": [
        {
          "schema_version": 1,
          "attributes": {
            "alloc_mode": "inherit",
            "annotation": "orchestrator:terraform",
            "description": "",
            "from": "vlan-2959",
            "id": "uni/infra/vlanns-[dynamic]-dynamic/from-[vlan-2959]-to-[vlan-2959]",
            "name_alias": "",
            "role": "external",
            "to": "vlan-2959",
            "vlan_pool_dn": "uni/infra/vlanns-[dynamic]-dynamic"
          },
          "sensitive_attributes": [],
          "private": "eyJzY2hlbWFfdmVyc2lvbiI6IjEifQ==",
          "dependencies": [
            "data.aci_vlan_pool.dynamic"
          ]
        }
      ]
    },
    {
      "mode": "managed",
      "type": "aci_ranges",
      "name": "dynamic_2960",
      "provider": "provider[\"registry.terraform.io/ciscodevnet/aci\"]",
      "instances": [
        {
          "schema_version": 1,
          "attributes": {
            "alloc_mode": "inherit",
            "annotation": "orchestrator:terraform",
            "description": "",
            "from": "vlan-2960",
            "id": "uni/infra/vlanns-[dynamic]-dynamic/from-[vlan-2960]-to-[vlan-2960]",
            "name_alias": "",
            "role": "external",
            "to": "vlan-2960",
            "vlan_pool_dn": "uni/infra/vlanns-[dynamic]-dynamic"
          },
          "sensitive_attributes": [],
          "private": "eyJzY2hlbWFfdmVyc2lvbiI6IjEifQ==",
          "dependencies": [
            "data.aci_vlan_pool.dynamic"
          ]
        }
      ]
    },
    {
      "mode": "managed",
      "type": "aci_ranges",
      "name": "dynamic_2961",
      "provider": "provider[\"registry.terraform.io/ciscodevnet/aci\"]",
      "instances": [
        {
          "schema_version": 1,
          "attributes": {
            "alloc_mode": "inherit",
            "annotation": "orchestrator:terraform",
            "description": "",
            "from": "vlan-2961",
            "id": "uni/infra/vlanns-[dynamic]-dynamic/from-[vlan-2961]-to-[vlan-2961]",
            "name_alias": "",
            "role": "external",
            "to": "vlan-2961",
            "vlan_pool_dn": "uni/infra/vlanns-[dynamic]-dynamic"
          },
          "sensitive_attributes": [],
          "private": "eyJzY2hlbWFfdmVyc2lvbiI6IjEifQ==",
          "dependencies": [
            "data.aci_vlan_pool.dynamic"
          ]
        }
      ]
    },
    {
      "mode": "managed",
      "type": "aci_ranges",
      "name": "dynamic_2962",
      "provider": "provider[\"registry.terraform.io/ciscodevnet/aci\"]",
      "instances": [
        {
          "schema_version": 1,
          "attributes": {
            "alloc_mode": "inherit",
            "annotation": "orchestrator:terraform",
            "description": "",
            "from": "vlan-2962",
            "id": "uni/infra/vlanns-[dynamic]-dynamic/from-[vlan-2962]-to-[vlan-2962]",
            "name_alias": "",
            "role": "external",
            "to": "vlan-2962",
            "vlan_pool_dn": "uni/infra/vlanns-[dynamic]-dynamic"
          },
          "sensitive_attributes": [],
          "private": "eyJzY2hlbWFfdmVyc2lvbiI6IjEifQ==",
          "dependencies": [
            "data.aci_vlan_pool.dynamic"
          ]
        }
      ]
    },
    {
      "mode": "managed",
      "type": "aci_ranges",
      "name": "dynamic_2963",
      "provider": "provider[\"registry.terraform.io/ciscodevnet/aci\"]",
      "instances": [
        {
          "schema_version": 1,
          "attributes": {
            "alloc_mode": "inherit",
            "annotation": "orchestrator:terraform",
            "description": "",
            "from": "vlan-2963",
            "id": "uni/infra/vlanns-[dynamic]-dynamic/from-[vlan-2963]-to-[vlan-2963]",
            "name_alias": "",
            "role": "external",
            "to": "vlan-2963",
            "vlan_pool_dn": "uni/infra/vlanns-[dynamic]-dynamic"
          },
          "sensitive_attributes": [],
          "private": "eyJzY2hlbWFfdmVyc2lvbiI6IjEifQ==",
          "dependencies": [
            "data.aci_vlan_pool.dynamic"
          ]
        }
      ]
    },
    {
      "mode": "managed",
      "type": "aci_ranges",
      "name": "dynamic_2964",
      "provider": "provider[\"registry.terraform.io/ciscodevnet/aci\"]",
      "instances": [
        {
          "schema_version": 1,
          "attributes": {
            "alloc_mode": "inherit",
            "annotation": "orchestrator:terraform",
            "description": "",
            "from": "vlan-2964",
            "id": "uni/infra/vlanns-[dynamic]-dynamic/from-[vlan-2964]-to-[vlan-2964]",
            "name_alias": "",
            "role": "external",
            "to": "vlan-2964",
            "vlan_pool_dn": "uni/infra/vlanns-[dynamic]-dynamic"
          },
          "sensitive_attributes": [],
          "private": "eyJzY2hlbWFfdmVyc2lvbiI6IjEifQ==",
          "dependencies": [
            "data.aci_vlan_pool.dynamic"
          ]
        }
      ]
    },
    {
      "mode": "managed",
      "type": "aci_ranges",
      "name": "dynamic_2965",
      "provider": "provider[\"registry.terraform.io/ciscodevnet/aci\"]",
      "instances": [
        {
          "schema_version": 1,
          "attributes": {
            "alloc_mode": "inherit",
            "annotation": "orchestrator:terraform",
            "description": "",
            "from": "vlan-2965",
            "id": "uni/infra/vlanns-[dynamic]-dynamic/from-[vlan-2965]-to-[vlan-2965]",
            "name_alias": "",
            "role": "external",
            "to": "vlan-2965",
            "vlan_pool_dn": "uni/infra/vlanns-[dynamic]-dynamic"
          },
          "sensitive_attributes": [],
          "private": "eyJzY2hlbWFfdmVyc2lvbiI6IjEifQ==",
          "dependencies": [
            "data.aci_vlan_pool.dynamic"
          ]
        }
      ]
    },
    {
      "mode": "managed",
      "type": "aci_ranges",
      "name": "dynamic_2966",
      "provider": "provider[\"registry.terraform.io/ciscodevnet/aci\"]",
      "instances": [
        {
          "schema_version": 1,
          "attributes": {
            "alloc_mode": "inherit",
            "annotation": "orchestrator:terraform",
            "description": "",
            "from": "vlan-2966",
            "id": "uni/infra/vlanns-[dynamic]-dynamic/from-[vlan-2966]-to-[vlan-2966]",
            "name_alias": "",
            "role": "external",
            "to": "vlan-2966",
            "vlan_pool_dn": "uni/infra/vlanns-[dynamic]-dynamic"
          },
          "sensitive_attributes": [],
          "private": "eyJzY2hlbWFfdmVyc2lvbiI6IjEifQ==",
          "dependencies": [
            "data.aci_vlan_pool.dynamic"
          ]
        }
      ]
    },
    {
      "mode": "managed",
      "type": "aci_ranges",
      "name": "dynamic_2967",
      "provider": "provider[\"registry.terraform.io/ciscodevnet/aci\"]",
      "instances": [
        {
          "schema_version": 1,
          "attributes": {
            "alloc_mode": "inherit",
            "annotation": "orchestrator:terraform",
            "description": "",
            "from": "vlan-2967",
            "id": "uni/infra/vlanns-[dynamic]-dynamic/from-[vlan-2967]-to-[vlan-2967]",
            "name_alias": "",
            "role": "external",
            "to": "vlan-2967",
            "vlan_pool_dn": "uni/infra/vlanns-[dynamic]-dynamic"
          },
          "sensitive_attributes": [],
          "private": "eyJzY2hlbWFfdmVyc2lvbiI6IjEifQ==",
          "dependencies": [
            "data.aci_vlan_pool.dynamic"
          ]
        }
      ]
    },
    {
      "mode": "managed",
      "type": "aci_ranges",
      "name": "dynamic_2968",
      "provider": "provider[\"registry.terraform.io/ciscodevnet/aci\"]",
      "instances": [
        {
          "schema_version": 1,
          "attributes": {
            "alloc_mode": "inherit",
            "annotation": "orchestrator:terraform",
            "description": "",
            "from": "vlan-2968",
            "id": "uni/infra/vlanns-[dynamic]-dynamic/from-[vlan-2968]-to-[vlan-2968]",
            "name_alias": "",
            "role": "external",
            "to": "vlan-2968",
            "vlan_pool_dn": "uni/infra/vlanns-[dynamic]-dynamic"
          },
          "sensitive_attributes": [],
          "private": "eyJzY2hlbWFfdmVyc2lvbiI6IjEifQ==",
          "dependencies": [
            "data.aci_vlan_pool.dynamic"
          ]
        }
      ]
    },
    {
      "mode": "managed",
      "type": "aci_ranges",
      "name": "dynamic_2969",
      "provider": "provider[\"registry.terraform.io/ciscodevnet/aci\"]",
      "instances": [
        {
          "schema_version": 1,
          "attributes": {
            "alloc_mode": "inherit",
            "annotation": "orchestrator:terraform",
            "description": "",
            "from": "vlan-2969",
            "id": "uni/infra/vlanns-[dynamic]-dynamic/from-[vlan-2969]-to-[vlan-2969]",
            "name_alias": "",
            "role": "external",
            "to": "vlan-2969",
            "vlan_pool_dn": "uni/infra/vlanns-[dynamic]-dynamic"
          },
          "sensitive_attributes": [],
          "private": "eyJzY2hlbWFfdmVyc2lvbiI6IjEifQ==",
          "dependencies": [
            "data.aci_vlan_pool.dynamic"
          ]
        }
      ]
    },
    {
      "mode": "managed",
      "type": "aci_ranges",
      "name": "dynamic_2970",
      "provider": "provider[\"registry.terraform.io/ciscodevnet/aci\"]",
      "instances": [
        {
          "schema_version": 1,
          "attributes": {
            "alloc_mode": "inherit",
            "annotation": "orchestrator:terraform",
            "description": "",
            "from": "vlan-2970",
            "id": "uni/infra/vlanns-[dynamic]-dynamic/from-[vlan-2970]-to-[vlan-2970]",
            "name_alias": "",
            "role": "external",
            "to": "vlan-2970",
            "vlan_pool_dn": "uni/infra/vlanns-[dynamic]-dynamic"
          },
          "sensitive_attributes": [],
          "private": "eyJzY2hlbWFfdmVyc2lvbiI6IjEifQ==",
          "dependencies": [
            "data.aci_vlan_pool.dynamic"
          ]
        }
      ]
    },
    {
      "mode": "managed",
      "type": "aci_ranges",
      "name": "dynamic_2971",
      "provider": "provider[\"registry.terraform.io/ciscodevnet/aci\"]",
      "instances": [
        {
          "schema_version": 1,
          "attributes": {
            "alloc_mode": "inherit",
            "annotation": "orchestrator:terraform",
            "description": "",
            "from": "vlan-2971",
            "id": "uni/infra/vlanns-[dynamic]-dynamic/from-[vlan-2971]-to-[vlan-2971]",
            "name_alias": "",
            "role": "external",
            "to": "vlan-2971",
            "vlan_pool_dn": "uni/infra/vlanns-[dynamic]-dynamic"
          },
          "sensitive_attributes": [],
          "private": "eyJzY2hlbWFfdmVyc2lvbiI6IjEifQ==",
          "dependencies": [
            "data.aci_vlan_pool.dynamic"
          ]
        }
      ]
    },
    {
      "mode": "managed",
      "type": "aci_ranges",
      "name": "dynamic_2972",
      "provider": "provider[\"registry.terraform.io/ciscodevnet/aci\"]",
      "instances": [
        {
          "schema_version": 1,
          "attributes": {
            "alloc_mode": "inherit",
            "annotation": "orchestrator:terraform",
            "description": "",
            "from": "vlan-2972",
            "id": "uni/infra/vlanns-[dynamic]-dynamic/from-[vlan-2972]-to-[vlan-2972]",
            "name_alias": "",
            "role": "external",
            "to": "vlan-2972",
            "vlan_pool_dn": "uni/infra/vlanns-[dynamic]-dynamic"
          },
          "sensitive_attributes": [],
          "private": "eyJzY2hlbWFfdmVyc2lvbiI6IjEifQ==",
          "dependencies": [
            "data.aci_vlan_pool.dynamic"
          ]
        }
      ]
    },
    {
      "mode": "managed",
      "type": "aci_ranges",
      "name": "dynamic_2973",
      "provider": "provider[\"registry.terraform.io/ciscodevnet/aci\"]",
      "instances": [
        {
          "schema_version": 1,
          "attributes": {
            "alloc_mode": "inherit",
            "annotation": "orchestrator:terraform",
            "description": "",
            "from": "vlan-2973",
            "id": "uni/infra/vlanns-[dynamic]-dynamic/from-[vlan-2973]-to-[vlan-2973]",
            "name_alias": "",
            "role": "external",
            "to": "vlan-2973",
            "vlan_pool_dn": "uni/infra/vlanns-[dynamic]-dynamic"
          },
          "sensitive_attributes": [],
          "private": "eyJzY2hlbWFfdmVyc2lvbiI6IjEifQ==",
          "dependencies": [
            "data.aci_vlan_pool.dynamic"
          ]
        }
      ]
    },
    {
      "mode": "managed",
      "type": "aci_ranges",
      "name": "dynamic_2974",
      "provider": "provider[\"registry.terraform.io/ciscodevnet/aci\"]",
      "instances": [
        {
          "schema_version": 1,
          "attributes": {
            "alloc_mode": "inherit",
            "annotation": "orchestrator:terraform",
            "description": "",
            "from": "vlan-2974",
            "id": "uni/infra/vlanns-[dynamic]-dynamic/from-[vlan-2974]-to-[vlan-2974]",
            "name_alias": "",
            "role": "external",
            "to": "vlan-2974",
            "vlan_pool_dn": "uni/infra/vlanns-[dynamic]-dynamic"
          },
          "sensitive_attributes": [],
          "private": "eyJzY2hlbWFfdmVyc2lvbiI6IjEifQ==",
          "dependencies": [
            "data.aci_vlan_pool.dynamic"
          ]
        }
      ]
    },
    {
      "mode": "managed",
      "type": "aci_ranges",
      "name": "dynamic_2975",
      "provider": "provider[\"registry.terraform.io/ciscodevnet/aci\"]",
      "instances": [
        {
          "schema_version": 1,
          "attributes": {
            "alloc_mode": "inherit",
            "annotation": "orchestrator:terraform",
            "description": "",
            "from": "vlan-2975",
            "id": "uni/infra/vlanns-[dynamic]-dynamic/from-[vlan-2975]-to-[vlan-2975]",
            "name_alias": "",
            "role": "external",
            "to": "vlan-2975",
            "vlan_pool_dn": "uni/infra/vlanns-[dynamic]-dynamic"
          },
          "sensitive_attributes": [],
          "private": "eyJzY2hlbWFfdmVyc2lvbiI6IjEifQ==",
          "dependencies": [
            "data.aci_vlan_pool.dynamic"
          ]
        }
      ]
    },
    {
      "mode": "managed",
      "type": "aci_ranges",
      "name": "dynamic_2976",
      "provider": "provider[\"registry.terraform.io/ciscodevnet/aci\"]",
      "instances": [
        {
          "schema_version": 1,
          "attributes": {
            "alloc_mode": "inherit",
            "annotation": "orchestrator:terraform",
            "description": "",
            "from": "vlan-2976",
            "id": "uni/infra/vlanns-[dynamic]-dynamic/from-[vlan-2976]-to-[vlan-2976]",
            "name_alias": "",
            "role": "external",
            "to": "vlan-2976",
            "vlan_pool_dn": "uni/infra/vlanns-[dynamic]-dynamic"
          },
          "sensitive_attributes": [],
          "private": "eyJzY2hlbWFfdmVyc2lvbiI6IjEifQ==",
          "dependencies": [
            "data.aci_vlan_pool.dynamic"
          ]
        }
      ]
    },
    {
      "mode": "managed",
      "type": "aci_ranges",
      "name": "dynamic_2977",
      "provider": "provider[\"registry.terraform.io/ciscodevnet/aci\"]",
      "instances": [
        {
          "schema_version": 1,
          "attributes": {
            "alloc_mode": "inherit",
            "annotation": "orchestrator:terraform",
            "description": "",
            "from": "vlan-2977",
            "id": "uni/infra/vlanns-[dynamic]-dynamic/from-[vlan-2977]-to-[vlan-2977]",
            "name_alias": "",
            "role": "external",
            "to": "vlan-2977",
            "vlan_pool_dn": "uni/infra/vlanns-[dynamic]-dynamic"
          },
          "sensitive_attributes": [],
          "private": "eyJzY2hlbWFfdmVyc2lvbiI6IjEifQ==",
          "dependencies": [
            "data.aci_vlan_pool.dynamic"
          ]
        }
      ]
    },
    {
      "mode": "managed",
      "type": "aci_ranges",
      "name": "dynamic_2978",
      "provider": "provider[\"registry.terraform.io/ciscodevnet/aci\"]",
      "instances": [
        {
          "schema_version": 1,
          "attributes": {
            "alloc_mode": "inherit",
            "annotation": "orchestrator:terraform",
            "description": "",
            "from": "vlan-2978",
            "id": "uni/infra/vlanns-[dynamic]-dynamic/from-[vlan-2978]-to-[vlan-2978]",
            "name_alias": "",
            "role": "external",
            "to": "vlan-2978",
            "vlan_pool_dn": "uni/infra/vlanns-[dynamic]-dynamic"
          },
          "sensitive_attributes": [],
          "private": "eyJzY2hlbWFfdmVyc2lvbiI6IjEifQ==",
          "dependencies": [
            "data.aci_vlan_pool.dynamic"
          ]
        }
      ]
    },
    {
      "mode": "managed",
      "type": "aci_ranges",
      "name": "dynamic_2979",
      "provider": "provider[\"registry.terraform.io/ciscodevnet/aci\"]",
      "instances": [
        {
          "schema_version": 1,
          "attributes": {
            "alloc_mode": "inherit",
            "annotation": "orchestrator:terraform",
            "description": "",
            "from": "vlan-2979",
            "id": "uni/infra/vlanns-[dynamic]-dynamic/from-[vlan-2979]-to-[vlan-2979]",
            "name_alias": "",
            "role": "external",
            "to": "vlan-2979",
            "vlan_pool_dn": "uni/infra/vlanns-[dynamic]-dynamic"
          },
          "sensitive_attributes": [],
          "private": "eyJzY2hlbWFfdmVyc2lvbiI6IjEifQ==",
          "dependencies": [
            "data.aci_vlan_pool.dynamic"
          ]
        }
      ]
    },
    {
      "mode": "managed",
      "type": "aci_ranges",
      "name": "dynamic_2980",
      "provider": "provider[\"registry.terraform.io/ciscodevnet/aci\"]",
      "instances": [
        {
          "schema_version": 1,
          "attributes": {
            "alloc_mode": "inherit",
            "annotation": "orchestrator:terraform",
            "description": "",
            "from": "vlan-2980",
            "id": "uni/infra/vlanns-[dynamic]-dynamic/from-[vlan-2980]-to-[vlan-2980]",
            "name_alias": "",
            "role": "external",
            "to": "vlan-2980",
            "vlan_pool_dn": "uni/infra/vlanns-[dynamic]-dynamic"
          },
          "sensitive_attributes": [],
          "private": "eyJzY2hlbWFfdmVyc2lvbiI6IjEifQ==",
          "dependencies": [
            "data.aci_vlan_pool.dynamic"
          ]
        }
      ]
    },
    {
      "mode": "managed",
      "type": "aci_ranges",
      "name": "dynamic_2981",
      "provider": "provider[\"registry.terraform.io/ciscodevnet/aci\"]",
      "instances": [
        {
          "schema_version": 1,
          "attributes": {
            "alloc_mode": "inherit",
            "annotation": "orchestrator:terraform",
            "description": "",
            "from": "vlan-2981",
            "id": "uni/infra/vlanns-[dynamic]-dynamic/from-[vlan-2981]-to-[vlan-2981]",
            "name_alias": "",
            "role": "external",
            "to": "vlan-2981",
            "vlan_pool_dn": "uni/infra/vlanns-[dynamic]-dynamic"
          },
          "sensitive_attributes": [],
          "private": "eyJzY2hlbWFfdmVyc2lvbiI6IjEifQ==",
          "dependencies": [
            "data.aci_vlan_pool.dynamic"
          ]
        }
      ]
    },
    {
      "mode": "managed",
      "type": "aci_ranges",
      "name": "dynamic_2982",
      "provider": "provider[\"registry.terraform.io/ciscodevnet/aci\"]",
      "instances": [
        {
          "schema_version": 1,
          "attributes": {
            "alloc_mode": "inherit",
            "annotation": "orchestrator:terraform",
            "description": "",
            "from": "vlan-2982",
            "id": "uni/infra/vlanns-[dynamic]-dynamic/from-[vlan-2982]-to-[vlan-2982]",
            "name_alias": "",
            "role": "external",
            "to": "vlan-2982",
            "vlan_pool_dn": "uni/infra/vlanns-[dynamic]-dynamic"
          },
          "sensitive_attributes": [],
          "private": "eyJzY2hlbWFfdmVyc2lvbiI6IjEifQ==",
          "dependencies": [
            "data.aci_vlan_pool.dynamic"
          ]
        }
      ]
    },
    {
      "mode": "managed",
      "type": "aci_ranges",
      "name": "dynamic_2983",
      "provider": "provider[\"registry.terraform.io/ciscodevnet/aci\"]",
      "instances": [
        {
          "schema_version": 1,
          "attributes": {
            "alloc_mode": "inherit",
            "annotation": "orchestrator:terraform",
            "description": "",
            "from": "vlan-2983",
            "id": "uni/infra/vlanns-[dynamic]-dynamic/from-[vlan-2983]-to-[vlan-2983]",
            "name_alias": "",
            "role": "external",
            "to": "vlan-2983",
            "vlan_pool_dn": "uni/infra/vlanns-[dynamic]-dynamic"
          },
          "sensitive_attributes": [],
          "private": "eyJzY2hlbWFfdmVyc2lvbiI6IjEifQ==",
          "dependencies": [
            "data.aci_vlan_pool.dynamic"
          ]
        }
      ]
    },
    {
      "mode": "managed",
      "type": "aci_ranges",
      "name": "dynamic_2984",
      "provider": "provider[\"registry.terraform.io/ciscodevnet/aci\"]",
      "instances": [
        {
          "schema_version": 1,
          "attributes": {
            "alloc_mode": "inherit",
            "annotation": "orchestrator:terraform",
            "description": "",
            "from": "vlan-2984",
            "id": "uni/infra/vlanns-[dynamic]-dynamic/from-[vlan-2984]-to-[vlan-2984]",
            "name_alias": "",
            "role": "external",
            "to": "vlan-2984",
            "vlan_pool_dn": "uni/infra/vlanns-[dynamic]-dynamic"
          },
          "sensitive_attributes": [],
          "private": "eyJzY2hlbWFfdmVyc2lvbiI6IjEifQ==",
          "dependencies": [
            "data.aci_vlan_pool.dynamic"
          ]
        }
      ]
    },
    {
      "mode": "managed",
      "type": "aci_ranges",
      "name": "dynamic_2985",
      "provider": "provider[\"registry.terraform.io/ciscodevnet/aci\"]",
      "instances": [
        {
          "schema_version": 1,
          "attributes": {
            "alloc_mode": "inherit",
            "annotation": "orchestrator:terraform",
            "description": "",
            "from": "vlan-2985",
            "id": "uni/infra/vlanns-[dynamic]-dynamic/from-[vlan-2985]-to-[vlan-2985]",
            "name_alias": "",
            "role": "external",
            "to": "vlan-2985",
            "vlan_pool_dn": "uni/infra/vlanns-[dynamic]-dynamic"
          },
          "sensitive_attributes": [],
          "private": "eyJzY2hlbWFfdmVyc2lvbiI6IjEifQ==",
          "dependencies": [
            "data.aci_vlan_pool.dynamic"
          ]
        }
      ]
    },
    {
      "mode": "managed",
      "type": "aci_ranges",
      "name": "dynamic_2986",
      "provider": "provider[\"registry.terraform.io/ciscodevnet/aci\"]",
      "instances": [
        {
          "schema_version": 1,
          "attributes": {
            "alloc_mode": "inherit",
            "annotation": "orchestrator:terraform",
            "description": "",
            "from": "vlan-2986",
            "id": "uni/infra/vlanns-[dynamic]-dynamic/from-[vlan-2986]-to-[vlan-2986]",
            "name_alias": "",
            "role": "external",
            "to": "vlan-2986",
            "vlan_pool_dn": "uni/infra/vlanns-[dynamic]-dynamic"
          },
          "sensitive_attributes": [],
          "private": "eyJzY2hlbWFfdmVyc2lvbiI6IjEifQ==",
          "dependencies": [
            "data.aci_vlan_pool.dynamic"
          ]
        }
      ]
    },
    {
      "mode": "managed",
      "type": "aci_ranges",
      "name": "dynamic_2987",
      "provider": "provider[\"registry.terraform.io/ciscodevnet/aci\"]",
      "instances": [
        {
          "schema_version": 1,
          "attributes": {
            "alloc_mode": "inherit",
            "annotation": "orchestrator:terraform",
            "description": "",
            "from": "vlan-2987",
            "id": "uni/infra/vlanns-[dynamic]-dynamic/from-[vlan-2987]-to-[vlan-2987]",
            "name_alias": "",
            "role": "external",
            "to": "vlan-2987",
            "vlan_pool_dn": "uni/infra/vlanns-[dynamic]-dynamic"
          },
          "sensitive_attributes": [],
          "private": "eyJzY2hlbWFfdmVyc2lvbiI6IjEifQ==",
          "dependencies": [
            "data.aci_vlan_pool.dynamic"
          ]
        }
      ]
    },
    {
      "mode": "managed",
      "type": "aci_ranges",
      "name": "dynamic_2988",
      "provider": "provider[\"registry.terraform.io/ciscodevnet/aci\"]",
      "instances": [
        {
          "schema_version": 1,
          "attributes": {
            "alloc_mode": "inherit",
            "annotation": "orchestrator:terraform",
            "description": "",
            "from": "vlan-2988",
            "id": "uni/infra/vlanns-[dynamic]-dynamic/from-[vlan-2988]-to-[vlan-2988]",
            "name_alias": "",
            "role": "external",
            "to": "vlan-2988",
            "vlan_pool_dn": "uni/infra/vlanns-[dynamic]-dynamic"
          },
          "sensitive_attributes": [],
          "private": "eyJzY2hlbWFfdmVyc2lvbiI6IjEifQ==",
          "dependencies": [
            "data.aci_vlan_pool.dynamic"
          ]
        }
      ]
    },
    {
      "mode": "managed",
      "type": "aci_ranges",
      "name": "dynamic_2989",
      "provider": "provider[\"registry.terraform.io/ciscodevnet/aci\"]",
      "instances": [
        {
          "schema_version": 1,
          "attributes": {
            "alloc_mode": "inherit",
            "annotation": "orchestrator:terraform",
            "description": "",
            "from": "vlan-2989",
            "id": "uni/infra/vlanns-[dynamic]-dynamic/from-[vlan-2989]-to-[vlan-2989]",
            "name_alias": "",
            "role": "external",
            "to": "vlan-2989",
            "vlan_pool_dn": "uni/infra/vlanns-[dynamic]-dynamic"
          },
          "sensitive_attributes": [],
          "private": "eyJzY2hlbWFfdmVyc2lvbiI6IjEifQ==",
          "dependencies": [
            "data.aci_vlan_pool.dynamic"
          ]
        }
      ]
    },
    {
      "mode": "managed",
      "type": "aci_ranges",
      "name": "dynamic_2990",
      "provider": "provider[\"registry.terraform.io/ciscodevnet/aci\"]",
      "instances": [
        {
          "schema_version": 1,
          "attributes": {
            "alloc_mode": "inherit",
            "annotation": "orchestrator:terraform",
            "description": "",
            "from": "vlan-2990",
            "id": "uni/infra/vlanns-[dynamic]-dynamic/from-[vlan-2990]-to-[vlan-2990]",
            "name_alias": "",
            "role": "external",
            "to": "vlan-2990",
            "vlan_pool_dn": "uni/infra/vlanns-[dynamic]-dynamic"
          },
          "sensitive_attributes": [],
          "private": "eyJzY2hlbWFfdmVyc2lvbiI6IjEifQ==",
          "dependencies": [
            "data.aci_vlan_pool.dynamic"
          ]
        }
      ]
    },
    {
      "mode": "managed",
      "type": "aci_ranges",
      "name": "dynamic_2991",
      "provider": "provider[\"registry.terraform.io/ciscodevnet/aci\"]",
      "instances": [
        {
          "schema_version": 1,
          "attributes": {
            "alloc_mode": "inherit",
            "annotation": "orchestrator:terraform",
            "description": "",
            "from": "vlan-2991",
            "id": "uni/infra/vlanns-[dynamic]-dynamic/from-[vlan-2991]-to-[vlan-2991]",
            "name_alias": "",
            "role": "external",
            "to": "vlan-2991",
            "vlan_pool_dn": "uni/infra/vlanns-[dynamic]-dynamic"
          },
          "sensitive_attributes": [],
          "private": "eyJzY2hlbWFfdmVyc2lvbiI6IjEifQ==",
          "dependencies": [
            "data.aci_vlan_pool.dynamic"
          ]
        }
      ]
    },
    {
      "mode": "managed",
      "type": "aci_ranges",
      "name": "dynamic_2992",
      "provider": "provider[\"registry.terraform.io/ciscodevnet/aci\"]",
      "instances": [
        {
          "schema_version": 1,
          "attributes": {
            "alloc_mode": "inherit",
            "annotation": "orchestrator:terraform",
            "description": "",
            "from": "vlan-2992",
            "id": "uni/infra/vlanns-[dynamic]-dynamic/from-[vlan-2992]-to-[vlan-2992]",
            "name_alias": "",
            "role": "external",
            "to": "vlan-2992",
            "vlan_pool_dn": "uni/infra/vlanns-[dynamic]-dynamic"
          },
          "sensitive_attributes": [],
          "private": "eyJzY2hlbWFfdmVyc2lvbiI6IjEifQ==",
          "dependencies": [
            "data.aci_vlan_pool.dynamic"
          ]
        }
      ]
    },
    {
      "mode": "managed",
      "type": "aci_ranges",
      "name": "dynamic_2993",
      "provider": "provider[\"registry.terraform.io/ciscodevnet/aci\"]",
      "instances": [
        {
          "schema_version": 1,
          "attributes": {
            "alloc_mode": "inherit",
            "annotation": "orchestrator:terraform",
            "description": "",
            "from": "vlan-2993",
            "id": "uni/infra/vlanns-[dynamic]-dynamic/from-[vlan-2993]-to-[vlan-2993]",
            "name_alias": "",
            "role": "external",
            "to": "vlan-2993",
            "vlan_pool_dn": "uni/infra/vlanns-[dynamic]-dynamic"
          },
          "sensitive_attributes": [],
          "private": "eyJzY2hlbWFfdmVyc2lvbiI6IjEifQ==",
          "dependencies": [
            "data.aci_vlan_pool.dynamic"
          ]
        }
      ]
    },
    {
      "mode": "managed",
      "type": "aci_ranges",
      "name": "dynamic_2994",
      "provider": "provider[\"registry.terraform.io/ciscodevnet/aci\"]",
      "instances": [
        {
          "schema_version": 1,
          "attributes": {
            "alloc_mode": "inherit",
            "annotation": "orchestrator:terraform",
            "description": "",
            "from": "vlan-2994",
            "id": "uni/infra/vlanns-[dynamic]-dynamic/from-[vlan-2994]-to-[vlan-2994]",
            "name_alias": "",
            "role": "external",
            "to": "vlan-2994",
            "vlan_pool_dn": "uni/infra/vlanns-[dynamic]-dynamic"
          },
          "sensitive_attributes": [],
          "private": "eyJzY2hlbWFfdmVyc2lvbiI6IjEifQ==",
          "dependencies": [
            "data.aci_vlan_pool.dynamic"
          ]
        }
      ]
    },
    {
      "mode": "managed",
      "type": "aci_ranges",
      "name": "dynamic_2995",
      "provider": "provider[\"registry.terraform.io/ciscodevnet/aci\"]",
      "instances": [
        {
          "schema_version": 1,
          "attributes": {
            "alloc_mode": "inherit",
            "annotation": "orchestrator:terraform",
            "description": "",
            "from": "vlan-2995",
            "id": "uni/infra/vlanns-[dynamic]-dynamic/from-[vlan-2995]-to-[vlan-2995]",
            "name_alias": "",
            "role": "external",
            "to": "vlan-2995",
            "vlan_pool_dn": "uni/infra/vlanns-[dynamic]-dynamic"
          },
          "sensitive_attributes": [],
          "private": "eyJzY2hlbWFfdmVyc2lvbiI6IjEifQ==",
          "dependencies": [
            "data.aci_vlan_pool.dynamic"
          ]
        }
      ]
    },
    {
      "mode": "managed",
      "type": "aci_ranges",
      "name": "dynamic_2996",
      "provider": "provider[\"registry.terraform.io/ciscodevnet/aci\"]",
      "instances": [
        {
          "schema_version": 1,
          "attributes": {
            "alloc_mode": "inherit",
            "annotation": "orchestrator:terraform",
            "description": "",
            "from": "vlan-2996",
            "id": "uni/infra/vlanns-[dynamic]-dynamic/from-[vlan-2996]-to-[vlan-2996]",
            "name_alias": "",
            "role": "external",
            "to": "vlan-2996",
            "vlan_pool_dn": "uni/infra/vlanns-[dynamic]-dynamic"
          },
          "sensitive_attributes": [],
          "private": "eyJzY2hlbWFfdmVyc2lvbiI6IjEifQ==",
          "dependencies": [
            "data.aci_vlan_pool.dynamic"
          ]
        }
      ]
    },
    {
      "mode": "managed",
      "type": "aci_ranges",
      "name": "dynamic_2997",
      "provider": "provider[\"registry.terraform.io/ciscodevnet/aci\"]",
      "instances": [
        {
          "schema_version": 1,
          "attributes": {
            "alloc_mode": "inherit",
            "annotation": "orchestrator:terraform",
            "description": "",
            "from": "vlan-2997",
            "id": "uni/infra/vlanns-[dynamic]-dynamic/from-[vlan-2997]-to-[vlan-2997]",
            "name_alias": "",
            "role": "external",
            "to": "vlan-2997",
            "vlan_pool_dn": "uni/infra/vlanns-[dynamic]-dynamic"
          },
          "sensitive_attributes": [],
          "private": "eyJzY2hlbWFfdmVyc2lvbiI6IjEifQ==",
          "dependencies": [
            "data.aci_vlan_pool.dynamic"
          ]
        }
      ]
    },
    {
      "mode": "managed",
      "type": "aci_ranges",
      "name": "dynamic_2998",
      "provider": "provider[\"registry.terraform.io/ciscodevnet/aci\"]",
      "instances": [
        {
          "schema_version": 1,
          "attributes": {
            "alloc_mode": "inherit",
            "annotation": "orchestrator:terraform",
            "description": "",
            "from": "vlan-2998",
            "id": "uni/infra/vlanns-[dynamic]-dynamic/from-[vlan-2998]-to-[vlan-2998]",
            "name_alias": "",
            "role": "external",
            "to": "vlan-2998",
            "vlan_pool_dn": "uni/infra/vlanns-[dynamic]-dynamic"
          },
          "sensitive_attributes": [],
          "private": "eyJzY2hlbWFfdmVyc2lvbiI6IjEifQ==",
          "dependencies": [
            "data.aci_vlan_pool.dynamic"
          ]
        }
      ]
    },
    {
      "mode": "managed",
      "type": "aci_ranges",
      "name": "dynamic_2999",
      "provider": "provider[\"registry.terraform.io/ciscodevnet/aci\"]",
      "instances": [
        {
          "schema_version": 1,
          "attributes": {
            "alloc_mode": "inherit",
            "annotation": "orchestrator:terraform",
            "description": "",
            "from": "vlan-2999",
            "id": "uni/infra/vlanns-[dynamic]-dynamic/from-[vlan-2999]-to-[vlan-2999]",
            "name_alias": "",
            "role": "external",
            "to": "vlan-2999",
            "vlan_pool_dn": "uni/infra/vlanns-[dynamic]-dynamic"
          },
          "sensitive_attributes": [],
          "private": "eyJzY2hlbWFfdmVyc2lvbiI6IjEifQ==",
          "dependencies": [
            "data.aci_vlan_pool.dynamic"
          ]
        }
      ]
    },
    {
      "mode": "managed",
      "type": "aci_ranges",
      "name": "inband_912",
      "provider": "provider[\"registry.terraform.io/ciscodevnet/aci\"]",
      "instances": [
        {
          "schema_version": 1,
          "attributes": {
            "alloc_mode": "inherit",
            "annotation": "orchestrator:terraform",
            "description": "",
            "from": "vlan-912",
            "id": "uni/infra/vlanns-[inband]-static/from-[vlan-912]-to-[vlan-912]",
            "name_alias": "",
            "role": "external",
            "to": "vlan-912",
            "vlan_pool_dn": "uni/infra/vlanns-[inband]-static"
          },
          "sensitive_attributes": [],
          "private": "eyJzY2hlbWFfdmVyc2lvbiI6IjEifQ==",
          "dependencies": [
            "data.aci_vlan_pool.inband"
          ]
        }
      ]
    },
    {
      "mode": "managed",
      "type": "aci_ranges",
      "name": "l3out_902",
      "provider": "provider[\"registry.terraform.io/ciscodevnet/aci\"]",
      "instances": [
        {
          "schema_version": 1,
          "attributes": {
            "alloc_mode": "inherit",
            "annotation": "orchestrator:terraform",
            "description": "",
            "from": "vlan-902",
            "id": "uni/infra/vlanns-[l3out]-static/from-[vlan-902]-to-[vlan-902]",
            "name_alias": "",
            "role": "external",
            "to": "vlan-902",
            "vlan_pool_dn": "uni/infra/vlanns-[l3out]-static"
          },
          "sensitive_attributes": [],
          "private": "eyJzY2hlbWFfdmVyc2lvbiI6IjEifQ==",
          "dependencies": [
            "data.aci_vlan_pool.l3out"
          ]
        }
      ]
    },
    {
      "mode": "managed",
      "type": "aci_ranges",
      "name": "msite_4",
      "provider": "provider[\"registry.terraform.io/ciscodevnet/aci\"]",
      "instances": [
        {
          "schema_version": 1,
          "attributes": {
            "alloc_mode": "inherit",
            "annotation": "orchestrator:terraform",
            "description": "",
            "from": "vlan-4",
            "id": "uni/infra/vlanns-[msite]-static/from-[vlan-4]-to-[vlan-4]",
            "name_alias": "",
            "role": "external",
            "to": "vlan-4",
            "vlan_pool_dn": "uni/infra/vlanns-[msite]-static"
          },
          "sensitive_attributes": [],
          "private": "eyJzY2hlbWFfdmVyc2lvbiI6IjEifQ==",
          "dependencies": [
            "data.aci_vlan_pool.msite"
          ]
        }
      ]
    }
  ]
}
