{
  "version": 4,
  "terraform_version": "1.0.6",
  "serial": 1,
  "lineage": "bbfa81f0-48bb-5801-b5f4-08b64ed270f8",
  "outputs": {},
  "resources": [
    {
      "mode": "managed",
      "type": "intersight_boot_precision_policy",
      "name": "san_boot",
      "provider": "provider[\"registry.terraform.io/ciscodevnet/intersight\"]",
      "instances": [
        {
          "schema_version": 0,
          "attributes": {
            "account_moid": "5981bd053e95200001fd5632",
            "additional_properties": "{\"AccountMoid\":\"5981bd053e95200001fd5632\",\"Ancestors\":[],\"CreateTime\":\"2021-09-09T03:10:37.327Z\",\"DomainGroupMoid\":\"5b2541887a7662743465ce9c\",\"ModTime\":\"2021-09-09T03:10:37.328Z\",\"Moid\":\"61397b2d6275722d311d987c\",\"Owners\":[\"5981bd053e95200001fd5632\"],\"PermissionResources\":[{\"ClassId\":\"mo.MoRef\",\"Moid\":\"5f6509326972652d32fa70a8\",\"ObjectType\":\"organization.Organization\",\"link\":\"https://www.intersight.com/api/v1/organization/Organizations/5f6509326972652d32fa70a8\"}],\"SharedScope\":\"\",\"Tags\":[]}",
            "ancestors": [],
            "boot_devices": [
              {
                "additional_properties": "{\"Bootloader\":{\"ClassId\":\"boot.Bootloader\",\"Description\":\"ESXi\",\"Name\":\"BOOTx64.EFI\",\"ObjectType\":\"boot.Bootloader\",\"Path\":\"\\\\EFI\\\\BOOT\\\\\"},\"InterfaceName\":\"SAN-A\",\"Lun\":0,\"Slot\":\"\",\"Wwpn\":\"20:03:D0:39:EA:1D:32:89\"}",
                "class_id": "boot.San",
                "enabled": true,
                "name": "2_primary_primary",
                "object_type": "boot.San"
              },
              {
                "additional_properties": "{\"Bootloader\":{\"ClassId\":\"boot.Bootloader\",\"Description\":\"ESXi\",\"Name\":\"BOOTx64.EFI\",\"ObjectType\":\"boot.Bootloader\",\"Path\":\"\\\\EFI\\\\BOOT\\\\\"},\"InterfaceName\":\"SAN-B\",\"Lun\":0,\"Slot\":\"\",\"Wwpn\":\"20:01:D0:39:EA:1D:32:89\"}",
                "class_id": "boot.San",
                "enabled": true,
                "name": "2_secondary_primary",
                "object_type": "boot.San"
              }
            ],
            "class_id": "boot.PrecisionPolicy",
            "configured_boot_mode": "Uefi",
            "create_time": "2021-09-09 03:10:37.327 +0000 UTC",
            "description": "",
            "domain_group_moid": "5b2541887a7662743465ce9c",
            "enforce_uefi_secure_boot": true,
            "id": "61397b2d6275722d311d987c",
            "mod_time": "2021-09-09 03:10:37.328 +0000 UTC",
            "moid": "61397b2d6275722d311d987c",
            "name": "san_boot",
            "object_type": "boot.PrecisionPolicy",
            "organization": [
              {
                "additional_properties": "",
                "class_id": "mo.MoRef",
                "moid": "5f6509326972652d32fa70a8",
                "object_type": "organization.Organization",
                "selector": ""
              }
            ],
            "owners": [
              "5981bd053e95200001fd5632"
            ],
            "parent": [],
            "permission_resources": [
              {
                "additional_properties": "",
                "class_id": "mo.MoRef",
                "moid": "5f6509326972652d32fa70a8",
                "object_type": "organization.Organization",
                "selector": ""
              }
            ],
            "profiles": [],
            "shared_scope": "",
            "tags": [],
            "version_context": []
          },
          "sensitive_attributes": [],
          "private": "eyJzY2hlbWFfdmVyc2lvbiI6IjAifQ=="
        }
      ]
    }
  ]
}
