{
  "version": 4,
  "terraform_version": "1.0.6",
  "serial": 2,
  "lineage": "ed0f3ef6-ebe2-c4e3-7fc4-7084265550b2",
  "outputs": {},
  "resources": [
    {
      "mode": "managed",
      "type": "aci_fabric_node_member",
      "name": "Inventory_Pod_1_Node_wakanda-spine101",
      "provider": "provider[\"registry.terraform.io/ciscodevnet/aci\"]",
      "instances": [
        {
          "schema_version": 1,
          "attributes": {
            "annotation": "orchestrator:terraform",
            "description": "",
            "ext_pool_id": "0",
            "fabric_id": "1",
            "id": "uni/controller/nodeidentpol/nodep-FDO22472FD7",
            "name": "wakanda-spine101",
            "name_alias": "",
            "node_id": "101",
            "node_type": "unspecified",
            "pod_id": "1",
            "role": "spine",
            "serial": "FDO22472FD7"
          },
          "sensitive_attributes": [],
          "private": "eyJzY2hlbWFfdmVyc2lvbiI6IjEifQ=="
        }
      ]
    },
    {
      "mode": "managed",
      "type": "aci_rest",
      "name": "Spine_Interface_Profile_wakanda-spine101_Selector_Eth1-29",
      "provider": "provider[\"registry.terraform.io/ciscodevnet/aci\"]",
      "instances": []
    },
    {
      "mode": "managed",
      "type": "aci_rest",
      "name": "Spine_Interface_Profile_wakanda-spine101_Selector_Eth1-30",
      "provider": "provider[\"registry.terraform.io/ciscodevnet/aci\"]",
      "instances": []
    },
    {
      "mode": "managed",
      "type": "aci_rest",
      "name": "Spine_Node_Block_blk101-101",
      "provider": "provider[\"registry.terraform.io/ciscodevnet/aci\"]",
      "instances": []
    },
    {
      "mode": "managed",
      "type": "aci_spine_interface_profile",
      "name": "Interface_Profile_wakanda-spine101",
      "provider": "provider[\"registry.terraform.io/ciscodevnet/aci\"]",
      "instances": []
    },
    {
      "mode": "managed",
      "type": "aci_spine_profile",
      "name": "Spine_Profile_wakanda-spine101",
      "provider": "provider[\"registry.terraform.io/ciscodevnet/aci\"]",
      "instances": []
    },
    {
      "mode": "managed",
      "type": "aci_spine_switch_association",
      "name": "Association_wakanda-spine101",
      "provider": "provider[\"registry.terraform.io/ciscodevnet/aci\"]",
      "instances": []
    }
  ]
}
