{
  "version": 4,
  "terraform_version": "0.14.8",
  "serial": 200,
  "lineage": "9e28b642-7448-89f7-84a3-c4a33c83aabe",
  "outputs": {},
  "resources": [
    {
      "mode": "data",
      "type": "aci_l3_outside",
      "name": "common_dc1-prod_L3",
      "provider": "provider[\"registry.terraform.io/ciscodevnet/aci\"]",
      "instances": [
        {
          "schema_version": 0,
          "attributes": {
            "annotation": "orchestrator:terraform",
            "description": "DC1 Production L3Out",
            "enforce_rtctrl": "export",
            "id": "uni/tn-common/out-dc1-prod_L3",
            "name": "dc1-prod_L3",
            "name_alias": "",
            "target_dscp": "unspecified",
            "tenant_dn": "uni/tn-common"
          },
          "sensitive_attributes": []
        }
      ]
    },
    {
      "mode": "data",
      "type": "aci_tenant",
      "name": "common",
      "provider": "provider[\"registry.terraform.io/ciscodevnet/aci\"]",
      "instances": [
        {
          "schema_version": 0,
          "attributes": {
            "annotation": "",
            "description": "",
            "id": "uni/tn-common",
            "name": "common",
            "name_alias": ""
          },
          "sensitive_attributes": []
        }
      ]
    },
    {
      "mode": "data",
      "type": "aci_vrf",
      "name": "prod",
      "provider": "provider[\"registry.terraform.io/ciscodevnet/aci\"]",
      "instances": [
        {
          "schema_version": 0,
          "attributes": {
            "annotation": "orchestrator:terraform",
            "bd_enforced_enable": "no",
            "description": "",
            "id": "uni/tn-common/ctx-prod",
            "ip_data_plane_learning": "enabled",
            "knw_mcast_act": "permit",
            "name": "prod",
            "name_alias": "",
            "pc_enf_dir": "ingress",
            "pc_enf_pref": "enforced",
            "tenant_dn": "uni/tn-common"
          },
          "sensitive_attributes": []
        }
      ]
    },
    {
      "mode": "managed",
      "type": "aci_application_epg",
      "name": "nets_v0001",
      "provider": "provider[\"registry.terraform.io/ciscodevnet/aci\"]",
      "instances": [
        {
          "schema_version": 1,
          "attributes": {
            "annotation": "orchestrator:terraform",
            "application_profile_dn": "uni/tn-prod/ap-nets",
            "description": "",
            "exception_tag": "",
            "flood_on_encap": "disabled",
            "fwd_ctrl": "",
            "has_mcast_source": "no",
            "id": "uni/tn-prod/ap-nets/epg-v0001",
            "is_attr_based_epg": "no",
            "match_t": "AtleastOne",
            "name": "v0001",
            "name_alias": "",
            "pc_enf_pref": "enforced",
            "pref_gr_memb": "include",
            "prio": "level3",
            "relation_fv_rs_aepg_mon_pol": "uni/tn-common/monepg-default",
            "relation_fv_rs_bd": "uni/tn-prod/BD-v0001",
            "relation_fv_rs_cons": null,
            "relation_fv_rs_cons_if": null,
            "relation_fv_rs_cust_qos_pol": null,
            "relation_fv_rs_dpp_pol": "",
            "relation_fv_rs_fc_path_att": null,
            "relation_fv_rs_graph_def": null,
            "relation_fv_rs_intra_epg": null,
            "relation_fv_rs_node_att": null,
            "relation_fv_rs_prot_by": null,
            "relation_fv_rs_prov": null,
            "relation_fv_rs_prov_def": null,
            "relation_fv_rs_sec_inherited": null,
            "relation_fv_rs_trust_ctrl": "",
            "shutdown": "no"
          },
          "sensitive_attributes": [],
          "private": "eyJzY2hlbWFfdmVyc2lvbiI6IjEifQ==",
          "dependencies": [
            "aci_application_profile.prod_nets",
            "aci_bridge_domain.prod_v0001",
            "aci_tenant.prod",
            "data.aci_tenant.common",
            "data.aci_vrf.prod"
          ]
        }
      ]
    },
    {
      "mode": "managed",
      "type": "aci_application_epg",
      "name": "nets_v0064",
      "provider": "provider[\"registry.terraform.io/ciscodevnet/aci\"]",
      "instances": [
        {
          "schema_version": 1,
          "attributes": {
            "annotation": "orchestrator:terraform",
            "application_profile_dn": "uni/tn-prod/ap-nets",
            "description": "OOBMgmt",
            "exception_tag": "",
            "flood_on_encap": "disabled",
            "fwd_ctrl": "",
            "has_mcast_source": "no",
            "id": "uni/tn-prod/ap-nets/epg-v0064",
            "is_attr_based_epg": "no",
            "match_t": "AtleastOne",
            "name": "v0064",
            "name_alias": "",
            "pc_enf_pref": "enforced",
            "pref_gr_memb": "include",
            "prio": "level3",
            "relation_fv_rs_aepg_mon_pol": "uni/tn-common/monepg-default",
            "relation_fv_rs_bd": "uni/tn-prod/BD-v0064",
            "relation_fv_rs_cons": null,
            "relation_fv_rs_cons_if": null,
            "relation_fv_rs_cust_qos_pol": null,
            "relation_fv_rs_dpp_pol": "",
            "relation_fv_rs_fc_path_att": null,
            "relation_fv_rs_graph_def": null,
            "relation_fv_rs_intra_epg": null,
            "relation_fv_rs_node_att": null,
            "relation_fv_rs_prot_by": null,
            "relation_fv_rs_prov": null,
            "relation_fv_rs_prov_def": null,
            "relation_fv_rs_sec_inherited": null,
            "relation_fv_rs_trust_ctrl": "",
            "shutdown": "no"
          },
          "sensitive_attributes": [],
          "private": "eyJzY2hlbWFfdmVyc2lvbiI6IjEifQ==",
          "dependencies": [
            "aci_application_profile.prod_nets",
            "aci_bridge_domain.prod_v0064",
            "aci_tenant.prod",
            "data.aci_tenant.common",
            "data.aci_vrf.prod"
          ]
        }
      ]
    },
    {
      "mode": "managed",
      "type": "aci_application_epg",
      "name": "nets_v0080",
      "provider": "provider[\"registry.terraform.io/ciscodevnet/aci\"]",
      "instances": [
        {
          "schema_version": 1,
          "attributes": {
            "annotation": "orchestrator:terraform",
            "application_profile_dn": "uni/tn-prod/ap-nets",
            "description": "Vlan80",
            "exception_tag": "",
            "flood_on_encap": "disabled",
            "fwd_ctrl": "",
            "has_mcast_source": "no",
            "id": "uni/tn-prod/ap-nets/epg-v0080",
            "is_attr_based_epg": "no",
            "match_t": "AtleastOne",
            "name": "v0080",
            "name_alias": "",
            "pc_enf_pref": "enforced",
            "pref_gr_memb": "include",
            "prio": "level3",
            "relation_fv_rs_aepg_mon_pol": "uni/tn-common/monepg-default",
            "relation_fv_rs_bd": "uni/tn-prod/BD-v0080",
            "relation_fv_rs_cons": null,
            "relation_fv_rs_cons_if": null,
            "relation_fv_rs_cust_qos_pol": null,
            "relation_fv_rs_dpp_pol": "",
            "relation_fv_rs_fc_path_att": null,
            "relation_fv_rs_graph_def": null,
            "relation_fv_rs_intra_epg": null,
            "relation_fv_rs_node_att": null,
            "relation_fv_rs_prot_by": null,
            "relation_fv_rs_prov": null,
            "relation_fv_rs_prov_def": null,
            "relation_fv_rs_sec_inherited": null,
            "relation_fv_rs_trust_ctrl": "",
            "shutdown": "no"
          },
          "sensitive_attributes": [],
          "private": "eyJzY2hlbWFfdmVyc2lvbiI6IjEifQ==",
          "dependencies": [
            "aci_application_profile.prod_nets",
            "aci_bridge_domain.prod_v0080",
            "aci_tenant.prod",
            "data.aci_tenant.common",
            "data.aci_vrf.prod"
          ]
        }
      ]
    },
    {
      "mode": "managed",
      "type": "aci_application_epg",
      "name": "nets_v0087",
      "provider": "provider[\"registry.terraform.io/ciscodevnet/aci\"]",
      "instances": [
        {
          "schema_version": 1,
          "attributes": {
            "annotation": "orchestrator:terraform",
            "application_profile_dn": "uni/tn-prod/ap-nets",
            "description": "",
            "exception_tag": "",
            "flood_on_encap": "disabled",
            "fwd_ctrl": "",
            "has_mcast_source": "no",
            "id": "uni/tn-prod/ap-nets/epg-v0087",
            "is_attr_based_epg": "no",
            "match_t": "AtleastOne",
            "name": "v0087",
            "name_alias": "",
            "pc_enf_pref": "enforced",
            "pref_gr_memb": "include",
            "prio": "level3",
            "relation_fv_rs_aepg_mon_pol": "uni/tn-common/monepg-default",
            "relation_fv_rs_bd": "uni/tn-prod/BD-v0087",
            "relation_fv_rs_cons": null,
            "relation_fv_rs_cons_if": null,
            "relation_fv_rs_cust_qos_pol": null,
            "relation_fv_rs_dpp_pol": "",
            "relation_fv_rs_fc_path_att": null,
            "relation_fv_rs_graph_def": null,
            "relation_fv_rs_intra_epg": null,
            "relation_fv_rs_node_att": null,
            "relation_fv_rs_prot_by": null,
            "relation_fv_rs_prov": null,
            "relation_fv_rs_prov_def": null,
            "relation_fv_rs_sec_inherited": null,
            "relation_fv_rs_trust_ctrl": "",
            "shutdown": "no"
          },
          "sensitive_attributes": [],
          "private": "eyJzY2hlbWFfdmVyc2lvbiI6IjEifQ==",
          "dependencies": [
            "aci_application_profile.prod_nets",
            "aci_bridge_domain.prod_v0087",
            "aci_tenant.prod",
            "data.aci_tenant.common",
            "data.aci_vrf.prod"
          ]
        }
      ]
    },
    {
      "mode": "managed",
      "type": "aci_application_epg",
      "name": "nets_v0090",
      "provider": "provider[\"registry.terraform.io/ciscodevnet/aci\"]",
      "instances": [
        {
          "schema_version": 1,
          "attributes": {
            "annotation": "orchestrator:terraform",
            "application_profile_dn": "uni/tn-prod/ap-nets",
            "description": "markStephensLab",
            "exception_tag": "",
            "flood_on_encap": "disabled",
            "fwd_ctrl": "",
            "has_mcast_source": "no",
            "id": "uni/tn-prod/ap-nets/epg-v0090",
            "is_attr_based_epg": "no",
            "match_t": "AtleastOne",
            "name": "v0090",
            "name_alias": "",
            "pc_enf_pref": "enforced",
            "pref_gr_memb": "include",
            "prio": "level3",
            "relation_fv_rs_aepg_mon_pol": "uni/tn-common/monepg-default",
            "relation_fv_rs_bd": "uni/tn-prod/BD-v0090",
            "relation_fv_rs_cons": null,
            "relation_fv_rs_cons_if": null,
            "relation_fv_rs_cust_qos_pol": null,
            "relation_fv_rs_dpp_pol": "",
            "relation_fv_rs_fc_path_att": null,
            "relation_fv_rs_graph_def": null,
            "relation_fv_rs_intra_epg": null,
            "relation_fv_rs_node_att": null,
            "relation_fv_rs_prot_by": null,
            "relation_fv_rs_prov": null,
            "relation_fv_rs_prov_def": null,
            "relation_fv_rs_sec_inherited": null,
            "relation_fv_rs_trust_ctrl": "",
            "shutdown": "no"
          },
          "sensitive_attributes": [],
          "private": "eyJzY2hlbWFfdmVyc2lvbiI6IjEifQ==",
          "dependencies": [
            "aci_application_profile.prod_nets",
            "aci_bridge_domain.prod_v0090",
            "aci_tenant.prod",
            "data.aci_tenant.common",
            "data.aci_vrf.prod"
          ]
        }
      ]
    },
    {
      "mode": "managed",
      "type": "aci_application_epg",
      "name": "nets_v0091",
      "provider": "provider[\"registry.terraform.io/ciscodevnet/aci\"]",
      "instances": [
        {
          "schema_version": 1,
          "attributes": {
            "annotation": "orchestrator:terraform",
            "application_profile_dn": "uni/tn-prod/ap-nets",
            "description": "paulMerlittiLab",
            "exception_tag": "",
            "flood_on_encap": "disabled",
            "fwd_ctrl": "",
            "has_mcast_source": "no",
            "id": "uni/tn-prod/ap-nets/epg-v0091",
            "is_attr_based_epg": "no",
            "match_t": "AtleastOne",
            "name": "v0091",
            "name_alias": "",
            "pc_enf_pref": "enforced",
            "pref_gr_memb": "include",
            "prio": "level3",
            "relation_fv_rs_aepg_mon_pol": "uni/tn-common/monepg-default",
            "relation_fv_rs_bd": "uni/tn-prod/BD-v0091",
            "relation_fv_rs_cons": null,
            "relation_fv_rs_cons_if": null,
            "relation_fv_rs_cust_qos_pol": null,
            "relation_fv_rs_dpp_pol": "",
            "relation_fv_rs_fc_path_att": null,
            "relation_fv_rs_graph_def": null,
            "relation_fv_rs_intra_epg": null,
            "relation_fv_rs_node_att": null,
            "relation_fv_rs_prot_by": null,
            "relation_fv_rs_prov": null,
            "relation_fv_rs_prov_def": null,
            "relation_fv_rs_sec_inherited": null,
            "relation_fv_rs_trust_ctrl": "",
            "shutdown": "no"
          },
          "sensitive_attributes": [],
          "private": "eyJzY2hlbWFfdmVyc2lvbiI6IjEifQ==",
          "dependencies": [
            "aci_application_profile.prod_nets",
            "aci_bridge_domain.prod_v0091",
            "aci_tenant.prod",
            "data.aci_tenant.common",
            "data.aci_vrf.prod"
          ]
        }
      ]
    },
    {
      "mode": "managed",
      "type": "aci_application_epg",
      "name": "nets_v0110",
      "provider": "provider[\"registry.terraform.io/ciscodevnet/aci\"]",
      "instances": [
        {
          "schema_version": 1,
          "attributes": {
            "annotation": "orchestrator:terraform",
            "application_profile_dn": "uni/tn-prod/ap-nets",
            "description": "inBandMgmt",
            "exception_tag": "",
            "flood_on_encap": "disabled",
            "fwd_ctrl": "",
            "has_mcast_source": "no",
            "id": "uni/tn-prod/ap-nets/epg-v0110",
            "is_attr_based_epg": "no",
            "match_t": "AtleastOne",
            "name": "v0110",
            "name_alias": "",
            "pc_enf_pref": "enforced",
            "pref_gr_memb": "include",
            "prio": "level3",
            "relation_fv_rs_aepg_mon_pol": "uni/tn-common/monepg-default",
            "relation_fv_rs_bd": "uni/tn-prod/BD-v0110",
            "relation_fv_rs_cons": null,
            "relation_fv_rs_cons_if": null,
            "relation_fv_rs_cust_qos_pol": null,
            "relation_fv_rs_dpp_pol": "",
            "relation_fv_rs_fc_path_att": null,
            "relation_fv_rs_graph_def": null,
            "relation_fv_rs_intra_epg": null,
            "relation_fv_rs_node_att": null,
            "relation_fv_rs_prot_by": null,
            "relation_fv_rs_prov": null,
            "relation_fv_rs_prov_def": null,
            "relation_fv_rs_sec_inherited": null,
            "relation_fv_rs_trust_ctrl": "",
            "shutdown": "no"
          },
          "sensitive_attributes": [],
          "private": "eyJzY2hlbWFfdmVyc2lvbiI6IjEifQ==",
          "dependencies": [
            "aci_application_profile.prod_nets",
            "aci_bridge_domain.prod_v0110",
            "aci_tenant.prod",
            "data.aci_tenant.common",
            "data.aci_vrf.prod"
          ]
        }
      ]
    },
    {
      "mode": "managed",
      "type": "aci_application_epg",
      "name": "nets_v0136",
      "provider": "provider[\"registry.terraform.io/ciscodevnet/aci\"]",
      "instances": [
        {
          "schema_version": 1,
          "attributes": {
            "annotation": "orchestrator:terraform",
            "application_profile_dn": "uni/tn-prod/ap-nets",
            "description": "",
            "exception_tag": "",
            "flood_on_encap": "disabled",
            "fwd_ctrl": "",
            "has_mcast_source": "no",
            "id": "uni/tn-prod/ap-nets/epg-v0136",
            "is_attr_based_epg": "no",
            "match_t": "AtleastOne",
            "name": "v0136",
            "name_alias": "",
            "pc_enf_pref": "enforced",
            "pref_gr_memb": "include",
            "prio": "level3",
            "relation_fv_rs_aepg_mon_pol": "uni/tn-common/monepg-default",
            "relation_fv_rs_bd": "uni/tn-prod/BD-v0136",
            "relation_fv_rs_cons": null,
            "relation_fv_rs_cons_if": null,
            "relation_fv_rs_cust_qos_pol": null,
            "relation_fv_rs_dpp_pol": "",
            "relation_fv_rs_fc_path_att": null,
            "relation_fv_rs_graph_def": null,
            "relation_fv_rs_intra_epg": null,
            "relation_fv_rs_node_att": null,
            "relation_fv_rs_prot_by": null,
            "relation_fv_rs_prov": null,
            "relation_fv_rs_prov_def": null,
            "relation_fv_rs_sec_inherited": null,
            "relation_fv_rs_trust_ctrl": "",
            "shutdown": "no"
          },
          "sensitive_attributes": [],
          "private": "eyJzY2hlbWFfdmVyc2lvbiI6IjEifQ==",
          "dependencies": [
            "aci_application_profile.prod_nets",
            "aci_bridge_domain.prod_v0136",
            "aci_tenant.prod",
            "data.aci_tenant.common",
            "data.aci_vrf.prod"
          ]
        }
      ]
    },
    {
      "mode": "managed",
      "type": "aci_application_epg",
      "name": "nets_v0168",
      "provider": "provider[\"registry.terraform.io/ciscodevnet/aci\"]",
      "instances": [
        {
          "schema_version": 1,
          "attributes": {
            "annotation": "orchestrator:terraform",
            "application_profile_dn": "uni/tn-prod/ap-nets",
            "description": "Wakanda-inband.L3Out",
            "exception_tag": "",
            "flood_on_encap": "disabled",
            "fwd_ctrl": "",
            "has_mcast_source": "no",
            "id": "uni/tn-prod/ap-nets/epg-v0168",
            "is_attr_based_epg": "no",
            "match_t": "AtleastOne",
            "name": "v0168",
            "name_alias": "",
            "pc_enf_pref": "enforced",
            "pref_gr_memb": "include",
            "prio": "level3",
            "relation_fv_rs_aepg_mon_pol": "uni/tn-common/monepg-default",
            "relation_fv_rs_bd": "uni/tn-prod/BD-v0168",
            "relation_fv_rs_cons": null,
            "relation_fv_rs_cons_if": null,
            "relation_fv_rs_cust_qos_pol": null,
            "relation_fv_rs_dpp_pol": "",
            "relation_fv_rs_fc_path_att": null,
            "relation_fv_rs_graph_def": null,
            "relation_fv_rs_intra_epg": null,
            "relation_fv_rs_node_att": null,
            "relation_fv_rs_prot_by": null,
            "relation_fv_rs_prov": null,
            "relation_fv_rs_prov_def": null,
            "relation_fv_rs_sec_inherited": null,
            "relation_fv_rs_trust_ctrl": "",
            "shutdown": "no"
          },
          "sensitive_attributes": [],
          "private": "eyJzY2hlbWFfdmVyc2lvbiI6IjEifQ==",
          "dependencies": [
            "aci_application_profile.prod_nets",
            "aci_bridge_domain.prod_v0168",
            "aci_tenant.prod",
            "data.aci_tenant.common",
            "data.aci_vrf.prod"
          ]
        }
      ]
    },
    {
      "mode": "managed",
      "type": "aci_application_epg",
      "name": "nets_v0169",
      "provider": "provider[\"registry.terraform.io/ciscodevnet/aci\"]",
      "instances": [
        {
          "schema_version": 1,
          "attributes": {
            "annotation": "orchestrator:terraform",
            "application_profile_dn": "uni/tn-prod/ap-nets",
            "description": "Asgard-inband.L3Out",
            "exception_tag": "",
            "flood_on_encap": "disabled",
            "fwd_ctrl": "",
            "has_mcast_source": "no",
            "id": "uni/tn-prod/ap-nets/epg-v0169",
            "is_attr_based_epg": "no",
            "match_t": "AtleastOne",
            "name": "v0169",
            "name_alias": "",
            "pc_enf_pref": "enforced",
            "pref_gr_memb": "include",
            "prio": "level3",
            "relation_fv_rs_aepg_mon_pol": "uni/tn-common/monepg-default",
            "relation_fv_rs_bd": "uni/tn-prod/BD-v0169",
            "relation_fv_rs_cons": null,
            "relation_fv_rs_cons_if": null,
            "relation_fv_rs_cust_qos_pol": null,
            "relation_fv_rs_dpp_pol": "",
            "relation_fv_rs_fc_path_att": null,
            "relation_fv_rs_graph_def": null,
            "relation_fv_rs_intra_epg": null,
            "relation_fv_rs_node_att": null,
            "relation_fv_rs_prot_by": null,
            "relation_fv_rs_prov": null,
            "relation_fv_rs_prov_def": null,
            "relation_fv_rs_sec_inherited": null,
            "relation_fv_rs_trust_ctrl": "",
            "shutdown": "no"
          },
          "sensitive_attributes": [],
          "private": "eyJzY2hlbWFfdmVyc2lvbiI6IjEifQ==",
          "dependencies": [
            "aci_application_profile.prod_nets",
            "aci_bridge_domain.prod_v0169",
            "aci_tenant.prod",
            "data.aci_tenant.common",
            "data.aci_vrf.prod"
          ]
        }
      ]
    },
    {
      "mode": "managed",
      "type": "aci_application_epg",
      "name": "nets_v0691",
      "provider": "provider[\"registry.terraform.io/ciscodevnet/aci\"]",
      "instances": [
        {
          "schema_version": 1,
          "attributes": {
            "annotation": "orchestrator:terraform",
            "application_profile_dn": "uni/tn-prod/ap-nets",
            "description": "Stprage",
            "exception_tag": "",
            "flood_on_encap": "disabled",
            "fwd_ctrl": "",
            "has_mcast_source": "no",
            "id": "uni/tn-prod/ap-nets/epg-v0691",
            "is_attr_based_epg": "no",
            "match_t": "AtleastOne",
            "name": "v0691",
            "name_alias": "",
            "pc_enf_pref": "enforced",
            "pref_gr_memb": "include",
            "prio": "level3",
            "relation_fv_rs_aepg_mon_pol": "uni/tn-common/monepg-default",
            "relation_fv_rs_bd": "uni/tn-prod/BD-v0691",
            "relation_fv_rs_cons": null,
            "relation_fv_rs_cons_if": null,
            "relation_fv_rs_cust_qos_pol": null,
            "relation_fv_rs_dpp_pol": "",
            "relation_fv_rs_fc_path_att": null,
            "relation_fv_rs_graph_def": null,
            "relation_fv_rs_intra_epg": null,
            "relation_fv_rs_node_att": null,
            "relation_fv_rs_prot_by": null,
            "relation_fv_rs_prov": null,
            "relation_fv_rs_prov_def": null,
            "relation_fv_rs_sec_inherited": null,
            "relation_fv_rs_trust_ctrl": "",
            "shutdown": "no"
          },
          "sensitive_attributes": [],
          "private": "eyJzY2hlbWFfdmVyc2lvbiI6IjEifQ==",
          "dependencies": [
            "aci_application_profile.prod_nets",
            "aci_bridge_domain.prod_v0691",
            "aci_tenant.prod",
            "data.aci_tenant.common",
            "data.aci_vrf.prod"
          ]
        }
      ]
    },
    {
      "mode": "managed",
      "type": "aci_application_epg",
      "name": "nets_v0811",
      "provider": "provider[\"registry.terraform.io/ciscodevnet/aci\"]",
      "instances": [
        {
          "schema_version": 1,
          "attributes": {
            "annotation": "orchestrator:terraform",
            "application_profile_dn": "uni/tn-prod/ap-nets",
            "description": "Stretched_vl811",
            "exception_tag": "",
            "flood_on_encap": "disabled",
            "fwd_ctrl": "",
            "has_mcast_source": "no",
            "id": "uni/tn-prod/ap-nets/epg-v0811",
            "is_attr_based_epg": "no",
            "match_t": "AtleastOne",
            "name": "v0811",
            "name_alias": "",
            "pc_enf_pref": "enforced",
            "pref_gr_memb": "include",
            "prio": "level3",
            "relation_fv_rs_aepg_mon_pol": "uni/tn-common/monepg-default",
            "relation_fv_rs_bd": "uni/tn-prod/BD-v0811",
            "relation_fv_rs_cons": null,
            "relation_fv_rs_cons_if": null,
            "relation_fv_rs_cust_qos_pol": null,
            "relation_fv_rs_dpp_pol": "",
            "relation_fv_rs_fc_path_att": null,
            "relation_fv_rs_graph_def": null,
            "relation_fv_rs_intra_epg": null,
            "relation_fv_rs_node_att": null,
            "relation_fv_rs_prot_by": null,
            "relation_fv_rs_prov": null,
            "relation_fv_rs_prov_def": null,
            "relation_fv_rs_sec_inherited": null,
            "relation_fv_rs_trust_ctrl": "",
            "shutdown": "no"
          },
          "sensitive_attributes": [],
          "private": "eyJzY2hlbWFfdmVyc2lvbiI6IjEifQ==",
          "dependencies": [
            "aci_application_profile.prod_nets",
            "aci_bridge_domain.prod_v0811",
            "aci_tenant.prod",
            "data.aci_tenant.common",
            "data.aci_vrf.prod"
          ]
        }
      ]
    },
    {
      "mode": "managed",
      "type": "aci_application_epg",
      "name": "nets_v0812",
      "provider": "provider[\"registry.terraform.io/ciscodevnet/aci\"]",
      "instances": [
        {
          "schema_version": 1,
          "attributes": {
            "annotation": "orchestrator:terraform",
            "application_profile_dn": "uni/tn-prod/ap-nets",
            "description": "Loki",
            "exception_tag": "",
            "flood_on_encap": "disabled",
            "fwd_ctrl": "",
            "has_mcast_source": "no",
            "id": "uni/tn-prod/ap-nets/epg-v0812",
            "is_attr_based_epg": "no",
            "match_t": "AtleastOne",
            "name": "v0812",
            "name_alias": "",
            "pc_enf_pref": "enforced",
            "pref_gr_memb": "include",
            "prio": "level3",
            "relation_fv_rs_aepg_mon_pol": "uni/tn-common/monepg-default",
            "relation_fv_rs_bd": "uni/tn-prod/BD-v0812",
            "relation_fv_rs_cons": null,
            "relation_fv_rs_cons_if": null,
            "relation_fv_rs_cust_qos_pol": null,
            "relation_fv_rs_dpp_pol": "",
            "relation_fv_rs_fc_path_att": null,
            "relation_fv_rs_graph_def": null,
            "relation_fv_rs_intra_epg": null,
            "relation_fv_rs_node_att": null,
            "relation_fv_rs_prot_by": null,
            "relation_fv_rs_prov": null,
            "relation_fv_rs_prov_def": null,
            "relation_fv_rs_sec_inherited": null,
            "relation_fv_rs_trust_ctrl": "",
            "shutdown": "no"
          },
          "sensitive_attributes": [],
          "private": "eyJzY2hlbWFfdmVyc2lvbiI6IjEifQ==",
          "dependencies": [
            "aci_application_profile.prod_nets",
            "aci_bridge_domain.prod_v0812",
            "aci_tenant.prod",
            "data.aci_tenant.common",
            "data.aci_vrf.prod"
          ]
        }
      ]
    },
    {
      "mode": "managed",
      "type": "aci_application_epg",
      "name": "nets_v0997",
      "provider": "provider[\"registry.terraform.io/ciscodevnet/aci\"]",
      "instances": [
        {
          "schema_version": 1,
          "attributes": {
            "annotation": "orchestrator:terraform",
            "application_profile_dn": "uni/tn-prod/ap-nets",
            "description": "coreL3Peer",
            "exception_tag": "",
            "flood_on_encap": "disabled",
            "fwd_ctrl": "",
            "has_mcast_source": "no",
            "id": "uni/tn-prod/ap-nets/epg-v0997",
            "is_attr_based_epg": "no",
            "match_t": "AtleastOne",
            "name": "v0997",
            "name_alias": "",
            "pc_enf_pref": "enforced",
            "pref_gr_memb": "include",
            "prio": "level3",
            "relation_fv_rs_aepg_mon_pol": "uni/tn-common/monepg-default",
            "relation_fv_rs_bd": "uni/tn-prod/BD-v0997",
            "relation_fv_rs_cons": null,
            "relation_fv_rs_cons_if": null,
            "relation_fv_rs_cust_qos_pol": null,
            "relation_fv_rs_dpp_pol": "",
            "relation_fv_rs_fc_path_att": null,
            "relation_fv_rs_graph_def": null,
            "relation_fv_rs_intra_epg": null,
            "relation_fv_rs_node_att": null,
            "relation_fv_rs_prot_by": null,
            "relation_fv_rs_prov": null,
            "relation_fv_rs_prov_def": null,
            "relation_fv_rs_sec_inherited": null,
            "relation_fv_rs_trust_ctrl": "",
            "shutdown": "no"
          },
          "sensitive_attributes": [],
          "private": "eyJzY2hlbWFfdmVyc2lvbiI6IjEifQ==",
          "dependencies": [
            "aci_application_profile.prod_nets",
            "aci_bridge_domain.prod_v0997",
            "aci_tenant.prod",
            "data.aci_tenant.common",
            "data.aci_vrf.prod"
          ]
        }
      ]
    },
    {
      "mode": "managed",
      "type": "aci_application_epg",
      "name": "nets_v0998",
      "provider": "provider[\"registry.terraform.io/ciscodevnet/aci\"]",
      "instances": [
        {
          "schema_version": 1,
          "attributes": {
            "annotation": "orchestrator:terraform",
            "application_profile_dn": "uni/tn-prod/ap-nets",
            "description": "coreL3Peer",
            "exception_tag": "",
            "flood_on_encap": "disabled",
            "fwd_ctrl": "",
            "has_mcast_source": "no",
            "id": "uni/tn-prod/ap-nets/epg-v0998",
            "is_attr_based_epg": "no",
            "match_t": "AtleastOne",
            "name": "v0998",
            "name_alias": "",
            "pc_enf_pref": "enforced",
            "pref_gr_memb": "include",
            "prio": "level3",
            "relation_fv_rs_aepg_mon_pol": "uni/tn-common/monepg-default",
            "relation_fv_rs_bd": "uni/tn-prod/BD-v0998",
            "relation_fv_rs_cons": null,
            "relation_fv_rs_cons_if": null,
            "relation_fv_rs_cust_qos_pol": null,
            "relation_fv_rs_dpp_pol": "",
            "relation_fv_rs_fc_path_att": null,
            "relation_fv_rs_graph_def": null,
            "relation_fv_rs_intra_epg": null,
            "relation_fv_rs_node_att": null,
            "relation_fv_rs_prot_by": null,
            "relation_fv_rs_prov": null,
            "relation_fv_rs_prov_def": null,
            "relation_fv_rs_sec_inherited": null,
            "relation_fv_rs_trust_ctrl": "",
            "shutdown": "no"
          },
          "sensitive_attributes": [],
          "private": "eyJzY2hlbWFfdmVyc2lvbiI6IjEifQ==",
          "dependencies": [
            "aci_application_profile.prod_nets",
            "aci_bridge_domain.prod_v0998",
            "aci_tenant.prod",
            "data.aci_tenant.common",
            "data.aci_vrf.prod"
          ]
        }
      ]
    },
    {
      "mode": "managed",
      "type": "aci_application_epg",
      "name": "nets_v3001",
      "provider": "provider[\"registry.terraform.io/ciscodevnet/aci\"]",
      "instances": [
        {
          "schema_version": 1,
          "attributes": {
            "annotation": "orchestrator:terraform",
            "application_profile_dn": "uni/tn-prod/ap-nets",
            "description": "inside",
            "exception_tag": "",
            "flood_on_encap": "disabled",
            "fwd_ctrl": "",
            "has_mcast_source": "no",
            "id": "uni/tn-prod/ap-nets/epg-v3001",
            "is_attr_based_epg": "no",
            "match_t": "AtleastOne",
            "name": "v3001",
            "name_alias": "",
            "pc_enf_pref": "enforced",
            "pref_gr_memb": "include",
            "prio": "level3",
            "relation_fv_rs_aepg_mon_pol": "uni/tn-common/monepg-default",
            "relation_fv_rs_bd": "uni/tn-prod/BD-v3001",
            "relation_fv_rs_cons": null,
            "relation_fv_rs_cons_if": null,
            "relation_fv_rs_cust_qos_pol": null,
            "relation_fv_rs_dpp_pol": "",
            "relation_fv_rs_fc_path_att": null,
            "relation_fv_rs_graph_def": null,
            "relation_fv_rs_intra_epg": null,
            "relation_fv_rs_node_att": null,
            "relation_fv_rs_prot_by": null,
            "relation_fv_rs_prov": null,
            "relation_fv_rs_prov_def": null,
            "relation_fv_rs_sec_inherited": null,
            "relation_fv_rs_trust_ctrl": "",
            "shutdown": "no"
          },
          "sensitive_attributes": [],
          "private": "eyJzY2hlbWFfdmVyc2lvbiI6IjEifQ==",
          "dependencies": [
            "aci_application_profile.prod_nets",
            "aci_bridge_domain.prod_v3001",
            "aci_tenant.prod",
            "data.aci_tenant.common",
            "data.aci_vrf.prod"
          ]
        }
      ]
    },
    {
      "mode": "managed",
      "type": "aci_application_epg",
      "name": "nets_v3003",
      "provider": "provider[\"registry.terraform.io/ciscodevnet/aci\"]",
      "instances": [
        {
          "schema_version": 1,
          "attributes": {
            "annotation": "orchestrator:terraform",
            "application_profile_dn": "uni/tn-prod/ap-nets",
            "description": "",
            "exception_tag": "",
            "flood_on_encap": "disabled",
            "fwd_ctrl": "",
            "has_mcast_source": "no",
            "id": "uni/tn-prod/ap-nets/epg-v3003",
            "is_attr_based_epg": "no",
            "match_t": "AtleastOne",
            "name": "v3003",
            "name_alias": "",
            "pc_enf_pref": "enforced",
            "pref_gr_memb": "include",
            "prio": "level3",
            "relation_fv_rs_aepg_mon_pol": "uni/tn-common/monepg-default",
            "relation_fv_rs_bd": "uni/tn-prod/BD-v3003",
            "relation_fv_rs_cons": null,
            "relation_fv_rs_cons_if": null,
            "relation_fv_rs_cust_qos_pol": null,
            "relation_fv_rs_dpp_pol": "",
            "relation_fv_rs_fc_path_att": null,
            "relation_fv_rs_graph_def": null,
            "relation_fv_rs_intra_epg": null,
            "relation_fv_rs_node_att": null,
            "relation_fv_rs_prot_by": null,
            "relation_fv_rs_prov": null,
            "relation_fv_rs_prov_def": null,
            "relation_fv_rs_sec_inherited": null,
            "relation_fv_rs_trust_ctrl": "",
            "shutdown": "no"
          },
          "sensitive_attributes": [],
          "private": "eyJzY2hlbWFfdmVyc2lvbiI6IjEifQ==",
          "dependencies": [
            "aci_application_profile.prod_nets",
            "aci_bridge_domain.prod_v3003",
            "aci_tenant.prod",
            "data.aci_tenant.common",
            "data.aci_vrf.prod"
          ]
        }
      ]
    },
    {
      "mode": "managed",
      "type": "aci_application_epg",
      "name": "nets_v3004",
      "provider": "provider[\"registry.terraform.io/ciscodevnet/aci\"]",
      "instances": [
        {
          "schema_version": 1,
          "attributes": {
            "annotation": "orchestrator:terraform",
            "application_profile_dn": "uni/tn-prod/ap-nets",
            "description": "ASE_Data",
            "exception_tag": "",
            "flood_on_encap": "disabled",
            "fwd_ctrl": "",
            "has_mcast_source": "no",
            "id": "uni/tn-prod/ap-nets/epg-v3004",
            "is_attr_based_epg": "no",
            "match_t": "AtleastOne",
            "name": "v3004",
            "name_alias": "",
            "pc_enf_pref": "enforced",
            "pref_gr_memb": "include",
            "prio": "level3",
            "relation_fv_rs_aepg_mon_pol": "uni/tn-common/monepg-default",
            "relation_fv_rs_bd": "uni/tn-prod/BD-v3004",
            "relation_fv_rs_cons": null,
            "relation_fv_rs_cons_if": null,
            "relation_fv_rs_cust_qos_pol": null,
            "relation_fv_rs_dpp_pol": "",
            "relation_fv_rs_fc_path_att": null,
            "relation_fv_rs_graph_def": null,
            "relation_fv_rs_intra_epg": null,
            "relation_fv_rs_node_att": null,
            "relation_fv_rs_prot_by": null,
            "relation_fv_rs_prov": null,
            "relation_fv_rs_prov_def": null,
            "relation_fv_rs_sec_inherited": null,
            "relation_fv_rs_trust_ctrl": "",
            "shutdown": "no"
          },
          "sensitive_attributes": [],
          "private": "eyJzY2hlbWFfdmVyc2lvbiI6IjEifQ==",
          "dependencies": [
            "aci_application_profile.prod_nets",
            "aci_bridge_domain.prod_v3004",
            "aci_tenant.prod",
            "data.aci_tenant.common",
            "data.aci_vrf.prod"
          ]
        }
      ]
    },
    {
      "mode": "managed",
      "type": "aci_application_epg",
      "name": "nets_v3006",
      "provider": "provider[\"registry.terraform.io/ciscodevnet/aci\"]",
      "instances": [
        {
          "schema_version": 1,
          "attributes": {
            "annotation": "orchestrator:terraform",
            "application_profile_dn": "uni/tn-prod/ap-nets",
            "description": "",
            "exception_tag": "",
            "flood_on_encap": "disabled",
            "fwd_ctrl": "",
            "has_mcast_source": "no",
            "id": "uni/tn-prod/ap-nets/epg-v3006",
            "is_attr_based_epg": "no",
            "match_t": "AtleastOne",
            "name": "v3006",
            "name_alias": "",
            "pc_enf_pref": "enforced",
            "pref_gr_memb": "include",
            "prio": "level3",
            "relation_fv_rs_aepg_mon_pol": "uni/tn-common/monepg-default",
            "relation_fv_rs_bd": "uni/tn-prod/BD-v3006",
            "relation_fv_rs_cons": null,
            "relation_fv_rs_cons_if": null,
            "relation_fv_rs_cust_qos_pol": null,
            "relation_fv_rs_dpp_pol": "",
            "relation_fv_rs_fc_path_att": null,
            "relation_fv_rs_graph_def": null,
            "relation_fv_rs_intra_epg": null,
            "relation_fv_rs_node_att": null,
            "relation_fv_rs_prot_by": null,
            "relation_fv_rs_prov": null,
            "relation_fv_rs_prov_def": null,
            "relation_fv_rs_sec_inherited": null,
            "relation_fv_rs_trust_ctrl": "",
            "shutdown": "no"
          },
          "sensitive_attributes": [],
          "private": "eyJzY2hlbWFfdmVyc2lvbiI6IjEifQ==",
          "dependencies": [
            "aci_application_profile.prod_nets",
            "aci_bridge_domain.prod_v3006",
            "aci_tenant.prod",
            "data.aci_tenant.common",
            "data.aci_vrf.prod"
          ]
        }
      ]
    },
    {
      "mode": "managed",
      "type": "aci_application_epg",
      "name": "nets_v3007",
      "provider": "provider[\"registry.terraform.io/ciscodevnet/aci\"]",
      "instances": [
        {
          "schema_version": 1,
          "attributes": {
            "annotation": "orchestrator:terraform",
            "application_profile_dn": "uni/tn-prod/ap-nets",
            "description": "",
            "exception_tag": "",
            "flood_on_encap": "disabled",
            "fwd_ctrl": "",
            "has_mcast_source": "no",
            "id": "uni/tn-prod/ap-nets/epg-v3007",
            "is_attr_based_epg": "no",
            "match_t": "AtleastOne",
            "name": "v3007",
            "name_alias": "",
            "pc_enf_pref": "enforced",
            "pref_gr_memb": "include",
            "prio": "level3",
            "relation_fv_rs_aepg_mon_pol": "uni/tn-common/monepg-default",
            "relation_fv_rs_bd": "uni/tn-prod/BD-v3007",
            "relation_fv_rs_cons": null,
            "relation_fv_rs_cons_if": null,
            "relation_fv_rs_cust_qos_pol": null,
            "relation_fv_rs_dpp_pol": "",
            "relation_fv_rs_fc_path_att": null,
            "relation_fv_rs_graph_def": null,
            "relation_fv_rs_intra_epg": null,
            "relation_fv_rs_node_att": null,
            "relation_fv_rs_prot_by": null,
            "relation_fv_rs_prov": null,
            "relation_fv_rs_prov_def": null,
            "relation_fv_rs_sec_inherited": null,
            "relation_fv_rs_trust_ctrl": "",
            "shutdown": "no"
          },
          "sensitive_attributes": [],
          "private": "eyJzY2hlbWFfdmVyc2lvbiI6IjEifQ==",
          "dependencies": [
            "aci_application_profile.prod_nets",
            "aci_bridge_domain.prod_v3007",
            "aci_tenant.prod",
            "data.aci_tenant.common",
            "data.aci_vrf.prod"
          ]
        }
      ]
    },
    {
      "mode": "managed",
      "type": "aci_application_epg",
      "name": "nets_v3011",
      "provider": "provider[\"registry.terraform.io/ciscodevnet/aci\"]",
      "instances": [
        {
          "schema_version": 1,
          "attributes": {
            "annotation": "orchestrator:terraform",
            "application_profile_dn": "uni/tn-prod/ap-nets",
            "description": "",
            "exception_tag": "",
            "flood_on_encap": "disabled",
            "fwd_ctrl": "",
            "has_mcast_source": "no",
            "id": "uni/tn-prod/ap-nets/epg-v3011",
            "is_attr_based_epg": "no",
            "match_t": "AtleastOne",
            "name": "v3011",
            "name_alias": "",
            "pc_enf_pref": "enforced",
            "pref_gr_memb": "include",
            "prio": "level3",
            "relation_fv_rs_aepg_mon_pol": "uni/tn-common/monepg-default",
            "relation_fv_rs_bd": "uni/tn-prod/BD-v3011",
            "relation_fv_rs_cons": null,
            "relation_fv_rs_cons_if": null,
            "relation_fv_rs_cust_qos_pol": null,
            "relation_fv_rs_dpp_pol": "",
            "relation_fv_rs_fc_path_att": null,
            "relation_fv_rs_graph_def": null,
            "relation_fv_rs_intra_epg": null,
            "relation_fv_rs_node_att": null,
            "relation_fv_rs_prot_by": null,
            "relation_fv_rs_prov": null,
            "relation_fv_rs_prov_def": null,
            "relation_fv_rs_sec_inherited": null,
            "relation_fv_rs_trust_ctrl": "",
            "shutdown": "no"
          },
          "sensitive_attributes": [],
          "private": "eyJzY2hlbWFfdmVyc2lvbiI6IjEifQ==",
          "dependencies": [
            "aci_application_profile.prod_nets",
            "aci_bridge_domain.prod_v3011",
            "aci_tenant.prod",
            "data.aci_tenant.common",
            "data.aci_vrf.prod"
          ]
        }
      ]
    },
    {
      "mode": "managed",
      "type": "aci_application_epg",
      "name": "nets_v3019",
      "provider": "provider[\"registry.terraform.io/ciscodevnet/aci\"]",
      "instances": [
        {
          "schema_version": 1,
          "attributes": {
            "annotation": "orchestrator:terraform",
            "application_profile_dn": "uni/tn-prod/ap-nets",
            "description": "",
            "exception_tag": "",
            "flood_on_encap": "disabled",
            "fwd_ctrl": "",
            "has_mcast_source": "no",
            "id": "uni/tn-prod/ap-nets/epg-v3019",
            "is_attr_based_epg": "no",
            "match_t": "AtleastOne",
            "name": "v3019",
            "name_alias": "",
            "pc_enf_pref": "enforced",
            "pref_gr_memb": "include",
            "prio": "level3",
            "relation_fv_rs_aepg_mon_pol": "uni/tn-common/monepg-default",
            "relation_fv_rs_bd": "uni/tn-prod/BD-v3019",
            "relation_fv_rs_cons": null,
            "relation_fv_rs_cons_if": null,
            "relation_fv_rs_cust_qos_pol": null,
            "relation_fv_rs_dpp_pol": "",
            "relation_fv_rs_fc_path_att": null,
            "relation_fv_rs_graph_def": null,
            "relation_fv_rs_intra_epg": null,
            "relation_fv_rs_node_att": null,
            "relation_fv_rs_prot_by": null,
            "relation_fv_rs_prov": null,
            "relation_fv_rs_prov_def": null,
            "relation_fv_rs_sec_inherited": null,
            "relation_fv_rs_trust_ctrl": "",
            "shutdown": "no"
          },
          "sensitive_attributes": [],
          "private": "eyJzY2hlbWFfdmVyc2lvbiI6IjEifQ==",
          "dependencies": [
            "aci_application_profile.prod_nets",
            "aci_bridge_domain.prod_v3019",
            "aci_tenant.prod",
            "data.aci_tenant.common",
            "data.aci_vrf.prod"
          ]
        }
      ]
    },
    {
      "mode": "managed",
      "type": "aci_application_epg",
      "name": "nets_v3103",
      "provider": "provider[\"registry.terraform.io/ciscodevnet/aci\"]",
      "instances": [
        {
          "schema_version": 1,
          "attributes": {
            "annotation": "orchestrator:terraform",
            "application_profile_dn": "uni/tn-prod/ap-nets",
            "description": "vMotion",
            "exception_tag": "",
            "flood_on_encap": "disabled",
            "fwd_ctrl": "",
            "has_mcast_source": "no",
            "id": "uni/tn-prod/ap-nets/epg-v3103",
            "is_attr_based_epg": "no",
            "match_t": "AtleastOne",
            "name": "v3103",
            "name_alias": "",
            "pc_enf_pref": "enforced",
            "pref_gr_memb": "include",
            "prio": "level3",
            "relation_fv_rs_aepg_mon_pol": "uni/tn-common/monepg-default",
            "relation_fv_rs_bd": "uni/tn-prod/BD-v3103",
            "relation_fv_rs_cons": null,
            "relation_fv_rs_cons_if": null,
            "relation_fv_rs_cust_qos_pol": null,
            "relation_fv_rs_dpp_pol": "",
            "relation_fv_rs_fc_path_att": null,
            "relation_fv_rs_graph_def": null,
            "relation_fv_rs_intra_epg": null,
            "relation_fv_rs_node_att": null,
            "relation_fv_rs_prot_by": null,
            "relation_fv_rs_prov": null,
            "relation_fv_rs_prov_def": null,
            "relation_fv_rs_sec_inherited": null,
            "relation_fv_rs_trust_ctrl": "",
            "shutdown": "no"
          },
          "sensitive_attributes": [],
          "private": "eyJzY2hlbWFfdmVyc2lvbiI6IjEifQ==",
          "dependencies": [
            "aci_application_profile.prod_nets",
            "aci_bridge_domain.prod_v3103",
            "aci_tenant.prod",
            "data.aci_tenant.common",
            "data.aci_vrf.prod"
          ]
        }
      ]
    },
    {
      "mode": "managed",
      "type": "aci_application_epg",
      "name": "nets_v3910",
      "provider": "provider[\"registry.terraform.io/ciscodevnet/aci\"]",
      "instances": [
        {
          "schema_version": 1,
          "attributes": {
            "annotation": "orchestrator:terraform",
            "application_profile_dn": "uni/tn-prod/ap-nets",
            "description": "east-common-tenant-l3",
            "exception_tag": "",
            "flood_on_encap": "disabled",
            "fwd_ctrl": "",
            "has_mcast_source": "no",
            "id": "uni/tn-prod/ap-nets/epg-v3910",
            "is_attr_based_epg": "no",
            "match_t": "AtleastOne",
            "name": "v3910",
            "name_alias": "",
            "pc_enf_pref": "enforced",
            "pref_gr_memb": "include",
            "prio": "level3",
            "relation_fv_rs_aepg_mon_pol": "uni/tn-common/monepg-default",
            "relation_fv_rs_bd": "uni/tn-prod/BD-v3910",
            "relation_fv_rs_cons": null,
            "relation_fv_rs_cons_if": null,
            "relation_fv_rs_cust_qos_pol": null,
            "relation_fv_rs_dpp_pol": "",
            "relation_fv_rs_fc_path_att": null,
            "relation_fv_rs_graph_def": null,
            "relation_fv_rs_intra_epg": null,
            "relation_fv_rs_node_att": null,
            "relation_fv_rs_prot_by": null,
            "relation_fv_rs_prov": null,
            "relation_fv_rs_prov_def": null,
            "relation_fv_rs_sec_inherited": null,
            "relation_fv_rs_trust_ctrl": "",
            "shutdown": "no"
          },
          "sensitive_attributes": [],
          "private": "eyJzY2hlbWFfdmVyc2lvbiI6IjEifQ==",
          "dependencies": [
            "aci_application_profile.prod_nets",
            "aci_bridge_domain.prod_v3910",
            "aci_tenant.prod",
            "data.aci_tenant.common",
            "data.aci_vrf.prod"
          ]
        }
      ]
    },
    {
      "mode": "managed",
      "type": "aci_application_epg",
      "name": "nets_v3960",
      "provider": "provider[\"registry.terraform.io/ciscodevnet/aci\"]",
      "instances": [
        {
          "schema_version": 1,
          "attributes": {
            "annotation": "orchestrator:terraform",
            "application_profile_dn": "uni/tn-prod/ap-nets",
            "description": "Asgard.Common.HNB.L3Out",
            "exception_tag": "",
            "flood_on_encap": "disabled",
            "fwd_ctrl": "",
            "has_mcast_source": "no",
            "id": "uni/tn-prod/ap-nets/epg-v3960",
            "is_attr_based_epg": "no",
            "match_t": "AtleastOne",
            "name": "v3960",
            "name_alias": "",
            "pc_enf_pref": "enforced",
            "pref_gr_memb": "include",
            "prio": "level3",
            "relation_fv_rs_aepg_mon_pol": "uni/tn-common/monepg-default",
            "relation_fv_rs_bd": "uni/tn-prod/BD-v3960",
            "relation_fv_rs_cons": null,
            "relation_fv_rs_cons_if": null,
            "relation_fv_rs_cust_qos_pol": null,
            "relation_fv_rs_dpp_pol": "",
            "relation_fv_rs_fc_path_att": null,
            "relation_fv_rs_graph_def": null,
            "relation_fv_rs_intra_epg": null,
            "relation_fv_rs_node_att": null,
            "relation_fv_rs_prot_by": null,
            "relation_fv_rs_prov": null,
            "relation_fv_rs_prov_def": null,
            "relation_fv_rs_sec_inherited": null,
            "relation_fv_rs_trust_ctrl": "",
            "shutdown": "no"
          },
          "sensitive_attributes": [],
          "private": "eyJzY2hlbWFfdmVyc2lvbiI6IjEifQ==",
          "dependencies": [
            "aci_application_profile.prod_nets",
            "aci_bridge_domain.prod_v3960",
            "aci_tenant.prod",
            "data.aci_tenant.common",
            "data.aci_vrf.prod"
          ]
        }
      ]
    },
    {
      "mode": "managed",
      "type": "aci_application_epg",
      "name": "nets_v3961",
      "provider": "provider[\"registry.terraform.io/ciscodevnet/aci\"]",
      "instances": [
        {
          "schema_version": 1,
          "attributes": {
            "annotation": "orchestrator:terraform",
            "application_profile_dn": "uni/tn-prod/ap-nets",
            "description": "Wakanda.Common.HNB.L3Out",
            "exception_tag": "",
            "flood_on_encap": "disabled",
            "fwd_ctrl": "",
            "has_mcast_source": "no",
            "id": "uni/tn-prod/ap-nets/epg-v3961",
            "is_attr_based_epg": "no",
            "match_t": "AtleastOne",
            "name": "v3961",
            "name_alias": "",
            "pc_enf_pref": "enforced",
            "pref_gr_memb": "include",
            "prio": "level3",
            "relation_fv_rs_aepg_mon_pol": "uni/tn-common/monepg-default",
            "relation_fv_rs_bd": "uni/tn-prod/BD-v3961",
            "relation_fv_rs_cons": null,
            "relation_fv_rs_cons_if": null,
            "relation_fv_rs_cust_qos_pol": null,
            "relation_fv_rs_dpp_pol": "",
            "relation_fv_rs_fc_path_att": null,
            "relation_fv_rs_graph_def": null,
            "relation_fv_rs_intra_epg": null,
            "relation_fv_rs_node_att": null,
            "relation_fv_rs_prot_by": null,
            "relation_fv_rs_prov": null,
            "relation_fv_rs_prov_def": null,
            "relation_fv_rs_sec_inherited": null,
            "relation_fv_rs_trust_ctrl": "",
            "shutdown": "no"
          },
          "sensitive_attributes": [],
          "private": "eyJzY2hlbWFfdmVyc2lvbiI6IjEifQ==",
          "dependencies": [
            "aci_application_profile.prod_nets",
            "aci_bridge_domain.prod_v3961",
            "aci_tenant.prod",
            "data.aci_tenant.common",
            "data.aci_vrf.prod"
          ]
        }
      ]
    },
    {
      "mode": "managed",
      "type": "aci_application_epg",
      "name": "nets_v3962",
      "provider": "provider[\"registry.terraform.io/ciscodevnet/aci\"]",
      "instances": [
        {
          "schema_version": 1,
          "attributes": {
            "annotation": "orchestrator:terraform",
            "application_profile_dn": "uni/tn-prod/ap-nets",
            "description": "Wakanda.Mercy.L3Out",
            "exception_tag": "",
            "flood_on_encap": "disabled",
            "fwd_ctrl": "",
            "has_mcast_source": "no",
            "id": "uni/tn-prod/ap-nets/epg-v3962",
            "is_attr_based_epg": "no",
            "match_t": "AtleastOne",
            "name": "v3962",
            "name_alias": "",
            "pc_enf_pref": "enforced",
            "pref_gr_memb": "include",
            "prio": "level3",
            "relation_fv_rs_aepg_mon_pol": "uni/tn-common/monepg-default",
            "relation_fv_rs_bd": "uni/tn-prod/BD-v3962",
            "relation_fv_rs_cons": null,
            "relation_fv_rs_cons_if": null,
            "relation_fv_rs_cust_qos_pol": null,
            "relation_fv_rs_dpp_pol": "",
            "relation_fv_rs_fc_path_att": null,
            "relation_fv_rs_graph_def": null,
            "relation_fv_rs_intra_epg": null,
            "relation_fv_rs_node_att": null,
            "relation_fv_rs_prot_by": null,
            "relation_fv_rs_prov": null,
            "relation_fv_rs_prov_def": null,
            "relation_fv_rs_sec_inherited": null,
            "relation_fv_rs_trust_ctrl": "",
            "shutdown": "no"
          },
          "sensitive_attributes": [],
          "private": "eyJzY2hlbWFfdmVyc2lvbiI6IjEifQ==",
          "dependencies": [
            "aci_application_profile.prod_nets",
            "aci_bridge_domain.prod_v3962",
            "aci_tenant.prod",
            "data.aci_tenant.common",
            "data.aci_vrf.prod"
          ]
        }
      ]
    },
    {
      "mode": "managed",
      "type": "aci_application_epg",
      "name": "nets_v3963",
      "provider": "provider[\"registry.terraform.io/ciscodevnet/aci\"]",
      "instances": [
        {
          "schema_version": 1,
          "attributes": {
            "annotation": "orchestrator:terraform",
            "application_profile_dn": "uni/tn-prod/ap-nets",
            "description": "Asgard.Mercy.L3Out",
            "exception_tag": "",
            "flood_on_encap": "disabled",
            "fwd_ctrl": "",
            "has_mcast_source": "no",
            "id": "uni/tn-prod/ap-nets/epg-v3963",
            "is_attr_based_epg": "no",
            "match_t": "AtleastOne",
            "name": "v3963",
            "name_alias": "",
            "pc_enf_pref": "enforced",
            "pref_gr_memb": "include",
            "prio": "level3",
            "relation_fv_rs_aepg_mon_pol": "uni/tn-common/monepg-default",
            "relation_fv_rs_bd": "uni/tn-prod/BD-v3963",
            "relation_fv_rs_cons": null,
            "relation_fv_rs_cons_if": null,
            "relation_fv_rs_cust_qos_pol": null,
            "relation_fv_rs_dpp_pol": "",
            "relation_fv_rs_fc_path_att": null,
            "relation_fv_rs_graph_def": null,
            "relation_fv_rs_intra_epg": null,
            "relation_fv_rs_node_att": null,
            "relation_fv_rs_prot_by": null,
            "relation_fv_rs_prov": null,
            "relation_fv_rs_prov_def": null,
            "relation_fv_rs_sec_inherited": null,
            "relation_fv_rs_trust_ctrl": "",
            "shutdown": "no"
          },
          "sensitive_attributes": [],
          "private": "eyJzY2hlbWFfdmVyc2lvbiI6IjEifQ==",
          "dependencies": [
            "aci_application_profile.prod_nets",
            "aci_bridge_domain.prod_v3963",
            "aci_tenant.prod",
            "data.aci_tenant.common",
            "data.aci_vrf.prod"
          ]
        }
      ]
    },
    {
      "mode": "managed",
      "type": "aci_application_epg",
      "name": "nets_v3964",
      "provider": "provider[\"registry.terraform.io/ciscodevnet/aci\"]",
      "instances": [
        {
          "schema_version": 1,
          "attributes": {
            "annotation": "orchestrator:terraform",
            "application_profile_dn": "uni/tn-prod/ap-nets",
            "description": "Wakanda.HNB.L3Out",
            "exception_tag": "",
            "flood_on_encap": "disabled",
            "fwd_ctrl": "",
            "has_mcast_source": "no",
            "id": "uni/tn-prod/ap-nets/epg-v3964",
            "is_attr_based_epg": "no",
            "match_t": "AtleastOne",
            "name": "v3964",
            "name_alias": "",
            "pc_enf_pref": "enforced",
            "pref_gr_memb": "include",
            "prio": "level3",
            "relation_fv_rs_aepg_mon_pol": "uni/tn-common/monepg-default",
            "relation_fv_rs_bd": "uni/tn-prod/BD-v3964",
            "relation_fv_rs_cons": null,
            "relation_fv_rs_cons_if": null,
            "relation_fv_rs_cust_qos_pol": null,
            "relation_fv_rs_dpp_pol": "",
            "relation_fv_rs_fc_path_att": null,
            "relation_fv_rs_graph_def": null,
            "relation_fv_rs_intra_epg": null,
            "relation_fv_rs_node_att": null,
            "relation_fv_rs_prot_by": null,
            "relation_fv_rs_prov": null,
            "relation_fv_rs_prov_def": null,
            "relation_fv_rs_sec_inherited": null,
            "relation_fv_rs_trust_ctrl": "",
            "shutdown": "no"
          },
          "sensitive_attributes": [],
          "private": "eyJzY2hlbWFfdmVyc2lvbiI6IjEifQ==",
          "dependencies": [
            "aci_application_profile.prod_nets",
            "aci_bridge_domain.prod_v3964",
            "aci_tenant.prod",
            "data.aci_tenant.common",
            "data.aci_vrf.prod"
          ]
        }
      ]
    },
    {
      "mode": "managed",
      "type": "aci_application_epg",
      "name": "nets_v3965",
      "provider": "provider[\"registry.terraform.io/ciscodevnet/aci\"]",
      "instances": [
        {
          "schema_version": 1,
          "attributes": {
            "annotation": "orchestrator:terraform",
            "application_profile_dn": "uni/tn-prod/ap-nets",
            "description": "Asgard.HNB.L3Out",
            "exception_tag": "",
            "flood_on_encap": "disabled",
            "fwd_ctrl": "",
            "has_mcast_source": "no",
            "id": "uni/tn-prod/ap-nets/epg-v3965",
            "is_attr_based_epg": "no",
            "match_t": "AtleastOne",
            "name": "v3965",
            "name_alias": "",
            "pc_enf_pref": "enforced",
            "pref_gr_memb": "include",
            "prio": "level3",
            "relation_fv_rs_aepg_mon_pol": "uni/tn-common/monepg-default",
            "relation_fv_rs_bd": "uni/tn-prod/BD-v3965",
            "relation_fv_rs_cons": null,
            "relation_fv_rs_cons_if": null,
            "relation_fv_rs_cust_qos_pol": null,
            "relation_fv_rs_dpp_pol": "",
            "relation_fv_rs_fc_path_att": null,
            "relation_fv_rs_graph_def": null,
            "relation_fv_rs_intra_epg": null,
            "relation_fv_rs_node_att": null,
            "relation_fv_rs_prot_by": null,
            "relation_fv_rs_prov": null,
            "relation_fv_rs_prov_def": null,
            "relation_fv_rs_sec_inherited": null,
            "relation_fv_rs_trust_ctrl": "",
            "shutdown": "no"
          },
          "sensitive_attributes": [],
          "private": "eyJzY2hlbWFfdmVyc2lvbiI6IjEifQ==",
          "dependencies": [
            "aci_application_profile.prod_nets",
            "aci_bridge_domain.prod_v3965",
            "aci_tenant.prod",
            "data.aci_tenant.common",
            "data.aci_vrf.prod"
          ]
        }
      ]
    },
    {
      "mode": "managed",
      "type": "aci_application_epg",
      "name": "nets_v3966",
      "provider": "provider[\"registry.terraform.io/ciscodevnet/aci\"]",
      "instances": [
        {
          "schema_version": 1,
          "attributes": {
            "annotation": "orchestrator:terraform",
            "application_profile_dn": "uni/tn-prod/ap-nets",
            "description": "Asgard_Common_L3Out",
            "exception_tag": "",
            "flood_on_encap": "disabled",
            "fwd_ctrl": "",
            "has_mcast_source": "no",
            "id": "uni/tn-prod/ap-nets/epg-v3966",
            "is_attr_based_epg": "no",
            "match_t": "AtleastOne",
            "name": "v3966",
            "name_alias": "",
            "pc_enf_pref": "enforced",
            "pref_gr_memb": "include",
            "prio": "level3",
            "relation_fv_rs_aepg_mon_pol": "uni/tn-common/monepg-default",
            "relation_fv_rs_bd": "uni/tn-prod/BD-v3966",
            "relation_fv_rs_cons": null,
            "relation_fv_rs_cons_if": null,
            "relation_fv_rs_cust_qos_pol": null,
            "relation_fv_rs_dpp_pol": "",
            "relation_fv_rs_fc_path_att": null,
            "relation_fv_rs_graph_def": null,
            "relation_fv_rs_intra_epg": null,
            "relation_fv_rs_node_att": null,
            "relation_fv_rs_prot_by": null,
            "relation_fv_rs_prov": null,
            "relation_fv_rs_prov_def": null,
            "relation_fv_rs_sec_inherited": null,
            "relation_fv_rs_trust_ctrl": "",
            "shutdown": "no"
          },
          "sensitive_attributes": [],
          "private": "eyJzY2hlbWFfdmVyc2lvbiI6IjEifQ==",
          "dependencies": [
            "aci_application_profile.prod_nets",
            "aci_bridge_domain.prod_v3966",
            "aci_tenant.prod",
            "data.aci_tenant.common",
            "data.aci_vrf.prod"
          ]
        }
      ]
    },
    {
      "mode": "managed",
      "type": "aci_application_epg",
      "name": "nets_v3967",
      "provider": "provider[\"registry.terraform.io/ciscodevnet/aci\"]",
      "instances": [
        {
          "schema_version": 1,
          "attributes": {
            "annotation": "orchestrator:terraform",
            "application_profile_dn": "uni/tn-prod/ap-nets",
            "description": "Asgard-Infra",
            "exception_tag": "",
            "flood_on_encap": "disabled",
            "fwd_ctrl": "",
            "has_mcast_source": "no",
            "id": "uni/tn-prod/ap-nets/epg-v3967",
            "is_attr_based_epg": "no",
            "match_t": "AtleastOne",
            "name": "v3967",
            "name_alias": "",
            "pc_enf_pref": "enforced",
            "pref_gr_memb": "include",
            "prio": "level3",
            "relation_fv_rs_aepg_mon_pol": "uni/tn-common/monepg-default",
            "relation_fv_rs_bd": "uni/tn-prod/BD-v3967",
            "relation_fv_rs_cons": null,
            "relation_fv_rs_cons_if": null,
            "relation_fv_rs_cust_qos_pol": null,
            "relation_fv_rs_dpp_pol": "",
            "relation_fv_rs_fc_path_att": null,
            "relation_fv_rs_graph_def": null,
            "relation_fv_rs_intra_epg": null,
            "relation_fv_rs_node_att": null,
            "relation_fv_rs_prot_by": null,
            "relation_fv_rs_prov": null,
            "relation_fv_rs_prov_def": null,
            "relation_fv_rs_sec_inherited": null,
            "relation_fv_rs_trust_ctrl": "",
            "shutdown": "no"
          },
          "sensitive_attributes": [],
          "private": "eyJzY2hlbWFfdmVyc2lvbiI6IjEifQ==",
          "dependencies": [
            "aci_application_profile.prod_nets",
            "aci_bridge_domain.prod_v3967",
            "aci_tenant.prod",
            "data.aci_tenant.common",
            "data.aci_vrf.prod"
          ]
        }
      ]
    },
    {
      "mode": "managed",
      "type": "aci_application_epg",
      "name": "sap_app_sap_app",
      "provider": "provider[\"registry.terraform.io/ciscodevnet/aci\"]",
      "instances": [
        {
          "schema_version": 1,
          "attributes": {
            "annotation": "orchestrator:terraform",
            "application_profile_dn": "uni/tn-prod/ap-sap_app",
            "description": "SAP HANA - Application Services",
            "exception_tag": "",
            "flood_on_encap": "disabled",
            "fwd_ctrl": "",
            "has_mcast_source": "no",
            "id": "uni/tn-prod/ap-sap_app/epg-sap_app",
            "is_attr_based_epg": "no",
            "match_t": "AtleastOne",
            "name": "sap_app",
            "name_alias": "",
            "pc_enf_pref": "enforced",
            "pref_gr_memb": "include",
            "prio": "level3",
            "relation_fv_rs_aepg_mon_pol": "uni/tn-common/monepg-default",
            "relation_fv_rs_bd": "uni/tn-prod/BD-sap_app",
            "relation_fv_rs_cons": null,
            "relation_fv_rs_cons_if": null,
            "relation_fv_rs_cust_qos_pol": null,
            "relation_fv_rs_dpp_pol": "",
            "relation_fv_rs_fc_path_att": null,
            "relation_fv_rs_graph_def": null,
            "relation_fv_rs_intra_epg": null,
            "relation_fv_rs_node_att": null,
            "relation_fv_rs_prot_by": null,
            "relation_fv_rs_prov": null,
            "relation_fv_rs_prov_def": null,
            "relation_fv_rs_sec_inherited": null,
            "relation_fv_rs_trust_ctrl": "",
            "shutdown": "no"
          },
          "sensitive_attributes": [],
          "private": "eyJzY2hlbWFfdmVyc2lvbiI6IjEifQ==",
          "dependencies": [
            "aci_application_profile.prod_sap_app",
            "aci_bridge_domain.prod_sap_app",
            "aci_tenant.prod",
            "data.aci_tenant.common",
            "data.aci_vrf.prod"
          ]
        }
      ]
    },
    {
      "mode": "managed",
      "type": "aci_application_epg",
      "name": "sap_db_sap_db",
      "provider": "provider[\"registry.terraform.io/ciscodevnet/aci\"]",
      "instances": [
        {
          "schema_version": 1,
          "attributes": {
            "annotation": "orchestrator:terraform",
            "application_profile_dn": "uni/tn-prod/ap-sap_db",
            "description": "SAP HANA - Database Services",
            "exception_tag": "",
            "flood_on_encap": "disabled",
            "fwd_ctrl": "",
            "has_mcast_source": "no",
            "id": "uni/tn-prod/ap-sap_db/epg-sap_db",
            "is_attr_based_epg": "no",
            "match_t": "AtleastOne",
            "name": "sap_db",
            "name_alias": "",
            "pc_enf_pref": "enforced",
            "pref_gr_memb": "include",
            "prio": "level3",
            "relation_fv_rs_aepg_mon_pol": "uni/tn-common/monepg-default",
            "relation_fv_rs_bd": "uni/tn-prod/BD-sap_db",
            "relation_fv_rs_cons": null,
            "relation_fv_rs_cons_if": null,
            "relation_fv_rs_cust_qos_pol": null,
            "relation_fv_rs_dpp_pol": "",
            "relation_fv_rs_fc_path_att": null,
            "relation_fv_rs_graph_def": null,
            "relation_fv_rs_intra_epg": null,
            "relation_fv_rs_node_att": null,
            "relation_fv_rs_prot_by": null,
            "relation_fv_rs_prov": null,
            "relation_fv_rs_prov_def": null,
            "relation_fv_rs_sec_inherited": null,
            "relation_fv_rs_trust_ctrl": "",
            "shutdown": "no"
          },
          "sensitive_attributes": [],
          "private": "eyJzY2hlbWFfdmVyc2lvbiI6IjEifQ==",
          "dependencies": [
            "aci_application_profile.prod_sap_db",
            "aci_bridge_domain.prod_sap_db",
            "aci_tenant.prod",
            "data.aci_tenant.common",
            "data.aci_vrf.prod"
          ]
        }
      ]
    },
    {
      "mode": "managed",
      "type": "aci_application_epg",
      "name": "sap_intg_sap_hdi",
      "provider": "provider[\"registry.terraform.io/ciscodevnet/aci\"]",
      "instances": [
        {
          "schema_version": 1,
          "attributes": {
            "annotation": "orchestrator:terraform",
            "application_profile_dn": "uni/tn-prod/ap-sap_intg",
            "description": "SAP HANA - Hadoop Integration",
            "exception_tag": "",
            "flood_on_encap": "disabled",
            "fwd_ctrl": "",
            "has_mcast_source": "no",
            "id": "uni/tn-prod/ap-sap_intg/epg-sap_hdi",
            "is_attr_based_epg": "no",
            "match_t": "AtleastOne",
            "name": "sap_hdi",
            "name_alias": "",
            "pc_enf_pref": "enforced",
            "pref_gr_memb": "include",
            "prio": "level3",
            "relation_fv_rs_aepg_mon_pol": "uni/tn-common/monepg-default",
            "relation_fv_rs_bd": "uni/tn-prod/BD-sap_itg",
            "relation_fv_rs_cons": null,
            "relation_fv_rs_cons_if": null,
            "relation_fv_rs_cust_qos_pol": null,
            "relation_fv_rs_dpp_pol": "",
            "relation_fv_rs_fc_path_att": null,
            "relation_fv_rs_graph_def": null,
            "relation_fv_rs_intra_epg": null,
            "relation_fv_rs_node_att": null,
            "relation_fv_rs_prot_by": null,
            "relation_fv_rs_prov": null,
            "relation_fv_rs_prov_def": null,
            "relation_fv_rs_sec_inherited": null,
            "relation_fv_rs_trust_ctrl": "",
            "shutdown": "no"
          },
          "sensitive_attributes": [],
          "private": "eyJzY2hlbWFfdmVyc2lvbiI6IjEifQ==",
          "dependencies": [
            "aci_application_profile.prod_sap_intg",
            "aci_bridge_domain.prod_sap_itg",
            "aci_tenant.prod",
            "data.aci_tenant.common",
            "data.aci_vrf.prod"
          ]
        }
      ]
    },
    {
      "mode": "managed",
      "type": "aci_application_epg",
      "name": "sap_intg_sap_rds",
      "provider": "provider[\"registry.terraform.io/ciscodevnet/aci\"]",
      "instances": [
        {
          "schema_version": 1,
          "attributes": {
            "annotation": "orchestrator:terraform",
            "application_profile_dn": "uni/tn-prod/ap-sap_intg",
            "description": "SAP HANA - Remote Data Sync",
            "exception_tag": "",
            "flood_on_encap": "disabled",
            "fwd_ctrl": "",
            "has_mcast_source": "no",
            "id": "uni/tn-prod/ap-sap_intg/epg-sap_rds",
            "is_attr_based_epg": "no",
            "match_t": "AtleastOne",
            "name": "sap_rds",
            "name_alias": "",
            "pc_enf_pref": "enforced",
            "pref_gr_memb": "include",
            "prio": "level3",
            "relation_fv_rs_aepg_mon_pol": "uni/tn-common/monepg-default",
            "relation_fv_rs_bd": "uni/tn-prod/BD-sap_itg",
            "relation_fv_rs_cons": null,
            "relation_fv_rs_cons_if": null,
            "relation_fv_rs_cust_qos_pol": null,
            "relation_fv_rs_dpp_pol": "",
            "relation_fv_rs_fc_path_att": null,
            "relation_fv_rs_graph_def": null,
            "relation_fv_rs_intra_epg": null,
            "relation_fv_rs_node_att": null,
            "relation_fv_rs_prot_by": null,
            "relation_fv_rs_prov": null,
            "relation_fv_rs_prov_def": null,
            "relation_fv_rs_sec_inherited": null,
            "relation_fv_rs_trust_ctrl": "",
            "shutdown": "no"
          },
          "sensitive_attributes": [],
          "private": "eyJzY2hlbWFfdmVyc2lvbiI6IjEifQ==",
          "dependencies": [
            "aci_application_profile.prod_sap_intg",
            "aci_bridge_domain.prod_sap_itg",
            "aci_tenant.prod",
            "data.aci_tenant.common",
            "data.aci_vrf.prod"
          ]
        }
      ]
    },
    {
      "mode": "managed",
      "type": "aci_application_epg",
      "name": "sap_intg_sap_sda",
      "provider": "provider[\"registry.terraform.io/ciscodevnet/aci\"]",
      "instances": [
        {
          "schema_version": 1,
          "attributes": {
            "annotation": "orchestrator:terraform",
            "application_profile_dn": "uni/tn-prod/ap-sap_intg",
            "description": "SAP HANA - Smart Data Access",
            "exception_tag": "",
            "flood_on_encap": "disabled",
            "fwd_ctrl": "",
            "has_mcast_source": "no",
            "id": "uni/tn-prod/ap-sap_intg/epg-sap_sda",
            "is_attr_based_epg": "no",
            "match_t": "AtleastOne",
            "name": "sap_sda",
            "name_alias": "",
            "pc_enf_pref": "enforced",
            "pref_gr_memb": "include",
            "prio": "level3",
            "relation_fv_rs_aepg_mon_pol": "uni/tn-common/monepg-default",
            "relation_fv_rs_bd": "uni/tn-prod/BD-sap_itg",
            "relation_fv_rs_cons": null,
            "relation_fv_rs_cons_if": null,
            "relation_fv_rs_cust_qos_pol": null,
            "relation_fv_rs_dpp_pol": "",
            "relation_fv_rs_fc_path_att": null,
            "relation_fv_rs_graph_def": null,
            "relation_fv_rs_intra_epg": null,
            "relation_fv_rs_node_att": null,
            "relation_fv_rs_prot_by": null,
            "relation_fv_rs_prov": null,
            "relation_fv_rs_prov_def": null,
            "relation_fv_rs_sec_inherited": null,
            "relation_fv_rs_trust_ctrl": "",
            "shutdown": "no"
          },
          "sensitive_attributes": [],
          "private": "eyJzY2hlbWFfdmVyc2lvbiI6IjEifQ==",
          "dependencies": [
            "aci_application_profile.prod_sap_intg",
            "aci_bridge_domain.prod_sap_itg",
            "aci_tenant.prod",
            "data.aci_tenant.common",
            "data.aci_vrf.prod"
          ]
        }
      ]
    },
    {
      "mode": "managed",
      "type": "aci_application_epg",
      "name": "sap_intg_sap_sdi",
      "provider": "provider[\"registry.terraform.io/ciscodevnet/aci\"]",
      "instances": [
        {
          "schema_version": 1,
          "attributes": {
            "annotation": "orchestrator:terraform",
            "application_profile_dn": "uni/tn-prod/ap-sap_intg",
            "description": "SAP HANA - Smart Data Integration",
            "exception_tag": "",
            "flood_on_encap": "disabled",
            "fwd_ctrl": "",
            "has_mcast_source": "no",
            "id": "uni/tn-prod/ap-sap_intg/epg-sap_sdi",
            "is_attr_based_epg": "no",
            "match_t": "AtleastOne",
            "name": "sap_sdi",
            "name_alias": "",
            "pc_enf_pref": "enforced",
            "pref_gr_memb": "include",
            "prio": "level3",
            "relation_fv_rs_aepg_mon_pol": "uni/tn-common/monepg-default",
            "relation_fv_rs_bd": "uni/tn-prod/BD-sap_itg",
            "relation_fv_rs_cons": null,
            "relation_fv_rs_cons_if": null,
            "relation_fv_rs_cust_qos_pol": null,
            "relation_fv_rs_dpp_pol": "",
            "relation_fv_rs_fc_path_att": null,
            "relation_fv_rs_graph_def": null,
            "relation_fv_rs_intra_epg": null,
            "relation_fv_rs_node_att": null,
            "relation_fv_rs_prot_by": null,
            "relation_fv_rs_prov": null,
            "relation_fv_rs_prov_def": null,
            "relation_fv_rs_sec_inherited": null,
            "relation_fv_rs_trust_ctrl": "",
            "shutdown": "no"
          },
          "sensitive_attributes": [],
          "private": "eyJzY2hlbWFfdmVyc2lvbiI6IjEifQ==",
          "dependencies": [
            "aci_application_profile.prod_sap_intg",
            "aci_bridge_domain.prod_sap_itg",
            "aci_tenant.prod",
            "data.aci_tenant.common",
            "data.aci_vrf.prod"
          ]
        }
      ]
    },
    {
      "mode": "managed",
      "type": "aci_application_epg",
      "name": "sap_intg_sap_sds",
      "provider": "provider[\"registry.terraform.io/ciscodevnet/aci\"]",
      "instances": [
        {
          "schema_version": 1,
          "attributes": {
            "annotation": "orchestrator:terraform",
            "application_profile_dn": "uni/tn-prod/ap-sap_intg",
            "description": "SAP HANA - Smart Data Streaming (CEP)",
            "exception_tag": "",
            "flood_on_encap": "disabled",
            "fwd_ctrl": "",
            "has_mcast_source": "no",
            "id": "uni/tn-prod/ap-sap_intg/epg-sap_sds",
            "is_attr_based_epg": "no",
            "match_t": "AtleastOne",
            "name": "sap_sds",
            "name_alias": "",
            "pc_enf_pref": "enforced",
            "pref_gr_memb": "include",
            "prio": "level3",
            "relation_fv_rs_aepg_mon_pol": "uni/tn-common/monepg-default",
            "relation_fv_rs_bd": "uni/tn-prod/BD-sap_itg",
            "relation_fv_rs_cons": null,
            "relation_fv_rs_cons_if": null,
            "relation_fv_rs_cust_qos_pol": null,
            "relation_fv_rs_dpp_pol": "",
            "relation_fv_rs_fc_path_att": null,
            "relation_fv_rs_graph_def": null,
            "relation_fv_rs_intra_epg": null,
            "relation_fv_rs_node_att": null,
            "relation_fv_rs_prot_by": null,
            "relation_fv_rs_prov": null,
            "relation_fv_rs_prov_def": null,
            "relation_fv_rs_sec_inherited": null,
            "relation_fv_rs_trust_ctrl": "",
            "shutdown": "no"
          },
          "sensitive_attributes": [],
          "private": "eyJzY2hlbWFfdmVyc2lvbiI6IjEifQ==",
          "dependencies": [
            "aci_application_profile.prod_sap_intg",
            "aci_bridge_domain.prod_sap_itg",
            "aci_tenant.prod",
            "data.aci_tenant.common",
            "data.aci_vrf.prod"
          ]
        }
      ]
    },
    {
      "mode": "managed",
      "type": "aci_application_profile",
      "name": "prod_nets",
      "provider": "provider[\"registry.terraform.io/ciscodevnet/aci\"]",
      "instances": [
        {
          "schema_version": 1,
          "attributes": {
            "annotation": "orchestrator:terraform",
            "description": "",
            "id": "uni/tn-prod/ap-nets",
            "name": "nets",
            "name_alias": "",
            "prio": "level3",
            "relation_fv_rs_ap_mon_pol": "",
            "tenant_dn": "uni/tn-prod"
          },
          "sensitive_attributes": [],
          "private": "eyJzY2hlbWFfdmVyc2lvbiI6IjEifQ==",
          "dependencies": [
            "aci_tenant.prod"
          ]
        }
      ]
    },
    {
      "mode": "managed",
      "type": "aci_application_profile",
      "name": "prod_sap_app",
      "provider": "provider[\"registry.terraform.io/ciscodevnet/aci\"]",
      "instances": [
        {
          "schema_version": 1,
          "attributes": {
            "annotation": "orchestrator:terraform",
            "description": "",
            "id": "uni/tn-prod/ap-sap_app",
            "name": "sap_app",
            "name_alias": "",
            "prio": "level3",
            "relation_fv_rs_ap_mon_pol": "",
            "tenant_dn": "uni/tn-prod"
          },
          "sensitive_attributes": [],
          "private": "eyJzY2hlbWFfdmVyc2lvbiI6IjEifQ==",
          "dependencies": [
            "aci_tenant.prod"
          ]
        }
      ]
    },
    {
      "mode": "managed",
      "type": "aci_application_profile",
      "name": "prod_sap_db",
      "provider": "provider[\"registry.terraform.io/ciscodevnet/aci\"]",
      "instances": [
        {
          "schema_version": 1,
          "attributes": {
            "annotation": "orchestrator:terraform",
            "description": "",
            "id": "uni/tn-prod/ap-sap_db",
            "name": "sap_db",
            "name_alias": "",
            "prio": "level3",
            "relation_fv_rs_ap_mon_pol": "",
            "tenant_dn": "uni/tn-prod"
          },
          "sensitive_attributes": [],
          "private": "eyJzY2hlbWFfdmVyc2lvbiI6IjEifQ==",
          "dependencies": [
            "aci_tenant.prod"
          ]
        }
      ]
    },
    {
      "mode": "managed",
      "type": "aci_application_profile",
      "name": "prod_sap_intg",
      "provider": "provider[\"registry.terraform.io/ciscodevnet/aci\"]",
      "instances": [
        {
          "schema_version": 1,
          "attributes": {
            "annotation": "orchestrator:terraform",
            "description": "",
            "id": "uni/tn-prod/ap-sap_intg",
            "name": "sap_intg",
            "name_alias": "",
            "prio": "level3",
            "relation_fv_rs_ap_mon_pol": "",
            "tenant_dn": "uni/tn-prod"
          },
          "sensitive_attributes": [],
          "private": "eyJzY2hlbWFfdmVyc2lvbiI6IjEifQ==",
          "dependencies": [
            "aci_tenant.prod"
          ]
        }
      ]
    },
    {
      "mode": "managed",
      "type": "aci_bridge_domain",
      "name": "prod_sap_app",
      "provider": "provider[\"registry.terraform.io/ciscodevnet/aci\"]",
      "instances": [
        {
          "schema_version": 1,
          "attributes": {
            "annotation": "orchestrator:terraform",
            "arp_flood": "no",
            "bridge_domain_type": "regular",
            "description": "SAP App BD",
            "ep_clear": "no",
            "ep_move_detect_mode": "garp",
            "host_based_routing": "no",
            "id": "uni/tn-prod/BD-sap_app",
            "intersite_bum_traffic_allow": "no",
            "intersite_l2_stretch": "no",
            "ip_learning": "yes",
            "ipv6_mcast_allow": "no",
            "limit_ip_learn_to_subnets": "yes",
            "ll_addr": "::",
            "mac": "00:22:BD:F8:19:FF",
            "mcast_allow": "no",
            "multi_dst_pkt_act": "bd-flood",
            "name": "sap_app",
            "name_alias": "",
            "optimize_wan_bandwidth": "no",
            "relation_fv_rs_abd_pol_mon_pol": "uni/tn-common/monepg-default",
            "relation_fv_rs_bd_flood_to": null,
            "relation_fv_rs_bd_to_ep_ret": "uni/tn-common/epRPol-default",
            "relation_fv_rs_bd_to_fhs": "uni/tn-common/bdpol-default",
            "relation_fv_rs_bd_to_nd_p": "uni/tn-common/ndifpol-default",
            "relation_fv_rs_bd_to_netflow_monitor_pol": [],
            "relation_fv_rs_bd_to_out": null,
            "relation_fv_rs_bd_to_profile": "",
            "relation_fv_rs_bd_to_relay_p": "",
            "relation_fv_rs_ctx": "uni/tn-common/ctx-prod",
            "relation_fv_rs_igmpsn": "uni/tn-common/snPol-default",
            "relation_fv_rs_mldsn": "uni/tn-common/mldsnoopPol-default",
            "tenant_dn": "uni/tn-prod",
            "unicast_route": "yes",
            "unk_mac_ucast_act": "proxy",
            "unk_mcast_act": "flood",
            "v6unk_mcast_act": "flood",
            "vmac": "not-applicable"
          },
          "sensitive_attributes": [],
          "private": "eyJzY2hlbWFfdmVyc2lvbiI6IjEifQ==",
          "dependencies": [
            "aci_tenant.prod",
            "data.aci_tenant.common",
            "data.aci_vrf.prod"
          ]
        }
      ]
    },
    {
      "mode": "managed",
      "type": "aci_bridge_domain",
      "name": "prod_sap_db",
      "provider": "provider[\"registry.terraform.io/ciscodevnet/aci\"]",
      "instances": [
        {
          "schema_version": 1,
          "attributes": {
            "annotation": "orchestrator:terraform",
            "arp_flood": "no",
            "bridge_domain_type": "regular",
            "description": "SAP DB BD",
            "ep_clear": "no",
            "ep_move_detect_mode": "garp",
            "host_based_routing": "no",
            "id": "uni/tn-prod/BD-sap_db",
            "intersite_bum_traffic_allow": "no",
            "intersite_l2_stretch": "no",
            "ip_learning": "yes",
            "ipv6_mcast_allow": "no",
            "limit_ip_learn_to_subnets": "yes",
            "ll_addr": "::",
            "mac": "00:22:BD:F8:19:FF",
            "mcast_allow": "no",
            "multi_dst_pkt_act": "bd-flood",
            "name": "sap_db",
            "name_alias": "",
            "optimize_wan_bandwidth": "no",
            "relation_fv_rs_abd_pol_mon_pol": "uni/tn-common/monepg-default",
            "relation_fv_rs_bd_flood_to": null,
            "relation_fv_rs_bd_to_ep_ret": "uni/tn-common/epRPol-default",
            "relation_fv_rs_bd_to_fhs": "uni/tn-common/bdpol-default",
            "relation_fv_rs_bd_to_nd_p": "uni/tn-common/ndifpol-default",
            "relation_fv_rs_bd_to_netflow_monitor_pol": [],
            "relation_fv_rs_bd_to_out": null,
            "relation_fv_rs_bd_to_profile": "",
            "relation_fv_rs_bd_to_relay_p": "",
            "relation_fv_rs_ctx": "uni/tn-common/ctx-prod",
            "relation_fv_rs_igmpsn": "uni/tn-common/snPol-default",
            "relation_fv_rs_mldsn": "uni/tn-common/mldsnoopPol-default",
            "tenant_dn": "uni/tn-prod",
            "unicast_route": "yes",
            "unk_mac_ucast_act": "proxy",
            "unk_mcast_act": "flood",
            "v6unk_mcast_act": "flood",
            "vmac": "not-applicable"
          },
          "sensitive_attributes": [],
          "private": "eyJzY2hlbWFfdmVyc2lvbiI6IjEifQ==",
          "dependencies": [
            "aci_tenant.prod",
            "data.aci_tenant.common",
            "data.aci_vrf.prod"
          ]
        }
      ]
    },
    {
      "mode": "managed",
      "type": "aci_bridge_domain",
      "name": "prod_sap_itg",
      "provider": "provider[\"registry.terraform.io/ciscodevnet/aci\"]",
      "instances": [
        {
          "schema_version": 1,
          "attributes": {
            "annotation": "orchestrator:terraform",
            "arp_flood": "no",
            "bridge_domain_type": "regular",
            "description": "",
            "ep_clear": "no",
            "ep_move_detect_mode": "garp",
            "host_based_routing": "no",
            "id": "uni/tn-prod/BD-sap_itg",
            "intersite_bum_traffic_allow": "no",
            "intersite_l2_stretch": "no",
            "ip_learning": "yes",
            "ipv6_mcast_allow": "no",
            "limit_ip_learn_to_subnets": "yes",
            "ll_addr": "::",
            "mac": "00:22:BD:F8:19:FF",
            "mcast_allow": "no",
            "multi_dst_pkt_act": "bd-flood",
            "name": "sap_itg",
            "name_alias": "",
            "optimize_wan_bandwidth": "no",
            "relation_fv_rs_abd_pol_mon_pol": "uni/tn-common/monepg-default",
            "relation_fv_rs_bd_flood_to": null,
            "relation_fv_rs_bd_to_ep_ret": "uni/tn-common/epRPol-default",
            "relation_fv_rs_bd_to_fhs": "uni/tn-common/bdpol-default",
            "relation_fv_rs_bd_to_nd_p": "uni/tn-common/ndifpol-default",
            "relation_fv_rs_bd_to_netflow_monitor_pol": [],
            "relation_fv_rs_bd_to_out": null,
            "relation_fv_rs_bd_to_profile": "",
            "relation_fv_rs_bd_to_relay_p": "",
            "relation_fv_rs_ctx": "uni/tn-common/ctx-prod",
            "relation_fv_rs_igmpsn": "uni/tn-common/snPol-default",
            "relation_fv_rs_mldsn": "uni/tn-common/mldsnoopPol-default",
            "tenant_dn": "uni/tn-prod",
            "unicast_route": "yes",
            "unk_mac_ucast_act": "proxy",
            "unk_mcast_act": "flood",
            "v6unk_mcast_act": "flood",
            "vmac": "not-applicable"
          },
          "sensitive_attributes": [],
          "private": "eyJzY2hlbWFfdmVyc2lvbiI6IjEifQ==",
          "dependencies": [
            "aci_tenant.prod",
            "data.aci_tenant.common",
            "data.aci_vrf.prod"
          ]
        }
      ]
    },
    {
      "mode": "managed",
      "type": "aci_bridge_domain",
      "name": "prod_v0001",
      "provider": "provider[\"registry.terraform.io/ciscodevnet/aci\"]",
      "instances": [
        {
          "schema_version": 1,
          "attributes": {
            "annotation": "orchestrator:terraform",
            "arp_flood": "yes",
            "bridge_domain_type": "regular",
            "description": "Network Centric",
            "ep_clear": "no",
            "ep_move_detect_mode": "garp",
            "host_based_routing": "no",
            "id": "uni/tn-prod/BD-v0001",
            "intersite_bum_traffic_allow": "no",
            "intersite_l2_stretch": "no",
            "ip_learning": "yes",
            "ipv6_mcast_allow": "no",
            "limit_ip_learn_to_subnets": "yes",
            "ll_addr": "::",
            "mac": "00:22:BD:F8:19:FF",
            "mcast_allow": "no",
            "multi_dst_pkt_act": "bd-flood",
            "name": "v0001",
            "name_alias": "",
            "optimize_wan_bandwidth": "no",
            "relation_fv_rs_abd_pol_mon_pol": "uni/tn-common/monepg-default",
            "relation_fv_rs_bd_flood_to": null,
            "relation_fv_rs_bd_to_ep_ret": "uni/tn-common/epRPol-default",
            "relation_fv_rs_bd_to_fhs": "",
            "relation_fv_rs_bd_to_nd_p": "uni/tn-common/ndifpol-default",
            "relation_fv_rs_bd_to_netflow_monitor_pol": [],
            "relation_fv_rs_bd_to_out": null,
            "relation_fv_rs_bd_to_profile": "",
            "relation_fv_rs_bd_to_relay_p": "",
            "relation_fv_rs_ctx": "uni/tn-common/ctx-prod",
            "relation_fv_rs_igmpsn": "uni/tn-common/snPol-default",
            "relation_fv_rs_mldsn": "uni/tn-common/mldsnoopPol-default",
            "tenant_dn": "uni/tn-prod",
            "unicast_route": "no",
            "unk_mac_ucast_act": "flood",
            "unk_mcast_act": "flood",
            "v6unk_mcast_act": "flood",
            "vmac": "not-applicable"
          },
          "sensitive_attributes": [],
          "private": "eyJzY2hlbWFfdmVyc2lvbiI6IjEifQ==",
          "dependencies": [
            "aci_tenant.prod",
            "data.aci_tenant.common",
            "data.aci_vrf.prod"
          ]
        }
      ]
    },
    {
      "mode": "managed",
      "type": "aci_bridge_domain",
      "name": "prod_v0064",
      "provider": "provider[\"registry.terraform.io/ciscodevnet/aci\"]",
      "instances": [
        {
          "schema_version": 1,
          "attributes": {
            "annotation": "orchestrator:terraform",
            "arp_flood": "yes",
            "bridge_domain_type": "regular",
            "description": "Network Centric",
            "ep_clear": "no",
            "ep_move_detect_mode": "garp",
            "host_based_routing": "no",
            "id": "uni/tn-prod/BD-v0064",
            "intersite_bum_traffic_allow": "no",
            "intersite_l2_stretch": "no",
            "ip_learning": "yes",
            "ipv6_mcast_allow": "no",
            "limit_ip_learn_to_subnets": "yes",
            "ll_addr": "::",
            "mac": "00:22:BD:F8:19:FF",
            "mcast_allow": "no",
            "multi_dst_pkt_act": "bd-flood",
            "name": "v0064",
            "name_alias": "",
            "optimize_wan_bandwidth": "no",
            "relation_fv_rs_abd_pol_mon_pol": "uni/tn-common/monepg-default",
            "relation_fv_rs_bd_flood_to": null,
            "relation_fv_rs_bd_to_ep_ret": "uni/tn-common/epRPol-default",
            "relation_fv_rs_bd_to_fhs": "",
            "relation_fv_rs_bd_to_nd_p": "uni/tn-common/ndifpol-default",
            "relation_fv_rs_bd_to_netflow_monitor_pol": [],
            "relation_fv_rs_bd_to_out": null,
            "relation_fv_rs_bd_to_profile": "",
            "relation_fv_rs_bd_to_relay_p": "",
            "relation_fv_rs_ctx": "uni/tn-common/ctx-prod",
            "relation_fv_rs_igmpsn": "uni/tn-common/snPol-default",
            "relation_fv_rs_mldsn": "uni/tn-common/mldsnoopPol-default",
            "tenant_dn": "uni/tn-prod",
            "unicast_route": "no",
            "unk_mac_ucast_act": "flood",
            "unk_mcast_act": "flood",
            "v6unk_mcast_act": "flood",
            "vmac": "not-applicable"
          },
          "sensitive_attributes": [],
          "private": "eyJzY2hlbWFfdmVyc2lvbiI6IjEifQ==",
          "dependencies": [
            "aci_tenant.prod",
            "data.aci_tenant.common",
            "data.aci_vrf.prod"
          ]
        }
      ]
    },
    {
      "mode": "managed",
      "type": "aci_bridge_domain",
      "name": "prod_v0080",
      "provider": "provider[\"registry.terraform.io/ciscodevnet/aci\"]",
      "instances": [
        {
          "schema_version": 1,
          "attributes": {
            "annotation": "orchestrator:terraform",
            "arp_flood": "yes",
            "bridge_domain_type": "regular",
            "description": "Network Centric",
            "ep_clear": "no",
            "ep_move_detect_mode": "garp",
            "host_based_routing": "no",
            "id": "uni/tn-prod/BD-v0080",
            "intersite_bum_traffic_allow": "no",
            "intersite_l2_stretch": "no",
            "ip_learning": "yes",
            "ipv6_mcast_allow": "no",
            "limit_ip_learn_to_subnets": "yes",
            "ll_addr": "::",
            "mac": "00:22:BD:F8:19:FF",
            "mcast_allow": "no",
            "multi_dst_pkt_act": "bd-flood",
            "name": "v0080",
            "name_alias": "",
            "optimize_wan_bandwidth": "no",
            "relation_fv_rs_abd_pol_mon_pol": "uni/tn-common/monepg-default",
            "relation_fv_rs_bd_flood_to": null,
            "relation_fv_rs_bd_to_ep_ret": "uni/tn-common/epRPol-default",
            "relation_fv_rs_bd_to_fhs": "",
            "relation_fv_rs_bd_to_nd_p": "uni/tn-common/ndifpol-default",
            "relation_fv_rs_bd_to_netflow_monitor_pol": [],
            "relation_fv_rs_bd_to_out": null,
            "relation_fv_rs_bd_to_profile": "",
            "relation_fv_rs_bd_to_relay_p": "",
            "relation_fv_rs_ctx": "uni/tn-common/ctx-prod",
            "relation_fv_rs_igmpsn": "uni/tn-common/snPol-default",
            "relation_fv_rs_mldsn": "uni/tn-common/mldsnoopPol-default",
            "tenant_dn": "uni/tn-prod",
            "unicast_route": "no",
            "unk_mac_ucast_act": "flood",
            "unk_mcast_act": "flood",
            "v6unk_mcast_act": "flood",
            "vmac": "not-applicable"
          },
          "sensitive_attributes": [],
          "private": "eyJzY2hlbWFfdmVyc2lvbiI6IjEifQ==",
          "dependencies": [
            "aci_tenant.prod",
            "data.aci_tenant.common",
            "data.aci_vrf.prod"
          ]
        }
      ]
    },
    {
      "mode": "managed",
      "type": "aci_bridge_domain",
      "name": "prod_v0087",
      "provider": "provider[\"registry.terraform.io/ciscodevnet/aci\"]",
      "instances": [
        {
          "schema_version": 1,
          "attributes": {
            "annotation": "orchestrator:terraform",
            "arp_flood": "yes",
            "bridge_domain_type": "regular",
            "description": "Network Centric",
            "ep_clear": "no",
            "ep_move_detect_mode": "garp",
            "host_based_routing": "no",
            "id": "uni/tn-prod/BD-v0087",
            "intersite_bum_traffic_allow": "no",
            "intersite_l2_stretch": "no",
            "ip_learning": "yes",
            "ipv6_mcast_allow": "no",
            "limit_ip_learn_to_subnets": "yes",
            "ll_addr": "::",
            "mac": "00:22:BD:F8:19:FF",
            "mcast_allow": "no",
            "multi_dst_pkt_act": "bd-flood",
            "name": "v0087",
            "name_alias": "",
            "optimize_wan_bandwidth": "no",
            "relation_fv_rs_abd_pol_mon_pol": "uni/tn-common/monepg-default",
            "relation_fv_rs_bd_flood_to": null,
            "relation_fv_rs_bd_to_ep_ret": "uni/tn-common/epRPol-default",
            "relation_fv_rs_bd_to_fhs": "",
            "relation_fv_rs_bd_to_nd_p": "uni/tn-common/ndifpol-default",
            "relation_fv_rs_bd_to_netflow_monitor_pol": [],
            "relation_fv_rs_bd_to_out": null,
            "relation_fv_rs_bd_to_profile": "",
            "relation_fv_rs_bd_to_relay_p": "",
            "relation_fv_rs_ctx": "uni/tn-common/ctx-prod",
            "relation_fv_rs_igmpsn": "uni/tn-common/snPol-default",
            "relation_fv_rs_mldsn": "uni/tn-common/mldsnoopPol-default",
            "tenant_dn": "uni/tn-prod",
            "unicast_route": "no",
            "unk_mac_ucast_act": "flood",
            "unk_mcast_act": "flood",
            "v6unk_mcast_act": "flood",
            "vmac": "not-applicable"
          },
          "sensitive_attributes": [],
          "private": "eyJzY2hlbWFfdmVyc2lvbiI6IjEifQ==",
          "dependencies": [
            "aci_tenant.prod",
            "data.aci_tenant.common",
            "data.aci_vrf.prod"
          ]
        }
      ]
    },
    {
      "mode": "managed",
      "type": "aci_bridge_domain",
      "name": "prod_v0090",
      "provider": "provider[\"registry.terraform.io/ciscodevnet/aci\"]",
      "instances": [
        {
          "schema_version": 1,
          "attributes": {
            "annotation": "orchestrator:terraform",
            "arp_flood": "yes",
            "bridge_domain_type": "regular",
            "description": "Network Centric",
            "ep_clear": "no",
            "ep_move_detect_mode": "garp",
            "host_based_routing": "no",
            "id": "uni/tn-prod/BD-v0090",
            "intersite_bum_traffic_allow": "no",
            "intersite_l2_stretch": "no",
            "ip_learning": "yes",
            "ipv6_mcast_allow": "no",
            "limit_ip_learn_to_subnets": "yes",
            "ll_addr": "::",
            "mac": "00:22:BD:F8:19:FF",
            "mcast_allow": "no",
            "multi_dst_pkt_act": "bd-flood",
            "name": "v0090",
            "name_alias": "",
            "optimize_wan_bandwidth": "no",
            "relation_fv_rs_abd_pol_mon_pol": "uni/tn-common/monepg-default",
            "relation_fv_rs_bd_flood_to": null,
            "relation_fv_rs_bd_to_ep_ret": "uni/tn-common/epRPol-default",
            "relation_fv_rs_bd_to_fhs": "",
            "relation_fv_rs_bd_to_nd_p": "uni/tn-common/ndifpol-default",
            "relation_fv_rs_bd_to_netflow_monitor_pol": [],
            "relation_fv_rs_bd_to_out": null,
            "relation_fv_rs_bd_to_profile": "",
            "relation_fv_rs_bd_to_relay_p": "",
            "relation_fv_rs_ctx": "uni/tn-common/ctx-prod",
            "relation_fv_rs_igmpsn": "uni/tn-common/snPol-default",
            "relation_fv_rs_mldsn": "uni/tn-common/mldsnoopPol-default",
            "tenant_dn": "uni/tn-prod",
            "unicast_route": "no",
            "unk_mac_ucast_act": "flood",
            "unk_mcast_act": "flood",
            "v6unk_mcast_act": "flood",
            "vmac": "not-applicable"
          },
          "sensitive_attributes": [],
          "private": "eyJzY2hlbWFfdmVyc2lvbiI6IjEifQ==",
          "dependencies": [
            "aci_tenant.prod",
            "data.aci_tenant.common",
            "data.aci_vrf.prod"
          ]
        }
      ]
    },
    {
      "mode": "managed",
      "type": "aci_bridge_domain",
      "name": "prod_v0091",
      "provider": "provider[\"registry.terraform.io/ciscodevnet/aci\"]",
      "instances": [
        {
          "schema_version": 1,
          "attributes": {
            "annotation": "orchestrator:terraform",
            "arp_flood": "yes",
            "bridge_domain_type": "regular",
            "description": "Network Centric",
            "ep_clear": "no",
            "ep_move_detect_mode": "garp",
            "host_based_routing": "no",
            "id": "uni/tn-prod/BD-v0091",
            "intersite_bum_traffic_allow": "no",
            "intersite_l2_stretch": "no",
            "ip_learning": "yes",
            "ipv6_mcast_allow": "no",
            "limit_ip_learn_to_subnets": "yes",
            "ll_addr": "::",
            "mac": "00:22:BD:F8:19:FF",
            "mcast_allow": "no",
            "multi_dst_pkt_act": "bd-flood",
            "name": "v0091",
            "name_alias": "",
            "optimize_wan_bandwidth": "no",
            "relation_fv_rs_abd_pol_mon_pol": "uni/tn-common/monepg-default",
            "relation_fv_rs_bd_flood_to": null,
            "relation_fv_rs_bd_to_ep_ret": "uni/tn-common/epRPol-default",
            "relation_fv_rs_bd_to_fhs": "",
            "relation_fv_rs_bd_to_nd_p": "uni/tn-common/ndifpol-default",
            "relation_fv_rs_bd_to_netflow_monitor_pol": [],
            "relation_fv_rs_bd_to_out": null,
            "relation_fv_rs_bd_to_profile": "",
            "relation_fv_rs_bd_to_relay_p": "",
            "relation_fv_rs_ctx": "uni/tn-common/ctx-prod",
            "relation_fv_rs_igmpsn": "uni/tn-common/snPol-default",
            "relation_fv_rs_mldsn": "uni/tn-common/mldsnoopPol-default",
            "tenant_dn": "uni/tn-prod",
            "unicast_route": "no",
            "unk_mac_ucast_act": "flood",
            "unk_mcast_act": "flood",
            "v6unk_mcast_act": "flood",
            "vmac": "not-applicable"
          },
          "sensitive_attributes": [],
          "private": "eyJzY2hlbWFfdmVyc2lvbiI6IjEifQ==",
          "dependencies": [
            "aci_tenant.prod",
            "data.aci_tenant.common",
            "data.aci_vrf.prod"
          ]
        }
      ]
    },
    {
      "mode": "managed",
      "type": "aci_bridge_domain",
      "name": "prod_v0110",
      "provider": "provider[\"registry.terraform.io/ciscodevnet/aci\"]",
      "instances": [
        {
          "schema_version": 1,
          "attributes": {
            "annotation": "orchestrator:terraform",
            "arp_flood": "yes",
            "bridge_domain_type": "regular",
            "description": "Network Centric",
            "ep_clear": "no",
            "ep_move_detect_mode": "garp",
            "host_based_routing": "no",
            "id": "uni/tn-prod/BD-v0110",
            "intersite_bum_traffic_allow": "no",
            "intersite_l2_stretch": "no",
            "ip_learning": "yes",
            "ipv6_mcast_allow": "no",
            "limit_ip_learn_to_subnets": "yes",
            "ll_addr": "::",
            "mac": "00:22:BD:F8:19:FF",
            "mcast_allow": "no",
            "multi_dst_pkt_act": "bd-flood",
            "name": "v0110",
            "name_alias": "",
            "optimize_wan_bandwidth": "no",
            "relation_fv_rs_abd_pol_mon_pol": "uni/tn-common/monepg-default",
            "relation_fv_rs_bd_flood_to": null,
            "relation_fv_rs_bd_to_ep_ret": "uni/tn-common/epRPol-default",
            "relation_fv_rs_bd_to_fhs": "",
            "relation_fv_rs_bd_to_nd_p": "uni/tn-common/ndifpol-default",
            "relation_fv_rs_bd_to_netflow_monitor_pol": [],
            "relation_fv_rs_bd_to_out": null,
            "relation_fv_rs_bd_to_profile": "",
            "relation_fv_rs_bd_to_relay_p": "",
            "relation_fv_rs_ctx": "uni/tn-common/ctx-prod",
            "relation_fv_rs_igmpsn": "uni/tn-common/snPol-default",
            "relation_fv_rs_mldsn": "uni/tn-common/mldsnoopPol-default",
            "tenant_dn": "uni/tn-prod",
            "unicast_route": "no",
            "unk_mac_ucast_act": "flood",
            "unk_mcast_act": "flood",
            "v6unk_mcast_act": "flood",
            "vmac": "not-applicable"
          },
          "sensitive_attributes": [],
          "private": "eyJzY2hlbWFfdmVyc2lvbiI6IjEifQ==",
          "dependencies": [
            "aci_tenant.prod",
            "data.aci_tenant.common",
            "data.aci_vrf.prod"
          ]
        }
      ]
    },
    {
      "mode": "managed",
      "type": "aci_bridge_domain",
      "name": "prod_v0136",
      "provider": "provider[\"registry.terraform.io/ciscodevnet/aci\"]",
      "instances": [
        {
          "schema_version": 1,
          "attributes": {
            "annotation": "orchestrator:terraform",
            "arp_flood": "yes",
            "bridge_domain_type": "regular",
            "description": "Network Centric",
            "ep_clear": "no",
            "ep_move_detect_mode": "garp",
            "host_based_routing": "no",
            "id": "uni/tn-prod/BD-v0136",
            "intersite_bum_traffic_allow": "no",
            "intersite_l2_stretch": "no",
            "ip_learning": "yes",
            "ipv6_mcast_allow": "no",
            "limit_ip_learn_to_subnets": "yes",
            "ll_addr": "::",
            "mac": "00:22:BD:F8:19:FF",
            "mcast_allow": "no",
            "multi_dst_pkt_act": "bd-flood",
            "name": "v0136",
            "name_alias": "",
            "optimize_wan_bandwidth": "no",
            "relation_fv_rs_abd_pol_mon_pol": "uni/tn-common/monepg-default",
            "relation_fv_rs_bd_flood_to": null,
            "relation_fv_rs_bd_to_ep_ret": "uni/tn-common/epRPol-default",
            "relation_fv_rs_bd_to_fhs": "",
            "relation_fv_rs_bd_to_nd_p": "uni/tn-common/ndifpol-default",
            "relation_fv_rs_bd_to_netflow_monitor_pol": [],
            "relation_fv_rs_bd_to_out": null,
            "relation_fv_rs_bd_to_profile": "",
            "relation_fv_rs_bd_to_relay_p": "",
            "relation_fv_rs_ctx": "uni/tn-common/ctx-prod",
            "relation_fv_rs_igmpsn": "uni/tn-common/snPol-default",
            "relation_fv_rs_mldsn": "uni/tn-common/mldsnoopPol-default",
            "tenant_dn": "uni/tn-prod",
            "unicast_route": "no",
            "unk_mac_ucast_act": "flood",
            "unk_mcast_act": "flood",
            "v6unk_mcast_act": "flood",
            "vmac": "not-applicable"
          },
          "sensitive_attributes": [],
          "private": "eyJzY2hlbWFfdmVyc2lvbiI6IjEifQ==",
          "dependencies": [
            "aci_tenant.prod",
            "data.aci_tenant.common",
            "data.aci_vrf.prod"
          ]
        }
      ]
    },
    {
      "mode": "managed",
      "type": "aci_bridge_domain",
      "name": "prod_v0168",
      "provider": "provider[\"registry.terraform.io/ciscodevnet/aci\"]",
      "instances": [
        {
          "schema_version": 1,
          "attributes": {
            "annotation": "orchestrator:terraform",
            "arp_flood": "yes",
            "bridge_domain_type": "regular",
            "description": "Network Centric",
            "ep_clear": "no",
            "ep_move_detect_mode": "garp",
            "host_based_routing": "no",
            "id": "uni/tn-prod/BD-v0168",
            "intersite_bum_traffic_allow": "no",
            "intersite_l2_stretch": "no",
            "ip_learning": "yes",
            "ipv6_mcast_allow": "no",
            "limit_ip_learn_to_subnets": "yes",
            "ll_addr": "::",
            "mac": "00:22:BD:F8:19:FF",
            "mcast_allow": "no",
            "multi_dst_pkt_act": "bd-flood",
            "name": "v0168",
            "name_alias": "",
            "optimize_wan_bandwidth": "no",
            "relation_fv_rs_abd_pol_mon_pol": "uni/tn-common/monepg-default",
            "relation_fv_rs_bd_flood_to": null,
            "relation_fv_rs_bd_to_ep_ret": "uni/tn-common/epRPol-default",
            "relation_fv_rs_bd_to_fhs": "",
            "relation_fv_rs_bd_to_nd_p": "uni/tn-common/ndifpol-default",
            "relation_fv_rs_bd_to_netflow_monitor_pol": [],
            "relation_fv_rs_bd_to_out": null,
            "relation_fv_rs_bd_to_profile": "",
            "relation_fv_rs_bd_to_relay_p": "",
            "relation_fv_rs_ctx": "uni/tn-common/ctx-prod",
            "relation_fv_rs_igmpsn": "uni/tn-common/snPol-default",
            "relation_fv_rs_mldsn": "uni/tn-common/mldsnoopPol-default",
            "tenant_dn": "uni/tn-prod",
            "unicast_route": "no",
            "unk_mac_ucast_act": "flood",
            "unk_mcast_act": "flood",
            "v6unk_mcast_act": "flood",
            "vmac": "not-applicable"
          },
          "sensitive_attributes": [],
          "private": "eyJzY2hlbWFfdmVyc2lvbiI6IjEifQ==",
          "dependencies": [
            "aci_tenant.prod",
            "data.aci_tenant.common",
            "data.aci_vrf.prod"
          ]
        }
      ]
    },
    {
      "mode": "managed",
      "type": "aci_bridge_domain",
      "name": "prod_v0169",
      "provider": "provider[\"registry.terraform.io/ciscodevnet/aci\"]",
      "instances": [
        {
          "schema_version": 1,
          "attributes": {
            "annotation": "orchestrator:terraform",
            "arp_flood": "yes",
            "bridge_domain_type": "regular",
            "description": "Network Centric",
            "ep_clear": "no",
            "ep_move_detect_mode": "garp",
            "host_based_routing": "no",
            "id": "uni/tn-prod/BD-v0169",
            "intersite_bum_traffic_allow": "no",
            "intersite_l2_stretch": "no",
            "ip_learning": "yes",
            "ipv6_mcast_allow": "no",
            "limit_ip_learn_to_subnets": "yes",
            "ll_addr": "::",
            "mac": "00:22:BD:F8:19:FF",
            "mcast_allow": "no",
            "multi_dst_pkt_act": "bd-flood",
            "name": "v0169",
            "name_alias": "",
            "optimize_wan_bandwidth": "no",
            "relation_fv_rs_abd_pol_mon_pol": "uni/tn-common/monepg-default",
            "relation_fv_rs_bd_flood_to": null,
            "relation_fv_rs_bd_to_ep_ret": "uni/tn-common/epRPol-default",
            "relation_fv_rs_bd_to_fhs": "",
            "relation_fv_rs_bd_to_nd_p": "uni/tn-common/ndifpol-default",
            "relation_fv_rs_bd_to_netflow_monitor_pol": [],
            "relation_fv_rs_bd_to_out": null,
            "relation_fv_rs_bd_to_profile": "",
            "relation_fv_rs_bd_to_relay_p": "",
            "relation_fv_rs_ctx": "uni/tn-common/ctx-prod",
            "relation_fv_rs_igmpsn": "uni/tn-common/snPol-default",
            "relation_fv_rs_mldsn": "uni/tn-common/mldsnoopPol-default",
            "tenant_dn": "uni/tn-prod",
            "unicast_route": "no",
            "unk_mac_ucast_act": "flood",
            "unk_mcast_act": "flood",
            "v6unk_mcast_act": "flood",
            "vmac": "not-applicable"
          },
          "sensitive_attributes": [],
          "private": "eyJzY2hlbWFfdmVyc2lvbiI6IjEifQ==",
          "dependencies": [
            "aci_tenant.prod",
            "data.aci_tenant.common",
            "data.aci_vrf.prod"
          ]
        }
      ]
    },
    {
      "mode": "managed",
      "type": "aci_bridge_domain",
      "name": "prod_v0691",
      "provider": "provider[\"registry.terraform.io/ciscodevnet/aci\"]",
      "instances": [
        {
          "schema_version": 1,
          "attributes": {
            "annotation": "orchestrator:terraform",
            "arp_flood": "yes",
            "bridge_domain_type": "regular",
            "description": "Network Centric",
            "ep_clear": "no",
            "ep_move_detect_mode": "garp",
            "host_based_routing": "no",
            "id": "uni/tn-prod/BD-v0691",
            "intersite_bum_traffic_allow": "no",
            "intersite_l2_stretch": "no",
            "ip_learning": "yes",
            "ipv6_mcast_allow": "no",
            "limit_ip_learn_to_subnets": "yes",
            "ll_addr": "::",
            "mac": "00:22:BD:F8:19:FF",
            "mcast_allow": "no",
            "multi_dst_pkt_act": "bd-flood",
            "name": "v0691",
            "name_alias": "",
            "optimize_wan_bandwidth": "no",
            "relation_fv_rs_abd_pol_mon_pol": "uni/tn-common/monepg-default",
            "relation_fv_rs_bd_flood_to": null,
            "relation_fv_rs_bd_to_ep_ret": "uni/tn-common/epRPol-default",
            "relation_fv_rs_bd_to_fhs": "",
            "relation_fv_rs_bd_to_nd_p": "uni/tn-common/ndifpol-default",
            "relation_fv_rs_bd_to_netflow_monitor_pol": [],
            "relation_fv_rs_bd_to_out": null,
            "relation_fv_rs_bd_to_profile": "",
            "relation_fv_rs_bd_to_relay_p": "",
            "relation_fv_rs_ctx": "uni/tn-common/ctx-prod",
            "relation_fv_rs_igmpsn": "uni/tn-common/snPol-default",
            "relation_fv_rs_mldsn": "uni/tn-common/mldsnoopPol-default",
            "tenant_dn": "uni/tn-prod",
            "unicast_route": "no",
            "unk_mac_ucast_act": "flood",
            "unk_mcast_act": "flood",
            "v6unk_mcast_act": "flood",
            "vmac": "not-applicable"
          },
          "sensitive_attributes": [],
          "private": "eyJzY2hlbWFfdmVyc2lvbiI6IjEifQ==",
          "dependencies": [
            "aci_tenant.prod",
            "data.aci_tenant.common",
            "data.aci_vrf.prod"
          ]
        }
      ]
    },
    {
      "mode": "managed",
      "type": "aci_bridge_domain",
      "name": "prod_v0811",
      "provider": "provider[\"registry.terraform.io/ciscodevnet/aci\"]",
      "instances": [
        {
          "schema_version": 1,
          "attributes": {
            "annotation": "orchestrator:terraform",
            "arp_flood": "yes",
            "bridge_domain_type": "regular",
            "description": "Network Centric",
            "ep_clear": "no",
            "ep_move_detect_mode": "garp",
            "host_based_routing": "no",
            "id": "uni/tn-prod/BD-v0811",
            "intersite_bum_traffic_allow": "no",
            "intersite_l2_stretch": "no",
            "ip_learning": "yes",
            "ipv6_mcast_allow": "no",
            "limit_ip_learn_to_subnets": "yes",
            "ll_addr": "::",
            "mac": "00:22:BD:F8:19:FF",
            "mcast_allow": "no",
            "multi_dst_pkt_act": "bd-flood",
            "name": "v0811",
            "name_alias": "",
            "optimize_wan_bandwidth": "no",
            "relation_fv_rs_abd_pol_mon_pol": "uni/tn-common/monepg-default",
            "relation_fv_rs_bd_flood_to": null,
            "relation_fv_rs_bd_to_ep_ret": "uni/tn-common/epRPol-default",
            "relation_fv_rs_bd_to_fhs": "",
            "relation_fv_rs_bd_to_nd_p": "uni/tn-common/ndifpol-default",
            "relation_fv_rs_bd_to_netflow_monitor_pol": [],
            "relation_fv_rs_bd_to_out": null,
            "relation_fv_rs_bd_to_profile": "",
            "relation_fv_rs_bd_to_relay_p": "",
            "relation_fv_rs_ctx": "uni/tn-common/ctx-prod",
            "relation_fv_rs_igmpsn": "uni/tn-common/snPol-default",
            "relation_fv_rs_mldsn": "uni/tn-common/mldsnoopPol-default",
            "tenant_dn": "uni/tn-prod",
            "unicast_route": "no",
            "unk_mac_ucast_act": "flood",
            "unk_mcast_act": "flood",
            "v6unk_mcast_act": "flood",
            "vmac": "not-applicable"
          },
          "sensitive_attributes": [],
          "private": "eyJzY2hlbWFfdmVyc2lvbiI6IjEifQ==",
          "dependencies": [
            "aci_tenant.prod",
            "data.aci_tenant.common",
            "data.aci_vrf.prod"
          ]
        }
      ]
    },
    {
      "mode": "managed",
      "type": "aci_bridge_domain",
      "name": "prod_v0812",
      "provider": "provider[\"registry.terraform.io/ciscodevnet/aci\"]",
      "instances": [
        {
          "schema_version": 1,
          "attributes": {
            "annotation": "orchestrator:terraform",
            "arp_flood": "yes",
            "bridge_domain_type": "regular",
            "description": "Network Centric",
            "ep_clear": "no",
            "ep_move_detect_mode": "garp",
            "host_based_routing": "no",
            "id": "uni/tn-prod/BD-v0812",
            "intersite_bum_traffic_allow": "no",
            "intersite_l2_stretch": "no",
            "ip_learning": "yes",
            "ipv6_mcast_allow": "no",
            "limit_ip_learn_to_subnets": "yes",
            "ll_addr": "::",
            "mac": "00:22:BD:F8:19:FF",
            "mcast_allow": "no",
            "multi_dst_pkt_act": "bd-flood",
            "name": "v0812",
            "name_alias": "",
            "optimize_wan_bandwidth": "no",
            "relation_fv_rs_abd_pol_mon_pol": "uni/tn-common/monepg-default",
            "relation_fv_rs_bd_flood_to": null,
            "relation_fv_rs_bd_to_ep_ret": "uni/tn-common/epRPol-default",
            "relation_fv_rs_bd_to_fhs": "",
            "relation_fv_rs_bd_to_nd_p": "uni/tn-common/ndifpol-default",
            "relation_fv_rs_bd_to_netflow_monitor_pol": [],
            "relation_fv_rs_bd_to_out": null,
            "relation_fv_rs_bd_to_profile": "",
            "relation_fv_rs_bd_to_relay_p": "",
            "relation_fv_rs_ctx": "uni/tn-common/ctx-prod",
            "relation_fv_rs_igmpsn": "uni/tn-common/snPol-default",
            "relation_fv_rs_mldsn": "uni/tn-common/mldsnoopPol-default",
            "tenant_dn": "uni/tn-prod",
            "unicast_route": "no",
            "unk_mac_ucast_act": "flood",
            "unk_mcast_act": "flood",
            "v6unk_mcast_act": "flood",
            "vmac": "not-applicable"
          },
          "sensitive_attributes": [],
          "private": "eyJzY2hlbWFfdmVyc2lvbiI6IjEifQ==",
          "dependencies": [
            "aci_tenant.prod",
            "data.aci_tenant.common",
            "data.aci_vrf.prod"
          ]
        }
      ]
    },
    {
      "mode": "managed",
      "type": "aci_bridge_domain",
      "name": "prod_v0997",
      "provider": "provider[\"registry.terraform.io/ciscodevnet/aci\"]",
      "instances": [
        {
          "schema_version": 1,
          "attributes": {
            "annotation": "orchestrator:terraform",
            "arp_flood": "yes",
            "bridge_domain_type": "regular",
            "description": "Network Centric",
            "ep_clear": "no",
            "ep_move_detect_mode": "garp",
            "host_based_routing": "no",
            "id": "uni/tn-prod/BD-v0997",
            "intersite_bum_traffic_allow": "no",
            "intersite_l2_stretch": "no",
            "ip_learning": "yes",
            "ipv6_mcast_allow": "no",
            "limit_ip_learn_to_subnets": "yes",
            "ll_addr": "::",
            "mac": "00:22:BD:F8:19:FF",
            "mcast_allow": "no",
            "multi_dst_pkt_act": "bd-flood",
            "name": "v0997",
            "name_alias": "",
            "optimize_wan_bandwidth": "no",
            "relation_fv_rs_abd_pol_mon_pol": "uni/tn-common/monepg-default",
            "relation_fv_rs_bd_flood_to": null,
            "relation_fv_rs_bd_to_ep_ret": "uni/tn-common/epRPol-default",
            "relation_fv_rs_bd_to_fhs": "",
            "relation_fv_rs_bd_to_nd_p": "uni/tn-common/ndifpol-default",
            "relation_fv_rs_bd_to_netflow_monitor_pol": [],
            "relation_fv_rs_bd_to_out": null,
            "relation_fv_rs_bd_to_profile": "",
            "relation_fv_rs_bd_to_relay_p": "",
            "relation_fv_rs_ctx": "uni/tn-common/ctx-prod",
            "relation_fv_rs_igmpsn": "uni/tn-common/snPol-default",
            "relation_fv_rs_mldsn": "uni/tn-common/mldsnoopPol-default",
            "tenant_dn": "uni/tn-prod",
            "unicast_route": "no",
            "unk_mac_ucast_act": "flood",
            "unk_mcast_act": "flood",
            "v6unk_mcast_act": "flood",
            "vmac": "not-applicable"
          },
          "sensitive_attributes": [],
          "private": "eyJzY2hlbWFfdmVyc2lvbiI6IjEifQ==",
          "dependencies": [
            "aci_tenant.prod",
            "data.aci_tenant.common",
            "data.aci_vrf.prod"
          ]
        }
      ]
    },
    {
      "mode": "managed",
      "type": "aci_bridge_domain",
      "name": "prod_v0998",
      "provider": "provider[\"registry.terraform.io/ciscodevnet/aci\"]",
      "instances": [
        {
          "schema_version": 1,
          "attributes": {
            "annotation": "orchestrator:terraform",
            "arp_flood": "yes",
            "bridge_domain_type": "regular",
            "description": "Network Centric",
            "ep_clear": "no",
            "ep_move_detect_mode": "garp",
            "host_based_routing": "no",
            "id": "uni/tn-prod/BD-v0998",
            "intersite_bum_traffic_allow": "no",
            "intersite_l2_stretch": "no",
            "ip_learning": "yes",
            "ipv6_mcast_allow": "no",
            "limit_ip_learn_to_subnets": "yes",
            "ll_addr": "::",
            "mac": "00:22:BD:F8:19:FF",
            "mcast_allow": "no",
            "multi_dst_pkt_act": "bd-flood",
            "name": "v0998",
            "name_alias": "",
            "optimize_wan_bandwidth": "no",
            "relation_fv_rs_abd_pol_mon_pol": "uni/tn-common/monepg-default",
            "relation_fv_rs_bd_flood_to": null,
            "relation_fv_rs_bd_to_ep_ret": "uni/tn-common/epRPol-default",
            "relation_fv_rs_bd_to_fhs": "",
            "relation_fv_rs_bd_to_nd_p": "uni/tn-common/ndifpol-default",
            "relation_fv_rs_bd_to_netflow_monitor_pol": [],
            "relation_fv_rs_bd_to_out": null,
            "relation_fv_rs_bd_to_profile": "",
            "relation_fv_rs_bd_to_relay_p": "",
            "relation_fv_rs_ctx": "uni/tn-common/ctx-prod",
            "relation_fv_rs_igmpsn": "uni/tn-common/snPol-default",
            "relation_fv_rs_mldsn": "uni/tn-common/mldsnoopPol-default",
            "tenant_dn": "uni/tn-prod",
            "unicast_route": "no",
            "unk_mac_ucast_act": "flood",
            "unk_mcast_act": "flood",
            "v6unk_mcast_act": "flood",
            "vmac": "not-applicable"
          },
          "sensitive_attributes": [],
          "private": "eyJzY2hlbWFfdmVyc2lvbiI6IjEifQ==",
          "dependencies": [
            "aci_tenant.prod",
            "data.aci_tenant.common",
            "data.aci_vrf.prod"
          ]
        }
      ]
    },
    {
      "mode": "managed",
      "type": "aci_bridge_domain",
      "name": "prod_v3001",
      "provider": "provider[\"registry.terraform.io/ciscodevnet/aci\"]",
      "instances": [
        {
          "schema_version": 1,
          "attributes": {
            "annotation": "orchestrator:terraform",
            "arp_flood": "yes",
            "bridge_domain_type": "regular",
            "description": "Network Centric",
            "ep_clear": "no",
            "ep_move_detect_mode": "garp",
            "host_based_routing": "no",
            "id": "uni/tn-prod/BD-v3001",
            "intersite_bum_traffic_allow": "no",
            "intersite_l2_stretch": "no",
            "ip_learning": "yes",
            "ipv6_mcast_allow": "no",
            "limit_ip_learn_to_subnets": "yes",
            "ll_addr": "::",
            "mac": "00:22:BD:F8:19:FF",
            "mcast_allow": "no",
            "multi_dst_pkt_act": "bd-flood",
            "name": "v3001",
            "name_alias": "",
            "optimize_wan_bandwidth": "no",
            "relation_fv_rs_abd_pol_mon_pol": "uni/tn-common/monepg-default",
            "relation_fv_rs_bd_flood_to": null,
            "relation_fv_rs_bd_to_ep_ret": "uni/tn-common/epRPol-default",
            "relation_fv_rs_bd_to_fhs": "",
            "relation_fv_rs_bd_to_nd_p": "uni/tn-common/ndifpol-default",
            "relation_fv_rs_bd_to_netflow_monitor_pol": [],
            "relation_fv_rs_bd_to_out": null,
            "relation_fv_rs_bd_to_profile": "",
            "relation_fv_rs_bd_to_relay_p": "",
            "relation_fv_rs_ctx": "uni/tn-common/ctx-prod",
            "relation_fv_rs_igmpsn": "uni/tn-common/snPol-default",
            "relation_fv_rs_mldsn": "uni/tn-common/mldsnoopPol-default",
            "tenant_dn": "uni/tn-prod",
            "unicast_route": "no",
            "unk_mac_ucast_act": "flood",
            "unk_mcast_act": "flood",
            "v6unk_mcast_act": "flood",
            "vmac": "not-applicable"
          },
          "sensitive_attributes": [],
          "private": "eyJzY2hlbWFfdmVyc2lvbiI6IjEifQ==",
          "dependencies": [
            "aci_tenant.prod",
            "data.aci_tenant.common",
            "data.aci_vrf.prod"
          ]
        }
      ]
    },
    {
      "mode": "managed",
      "type": "aci_bridge_domain",
      "name": "prod_v3003",
      "provider": "provider[\"registry.terraform.io/ciscodevnet/aci\"]",
      "instances": [
        {
          "schema_version": 1,
          "attributes": {
            "annotation": "orchestrator:terraform",
            "arp_flood": "yes",
            "bridge_domain_type": "regular",
            "description": "Network Centric",
            "ep_clear": "no",
            "ep_move_detect_mode": "garp",
            "host_based_routing": "no",
            "id": "uni/tn-prod/BD-v3003",
            "intersite_bum_traffic_allow": "no",
            "intersite_l2_stretch": "no",
            "ip_learning": "yes",
            "ipv6_mcast_allow": "no",
            "limit_ip_learn_to_subnets": "yes",
            "ll_addr": "::",
            "mac": "00:22:BD:F8:19:FF",
            "mcast_allow": "no",
            "multi_dst_pkt_act": "bd-flood",
            "name": "v3003",
            "name_alias": "",
            "optimize_wan_bandwidth": "no",
            "relation_fv_rs_abd_pol_mon_pol": "uni/tn-common/monepg-default",
            "relation_fv_rs_bd_flood_to": null,
            "relation_fv_rs_bd_to_ep_ret": "uni/tn-common/epRPol-default",
            "relation_fv_rs_bd_to_fhs": "",
            "relation_fv_rs_bd_to_nd_p": "uni/tn-common/ndifpol-default",
            "relation_fv_rs_bd_to_netflow_monitor_pol": [],
            "relation_fv_rs_bd_to_out": null,
            "relation_fv_rs_bd_to_profile": "",
            "relation_fv_rs_bd_to_relay_p": "",
            "relation_fv_rs_ctx": "uni/tn-common/ctx-prod",
            "relation_fv_rs_igmpsn": "uni/tn-common/snPol-default",
            "relation_fv_rs_mldsn": "uni/tn-common/mldsnoopPol-default",
            "tenant_dn": "uni/tn-prod",
            "unicast_route": "no",
            "unk_mac_ucast_act": "flood",
            "unk_mcast_act": "flood",
            "v6unk_mcast_act": "flood",
            "vmac": "not-applicable"
          },
          "sensitive_attributes": [],
          "private": "eyJzY2hlbWFfdmVyc2lvbiI6IjEifQ==",
          "dependencies": [
            "aci_tenant.prod",
            "data.aci_tenant.common",
            "data.aci_vrf.prod"
          ]
        }
      ]
    },
    {
      "mode": "managed",
      "type": "aci_bridge_domain",
      "name": "prod_v3004",
      "provider": "provider[\"registry.terraform.io/ciscodevnet/aci\"]",
      "instances": [
        {
          "schema_version": 1,
          "attributes": {
            "annotation": "orchestrator:terraform",
            "arp_flood": "yes",
            "bridge_domain_type": "regular",
            "description": "Network Centric",
            "ep_clear": "no",
            "ep_move_detect_mode": "garp",
            "host_based_routing": "no",
            "id": "uni/tn-prod/BD-v3004",
            "intersite_bum_traffic_allow": "no",
            "intersite_l2_stretch": "no",
            "ip_learning": "yes",
            "ipv6_mcast_allow": "no",
            "limit_ip_learn_to_subnets": "yes",
            "ll_addr": "::",
            "mac": "00:22:BD:F8:19:FF",
            "mcast_allow": "no",
            "multi_dst_pkt_act": "bd-flood",
            "name": "v3004",
            "name_alias": "",
            "optimize_wan_bandwidth": "no",
            "relation_fv_rs_abd_pol_mon_pol": "uni/tn-common/monepg-default",
            "relation_fv_rs_bd_flood_to": null,
            "relation_fv_rs_bd_to_ep_ret": "uni/tn-common/epRPol-default",
            "relation_fv_rs_bd_to_fhs": "",
            "relation_fv_rs_bd_to_nd_p": "uni/tn-common/ndifpol-default",
            "relation_fv_rs_bd_to_netflow_monitor_pol": [],
            "relation_fv_rs_bd_to_out": null,
            "relation_fv_rs_bd_to_profile": "",
            "relation_fv_rs_bd_to_relay_p": "",
            "relation_fv_rs_ctx": "uni/tn-common/ctx-prod",
            "relation_fv_rs_igmpsn": "uni/tn-common/snPol-default",
            "relation_fv_rs_mldsn": "uni/tn-common/mldsnoopPol-default",
            "tenant_dn": "uni/tn-prod",
            "unicast_route": "no",
            "unk_mac_ucast_act": "flood",
            "unk_mcast_act": "flood",
            "v6unk_mcast_act": "flood",
            "vmac": "not-applicable"
          },
          "sensitive_attributes": [],
          "private": "eyJzY2hlbWFfdmVyc2lvbiI6IjEifQ==",
          "dependencies": [
            "aci_tenant.prod",
            "data.aci_tenant.common",
            "data.aci_vrf.prod"
          ]
        }
      ]
    },
    {
      "mode": "managed",
      "type": "aci_bridge_domain",
      "name": "prod_v3006",
      "provider": "provider[\"registry.terraform.io/ciscodevnet/aci\"]",
      "instances": [
        {
          "schema_version": 1,
          "attributes": {
            "annotation": "orchestrator:terraform",
            "arp_flood": "yes",
            "bridge_domain_type": "regular",
            "description": "Network Centric",
            "ep_clear": "no",
            "ep_move_detect_mode": "garp",
            "host_based_routing": "no",
            "id": "uni/tn-prod/BD-v3006",
            "intersite_bum_traffic_allow": "no",
            "intersite_l2_stretch": "no",
            "ip_learning": "yes",
            "ipv6_mcast_allow": "no",
            "limit_ip_learn_to_subnets": "yes",
            "ll_addr": "::",
            "mac": "00:22:BD:F8:19:FF",
            "mcast_allow": "no",
            "multi_dst_pkt_act": "bd-flood",
            "name": "v3006",
            "name_alias": "",
            "optimize_wan_bandwidth": "no",
            "relation_fv_rs_abd_pol_mon_pol": "uni/tn-common/monepg-default",
            "relation_fv_rs_bd_flood_to": null,
            "relation_fv_rs_bd_to_ep_ret": "uni/tn-common/epRPol-default",
            "relation_fv_rs_bd_to_fhs": "",
            "relation_fv_rs_bd_to_nd_p": "uni/tn-common/ndifpol-default",
            "relation_fv_rs_bd_to_netflow_monitor_pol": [],
            "relation_fv_rs_bd_to_out": null,
            "relation_fv_rs_bd_to_profile": "",
            "relation_fv_rs_bd_to_relay_p": "",
            "relation_fv_rs_ctx": "uni/tn-common/ctx-prod",
            "relation_fv_rs_igmpsn": "uni/tn-common/snPol-default",
            "relation_fv_rs_mldsn": "uni/tn-common/mldsnoopPol-default",
            "tenant_dn": "uni/tn-prod",
            "unicast_route": "no",
            "unk_mac_ucast_act": "flood",
            "unk_mcast_act": "flood",
            "v6unk_mcast_act": "flood",
            "vmac": "not-applicable"
          },
          "sensitive_attributes": [],
          "private": "eyJzY2hlbWFfdmVyc2lvbiI6IjEifQ==",
          "dependencies": [
            "aci_tenant.prod",
            "data.aci_tenant.common",
            "data.aci_vrf.prod"
          ]
        }
      ]
    },
    {
      "mode": "managed",
      "type": "aci_bridge_domain",
      "name": "prod_v3007",
      "provider": "provider[\"registry.terraform.io/ciscodevnet/aci\"]",
      "instances": [
        {
          "schema_version": 1,
          "attributes": {
            "annotation": "orchestrator:terraform",
            "arp_flood": "yes",
            "bridge_domain_type": "regular",
            "description": "Network Centric",
            "ep_clear": "no",
            "ep_move_detect_mode": "garp",
            "host_based_routing": "no",
            "id": "uni/tn-prod/BD-v3007",
            "intersite_bum_traffic_allow": "no",
            "intersite_l2_stretch": "no",
            "ip_learning": "yes",
            "ipv6_mcast_allow": "no",
            "limit_ip_learn_to_subnets": "yes",
            "ll_addr": "::",
            "mac": "00:22:BD:F8:19:FF",
            "mcast_allow": "no",
            "multi_dst_pkt_act": "bd-flood",
            "name": "v3007",
            "name_alias": "",
            "optimize_wan_bandwidth": "no",
            "relation_fv_rs_abd_pol_mon_pol": "uni/tn-common/monepg-default",
            "relation_fv_rs_bd_flood_to": null,
            "relation_fv_rs_bd_to_ep_ret": "uni/tn-common/epRPol-default",
            "relation_fv_rs_bd_to_fhs": "",
            "relation_fv_rs_bd_to_nd_p": "uni/tn-common/ndifpol-default",
            "relation_fv_rs_bd_to_netflow_monitor_pol": [],
            "relation_fv_rs_bd_to_out": null,
            "relation_fv_rs_bd_to_profile": "",
            "relation_fv_rs_bd_to_relay_p": "",
            "relation_fv_rs_ctx": "uni/tn-common/ctx-prod",
            "relation_fv_rs_igmpsn": "uni/tn-common/snPol-default",
            "relation_fv_rs_mldsn": "uni/tn-common/mldsnoopPol-default",
            "tenant_dn": "uni/tn-prod",
            "unicast_route": "no",
            "unk_mac_ucast_act": "flood",
            "unk_mcast_act": "flood",
            "v6unk_mcast_act": "flood",
            "vmac": "not-applicable"
          },
          "sensitive_attributes": [],
          "private": "eyJzY2hlbWFfdmVyc2lvbiI6IjEifQ==",
          "dependencies": [
            "aci_tenant.prod",
            "data.aci_tenant.common",
            "data.aci_vrf.prod"
          ]
        }
      ]
    },
    {
      "mode": "managed",
      "type": "aci_bridge_domain",
      "name": "prod_v3011",
      "provider": "provider[\"registry.terraform.io/ciscodevnet/aci\"]",
      "instances": [
        {
          "schema_version": 1,
          "attributes": {
            "annotation": "orchestrator:terraform",
            "arp_flood": "yes",
            "bridge_domain_type": "regular",
            "description": "Network Centric",
            "ep_clear": "no",
            "ep_move_detect_mode": "garp",
            "host_based_routing": "no",
            "id": "uni/tn-prod/BD-v3011",
            "intersite_bum_traffic_allow": "no",
            "intersite_l2_stretch": "no",
            "ip_learning": "yes",
            "ipv6_mcast_allow": "no",
            "limit_ip_learn_to_subnets": "yes",
            "ll_addr": "::",
            "mac": "00:22:BD:F8:19:FF",
            "mcast_allow": "no",
            "multi_dst_pkt_act": "bd-flood",
            "name": "v3011",
            "name_alias": "",
            "optimize_wan_bandwidth": "no",
            "relation_fv_rs_abd_pol_mon_pol": "uni/tn-common/monepg-default",
            "relation_fv_rs_bd_flood_to": null,
            "relation_fv_rs_bd_to_ep_ret": "uni/tn-common/epRPol-default",
            "relation_fv_rs_bd_to_fhs": "",
            "relation_fv_rs_bd_to_nd_p": "uni/tn-common/ndifpol-default",
            "relation_fv_rs_bd_to_netflow_monitor_pol": [],
            "relation_fv_rs_bd_to_out": null,
            "relation_fv_rs_bd_to_profile": "",
            "relation_fv_rs_bd_to_relay_p": "",
            "relation_fv_rs_ctx": "uni/tn-common/ctx-prod",
            "relation_fv_rs_igmpsn": "uni/tn-common/snPol-default",
            "relation_fv_rs_mldsn": "uni/tn-common/mldsnoopPol-default",
            "tenant_dn": "uni/tn-prod",
            "unicast_route": "no",
            "unk_mac_ucast_act": "flood",
            "unk_mcast_act": "flood",
            "v6unk_mcast_act": "flood",
            "vmac": "not-applicable"
          },
          "sensitive_attributes": [],
          "private": "eyJzY2hlbWFfdmVyc2lvbiI6IjEifQ==",
          "dependencies": [
            "aci_tenant.prod",
            "data.aci_tenant.common",
            "data.aci_vrf.prod"
          ]
        }
      ]
    },
    {
      "mode": "managed",
      "type": "aci_bridge_domain",
      "name": "prod_v3019",
      "provider": "provider[\"registry.terraform.io/ciscodevnet/aci\"]",
      "instances": [
        {
          "schema_version": 1,
          "attributes": {
            "annotation": "orchestrator:terraform",
            "arp_flood": "yes",
            "bridge_domain_type": "regular",
            "description": "Network Centric",
            "ep_clear": "no",
            "ep_move_detect_mode": "garp",
            "host_based_routing": "no",
            "id": "uni/tn-prod/BD-v3019",
            "intersite_bum_traffic_allow": "no",
            "intersite_l2_stretch": "no",
            "ip_learning": "yes",
            "ipv6_mcast_allow": "no",
            "limit_ip_learn_to_subnets": "yes",
            "ll_addr": "::",
            "mac": "00:22:BD:F8:19:FF",
            "mcast_allow": "no",
            "multi_dst_pkt_act": "bd-flood",
            "name": "v3019",
            "name_alias": "",
            "optimize_wan_bandwidth": "no",
            "relation_fv_rs_abd_pol_mon_pol": "uni/tn-common/monepg-default",
            "relation_fv_rs_bd_flood_to": null,
            "relation_fv_rs_bd_to_ep_ret": "uni/tn-common/epRPol-default",
            "relation_fv_rs_bd_to_fhs": "",
            "relation_fv_rs_bd_to_nd_p": "uni/tn-common/ndifpol-default",
            "relation_fv_rs_bd_to_netflow_monitor_pol": [],
            "relation_fv_rs_bd_to_out": null,
            "relation_fv_rs_bd_to_profile": "",
            "relation_fv_rs_bd_to_relay_p": "",
            "relation_fv_rs_ctx": "uni/tn-common/ctx-prod",
            "relation_fv_rs_igmpsn": "uni/tn-common/snPol-default",
            "relation_fv_rs_mldsn": "uni/tn-common/mldsnoopPol-default",
            "tenant_dn": "uni/tn-prod",
            "unicast_route": "no",
            "unk_mac_ucast_act": "flood",
            "unk_mcast_act": "flood",
            "v6unk_mcast_act": "flood",
            "vmac": "not-applicable"
          },
          "sensitive_attributes": [],
          "private": "eyJzY2hlbWFfdmVyc2lvbiI6IjEifQ==",
          "dependencies": [
            "aci_tenant.prod",
            "data.aci_tenant.common",
            "data.aci_vrf.prod"
          ]
        }
      ]
    },
    {
      "mode": "managed",
      "type": "aci_bridge_domain",
      "name": "prod_v3103",
      "provider": "provider[\"registry.terraform.io/ciscodevnet/aci\"]",
      "instances": [
        {
          "schema_version": 1,
          "attributes": {
            "annotation": "orchestrator:terraform",
            "arp_flood": "yes",
            "bridge_domain_type": "regular",
            "description": "Network Centric",
            "ep_clear": "no",
            "ep_move_detect_mode": "garp",
            "host_based_routing": "no",
            "id": "uni/tn-prod/BD-v3103",
            "intersite_bum_traffic_allow": "no",
            "intersite_l2_stretch": "no",
            "ip_learning": "yes",
            "ipv6_mcast_allow": "no",
            "limit_ip_learn_to_subnets": "yes",
            "ll_addr": "::",
            "mac": "00:22:BD:F8:19:FF",
            "mcast_allow": "no",
            "multi_dst_pkt_act": "bd-flood",
            "name": "v3103",
            "name_alias": "",
            "optimize_wan_bandwidth": "no",
            "relation_fv_rs_abd_pol_mon_pol": "uni/tn-common/monepg-default",
            "relation_fv_rs_bd_flood_to": null,
            "relation_fv_rs_bd_to_ep_ret": "uni/tn-common/epRPol-default",
            "relation_fv_rs_bd_to_fhs": "",
            "relation_fv_rs_bd_to_nd_p": "uni/tn-common/ndifpol-default",
            "relation_fv_rs_bd_to_netflow_monitor_pol": [],
            "relation_fv_rs_bd_to_out": null,
            "relation_fv_rs_bd_to_profile": "",
            "relation_fv_rs_bd_to_relay_p": "",
            "relation_fv_rs_ctx": "uni/tn-common/ctx-prod",
            "relation_fv_rs_igmpsn": "uni/tn-common/snPol-default",
            "relation_fv_rs_mldsn": "uni/tn-common/mldsnoopPol-default",
            "tenant_dn": "uni/tn-prod",
            "unicast_route": "no",
            "unk_mac_ucast_act": "flood",
            "unk_mcast_act": "flood",
            "v6unk_mcast_act": "flood",
            "vmac": "not-applicable"
          },
          "sensitive_attributes": [],
          "private": "eyJzY2hlbWFfdmVyc2lvbiI6IjEifQ==",
          "dependencies": [
            "aci_tenant.prod",
            "data.aci_tenant.common",
            "data.aci_vrf.prod"
          ]
        }
      ]
    },
    {
      "mode": "managed",
      "type": "aci_bridge_domain",
      "name": "prod_v3910",
      "provider": "provider[\"registry.terraform.io/ciscodevnet/aci\"]",
      "instances": [
        {
          "schema_version": 1,
          "attributes": {
            "annotation": "orchestrator:terraform",
            "arp_flood": "yes",
            "bridge_domain_type": "regular",
            "description": "Network Centric",
            "ep_clear": "no",
            "ep_move_detect_mode": "garp",
            "host_based_routing": "no",
            "id": "uni/tn-prod/BD-v3910",
            "intersite_bum_traffic_allow": "no",
            "intersite_l2_stretch": "no",
            "ip_learning": "yes",
            "ipv6_mcast_allow": "no",
            "limit_ip_learn_to_subnets": "yes",
            "ll_addr": "::",
            "mac": "00:22:BD:F8:19:FF",
            "mcast_allow": "no",
            "multi_dst_pkt_act": "bd-flood",
            "name": "v3910",
            "name_alias": "",
            "optimize_wan_bandwidth": "no",
            "relation_fv_rs_abd_pol_mon_pol": "uni/tn-common/monepg-default",
            "relation_fv_rs_bd_flood_to": null,
            "relation_fv_rs_bd_to_ep_ret": "uni/tn-common/epRPol-default",
            "relation_fv_rs_bd_to_fhs": "",
            "relation_fv_rs_bd_to_nd_p": "uni/tn-common/ndifpol-default",
            "relation_fv_rs_bd_to_netflow_monitor_pol": [],
            "relation_fv_rs_bd_to_out": null,
            "relation_fv_rs_bd_to_profile": "",
            "relation_fv_rs_bd_to_relay_p": "",
            "relation_fv_rs_ctx": "uni/tn-common/ctx-prod",
            "relation_fv_rs_igmpsn": "uni/tn-common/snPol-default",
            "relation_fv_rs_mldsn": "uni/tn-common/mldsnoopPol-default",
            "tenant_dn": "uni/tn-prod",
            "unicast_route": "no",
            "unk_mac_ucast_act": "flood",
            "unk_mcast_act": "flood",
            "v6unk_mcast_act": "flood",
            "vmac": "not-applicable"
          },
          "sensitive_attributes": [],
          "private": "eyJzY2hlbWFfdmVyc2lvbiI6IjEifQ==",
          "dependencies": [
            "aci_tenant.prod",
            "data.aci_tenant.common",
            "data.aci_vrf.prod"
          ]
        }
      ]
    },
    {
      "mode": "managed",
      "type": "aci_bridge_domain",
      "name": "prod_v3960",
      "provider": "provider[\"registry.terraform.io/ciscodevnet/aci\"]",
      "instances": [
        {
          "schema_version": 1,
          "attributes": {
            "annotation": "orchestrator:terraform",
            "arp_flood": "yes",
            "bridge_domain_type": "regular",
            "description": "Network Centric",
            "ep_clear": "no",
            "ep_move_detect_mode": "garp",
            "host_based_routing": "no",
            "id": "uni/tn-prod/BD-v3960",
            "intersite_bum_traffic_allow": "no",
            "intersite_l2_stretch": "no",
            "ip_learning": "yes",
            "ipv6_mcast_allow": "no",
            "limit_ip_learn_to_subnets": "yes",
            "ll_addr": "::",
            "mac": "00:22:BD:F8:19:FF",
            "mcast_allow": "no",
            "multi_dst_pkt_act": "bd-flood",
            "name": "v3960",
            "name_alias": "",
            "optimize_wan_bandwidth": "no",
            "relation_fv_rs_abd_pol_mon_pol": "uni/tn-common/monepg-default",
            "relation_fv_rs_bd_flood_to": null,
            "relation_fv_rs_bd_to_ep_ret": "uni/tn-common/epRPol-default",
            "relation_fv_rs_bd_to_fhs": "",
            "relation_fv_rs_bd_to_nd_p": "uni/tn-common/ndifpol-default",
            "relation_fv_rs_bd_to_netflow_monitor_pol": [],
            "relation_fv_rs_bd_to_out": null,
            "relation_fv_rs_bd_to_profile": "",
            "relation_fv_rs_bd_to_relay_p": "",
            "relation_fv_rs_ctx": "uni/tn-common/ctx-prod",
            "relation_fv_rs_igmpsn": "uni/tn-common/snPol-default",
            "relation_fv_rs_mldsn": "uni/tn-common/mldsnoopPol-default",
            "tenant_dn": "uni/tn-prod",
            "unicast_route": "no",
            "unk_mac_ucast_act": "flood",
            "unk_mcast_act": "flood",
            "v6unk_mcast_act": "flood",
            "vmac": "not-applicable"
          },
          "sensitive_attributes": [],
          "private": "eyJzY2hlbWFfdmVyc2lvbiI6IjEifQ==",
          "dependencies": [
            "aci_tenant.prod",
            "data.aci_tenant.common",
            "data.aci_vrf.prod"
          ]
        }
      ]
    },
    {
      "mode": "managed",
      "type": "aci_bridge_domain",
      "name": "prod_v3961",
      "provider": "provider[\"registry.terraform.io/ciscodevnet/aci\"]",
      "instances": [
        {
          "schema_version": 1,
          "attributes": {
            "annotation": "orchestrator:terraform",
            "arp_flood": "yes",
            "bridge_domain_type": "regular",
            "description": "Network Centric",
            "ep_clear": "no",
            "ep_move_detect_mode": "garp",
            "host_based_routing": "no",
            "id": "uni/tn-prod/BD-v3961",
            "intersite_bum_traffic_allow": "no",
            "intersite_l2_stretch": "no",
            "ip_learning": "yes",
            "ipv6_mcast_allow": "no",
            "limit_ip_learn_to_subnets": "yes",
            "ll_addr": "::",
            "mac": "00:22:BD:F8:19:FF",
            "mcast_allow": "no",
            "multi_dst_pkt_act": "bd-flood",
            "name": "v3961",
            "name_alias": "",
            "optimize_wan_bandwidth": "no",
            "relation_fv_rs_abd_pol_mon_pol": "uni/tn-common/monepg-default",
            "relation_fv_rs_bd_flood_to": null,
            "relation_fv_rs_bd_to_ep_ret": "uni/tn-common/epRPol-default",
            "relation_fv_rs_bd_to_fhs": "",
            "relation_fv_rs_bd_to_nd_p": "uni/tn-common/ndifpol-default",
            "relation_fv_rs_bd_to_netflow_monitor_pol": [],
            "relation_fv_rs_bd_to_out": null,
            "relation_fv_rs_bd_to_profile": "",
            "relation_fv_rs_bd_to_relay_p": "",
            "relation_fv_rs_ctx": "uni/tn-common/ctx-prod",
            "relation_fv_rs_igmpsn": "uni/tn-common/snPol-default",
            "relation_fv_rs_mldsn": "uni/tn-common/mldsnoopPol-default",
            "tenant_dn": "uni/tn-prod",
            "unicast_route": "no",
            "unk_mac_ucast_act": "flood",
            "unk_mcast_act": "flood",
            "v6unk_mcast_act": "flood",
            "vmac": "not-applicable"
          },
          "sensitive_attributes": [],
          "private": "eyJzY2hlbWFfdmVyc2lvbiI6IjEifQ==",
          "dependencies": [
            "aci_tenant.prod",
            "data.aci_tenant.common",
            "data.aci_vrf.prod"
          ]
        }
      ]
    },
    {
      "mode": "managed",
      "type": "aci_bridge_domain",
      "name": "prod_v3962",
      "provider": "provider[\"registry.terraform.io/ciscodevnet/aci\"]",
      "instances": [
        {
          "schema_version": 1,
          "attributes": {
            "annotation": "orchestrator:terraform",
            "arp_flood": "yes",
            "bridge_domain_type": "regular",
            "description": "Network Centric",
            "ep_clear": "no",
            "ep_move_detect_mode": "garp",
            "host_based_routing": "no",
            "id": "uni/tn-prod/BD-v3962",
            "intersite_bum_traffic_allow": "no",
            "intersite_l2_stretch": "no",
            "ip_learning": "yes",
            "ipv6_mcast_allow": "no",
            "limit_ip_learn_to_subnets": "yes",
            "ll_addr": "::",
            "mac": "00:22:BD:F8:19:FF",
            "mcast_allow": "no",
            "multi_dst_pkt_act": "bd-flood",
            "name": "v3962",
            "name_alias": "",
            "optimize_wan_bandwidth": "no",
            "relation_fv_rs_abd_pol_mon_pol": "uni/tn-common/monepg-default",
            "relation_fv_rs_bd_flood_to": null,
            "relation_fv_rs_bd_to_ep_ret": "uni/tn-common/epRPol-default",
            "relation_fv_rs_bd_to_fhs": "",
            "relation_fv_rs_bd_to_nd_p": "uni/tn-common/ndifpol-default",
            "relation_fv_rs_bd_to_netflow_monitor_pol": [],
            "relation_fv_rs_bd_to_out": null,
            "relation_fv_rs_bd_to_profile": "",
            "relation_fv_rs_bd_to_relay_p": "",
            "relation_fv_rs_ctx": "uni/tn-common/ctx-prod",
            "relation_fv_rs_igmpsn": "uni/tn-common/snPol-default",
            "relation_fv_rs_mldsn": "uni/tn-common/mldsnoopPol-default",
            "tenant_dn": "uni/tn-prod",
            "unicast_route": "no",
            "unk_mac_ucast_act": "flood",
            "unk_mcast_act": "flood",
            "v6unk_mcast_act": "flood",
            "vmac": "not-applicable"
          },
          "sensitive_attributes": [],
          "private": "eyJzY2hlbWFfdmVyc2lvbiI6IjEifQ==",
          "dependencies": [
            "aci_tenant.prod",
            "data.aci_tenant.common",
            "data.aci_vrf.prod"
          ]
        }
      ]
    },
    {
      "mode": "managed",
      "type": "aci_bridge_domain",
      "name": "prod_v3963",
      "provider": "provider[\"registry.terraform.io/ciscodevnet/aci\"]",
      "instances": [
        {
          "schema_version": 1,
          "attributes": {
            "annotation": "orchestrator:terraform",
            "arp_flood": "yes",
            "bridge_domain_type": "regular",
            "description": "Network Centric",
            "ep_clear": "no",
            "ep_move_detect_mode": "garp",
            "host_based_routing": "no",
            "id": "uni/tn-prod/BD-v3963",
            "intersite_bum_traffic_allow": "no",
            "intersite_l2_stretch": "no",
            "ip_learning": "yes",
            "ipv6_mcast_allow": "no",
            "limit_ip_learn_to_subnets": "yes",
            "ll_addr": "::",
            "mac": "00:22:BD:F8:19:FF",
            "mcast_allow": "no",
            "multi_dst_pkt_act": "bd-flood",
            "name": "v3963",
            "name_alias": "",
            "optimize_wan_bandwidth": "no",
            "relation_fv_rs_abd_pol_mon_pol": "uni/tn-common/monepg-default",
            "relation_fv_rs_bd_flood_to": null,
            "relation_fv_rs_bd_to_ep_ret": "uni/tn-common/epRPol-default",
            "relation_fv_rs_bd_to_fhs": "",
            "relation_fv_rs_bd_to_nd_p": "uni/tn-common/ndifpol-default",
            "relation_fv_rs_bd_to_netflow_monitor_pol": [],
            "relation_fv_rs_bd_to_out": null,
            "relation_fv_rs_bd_to_profile": "",
            "relation_fv_rs_bd_to_relay_p": "",
            "relation_fv_rs_ctx": "uni/tn-common/ctx-prod",
            "relation_fv_rs_igmpsn": "uni/tn-common/snPol-default",
            "relation_fv_rs_mldsn": "uni/tn-common/mldsnoopPol-default",
            "tenant_dn": "uni/tn-prod",
            "unicast_route": "no",
            "unk_mac_ucast_act": "flood",
            "unk_mcast_act": "flood",
            "v6unk_mcast_act": "flood",
            "vmac": "not-applicable"
          },
          "sensitive_attributes": [],
          "private": "eyJzY2hlbWFfdmVyc2lvbiI6IjEifQ==",
          "dependencies": [
            "aci_tenant.prod",
            "data.aci_tenant.common",
            "data.aci_vrf.prod"
          ]
        }
      ]
    },
    {
      "mode": "managed",
      "type": "aci_bridge_domain",
      "name": "prod_v3964",
      "provider": "provider[\"registry.terraform.io/ciscodevnet/aci\"]",
      "instances": [
        {
          "schema_version": 1,
          "attributes": {
            "annotation": "orchestrator:terraform",
            "arp_flood": "yes",
            "bridge_domain_type": "regular",
            "description": "Network Centric",
            "ep_clear": "no",
            "ep_move_detect_mode": "garp",
            "host_based_routing": "no",
            "id": "uni/tn-prod/BD-v3964",
            "intersite_bum_traffic_allow": "no",
            "intersite_l2_stretch": "no",
            "ip_learning": "yes",
            "ipv6_mcast_allow": "no",
            "limit_ip_learn_to_subnets": "yes",
            "ll_addr": "::",
            "mac": "00:22:BD:F8:19:FF",
            "mcast_allow": "no",
            "multi_dst_pkt_act": "bd-flood",
            "name": "v3964",
            "name_alias": "",
            "optimize_wan_bandwidth": "no",
            "relation_fv_rs_abd_pol_mon_pol": "uni/tn-common/monepg-default",
            "relation_fv_rs_bd_flood_to": null,
            "relation_fv_rs_bd_to_ep_ret": "uni/tn-common/epRPol-default",
            "relation_fv_rs_bd_to_fhs": "",
            "relation_fv_rs_bd_to_nd_p": "uni/tn-common/ndifpol-default",
            "relation_fv_rs_bd_to_netflow_monitor_pol": [],
            "relation_fv_rs_bd_to_out": null,
            "relation_fv_rs_bd_to_profile": "",
            "relation_fv_rs_bd_to_relay_p": "",
            "relation_fv_rs_ctx": "uni/tn-common/ctx-prod",
            "relation_fv_rs_igmpsn": "uni/tn-common/snPol-default",
            "relation_fv_rs_mldsn": "uni/tn-common/mldsnoopPol-default",
            "tenant_dn": "uni/tn-prod",
            "unicast_route": "no",
            "unk_mac_ucast_act": "flood",
            "unk_mcast_act": "flood",
            "v6unk_mcast_act": "flood",
            "vmac": "not-applicable"
          },
          "sensitive_attributes": [],
          "private": "eyJzY2hlbWFfdmVyc2lvbiI6IjEifQ==",
          "dependencies": [
            "aci_tenant.prod",
            "data.aci_tenant.common",
            "data.aci_vrf.prod"
          ]
        }
      ]
    },
    {
      "mode": "managed",
      "type": "aci_bridge_domain",
      "name": "prod_v3965",
      "provider": "provider[\"registry.terraform.io/ciscodevnet/aci\"]",
      "instances": [
        {
          "schema_version": 1,
          "attributes": {
            "annotation": "orchestrator:terraform",
            "arp_flood": "yes",
            "bridge_domain_type": "regular",
            "description": "Network Centric",
            "ep_clear": "no",
            "ep_move_detect_mode": "garp",
            "host_based_routing": "no",
            "id": "uni/tn-prod/BD-v3965",
            "intersite_bum_traffic_allow": "no",
            "intersite_l2_stretch": "no",
            "ip_learning": "yes",
            "ipv6_mcast_allow": "no",
            "limit_ip_learn_to_subnets": "yes",
            "ll_addr": "::",
            "mac": "00:22:BD:F8:19:FF",
            "mcast_allow": "no",
            "multi_dst_pkt_act": "bd-flood",
            "name": "v3965",
            "name_alias": "",
            "optimize_wan_bandwidth": "no",
            "relation_fv_rs_abd_pol_mon_pol": "uni/tn-common/monepg-default",
            "relation_fv_rs_bd_flood_to": null,
            "relation_fv_rs_bd_to_ep_ret": "uni/tn-common/epRPol-default",
            "relation_fv_rs_bd_to_fhs": "",
            "relation_fv_rs_bd_to_nd_p": "uni/tn-common/ndifpol-default",
            "relation_fv_rs_bd_to_netflow_monitor_pol": [],
            "relation_fv_rs_bd_to_out": null,
            "relation_fv_rs_bd_to_profile": "",
            "relation_fv_rs_bd_to_relay_p": "",
            "relation_fv_rs_ctx": "uni/tn-common/ctx-prod",
            "relation_fv_rs_igmpsn": "uni/tn-common/snPol-default",
            "relation_fv_rs_mldsn": "uni/tn-common/mldsnoopPol-default",
            "tenant_dn": "uni/tn-prod",
            "unicast_route": "no",
            "unk_mac_ucast_act": "flood",
            "unk_mcast_act": "flood",
            "v6unk_mcast_act": "flood",
            "vmac": "not-applicable"
          },
          "sensitive_attributes": [],
          "private": "eyJzY2hlbWFfdmVyc2lvbiI6IjEifQ==",
          "dependencies": [
            "aci_tenant.prod",
            "data.aci_tenant.common",
            "data.aci_vrf.prod"
          ]
        }
      ]
    },
    {
      "mode": "managed",
      "type": "aci_bridge_domain",
      "name": "prod_v3966",
      "provider": "provider[\"registry.terraform.io/ciscodevnet/aci\"]",
      "instances": [
        {
          "schema_version": 1,
          "attributes": {
            "annotation": "orchestrator:terraform",
            "arp_flood": "yes",
            "bridge_domain_type": "regular",
            "description": "Network Centric",
            "ep_clear": "no",
            "ep_move_detect_mode": "garp",
            "host_based_routing": "no",
            "id": "uni/tn-prod/BD-v3966",
            "intersite_bum_traffic_allow": "no",
            "intersite_l2_stretch": "no",
            "ip_learning": "yes",
            "ipv6_mcast_allow": "no",
            "limit_ip_learn_to_subnets": "yes",
            "ll_addr": "::",
            "mac": "00:22:BD:F8:19:FF",
            "mcast_allow": "no",
            "multi_dst_pkt_act": "bd-flood",
            "name": "v3966",
            "name_alias": "",
            "optimize_wan_bandwidth": "no",
            "relation_fv_rs_abd_pol_mon_pol": "uni/tn-common/monepg-default",
            "relation_fv_rs_bd_flood_to": null,
            "relation_fv_rs_bd_to_ep_ret": "uni/tn-common/epRPol-default",
            "relation_fv_rs_bd_to_fhs": "",
            "relation_fv_rs_bd_to_nd_p": "uni/tn-common/ndifpol-default",
            "relation_fv_rs_bd_to_netflow_monitor_pol": [],
            "relation_fv_rs_bd_to_out": null,
            "relation_fv_rs_bd_to_profile": "",
            "relation_fv_rs_bd_to_relay_p": "",
            "relation_fv_rs_ctx": "uni/tn-common/ctx-prod",
            "relation_fv_rs_igmpsn": "uni/tn-common/snPol-default",
            "relation_fv_rs_mldsn": "uni/tn-common/mldsnoopPol-default",
            "tenant_dn": "uni/tn-prod",
            "unicast_route": "no",
            "unk_mac_ucast_act": "flood",
            "unk_mcast_act": "flood",
            "v6unk_mcast_act": "flood",
            "vmac": "not-applicable"
          },
          "sensitive_attributes": [],
          "private": "eyJzY2hlbWFfdmVyc2lvbiI6IjEifQ==",
          "dependencies": [
            "aci_tenant.prod",
            "data.aci_tenant.common",
            "data.aci_vrf.prod"
          ]
        }
      ]
    },
    {
      "mode": "managed",
      "type": "aci_bridge_domain",
      "name": "prod_v3967",
      "provider": "provider[\"registry.terraform.io/ciscodevnet/aci\"]",
      "instances": [
        {
          "schema_version": 1,
          "attributes": {
            "annotation": "orchestrator:terraform",
            "arp_flood": "yes",
            "bridge_domain_type": "regular",
            "description": "Network Centric",
            "ep_clear": "no",
            "ep_move_detect_mode": "garp",
            "host_based_routing": "no",
            "id": "uni/tn-prod/BD-v3967",
            "intersite_bum_traffic_allow": "no",
            "intersite_l2_stretch": "no",
            "ip_learning": "yes",
            "ipv6_mcast_allow": "no",
            "limit_ip_learn_to_subnets": "yes",
            "ll_addr": "::",
            "mac": "00:22:BD:F8:19:FF",
            "mcast_allow": "no",
            "multi_dst_pkt_act": "bd-flood",
            "name": "v3967",
            "name_alias": "",
            "optimize_wan_bandwidth": "no",
            "relation_fv_rs_abd_pol_mon_pol": "uni/tn-common/monepg-default",
            "relation_fv_rs_bd_flood_to": null,
            "relation_fv_rs_bd_to_ep_ret": "uni/tn-common/epRPol-default",
            "relation_fv_rs_bd_to_fhs": "",
            "relation_fv_rs_bd_to_nd_p": "uni/tn-common/ndifpol-default",
            "relation_fv_rs_bd_to_netflow_monitor_pol": [],
            "relation_fv_rs_bd_to_out": null,
            "relation_fv_rs_bd_to_profile": "",
            "relation_fv_rs_bd_to_relay_p": "",
            "relation_fv_rs_ctx": "uni/tn-common/ctx-prod",
            "relation_fv_rs_igmpsn": "uni/tn-common/snPol-default",
            "relation_fv_rs_mldsn": "uni/tn-common/mldsnoopPol-default",
            "tenant_dn": "uni/tn-prod",
            "unicast_route": "no",
            "unk_mac_ucast_act": "flood",
            "unk_mcast_act": "flood",
            "v6unk_mcast_act": "flood",
            "vmac": "not-applicable"
          },
          "sensitive_attributes": [],
          "private": "eyJzY2hlbWFfdmVyc2lvbiI6IjEifQ==",
          "dependencies": [
            "aci_tenant.prod",
            "data.aci_tenant.common",
            "data.aci_vrf.prod"
          ]
        }
      ]
    },
    {
      "mode": "managed",
      "type": "aci_epg_to_static_path",
      "name": "nets_v0001_Pod-1_Nodes-201-202_pg_vpc13_dc1-leaf201",
      "provider": "provider[\"registry.terraform.io/ciscodevnet/aci\"]",
      "instances": [
        {
          "schema_version": 1,
          "attributes": {
            "annotation": "orchestrator:terraform",
            "application_epg_dn": "uni/tn-prod/ap-nets/epg-v0001",
            "description": null,
            "encap": "vlan-1",
            "id": "uni/tn-prod/ap-nets/epg-v0001/rspathAtt-[topology/pod-1/protpaths-201-202/pathep-[pg_vpc13_dc1-leaf201]]",
            "instr_imedcy": "lazy",
            "mode": "native",
            "primary_encap": "unknown",
            "tdn": "topology/pod-1/protpaths-201-202/pathep-[pg_vpc13_dc1-leaf201]"
          },
          "sensitive_attributes": [],
          "private": "eyJzY2hlbWFfdmVyc2lvbiI6IjEifQ==",
          "dependencies": [
            "aci_application_epg.nets_v0001",
            "aci_application_profile.prod_nets",
            "aci_bridge_domain.prod_v0001",
            "aci_tenant.prod",
            "data.aci_tenant.common",
            "data.aci_vrf.prod"
          ]
        }
      ]
    },
    {
      "mode": "managed",
      "type": "aci_epg_to_static_path",
      "name": "nets_v0001_Pod-1_Nodes-201-202_pg_vpc1_dc1-leaf201",
      "provider": "provider[\"registry.terraform.io/ciscodevnet/aci\"]",
      "instances": [
        {
          "schema_version": 1,
          "attributes": {
            "annotation": "orchestrator:terraform",
            "application_epg_dn": "uni/tn-prod/ap-nets/epg-v0001",
            "description": null,
            "encap": "vlan-1",
            "id": "uni/tn-prod/ap-nets/epg-v0001/rspathAtt-[topology/pod-1/protpaths-201-202/pathep-[pg_vpc1_dc1-leaf201]]",
            "instr_imedcy": "lazy",
            "mode": "native",
            "primary_encap": "unknown",
            "tdn": "topology/pod-1/protpaths-201-202/pathep-[pg_vpc1_dc1-leaf201]"
          },
          "sensitive_attributes": [],
          "private": "eyJzY2hlbWFfdmVyc2lvbiI6IjEifQ==",
          "dependencies": [
            "aci_application_epg.nets_v0001",
            "aci_application_profile.prod_nets",
            "aci_bridge_domain.prod_v0001",
            "aci_tenant.prod",
            "data.aci_tenant.common",
            "data.aci_vrf.prod"
          ]
        }
      ]
    },
    {
      "mode": "managed",
      "type": "aci_epg_to_static_path",
      "name": "nets_v0001_Pod-1_Nodes-201-202_pg_vpc7_dc1-leaf201",
      "provider": "provider[\"registry.terraform.io/ciscodevnet/aci\"]",
      "instances": [
        {
          "schema_version": 1,
          "attributes": {
            "annotation": "orchestrator:terraform",
            "application_epg_dn": "uni/tn-prod/ap-nets/epg-v0001",
            "description": null,
            "encap": "vlan-1",
            "id": "uni/tn-prod/ap-nets/epg-v0001/rspathAtt-[topology/pod-1/protpaths-201-202/pathep-[pg_vpc7_dc1-leaf201]]",
            "instr_imedcy": "lazy",
            "mode": "native",
            "primary_encap": "unknown",
            "tdn": "topology/pod-1/protpaths-201-202/pathep-[pg_vpc7_dc1-leaf201]"
          },
          "sensitive_attributes": [],
          "private": "eyJzY2hlbWFfdmVyc2lvbiI6IjEifQ==",
          "dependencies": [
            "aci_application_epg.nets_v0001",
            "aci_application_profile.prod_nets",
            "aci_bridge_domain.prod_v0001",
            "aci_tenant.prod",
            "data.aci_tenant.common",
            "data.aci_vrf.prod"
          ]
        }
      ]
    },
    {
      "mode": "managed",
      "type": "aci_epg_to_static_path",
      "name": "nets_v0001_Pod-1_Nodes-201-202_pg_vpc9_dc1-leaf201",
      "provider": "provider[\"registry.terraform.io/ciscodevnet/aci\"]",
      "instances": [
        {
          "schema_version": 1,
          "attributes": {
            "annotation": "orchestrator:terraform",
            "application_epg_dn": "uni/tn-prod/ap-nets/epg-v0001",
            "description": null,
            "encap": "vlan-1",
            "id": "uni/tn-prod/ap-nets/epg-v0001/rspathAtt-[topology/pod-1/protpaths-201-202/pathep-[pg_vpc9_dc1-leaf201]]",
            "instr_imedcy": "lazy",
            "mode": "native",
            "primary_encap": "unknown",
            "tdn": "topology/pod-1/protpaths-201-202/pathep-[pg_vpc9_dc1-leaf201]"
          },
          "sensitive_attributes": [],
          "private": "eyJzY2hlbWFfdmVyc2lvbiI6IjEifQ==",
          "dependencies": [
            "aci_application_epg.nets_v0001",
            "aci_application_profile.prod_nets",
            "aci_bridge_domain.prod_v0001",
            "aci_tenant.prod",
            "data.aci_tenant.common",
            "data.aci_vrf.prod"
          ]
        }
      ]
    },
    {
      "mode": "managed",
      "type": "aci_epg_to_static_path",
      "name": "nets_v0064_Pod-1_Nodes-201-202_pg_vpc7_dc1-leaf201",
      "provider": "provider[\"registry.terraform.io/ciscodevnet/aci\"]",
      "instances": [
        {
          "schema_version": 1,
          "attributes": {
            "annotation": "orchestrator:terraform",
            "application_epg_dn": "uni/tn-prod/ap-nets/epg-v0064",
            "description": null,
            "encap": "vlan-64",
            "id": "uni/tn-prod/ap-nets/epg-v0064/rspathAtt-[topology/pod-1/protpaths-201-202/pathep-[pg_vpc7_dc1-leaf201]]",
            "instr_imedcy": "lazy",
            "mode": "regular",
            "primary_encap": "unknown",
            "tdn": "topology/pod-1/protpaths-201-202/pathep-[pg_vpc7_dc1-leaf201]"
          },
          "sensitive_attributes": [],
          "private": "eyJzY2hlbWFfdmVyc2lvbiI6IjEifQ==",
          "dependencies": [
            "aci_application_epg.nets_v0064",
            "aci_application_profile.prod_nets",
            "aci_bridge_domain.prod_v0064",
            "aci_tenant.prod",
            "data.aci_tenant.common",
            "data.aci_vrf.prod"
          ]
        }
      ]
    },
    {
      "mode": "managed",
      "type": "aci_epg_to_static_path",
      "name": "nets_v0064_Pod-1_Nodes-201-202_pg_vpc9_dc1-leaf201",
      "provider": "provider[\"registry.terraform.io/ciscodevnet/aci\"]",
      "instances": [
        {
          "schema_version": 1,
          "attributes": {
            "annotation": "orchestrator:terraform",
            "application_epg_dn": "uni/tn-prod/ap-nets/epg-v0064",
            "description": null,
            "encap": "vlan-64",
            "id": "uni/tn-prod/ap-nets/epg-v0064/rspathAtt-[topology/pod-1/protpaths-201-202/pathep-[pg_vpc9_dc1-leaf201]]",
            "instr_imedcy": "lazy",
            "mode": "regular",
            "primary_encap": "unknown",
            "tdn": "topology/pod-1/protpaths-201-202/pathep-[pg_vpc9_dc1-leaf201]"
          },
          "sensitive_attributes": [],
          "private": "eyJzY2hlbWFfdmVyc2lvbiI6IjEifQ==",
          "dependencies": [
            "aci_application_epg.nets_v0064",
            "aci_application_profile.prod_nets",
            "aci_bridge_domain.prod_v0064",
            "aci_tenant.prod",
            "data.aci_tenant.common",
            "data.aci_vrf.prod"
          ]
        }
      ]
    },
    {
      "mode": "managed",
      "type": "aci_epg_to_static_path",
      "name": "nets_v0080_Pod-1_Nodes-201-202_pg_vpc7_dc1-leaf201",
      "provider": "provider[\"registry.terraform.io/ciscodevnet/aci\"]",
      "instances": [
        {
          "schema_version": 1,
          "attributes": {
            "annotation": "orchestrator:terraform",
            "application_epg_dn": "uni/tn-prod/ap-nets/epg-v0080",
            "description": null,
            "encap": "vlan-80",
            "id": "uni/tn-prod/ap-nets/epg-v0080/rspathAtt-[topology/pod-1/protpaths-201-202/pathep-[pg_vpc7_dc1-leaf201]]",
            "instr_imedcy": "lazy",
            "mode": "regular",
            "primary_encap": "unknown",
            "tdn": "topology/pod-1/protpaths-201-202/pathep-[pg_vpc7_dc1-leaf201]"
          },
          "sensitive_attributes": [],
          "private": "eyJzY2hlbWFfdmVyc2lvbiI6IjEifQ==",
          "dependencies": [
            "aci_application_epg.nets_v0080",
            "aci_application_profile.prod_nets",
            "aci_bridge_domain.prod_v0080",
            "aci_tenant.prod",
            "data.aci_tenant.common",
            "data.aci_vrf.prod"
          ]
        }
      ]
    },
    {
      "mode": "managed",
      "type": "aci_epg_to_static_path",
      "name": "nets_v0080_Pod-1_Nodes-201-202_pg_vpc9_dc1-leaf201",
      "provider": "provider[\"registry.terraform.io/ciscodevnet/aci\"]",
      "instances": [
        {
          "schema_version": 1,
          "attributes": {
            "annotation": "orchestrator:terraform",
            "application_epg_dn": "uni/tn-prod/ap-nets/epg-v0080",
            "description": null,
            "encap": "vlan-80",
            "id": "uni/tn-prod/ap-nets/epg-v0080/rspathAtt-[topology/pod-1/protpaths-201-202/pathep-[pg_vpc9_dc1-leaf201]]",
            "instr_imedcy": "lazy",
            "mode": "regular",
            "primary_encap": "unknown",
            "tdn": "topology/pod-1/protpaths-201-202/pathep-[pg_vpc9_dc1-leaf201]"
          },
          "sensitive_attributes": [],
          "private": "eyJzY2hlbWFfdmVyc2lvbiI6IjEifQ==",
          "dependencies": [
            "aci_application_epg.nets_v0080",
            "aci_application_profile.prod_nets",
            "aci_bridge_domain.prod_v0080",
            "aci_tenant.prod",
            "data.aci_tenant.common",
            "data.aci_vrf.prod"
          ]
        }
      ]
    },
    {
      "mode": "managed",
      "type": "aci_epg_to_static_path",
      "name": "nets_v0087_Pod-1_Nodes-201-202_pg_vpc7_dc1-leaf201",
      "provider": "provider[\"registry.terraform.io/ciscodevnet/aci\"]",
      "instances": [
        {
          "schema_version": 1,
          "attributes": {
            "annotation": "orchestrator:terraform",
            "application_epg_dn": "uni/tn-prod/ap-nets/epg-v0087",
            "description": null,
            "encap": "vlan-87",
            "id": "uni/tn-prod/ap-nets/epg-v0087/rspathAtt-[topology/pod-1/protpaths-201-202/pathep-[pg_vpc7_dc1-leaf201]]",
            "instr_imedcy": "lazy",
            "mode": "regular",
            "primary_encap": "unknown",
            "tdn": "topology/pod-1/protpaths-201-202/pathep-[pg_vpc7_dc1-leaf201]"
          },
          "sensitive_attributes": [],
          "private": "eyJzY2hlbWFfdmVyc2lvbiI6IjEifQ==",
          "dependencies": [
            "aci_application_epg.nets_v0087",
            "aci_application_profile.prod_nets",
            "aci_bridge_domain.prod_v0087",
            "aci_tenant.prod",
            "data.aci_tenant.common",
            "data.aci_vrf.prod"
          ]
        }
      ]
    },
    {
      "mode": "managed",
      "type": "aci_epg_to_static_path",
      "name": "nets_v0087_Pod-1_Nodes-201-202_pg_vpc9_dc1-leaf201",
      "provider": "provider[\"registry.terraform.io/ciscodevnet/aci\"]",
      "instances": [
        {
          "schema_version": 1,
          "attributes": {
            "annotation": "orchestrator:terraform",
            "application_epg_dn": "uni/tn-prod/ap-nets/epg-v0087",
            "description": null,
            "encap": "vlan-87",
            "id": "uni/tn-prod/ap-nets/epg-v0087/rspathAtt-[topology/pod-1/protpaths-201-202/pathep-[pg_vpc9_dc1-leaf201]]",
            "instr_imedcy": "lazy",
            "mode": "regular",
            "primary_encap": "unknown",
            "tdn": "topology/pod-1/protpaths-201-202/pathep-[pg_vpc9_dc1-leaf201]"
          },
          "sensitive_attributes": [],
          "private": "eyJzY2hlbWFfdmVyc2lvbiI6IjEifQ==",
          "dependencies": [
            "aci_application_epg.nets_v0087",
            "aci_application_profile.prod_nets",
            "aci_bridge_domain.prod_v0087",
            "aci_tenant.prod",
            "data.aci_tenant.common",
            "data.aci_vrf.prod"
          ]
        }
      ]
    },
    {
      "mode": "managed",
      "type": "aci_epg_to_static_path",
      "name": "nets_v0090_Pod-1_Nodes-201-202_pg_vpc7_dc1-leaf201",
      "provider": "provider[\"registry.terraform.io/ciscodevnet/aci\"]",
      "instances": [
        {
          "schema_version": 1,
          "attributes": {
            "annotation": "orchestrator:terraform",
            "application_epg_dn": "uni/tn-prod/ap-nets/epg-v0090",
            "description": null,
            "encap": "vlan-90",
            "id": "uni/tn-prod/ap-nets/epg-v0090/rspathAtt-[topology/pod-1/protpaths-201-202/pathep-[pg_vpc7_dc1-leaf201]]",
            "instr_imedcy": "lazy",
            "mode": "regular",
            "primary_encap": "unknown",
            "tdn": "topology/pod-1/protpaths-201-202/pathep-[pg_vpc7_dc1-leaf201]"
          },
          "sensitive_attributes": [],
          "private": "eyJzY2hlbWFfdmVyc2lvbiI6IjEifQ==",
          "dependencies": [
            "aci_application_epg.nets_v0090",
            "aci_application_profile.prod_nets",
            "aci_bridge_domain.prod_v0090",
            "aci_tenant.prod",
            "data.aci_tenant.common",
            "data.aci_vrf.prod"
          ]
        }
      ]
    },
    {
      "mode": "managed",
      "type": "aci_epg_to_static_path",
      "name": "nets_v0090_Pod-1_Nodes-201-202_pg_vpc9_dc1-leaf201",
      "provider": "provider[\"registry.terraform.io/ciscodevnet/aci\"]",
      "instances": [
        {
          "schema_version": 1,
          "attributes": {
            "annotation": "orchestrator:terraform",
            "application_epg_dn": "uni/tn-prod/ap-nets/epg-v0090",
            "description": null,
            "encap": "vlan-90",
            "id": "uni/tn-prod/ap-nets/epg-v0090/rspathAtt-[topology/pod-1/protpaths-201-202/pathep-[pg_vpc9_dc1-leaf201]]",
            "instr_imedcy": "lazy",
            "mode": "regular",
            "primary_encap": "unknown",
            "tdn": "topology/pod-1/protpaths-201-202/pathep-[pg_vpc9_dc1-leaf201]"
          },
          "sensitive_attributes": [],
          "private": "eyJzY2hlbWFfdmVyc2lvbiI6IjEifQ==",
          "dependencies": [
            "aci_application_epg.nets_v0090",
            "aci_application_profile.prod_nets",
            "aci_bridge_domain.prod_v0090",
            "aci_tenant.prod",
            "data.aci_tenant.common",
            "data.aci_vrf.prod"
          ]
        }
      ]
    },
    {
      "mode": "managed",
      "type": "aci_epg_to_static_path",
      "name": "nets_v0091_Pod-1_Nodes-201-202_pg_vpc7_dc1-leaf201",
      "provider": "provider[\"registry.terraform.io/ciscodevnet/aci\"]",
      "instances": [
        {
          "schema_version": 1,
          "attributes": {
            "annotation": "orchestrator:terraform",
            "application_epg_dn": "uni/tn-prod/ap-nets/epg-v0091",
            "description": null,
            "encap": "vlan-91",
            "id": "uni/tn-prod/ap-nets/epg-v0091/rspathAtt-[topology/pod-1/protpaths-201-202/pathep-[pg_vpc7_dc1-leaf201]]",
            "instr_imedcy": "lazy",
            "mode": "regular",
            "primary_encap": "unknown",
            "tdn": "topology/pod-1/protpaths-201-202/pathep-[pg_vpc7_dc1-leaf201]"
          },
          "sensitive_attributes": [],
          "private": "eyJzY2hlbWFfdmVyc2lvbiI6IjEifQ==",
          "dependencies": [
            "aci_application_epg.nets_v0091",
            "aci_application_profile.prod_nets",
            "aci_bridge_domain.prod_v0091",
            "aci_tenant.prod",
            "data.aci_tenant.common",
            "data.aci_vrf.prod"
          ]
        }
      ]
    },
    {
      "mode": "managed",
      "type": "aci_epg_to_static_path",
      "name": "nets_v0091_Pod-1_Nodes-201-202_pg_vpc9_dc1-leaf201",
      "provider": "provider[\"registry.terraform.io/ciscodevnet/aci\"]",
      "instances": [
        {
          "schema_version": 1,
          "attributes": {
            "annotation": "orchestrator:terraform",
            "application_epg_dn": "uni/tn-prod/ap-nets/epg-v0091",
            "description": null,
            "encap": "vlan-91",
            "id": "uni/tn-prod/ap-nets/epg-v0091/rspathAtt-[topology/pod-1/protpaths-201-202/pathep-[pg_vpc9_dc1-leaf201]]",
            "instr_imedcy": "lazy",
            "mode": "regular",
            "primary_encap": "unknown",
            "tdn": "topology/pod-1/protpaths-201-202/pathep-[pg_vpc9_dc1-leaf201]"
          },
          "sensitive_attributes": [],
          "private": "eyJzY2hlbWFfdmVyc2lvbiI6IjEifQ==",
          "dependencies": [
            "aci_application_epg.nets_v0091",
            "aci_application_profile.prod_nets",
            "aci_bridge_domain.prod_v0091",
            "aci_tenant.prod",
            "data.aci_tenant.common",
            "data.aci_vrf.prod"
          ]
        }
      ]
    },
    {
      "mode": "managed",
      "type": "aci_epg_to_static_path",
      "name": "nets_v0110_Pod-1_Nodes-201-202_pg_vpc7_dc1-leaf201",
      "provider": "provider[\"registry.terraform.io/ciscodevnet/aci\"]",
      "instances": [
        {
          "schema_version": 1,
          "attributes": {
            "annotation": "orchestrator:terraform",
            "application_epg_dn": "uni/tn-prod/ap-nets/epg-v0110",
            "description": null,
            "encap": "vlan-110",
            "id": "uni/tn-prod/ap-nets/epg-v0110/rspathAtt-[topology/pod-1/protpaths-201-202/pathep-[pg_vpc7_dc1-leaf201]]",
            "instr_imedcy": "lazy",
            "mode": "regular",
            "primary_encap": "unknown",
            "tdn": "topology/pod-1/protpaths-201-202/pathep-[pg_vpc7_dc1-leaf201]"
          },
          "sensitive_attributes": [],
          "private": "eyJzY2hlbWFfdmVyc2lvbiI6IjEifQ==",
          "dependencies": [
            "aci_application_epg.nets_v0110",
            "aci_application_profile.prod_nets",
            "aci_bridge_domain.prod_v0110",
            "aci_tenant.prod",
            "data.aci_tenant.common",
            "data.aci_vrf.prod"
          ]
        }
      ]
    },
    {
      "mode": "managed",
      "type": "aci_epg_to_static_path",
      "name": "nets_v0110_Pod-1_Nodes-201-202_pg_vpc9_dc1-leaf201",
      "provider": "provider[\"registry.terraform.io/ciscodevnet/aci\"]",
      "instances": [
        {
          "schema_version": 1,
          "attributes": {
            "annotation": "orchestrator:terraform",
            "application_epg_dn": "uni/tn-prod/ap-nets/epg-v0110",
            "description": null,
            "encap": "vlan-110",
            "id": "uni/tn-prod/ap-nets/epg-v0110/rspathAtt-[topology/pod-1/protpaths-201-202/pathep-[pg_vpc9_dc1-leaf201]]",
            "instr_imedcy": "lazy",
            "mode": "regular",
            "primary_encap": "unknown",
            "tdn": "topology/pod-1/protpaths-201-202/pathep-[pg_vpc9_dc1-leaf201]"
          },
          "sensitive_attributes": [],
          "private": "eyJzY2hlbWFfdmVyc2lvbiI6IjEifQ==",
          "dependencies": [
            "aci_application_epg.nets_v0110",
            "aci_application_profile.prod_nets",
            "aci_bridge_domain.prod_v0110",
            "aci_tenant.prod",
            "data.aci_tenant.common",
            "data.aci_vrf.prod"
          ]
        }
      ]
    },
    {
      "mode": "managed",
      "type": "aci_epg_to_static_path",
      "name": "nets_v0136_Pod-1_Nodes-201-202_pg_vpc7_dc1-leaf201",
      "provider": "provider[\"registry.terraform.io/ciscodevnet/aci\"]",
      "instances": [
        {
          "schema_version": 1,
          "attributes": {
            "annotation": "orchestrator:terraform",
            "application_epg_dn": "uni/tn-prod/ap-nets/epg-v0136",
            "description": null,
            "encap": "vlan-136",
            "id": "uni/tn-prod/ap-nets/epg-v0136/rspathAtt-[topology/pod-1/protpaths-201-202/pathep-[pg_vpc7_dc1-leaf201]]",
            "instr_imedcy": "lazy",
            "mode": "regular",
            "primary_encap": "unknown",
            "tdn": "topology/pod-1/protpaths-201-202/pathep-[pg_vpc7_dc1-leaf201]"
          },
          "sensitive_attributes": [],
          "private": "eyJzY2hlbWFfdmVyc2lvbiI6IjEifQ==",
          "dependencies": [
            "aci_application_epg.nets_v0136",
            "aci_application_profile.prod_nets",
            "aci_bridge_domain.prod_v0136",
            "aci_tenant.prod",
            "data.aci_tenant.common",
            "data.aci_vrf.prod"
          ]
        }
      ]
    },
    {
      "mode": "managed",
      "type": "aci_epg_to_static_path",
      "name": "nets_v0136_Pod-1_Nodes-201-202_pg_vpc9_dc1-leaf201",
      "provider": "provider[\"registry.terraform.io/ciscodevnet/aci\"]",
      "instances": [
        {
          "schema_version": 1,
          "attributes": {
            "annotation": "orchestrator:terraform",
            "application_epg_dn": "uni/tn-prod/ap-nets/epg-v0136",
            "description": null,
            "encap": "vlan-136",
            "id": "uni/tn-prod/ap-nets/epg-v0136/rspathAtt-[topology/pod-1/protpaths-201-202/pathep-[pg_vpc9_dc1-leaf201]]",
            "instr_imedcy": "lazy",
            "mode": "regular",
            "primary_encap": "unknown",
            "tdn": "topology/pod-1/protpaths-201-202/pathep-[pg_vpc9_dc1-leaf201]"
          },
          "sensitive_attributes": [],
          "private": "eyJzY2hlbWFfdmVyc2lvbiI6IjEifQ==",
          "dependencies": [
            "aci_application_epg.nets_v0136",
            "aci_application_profile.prod_nets",
            "aci_bridge_domain.prod_v0136",
            "aci_tenant.prod",
            "data.aci_tenant.common",
            "data.aci_vrf.prod"
          ]
        }
      ]
    },
    {
      "mode": "managed",
      "type": "aci_epg_to_static_path",
      "name": "nets_v0168_Pod-1_Nodes-201-202_pg_vpc7_dc1-leaf201",
      "provider": "provider[\"registry.terraform.io/ciscodevnet/aci\"]",
      "instances": [
        {
          "schema_version": 1,
          "attributes": {
            "annotation": "orchestrator:terraform",
            "application_epg_dn": "uni/tn-prod/ap-nets/epg-v0168",
            "description": null,
            "encap": "vlan-168",
            "id": "uni/tn-prod/ap-nets/epg-v0168/rspathAtt-[topology/pod-1/protpaths-201-202/pathep-[pg_vpc7_dc1-leaf201]]",
            "instr_imedcy": "lazy",
            "mode": "regular",
            "primary_encap": "unknown",
            "tdn": "topology/pod-1/protpaths-201-202/pathep-[pg_vpc7_dc1-leaf201]"
          },
          "sensitive_attributes": [],
          "private": "eyJzY2hlbWFfdmVyc2lvbiI6IjEifQ==",
          "dependencies": [
            "aci_application_epg.nets_v0168",
            "aci_application_profile.prod_nets",
            "aci_bridge_domain.prod_v0168",
            "aci_tenant.prod",
            "data.aci_tenant.common",
            "data.aci_vrf.prod"
          ]
        }
      ]
    },
    {
      "mode": "managed",
      "type": "aci_epg_to_static_path",
      "name": "nets_v0168_Pod-1_Nodes-201-202_pg_vpc9_dc1-leaf201",
      "provider": "provider[\"registry.terraform.io/ciscodevnet/aci\"]",
      "instances": [
        {
          "schema_version": 1,
          "attributes": {
            "annotation": "orchestrator:terraform",
            "application_epg_dn": "uni/tn-prod/ap-nets/epg-v0168",
            "description": null,
            "encap": "vlan-168",
            "id": "uni/tn-prod/ap-nets/epg-v0168/rspathAtt-[topology/pod-1/protpaths-201-202/pathep-[pg_vpc9_dc1-leaf201]]",
            "instr_imedcy": "lazy",
            "mode": "regular",
            "primary_encap": "unknown",
            "tdn": "topology/pod-1/protpaths-201-202/pathep-[pg_vpc9_dc1-leaf201]"
          },
          "sensitive_attributes": [],
          "private": "eyJzY2hlbWFfdmVyc2lvbiI6IjEifQ==",
          "dependencies": [
            "aci_application_epg.nets_v0168",
            "aci_application_profile.prod_nets",
            "aci_bridge_domain.prod_v0168",
            "aci_tenant.prod",
            "data.aci_tenant.common",
            "data.aci_vrf.prod"
          ]
        }
      ]
    },
    {
      "mode": "managed",
      "type": "aci_epg_to_static_path",
      "name": "nets_v0169_Pod-1_Nodes-201-202_pg_vpc7_dc1-leaf201",
      "provider": "provider[\"registry.terraform.io/ciscodevnet/aci\"]",
      "instances": [
        {
          "schema_version": 1,
          "attributes": {
            "annotation": "orchestrator:terraform",
            "application_epg_dn": "uni/tn-prod/ap-nets/epg-v0169",
            "description": null,
            "encap": "vlan-169",
            "id": "uni/tn-prod/ap-nets/epg-v0169/rspathAtt-[topology/pod-1/protpaths-201-202/pathep-[pg_vpc7_dc1-leaf201]]",
            "instr_imedcy": "lazy",
            "mode": "regular",
            "primary_encap": "unknown",
            "tdn": "topology/pod-1/protpaths-201-202/pathep-[pg_vpc7_dc1-leaf201]"
          },
          "sensitive_attributes": [],
          "private": "eyJzY2hlbWFfdmVyc2lvbiI6IjEifQ==",
          "dependencies": [
            "aci_application_epg.nets_v0169",
            "aci_application_profile.prod_nets",
            "aci_bridge_domain.prod_v0169",
            "aci_tenant.prod",
            "data.aci_tenant.common",
            "data.aci_vrf.prod"
          ]
        }
      ]
    },
    {
      "mode": "managed",
      "type": "aci_epg_to_static_path",
      "name": "nets_v0169_Pod-1_Nodes-201-202_pg_vpc9_dc1-leaf201",
      "provider": "provider[\"registry.terraform.io/ciscodevnet/aci\"]",
      "instances": [
        {
          "schema_version": 1,
          "attributes": {
            "annotation": "orchestrator:terraform",
            "application_epg_dn": "uni/tn-prod/ap-nets/epg-v0169",
            "description": null,
            "encap": "vlan-169",
            "id": "uni/tn-prod/ap-nets/epg-v0169/rspathAtt-[topology/pod-1/protpaths-201-202/pathep-[pg_vpc9_dc1-leaf201]]",
            "instr_imedcy": "lazy",
            "mode": "regular",
            "primary_encap": "unknown",
            "tdn": "topology/pod-1/protpaths-201-202/pathep-[pg_vpc9_dc1-leaf201]"
          },
          "sensitive_attributes": [],
          "private": "eyJzY2hlbWFfdmVyc2lvbiI6IjEifQ==",
          "dependencies": [
            "aci_application_epg.nets_v0169",
            "aci_application_profile.prod_nets",
            "aci_bridge_domain.prod_v0169",
            "aci_tenant.prod",
            "data.aci_tenant.common",
            "data.aci_vrf.prod"
          ]
        }
      ]
    },
    {
      "mode": "managed",
      "type": "aci_epg_to_static_path",
      "name": "nets_v0691_Pod-1_Nodes-201-202_pg_vpc7_dc1-leaf201",
      "provider": "provider[\"registry.terraform.io/ciscodevnet/aci\"]",
      "instances": [
        {
          "schema_version": 1,
          "attributes": {
            "annotation": "orchestrator:terraform",
            "application_epg_dn": "uni/tn-prod/ap-nets/epg-v0691",
            "description": null,
            "encap": "vlan-691",
            "id": "uni/tn-prod/ap-nets/epg-v0691/rspathAtt-[topology/pod-1/protpaths-201-202/pathep-[pg_vpc7_dc1-leaf201]]",
            "instr_imedcy": "lazy",
            "mode": "regular",
            "primary_encap": "unknown",
            "tdn": "topology/pod-1/protpaths-201-202/pathep-[pg_vpc7_dc1-leaf201]"
          },
          "sensitive_attributes": [],
          "private": "eyJzY2hlbWFfdmVyc2lvbiI6IjEifQ==",
          "dependencies": [
            "aci_application_epg.nets_v0691",
            "aci_application_profile.prod_nets",
            "aci_bridge_domain.prod_v0691",
            "aci_tenant.prod",
            "data.aci_tenant.common",
            "data.aci_vrf.prod"
          ]
        }
      ]
    },
    {
      "mode": "managed",
      "type": "aci_epg_to_static_path",
      "name": "nets_v0691_Pod-1_Nodes-201-202_pg_vpc9_dc1-leaf201",
      "provider": "provider[\"registry.terraform.io/ciscodevnet/aci\"]",
      "instances": [
        {
          "schema_version": 1,
          "attributes": {
            "annotation": "orchestrator:terraform",
            "application_epg_dn": "uni/tn-prod/ap-nets/epg-v0691",
            "description": null,
            "encap": "vlan-691",
            "id": "uni/tn-prod/ap-nets/epg-v0691/rspathAtt-[topology/pod-1/protpaths-201-202/pathep-[pg_vpc9_dc1-leaf201]]",
            "instr_imedcy": "lazy",
            "mode": "regular",
            "primary_encap": "unknown",
            "tdn": "topology/pod-1/protpaths-201-202/pathep-[pg_vpc9_dc1-leaf201]"
          },
          "sensitive_attributes": [],
          "private": "eyJzY2hlbWFfdmVyc2lvbiI6IjEifQ==",
          "dependencies": [
            "aci_application_epg.nets_v0691",
            "aci_application_profile.prod_nets",
            "aci_bridge_domain.prod_v0691",
            "aci_tenant.prod",
            "data.aci_tenant.common",
            "data.aci_vrf.prod"
          ]
        }
      ]
    },
    {
      "mode": "managed",
      "type": "aci_epg_to_static_path",
      "name": "nets_v0811_Pod-1_Nodes-201-202_pg_vpc7_dc1-leaf201",
      "provider": "provider[\"registry.terraform.io/ciscodevnet/aci\"]",
      "instances": [
        {
          "schema_version": 1,
          "attributes": {
            "annotation": "orchestrator:terraform",
            "application_epg_dn": "uni/tn-prod/ap-nets/epg-v0811",
            "description": null,
            "encap": "vlan-811",
            "id": "uni/tn-prod/ap-nets/epg-v0811/rspathAtt-[topology/pod-1/protpaths-201-202/pathep-[pg_vpc7_dc1-leaf201]]",
            "instr_imedcy": "lazy",
            "mode": "regular",
            "primary_encap": "unknown",
            "tdn": "topology/pod-1/protpaths-201-202/pathep-[pg_vpc7_dc1-leaf201]"
          },
          "sensitive_attributes": [],
          "private": "eyJzY2hlbWFfdmVyc2lvbiI6IjEifQ==",
          "dependencies": [
            "aci_application_epg.nets_v0811",
            "aci_application_profile.prod_nets",
            "aci_bridge_domain.prod_v0811",
            "aci_tenant.prod",
            "data.aci_tenant.common",
            "data.aci_vrf.prod"
          ]
        }
      ]
    },
    {
      "mode": "managed",
      "type": "aci_epg_to_static_path",
      "name": "nets_v0811_Pod-1_Nodes-201-202_pg_vpc9_dc1-leaf201",
      "provider": "provider[\"registry.terraform.io/ciscodevnet/aci\"]",
      "instances": [
        {
          "schema_version": 1,
          "attributes": {
            "annotation": "orchestrator:terraform",
            "application_epg_dn": "uni/tn-prod/ap-nets/epg-v0811",
            "description": null,
            "encap": "vlan-811",
            "id": "uni/tn-prod/ap-nets/epg-v0811/rspathAtt-[topology/pod-1/protpaths-201-202/pathep-[pg_vpc9_dc1-leaf201]]",
            "instr_imedcy": "lazy",
            "mode": "regular",
            "primary_encap": "unknown",
            "tdn": "topology/pod-1/protpaths-201-202/pathep-[pg_vpc9_dc1-leaf201]"
          },
          "sensitive_attributes": [],
          "private": "eyJzY2hlbWFfdmVyc2lvbiI6IjEifQ==",
          "dependencies": [
            "aci_application_epg.nets_v0811",
            "aci_application_profile.prod_nets",
            "aci_bridge_domain.prod_v0811",
            "aci_tenant.prod",
            "data.aci_tenant.common",
            "data.aci_vrf.prod"
          ]
        }
      ]
    },
    {
      "mode": "managed",
      "type": "aci_epg_to_static_path",
      "name": "nets_v0812_Pod-1_Nodes-201-202_pg_vpc7_dc1-leaf201",
      "provider": "provider[\"registry.terraform.io/ciscodevnet/aci\"]",
      "instances": [
        {
          "schema_version": 1,
          "attributes": {
            "annotation": "orchestrator:terraform",
            "application_epg_dn": "uni/tn-prod/ap-nets/epg-v0812",
            "description": null,
            "encap": "vlan-812",
            "id": "uni/tn-prod/ap-nets/epg-v0812/rspathAtt-[topology/pod-1/protpaths-201-202/pathep-[pg_vpc7_dc1-leaf201]]",
            "instr_imedcy": "lazy",
            "mode": "regular",
            "primary_encap": "unknown",
            "tdn": "topology/pod-1/protpaths-201-202/pathep-[pg_vpc7_dc1-leaf201]"
          },
          "sensitive_attributes": [],
          "private": "eyJzY2hlbWFfdmVyc2lvbiI6IjEifQ==",
          "dependencies": [
            "aci_application_epg.nets_v0812",
            "aci_application_profile.prod_nets",
            "aci_bridge_domain.prod_v0812",
            "aci_tenant.prod",
            "data.aci_tenant.common",
            "data.aci_vrf.prod"
          ]
        }
      ]
    },
    {
      "mode": "managed",
      "type": "aci_epg_to_static_path",
      "name": "nets_v0812_Pod-1_Nodes-201-202_pg_vpc9_dc1-leaf201",
      "provider": "provider[\"registry.terraform.io/ciscodevnet/aci\"]",
      "instances": [
        {
          "schema_version": 1,
          "attributes": {
            "annotation": "orchestrator:terraform",
            "application_epg_dn": "uni/tn-prod/ap-nets/epg-v0812",
            "description": null,
            "encap": "vlan-812",
            "id": "uni/tn-prod/ap-nets/epg-v0812/rspathAtt-[topology/pod-1/protpaths-201-202/pathep-[pg_vpc9_dc1-leaf201]]",
            "instr_imedcy": "lazy",
            "mode": "regular",
            "primary_encap": "unknown",
            "tdn": "topology/pod-1/protpaths-201-202/pathep-[pg_vpc9_dc1-leaf201]"
          },
          "sensitive_attributes": [],
          "private": "eyJzY2hlbWFfdmVyc2lvbiI6IjEifQ==",
          "dependencies": [
            "aci_application_epg.nets_v0812",
            "aci_application_profile.prod_nets",
            "aci_bridge_domain.prod_v0812",
            "aci_tenant.prod",
            "data.aci_tenant.common",
            "data.aci_vrf.prod"
          ]
        }
      ]
    },
    {
      "mode": "managed",
      "type": "aci_epg_to_static_path",
      "name": "nets_v0998_Pod-1_Nodes-201-202_pg_vpc1_dc1-leaf201",
      "provider": "provider[\"registry.terraform.io/ciscodevnet/aci\"]",
      "instances": [
        {
          "schema_version": 1,
          "attributes": {
            "annotation": "orchestrator:terraform",
            "application_epg_dn": "uni/tn-prod/ap-nets/epg-v0998",
            "description": null,
            "encap": "vlan-998",
            "id": "uni/tn-prod/ap-nets/epg-v0998/rspathAtt-[topology/pod-1/protpaths-201-202/pathep-[pg_vpc1_dc1-leaf201]]",
            "instr_imedcy": "lazy",
            "mode": "regular",
            "primary_encap": "unknown",
            "tdn": "topology/pod-1/protpaths-201-202/pathep-[pg_vpc1_dc1-leaf201]"
          },
          "sensitive_attributes": [],
          "private": "eyJzY2hlbWFfdmVyc2lvbiI6IjEifQ==",
          "dependencies": [
            "aci_application_epg.nets_v0998",
            "aci_application_profile.prod_nets",
            "aci_bridge_domain.prod_v0998",
            "aci_tenant.prod",
            "data.aci_tenant.common",
            "data.aci_vrf.prod"
          ]
        }
      ]
    },
    {
      "mode": "managed",
      "type": "aci_epg_to_static_path",
      "name": "nets_v3001_Pod-1_Nodes-201-202_pg_vpc7_dc1-leaf201",
      "provider": "provider[\"registry.terraform.io/ciscodevnet/aci\"]",
      "instances": [
        {
          "schema_version": 1,
          "attributes": {
            "annotation": "orchestrator:terraform",
            "application_epg_dn": "uni/tn-prod/ap-nets/epg-v3001",
            "description": null,
            "encap": "vlan-3001",
            "id": "uni/tn-prod/ap-nets/epg-v3001/rspathAtt-[topology/pod-1/protpaths-201-202/pathep-[pg_vpc7_dc1-leaf201]]",
            "instr_imedcy": "lazy",
            "mode": "regular",
            "primary_encap": "unknown",
            "tdn": "topology/pod-1/protpaths-201-202/pathep-[pg_vpc7_dc1-leaf201]"
          },
          "sensitive_attributes": [],
          "private": "eyJzY2hlbWFfdmVyc2lvbiI6IjEifQ==",
          "dependencies": [
            "aci_application_epg.nets_v3001",
            "aci_application_profile.prod_nets",
            "aci_bridge_domain.prod_v3001",
            "aci_tenant.prod",
            "data.aci_tenant.common",
            "data.aci_vrf.prod"
          ]
        }
      ]
    },
    {
      "mode": "managed",
      "type": "aci_epg_to_static_path",
      "name": "nets_v3001_Pod-1_Nodes-201-202_pg_vpc9_dc1-leaf201",
      "provider": "provider[\"registry.terraform.io/ciscodevnet/aci\"]",
      "instances": [
        {
          "schema_version": 1,
          "attributes": {
            "annotation": "orchestrator:terraform",
            "application_epg_dn": "uni/tn-prod/ap-nets/epg-v3001",
            "description": null,
            "encap": "vlan-3001",
            "id": "uni/tn-prod/ap-nets/epg-v3001/rspathAtt-[topology/pod-1/protpaths-201-202/pathep-[pg_vpc9_dc1-leaf201]]",
            "instr_imedcy": "lazy",
            "mode": "regular",
            "primary_encap": "unknown",
            "tdn": "topology/pod-1/protpaths-201-202/pathep-[pg_vpc9_dc1-leaf201]"
          },
          "sensitive_attributes": [],
          "private": "eyJzY2hlbWFfdmVyc2lvbiI6IjEifQ==",
          "dependencies": [
            "aci_application_epg.nets_v3001",
            "aci_application_profile.prod_nets",
            "aci_bridge_domain.prod_v3001",
            "aci_tenant.prod",
            "data.aci_tenant.common",
            "data.aci_vrf.prod"
          ]
        }
      ]
    },
    {
      "mode": "managed",
      "type": "aci_epg_to_static_path",
      "name": "nets_v3003_Pod-1_Nodes-201-202_pg_vpc7_dc1-leaf201",
      "provider": "provider[\"registry.terraform.io/ciscodevnet/aci\"]",
      "instances": [
        {
          "schema_version": 1,
          "attributes": {
            "annotation": "orchestrator:terraform",
            "application_epg_dn": "uni/tn-prod/ap-nets/epg-v3003",
            "description": null,
            "encap": "vlan-3003",
            "id": "uni/tn-prod/ap-nets/epg-v3003/rspathAtt-[topology/pod-1/protpaths-201-202/pathep-[pg_vpc7_dc1-leaf201]]",
            "instr_imedcy": "lazy",
            "mode": "regular",
            "primary_encap": "unknown",
            "tdn": "topology/pod-1/protpaths-201-202/pathep-[pg_vpc7_dc1-leaf201]"
          },
          "sensitive_attributes": [],
          "private": "eyJzY2hlbWFfdmVyc2lvbiI6IjEifQ==",
          "dependencies": [
            "aci_application_epg.nets_v3003",
            "aci_application_profile.prod_nets",
            "aci_bridge_domain.prod_v3003",
            "aci_tenant.prod",
            "data.aci_tenant.common",
            "data.aci_vrf.prod"
          ]
        }
      ]
    },
    {
      "mode": "managed",
      "type": "aci_epg_to_static_path",
      "name": "nets_v3003_Pod-1_Nodes-201-202_pg_vpc9_dc1-leaf201",
      "provider": "provider[\"registry.terraform.io/ciscodevnet/aci\"]",
      "instances": [
        {
          "schema_version": 1,
          "attributes": {
            "annotation": "orchestrator:terraform",
            "application_epg_dn": "uni/tn-prod/ap-nets/epg-v3003",
            "description": null,
            "encap": "vlan-3003",
            "id": "uni/tn-prod/ap-nets/epg-v3003/rspathAtt-[topology/pod-1/protpaths-201-202/pathep-[pg_vpc9_dc1-leaf201]]",
            "instr_imedcy": "lazy",
            "mode": "regular",
            "primary_encap": "unknown",
            "tdn": "topology/pod-1/protpaths-201-202/pathep-[pg_vpc9_dc1-leaf201]"
          },
          "sensitive_attributes": [],
          "private": "eyJzY2hlbWFfdmVyc2lvbiI6IjEifQ==",
          "dependencies": [
            "aci_application_epg.nets_v3003",
            "aci_application_profile.prod_nets",
            "aci_bridge_domain.prod_v3003",
            "aci_tenant.prod",
            "data.aci_tenant.common",
            "data.aci_vrf.prod"
          ]
        }
      ]
    },
    {
      "mode": "managed",
      "type": "aci_epg_to_static_path",
      "name": "nets_v3004_Pod-1_Nodes-201-202_pg_vpc7_dc1-leaf201",
      "provider": "provider[\"registry.terraform.io/ciscodevnet/aci\"]",
      "instances": [
        {
          "schema_version": 1,
          "attributes": {
            "annotation": "orchestrator:terraform",
            "application_epg_dn": "uni/tn-prod/ap-nets/epg-v3004",
            "description": null,
            "encap": "vlan-3004",
            "id": "uni/tn-prod/ap-nets/epg-v3004/rspathAtt-[topology/pod-1/protpaths-201-202/pathep-[pg_vpc7_dc1-leaf201]]",
            "instr_imedcy": "lazy",
            "mode": "regular",
            "primary_encap": "unknown",
            "tdn": "topology/pod-1/protpaths-201-202/pathep-[pg_vpc7_dc1-leaf201]"
          },
          "sensitive_attributes": [],
          "private": "eyJzY2hlbWFfdmVyc2lvbiI6IjEifQ==",
          "dependencies": [
            "aci_application_epg.nets_v3004",
            "aci_application_profile.prod_nets",
            "aci_bridge_domain.prod_v3004",
            "aci_tenant.prod",
            "data.aci_tenant.common",
            "data.aci_vrf.prod"
          ]
        }
      ]
    },
    {
      "mode": "managed",
      "type": "aci_epg_to_static_path",
      "name": "nets_v3004_Pod-1_Nodes-201-202_pg_vpc9_dc1-leaf201",
      "provider": "provider[\"registry.terraform.io/ciscodevnet/aci\"]",
      "instances": [
        {
          "schema_version": 1,
          "attributes": {
            "annotation": "orchestrator:terraform",
            "application_epg_dn": "uni/tn-prod/ap-nets/epg-v3004",
            "description": null,
            "encap": "vlan-3004",
            "id": "uni/tn-prod/ap-nets/epg-v3004/rspathAtt-[topology/pod-1/protpaths-201-202/pathep-[pg_vpc9_dc1-leaf201]]",
            "instr_imedcy": "lazy",
            "mode": "regular",
            "primary_encap": "unknown",
            "tdn": "topology/pod-1/protpaths-201-202/pathep-[pg_vpc9_dc1-leaf201]"
          },
          "sensitive_attributes": [],
          "private": "eyJzY2hlbWFfdmVyc2lvbiI6IjEifQ==",
          "dependencies": [
            "aci_application_epg.nets_v3004",
            "aci_application_profile.prod_nets",
            "aci_bridge_domain.prod_v3004",
            "aci_tenant.prod",
            "data.aci_tenant.common",
            "data.aci_vrf.prod"
          ]
        }
      ]
    },
    {
      "mode": "managed",
      "type": "aci_epg_to_static_path",
      "name": "nets_v3006_Pod-1_Nodes-201-202_pg_vpc7_dc1-leaf201",
      "provider": "provider[\"registry.terraform.io/ciscodevnet/aci\"]",
      "instances": [
        {
          "schema_version": 1,
          "attributes": {
            "annotation": "orchestrator:terraform",
            "application_epg_dn": "uni/tn-prod/ap-nets/epg-v3006",
            "description": null,
            "encap": "vlan-3006",
            "id": "uni/tn-prod/ap-nets/epg-v3006/rspathAtt-[topology/pod-1/protpaths-201-202/pathep-[pg_vpc7_dc1-leaf201]]",
            "instr_imedcy": "lazy",
            "mode": "regular",
            "primary_encap": "unknown",
            "tdn": "topology/pod-1/protpaths-201-202/pathep-[pg_vpc7_dc1-leaf201]"
          },
          "sensitive_attributes": [],
          "private": "eyJzY2hlbWFfdmVyc2lvbiI6IjEifQ==",
          "dependencies": [
            "aci_application_epg.nets_v3006",
            "aci_application_profile.prod_nets",
            "aci_bridge_domain.prod_v3006",
            "aci_tenant.prod",
            "data.aci_tenant.common",
            "data.aci_vrf.prod"
          ]
        }
      ]
    },
    {
      "mode": "managed",
      "type": "aci_epg_to_static_path",
      "name": "nets_v3006_Pod-1_Nodes-201-202_pg_vpc9_dc1-leaf201",
      "provider": "provider[\"registry.terraform.io/ciscodevnet/aci\"]",
      "instances": [
        {
          "schema_version": 1,
          "attributes": {
            "annotation": "orchestrator:terraform",
            "application_epg_dn": "uni/tn-prod/ap-nets/epg-v3006",
            "description": null,
            "encap": "vlan-3006",
            "id": "uni/tn-prod/ap-nets/epg-v3006/rspathAtt-[topology/pod-1/protpaths-201-202/pathep-[pg_vpc9_dc1-leaf201]]",
            "instr_imedcy": "lazy",
            "mode": "regular",
            "primary_encap": "unknown",
            "tdn": "topology/pod-1/protpaths-201-202/pathep-[pg_vpc9_dc1-leaf201]"
          },
          "sensitive_attributes": [],
          "private": "eyJzY2hlbWFfdmVyc2lvbiI6IjEifQ==",
          "dependencies": [
            "aci_application_epg.nets_v3006",
            "aci_application_profile.prod_nets",
            "aci_bridge_domain.prod_v3006",
            "aci_tenant.prod",
            "data.aci_tenant.common",
            "data.aci_vrf.prod"
          ]
        }
      ]
    },
    {
      "mode": "managed",
      "type": "aci_epg_to_static_path",
      "name": "nets_v3007_Pod-1_Nodes-201-202_pg_vpc7_dc1-leaf201",
      "provider": "provider[\"registry.terraform.io/ciscodevnet/aci\"]",
      "instances": [
        {
          "schema_version": 1,
          "attributes": {
            "annotation": "orchestrator:terraform",
            "application_epg_dn": "uni/tn-prod/ap-nets/epg-v3007",
            "description": null,
            "encap": "vlan-3007",
            "id": "uni/tn-prod/ap-nets/epg-v3007/rspathAtt-[topology/pod-1/protpaths-201-202/pathep-[pg_vpc7_dc1-leaf201]]",
            "instr_imedcy": "lazy",
            "mode": "regular",
            "primary_encap": "unknown",
            "tdn": "topology/pod-1/protpaths-201-202/pathep-[pg_vpc7_dc1-leaf201]"
          },
          "sensitive_attributes": [],
          "private": "eyJzY2hlbWFfdmVyc2lvbiI6IjEifQ==",
          "dependencies": [
            "aci_application_epg.nets_v3007",
            "aci_application_profile.prod_nets",
            "aci_bridge_domain.prod_v3007",
            "aci_tenant.prod",
            "data.aci_tenant.common",
            "data.aci_vrf.prod"
          ]
        }
      ]
    },
    {
      "mode": "managed",
      "type": "aci_epg_to_static_path",
      "name": "nets_v3007_Pod-1_Nodes-201-202_pg_vpc9_dc1-leaf201",
      "provider": "provider[\"registry.terraform.io/ciscodevnet/aci\"]",
      "instances": [
        {
          "schema_version": 1,
          "attributes": {
            "annotation": "orchestrator:terraform",
            "application_epg_dn": "uni/tn-prod/ap-nets/epg-v3007",
            "description": null,
            "encap": "vlan-3007",
            "id": "uni/tn-prod/ap-nets/epg-v3007/rspathAtt-[topology/pod-1/protpaths-201-202/pathep-[pg_vpc9_dc1-leaf201]]",
            "instr_imedcy": "lazy",
            "mode": "regular",
            "primary_encap": "unknown",
            "tdn": "topology/pod-1/protpaths-201-202/pathep-[pg_vpc9_dc1-leaf201]"
          },
          "sensitive_attributes": [],
          "private": "eyJzY2hlbWFfdmVyc2lvbiI6IjEifQ==",
          "dependencies": [
            "aci_application_epg.nets_v3007",
            "aci_application_profile.prod_nets",
            "aci_bridge_domain.prod_v3007",
            "aci_tenant.prod",
            "data.aci_tenant.common",
            "data.aci_vrf.prod"
          ]
        }
      ]
    },
    {
      "mode": "managed",
      "type": "aci_epg_to_static_path",
      "name": "nets_v3011_Pod-1_Nodes-201-202_pg_vpc7_dc1-leaf201",
      "provider": "provider[\"registry.terraform.io/ciscodevnet/aci\"]",
      "instances": [
        {
          "schema_version": 1,
          "attributes": {
            "annotation": "orchestrator:terraform",
            "application_epg_dn": "uni/tn-prod/ap-nets/epg-v3011",
            "description": null,
            "encap": "vlan-3011",
            "id": "uni/tn-prod/ap-nets/epg-v3011/rspathAtt-[topology/pod-1/protpaths-201-202/pathep-[pg_vpc7_dc1-leaf201]]",
            "instr_imedcy": "lazy",
            "mode": "regular",
            "primary_encap": "unknown",
            "tdn": "topology/pod-1/protpaths-201-202/pathep-[pg_vpc7_dc1-leaf201]"
          },
          "sensitive_attributes": [],
          "private": "eyJzY2hlbWFfdmVyc2lvbiI6IjEifQ==",
          "dependencies": [
            "aci_application_epg.nets_v3011",
            "aci_application_profile.prod_nets",
            "aci_bridge_domain.prod_v3011",
            "aci_tenant.prod",
            "data.aci_tenant.common",
            "data.aci_vrf.prod"
          ]
        }
      ]
    },
    {
      "mode": "managed",
      "type": "aci_epg_to_static_path",
      "name": "nets_v3011_Pod-1_Nodes-201-202_pg_vpc9_dc1-leaf201",
      "provider": "provider[\"registry.terraform.io/ciscodevnet/aci\"]",
      "instances": [
        {
          "schema_version": 1,
          "attributes": {
            "annotation": "orchestrator:terraform",
            "application_epg_dn": "uni/tn-prod/ap-nets/epg-v3011",
            "description": null,
            "encap": "vlan-3011",
            "id": "uni/tn-prod/ap-nets/epg-v3011/rspathAtt-[topology/pod-1/protpaths-201-202/pathep-[pg_vpc9_dc1-leaf201]]",
            "instr_imedcy": "lazy",
            "mode": "regular",
            "primary_encap": "unknown",
            "tdn": "topology/pod-1/protpaths-201-202/pathep-[pg_vpc9_dc1-leaf201]"
          },
          "sensitive_attributes": [],
          "private": "eyJzY2hlbWFfdmVyc2lvbiI6IjEifQ==",
          "dependencies": [
            "aci_application_epg.nets_v3011",
            "aci_application_profile.prod_nets",
            "aci_bridge_domain.prod_v3011",
            "aci_tenant.prod",
            "data.aci_tenant.common",
            "data.aci_vrf.prod"
          ]
        }
      ]
    },
    {
      "mode": "managed",
      "type": "aci_epg_to_static_path",
      "name": "nets_v3019_Pod-1_Nodes-201-202_pg_vpc7_dc1-leaf201",
      "provider": "provider[\"registry.terraform.io/ciscodevnet/aci\"]",
      "instances": [
        {
          "schema_version": 1,
          "attributes": {
            "annotation": "orchestrator:terraform",
            "application_epg_dn": "uni/tn-prod/ap-nets/epg-v3019",
            "description": null,
            "encap": "vlan-3019",
            "id": "uni/tn-prod/ap-nets/epg-v3019/rspathAtt-[topology/pod-1/protpaths-201-202/pathep-[pg_vpc7_dc1-leaf201]]",
            "instr_imedcy": "lazy",
            "mode": "regular",
            "primary_encap": "unknown",
            "tdn": "topology/pod-1/protpaths-201-202/pathep-[pg_vpc7_dc1-leaf201]"
          },
          "sensitive_attributes": [],
          "private": "eyJzY2hlbWFfdmVyc2lvbiI6IjEifQ==",
          "dependencies": [
            "aci_application_epg.nets_v3019",
            "aci_application_profile.prod_nets",
            "aci_bridge_domain.prod_v3019",
            "aci_tenant.prod",
            "data.aci_tenant.common",
            "data.aci_vrf.prod"
          ]
        }
      ]
    },
    {
      "mode": "managed",
      "type": "aci_epg_to_static_path",
      "name": "nets_v3019_Pod-1_Nodes-201-202_pg_vpc9_dc1-leaf201",
      "provider": "provider[\"registry.terraform.io/ciscodevnet/aci\"]",
      "instances": [
        {
          "schema_version": 1,
          "attributes": {
            "annotation": "orchestrator:terraform",
            "application_epg_dn": "uni/tn-prod/ap-nets/epg-v3019",
            "description": null,
            "encap": "vlan-3019",
            "id": "uni/tn-prod/ap-nets/epg-v3019/rspathAtt-[topology/pod-1/protpaths-201-202/pathep-[pg_vpc9_dc1-leaf201]]",
            "instr_imedcy": "lazy",
            "mode": "regular",
            "primary_encap": "unknown",
            "tdn": "topology/pod-1/protpaths-201-202/pathep-[pg_vpc9_dc1-leaf201]"
          },
          "sensitive_attributes": [],
          "private": "eyJzY2hlbWFfdmVyc2lvbiI6IjEifQ==",
          "dependencies": [
            "aci_application_epg.nets_v3019",
            "aci_application_profile.prod_nets",
            "aci_bridge_domain.prod_v3019",
            "aci_tenant.prod",
            "data.aci_tenant.common",
            "data.aci_vrf.prod"
          ]
        }
      ]
    },
    {
      "mode": "managed",
      "type": "aci_epg_to_static_path",
      "name": "nets_v3103_Pod-1_Nodes-201-202_pg_vpc7_dc1-leaf201",
      "provider": "provider[\"registry.terraform.io/ciscodevnet/aci\"]",
      "instances": [
        {
          "schema_version": 1,
          "attributes": {
            "annotation": "orchestrator:terraform",
            "application_epg_dn": "uni/tn-prod/ap-nets/epg-v3103",
            "description": null,
            "encap": "vlan-3103",
            "id": "uni/tn-prod/ap-nets/epg-v3103/rspathAtt-[topology/pod-1/protpaths-201-202/pathep-[pg_vpc7_dc1-leaf201]]",
            "instr_imedcy": "lazy",
            "mode": "regular",
            "primary_encap": "unknown",
            "tdn": "topology/pod-1/protpaths-201-202/pathep-[pg_vpc7_dc1-leaf201]"
          },
          "sensitive_attributes": [],
          "private": "eyJzY2hlbWFfdmVyc2lvbiI6IjEifQ==",
          "dependencies": [
            "aci_application_epg.nets_v3103",
            "aci_application_profile.prod_nets",
            "aci_bridge_domain.prod_v3103",
            "aci_tenant.prod",
            "data.aci_tenant.common",
            "data.aci_vrf.prod"
          ]
        }
      ]
    },
    {
      "mode": "managed",
      "type": "aci_epg_to_static_path",
      "name": "nets_v3103_Pod-1_Nodes-201-202_pg_vpc9_dc1-leaf201",
      "provider": "provider[\"registry.terraform.io/ciscodevnet/aci\"]",
      "instances": [
        {
          "schema_version": 1,
          "attributes": {
            "annotation": "orchestrator:terraform",
            "application_epg_dn": "uni/tn-prod/ap-nets/epg-v3103",
            "description": null,
            "encap": "vlan-3103",
            "id": "uni/tn-prod/ap-nets/epg-v3103/rspathAtt-[topology/pod-1/protpaths-201-202/pathep-[pg_vpc9_dc1-leaf201]]",
            "instr_imedcy": "lazy",
            "mode": "regular",
            "primary_encap": "unknown",
            "tdn": "topology/pod-1/protpaths-201-202/pathep-[pg_vpc9_dc1-leaf201]"
          },
          "sensitive_attributes": [],
          "private": "eyJzY2hlbWFfdmVyc2lvbiI6IjEifQ==",
          "dependencies": [
            "aci_application_epg.nets_v3103",
            "aci_application_profile.prod_nets",
            "aci_bridge_domain.prod_v3103",
            "aci_tenant.prod",
            "data.aci_tenant.common",
            "data.aci_vrf.prod"
          ]
        }
      ]
    },
    {
      "mode": "managed",
      "type": "aci_epg_to_static_path",
      "name": "nets_v3910_Pod-1_Nodes-201-202_pg_vpc7_dc1-leaf201",
      "provider": "provider[\"registry.terraform.io/ciscodevnet/aci\"]",
      "instances": [
        {
          "schema_version": 1,
          "attributes": {
            "annotation": "orchestrator:terraform",
            "application_epg_dn": "uni/tn-prod/ap-nets/epg-v3910",
            "description": null,
            "encap": "vlan-3910",
            "id": "uni/tn-prod/ap-nets/epg-v3910/rspathAtt-[topology/pod-1/protpaths-201-202/pathep-[pg_vpc7_dc1-leaf201]]",
            "instr_imedcy": "lazy",
            "mode": "regular",
            "primary_encap": "unknown",
            "tdn": "topology/pod-1/protpaths-201-202/pathep-[pg_vpc7_dc1-leaf201]"
          },
          "sensitive_attributes": [],
          "private": "eyJzY2hlbWFfdmVyc2lvbiI6IjEifQ==",
          "dependencies": [
            "aci_application_epg.nets_v3910",
            "aci_application_profile.prod_nets",
            "aci_bridge_domain.prod_v3910",
            "aci_tenant.prod",
            "data.aci_tenant.common",
            "data.aci_vrf.prod"
          ]
        }
      ]
    },
    {
      "mode": "managed",
      "type": "aci_epg_to_static_path",
      "name": "nets_v3910_Pod-1_Nodes-201-202_pg_vpc9_dc1-leaf201",
      "provider": "provider[\"registry.terraform.io/ciscodevnet/aci\"]",
      "instances": [
        {
          "schema_version": 1,
          "attributes": {
            "annotation": "orchestrator:terraform",
            "application_epg_dn": "uni/tn-prod/ap-nets/epg-v3910",
            "description": null,
            "encap": "vlan-3910",
            "id": "uni/tn-prod/ap-nets/epg-v3910/rspathAtt-[topology/pod-1/protpaths-201-202/pathep-[pg_vpc9_dc1-leaf201]]",
            "instr_imedcy": "lazy",
            "mode": "regular",
            "primary_encap": "unknown",
            "tdn": "topology/pod-1/protpaths-201-202/pathep-[pg_vpc9_dc1-leaf201]"
          },
          "sensitive_attributes": [],
          "private": "eyJzY2hlbWFfdmVyc2lvbiI6IjEifQ==",
          "dependencies": [
            "aci_application_epg.nets_v3910",
            "aci_application_profile.prod_nets",
            "aci_bridge_domain.prod_v3910",
            "aci_tenant.prod",
            "data.aci_tenant.common",
            "data.aci_vrf.prod"
          ]
        }
      ]
    },
    {
      "mode": "managed",
      "type": "aci_epg_to_static_path",
      "name": "nets_v3960_Pod-1_Nodes-201-202_pg_vpc7_dc1-leaf201",
      "provider": "provider[\"registry.terraform.io/ciscodevnet/aci\"]",
      "instances": [
        {
          "schema_version": 1,
          "attributes": {
            "annotation": "orchestrator:terraform",
            "application_epg_dn": "uni/tn-prod/ap-nets/epg-v3960",
            "description": null,
            "encap": "vlan-3960",
            "id": "uni/tn-prod/ap-nets/epg-v3960/rspathAtt-[topology/pod-1/protpaths-201-202/pathep-[pg_vpc7_dc1-leaf201]]",
            "instr_imedcy": "lazy",
            "mode": "regular",
            "primary_encap": "unknown",
            "tdn": "topology/pod-1/protpaths-201-202/pathep-[pg_vpc7_dc1-leaf201]"
          },
          "sensitive_attributes": [],
          "private": "eyJzY2hlbWFfdmVyc2lvbiI6IjEifQ==",
          "dependencies": [
            "aci_application_epg.nets_v3960",
            "aci_application_profile.prod_nets",
            "aci_bridge_domain.prod_v3960",
            "aci_tenant.prod",
            "data.aci_tenant.common",
            "data.aci_vrf.prod"
          ]
        }
      ]
    },
    {
      "mode": "managed",
      "type": "aci_epg_to_static_path",
      "name": "nets_v3960_Pod-1_Nodes-201-202_pg_vpc9_dc1-leaf201",
      "provider": "provider[\"registry.terraform.io/ciscodevnet/aci\"]",
      "instances": [
        {
          "schema_version": 1,
          "attributes": {
            "annotation": "orchestrator:terraform",
            "application_epg_dn": "uni/tn-prod/ap-nets/epg-v3960",
            "description": null,
            "encap": "vlan-3960",
            "id": "uni/tn-prod/ap-nets/epg-v3960/rspathAtt-[topology/pod-1/protpaths-201-202/pathep-[pg_vpc9_dc1-leaf201]]",
            "instr_imedcy": "lazy",
            "mode": "regular",
            "primary_encap": "unknown",
            "tdn": "topology/pod-1/protpaths-201-202/pathep-[pg_vpc9_dc1-leaf201]"
          },
          "sensitive_attributes": [],
          "private": "eyJzY2hlbWFfdmVyc2lvbiI6IjEifQ==",
          "dependencies": [
            "aci_application_epg.nets_v3960",
            "aci_application_profile.prod_nets",
            "aci_bridge_domain.prod_v3960",
            "aci_tenant.prod",
            "data.aci_tenant.common",
            "data.aci_vrf.prod"
          ]
        }
      ]
    },
    {
      "mode": "managed",
      "type": "aci_epg_to_static_path",
      "name": "nets_v3961_Pod-1_Nodes-201-202_pg_vpc13_dc1-leaf201",
      "provider": "provider[\"registry.terraform.io/ciscodevnet/aci\"]",
      "instances": [
        {
          "schema_version": 1,
          "attributes": {
            "annotation": "orchestrator:terraform",
            "application_epg_dn": "uni/tn-prod/ap-nets/epg-v3961",
            "description": null,
            "encap": "vlan-3961",
            "id": "uni/tn-prod/ap-nets/epg-v3961/rspathAtt-[topology/pod-1/protpaths-201-202/pathep-[pg_vpc13_dc1-leaf201]]",
            "instr_imedcy": "lazy",
            "mode": "regular",
            "primary_encap": "unknown",
            "tdn": "topology/pod-1/protpaths-201-202/pathep-[pg_vpc13_dc1-leaf201]"
          },
          "sensitive_attributes": [],
          "private": "eyJzY2hlbWFfdmVyc2lvbiI6IjEifQ==",
          "dependencies": [
            "aci_application_epg.nets_v3961",
            "aci_application_profile.prod_nets",
            "aci_bridge_domain.prod_v3961",
            "aci_tenant.prod",
            "data.aci_tenant.common",
            "data.aci_vrf.prod"
          ]
        }
      ]
    },
    {
      "mode": "managed",
      "type": "aci_epg_to_static_path",
      "name": "nets_v3961_Pod-1_Nodes-201-202_pg_vpc7_dc1-leaf201",
      "provider": "provider[\"registry.terraform.io/ciscodevnet/aci\"]",
      "instances": [
        {
          "schema_version": 1,
          "attributes": {
            "annotation": "orchestrator:terraform",
            "application_epg_dn": "uni/tn-prod/ap-nets/epg-v3961",
            "description": null,
            "encap": "vlan-3961",
            "id": "uni/tn-prod/ap-nets/epg-v3961/rspathAtt-[topology/pod-1/protpaths-201-202/pathep-[pg_vpc7_dc1-leaf201]]",
            "instr_imedcy": "lazy",
            "mode": "regular",
            "primary_encap": "unknown",
            "tdn": "topology/pod-1/protpaths-201-202/pathep-[pg_vpc7_dc1-leaf201]"
          },
          "sensitive_attributes": [],
          "private": "eyJzY2hlbWFfdmVyc2lvbiI6IjEifQ==",
          "dependencies": [
            "aci_application_epg.nets_v3961",
            "aci_application_profile.prod_nets",
            "aci_bridge_domain.prod_v3961",
            "aci_tenant.prod",
            "data.aci_tenant.common",
            "data.aci_vrf.prod"
          ]
        }
      ]
    },
    {
      "mode": "managed",
      "type": "aci_epg_to_static_path",
      "name": "nets_v3961_Pod-1_Nodes-201-202_pg_vpc9_dc1-leaf201",
      "provider": "provider[\"registry.terraform.io/ciscodevnet/aci\"]",
      "instances": [
        {
          "schema_version": 1,
          "attributes": {
            "annotation": "orchestrator:terraform",
            "application_epg_dn": "uni/tn-prod/ap-nets/epg-v3961",
            "description": null,
            "encap": "vlan-3961",
            "id": "uni/tn-prod/ap-nets/epg-v3961/rspathAtt-[topology/pod-1/protpaths-201-202/pathep-[pg_vpc9_dc1-leaf201]]",
            "instr_imedcy": "lazy",
            "mode": "regular",
            "primary_encap": "unknown",
            "tdn": "topology/pod-1/protpaths-201-202/pathep-[pg_vpc9_dc1-leaf201]"
          },
          "sensitive_attributes": [],
          "private": "eyJzY2hlbWFfdmVyc2lvbiI6IjEifQ==",
          "dependencies": [
            "aci_application_epg.nets_v3961",
            "aci_application_profile.prod_nets",
            "aci_bridge_domain.prod_v3961",
            "aci_tenant.prod",
            "data.aci_tenant.common",
            "data.aci_vrf.prod"
          ]
        }
      ]
    },
    {
      "mode": "managed",
      "type": "aci_epg_to_static_path",
      "name": "nets_v3962_Pod-1_Nodes-201-202_pg_vpc13_dc1-leaf201",
      "provider": "provider[\"registry.terraform.io/ciscodevnet/aci\"]",
      "instances": [
        {
          "schema_version": 1,
          "attributes": {
            "annotation": "orchestrator:terraform",
            "application_epg_dn": "uni/tn-prod/ap-nets/epg-v3962",
            "description": null,
            "encap": "vlan-3962",
            "id": "uni/tn-prod/ap-nets/epg-v3962/rspathAtt-[topology/pod-1/protpaths-201-202/pathep-[pg_vpc13_dc1-leaf201]]",
            "instr_imedcy": "lazy",
            "mode": "regular",
            "primary_encap": "unknown",
            "tdn": "topology/pod-1/protpaths-201-202/pathep-[pg_vpc13_dc1-leaf201]"
          },
          "sensitive_attributes": [],
          "private": "eyJzY2hlbWFfdmVyc2lvbiI6IjEifQ==",
          "dependencies": [
            "aci_application_epg.nets_v3962",
            "aci_application_profile.prod_nets",
            "aci_bridge_domain.prod_v3962",
            "aci_tenant.prod",
            "data.aci_tenant.common",
            "data.aci_vrf.prod"
          ]
        }
      ]
    },
    {
      "mode": "managed",
      "type": "aci_epg_to_static_path",
      "name": "nets_v3962_Pod-1_Nodes-201-202_pg_vpc7_dc1-leaf201",
      "provider": "provider[\"registry.terraform.io/ciscodevnet/aci\"]",
      "instances": [
        {
          "schema_version": 1,
          "attributes": {
            "annotation": "orchestrator:terraform",
            "application_epg_dn": "uni/tn-prod/ap-nets/epg-v3962",
            "description": null,
            "encap": "vlan-3962",
            "id": "uni/tn-prod/ap-nets/epg-v3962/rspathAtt-[topology/pod-1/protpaths-201-202/pathep-[pg_vpc7_dc1-leaf201]]",
            "instr_imedcy": "lazy",
            "mode": "regular",
            "primary_encap": "unknown",
            "tdn": "topology/pod-1/protpaths-201-202/pathep-[pg_vpc7_dc1-leaf201]"
          },
          "sensitive_attributes": [],
          "private": "eyJzY2hlbWFfdmVyc2lvbiI6IjEifQ==",
          "dependencies": [
            "aci_application_epg.nets_v3962",
            "aci_application_profile.prod_nets",
            "aci_bridge_domain.prod_v3962",
            "aci_tenant.prod",
            "data.aci_tenant.common",
            "data.aci_vrf.prod"
          ]
        }
      ]
    },
    {
      "mode": "managed",
      "type": "aci_epg_to_static_path",
      "name": "nets_v3962_Pod-1_Nodes-201-202_pg_vpc9_dc1-leaf201",
      "provider": "provider[\"registry.terraform.io/ciscodevnet/aci\"]",
      "instances": [
        {
          "schema_version": 1,
          "attributes": {
            "annotation": "orchestrator:terraform",
            "application_epg_dn": "uni/tn-prod/ap-nets/epg-v3962",
            "description": null,
            "encap": "vlan-3962",
            "id": "uni/tn-prod/ap-nets/epg-v3962/rspathAtt-[topology/pod-1/protpaths-201-202/pathep-[pg_vpc9_dc1-leaf201]]",
            "instr_imedcy": "lazy",
            "mode": "regular",
            "primary_encap": "unknown",
            "tdn": "topology/pod-1/protpaths-201-202/pathep-[pg_vpc9_dc1-leaf201]"
          },
          "sensitive_attributes": [],
          "private": "eyJzY2hlbWFfdmVyc2lvbiI6IjEifQ==",
          "dependencies": [
            "aci_application_epg.nets_v3962",
            "aci_application_profile.prod_nets",
            "aci_bridge_domain.prod_v3962",
            "aci_tenant.prod",
            "data.aci_tenant.common",
            "data.aci_vrf.prod"
          ]
        }
      ]
    },
    {
      "mode": "managed",
      "type": "aci_epg_to_static_path",
      "name": "nets_v3963_Pod-1_Nodes-201-202_pg_vpc7_dc1-leaf201",
      "provider": "provider[\"registry.terraform.io/ciscodevnet/aci\"]",
      "instances": [
        {
          "schema_version": 1,
          "attributes": {
            "annotation": "orchestrator:terraform",
            "application_epg_dn": "uni/tn-prod/ap-nets/epg-v3963",
            "description": null,
            "encap": "vlan-3963",
            "id": "uni/tn-prod/ap-nets/epg-v3963/rspathAtt-[topology/pod-1/protpaths-201-202/pathep-[pg_vpc7_dc1-leaf201]]",
            "instr_imedcy": "lazy",
            "mode": "regular",
            "primary_encap": "unknown",
            "tdn": "topology/pod-1/protpaths-201-202/pathep-[pg_vpc7_dc1-leaf201]"
          },
          "sensitive_attributes": [],
          "private": "eyJzY2hlbWFfdmVyc2lvbiI6IjEifQ==",
          "dependencies": [
            "aci_application_epg.nets_v3963",
            "aci_application_profile.prod_nets",
            "aci_bridge_domain.prod_v3963",
            "aci_tenant.prod",
            "data.aci_tenant.common",
            "data.aci_vrf.prod"
          ]
        }
      ]
    },
    {
      "mode": "managed",
      "type": "aci_epg_to_static_path",
      "name": "nets_v3963_Pod-1_Nodes-201-202_pg_vpc9_dc1-leaf201",
      "provider": "provider[\"registry.terraform.io/ciscodevnet/aci\"]",
      "instances": [
        {
          "schema_version": 1,
          "attributes": {
            "annotation": "orchestrator:terraform",
            "application_epg_dn": "uni/tn-prod/ap-nets/epg-v3963",
            "description": null,
            "encap": "vlan-3963",
            "id": "uni/tn-prod/ap-nets/epg-v3963/rspathAtt-[topology/pod-1/protpaths-201-202/pathep-[pg_vpc9_dc1-leaf201]]",
            "instr_imedcy": "lazy",
            "mode": "regular",
            "primary_encap": "unknown",
            "tdn": "topology/pod-1/protpaths-201-202/pathep-[pg_vpc9_dc1-leaf201]"
          },
          "sensitive_attributes": [],
          "private": "eyJzY2hlbWFfdmVyc2lvbiI6IjEifQ==",
          "dependencies": [
            "aci_application_epg.nets_v3963",
            "aci_application_profile.prod_nets",
            "aci_bridge_domain.prod_v3963",
            "aci_tenant.prod",
            "data.aci_tenant.common",
            "data.aci_vrf.prod"
          ]
        }
      ]
    },
    {
      "mode": "managed",
      "type": "aci_epg_to_static_path",
      "name": "nets_v3964_Pod-1_Nodes-201-202_pg_vpc7_dc1-leaf201",
      "provider": "provider[\"registry.terraform.io/ciscodevnet/aci\"]",
      "instances": [
        {
          "schema_version": 1,
          "attributes": {
            "annotation": "orchestrator:terraform",
            "application_epg_dn": "uni/tn-prod/ap-nets/epg-v3964",
            "description": null,
            "encap": "vlan-3964",
            "id": "uni/tn-prod/ap-nets/epg-v3964/rspathAtt-[topology/pod-1/protpaths-201-202/pathep-[pg_vpc7_dc1-leaf201]]",
            "instr_imedcy": "lazy",
            "mode": "regular",
            "primary_encap": "unknown",
            "tdn": "topology/pod-1/protpaths-201-202/pathep-[pg_vpc7_dc1-leaf201]"
          },
          "sensitive_attributes": [],
          "private": "eyJzY2hlbWFfdmVyc2lvbiI6IjEifQ==",
          "dependencies": [
            "aci_application_epg.nets_v3964",
            "aci_application_profile.prod_nets",
            "aci_bridge_domain.prod_v3964",
            "aci_tenant.prod",
            "data.aci_tenant.common",
            "data.aci_vrf.prod"
          ]
        }
      ]
    },
    {
      "mode": "managed",
      "type": "aci_epg_to_static_path",
      "name": "nets_v3964_Pod-1_Nodes-201-202_pg_vpc9_dc1-leaf201",
      "provider": "provider[\"registry.terraform.io/ciscodevnet/aci\"]",
      "instances": [
        {
          "schema_version": 1,
          "attributes": {
            "annotation": "orchestrator:terraform",
            "application_epg_dn": "uni/tn-prod/ap-nets/epg-v3964",
            "description": null,
            "encap": "vlan-3964",
            "id": "uni/tn-prod/ap-nets/epg-v3964/rspathAtt-[topology/pod-1/protpaths-201-202/pathep-[pg_vpc9_dc1-leaf201]]",
            "instr_imedcy": "lazy",
            "mode": "regular",
            "primary_encap": "unknown",
            "tdn": "topology/pod-1/protpaths-201-202/pathep-[pg_vpc9_dc1-leaf201]"
          },
          "sensitive_attributes": [],
          "private": "eyJzY2hlbWFfdmVyc2lvbiI6IjEifQ==",
          "dependencies": [
            "aci_application_epg.nets_v3964",
            "aci_application_profile.prod_nets",
            "aci_bridge_domain.prod_v3964",
            "aci_tenant.prod",
            "data.aci_tenant.common",
            "data.aci_vrf.prod"
          ]
        }
      ]
    },
    {
      "mode": "managed",
      "type": "aci_epg_to_static_path",
      "name": "nets_v3965_Pod-1_Nodes-201-202_pg_vpc7_dc1-leaf201",
      "provider": "provider[\"registry.terraform.io/ciscodevnet/aci\"]",
      "instances": [
        {
          "schema_version": 1,
          "attributes": {
            "annotation": "orchestrator:terraform",
            "application_epg_dn": "uni/tn-prod/ap-nets/epg-v3965",
            "description": null,
            "encap": "vlan-3965",
            "id": "uni/tn-prod/ap-nets/epg-v3965/rspathAtt-[topology/pod-1/protpaths-201-202/pathep-[pg_vpc7_dc1-leaf201]]",
            "instr_imedcy": "lazy",
            "mode": "regular",
            "primary_encap": "unknown",
            "tdn": "topology/pod-1/protpaths-201-202/pathep-[pg_vpc7_dc1-leaf201]"
          },
          "sensitive_attributes": [],
          "private": "eyJzY2hlbWFfdmVyc2lvbiI6IjEifQ==",
          "dependencies": [
            "aci_application_epg.nets_v3965",
            "aci_application_profile.prod_nets",
            "aci_bridge_domain.prod_v3965",
            "aci_tenant.prod",
            "data.aci_tenant.common",
            "data.aci_vrf.prod"
          ]
        }
      ]
    },
    {
      "mode": "managed",
      "type": "aci_epg_to_static_path",
      "name": "nets_v3965_Pod-1_Nodes-201-202_pg_vpc9_dc1-leaf201",
      "provider": "provider[\"registry.terraform.io/ciscodevnet/aci\"]",
      "instances": [
        {
          "schema_version": 1,
          "attributes": {
            "annotation": "orchestrator:terraform",
            "application_epg_dn": "uni/tn-prod/ap-nets/epg-v3965",
            "description": null,
            "encap": "vlan-3965",
            "id": "uni/tn-prod/ap-nets/epg-v3965/rspathAtt-[topology/pod-1/protpaths-201-202/pathep-[pg_vpc9_dc1-leaf201]]",
            "instr_imedcy": "lazy",
            "mode": "regular",
            "primary_encap": "unknown",
            "tdn": "topology/pod-1/protpaths-201-202/pathep-[pg_vpc9_dc1-leaf201]"
          },
          "sensitive_attributes": [],
          "private": "eyJzY2hlbWFfdmVyc2lvbiI6IjEifQ==",
          "dependencies": [
            "aci_application_epg.nets_v3965",
            "aci_application_profile.prod_nets",
            "aci_bridge_domain.prod_v3965",
            "aci_tenant.prod",
            "data.aci_tenant.common",
            "data.aci_vrf.prod"
          ]
        }
      ]
    },
    {
      "mode": "managed",
      "type": "aci_epg_to_static_path",
      "name": "nets_v3966_Pod-1_Nodes-201-202_pg_vpc7_dc1-leaf201",
      "provider": "provider[\"registry.terraform.io/ciscodevnet/aci\"]",
      "instances": [
        {
          "schema_version": 1,
          "attributes": {
            "annotation": "orchestrator:terraform",
            "application_epg_dn": "uni/tn-prod/ap-nets/epg-v3966",
            "description": null,
            "encap": "vlan-3966",
            "id": "uni/tn-prod/ap-nets/epg-v3966/rspathAtt-[topology/pod-1/protpaths-201-202/pathep-[pg_vpc7_dc1-leaf201]]",
            "instr_imedcy": "lazy",
            "mode": "regular",
            "primary_encap": "unknown",
            "tdn": "topology/pod-1/protpaths-201-202/pathep-[pg_vpc7_dc1-leaf201]"
          },
          "sensitive_attributes": [],
          "private": "eyJzY2hlbWFfdmVyc2lvbiI6IjEifQ==",
          "dependencies": [
            "aci_application_epg.nets_v3966",
            "aci_application_profile.prod_nets",
            "aci_bridge_domain.prod_v3966",
            "aci_tenant.prod",
            "data.aci_tenant.common",
            "data.aci_vrf.prod"
          ]
        }
      ]
    },
    {
      "mode": "managed",
      "type": "aci_epg_to_static_path",
      "name": "nets_v3966_Pod-1_Nodes-201-202_pg_vpc9_dc1-leaf201",
      "provider": "provider[\"registry.terraform.io/ciscodevnet/aci\"]",
      "instances": [
        {
          "schema_version": 1,
          "attributes": {
            "annotation": "orchestrator:terraform",
            "application_epg_dn": "uni/tn-prod/ap-nets/epg-v3966",
            "description": null,
            "encap": "vlan-3966",
            "id": "uni/tn-prod/ap-nets/epg-v3966/rspathAtt-[topology/pod-1/protpaths-201-202/pathep-[pg_vpc9_dc1-leaf201]]",
            "instr_imedcy": "lazy",
            "mode": "regular",
            "primary_encap": "unknown",
            "tdn": "topology/pod-1/protpaths-201-202/pathep-[pg_vpc9_dc1-leaf201]"
          },
          "sensitive_attributes": [],
          "private": "eyJzY2hlbWFfdmVyc2lvbiI6IjEifQ==",
          "dependencies": [
            "aci_application_epg.nets_v3966",
            "aci_application_profile.prod_nets",
            "aci_bridge_domain.prod_v3966",
            "aci_tenant.prod",
            "data.aci_tenant.common",
            "data.aci_vrf.prod"
          ]
        }
      ]
    },
    {
      "mode": "managed",
      "type": "aci_epg_to_static_path",
      "name": "nets_v3967_Pod-1_Nodes-201-202_pg_vpc7_dc1-leaf201",
      "provider": "provider[\"registry.terraform.io/ciscodevnet/aci\"]",
      "instances": [
        {
          "schema_version": 1,
          "attributes": {
            "annotation": "orchestrator:terraform",
            "application_epg_dn": "uni/tn-prod/ap-nets/epg-v3967",
            "description": null,
            "encap": "vlan-3967",
            "id": "uni/tn-prod/ap-nets/epg-v3967/rspathAtt-[topology/pod-1/protpaths-201-202/pathep-[pg_vpc7_dc1-leaf201]]",
            "instr_imedcy": "lazy",
            "mode": "regular",
            "primary_encap": "unknown",
            "tdn": "topology/pod-1/protpaths-201-202/pathep-[pg_vpc7_dc1-leaf201]"
          },
          "sensitive_attributes": [],
          "private": "eyJzY2hlbWFfdmVyc2lvbiI6IjEifQ==",
          "dependencies": [
            "aci_application_epg.nets_v3967",
            "aci_application_profile.prod_nets",
            "aci_bridge_domain.prod_v3967",
            "aci_tenant.prod",
            "data.aci_tenant.common",
            "data.aci_vrf.prod"
          ]
        }
      ]
    },
    {
      "mode": "managed",
      "type": "aci_epg_to_static_path",
      "name": "nets_v3967_Pod-1_Nodes-201-202_pg_vpc9_dc1-leaf201",
      "provider": "provider[\"registry.terraform.io/ciscodevnet/aci\"]",
      "instances": [
        {
          "schema_version": 1,
          "attributes": {
            "annotation": "orchestrator:terraform",
            "application_epg_dn": "uni/tn-prod/ap-nets/epg-v3967",
            "description": null,
            "encap": "vlan-3967",
            "id": "uni/tn-prod/ap-nets/epg-v3967/rspathAtt-[topology/pod-1/protpaths-201-202/pathep-[pg_vpc9_dc1-leaf201]]",
            "instr_imedcy": "lazy",
            "mode": "regular",
            "primary_encap": "unknown",
            "tdn": "topology/pod-1/protpaths-201-202/pathep-[pg_vpc9_dc1-leaf201]"
          },
          "sensitive_attributes": [],
          "private": "eyJzY2hlbWFfdmVyc2lvbiI6IjEifQ==",
          "dependencies": [
            "aci_application_epg.nets_v3967",
            "aci_application_profile.prod_nets",
            "aci_bridge_domain.prod_v3967",
            "aci_tenant.prod",
            "data.aci_tenant.common",
            "data.aci_vrf.prod"
          ]
        }
      ]
    },
    {
      "mode": "managed",
      "type": "aci_epg_to_static_path",
      "name": "sap_app_sap_app_Pod-1_Nodes-201-202_pg_vpc7_dc1-leaf201",
      "provider": "provider[\"registry.terraform.io/ciscodevnet/aci\"]",
      "instances": [
        {
          "schema_version": 1,
          "attributes": {
            "annotation": "orchestrator:terraform",
            "application_epg_dn": "uni/tn-prod/ap-sap_app/epg-sap_app",
            "description": null,
            "encap": "vlan-201",
            "id": "uni/tn-prod/ap-sap_app/epg-sap_app/rspathAtt-[topology/pod-1/protpaths-201-202/pathep-[pg_vpc7_dc1-leaf201]]",
            "instr_imedcy": "lazy",
            "mode": "regular",
            "primary_encap": "unknown",
            "tdn": "topology/pod-1/protpaths-201-202/pathep-[pg_vpc7_dc1-leaf201]"
          },
          "sensitive_attributes": [],
          "private": "eyJzY2hlbWFfdmVyc2lvbiI6IjEifQ==",
          "dependencies": [
            "aci_application_epg.sap_app_sap_app",
            "aci_application_profile.prod_sap_app",
            "aci_bridge_domain.prod_sap_app",
            "aci_tenant.prod",
            "data.aci_tenant.common",
            "data.aci_vrf.prod"
          ]
        }
      ]
    },
    {
      "mode": "managed",
      "type": "aci_epg_to_static_path",
      "name": "sap_app_sap_app_Pod-1_Nodes-201-202_pg_vpc9_dc1-leaf201",
      "provider": "provider[\"registry.terraform.io/ciscodevnet/aci\"]",
      "instances": [
        {
          "schema_version": 1,
          "attributes": {
            "annotation": "orchestrator:terraform",
            "application_epg_dn": "uni/tn-prod/ap-sap_app/epg-sap_app",
            "description": null,
            "encap": "vlan-201",
            "id": "uni/tn-prod/ap-sap_app/epg-sap_app/rspathAtt-[topology/pod-1/protpaths-201-202/pathep-[pg_vpc9_dc1-leaf201]]",
            "instr_imedcy": "lazy",
            "mode": "regular",
            "primary_encap": "unknown",
            "tdn": "topology/pod-1/protpaths-201-202/pathep-[pg_vpc9_dc1-leaf201]"
          },
          "sensitive_attributes": [],
          "private": "eyJzY2hlbWFfdmVyc2lvbiI6IjEifQ==",
          "dependencies": [
            "aci_application_epg.sap_app_sap_app",
            "aci_application_profile.prod_sap_app",
            "aci_bridge_domain.prod_sap_app",
            "aci_tenant.prod",
            "data.aci_tenant.common",
            "data.aci_vrf.prod"
          ]
        }
      ]
    },
    {
      "mode": "managed",
      "type": "aci_epg_to_static_path",
      "name": "sap_db_sap_db_Pod-1_Nodes-201-202_pg_vpc7_dc1-leaf201",
      "provider": "provider[\"registry.terraform.io/ciscodevnet/aci\"]",
      "instances": [
        {
          "schema_version": 1,
          "attributes": {
            "annotation": "orchestrator:terraform",
            "application_epg_dn": "uni/tn-prod/ap-sap_db/epg-sap_db",
            "description": null,
            "encap": "vlan-202",
            "id": "uni/tn-prod/ap-sap_db/epg-sap_db/rspathAtt-[topology/pod-1/protpaths-201-202/pathep-[pg_vpc7_dc1-leaf201]]",
            "instr_imedcy": "lazy",
            "mode": "regular",
            "primary_encap": "unknown",
            "tdn": "topology/pod-1/protpaths-201-202/pathep-[pg_vpc7_dc1-leaf201]"
          },
          "sensitive_attributes": [],
          "private": "eyJzY2hlbWFfdmVyc2lvbiI6IjEifQ==",
          "dependencies": [
            "aci_application_epg.sap_db_sap_db",
            "aci_application_profile.prod_sap_db",
            "aci_bridge_domain.prod_sap_db",
            "aci_tenant.prod",
            "data.aci_tenant.common",
            "data.aci_vrf.prod"
          ]
        }
      ]
    },
    {
      "mode": "managed",
      "type": "aci_epg_to_static_path",
      "name": "sap_db_sap_db_Pod-1_Nodes-201-202_pg_vpc9_dc1-leaf201",
      "provider": "provider[\"registry.terraform.io/ciscodevnet/aci\"]",
      "instances": [
        {
          "schema_version": 1,
          "attributes": {
            "annotation": "orchestrator:terraform",
            "application_epg_dn": "uni/tn-prod/ap-sap_db/epg-sap_db",
            "description": null,
            "encap": "vlan-202",
            "id": "uni/tn-prod/ap-sap_db/epg-sap_db/rspathAtt-[topology/pod-1/protpaths-201-202/pathep-[pg_vpc9_dc1-leaf201]]",
            "instr_imedcy": "lazy",
            "mode": "regular",
            "primary_encap": "unknown",
            "tdn": "topology/pod-1/protpaths-201-202/pathep-[pg_vpc9_dc1-leaf201]"
          },
          "sensitive_attributes": [],
          "private": "eyJzY2hlbWFfdmVyc2lvbiI6IjEifQ==",
          "dependencies": [
            "aci_application_epg.sap_db_sap_db",
            "aci_application_profile.prod_sap_db",
            "aci_bridge_domain.prod_sap_db",
            "aci_tenant.prod",
            "data.aci_tenant.common",
            "data.aci_vrf.prod"
          ]
        }
      ]
    },
    {
      "mode": "managed",
      "type": "aci_epg_to_static_path",
      "name": "sap_intg_sap_hdi_Pod-1_Nodes-201-202_pg_vpc7_dc1-leaf201",
      "provider": "provider[\"registry.terraform.io/ciscodevnet/aci\"]",
      "instances": [
        {
          "schema_version": 1,
          "attributes": {
            "annotation": "orchestrator:terraform",
            "application_epg_dn": "uni/tn-prod/ap-sap_intg/epg-sap_hdi",
            "description": null,
            "encap": "vlan-207",
            "id": "uni/tn-prod/ap-sap_intg/epg-sap_hdi/rspathAtt-[topology/pod-1/protpaths-201-202/pathep-[pg_vpc7_dc1-leaf201]]",
            "instr_imedcy": "lazy",
            "mode": "regular",
            "primary_encap": "unknown",
            "tdn": "topology/pod-1/protpaths-201-202/pathep-[pg_vpc7_dc1-leaf201]"
          },
          "sensitive_attributes": [],
          "private": "eyJzY2hlbWFfdmVyc2lvbiI6IjEifQ==",
          "dependencies": [
            "aci_application_epg.sap_intg_sap_hdi",
            "aci_application_profile.prod_sap_intg",
            "aci_bridge_domain.prod_sap_itg",
            "aci_tenant.prod",
            "data.aci_tenant.common",
            "data.aci_vrf.prod"
          ]
        }
      ]
    },
    {
      "mode": "managed",
      "type": "aci_epg_to_static_path",
      "name": "sap_intg_sap_hdi_Pod-1_Nodes-201-202_pg_vpc9_dc1-leaf201",
      "provider": "provider[\"registry.terraform.io/ciscodevnet/aci\"]",
      "instances": [
        {
          "schema_version": 1,
          "attributes": {
            "annotation": "orchestrator:terraform",
            "application_epg_dn": "uni/tn-prod/ap-sap_intg/epg-sap_hdi",
            "description": null,
            "encap": "vlan-207",
            "id": "uni/tn-prod/ap-sap_intg/epg-sap_hdi/rspathAtt-[topology/pod-1/protpaths-201-202/pathep-[pg_vpc9_dc1-leaf201]]",
            "instr_imedcy": "lazy",
            "mode": "regular",
            "primary_encap": "unknown",
            "tdn": "topology/pod-1/protpaths-201-202/pathep-[pg_vpc9_dc1-leaf201]"
          },
          "sensitive_attributes": [],
          "private": "eyJzY2hlbWFfdmVyc2lvbiI6IjEifQ==",
          "dependencies": [
            "aci_application_epg.sap_intg_sap_hdi",
            "aci_application_profile.prod_sap_intg",
            "aci_bridge_domain.prod_sap_itg",
            "aci_tenant.prod",
            "data.aci_tenant.common",
            "data.aci_vrf.prod"
          ]
        }
      ]
    },
    {
      "mode": "managed",
      "type": "aci_epg_to_static_path",
      "name": "sap_intg_sap_rds_Pod-1_Nodes-201-202_pg_vpc7_dc1-leaf201",
      "provider": "provider[\"registry.terraform.io/ciscodevnet/aci\"]",
      "instances": [
        {
          "schema_version": 1,
          "attributes": {
            "annotation": "orchestrator:terraform",
            "application_epg_dn": "uni/tn-prod/ap-sap_intg/epg-sap_rds",
            "description": null,
            "encap": "vlan-206",
            "id": "uni/tn-prod/ap-sap_intg/epg-sap_rds/rspathAtt-[topology/pod-1/protpaths-201-202/pathep-[pg_vpc7_dc1-leaf201]]",
            "instr_imedcy": "lazy",
            "mode": "regular",
            "primary_encap": "unknown",
            "tdn": "topology/pod-1/protpaths-201-202/pathep-[pg_vpc7_dc1-leaf201]"
          },
          "sensitive_attributes": [],
          "private": "eyJzY2hlbWFfdmVyc2lvbiI6IjEifQ==",
          "dependencies": [
            "aci_application_epg.sap_intg_sap_rds",
            "aci_application_profile.prod_sap_intg",
            "aci_bridge_domain.prod_sap_itg",
            "aci_tenant.prod",
            "data.aci_tenant.common",
            "data.aci_vrf.prod"
          ]
        }
      ]
    },
    {
      "mode": "managed",
      "type": "aci_epg_to_static_path",
      "name": "sap_intg_sap_rds_Pod-1_Nodes-201-202_pg_vpc9_dc1-leaf201",
      "provider": "provider[\"registry.terraform.io/ciscodevnet/aci\"]",
      "instances": [
        {
          "schema_version": 1,
          "attributes": {
            "annotation": "orchestrator:terraform",
            "application_epg_dn": "uni/tn-prod/ap-sap_intg/epg-sap_rds",
            "description": null,
            "encap": "vlan-206",
            "id": "uni/tn-prod/ap-sap_intg/epg-sap_rds/rspathAtt-[topology/pod-1/protpaths-201-202/pathep-[pg_vpc9_dc1-leaf201]]",
            "instr_imedcy": "lazy",
            "mode": "regular",
            "primary_encap": "unknown",
            "tdn": "topology/pod-1/protpaths-201-202/pathep-[pg_vpc9_dc1-leaf201]"
          },
          "sensitive_attributes": [],
          "private": "eyJzY2hlbWFfdmVyc2lvbiI6IjEifQ==",
          "dependencies": [
            "aci_application_epg.sap_intg_sap_rds",
            "aci_application_profile.prod_sap_intg",
            "aci_bridge_domain.prod_sap_itg",
            "aci_tenant.prod",
            "data.aci_tenant.common",
            "data.aci_vrf.prod"
          ]
        }
      ]
    },
    {
      "mode": "managed",
      "type": "aci_epg_to_static_path",
      "name": "sap_intg_sap_sda_Pod-1_Nodes-201-202_pg_vpc7_dc1-leaf201",
      "provider": "provider[\"registry.terraform.io/ciscodevnet/aci\"]",
      "instances": [
        {
          "schema_version": 1,
          "attributes": {
            "annotation": "orchestrator:terraform",
            "application_epg_dn": "uni/tn-prod/ap-sap_intg/epg-sap_sda",
            "description": null,
            "encap": "vlan-203",
            "id": "uni/tn-prod/ap-sap_intg/epg-sap_sda/rspathAtt-[topology/pod-1/protpaths-201-202/pathep-[pg_vpc7_dc1-leaf201]]",
            "instr_imedcy": "lazy",
            "mode": "regular",
            "primary_encap": "unknown",
            "tdn": "topology/pod-1/protpaths-201-202/pathep-[pg_vpc7_dc1-leaf201]"
          },
          "sensitive_attributes": [],
          "private": "eyJzY2hlbWFfdmVyc2lvbiI6IjEifQ==",
          "dependencies": [
            "aci_application_epg.sap_intg_sap_sda",
            "aci_application_profile.prod_sap_intg",
            "aci_bridge_domain.prod_sap_itg",
            "aci_tenant.prod",
            "data.aci_tenant.common",
            "data.aci_vrf.prod"
          ]
        }
      ]
    },
    {
      "mode": "managed",
      "type": "aci_epg_to_static_path",
      "name": "sap_intg_sap_sda_Pod-1_Nodes-201-202_pg_vpc9_dc1-leaf201",
      "provider": "provider[\"registry.terraform.io/ciscodevnet/aci\"]",
      "instances": [
        {
          "schema_version": 1,
          "attributes": {
            "annotation": "orchestrator:terraform",
            "application_epg_dn": "uni/tn-prod/ap-sap_intg/epg-sap_sda",
            "description": null,
            "encap": "vlan-203",
            "id": "uni/tn-prod/ap-sap_intg/epg-sap_sda/rspathAtt-[topology/pod-1/protpaths-201-202/pathep-[pg_vpc9_dc1-leaf201]]",
            "instr_imedcy": "lazy",
            "mode": "regular",
            "primary_encap": "unknown",
            "tdn": "topology/pod-1/protpaths-201-202/pathep-[pg_vpc9_dc1-leaf201]"
          },
          "sensitive_attributes": [],
          "private": "eyJzY2hlbWFfdmVyc2lvbiI6IjEifQ==",
          "dependencies": [
            "aci_application_epg.sap_intg_sap_sda",
            "aci_application_profile.prod_sap_intg",
            "aci_bridge_domain.prod_sap_itg",
            "aci_tenant.prod",
            "data.aci_tenant.common",
            "data.aci_vrf.prod"
          ]
        }
      ]
    },
    {
      "mode": "managed",
      "type": "aci_epg_to_static_path",
      "name": "sap_intg_sap_sdi_Pod-1_Nodes-201-202_pg_vpc7_dc1-leaf201",
      "provider": "provider[\"registry.terraform.io/ciscodevnet/aci\"]",
      "instances": [
        {
          "schema_version": 1,
          "attributes": {
            "annotation": "orchestrator:terraform",
            "application_epg_dn": "uni/tn-prod/ap-sap_intg/epg-sap_sdi",
            "description": null,
            "encap": "vlan-204",
            "id": "uni/tn-prod/ap-sap_intg/epg-sap_sdi/rspathAtt-[topology/pod-1/protpaths-201-202/pathep-[pg_vpc7_dc1-leaf201]]",
            "instr_imedcy": "lazy",
            "mode": "regular",
            "primary_encap": "unknown",
            "tdn": "topology/pod-1/protpaths-201-202/pathep-[pg_vpc7_dc1-leaf201]"
          },
          "sensitive_attributes": [],
          "private": "eyJzY2hlbWFfdmVyc2lvbiI6IjEifQ==",
          "dependencies": [
            "aci_application_epg.sap_intg_sap_sdi",
            "aci_application_profile.prod_sap_intg",
            "aci_bridge_domain.prod_sap_itg",
            "aci_tenant.prod",
            "data.aci_tenant.common",
            "data.aci_vrf.prod"
          ]
        }
      ]
    },
    {
      "mode": "managed",
      "type": "aci_epg_to_static_path",
      "name": "sap_intg_sap_sdi_Pod-1_Nodes-201-202_pg_vpc9_dc1-leaf201",
      "provider": "provider[\"registry.terraform.io/ciscodevnet/aci\"]",
      "instances": [
        {
          "schema_version": 1,
          "attributes": {
            "annotation": "orchestrator:terraform",
            "application_epg_dn": "uni/tn-prod/ap-sap_intg/epg-sap_sdi",
            "description": null,
            "encap": "vlan-204",
            "id": "uni/tn-prod/ap-sap_intg/epg-sap_sdi/rspathAtt-[topology/pod-1/protpaths-201-202/pathep-[pg_vpc9_dc1-leaf201]]",
            "instr_imedcy": "lazy",
            "mode": "regular",
            "primary_encap": "unknown",
            "tdn": "topology/pod-1/protpaths-201-202/pathep-[pg_vpc9_dc1-leaf201]"
          },
          "sensitive_attributes": [],
          "private": "eyJzY2hlbWFfdmVyc2lvbiI6IjEifQ==",
          "dependencies": [
            "aci_application_epg.sap_intg_sap_sdi",
            "aci_application_profile.prod_sap_intg",
            "aci_bridge_domain.prod_sap_itg",
            "aci_tenant.prod",
            "data.aci_tenant.common",
            "data.aci_vrf.prod"
          ]
        }
      ]
    },
    {
      "mode": "managed",
      "type": "aci_epg_to_static_path",
      "name": "sap_intg_sap_sds_Pod-1_Nodes-201-202_pg_vpc7_dc1-leaf201",
      "provider": "provider[\"registry.terraform.io/ciscodevnet/aci\"]",
      "instances": [
        {
          "schema_version": 1,
          "attributes": {
            "annotation": "orchestrator:terraform",
            "application_epg_dn": "uni/tn-prod/ap-sap_intg/epg-sap_sds",
            "description": null,
            "encap": "vlan-205",
            "id": "uni/tn-prod/ap-sap_intg/epg-sap_sds/rspathAtt-[topology/pod-1/protpaths-201-202/pathep-[pg_vpc7_dc1-leaf201]]",
            "instr_imedcy": "lazy",
            "mode": "regular",
            "primary_encap": "unknown",
            "tdn": "topology/pod-1/protpaths-201-202/pathep-[pg_vpc7_dc1-leaf201]"
          },
          "sensitive_attributes": [],
          "private": "eyJzY2hlbWFfdmVyc2lvbiI6IjEifQ==",
          "dependencies": [
            "aci_application_epg.sap_intg_sap_sds",
            "aci_application_profile.prod_sap_intg",
            "aci_bridge_domain.prod_sap_itg",
            "aci_tenant.prod",
            "data.aci_tenant.common",
            "data.aci_vrf.prod"
          ]
        }
      ]
    },
    {
      "mode": "managed",
      "type": "aci_epg_to_static_path",
      "name": "sap_intg_sap_sds_Pod-1_Nodes-201-202_pg_vpc9_dc1-leaf201",
      "provider": "provider[\"registry.terraform.io/ciscodevnet/aci\"]",
      "instances": [
        {
          "schema_version": 1,
          "attributes": {
            "annotation": "orchestrator:terraform",
            "application_epg_dn": "uni/tn-prod/ap-sap_intg/epg-sap_sds",
            "description": null,
            "encap": "vlan-205",
            "id": "uni/tn-prod/ap-sap_intg/epg-sap_sds/rspathAtt-[topology/pod-1/protpaths-201-202/pathep-[pg_vpc9_dc1-leaf201]]",
            "instr_imedcy": "lazy",
            "mode": "regular",
            "primary_encap": "unknown",
            "tdn": "topology/pod-1/protpaths-201-202/pathep-[pg_vpc9_dc1-leaf201]"
          },
          "sensitive_attributes": [],
          "private": "eyJzY2hlbWFfdmVyc2lvbiI6IjEifQ==",
          "dependencies": [
            "aci_application_epg.sap_intg_sap_sds",
            "aci_application_profile.prod_sap_intg",
            "aci_bridge_domain.prod_sap_itg",
            "aci_tenant.prod",
            "data.aci_tenant.common",
            "data.aci_vrf.prod"
          ]
        }
      ]
    },
    {
      "mode": "managed",
      "type": "aci_rest",
      "name": "nets_v0001_phys-access_phys",
      "provider": "provider[\"registry.terraform.io/ciscodevnet/aci\"]",
      "instances": [
        {
          "schema_version": 1,
          "attributes": {
            "class_name": "fvRsDomAtt",
            "content": null,
            "dn": null,
            "id": "{}",
            "path": "/api/node/mo/uni/tn-prod/ap-nets/epg-v0001.json",
            "payload": "{\n    \"fvRsDomAtt\": {\n        \"attributes\": {\n            \"tDn\": \"uni/phys-access_phys\"\n        },\n        \"children\": []\n    }\n}\n"
          },
          "sensitive_attributes": [],
          "private": "eyJzY2hlbWFfdmVyc2lvbiI6IjEifQ==",
          "dependencies": [
            "aci_application_epg.nets_v0001",
            "aci_application_profile.prod_nets",
            "aci_bridge_domain.prod_v0001",
            "aci_tenant.prod",
            "data.aci_tenant.common",
            "data.aci_vrf.prod"
          ]
        }
      ]
    },
    {
      "mode": "managed",
      "type": "aci_rest",
      "name": "nets_v0064_phys-access_phys",
      "provider": "provider[\"registry.terraform.io/ciscodevnet/aci\"]",
      "instances": [
        {
          "schema_version": 1,
          "attributes": {
            "class_name": "fvRsDomAtt",
            "content": null,
            "dn": null,
            "id": "{}",
            "path": "/api/node/mo/uni/tn-prod/ap-nets/epg-v0064.json",
            "payload": "{\n    \"fvRsDomAtt\": {\n        \"attributes\": {\n            \"tDn\": \"uni/phys-access_phys\"\n        },\n        \"children\": []\n    }\n}\n"
          },
          "sensitive_attributes": [],
          "private": "eyJzY2hlbWFfdmVyc2lvbiI6IjEifQ==",
          "dependencies": [
            "aci_application_epg.nets_v0064",
            "aci_application_profile.prod_nets",
            "aci_bridge_domain.prod_v0064",
            "aci_tenant.prod",
            "data.aci_tenant.common",
            "data.aci_vrf.prod"
          ]
        }
      ]
    },
    {
      "mode": "managed",
      "type": "aci_rest",
      "name": "nets_v0080_phys-access_phys",
      "provider": "provider[\"registry.terraform.io/ciscodevnet/aci\"]",
      "instances": [
        {
          "schema_version": 1,
          "attributes": {
            "class_name": "fvRsDomAtt",
            "content": null,
            "dn": null,
            "id": "{}",
            "path": "/api/node/mo/uni/tn-prod/ap-nets/epg-v0080.json",
            "payload": "{\n    \"fvRsDomAtt\": {\n        \"attributes\": {\n            \"tDn\": \"uni/phys-access_phys\"\n        },\n        \"children\": []\n    }\n}\n"
          },
          "sensitive_attributes": [],
          "private": "eyJzY2hlbWFfdmVyc2lvbiI6IjEifQ==",
          "dependencies": [
            "aci_application_epg.nets_v0080",
            "aci_application_profile.prod_nets",
            "aci_bridge_domain.prod_v0080",
            "aci_tenant.prod",
            "data.aci_tenant.common",
            "data.aci_vrf.prod"
          ]
        }
      ]
    },
    {
      "mode": "managed",
      "type": "aci_rest",
      "name": "nets_v0087_phys-access_phys",
      "provider": "provider[\"registry.terraform.io/ciscodevnet/aci\"]",
      "instances": [
        {
          "schema_version": 1,
          "attributes": {
            "class_name": "fvRsDomAtt",
            "content": null,
            "dn": null,
            "id": "{}",
            "path": "/api/node/mo/uni/tn-prod/ap-nets/epg-v0087.json",
            "payload": "{\n    \"fvRsDomAtt\": {\n        \"attributes\": {\n            \"tDn\": \"uni/phys-access_phys\"\n        },\n        \"children\": []\n    }\n}\n"
          },
          "sensitive_attributes": [],
          "private": "eyJzY2hlbWFfdmVyc2lvbiI6IjEifQ==",
          "dependencies": [
            "aci_application_epg.nets_v0087",
            "aci_application_profile.prod_nets",
            "aci_bridge_domain.prod_v0087",
            "aci_tenant.prod",
            "data.aci_tenant.common",
            "data.aci_vrf.prod"
          ]
        }
      ]
    },
    {
      "mode": "managed",
      "type": "aci_rest",
      "name": "nets_v0090_phys-access_phys",
      "provider": "provider[\"registry.terraform.io/ciscodevnet/aci\"]",
      "instances": [
        {
          "schema_version": 1,
          "attributes": {
            "class_name": "fvRsDomAtt",
            "content": null,
            "dn": null,
            "id": "{}",
            "path": "/api/node/mo/uni/tn-prod/ap-nets/epg-v0090.json",
            "payload": "{\n    \"fvRsDomAtt\": {\n        \"attributes\": {\n            \"tDn\": \"uni/phys-access_phys\"\n        },\n        \"children\": []\n    }\n}\n"
          },
          "sensitive_attributes": [],
          "private": "eyJzY2hlbWFfdmVyc2lvbiI6IjEifQ==",
          "dependencies": [
            "aci_application_epg.nets_v0090",
            "aci_application_profile.prod_nets",
            "aci_bridge_domain.prod_v0090",
            "aci_tenant.prod",
            "data.aci_tenant.common",
            "data.aci_vrf.prod"
          ]
        }
      ]
    },
    {
      "mode": "managed",
      "type": "aci_rest",
      "name": "nets_v0091_phys-access_phys",
      "provider": "provider[\"registry.terraform.io/ciscodevnet/aci\"]",
      "instances": [
        {
          "schema_version": 1,
          "attributes": {
            "class_name": "fvRsDomAtt",
            "content": null,
            "dn": null,
            "id": "{}",
            "path": "/api/node/mo/uni/tn-prod/ap-nets/epg-v0091.json",
            "payload": "{\n    \"fvRsDomAtt\": {\n        \"attributes\": {\n            \"tDn\": \"uni/phys-access_phys\"\n        },\n        \"children\": []\n    }\n}\n"
          },
          "sensitive_attributes": [],
          "private": "eyJzY2hlbWFfdmVyc2lvbiI6IjEifQ==",
          "dependencies": [
            "aci_application_epg.nets_v0091",
            "aci_application_profile.prod_nets",
            "aci_bridge_domain.prod_v0091",
            "aci_tenant.prod",
            "data.aci_tenant.common",
            "data.aci_vrf.prod"
          ]
        }
      ]
    },
    {
      "mode": "managed",
      "type": "aci_rest",
      "name": "nets_v0110_phys-access_phys",
      "provider": "provider[\"registry.terraform.io/ciscodevnet/aci\"]",
      "instances": [
        {
          "schema_version": 1,
          "attributes": {
            "class_name": "fvRsDomAtt",
            "content": null,
            "dn": null,
            "id": "{}",
            "path": "/api/node/mo/uni/tn-prod/ap-nets/epg-v0110.json",
            "payload": "{\n    \"fvRsDomAtt\": {\n        \"attributes\": {\n            \"tDn\": \"uni/phys-access_phys\"\n        },\n        \"children\": []\n    }\n}\n"
          },
          "sensitive_attributes": [],
          "private": "eyJzY2hlbWFfdmVyc2lvbiI6IjEifQ==",
          "dependencies": [
            "aci_application_epg.nets_v0110",
            "aci_application_profile.prod_nets",
            "aci_bridge_domain.prod_v0110",
            "aci_tenant.prod",
            "data.aci_tenant.common",
            "data.aci_vrf.prod"
          ]
        }
      ]
    },
    {
      "mode": "managed",
      "type": "aci_rest",
      "name": "nets_v0136_phys-access_phys",
      "provider": "provider[\"registry.terraform.io/ciscodevnet/aci\"]",
      "instances": [
        {
          "schema_version": 1,
          "attributes": {
            "class_name": "fvRsDomAtt",
            "content": null,
            "dn": null,
            "id": "{}",
            "path": "/api/node/mo/uni/tn-prod/ap-nets/epg-v0136.json",
            "payload": "{\n    \"fvRsDomAtt\": {\n        \"attributes\": {\n            \"tDn\": \"uni/phys-access_phys\"\n        },\n        \"children\": []\n    }\n}\n"
          },
          "sensitive_attributes": [],
          "private": "eyJzY2hlbWFfdmVyc2lvbiI6IjEifQ==",
          "dependencies": [
            "aci_application_epg.nets_v0136",
            "aci_application_profile.prod_nets",
            "aci_bridge_domain.prod_v0136",
            "aci_tenant.prod",
            "data.aci_tenant.common",
            "data.aci_vrf.prod"
          ]
        }
      ]
    },
    {
      "mode": "managed",
      "type": "aci_rest",
      "name": "nets_v0168_phys-access_phys",
      "provider": "provider[\"registry.terraform.io/ciscodevnet/aci\"]",
      "instances": [
        {
          "schema_version": 1,
          "attributes": {
            "class_name": "fvRsDomAtt",
            "content": null,
            "dn": null,
            "id": "{}",
            "path": "/api/node/mo/uni/tn-prod/ap-nets/epg-v0168.json",
            "payload": "{\n    \"fvRsDomAtt\": {\n        \"attributes\": {\n            \"tDn\": \"uni/phys-access_phys\"\n        },\n        \"children\": []\n    }\n}\n"
          },
          "sensitive_attributes": [],
          "private": "eyJzY2hlbWFfdmVyc2lvbiI6IjEifQ==",
          "dependencies": [
            "aci_application_epg.nets_v0168",
            "aci_application_profile.prod_nets",
            "aci_bridge_domain.prod_v0168",
            "aci_tenant.prod",
            "data.aci_tenant.common",
            "data.aci_vrf.prod"
          ]
        }
      ]
    },
    {
      "mode": "managed",
      "type": "aci_rest",
      "name": "nets_v0169_phys-access_phys",
      "provider": "provider[\"registry.terraform.io/ciscodevnet/aci\"]",
      "instances": [
        {
          "schema_version": 1,
          "attributes": {
            "class_name": "fvRsDomAtt",
            "content": null,
            "dn": null,
            "id": "{}",
            "path": "/api/node/mo/uni/tn-prod/ap-nets/epg-v0169.json",
            "payload": "{\n    \"fvRsDomAtt\": {\n        \"attributes\": {\n            \"tDn\": \"uni/phys-access_phys\"\n        },\n        \"children\": []\n    }\n}\n"
          },
          "sensitive_attributes": [],
          "private": "eyJzY2hlbWFfdmVyc2lvbiI6IjEifQ==",
          "dependencies": [
            "aci_application_epg.nets_v0169",
            "aci_application_profile.prod_nets",
            "aci_bridge_domain.prod_v0169",
            "aci_tenant.prod",
            "data.aci_tenant.common",
            "data.aci_vrf.prod"
          ]
        }
      ]
    },
    {
      "mode": "managed",
      "type": "aci_rest",
      "name": "nets_v0691_phys-access_phys",
      "provider": "provider[\"registry.terraform.io/ciscodevnet/aci\"]",
      "instances": [
        {
          "schema_version": 1,
          "attributes": {
            "class_name": "fvRsDomAtt",
            "content": null,
            "dn": null,
            "id": "{}",
            "path": "/api/node/mo/uni/tn-prod/ap-nets/epg-v0691.json",
            "payload": "{\n    \"fvRsDomAtt\": {\n        \"attributes\": {\n            \"tDn\": \"uni/phys-access_phys\"\n        },\n        \"children\": []\n    }\n}\n"
          },
          "sensitive_attributes": [],
          "private": "eyJzY2hlbWFfdmVyc2lvbiI6IjEifQ==",
          "dependencies": [
            "aci_application_epg.nets_v0691",
            "aci_application_profile.prod_nets",
            "aci_bridge_domain.prod_v0691",
            "aci_tenant.prod",
            "data.aci_tenant.common",
            "data.aci_vrf.prod"
          ]
        }
      ]
    },
    {
      "mode": "managed",
      "type": "aci_rest",
      "name": "nets_v0811_phys-access_phys",
      "provider": "provider[\"registry.terraform.io/ciscodevnet/aci\"]",
      "instances": [
        {
          "schema_version": 1,
          "attributes": {
            "class_name": "fvRsDomAtt",
            "content": null,
            "dn": null,
            "id": "{}",
            "path": "/api/node/mo/uni/tn-prod/ap-nets/epg-v0811.json",
            "payload": "{\n    \"fvRsDomAtt\": {\n        \"attributes\": {\n            \"tDn\": \"uni/phys-access_phys\"\n        },\n        \"children\": []\n    }\n}\n"
          },
          "sensitive_attributes": [],
          "private": "eyJzY2hlbWFfdmVyc2lvbiI6IjEifQ==",
          "dependencies": [
            "aci_application_epg.nets_v0811",
            "aci_application_profile.prod_nets",
            "aci_bridge_domain.prod_v0811",
            "aci_tenant.prod",
            "data.aci_tenant.common",
            "data.aci_vrf.prod"
          ]
        }
      ]
    },
    {
      "mode": "managed",
      "type": "aci_rest",
      "name": "nets_v0812_phys-access_phys",
      "provider": "provider[\"registry.terraform.io/ciscodevnet/aci\"]",
      "instances": [
        {
          "schema_version": 1,
          "attributes": {
            "class_name": "fvRsDomAtt",
            "content": null,
            "dn": null,
            "id": "{}",
            "path": "/api/node/mo/uni/tn-prod/ap-nets/epg-v0812.json",
            "payload": "{\n    \"fvRsDomAtt\": {\n        \"attributes\": {\n            \"tDn\": \"uni/phys-access_phys\"\n        },\n        \"children\": []\n    }\n}\n"
          },
          "sensitive_attributes": [],
          "private": "eyJzY2hlbWFfdmVyc2lvbiI6IjEifQ==",
          "dependencies": [
            "aci_application_epg.nets_v0812",
            "aci_application_profile.prod_nets",
            "aci_bridge_domain.prod_v0812",
            "aci_tenant.prod",
            "data.aci_tenant.common",
            "data.aci_vrf.prod"
          ]
        }
      ]
    },
    {
      "mode": "managed",
      "type": "aci_rest",
      "name": "nets_v0997_phys-access_phys",
      "provider": "provider[\"registry.terraform.io/ciscodevnet/aci\"]",
      "instances": [
        {
          "schema_version": 1,
          "attributes": {
            "class_name": "fvRsDomAtt",
            "content": null,
            "dn": null,
            "id": "{}",
            "path": "/api/node/mo/uni/tn-prod/ap-nets/epg-v0997.json",
            "payload": "{\n    \"fvRsDomAtt\": {\n        \"attributes\": {\n            \"tDn\": \"uni/phys-access_phys\"\n        },\n        \"children\": []\n    }\n}\n"
          },
          "sensitive_attributes": [],
          "private": "eyJzY2hlbWFfdmVyc2lvbiI6IjEifQ==",
          "dependencies": [
            "aci_application_epg.nets_v0997",
            "aci_application_profile.prod_nets",
            "aci_bridge_domain.prod_v0997",
            "aci_tenant.prod",
            "data.aci_tenant.common",
            "data.aci_vrf.prod"
          ]
        }
      ]
    },
    {
      "mode": "managed",
      "type": "aci_rest",
      "name": "nets_v0998_phys-access_phys",
      "provider": "provider[\"registry.terraform.io/ciscodevnet/aci\"]",
      "instances": [
        {
          "schema_version": 1,
          "attributes": {
            "class_name": "fvRsDomAtt",
            "content": null,
            "dn": null,
            "id": "{}",
            "path": "/api/node/mo/uni/tn-prod/ap-nets/epg-v0998.json",
            "payload": "{\n    \"fvRsDomAtt\": {\n        \"attributes\": {\n            \"tDn\": \"uni/phys-access_phys\"\n        },\n        \"children\": []\n    }\n}\n"
          },
          "sensitive_attributes": [],
          "private": "eyJzY2hlbWFfdmVyc2lvbiI6IjEifQ==",
          "dependencies": [
            "aci_application_epg.nets_v0998",
            "aci_application_profile.prod_nets",
            "aci_bridge_domain.prod_v0998",
            "aci_tenant.prod",
            "data.aci_tenant.common",
            "data.aci_vrf.prod"
          ]
        }
      ]
    },
    {
      "mode": "managed",
      "type": "aci_rest",
      "name": "nets_v3001_phys-access_phys",
      "provider": "provider[\"registry.terraform.io/ciscodevnet/aci\"]",
      "instances": [
        {
          "schema_version": 1,
          "attributes": {
            "class_name": "fvRsDomAtt",
            "content": null,
            "dn": null,
            "id": "{}",
            "path": "/api/node/mo/uni/tn-prod/ap-nets/epg-v3001.json",
            "payload": "{\n    \"fvRsDomAtt\": {\n        \"attributes\": {\n            \"tDn\": \"uni/phys-access_phys\"\n        },\n        \"children\": []\n    }\n}\n"
          },
          "sensitive_attributes": [],
          "private": "eyJzY2hlbWFfdmVyc2lvbiI6IjEifQ==",
          "dependencies": [
            "aci_application_epg.nets_v3001",
            "aci_application_profile.prod_nets",
            "aci_bridge_domain.prod_v3001",
            "aci_tenant.prod",
            "data.aci_tenant.common",
            "data.aci_vrf.prod"
          ]
        }
      ]
    },
    {
      "mode": "managed",
      "type": "aci_rest",
      "name": "nets_v3003_phys-access_phys",
      "provider": "provider[\"registry.terraform.io/ciscodevnet/aci\"]",
      "instances": [
        {
          "schema_version": 1,
          "attributes": {
            "class_name": "fvRsDomAtt",
            "content": null,
            "dn": null,
            "id": "{}",
            "path": "/api/node/mo/uni/tn-prod/ap-nets/epg-v3003.json",
            "payload": "{\n    \"fvRsDomAtt\": {\n        \"attributes\": {\n            \"tDn\": \"uni/phys-access_phys\"\n        },\n        \"children\": []\n    }\n}\n"
          },
          "sensitive_attributes": [],
          "private": "eyJzY2hlbWFfdmVyc2lvbiI6IjEifQ==",
          "dependencies": [
            "aci_application_epg.nets_v3003",
            "aci_application_profile.prod_nets",
            "aci_bridge_domain.prod_v3003",
            "aci_tenant.prod",
            "data.aci_tenant.common",
            "data.aci_vrf.prod"
          ]
        }
      ]
    },
    {
      "mode": "managed",
      "type": "aci_rest",
      "name": "nets_v3004_phys-access_phys",
      "provider": "provider[\"registry.terraform.io/ciscodevnet/aci\"]",
      "instances": [
        {
          "schema_version": 1,
          "attributes": {
            "class_name": "fvRsDomAtt",
            "content": null,
            "dn": null,
            "id": "{}",
            "path": "/api/node/mo/uni/tn-prod/ap-nets/epg-v3004.json",
            "payload": "{\n    \"fvRsDomAtt\": {\n        \"attributes\": {\n            \"tDn\": \"uni/phys-access_phys\"\n        },\n        \"children\": []\n    }\n}\n"
          },
          "sensitive_attributes": [],
          "private": "eyJzY2hlbWFfdmVyc2lvbiI6IjEifQ==",
          "dependencies": [
            "aci_application_epg.nets_v3004",
            "aci_application_profile.prod_nets",
            "aci_bridge_domain.prod_v3004",
            "aci_tenant.prod",
            "data.aci_tenant.common",
            "data.aci_vrf.prod"
          ]
        }
      ]
    },
    {
      "mode": "managed",
      "type": "aci_rest",
      "name": "nets_v3006_phys-access_phys",
      "provider": "provider[\"registry.terraform.io/ciscodevnet/aci\"]",
      "instances": [
        {
          "schema_version": 1,
          "attributes": {
            "class_name": "fvRsDomAtt",
            "content": null,
            "dn": null,
            "id": "{}",
            "path": "/api/node/mo/uni/tn-prod/ap-nets/epg-v3006.json",
            "payload": "{\n    \"fvRsDomAtt\": {\n        \"attributes\": {\n            \"tDn\": \"uni/phys-access_phys\"\n        },\n        \"children\": []\n    }\n}\n"
          },
          "sensitive_attributes": [],
          "private": "eyJzY2hlbWFfdmVyc2lvbiI6IjEifQ==",
          "dependencies": [
            "aci_application_epg.nets_v3006",
            "aci_application_profile.prod_nets",
            "aci_bridge_domain.prod_v3006",
            "aci_tenant.prod",
            "data.aci_tenant.common",
            "data.aci_vrf.prod"
          ]
        }
      ]
    },
    {
      "mode": "managed",
      "type": "aci_rest",
      "name": "nets_v3007_phys-access_phys",
      "provider": "provider[\"registry.terraform.io/ciscodevnet/aci\"]",
      "instances": [
        {
          "schema_version": 1,
          "attributes": {
            "class_name": "fvRsDomAtt",
            "content": null,
            "dn": null,
            "id": "{}",
            "path": "/api/node/mo/uni/tn-prod/ap-nets/epg-v3007.json",
            "payload": "{\n    \"fvRsDomAtt\": {\n        \"attributes\": {\n            \"tDn\": \"uni/phys-access_phys\"\n        },\n        \"children\": []\n    }\n}\n"
          },
          "sensitive_attributes": [],
          "private": "eyJzY2hlbWFfdmVyc2lvbiI6IjEifQ==",
          "dependencies": [
            "aci_application_epg.nets_v3007",
            "aci_application_profile.prod_nets",
            "aci_bridge_domain.prod_v3007",
            "aci_tenant.prod",
            "data.aci_tenant.common",
            "data.aci_vrf.prod"
          ]
        }
      ]
    },
    {
      "mode": "managed",
      "type": "aci_rest",
      "name": "nets_v3011_phys-access_phys",
      "provider": "provider[\"registry.terraform.io/ciscodevnet/aci\"]",
      "instances": [
        {
          "schema_version": 1,
          "attributes": {
            "class_name": "fvRsDomAtt",
            "content": null,
            "dn": null,
            "id": "{}",
            "path": "/api/node/mo/uni/tn-prod/ap-nets/epg-v3011.json",
            "payload": "{\n    \"fvRsDomAtt\": {\n        \"attributes\": {\n            \"tDn\": \"uni/phys-access_phys\"\n        },\n        \"children\": []\n    }\n}\n"
          },
          "sensitive_attributes": [],
          "private": "eyJzY2hlbWFfdmVyc2lvbiI6IjEifQ==",
          "dependencies": [
            "aci_application_epg.nets_v3011",
            "aci_application_profile.prod_nets",
            "aci_bridge_domain.prod_v3011",
            "aci_tenant.prod",
            "data.aci_tenant.common",
            "data.aci_vrf.prod"
          ]
        }
      ]
    },
    {
      "mode": "managed",
      "type": "aci_rest",
      "name": "nets_v3019_phys-access_phys",
      "provider": "provider[\"registry.terraform.io/ciscodevnet/aci\"]",
      "instances": [
        {
          "schema_version": 1,
          "attributes": {
            "class_name": "fvRsDomAtt",
            "content": null,
            "dn": null,
            "id": "{}",
            "path": "/api/node/mo/uni/tn-prod/ap-nets/epg-v3019.json",
            "payload": "{\n    \"fvRsDomAtt\": {\n        \"attributes\": {\n            \"tDn\": \"uni/phys-access_phys\"\n        },\n        \"children\": []\n    }\n}\n"
          },
          "sensitive_attributes": [],
          "private": "eyJzY2hlbWFfdmVyc2lvbiI6IjEifQ==",
          "dependencies": [
            "aci_application_epg.nets_v3019",
            "aci_application_profile.prod_nets",
            "aci_bridge_domain.prod_v3019",
            "aci_tenant.prod",
            "data.aci_tenant.common",
            "data.aci_vrf.prod"
          ]
        }
      ]
    },
    {
      "mode": "managed",
      "type": "aci_rest",
      "name": "nets_v3103_phys-access_phys",
      "provider": "provider[\"registry.terraform.io/ciscodevnet/aci\"]",
      "instances": [
        {
          "schema_version": 1,
          "attributes": {
            "class_name": "fvRsDomAtt",
            "content": null,
            "dn": null,
            "id": "{}",
            "path": "/api/node/mo/uni/tn-prod/ap-nets/epg-v3103.json",
            "payload": "{\n    \"fvRsDomAtt\": {\n        \"attributes\": {\n            \"tDn\": \"uni/phys-access_phys\"\n        },\n        \"children\": []\n    }\n}\n"
          },
          "sensitive_attributes": [],
          "private": "eyJzY2hlbWFfdmVyc2lvbiI6IjEifQ==",
          "dependencies": [
            "aci_application_epg.nets_v3103",
            "aci_application_profile.prod_nets",
            "aci_bridge_domain.prod_v3103",
            "aci_tenant.prod",
            "data.aci_tenant.common",
            "data.aci_vrf.prod"
          ]
        }
      ]
    },
    {
      "mode": "managed",
      "type": "aci_rest",
      "name": "nets_v3910_phys-access_phys",
      "provider": "provider[\"registry.terraform.io/ciscodevnet/aci\"]",
      "instances": [
        {
          "schema_version": 1,
          "attributes": {
            "class_name": "fvRsDomAtt",
            "content": null,
            "dn": null,
            "id": "{}",
            "path": "/api/node/mo/uni/tn-prod/ap-nets/epg-v3910.json",
            "payload": "{\n    \"fvRsDomAtt\": {\n        \"attributes\": {\n            \"tDn\": \"uni/phys-access_phys\"\n        },\n        \"children\": []\n    }\n}\n"
          },
          "sensitive_attributes": [],
          "private": "eyJzY2hlbWFfdmVyc2lvbiI6IjEifQ==",
          "dependencies": [
            "aci_application_epg.nets_v3910",
            "aci_application_profile.prod_nets",
            "aci_bridge_domain.prod_v3910",
            "aci_tenant.prod",
            "data.aci_tenant.common",
            "data.aci_vrf.prod"
          ]
        }
      ]
    },
    {
      "mode": "managed",
      "type": "aci_rest",
      "name": "nets_v3960_phys-access_phys",
      "provider": "provider[\"registry.terraform.io/ciscodevnet/aci\"]",
      "instances": [
        {
          "schema_version": 1,
          "attributes": {
            "class_name": "fvRsDomAtt",
            "content": null,
            "dn": null,
            "id": "{}",
            "path": "/api/node/mo/uni/tn-prod/ap-nets/epg-v3960.json",
            "payload": "{\n    \"fvRsDomAtt\": {\n        \"attributes\": {\n            \"tDn\": \"uni/phys-access_phys\"\n        },\n        \"children\": []\n    }\n}\n"
          },
          "sensitive_attributes": [],
          "private": "eyJzY2hlbWFfdmVyc2lvbiI6IjEifQ==",
          "dependencies": [
            "aci_application_epg.nets_v3960",
            "aci_application_profile.prod_nets",
            "aci_bridge_domain.prod_v3960",
            "aci_tenant.prod",
            "data.aci_tenant.common",
            "data.aci_vrf.prod"
          ]
        }
      ]
    },
    {
      "mode": "managed",
      "type": "aci_rest",
      "name": "nets_v3961_phys-access_phys",
      "provider": "provider[\"registry.terraform.io/ciscodevnet/aci\"]",
      "instances": [
        {
          "schema_version": 1,
          "attributes": {
            "class_name": "fvRsDomAtt",
            "content": null,
            "dn": null,
            "id": "{}",
            "path": "/api/node/mo/uni/tn-prod/ap-nets/epg-v3961.json",
            "payload": "{\n    \"fvRsDomAtt\": {\n        \"attributes\": {\n            \"tDn\": \"uni/phys-access_phys\"\n        },\n        \"children\": []\n    }\n}\n"
          },
          "sensitive_attributes": [],
          "private": "eyJzY2hlbWFfdmVyc2lvbiI6IjEifQ==",
          "dependencies": [
            "aci_application_epg.nets_v3961",
            "aci_application_profile.prod_nets",
            "aci_bridge_domain.prod_v3961",
            "aci_tenant.prod",
            "data.aci_tenant.common",
            "data.aci_vrf.prod"
          ]
        }
      ]
    },
    {
      "mode": "managed",
      "type": "aci_rest",
      "name": "nets_v3962_phys-access_phys",
      "provider": "provider[\"registry.terraform.io/ciscodevnet/aci\"]",
      "instances": [
        {
          "schema_version": 1,
          "attributes": {
            "class_name": "fvRsDomAtt",
            "content": null,
            "dn": null,
            "id": "{}",
            "path": "/api/node/mo/uni/tn-prod/ap-nets/epg-v3962.json",
            "payload": "{\n    \"fvRsDomAtt\": {\n        \"attributes\": {\n            \"tDn\": \"uni/phys-access_phys\"\n        },\n        \"children\": []\n    }\n}\n"
          },
          "sensitive_attributes": [],
          "private": "eyJzY2hlbWFfdmVyc2lvbiI6IjEifQ==",
          "dependencies": [
            "aci_application_epg.nets_v3962",
            "aci_application_profile.prod_nets",
            "aci_bridge_domain.prod_v3962",
            "aci_tenant.prod",
            "data.aci_tenant.common",
            "data.aci_vrf.prod"
          ]
        }
      ]
    },
    {
      "mode": "managed",
      "type": "aci_rest",
      "name": "nets_v3963_phys-access_phys",
      "provider": "provider[\"registry.terraform.io/ciscodevnet/aci\"]",
      "instances": [
        {
          "schema_version": 1,
          "attributes": {
            "class_name": "fvRsDomAtt",
            "content": null,
            "dn": null,
            "id": "{}",
            "path": "/api/node/mo/uni/tn-prod/ap-nets/epg-v3963.json",
            "payload": "{\n    \"fvRsDomAtt\": {\n        \"attributes\": {\n            \"tDn\": \"uni/phys-access_phys\"\n        },\n        \"children\": []\n    }\n}\n"
          },
          "sensitive_attributes": [],
          "private": "eyJzY2hlbWFfdmVyc2lvbiI6IjEifQ==",
          "dependencies": [
            "aci_application_epg.nets_v3963",
            "aci_application_profile.prod_nets",
            "aci_bridge_domain.prod_v3963",
            "aci_tenant.prod",
            "data.aci_tenant.common",
            "data.aci_vrf.prod"
          ]
        }
      ]
    },
    {
      "mode": "managed",
      "type": "aci_rest",
      "name": "nets_v3964_phys-access_phys",
      "provider": "provider[\"registry.terraform.io/ciscodevnet/aci\"]",
      "instances": [
        {
          "schema_version": 1,
          "attributes": {
            "class_name": "fvRsDomAtt",
            "content": null,
            "dn": null,
            "id": "{}",
            "path": "/api/node/mo/uni/tn-prod/ap-nets/epg-v3964.json",
            "payload": "{\n    \"fvRsDomAtt\": {\n        \"attributes\": {\n            \"tDn\": \"uni/phys-access_phys\"\n        },\n        \"children\": []\n    }\n}\n"
          },
          "sensitive_attributes": [],
          "private": "eyJzY2hlbWFfdmVyc2lvbiI6IjEifQ==",
          "dependencies": [
            "aci_application_epg.nets_v3964",
            "aci_application_profile.prod_nets",
            "aci_bridge_domain.prod_v3964",
            "aci_tenant.prod",
            "data.aci_tenant.common",
            "data.aci_vrf.prod"
          ]
        }
      ]
    },
    {
      "mode": "managed",
      "type": "aci_rest",
      "name": "nets_v3965_phys-access_phys",
      "provider": "provider[\"registry.terraform.io/ciscodevnet/aci\"]",
      "instances": [
        {
          "schema_version": 1,
          "attributes": {
            "class_name": "fvRsDomAtt",
            "content": null,
            "dn": null,
            "id": "{}",
            "path": "/api/node/mo/uni/tn-prod/ap-nets/epg-v3965.json",
            "payload": "{\n    \"fvRsDomAtt\": {\n        \"attributes\": {\n            \"tDn\": \"uni/phys-access_phys\"\n        },\n        \"children\": []\n    }\n}\n"
          },
          "sensitive_attributes": [],
          "private": "eyJzY2hlbWFfdmVyc2lvbiI6IjEifQ==",
          "dependencies": [
            "aci_application_epg.nets_v3965",
            "aci_application_profile.prod_nets",
            "aci_bridge_domain.prod_v3965",
            "aci_tenant.prod",
            "data.aci_tenant.common",
            "data.aci_vrf.prod"
          ]
        }
      ]
    },
    {
      "mode": "managed",
      "type": "aci_rest",
      "name": "nets_v3966_phys-access_phys",
      "provider": "provider[\"registry.terraform.io/ciscodevnet/aci\"]",
      "instances": [
        {
          "schema_version": 1,
          "attributes": {
            "class_name": "fvRsDomAtt",
            "content": null,
            "dn": null,
            "id": "{}",
            "path": "/api/node/mo/uni/tn-prod/ap-nets/epg-v3966.json",
            "payload": "{\n    \"fvRsDomAtt\": {\n        \"attributes\": {\n            \"tDn\": \"uni/phys-access_phys\"\n        },\n        \"children\": []\n    }\n}\n"
          },
          "sensitive_attributes": [],
          "private": "eyJzY2hlbWFfdmVyc2lvbiI6IjEifQ==",
          "dependencies": [
            "aci_application_epg.nets_v3966",
            "aci_application_profile.prod_nets",
            "aci_bridge_domain.prod_v3966",
            "aci_tenant.prod",
            "data.aci_tenant.common",
            "data.aci_vrf.prod"
          ]
        }
      ]
    },
    {
      "mode": "managed",
      "type": "aci_rest",
      "name": "nets_v3967_phys-access_phys",
      "provider": "provider[\"registry.terraform.io/ciscodevnet/aci\"]",
      "instances": [
        {
          "schema_version": 1,
          "attributes": {
            "class_name": "fvRsDomAtt",
            "content": null,
            "dn": null,
            "id": "{}",
            "path": "/api/node/mo/uni/tn-prod/ap-nets/epg-v3967.json",
            "payload": "{\n    \"fvRsDomAtt\": {\n        \"attributes\": {\n            \"tDn\": \"uni/phys-access_phys\"\n        },\n        \"children\": []\n    }\n}\n"
          },
          "sensitive_attributes": [],
          "private": "eyJzY2hlbWFfdmVyc2lvbiI6IjEifQ==",
          "dependencies": [
            "aci_application_epg.nets_v3967",
            "aci_application_profile.prod_nets",
            "aci_bridge_domain.prod_v3967",
            "aci_tenant.prod",
            "data.aci_tenant.common",
            "data.aci_vrf.prod"
          ]
        }
      ]
    },
    {
      "mode": "managed",
      "type": "aci_rest",
      "name": "sap_app_sap_app_phys-access_phys",
      "provider": "provider[\"registry.terraform.io/ciscodevnet/aci\"]",
      "instances": [
        {
          "schema_version": 1,
          "attributes": {
            "class_name": "fvRsDomAtt",
            "content": null,
            "dn": null,
            "id": "{}",
            "path": "/api/node/mo/uni/tn-prod/ap-sap_app/epg-sap_app.json",
            "payload": "{\n    \"fvRsDomAtt\": {\n        \"attributes\": {\n            \"tDn\": \"uni/phys-access_phys\"\n        },\n        \"children\": []\n    }\n}\n"
          },
          "sensitive_attributes": [],
          "private": "eyJzY2hlbWFfdmVyc2lvbiI6IjEifQ==",
          "dependencies": [
            "aci_application_epg.sap_app_sap_app",
            "aci_application_profile.prod_sap_app",
            "aci_bridge_domain.prod_sap_app",
            "aci_tenant.prod",
            "data.aci_tenant.common",
            "data.aci_vrf.prod"
          ]
        }
      ]
    },
    {
      "mode": "managed",
      "type": "aci_rest",
      "name": "sap_db_sap_db_phys-access_phys",
      "provider": "provider[\"registry.terraform.io/ciscodevnet/aci\"]",
      "instances": [
        {
          "schema_version": 1,
          "attributes": {
            "class_name": "fvRsDomAtt",
            "content": null,
            "dn": null,
            "id": "{}",
            "path": "/api/node/mo/uni/tn-prod/ap-sap_db/epg-sap_db.json",
            "payload": "{\n    \"fvRsDomAtt\": {\n        \"attributes\": {\n            \"tDn\": \"uni/phys-access_phys\"\n        },\n        \"children\": []\n    }\n}\n"
          },
          "sensitive_attributes": [],
          "private": "eyJzY2hlbWFfdmVyc2lvbiI6IjEifQ==",
          "dependencies": [
            "aci_application_epg.sap_db_sap_db",
            "aci_application_profile.prod_sap_db",
            "aci_bridge_domain.prod_sap_db",
            "aci_tenant.prod",
            "data.aci_tenant.common",
            "data.aci_vrf.prod"
          ]
        }
      ]
    },
    {
      "mode": "managed",
      "type": "aci_rest",
      "name": "sap_intg_sap_hdi_phys-access_phys",
      "provider": "provider[\"registry.terraform.io/ciscodevnet/aci\"]",
      "instances": [
        {
          "schema_version": 1,
          "attributes": {
            "class_name": "fvRsDomAtt",
            "content": null,
            "dn": null,
            "id": "{}",
            "path": "/api/node/mo/uni/tn-prod/ap-sap_intg/epg-sap_hdi.json",
            "payload": "{\n    \"fvRsDomAtt\": {\n        \"attributes\": {\n            \"tDn\": \"uni/phys-access_phys\"\n        },\n        \"children\": []\n    }\n}\n"
          },
          "sensitive_attributes": [],
          "private": "eyJzY2hlbWFfdmVyc2lvbiI6IjEifQ==",
          "dependencies": [
            "aci_application_epg.sap_intg_sap_hdi",
            "aci_application_profile.prod_sap_intg",
            "aci_bridge_domain.prod_sap_itg",
            "aci_tenant.prod",
            "data.aci_tenant.common",
            "data.aci_vrf.prod"
          ]
        }
      ]
    },
    {
      "mode": "managed",
      "type": "aci_rest",
      "name": "sap_intg_sap_rds_phys-access_phys",
      "provider": "provider[\"registry.terraform.io/ciscodevnet/aci\"]",
      "instances": [
        {
          "schema_version": 1,
          "attributes": {
            "class_name": "fvRsDomAtt",
            "content": null,
            "dn": null,
            "id": "{}",
            "path": "/api/node/mo/uni/tn-prod/ap-sap_intg/epg-sap_rds.json",
            "payload": "{\n    \"fvRsDomAtt\": {\n        \"attributes\": {\n            \"tDn\": \"uni/phys-access_phys\"\n        },\n        \"children\": []\n    }\n}\n"
          },
          "sensitive_attributes": [],
          "private": "eyJzY2hlbWFfdmVyc2lvbiI6IjEifQ==",
          "dependencies": [
            "aci_application_epg.sap_intg_sap_rds",
            "aci_application_profile.prod_sap_intg",
            "aci_bridge_domain.prod_sap_itg",
            "aci_tenant.prod",
            "data.aci_tenant.common",
            "data.aci_vrf.prod"
          ]
        }
      ]
    },
    {
      "mode": "managed",
      "type": "aci_rest",
      "name": "sap_intg_sap_sda_phys-access_phys",
      "provider": "provider[\"registry.terraform.io/ciscodevnet/aci\"]",
      "instances": [
        {
          "schema_version": 1,
          "attributes": {
            "class_name": "fvRsDomAtt",
            "content": null,
            "dn": null,
            "id": "{}",
            "path": "/api/node/mo/uni/tn-prod/ap-sap_intg/epg-sap_sda.json",
            "payload": "{\n    \"fvRsDomAtt\": {\n        \"attributes\": {\n            \"tDn\": \"uni/phys-access_phys\"\n        },\n        \"children\": []\n    }\n}\n"
          },
          "sensitive_attributes": [],
          "private": "eyJzY2hlbWFfdmVyc2lvbiI6IjEifQ==",
          "dependencies": [
            "aci_application_epg.sap_intg_sap_sda",
            "aci_application_profile.prod_sap_intg",
            "aci_bridge_domain.prod_sap_itg",
            "aci_tenant.prod",
            "data.aci_tenant.common",
            "data.aci_vrf.prod"
          ]
        }
      ]
    },
    {
      "mode": "managed",
      "type": "aci_rest",
      "name": "sap_intg_sap_sdi_phys-access_phys",
      "provider": "provider[\"registry.terraform.io/ciscodevnet/aci\"]",
      "instances": [
        {
          "schema_version": 1,
          "attributes": {
            "class_name": "fvRsDomAtt",
            "content": null,
            "dn": null,
            "id": "{}",
            "path": "/api/node/mo/uni/tn-prod/ap-sap_intg/epg-sap_sdi.json",
            "payload": "{\n    \"fvRsDomAtt\": {\n        \"attributes\": {\n            \"tDn\": \"uni/phys-access_phys\"\n        },\n        \"children\": []\n    }\n}\n"
          },
          "sensitive_attributes": [],
          "private": "eyJzY2hlbWFfdmVyc2lvbiI6IjEifQ==",
          "dependencies": [
            "aci_application_epg.sap_intg_sap_sdi",
            "aci_application_profile.prod_sap_intg",
            "aci_bridge_domain.prod_sap_itg",
            "aci_tenant.prod",
            "data.aci_tenant.common",
            "data.aci_vrf.prod"
          ]
        }
      ]
    },
    {
      "mode": "managed",
      "type": "aci_rest",
      "name": "sap_intg_sap_sds_phys-access_phys",
      "provider": "provider[\"registry.terraform.io/ciscodevnet/aci\"]",
      "instances": [
        {
          "schema_version": 1,
          "attributes": {
            "class_name": "fvRsDomAtt",
            "content": null,
            "dn": null,
            "id": "{}",
            "path": "/api/node/mo/uni/tn-prod/ap-sap_intg/epg-sap_sds.json",
            "payload": "{\n    \"fvRsDomAtt\": {\n        \"attributes\": {\n            \"tDn\": \"uni/phys-access_phys\"\n        },\n        \"children\": []\n    }\n}\n"
          },
          "sensitive_attributes": [],
          "private": "eyJzY2hlbWFfdmVyc2lvbiI6IjEifQ==",
          "dependencies": [
            "aci_application_epg.sap_intg_sap_sds",
            "aci_application_profile.prod_sap_intg",
            "aci_bridge_domain.prod_sap_itg",
            "aci_tenant.prod",
            "data.aci_tenant.common",
            "data.aci_vrf.prod"
          ]
        }
      ]
    },
    {
      "mode": "managed",
      "type": "aci_subnet",
      "name": "sap_app_5-5-5-0_24",
      "provider": "provider[\"registry.terraform.io/ciscodevnet/aci\"]",
      "instances": [
        {
          "schema_version": 1,
          "attributes": {
            "annotation": "orchestrator:terraform",
            "ctrl": [
              "nd"
            ],
            "description": "SAP App Subnet",
            "id": "uni/tn-prod/BD-sap_app/subnet-[5.5.5.1/24]",
            "ip": "5.5.5.1/24",
            "name_alias": "",
            "parent_dn": "uni/tn-prod/BD-sap_app",
            "preferred": "no",
            "relation_fv_rs_bd_subnet_to_out": null,
            "relation_fv_rs_bd_subnet_to_profile": "",
            "relation_fv_rs_nd_pfx_pol": "",
            "scope": [
              "public"
            ],
            "virtual": "no"
          },
          "sensitive_attributes": [],
          "private": "eyJzY2hlbWFfdmVyc2lvbiI6IjEifQ==",
          "dependencies": [
            "aci_bridge_domain.prod_sap_app",
            "aci_tenant.prod",
            "data.aci_tenant.common",
            "data.aci_vrf.prod"
          ]
        }
      ]
    },
    {
      "mode": "managed",
      "type": "aci_subnet",
      "name": "sap_db_2001-db8--_64",
      "provider": "provider[\"registry.terraform.io/ciscodevnet/aci\"]",
      "instances": [
        {
          "schema_version": 1,
          "attributes": {
            "annotation": "orchestrator:terraform",
            "ctrl": [
              "nd"
            ],
            "description": "SAP DB Subnet",
            "id": "uni/tn-prod/BD-sap_db/subnet-[2001:db8::/64]",
            "ip": "2001:db8::/64",
            "name_alias": "",
            "parent_dn": "uni/tn-prod/BD-sap_db",
            "preferred": "no",
            "relation_fv_rs_bd_subnet_to_out": null,
            "relation_fv_rs_bd_subnet_to_profile": "",
            "relation_fv_rs_nd_pfx_pol": "",
            "scope": [
              "public"
            ],
            "virtual": "no"
          },
          "sensitive_attributes": [],
          "private": "eyJzY2hlbWFfdmVyc2lvbiI6IjEifQ==",
          "dependencies": [
            "aci_bridge_domain.prod_sap_db",
            "aci_tenant.prod",
            "data.aci_tenant.common",
            "data.aci_vrf.prod"
          ]
        }
      ]
    },
    {
      "mode": "managed",
      "type": "aci_tenant",
      "name": "prod",
      "provider": "provider[\"registry.terraform.io/ciscodevnet/aci\"]",
      "instances": [
        {
          "schema_version": 1,
          "attributes": {
            "annotation": "orchestrator:terraform",
            "description": "Example Prod Tenant",
            "id": "uni/tn-prod",
            "name": "prod",
            "name_alias": "",
            "relation_fv_rs_tenant_mon_pol": null,
            "relation_fv_rs_tn_deny_rule": null
          },
          "sensitive_attributes": [],
          "private": "eyJzY2hlbWFfdmVyc2lvbiI6IjEifQ=="
        }
      ]
    }
  ]
}
