{
  "version": 4,
  "terraform_version": "0.15.4",
  "serial": 26,
  "lineage": "9779b083-64b8-8100-dbd2-dbe2c84b3bf7",
  "outputs": {},
  "resources": [
    {
      "mode": "data",
      "type": "aci_l3_domain_profile",
      "name": "L3_Domain_l3out",
      "provider": "provider[\"registry.terraform.io/ciscodevnet/aci\"]",
      "instances": [
        {
          "schema_version": 0,
          "attributes": {
            "annotation": "orchestrator:terraform",
            "description": null,
            "id": "uni/l3dom-l3out",
            "name": "l3out",
            "name_alias": ""
          },
          "sensitive_attributes": []
        }
      ]
    },
    {
      "mode": "data",
      "type": "aci_ospf_interface_policy",
      "name": "Tenant_common_Policy_OSPF_Interface_point-to-point",
      "provider": "provider[\"registry.terraform.io/ciscodevnet/aci\"]",
      "instances": [
        {
          "schema_version": 0,
          "attributes": {
            "annotation": "orchestrator:terraform",
            "cost": "unspecified",
            "dead_intvl": "40",
            "description": "Point-to-Point Policy",
            "hello_intvl": "10",
            "id": "uni/tn-common/ospfIfPol-point-to-point",
            "name": "point-to-point",
            "name_alias": "",
            "nw_t": "p2p",
            "pfx_suppress": "inherit",
            "prio": "1",
            "rexmit_intvl": "5",
            "tenant_dn": "uni/tn-common",
            "xmit_delay": "1"
          },
          "sensitive_attributes": []
        }
      ]
    },
    {
      "mode": "data",
      "type": "aci_tenant",
      "name": "Tenant_common",
      "provider": "provider[\"registry.terraform.io/ciscodevnet/aci\"]",
      "instances": [
        {
          "schema_version": 0,
          "attributes": {
            "annotation": "",
            "description": "",
            "id": "uni/tn-common",
            "name": "common",
            "name_alias": ""
          },
          "sensitive_attributes": []
        }
      ]
    },
    {
      "mode": "managed",
      "type": "aci_external_network_instance_profile",
      "name": "Tenant_infra_L3Out_msite_External_EPG_msite",
      "provider": "provider[\"registry.terraform.io/ciscodevnet/aci\"]",
      "instances": [
        {
          "schema_version": 1,
          "attributes": {
            "annotation": "orchestrator:terraform",
            "description": "Multi-Site",
            "exception_tag": "",
            "flood_on_encap": "disabled",
            "id": "uni/tn-infra/out-msite/instP-msite",
            "l3_outside_dn": "uni/tn-infra/out-msite",
            "match_t": "AtleastOne",
            "name": "msite",
            "name_alias": "",
            "pref_gr_memb": "exclude",
            "prio": "unspecified",
            "relation_fv_rs_cons": null,
            "relation_fv_rs_cons_if": null,
            "relation_fv_rs_cust_qos_pol": null,
            "relation_fv_rs_intra_epg": null,
            "relation_fv_rs_prot_by": null,
            "relation_fv_rs_prov": null,
            "relation_fv_rs_sec_inherited": null,
            "relation_l3ext_rs_inst_p_to_nat_mapping_epg": "",
            "relation_l3ext_rs_inst_p_to_profile": [],
            "relation_l3ext_rs_l3_inst_p_to_dom_p": null,
            "target_dscp": "unspecified"
          },
          "sensitive_attributes": [],
          "private": "eyJzY2hlbWFfdmVyc2lvbiI6IjEifQ==",
          "dependencies": [
            "aci_l3_outside.Tenant_infra_L3Out_msite",
            "aci_tenant.Tenant_infra",
            "aci_vrf.Tenant_infra_VRF_overlay-1",
            "data.aci_l3_domain_profile.L3_Domain_l3out"
          ]
        }
      ]
    },
    {
      "mode": "managed",
      "type": "aci_l3_ext_subnet",
      "name": "Tenant_infra_L3Out_msite_External_EPG_msite_Subnet_0-0-0-0_1",
      "provider": "provider[\"registry.terraform.io/ciscodevnet/aci\"]",
      "instances": [
        {
          "schema_version": 1,
          "attributes": {
            "aggregate": "",
            "annotation": "orchestrator:terraform",
            "description": "Multi-Site",
            "external_network_instance_profile_dn": "uni/tn-infra/out-msite/instP-msite",
            "id": "uni/tn-infra/out-msite/instP-msite/extsubnet-[0.0.0.0/1]",
            "ip": "0.0.0.0/1",
            "name_alias": "",
            "relation_l3ext_rs_subnet_to_profile": [],
            "relation_l3ext_rs_subnet_to_rt_summ": "",
            "scope": [
              "import-security"
            ]
          },
          "sensitive_attributes": [],
          "private": "eyJzY2hlbWFfdmVyc2lvbiI6IjEifQ==",
          "dependencies": [
            "aci_external_network_instance_profile.Tenant_infra_L3Out_msite_External_EPG_msite",
            "aci_l3_outside.Tenant_infra_L3Out_msite",
            "aci_tenant.Tenant_infra",
            "aci_vrf.Tenant_infra_VRF_overlay-1",
            "data.aci_l3_domain_profile.L3_Domain_l3out"
          ]
        }
      ]
    },
    {
      "mode": "managed",
      "type": "aci_l3_ext_subnet",
      "name": "Tenant_infra_L3Out_msite_External_EPG_msite_Subnet_128-0-0-0_1",
      "provider": "provider[\"registry.terraform.io/ciscodevnet/aci\"]",
      "instances": [
        {
          "schema_version": 1,
          "attributes": {
            "aggregate": "",
            "annotation": "orchestrator:terraform",
            "description": "Multi-Site",
            "external_network_instance_profile_dn": "uni/tn-infra/out-msite/instP-msite",
            "id": "uni/tn-infra/out-msite/instP-msite/extsubnet-[128.0.0.0/1]",
            "ip": "128.0.0.0/1",
            "name_alias": "",
            "relation_l3ext_rs_subnet_to_profile": [],
            "relation_l3ext_rs_subnet_to_rt_summ": "",
            "scope": [
              "import-security"
            ]
          },
          "sensitive_attributes": [],
          "private": "eyJzY2hlbWFfdmVyc2lvbiI6IjEifQ==",
          "dependencies": [
            "aci_external_network_instance_profile.Tenant_infra_L3Out_msite_External_EPG_msite",
            "aci_l3_outside.Tenant_infra_L3Out_msite",
            "aci_tenant.Tenant_infra",
            "aci_vrf.Tenant_infra_VRF_overlay-1",
            "data.aci_l3_domain_profile.L3_Domain_l3out"
          ]
        }
      ]
    },
    {
      "mode": "managed",
      "type": "aci_l3_outside",
      "name": "Tenant_infra_L3Out_msite",
      "provider": "provider[\"registry.terraform.io/ciscodevnet/aci\"]",
      "instances": [
        {
          "schema_version": 1,
          "attributes": {
            "annotation": "orchestrator:terraform",
            "description": "Multi-Site L3Out",
            "id": "uni/tn-infra/out-msite",
            "name": "msite",
            "name_alias": "",
            "relation_l3ext_rs_dampening_pol": [],
            "relation_l3ext_rs_ectx": "uni/tn-infra/ctx-overlay-1",
            "relation_l3ext_rs_interleak_pol": "",
            "relation_l3ext_rs_l3_dom_att": "uni/l3dom-l3out",
            "relation_l3ext_rs_out_to_bd_public_subnet_holder": null,
            "target_dscp": "unspecified",
            "tenant_dn": "uni/tn-infra"
          },
          "sensitive_attributes": [],
          "private": "eyJzY2hlbWFfdmVyc2lvbiI6IjEifQ==",
          "dependencies": [
            "aci_tenant.Tenant_infra",
            "aci_vrf.Tenant_infra_VRF_overlay-1",
            "data.aci_l3_domain_profile.L3_Domain_l3out"
          ]
        }
      ]
    },
    {
      "mode": "managed",
      "type": "aci_l3out_bgp_external_policy",
      "name": "infra_l3out_msite_bgpExtP",
      "provider": "provider[\"registry.terraform.io/ciscodevnet/aci\"]",
      "instances": [
        {
          "schema_version": 1,
          "attributes": {
            "annotation": "orchestrator:terraform",
            "description": "",
            "id": "uni/tn-infra/out-msite/bgpExtP",
            "l3_outside_dn": "uni/tn-infra/out-msite",
            "name_alias": ""
          },
          "sensitive_attributes": [],
          "private": "eyJzY2hlbWFfdmVyc2lvbiI6IjEifQ==",
          "dependencies": [
            "aci_l3_outside.Tenant_infra_L3Out_msite",
            "aci_tenant.Tenant_infra",
            "aci_vrf.Tenant_infra_VRF_overlay-1",
            "data.aci_l3_domain_profile.L3_Domain_l3out"
          ]
        }
      ]
    },
    {
      "mode": "managed",
      "type": "aci_l3out_ospf_external_policy",
      "name": "Tenant_infra_L3Out_msite_OSPF_Policy",
      "provider": "provider[\"registry.terraform.io/ciscodevnet/aci\"]",
      "instances": [
        {
          "schema_version": 1,
          "attributes": {
            "annotation": "orchestrator:terraform",
            "area_cost": "1",
            "area_ctrl": "redistribute,summary",
            "area_id": "backbone",
            "area_type": "regular",
            "description": "",
            "id": "uni/tn-infra/out-msite/ospfExtP",
            "l3_outside_dn": "uni/tn-infra/out-msite",
            "multipod_internal": "no",
            "name_alias": ""
          },
          "sensitive_attributes": [],
          "private": "eyJzY2hlbWFfdmVyc2lvbiI6IjEifQ==",
          "dependencies": [
            "aci_l3_outside.Tenant_infra_L3Out_msite",
            "aci_tenant.Tenant_infra",
            "aci_vrf.Tenant_infra_VRF_overlay-1",
            "data.aci_l3_domain_profile.L3_Domain_l3out"
          ]
        }
      ]
    },
    {
      "mode": "managed",
      "type": "aci_l3out_ospf_interface_profile",
      "name": "Tenant_infra_L3Out_msite_Node_Profile_wakanda-spine101_Interface_Profile_Eth1-29_4_OSPF_Profile",
      "provider": "provider[\"registry.terraform.io/ciscodevnet/aci\"]",
      "instances": [
        {
          "schema_version": 1,
          "attributes": {
            "annotation": "orchestrator:terraform",
            "auth_key": "",
            "auth_key_id": "1",
            "auth_type": "none",
            "description": "OSPF Multi-Site Profile",
            "id": "uni/tn-infra/out-msite/lnodep-wakanda-spine101/lifp-Eth1-29_4/ospfIfP",
            "logical_interface_profile_dn": "uni/tn-infra/out-msite/lnodep-wakanda-spine101/lifp-Eth1-29_4",
            "name_alias": "",
            "relation_ospf_rs_if_pol": "uni/tn-common/ospfIfPol-point-to-point"
          },
          "sensitive_attributes": [],
          "private": "eyJzY2hlbWFfdmVyc2lvbiI6IjEifQ==",
          "dependencies": [
            "aci_l3_outside.Tenant_infra_L3Out_msite",
            "aci_logical_interface_profile.Tenant_infra_L3Out_msite_Node_Profile_wakanda-spine101_Interface_Profile_Eth1-29_4",
            "aci_logical_node_profile.Tenant_infra_L3Out_msite_Node_Profile_wakanda-spine101",
            "aci_tenant.Tenant_infra",
            "aci_vrf.Tenant_infra_VRF_overlay-1",
            "data.aci_l3_domain_profile.L3_Domain_l3out",
            "data.aci_ospf_interface_policy.Tenant_common_Policy_OSPF_Interface_point-to-point"
          ]
        }
      ]
    },
    {
      "mode": "managed",
      "type": "aci_l3out_ospf_interface_profile",
      "name": "Tenant_infra_L3Out_msite_Node_Profile_wakanda-spine101_Interface_Profile_Eth1-30_4_OSPF_Profile",
      "provider": "provider[\"registry.terraform.io/ciscodevnet/aci\"]",
      "instances": [
        {
          "schema_version": 1,
          "attributes": {
            "annotation": "orchestrator:terraform",
            "auth_key": "",
            "auth_key_id": "1",
            "auth_type": "none",
            "description": "OSPF Multi-Site Profile",
            "id": "uni/tn-infra/out-msite/lnodep-wakanda-spine101/lifp-Eth1-30_4/ospfIfP",
            "logical_interface_profile_dn": "uni/tn-infra/out-msite/lnodep-wakanda-spine101/lifp-Eth1-30_4",
            "name_alias": "",
            "relation_ospf_rs_if_pol": "uni/tn-common/ospfIfPol-point-to-point"
          },
          "sensitive_attributes": [],
          "private": "eyJzY2hlbWFfdmVyc2lvbiI6IjEifQ==",
          "dependencies": [
            "aci_l3_outside.Tenant_infra_L3Out_msite",
            "aci_logical_interface_profile.Tenant_infra_L3Out_msite_Node_Profile_wakanda-spine101_Interface_Profile_Eth1-30_4",
            "aci_logical_node_profile.Tenant_infra_L3Out_msite_Node_Profile_wakanda-spine101",
            "aci_tenant.Tenant_infra",
            "aci_vrf.Tenant_infra_VRF_overlay-1",
            "data.aci_l3_domain_profile.L3_Domain_l3out",
            "data.aci_ospf_interface_policy.Tenant_common_Policy_OSPF_Interface_point-to-point"
          ]
        }
      ]
    },
    {
      "mode": "managed",
      "type": "aci_l3out_ospf_interface_profile",
      "name": "Tenant_infra_L3Out_msite_Node_Profile_wakanda-spine102_Interface_Profile_Eth1-29_4_OSPF_Profile",
      "provider": "provider[\"registry.terraform.io/ciscodevnet/aci\"]",
      "instances": [
        {
          "schema_version": 1,
          "attributes": {
            "annotation": "orchestrator:terraform",
            "auth_key": "",
            "auth_key_id": "1",
            "auth_type": "none",
            "description": "OSPF Multi-Site Profile",
            "id": "uni/tn-infra/out-msite/lnodep-wakanda-spine102/lifp-Eth1-29_4/ospfIfP",
            "logical_interface_profile_dn": "uni/tn-infra/out-msite/lnodep-wakanda-spine102/lifp-Eth1-29_4",
            "name_alias": "",
            "relation_ospf_rs_if_pol": "uni/tn-common/ospfIfPol-point-to-point"
          },
          "sensitive_attributes": [],
          "private": "eyJzY2hlbWFfdmVyc2lvbiI6IjEifQ==",
          "dependencies": [
            "aci_l3_outside.Tenant_infra_L3Out_msite",
            "aci_logical_interface_profile.Tenant_infra_L3Out_msite_Node_Profile_wakanda-spine102_Interface_Profile_Eth1-29_4",
            "aci_logical_node_profile.Tenant_infra_L3Out_msite_Node_Profile_wakanda-spine102",
            "aci_tenant.Tenant_infra",
            "aci_vrf.Tenant_infra_VRF_overlay-1",
            "data.aci_l3_domain_profile.L3_Domain_l3out",
            "data.aci_ospf_interface_policy.Tenant_common_Policy_OSPF_Interface_point-to-point"
          ]
        }
      ]
    },
    {
      "mode": "managed",
      "type": "aci_l3out_ospf_interface_profile",
      "name": "Tenant_infra_L3Out_msite_Node_Profile_wakanda-spine102_Interface_Profile_Eth1-30_4_OSPF_Profile",
      "provider": "provider[\"registry.terraform.io/ciscodevnet/aci\"]",
      "instances": [
        {
          "schema_version": 1,
          "attributes": {
            "annotation": "orchestrator:terraform",
            "auth_key": "",
            "auth_key_id": "1",
            "auth_type": "none",
            "description": "OSPF Multi-Site Profile",
            "id": "uni/tn-infra/out-msite/lnodep-wakanda-spine102/lifp-Eth1-30_4/ospfIfP",
            "logical_interface_profile_dn": "uni/tn-infra/out-msite/lnodep-wakanda-spine102/lifp-Eth1-30_4",
            "name_alias": "",
            "relation_ospf_rs_if_pol": "uni/tn-common/ospfIfPol-point-to-point"
          },
          "sensitive_attributes": [],
          "private": "eyJzY2hlbWFfdmVyc2lvbiI6IjEifQ==",
          "dependencies": [
            "aci_l3_outside.Tenant_infra_L3Out_msite",
            "aci_logical_interface_profile.Tenant_infra_L3Out_msite_Node_Profile_wakanda-spine102_Interface_Profile_Eth1-30_4",
            "aci_logical_node_profile.Tenant_infra_L3Out_msite_Node_Profile_wakanda-spine102",
            "aci_tenant.Tenant_infra",
            "aci_vrf.Tenant_infra_VRF_overlay-1",
            "data.aci_l3_domain_profile.L3_Domain_l3out",
            "data.aci_ospf_interface_policy.Tenant_common_Policy_OSPF_Interface_point-to-point"
          ]
        }
      ]
    },
    {
      "mode": "managed",
      "type": "aci_l3out_path_attachment",
      "name": "Tenant_infra_L3Out_msite_Node_Profile_wakanda-spine101_Interface_Profile_Eth1-29_4_path_attachment",
      "provider": "provider[\"registry.terraform.io/ciscodevnet/aci\"]",
      "instances": [
        {
          "schema_version": 1,
          "attributes": {
            "addr": "10.96.4.0/31",
            "annotation": "",
            "autostate": "disabled",
            "description": "",
            "encap": "vlan-4",
            "encap_scope": "local",
            "id": "uni/tn-infra/out-msite/lnodep-wakanda-spine101/lifp-Eth1-29_4/rspathL3OutAtt-[topology/pod-1/paths-101/pathep-[eth1/29]]",
            "if_inst_t": "sub-interface",
            "ipv6_dad": "enabled",
            "ll_addr": "::",
            "logical_interface_profile_dn": "uni/tn-infra/out-msite/lnodep-wakanda-spine101/lifp-Eth1-29_4",
            "mac": "00:22:BD:F8:19:FF",
            "mode": "regular",
            "mtu": "inherit",
            "target_dn": "topology/pod-1/paths-101/pathep-[eth1/29]",
            "target_dscp": "unspecified"
          },
          "sensitive_attributes": [],
          "private": "eyJzY2hlbWFfdmVyc2lvbiI6IjEifQ==",
          "dependencies": [
            "aci_l3_outside.Tenant_infra_L3Out_msite",
            "aci_logical_interface_profile.Tenant_infra_L3Out_msite_Node_Profile_wakanda-spine101_Interface_Profile_Eth1-29_4",
            "aci_logical_node_profile.Tenant_infra_L3Out_msite_Node_Profile_wakanda-spine101",
            "aci_tenant.Tenant_infra",
            "aci_vrf.Tenant_infra_VRF_overlay-1",
            "data.aci_l3_domain_profile.L3_Domain_l3out"
          ]
        }
      ]
    },
    {
      "mode": "managed",
      "type": "aci_l3out_path_attachment",
      "name": "Tenant_infra_L3Out_msite_Node_Profile_wakanda-spine101_Interface_Profile_Eth1-30_4_path_attachment",
      "provider": "provider[\"registry.terraform.io/ciscodevnet/aci\"]",
      "instances": [
        {
          "schema_version": 1,
          "attributes": {
            "addr": "10.96.4.2/31",
            "annotation": "",
            "autostate": "disabled",
            "description": "",
            "encap": "vlan-4",
            "encap_scope": "local",
            "id": "uni/tn-infra/out-msite/lnodep-wakanda-spine101/lifp-Eth1-30_4/rspathL3OutAtt-[topology/pod-1/paths-101/pathep-[eth1/30]]",
            "if_inst_t": "sub-interface",
            "ipv6_dad": "enabled",
            "ll_addr": "::",
            "logical_interface_profile_dn": "uni/tn-infra/out-msite/lnodep-wakanda-spine101/lifp-Eth1-30_4",
            "mac": "00:22:BD:F8:19:FF",
            "mode": "regular",
            "mtu": "inherit",
            "target_dn": "topology/pod-1/paths-101/pathep-[eth1/30]",
            "target_dscp": "unspecified"
          },
          "sensitive_attributes": [],
          "private": "eyJzY2hlbWFfdmVyc2lvbiI6IjEifQ==",
          "dependencies": [
            "aci_l3_outside.Tenant_infra_L3Out_msite",
            "aci_logical_interface_profile.Tenant_infra_L3Out_msite_Node_Profile_wakanda-spine101_Interface_Profile_Eth1-30_4",
            "aci_logical_node_profile.Tenant_infra_L3Out_msite_Node_Profile_wakanda-spine101",
            "aci_tenant.Tenant_infra",
            "aci_vrf.Tenant_infra_VRF_overlay-1",
            "data.aci_l3_domain_profile.L3_Domain_l3out"
          ]
        }
      ]
    },
    {
      "mode": "managed",
      "type": "aci_l3out_path_attachment",
      "name": "Tenant_infra_L3Out_msite_Node_Profile_wakanda-spine102_Interface_Profile_Eth1-29_4_path_attachment",
      "provider": "provider[\"registry.terraform.io/ciscodevnet/aci\"]",
      "instances": [
        {
          "schema_version": 1,
          "attributes": {
            "addr": "10.96.4.4/31",
            "annotation": "",
            "autostate": "disabled",
            "description": "",
            "encap": "vlan-4",
            "encap_scope": "local",
            "id": "uni/tn-infra/out-msite/lnodep-wakanda-spine102/lifp-Eth1-29_4/rspathL3OutAtt-[topology/pod-1/paths-102/pathep-[eth1/29]]",
            "if_inst_t": "sub-interface",
            "ipv6_dad": "enabled",
            "ll_addr": "::",
            "logical_interface_profile_dn": "uni/tn-infra/out-msite/lnodep-wakanda-spine102/lifp-Eth1-29_4",
            "mac": "00:22:BD:F8:19:FF",
            "mode": "regular",
            "mtu": "inherit",
            "target_dn": "topology/pod-1/paths-102/pathep-[eth1/29]",
            "target_dscp": "unspecified"
          },
          "sensitive_attributes": [],
          "private": "eyJzY2hlbWFfdmVyc2lvbiI6IjEifQ==",
          "dependencies": [
            "aci_l3_outside.Tenant_infra_L3Out_msite",
            "aci_logical_interface_profile.Tenant_infra_L3Out_msite_Node_Profile_wakanda-spine102_Interface_Profile_Eth1-29_4",
            "aci_logical_node_profile.Tenant_infra_L3Out_msite_Node_Profile_wakanda-spine102",
            "aci_tenant.Tenant_infra",
            "aci_vrf.Tenant_infra_VRF_overlay-1",
            "data.aci_l3_domain_profile.L3_Domain_l3out"
          ]
        }
      ]
    },
    {
      "mode": "managed",
      "type": "aci_l3out_path_attachment",
      "name": "Tenant_infra_L3Out_msite_Node_Profile_wakanda-spine102_Interface_Profile_Eth1-30_4_path_attachment",
      "provider": "provider[\"registry.terraform.io/ciscodevnet/aci\"]",
      "instances": [
        {
          "schema_version": 1,
          "attributes": {
            "addr": "10.96.4.6/31",
            "annotation": "",
            "autostate": "disabled",
            "description": "",
            "encap": "vlan-4",
            "encap_scope": "local",
            "id": "uni/tn-infra/out-msite/lnodep-wakanda-spine102/lifp-Eth1-30_4/rspathL3OutAtt-[topology/pod-1/paths-102/pathep-[eth1/30]]",
            "if_inst_t": "sub-interface",
            "ipv6_dad": "enabled",
            "ll_addr": "::",
            "logical_interface_profile_dn": "uni/tn-infra/out-msite/lnodep-wakanda-spine102/lifp-Eth1-30_4",
            "mac": "00:22:BD:F8:19:FF",
            "mode": "regular",
            "mtu": "inherit",
            "target_dn": "topology/pod-1/paths-102/pathep-[eth1/30]",
            "target_dscp": "unspecified"
          },
          "sensitive_attributes": [],
          "private": "eyJzY2hlbWFfdmVyc2lvbiI6IjEifQ==",
          "dependencies": [
            "aci_l3_outside.Tenant_infra_L3Out_msite",
            "aci_logical_interface_profile.Tenant_infra_L3Out_msite_Node_Profile_wakanda-spine102_Interface_Profile_Eth1-30_4",
            "aci_logical_node_profile.Tenant_infra_L3Out_msite_Node_Profile_wakanda-spine102",
            "aci_tenant.Tenant_infra",
            "aci_vrf.Tenant_infra_VRF_overlay-1",
            "data.aci_l3_domain_profile.L3_Domain_l3out"
          ]
        }
      ]
    },
    {
      "mode": "managed",
      "type": "aci_logical_interface_profile",
      "name": "Tenant_infra_L3Out_msite_Node_Profile_wakanda-spine101_Interface_Profile_Eth1-29_4",
      "provider": "provider[\"registry.terraform.io/ciscodevnet/aci\"]",
      "instances": [
        {
          "schema_version": 1,
          "attributes": {
            "annotation": "orchestrator:terraform",
            "description": "wakanda-spine101-Eth1-29.4 to Multi-Site Core",
            "id": "uni/tn-infra/out-msite/lnodep-wakanda-spine101/lifp-Eth1-29_4",
            "logical_node_profile_dn": "uni/tn-infra/out-msite/lnodep-wakanda-spine101",
            "name": "Eth1-29_4",
            "name_alias": "",
            "prio": "unspecified",
            "relation_l3ext_rs_arp_if_pol": null,
            "relation_l3ext_rs_egress_qos_dpp_pol": null,
            "relation_l3ext_rs_ingress_qos_dpp_pol": null,
            "relation_l3ext_rs_l_if_p_cust_qos_pol": null,
            "relation_l3ext_rs_l_if_p_to_netflow_monitor_pol": [],
            "relation_l3ext_rs_nd_if_pol": null,
            "tag": "yellow-green"
          },
          "sensitive_attributes": [],
          "private": "eyJzY2hlbWFfdmVyc2lvbiI6IjEifQ==",
          "dependencies": [
            "aci_l3_outside.Tenant_infra_L3Out_msite",
            "aci_logical_node_profile.Tenant_infra_L3Out_msite_Node_Profile_wakanda-spine101",
            "aci_tenant.Tenant_infra",
            "aci_vrf.Tenant_infra_VRF_overlay-1",
            "data.aci_l3_domain_profile.L3_Domain_l3out"
          ]
        }
      ]
    },
    {
      "mode": "managed",
      "type": "aci_logical_interface_profile",
      "name": "Tenant_infra_L3Out_msite_Node_Profile_wakanda-spine101_Interface_Profile_Eth1-30_4",
      "provider": "provider[\"registry.terraform.io/ciscodevnet/aci\"]",
      "instances": [
        {
          "schema_version": 1,
          "attributes": {
            "annotation": "orchestrator:terraform",
            "description": "wakanda-spine101-Eth1-30.4 to Multi-Site Core",
            "id": "uni/tn-infra/out-msite/lnodep-wakanda-spine101/lifp-Eth1-30_4",
            "logical_node_profile_dn": "uni/tn-infra/out-msite/lnodep-wakanda-spine101",
            "name": "Eth1-30_4",
            "name_alias": "",
            "prio": "unspecified",
            "relation_l3ext_rs_arp_if_pol": null,
            "relation_l3ext_rs_egress_qos_dpp_pol": null,
            "relation_l3ext_rs_ingress_qos_dpp_pol": null,
            "relation_l3ext_rs_l_if_p_cust_qos_pol": null,
            "relation_l3ext_rs_l_if_p_to_netflow_monitor_pol": [],
            "relation_l3ext_rs_nd_if_pol": null,
            "tag": "yellow-green"
          },
          "sensitive_attributes": [],
          "private": "eyJzY2hlbWFfdmVyc2lvbiI6IjEifQ==",
          "dependencies": [
            "aci_l3_outside.Tenant_infra_L3Out_msite",
            "aci_logical_node_profile.Tenant_infra_L3Out_msite_Node_Profile_wakanda-spine101",
            "aci_tenant.Tenant_infra",
            "aci_vrf.Tenant_infra_VRF_overlay-1",
            "data.aci_l3_domain_profile.L3_Domain_l3out"
          ]
        }
      ]
    },
    {
      "mode": "managed",
      "type": "aci_logical_interface_profile",
      "name": "Tenant_infra_L3Out_msite_Node_Profile_wakanda-spine102_Interface_Profile_Eth1-29_4",
      "provider": "provider[\"registry.terraform.io/ciscodevnet/aci\"]",
      "instances": [
        {
          "schema_version": 1,
          "attributes": {
            "annotation": "orchestrator:terraform",
            "description": "wakanda-spine102-Eth1-29.4 to Multi-Site Core",
            "id": "uni/tn-infra/out-msite/lnodep-wakanda-spine102/lifp-Eth1-29_4",
            "logical_node_profile_dn": "uni/tn-infra/out-msite/lnodep-wakanda-spine102",
            "name": "Eth1-29_4",
            "name_alias": "",
            "prio": "unspecified",
            "relation_l3ext_rs_arp_if_pol": null,
            "relation_l3ext_rs_egress_qos_dpp_pol": null,
            "relation_l3ext_rs_ingress_qos_dpp_pol": null,
            "relation_l3ext_rs_l_if_p_cust_qos_pol": null,
            "relation_l3ext_rs_l_if_p_to_netflow_monitor_pol": [],
            "relation_l3ext_rs_nd_if_pol": null,
            "tag": "yellow-green"
          },
          "sensitive_attributes": [],
          "private": "eyJzY2hlbWFfdmVyc2lvbiI6IjEifQ==",
          "dependencies": [
            "aci_l3_outside.Tenant_infra_L3Out_msite",
            "aci_logical_node_profile.Tenant_infra_L3Out_msite_Node_Profile_wakanda-spine102",
            "aci_tenant.Tenant_infra",
            "aci_vrf.Tenant_infra_VRF_overlay-1",
            "data.aci_l3_domain_profile.L3_Domain_l3out"
          ]
        }
      ]
    },
    {
      "mode": "managed",
      "type": "aci_logical_interface_profile",
      "name": "Tenant_infra_L3Out_msite_Node_Profile_wakanda-spine102_Interface_Profile_Eth1-30_4",
      "provider": "provider[\"registry.terraform.io/ciscodevnet/aci\"]",
      "instances": [
        {
          "schema_version": 1,
          "attributes": {
            "annotation": "orchestrator:terraform",
            "description": "wakanda-spine102-Eth1-30.4 to Multi-Site Core",
            "id": "uni/tn-infra/out-msite/lnodep-wakanda-spine102/lifp-Eth1-30_4",
            "logical_node_profile_dn": "uni/tn-infra/out-msite/lnodep-wakanda-spine102",
            "name": "Eth1-30_4",
            "name_alias": "",
            "prio": "unspecified",
            "relation_l3ext_rs_arp_if_pol": null,
            "relation_l3ext_rs_egress_qos_dpp_pol": null,
            "relation_l3ext_rs_ingress_qos_dpp_pol": null,
            "relation_l3ext_rs_l_if_p_cust_qos_pol": null,
            "relation_l3ext_rs_l_if_p_to_netflow_monitor_pol": [],
            "relation_l3ext_rs_nd_if_pol": null,
            "tag": "yellow-green"
          },
          "sensitive_attributes": [],
          "private": "eyJzY2hlbWFfdmVyc2lvbiI6IjEifQ==",
          "dependencies": [
            "aci_l3_outside.Tenant_infra_L3Out_msite",
            "aci_logical_node_profile.Tenant_infra_L3Out_msite_Node_Profile_wakanda-spine102",
            "aci_tenant.Tenant_infra",
            "aci_vrf.Tenant_infra_VRF_overlay-1",
            "data.aci_l3_domain_profile.L3_Domain_l3out"
          ]
        }
      ]
    },
    {
      "mode": "managed",
      "type": "aci_logical_node_profile",
      "name": "Tenant_infra_L3Out_msite_Node_Profile_wakanda-spine101",
      "provider": "provider[\"registry.terraform.io/ciscodevnet/aci\"]",
      "instances": [
        {
          "schema_version": 1,
          "attributes": {
            "annotation": "orchestrator:terraform",
            "config_issues": "none",
            "description": "Multi-Site Connectivity",
            "id": "uni/tn-infra/out-msite/lnodep-wakanda-spine101",
            "l3_outside_dn": "uni/tn-infra/out-msite",
            "name": "wakanda-spine101",
            "name_alias": "",
            "tag": "yellow-green",
            "target_dscp": "unspecified"
          },
          "sensitive_attributes": [],
          "private": "eyJzY2hlbWFfdmVyc2lvbiI6IjEifQ==",
          "dependencies": [
            "aci_l3_outside.Tenant_infra_L3Out_msite",
            "aci_tenant.Tenant_infra",
            "aci_vrf.Tenant_infra_VRF_overlay-1",
            "data.aci_l3_domain_profile.L3_Domain_l3out"
          ]
        }
      ]
    },
    {
      "mode": "managed",
      "type": "aci_logical_node_profile",
      "name": "Tenant_infra_L3Out_msite_Node_Profile_wakanda-spine102",
      "provider": "provider[\"registry.terraform.io/ciscodevnet/aci\"]",
      "instances": [
        {
          "schema_version": 1,
          "attributes": {
            "annotation": "orchestrator:terraform",
            "config_issues": "none",
            "description": "Multi-Site Connectivity",
            "id": "uni/tn-infra/out-msite/lnodep-wakanda-spine102",
            "l3_outside_dn": "uni/tn-infra/out-msite",
            "name": "wakanda-spine102",
            "name_alias": "",
            "tag": "yellow-green",
            "target_dscp": "unspecified"
          },
          "sensitive_attributes": [],
          "private": "eyJzY2hlbWFfdmVyc2lvbiI6IjEifQ==",
          "dependencies": [
            "aci_l3_outside.Tenant_infra_L3Out_msite",
            "aci_tenant.Tenant_infra",
            "aci_vrf.Tenant_infra_VRF_overlay-1",
            "data.aci_l3_domain_profile.L3_Domain_l3out"
          ]
        }
      ]
    },
    {
      "mode": "managed",
      "type": "aci_logical_node_to_fabric_node",
      "name": "Tenant_infra_L3Out_msite_Node_Profile_wakanda-spine101_101",
      "provider": "provider[\"registry.terraform.io/ciscodevnet/aci\"]",
      "instances": [
        {
          "schema_version": 1,
          "attributes": {
            "annotation": "orchestrator:terraform",
            "config_issues": "",
            "description": null,
            "id": "uni/tn-infra/out-msite/lnodep-wakanda-spine101/rsnodeL3OutAtt-[topology/pod-1/node-101]",
            "logical_node_profile_dn": "uni/tn-infra/out-msite/lnodep-wakanda-spine101",
            "rtr_id": "10.96.4.101",
            "rtr_id_loop_back": "yes",
            "tdn": "topology/pod-1/node-101"
          },
          "sensitive_attributes": [],
          "private": "eyJzY2hlbWFfdmVyc2lvbiI6IjEifQ==",
          "dependencies": [
            "aci_l3_outside.Tenant_infra_L3Out_msite",
            "aci_logical_node_profile.Tenant_infra_L3Out_msite_Node_Profile_wakanda-spine101",
            "aci_tenant.Tenant_infra",
            "aci_vrf.Tenant_infra_VRF_overlay-1",
            "data.aci_l3_domain_profile.L3_Domain_l3out"
          ]
        }
      ]
    },
    {
      "mode": "managed",
      "type": "aci_logical_node_to_fabric_node",
      "name": "Tenant_infra_L3Out_msite_Node_Profile_wakanda-spine102_102",
      "provider": "provider[\"registry.terraform.io/ciscodevnet/aci\"]",
      "instances": [
        {
          "schema_version": 1,
          "attributes": {
            "annotation": "orchestrator:terraform",
            "config_issues": "",
            "description": null,
            "id": "uni/tn-infra/out-msite/lnodep-wakanda-spine102/rsnodeL3OutAtt-[topology/pod-1/node-102]",
            "logical_node_profile_dn": "uni/tn-infra/out-msite/lnodep-wakanda-spine102",
            "rtr_id": "10.96.4.102",
            "rtr_id_loop_back": "yes",
            "tdn": "topology/pod-1/node-102"
          },
          "sensitive_attributes": [],
          "private": "eyJzY2hlbWFfdmVyc2lvbiI6IjEifQ==",
          "dependencies": [
            "aci_l3_outside.Tenant_infra_L3Out_msite",
            "aci_logical_node_profile.Tenant_infra_L3Out_msite_Node_Profile_wakanda-spine102",
            "aci_tenant.Tenant_infra",
            "aci_vrf.Tenant_infra_VRF_overlay-1",
            "data.aci_l3_domain_profile.L3_Domain_l3out"
          ]
        }
      ]
    },
    {
      "mode": "managed",
      "type": "aci_rest",
      "name": "Tenant_infra_VRF_overlay-1_snmp_ctx",
      "provider": "provider[\"registry.terraform.io/ciscodevnet/aci\"]",
      "instances": [
        {
          "schema_version": 1,
          "attributes": {
            "class_name": "snmpCtxP",
            "content": null,
            "dn": null,
            "id": "uni/tn-infra/ctx-overlay-1/snmpctx",
            "path": "/api/node/mo/uni/tn-infra/ctx-overlay-1/snmpctx.json",
            "payload": "{\n    \"snmpCtxP\": {\n        \"attributes\": {\n            \"dn\": \"uni/tn-infra/ctx-overlay-1/snmpctx\",\n            \"name\": \"overlay-1\",\n            \"rn\": \"snmpctx\"\n        },\n        \"children\": []\n    }\n}\n"
          },
          "sensitive_attributes": [],
          "private": "eyJzY2hlbWFfdmVyc2lvbiI6IjEifQ==",
          "dependencies": [
            "aci_tenant.Tenant_infra",
            "aci_vrf.Tenant_infra_VRF_overlay-1"
          ]
        }
      ]
    },
    {
      "mode": "managed",
      "type": "aci_tenant",
      "name": "Tenant_infra",
      "provider": "provider[\"registry.terraform.io/ciscodevnet/aci\"]",
      "instances": [
        {
          "schema_version": 1,
          "attributes": {
            "annotation": "",
            "description": "",
            "id": "uni/tn-infra",
            "name": "infra",
            "name_alias": "",
            "relation_fv_rs_tenant_mon_pol": "",
            "relation_fv_rs_tn_deny_rule": null
          },
          "sensitive_attributes": [],
          "private": "eyJzY2hlbWFfdmVyc2lvbiI6IjEifQ=="
        }
      ]
    },
    {
      "mode": "managed",
      "type": "aci_vrf",
      "name": "Tenant_infra_VRF_overlay-1",
      "provider": "provider[\"registry.terraform.io/ciscodevnet/aci\"]",
      "instances": [
        {
          "schema_version": 1,
          "attributes": {
            "annotation": "",
            "bd_enforced_enable": "no",
            "description": "",
            "id": "uni/tn-infra/ctx-overlay-1",
            "ip_data_plane_learning": "enabled",
            "knw_mcast_act": "permit",
            "name": "overlay-1",
            "name_alias": "",
            "pc_enf_dir": "ingress",
            "pc_enf_pref": "enforced",
            "relation_fv_rs_bgp_ctx_pol": "uni/tn-common/bgpCtxP-default",
            "relation_fv_rs_ctx_mcast_to": null,
            "relation_fv_rs_ctx_mon_pol": "uni/tn-common/monepg-default",
            "relation_fv_rs_ctx_to_bgp_ctx_af_pol": [],
            "relation_fv_rs_ctx_to_eigrp_ctx_af_pol": [],
            "relation_fv_rs_ctx_to_ep_ret": "uni/tn-common/epRPol-default",
            "relation_fv_rs_ctx_to_ext_route_tag_pol": null,
            "relation_fv_rs_ctx_to_ospf_ctx_pol": [],
            "relation_fv_rs_ospf_ctx_pol": "uni/tn-common/ospfCtxP-default",
            "relation_fv_rs_vrf_validation_pol": "uni/tn-common/vrfvalidationpol-default",
            "tenant_dn": "uni/tn-infra"
          },
          "sensitive_attributes": [],
          "private": "eyJzY2hlbWFfdmVyc2lvbiI6IjEifQ==",
          "dependencies": [
            "aci_tenant.Tenant_infra"
          ]
        }
      ]
    }
  ]
}
