{
  "version": 4,
  "terraform_version": "0.15.4",
  "serial": 24,
  "lineage": "e2378a79-dddb-8d6d-c447-14e5dd286288",
  "outputs": {},
  "resources": [
    {
      "mode": "managed",
      "type": "aci_configuration_export_policy",
      "name": "DailyBackup_to_lnx2-rich-ciscolabs-com",
      "provider": "provider[\"registry.terraform.io/ciscodevnet/aci\"]",
      "instances": [
        {
          "schema_version": 1,
          "attributes": {
            "admin_st": "untriggered",
            "annotation": "orchestrator:terraform",
            "description": "Daily Configuraton Export Policy",
            "format": "json",
            "id": "uni/fabric/configexp-DailyBackup",
            "include_secure_fields": "yes",
            "max_snapshot_count": "3",
            "name": "DailyBackup",
            "name_alias": "",
            "relation_config_rs_export_destination": "uni/fabric/path-lnx2.rich.ciscolabs.com",
            "relation_config_rs_export_scheduler": "uni/fabric/schedp-Every24Hours",
            "relation_config_rs_remote_path": "uni/fabric/path-lnx2.rich.ciscolabs.com",
            "relation_trig_rs_triggerable": "",
            "snapshot": "yes",
            "target_dn": "uni/fabric/path-lnx2.rich.ciscolabs.com"
          },
          "sensitive_attributes": [],
          "private": "eyJzY2hlbWFfdmVyc2lvbiI6IjEifQ==",
          "dependencies": [
            "aci_rest.Remote_Location_lnx2-rich-ciscolabs-com",
            "aci_trigger_scheduler.Every24Hours"
          ]
        }
      ]
    },
    {
      "mode": "managed",
      "type": "aci_maintenance_group_node",
      "name": "Maintenance_Group_MG_A_Nodeblk_101",
      "provider": "provider[\"registry.terraform.io/ciscodevnet/aci\"]",
      "instances": [
        {
          "schema_version": 1,
          "attributes": {
            "annotation": "orchestrator:terraform",
            "description": "",
            "from_": "101",
            "id": "uni/fabric/maintgrp-MG_A/nodeblk-blk101-101",
            "name": "blk101-101",
            "name_alias": "",
            "pod_maintenance_group_dn": "uni/fabric/maintgrp-MG_A",
            "to_": "101"
          },
          "sensitive_attributes": [],
          "private": "eyJzY2hlbWFfdmVyc2lvbiI6IjEifQ==",
          "dependencies": [
            "aci_maintenance_policy.Maintenance_Policy_MG_A",
            "aci_pod_maintenance_group.Maintenance_Group_MG_A"
          ]
        }
      ]
    },
    {
      "mode": "managed",
      "type": "aci_maintenance_group_node",
      "name": "Maintenance_Group_MG_A_Nodeblk_201",
      "provider": "provider[\"registry.terraform.io/ciscodevnet/aci\"]",
      "instances": [
        {
          "schema_version": 1,
          "attributes": {
            "annotation": "orchestrator:terraform",
            "description": "",
            "from_": "201",
            "id": "uni/fabric/maintgrp-MG_A/nodeblk-blk201-201",
            "name": "blk201-201",
            "name_alias": "",
            "pod_maintenance_group_dn": "uni/fabric/maintgrp-MG_A",
            "to_": "201"
          },
          "sensitive_attributes": [],
          "private": "eyJzY2hlbWFfdmVyc2lvbiI6IjEifQ==",
          "dependencies": [
            "aci_maintenance_policy.Maintenance_Policy_MG_A",
            "aci_pod_maintenance_group.Maintenance_Group_MG_A"
          ]
        }
      ]
    },
    {
      "mode": "managed",
      "type": "aci_maintenance_group_node",
      "name": "Maintenance_Group_MG_B_Nodeblk_102",
      "provider": "provider[\"registry.terraform.io/ciscodevnet/aci\"]",
      "instances": [
        {
          "schema_version": 1,
          "attributes": {
            "annotation": "orchestrator:terraform",
            "description": "",
            "from_": "102",
            "id": "uni/fabric/maintgrp-MG_B/nodeblk-blk102-102",
            "name": "blk102-102",
            "name_alias": "",
            "pod_maintenance_group_dn": "uni/fabric/maintgrp-MG_B",
            "to_": "102"
          },
          "sensitive_attributes": [],
          "private": "eyJzY2hlbWFfdmVyc2lvbiI6IjEifQ==",
          "dependencies": [
            "aci_maintenance_policy.Maintenance_Policy_MG_B",
            "aci_pod_maintenance_group.Maintenance_Group_MG_B"
          ]
        }
      ]
    },
    {
      "mode": "managed",
      "type": "aci_maintenance_group_node",
      "name": "Maintenance_Group_MG_B_Nodeblk_202",
      "provider": "provider[\"registry.terraform.io/ciscodevnet/aci\"]",
      "instances": [
        {
          "schema_version": 1,
          "attributes": {
            "annotation": "orchestrator:terraform",
            "description": "",
            "from_": "202",
            "id": "uni/fabric/maintgrp-MG_B/nodeblk-blk202-202",
            "name": "blk202-202",
            "name_alias": "",
            "pod_maintenance_group_dn": "uni/fabric/maintgrp-MG_B",
            "to_": "202"
          },
          "sensitive_attributes": [],
          "private": "eyJzY2hlbWFfdmVyc2lvbiI6IjEifQ==",
          "dependencies": [
            "aci_maintenance_policy.Maintenance_Policy_MG_B",
            "aci_pod_maintenance_group.Maintenance_Group_MG_B"
          ]
        }
      ]
    },
    {
      "mode": "managed",
      "type": "aci_maintenance_policy",
      "name": "Maintenance_Policy_MG_A",
      "provider": "provider[\"registry.terraform.io/ciscodevnet/aci\"]",
      "instances": [
        {
          "schema_version": 1,
          "attributes": {
            "admin_st": "untriggered",
            "annotation": "orchestrator:terraform",
            "description": "",
            "graceful": "yes",
            "id": "uni/fabric/maintpol-MG_A",
            "ignore_compat": "no",
            "internal_label": "",
            "name": "MG_A",
            "name_alias": "",
            "notif_cond": "notifyOnlyOnFailures",
            "relation_maint_rs_pol_notif": "",
            "relation_maint_rs_pol_scheduler": null,
            "relation_trig_rs_triggerable": "",
            "run_mode": "pauseOnlyOnFailures",
            "version": "n9000-15.1(4c)",
            "version_check_override": "untriggered"
          },
          "sensitive_attributes": [],
          "private": "eyJzY2hlbWFfdmVyc2lvbiI6IjEifQ=="
        }
      ]
    },
    {
      "mode": "managed",
      "type": "aci_maintenance_policy",
      "name": "Maintenance_Policy_MG_B",
      "provider": "provider[\"registry.terraform.io/ciscodevnet/aci\"]",
      "instances": [
        {
          "schema_version": 1,
          "attributes": {
            "admin_st": "untriggered",
            "annotation": "orchestrator:terraform",
            "description": "",
            "graceful": "yes",
            "id": "uni/fabric/maintpol-MG_B",
            "ignore_compat": "no",
            "internal_label": "",
            "name": "MG_B",
            "name_alias": "",
            "notif_cond": "notifyOnlyOnFailures",
            "relation_maint_rs_pol_notif": "",
            "relation_maint_rs_pol_scheduler": null,
            "relation_trig_rs_triggerable": "",
            "run_mode": "pauseOnlyOnFailures",
            "version": "n9000-15.1(4c)",
            "version_check_override": "untriggered"
          },
          "sensitive_attributes": [],
          "private": "eyJzY2hlbWFfdmVyc2lvbiI6IjEifQ=="
        }
      ]
    },
    {
      "mode": "managed",
      "type": "aci_pod_maintenance_group",
      "name": "Maintenance_Group_MG_A",
      "provider": "provider[\"registry.terraform.io/ciscodevnet/aci\"]",
      "instances": [
        {
          "schema_version": 1,
          "attributes": {
            "annotation": "orchestrator:terraform",
            "description": "",
            "fwtype": "switch",
            "id": "uni/fabric/maintgrp-MG_A",
            "name": "MG_A",
            "name_alias": "",
            "pod_maintenance_group_type": "range",
            "relation_maint_rs_mgrpp": "uni/fabric/maintpol-MG_A"
          },
          "sensitive_attributes": [],
          "private": "eyJzY2hlbWFfdmVyc2lvbiI6IjEifQ==",
          "dependencies": [
            "aci_maintenance_policy.Maintenance_Policy_MG_A"
          ]
        }
      ]
    },
    {
      "mode": "managed",
      "type": "aci_pod_maintenance_group",
      "name": "Maintenance_Group_MG_B",
      "provider": "provider[\"registry.terraform.io/ciscodevnet/aci\"]",
      "instances": [
        {
          "schema_version": 1,
          "attributes": {
            "annotation": "orchestrator:terraform",
            "description": "",
            "fwtype": "switch",
            "id": "uni/fabric/maintgrp-MG_B",
            "name": "MG_B",
            "name_alias": "",
            "pod_maintenance_group_type": "range",
            "relation_maint_rs_mgrpp": "uni/fabric/maintpol-MG_B"
          },
          "sensitive_attributes": [],
          "private": "eyJzY2hlbWFfdmVyc2lvbiI6IjEifQ==",
          "dependencies": [
            "aci_maintenance_policy.Maintenance_Policy_MG_B"
          ]
        }
      ]
    },
    {
      "mode": "managed",
      "type": "aci_rest",
      "name": "Every24Hours_Recurring_Window",
      "provider": "provider[\"registry.terraform.io/ciscodevnet/aci\"]",
      "instances": [
        {
          "schema_version": 1,
          "attributes": {
            "class_name": "trigRecurrWindowP",
            "content": null,
            "dn": null,
            "id": "uni/fabric/schedp-Every24Hours/recurrwinp-Every24Hours",
            "path": "/api/node/mo/uni/fabric/schedp-Every24Hours/recurrwinp-Every24Hours.json",
            "payload": "{\n    \"trigRecurrWindowP\": {\n        \"attributes\": {\n            \"concurCap\": \"unlimited\",\n            \"day\": \"every-day\",\n            \"dn\": \"uni/fabric/schedp-Every24Hours/recurrwinp-Every24Hours\",\n            \"hour\": \"0\",\n            \"minute\": \"15\",\n            \"name\": \"Every24Hours\",\n        },\n        \"children\": []\n    }\n}\n"
          },
          "sensitive_attributes": [],
          "private": "eyJzY2hlbWFfdmVyc2lvbiI6IjEifQ==",
          "dependencies": [
            "aci_trigger_scheduler.Every24Hours"
          ]
        }
      ]
    },
    {
      "mode": "managed",
      "type": "aci_rest",
      "name": "Global_Encryption_Key",
      "provider": "provider[\"registry.terraform.io/ciscodevnet/aci\"]",
      "instances": [
        {
          "schema_version": 1,
          "attributes": {
            "class_name": "pkiExportEncryptionKey",
            "content": null,
            "dn": null,
            "id": "uni/exportcryptkey",
            "path": "/api/node/mo/uni/exportcryptkey.json",
            "payload": "{\n    \"pkiExportEncryptionKey\": {\n        \"attributes\": {\n            \"dn\": \"uni/exportcryptkey\",\n            \"strongEncryptionEnabled\": \"true\",\n            \"passphrase\": \"C1sc0123C1sc0123\"\n        },\n        \"children\": []\n    }\n}\n"
          },
          "sensitive_attributes": [
            [
              {
                "type": "get_attr",
                "value": "payload"
              }
            ]
          ],
          "private": "eyJzY2hlbWFfdmVyc2lvbiI6IjEifQ=="
        }
      ]
    },
    {
      "mode": "managed",
      "type": "aci_rest",
      "name": "Global_Security_Settings",
      "provider": "provider[\"registry.terraform.io/ciscodevnet/aci\"]",
      "instances": [
        {
          "schema_version": 1,
          "attributes": {
            "class_name": "aaaUserEp",
            "content": null,
            "dn": null,
            "id": "uni/userext",
            "path": "/api/node/mo/uni/userext.json",
            "payload": "{\n    \"aaaUserEp\": {\n        \"attributes\": {\n            \"dn\": \"uni/userext\",\n            \"pwdStrengthCheck\": \"yes\"\n        },\n        \"children\": [\n            {\n                \"aaaPwdProfile\": {\n                    \"attributes\": {\n                        \"changeCount\": \"2\",\n                        \"changeDuringInterval\": \"enable\",\n                        \"dn\": \"uni/userext/pwdprofile\",\n                        \"expirationWarnTime\": \"15\",\n                        \"noChangeInterval\": \"48\",\n                        \"historyCount\": \"5\"\n                    },\n                    \"children\": []\n                }\n            },\n            {\n                \"aaaBlockLoginProfile\": {\n                    \"attributes\": {\n                        \"blockDuration\": \"60\",\n                        \"dn\": \"uni/userext/blockloginp\",\n                        \"enableLoginBlock\": \"disable\",\n                        \"maxFailedAttempts\": \"5\",\n                        \"maxFailedAttemptsWindow\": \"5\",\n                    },\n                    \"children\": []\n                }\n            },\n            {\n                \"pkiEp\": {\n                    \"attributes\": {\n                        \"dn\": \"uni/userext/pkiext\"\n                    },\n                    \"children\": [\n                        {\n                            \"pkiWebTokenData\": {\n                                \"attributes\": {\n                                    \"dn\": \"uni/userext/pkiext/webtokendata\",\n                                    \"maximumValidityPeriod\": \"24\",\n                                    \"webtokenTimeoutSeconds\": \"600\",\n                                    \"uiIdleTimeoutSeconds\": \"65525\"\n                                },\n                                \"children\": []\n                            }\n                        }\n                    ]\n                }\n            }\n        ]\n    }\n}\n"
          },
          "sensitive_attributes": [],
          "private": "eyJzY2hlbWFfdmVyc2lvbiI6IjEifQ=="
        }
      ]
    },
    {
      "mode": "managed",
      "type": "aci_rest",
      "name": "Login_Domain_RICH_TACACS_Provider_10-101-128-71",
      "provider": "provider[\"registry.terraform.io/ciscodevnet/aci\"]",
      "instances": [
        {
          "schema_version": 1,
          "attributes": {
            "class_name": "aaaUserEp",
            "content": null,
            "dn": null,
            "id": "uni/userext",
            "path": "/api/node/mo/uni/userext.json",
            "payload": "{\n    \"aaaUserEp\": {\n        \"attributes\": {\n            \"dn\": \"uni/userext\"\n        },\n        \"children\": [\n            {\n                \"aaaLoginDomain\": {\n                    \"attributes\": {\n                        \"dn\": \"uni/userext/logindomain-RICH\",\n                        \"name\": \"RICH\",\n                    },\n                    \"children\": [\n                        {\n                            \"aaaDomainAuth\": {\n                                \"attributes\": {\n                                    \"dn\": \"uni/userext/logindomain-RICH/domainauth\",\n                                    \"providerGroup\": \"RICH\",\n                                    \"realm\": \"tacacs\",\n                                    \"descr\": \"TACACS Login Domain\",\n                                },\n                                \"children\": []\n                            }\n                        }\n                    ]\n                }\n            },\n            {\n                \"aaaTacacsPlusEp\": {\n                    \"attributes\": {\n                        \"dn\": \"uni/userext/tacacsext\"\n                    },\n                    \"children\": [\n                        {\n                            \"aaaTacacsPlusProviderGroup\": {\n                                \"attributes\": {\n                                    \"dn\": \"uni/userext/tacacsext/tacacsplusprovidergroup-RICH\"\n                                },\n                                \"children\": [\n                                    {\n                                        \"aaaProviderRef\": {\n                                            \"attributes\": {\n                                                \"dn\": \"uni/userext/tacacsext/tacacsplusprovidergroup-RICH/providerref-10.101.128.71\",\n                                                \"descr\": \"ise01.rich.ciscolabs.com\",\n                                                \"name\": \"10.101.128.71\",\n                                                \"order\": \"1\"\n                                            },\n                                            \"children\": []\n                                        }\n                                    }\n                                ]\n                            }\n                        }\n                    ]\n                }\n            }\n        ]\n    }\n}\n"
          },
          "sensitive_attributes": [],
          "private": "eyJzY2hlbWFfdmVyc2lvbiI6IjEifQ==",
          "dependencies": [
            "aci_rest.TACACS_Provider_10-101-128-71"
          ]
        }
      ]
    },
    {
      "mode": "managed",
      "type": "aci_rest",
      "name": "Login_Domain_RICH_TACACS_Provider_10-101-128-72",
      "provider": "provider[\"registry.terraform.io/ciscodevnet/aci\"]",
      "instances": [
        {
          "schema_version": 1,
          "attributes": {
            "class_name": "aaaUserEp",
            "content": null,
            "dn": null,
            "id": "uni/userext",
            "path": "/api/node/mo/uni/userext.json",
            "payload": "{\n    \"aaaUserEp\": {\n        \"attributes\": {\n            \"dn\": \"uni/userext\"\n        },\n        \"children\": [\n            {\n                \"aaaLoginDomain\": {\n                    \"attributes\": {\n                        \"dn\": \"uni/userext/logindomain-RICH\",\n                        \"name\": \"RICH\",\n                    },\n                    \"children\": [\n                        {\n                            \"aaaDomainAuth\": {\n                                \"attributes\": {\n                                    \"dn\": \"uni/userext/logindomain-RICH/domainauth\",\n                                    \"providerGroup\": \"RICH\",\n                                    \"realm\": \"tacacs\",\n                                    \"descr\": \"TACACS Login Domain\",\n                                },\n                                \"children\": []\n                            }\n                        }\n                    ]\n                }\n            },\n            {\n                \"aaaTacacsPlusEp\": {\n                    \"attributes\": {\n                        \"dn\": \"uni/userext/tacacsext\"\n                    },\n                    \"children\": [\n                        {\n                            \"aaaTacacsPlusProviderGroup\": {\n                                \"attributes\": {\n                                    \"dn\": \"uni/userext/tacacsext/tacacsplusprovidergroup-RICH\"\n                                },\n                                \"children\": [\n                                    {\n                                        \"aaaProviderRef\": {\n                                            \"attributes\": {\n                                                \"dn\": \"uni/userext/tacacsext/tacacsplusprovidergroup-RICH/providerref-10.101.128.72\",\n                                                \"descr\": \"ise02.rich.ciscolabs.com\",\n                                                \"name\": \"10.101.128.72\",\n                                                \"order\": \"2\"\n                                            },\n                                            \"children\": []\n                                        }\n                                    }\n                                ]\n                            }\n                        }\n                    ]\n                }\n            }\n        ]\n    }\n}\n"
          },
          "sensitive_attributes": [],
          "private": "eyJzY2hlbWFfdmVyc2lvbiI6IjEifQ==",
          "dependencies": [
            "aci_rest.TACACS_Provider_10-101-128-72"
          ]
        }
      ]
    },
    {
      "mode": "managed",
      "type": "aci_rest",
      "name": "REALM_console",
      "provider": "provider[\"registry.terraform.io/ciscodevnet/aci\"]",
      "instances": [
        {
          "schema_version": 1,
          "attributes": {
            "class_name": "aaaAuthRealm",
            "content": null,
            "dn": null,
            "id": "uni/userext/authrealm",
            "path": "/api/node/mo/uni/userext/authrealm.json",
            "payload": "{\n    \"aaaAuthRealm\": {\n        \"attributes\": {\n            \"dn\": \"uni/userext/authrealm\"\n        },\n        \"children\": [\n            {\n                \"aaaConsoleAuth\": {\n                    \"attributes\": {\n                        \"dn\": \"uni/userext/authrealm/consoleauth\",\n                        \"realm\": \"local\",\n                    },\n                    \"children\": []\n                }\n            }\n        ]\n    }\n}\n"
          },
          "sensitive_attributes": [],
          "private": "eyJzY2hlbWFfdmVyc2lvbiI6IjEifQ=="
        }
      ]
    },
    {
      "mode": "managed",
      "type": "aci_rest",
      "name": "Remote_Location_lnx2-rich-ciscolabs-com",
      "provider": "provider[\"registry.terraform.io/ciscodevnet/aci\"]",
      "instances": [
        {
          "schema_version": 1,
          "attributes": {
            "class_name": "fileRemotePath",
            "content": null,
            "dn": null,
            "id": "uni/fabric/path-lnx2.rich.ciscolabs.com",
            "path": "/api/node/mo/uni/fabric/path-lnx2.rich.ciscolabs.com.json",
            "payload": "{\n    \"fileRemotePath\": {\n        \"attributes\": {\n            \"authType\": \"usePassword\",\n            \"descr\": \"LNX Backup Server\",\n            \"dn\": \"uni/fabric/path-lnx2.rich.ciscolabs.com\",\n            \"host\": \"lnx2.rich.ciscolabs.com\",\n            \"name\": \"lnx2.rich.ciscolabs.com\",\n            \"protocol\": \"sftp\",\n            \"remotePath\": \"/tmp\",\n            \"remotePort\": \"22\",\n            \"userName\": \"tyscott\",\n            \"userPasswd\": \"RMN3l/bin/bashn\",\n            \"rn\": \"path-lnx2.rich.ciscolabs.com\"\n        },\n        \"children\": [\n            {\n                \"fileRsARemoteHostToEpg\": {\n                    \"attributes\": {\n                        \"tDn\": \"uni/tn-mgmt/mgmtp-default/oob-default\"\n                    },\n                    \"children\": []\n                }\n            }\n        ]\n    }\n}\n"
          },
          "sensitive_attributes": [
            [
              {
                "type": "get_attr",
                "value": "payload"
              }
            ]
          ],
          "private": "eyJzY2hlbWFfdmVyc2lvbiI6IjEifQ=="
        }
      ]
    },
    {
      "mode": "managed",
      "type": "aci_rest",
      "name": "TACACS_Accounting_DestGrp_default",
      "provider": "provider[\"registry.terraform.io/ciscodevnet/aci\"]",
      "instances": [
        {
          "schema_version": 1,
          "attributes": {
            "class_name": "tacacsGroup",
            "content": null,
            "dn": null,
            "id": "uni/fabric/tacacsgroup-default",
            "path": "/api/node/mo/uni/fabric/tacacsgroup-default.json",
            "payload": "{\n    \"tacacsGroup\": {\n        \"attributes\": {\n            \"descr\": \"TACACS Accounting \",\n            \"dn\": \"uni/fabric/tacacsgroup-default\",\n            \"name\": \"default\",\n        }\n    }\n}\n"
          },
          "sensitive_attributes": [],
          "private": "eyJzY2hlbWFfdmVyc2lvbiI6IjEifQ=="
        }
      ]
    },
    {
      "mode": "managed",
      "type": "aci_rest",
      "name": "TACACS_Accounting_DestGrp_default_Server_10-101-128-71",
      "provider": "provider[\"registry.terraform.io/ciscodevnet/aci\"]",
      "instances": [
        {
          "schema_version": 1,
          "attributes": {
            "class_name": "tacacsTacacsDest",
            "content": null,
            "dn": null,
            "id": "uni/fabric/tacacsgroup-default/tacacsdest-10.101.128.71-port-49",
            "path": "/api/node/mo/uni/fabric/tacacsgroup-default/tacacsdest-10.101.128.71-port-49.json",
            "payload": "{\n    \"tacacsTacacsDest\": {\n        \"attributes\": {\n            \"dn\": \"uni/fabric/tacacsgroup-default/tacacsdest-10.101.128.71-port-49\",\n            \"authProtocol\": \"pap\",\n            \"host\": \"10.101.128.71\",\n            \"key\": \"verysecure\",\n            \"rn\": \"tacacsdest-10.101.128.71-port-49\"\n        },\n        \"children\": [\n            {\n                \"fileRsARemoteHostToEpg\": {\n                    \"attributes\": {\n                        \"tDn\": \"uni/tn-mgmt/mgmtp-default/oob-default\"\n                    }\n                }\n            }\n        ]\n    }\n}\n"
          },
          "sensitive_attributes": [
            [
              {
                "type": "get_attr",
                "value": "payload"
              }
            ]
          ],
          "private": "eyJzY2hlbWFfdmVyc2lvbiI6IjEifQ==",
          "dependencies": [
            "aci_rest.TACACS_Accounting_DestGrp_default"
          ]
        }
      ]
    },
    {
      "mode": "managed",
      "type": "aci_rest",
      "name": "TACACS_Accounting_DestGrp_default_Server_10-101-128-72",
      "provider": "provider[\"registry.terraform.io/ciscodevnet/aci\"]",
      "instances": [
        {
          "schema_version": 1,
          "attributes": {
            "class_name": "tacacsTacacsDest",
            "content": null,
            "dn": null,
            "id": "uni/fabric/tacacsgroup-default/tacacsdest-10.101.128.72-port-49",
            "path": "/api/node/mo/uni/fabric/tacacsgroup-default/tacacsdest-10.101.128.72-port-49.json",
            "payload": "{\n    \"tacacsTacacsDest\": {\n        \"attributes\": {\n            \"dn\": \"uni/fabric/tacacsgroup-default/tacacsdest-10.101.128.72-port-49\",\n            \"authProtocol\": \"pap\",\n            \"host\": \"10.101.128.72\",\n            \"key\": \"verysecure\",\n            \"rn\": \"tacacsdest-10.101.128.72-port-49\"\n        },\n        \"children\": [\n            {\n                \"fileRsARemoteHostToEpg\": {\n                    \"attributes\": {\n                        \"tDn\": \"uni/tn-mgmt/mgmtp-default/oob-default\"\n                    }\n                }\n            }\n        ]\n    }\n}\n"
          },
          "sensitive_attributes": [
            [
              {
                "type": "get_attr",
                "value": "payload"
              }
            ]
          ],
          "private": "eyJzY2hlbWFfdmVyc2lvbiI6IjEifQ==",
          "dependencies": [
            "aci_rest.TACACS_Accounting_DestGrp_default"
          ]
        }
      ]
    },
    {
      "mode": "managed",
      "type": "aci_rest",
      "name": "TACACS_Accounting_SrcGrp_default",
      "provider": "provider[\"registry.terraform.io/ciscodevnet/aci\"]",
      "instances": [
        {
          "schema_version": 1,
          "attributes": {
            "class_name": "tacacsSrc",
            "content": null,
            "dn": null,
            "id": "uni/fabric/moncommon/tacacssrc-default",
            "path": "/api/node/mo/uni/fabric/moncommon/tacacssrc-default.json",
            "payload": "{\n    \"tacacsSrc\": {\n        \"attributes\": {\n            \"dn\": \"uni/fabric/moncommon/tacacssrc-default\",\n            \"name\": \"default\",\n        },\n        \"children\": [\n            {\n                \"tacacsRsDestGroup\": {\n                    \"attributes\": {\n                        \"tDn\": \"uni/fabric/tacacsgroup-default\"\n                    },\n                    \"children\": []\n                }\n            }\n        ]\n    }\n}\n"
          },
          "sensitive_attributes": [],
          "private": "eyJzY2hlbWFfdmVyc2lvbiI6IjEifQ==",
          "dependencies": [
            "aci_rest.TACACS_Accounting_DestGrp_default"
          ]
        }
      ]
    },
    {
      "mode": "managed",
      "type": "aci_rest",
      "name": "TACACS_Provider_10-101-128-71",
      "provider": "provider[\"registry.terraform.io/ciscodevnet/aci\"]",
      "instances": [
        {
          "schema_version": 1,
          "attributes": {
            "class_name": "aaaTacacsPlusProvider",
            "content": null,
            "dn": null,
            "id": "uni/userext/tacacsext/tacacsplusprovider-10.101.128.71",
            "path": "/api/node/mo/uni/userext/tacacsext/tacacsplusprovider-10.101.128.71.json",
            "payload": "{\n    \"aaaTacacsPlusProvider\": {\n        \"attributes\": {\n            \"authProtocol\": \"pap\",\n            \"descr\": \"ise01.rich.ciscolabs.com\",\n            \"dn\": \"uni/userext/tacacsext/tacacsplusprovider-10.101.128.71\",\n            \"key\": \"verysecure\",\n            \"monitorServer\": \"disabled\",\n            \"name\": \"10.101.128.71\",\n            \"port\": \"49\",\n            \"retries\": \"5\",\n            \"timeout\": \"5\",\n        },\n        \"children\": [\n            {\n                \"aaaRsSecProvToEpg\": {\n                    \"attributes\": {\n                        \"tDn\": \"uni/tn-mgmt/mgmtp-default/oob-default\"\n                    },\n                    \"children\": []\n                }\n            }\n        ]\n    }\n}\n"
          },
          "sensitive_attributes": [
            [
              {
                "type": "get_attr",
                "value": "payload"
              }
            ]
          ],
          "private": "eyJzY2hlbWFfdmVyc2lvbiI6IjEifQ=="
        }
      ]
    },
    {
      "mode": "managed",
      "type": "aci_rest",
      "name": "TACACS_Provider_10-101-128-72",
      "provider": "provider[\"registry.terraform.io/ciscodevnet/aci\"]",
      "instances": [
        {
          "schema_version": 1,
          "attributes": {
            "class_name": "aaaTacacsPlusProvider",
            "content": null,
            "dn": null,
            "id": "uni/userext/tacacsext/tacacsplusprovider-10.101.128.72",
            "path": "/api/node/mo/uni/userext/tacacsext/tacacsplusprovider-10.101.128.72.json",
            "payload": "{\n    \"aaaTacacsPlusProvider\": {\n        \"attributes\": {\n            \"authProtocol\": \"pap\",\n            \"descr\": \"ise02.rich.ciscolabs.com\",\n            \"dn\": \"uni/userext/tacacsext/tacacsplusprovider-10.101.128.72\",\n            \"key\": \"verysecure\",\n            \"monitorServer\": \"disabled\",\n            \"name\": \"10.101.128.72\",\n            \"port\": \"49\",\n            \"retries\": \"5\",\n            \"timeout\": \"5\",\n        },\n        \"children\": [\n            {\n                \"aaaRsSecProvToEpg\": {\n                    \"attributes\": {\n                        \"tDn\": \"uni/tn-mgmt/mgmtp-default/oob-default\"\n                    },\n                    \"children\": []\n                }\n            }\n        ]\n    }\n}\n"
          },
          "sensitive_attributes": [
            [
              {
                "type": "get_attr",
                "value": "payload"
              }
            ]
          ],
          "private": "eyJzY2hlbWFfdmVyc2lvbiI6IjEifQ=="
        }
      ]
    },
    {
      "mode": "managed",
      "type": "aci_trigger_scheduler",
      "name": "Every24Hours",
      "provider": "provider[\"registry.terraform.io/ciscodevnet/aci\"]",
      "instances": [
        {
          "schema_version": 1,
          "attributes": {
            "annotation": "orchestrator:terraform",
            "description": "Backup Every 24 Hours",
            "id": "uni/fabric/schedp-Every24Hours",
            "name": "Every24Hours",
            "name_alias": ""
          },
          "sensitive_attributes": [],
          "private": "eyJzY2hlbWFfdmVyc2lvbiI6IjEifQ=="
        }
      ]
    }
  ]
}
