{
  "version": 4,
  "terraform_version": "0.14.5",
  "serial": 21,
  "lineage": "6b3d1632-8680-efd1-405f-b48c62f41114",
  "outputs": {},
  "resources": [
    {
      "mode": "data",
      "type": "aci_bridge_domain",
      "name": "inb",
      "provider": "provider[\"registry.terraform.io/ciscodevnet/aci\"]",
      "instances": [
        {
          "schema_version": 0,
          "attributes": {
            "annotation": "",
            "arp_flood": "no",
            "bridge_domain_type": "regular",
            "description": "",
            "ep_clear": "no",
            "ep_move_detect_mode": "",
            "host_based_routing": "no",
            "id": "uni/tn-mgmt/BD-inb",
            "intersite_bum_traffic_allow": "no",
            "intersite_l2_stretch": "no",
            "ip_learning": "yes",
            "ipv6_mcast_allow": "no",
            "limit_ip_learn_to_subnets": "yes",
            "ll_addr": "::",
            "mac": "00:22:BD:F8:19:FF",
            "mcast_allow": "no",
            "multi_dst_pkt_act": "bd-flood",
            "name": "inb",
            "name_alias": "",
            "optimize_wan_bandwidth": "no",
            "tenant_dn": "uni/tn-mgmt",
            "unicast_route": "yes",
            "unk_mac_ucast_act": "proxy",
            "unk_mcast_act": "flood",
            "v6unk_mcast_act": "flood",
            "vmac": "not-applicable"
          },
          "sensitive_attributes": []
        }
      ]
    },
    {
      "mode": "data",
      "type": "aci_contract",
      "name": "default",
      "provider": "provider[\"registry.terraform.io/ciscodevnet/aci\"]",
      "instances": [
        {
          "schema_version": 0,
          "attributes": {
            "annotation": "",
            "description": "",
            "id": "uni/tn-common/brc-default",
            "name": "default",
            "name_alias": "",
            "prio": "unspecified",
            "scope": "context",
            "target_dscp": "unspecified",
            "tenant_dn": "uni/tn-common"
          },
          "sensitive_attributes": []
        }
      ]
    },
    {
      "mode": "data",
      "type": "aci_tenant",
      "name": "common",
      "provider": "provider[\"registry.terraform.io/ciscodevnet/aci\"]",
      "instances": [
        {
          "schema_version": 0,
          "attributes": {
            "annotation": "",
            "description": "",
            "id": "uni/tn-common",
            "name": "common",
            "name_alias": ""
          },
          "sensitive_attributes": []
        }
      ]
    },
    {
      "mode": "data",
      "type": "aci_tenant",
      "name": "mgmt",
      "provider": "provider[\"registry.terraform.io/ciscodevnet/aci\"]",
      "instances": [
        {
          "schema_version": 0,
          "attributes": {
            "annotation": "",
            "description": "",
            "id": "uni/tn-mgmt",
            "name": "mgmt",
            "name_alias": ""
          },
          "sensitive_attributes": []
        }
      ]
    },
    {
      "mode": "managed",
      "type": "aci_application_epg",
      "name": "mgmt_inb_ap_default",
      "provider": "provider[\"registry.terraform.io/ciscodevnet/aci\"]",
      "instances": [
        {
          "schema_version": 1,
          "attributes": {
            "annotation": "orchestrator:terraform",
            "application_profile_dn": "uni/tn-mgmt/ap-inb_ap",
            "description": "Inband Mgmt EPG for APIC and Switch Management",
            "exception_tag": "",
            "flood_on_encap": "disabled",
            "fwd_ctrl": "",
            "has_mcast_source": "no",
            "id": "uni/tn-mgmt/ap-inb_ap/epg-default",
            "is_attr_based_epg": "no",
            "match_t": "AtleastOne",
            "name": "default",
            "name_alias": "",
            "pc_enf_pref": "unenforced",
            "pref_gr_memb": "exclude",
            "prio": "unspecified",
            "relation_fv_rs_aepg_mon_pol": "",
            "relation_fv_rs_bd": null,
            "relation_fv_rs_cons": null,
            "relation_fv_rs_cons_if": null,
            "relation_fv_rs_cust_qos_pol": null,
            "relation_fv_rs_dpp_pol": "",
            "relation_fv_rs_fc_path_att": null,
            "relation_fv_rs_graph_def": null,
            "relation_fv_rs_intra_epg": null,
            "relation_fv_rs_node_att": null,
            "relation_fv_rs_prot_by": null,
            "relation_fv_rs_prov": null,
            "relation_fv_rs_prov_def": null,
            "relation_fv_rs_sec_inherited": null,
            "relation_fv_rs_trust_ctrl": "",
            "shutdown": "no"
          },
          "sensitive_attributes": [],
          "private": "eyJzY2hlbWFfdmVyc2lvbiI6IjEifQ==",
          "dependencies": [
            "aci_application_profile.mgmt_inb_ap",
            "data.aci_tenant.mgmt"
          ]
        }
      ]
    },
    {
      "mode": "managed",
      "type": "aci_application_profile",
      "name": "mgmt_inb_ap",
      "provider": "provider[\"registry.terraform.io/ciscodevnet/aci\"]",
      "instances": [
        {
          "schema_version": 1,
          "attributes": {
            "annotation": "orchestrator:terraform",
            "description": "",
            "id": "uni/tn-mgmt/ap-inb_ap",
            "name": "inb_ap",
            "name_alias": "",
            "prio": "unspecified",
            "relation_fv_rs_ap_mon_pol": "",
            "tenant_dn": "uni/tn-mgmt"
          },
          "sensitive_attributes": [],
          "private": "eyJzY2hlbWFfdmVyc2lvbiI6IjEifQ==",
          "dependencies": [
            "data.aci_tenant.mgmt"
          ]
        }
      ]
    },
    {
      "mode": "managed",
      "type": "aci_contract",
      "name": "Mgmt_In_Ct",
      "provider": "provider[\"registry.terraform.io/ciscodevnet/aci\"]",
      "instances": [
        {
          "schema_version": 1,
          "attributes": {
            "annotation": "orchestrator:terraform",
            "description": "Default Mgmt Contract",
            "filter": [
              {
                "annotation": "",
                "description": "Mgmt Traffic",
                "filter_entry": [
                  {
                    "apply_to_frag": "no",
                    "arp_opc": "unspecified",
                    "d_from_port": "443",
                    "d_to_port": "443",
                    "entry_annotation": "",
                    "entry_description": "Allow https",
                    "entry_name_alias": "",
                    "ether_t": "ipv4",
                    "filter_entry_name": "https",
                    "icmpv4_t": "unspecified",
                    "icmpv6_t": "unspecified",
                    "id": "uni/tn-mgmt/flt-Mgmt_In_Flt/e-https",
                    "match_dscp": "unspecified",
                    "prot": "tcp",
                    "s_from_port": "unspecified",
                    "s_to_port": "unspecified",
                    "stateful": "yes",
                    "tcp_rules": ""
                  },
                  {
                    "apply_to_frag": "no",
                    "arp_opc": "unspecified",
                    "d_from_port": "0",
                    "d_to_port": "0",
                    "entry_annotation": "",
                    "entry_description": "Allow icmp",
                    "entry_name_alias": "",
                    "ether_t": "ipv4",
                    "filter_entry_name": "icmp",
                    "icmpv4_t": "unspecified",
                    "icmpv6_t": "unspecified",
                    "id": "uni/tn-mgmt/flt-Mgmt_In_Flt/e-icmp",
                    "match_dscp": "unspecified",
                    "prot": "icmp",
                    "s_from_port": "unspecified",
                    "s_to_port": "unspecified",
                    "stateful": "no",
                    "tcp_rules": ""
                  },
                  {
                    "apply_to_frag": "no",
                    "arp_opc": "unspecified",
                    "d_from_port": "161",
                    "d_to_port": "162",
                    "entry_annotation": "",
                    "entry_description": "Allow SNMP",
                    "entry_name_alias": "",
                    "ether_t": "ipv4",
                    "filter_entry_name": "snmp",
                    "icmpv4_t": "unspecified",
                    "icmpv6_t": "unspecified",
                    "id": "uni/tn-mgmt/flt-Mgmt_In_Flt/e-snmp",
                    "match_dscp": "unspecified",
                    "prot": "udp",
                    "s_from_port": "unspecified",
                    "s_to_port": "unspecified",
                    "stateful": "no",
                    "tcp_rules": ""
                  },
                  {
                    "apply_to_frag": "no",
                    "arp_opc": "unspecified",
                    "d_from_port": "22",
                    "d_to_port": "22",
                    "entry_annotation": "",
                    "entry_description": "Allow ssh",
                    "entry_name_alias": "",
                    "ether_t": "ipv4",
                    "filter_entry_name": "ssh",
                    "icmpv4_t": "unspecified",
                    "icmpv6_t": "unspecified",
                    "id": "uni/tn-mgmt/flt-Mgmt_In_Flt/e-ssh",
                    "match_dscp": "unspecified",
                    "prot": "tcp",
                    "s_from_port": "unspecified",
                    "s_to_port": "unspecified",
                    "stateful": "yes",
                    "tcp_rules": ""
                  }
                ],
                "filter_name": "Mgmt_In_Flt",
                "id": "uni/tn-mgmt/flt-Mgmt_In_Flt",
                "name_alias": ""
              }
            ],
            "filter_entry_ids": [
              "uni/tn-mgmt/flt-Mgmt_In_Flt/e-https",
              "uni/tn-mgmt/flt-Mgmt_In_Flt/e-icmp",
              "uni/tn-mgmt/flt-Mgmt_In_Flt/e-snmp",
              "uni/tn-mgmt/flt-Mgmt_In_Flt/e-ssh"
            ],
            "filter_ids": [
              "uni/tn-mgmt/flt-Mgmt_In_Flt"
            ],
            "id": "uni/tn-mgmt/brc-Mgmt_In_Ct",
            "name": "Mgmt_In_Ct",
            "name_alias": "",
            "prio": "unspecified",
            "relation_vz_rs_graph_att": "",
            "scope": "tenant",
            "target_dscp": "unspecified",
            "tenant_dn": "uni/tn-mgmt"
          },
          "sensitive_attributes": [],
          "private": "eyJzY2hlbWFfdmVyc2lvbiI6IjEifQ==",
          "dependencies": [
            "data.aci_tenant.mgmt"
          ]
        }
      ]
    },
    {
      "mode": "managed",
      "type": "aci_contract",
      "name": "Mgmt_Out_Ct",
      "provider": "provider[\"registry.terraform.io/ciscodevnet/aci\"]",
      "instances": [
        {
          "schema_version": 1,
          "attributes": {
            "annotation": "orchestrator:terraform",
            "description": "Default Mgmt Contract Outbound",
            "filter": [
              {
                "annotation": "",
                "description": "Mgmt Traffic Outbound",
                "filter_entry": [
                  {
                    "apply_to_frag": "no",
                    "arp_opc": "unspecified",
                    "d_from_port": "0",
                    "d_to_port": "0",
                    "entry_annotation": "",
                    "entry_description": "Allow All IP",
                    "entry_name_alias": "",
                    "ether_t": "ip",
                    "filter_entry_name": "IPv4_and_IPv6",
                    "icmpv4_t": "unspecified",
                    "icmpv6_t": "unspecified",
                    "id": "uni/tn-mgmt/flt-Mgmt_Out_Flt/e-IPv4_and_IPv6",
                    "match_dscp": "unspecified",
                    "prot": "unspecified",
                    "s_from_port": "unspecified",
                    "s_to_port": "unspecified",
                    "stateful": "yes",
                    "tcp_rules": ""
                  },
                  {
                    "apply_to_frag": "no",
                    "arp_opc": "unspecified",
                    "d_from_port": "0",
                    "d_to_port": "0",
                    "entry_annotation": "",
                    "entry_description": "Allow icmp",
                    "entry_name_alias": "",
                    "ether_t": "ip",
                    "filter_entry_name": "icmp",
                    "icmpv4_t": "unspecified",
                    "icmpv6_t": "unspecified",
                    "id": "uni/tn-mgmt/flt-Mgmt_Out_Flt/e-icmp",
                    "match_dscp": "unspecified",
                    "prot": "icmp",
                    "s_from_port": "unspecified",
                    "s_to_port": "unspecified",
                    "stateful": "no",
                    "tcp_rules": ""
                  }
                ],
                "filter_name": "Mgmt_Out_Flt",
                "id": "uni/tn-mgmt/flt-Mgmt_Out_Flt",
                "name_alias": ""
              }
            ],
            "filter_entry_ids": [
              "uni/tn-mgmt/flt-Mgmt_Out_Flt/e-IPv4_and_IPv6",
              "uni/tn-mgmt/flt-Mgmt_Out_Flt/e-icmp"
            ],
            "filter_ids": [
              "uni/tn-mgmt/flt-Mgmt_Out_Flt"
            ],
            "id": "uni/tn-mgmt/brc-Mgmt_Out_Ct",
            "name": "Mgmt_Out_Ct",
            "name_alias": "",
            "prio": "unspecified",
            "relation_vz_rs_graph_att": "",
            "scope": "tenant",
            "target_dscp": "unspecified",
            "tenant_dn": "uni/tn-mgmt"
          },
          "sensitive_attributes": [],
          "private": "eyJzY2hlbWFfdmVyc2lvbiI6IjEifQ==",
          "dependencies": [
            "data.aci_tenant.mgmt"
          ]
        }
      ]
    },
    {
      "mode": "managed",
      "type": "aci_contract_subject",
      "name": "Mgmt_In_Subj",
      "provider": "provider[\"registry.terraform.io/ciscodevnet/aci\"]",
      "instances": [
        {
          "schema_version": 1,
          "attributes": {
            "annotation": "orchestrator:terraform",
            "cons_match_t": "AtleastOne",
            "contract_dn": "uni/tn-mgmt/brc-Mgmt_In_Ct",
            "description": "",
            "id": "uni/tn-mgmt/brc-Mgmt_In_Ct/subj-Mgmt_In_Subj",
            "name": "Mgmt_In_Subj",
            "name_alias": "",
            "prio": "unspecified",
            "prov_match_t": "AtleastOne",
            "relation_vz_rs_sdwan_pol": "",
            "relation_vz_rs_subj_filt_att": [
              "uni/tn-mgmt/flt-Mgmt_In_Flt"
            ],
            "relation_vz_rs_subj_graph_att": "",
            "rev_flt_ports": "no",
            "target_dscp": "unspecified"
          },
          "sensitive_attributes": [],
          "private": "eyJzY2hlbWFfdmVyc2lvbiI6IjEifQ==",
          "dependencies": [
            "aci_contract.Mgmt_In_Ct",
            "data.aci_tenant.mgmt"
          ]
        }
      ]
    },
    {
      "mode": "managed",
      "type": "aci_contract_subject",
      "name": "Mgmt_Out_Subj",
      "provider": "provider[\"registry.terraform.io/ciscodevnet/aci\"]",
      "instances": [
        {
          "schema_version": 1,
          "attributes": {
            "annotation": "orchestrator:terraform",
            "cons_match_t": "AtleastOne",
            "contract_dn": "uni/tn-mgmt/brc-Mgmt_Out_Ct",
            "description": "",
            "id": "uni/tn-mgmt/brc-Mgmt_Out_Ct/subj-Mgmt_Out_Subj",
            "name": "Mgmt_Out_Subj",
            "name_alias": "",
            "prio": "unspecified",
            "prov_match_t": "AtleastOne",
            "relation_vz_rs_sdwan_pol": "",
            "relation_vz_rs_subj_filt_att": [
              "uni/tn-mgmt/flt-Mgmt_Out_Flt"
            ],
            "relation_vz_rs_subj_graph_att": "",
            "rev_flt_ports": "no",
            "target_dscp": "unspecified"
          },
          "sensitive_attributes": [],
          "private": "eyJzY2hlbWFfdmVyc2lvbiI6IjEifQ==",
          "dependencies": [
            "aci_contract.Mgmt_Out_Ct",
            "data.aci_tenant.mgmt"
          ]
        }
      ]
    },
    {
      "mode": "managed",
      "type": "aci_epg_to_contract",
      "name": "inb_default_consumer",
      "provider": "provider[\"registry.terraform.io/ciscodevnet/aci\"]",
      "instances": [
        {
          "schema_version": 1,
          "attributes": {
            "annotation": "orchestrator:terraform",
            "application_epg_dn": "uni/tn-mgmt/ap-inb_ap/epg-default",
            "contract_dn": "uni/tn-mgmt/brc-Mgmt_Out_Ct",
            "contract_type": "consumer",
            "description": null,
            "id": "uni/tn-mgmt/ap-inb_ap/epg-default/rscons-Mgmt_Out_Ct",
            "match_t": null,
            "prio": "unspecified"
          },
          "sensitive_attributes": [],
          "private": "eyJzY2hlbWFfdmVyc2lvbiI6IjEifQ==",
          "dependencies": [
            "aci_application_epg.mgmt_inb_ap_default",
            "aci_application_profile.mgmt_inb_ap",
            "aci_contract.Mgmt_Out_Ct",
            "data.aci_tenant.mgmt"
          ]
        }
      ]
    },
    {
      "mode": "managed",
      "type": "aci_epg_to_contract",
      "name": "inb_default_provider",
      "provider": "provider[\"registry.terraform.io/ciscodevnet/aci\"]",
      "instances": [
        {
          "schema_version": 1,
          "attributes": {
            "annotation": "orchestrator:terraform",
            "application_epg_dn": "uni/tn-mgmt/ap-inb_ap/epg-default",
            "contract_dn": "uni/tn-mgmt/brc-Mgmt_In_Ct",
            "contract_type": "provider",
            "description": null,
            "id": "uni/tn-mgmt/ap-inb_ap/epg-default/rsprov-Mgmt_In_Ct",
            "match_t": "AtleastOne",
            "prio": "unspecified"
          },
          "sensitive_attributes": [],
          "private": "eyJzY2hlbWFfdmVyc2lvbiI6IjEifQ==",
          "dependencies": [
            "aci_application_epg.mgmt_inb_ap_default",
            "aci_application_profile.mgmt_inb_ap",
            "aci_contract.Mgmt_In_Ct",
            "data.aci_tenant.mgmt"
          ]
        }
      ]
    },
    {
      "mode": "managed",
      "type": "aci_rest",
      "name": "inb_epg_consumed",
      "provider": "provider[\"registry.terraform.io/ciscodevnet/aci\"]",
      "instances": [
        {
          "schema_version": 1,
          "attributes": {
            "class_name": "fvRsCons",
            "content": null,
            "dn": null,
            "id": "{}",
            "path": "/api/node/mo/uni/tn-mgmt/mgmtp-default/inb-default.json",
            "payload": "{\n\t\"fvRsCons\": {\n\t\t\"attributes\": {\n\t\t\t\"tnVzBrCPName\": \"mgmt_Out_Ct\",\n\t\t\t\"prio\": \"level1\"\n\t\t},\n\t\t\"children\": []\n\t}\n}\n"
          },
          "sensitive_attributes": [],
          "private": "eyJzY2hlbWFfdmVyc2lvbiI6IjEifQ==",
          "dependencies": [
            "aci_rest.inb_mgmt_default_epg",
            "aci_rest.oob_mgmt_Out_Ct",
            "aci_vlan_pool.inband"
          ]
        }
      ]
    },
    {
      "mode": "managed",
      "type": "aci_rest",
      "name": "inb_epg_provided",
      "provider": "provider[\"registry.terraform.io/ciscodevnet/aci\"]",
      "instances": [
        {
          "schema_version": 1,
          "attributes": {
            "class_name": "fvRsProv",
            "content": null,
            "dn": null,
            "id": "{}",
            "path": "/api/node/mo/uni/tn-mgmt/mgmtp-default/inb-default.json",
            "payload": "{\n\t\"fvRsProv\": {\n\t\t\"attributes\": {\n\t\t\t\"tnVzBrCPName\": \"mgmt_In_Ct\",\n\t\t\t\"prio\": \"level1\"\n\t\t},\n\t\t\"children\": []\n\t}\n}\n"
          },
          "sensitive_attributes": [],
          "private": "eyJzY2hlbWFfdmVyc2lvbiI6IjEifQ==",
          "dependencies": [
            "aci_rest.inb_mgmt_default_epg",
            "aci_rest.oob_mgmt_Out_Ct",
            "aci_vlan_pool.inband"
          ]
        }
      ]
    },
    {
      "mode": "managed",
      "type": "aci_rest",
      "name": "inb_mgmt_dc2-apic2_198-18-12-1",
      "provider": "provider[\"registry.terraform.io/ciscodevnet/aci\"]",
      "instances": [
        {
          "schema_version": 1,
          "attributes": {
            "class_name": "mgmtRsInBStNode",
            "content": null,
            "dn": null,
            "id": "uni/tn-mgmt/mgmtp-default/inb-default/rsinBStNode-[topology/pod-1/node-1]",
            "path": "/api/node/mo/uni/tn-mgmt.json",
            "payload": "{\n    \"mgmtRsInBStNode\": {\n        \"attributes\": {\n            \"dn\": \"uni/tn-mgmt/mgmtp-default/inb-default/rsinBStNode-[topology/pod-1/node-1]\",\n            \"addr\": \"198.18.12.11/24\",\n            \"gw\": \"198.18.12.1\",\n            \"tDn\": \"topology/pod-1/node-1\",\n            \"v6Addr\": \"::\",\n            \"v6Gw\": \"::\"\n        }\n    }\n}\n"
          },
          "sensitive_attributes": [],
          "private": "eyJzY2hlbWFfdmVyc2lvbiI6IjEifQ==",
          "dependencies": [
            "aci_application_epg.mgmt_inb_ap_default",
            "aci_application_profile.mgmt_inb_ap",
            "data.aci_tenant.mgmt"
          ]
        }
      ]
    },
    {
      "mode": "managed",
      "type": "aci_rest",
      "name": "inb_mgmt_default_epg",
      "provider": "provider[\"registry.terraform.io/ciscodevnet/aci\"]",
      "instances": [
        {
          "schema_version": 1,
          "attributes": {
            "class_name": "mgmtInB",
            "content": null,
            "dn": null,
            "id": "uni/tn-mgmt/mgmtp-default/inb-default",
            "path": "/api/node/mo/uni/tn-mgmt/mgmtp-default/inb-default.json",
            "payload": "{\n    \"mgmtInB\": {\n        \"attributes\": {\n            \"dn\": \"uni/tn-mgmt/mgmtp-default/inb-default\",\n            \"descr\": \"Default Inband Mmgmt EPG Used by Terraform Startup Wizard.\",\n            \"encap\": \"vlan-912\",\n            \"name\": \"default\"\n        },\n        \"children\": [\n            {\n                \"mgmtRsMgmtBD\": {\n                    \"attributes\": {\n                        \"tnFvBDName\": \"inb\"\n                    }\n                }\n            }\n        ]\n    }\n}\n"
          },
          "sensitive_attributes": [],
          "private": "eyJzY2hlbWFfdmVyc2lvbiI6IjEifQ==",
          "dependencies": [
            "aci_vlan_pool.inband"
          ]
        }
      ]
    },
    {
      "mode": "managed",
      "type": "aci_rest",
      "name": "inb_vrf_snmp",
      "provider": "provider[\"registry.terraform.io/ciscodevnet/aci\"]",
      "instances": [
        {
          "schema_version": 1,
          "attributes": {
            "class_name": "fvRsCtxMonPol",
            "content": null,
            "dn": null,
            "id": "uni/tn-mgmt/ctx-inb/rsCtxMonPol",
            "path": "/api/node/mo/uni/tn-mgmt/ctx-inb/rsCtxMonPol.json",
            "payload": "{\n\t\"fvRsCtxMonPol\": {\n\t\t\"attributes\": {\n\t\t\t\"tnMonEPGPolName\": \"default\",\n\t\t},\n\t\t\"children\": []\n\t}\n}\n"
          },
          "sensitive_attributes": [],
          "private": "eyJzY2hlbWFfdmVyc2lvbiI6IjEifQ=="
        }
      ]
    },
    {
      "mode": "managed",
      "type": "aci_rest",
      "name": "oob-default_Ext_Inst",
      "provider": "provider[\"registry.terraform.io/ciscodevnet/aci\"]",
      "instances": [
        {
          "schema_version": 1,
          "attributes": {
            "class_name": "mgmtInstP",
            "content": null,
            "dn": null,
            "id": "uni/tn-mgmt/extmgmt-default/instp-oob_ExtEpg",
            "path": "/api/node/mo/uni/tn-mgmt/extmgmt-default/instp-oob_ExtEpg.json",
            "payload": "{\n\t\"mgmtInstP\": {\n\t\t\"attributes\": {\n\t\t\t\"dn\": \"uni/tn-mgmt/extmgmt-default/instp-oob_ExtEpg\",\n\t\t\t\"name\": \"oob_ExtEpg\",\n\t\t\t\"rn\": \"instp-oob_ExtEpg\",\n\t\t},\n\t\t\"children\": [\n\t\t\t{\n\t\t\t\t\"mgmtSubnet\": {\n\t\t\t\t\t\"attributes\": {\n\t\t\t\t\t\t\"dn\": \"uni/tn-mgmt/extmgmt-default/instp-oob_ExtEpg/subnet-[0.0.0.0/0]\",\n\t\t\t\t\t\t\"ip\": \"0.0.0.0/0\",\n\t\t\t\t\t\t\"rn\": \"subnet-[0.0.0.0/0]\",\n\t\t\t\t\t},\n\t\t\t\t\t\"children\": []\n\t\t\t\t}\n\t\t\t},\n\t\t\t{\n\t\t\t\t\"mgmtRsOoBCons\": {\n\t\t\t\t\t\"attributes\": {\n\t\t\t\t\t\t\"tnVzOOBBrCPName\": \"oob_mgmt_Out_Ct\",\n\t\t\t\t\t\t\"prio\": \"level1\",\n\t\t\t\t\t},\n\t\t\t\t\t\"children\": []\n\t\t\t\t}\n\t\t\t}\n\t\t]\n\t}\n}\n"
          },
          "sensitive_attributes": [],
          "private": "eyJzY2hlbWFfdmVyc2lvbiI6IjEifQ==",
          "dependencies": [
            "aci_rest.inb_mgmt_default_epg",
            "aci_rest.oob_mgmt_Out_Ct",
            "aci_vlan_pool.inband"
          ]
        }
      ]
    },
    {
      "mode": "managed",
      "type": "aci_rest",
      "name": "oob-default_mgmtOoB",
      "provider": "provider[\"registry.terraform.io/ciscodevnet/aci\"]",
      "instances": [
        {
          "schema_version": 1,
          "attributes": {
            "class_name": "mgmtOoB",
            "content": null,
            "dn": null,
            "id": "uni/tn-mgmt/mgmtp-default/oob-default",
            "path": "/api/node/mo/uni/tn-mgmt/mgmtp-default/oob-default.json",
            "payload": "{\n\t\"mgmtOoB\": {\n\t\t\"attributes\": {\n\t\t\t\"dn\": \"uni/tn-mgmt/mgmtp-default/oob-default\",\n\t\t\t\"prio\": \"level1\"\n\t\t},\n\t\t\"children\": [\n\t\t\t{\n\t\t\t\t\"mgmtRsOoBProv\": {\n\t\t\t\t\t\"attributes\": {\n\t\t\t\t\t\t\"tnVzOOBBrCPName\": \"oob_mgmt_In_Ct\",\n\t\t\t\t\t\t\"prio\": \"level1\",\n\t\t\t\t\t},\n\t\t\t\t\t\"children\": []\n\t\t\t\t}\n\t\t\t}\n\t\t]\n\t}\n}\n"
          },
          "sensitive_attributes": [],
          "private": "eyJzY2hlbWFfdmVyc2lvbiI6IjEifQ==",
          "dependencies": [
            "aci_rest.oob_mgmt_In_Ct"
          ]
        }
      ]
    },
    {
      "mode": "managed",
      "type": "aci_rest",
      "name": "oob_mgmt_In_Ct",
      "provider": "provider[\"registry.terraform.io/ciscodevnet/aci\"]",
      "instances": [
        {
          "schema_version": 1,
          "attributes": {
            "class_name": "vzOOBBrCP",
            "content": null,
            "dn": null,
            "id": "uni/tn-mgmt/oobbrc-oob_mgmt_In_Ct",
            "path": "/api/node/mo/uni/tn-mgmt/oobbrc-oob_mgmt_In_Ct.json",
            "payload": "{\n\t\"vzOOBBrCP\": {\n\t\t\"attributes\": {\n\t\t\t\"dn\": \"uni/tn-mgmt/oobbrc-oob_mgmt_In_Ct\",\n\t\t\t\"name\": \"oob_mgmt_In_Ct\",\n\t\t\t\"scope\": \"tenant\",\n\t\t\t\"rn\": \"oobbrc-oob_mgmt_In_Ct\"\n\t\t},\n\t\t\"children\": [\n\t\t\t{\n\t\t\t\t\"vzSubj\": {\n\t\t\t\t\t\"attributes\": {\n\t\t\t\t\t\t\"dn\": \"uni/tn-mgmt/oobbrc-oob_mgmt_In_Ct/subj-oob_mgmt_In_Subj\",\n\t\t\t\t\t\t\"name\": \"oob_mgmt_In_Subj\",\n\t\t\t\t\t\t\"rn\": \"subj-oob_mgmt_In_Subj\"\n\t\t\t\t\t},\n\t\t\t\t\t\"children\": [\n\t\t\t\t\t\t{\n\t\t\t\t\t\t\t\"vzRsSubjFiltAtt\": {\n\t\t\t\t\t\t\t\t\"attributes\": {\n\t\t\t\t\t\t\t\t\t\"tnVzFilterName\": \"Mgmt_In_Flt\"\n\t\t\t\t\t\t\t\t},\n\t\t\t\t\t\t\t\t\"children\": []\n\t\t\t\t\t\t\t}\n\t\t\t\t\t\t}\n\t\t\t\t\t]\n\t\t\t\t}\n\t\t\t}\n\t\t]\n\t}\n}\n"
          },
          "sensitive_attributes": [],
          "private": "eyJzY2hlbWFfdmVyc2lvbiI6IjEifQ=="
        }
      ]
    },
    {
      "mode": "managed",
      "type": "aci_rest",
      "name": "oob_mgmt_Out_Ct",
      "provider": "provider[\"registry.terraform.io/ciscodevnet/aci\"]",
      "instances": [
        {
          "schema_version": 1,
          "attributes": {
            "class_name": "vzOOBBrCP",
            "content": null,
            "dn": null,
            "id": "uni/tn-mgmt/oobbrc-oob_mgmt_Out_Ct",
            "path": "/api/node/mo/uni/tn-mgmt/oobbrc-oob_mgmt_Out_Ct.json",
            "payload": "{\n\t\"vzOOBBrCP\": {\n\t\t\"attributes\": {\n\t\t\t\"dn\": \"uni/tn-mgmt/oobbrc-oob_mgmt_Out_Ct\",\n\t\t\t\"name\": \"oob_mgmt_Out_Ct\",\n\t\t\t\"scope\": \"tenant\",\n\t\t\t\"rn\": \"oobbrc-oob_mgmt_Out_Ct\"\n\t\t},\n\t\t\"children\": [\n\t\t\t{\n\t\t\t\t\"vzSubj\": {\n\t\t\t\t\t\"attributes\": {\n\t\t\t\t\t\t\"dn\": \"uni/tn-mgmt/oobbrc-oob_mgmt_Out_Ct/subj-oob_mgmt_Out_Subj\",\n\t\t\t\t\t\t\"name\": \"oob_mgmt_Out_Subj\",\n\t\t\t\t\t\t\"rn\": \"subj-oob_mgmt_Out_Subj\"\n\t\t\t\t\t},\n\t\t\t\t\t\"children\": [\n\t\t\t\t\t\t{\n\t\t\t\t\t\t\t\"vzRsSubjFiltAtt\": {\n\t\t\t\t\t\t\t\t\"attributes\": {\n\t\t\t\t\t\t\t\t\t\"tnVzFilterName\": \"Mgmt_Out_Flt\"\n\t\t\t\t\t\t\t\t},\n\t\t\t\t\t\t\t\t\"children\": []\n\t\t\t\t\t\t\t}\n\t\t\t\t\t\t}\n\t\t\t\t\t]\n\t\t\t\t}\n\t\t\t}\n\t\t]\n\t}\n}\n"
          },
          "sensitive_attributes": [],
          "private": "eyJzY2hlbWFfdmVyc2lvbiI6IjEifQ=="
        }
      ]
    },
    {
      "mode": "managed",
      "type": "aci_rest",
      "name": "oob_vrf_snmp",
      "provider": "provider[\"registry.terraform.io/ciscodevnet/aci\"]",
      "instances": [
        {
          "schema_version": 1,
          "attributes": {
            "class_name": "fvRsCtxMonPol",
            "content": null,
            "dn": null,
            "id": "uni/tn-mgmt/ctx-oob/rsCtxMonPol",
            "path": "/api/node/mo/uni/tn-mgmt/ctx-oob/rsCtxMonPol.json",
            "payload": "{\n\t\"fvRsCtxMonPol\": {\n\t\t\"attributes\": {\n\t\t\t\"tnMonEPGPolName\": \"default\",\n\t\t},\n\t\t\"children\": []\n\t}\n}\n"
          },
          "sensitive_attributes": [],
          "private": "eyJzY2hlbWFfdmVyc2lvbiI6IjEifQ=="
        }
      ]
    },
    {
      "mode": "managed",
      "type": "aci_subnet",
      "name": "inb_subnet",
      "provider": "provider[\"registry.terraform.io/ciscodevnet/aci\"]",
      "instances": [
        {
          "schema_version": 1,
          "attributes": {
            "annotation": "orchestrator:terraform",
            "ctrl": [
              "nd"
            ],
            "description": "",
            "id": "uni/tn-mgmt/BD-inb/subnet-[198.18.12.1/24]",
            "ip": "198.18.12.1/24",
            "name_alias": "",
            "parent_dn": "uni/tn-mgmt/BD-inb",
            "preferred": "no",
            "relation_fv_rs_bd_subnet_to_out": null,
            "relation_fv_rs_bd_subnet_to_profile": "",
            "relation_fv_rs_nd_pfx_pol": "",
            "scope": [
              "public"
            ],
            "virtual": "no"
          },
          "sensitive_attributes": [],
          "private": "eyJzY2hlbWFfdmVyc2lvbiI6IjEifQ==",
          "dependencies": [
            "data.aci_bridge_domain.inb"
          ]
        }
      ]
    },
    {
      "mode": "managed",
      "type": "aci_vlan_pool",
      "name": "inband",
      "provider": "provider[\"registry.terraform.io/ciscodevnet/aci\"]",
      "instances": [
        {
          "schema_version": 1,
          "attributes": {
            "alloc_mode": "static",
            "annotation": "orchestrator:terraform",
            "description": "",
            "id": "uni/infra/vlanns-[inband]-static",
            "name": "inband",
            "name_alias": ""
          },
          "sensitive_attributes": [],
          "private": "eyJzY2hlbWFfdmVyc2lvbiI6IjEifQ=="
        }
      ]
    }
  ]
}
