{
  "version": 4,
  "terraform_version": "0.15.4",
  "serial": 602,
  "lineage": "c37dc9cc-2d7a-19c0-7258-007dd9a5b0b8",
  "outputs": {},
  "resources": [
    {
      "mode": "data",
      "type": "aci_vlan_pool",
      "name": "VLAN_Pool_access",
      "provider": "provider[\"registry.terraform.io/ciscodevnet/aci\"]",
      "instances": [
        {
          "schema_version": 0,
          "attributes": {
            "alloc_mode": "static",
            "annotation": "orchestrator:terraform",
            "description": "Access VLAN Pool",
            "id": "uni/infra/vlanns-[access]-static",
            "name": "access",
            "name_alias": "None"
          },
          "sensitive_attributes": []
        }
      ]
    },
    {
      "mode": "data",
      "type": "aci_vlan_pool",
      "name": "VLAN_Pool_dynamic",
      "provider": "provider[\"registry.terraform.io/ciscodevnet/aci\"]",
      "instances": [
        {
          "schema_version": 0,
          "attributes": {
            "alloc_mode": "dynamic",
            "annotation": "orchestrator:terraform",
            "description": "VMM VLAN Pool",
            "id": "uni/infra/vlanns-[dynamic]-dynamic",
            "name": "dynamic",
            "name_alias": "None"
          },
          "sensitive_attributes": []
        }
      ]
    },
    {
      "mode": "data",
      "type": "aci_vlan_pool",
      "name": "VLAN_Pool_l3out",
      "provider": "provider[\"registry.terraform.io/ciscodevnet/aci\"]",
      "instances": [
        {
          "schema_version": 0,
          "attributes": {
            "alloc_mode": "static",
            "annotation": "orchestrator:terraform",
            "description": "L3Out VLAN Pool",
            "id": "uni/infra/vlanns-[l3out]-static",
            "name": "l3out",
            "name_alias": "None"
          },
          "sensitive_attributes": []
        }
      ]
    },
    {
      "mode": "managed",
      "type": "aci_ranges",
      "name": "VLAN_Range_access_100",
      "provider": "provider[\"registry.terraform.io/ciscodevnet/aci\"]",
      "instances": [
        {
          "schema_version": 1,
          "attributes": {
            "alloc_mode": "inherit",
            "annotation": "orchestrator:terraform",
            "description": "",
            "from": "vlan-100",
            "id": "uni/infra/vlanns-[access]-static/from-[vlan-100]-to-[vlan-100]",
            "name_alias": "",
            "role": "external",
            "to": "vlan-100",
            "vlan_pool_dn": "uni/infra/vlanns-[access]-static"
          },
          "sensitive_attributes": [],
          "private": "eyJzY2hlbWFfdmVyc2lvbiI6IjEifQ==",
          "dependencies": [
            "data.aci_vlan_pool.VLAN_Pool_access"
          ]
        }
      ]
    },
    {
      "mode": "managed",
      "type": "aci_ranges",
      "name": "VLAN_Range_access_101",
      "provider": "provider[\"registry.terraform.io/ciscodevnet/aci\"]",
      "instances": [
        {
          "schema_version": 1,
          "attributes": {
            "alloc_mode": "inherit",
            "annotation": "orchestrator:terraform",
            "description": "",
            "from": "vlan-101",
            "id": "uni/infra/vlanns-[access]-static/from-[vlan-101]-to-[vlan-101]",
            "name_alias": "",
            "role": "external",
            "to": "vlan-101",
            "vlan_pool_dn": "uni/infra/vlanns-[access]-static"
          },
          "sensitive_attributes": [],
          "private": "eyJzY2hlbWFfdmVyc2lvbiI6IjEifQ==",
          "dependencies": [
            "data.aci_vlan_pool.VLAN_Pool_access"
          ]
        }
      ]
    },
    {
      "mode": "managed",
      "type": "aci_ranges",
      "name": "VLAN_Range_access_102",
      "provider": "provider[\"registry.terraform.io/ciscodevnet/aci\"]",
      "instances": [
        {
          "schema_version": 1,
          "attributes": {
            "alloc_mode": "inherit",
            "annotation": "orchestrator:terraform",
            "description": "",
            "from": "vlan-102",
            "id": "uni/infra/vlanns-[access]-static/from-[vlan-102]-to-[vlan-102]",
            "name_alias": "",
            "role": "external",
            "to": "vlan-102",
            "vlan_pool_dn": "uni/infra/vlanns-[access]-static"
          },
          "sensitive_attributes": [],
          "private": "eyJzY2hlbWFfdmVyc2lvbiI6IjEifQ==",
          "dependencies": [
            "data.aci_vlan_pool.VLAN_Pool_access"
          ]
        }
      ]
    },
    {
      "mode": "managed",
      "type": "aci_ranges",
      "name": "VLAN_Range_access_103",
      "provider": "provider[\"registry.terraform.io/ciscodevnet/aci\"]",
      "instances": [
        {
          "schema_version": 1,
          "attributes": {
            "alloc_mode": "inherit",
            "annotation": "orchestrator:terraform",
            "description": "",
            "from": "vlan-103",
            "id": "uni/infra/vlanns-[access]-static/from-[vlan-103]-to-[vlan-103]",
            "name_alias": "",
            "role": "external",
            "to": "vlan-103",
            "vlan_pool_dn": "uni/infra/vlanns-[access]-static"
          },
          "sensitive_attributes": [],
          "private": "eyJzY2hlbWFfdmVyc2lvbiI6IjEifQ==",
          "dependencies": [
            "data.aci_vlan_pool.VLAN_Pool_access"
          ]
        }
      ]
    },
    {
      "mode": "managed",
      "type": "aci_ranges",
      "name": "VLAN_Range_access_104",
      "provider": "provider[\"registry.terraform.io/ciscodevnet/aci\"]",
      "instances": [
        {
          "schema_version": 1,
          "attributes": {
            "alloc_mode": "inherit",
            "annotation": "orchestrator:terraform",
            "description": "",
            "from": "vlan-104",
            "id": "uni/infra/vlanns-[access]-static/from-[vlan-104]-to-[vlan-104]",
            "name_alias": "",
            "role": "external",
            "to": "vlan-104",
            "vlan_pool_dn": "uni/infra/vlanns-[access]-static"
          },
          "sensitive_attributes": [],
          "private": "eyJzY2hlbWFfdmVyc2lvbiI6IjEifQ==",
          "dependencies": [
            "data.aci_vlan_pool.VLAN_Pool_access"
          ]
        }
      ]
    },
    {
      "mode": "managed",
      "type": "aci_ranges",
      "name": "VLAN_Range_access_105",
      "provider": "provider[\"registry.terraform.io/ciscodevnet/aci\"]",
      "instances": [
        {
          "schema_version": 1,
          "attributes": {
            "alloc_mode": "inherit",
            "annotation": "orchestrator:terraform",
            "description": "",
            "from": "vlan-105",
            "id": "uni/infra/vlanns-[access]-static/from-[vlan-105]-to-[vlan-105]",
            "name_alias": "",
            "role": "external",
            "to": "vlan-105",
            "vlan_pool_dn": "uni/infra/vlanns-[access]-static"
          },
          "sensitive_attributes": [],
          "private": "eyJzY2hlbWFfdmVyc2lvbiI6IjEifQ==",
          "dependencies": [
            "data.aci_vlan_pool.VLAN_Pool_access"
          ]
        }
      ]
    },
    {
      "mode": "managed",
      "type": "aci_ranges",
      "name": "VLAN_Range_access_106",
      "provider": "provider[\"registry.terraform.io/ciscodevnet/aci\"]",
      "instances": [
        {
          "schema_version": 1,
          "attributes": {
            "alloc_mode": "inherit",
            "annotation": "orchestrator:terraform",
            "description": "",
            "from": "vlan-106",
            "id": "uni/infra/vlanns-[access]-static/from-[vlan-106]-to-[vlan-106]",
            "name_alias": "",
            "role": "external",
            "to": "vlan-106",
            "vlan_pool_dn": "uni/infra/vlanns-[access]-static"
          },
          "sensitive_attributes": [],
          "private": "eyJzY2hlbWFfdmVyc2lvbiI6IjEifQ==",
          "dependencies": [
            "data.aci_vlan_pool.VLAN_Pool_access"
          ]
        }
      ]
    },
    {
      "mode": "managed",
      "type": "aci_ranges",
      "name": "VLAN_Range_access_107",
      "provider": "provider[\"registry.terraform.io/ciscodevnet/aci\"]",
      "instances": [
        {
          "schema_version": 1,
          "attributes": {
            "alloc_mode": "inherit",
            "annotation": "orchestrator:terraform",
            "description": "",
            "from": "vlan-107",
            "id": "uni/infra/vlanns-[access]-static/from-[vlan-107]-to-[vlan-107]",
            "name_alias": "",
            "role": "external",
            "to": "vlan-107",
            "vlan_pool_dn": "uni/infra/vlanns-[access]-static"
          },
          "sensitive_attributes": [],
          "private": "eyJzY2hlbWFfdmVyc2lvbiI6IjEifQ==",
          "dependencies": [
            "data.aci_vlan_pool.VLAN_Pool_access"
          ]
        }
      ]
    },
    {
      "mode": "managed",
      "type": "aci_ranges",
      "name": "VLAN_Range_access_108",
      "provider": "provider[\"registry.terraform.io/ciscodevnet/aci\"]",
      "instances": [
        {
          "schema_version": 1,
          "attributes": {
            "alloc_mode": "inherit",
            "annotation": "orchestrator:terraform",
            "description": "",
            "from": "vlan-108",
            "id": "uni/infra/vlanns-[access]-static/from-[vlan-108]-to-[vlan-108]",
            "name_alias": "",
            "role": "external",
            "to": "vlan-108",
            "vlan_pool_dn": "uni/infra/vlanns-[access]-static"
          },
          "sensitive_attributes": [],
          "private": "eyJzY2hlbWFfdmVyc2lvbiI6IjEifQ==",
          "dependencies": [
            "data.aci_vlan_pool.VLAN_Pool_access"
          ]
        }
      ]
    },
    {
      "mode": "managed",
      "type": "aci_ranges",
      "name": "VLAN_Range_access_109",
      "provider": "provider[\"registry.terraform.io/ciscodevnet/aci\"]",
      "instances": [
        {
          "schema_version": 1,
          "attributes": {
            "alloc_mode": "inherit",
            "annotation": "orchestrator:terraform",
            "description": "",
            "from": "vlan-109",
            "id": "uni/infra/vlanns-[access]-static/from-[vlan-109]-to-[vlan-109]",
            "name_alias": "",
            "role": "external",
            "to": "vlan-109",
            "vlan_pool_dn": "uni/infra/vlanns-[access]-static"
          },
          "sensitive_attributes": [],
          "private": "eyJzY2hlbWFfdmVyc2lvbiI6IjEifQ==",
          "dependencies": [
            "data.aci_vlan_pool.VLAN_Pool_access"
          ]
        }
      ]
    },
    {
      "mode": "managed",
      "type": "aci_ranges",
      "name": "VLAN_Range_access_110",
      "provider": "provider[\"registry.terraform.io/ciscodevnet/aci\"]",
      "instances": [
        {
          "schema_version": 1,
          "attributes": {
            "alloc_mode": "inherit",
            "annotation": "orchestrator:terraform",
            "description": "",
            "from": "vlan-110",
            "id": "uni/infra/vlanns-[access]-static/from-[vlan-110]-to-[vlan-110]",
            "name_alias": "",
            "role": "external",
            "to": "vlan-110",
            "vlan_pool_dn": "uni/infra/vlanns-[access]-static"
          },
          "sensitive_attributes": [],
          "private": "eyJzY2hlbWFfdmVyc2lvbiI6IjEifQ==",
          "dependencies": [
            "data.aci_vlan_pool.VLAN_Pool_access"
          ]
        }
      ]
    },
    {
      "mode": "managed",
      "type": "aci_ranges",
      "name": "VLAN_Range_access_1100",
      "provider": "provider[\"registry.terraform.io/ciscodevnet/aci\"]",
      "instances": [
        {
          "schema_version": 1,
          "attributes": {
            "alloc_mode": "inherit",
            "annotation": "orchestrator:terraform",
            "description": "",
            "from": "vlan-1100",
            "id": "uni/infra/vlanns-[access]-static/from-[vlan-1100]-to-[vlan-1100]",
            "name_alias": "",
            "role": "external",
            "to": "vlan-1100",
            "vlan_pool_dn": "uni/infra/vlanns-[access]-static"
          },
          "sensitive_attributes": [],
          "private": "eyJzY2hlbWFfdmVyc2lvbiI6IjEifQ==",
          "dependencies": [
            "data.aci_vlan_pool.VLAN_Pool_access"
          ]
        }
      ]
    },
    {
      "mode": "managed",
      "type": "aci_ranges",
      "name": "VLAN_Range_access_1101",
      "provider": "provider[\"registry.terraform.io/ciscodevnet/aci\"]",
      "instances": [
        {
          "schema_version": 1,
          "attributes": {
            "alloc_mode": "inherit",
            "annotation": "orchestrator:terraform",
            "description": "",
            "from": "vlan-1101",
            "id": "uni/infra/vlanns-[access]-static/from-[vlan-1101]-to-[vlan-1101]",
            "name_alias": "",
            "role": "external",
            "to": "vlan-1101",
            "vlan_pool_dn": "uni/infra/vlanns-[access]-static"
          },
          "sensitive_attributes": [],
          "private": "eyJzY2hlbWFfdmVyc2lvbiI6IjEifQ==",
          "dependencies": [
            "data.aci_vlan_pool.VLAN_Pool_access"
          ]
        }
      ]
    },
    {
      "mode": "managed",
      "type": "aci_ranges",
      "name": "VLAN_Range_access_1102",
      "provider": "provider[\"registry.terraform.io/ciscodevnet/aci\"]",
      "instances": [
        {
          "schema_version": 1,
          "attributes": {
            "alloc_mode": "inherit",
            "annotation": "orchestrator:terraform",
            "description": "",
            "from": "vlan-1102",
            "id": "uni/infra/vlanns-[access]-static/from-[vlan-1102]-to-[vlan-1102]",
            "name_alias": "",
            "role": "external",
            "to": "vlan-1102",
            "vlan_pool_dn": "uni/infra/vlanns-[access]-static"
          },
          "sensitive_attributes": [],
          "private": "eyJzY2hlbWFfdmVyc2lvbiI6IjEifQ==",
          "dependencies": [
            "data.aci_vlan_pool.VLAN_Pool_access"
          ]
        }
      ]
    },
    {
      "mode": "managed",
      "type": "aci_ranges",
      "name": "VLAN_Range_access_1103",
      "provider": "provider[\"registry.terraform.io/ciscodevnet/aci\"]",
      "instances": [
        {
          "schema_version": 1,
          "attributes": {
            "alloc_mode": "inherit",
            "annotation": "orchestrator:terraform",
            "description": "",
            "from": "vlan-1103",
            "id": "uni/infra/vlanns-[access]-static/from-[vlan-1103]-to-[vlan-1103]",
            "name_alias": "",
            "role": "external",
            "to": "vlan-1103",
            "vlan_pool_dn": "uni/infra/vlanns-[access]-static"
          },
          "sensitive_attributes": [],
          "private": "eyJzY2hlbWFfdmVyc2lvbiI6IjEifQ==",
          "dependencies": [
            "data.aci_vlan_pool.VLAN_Pool_access"
          ]
        }
      ]
    },
    {
      "mode": "managed",
      "type": "aci_ranges",
      "name": "VLAN_Range_access_1104",
      "provider": "provider[\"registry.terraform.io/ciscodevnet/aci\"]",
      "instances": [
        {
          "schema_version": 1,
          "attributes": {
            "alloc_mode": "inherit",
            "annotation": "orchestrator:terraform",
            "description": "",
            "from": "vlan-1104",
            "id": "uni/infra/vlanns-[access]-static/from-[vlan-1104]-to-[vlan-1104]",
            "name_alias": "",
            "role": "external",
            "to": "vlan-1104",
            "vlan_pool_dn": "uni/infra/vlanns-[access]-static"
          },
          "sensitive_attributes": [],
          "private": "eyJzY2hlbWFfdmVyc2lvbiI6IjEifQ==",
          "dependencies": [
            "data.aci_vlan_pool.VLAN_Pool_access"
          ]
        }
      ]
    },
    {
      "mode": "managed",
      "type": "aci_ranges",
      "name": "VLAN_Range_access_1105",
      "provider": "provider[\"registry.terraform.io/ciscodevnet/aci\"]",
      "instances": [
        {
          "schema_version": 1,
          "attributes": {
            "alloc_mode": "inherit",
            "annotation": "orchestrator:terraform",
            "description": "",
            "from": "vlan-1105",
            "id": "uni/infra/vlanns-[access]-static/from-[vlan-1105]-to-[vlan-1105]",
            "name_alias": "",
            "role": "external",
            "to": "vlan-1105",
            "vlan_pool_dn": "uni/infra/vlanns-[access]-static"
          },
          "sensitive_attributes": [],
          "private": "eyJzY2hlbWFfdmVyc2lvbiI6IjEifQ==",
          "dependencies": [
            "data.aci_vlan_pool.VLAN_Pool_access"
          ]
        }
      ]
    },
    {
      "mode": "managed",
      "type": "aci_ranges",
      "name": "VLAN_Range_access_1106",
      "provider": "provider[\"registry.terraform.io/ciscodevnet/aci\"]",
      "instances": [
        {
          "schema_version": 1,
          "attributes": {
            "alloc_mode": "inherit",
            "annotation": "orchestrator:terraform",
            "description": "",
            "from": "vlan-1106",
            "id": "uni/infra/vlanns-[access]-static/from-[vlan-1106]-to-[vlan-1106]",
            "name_alias": "",
            "role": "external",
            "to": "vlan-1106",
            "vlan_pool_dn": "uni/infra/vlanns-[access]-static"
          },
          "sensitive_attributes": [],
          "private": "eyJzY2hlbWFfdmVyc2lvbiI6IjEifQ==",
          "dependencies": [
            "data.aci_vlan_pool.VLAN_Pool_access"
          ]
        }
      ]
    },
    {
      "mode": "managed",
      "type": "aci_ranges",
      "name": "VLAN_Range_access_1107",
      "provider": "provider[\"registry.terraform.io/ciscodevnet/aci\"]",
      "instances": [
        {
          "schema_version": 1,
          "attributes": {
            "alloc_mode": "inherit",
            "annotation": "orchestrator:terraform",
            "description": "",
            "from": "vlan-1107",
            "id": "uni/infra/vlanns-[access]-static/from-[vlan-1107]-to-[vlan-1107]",
            "name_alias": "",
            "role": "external",
            "to": "vlan-1107",
            "vlan_pool_dn": "uni/infra/vlanns-[access]-static"
          },
          "sensitive_attributes": [],
          "private": "eyJzY2hlbWFfdmVyc2lvbiI6IjEifQ==",
          "dependencies": [
            "data.aci_vlan_pool.VLAN_Pool_access"
          ]
        }
      ]
    },
    {
      "mode": "managed",
      "type": "aci_ranges",
      "name": "VLAN_Range_access_1108",
      "provider": "provider[\"registry.terraform.io/ciscodevnet/aci\"]",
      "instances": [
        {
          "schema_version": 1,
          "attributes": {
            "alloc_mode": "inherit",
            "annotation": "orchestrator:terraform",
            "description": "",
            "from": "vlan-1108",
            "id": "uni/infra/vlanns-[access]-static/from-[vlan-1108]-to-[vlan-1108]",
            "name_alias": "",
            "role": "external",
            "to": "vlan-1108",
            "vlan_pool_dn": "uni/infra/vlanns-[access]-static"
          },
          "sensitive_attributes": [],
          "private": "eyJzY2hlbWFfdmVyc2lvbiI6IjEifQ==",
          "dependencies": [
            "data.aci_vlan_pool.VLAN_Pool_access"
          ]
        }
      ]
    },
    {
      "mode": "managed",
      "type": "aci_ranges",
      "name": "VLAN_Range_access_1109",
      "provider": "provider[\"registry.terraform.io/ciscodevnet/aci\"]",
      "instances": [
        {
          "schema_version": 1,
          "attributes": {
            "alloc_mode": "inherit",
            "annotation": "orchestrator:terraform",
            "description": "",
            "from": "vlan-1109",
            "id": "uni/infra/vlanns-[access]-static/from-[vlan-1109]-to-[vlan-1109]",
            "name_alias": "",
            "role": "external",
            "to": "vlan-1109",
            "vlan_pool_dn": "uni/infra/vlanns-[access]-static"
          },
          "sensitive_attributes": [],
          "private": "eyJzY2hlbWFfdmVyc2lvbiI6IjEifQ==",
          "dependencies": [
            "data.aci_vlan_pool.VLAN_Pool_access"
          ]
        }
      ]
    },
    {
      "mode": "managed",
      "type": "aci_ranges",
      "name": "VLAN_Range_access_111",
      "provider": "provider[\"registry.terraform.io/ciscodevnet/aci\"]",
      "instances": [
        {
          "schema_version": 1,
          "attributes": {
            "alloc_mode": "inherit",
            "annotation": "orchestrator:terraform",
            "description": "",
            "from": "vlan-111",
            "id": "uni/infra/vlanns-[access]-static/from-[vlan-111]-to-[vlan-111]",
            "name_alias": "",
            "role": "external",
            "to": "vlan-111",
            "vlan_pool_dn": "uni/infra/vlanns-[access]-static"
          },
          "sensitive_attributes": [],
          "private": "eyJzY2hlbWFfdmVyc2lvbiI6IjEifQ==",
          "dependencies": [
            "data.aci_vlan_pool.VLAN_Pool_access"
          ]
        }
      ]
    },
    {
      "mode": "managed",
      "type": "aci_ranges",
      "name": "VLAN_Range_access_1110",
      "provider": "provider[\"registry.terraform.io/ciscodevnet/aci\"]",
      "instances": [
        {
          "schema_version": 1,
          "attributes": {
            "alloc_mode": "inherit",
            "annotation": "orchestrator:terraform",
            "description": "",
            "from": "vlan-1110",
            "id": "uni/infra/vlanns-[access]-static/from-[vlan-1110]-to-[vlan-1110]",
            "name_alias": "",
            "role": "external",
            "to": "vlan-1110",
            "vlan_pool_dn": "uni/infra/vlanns-[access]-static"
          },
          "sensitive_attributes": [],
          "private": "eyJzY2hlbWFfdmVyc2lvbiI6IjEifQ==",
          "dependencies": [
            "data.aci_vlan_pool.VLAN_Pool_access"
          ]
        }
      ]
    },
    {
      "mode": "managed",
      "type": "aci_ranges",
      "name": "VLAN_Range_access_1111",
      "provider": "provider[\"registry.terraform.io/ciscodevnet/aci\"]",
      "instances": [
        {
          "schema_version": 1,
          "attributes": {
            "alloc_mode": "inherit",
            "annotation": "orchestrator:terraform",
            "description": "",
            "from": "vlan-1111",
            "id": "uni/infra/vlanns-[access]-static/from-[vlan-1111]-to-[vlan-1111]",
            "name_alias": "",
            "role": "external",
            "to": "vlan-1111",
            "vlan_pool_dn": "uni/infra/vlanns-[access]-static"
          },
          "sensitive_attributes": [],
          "private": "eyJzY2hlbWFfdmVyc2lvbiI6IjEifQ==",
          "dependencies": [
            "data.aci_vlan_pool.VLAN_Pool_access"
          ]
        }
      ]
    },
    {
      "mode": "managed",
      "type": "aci_ranges",
      "name": "VLAN_Range_access_1112",
      "provider": "provider[\"registry.terraform.io/ciscodevnet/aci\"]",
      "instances": [
        {
          "schema_version": 1,
          "attributes": {
            "alloc_mode": "inherit",
            "annotation": "orchestrator:terraform",
            "description": "",
            "from": "vlan-1112",
            "id": "uni/infra/vlanns-[access]-static/from-[vlan-1112]-to-[vlan-1112]",
            "name_alias": "",
            "role": "external",
            "to": "vlan-1112",
            "vlan_pool_dn": "uni/infra/vlanns-[access]-static"
          },
          "sensitive_attributes": [],
          "private": "eyJzY2hlbWFfdmVyc2lvbiI6IjEifQ==",
          "dependencies": [
            "data.aci_vlan_pool.VLAN_Pool_access"
          ]
        }
      ]
    },
    {
      "mode": "managed",
      "type": "aci_ranges",
      "name": "VLAN_Range_access_1113",
      "provider": "provider[\"registry.terraform.io/ciscodevnet/aci\"]",
      "instances": [
        {
          "schema_version": 1,
          "attributes": {
            "alloc_mode": "inherit",
            "annotation": "orchestrator:terraform",
            "description": "",
            "from": "vlan-1113",
            "id": "uni/infra/vlanns-[access]-static/from-[vlan-1113]-to-[vlan-1113]",
            "name_alias": "",
            "role": "external",
            "to": "vlan-1113",
            "vlan_pool_dn": "uni/infra/vlanns-[access]-static"
          },
          "sensitive_attributes": [],
          "private": "eyJzY2hlbWFfdmVyc2lvbiI6IjEifQ==",
          "dependencies": [
            "data.aci_vlan_pool.VLAN_Pool_access"
          ]
        }
      ]
    },
    {
      "mode": "managed",
      "type": "aci_ranges",
      "name": "VLAN_Range_access_1114",
      "provider": "provider[\"registry.terraform.io/ciscodevnet/aci\"]",
      "instances": [
        {
          "schema_version": 1,
          "attributes": {
            "alloc_mode": "inherit",
            "annotation": "orchestrator:terraform",
            "description": "",
            "from": "vlan-1114",
            "id": "uni/infra/vlanns-[access]-static/from-[vlan-1114]-to-[vlan-1114]",
            "name_alias": "",
            "role": "external",
            "to": "vlan-1114",
            "vlan_pool_dn": "uni/infra/vlanns-[access]-static"
          },
          "sensitive_attributes": [],
          "private": "eyJzY2hlbWFfdmVyc2lvbiI6IjEifQ==",
          "dependencies": [
            "data.aci_vlan_pool.VLAN_Pool_access"
          ]
        }
      ]
    },
    {
      "mode": "managed",
      "type": "aci_ranges",
      "name": "VLAN_Range_access_1115",
      "provider": "provider[\"registry.terraform.io/ciscodevnet/aci\"]",
      "instances": [
        {
          "schema_version": 1,
          "attributes": {
            "alloc_mode": "inherit",
            "annotation": "orchestrator:terraform",
            "description": "",
            "from": "vlan-1115",
            "id": "uni/infra/vlanns-[access]-static/from-[vlan-1115]-to-[vlan-1115]",
            "name_alias": "",
            "role": "external",
            "to": "vlan-1115",
            "vlan_pool_dn": "uni/infra/vlanns-[access]-static"
          },
          "sensitive_attributes": [],
          "private": "eyJzY2hlbWFfdmVyc2lvbiI6IjEifQ==",
          "dependencies": [
            "data.aci_vlan_pool.VLAN_Pool_access"
          ]
        }
      ]
    },
    {
      "mode": "managed",
      "type": "aci_ranges",
      "name": "VLAN_Range_access_1116",
      "provider": "provider[\"registry.terraform.io/ciscodevnet/aci\"]",
      "instances": [
        {
          "schema_version": 1,
          "attributes": {
            "alloc_mode": "inherit",
            "annotation": "orchestrator:terraform",
            "description": "",
            "from": "vlan-1116",
            "id": "uni/infra/vlanns-[access]-static/from-[vlan-1116]-to-[vlan-1116]",
            "name_alias": "",
            "role": "external",
            "to": "vlan-1116",
            "vlan_pool_dn": "uni/infra/vlanns-[access]-static"
          },
          "sensitive_attributes": [],
          "private": "eyJzY2hlbWFfdmVyc2lvbiI6IjEifQ==",
          "dependencies": [
            "data.aci_vlan_pool.VLAN_Pool_access"
          ]
        }
      ]
    },
    {
      "mode": "managed",
      "type": "aci_ranges",
      "name": "VLAN_Range_access_1117",
      "provider": "provider[\"registry.terraform.io/ciscodevnet/aci\"]",
      "instances": [
        {
          "schema_version": 1,
          "attributes": {
            "alloc_mode": "inherit",
            "annotation": "orchestrator:terraform",
            "description": "",
            "from": "vlan-1117",
            "id": "uni/infra/vlanns-[access]-static/from-[vlan-1117]-to-[vlan-1117]",
            "name_alias": "",
            "role": "external",
            "to": "vlan-1117",
            "vlan_pool_dn": "uni/infra/vlanns-[access]-static"
          },
          "sensitive_attributes": [],
          "private": "eyJzY2hlbWFfdmVyc2lvbiI6IjEifQ==",
          "dependencies": [
            "data.aci_vlan_pool.VLAN_Pool_access"
          ]
        }
      ]
    },
    {
      "mode": "managed",
      "type": "aci_ranges",
      "name": "VLAN_Range_access_1118",
      "provider": "provider[\"registry.terraform.io/ciscodevnet/aci\"]",
      "instances": [
        {
          "schema_version": 1,
          "attributes": {
            "alloc_mode": "inherit",
            "annotation": "orchestrator:terraform",
            "description": "",
            "from": "vlan-1118",
            "id": "uni/infra/vlanns-[access]-static/from-[vlan-1118]-to-[vlan-1118]",
            "name_alias": "",
            "role": "external",
            "to": "vlan-1118",
            "vlan_pool_dn": "uni/infra/vlanns-[access]-static"
          },
          "sensitive_attributes": [],
          "private": "eyJzY2hlbWFfdmVyc2lvbiI6IjEifQ==",
          "dependencies": [
            "data.aci_vlan_pool.VLAN_Pool_access"
          ]
        }
      ]
    },
    {
      "mode": "managed",
      "type": "aci_ranges",
      "name": "VLAN_Range_access_1119",
      "provider": "provider[\"registry.terraform.io/ciscodevnet/aci\"]",
      "instances": [
        {
          "schema_version": 1,
          "attributes": {
            "alloc_mode": "inherit",
            "annotation": "orchestrator:terraform",
            "description": "",
            "from": "vlan-1119",
            "id": "uni/infra/vlanns-[access]-static/from-[vlan-1119]-to-[vlan-1119]",
            "name_alias": "",
            "role": "external",
            "to": "vlan-1119",
            "vlan_pool_dn": "uni/infra/vlanns-[access]-static"
          },
          "sensitive_attributes": [],
          "private": "eyJzY2hlbWFfdmVyc2lvbiI6IjEifQ==",
          "dependencies": [
            "data.aci_vlan_pool.VLAN_Pool_access"
          ]
        }
      ]
    },
    {
      "mode": "managed",
      "type": "aci_ranges",
      "name": "VLAN_Range_access_112",
      "provider": "provider[\"registry.terraform.io/ciscodevnet/aci\"]",
      "instances": [
        {
          "schema_version": 1,
          "attributes": {
            "alloc_mode": "inherit",
            "annotation": "orchestrator:terraform",
            "description": "",
            "from": "vlan-112",
            "id": "uni/infra/vlanns-[access]-static/from-[vlan-112]-to-[vlan-112]",
            "name_alias": "",
            "role": "external",
            "to": "vlan-112",
            "vlan_pool_dn": "uni/infra/vlanns-[access]-static"
          },
          "sensitive_attributes": [],
          "private": "eyJzY2hlbWFfdmVyc2lvbiI6IjEifQ==",
          "dependencies": [
            "data.aci_vlan_pool.VLAN_Pool_access"
          ]
        }
      ]
    },
    {
      "mode": "managed",
      "type": "aci_ranges",
      "name": "VLAN_Range_access_1120",
      "provider": "provider[\"registry.terraform.io/ciscodevnet/aci\"]",
      "instances": [
        {
          "schema_version": 1,
          "attributes": {
            "alloc_mode": "inherit",
            "annotation": "orchestrator:terraform",
            "description": "",
            "from": "vlan-1120",
            "id": "uni/infra/vlanns-[access]-static/from-[vlan-1120]-to-[vlan-1120]",
            "name_alias": "",
            "role": "external",
            "to": "vlan-1120",
            "vlan_pool_dn": "uni/infra/vlanns-[access]-static"
          },
          "sensitive_attributes": [],
          "private": "eyJzY2hlbWFfdmVyc2lvbiI6IjEifQ==",
          "dependencies": [
            "data.aci_vlan_pool.VLAN_Pool_access"
          ]
        }
      ]
    },
    {
      "mode": "managed",
      "type": "aci_ranges",
      "name": "VLAN_Range_access_1121",
      "provider": "provider[\"registry.terraform.io/ciscodevnet/aci\"]",
      "instances": [
        {
          "schema_version": 1,
          "attributes": {
            "alloc_mode": "inherit",
            "annotation": "orchestrator:terraform",
            "description": "",
            "from": "vlan-1121",
            "id": "uni/infra/vlanns-[access]-static/from-[vlan-1121]-to-[vlan-1121]",
            "name_alias": "",
            "role": "external",
            "to": "vlan-1121",
            "vlan_pool_dn": "uni/infra/vlanns-[access]-static"
          },
          "sensitive_attributes": [],
          "private": "eyJzY2hlbWFfdmVyc2lvbiI6IjEifQ==",
          "dependencies": [
            "data.aci_vlan_pool.VLAN_Pool_access"
          ]
        }
      ]
    },
    {
      "mode": "managed",
      "type": "aci_ranges",
      "name": "VLAN_Range_access_1122",
      "provider": "provider[\"registry.terraform.io/ciscodevnet/aci\"]",
      "instances": [
        {
          "schema_version": 1,
          "attributes": {
            "alloc_mode": "inherit",
            "annotation": "orchestrator:terraform",
            "description": "",
            "from": "vlan-1122",
            "id": "uni/infra/vlanns-[access]-static/from-[vlan-1122]-to-[vlan-1122]",
            "name_alias": "",
            "role": "external",
            "to": "vlan-1122",
            "vlan_pool_dn": "uni/infra/vlanns-[access]-static"
          },
          "sensitive_attributes": [],
          "private": "eyJzY2hlbWFfdmVyc2lvbiI6IjEifQ==",
          "dependencies": [
            "data.aci_vlan_pool.VLAN_Pool_access"
          ]
        }
      ]
    },
    {
      "mode": "managed",
      "type": "aci_ranges",
      "name": "VLAN_Range_access_1123",
      "provider": "provider[\"registry.terraform.io/ciscodevnet/aci\"]",
      "instances": [
        {
          "schema_version": 1,
          "attributes": {
            "alloc_mode": "inherit",
            "annotation": "orchestrator:terraform",
            "description": "",
            "from": "vlan-1123",
            "id": "uni/infra/vlanns-[access]-static/from-[vlan-1123]-to-[vlan-1123]",
            "name_alias": "",
            "role": "external",
            "to": "vlan-1123",
            "vlan_pool_dn": "uni/infra/vlanns-[access]-static"
          },
          "sensitive_attributes": [],
          "private": "eyJzY2hlbWFfdmVyc2lvbiI6IjEifQ==",
          "dependencies": [
            "data.aci_vlan_pool.VLAN_Pool_access"
          ]
        }
      ]
    },
    {
      "mode": "managed",
      "type": "aci_ranges",
      "name": "VLAN_Range_access_1124",
      "provider": "provider[\"registry.terraform.io/ciscodevnet/aci\"]",
      "instances": [
        {
          "schema_version": 1,
          "attributes": {
            "alloc_mode": "inherit",
            "annotation": "orchestrator:terraform",
            "description": "",
            "from": "vlan-1124",
            "id": "uni/infra/vlanns-[access]-static/from-[vlan-1124]-to-[vlan-1124]",
            "name_alias": "",
            "role": "external",
            "to": "vlan-1124",
            "vlan_pool_dn": "uni/infra/vlanns-[access]-static"
          },
          "sensitive_attributes": [],
          "private": "eyJzY2hlbWFfdmVyc2lvbiI6IjEifQ==",
          "dependencies": [
            "data.aci_vlan_pool.VLAN_Pool_access"
          ]
        }
      ]
    },
    {
      "mode": "managed",
      "type": "aci_ranges",
      "name": "VLAN_Range_access_1125",
      "provider": "provider[\"registry.terraform.io/ciscodevnet/aci\"]",
      "instances": [
        {
          "schema_version": 1,
          "attributes": {
            "alloc_mode": "inherit",
            "annotation": "orchestrator:terraform",
            "description": "",
            "from": "vlan-1125",
            "id": "uni/infra/vlanns-[access]-static/from-[vlan-1125]-to-[vlan-1125]",
            "name_alias": "",
            "role": "external",
            "to": "vlan-1125",
            "vlan_pool_dn": "uni/infra/vlanns-[access]-static"
          },
          "sensitive_attributes": [],
          "private": "eyJzY2hlbWFfdmVyc2lvbiI6IjEifQ==",
          "dependencies": [
            "data.aci_vlan_pool.VLAN_Pool_access"
          ]
        }
      ]
    },
    {
      "mode": "managed",
      "type": "aci_ranges",
      "name": "VLAN_Range_access_1126",
      "provider": "provider[\"registry.terraform.io/ciscodevnet/aci\"]",
      "instances": [
        {
          "schema_version": 1,
          "attributes": {
            "alloc_mode": "inherit",
            "annotation": "orchestrator:terraform",
            "description": "",
            "from": "vlan-1126",
            "id": "uni/infra/vlanns-[access]-static/from-[vlan-1126]-to-[vlan-1126]",
            "name_alias": "",
            "role": "external",
            "to": "vlan-1126",
            "vlan_pool_dn": "uni/infra/vlanns-[access]-static"
          },
          "sensitive_attributes": [],
          "private": "eyJzY2hlbWFfdmVyc2lvbiI6IjEifQ==",
          "dependencies": [
            "data.aci_vlan_pool.VLAN_Pool_access"
          ]
        }
      ]
    },
    {
      "mode": "managed",
      "type": "aci_ranges",
      "name": "VLAN_Range_access_1127",
      "provider": "provider[\"registry.terraform.io/ciscodevnet/aci\"]",
      "instances": [
        {
          "schema_version": 1,
          "attributes": {
            "alloc_mode": "inherit",
            "annotation": "orchestrator:terraform",
            "description": "",
            "from": "vlan-1127",
            "id": "uni/infra/vlanns-[access]-static/from-[vlan-1127]-to-[vlan-1127]",
            "name_alias": "",
            "role": "external",
            "to": "vlan-1127",
            "vlan_pool_dn": "uni/infra/vlanns-[access]-static"
          },
          "sensitive_attributes": [],
          "private": "eyJzY2hlbWFfdmVyc2lvbiI6IjEifQ==",
          "dependencies": [
            "data.aci_vlan_pool.VLAN_Pool_access"
          ]
        }
      ]
    },
    {
      "mode": "managed",
      "type": "aci_ranges",
      "name": "VLAN_Range_access_1128",
      "provider": "provider[\"registry.terraform.io/ciscodevnet/aci\"]",
      "instances": [
        {
          "schema_version": 1,
          "attributes": {
            "alloc_mode": "inherit",
            "annotation": "orchestrator:terraform",
            "description": "",
            "from": "vlan-1128",
            "id": "uni/infra/vlanns-[access]-static/from-[vlan-1128]-to-[vlan-1128]",
            "name_alias": "",
            "role": "external",
            "to": "vlan-1128",
            "vlan_pool_dn": "uni/infra/vlanns-[access]-static"
          },
          "sensitive_attributes": [],
          "private": "eyJzY2hlbWFfdmVyc2lvbiI6IjEifQ==",
          "dependencies": [
            "data.aci_vlan_pool.VLAN_Pool_access"
          ]
        }
      ]
    },
    {
      "mode": "managed",
      "type": "aci_ranges",
      "name": "VLAN_Range_access_1129",
      "provider": "provider[\"registry.terraform.io/ciscodevnet/aci\"]",
      "instances": [
        {
          "schema_version": 1,
          "attributes": {
            "alloc_mode": "inherit",
            "annotation": "orchestrator:terraform",
            "description": "",
            "from": "vlan-1129",
            "id": "uni/infra/vlanns-[access]-static/from-[vlan-1129]-to-[vlan-1129]",
            "name_alias": "",
            "role": "external",
            "to": "vlan-1129",
            "vlan_pool_dn": "uni/infra/vlanns-[access]-static"
          },
          "sensitive_attributes": [],
          "private": "eyJzY2hlbWFfdmVyc2lvbiI6IjEifQ==",
          "dependencies": [
            "data.aci_vlan_pool.VLAN_Pool_access"
          ]
        }
      ]
    },
    {
      "mode": "managed",
      "type": "aci_ranges",
      "name": "VLAN_Range_access_113",
      "provider": "provider[\"registry.terraform.io/ciscodevnet/aci\"]",
      "instances": [
        {
          "schema_version": 1,
          "attributes": {
            "alloc_mode": "inherit",
            "annotation": "orchestrator:terraform",
            "description": "",
            "from": "vlan-113",
            "id": "uni/infra/vlanns-[access]-static/from-[vlan-113]-to-[vlan-113]",
            "name_alias": "",
            "role": "external",
            "to": "vlan-113",
            "vlan_pool_dn": "uni/infra/vlanns-[access]-static"
          },
          "sensitive_attributes": [],
          "private": "eyJzY2hlbWFfdmVyc2lvbiI6IjEifQ==",
          "dependencies": [
            "data.aci_vlan_pool.VLAN_Pool_access"
          ]
        }
      ]
    },
    {
      "mode": "managed",
      "type": "aci_ranges",
      "name": "VLAN_Range_access_1130",
      "provider": "provider[\"registry.terraform.io/ciscodevnet/aci\"]",
      "instances": [
        {
          "schema_version": 1,
          "attributes": {
            "alloc_mode": "inherit",
            "annotation": "orchestrator:terraform",
            "description": "",
            "from": "vlan-1130",
            "id": "uni/infra/vlanns-[access]-static/from-[vlan-1130]-to-[vlan-1130]",
            "name_alias": "",
            "role": "external",
            "to": "vlan-1130",
            "vlan_pool_dn": "uni/infra/vlanns-[access]-static"
          },
          "sensitive_attributes": [],
          "private": "eyJzY2hlbWFfdmVyc2lvbiI6IjEifQ==",
          "dependencies": [
            "data.aci_vlan_pool.VLAN_Pool_access"
          ]
        }
      ]
    },
    {
      "mode": "managed",
      "type": "aci_ranges",
      "name": "VLAN_Range_access_1131",
      "provider": "provider[\"registry.terraform.io/ciscodevnet/aci\"]",
      "instances": [
        {
          "schema_version": 1,
          "attributes": {
            "alloc_mode": "inherit",
            "annotation": "orchestrator:terraform",
            "description": "",
            "from": "vlan-1131",
            "id": "uni/infra/vlanns-[access]-static/from-[vlan-1131]-to-[vlan-1131]",
            "name_alias": "",
            "role": "external",
            "to": "vlan-1131",
            "vlan_pool_dn": "uni/infra/vlanns-[access]-static"
          },
          "sensitive_attributes": [],
          "private": "eyJzY2hlbWFfdmVyc2lvbiI6IjEifQ==",
          "dependencies": [
            "data.aci_vlan_pool.VLAN_Pool_access"
          ]
        }
      ]
    },
    {
      "mode": "managed",
      "type": "aci_ranges",
      "name": "VLAN_Range_access_1132",
      "provider": "provider[\"registry.terraform.io/ciscodevnet/aci\"]",
      "instances": [
        {
          "schema_version": 1,
          "attributes": {
            "alloc_mode": "inherit",
            "annotation": "orchestrator:terraform",
            "description": "",
            "from": "vlan-1132",
            "id": "uni/infra/vlanns-[access]-static/from-[vlan-1132]-to-[vlan-1132]",
            "name_alias": "",
            "role": "external",
            "to": "vlan-1132",
            "vlan_pool_dn": "uni/infra/vlanns-[access]-static"
          },
          "sensitive_attributes": [],
          "private": "eyJzY2hlbWFfdmVyc2lvbiI6IjEifQ==",
          "dependencies": [
            "data.aci_vlan_pool.VLAN_Pool_access"
          ]
        }
      ]
    },
    {
      "mode": "managed",
      "type": "aci_ranges",
      "name": "VLAN_Range_access_1133",
      "provider": "provider[\"registry.terraform.io/ciscodevnet/aci\"]",
      "instances": [
        {
          "schema_version": 1,
          "attributes": {
            "alloc_mode": "inherit",
            "annotation": "orchestrator:terraform",
            "description": "",
            "from": "vlan-1133",
            "id": "uni/infra/vlanns-[access]-static/from-[vlan-1133]-to-[vlan-1133]",
            "name_alias": "",
            "role": "external",
            "to": "vlan-1133",
            "vlan_pool_dn": "uni/infra/vlanns-[access]-static"
          },
          "sensitive_attributes": [],
          "private": "eyJzY2hlbWFfdmVyc2lvbiI6IjEifQ==",
          "dependencies": [
            "data.aci_vlan_pool.VLAN_Pool_access"
          ]
        }
      ]
    },
    {
      "mode": "managed",
      "type": "aci_ranges",
      "name": "VLAN_Range_access_1134",
      "provider": "provider[\"registry.terraform.io/ciscodevnet/aci\"]",
      "instances": [
        {
          "schema_version": 1,
          "attributes": {
            "alloc_mode": "inherit",
            "annotation": "orchestrator:terraform",
            "description": "",
            "from": "vlan-1134",
            "id": "uni/infra/vlanns-[access]-static/from-[vlan-1134]-to-[vlan-1134]",
            "name_alias": "",
            "role": "external",
            "to": "vlan-1134",
            "vlan_pool_dn": "uni/infra/vlanns-[access]-static"
          },
          "sensitive_attributes": [],
          "private": "eyJzY2hlbWFfdmVyc2lvbiI6IjEifQ==",
          "dependencies": [
            "data.aci_vlan_pool.VLAN_Pool_access"
          ]
        }
      ]
    },
    {
      "mode": "managed",
      "type": "aci_ranges",
      "name": "VLAN_Range_access_1135",
      "provider": "provider[\"registry.terraform.io/ciscodevnet/aci\"]",
      "instances": [
        {
          "schema_version": 1,
          "attributes": {
            "alloc_mode": "inherit",
            "annotation": "orchestrator:terraform",
            "description": "",
            "from": "vlan-1135",
            "id": "uni/infra/vlanns-[access]-static/from-[vlan-1135]-to-[vlan-1135]",
            "name_alias": "",
            "role": "external",
            "to": "vlan-1135",
            "vlan_pool_dn": "uni/infra/vlanns-[access]-static"
          },
          "sensitive_attributes": [],
          "private": "eyJzY2hlbWFfdmVyc2lvbiI6IjEifQ==",
          "dependencies": [
            "data.aci_vlan_pool.VLAN_Pool_access"
          ]
        }
      ]
    },
    {
      "mode": "managed",
      "type": "aci_ranges",
      "name": "VLAN_Range_access_1136",
      "provider": "provider[\"registry.terraform.io/ciscodevnet/aci\"]",
      "instances": [
        {
          "schema_version": 1,
          "attributes": {
            "alloc_mode": "inherit",
            "annotation": "orchestrator:terraform",
            "description": "",
            "from": "vlan-1136",
            "id": "uni/infra/vlanns-[access]-static/from-[vlan-1136]-to-[vlan-1136]",
            "name_alias": "",
            "role": "external",
            "to": "vlan-1136",
            "vlan_pool_dn": "uni/infra/vlanns-[access]-static"
          },
          "sensitive_attributes": [],
          "private": "eyJzY2hlbWFfdmVyc2lvbiI6IjEifQ==",
          "dependencies": [
            "data.aci_vlan_pool.VLAN_Pool_access"
          ]
        }
      ]
    },
    {
      "mode": "managed",
      "type": "aci_ranges",
      "name": "VLAN_Range_access_1137",
      "provider": "provider[\"registry.terraform.io/ciscodevnet/aci\"]",
      "instances": [
        {
          "schema_version": 1,
          "attributes": {
            "alloc_mode": "inherit",
            "annotation": "orchestrator:terraform",
            "description": "",
            "from": "vlan-1137",
            "id": "uni/infra/vlanns-[access]-static/from-[vlan-1137]-to-[vlan-1137]",
            "name_alias": "",
            "role": "external",
            "to": "vlan-1137",
            "vlan_pool_dn": "uni/infra/vlanns-[access]-static"
          },
          "sensitive_attributes": [],
          "private": "eyJzY2hlbWFfdmVyc2lvbiI6IjEifQ==",
          "dependencies": [
            "data.aci_vlan_pool.VLAN_Pool_access"
          ]
        }
      ]
    },
    {
      "mode": "managed",
      "type": "aci_ranges",
      "name": "VLAN_Range_access_1138",
      "provider": "provider[\"registry.terraform.io/ciscodevnet/aci\"]",
      "instances": [
        {
          "schema_version": 1,
          "attributes": {
            "alloc_mode": "inherit",
            "annotation": "orchestrator:terraform",
            "description": "",
            "from": "vlan-1138",
            "id": "uni/infra/vlanns-[access]-static/from-[vlan-1138]-to-[vlan-1138]",
            "name_alias": "",
            "role": "external",
            "to": "vlan-1138",
            "vlan_pool_dn": "uni/infra/vlanns-[access]-static"
          },
          "sensitive_attributes": [],
          "private": "eyJzY2hlbWFfdmVyc2lvbiI6IjEifQ==",
          "dependencies": [
            "data.aci_vlan_pool.VLAN_Pool_access"
          ]
        }
      ]
    },
    {
      "mode": "managed",
      "type": "aci_ranges",
      "name": "VLAN_Range_access_1139",
      "provider": "provider[\"registry.terraform.io/ciscodevnet/aci\"]",
      "instances": [
        {
          "schema_version": 1,
          "attributes": {
            "alloc_mode": "inherit",
            "annotation": "orchestrator:terraform",
            "description": "",
            "from": "vlan-1139",
            "id": "uni/infra/vlanns-[access]-static/from-[vlan-1139]-to-[vlan-1139]",
            "name_alias": "",
            "role": "external",
            "to": "vlan-1139",
            "vlan_pool_dn": "uni/infra/vlanns-[access]-static"
          },
          "sensitive_attributes": [],
          "private": "eyJzY2hlbWFfdmVyc2lvbiI6IjEifQ==",
          "dependencies": [
            "data.aci_vlan_pool.VLAN_Pool_access"
          ]
        }
      ]
    },
    {
      "mode": "managed",
      "type": "aci_ranges",
      "name": "VLAN_Range_access_114",
      "provider": "provider[\"registry.terraform.io/ciscodevnet/aci\"]",
      "instances": [
        {
          "schema_version": 1,
          "attributes": {
            "alloc_mode": "inherit",
            "annotation": "orchestrator:terraform",
            "description": "",
            "from": "vlan-114",
            "id": "uni/infra/vlanns-[access]-static/from-[vlan-114]-to-[vlan-114]",
            "name_alias": "",
            "role": "external",
            "to": "vlan-114",
            "vlan_pool_dn": "uni/infra/vlanns-[access]-static"
          },
          "sensitive_attributes": [],
          "private": "eyJzY2hlbWFfdmVyc2lvbiI6IjEifQ==",
          "dependencies": [
            "data.aci_vlan_pool.VLAN_Pool_access"
          ]
        }
      ]
    },
    {
      "mode": "managed",
      "type": "aci_ranges",
      "name": "VLAN_Range_access_1140",
      "provider": "provider[\"registry.terraform.io/ciscodevnet/aci\"]",
      "instances": [
        {
          "schema_version": 1,
          "attributes": {
            "alloc_mode": "inherit",
            "annotation": "orchestrator:terraform",
            "description": "",
            "from": "vlan-1140",
            "id": "uni/infra/vlanns-[access]-static/from-[vlan-1140]-to-[vlan-1140]",
            "name_alias": "",
            "role": "external",
            "to": "vlan-1140",
            "vlan_pool_dn": "uni/infra/vlanns-[access]-static"
          },
          "sensitive_attributes": [],
          "private": "eyJzY2hlbWFfdmVyc2lvbiI6IjEifQ==",
          "dependencies": [
            "data.aci_vlan_pool.VLAN_Pool_access"
          ]
        }
      ]
    },
    {
      "mode": "managed",
      "type": "aci_ranges",
      "name": "VLAN_Range_access_1141",
      "provider": "provider[\"registry.terraform.io/ciscodevnet/aci\"]",
      "instances": [
        {
          "schema_version": 1,
          "attributes": {
            "alloc_mode": "inherit",
            "annotation": "orchestrator:terraform",
            "description": "",
            "from": "vlan-1141",
            "id": "uni/infra/vlanns-[access]-static/from-[vlan-1141]-to-[vlan-1141]",
            "name_alias": "",
            "role": "external",
            "to": "vlan-1141",
            "vlan_pool_dn": "uni/infra/vlanns-[access]-static"
          },
          "sensitive_attributes": [],
          "private": "eyJzY2hlbWFfdmVyc2lvbiI6IjEifQ==",
          "dependencies": [
            "data.aci_vlan_pool.VLAN_Pool_access"
          ]
        }
      ]
    },
    {
      "mode": "managed",
      "type": "aci_ranges",
      "name": "VLAN_Range_access_1142",
      "provider": "provider[\"registry.terraform.io/ciscodevnet/aci\"]",
      "instances": [
        {
          "schema_version": 1,
          "attributes": {
            "alloc_mode": "inherit",
            "annotation": "orchestrator:terraform",
            "description": "",
            "from": "vlan-1142",
            "id": "uni/infra/vlanns-[access]-static/from-[vlan-1142]-to-[vlan-1142]",
            "name_alias": "",
            "role": "external",
            "to": "vlan-1142",
            "vlan_pool_dn": "uni/infra/vlanns-[access]-static"
          },
          "sensitive_attributes": [],
          "private": "eyJzY2hlbWFfdmVyc2lvbiI6IjEifQ==",
          "dependencies": [
            "data.aci_vlan_pool.VLAN_Pool_access"
          ]
        }
      ]
    },
    {
      "mode": "managed",
      "type": "aci_ranges",
      "name": "VLAN_Range_access_1143",
      "provider": "provider[\"registry.terraform.io/ciscodevnet/aci\"]",
      "instances": [
        {
          "schema_version": 1,
          "attributes": {
            "alloc_mode": "inherit",
            "annotation": "orchestrator:terraform",
            "description": "",
            "from": "vlan-1143",
            "id": "uni/infra/vlanns-[access]-static/from-[vlan-1143]-to-[vlan-1143]",
            "name_alias": "",
            "role": "external",
            "to": "vlan-1143",
            "vlan_pool_dn": "uni/infra/vlanns-[access]-static"
          },
          "sensitive_attributes": [],
          "private": "eyJzY2hlbWFfdmVyc2lvbiI6IjEifQ==",
          "dependencies": [
            "data.aci_vlan_pool.VLAN_Pool_access"
          ]
        }
      ]
    },
    {
      "mode": "managed",
      "type": "aci_ranges",
      "name": "VLAN_Range_access_1144",
      "provider": "provider[\"registry.terraform.io/ciscodevnet/aci\"]",
      "instances": [
        {
          "schema_version": 1,
          "attributes": {
            "alloc_mode": "inherit",
            "annotation": "orchestrator:terraform",
            "description": "",
            "from": "vlan-1144",
            "id": "uni/infra/vlanns-[access]-static/from-[vlan-1144]-to-[vlan-1144]",
            "name_alias": "",
            "role": "external",
            "to": "vlan-1144",
            "vlan_pool_dn": "uni/infra/vlanns-[access]-static"
          },
          "sensitive_attributes": [],
          "private": "eyJzY2hlbWFfdmVyc2lvbiI6IjEifQ==",
          "dependencies": [
            "data.aci_vlan_pool.VLAN_Pool_access"
          ]
        }
      ]
    },
    {
      "mode": "managed",
      "type": "aci_ranges",
      "name": "VLAN_Range_access_1145",
      "provider": "provider[\"registry.terraform.io/ciscodevnet/aci\"]",
      "instances": [
        {
          "schema_version": 1,
          "attributes": {
            "alloc_mode": "inherit",
            "annotation": "orchestrator:terraform",
            "description": "",
            "from": "vlan-1145",
            "id": "uni/infra/vlanns-[access]-static/from-[vlan-1145]-to-[vlan-1145]",
            "name_alias": "",
            "role": "external",
            "to": "vlan-1145",
            "vlan_pool_dn": "uni/infra/vlanns-[access]-static"
          },
          "sensitive_attributes": [],
          "private": "eyJzY2hlbWFfdmVyc2lvbiI6IjEifQ==",
          "dependencies": [
            "data.aci_vlan_pool.VLAN_Pool_access"
          ]
        }
      ]
    },
    {
      "mode": "managed",
      "type": "aci_ranges",
      "name": "VLAN_Range_access_1146",
      "provider": "provider[\"registry.terraform.io/ciscodevnet/aci\"]",
      "instances": [
        {
          "schema_version": 1,
          "attributes": {
            "alloc_mode": "inherit",
            "annotation": "orchestrator:terraform",
            "description": "",
            "from": "vlan-1146",
            "id": "uni/infra/vlanns-[access]-static/from-[vlan-1146]-to-[vlan-1146]",
            "name_alias": "",
            "role": "external",
            "to": "vlan-1146",
            "vlan_pool_dn": "uni/infra/vlanns-[access]-static"
          },
          "sensitive_attributes": [],
          "private": "eyJzY2hlbWFfdmVyc2lvbiI6IjEifQ==",
          "dependencies": [
            "data.aci_vlan_pool.VLAN_Pool_access"
          ]
        }
      ]
    },
    {
      "mode": "managed",
      "type": "aci_ranges",
      "name": "VLAN_Range_access_1147",
      "provider": "provider[\"registry.terraform.io/ciscodevnet/aci\"]",
      "instances": [
        {
          "schema_version": 1,
          "attributes": {
            "alloc_mode": "inherit",
            "annotation": "orchestrator:terraform",
            "description": "",
            "from": "vlan-1147",
            "id": "uni/infra/vlanns-[access]-static/from-[vlan-1147]-to-[vlan-1147]",
            "name_alias": "",
            "role": "external",
            "to": "vlan-1147",
            "vlan_pool_dn": "uni/infra/vlanns-[access]-static"
          },
          "sensitive_attributes": [],
          "private": "eyJzY2hlbWFfdmVyc2lvbiI6IjEifQ==",
          "dependencies": [
            "data.aci_vlan_pool.VLAN_Pool_access"
          ]
        }
      ]
    },
    {
      "mode": "managed",
      "type": "aci_ranges",
      "name": "VLAN_Range_access_1148",
      "provider": "provider[\"registry.terraform.io/ciscodevnet/aci\"]",
      "instances": [
        {
          "schema_version": 1,
          "attributes": {
            "alloc_mode": "inherit",
            "annotation": "orchestrator:terraform",
            "description": "",
            "from": "vlan-1148",
            "id": "uni/infra/vlanns-[access]-static/from-[vlan-1148]-to-[vlan-1148]",
            "name_alias": "",
            "role": "external",
            "to": "vlan-1148",
            "vlan_pool_dn": "uni/infra/vlanns-[access]-static"
          },
          "sensitive_attributes": [],
          "private": "eyJzY2hlbWFfdmVyc2lvbiI6IjEifQ==",
          "dependencies": [
            "data.aci_vlan_pool.VLAN_Pool_access"
          ]
        }
      ]
    },
    {
      "mode": "managed",
      "type": "aci_ranges",
      "name": "VLAN_Range_access_1149",
      "provider": "provider[\"registry.terraform.io/ciscodevnet/aci\"]",
      "instances": [
        {
          "schema_version": 1,
          "attributes": {
            "alloc_mode": "inherit",
            "annotation": "orchestrator:terraform",
            "description": "",
            "from": "vlan-1149",
            "id": "uni/infra/vlanns-[access]-static/from-[vlan-1149]-to-[vlan-1149]",
            "name_alias": "",
            "role": "external",
            "to": "vlan-1149",
            "vlan_pool_dn": "uni/infra/vlanns-[access]-static"
          },
          "sensitive_attributes": [],
          "private": "eyJzY2hlbWFfdmVyc2lvbiI6IjEifQ==",
          "dependencies": [
            "data.aci_vlan_pool.VLAN_Pool_access"
          ]
        }
      ]
    },
    {
      "mode": "managed",
      "type": "aci_ranges",
      "name": "VLAN_Range_access_115",
      "provider": "provider[\"registry.terraform.io/ciscodevnet/aci\"]",
      "instances": [
        {
          "schema_version": 1,
          "attributes": {
            "alloc_mode": "inherit",
            "annotation": "orchestrator:terraform",
            "description": "",
            "from": "vlan-115",
            "id": "uni/infra/vlanns-[access]-static/from-[vlan-115]-to-[vlan-115]",
            "name_alias": "",
            "role": "external",
            "to": "vlan-115",
            "vlan_pool_dn": "uni/infra/vlanns-[access]-static"
          },
          "sensitive_attributes": [],
          "private": "eyJzY2hlbWFfdmVyc2lvbiI6IjEifQ==",
          "dependencies": [
            "data.aci_vlan_pool.VLAN_Pool_access"
          ]
        }
      ]
    },
    {
      "mode": "managed",
      "type": "aci_ranges",
      "name": "VLAN_Range_access_1150",
      "provider": "provider[\"registry.terraform.io/ciscodevnet/aci\"]",
      "instances": [
        {
          "schema_version": 1,
          "attributes": {
            "alloc_mode": "inherit",
            "annotation": "orchestrator:terraform",
            "description": "",
            "from": "vlan-1150",
            "id": "uni/infra/vlanns-[access]-static/from-[vlan-1150]-to-[vlan-1150]",
            "name_alias": "",
            "role": "external",
            "to": "vlan-1150",
            "vlan_pool_dn": "uni/infra/vlanns-[access]-static"
          },
          "sensitive_attributes": [],
          "private": "eyJzY2hlbWFfdmVyc2lvbiI6IjEifQ==",
          "dependencies": [
            "data.aci_vlan_pool.VLAN_Pool_access"
          ]
        }
      ]
    },
    {
      "mode": "managed",
      "type": "aci_ranges",
      "name": "VLAN_Range_access_1151",
      "provider": "provider[\"registry.terraform.io/ciscodevnet/aci\"]",
      "instances": [
        {
          "schema_version": 1,
          "attributes": {
            "alloc_mode": "inherit",
            "annotation": "orchestrator:terraform",
            "description": "",
            "from": "vlan-1151",
            "id": "uni/infra/vlanns-[access]-static/from-[vlan-1151]-to-[vlan-1151]",
            "name_alias": "",
            "role": "external",
            "to": "vlan-1151",
            "vlan_pool_dn": "uni/infra/vlanns-[access]-static"
          },
          "sensitive_attributes": [],
          "private": "eyJzY2hlbWFfdmVyc2lvbiI6IjEifQ==",
          "dependencies": [
            "data.aci_vlan_pool.VLAN_Pool_access"
          ]
        }
      ]
    },
    {
      "mode": "managed",
      "type": "aci_ranges",
      "name": "VLAN_Range_access_1152",
      "provider": "provider[\"registry.terraform.io/ciscodevnet/aci\"]",
      "instances": [
        {
          "schema_version": 1,
          "attributes": {
            "alloc_mode": "inherit",
            "annotation": "orchestrator:terraform",
            "description": "",
            "from": "vlan-1152",
            "id": "uni/infra/vlanns-[access]-static/from-[vlan-1152]-to-[vlan-1152]",
            "name_alias": "",
            "role": "external",
            "to": "vlan-1152",
            "vlan_pool_dn": "uni/infra/vlanns-[access]-static"
          },
          "sensitive_attributes": [],
          "private": "eyJzY2hlbWFfdmVyc2lvbiI6IjEifQ==",
          "dependencies": [
            "data.aci_vlan_pool.VLAN_Pool_access"
          ]
        }
      ]
    },
    {
      "mode": "managed",
      "type": "aci_ranges",
      "name": "VLAN_Range_access_1153",
      "provider": "provider[\"registry.terraform.io/ciscodevnet/aci\"]",
      "instances": [
        {
          "schema_version": 1,
          "attributes": {
            "alloc_mode": "inherit",
            "annotation": "orchestrator:terraform",
            "description": "",
            "from": "vlan-1153",
            "id": "uni/infra/vlanns-[access]-static/from-[vlan-1153]-to-[vlan-1153]",
            "name_alias": "",
            "role": "external",
            "to": "vlan-1153",
            "vlan_pool_dn": "uni/infra/vlanns-[access]-static"
          },
          "sensitive_attributes": [],
          "private": "eyJzY2hlbWFfdmVyc2lvbiI6IjEifQ==",
          "dependencies": [
            "data.aci_vlan_pool.VLAN_Pool_access"
          ]
        }
      ]
    },
    {
      "mode": "managed",
      "type": "aci_ranges",
      "name": "VLAN_Range_access_1154",
      "provider": "provider[\"registry.terraform.io/ciscodevnet/aci\"]",
      "instances": [
        {
          "schema_version": 1,
          "attributes": {
            "alloc_mode": "inherit",
            "annotation": "orchestrator:terraform",
            "description": "",
            "from": "vlan-1154",
            "id": "uni/infra/vlanns-[access]-static/from-[vlan-1154]-to-[vlan-1154]",
            "name_alias": "",
            "role": "external",
            "to": "vlan-1154",
            "vlan_pool_dn": "uni/infra/vlanns-[access]-static"
          },
          "sensitive_attributes": [],
          "private": "eyJzY2hlbWFfdmVyc2lvbiI6IjEifQ==",
          "dependencies": [
            "data.aci_vlan_pool.VLAN_Pool_access"
          ]
        }
      ]
    },
    {
      "mode": "managed",
      "type": "aci_ranges",
      "name": "VLAN_Range_access_1155",
      "provider": "provider[\"registry.terraform.io/ciscodevnet/aci\"]",
      "instances": [
        {
          "schema_version": 1,
          "attributes": {
            "alloc_mode": "inherit",
            "annotation": "orchestrator:terraform",
            "description": "",
            "from": "vlan-1155",
            "id": "uni/infra/vlanns-[access]-static/from-[vlan-1155]-to-[vlan-1155]",
            "name_alias": "",
            "role": "external",
            "to": "vlan-1155",
            "vlan_pool_dn": "uni/infra/vlanns-[access]-static"
          },
          "sensitive_attributes": [],
          "private": "eyJzY2hlbWFfdmVyc2lvbiI6IjEifQ==",
          "dependencies": [
            "data.aci_vlan_pool.VLAN_Pool_access"
          ]
        }
      ]
    },
    {
      "mode": "managed",
      "type": "aci_ranges",
      "name": "VLAN_Range_access_1156",
      "provider": "provider[\"registry.terraform.io/ciscodevnet/aci\"]",
      "instances": [
        {
          "schema_version": 1,
          "attributes": {
            "alloc_mode": "inherit",
            "annotation": "orchestrator:terraform",
            "description": "",
            "from": "vlan-1156",
            "id": "uni/infra/vlanns-[access]-static/from-[vlan-1156]-to-[vlan-1156]",
            "name_alias": "",
            "role": "external",
            "to": "vlan-1156",
            "vlan_pool_dn": "uni/infra/vlanns-[access]-static"
          },
          "sensitive_attributes": [],
          "private": "eyJzY2hlbWFfdmVyc2lvbiI6IjEifQ==",
          "dependencies": [
            "data.aci_vlan_pool.VLAN_Pool_access"
          ]
        }
      ]
    },
    {
      "mode": "managed",
      "type": "aci_ranges",
      "name": "VLAN_Range_access_1157",
      "provider": "provider[\"registry.terraform.io/ciscodevnet/aci\"]",
      "instances": [
        {
          "schema_version": 1,
          "attributes": {
            "alloc_mode": "inherit",
            "annotation": "orchestrator:terraform",
            "description": "",
            "from": "vlan-1157",
            "id": "uni/infra/vlanns-[access]-static/from-[vlan-1157]-to-[vlan-1157]",
            "name_alias": "",
            "role": "external",
            "to": "vlan-1157",
            "vlan_pool_dn": "uni/infra/vlanns-[access]-static"
          },
          "sensitive_attributes": [],
          "private": "eyJzY2hlbWFfdmVyc2lvbiI6IjEifQ==",
          "dependencies": [
            "data.aci_vlan_pool.VLAN_Pool_access"
          ]
        }
      ]
    },
    {
      "mode": "managed",
      "type": "aci_ranges",
      "name": "VLAN_Range_access_1158",
      "provider": "provider[\"registry.terraform.io/ciscodevnet/aci\"]",
      "instances": [
        {
          "schema_version": 1,
          "attributes": {
            "alloc_mode": "inherit",
            "annotation": "orchestrator:terraform",
            "description": "",
            "from": "vlan-1158",
            "id": "uni/infra/vlanns-[access]-static/from-[vlan-1158]-to-[vlan-1158]",
            "name_alias": "",
            "role": "external",
            "to": "vlan-1158",
            "vlan_pool_dn": "uni/infra/vlanns-[access]-static"
          },
          "sensitive_attributes": [],
          "private": "eyJzY2hlbWFfdmVyc2lvbiI6IjEifQ==",
          "dependencies": [
            "data.aci_vlan_pool.VLAN_Pool_access"
          ]
        }
      ]
    },
    {
      "mode": "managed",
      "type": "aci_ranges",
      "name": "VLAN_Range_access_1159",
      "provider": "provider[\"registry.terraform.io/ciscodevnet/aci\"]",
      "instances": [
        {
          "schema_version": 1,
          "attributes": {
            "alloc_mode": "inherit",
            "annotation": "orchestrator:terraform",
            "description": "",
            "from": "vlan-1159",
            "id": "uni/infra/vlanns-[access]-static/from-[vlan-1159]-to-[vlan-1159]",
            "name_alias": "",
            "role": "external",
            "to": "vlan-1159",
            "vlan_pool_dn": "uni/infra/vlanns-[access]-static"
          },
          "sensitive_attributes": [],
          "private": "eyJzY2hlbWFfdmVyc2lvbiI6IjEifQ==",
          "dependencies": [
            "data.aci_vlan_pool.VLAN_Pool_access"
          ]
        }
      ]
    },
    {
      "mode": "managed",
      "type": "aci_ranges",
      "name": "VLAN_Range_access_116",
      "provider": "provider[\"registry.terraform.io/ciscodevnet/aci\"]",
      "instances": [
        {
          "schema_version": 1,
          "attributes": {
            "alloc_mode": "inherit",
            "annotation": "orchestrator:terraform",
            "description": "",
            "from": "vlan-116",
            "id": "uni/infra/vlanns-[access]-static/from-[vlan-116]-to-[vlan-116]",
            "name_alias": "",
            "role": "external",
            "to": "vlan-116",
            "vlan_pool_dn": "uni/infra/vlanns-[access]-static"
          },
          "sensitive_attributes": [],
          "private": "eyJzY2hlbWFfdmVyc2lvbiI6IjEifQ==",
          "dependencies": [
            "data.aci_vlan_pool.VLAN_Pool_access"
          ]
        }
      ]
    },
    {
      "mode": "managed",
      "type": "aci_ranges",
      "name": "VLAN_Range_access_1160",
      "provider": "provider[\"registry.terraform.io/ciscodevnet/aci\"]",
      "instances": [
        {
          "schema_version": 1,
          "attributes": {
            "alloc_mode": "inherit",
            "annotation": "orchestrator:terraform",
            "description": "",
            "from": "vlan-1160",
            "id": "uni/infra/vlanns-[access]-static/from-[vlan-1160]-to-[vlan-1160]",
            "name_alias": "",
            "role": "external",
            "to": "vlan-1160",
            "vlan_pool_dn": "uni/infra/vlanns-[access]-static"
          },
          "sensitive_attributes": [],
          "private": "eyJzY2hlbWFfdmVyc2lvbiI6IjEifQ==",
          "dependencies": [
            "data.aci_vlan_pool.VLAN_Pool_access"
          ]
        }
      ]
    },
    {
      "mode": "managed",
      "type": "aci_ranges",
      "name": "VLAN_Range_access_1161",
      "provider": "provider[\"registry.terraform.io/ciscodevnet/aci\"]",
      "instances": [
        {
          "schema_version": 1,
          "attributes": {
            "alloc_mode": "inherit",
            "annotation": "orchestrator:terraform",
            "description": "",
            "from": "vlan-1161",
            "id": "uni/infra/vlanns-[access]-static/from-[vlan-1161]-to-[vlan-1161]",
            "name_alias": "",
            "role": "external",
            "to": "vlan-1161",
            "vlan_pool_dn": "uni/infra/vlanns-[access]-static"
          },
          "sensitive_attributes": [],
          "private": "eyJzY2hlbWFfdmVyc2lvbiI6IjEifQ==",
          "dependencies": [
            "data.aci_vlan_pool.VLAN_Pool_access"
          ]
        }
      ]
    },
    {
      "mode": "managed",
      "type": "aci_ranges",
      "name": "VLAN_Range_access_1162",
      "provider": "provider[\"registry.terraform.io/ciscodevnet/aci\"]",
      "instances": [
        {
          "schema_version": 1,
          "attributes": {
            "alloc_mode": "inherit",
            "annotation": "orchestrator:terraform",
            "description": "",
            "from": "vlan-1162",
            "id": "uni/infra/vlanns-[access]-static/from-[vlan-1162]-to-[vlan-1162]",
            "name_alias": "",
            "role": "external",
            "to": "vlan-1162",
            "vlan_pool_dn": "uni/infra/vlanns-[access]-static"
          },
          "sensitive_attributes": [],
          "private": "eyJzY2hlbWFfdmVyc2lvbiI6IjEifQ==",
          "dependencies": [
            "data.aci_vlan_pool.VLAN_Pool_access"
          ]
        }
      ]
    },
    {
      "mode": "managed",
      "type": "aci_ranges",
      "name": "VLAN_Range_access_1163",
      "provider": "provider[\"registry.terraform.io/ciscodevnet/aci\"]",
      "instances": [
        {
          "schema_version": 1,
          "attributes": {
            "alloc_mode": "inherit",
            "annotation": "orchestrator:terraform",
            "description": "",
            "from": "vlan-1163",
            "id": "uni/infra/vlanns-[access]-static/from-[vlan-1163]-to-[vlan-1163]",
            "name_alias": "",
            "role": "external",
            "to": "vlan-1163",
            "vlan_pool_dn": "uni/infra/vlanns-[access]-static"
          },
          "sensitive_attributes": [],
          "private": "eyJzY2hlbWFfdmVyc2lvbiI6IjEifQ==",
          "dependencies": [
            "data.aci_vlan_pool.VLAN_Pool_access"
          ]
        }
      ]
    },
    {
      "mode": "managed",
      "type": "aci_ranges",
      "name": "VLAN_Range_access_1164",
      "provider": "provider[\"registry.terraform.io/ciscodevnet/aci\"]",
      "instances": [
        {
          "schema_version": 1,
          "attributes": {
            "alloc_mode": "inherit",
            "annotation": "orchestrator:terraform",
            "description": "",
            "from": "vlan-1164",
            "id": "uni/infra/vlanns-[access]-static/from-[vlan-1164]-to-[vlan-1164]",
            "name_alias": "",
            "role": "external",
            "to": "vlan-1164",
            "vlan_pool_dn": "uni/infra/vlanns-[access]-static"
          },
          "sensitive_attributes": [],
          "private": "eyJzY2hlbWFfdmVyc2lvbiI6IjEifQ==",
          "dependencies": [
            "data.aci_vlan_pool.VLAN_Pool_access"
          ]
        }
      ]
    },
    {
      "mode": "managed",
      "type": "aci_ranges",
      "name": "VLAN_Range_access_1165",
      "provider": "provider[\"registry.terraform.io/ciscodevnet/aci\"]",
      "instances": [
        {
          "schema_version": 1,
          "attributes": {
            "alloc_mode": "inherit",
            "annotation": "orchestrator:terraform",
            "description": "",
            "from": "vlan-1165",
            "id": "uni/infra/vlanns-[access]-static/from-[vlan-1165]-to-[vlan-1165]",
            "name_alias": "",
            "role": "external",
            "to": "vlan-1165",
            "vlan_pool_dn": "uni/infra/vlanns-[access]-static"
          },
          "sensitive_attributes": [],
          "private": "eyJzY2hlbWFfdmVyc2lvbiI6IjEifQ==",
          "dependencies": [
            "data.aci_vlan_pool.VLAN_Pool_access"
          ]
        }
      ]
    },
    {
      "mode": "managed",
      "type": "aci_ranges",
      "name": "VLAN_Range_access_1166",
      "provider": "provider[\"registry.terraform.io/ciscodevnet/aci\"]",
      "instances": [
        {
          "schema_version": 1,
          "attributes": {
            "alloc_mode": "inherit",
            "annotation": "orchestrator:terraform",
            "description": "",
            "from": "vlan-1166",
            "id": "uni/infra/vlanns-[access]-static/from-[vlan-1166]-to-[vlan-1166]",
            "name_alias": "",
            "role": "external",
            "to": "vlan-1166",
            "vlan_pool_dn": "uni/infra/vlanns-[access]-static"
          },
          "sensitive_attributes": [],
          "private": "eyJzY2hlbWFfdmVyc2lvbiI6IjEifQ==",
          "dependencies": [
            "data.aci_vlan_pool.VLAN_Pool_access"
          ]
        }
      ]
    },
    {
      "mode": "managed",
      "type": "aci_ranges",
      "name": "VLAN_Range_access_1167",
      "provider": "provider[\"registry.terraform.io/ciscodevnet/aci\"]",
      "instances": [
        {
          "schema_version": 1,
          "attributes": {
            "alloc_mode": "inherit",
            "annotation": "orchestrator:terraform",
            "description": "",
            "from": "vlan-1167",
            "id": "uni/infra/vlanns-[access]-static/from-[vlan-1167]-to-[vlan-1167]",
            "name_alias": "",
            "role": "external",
            "to": "vlan-1167",
            "vlan_pool_dn": "uni/infra/vlanns-[access]-static"
          },
          "sensitive_attributes": [],
          "private": "eyJzY2hlbWFfdmVyc2lvbiI6IjEifQ==",
          "dependencies": [
            "data.aci_vlan_pool.VLAN_Pool_access"
          ]
        }
      ]
    },
    {
      "mode": "managed",
      "type": "aci_ranges",
      "name": "VLAN_Range_access_1168",
      "provider": "provider[\"registry.terraform.io/ciscodevnet/aci\"]",
      "instances": [
        {
          "schema_version": 1,
          "attributes": {
            "alloc_mode": "inherit",
            "annotation": "orchestrator:terraform",
            "description": "",
            "from": "vlan-1168",
            "id": "uni/infra/vlanns-[access]-static/from-[vlan-1168]-to-[vlan-1168]",
            "name_alias": "",
            "role": "external",
            "to": "vlan-1168",
            "vlan_pool_dn": "uni/infra/vlanns-[access]-static"
          },
          "sensitive_attributes": [],
          "private": "eyJzY2hlbWFfdmVyc2lvbiI6IjEifQ==",
          "dependencies": [
            "data.aci_vlan_pool.VLAN_Pool_access"
          ]
        }
      ]
    },
    {
      "mode": "managed",
      "type": "aci_ranges",
      "name": "VLAN_Range_access_1169",
      "provider": "provider[\"registry.terraform.io/ciscodevnet/aci\"]",
      "instances": [
        {
          "schema_version": 1,
          "attributes": {
            "alloc_mode": "inherit",
            "annotation": "orchestrator:terraform",
            "description": "",
            "from": "vlan-1169",
            "id": "uni/infra/vlanns-[access]-static/from-[vlan-1169]-to-[vlan-1169]",
            "name_alias": "",
            "role": "external",
            "to": "vlan-1169",
            "vlan_pool_dn": "uni/infra/vlanns-[access]-static"
          },
          "sensitive_attributes": [],
          "private": "eyJzY2hlbWFfdmVyc2lvbiI6IjEifQ==",
          "dependencies": [
            "data.aci_vlan_pool.VLAN_Pool_access"
          ]
        }
      ]
    },
    {
      "mode": "managed",
      "type": "aci_ranges",
      "name": "VLAN_Range_access_117",
      "provider": "provider[\"registry.terraform.io/ciscodevnet/aci\"]",
      "instances": [
        {
          "schema_version": 1,
          "attributes": {
            "alloc_mode": "inherit",
            "annotation": "orchestrator:terraform",
            "description": "",
            "from": "vlan-117",
            "id": "uni/infra/vlanns-[access]-static/from-[vlan-117]-to-[vlan-117]",
            "name_alias": "",
            "role": "external",
            "to": "vlan-117",
            "vlan_pool_dn": "uni/infra/vlanns-[access]-static"
          },
          "sensitive_attributes": [],
          "private": "eyJzY2hlbWFfdmVyc2lvbiI6IjEifQ==",
          "dependencies": [
            "data.aci_vlan_pool.VLAN_Pool_access"
          ]
        }
      ]
    },
    {
      "mode": "managed",
      "type": "aci_ranges",
      "name": "VLAN_Range_access_1170",
      "provider": "provider[\"registry.terraform.io/ciscodevnet/aci\"]",
      "instances": [
        {
          "schema_version": 1,
          "attributes": {
            "alloc_mode": "inherit",
            "annotation": "orchestrator:terraform",
            "description": "",
            "from": "vlan-1170",
            "id": "uni/infra/vlanns-[access]-static/from-[vlan-1170]-to-[vlan-1170]",
            "name_alias": "",
            "role": "external",
            "to": "vlan-1170",
            "vlan_pool_dn": "uni/infra/vlanns-[access]-static"
          },
          "sensitive_attributes": [],
          "private": "eyJzY2hlbWFfdmVyc2lvbiI6IjEifQ==",
          "dependencies": [
            "data.aci_vlan_pool.VLAN_Pool_access"
          ]
        }
      ]
    },
    {
      "mode": "managed",
      "type": "aci_ranges",
      "name": "VLAN_Range_access_1171",
      "provider": "provider[\"registry.terraform.io/ciscodevnet/aci\"]",
      "instances": [
        {
          "schema_version": 1,
          "attributes": {
            "alloc_mode": "inherit",
            "annotation": "orchestrator:terraform",
            "description": "",
            "from": "vlan-1171",
            "id": "uni/infra/vlanns-[access]-static/from-[vlan-1171]-to-[vlan-1171]",
            "name_alias": "",
            "role": "external",
            "to": "vlan-1171",
            "vlan_pool_dn": "uni/infra/vlanns-[access]-static"
          },
          "sensitive_attributes": [],
          "private": "eyJzY2hlbWFfdmVyc2lvbiI6IjEifQ==",
          "dependencies": [
            "data.aci_vlan_pool.VLAN_Pool_access"
          ]
        }
      ]
    },
    {
      "mode": "managed",
      "type": "aci_ranges",
      "name": "VLAN_Range_access_1172",
      "provider": "provider[\"registry.terraform.io/ciscodevnet/aci\"]",
      "instances": [
        {
          "schema_version": 1,
          "attributes": {
            "alloc_mode": "inherit",
            "annotation": "orchestrator:terraform",
            "description": "",
            "from": "vlan-1172",
            "id": "uni/infra/vlanns-[access]-static/from-[vlan-1172]-to-[vlan-1172]",
            "name_alias": "",
            "role": "external",
            "to": "vlan-1172",
            "vlan_pool_dn": "uni/infra/vlanns-[access]-static"
          },
          "sensitive_attributes": [],
          "private": "eyJzY2hlbWFfdmVyc2lvbiI6IjEifQ==",
          "dependencies": [
            "data.aci_vlan_pool.VLAN_Pool_access"
          ]
        }
      ]
    },
    {
      "mode": "managed",
      "type": "aci_ranges",
      "name": "VLAN_Range_access_1173",
      "provider": "provider[\"registry.terraform.io/ciscodevnet/aci\"]",
      "instances": [
        {
          "schema_version": 1,
          "attributes": {
            "alloc_mode": "inherit",
            "annotation": "orchestrator:terraform",
            "description": "",
            "from": "vlan-1173",
            "id": "uni/infra/vlanns-[access]-static/from-[vlan-1173]-to-[vlan-1173]",
            "name_alias": "",
            "role": "external",
            "to": "vlan-1173",
            "vlan_pool_dn": "uni/infra/vlanns-[access]-static"
          },
          "sensitive_attributes": [],
          "private": "eyJzY2hlbWFfdmVyc2lvbiI6IjEifQ==",
          "dependencies": [
            "data.aci_vlan_pool.VLAN_Pool_access"
          ]
        }
      ]
    },
    {
      "mode": "managed",
      "type": "aci_ranges",
      "name": "VLAN_Range_access_1174",
      "provider": "provider[\"registry.terraform.io/ciscodevnet/aci\"]",
      "instances": [
        {
          "schema_version": 1,
          "attributes": {
            "alloc_mode": "inherit",
            "annotation": "orchestrator:terraform",
            "description": "",
            "from": "vlan-1174",
            "id": "uni/infra/vlanns-[access]-static/from-[vlan-1174]-to-[vlan-1174]",
            "name_alias": "",
            "role": "external",
            "to": "vlan-1174",
            "vlan_pool_dn": "uni/infra/vlanns-[access]-static"
          },
          "sensitive_attributes": [],
          "private": "eyJzY2hlbWFfdmVyc2lvbiI6IjEifQ==",
          "dependencies": [
            "data.aci_vlan_pool.VLAN_Pool_access"
          ]
        }
      ]
    },
    {
      "mode": "managed",
      "type": "aci_ranges",
      "name": "VLAN_Range_access_1175",
      "provider": "provider[\"registry.terraform.io/ciscodevnet/aci\"]",
      "instances": [
        {
          "schema_version": 1,
          "attributes": {
            "alloc_mode": "inherit",
            "annotation": "orchestrator:terraform",
            "description": "",
            "from": "vlan-1175",
            "id": "uni/infra/vlanns-[access]-static/from-[vlan-1175]-to-[vlan-1175]",
            "name_alias": "",
            "role": "external",
            "to": "vlan-1175",
            "vlan_pool_dn": "uni/infra/vlanns-[access]-static"
          },
          "sensitive_attributes": [],
          "private": "eyJzY2hlbWFfdmVyc2lvbiI6IjEifQ==",
          "dependencies": [
            "data.aci_vlan_pool.VLAN_Pool_access"
          ]
        }
      ]
    },
    {
      "mode": "managed",
      "type": "aci_ranges",
      "name": "VLAN_Range_access_1176",
      "provider": "provider[\"registry.terraform.io/ciscodevnet/aci\"]",
      "instances": [
        {
          "schema_version": 1,
          "attributes": {
            "alloc_mode": "inherit",
            "annotation": "orchestrator:terraform",
            "description": "",
            "from": "vlan-1176",
            "id": "uni/infra/vlanns-[access]-static/from-[vlan-1176]-to-[vlan-1176]",
            "name_alias": "",
            "role": "external",
            "to": "vlan-1176",
            "vlan_pool_dn": "uni/infra/vlanns-[access]-static"
          },
          "sensitive_attributes": [],
          "private": "eyJzY2hlbWFfdmVyc2lvbiI6IjEifQ==",
          "dependencies": [
            "data.aci_vlan_pool.VLAN_Pool_access"
          ]
        }
      ]
    },
    {
      "mode": "managed",
      "type": "aci_ranges",
      "name": "VLAN_Range_access_1177",
      "provider": "provider[\"registry.terraform.io/ciscodevnet/aci\"]",
      "instances": [
        {
          "schema_version": 1,
          "attributes": {
            "alloc_mode": "inherit",
            "annotation": "orchestrator:terraform",
            "description": "",
            "from": "vlan-1177",
            "id": "uni/infra/vlanns-[access]-static/from-[vlan-1177]-to-[vlan-1177]",
            "name_alias": "",
            "role": "external",
            "to": "vlan-1177",
            "vlan_pool_dn": "uni/infra/vlanns-[access]-static"
          },
          "sensitive_attributes": [],
          "private": "eyJzY2hlbWFfdmVyc2lvbiI6IjEifQ==",
          "dependencies": [
            "data.aci_vlan_pool.VLAN_Pool_access"
          ]
        }
      ]
    },
    {
      "mode": "managed",
      "type": "aci_ranges",
      "name": "VLAN_Range_access_1178",
      "provider": "provider[\"registry.terraform.io/ciscodevnet/aci\"]",
      "instances": [
        {
          "schema_version": 1,
          "attributes": {
            "alloc_mode": "inherit",
            "annotation": "orchestrator:terraform",
            "description": "",
            "from": "vlan-1178",
            "id": "uni/infra/vlanns-[access]-static/from-[vlan-1178]-to-[vlan-1178]",
            "name_alias": "",
            "role": "external",
            "to": "vlan-1178",
            "vlan_pool_dn": "uni/infra/vlanns-[access]-static"
          },
          "sensitive_attributes": [],
          "private": "eyJzY2hlbWFfdmVyc2lvbiI6IjEifQ==",
          "dependencies": [
            "data.aci_vlan_pool.VLAN_Pool_access"
          ]
        }
      ]
    },
    {
      "mode": "managed",
      "type": "aci_ranges",
      "name": "VLAN_Range_access_1179",
      "provider": "provider[\"registry.terraform.io/ciscodevnet/aci\"]",
      "instances": [
        {
          "schema_version": 1,
          "attributes": {
            "alloc_mode": "inherit",
            "annotation": "orchestrator:terraform",
            "description": "",
            "from": "vlan-1179",
            "id": "uni/infra/vlanns-[access]-static/from-[vlan-1179]-to-[vlan-1179]",
            "name_alias": "",
            "role": "external",
            "to": "vlan-1179",
            "vlan_pool_dn": "uni/infra/vlanns-[access]-static"
          },
          "sensitive_attributes": [],
          "private": "eyJzY2hlbWFfdmVyc2lvbiI6IjEifQ==",
          "dependencies": [
            "data.aci_vlan_pool.VLAN_Pool_access"
          ]
        }
      ]
    },
    {
      "mode": "managed",
      "type": "aci_ranges",
      "name": "VLAN_Range_access_118",
      "provider": "provider[\"registry.terraform.io/ciscodevnet/aci\"]",
      "instances": [
        {
          "schema_version": 1,
          "attributes": {
            "alloc_mode": "inherit",
            "annotation": "orchestrator:terraform",
            "description": "",
            "from": "vlan-118",
            "id": "uni/infra/vlanns-[access]-static/from-[vlan-118]-to-[vlan-118]",
            "name_alias": "",
            "role": "external",
            "to": "vlan-118",
            "vlan_pool_dn": "uni/infra/vlanns-[access]-static"
          },
          "sensitive_attributes": [],
          "private": "eyJzY2hlbWFfdmVyc2lvbiI6IjEifQ==",
          "dependencies": [
            "data.aci_vlan_pool.VLAN_Pool_access"
          ]
        }
      ]
    },
    {
      "mode": "managed",
      "type": "aci_ranges",
      "name": "VLAN_Range_access_1180",
      "provider": "provider[\"registry.terraform.io/ciscodevnet/aci\"]",
      "instances": [
        {
          "schema_version": 1,
          "attributes": {
            "alloc_mode": "inherit",
            "annotation": "orchestrator:terraform",
            "description": "",
            "from": "vlan-1180",
            "id": "uni/infra/vlanns-[access]-static/from-[vlan-1180]-to-[vlan-1180]",
            "name_alias": "",
            "role": "external",
            "to": "vlan-1180",
            "vlan_pool_dn": "uni/infra/vlanns-[access]-static"
          },
          "sensitive_attributes": [],
          "private": "eyJzY2hlbWFfdmVyc2lvbiI6IjEifQ==",
          "dependencies": [
            "data.aci_vlan_pool.VLAN_Pool_access"
          ]
        }
      ]
    },
    {
      "mode": "managed",
      "type": "aci_ranges",
      "name": "VLAN_Range_access_1181",
      "provider": "provider[\"registry.terraform.io/ciscodevnet/aci\"]",
      "instances": [
        {
          "schema_version": 1,
          "attributes": {
            "alloc_mode": "inherit",
            "annotation": "orchestrator:terraform",
            "description": "",
            "from": "vlan-1181",
            "id": "uni/infra/vlanns-[access]-static/from-[vlan-1181]-to-[vlan-1181]",
            "name_alias": "",
            "role": "external",
            "to": "vlan-1181",
            "vlan_pool_dn": "uni/infra/vlanns-[access]-static"
          },
          "sensitive_attributes": [],
          "private": "eyJzY2hlbWFfdmVyc2lvbiI6IjEifQ==",
          "dependencies": [
            "data.aci_vlan_pool.VLAN_Pool_access"
          ]
        }
      ]
    },
    {
      "mode": "managed",
      "type": "aci_ranges",
      "name": "VLAN_Range_access_1182",
      "provider": "provider[\"registry.terraform.io/ciscodevnet/aci\"]",
      "instances": [
        {
          "schema_version": 1,
          "attributes": {
            "alloc_mode": "inherit",
            "annotation": "orchestrator:terraform",
            "description": "",
            "from": "vlan-1182",
            "id": "uni/infra/vlanns-[access]-static/from-[vlan-1182]-to-[vlan-1182]",
            "name_alias": "",
            "role": "external",
            "to": "vlan-1182",
            "vlan_pool_dn": "uni/infra/vlanns-[access]-static"
          },
          "sensitive_attributes": [],
          "private": "eyJzY2hlbWFfdmVyc2lvbiI6IjEifQ==",
          "dependencies": [
            "data.aci_vlan_pool.VLAN_Pool_access"
          ]
        }
      ]
    },
    {
      "mode": "managed",
      "type": "aci_ranges",
      "name": "VLAN_Range_access_1183",
      "provider": "provider[\"registry.terraform.io/ciscodevnet/aci\"]",
      "instances": [
        {
          "schema_version": 1,
          "attributes": {
            "alloc_mode": "inherit",
            "annotation": "orchestrator:terraform",
            "description": "",
            "from": "vlan-1183",
            "id": "uni/infra/vlanns-[access]-static/from-[vlan-1183]-to-[vlan-1183]",
            "name_alias": "",
            "role": "external",
            "to": "vlan-1183",
            "vlan_pool_dn": "uni/infra/vlanns-[access]-static"
          },
          "sensitive_attributes": [],
          "private": "eyJzY2hlbWFfdmVyc2lvbiI6IjEifQ==",
          "dependencies": [
            "data.aci_vlan_pool.VLAN_Pool_access"
          ]
        }
      ]
    },
    {
      "mode": "managed",
      "type": "aci_ranges",
      "name": "VLAN_Range_access_1184",
      "provider": "provider[\"registry.terraform.io/ciscodevnet/aci\"]",
      "instances": [
        {
          "schema_version": 1,
          "attributes": {
            "alloc_mode": "inherit",
            "annotation": "orchestrator:terraform",
            "description": "",
            "from": "vlan-1184",
            "id": "uni/infra/vlanns-[access]-static/from-[vlan-1184]-to-[vlan-1184]",
            "name_alias": "",
            "role": "external",
            "to": "vlan-1184",
            "vlan_pool_dn": "uni/infra/vlanns-[access]-static"
          },
          "sensitive_attributes": [],
          "private": "eyJzY2hlbWFfdmVyc2lvbiI6IjEifQ==",
          "dependencies": [
            "data.aci_vlan_pool.VLAN_Pool_access"
          ]
        }
      ]
    },
    {
      "mode": "managed",
      "type": "aci_ranges",
      "name": "VLAN_Range_access_1185",
      "provider": "provider[\"registry.terraform.io/ciscodevnet/aci\"]",
      "instances": [
        {
          "schema_version": 1,
          "attributes": {
            "alloc_mode": "inherit",
            "annotation": "orchestrator:terraform",
            "description": "",
            "from": "vlan-1185",
            "id": "uni/infra/vlanns-[access]-static/from-[vlan-1185]-to-[vlan-1185]",
            "name_alias": "",
            "role": "external",
            "to": "vlan-1185",
            "vlan_pool_dn": "uni/infra/vlanns-[access]-static"
          },
          "sensitive_attributes": [],
          "private": "eyJzY2hlbWFfdmVyc2lvbiI6IjEifQ==",
          "dependencies": [
            "data.aci_vlan_pool.VLAN_Pool_access"
          ]
        }
      ]
    },
    {
      "mode": "managed",
      "type": "aci_ranges",
      "name": "VLAN_Range_access_1186",
      "provider": "provider[\"registry.terraform.io/ciscodevnet/aci\"]",
      "instances": [
        {
          "schema_version": 1,
          "attributes": {
            "alloc_mode": "inherit",
            "annotation": "orchestrator:terraform",
            "description": "",
            "from": "vlan-1186",
            "id": "uni/infra/vlanns-[access]-static/from-[vlan-1186]-to-[vlan-1186]",
            "name_alias": "",
            "role": "external",
            "to": "vlan-1186",
            "vlan_pool_dn": "uni/infra/vlanns-[access]-static"
          },
          "sensitive_attributes": [],
          "private": "eyJzY2hlbWFfdmVyc2lvbiI6IjEifQ==",
          "dependencies": [
            "data.aci_vlan_pool.VLAN_Pool_access"
          ]
        }
      ]
    },
    {
      "mode": "managed",
      "type": "aci_ranges",
      "name": "VLAN_Range_access_1187",
      "provider": "provider[\"registry.terraform.io/ciscodevnet/aci\"]",
      "instances": [
        {
          "schema_version": 1,
          "attributes": {
            "alloc_mode": "inherit",
            "annotation": "orchestrator:terraform",
            "description": "",
            "from": "vlan-1187",
            "id": "uni/infra/vlanns-[access]-static/from-[vlan-1187]-to-[vlan-1187]",
            "name_alias": "",
            "role": "external",
            "to": "vlan-1187",
            "vlan_pool_dn": "uni/infra/vlanns-[access]-static"
          },
          "sensitive_attributes": [],
          "private": "eyJzY2hlbWFfdmVyc2lvbiI6IjEifQ==",
          "dependencies": [
            "data.aci_vlan_pool.VLAN_Pool_access"
          ]
        }
      ]
    },
    {
      "mode": "managed",
      "type": "aci_ranges",
      "name": "VLAN_Range_access_1188",
      "provider": "provider[\"registry.terraform.io/ciscodevnet/aci\"]",
      "instances": [
        {
          "schema_version": 1,
          "attributes": {
            "alloc_mode": "inherit",
            "annotation": "orchestrator:terraform",
            "description": "",
            "from": "vlan-1188",
            "id": "uni/infra/vlanns-[access]-static/from-[vlan-1188]-to-[vlan-1188]",
            "name_alias": "",
            "role": "external",
            "to": "vlan-1188",
            "vlan_pool_dn": "uni/infra/vlanns-[access]-static"
          },
          "sensitive_attributes": [],
          "private": "eyJzY2hlbWFfdmVyc2lvbiI6IjEifQ==",
          "dependencies": [
            "data.aci_vlan_pool.VLAN_Pool_access"
          ]
        }
      ]
    },
    {
      "mode": "managed",
      "type": "aci_ranges",
      "name": "VLAN_Range_access_1189",
      "provider": "provider[\"registry.terraform.io/ciscodevnet/aci\"]",
      "instances": [
        {
          "schema_version": 1,
          "attributes": {
            "alloc_mode": "inherit",
            "annotation": "orchestrator:terraform",
            "description": "",
            "from": "vlan-1189",
            "id": "uni/infra/vlanns-[access]-static/from-[vlan-1189]-to-[vlan-1189]",
            "name_alias": "",
            "role": "external",
            "to": "vlan-1189",
            "vlan_pool_dn": "uni/infra/vlanns-[access]-static"
          },
          "sensitive_attributes": [],
          "private": "eyJzY2hlbWFfdmVyc2lvbiI6IjEifQ==",
          "dependencies": [
            "data.aci_vlan_pool.VLAN_Pool_access"
          ]
        }
      ]
    },
    {
      "mode": "managed",
      "type": "aci_ranges",
      "name": "VLAN_Range_access_119",
      "provider": "provider[\"registry.terraform.io/ciscodevnet/aci\"]",
      "instances": [
        {
          "schema_version": 1,
          "attributes": {
            "alloc_mode": "inherit",
            "annotation": "orchestrator:terraform",
            "description": "",
            "from": "vlan-119",
            "id": "uni/infra/vlanns-[access]-static/from-[vlan-119]-to-[vlan-119]",
            "name_alias": "",
            "role": "external",
            "to": "vlan-119",
            "vlan_pool_dn": "uni/infra/vlanns-[access]-static"
          },
          "sensitive_attributes": [],
          "private": "eyJzY2hlbWFfdmVyc2lvbiI6IjEifQ==",
          "dependencies": [
            "data.aci_vlan_pool.VLAN_Pool_access"
          ]
        }
      ]
    },
    {
      "mode": "managed",
      "type": "aci_ranges",
      "name": "VLAN_Range_access_1190",
      "provider": "provider[\"registry.terraform.io/ciscodevnet/aci\"]",
      "instances": [
        {
          "schema_version": 1,
          "attributes": {
            "alloc_mode": "inherit",
            "annotation": "orchestrator:terraform",
            "description": "",
            "from": "vlan-1190",
            "id": "uni/infra/vlanns-[access]-static/from-[vlan-1190]-to-[vlan-1190]",
            "name_alias": "",
            "role": "external",
            "to": "vlan-1190",
            "vlan_pool_dn": "uni/infra/vlanns-[access]-static"
          },
          "sensitive_attributes": [],
          "private": "eyJzY2hlbWFfdmVyc2lvbiI6IjEifQ==",
          "dependencies": [
            "data.aci_vlan_pool.VLAN_Pool_access"
          ]
        }
      ]
    },
    {
      "mode": "managed",
      "type": "aci_ranges",
      "name": "VLAN_Range_access_1191",
      "provider": "provider[\"registry.terraform.io/ciscodevnet/aci\"]",
      "instances": [
        {
          "schema_version": 1,
          "attributes": {
            "alloc_mode": "inherit",
            "annotation": "orchestrator:terraform",
            "description": "",
            "from": "vlan-1191",
            "id": "uni/infra/vlanns-[access]-static/from-[vlan-1191]-to-[vlan-1191]",
            "name_alias": "",
            "role": "external",
            "to": "vlan-1191",
            "vlan_pool_dn": "uni/infra/vlanns-[access]-static"
          },
          "sensitive_attributes": [],
          "private": "eyJzY2hlbWFfdmVyc2lvbiI6IjEifQ==",
          "dependencies": [
            "data.aci_vlan_pool.VLAN_Pool_access"
          ]
        }
      ]
    },
    {
      "mode": "managed",
      "type": "aci_ranges",
      "name": "VLAN_Range_access_1192",
      "provider": "provider[\"registry.terraform.io/ciscodevnet/aci\"]",
      "instances": [
        {
          "schema_version": 1,
          "attributes": {
            "alloc_mode": "inherit",
            "annotation": "orchestrator:terraform",
            "description": "",
            "from": "vlan-1192",
            "id": "uni/infra/vlanns-[access]-static/from-[vlan-1192]-to-[vlan-1192]",
            "name_alias": "",
            "role": "external",
            "to": "vlan-1192",
            "vlan_pool_dn": "uni/infra/vlanns-[access]-static"
          },
          "sensitive_attributes": [],
          "private": "eyJzY2hlbWFfdmVyc2lvbiI6IjEifQ==",
          "dependencies": [
            "data.aci_vlan_pool.VLAN_Pool_access"
          ]
        }
      ]
    },
    {
      "mode": "managed",
      "type": "aci_ranges",
      "name": "VLAN_Range_access_1193",
      "provider": "provider[\"registry.terraform.io/ciscodevnet/aci\"]",
      "instances": [
        {
          "schema_version": 1,
          "attributes": {
            "alloc_mode": "inherit",
            "annotation": "orchestrator:terraform",
            "description": "",
            "from": "vlan-1193",
            "id": "uni/infra/vlanns-[access]-static/from-[vlan-1193]-to-[vlan-1193]",
            "name_alias": "",
            "role": "external",
            "to": "vlan-1193",
            "vlan_pool_dn": "uni/infra/vlanns-[access]-static"
          },
          "sensitive_attributes": [],
          "private": "eyJzY2hlbWFfdmVyc2lvbiI6IjEifQ==",
          "dependencies": [
            "data.aci_vlan_pool.VLAN_Pool_access"
          ]
        }
      ]
    },
    {
      "mode": "managed",
      "type": "aci_ranges",
      "name": "VLAN_Range_access_1194",
      "provider": "provider[\"registry.terraform.io/ciscodevnet/aci\"]",
      "instances": [
        {
          "schema_version": 1,
          "attributes": {
            "alloc_mode": "inherit",
            "annotation": "orchestrator:terraform",
            "description": "",
            "from": "vlan-1194",
            "id": "uni/infra/vlanns-[access]-static/from-[vlan-1194]-to-[vlan-1194]",
            "name_alias": "",
            "role": "external",
            "to": "vlan-1194",
            "vlan_pool_dn": "uni/infra/vlanns-[access]-static"
          },
          "sensitive_attributes": [],
          "private": "eyJzY2hlbWFfdmVyc2lvbiI6IjEifQ==",
          "dependencies": [
            "data.aci_vlan_pool.VLAN_Pool_access"
          ]
        }
      ]
    },
    {
      "mode": "managed",
      "type": "aci_ranges",
      "name": "VLAN_Range_access_1195",
      "provider": "provider[\"registry.terraform.io/ciscodevnet/aci\"]",
      "instances": [
        {
          "schema_version": 1,
          "attributes": {
            "alloc_mode": "inherit",
            "annotation": "orchestrator:terraform",
            "description": "",
            "from": "vlan-1195",
            "id": "uni/infra/vlanns-[access]-static/from-[vlan-1195]-to-[vlan-1195]",
            "name_alias": "",
            "role": "external",
            "to": "vlan-1195",
            "vlan_pool_dn": "uni/infra/vlanns-[access]-static"
          },
          "sensitive_attributes": [],
          "private": "eyJzY2hlbWFfdmVyc2lvbiI6IjEifQ==",
          "dependencies": [
            "data.aci_vlan_pool.VLAN_Pool_access"
          ]
        }
      ]
    },
    {
      "mode": "managed",
      "type": "aci_ranges",
      "name": "VLAN_Range_access_1196",
      "provider": "provider[\"registry.terraform.io/ciscodevnet/aci\"]",
      "instances": [
        {
          "schema_version": 1,
          "attributes": {
            "alloc_mode": "inherit",
            "annotation": "orchestrator:terraform",
            "description": "",
            "from": "vlan-1196",
            "id": "uni/infra/vlanns-[access]-static/from-[vlan-1196]-to-[vlan-1196]",
            "name_alias": "",
            "role": "external",
            "to": "vlan-1196",
            "vlan_pool_dn": "uni/infra/vlanns-[access]-static"
          },
          "sensitive_attributes": [],
          "private": "eyJzY2hlbWFfdmVyc2lvbiI6IjEifQ==",
          "dependencies": [
            "data.aci_vlan_pool.VLAN_Pool_access"
          ]
        }
      ]
    },
    {
      "mode": "managed",
      "type": "aci_ranges",
      "name": "VLAN_Range_access_1197",
      "provider": "provider[\"registry.terraform.io/ciscodevnet/aci\"]",
      "instances": [
        {
          "schema_version": 1,
          "attributes": {
            "alloc_mode": "inherit",
            "annotation": "orchestrator:terraform",
            "description": "",
            "from": "vlan-1197",
            "id": "uni/infra/vlanns-[access]-static/from-[vlan-1197]-to-[vlan-1197]",
            "name_alias": "",
            "role": "external",
            "to": "vlan-1197",
            "vlan_pool_dn": "uni/infra/vlanns-[access]-static"
          },
          "sensitive_attributes": [],
          "private": "eyJzY2hlbWFfdmVyc2lvbiI6IjEifQ==",
          "dependencies": [
            "data.aci_vlan_pool.VLAN_Pool_access"
          ]
        }
      ]
    },
    {
      "mode": "managed",
      "type": "aci_ranges",
      "name": "VLAN_Range_access_1198",
      "provider": "provider[\"registry.terraform.io/ciscodevnet/aci\"]",
      "instances": [
        {
          "schema_version": 1,
          "attributes": {
            "alloc_mode": "inherit",
            "annotation": "orchestrator:terraform",
            "description": "",
            "from": "vlan-1198",
            "id": "uni/infra/vlanns-[access]-static/from-[vlan-1198]-to-[vlan-1198]",
            "name_alias": "",
            "role": "external",
            "to": "vlan-1198",
            "vlan_pool_dn": "uni/infra/vlanns-[access]-static"
          },
          "sensitive_attributes": [],
          "private": "eyJzY2hlbWFfdmVyc2lvbiI6IjEifQ==",
          "dependencies": [
            "data.aci_vlan_pool.VLAN_Pool_access"
          ]
        }
      ]
    },
    {
      "mode": "managed",
      "type": "aci_ranges",
      "name": "VLAN_Range_access_1199",
      "provider": "provider[\"registry.terraform.io/ciscodevnet/aci\"]",
      "instances": [
        {
          "schema_version": 1,
          "attributes": {
            "alloc_mode": "inherit",
            "annotation": "orchestrator:terraform",
            "description": "",
            "from": "vlan-1199",
            "id": "uni/infra/vlanns-[access]-static/from-[vlan-1199]-to-[vlan-1199]",
            "name_alias": "",
            "role": "external",
            "to": "vlan-1199",
            "vlan_pool_dn": "uni/infra/vlanns-[access]-static"
          },
          "sensitive_attributes": [],
          "private": "eyJzY2hlbWFfdmVyc2lvbiI6IjEifQ==",
          "dependencies": [
            "data.aci_vlan_pool.VLAN_Pool_access"
          ]
        }
      ]
    },
    {
      "mode": "managed",
      "type": "aci_ranges",
      "name": "VLAN_Range_access_120",
      "provider": "provider[\"registry.terraform.io/ciscodevnet/aci\"]",
      "instances": [
        {
          "schema_version": 1,
          "attributes": {
            "alloc_mode": "inherit",
            "annotation": "orchestrator:terraform",
            "description": "",
            "from": "vlan-120",
            "id": "uni/infra/vlanns-[access]-static/from-[vlan-120]-to-[vlan-120]",
            "name_alias": "",
            "role": "external",
            "to": "vlan-120",
            "vlan_pool_dn": "uni/infra/vlanns-[access]-static"
          },
          "sensitive_attributes": [],
          "private": "eyJzY2hlbWFfdmVyc2lvbiI6IjEifQ==",
          "dependencies": [
            "data.aci_vlan_pool.VLAN_Pool_access"
          ]
        }
      ]
    },
    {
      "mode": "managed",
      "type": "aci_ranges",
      "name": "VLAN_Range_access_1200",
      "provider": "provider[\"registry.terraform.io/ciscodevnet/aci\"]",
      "instances": [
        {
          "schema_version": 1,
          "attributes": {
            "alloc_mode": "inherit",
            "annotation": "orchestrator:terraform",
            "description": "",
            "from": "vlan-1200",
            "id": "uni/infra/vlanns-[access]-static/from-[vlan-1200]-to-[vlan-1200]",
            "name_alias": "",
            "role": "external",
            "to": "vlan-1200",
            "vlan_pool_dn": "uni/infra/vlanns-[access]-static"
          },
          "sensitive_attributes": [],
          "private": "eyJzY2hlbWFfdmVyc2lvbiI6IjEifQ==",
          "dependencies": [
            "data.aci_vlan_pool.VLAN_Pool_access"
          ]
        }
      ]
    },
    {
      "mode": "managed",
      "type": "aci_ranges",
      "name": "VLAN_Range_access_1201",
      "provider": "provider[\"registry.terraform.io/ciscodevnet/aci\"]",
      "instances": [
        {
          "schema_version": 1,
          "attributes": {
            "alloc_mode": "inherit",
            "annotation": "orchestrator:terraform",
            "description": "",
            "from": "vlan-1201",
            "id": "uni/infra/vlanns-[access]-static/from-[vlan-1201]-to-[vlan-1201]",
            "name_alias": "",
            "role": "external",
            "to": "vlan-1201",
            "vlan_pool_dn": "uni/infra/vlanns-[access]-static"
          },
          "sensitive_attributes": [],
          "private": "eyJzY2hlbWFfdmVyc2lvbiI6IjEifQ==",
          "dependencies": [
            "data.aci_vlan_pool.VLAN_Pool_access"
          ]
        }
      ]
    },
    {
      "mode": "managed",
      "type": "aci_ranges",
      "name": "VLAN_Range_access_1202",
      "provider": "provider[\"registry.terraform.io/ciscodevnet/aci\"]",
      "instances": [
        {
          "schema_version": 1,
          "attributes": {
            "alloc_mode": "inherit",
            "annotation": "orchestrator:terraform",
            "description": "",
            "from": "vlan-1202",
            "id": "uni/infra/vlanns-[access]-static/from-[vlan-1202]-to-[vlan-1202]",
            "name_alias": "",
            "role": "external",
            "to": "vlan-1202",
            "vlan_pool_dn": "uni/infra/vlanns-[access]-static"
          },
          "sensitive_attributes": [],
          "private": "eyJzY2hlbWFfdmVyc2lvbiI6IjEifQ==",
          "dependencies": [
            "data.aci_vlan_pool.VLAN_Pool_access"
          ]
        }
      ]
    },
    {
      "mode": "managed",
      "type": "aci_ranges",
      "name": "VLAN_Range_access_1203",
      "provider": "provider[\"registry.terraform.io/ciscodevnet/aci\"]",
      "instances": [
        {
          "schema_version": 1,
          "attributes": {
            "alloc_mode": "inherit",
            "annotation": "orchestrator:terraform",
            "description": "",
            "from": "vlan-1203",
            "id": "uni/infra/vlanns-[access]-static/from-[vlan-1203]-to-[vlan-1203]",
            "name_alias": "",
            "role": "external",
            "to": "vlan-1203",
            "vlan_pool_dn": "uni/infra/vlanns-[access]-static"
          },
          "sensitive_attributes": [],
          "private": "eyJzY2hlbWFfdmVyc2lvbiI6IjEifQ==",
          "dependencies": [
            "data.aci_vlan_pool.VLAN_Pool_access"
          ]
        }
      ]
    },
    {
      "mode": "managed",
      "type": "aci_ranges",
      "name": "VLAN_Range_access_1204",
      "provider": "provider[\"registry.terraform.io/ciscodevnet/aci\"]",
      "instances": [
        {
          "schema_version": 1,
          "attributes": {
            "alloc_mode": "inherit",
            "annotation": "orchestrator:terraform",
            "description": "",
            "from": "vlan-1204",
            "id": "uni/infra/vlanns-[access]-static/from-[vlan-1204]-to-[vlan-1204]",
            "name_alias": "",
            "role": "external",
            "to": "vlan-1204",
            "vlan_pool_dn": "uni/infra/vlanns-[access]-static"
          },
          "sensitive_attributes": [],
          "private": "eyJzY2hlbWFfdmVyc2lvbiI6IjEifQ==",
          "dependencies": [
            "data.aci_vlan_pool.VLAN_Pool_access"
          ]
        }
      ]
    },
    {
      "mode": "managed",
      "type": "aci_ranges",
      "name": "VLAN_Range_access_1205",
      "provider": "provider[\"registry.terraform.io/ciscodevnet/aci\"]",
      "instances": [
        {
          "schema_version": 1,
          "attributes": {
            "alloc_mode": "inherit",
            "annotation": "orchestrator:terraform",
            "description": "",
            "from": "vlan-1205",
            "id": "uni/infra/vlanns-[access]-static/from-[vlan-1205]-to-[vlan-1205]",
            "name_alias": "",
            "role": "external",
            "to": "vlan-1205",
            "vlan_pool_dn": "uni/infra/vlanns-[access]-static"
          },
          "sensitive_attributes": [],
          "private": "eyJzY2hlbWFfdmVyc2lvbiI6IjEifQ==",
          "dependencies": [
            "data.aci_vlan_pool.VLAN_Pool_access"
          ]
        }
      ]
    },
    {
      "mode": "managed",
      "type": "aci_ranges",
      "name": "VLAN_Range_access_1206",
      "provider": "provider[\"registry.terraform.io/ciscodevnet/aci\"]",
      "instances": [
        {
          "schema_version": 1,
          "attributes": {
            "alloc_mode": "inherit",
            "annotation": "orchestrator:terraform",
            "description": "",
            "from": "vlan-1206",
            "id": "uni/infra/vlanns-[access]-static/from-[vlan-1206]-to-[vlan-1206]",
            "name_alias": "",
            "role": "external",
            "to": "vlan-1206",
            "vlan_pool_dn": "uni/infra/vlanns-[access]-static"
          },
          "sensitive_attributes": [],
          "private": "eyJzY2hlbWFfdmVyc2lvbiI6IjEifQ==",
          "dependencies": [
            "data.aci_vlan_pool.VLAN_Pool_access"
          ]
        }
      ]
    },
    {
      "mode": "managed",
      "type": "aci_ranges",
      "name": "VLAN_Range_access_1207",
      "provider": "provider[\"registry.terraform.io/ciscodevnet/aci\"]",
      "instances": [
        {
          "schema_version": 1,
          "attributes": {
            "alloc_mode": "inherit",
            "annotation": "orchestrator:terraform",
            "description": "",
            "from": "vlan-1207",
            "id": "uni/infra/vlanns-[access]-static/from-[vlan-1207]-to-[vlan-1207]",
            "name_alias": "",
            "role": "external",
            "to": "vlan-1207",
            "vlan_pool_dn": "uni/infra/vlanns-[access]-static"
          },
          "sensitive_attributes": [],
          "private": "eyJzY2hlbWFfdmVyc2lvbiI6IjEifQ==",
          "dependencies": [
            "data.aci_vlan_pool.VLAN_Pool_access"
          ]
        }
      ]
    },
    {
      "mode": "managed",
      "type": "aci_ranges",
      "name": "VLAN_Range_access_1208",
      "provider": "provider[\"registry.terraform.io/ciscodevnet/aci\"]",
      "instances": [
        {
          "schema_version": 1,
          "attributes": {
            "alloc_mode": "inherit",
            "annotation": "orchestrator:terraform",
            "description": "",
            "from": "vlan-1208",
            "id": "uni/infra/vlanns-[access]-static/from-[vlan-1208]-to-[vlan-1208]",
            "name_alias": "",
            "role": "external",
            "to": "vlan-1208",
            "vlan_pool_dn": "uni/infra/vlanns-[access]-static"
          },
          "sensitive_attributes": [],
          "private": "eyJzY2hlbWFfdmVyc2lvbiI6IjEifQ==",
          "dependencies": [
            "data.aci_vlan_pool.VLAN_Pool_access"
          ]
        }
      ]
    },
    {
      "mode": "managed",
      "type": "aci_ranges",
      "name": "VLAN_Range_access_1209",
      "provider": "provider[\"registry.terraform.io/ciscodevnet/aci\"]",
      "instances": [
        {
          "schema_version": 1,
          "attributes": {
            "alloc_mode": "inherit",
            "annotation": "orchestrator:terraform",
            "description": "",
            "from": "vlan-1209",
            "id": "uni/infra/vlanns-[access]-static/from-[vlan-1209]-to-[vlan-1209]",
            "name_alias": "",
            "role": "external",
            "to": "vlan-1209",
            "vlan_pool_dn": "uni/infra/vlanns-[access]-static"
          },
          "sensitive_attributes": [],
          "private": "eyJzY2hlbWFfdmVyc2lvbiI6IjEifQ==",
          "dependencies": [
            "data.aci_vlan_pool.VLAN_Pool_access"
          ]
        }
      ]
    },
    {
      "mode": "managed",
      "type": "aci_ranges",
      "name": "VLAN_Range_access_121",
      "provider": "provider[\"registry.terraform.io/ciscodevnet/aci\"]",
      "instances": [
        {
          "schema_version": 1,
          "attributes": {
            "alloc_mode": "inherit",
            "annotation": "orchestrator:terraform",
            "description": "",
            "from": "vlan-121",
            "id": "uni/infra/vlanns-[access]-static/from-[vlan-121]-to-[vlan-121]",
            "name_alias": "",
            "role": "external",
            "to": "vlan-121",
            "vlan_pool_dn": "uni/infra/vlanns-[access]-static"
          },
          "sensitive_attributes": [],
          "private": "eyJzY2hlbWFfdmVyc2lvbiI6IjEifQ==",
          "dependencies": [
            "data.aci_vlan_pool.VLAN_Pool_access"
          ]
        }
      ]
    },
    {
      "mode": "managed",
      "type": "aci_ranges",
      "name": "VLAN_Range_access_1210",
      "provider": "provider[\"registry.terraform.io/ciscodevnet/aci\"]",
      "instances": [
        {
          "schema_version": 1,
          "attributes": {
            "alloc_mode": "inherit",
            "annotation": "orchestrator:terraform",
            "description": "",
            "from": "vlan-1210",
            "id": "uni/infra/vlanns-[access]-static/from-[vlan-1210]-to-[vlan-1210]",
            "name_alias": "",
            "role": "external",
            "to": "vlan-1210",
            "vlan_pool_dn": "uni/infra/vlanns-[access]-static"
          },
          "sensitive_attributes": [],
          "private": "eyJzY2hlbWFfdmVyc2lvbiI6IjEifQ==",
          "dependencies": [
            "data.aci_vlan_pool.VLAN_Pool_access"
          ]
        }
      ]
    },
    {
      "mode": "managed",
      "type": "aci_ranges",
      "name": "VLAN_Range_access_1211",
      "provider": "provider[\"registry.terraform.io/ciscodevnet/aci\"]",
      "instances": [
        {
          "schema_version": 1,
          "attributes": {
            "alloc_mode": "inherit",
            "annotation": "orchestrator:terraform",
            "description": "",
            "from": "vlan-1211",
            "id": "uni/infra/vlanns-[access]-static/from-[vlan-1211]-to-[vlan-1211]",
            "name_alias": "",
            "role": "external",
            "to": "vlan-1211",
            "vlan_pool_dn": "uni/infra/vlanns-[access]-static"
          },
          "sensitive_attributes": [],
          "private": "eyJzY2hlbWFfdmVyc2lvbiI6IjEifQ==",
          "dependencies": [
            "data.aci_vlan_pool.VLAN_Pool_access"
          ]
        }
      ]
    },
    {
      "mode": "managed",
      "type": "aci_ranges",
      "name": "VLAN_Range_access_1212",
      "provider": "provider[\"registry.terraform.io/ciscodevnet/aci\"]",
      "instances": [
        {
          "schema_version": 1,
          "attributes": {
            "alloc_mode": "inherit",
            "annotation": "orchestrator:terraform",
            "description": "",
            "from": "vlan-1212",
            "id": "uni/infra/vlanns-[access]-static/from-[vlan-1212]-to-[vlan-1212]",
            "name_alias": "",
            "role": "external",
            "to": "vlan-1212",
            "vlan_pool_dn": "uni/infra/vlanns-[access]-static"
          },
          "sensitive_attributes": [],
          "private": "eyJzY2hlbWFfdmVyc2lvbiI6IjEifQ==",
          "dependencies": [
            "data.aci_vlan_pool.VLAN_Pool_access"
          ]
        }
      ]
    },
    {
      "mode": "managed",
      "type": "aci_ranges",
      "name": "VLAN_Range_access_1213",
      "provider": "provider[\"registry.terraform.io/ciscodevnet/aci\"]",
      "instances": [
        {
          "schema_version": 1,
          "attributes": {
            "alloc_mode": "inherit",
            "annotation": "orchestrator:terraform",
            "description": "",
            "from": "vlan-1213",
            "id": "uni/infra/vlanns-[access]-static/from-[vlan-1213]-to-[vlan-1213]",
            "name_alias": "",
            "role": "external",
            "to": "vlan-1213",
            "vlan_pool_dn": "uni/infra/vlanns-[access]-static"
          },
          "sensitive_attributes": [],
          "private": "eyJzY2hlbWFfdmVyc2lvbiI6IjEifQ==",
          "dependencies": [
            "data.aci_vlan_pool.VLAN_Pool_access"
          ]
        }
      ]
    },
    {
      "mode": "managed",
      "type": "aci_ranges",
      "name": "VLAN_Range_access_1214",
      "provider": "provider[\"registry.terraform.io/ciscodevnet/aci\"]",
      "instances": [
        {
          "schema_version": 1,
          "attributes": {
            "alloc_mode": "inherit",
            "annotation": "orchestrator:terraform",
            "description": "",
            "from": "vlan-1214",
            "id": "uni/infra/vlanns-[access]-static/from-[vlan-1214]-to-[vlan-1214]",
            "name_alias": "",
            "role": "external",
            "to": "vlan-1214",
            "vlan_pool_dn": "uni/infra/vlanns-[access]-static"
          },
          "sensitive_attributes": [],
          "private": "eyJzY2hlbWFfdmVyc2lvbiI6IjEifQ==",
          "dependencies": [
            "data.aci_vlan_pool.VLAN_Pool_access"
          ]
        }
      ]
    },
    {
      "mode": "managed",
      "type": "aci_ranges",
      "name": "VLAN_Range_access_1215",
      "provider": "provider[\"registry.terraform.io/ciscodevnet/aci\"]",
      "instances": [
        {
          "schema_version": 1,
          "attributes": {
            "alloc_mode": "inherit",
            "annotation": "orchestrator:terraform",
            "description": "",
            "from": "vlan-1215",
            "id": "uni/infra/vlanns-[access]-static/from-[vlan-1215]-to-[vlan-1215]",
            "name_alias": "",
            "role": "external",
            "to": "vlan-1215",
            "vlan_pool_dn": "uni/infra/vlanns-[access]-static"
          },
          "sensitive_attributes": [],
          "private": "eyJzY2hlbWFfdmVyc2lvbiI6IjEifQ==",
          "dependencies": [
            "data.aci_vlan_pool.VLAN_Pool_access"
          ]
        }
      ]
    },
    {
      "mode": "managed",
      "type": "aci_ranges",
      "name": "VLAN_Range_access_1216",
      "provider": "provider[\"registry.terraform.io/ciscodevnet/aci\"]",
      "instances": [
        {
          "schema_version": 1,
          "attributes": {
            "alloc_mode": "inherit",
            "annotation": "orchestrator:terraform",
            "description": "",
            "from": "vlan-1216",
            "id": "uni/infra/vlanns-[access]-static/from-[vlan-1216]-to-[vlan-1216]",
            "name_alias": "",
            "role": "external",
            "to": "vlan-1216",
            "vlan_pool_dn": "uni/infra/vlanns-[access]-static"
          },
          "sensitive_attributes": [],
          "private": "eyJzY2hlbWFfdmVyc2lvbiI6IjEifQ==",
          "dependencies": [
            "data.aci_vlan_pool.VLAN_Pool_access"
          ]
        }
      ]
    },
    {
      "mode": "managed",
      "type": "aci_ranges",
      "name": "VLAN_Range_access_1217",
      "provider": "provider[\"registry.terraform.io/ciscodevnet/aci\"]",
      "instances": [
        {
          "schema_version": 1,
          "attributes": {
            "alloc_mode": "inherit",
            "annotation": "orchestrator:terraform",
            "description": "",
            "from": "vlan-1217",
            "id": "uni/infra/vlanns-[access]-static/from-[vlan-1217]-to-[vlan-1217]",
            "name_alias": "",
            "role": "external",
            "to": "vlan-1217",
            "vlan_pool_dn": "uni/infra/vlanns-[access]-static"
          },
          "sensitive_attributes": [],
          "private": "eyJzY2hlbWFfdmVyc2lvbiI6IjEifQ==",
          "dependencies": [
            "data.aci_vlan_pool.VLAN_Pool_access"
          ]
        }
      ]
    },
    {
      "mode": "managed",
      "type": "aci_ranges",
      "name": "VLAN_Range_access_1218",
      "provider": "provider[\"registry.terraform.io/ciscodevnet/aci\"]",
      "instances": [
        {
          "schema_version": 1,
          "attributes": {
            "alloc_mode": "inherit",
            "annotation": "orchestrator:terraform",
            "description": "",
            "from": "vlan-1218",
            "id": "uni/infra/vlanns-[access]-static/from-[vlan-1218]-to-[vlan-1218]",
            "name_alias": "",
            "role": "external",
            "to": "vlan-1218",
            "vlan_pool_dn": "uni/infra/vlanns-[access]-static"
          },
          "sensitive_attributes": [],
          "private": "eyJzY2hlbWFfdmVyc2lvbiI6IjEifQ==",
          "dependencies": [
            "data.aci_vlan_pool.VLAN_Pool_access"
          ]
        }
      ]
    },
    {
      "mode": "managed",
      "type": "aci_ranges",
      "name": "VLAN_Range_access_1219",
      "provider": "provider[\"registry.terraform.io/ciscodevnet/aci\"]",
      "instances": [
        {
          "schema_version": 1,
          "attributes": {
            "alloc_mode": "inherit",
            "annotation": "orchestrator:terraform",
            "description": "",
            "from": "vlan-1219",
            "id": "uni/infra/vlanns-[access]-static/from-[vlan-1219]-to-[vlan-1219]",
            "name_alias": "",
            "role": "external",
            "to": "vlan-1219",
            "vlan_pool_dn": "uni/infra/vlanns-[access]-static"
          },
          "sensitive_attributes": [],
          "private": "eyJzY2hlbWFfdmVyc2lvbiI6IjEifQ==",
          "dependencies": [
            "data.aci_vlan_pool.VLAN_Pool_access"
          ]
        }
      ]
    },
    {
      "mode": "managed",
      "type": "aci_ranges",
      "name": "VLAN_Range_access_122",
      "provider": "provider[\"registry.terraform.io/ciscodevnet/aci\"]",
      "instances": [
        {
          "schema_version": 1,
          "attributes": {
            "alloc_mode": "inherit",
            "annotation": "orchestrator:terraform",
            "description": "",
            "from": "vlan-122",
            "id": "uni/infra/vlanns-[access]-static/from-[vlan-122]-to-[vlan-122]",
            "name_alias": "",
            "role": "external",
            "to": "vlan-122",
            "vlan_pool_dn": "uni/infra/vlanns-[access]-static"
          },
          "sensitive_attributes": [],
          "private": "eyJzY2hlbWFfdmVyc2lvbiI6IjEifQ==",
          "dependencies": [
            "data.aci_vlan_pool.VLAN_Pool_access"
          ]
        }
      ]
    },
    {
      "mode": "managed",
      "type": "aci_ranges",
      "name": "VLAN_Range_access_1220",
      "provider": "provider[\"registry.terraform.io/ciscodevnet/aci\"]",
      "instances": [
        {
          "schema_version": 1,
          "attributes": {
            "alloc_mode": "inherit",
            "annotation": "orchestrator:terraform",
            "description": "",
            "from": "vlan-1220",
            "id": "uni/infra/vlanns-[access]-static/from-[vlan-1220]-to-[vlan-1220]",
            "name_alias": "",
            "role": "external",
            "to": "vlan-1220",
            "vlan_pool_dn": "uni/infra/vlanns-[access]-static"
          },
          "sensitive_attributes": [],
          "private": "eyJzY2hlbWFfdmVyc2lvbiI6IjEifQ==",
          "dependencies": [
            "data.aci_vlan_pool.VLAN_Pool_access"
          ]
        }
      ]
    },
    {
      "mode": "managed",
      "type": "aci_ranges",
      "name": "VLAN_Range_access_1221",
      "provider": "provider[\"registry.terraform.io/ciscodevnet/aci\"]",
      "instances": [
        {
          "schema_version": 1,
          "attributes": {
            "alloc_mode": "inherit",
            "annotation": "orchestrator:terraform",
            "description": "",
            "from": "vlan-1221",
            "id": "uni/infra/vlanns-[access]-static/from-[vlan-1221]-to-[vlan-1221]",
            "name_alias": "",
            "role": "external",
            "to": "vlan-1221",
            "vlan_pool_dn": "uni/infra/vlanns-[access]-static"
          },
          "sensitive_attributes": [],
          "private": "eyJzY2hlbWFfdmVyc2lvbiI6IjEifQ==",
          "dependencies": [
            "data.aci_vlan_pool.VLAN_Pool_access"
          ]
        }
      ]
    },
    {
      "mode": "managed",
      "type": "aci_ranges",
      "name": "VLAN_Range_access_1222",
      "provider": "provider[\"registry.terraform.io/ciscodevnet/aci\"]",
      "instances": [
        {
          "schema_version": 1,
          "attributes": {
            "alloc_mode": "inherit",
            "annotation": "orchestrator:terraform",
            "description": "",
            "from": "vlan-1222",
            "id": "uni/infra/vlanns-[access]-static/from-[vlan-1222]-to-[vlan-1222]",
            "name_alias": "",
            "role": "external",
            "to": "vlan-1222",
            "vlan_pool_dn": "uni/infra/vlanns-[access]-static"
          },
          "sensitive_attributes": [],
          "private": "eyJzY2hlbWFfdmVyc2lvbiI6IjEifQ==",
          "dependencies": [
            "data.aci_vlan_pool.VLAN_Pool_access"
          ]
        }
      ]
    },
    {
      "mode": "managed",
      "type": "aci_ranges",
      "name": "VLAN_Range_access_1223",
      "provider": "provider[\"registry.terraform.io/ciscodevnet/aci\"]",
      "instances": [
        {
          "schema_version": 1,
          "attributes": {
            "alloc_mode": "inherit",
            "annotation": "orchestrator:terraform",
            "description": "",
            "from": "vlan-1223",
            "id": "uni/infra/vlanns-[access]-static/from-[vlan-1223]-to-[vlan-1223]",
            "name_alias": "",
            "role": "external",
            "to": "vlan-1223",
            "vlan_pool_dn": "uni/infra/vlanns-[access]-static"
          },
          "sensitive_attributes": [],
          "private": "eyJzY2hlbWFfdmVyc2lvbiI6IjEifQ==",
          "dependencies": [
            "data.aci_vlan_pool.VLAN_Pool_access"
          ]
        }
      ]
    },
    {
      "mode": "managed",
      "type": "aci_ranges",
      "name": "VLAN_Range_access_1224",
      "provider": "provider[\"registry.terraform.io/ciscodevnet/aci\"]",
      "instances": [
        {
          "schema_version": 1,
          "attributes": {
            "alloc_mode": "inherit",
            "annotation": "orchestrator:terraform",
            "description": "",
            "from": "vlan-1224",
            "id": "uni/infra/vlanns-[access]-static/from-[vlan-1224]-to-[vlan-1224]",
            "name_alias": "",
            "role": "external",
            "to": "vlan-1224",
            "vlan_pool_dn": "uni/infra/vlanns-[access]-static"
          },
          "sensitive_attributes": [],
          "private": "eyJzY2hlbWFfdmVyc2lvbiI6IjEifQ==",
          "dependencies": [
            "data.aci_vlan_pool.VLAN_Pool_access"
          ]
        }
      ]
    },
    {
      "mode": "managed",
      "type": "aci_ranges",
      "name": "VLAN_Range_access_1225",
      "provider": "provider[\"registry.terraform.io/ciscodevnet/aci\"]",
      "instances": [
        {
          "schema_version": 1,
          "attributes": {
            "alloc_mode": "inherit",
            "annotation": "orchestrator:terraform",
            "description": "",
            "from": "vlan-1225",
            "id": "uni/infra/vlanns-[access]-static/from-[vlan-1225]-to-[vlan-1225]",
            "name_alias": "",
            "role": "external",
            "to": "vlan-1225",
            "vlan_pool_dn": "uni/infra/vlanns-[access]-static"
          },
          "sensitive_attributes": [],
          "private": "eyJzY2hlbWFfdmVyc2lvbiI6IjEifQ==",
          "dependencies": [
            "data.aci_vlan_pool.VLAN_Pool_access"
          ]
        }
      ]
    },
    {
      "mode": "managed",
      "type": "aci_ranges",
      "name": "VLAN_Range_access_1226",
      "provider": "provider[\"registry.terraform.io/ciscodevnet/aci\"]",
      "instances": [
        {
          "schema_version": 1,
          "attributes": {
            "alloc_mode": "inherit",
            "annotation": "orchestrator:terraform",
            "description": "",
            "from": "vlan-1226",
            "id": "uni/infra/vlanns-[access]-static/from-[vlan-1226]-to-[vlan-1226]",
            "name_alias": "",
            "role": "external",
            "to": "vlan-1226",
            "vlan_pool_dn": "uni/infra/vlanns-[access]-static"
          },
          "sensitive_attributes": [],
          "private": "eyJzY2hlbWFfdmVyc2lvbiI6IjEifQ==",
          "dependencies": [
            "data.aci_vlan_pool.VLAN_Pool_access"
          ]
        }
      ]
    },
    {
      "mode": "managed",
      "type": "aci_ranges",
      "name": "VLAN_Range_access_1227",
      "provider": "provider[\"registry.terraform.io/ciscodevnet/aci\"]",
      "instances": [
        {
          "schema_version": 1,
          "attributes": {
            "alloc_mode": "inherit",
            "annotation": "orchestrator:terraform",
            "description": "",
            "from": "vlan-1227",
            "id": "uni/infra/vlanns-[access]-static/from-[vlan-1227]-to-[vlan-1227]",
            "name_alias": "",
            "role": "external",
            "to": "vlan-1227",
            "vlan_pool_dn": "uni/infra/vlanns-[access]-static"
          },
          "sensitive_attributes": [],
          "private": "eyJzY2hlbWFfdmVyc2lvbiI6IjEifQ==",
          "dependencies": [
            "data.aci_vlan_pool.VLAN_Pool_access"
          ]
        }
      ]
    },
    {
      "mode": "managed",
      "type": "aci_ranges",
      "name": "VLAN_Range_access_1228",
      "provider": "provider[\"registry.terraform.io/ciscodevnet/aci\"]",
      "instances": [
        {
          "schema_version": 1,
          "attributes": {
            "alloc_mode": "inherit",
            "annotation": "orchestrator:terraform",
            "description": "",
            "from": "vlan-1228",
            "id": "uni/infra/vlanns-[access]-static/from-[vlan-1228]-to-[vlan-1228]",
            "name_alias": "",
            "role": "external",
            "to": "vlan-1228",
            "vlan_pool_dn": "uni/infra/vlanns-[access]-static"
          },
          "sensitive_attributes": [],
          "private": "eyJzY2hlbWFfdmVyc2lvbiI6IjEifQ==",
          "dependencies": [
            "data.aci_vlan_pool.VLAN_Pool_access"
          ]
        }
      ]
    },
    {
      "mode": "managed",
      "type": "aci_ranges",
      "name": "VLAN_Range_access_1229",
      "provider": "provider[\"registry.terraform.io/ciscodevnet/aci\"]",
      "instances": [
        {
          "schema_version": 1,
          "attributes": {
            "alloc_mode": "inherit",
            "annotation": "orchestrator:terraform",
            "description": "",
            "from": "vlan-1229",
            "id": "uni/infra/vlanns-[access]-static/from-[vlan-1229]-to-[vlan-1229]",
            "name_alias": "",
            "role": "external",
            "to": "vlan-1229",
            "vlan_pool_dn": "uni/infra/vlanns-[access]-static"
          },
          "sensitive_attributes": [],
          "private": "eyJzY2hlbWFfdmVyc2lvbiI6IjEifQ==",
          "dependencies": [
            "data.aci_vlan_pool.VLAN_Pool_access"
          ]
        }
      ]
    },
    {
      "mode": "managed",
      "type": "aci_ranges",
      "name": "VLAN_Range_access_123",
      "provider": "provider[\"registry.terraform.io/ciscodevnet/aci\"]",
      "instances": [
        {
          "schema_version": 1,
          "attributes": {
            "alloc_mode": "inherit",
            "annotation": "orchestrator:terraform",
            "description": "",
            "from": "vlan-123",
            "id": "uni/infra/vlanns-[access]-static/from-[vlan-123]-to-[vlan-123]",
            "name_alias": "",
            "role": "external",
            "to": "vlan-123",
            "vlan_pool_dn": "uni/infra/vlanns-[access]-static"
          },
          "sensitive_attributes": [],
          "private": "eyJzY2hlbWFfdmVyc2lvbiI6IjEifQ==",
          "dependencies": [
            "data.aci_vlan_pool.VLAN_Pool_access"
          ]
        }
      ]
    },
    {
      "mode": "managed",
      "type": "aci_ranges",
      "name": "VLAN_Range_access_1230",
      "provider": "provider[\"registry.terraform.io/ciscodevnet/aci\"]",
      "instances": [
        {
          "schema_version": 1,
          "attributes": {
            "alloc_mode": "inherit",
            "annotation": "orchestrator:terraform",
            "description": "",
            "from": "vlan-1230",
            "id": "uni/infra/vlanns-[access]-static/from-[vlan-1230]-to-[vlan-1230]",
            "name_alias": "",
            "role": "external",
            "to": "vlan-1230",
            "vlan_pool_dn": "uni/infra/vlanns-[access]-static"
          },
          "sensitive_attributes": [],
          "private": "eyJzY2hlbWFfdmVyc2lvbiI6IjEifQ==",
          "dependencies": [
            "data.aci_vlan_pool.VLAN_Pool_access"
          ]
        }
      ]
    },
    {
      "mode": "managed",
      "type": "aci_ranges",
      "name": "VLAN_Range_access_1231",
      "provider": "provider[\"registry.terraform.io/ciscodevnet/aci\"]",
      "instances": [
        {
          "schema_version": 1,
          "attributes": {
            "alloc_mode": "inherit",
            "annotation": "orchestrator:terraform",
            "description": "",
            "from": "vlan-1231",
            "id": "uni/infra/vlanns-[access]-static/from-[vlan-1231]-to-[vlan-1231]",
            "name_alias": "",
            "role": "external",
            "to": "vlan-1231",
            "vlan_pool_dn": "uni/infra/vlanns-[access]-static"
          },
          "sensitive_attributes": [],
          "private": "eyJzY2hlbWFfdmVyc2lvbiI6IjEifQ==",
          "dependencies": [
            "data.aci_vlan_pool.VLAN_Pool_access"
          ]
        }
      ]
    },
    {
      "mode": "managed",
      "type": "aci_ranges",
      "name": "VLAN_Range_access_1232",
      "provider": "provider[\"registry.terraform.io/ciscodevnet/aci\"]",
      "instances": [
        {
          "schema_version": 1,
          "attributes": {
            "alloc_mode": "inherit",
            "annotation": "orchestrator:terraform",
            "description": "",
            "from": "vlan-1232",
            "id": "uni/infra/vlanns-[access]-static/from-[vlan-1232]-to-[vlan-1232]",
            "name_alias": "",
            "role": "external",
            "to": "vlan-1232",
            "vlan_pool_dn": "uni/infra/vlanns-[access]-static"
          },
          "sensitive_attributes": [],
          "private": "eyJzY2hlbWFfdmVyc2lvbiI6IjEifQ==",
          "dependencies": [
            "data.aci_vlan_pool.VLAN_Pool_access"
          ]
        }
      ]
    },
    {
      "mode": "managed",
      "type": "aci_ranges",
      "name": "VLAN_Range_access_1233",
      "provider": "provider[\"registry.terraform.io/ciscodevnet/aci\"]",
      "instances": [
        {
          "schema_version": 1,
          "attributes": {
            "alloc_mode": "inherit",
            "annotation": "orchestrator:terraform",
            "description": "",
            "from": "vlan-1233",
            "id": "uni/infra/vlanns-[access]-static/from-[vlan-1233]-to-[vlan-1233]",
            "name_alias": "",
            "role": "external",
            "to": "vlan-1233",
            "vlan_pool_dn": "uni/infra/vlanns-[access]-static"
          },
          "sensitive_attributes": [],
          "private": "eyJzY2hlbWFfdmVyc2lvbiI6IjEifQ==",
          "dependencies": [
            "data.aci_vlan_pool.VLAN_Pool_access"
          ]
        }
      ]
    },
    {
      "mode": "managed",
      "type": "aci_ranges",
      "name": "VLAN_Range_access_1234",
      "provider": "provider[\"registry.terraform.io/ciscodevnet/aci\"]",
      "instances": [
        {
          "schema_version": 1,
          "attributes": {
            "alloc_mode": "inherit",
            "annotation": "orchestrator:terraform",
            "description": "",
            "from": "vlan-1234",
            "id": "uni/infra/vlanns-[access]-static/from-[vlan-1234]-to-[vlan-1234]",
            "name_alias": "",
            "role": "external",
            "to": "vlan-1234",
            "vlan_pool_dn": "uni/infra/vlanns-[access]-static"
          },
          "sensitive_attributes": [],
          "private": "eyJzY2hlbWFfdmVyc2lvbiI6IjEifQ==",
          "dependencies": [
            "data.aci_vlan_pool.VLAN_Pool_access"
          ]
        }
      ]
    },
    {
      "mode": "managed",
      "type": "aci_ranges",
      "name": "VLAN_Range_access_1235",
      "provider": "provider[\"registry.terraform.io/ciscodevnet/aci\"]",
      "instances": [
        {
          "schema_version": 1,
          "attributes": {
            "alloc_mode": "inherit",
            "annotation": "orchestrator:terraform",
            "description": "",
            "from": "vlan-1235",
            "id": "uni/infra/vlanns-[access]-static/from-[vlan-1235]-to-[vlan-1235]",
            "name_alias": "",
            "role": "external",
            "to": "vlan-1235",
            "vlan_pool_dn": "uni/infra/vlanns-[access]-static"
          },
          "sensitive_attributes": [],
          "private": "eyJzY2hlbWFfdmVyc2lvbiI6IjEifQ==",
          "dependencies": [
            "data.aci_vlan_pool.VLAN_Pool_access"
          ]
        }
      ]
    },
    {
      "mode": "managed",
      "type": "aci_ranges",
      "name": "VLAN_Range_access_1236",
      "provider": "provider[\"registry.terraform.io/ciscodevnet/aci\"]",
      "instances": [
        {
          "schema_version": 1,
          "attributes": {
            "alloc_mode": "inherit",
            "annotation": "orchestrator:terraform",
            "description": "",
            "from": "vlan-1236",
            "id": "uni/infra/vlanns-[access]-static/from-[vlan-1236]-to-[vlan-1236]",
            "name_alias": "",
            "role": "external",
            "to": "vlan-1236",
            "vlan_pool_dn": "uni/infra/vlanns-[access]-static"
          },
          "sensitive_attributes": [],
          "private": "eyJzY2hlbWFfdmVyc2lvbiI6IjEifQ==",
          "dependencies": [
            "data.aci_vlan_pool.VLAN_Pool_access"
          ]
        }
      ]
    },
    {
      "mode": "managed",
      "type": "aci_ranges",
      "name": "VLAN_Range_access_1237",
      "provider": "provider[\"registry.terraform.io/ciscodevnet/aci\"]",
      "instances": [
        {
          "schema_version": 1,
          "attributes": {
            "alloc_mode": "inherit",
            "annotation": "orchestrator:terraform",
            "description": "",
            "from": "vlan-1237",
            "id": "uni/infra/vlanns-[access]-static/from-[vlan-1237]-to-[vlan-1237]",
            "name_alias": "",
            "role": "external",
            "to": "vlan-1237",
            "vlan_pool_dn": "uni/infra/vlanns-[access]-static"
          },
          "sensitive_attributes": [],
          "private": "eyJzY2hlbWFfdmVyc2lvbiI6IjEifQ==",
          "dependencies": [
            "data.aci_vlan_pool.VLAN_Pool_access"
          ]
        }
      ]
    },
    {
      "mode": "managed",
      "type": "aci_ranges",
      "name": "VLAN_Range_access_1238",
      "provider": "provider[\"registry.terraform.io/ciscodevnet/aci\"]",
      "instances": [
        {
          "schema_version": 1,
          "attributes": {
            "alloc_mode": "inherit",
            "annotation": "orchestrator:terraform",
            "description": "",
            "from": "vlan-1238",
            "id": "uni/infra/vlanns-[access]-static/from-[vlan-1238]-to-[vlan-1238]",
            "name_alias": "",
            "role": "external",
            "to": "vlan-1238",
            "vlan_pool_dn": "uni/infra/vlanns-[access]-static"
          },
          "sensitive_attributes": [],
          "private": "eyJzY2hlbWFfdmVyc2lvbiI6IjEifQ==",
          "dependencies": [
            "data.aci_vlan_pool.VLAN_Pool_access"
          ]
        }
      ]
    },
    {
      "mode": "managed",
      "type": "aci_ranges",
      "name": "VLAN_Range_access_1239",
      "provider": "provider[\"registry.terraform.io/ciscodevnet/aci\"]",
      "instances": [
        {
          "schema_version": 1,
          "attributes": {
            "alloc_mode": "inherit",
            "annotation": "orchestrator:terraform",
            "description": "",
            "from": "vlan-1239",
            "id": "uni/infra/vlanns-[access]-static/from-[vlan-1239]-to-[vlan-1239]",
            "name_alias": "",
            "role": "external",
            "to": "vlan-1239",
            "vlan_pool_dn": "uni/infra/vlanns-[access]-static"
          },
          "sensitive_attributes": [],
          "private": "eyJzY2hlbWFfdmVyc2lvbiI6IjEifQ==",
          "dependencies": [
            "data.aci_vlan_pool.VLAN_Pool_access"
          ]
        }
      ]
    },
    {
      "mode": "managed",
      "type": "aci_ranges",
      "name": "VLAN_Range_access_124",
      "provider": "provider[\"registry.terraform.io/ciscodevnet/aci\"]",
      "instances": [
        {
          "schema_version": 1,
          "attributes": {
            "alloc_mode": "inherit",
            "annotation": "orchestrator:terraform",
            "description": "",
            "from": "vlan-124",
            "id": "uni/infra/vlanns-[access]-static/from-[vlan-124]-to-[vlan-124]",
            "name_alias": "",
            "role": "external",
            "to": "vlan-124",
            "vlan_pool_dn": "uni/infra/vlanns-[access]-static"
          },
          "sensitive_attributes": [],
          "private": "eyJzY2hlbWFfdmVyc2lvbiI6IjEifQ==",
          "dependencies": [
            "data.aci_vlan_pool.VLAN_Pool_access"
          ]
        }
      ]
    },
    {
      "mode": "managed",
      "type": "aci_ranges",
      "name": "VLAN_Range_access_1240",
      "provider": "provider[\"registry.terraform.io/ciscodevnet/aci\"]",
      "instances": [
        {
          "schema_version": 1,
          "attributes": {
            "alloc_mode": "inherit",
            "annotation": "orchestrator:terraform",
            "description": "",
            "from": "vlan-1240",
            "id": "uni/infra/vlanns-[access]-static/from-[vlan-1240]-to-[vlan-1240]",
            "name_alias": "",
            "role": "external",
            "to": "vlan-1240",
            "vlan_pool_dn": "uni/infra/vlanns-[access]-static"
          },
          "sensitive_attributes": [],
          "private": "eyJzY2hlbWFfdmVyc2lvbiI6IjEifQ==",
          "dependencies": [
            "data.aci_vlan_pool.VLAN_Pool_access"
          ]
        }
      ]
    },
    {
      "mode": "managed",
      "type": "aci_ranges",
      "name": "VLAN_Range_access_1241",
      "provider": "provider[\"registry.terraform.io/ciscodevnet/aci\"]",
      "instances": [
        {
          "schema_version": 1,
          "attributes": {
            "alloc_mode": "inherit",
            "annotation": "orchestrator:terraform",
            "description": "",
            "from": "vlan-1241",
            "id": "uni/infra/vlanns-[access]-static/from-[vlan-1241]-to-[vlan-1241]",
            "name_alias": "",
            "role": "external",
            "to": "vlan-1241",
            "vlan_pool_dn": "uni/infra/vlanns-[access]-static"
          },
          "sensitive_attributes": [],
          "private": "eyJzY2hlbWFfdmVyc2lvbiI6IjEifQ==",
          "dependencies": [
            "data.aci_vlan_pool.VLAN_Pool_access"
          ]
        }
      ]
    },
    {
      "mode": "managed",
      "type": "aci_ranges",
      "name": "VLAN_Range_access_1242",
      "provider": "provider[\"registry.terraform.io/ciscodevnet/aci\"]",
      "instances": [
        {
          "schema_version": 1,
          "attributes": {
            "alloc_mode": "inherit",
            "annotation": "orchestrator:terraform",
            "description": "",
            "from": "vlan-1242",
            "id": "uni/infra/vlanns-[access]-static/from-[vlan-1242]-to-[vlan-1242]",
            "name_alias": "",
            "role": "external",
            "to": "vlan-1242",
            "vlan_pool_dn": "uni/infra/vlanns-[access]-static"
          },
          "sensitive_attributes": [],
          "private": "eyJzY2hlbWFfdmVyc2lvbiI6IjEifQ==",
          "dependencies": [
            "data.aci_vlan_pool.VLAN_Pool_access"
          ]
        }
      ]
    },
    {
      "mode": "managed",
      "type": "aci_ranges",
      "name": "VLAN_Range_access_1243",
      "provider": "provider[\"registry.terraform.io/ciscodevnet/aci\"]",
      "instances": [
        {
          "schema_version": 1,
          "attributes": {
            "alloc_mode": "inherit",
            "annotation": "orchestrator:terraform",
            "description": "",
            "from": "vlan-1243",
            "id": "uni/infra/vlanns-[access]-static/from-[vlan-1243]-to-[vlan-1243]",
            "name_alias": "",
            "role": "external",
            "to": "vlan-1243",
            "vlan_pool_dn": "uni/infra/vlanns-[access]-static"
          },
          "sensitive_attributes": [],
          "private": "eyJzY2hlbWFfdmVyc2lvbiI6IjEifQ==",
          "dependencies": [
            "data.aci_vlan_pool.VLAN_Pool_access"
          ]
        }
      ]
    },
    {
      "mode": "managed",
      "type": "aci_ranges",
      "name": "VLAN_Range_access_1244",
      "provider": "provider[\"registry.terraform.io/ciscodevnet/aci\"]",
      "instances": [
        {
          "schema_version": 1,
          "attributes": {
            "alloc_mode": "inherit",
            "annotation": "orchestrator:terraform",
            "description": "",
            "from": "vlan-1244",
            "id": "uni/infra/vlanns-[access]-static/from-[vlan-1244]-to-[vlan-1244]",
            "name_alias": "",
            "role": "external",
            "to": "vlan-1244",
            "vlan_pool_dn": "uni/infra/vlanns-[access]-static"
          },
          "sensitive_attributes": [],
          "private": "eyJzY2hlbWFfdmVyc2lvbiI6IjEifQ==",
          "dependencies": [
            "data.aci_vlan_pool.VLAN_Pool_access"
          ]
        }
      ]
    },
    {
      "mode": "managed",
      "type": "aci_ranges",
      "name": "VLAN_Range_access_1245",
      "provider": "provider[\"registry.terraform.io/ciscodevnet/aci\"]",
      "instances": [
        {
          "schema_version": 1,
          "attributes": {
            "alloc_mode": "inherit",
            "annotation": "orchestrator:terraform",
            "description": "",
            "from": "vlan-1245",
            "id": "uni/infra/vlanns-[access]-static/from-[vlan-1245]-to-[vlan-1245]",
            "name_alias": "",
            "role": "external",
            "to": "vlan-1245",
            "vlan_pool_dn": "uni/infra/vlanns-[access]-static"
          },
          "sensitive_attributes": [],
          "private": "eyJzY2hlbWFfdmVyc2lvbiI6IjEifQ==",
          "dependencies": [
            "data.aci_vlan_pool.VLAN_Pool_access"
          ]
        }
      ]
    },
    {
      "mode": "managed",
      "type": "aci_ranges",
      "name": "VLAN_Range_access_1246",
      "provider": "provider[\"registry.terraform.io/ciscodevnet/aci\"]",
      "instances": [
        {
          "schema_version": 1,
          "attributes": {
            "alloc_mode": "inherit",
            "annotation": "orchestrator:terraform",
            "description": "",
            "from": "vlan-1246",
            "id": "uni/infra/vlanns-[access]-static/from-[vlan-1246]-to-[vlan-1246]",
            "name_alias": "",
            "role": "external",
            "to": "vlan-1246",
            "vlan_pool_dn": "uni/infra/vlanns-[access]-static"
          },
          "sensitive_attributes": [],
          "private": "eyJzY2hlbWFfdmVyc2lvbiI6IjEifQ==",
          "dependencies": [
            "data.aci_vlan_pool.VLAN_Pool_access"
          ]
        }
      ]
    },
    {
      "mode": "managed",
      "type": "aci_ranges",
      "name": "VLAN_Range_access_1247",
      "provider": "provider[\"registry.terraform.io/ciscodevnet/aci\"]",
      "instances": [
        {
          "schema_version": 1,
          "attributes": {
            "alloc_mode": "inherit",
            "annotation": "orchestrator:terraform",
            "description": "",
            "from": "vlan-1247",
            "id": "uni/infra/vlanns-[access]-static/from-[vlan-1247]-to-[vlan-1247]",
            "name_alias": "",
            "role": "external",
            "to": "vlan-1247",
            "vlan_pool_dn": "uni/infra/vlanns-[access]-static"
          },
          "sensitive_attributes": [],
          "private": "eyJzY2hlbWFfdmVyc2lvbiI6IjEifQ==",
          "dependencies": [
            "data.aci_vlan_pool.VLAN_Pool_access"
          ]
        }
      ]
    },
    {
      "mode": "managed",
      "type": "aci_ranges",
      "name": "VLAN_Range_access_1248",
      "provider": "provider[\"registry.terraform.io/ciscodevnet/aci\"]",
      "instances": [
        {
          "schema_version": 1,
          "attributes": {
            "alloc_mode": "inherit",
            "annotation": "orchestrator:terraform",
            "description": "",
            "from": "vlan-1248",
            "id": "uni/infra/vlanns-[access]-static/from-[vlan-1248]-to-[vlan-1248]",
            "name_alias": "",
            "role": "external",
            "to": "vlan-1248",
            "vlan_pool_dn": "uni/infra/vlanns-[access]-static"
          },
          "sensitive_attributes": [],
          "private": "eyJzY2hlbWFfdmVyc2lvbiI6IjEifQ==",
          "dependencies": [
            "data.aci_vlan_pool.VLAN_Pool_access"
          ]
        }
      ]
    },
    {
      "mode": "managed",
      "type": "aci_ranges",
      "name": "VLAN_Range_access_1249",
      "provider": "provider[\"registry.terraform.io/ciscodevnet/aci\"]",
      "instances": [
        {
          "schema_version": 1,
          "attributes": {
            "alloc_mode": "inherit",
            "annotation": "orchestrator:terraform",
            "description": "",
            "from": "vlan-1249",
            "id": "uni/infra/vlanns-[access]-static/from-[vlan-1249]-to-[vlan-1249]",
            "name_alias": "",
            "role": "external",
            "to": "vlan-1249",
            "vlan_pool_dn": "uni/infra/vlanns-[access]-static"
          },
          "sensitive_attributes": [],
          "private": "eyJzY2hlbWFfdmVyc2lvbiI6IjEifQ==",
          "dependencies": [
            "data.aci_vlan_pool.VLAN_Pool_access"
          ]
        }
      ]
    },
    {
      "mode": "managed",
      "type": "aci_ranges",
      "name": "VLAN_Range_access_125",
      "provider": "provider[\"registry.terraform.io/ciscodevnet/aci\"]",
      "instances": [
        {
          "schema_version": 1,
          "attributes": {
            "alloc_mode": "inherit",
            "annotation": "orchestrator:terraform",
            "description": "",
            "from": "vlan-125",
            "id": "uni/infra/vlanns-[access]-static/from-[vlan-125]-to-[vlan-125]",
            "name_alias": "",
            "role": "external",
            "to": "vlan-125",
            "vlan_pool_dn": "uni/infra/vlanns-[access]-static"
          },
          "sensitive_attributes": [],
          "private": "eyJzY2hlbWFfdmVyc2lvbiI6IjEifQ==",
          "dependencies": [
            "data.aci_vlan_pool.VLAN_Pool_access"
          ]
        }
      ]
    },
    {
      "mode": "managed",
      "type": "aci_ranges",
      "name": "VLAN_Range_access_1250",
      "provider": "provider[\"registry.terraform.io/ciscodevnet/aci\"]",
      "instances": [
        {
          "schema_version": 1,
          "attributes": {
            "alloc_mode": "inherit",
            "annotation": "orchestrator:terraform",
            "description": "",
            "from": "vlan-1250",
            "id": "uni/infra/vlanns-[access]-static/from-[vlan-1250]-to-[vlan-1250]",
            "name_alias": "",
            "role": "external",
            "to": "vlan-1250",
            "vlan_pool_dn": "uni/infra/vlanns-[access]-static"
          },
          "sensitive_attributes": [],
          "private": "eyJzY2hlbWFfdmVyc2lvbiI6IjEifQ==",
          "dependencies": [
            "data.aci_vlan_pool.VLAN_Pool_access"
          ]
        }
      ]
    },
    {
      "mode": "managed",
      "type": "aci_ranges",
      "name": "VLAN_Range_access_1251",
      "provider": "provider[\"registry.terraform.io/ciscodevnet/aci\"]",
      "instances": [
        {
          "schema_version": 1,
          "attributes": {
            "alloc_mode": "inherit",
            "annotation": "orchestrator:terraform",
            "description": "",
            "from": "vlan-1251",
            "id": "uni/infra/vlanns-[access]-static/from-[vlan-1251]-to-[vlan-1251]",
            "name_alias": "",
            "role": "external",
            "to": "vlan-1251",
            "vlan_pool_dn": "uni/infra/vlanns-[access]-static"
          },
          "sensitive_attributes": [],
          "private": "eyJzY2hlbWFfdmVyc2lvbiI6IjEifQ==",
          "dependencies": [
            "data.aci_vlan_pool.VLAN_Pool_access"
          ]
        }
      ]
    },
    {
      "mode": "managed",
      "type": "aci_ranges",
      "name": "VLAN_Range_access_1252",
      "provider": "provider[\"registry.terraform.io/ciscodevnet/aci\"]",
      "instances": [
        {
          "schema_version": 1,
          "attributes": {
            "alloc_mode": "inherit",
            "annotation": "orchestrator:terraform",
            "description": "",
            "from": "vlan-1252",
            "id": "uni/infra/vlanns-[access]-static/from-[vlan-1252]-to-[vlan-1252]",
            "name_alias": "",
            "role": "external",
            "to": "vlan-1252",
            "vlan_pool_dn": "uni/infra/vlanns-[access]-static"
          },
          "sensitive_attributes": [],
          "private": "eyJzY2hlbWFfdmVyc2lvbiI6IjEifQ==",
          "dependencies": [
            "data.aci_vlan_pool.VLAN_Pool_access"
          ]
        }
      ]
    },
    {
      "mode": "managed",
      "type": "aci_ranges",
      "name": "VLAN_Range_access_1253",
      "provider": "provider[\"registry.terraform.io/ciscodevnet/aci\"]",
      "instances": [
        {
          "schema_version": 1,
          "attributes": {
            "alloc_mode": "inherit",
            "annotation": "orchestrator:terraform",
            "description": "",
            "from": "vlan-1253",
            "id": "uni/infra/vlanns-[access]-static/from-[vlan-1253]-to-[vlan-1253]",
            "name_alias": "",
            "role": "external",
            "to": "vlan-1253",
            "vlan_pool_dn": "uni/infra/vlanns-[access]-static"
          },
          "sensitive_attributes": [],
          "private": "eyJzY2hlbWFfdmVyc2lvbiI6IjEifQ==",
          "dependencies": [
            "data.aci_vlan_pool.VLAN_Pool_access"
          ]
        }
      ]
    },
    {
      "mode": "managed",
      "type": "aci_ranges",
      "name": "VLAN_Range_access_1254",
      "provider": "provider[\"registry.terraform.io/ciscodevnet/aci\"]",
      "instances": [
        {
          "schema_version": 1,
          "attributes": {
            "alloc_mode": "inherit",
            "annotation": "orchestrator:terraform",
            "description": "",
            "from": "vlan-1254",
            "id": "uni/infra/vlanns-[access]-static/from-[vlan-1254]-to-[vlan-1254]",
            "name_alias": "",
            "role": "external",
            "to": "vlan-1254",
            "vlan_pool_dn": "uni/infra/vlanns-[access]-static"
          },
          "sensitive_attributes": [],
          "private": "eyJzY2hlbWFfdmVyc2lvbiI6IjEifQ==",
          "dependencies": [
            "data.aci_vlan_pool.VLAN_Pool_access"
          ]
        }
      ]
    },
    {
      "mode": "managed",
      "type": "aci_ranges",
      "name": "VLAN_Range_access_1255",
      "provider": "provider[\"registry.terraform.io/ciscodevnet/aci\"]",
      "instances": [
        {
          "schema_version": 1,
          "attributes": {
            "alloc_mode": "inherit",
            "annotation": "orchestrator:terraform",
            "description": "",
            "from": "vlan-1255",
            "id": "uni/infra/vlanns-[access]-static/from-[vlan-1255]-to-[vlan-1255]",
            "name_alias": "",
            "role": "external",
            "to": "vlan-1255",
            "vlan_pool_dn": "uni/infra/vlanns-[access]-static"
          },
          "sensitive_attributes": [],
          "private": "eyJzY2hlbWFfdmVyc2lvbiI6IjEifQ==",
          "dependencies": [
            "data.aci_vlan_pool.VLAN_Pool_access"
          ]
        }
      ]
    },
    {
      "mode": "managed",
      "type": "aci_ranges",
      "name": "VLAN_Range_access_1256",
      "provider": "provider[\"registry.terraform.io/ciscodevnet/aci\"]",
      "instances": [
        {
          "schema_version": 1,
          "attributes": {
            "alloc_mode": "inherit",
            "annotation": "orchestrator:terraform",
            "description": "",
            "from": "vlan-1256",
            "id": "uni/infra/vlanns-[access]-static/from-[vlan-1256]-to-[vlan-1256]",
            "name_alias": "",
            "role": "external",
            "to": "vlan-1256",
            "vlan_pool_dn": "uni/infra/vlanns-[access]-static"
          },
          "sensitive_attributes": [],
          "private": "eyJzY2hlbWFfdmVyc2lvbiI6IjEifQ==",
          "dependencies": [
            "data.aci_vlan_pool.VLAN_Pool_access"
          ]
        }
      ]
    },
    {
      "mode": "managed",
      "type": "aci_ranges",
      "name": "VLAN_Range_access_1257",
      "provider": "provider[\"registry.terraform.io/ciscodevnet/aci\"]",
      "instances": [
        {
          "schema_version": 1,
          "attributes": {
            "alloc_mode": "inherit",
            "annotation": "orchestrator:terraform",
            "description": "",
            "from": "vlan-1257",
            "id": "uni/infra/vlanns-[access]-static/from-[vlan-1257]-to-[vlan-1257]",
            "name_alias": "",
            "role": "external",
            "to": "vlan-1257",
            "vlan_pool_dn": "uni/infra/vlanns-[access]-static"
          },
          "sensitive_attributes": [],
          "private": "eyJzY2hlbWFfdmVyc2lvbiI6IjEifQ==",
          "dependencies": [
            "data.aci_vlan_pool.VLAN_Pool_access"
          ]
        }
      ]
    },
    {
      "mode": "managed",
      "type": "aci_ranges",
      "name": "VLAN_Range_access_1258",
      "provider": "provider[\"registry.terraform.io/ciscodevnet/aci\"]",
      "instances": [
        {
          "schema_version": 1,
          "attributes": {
            "alloc_mode": "inherit",
            "annotation": "orchestrator:terraform",
            "description": "",
            "from": "vlan-1258",
            "id": "uni/infra/vlanns-[access]-static/from-[vlan-1258]-to-[vlan-1258]",
            "name_alias": "",
            "role": "external",
            "to": "vlan-1258",
            "vlan_pool_dn": "uni/infra/vlanns-[access]-static"
          },
          "sensitive_attributes": [],
          "private": "eyJzY2hlbWFfdmVyc2lvbiI6IjEifQ==",
          "dependencies": [
            "data.aci_vlan_pool.VLAN_Pool_access"
          ]
        }
      ]
    },
    {
      "mode": "managed",
      "type": "aci_ranges",
      "name": "VLAN_Range_access_1259",
      "provider": "provider[\"registry.terraform.io/ciscodevnet/aci\"]",
      "instances": [
        {
          "schema_version": 1,
          "attributes": {
            "alloc_mode": "inherit",
            "annotation": "orchestrator:terraform",
            "description": "",
            "from": "vlan-1259",
            "id": "uni/infra/vlanns-[access]-static/from-[vlan-1259]-to-[vlan-1259]",
            "name_alias": "",
            "role": "external",
            "to": "vlan-1259",
            "vlan_pool_dn": "uni/infra/vlanns-[access]-static"
          },
          "sensitive_attributes": [],
          "private": "eyJzY2hlbWFfdmVyc2lvbiI6IjEifQ==",
          "dependencies": [
            "data.aci_vlan_pool.VLAN_Pool_access"
          ]
        }
      ]
    },
    {
      "mode": "managed",
      "type": "aci_ranges",
      "name": "VLAN_Range_access_126",
      "provider": "provider[\"registry.terraform.io/ciscodevnet/aci\"]",
      "instances": [
        {
          "schema_version": 1,
          "attributes": {
            "alloc_mode": "inherit",
            "annotation": "orchestrator:terraform",
            "description": "",
            "from": "vlan-126",
            "id": "uni/infra/vlanns-[access]-static/from-[vlan-126]-to-[vlan-126]",
            "name_alias": "",
            "role": "external",
            "to": "vlan-126",
            "vlan_pool_dn": "uni/infra/vlanns-[access]-static"
          },
          "sensitive_attributes": [],
          "private": "eyJzY2hlbWFfdmVyc2lvbiI6IjEifQ==",
          "dependencies": [
            "data.aci_vlan_pool.VLAN_Pool_access"
          ]
        }
      ]
    },
    {
      "mode": "managed",
      "type": "aci_ranges",
      "name": "VLAN_Range_access_1260",
      "provider": "provider[\"registry.terraform.io/ciscodevnet/aci\"]",
      "instances": [
        {
          "schema_version": 1,
          "attributes": {
            "alloc_mode": "inherit",
            "annotation": "orchestrator:terraform",
            "description": "",
            "from": "vlan-1260",
            "id": "uni/infra/vlanns-[access]-static/from-[vlan-1260]-to-[vlan-1260]",
            "name_alias": "",
            "role": "external",
            "to": "vlan-1260",
            "vlan_pool_dn": "uni/infra/vlanns-[access]-static"
          },
          "sensitive_attributes": [],
          "private": "eyJzY2hlbWFfdmVyc2lvbiI6IjEifQ==",
          "dependencies": [
            "data.aci_vlan_pool.VLAN_Pool_access"
          ]
        }
      ]
    },
    {
      "mode": "managed",
      "type": "aci_ranges",
      "name": "VLAN_Range_access_1261",
      "provider": "provider[\"registry.terraform.io/ciscodevnet/aci\"]",
      "instances": [
        {
          "schema_version": 1,
          "attributes": {
            "alloc_mode": "inherit",
            "annotation": "orchestrator:terraform",
            "description": "",
            "from": "vlan-1261",
            "id": "uni/infra/vlanns-[access]-static/from-[vlan-1261]-to-[vlan-1261]",
            "name_alias": "",
            "role": "external",
            "to": "vlan-1261",
            "vlan_pool_dn": "uni/infra/vlanns-[access]-static"
          },
          "sensitive_attributes": [],
          "private": "eyJzY2hlbWFfdmVyc2lvbiI6IjEifQ==",
          "dependencies": [
            "data.aci_vlan_pool.VLAN_Pool_access"
          ]
        }
      ]
    },
    {
      "mode": "managed",
      "type": "aci_ranges",
      "name": "VLAN_Range_access_1262",
      "provider": "provider[\"registry.terraform.io/ciscodevnet/aci\"]",
      "instances": [
        {
          "schema_version": 1,
          "attributes": {
            "alloc_mode": "inherit",
            "annotation": "orchestrator:terraform",
            "description": "",
            "from": "vlan-1262",
            "id": "uni/infra/vlanns-[access]-static/from-[vlan-1262]-to-[vlan-1262]",
            "name_alias": "",
            "role": "external",
            "to": "vlan-1262",
            "vlan_pool_dn": "uni/infra/vlanns-[access]-static"
          },
          "sensitive_attributes": [],
          "private": "eyJzY2hlbWFfdmVyc2lvbiI6IjEifQ==",
          "dependencies": [
            "data.aci_vlan_pool.VLAN_Pool_access"
          ]
        }
      ]
    },
    {
      "mode": "managed",
      "type": "aci_ranges",
      "name": "VLAN_Range_access_1263",
      "provider": "provider[\"registry.terraform.io/ciscodevnet/aci\"]",
      "instances": [
        {
          "schema_version": 1,
          "attributes": {
            "alloc_mode": "inherit",
            "annotation": "orchestrator:terraform",
            "description": "",
            "from": "vlan-1263",
            "id": "uni/infra/vlanns-[access]-static/from-[vlan-1263]-to-[vlan-1263]",
            "name_alias": "",
            "role": "external",
            "to": "vlan-1263",
            "vlan_pool_dn": "uni/infra/vlanns-[access]-static"
          },
          "sensitive_attributes": [],
          "private": "eyJzY2hlbWFfdmVyc2lvbiI6IjEifQ==",
          "dependencies": [
            "data.aci_vlan_pool.VLAN_Pool_access"
          ]
        }
      ]
    },
    {
      "mode": "managed",
      "type": "aci_ranges",
      "name": "VLAN_Range_access_1264",
      "provider": "provider[\"registry.terraform.io/ciscodevnet/aci\"]",
      "instances": [
        {
          "schema_version": 1,
          "attributes": {
            "alloc_mode": "inherit",
            "annotation": "orchestrator:terraform",
            "description": "",
            "from": "vlan-1264",
            "id": "uni/infra/vlanns-[access]-static/from-[vlan-1264]-to-[vlan-1264]",
            "name_alias": "",
            "role": "external",
            "to": "vlan-1264",
            "vlan_pool_dn": "uni/infra/vlanns-[access]-static"
          },
          "sensitive_attributes": [],
          "private": "eyJzY2hlbWFfdmVyc2lvbiI6IjEifQ==",
          "dependencies": [
            "data.aci_vlan_pool.VLAN_Pool_access"
          ]
        }
      ]
    },
    {
      "mode": "managed",
      "type": "aci_ranges",
      "name": "VLAN_Range_access_1265",
      "provider": "provider[\"registry.terraform.io/ciscodevnet/aci\"]",
      "instances": [
        {
          "schema_version": 1,
          "attributes": {
            "alloc_mode": "inherit",
            "annotation": "orchestrator:terraform",
            "description": "",
            "from": "vlan-1265",
            "id": "uni/infra/vlanns-[access]-static/from-[vlan-1265]-to-[vlan-1265]",
            "name_alias": "",
            "role": "external",
            "to": "vlan-1265",
            "vlan_pool_dn": "uni/infra/vlanns-[access]-static"
          },
          "sensitive_attributes": [],
          "private": "eyJzY2hlbWFfdmVyc2lvbiI6IjEifQ==",
          "dependencies": [
            "data.aci_vlan_pool.VLAN_Pool_access"
          ]
        }
      ]
    },
    {
      "mode": "managed",
      "type": "aci_ranges",
      "name": "VLAN_Range_access_1266",
      "provider": "provider[\"registry.terraform.io/ciscodevnet/aci\"]",
      "instances": [
        {
          "schema_version": 1,
          "attributes": {
            "alloc_mode": "inherit",
            "annotation": "orchestrator:terraform",
            "description": "",
            "from": "vlan-1266",
            "id": "uni/infra/vlanns-[access]-static/from-[vlan-1266]-to-[vlan-1266]",
            "name_alias": "",
            "role": "external",
            "to": "vlan-1266",
            "vlan_pool_dn": "uni/infra/vlanns-[access]-static"
          },
          "sensitive_attributes": [],
          "private": "eyJzY2hlbWFfdmVyc2lvbiI6IjEifQ==",
          "dependencies": [
            "data.aci_vlan_pool.VLAN_Pool_access"
          ]
        }
      ]
    },
    {
      "mode": "managed",
      "type": "aci_ranges",
      "name": "VLAN_Range_access_1267",
      "provider": "provider[\"registry.terraform.io/ciscodevnet/aci\"]",
      "instances": [
        {
          "schema_version": 1,
          "attributes": {
            "alloc_mode": "inherit",
            "annotation": "orchestrator:terraform",
            "description": "",
            "from": "vlan-1267",
            "id": "uni/infra/vlanns-[access]-static/from-[vlan-1267]-to-[vlan-1267]",
            "name_alias": "",
            "role": "external",
            "to": "vlan-1267",
            "vlan_pool_dn": "uni/infra/vlanns-[access]-static"
          },
          "sensitive_attributes": [],
          "private": "eyJzY2hlbWFfdmVyc2lvbiI6IjEifQ==",
          "dependencies": [
            "data.aci_vlan_pool.VLAN_Pool_access"
          ]
        }
      ]
    },
    {
      "mode": "managed",
      "type": "aci_ranges",
      "name": "VLAN_Range_access_1268",
      "provider": "provider[\"registry.terraform.io/ciscodevnet/aci\"]",
      "instances": [
        {
          "schema_version": 1,
          "attributes": {
            "alloc_mode": "inherit",
            "annotation": "orchestrator:terraform",
            "description": "",
            "from": "vlan-1268",
            "id": "uni/infra/vlanns-[access]-static/from-[vlan-1268]-to-[vlan-1268]",
            "name_alias": "",
            "role": "external",
            "to": "vlan-1268",
            "vlan_pool_dn": "uni/infra/vlanns-[access]-static"
          },
          "sensitive_attributes": [],
          "private": "eyJzY2hlbWFfdmVyc2lvbiI6IjEifQ==",
          "dependencies": [
            "data.aci_vlan_pool.VLAN_Pool_access"
          ]
        }
      ]
    },
    {
      "mode": "managed",
      "type": "aci_ranges",
      "name": "VLAN_Range_access_1269",
      "provider": "provider[\"registry.terraform.io/ciscodevnet/aci\"]",
      "instances": [
        {
          "schema_version": 1,
          "attributes": {
            "alloc_mode": "inherit",
            "annotation": "orchestrator:terraform",
            "description": "",
            "from": "vlan-1269",
            "id": "uni/infra/vlanns-[access]-static/from-[vlan-1269]-to-[vlan-1269]",
            "name_alias": "",
            "role": "external",
            "to": "vlan-1269",
            "vlan_pool_dn": "uni/infra/vlanns-[access]-static"
          },
          "sensitive_attributes": [],
          "private": "eyJzY2hlbWFfdmVyc2lvbiI6IjEifQ==",
          "dependencies": [
            "data.aci_vlan_pool.VLAN_Pool_access"
          ]
        }
      ]
    },
    {
      "mode": "managed",
      "type": "aci_ranges",
      "name": "VLAN_Range_access_127",
      "provider": "provider[\"registry.terraform.io/ciscodevnet/aci\"]",
      "instances": [
        {
          "schema_version": 1,
          "attributes": {
            "alloc_mode": "inherit",
            "annotation": "orchestrator:terraform",
            "description": "",
            "from": "vlan-127",
            "id": "uni/infra/vlanns-[access]-static/from-[vlan-127]-to-[vlan-127]",
            "name_alias": "",
            "role": "external",
            "to": "vlan-127",
            "vlan_pool_dn": "uni/infra/vlanns-[access]-static"
          },
          "sensitive_attributes": [],
          "private": "eyJzY2hlbWFfdmVyc2lvbiI6IjEifQ==",
          "dependencies": [
            "data.aci_vlan_pool.VLAN_Pool_access"
          ]
        }
      ]
    },
    {
      "mode": "managed",
      "type": "aci_ranges",
      "name": "VLAN_Range_access_1270",
      "provider": "provider[\"registry.terraform.io/ciscodevnet/aci\"]",
      "instances": [
        {
          "schema_version": 1,
          "attributes": {
            "alloc_mode": "inherit",
            "annotation": "orchestrator:terraform",
            "description": "",
            "from": "vlan-1270",
            "id": "uni/infra/vlanns-[access]-static/from-[vlan-1270]-to-[vlan-1270]",
            "name_alias": "",
            "role": "external",
            "to": "vlan-1270",
            "vlan_pool_dn": "uni/infra/vlanns-[access]-static"
          },
          "sensitive_attributes": [],
          "private": "eyJzY2hlbWFfdmVyc2lvbiI6IjEifQ==",
          "dependencies": [
            "data.aci_vlan_pool.VLAN_Pool_access"
          ]
        }
      ]
    },
    {
      "mode": "managed",
      "type": "aci_ranges",
      "name": "VLAN_Range_access_1271",
      "provider": "provider[\"registry.terraform.io/ciscodevnet/aci\"]",
      "instances": [
        {
          "schema_version": 1,
          "attributes": {
            "alloc_mode": "inherit",
            "annotation": "orchestrator:terraform",
            "description": "",
            "from": "vlan-1271",
            "id": "uni/infra/vlanns-[access]-static/from-[vlan-1271]-to-[vlan-1271]",
            "name_alias": "",
            "role": "external",
            "to": "vlan-1271",
            "vlan_pool_dn": "uni/infra/vlanns-[access]-static"
          },
          "sensitive_attributes": [],
          "private": "eyJzY2hlbWFfdmVyc2lvbiI6IjEifQ==",
          "dependencies": [
            "data.aci_vlan_pool.VLAN_Pool_access"
          ]
        }
      ]
    },
    {
      "mode": "managed",
      "type": "aci_ranges",
      "name": "VLAN_Range_access_1272",
      "provider": "provider[\"registry.terraform.io/ciscodevnet/aci\"]",
      "instances": [
        {
          "schema_version": 1,
          "attributes": {
            "alloc_mode": "inherit",
            "annotation": "orchestrator:terraform",
            "description": "",
            "from": "vlan-1272",
            "id": "uni/infra/vlanns-[access]-static/from-[vlan-1272]-to-[vlan-1272]",
            "name_alias": "",
            "role": "external",
            "to": "vlan-1272",
            "vlan_pool_dn": "uni/infra/vlanns-[access]-static"
          },
          "sensitive_attributes": [],
          "private": "eyJzY2hlbWFfdmVyc2lvbiI6IjEifQ==",
          "dependencies": [
            "data.aci_vlan_pool.VLAN_Pool_access"
          ]
        }
      ]
    },
    {
      "mode": "managed",
      "type": "aci_ranges",
      "name": "VLAN_Range_access_1273",
      "provider": "provider[\"registry.terraform.io/ciscodevnet/aci\"]",
      "instances": [
        {
          "schema_version": 1,
          "attributes": {
            "alloc_mode": "inherit",
            "annotation": "orchestrator:terraform",
            "description": "",
            "from": "vlan-1273",
            "id": "uni/infra/vlanns-[access]-static/from-[vlan-1273]-to-[vlan-1273]",
            "name_alias": "",
            "role": "external",
            "to": "vlan-1273",
            "vlan_pool_dn": "uni/infra/vlanns-[access]-static"
          },
          "sensitive_attributes": [],
          "private": "eyJzY2hlbWFfdmVyc2lvbiI6IjEifQ==",
          "dependencies": [
            "data.aci_vlan_pool.VLAN_Pool_access"
          ]
        }
      ]
    },
    {
      "mode": "managed",
      "type": "aci_ranges",
      "name": "VLAN_Range_access_1274",
      "provider": "provider[\"registry.terraform.io/ciscodevnet/aci\"]",
      "instances": [
        {
          "schema_version": 1,
          "attributes": {
            "alloc_mode": "inherit",
            "annotation": "orchestrator:terraform",
            "description": "",
            "from": "vlan-1274",
            "id": "uni/infra/vlanns-[access]-static/from-[vlan-1274]-to-[vlan-1274]",
            "name_alias": "",
            "role": "external",
            "to": "vlan-1274",
            "vlan_pool_dn": "uni/infra/vlanns-[access]-static"
          },
          "sensitive_attributes": [],
          "private": "eyJzY2hlbWFfdmVyc2lvbiI6IjEifQ==",
          "dependencies": [
            "data.aci_vlan_pool.VLAN_Pool_access"
          ]
        }
      ]
    },
    {
      "mode": "managed",
      "type": "aci_ranges",
      "name": "VLAN_Range_access_1275",
      "provider": "provider[\"registry.terraform.io/ciscodevnet/aci\"]",
      "instances": [
        {
          "schema_version": 1,
          "attributes": {
            "alloc_mode": "inherit",
            "annotation": "orchestrator:terraform",
            "description": "",
            "from": "vlan-1275",
            "id": "uni/infra/vlanns-[access]-static/from-[vlan-1275]-to-[vlan-1275]",
            "name_alias": "",
            "role": "external",
            "to": "vlan-1275",
            "vlan_pool_dn": "uni/infra/vlanns-[access]-static"
          },
          "sensitive_attributes": [],
          "private": "eyJzY2hlbWFfdmVyc2lvbiI6IjEifQ==",
          "dependencies": [
            "data.aci_vlan_pool.VLAN_Pool_access"
          ]
        }
      ]
    },
    {
      "mode": "managed",
      "type": "aci_ranges",
      "name": "VLAN_Range_access_1276",
      "provider": "provider[\"registry.terraform.io/ciscodevnet/aci\"]",
      "instances": [
        {
          "schema_version": 1,
          "attributes": {
            "alloc_mode": "inherit",
            "annotation": "orchestrator:terraform",
            "description": "",
            "from": "vlan-1276",
            "id": "uni/infra/vlanns-[access]-static/from-[vlan-1276]-to-[vlan-1276]",
            "name_alias": "",
            "role": "external",
            "to": "vlan-1276",
            "vlan_pool_dn": "uni/infra/vlanns-[access]-static"
          },
          "sensitive_attributes": [],
          "private": "eyJzY2hlbWFfdmVyc2lvbiI6IjEifQ==",
          "dependencies": [
            "data.aci_vlan_pool.VLAN_Pool_access"
          ]
        }
      ]
    },
    {
      "mode": "managed",
      "type": "aci_ranges",
      "name": "VLAN_Range_access_1277",
      "provider": "provider[\"registry.terraform.io/ciscodevnet/aci\"]",
      "instances": [
        {
          "schema_version": 1,
          "attributes": {
            "alloc_mode": "inherit",
            "annotation": "orchestrator:terraform",
            "description": "",
            "from": "vlan-1277",
            "id": "uni/infra/vlanns-[access]-static/from-[vlan-1277]-to-[vlan-1277]",
            "name_alias": "",
            "role": "external",
            "to": "vlan-1277",
            "vlan_pool_dn": "uni/infra/vlanns-[access]-static"
          },
          "sensitive_attributes": [],
          "private": "eyJzY2hlbWFfdmVyc2lvbiI6IjEifQ==",
          "dependencies": [
            "data.aci_vlan_pool.VLAN_Pool_access"
          ]
        }
      ]
    },
    {
      "mode": "managed",
      "type": "aci_ranges",
      "name": "VLAN_Range_access_1278",
      "provider": "provider[\"registry.terraform.io/ciscodevnet/aci\"]",
      "instances": [
        {
          "schema_version": 1,
          "attributes": {
            "alloc_mode": "inherit",
            "annotation": "orchestrator:terraform",
            "description": "",
            "from": "vlan-1278",
            "id": "uni/infra/vlanns-[access]-static/from-[vlan-1278]-to-[vlan-1278]",
            "name_alias": "",
            "role": "external",
            "to": "vlan-1278",
            "vlan_pool_dn": "uni/infra/vlanns-[access]-static"
          },
          "sensitive_attributes": [],
          "private": "eyJzY2hlbWFfdmVyc2lvbiI6IjEifQ==",
          "dependencies": [
            "data.aci_vlan_pool.VLAN_Pool_access"
          ]
        }
      ]
    },
    {
      "mode": "managed",
      "type": "aci_ranges",
      "name": "VLAN_Range_access_1279",
      "provider": "provider[\"registry.terraform.io/ciscodevnet/aci\"]",
      "instances": [
        {
          "schema_version": 1,
          "attributes": {
            "alloc_mode": "inherit",
            "annotation": "orchestrator:terraform",
            "description": "",
            "from": "vlan-1279",
            "id": "uni/infra/vlanns-[access]-static/from-[vlan-1279]-to-[vlan-1279]",
            "name_alias": "",
            "role": "external",
            "to": "vlan-1279",
            "vlan_pool_dn": "uni/infra/vlanns-[access]-static"
          },
          "sensitive_attributes": [],
          "private": "eyJzY2hlbWFfdmVyc2lvbiI6IjEifQ==",
          "dependencies": [
            "data.aci_vlan_pool.VLAN_Pool_access"
          ]
        }
      ]
    },
    {
      "mode": "managed",
      "type": "aci_ranges",
      "name": "VLAN_Range_access_128",
      "provider": "provider[\"registry.terraform.io/ciscodevnet/aci\"]",
      "instances": [
        {
          "schema_version": 1,
          "attributes": {
            "alloc_mode": "inherit",
            "annotation": "orchestrator:terraform",
            "description": "",
            "from": "vlan-128",
            "id": "uni/infra/vlanns-[access]-static/from-[vlan-128]-to-[vlan-128]",
            "name_alias": "",
            "role": "external",
            "to": "vlan-128",
            "vlan_pool_dn": "uni/infra/vlanns-[access]-static"
          },
          "sensitive_attributes": [],
          "private": "eyJzY2hlbWFfdmVyc2lvbiI6IjEifQ==",
          "dependencies": [
            "data.aci_vlan_pool.VLAN_Pool_access"
          ]
        }
      ]
    },
    {
      "mode": "managed",
      "type": "aci_ranges",
      "name": "VLAN_Range_access_1280",
      "provider": "provider[\"registry.terraform.io/ciscodevnet/aci\"]",
      "instances": [
        {
          "schema_version": 1,
          "attributes": {
            "alloc_mode": "inherit",
            "annotation": "orchestrator:terraform",
            "description": "",
            "from": "vlan-1280",
            "id": "uni/infra/vlanns-[access]-static/from-[vlan-1280]-to-[vlan-1280]",
            "name_alias": "",
            "role": "external",
            "to": "vlan-1280",
            "vlan_pool_dn": "uni/infra/vlanns-[access]-static"
          },
          "sensitive_attributes": [],
          "private": "eyJzY2hlbWFfdmVyc2lvbiI6IjEifQ==",
          "dependencies": [
            "data.aci_vlan_pool.VLAN_Pool_access"
          ]
        }
      ]
    },
    {
      "mode": "managed",
      "type": "aci_ranges",
      "name": "VLAN_Range_access_1281",
      "provider": "provider[\"registry.terraform.io/ciscodevnet/aci\"]",
      "instances": [
        {
          "schema_version": 1,
          "attributes": {
            "alloc_mode": "inherit",
            "annotation": "orchestrator:terraform",
            "description": "",
            "from": "vlan-1281",
            "id": "uni/infra/vlanns-[access]-static/from-[vlan-1281]-to-[vlan-1281]",
            "name_alias": "",
            "role": "external",
            "to": "vlan-1281",
            "vlan_pool_dn": "uni/infra/vlanns-[access]-static"
          },
          "sensitive_attributes": [],
          "private": "eyJzY2hlbWFfdmVyc2lvbiI6IjEifQ==",
          "dependencies": [
            "data.aci_vlan_pool.VLAN_Pool_access"
          ]
        }
      ]
    },
    {
      "mode": "managed",
      "type": "aci_ranges",
      "name": "VLAN_Range_access_1282",
      "provider": "provider[\"registry.terraform.io/ciscodevnet/aci\"]",
      "instances": [
        {
          "schema_version": 1,
          "attributes": {
            "alloc_mode": "inherit",
            "annotation": "orchestrator:terraform",
            "description": "",
            "from": "vlan-1282",
            "id": "uni/infra/vlanns-[access]-static/from-[vlan-1282]-to-[vlan-1282]",
            "name_alias": "",
            "role": "external",
            "to": "vlan-1282",
            "vlan_pool_dn": "uni/infra/vlanns-[access]-static"
          },
          "sensitive_attributes": [],
          "private": "eyJzY2hlbWFfdmVyc2lvbiI6IjEifQ==",
          "dependencies": [
            "data.aci_vlan_pool.VLAN_Pool_access"
          ]
        }
      ]
    },
    {
      "mode": "managed",
      "type": "aci_ranges",
      "name": "VLAN_Range_access_1283",
      "provider": "provider[\"registry.terraform.io/ciscodevnet/aci\"]",
      "instances": [
        {
          "schema_version": 1,
          "attributes": {
            "alloc_mode": "inherit",
            "annotation": "orchestrator:terraform",
            "description": "",
            "from": "vlan-1283",
            "id": "uni/infra/vlanns-[access]-static/from-[vlan-1283]-to-[vlan-1283]",
            "name_alias": "",
            "role": "external",
            "to": "vlan-1283",
            "vlan_pool_dn": "uni/infra/vlanns-[access]-static"
          },
          "sensitive_attributes": [],
          "private": "eyJzY2hlbWFfdmVyc2lvbiI6IjEifQ==",
          "dependencies": [
            "data.aci_vlan_pool.VLAN_Pool_access"
          ]
        }
      ]
    },
    {
      "mode": "managed",
      "type": "aci_ranges",
      "name": "VLAN_Range_access_1284",
      "provider": "provider[\"registry.terraform.io/ciscodevnet/aci\"]",
      "instances": [
        {
          "schema_version": 1,
          "attributes": {
            "alloc_mode": "inherit",
            "annotation": "orchestrator:terraform",
            "description": "",
            "from": "vlan-1284",
            "id": "uni/infra/vlanns-[access]-static/from-[vlan-1284]-to-[vlan-1284]",
            "name_alias": "",
            "role": "external",
            "to": "vlan-1284",
            "vlan_pool_dn": "uni/infra/vlanns-[access]-static"
          },
          "sensitive_attributes": [],
          "private": "eyJzY2hlbWFfdmVyc2lvbiI6IjEifQ==",
          "dependencies": [
            "data.aci_vlan_pool.VLAN_Pool_access"
          ]
        }
      ]
    },
    {
      "mode": "managed",
      "type": "aci_ranges",
      "name": "VLAN_Range_access_1285",
      "provider": "provider[\"registry.terraform.io/ciscodevnet/aci\"]",
      "instances": [
        {
          "schema_version": 1,
          "attributes": {
            "alloc_mode": "inherit",
            "annotation": "orchestrator:terraform",
            "description": "",
            "from": "vlan-1285",
            "id": "uni/infra/vlanns-[access]-static/from-[vlan-1285]-to-[vlan-1285]",
            "name_alias": "",
            "role": "external",
            "to": "vlan-1285",
            "vlan_pool_dn": "uni/infra/vlanns-[access]-static"
          },
          "sensitive_attributes": [],
          "private": "eyJzY2hlbWFfdmVyc2lvbiI6IjEifQ==",
          "dependencies": [
            "data.aci_vlan_pool.VLAN_Pool_access"
          ]
        }
      ]
    },
    {
      "mode": "managed",
      "type": "aci_ranges",
      "name": "VLAN_Range_access_1286",
      "provider": "provider[\"registry.terraform.io/ciscodevnet/aci\"]",
      "instances": [
        {
          "schema_version": 1,
          "attributes": {
            "alloc_mode": "inherit",
            "annotation": "orchestrator:terraform",
            "description": "",
            "from": "vlan-1286",
            "id": "uni/infra/vlanns-[access]-static/from-[vlan-1286]-to-[vlan-1286]",
            "name_alias": "",
            "role": "external",
            "to": "vlan-1286",
            "vlan_pool_dn": "uni/infra/vlanns-[access]-static"
          },
          "sensitive_attributes": [],
          "private": "eyJzY2hlbWFfdmVyc2lvbiI6IjEifQ==",
          "dependencies": [
            "data.aci_vlan_pool.VLAN_Pool_access"
          ]
        }
      ]
    },
    {
      "mode": "managed",
      "type": "aci_ranges",
      "name": "VLAN_Range_access_1287",
      "provider": "provider[\"registry.terraform.io/ciscodevnet/aci\"]",
      "instances": [
        {
          "schema_version": 1,
          "attributes": {
            "alloc_mode": "inherit",
            "annotation": "orchestrator:terraform",
            "description": "",
            "from": "vlan-1287",
            "id": "uni/infra/vlanns-[access]-static/from-[vlan-1287]-to-[vlan-1287]",
            "name_alias": "",
            "role": "external",
            "to": "vlan-1287",
            "vlan_pool_dn": "uni/infra/vlanns-[access]-static"
          },
          "sensitive_attributes": [],
          "private": "eyJzY2hlbWFfdmVyc2lvbiI6IjEifQ==",
          "dependencies": [
            "data.aci_vlan_pool.VLAN_Pool_access"
          ]
        }
      ]
    },
    {
      "mode": "managed",
      "type": "aci_ranges",
      "name": "VLAN_Range_access_1288",
      "provider": "provider[\"registry.terraform.io/ciscodevnet/aci\"]",
      "instances": [
        {
          "schema_version": 1,
          "attributes": {
            "alloc_mode": "inherit",
            "annotation": "orchestrator:terraform",
            "description": "",
            "from": "vlan-1288",
            "id": "uni/infra/vlanns-[access]-static/from-[vlan-1288]-to-[vlan-1288]",
            "name_alias": "",
            "role": "external",
            "to": "vlan-1288",
            "vlan_pool_dn": "uni/infra/vlanns-[access]-static"
          },
          "sensitive_attributes": [],
          "private": "eyJzY2hlbWFfdmVyc2lvbiI6IjEifQ==",
          "dependencies": [
            "data.aci_vlan_pool.VLAN_Pool_access"
          ]
        }
      ]
    },
    {
      "mode": "managed",
      "type": "aci_ranges",
      "name": "VLAN_Range_access_1289",
      "provider": "provider[\"registry.terraform.io/ciscodevnet/aci\"]",
      "instances": [
        {
          "schema_version": 1,
          "attributes": {
            "alloc_mode": "inherit",
            "annotation": "orchestrator:terraform",
            "description": "",
            "from": "vlan-1289",
            "id": "uni/infra/vlanns-[access]-static/from-[vlan-1289]-to-[vlan-1289]",
            "name_alias": "",
            "role": "external",
            "to": "vlan-1289",
            "vlan_pool_dn": "uni/infra/vlanns-[access]-static"
          },
          "sensitive_attributes": [],
          "private": "eyJzY2hlbWFfdmVyc2lvbiI6IjEifQ==",
          "dependencies": [
            "data.aci_vlan_pool.VLAN_Pool_access"
          ]
        }
      ]
    },
    {
      "mode": "managed",
      "type": "aci_ranges",
      "name": "VLAN_Range_access_129",
      "provider": "provider[\"registry.terraform.io/ciscodevnet/aci\"]",
      "instances": [
        {
          "schema_version": 1,
          "attributes": {
            "alloc_mode": "inherit",
            "annotation": "orchestrator:terraform",
            "description": "",
            "from": "vlan-129",
            "id": "uni/infra/vlanns-[access]-static/from-[vlan-129]-to-[vlan-129]",
            "name_alias": "",
            "role": "external",
            "to": "vlan-129",
            "vlan_pool_dn": "uni/infra/vlanns-[access]-static"
          },
          "sensitive_attributes": [],
          "private": "eyJzY2hlbWFfdmVyc2lvbiI6IjEifQ==",
          "dependencies": [
            "data.aci_vlan_pool.VLAN_Pool_access"
          ]
        }
      ]
    },
    {
      "mode": "managed",
      "type": "aci_ranges",
      "name": "VLAN_Range_access_1290",
      "provider": "provider[\"registry.terraform.io/ciscodevnet/aci\"]",
      "instances": [
        {
          "schema_version": 1,
          "attributes": {
            "alloc_mode": "inherit",
            "annotation": "orchestrator:terraform",
            "description": "",
            "from": "vlan-1290",
            "id": "uni/infra/vlanns-[access]-static/from-[vlan-1290]-to-[vlan-1290]",
            "name_alias": "",
            "role": "external",
            "to": "vlan-1290",
            "vlan_pool_dn": "uni/infra/vlanns-[access]-static"
          },
          "sensitive_attributes": [],
          "private": "eyJzY2hlbWFfdmVyc2lvbiI6IjEifQ==",
          "dependencies": [
            "data.aci_vlan_pool.VLAN_Pool_access"
          ]
        }
      ]
    },
    {
      "mode": "managed",
      "type": "aci_ranges",
      "name": "VLAN_Range_access_1291",
      "provider": "provider[\"registry.terraform.io/ciscodevnet/aci\"]",
      "instances": [
        {
          "schema_version": 1,
          "attributes": {
            "alloc_mode": "inherit",
            "annotation": "orchestrator:terraform",
            "description": "",
            "from": "vlan-1291",
            "id": "uni/infra/vlanns-[access]-static/from-[vlan-1291]-to-[vlan-1291]",
            "name_alias": "",
            "role": "external",
            "to": "vlan-1291",
            "vlan_pool_dn": "uni/infra/vlanns-[access]-static"
          },
          "sensitive_attributes": [],
          "private": "eyJzY2hlbWFfdmVyc2lvbiI6IjEifQ==",
          "dependencies": [
            "data.aci_vlan_pool.VLAN_Pool_access"
          ]
        }
      ]
    },
    {
      "mode": "managed",
      "type": "aci_ranges",
      "name": "VLAN_Range_access_1292",
      "provider": "provider[\"registry.terraform.io/ciscodevnet/aci\"]",
      "instances": [
        {
          "schema_version": 1,
          "attributes": {
            "alloc_mode": "inherit",
            "annotation": "orchestrator:terraform",
            "description": "",
            "from": "vlan-1292",
            "id": "uni/infra/vlanns-[access]-static/from-[vlan-1292]-to-[vlan-1292]",
            "name_alias": "",
            "role": "external",
            "to": "vlan-1292",
            "vlan_pool_dn": "uni/infra/vlanns-[access]-static"
          },
          "sensitive_attributes": [],
          "private": "eyJzY2hlbWFfdmVyc2lvbiI6IjEifQ==",
          "dependencies": [
            "data.aci_vlan_pool.VLAN_Pool_access"
          ]
        }
      ]
    },
    {
      "mode": "managed",
      "type": "aci_ranges",
      "name": "VLAN_Range_access_1293",
      "provider": "provider[\"registry.terraform.io/ciscodevnet/aci\"]",
      "instances": [
        {
          "schema_version": 1,
          "attributes": {
            "alloc_mode": "inherit",
            "annotation": "orchestrator:terraform",
            "description": "",
            "from": "vlan-1293",
            "id": "uni/infra/vlanns-[access]-static/from-[vlan-1293]-to-[vlan-1293]",
            "name_alias": "",
            "role": "external",
            "to": "vlan-1293",
            "vlan_pool_dn": "uni/infra/vlanns-[access]-static"
          },
          "sensitive_attributes": [],
          "private": "eyJzY2hlbWFfdmVyc2lvbiI6IjEifQ==",
          "dependencies": [
            "data.aci_vlan_pool.VLAN_Pool_access"
          ]
        }
      ]
    },
    {
      "mode": "managed",
      "type": "aci_ranges",
      "name": "VLAN_Range_access_1294",
      "provider": "provider[\"registry.terraform.io/ciscodevnet/aci\"]",
      "instances": [
        {
          "schema_version": 1,
          "attributes": {
            "alloc_mode": "inherit",
            "annotation": "orchestrator:terraform",
            "description": "",
            "from": "vlan-1294",
            "id": "uni/infra/vlanns-[access]-static/from-[vlan-1294]-to-[vlan-1294]",
            "name_alias": "",
            "role": "external",
            "to": "vlan-1294",
            "vlan_pool_dn": "uni/infra/vlanns-[access]-static"
          },
          "sensitive_attributes": [],
          "private": "eyJzY2hlbWFfdmVyc2lvbiI6IjEifQ==",
          "dependencies": [
            "data.aci_vlan_pool.VLAN_Pool_access"
          ]
        }
      ]
    },
    {
      "mode": "managed",
      "type": "aci_ranges",
      "name": "VLAN_Range_access_1295",
      "provider": "provider[\"registry.terraform.io/ciscodevnet/aci\"]",
      "instances": [
        {
          "schema_version": 1,
          "attributes": {
            "alloc_mode": "inherit",
            "annotation": "orchestrator:terraform",
            "description": "",
            "from": "vlan-1295",
            "id": "uni/infra/vlanns-[access]-static/from-[vlan-1295]-to-[vlan-1295]",
            "name_alias": "",
            "role": "external",
            "to": "vlan-1295",
            "vlan_pool_dn": "uni/infra/vlanns-[access]-static"
          },
          "sensitive_attributes": [],
          "private": "eyJzY2hlbWFfdmVyc2lvbiI6IjEifQ==",
          "dependencies": [
            "data.aci_vlan_pool.VLAN_Pool_access"
          ]
        }
      ]
    },
    {
      "mode": "managed",
      "type": "aci_ranges",
      "name": "VLAN_Range_access_1296",
      "provider": "provider[\"registry.terraform.io/ciscodevnet/aci\"]",
      "instances": [
        {
          "schema_version": 1,
          "attributes": {
            "alloc_mode": "inherit",
            "annotation": "orchestrator:terraform",
            "description": "",
            "from": "vlan-1296",
            "id": "uni/infra/vlanns-[access]-static/from-[vlan-1296]-to-[vlan-1296]",
            "name_alias": "",
            "role": "external",
            "to": "vlan-1296",
            "vlan_pool_dn": "uni/infra/vlanns-[access]-static"
          },
          "sensitive_attributes": [],
          "private": "eyJzY2hlbWFfdmVyc2lvbiI6IjEifQ==",
          "dependencies": [
            "data.aci_vlan_pool.VLAN_Pool_access"
          ]
        }
      ]
    },
    {
      "mode": "managed",
      "type": "aci_ranges",
      "name": "VLAN_Range_access_1297",
      "provider": "provider[\"registry.terraform.io/ciscodevnet/aci\"]",
      "instances": [
        {
          "schema_version": 1,
          "attributes": {
            "alloc_mode": "inherit",
            "annotation": "orchestrator:terraform",
            "description": "",
            "from": "vlan-1297",
            "id": "uni/infra/vlanns-[access]-static/from-[vlan-1297]-to-[vlan-1297]",
            "name_alias": "",
            "role": "external",
            "to": "vlan-1297",
            "vlan_pool_dn": "uni/infra/vlanns-[access]-static"
          },
          "sensitive_attributes": [],
          "private": "eyJzY2hlbWFfdmVyc2lvbiI6IjEifQ==",
          "dependencies": [
            "data.aci_vlan_pool.VLAN_Pool_access"
          ]
        }
      ]
    },
    {
      "mode": "managed",
      "type": "aci_ranges",
      "name": "VLAN_Range_access_1298",
      "provider": "provider[\"registry.terraform.io/ciscodevnet/aci\"]",
      "instances": [
        {
          "schema_version": 1,
          "attributes": {
            "alloc_mode": "inherit",
            "annotation": "orchestrator:terraform",
            "description": "",
            "from": "vlan-1298",
            "id": "uni/infra/vlanns-[access]-static/from-[vlan-1298]-to-[vlan-1298]",
            "name_alias": "",
            "role": "external",
            "to": "vlan-1298",
            "vlan_pool_dn": "uni/infra/vlanns-[access]-static"
          },
          "sensitive_attributes": [],
          "private": "eyJzY2hlbWFfdmVyc2lvbiI6IjEifQ==",
          "dependencies": [
            "data.aci_vlan_pool.VLAN_Pool_access"
          ]
        }
      ]
    },
    {
      "mode": "managed",
      "type": "aci_ranges",
      "name": "VLAN_Range_access_1299",
      "provider": "provider[\"registry.terraform.io/ciscodevnet/aci\"]",
      "instances": [
        {
          "schema_version": 1,
          "attributes": {
            "alloc_mode": "inherit",
            "annotation": "orchestrator:terraform",
            "description": "",
            "from": "vlan-1299",
            "id": "uni/infra/vlanns-[access]-static/from-[vlan-1299]-to-[vlan-1299]",
            "name_alias": "",
            "role": "external",
            "to": "vlan-1299",
            "vlan_pool_dn": "uni/infra/vlanns-[access]-static"
          },
          "sensitive_attributes": [],
          "private": "eyJzY2hlbWFfdmVyc2lvbiI6IjEifQ==",
          "dependencies": [
            "data.aci_vlan_pool.VLAN_Pool_access"
          ]
        }
      ]
    },
    {
      "mode": "managed",
      "type": "aci_ranges",
      "name": "VLAN_Range_access_130",
      "provider": "provider[\"registry.terraform.io/ciscodevnet/aci\"]",
      "instances": [
        {
          "schema_version": 1,
          "attributes": {
            "alloc_mode": "inherit",
            "annotation": "orchestrator:terraform",
            "description": "",
            "from": "vlan-130",
            "id": "uni/infra/vlanns-[access]-static/from-[vlan-130]-to-[vlan-130]",
            "name_alias": "",
            "role": "external",
            "to": "vlan-130",
            "vlan_pool_dn": "uni/infra/vlanns-[access]-static"
          },
          "sensitive_attributes": [],
          "private": "eyJzY2hlbWFfdmVyc2lvbiI6IjEifQ==",
          "dependencies": [
            "data.aci_vlan_pool.VLAN_Pool_access"
          ]
        }
      ]
    },
    {
      "mode": "managed",
      "type": "aci_ranges",
      "name": "VLAN_Range_access_131",
      "provider": "provider[\"registry.terraform.io/ciscodevnet/aci\"]",
      "instances": [
        {
          "schema_version": 1,
          "attributes": {
            "alloc_mode": "inherit",
            "annotation": "orchestrator:terraform",
            "description": "",
            "from": "vlan-131",
            "id": "uni/infra/vlanns-[access]-static/from-[vlan-131]-to-[vlan-131]",
            "name_alias": "",
            "role": "external",
            "to": "vlan-131",
            "vlan_pool_dn": "uni/infra/vlanns-[access]-static"
          },
          "sensitive_attributes": [],
          "private": "eyJzY2hlbWFfdmVyc2lvbiI6IjEifQ==",
          "dependencies": [
            "data.aci_vlan_pool.VLAN_Pool_access"
          ]
        }
      ]
    },
    {
      "mode": "managed",
      "type": "aci_ranges",
      "name": "VLAN_Range_access_132",
      "provider": "provider[\"registry.terraform.io/ciscodevnet/aci\"]",
      "instances": [
        {
          "schema_version": 1,
          "attributes": {
            "alloc_mode": "inherit",
            "annotation": "orchestrator:terraform",
            "description": "",
            "from": "vlan-132",
            "id": "uni/infra/vlanns-[access]-static/from-[vlan-132]-to-[vlan-132]",
            "name_alias": "",
            "role": "external",
            "to": "vlan-132",
            "vlan_pool_dn": "uni/infra/vlanns-[access]-static"
          },
          "sensitive_attributes": [],
          "private": "eyJzY2hlbWFfdmVyc2lvbiI6IjEifQ==",
          "dependencies": [
            "data.aci_vlan_pool.VLAN_Pool_access"
          ]
        }
      ]
    },
    {
      "mode": "managed",
      "type": "aci_ranges",
      "name": "VLAN_Range_access_133",
      "provider": "provider[\"registry.terraform.io/ciscodevnet/aci\"]",
      "instances": [
        {
          "schema_version": 1,
          "attributes": {
            "alloc_mode": "inherit",
            "annotation": "orchestrator:terraform",
            "description": "",
            "from": "vlan-133",
            "id": "uni/infra/vlanns-[access]-static/from-[vlan-133]-to-[vlan-133]",
            "name_alias": "",
            "role": "external",
            "to": "vlan-133",
            "vlan_pool_dn": "uni/infra/vlanns-[access]-static"
          },
          "sensitive_attributes": [],
          "private": "eyJzY2hlbWFfdmVyc2lvbiI6IjEifQ==",
          "dependencies": [
            "data.aci_vlan_pool.VLAN_Pool_access"
          ]
        }
      ]
    },
    {
      "mode": "managed",
      "type": "aci_ranges",
      "name": "VLAN_Range_access_134",
      "provider": "provider[\"registry.terraform.io/ciscodevnet/aci\"]",
      "instances": [
        {
          "schema_version": 1,
          "attributes": {
            "alloc_mode": "inherit",
            "annotation": "orchestrator:terraform",
            "description": "",
            "from": "vlan-134",
            "id": "uni/infra/vlanns-[access]-static/from-[vlan-134]-to-[vlan-134]",
            "name_alias": "",
            "role": "external",
            "to": "vlan-134",
            "vlan_pool_dn": "uni/infra/vlanns-[access]-static"
          },
          "sensitive_attributes": [],
          "private": "eyJzY2hlbWFfdmVyc2lvbiI6IjEifQ==",
          "dependencies": [
            "data.aci_vlan_pool.VLAN_Pool_access"
          ]
        }
      ]
    },
    {
      "mode": "managed",
      "type": "aci_ranges",
      "name": "VLAN_Range_access_135",
      "provider": "provider[\"registry.terraform.io/ciscodevnet/aci\"]",
      "instances": [
        {
          "schema_version": 1,
          "attributes": {
            "alloc_mode": "inherit",
            "annotation": "orchestrator:terraform",
            "description": "",
            "from": "vlan-135",
            "id": "uni/infra/vlanns-[access]-static/from-[vlan-135]-to-[vlan-135]",
            "name_alias": "",
            "role": "external",
            "to": "vlan-135",
            "vlan_pool_dn": "uni/infra/vlanns-[access]-static"
          },
          "sensitive_attributes": [],
          "private": "eyJzY2hlbWFfdmVyc2lvbiI6IjEifQ==",
          "dependencies": [
            "data.aci_vlan_pool.VLAN_Pool_access"
          ]
        }
      ]
    },
    {
      "mode": "managed",
      "type": "aci_ranges",
      "name": "VLAN_Range_access_136",
      "provider": "provider[\"registry.terraform.io/ciscodevnet/aci\"]",
      "instances": [
        {
          "schema_version": 1,
          "attributes": {
            "alloc_mode": "inherit",
            "annotation": "orchestrator:terraform",
            "description": "",
            "from": "vlan-136",
            "id": "uni/infra/vlanns-[access]-static/from-[vlan-136]-to-[vlan-136]",
            "name_alias": "",
            "role": "external",
            "to": "vlan-136",
            "vlan_pool_dn": "uni/infra/vlanns-[access]-static"
          },
          "sensitive_attributes": [],
          "private": "eyJzY2hlbWFfdmVyc2lvbiI6IjEifQ==",
          "dependencies": [
            "data.aci_vlan_pool.VLAN_Pool_access"
          ]
        }
      ]
    },
    {
      "mode": "managed",
      "type": "aci_ranges",
      "name": "VLAN_Range_access_137",
      "provider": "provider[\"registry.terraform.io/ciscodevnet/aci\"]",
      "instances": [
        {
          "schema_version": 1,
          "attributes": {
            "alloc_mode": "inherit",
            "annotation": "orchestrator:terraform",
            "description": "",
            "from": "vlan-137",
            "id": "uni/infra/vlanns-[access]-static/from-[vlan-137]-to-[vlan-137]",
            "name_alias": "",
            "role": "external",
            "to": "vlan-137",
            "vlan_pool_dn": "uni/infra/vlanns-[access]-static"
          },
          "sensitive_attributes": [],
          "private": "eyJzY2hlbWFfdmVyc2lvbiI6IjEifQ==",
          "dependencies": [
            "data.aci_vlan_pool.VLAN_Pool_access"
          ]
        }
      ]
    },
    {
      "mode": "managed",
      "type": "aci_ranges",
      "name": "VLAN_Range_access_138",
      "provider": "provider[\"registry.terraform.io/ciscodevnet/aci\"]",
      "instances": [
        {
          "schema_version": 1,
          "attributes": {
            "alloc_mode": "inherit",
            "annotation": "orchestrator:terraform",
            "description": "",
            "from": "vlan-138",
            "id": "uni/infra/vlanns-[access]-static/from-[vlan-138]-to-[vlan-138]",
            "name_alias": "",
            "role": "external",
            "to": "vlan-138",
            "vlan_pool_dn": "uni/infra/vlanns-[access]-static"
          },
          "sensitive_attributes": [],
          "private": "eyJzY2hlbWFfdmVyc2lvbiI6IjEifQ==",
          "dependencies": [
            "data.aci_vlan_pool.VLAN_Pool_access"
          ]
        }
      ]
    },
    {
      "mode": "managed",
      "type": "aci_ranges",
      "name": "VLAN_Range_access_139",
      "provider": "provider[\"registry.terraform.io/ciscodevnet/aci\"]",
      "instances": [
        {
          "schema_version": 1,
          "attributes": {
            "alloc_mode": "inherit",
            "annotation": "orchestrator:terraform",
            "description": "",
            "from": "vlan-139",
            "id": "uni/infra/vlanns-[access]-static/from-[vlan-139]-to-[vlan-139]",
            "name_alias": "",
            "role": "external",
            "to": "vlan-139",
            "vlan_pool_dn": "uni/infra/vlanns-[access]-static"
          },
          "sensitive_attributes": [],
          "private": "eyJzY2hlbWFfdmVyc2lvbiI6IjEifQ==",
          "dependencies": [
            "data.aci_vlan_pool.VLAN_Pool_access"
          ]
        }
      ]
    },
    {
      "mode": "managed",
      "type": "aci_ranges",
      "name": "VLAN_Range_access_140",
      "provider": "provider[\"registry.terraform.io/ciscodevnet/aci\"]",
      "instances": [
        {
          "schema_version": 1,
          "attributes": {
            "alloc_mode": "inherit",
            "annotation": "orchestrator:terraform",
            "description": "",
            "from": "vlan-140",
            "id": "uni/infra/vlanns-[access]-static/from-[vlan-140]-to-[vlan-140]",
            "name_alias": "",
            "role": "external",
            "to": "vlan-140",
            "vlan_pool_dn": "uni/infra/vlanns-[access]-static"
          },
          "sensitive_attributes": [],
          "private": "eyJzY2hlbWFfdmVyc2lvbiI6IjEifQ==",
          "dependencies": [
            "data.aci_vlan_pool.VLAN_Pool_access"
          ]
        }
      ]
    },
    {
      "mode": "managed",
      "type": "aci_ranges",
      "name": "VLAN_Range_access_141",
      "provider": "provider[\"registry.terraform.io/ciscodevnet/aci\"]",
      "instances": [
        {
          "schema_version": 1,
          "attributes": {
            "alloc_mode": "inherit",
            "annotation": "orchestrator:terraform",
            "description": "",
            "from": "vlan-141",
            "id": "uni/infra/vlanns-[access]-static/from-[vlan-141]-to-[vlan-141]",
            "name_alias": "",
            "role": "external",
            "to": "vlan-141",
            "vlan_pool_dn": "uni/infra/vlanns-[access]-static"
          },
          "sensitive_attributes": [],
          "private": "eyJzY2hlbWFfdmVyc2lvbiI6IjEifQ==",
          "dependencies": [
            "data.aci_vlan_pool.VLAN_Pool_access"
          ]
        }
      ]
    },
    {
      "mode": "managed",
      "type": "aci_ranges",
      "name": "VLAN_Range_access_142",
      "provider": "provider[\"registry.terraform.io/ciscodevnet/aci\"]",
      "instances": [
        {
          "schema_version": 1,
          "attributes": {
            "alloc_mode": "inherit",
            "annotation": "orchestrator:terraform",
            "description": "",
            "from": "vlan-142",
            "id": "uni/infra/vlanns-[access]-static/from-[vlan-142]-to-[vlan-142]",
            "name_alias": "",
            "role": "external",
            "to": "vlan-142",
            "vlan_pool_dn": "uni/infra/vlanns-[access]-static"
          },
          "sensitive_attributes": [],
          "private": "eyJzY2hlbWFfdmVyc2lvbiI6IjEifQ==",
          "dependencies": [
            "data.aci_vlan_pool.VLAN_Pool_access"
          ]
        }
      ]
    },
    {
      "mode": "managed",
      "type": "aci_ranges",
      "name": "VLAN_Range_access_143",
      "provider": "provider[\"registry.terraform.io/ciscodevnet/aci\"]",
      "instances": [
        {
          "schema_version": 1,
          "attributes": {
            "alloc_mode": "inherit",
            "annotation": "orchestrator:terraform",
            "description": "",
            "from": "vlan-143",
            "id": "uni/infra/vlanns-[access]-static/from-[vlan-143]-to-[vlan-143]",
            "name_alias": "",
            "role": "external",
            "to": "vlan-143",
            "vlan_pool_dn": "uni/infra/vlanns-[access]-static"
          },
          "sensitive_attributes": [],
          "private": "eyJzY2hlbWFfdmVyc2lvbiI6IjEifQ==",
          "dependencies": [
            "data.aci_vlan_pool.VLAN_Pool_access"
          ]
        }
      ]
    },
    {
      "mode": "managed",
      "type": "aci_ranges",
      "name": "VLAN_Range_access_144",
      "provider": "provider[\"registry.terraform.io/ciscodevnet/aci\"]",
      "instances": [
        {
          "schema_version": 1,
          "attributes": {
            "alloc_mode": "inherit",
            "annotation": "orchestrator:terraform",
            "description": "",
            "from": "vlan-144",
            "id": "uni/infra/vlanns-[access]-static/from-[vlan-144]-to-[vlan-144]",
            "name_alias": "",
            "role": "external",
            "to": "vlan-144",
            "vlan_pool_dn": "uni/infra/vlanns-[access]-static"
          },
          "sensitive_attributes": [],
          "private": "eyJzY2hlbWFfdmVyc2lvbiI6IjEifQ==",
          "dependencies": [
            "data.aci_vlan_pool.VLAN_Pool_access"
          ]
        }
      ]
    },
    {
      "mode": "managed",
      "type": "aci_ranges",
      "name": "VLAN_Range_access_145",
      "provider": "provider[\"registry.terraform.io/ciscodevnet/aci\"]",
      "instances": [
        {
          "schema_version": 1,
          "attributes": {
            "alloc_mode": "inherit",
            "annotation": "orchestrator:terraform",
            "description": "",
            "from": "vlan-145",
            "id": "uni/infra/vlanns-[access]-static/from-[vlan-145]-to-[vlan-145]",
            "name_alias": "",
            "role": "external",
            "to": "vlan-145",
            "vlan_pool_dn": "uni/infra/vlanns-[access]-static"
          },
          "sensitive_attributes": [],
          "private": "eyJzY2hlbWFfdmVyc2lvbiI6IjEifQ==",
          "dependencies": [
            "data.aci_vlan_pool.VLAN_Pool_access"
          ]
        }
      ]
    },
    {
      "mode": "managed",
      "type": "aci_ranges",
      "name": "VLAN_Range_access_146",
      "provider": "provider[\"registry.terraform.io/ciscodevnet/aci\"]",
      "instances": [
        {
          "schema_version": 1,
          "attributes": {
            "alloc_mode": "inherit",
            "annotation": "orchestrator:terraform",
            "description": "",
            "from": "vlan-146",
            "id": "uni/infra/vlanns-[access]-static/from-[vlan-146]-to-[vlan-146]",
            "name_alias": "",
            "role": "external",
            "to": "vlan-146",
            "vlan_pool_dn": "uni/infra/vlanns-[access]-static"
          },
          "sensitive_attributes": [],
          "private": "eyJzY2hlbWFfdmVyc2lvbiI6IjEifQ==",
          "dependencies": [
            "data.aci_vlan_pool.VLAN_Pool_access"
          ]
        }
      ]
    },
    {
      "mode": "managed",
      "type": "aci_ranges",
      "name": "VLAN_Range_access_147",
      "provider": "provider[\"registry.terraform.io/ciscodevnet/aci\"]",
      "instances": [
        {
          "schema_version": 1,
          "attributes": {
            "alloc_mode": "inherit",
            "annotation": "orchestrator:terraform",
            "description": "",
            "from": "vlan-147",
            "id": "uni/infra/vlanns-[access]-static/from-[vlan-147]-to-[vlan-147]",
            "name_alias": "",
            "role": "external",
            "to": "vlan-147",
            "vlan_pool_dn": "uni/infra/vlanns-[access]-static"
          },
          "sensitive_attributes": [],
          "private": "eyJzY2hlbWFfdmVyc2lvbiI6IjEifQ==",
          "dependencies": [
            "data.aci_vlan_pool.VLAN_Pool_access"
          ]
        }
      ]
    },
    {
      "mode": "managed",
      "type": "aci_ranges",
      "name": "VLAN_Range_access_148",
      "provider": "provider[\"registry.terraform.io/ciscodevnet/aci\"]",
      "instances": [
        {
          "schema_version": 1,
          "attributes": {
            "alloc_mode": "inherit",
            "annotation": "orchestrator:terraform",
            "description": "",
            "from": "vlan-148",
            "id": "uni/infra/vlanns-[access]-static/from-[vlan-148]-to-[vlan-148]",
            "name_alias": "",
            "role": "external",
            "to": "vlan-148",
            "vlan_pool_dn": "uni/infra/vlanns-[access]-static"
          },
          "sensitive_attributes": [],
          "private": "eyJzY2hlbWFfdmVyc2lvbiI6IjEifQ==",
          "dependencies": [
            "data.aci_vlan_pool.VLAN_Pool_access"
          ]
        }
      ]
    },
    {
      "mode": "managed",
      "type": "aci_ranges",
      "name": "VLAN_Range_access_149",
      "provider": "provider[\"registry.terraform.io/ciscodevnet/aci\"]",
      "instances": [
        {
          "schema_version": 1,
          "attributes": {
            "alloc_mode": "inherit",
            "annotation": "orchestrator:terraform",
            "description": "",
            "from": "vlan-149",
            "id": "uni/infra/vlanns-[access]-static/from-[vlan-149]-to-[vlan-149]",
            "name_alias": "",
            "role": "external",
            "to": "vlan-149",
            "vlan_pool_dn": "uni/infra/vlanns-[access]-static"
          },
          "sensitive_attributes": [],
          "private": "eyJzY2hlbWFfdmVyc2lvbiI6IjEifQ==",
          "dependencies": [
            "data.aci_vlan_pool.VLAN_Pool_access"
          ]
        }
      ]
    },
    {
      "mode": "managed",
      "type": "aci_ranges",
      "name": "VLAN_Range_access_150",
      "provider": "provider[\"registry.terraform.io/ciscodevnet/aci\"]",
      "instances": [
        {
          "schema_version": 1,
          "attributes": {
            "alloc_mode": "inherit",
            "annotation": "orchestrator:terraform",
            "description": "",
            "from": "vlan-150",
            "id": "uni/infra/vlanns-[access]-static/from-[vlan-150]-to-[vlan-150]",
            "name_alias": "",
            "role": "external",
            "to": "vlan-150",
            "vlan_pool_dn": "uni/infra/vlanns-[access]-static"
          },
          "sensitive_attributes": [],
          "private": "eyJzY2hlbWFfdmVyc2lvbiI6IjEifQ==",
          "dependencies": [
            "data.aci_vlan_pool.VLAN_Pool_access"
          ]
        }
      ]
    },
    {
      "mode": "managed",
      "type": "aci_ranges",
      "name": "VLAN_Range_access_151",
      "provider": "provider[\"registry.terraform.io/ciscodevnet/aci\"]",
      "instances": [
        {
          "schema_version": 1,
          "attributes": {
            "alloc_mode": "inherit",
            "annotation": "orchestrator:terraform",
            "description": "",
            "from": "vlan-151",
            "id": "uni/infra/vlanns-[access]-static/from-[vlan-151]-to-[vlan-151]",
            "name_alias": "",
            "role": "external",
            "to": "vlan-151",
            "vlan_pool_dn": "uni/infra/vlanns-[access]-static"
          },
          "sensitive_attributes": [],
          "private": "eyJzY2hlbWFfdmVyc2lvbiI6IjEifQ==",
          "dependencies": [
            "data.aci_vlan_pool.VLAN_Pool_access"
          ]
        }
      ]
    },
    {
      "mode": "managed",
      "type": "aci_ranges",
      "name": "VLAN_Range_access_152",
      "provider": "provider[\"registry.terraform.io/ciscodevnet/aci\"]",
      "instances": [
        {
          "schema_version": 1,
          "attributes": {
            "alloc_mode": "inherit",
            "annotation": "orchestrator:terraform",
            "description": "",
            "from": "vlan-152",
            "id": "uni/infra/vlanns-[access]-static/from-[vlan-152]-to-[vlan-152]",
            "name_alias": "",
            "role": "external",
            "to": "vlan-152",
            "vlan_pool_dn": "uni/infra/vlanns-[access]-static"
          },
          "sensitive_attributes": [],
          "private": "eyJzY2hlbWFfdmVyc2lvbiI6IjEifQ==",
          "dependencies": [
            "data.aci_vlan_pool.VLAN_Pool_access"
          ]
        }
      ]
    },
    {
      "mode": "managed",
      "type": "aci_ranges",
      "name": "VLAN_Range_access_153",
      "provider": "provider[\"registry.terraform.io/ciscodevnet/aci\"]",
      "instances": [
        {
          "schema_version": 1,
          "attributes": {
            "alloc_mode": "inherit",
            "annotation": "orchestrator:terraform",
            "description": "",
            "from": "vlan-153",
            "id": "uni/infra/vlanns-[access]-static/from-[vlan-153]-to-[vlan-153]",
            "name_alias": "",
            "role": "external",
            "to": "vlan-153",
            "vlan_pool_dn": "uni/infra/vlanns-[access]-static"
          },
          "sensitive_attributes": [],
          "private": "eyJzY2hlbWFfdmVyc2lvbiI6IjEifQ==",
          "dependencies": [
            "data.aci_vlan_pool.VLAN_Pool_access"
          ]
        }
      ]
    },
    {
      "mode": "managed",
      "type": "aci_ranges",
      "name": "VLAN_Range_access_154",
      "provider": "provider[\"registry.terraform.io/ciscodevnet/aci\"]",
      "instances": [
        {
          "schema_version": 1,
          "attributes": {
            "alloc_mode": "inherit",
            "annotation": "orchestrator:terraform",
            "description": "",
            "from": "vlan-154",
            "id": "uni/infra/vlanns-[access]-static/from-[vlan-154]-to-[vlan-154]",
            "name_alias": "",
            "role": "external",
            "to": "vlan-154",
            "vlan_pool_dn": "uni/infra/vlanns-[access]-static"
          },
          "sensitive_attributes": [],
          "private": "eyJzY2hlbWFfdmVyc2lvbiI6IjEifQ==",
          "dependencies": [
            "data.aci_vlan_pool.VLAN_Pool_access"
          ]
        }
      ]
    },
    {
      "mode": "managed",
      "type": "aci_ranges",
      "name": "VLAN_Range_access_155",
      "provider": "provider[\"registry.terraform.io/ciscodevnet/aci\"]",
      "instances": [
        {
          "schema_version": 1,
          "attributes": {
            "alloc_mode": "inherit",
            "annotation": "orchestrator:terraform",
            "description": "",
            "from": "vlan-155",
            "id": "uni/infra/vlanns-[access]-static/from-[vlan-155]-to-[vlan-155]",
            "name_alias": "",
            "role": "external",
            "to": "vlan-155",
            "vlan_pool_dn": "uni/infra/vlanns-[access]-static"
          },
          "sensitive_attributes": [],
          "private": "eyJzY2hlbWFfdmVyc2lvbiI6IjEifQ==",
          "dependencies": [
            "data.aci_vlan_pool.VLAN_Pool_access"
          ]
        }
      ]
    },
    {
      "mode": "managed",
      "type": "aci_ranges",
      "name": "VLAN_Range_access_156",
      "provider": "provider[\"registry.terraform.io/ciscodevnet/aci\"]",
      "instances": [
        {
          "schema_version": 1,
          "attributes": {
            "alloc_mode": "inherit",
            "annotation": "orchestrator:terraform",
            "description": "",
            "from": "vlan-156",
            "id": "uni/infra/vlanns-[access]-static/from-[vlan-156]-to-[vlan-156]",
            "name_alias": "",
            "role": "external",
            "to": "vlan-156",
            "vlan_pool_dn": "uni/infra/vlanns-[access]-static"
          },
          "sensitive_attributes": [],
          "private": "eyJzY2hlbWFfdmVyc2lvbiI6IjEifQ==",
          "dependencies": [
            "data.aci_vlan_pool.VLAN_Pool_access"
          ]
        }
      ]
    },
    {
      "mode": "managed",
      "type": "aci_ranges",
      "name": "VLAN_Range_access_157",
      "provider": "provider[\"registry.terraform.io/ciscodevnet/aci\"]",
      "instances": [
        {
          "schema_version": 1,
          "attributes": {
            "alloc_mode": "inherit",
            "annotation": "orchestrator:terraform",
            "description": "",
            "from": "vlan-157",
            "id": "uni/infra/vlanns-[access]-static/from-[vlan-157]-to-[vlan-157]",
            "name_alias": "",
            "role": "external",
            "to": "vlan-157",
            "vlan_pool_dn": "uni/infra/vlanns-[access]-static"
          },
          "sensitive_attributes": [],
          "private": "eyJzY2hlbWFfdmVyc2lvbiI6IjEifQ==",
          "dependencies": [
            "data.aci_vlan_pool.VLAN_Pool_access"
          ]
        }
      ]
    },
    {
      "mode": "managed",
      "type": "aci_ranges",
      "name": "VLAN_Range_access_158",
      "provider": "provider[\"registry.terraform.io/ciscodevnet/aci\"]",
      "instances": [
        {
          "schema_version": 1,
          "attributes": {
            "alloc_mode": "inherit",
            "annotation": "orchestrator:terraform",
            "description": "",
            "from": "vlan-158",
            "id": "uni/infra/vlanns-[access]-static/from-[vlan-158]-to-[vlan-158]",
            "name_alias": "",
            "role": "external",
            "to": "vlan-158",
            "vlan_pool_dn": "uni/infra/vlanns-[access]-static"
          },
          "sensitive_attributes": [],
          "private": "eyJzY2hlbWFfdmVyc2lvbiI6IjEifQ==",
          "dependencies": [
            "data.aci_vlan_pool.VLAN_Pool_access"
          ]
        }
      ]
    },
    {
      "mode": "managed",
      "type": "aci_ranges",
      "name": "VLAN_Range_access_159",
      "provider": "provider[\"registry.terraform.io/ciscodevnet/aci\"]",
      "instances": [
        {
          "schema_version": 1,
          "attributes": {
            "alloc_mode": "inherit",
            "annotation": "orchestrator:terraform",
            "description": "",
            "from": "vlan-159",
            "id": "uni/infra/vlanns-[access]-static/from-[vlan-159]-to-[vlan-159]",
            "name_alias": "",
            "role": "external",
            "to": "vlan-159",
            "vlan_pool_dn": "uni/infra/vlanns-[access]-static"
          },
          "sensitive_attributes": [],
          "private": "eyJzY2hlbWFfdmVyc2lvbiI6IjEifQ==",
          "dependencies": [
            "data.aci_vlan_pool.VLAN_Pool_access"
          ]
        }
      ]
    },
    {
      "mode": "managed",
      "type": "aci_ranges",
      "name": "VLAN_Range_access_160",
      "provider": "provider[\"registry.terraform.io/ciscodevnet/aci\"]",
      "instances": [
        {
          "schema_version": 1,
          "attributes": {
            "alloc_mode": "inherit",
            "annotation": "orchestrator:terraform",
            "description": "",
            "from": "vlan-160",
            "id": "uni/infra/vlanns-[access]-static/from-[vlan-160]-to-[vlan-160]",
            "name_alias": "",
            "role": "external",
            "to": "vlan-160",
            "vlan_pool_dn": "uni/infra/vlanns-[access]-static"
          },
          "sensitive_attributes": [],
          "private": "eyJzY2hlbWFfdmVyc2lvbiI6IjEifQ==",
          "dependencies": [
            "data.aci_vlan_pool.VLAN_Pool_access"
          ]
        }
      ]
    },
    {
      "mode": "managed",
      "type": "aci_ranges",
      "name": "VLAN_Range_access_161",
      "provider": "provider[\"registry.terraform.io/ciscodevnet/aci\"]",
      "instances": [
        {
          "schema_version": 1,
          "attributes": {
            "alloc_mode": "inherit",
            "annotation": "orchestrator:terraform",
            "description": "",
            "from": "vlan-161",
            "id": "uni/infra/vlanns-[access]-static/from-[vlan-161]-to-[vlan-161]",
            "name_alias": "",
            "role": "external",
            "to": "vlan-161",
            "vlan_pool_dn": "uni/infra/vlanns-[access]-static"
          },
          "sensitive_attributes": [],
          "private": "eyJzY2hlbWFfdmVyc2lvbiI6IjEifQ==",
          "dependencies": [
            "data.aci_vlan_pool.VLAN_Pool_access"
          ]
        }
      ]
    },
    {
      "mode": "managed",
      "type": "aci_ranges",
      "name": "VLAN_Range_access_162",
      "provider": "provider[\"registry.terraform.io/ciscodevnet/aci\"]",
      "instances": [
        {
          "schema_version": 1,
          "attributes": {
            "alloc_mode": "inherit",
            "annotation": "orchestrator:terraform",
            "description": "",
            "from": "vlan-162",
            "id": "uni/infra/vlanns-[access]-static/from-[vlan-162]-to-[vlan-162]",
            "name_alias": "",
            "role": "external",
            "to": "vlan-162",
            "vlan_pool_dn": "uni/infra/vlanns-[access]-static"
          },
          "sensitive_attributes": [],
          "private": "eyJzY2hlbWFfdmVyc2lvbiI6IjEifQ==",
          "dependencies": [
            "data.aci_vlan_pool.VLAN_Pool_access"
          ]
        }
      ]
    },
    {
      "mode": "managed",
      "type": "aci_ranges",
      "name": "VLAN_Range_access_163",
      "provider": "provider[\"registry.terraform.io/ciscodevnet/aci\"]",
      "instances": [
        {
          "schema_version": 1,
          "attributes": {
            "alloc_mode": "inherit",
            "annotation": "orchestrator:terraform",
            "description": "",
            "from": "vlan-163",
            "id": "uni/infra/vlanns-[access]-static/from-[vlan-163]-to-[vlan-163]",
            "name_alias": "",
            "role": "external",
            "to": "vlan-163",
            "vlan_pool_dn": "uni/infra/vlanns-[access]-static"
          },
          "sensitive_attributes": [],
          "private": "eyJzY2hlbWFfdmVyc2lvbiI6IjEifQ==",
          "dependencies": [
            "data.aci_vlan_pool.VLAN_Pool_access"
          ]
        }
      ]
    },
    {
      "mode": "managed",
      "type": "aci_ranges",
      "name": "VLAN_Range_access_164",
      "provider": "provider[\"registry.terraform.io/ciscodevnet/aci\"]",
      "instances": [
        {
          "schema_version": 1,
          "attributes": {
            "alloc_mode": "inherit",
            "annotation": "orchestrator:terraform",
            "description": "",
            "from": "vlan-164",
            "id": "uni/infra/vlanns-[access]-static/from-[vlan-164]-to-[vlan-164]",
            "name_alias": "",
            "role": "external",
            "to": "vlan-164",
            "vlan_pool_dn": "uni/infra/vlanns-[access]-static"
          },
          "sensitive_attributes": [],
          "private": "eyJzY2hlbWFfdmVyc2lvbiI6IjEifQ==",
          "dependencies": [
            "data.aci_vlan_pool.VLAN_Pool_access"
          ]
        }
      ]
    },
    {
      "mode": "managed",
      "type": "aci_ranges",
      "name": "VLAN_Range_access_165",
      "provider": "provider[\"registry.terraform.io/ciscodevnet/aci\"]",
      "instances": [
        {
          "schema_version": 1,
          "attributes": {
            "alloc_mode": "inherit",
            "annotation": "orchestrator:terraform",
            "description": "",
            "from": "vlan-165",
            "id": "uni/infra/vlanns-[access]-static/from-[vlan-165]-to-[vlan-165]",
            "name_alias": "",
            "role": "external",
            "to": "vlan-165",
            "vlan_pool_dn": "uni/infra/vlanns-[access]-static"
          },
          "sensitive_attributes": [],
          "private": "eyJzY2hlbWFfdmVyc2lvbiI6IjEifQ==",
          "dependencies": [
            "data.aci_vlan_pool.VLAN_Pool_access"
          ]
        }
      ]
    },
    {
      "mode": "managed",
      "type": "aci_ranges",
      "name": "VLAN_Range_access_166",
      "provider": "provider[\"registry.terraform.io/ciscodevnet/aci\"]",
      "instances": [
        {
          "schema_version": 1,
          "attributes": {
            "alloc_mode": "inherit",
            "annotation": "orchestrator:terraform",
            "description": "",
            "from": "vlan-166",
            "id": "uni/infra/vlanns-[access]-static/from-[vlan-166]-to-[vlan-166]",
            "name_alias": "",
            "role": "external",
            "to": "vlan-166",
            "vlan_pool_dn": "uni/infra/vlanns-[access]-static"
          },
          "sensitive_attributes": [],
          "private": "eyJzY2hlbWFfdmVyc2lvbiI6IjEifQ==",
          "dependencies": [
            "data.aci_vlan_pool.VLAN_Pool_access"
          ]
        }
      ]
    },
    {
      "mode": "managed",
      "type": "aci_ranges",
      "name": "VLAN_Range_access_167",
      "provider": "provider[\"registry.terraform.io/ciscodevnet/aci\"]",
      "instances": [
        {
          "schema_version": 1,
          "attributes": {
            "alloc_mode": "inherit",
            "annotation": "orchestrator:terraform",
            "description": "",
            "from": "vlan-167",
            "id": "uni/infra/vlanns-[access]-static/from-[vlan-167]-to-[vlan-167]",
            "name_alias": "",
            "role": "external",
            "to": "vlan-167",
            "vlan_pool_dn": "uni/infra/vlanns-[access]-static"
          },
          "sensitive_attributes": [],
          "private": "eyJzY2hlbWFfdmVyc2lvbiI6IjEifQ==",
          "dependencies": [
            "data.aci_vlan_pool.VLAN_Pool_access"
          ]
        }
      ]
    },
    {
      "mode": "managed",
      "type": "aci_ranges",
      "name": "VLAN_Range_access_168",
      "provider": "provider[\"registry.terraform.io/ciscodevnet/aci\"]",
      "instances": [
        {
          "schema_version": 1,
          "attributes": {
            "alloc_mode": "inherit",
            "annotation": "orchestrator:terraform",
            "description": "",
            "from": "vlan-168",
            "id": "uni/infra/vlanns-[access]-static/from-[vlan-168]-to-[vlan-168]",
            "name_alias": "",
            "role": "external",
            "to": "vlan-168",
            "vlan_pool_dn": "uni/infra/vlanns-[access]-static"
          },
          "sensitive_attributes": [],
          "private": "eyJzY2hlbWFfdmVyc2lvbiI6IjEifQ==",
          "dependencies": [
            "data.aci_vlan_pool.VLAN_Pool_access"
          ]
        }
      ]
    },
    {
      "mode": "managed",
      "type": "aci_ranges",
      "name": "VLAN_Range_access_169",
      "provider": "provider[\"registry.terraform.io/ciscodevnet/aci\"]",
      "instances": [
        {
          "schema_version": 1,
          "attributes": {
            "alloc_mode": "inherit",
            "annotation": "orchestrator:terraform",
            "description": "",
            "from": "vlan-169",
            "id": "uni/infra/vlanns-[access]-static/from-[vlan-169]-to-[vlan-169]",
            "name_alias": "",
            "role": "external",
            "to": "vlan-169",
            "vlan_pool_dn": "uni/infra/vlanns-[access]-static"
          },
          "sensitive_attributes": [],
          "private": "eyJzY2hlbWFfdmVyc2lvbiI6IjEifQ==",
          "dependencies": [
            "data.aci_vlan_pool.VLAN_Pool_access"
          ]
        }
      ]
    },
    {
      "mode": "managed",
      "type": "aci_ranges",
      "name": "VLAN_Range_access_170",
      "provider": "provider[\"registry.terraform.io/ciscodevnet/aci\"]",
      "instances": [
        {
          "schema_version": 1,
          "attributes": {
            "alloc_mode": "inherit",
            "annotation": "orchestrator:terraform",
            "description": "",
            "from": "vlan-170",
            "id": "uni/infra/vlanns-[access]-static/from-[vlan-170]-to-[vlan-170]",
            "name_alias": "",
            "role": "external",
            "to": "vlan-170",
            "vlan_pool_dn": "uni/infra/vlanns-[access]-static"
          },
          "sensitive_attributes": [],
          "private": "eyJzY2hlbWFfdmVyc2lvbiI6IjEifQ==",
          "dependencies": [
            "data.aci_vlan_pool.VLAN_Pool_access"
          ]
        }
      ]
    },
    {
      "mode": "managed",
      "type": "aci_ranges",
      "name": "VLAN_Range_access_171",
      "provider": "provider[\"registry.terraform.io/ciscodevnet/aci\"]",
      "instances": [
        {
          "schema_version": 1,
          "attributes": {
            "alloc_mode": "inherit",
            "annotation": "orchestrator:terraform",
            "description": "",
            "from": "vlan-171",
            "id": "uni/infra/vlanns-[access]-static/from-[vlan-171]-to-[vlan-171]",
            "name_alias": "",
            "role": "external",
            "to": "vlan-171",
            "vlan_pool_dn": "uni/infra/vlanns-[access]-static"
          },
          "sensitive_attributes": [],
          "private": "eyJzY2hlbWFfdmVyc2lvbiI6IjEifQ==",
          "dependencies": [
            "data.aci_vlan_pool.VLAN_Pool_access"
          ]
        }
      ]
    },
    {
      "mode": "managed",
      "type": "aci_ranges",
      "name": "VLAN_Range_access_172",
      "provider": "provider[\"registry.terraform.io/ciscodevnet/aci\"]",
      "instances": [
        {
          "schema_version": 1,
          "attributes": {
            "alloc_mode": "inherit",
            "annotation": "orchestrator:terraform",
            "description": "",
            "from": "vlan-172",
            "id": "uni/infra/vlanns-[access]-static/from-[vlan-172]-to-[vlan-172]",
            "name_alias": "",
            "role": "external",
            "to": "vlan-172",
            "vlan_pool_dn": "uni/infra/vlanns-[access]-static"
          },
          "sensitive_attributes": [],
          "private": "eyJzY2hlbWFfdmVyc2lvbiI6IjEifQ==",
          "dependencies": [
            "data.aci_vlan_pool.VLAN_Pool_access"
          ]
        }
      ]
    },
    {
      "mode": "managed",
      "type": "aci_ranges",
      "name": "VLAN_Range_access_173",
      "provider": "provider[\"registry.terraform.io/ciscodevnet/aci\"]",
      "instances": [
        {
          "schema_version": 1,
          "attributes": {
            "alloc_mode": "inherit",
            "annotation": "orchestrator:terraform",
            "description": "",
            "from": "vlan-173",
            "id": "uni/infra/vlanns-[access]-static/from-[vlan-173]-to-[vlan-173]",
            "name_alias": "",
            "role": "external",
            "to": "vlan-173",
            "vlan_pool_dn": "uni/infra/vlanns-[access]-static"
          },
          "sensitive_attributes": [],
          "private": "eyJzY2hlbWFfdmVyc2lvbiI6IjEifQ==",
          "dependencies": [
            "data.aci_vlan_pool.VLAN_Pool_access"
          ]
        }
      ]
    },
    {
      "mode": "managed",
      "type": "aci_ranges",
      "name": "VLAN_Range_access_174",
      "provider": "provider[\"registry.terraform.io/ciscodevnet/aci\"]",
      "instances": [
        {
          "schema_version": 1,
          "attributes": {
            "alloc_mode": "inherit",
            "annotation": "orchestrator:terraform",
            "description": "",
            "from": "vlan-174",
            "id": "uni/infra/vlanns-[access]-static/from-[vlan-174]-to-[vlan-174]",
            "name_alias": "",
            "role": "external",
            "to": "vlan-174",
            "vlan_pool_dn": "uni/infra/vlanns-[access]-static"
          },
          "sensitive_attributes": [],
          "private": "eyJzY2hlbWFfdmVyc2lvbiI6IjEifQ==",
          "dependencies": [
            "data.aci_vlan_pool.VLAN_Pool_access"
          ]
        }
      ]
    },
    {
      "mode": "managed",
      "type": "aci_ranges",
      "name": "VLAN_Range_access_175",
      "provider": "provider[\"registry.terraform.io/ciscodevnet/aci\"]",
      "instances": [
        {
          "schema_version": 1,
          "attributes": {
            "alloc_mode": "inherit",
            "annotation": "orchestrator:terraform",
            "description": "",
            "from": "vlan-175",
            "id": "uni/infra/vlanns-[access]-static/from-[vlan-175]-to-[vlan-175]",
            "name_alias": "",
            "role": "external",
            "to": "vlan-175",
            "vlan_pool_dn": "uni/infra/vlanns-[access]-static"
          },
          "sensitive_attributes": [],
          "private": "eyJzY2hlbWFfdmVyc2lvbiI6IjEifQ==",
          "dependencies": [
            "data.aci_vlan_pool.VLAN_Pool_access"
          ]
        }
      ]
    },
    {
      "mode": "managed",
      "type": "aci_ranges",
      "name": "VLAN_Range_access_176",
      "provider": "provider[\"registry.terraform.io/ciscodevnet/aci\"]",
      "instances": [
        {
          "schema_version": 1,
          "attributes": {
            "alloc_mode": "inherit",
            "annotation": "orchestrator:terraform",
            "description": "",
            "from": "vlan-176",
            "id": "uni/infra/vlanns-[access]-static/from-[vlan-176]-to-[vlan-176]",
            "name_alias": "",
            "role": "external",
            "to": "vlan-176",
            "vlan_pool_dn": "uni/infra/vlanns-[access]-static"
          },
          "sensitive_attributes": [],
          "private": "eyJzY2hlbWFfdmVyc2lvbiI6IjEifQ==",
          "dependencies": [
            "data.aci_vlan_pool.VLAN_Pool_access"
          ]
        }
      ]
    },
    {
      "mode": "managed",
      "type": "aci_ranges",
      "name": "VLAN_Range_access_177",
      "provider": "provider[\"registry.terraform.io/ciscodevnet/aci\"]",
      "instances": [
        {
          "schema_version": 1,
          "attributes": {
            "alloc_mode": "inherit",
            "annotation": "orchestrator:terraform",
            "description": "",
            "from": "vlan-177",
            "id": "uni/infra/vlanns-[access]-static/from-[vlan-177]-to-[vlan-177]",
            "name_alias": "",
            "role": "external",
            "to": "vlan-177",
            "vlan_pool_dn": "uni/infra/vlanns-[access]-static"
          },
          "sensitive_attributes": [],
          "private": "eyJzY2hlbWFfdmVyc2lvbiI6IjEifQ==",
          "dependencies": [
            "data.aci_vlan_pool.VLAN_Pool_access"
          ]
        }
      ]
    },
    {
      "mode": "managed",
      "type": "aci_ranges",
      "name": "VLAN_Range_access_178",
      "provider": "provider[\"registry.terraform.io/ciscodevnet/aci\"]",
      "instances": [
        {
          "schema_version": 1,
          "attributes": {
            "alloc_mode": "inherit",
            "annotation": "orchestrator:terraform",
            "description": "",
            "from": "vlan-178",
            "id": "uni/infra/vlanns-[access]-static/from-[vlan-178]-to-[vlan-178]",
            "name_alias": "",
            "role": "external",
            "to": "vlan-178",
            "vlan_pool_dn": "uni/infra/vlanns-[access]-static"
          },
          "sensitive_attributes": [],
          "private": "eyJzY2hlbWFfdmVyc2lvbiI6IjEifQ==",
          "dependencies": [
            "data.aci_vlan_pool.VLAN_Pool_access"
          ]
        }
      ]
    },
    {
      "mode": "managed",
      "type": "aci_ranges",
      "name": "VLAN_Range_access_179",
      "provider": "provider[\"registry.terraform.io/ciscodevnet/aci\"]",
      "instances": [
        {
          "schema_version": 1,
          "attributes": {
            "alloc_mode": "inherit",
            "annotation": "orchestrator:terraform",
            "description": "",
            "from": "vlan-179",
            "id": "uni/infra/vlanns-[access]-static/from-[vlan-179]-to-[vlan-179]",
            "name_alias": "",
            "role": "external",
            "to": "vlan-179",
            "vlan_pool_dn": "uni/infra/vlanns-[access]-static"
          },
          "sensitive_attributes": [],
          "private": "eyJzY2hlbWFfdmVyc2lvbiI6IjEifQ==",
          "dependencies": [
            "data.aci_vlan_pool.VLAN_Pool_access"
          ]
        }
      ]
    },
    {
      "mode": "managed",
      "type": "aci_ranges",
      "name": "VLAN_Range_access_180",
      "provider": "provider[\"registry.terraform.io/ciscodevnet/aci\"]",
      "instances": [
        {
          "schema_version": 1,
          "attributes": {
            "alloc_mode": "inherit",
            "annotation": "orchestrator:terraform",
            "description": "",
            "from": "vlan-180",
            "id": "uni/infra/vlanns-[access]-static/from-[vlan-180]-to-[vlan-180]",
            "name_alias": "",
            "role": "external",
            "to": "vlan-180",
            "vlan_pool_dn": "uni/infra/vlanns-[access]-static"
          },
          "sensitive_attributes": [],
          "private": "eyJzY2hlbWFfdmVyc2lvbiI6IjEifQ==",
          "dependencies": [
            "data.aci_vlan_pool.VLAN_Pool_access"
          ]
        }
      ]
    },
    {
      "mode": "managed",
      "type": "aci_ranges",
      "name": "VLAN_Range_access_181",
      "provider": "provider[\"registry.terraform.io/ciscodevnet/aci\"]",
      "instances": [
        {
          "schema_version": 1,
          "attributes": {
            "alloc_mode": "inherit",
            "annotation": "orchestrator:terraform",
            "description": "",
            "from": "vlan-181",
            "id": "uni/infra/vlanns-[access]-static/from-[vlan-181]-to-[vlan-181]",
            "name_alias": "",
            "role": "external",
            "to": "vlan-181",
            "vlan_pool_dn": "uni/infra/vlanns-[access]-static"
          },
          "sensitive_attributes": [],
          "private": "eyJzY2hlbWFfdmVyc2lvbiI6IjEifQ==",
          "dependencies": [
            "data.aci_vlan_pool.VLAN_Pool_access"
          ]
        }
      ]
    },
    {
      "mode": "managed",
      "type": "aci_ranges",
      "name": "VLAN_Range_access_182",
      "provider": "provider[\"registry.terraform.io/ciscodevnet/aci\"]",
      "instances": [
        {
          "schema_version": 1,
          "attributes": {
            "alloc_mode": "inherit",
            "annotation": "orchestrator:terraform",
            "description": "",
            "from": "vlan-182",
            "id": "uni/infra/vlanns-[access]-static/from-[vlan-182]-to-[vlan-182]",
            "name_alias": "",
            "role": "external",
            "to": "vlan-182",
            "vlan_pool_dn": "uni/infra/vlanns-[access]-static"
          },
          "sensitive_attributes": [],
          "private": "eyJzY2hlbWFfdmVyc2lvbiI6IjEifQ==",
          "dependencies": [
            "data.aci_vlan_pool.VLAN_Pool_access"
          ]
        }
      ]
    },
    {
      "mode": "managed",
      "type": "aci_ranges",
      "name": "VLAN_Range_access_183",
      "provider": "provider[\"registry.terraform.io/ciscodevnet/aci\"]",
      "instances": [
        {
          "schema_version": 1,
          "attributes": {
            "alloc_mode": "inherit",
            "annotation": "orchestrator:terraform",
            "description": "",
            "from": "vlan-183",
            "id": "uni/infra/vlanns-[access]-static/from-[vlan-183]-to-[vlan-183]",
            "name_alias": "",
            "role": "external",
            "to": "vlan-183",
            "vlan_pool_dn": "uni/infra/vlanns-[access]-static"
          },
          "sensitive_attributes": [],
          "private": "eyJzY2hlbWFfdmVyc2lvbiI6IjEifQ==",
          "dependencies": [
            "data.aci_vlan_pool.VLAN_Pool_access"
          ]
        }
      ]
    },
    {
      "mode": "managed",
      "type": "aci_ranges",
      "name": "VLAN_Range_access_184",
      "provider": "provider[\"registry.terraform.io/ciscodevnet/aci\"]",
      "instances": [
        {
          "schema_version": 1,
          "attributes": {
            "alloc_mode": "inherit",
            "annotation": "orchestrator:terraform",
            "description": "",
            "from": "vlan-184",
            "id": "uni/infra/vlanns-[access]-static/from-[vlan-184]-to-[vlan-184]",
            "name_alias": "",
            "role": "external",
            "to": "vlan-184",
            "vlan_pool_dn": "uni/infra/vlanns-[access]-static"
          },
          "sensitive_attributes": [],
          "private": "eyJzY2hlbWFfdmVyc2lvbiI6IjEifQ==",
          "dependencies": [
            "data.aci_vlan_pool.VLAN_Pool_access"
          ]
        }
      ]
    },
    {
      "mode": "managed",
      "type": "aci_ranges",
      "name": "VLAN_Range_access_185",
      "provider": "provider[\"registry.terraform.io/ciscodevnet/aci\"]",
      "instances": [
        {
          "schema_version": 1,
          "attributes": {
            "alloc_mode": "inherit",
            "annotation": "orchestrator:terraform",
            "description": "",
            "from": "vlan-185",
            "id": "uni/infra/vlanns-[access]-static/from-[vlan-185]-to-[vlan-185]",
            "name_alias": "",
            "role": "external",
            "to": "vlan-185",
            "vlan_pool_dn": "uni/infra/vlanns-[access]-static"
          },
          "sensitive_attributes": [],
          "private": "eyJzY2hlbWFfdmVyc2lvbiI6IjEifQ==",
          "dependencies": [
            "data.aci_vlan_pool.VLAN_Pool_access"
          ]
        }
      ]
    },
    {
      "mode": "managed",
      "type": "aci_ranges",
      "name": "VLAN_Range_access_186",
      "provider": "provider[\"registry.terraform.io/ciscodevnet/aci\"]",
      "instances": [
        {
          "schema_version": 1,
          "attributes": {
            "alloc_mode": "inherit",
            "annotation": "orchestrator:terraform",
            "description": "",
            "from": "vlan-186",
            "id": "uni/infra/vlanns-[access]-static/from-[vlan-186]-to-[vlan-186]",
            "name_alias": "",
            "role": "external",
            "to": "vlan-186",
            "vlan_pool_dn": "uni/infra/vlanns-[access]-static"
          },
          "sensitive_attributes": [],
          "private": "eyJzY2hlbWFfdmVyc2lvbiI6IjEifQ==",
          "dependencies": [
            "data.aci_vlan_pool.VLAN_Pool_access"
          ]
        }
      ]
    },
    {
      "mode": "managed",
      "type": "aci_ranges",
      "name": "VLAN_Range_access_187",
      "provider": "provider[\"registry.terraform.io/ciscodevnet/aci\"]",
      "instances": [
        {
          "schema_version": 1,
          "attributes": {
            "alloc_mode": "inherit",
            "annotation": "orchestrator:terraform",
            "description": "",
            "from": "vlan-187",
            "id": "uni/infra/vlanns-[access]-static/from-[vlan-187]-to-[vlan-187]",
            "name_alias": "",
            "role": "external",
            "to": "vlan-187",
            "vlan_pool_dn": "uni/infra/vlanns-[access]-static"
          },
          "sensitive_attributes": [],
          "private": "eyJzY2hlbWFfdmVyc2lvbiI6IjEifQ==",
          "dependencies": [
            "data.aci_vlan_pool.VLAN_Pool_access"
          ]
        }
      ]
    },
    {
      "mode": "managed",
      "type": "aci_ranges",
      "name": "VLAN_Range_access_188",
      "provider": "provider[\"registry.terraform.io/ciscodevnet/aci\"]",
      "instances": [
        {
          "schema_version": 1,
          "attributes": {
            "alloc_mode": "inherit",
            "annotation": "orchestrator:terraform",
            "description": "",
            "from": "vlan-188",
            "id": "uni/infra/vlanns-[access]-static/from-[vlan-188]-to-[vlan-188]",
            "name_alias": "",
            "role": "external",
            "to": "vlan-188",
            "vlan_pool_dn": "uni/infra/vlanns-[access]-static"
          },
          "sensitive_attributes": [],
          "private": "eyJzY2hlbWFfdmVyc2lvbiI6IjEifQ==",
          "dependencies": [
            "data.aci_vlan_pool.VLAN_Pool_access"
          ]
        }
      ]
    },
    {
      "mode": "managed",
      "type": "aci_ranges",
      "name": "VLAN_Range_access_189",
      "provider": "provider[\"registry.terraform.io/ciscodevnet/aci\"]",
      "instances": [
        {
          "schema_version": 1,
          "attributes": {
            "alloc_mode": "inherit",
            "annotation": "orchestrator:terraform",
            "description": "",
            "from": "vlan-189",
            "id": "uni/infra/vlanns-[access]-static/from-[vlan-189]-to-[vlan-189]",
            "name_alias": "",
            "role": "external",
            "to": "vlan-189",
            "vlan_pool_dn": "uni/infra/vlanns-[access]-static"
          },
          "sensitive_attributes": [],
          "private": "eyJzY2hlbWFfdmVyc2lvbiI6IjEifQ==",
          "dependencies": [
            "data.aci_vlan_pool.VLAN_Pool_access"
          ]
        }
      ]
    },
    {
      "mode": "managed",
      "type": "aci_ranges",
      "name": "VLAN_Range_access_190",
      "provider": "provider[\"registry.terraform.io/ciscodevnet/aci\"]",
      "instances": [
        {
          "schema_version": 1,
          "attributes": {
            "alloc_mode": "inherit",
            "annotation": "orchestrator:terraform",
            "description": "",
            "from": "vlan-190",
            "id": "uni/infra/vlanns-[access]-static/from-[vlan-190]-to-[vlan-190]",
            "name_alias": "",
            "role": "external",
            "to": "vlan-190",
            "vlan_pool_dn": "uni/infra/vlanns-[access]-static"
          },
          "sensitive_attributes": [],
          "private": "eyJzY2hlbWFfdmVyc2lvbiI6IjEifQ==",
          "dependencies": [
            "data.aci_vlan_pool.VLAN_Pool_access"
          ]
        }
      ]
    },
    {
      "mode": "managed",
      "type": "aci_ranges",
      "name": "VLAN_Range_access_191",
      "provider": "provider[\"registry.terraform.io/ciscodevnet/aci\"]",
      "instances": [
        {
          "schema_version": 1,
          "attributes": {
            "alloc_mode": "inherit",
            "annotation": "orchestrator:terraform",
            "description": "",
            "from": "vlan-191",
            "id": "uni/infra/vlanns-[access]-static/from-[vlan-191]-to-[vlan-191]",
            "name_alias": "",
            "role": "external",
            "to": "vlan-191",
            "vlan_pool_dn": "uni/infra/vlanns-[access]-static"
          },
          "sensitive_attributes": [],
          "private": "eyJzY2hlbWFfdmVyc2lvbiI6IjEifQ==",
          "dependencies": [
            "data.aci_vlan_pool.VLAN_Pool_access"
          ]
        }
      ]
    },
    {
      "mode": "managed",
      "type": "aci_ranges",
      "name": "VLAN_Range_access_192",
      "provider": "provider[\"registry.terraform.io/ciscodevnet/aci\"]",
      "instances": [
        {
          "schema_version": 1,
          "attributes": {
            "alloc_mode": "inherit",
            "annotation": "orchestrator:terraform",
            "description": "",
            "from": "vlan-192",
            "id": "uni/infra/vlanns-[access]-static/from-[vlan-192]-to-[vlan-192]",
            "name_alias": "",
            "role": "external",
            "to": "vlan-192",
            "vlan_pool_dn": "uni/infra/vlanns-[access]-static"
          },
          "sensitive_attributes": [],
          "private": "eyJzY2hlbWFfdmVyc2lvbiI6IjEifQ==",
          "dependencies": [
            "data.aci_vlan_pool.VLAN_Pool_access"
          ]
        }
      ]
    },
    {
      "mode": "managed",
      "type": "aci_ranges",
      "name": "VLAN_Range_access_193",
      "provider": "provider[\"registry.terraform.io/ciscodevnet/aci\"]",
      "instances": [
        {
          "schema_version": 1,
          "attributes": {
            "alloc_mode": "inherit",
            "annotation": "orchestrator:terraform",
            "description": "",
            "from": "vlan-193",
            "id": "uni/infra/vlanns-[access]-static/from-[vlan-193]-to-[vlan-193]",
            "name_alias": "",
            "role": "external",
            "to": "vlan-193",
            "vlan_pool_dn": "uni/infra/vlanns-[access]-static"
          },
          "sensitive_attributes": [],
          "private": "eyJzY2hlbWFfdmVyc2lvbiI6IjEifQ==",
          "dependencies": [
            "data.aci_vlan_pool.VLAN_Pool_access"
          ]
        }
      ]
    },
    {
      "mode": "managed",
      "type": "aci_ranges",
      "name": "VLAN_Range_access_194",
      "provider": "provider[\"registry.terraform.io/ciscodevnet/aci\"]",
      "instances": [
        {
          "schema_version": 1,
          "attributes": {
            "alloc_mode": "inherit",
            "annotation": "orchestrator:terraform",
            "description": "",
            "from": "vlan-194",
            "id": "uni/infra/vlanns-[access]-static/from-[vlan-194]-to-[vlan-194]",
            "name_alias": "",
            "role": "external",
            "to": "vlan-194",
            "vlan_pool_dn": "uni/infra/vlanns-[access]-static"
          },
          "sensitive_attributes": [],
          "private": "eyJzY2hlbWFfdmVyc2lvbiI6IjEifQ==",
          "dependencies": [
            "data.aci_vlan_pool.VLAN_Pool_access"
          ]
        }
      ]
    },
    {
      "mode": "managed",
      "type": "aci_ranges",
      "name": "VLAN_Range_access_195",
      "provider": "provider[\"registry.terraform.io/ciscodevnet/aci\"]",
      "instances": [
        {
          "schema_version": 1,
          "attributes": {
            "alloc_mode": "inherit",
            "annotation": "orchestrator:terraform",
            "description": "",
            "from": "vlan-195",
            "id": "uni/infra/vlanns-[access]-static/from-[vlan-195]-to-[vlan-195]",
            "name_alias": "",
            "role": "external",
            "to": "vlan-195",
            "vlan_pool_dn": "uni/infra/vlanns-[access]-static"
          },
          "sensitive_attributes": [],
          "private": "eyJzY2hlbWFfdmVyc2lvbiI6IjEifQ==",
          "dependencies": [
            "data.aci_vlan_pool.VLAN_Pool_access"
          ]
        }
      ]
    },
    {
      "mode": "managed",
      "type": "aci_ranges",
      "name": "VLAN_Range_access_196",
      "provider": "provider[\"registry.terraform.io/ciscodevnet/aci\"]",
      "instances": [
        {
          "schema_version": 1,
          "attributes": {
            "alloc_mode": "inherit",
            "annotation": "orchestrator:terraform",
            "description": "",
            "from": "vlan-196",
            "id": "uni/infra/vlanns-[access]-static/from-[vlan-196]-to-[vlan-196]",
            "name_alias": "",
            "role": "external",
            "to": "vlan-196",
            "vlan_pool_dn": "uni/infra/vlanns-[access]-static"
          },
          "sensitive_attributes": [],
          "private": "eyJzY2hlbWFfdmVyc2lvbiI6IjEifQ==",
          "dependencies": [
            "data.aci_vlan_pool.VLAN_Pool_access"
          ]
        }
      ]
    },
    {
      "mode": "managed",
      "type": "aci_ranges",
      "name": "VLAN_Range_access_197",
      "provider": "provider[\"registry.terraform.io/ciscodevnet/aci\"]",
      "instances": [
        {
          "schema_version": 1,
          "attributes": {
            "alloc_mode": "inherit",
            "annotation": "orchestrator:terraform",
            "description": "",
            "from": "vlan-197",
            "id": "uni/infra/vlanns-[access]-static/from-[vlan-197]-to-[vlan-197]",
            "name_alias": "",
            "role": "external",
            "to": "vlan-197",
            "vlan_pool_dn": "uni/infra/vlanns-[access]-static"
          },
          "sensitive_attributes": [],
          "private": "eyJzY2hlbWFfdmVyc2lvbiI6IjEifQ==",
          "dependencies": [
            "data.aci_vlan_pool.VLAN_Pool_access"
          ]
        }
      ]
    },
    {
      "mode": "managed",
      "type": "aci_ranges",
      "name": "VLAN_Range_access_198",
      "provider": "provider[\"registry.terraform.io/ciscodevnet/aci\"]",
      "instances": [
        {
          "schema_version": 1,
          "attributes": {
            "alloc_mode": "inherit",
            "annotation": "orchestrator:terraform",
            "description": "",
            "from": "vlan-198",
            "id": "uni/infra/vlanns-[access]-static/from-[vlan-198]-to-[vlan-198]",
            "name_alias": "",
            "role": "external",
            "to": "vlan-198",
            "vlan_pool_dn": "uni/infra/vlanns-[access]-static"
          },
          "sensitive_attributes": [],
          "private": "eyJzY2hlbWFfdmVyc2lvbiI6IjEifQ==",
          "dependencies": [
            "data.aci_vlan_pool.VLAN_Pool_access"
          ]
        }
      ]
    },
    {
      "mode": "managed",
      "type": "aci_ranges",
      "name": "VLAN_Range_access_199",
      "provider": "provider[\"registry.terraform.io/ciscodevnet/aci\"]",
      "instances": [
        {
          "schema_version": 1,
          "attributes": {
            "alloc_mode": "inherit",
            "annotation": "orchestrator:terraform",
            "description": "",
            "from": "vlan-199",
            "id": "uni/infra/vlanns-[access]-static/from-[vlan-199]-to-[vlan-199]",
            "name_alias": "",
            "role": "external",
            "to": "vlan-199",
            "vlan_pool_dn": "uni/infra/vlanns-[access]-static"
          },
          "sensitive_attributes": [],
          "private": "eyJzY2hlbWFfdmVyc2lvbiI6IjEifQ==",
          "dependencies": [
            "data.aci_vlan_pool.VLAN_Pool_access"
          ]
        }
      ]
    },
    {
      "mode": "managed",
      "type": "aci_ranges",
      "name": "VLAN_Range_access_200",
      "provider": "provider[\"registry.terraform.io/ciscodevnet/aci\"]",
      "instances": [
        {
          "schema_version": 1,
          "attributes": {
            "alloc_mode": "inherit",
            "annotation": "orchestrator:terraform",
            "description": "",
            "from": "vlan-200",
            "id": "uni/infra/vlanns-[access]-static/from-[vlan-200]-to-[vlan-200]",
            "name_alias": "",
            "role": "external",
            "to": "vlan-200",
            "vlan_pool_dn": "uni/infra/vlanns-[access]-static"
          },
          "sensitive_attributes": [],
          "private": "eyJzY2hlbWFfdmVyc2lvbiI6IjEifQ==",
          "dependencies": [
            "data.aci_vlan_pool.VLAN_Pool_access"
          ]
        }
      ]
    },
    {
      "mode": "managed",
      "type": "aci_ranges",
      "name": "VLAN_Range_access_201",
      "provider": "provider[\"registry.terraform.io/ciscodevnet/aci\"]",
      "instances": [
        {
          "schema_version": 1,
          "attributes": {
            "alloc_mode": "inherit",
            "annotation": "orchestrator:terraform",
            "description": "",
            "from": "vlan-201",
            "id": "uni/infra/vlanns-[access]-static/from-[vlan-201]-to-[vlan-201]",
            "name_alias": "",
            "role": "external",
            "to": "vlan-201",
            "vlan_pool_dn": "uni/infra/vlanns-[access]-static"
          },
          "sensitive_attributes": [],
          "private": "eyJzY2hlbWFfdmVyc2lvbiI6IjEifQ==",
          "dependencies": [
            "data.aci_vlan_pool.VLAN_Pool_access"
          ]
        }
      ]
    },
    {
      "mode": "managed",
      "type": "aci_ranges",
      "name": "VLAN_Range_access_202",
      "provider": "provider[\"registry.terraform.io/ciscodevnet/aci\"]",
      "instances": [
        {
          "schema_version": 1,
          "attributes": {
            "alloc_mode": "inherit",
            "annotation": "orchestrator:terraform",
            "description": "",
            "from": "vlan-202",
            "id": "uni/infra/vlanns-[access]-static/from-[vlan-202]-to-[vlan-202]",
            "name_alias": "",
            "role": "external",
            "to": "vlan-202",
            "vlan_pool_dn": "uni/infra/vlanns-[access]-static"
          },
          "sensitive_attributes": [],
          "private": "eyJzY2hlbWFfdmVyc2lvbiI6IjEifQ==",
          "dependencies": [
            "data.aci_vlan_pool.VLAN_Pool_access"
          ]
        }
      ]
    },
    {
      "mode": "managed",
      "type": "aci_ranges",
      "name": "VLAN_Range_access_203",
      "provider": "provider[\"registry.terraform.io/ciscodevnet/aci\"]",
      "instances": [
        {
          "schema_version": 1,
          "attributes": {
            "alloc_mode": "inherit",
            "annotation": "orchestrator:terraform",
            "description": "",
            "from": "vlan-203",
            "id": "uni/infra/vlanns-[access]-static/from-[vlan-203]-to-[vlan-203]",
            "name_alias": "",
            "role": "external",
            "to": "vlan-203",
            "vlan_pool_dn": "uni/infra/vlanns-[access]-static"
          },
          "sensitive_attributes": [],
          "private": "eyJzY2hlbWFfdmVyc2lvbiI6IjEifQ==",
          "dependencies": [
            "data.aci_vlan_pool.VLAN_Pool_access"
          ]
        }
      ]
    },
    {
      "mode": "managed",
      "type": "aci_ranges",
      "name": "VLAN_Range_access_204",
      "provider": "provider[\"registry.terraform.io/ciscodevnet/aci\"]",
      "instances": [
        {
          "schema_version": 1,
          "attributes": {
            "alloc_mode": "inherit",
            "annotation": "orchestrator:terraform",
            "description": "",
            "from": "vlan-204",
            "id": "uni/infra/vlanns-[access]-static/from-[vlan-204]-to-[vlan-204]",
            "name_alias": "",
            "role": "external",
            "to": "vlan-204",
            "vlan_pool_dn": "uni/infra/vlanns-[access]-static"
          },
          "sensitive_attributes": [],
          "private": "eyJzY2hlbWFfdmVyc2lvbiI6IjEifQ==",
          "dependencies": [
            "data.aci_vlan_pool.VLAN_Pool_access"
          ]
        }
      ]
    },
    {
      "mode": "managed",
      "type": "aci_ranges",
      "name": "VLAN_Range_access_205",
      "provider": "provider[\"registry.terraform.io/ciscodevnet/aci\"]",
      "instances": [
        {
          "schema_version": 1,
          "attributes": {
            "alloc_mode": "inherit",
            "annotation": "orchestrator:terraform",
            "description": "",
            "from": "vlan-205",
            "id": "uni/infra/vlanns-[access]-static/from-[vlan-205]-to-[vlan-205]",
            "name_alias": "",
            "role": "external",
            "to": "vlan-205",
            "vlan_pool_dn": "uni/infra/vlanns-[access]-static"
          },
          "sensitive_attributes": [],
          "private": "eyJzY2hlbWFfdmVyc2lvbiI6IjEifQ==",
          "dependencies": [
            "data.aci_vlan_pool.VLAN_Pool_access"
          ]
        }
      ]
    },
    {
      "mode": "managed",
      "type": "aci_ranges",
      "name": "VLAN_Range_access_206",
      "provider": "provider[\"registry.terraform.io/ciscodevnet/aci\"]",
      "instances": [
        {
          "schema_version": 1,
          "attributes": {
            "alloc_mode": "inherit",
            "annotation": "orchestrator:terraform",
            "description": "",
            "from": "vlan-206",
            "id": "uni/infra/vlanns-[access]-static/from-[vlan-206]-to-[vlan-206]",
            "name_alias": "",
            "role": "external",
            "to": "vlan-206",
            "vlan_pool_dn": "uni/infra/vlanns-[access]-static"
          },
          "sensitive_attributes": [],
          "private": "eyJzY2hlbWFfdmVyc2lvbiI6IjEifQ==",
          "dependencies": [
            "data.aci_vlan_pool.VLAN_Pool_access"
          ]
        }
      ]
    },
    {
      "mode": "managed",
      "type": "aci_ranges",
      "name": "VLAN_Range_access_207",
      "provider": "provider[\"registry.terraform.io/ciscodevnet/aci\"]",
      "instances": [
        {
          "schema_version": 1,
          "attributes": {
            "alloc_mode": "inherit",
            "annotation": "orchestrator:terraform",
            "description": "",
            "from": "vlan-207",
            "id": "uni/infra/vlanns-[access]-static/from-[vlan-207]-to-[vlan-207]",
            "name_alias": "",
            "role": "external",
            "to": "vlan-207",
            "vlan_pool_dn": "uni/infra/vlanns-[access]-static"
          },
          "sensitive_attributes": [],
          "private": "eyJzY2hlbWFfdmVyc2lvbiI6IjEifQ==",
          "dependencies": [
            "data.aci_vlan_pool.VLAN_Pool_access"
          ]
        }
      ]
    },
    {
      "mode": "managed",
      "type": "aci_ranges",
      "name": "VLAN_Range_access_208",
      "provider": "provider[\"registry.terraform.io/ciscodevnet/aci\"]",
      "instances": [
        {
          "schema_version": 1,
          "attributes": {
            "alloc_mode": "inherit",
            "annotation": "orchestrator:terraform",
            "description": "",
            "from": "vlan-208",
            "id": "uni/infra/vlanns-[access]-static/from-[vlan-208]-to-[vlan-208]",
            "name_alias": "",
            "role": "external",
            "to": "vlan-208",
            "vlan_pool_dn": "uni/infra/vlanns-[access]-static"
          },
          "sensitive_attributes": [],
          "private": "eyJzY2hlbWFfdmVyc2lvbiI6IjEifQ==",
          "dependencies": [
            "data.aci_vlan_pool.VLAN_Pool_access"
          ]
        }
      ]
    },
    {
      "mode": "managed",
      "type": "aci_ranges",
      "name": "VLAN_Range_access_209",
      "provider": "provider[\"registry.terraform.io/ciscodevnet/aci\"]",
      "instances": [
        {
          "schema_version": 1,
          "attributes": {
            "alloc_mode": "inherit",
            "annotation": "orchestrator:terraform",
            "description": "",
            "from": "vlan-209",
            "id": "uni/infra/vlanns-[access]-static/from-[vlan-209]-to-[vlan-209]",
            "name_alias": "",
            "role": "external",
            "to": "vlan-209",
            "vlan_pool_dn": "uni/infra/vlanns-[access]-static"
          },
          "sensitive_attributes": [],
          "private": "eyJzY2hlbWFfdmVyc2lvbiI6IjEifQ==",
          "dependencies": [
            "data.aci_vlan_pool.VLAN_Pool_access"
          ]
        }
      ]
    },
    {
      "mode": "managed",
      "type": "aci_ranges",
      "name": "VLAN_Range_access_210",
      "provider": "provider[\"registry.terraform.io/ciscodevnet/aci\"]",
      "instances": [
        {
          "schema_version": 1,
          "attributes": {
            "alloc_mode": "inherit",
            "annotation": "orchestrator:terraform",
            "description": "",
            "from": "vlan-210",
            "id": "uni/infra/vlanns-[access]-static/from-[vlan-210]-to-[vlan-210]",
            "name_alias": "",
            "role": "external",
            "to": "vlan-210",
            "vlan_pool_dn": "uni/infra/vlanns-[access]-static"
          },
          "sensitive_attributes": [],
          "private": "eyJzY2hlbWFfdmVyc2lvbiI6IjEifQ==",
          "dependencies": [
            "data.aci_vlan_pool.VLAN_Pool_access"
          ]
        }
      ]
    },
    {
      "mode": "managed",
      "type": "aci_ranges",
      "name": "VLAN_Range_access_211",
      "provider": "provider[\"registry.terraform.io/ciscodevnet/aci\"]",
      "instances": [
        {
          "schema_version": 1,
          "attributes": {
            "alloc_mode": "inherit",
            "annotation": "orchestrator:terraform",
            "description": "",
            "from": "vlan-211",
            "id": "uni/infra/vlanns-[access]-static/from-[vlan-211]-to-[vlan-211]",
            "name_alias": "",
            "role": "external",
            "to": "vlan-211",
            "vlan_pool_dn": "uni/infra/vlanns-[access]-static"
          },
          "sensitive_attributes": [],
          "private": "eyJzY2hlbWFfdmVyc2lvbiI6IjEifQ==",
          "dependencies": [
            "data.aci_vlan_pool.VLAN_Pool_access"
          ]
        }
      ]
    },
    {
      "mode": "managed",
      "type": "aci_ranges",
      "name": "VLAN_Range_access_212",
      "provider": "provider[\"registry.terraform.io/ciscodevnet/aci\"]",
      "instances": [
        {
          "schema_version": 1,
          "attributes": {
            "alloc_mode": "inherit",
            "annotation": "orchestrator:terraform",
            "description": "",
            "from": "vlan-212",
            "id": "uni/infra/vlanns-[access]-static/from-[vlan-212]-to-[vlan-212]",
            "name_alias": "",
            "role": "external",
            "to": "vlan-212",
            "vlan_pool_dn": "uni/infra/vlanns-[access]-static"
          },
          "sensitive_attributes": [],
          "private": "eyJzY2hlbWFfdmVyc2lvbiI6IjEifQ==",
          "dependencies": [
            "data.aci_vlan_pool.VLAN_Pool_access"
          ]
        }
      ]
    },
    {
      "mode": "managed",
      "type": "aci_ranges",
      "name": "VLAN_Range_access_213",
      "provider": "provider[\"registry.terraform.io/ciscodevnet/aci\"]",
      "instances": [
        {
          "schema_version": 1,
          "attributes": {
            "alloc_mode": "inherit",
            "annotation": "orchestrator:terraform",
            "description": "",
            "from": "vlan-213",
            "id": "uni/infra/vlanns-[access]-static/from-[vlan-213]-to-[vlan-213]",
            "name_alias": "",
            "role": "external",
            "to": "vlan-213",
            "vlan_pool_dn": "uni/infra/vlanns-[access]-static"
          },
          "sensitive_attributes": [],
          "private": "eyJzY2hlbWFfdmVyc2lvbiI6IjEifQ==",
          "dependencies": [
            "data.aci_vlan_pool.VLAN_Pool_access"
          ]
        }
      ]
    },
    {
      "mode": "managed",
      "type": "aci_ranges",
      "name": "VLAN_Range_access_214",
      "provider": "provider[\"registry.terraform.io/ciscodevnet/aci\"]",
      "instances": [
        {
          "schema_version": 1,
          "attributes": {
            "alloc_mode": "inherit",
            "annotation": "orchestrator:terraform",
            "description": "",
            "from": "vlan-214",
            "id": "uni/infra/vlanns-[access]-static/from-[vlan-214]-to-[vlan-214]",
            "name_alias": "",
            "role": "external",
            "to": "vlan-214",
            "vlan_pool_dn": "uni/infra/vlanns-[access]-static"
          },
          "sensitive_attributes": [],
          "private": "eyJzY2hlbWFfdmVyc2lvbiI6IjEifQ==",
          "dependencies": [
            "data.aci_vlan_pool.VLAN_Pool_access"
          ]
        }
      ]
    },
    {
      "mode": "managed",
      "type": "aci_ranges",
      "name": "VLAN_Range_access_215",
      "provider": "provider[\"registry.terraform.io/ciscodevnet/aci\"]",
      "instances": [
        {
          "schema_version": 1,
          "attributes": {
            "alloc_mode": "inherit",
            "annotation": "orchestrator:terraform",
            "description": "",
            "from": "vlan-215",
            "id": "uni/infra/vlanns-[access]-static/from-[vlan-215]-to-[vlan-215]",
            "name_alias": "",
            "role": "external",
            "to": "vlan-215",
            "vlan_pool_dn": "uni/infra/vlanns-[access]-static"
          },
          "sensitive_attributes": [],
          "private": "eyJzY2hlbWFfdmVyc2lvbiI6IjEifQ==",
          "dependencies": [
            "data.aci_vlan_pool.VLAN_Pool_access"
          ]
        }
      ]
    },
    {
      "mode": "managed",
      "type": "aci_ranges",
      "name": "VLAN_Range_access_216",
      "provider": "provider[\"registry.terraform.io/ciscodevnet/aci\"]",
      "instances": [
        {
          "schema_version": 1,
          "attributes": {
            "alloc_mode": "inherit",
            "annotation": "orchestrator:terraform",
            "description": "",
            "from": "vlan-216",
            "id": "uni/infra/vlanns-[access]-static/from-[vlan-216]-to-[vlan-216]",
            "name_alias": "",
            "role": "external",
            "to": "vlan-216",
            "vlan_pool_dn": "uni/infra/vlanns-[access]-static"
          },
          "sensitive_attributes": [],
          "private": "eyJzY2hlbWFfdmVyc2lvbiI6IjEifQ==",
          "dependencies": [
            "data.aci_vlan_pool.VLAN_Pool_access"
          ]
        }
      ]
    },
    {
      "mode": "managed",
      "type": "aci_ranges",
      "name": "VLAN_Range_access_217",
      "provider": "provider[\"registry.terraform.io/ciscodevnet/aci\"]",
      "instances": [
        {
          "schema_version": 1,
          "attributes": {
            "alloc_mode": "inherit",
            "annotation": "orchestrator:terraform",
            "description": "",
            "from": "vlan-217",
            "id": "uni/infra/vlanns-[access]-static/from-[vlan-217]-to-[vlan-217]",
            "name_alias": "",
            "role": "external",
            "to": "vlan-217",
            "vlan_pool_dn": "uni/infra/vlanns-[access]-static"
          },
          "sensitive_attributes": [],
          "private": "eyJzY2hlbWFfdmVyc2lvbiI6IjEifQ==",
          "dependencies": [
            "data.aci_vlan_pool.VLAN_Pool_access"
          ]
        }
      ]
    },
    {
      "mode": "managed",
      "type": "aci_ranges",
      "name": "VLAN_Range_access_218",
      "provider": "provider[\"registry.terraform.io/ciscodevnet/aci\"]",
      "instances": [
        {
          "schema_version": 1,
          "attributes": {
            "alloc_mode": "inherit",
            "annotation": "orchestrator:terraform",
            "description": "",
            "from": "vlan-218",
            "id": "uni/infra/vlanns-[access]-static/from-[vlan-218]-to-[vlan-218]",
            "name_alias": "",
            "role": "external",
            "to": "vlan-218",
            "vlan_pool_dn": "uni/infra/vlanns-[access]-static"
          },
          "sensitive_attributes": [],
          "private": "eyJzY2hlbWFfdmVyc2lvbiI6IjEifQ==",
          "dependencies": [
            "data.aci_vlan_pool.VLAN_Pool_access"
          ]
        }
      ]
    },
    {
      "mode": "managed",
      "type": "aci_ranges",
      "name": "VLAN_Range_access_219",
      "provider": "provider[\"registry.terraform.io/ciscodevnet/aci\"]",
      "instances": [
        {
          "schema_version": 1,
          "attributes": {
            "alloc_mode": "inherit",
            "annotation": "orchestrator:terraform",
            "description": "",
            "from": "vlan-219",
            "id": "uni/infra/vlanns-[access]-static/from-[vlan-219]-to-[vlan-219]",
            "name_alias": "",
            "role": "external",
            "to": "vlan-219",
            "vlan_pool_dn": "uni/infra/vlanns-[access]-static"
          },
          "sensitive_attributes": [],
          "private": "eyJzY2hlbWFfdmVyc2lvbiI6IjEifQ==",
          "dependencies": [
            "data.aci_vlan_pool.VLAN_Pool_access"
          ]
        }
      ]
    },
    {
      "mode": "managed",
      "type": "aci_ranges",
      "name": "VLAN_Range_access_220",
      "provider": "provider[\"registry.terraform.io/ciscodevnet/aci\"]",
      "instances": [
        {
          "schema_version": 1,
          "attributes": {
            "alloc_mode": "inherit",
            "annotation": "orchestrator:terraform",
            "description": "",
            "from": "vlan-220",
            "id": "uni/infra/vlanns-[access]-static/from-[vlan-220]-to-[vlan-220]",
            "name_alias": "",
            "role": "external",
            "to": "vlan-220",
            "vlan_pool_dn": "uni/infra/vlanns-[access]-static"
          },
          "sensitive_attributes": [],
          "private": "eyJzY2hlbWFfdmVyc2lvbiI6IjEifQ==",
          "dependencies": [
            "data.aci_vlan_pool.VLAN_Pool_access"
          ]
        }
      ]
    },
    {
      "mode": "managed",
      "type": "aci_ranges",
      "name": "VLAN_Range_access_221",
      "provider": "provider[\"registry.terraform.io/ciscodevnet/aci\"]",
      "instances": [
        {
          "schema_version": 1,
          "attributes": {
            "alloc_mode": "inherit",
            "annotation": "orchestrator:terraform",
            "description": "",
            "from": "vlan-221",
            "id": "uni/infra/vlanns-[access]-static/from-[vlan-221]-to-[vlan-221]",
            "name_alias": "",
            "role": "external",
            "to": "vlan-221",
            "vlan_pool_dn": "uni/infra/vlanns-[access]-static"
          },
          "sensitive_attributes": [],
          "private": "eyJzY2hlbWFfdmVyc2lvbiI6IjEifQ==",
          "dependencies": [
            "data.aci_vlan_pool.VLAN_Pool_access"
          ]
        }
      ]
    },
    {
      "mode": "managed",
      "type": "aci_ranges",
      "name": "VLAN_Range_access_222",
      "provider": "provider[\"registry.terraform.io/ciscodevnet/aci\"]",
      "instances": [
        {
          "schema_version": 1,
          "attributes": {
            "alloc_mode": "inherit",
            "annotation": "orchestrator:terraform",
            "description": "",
            "from": "vlan-222",
            "id": "uni/infra/vlanns-[access]-static/from-[vlan-222]-to-[vlan-222]",
            "name_alias": "",
            "role": "external",
            "to": "vlan-222",
            "vlan_pool_dn": "uni/infra/vlanns-[access]-static"
          },
          "sensitive_attributes": [],
          "private": "eyJzY2hlbWFfdmVyc2lvbiI6IjEifQ==",
          "dependencies": [
            "data.aci_vlan_pool.VLAN_Pool_access"
          ]
        }
      ]
    },
    {
      "mode": "managed",
      "type": "aci_ranges",
      "name": "VLAN_Range_access_223",
      "provider": "provider[\"registry.terraform.io/ciscodevnet/aci\"]",
      "instances": [
        {
          "schema_version": 1,
          "attributes": {
            "alloc_mode": "inherit",
            "annotation": "orchestrator:terraform",
            "description": "",
            "from": "vlan-223",
            "id": "uni/infra/vlanns-[access]-static/from-[vlan-223]-to-[vlan-223]",
            "name_alias": "",
            "role": "external",
            "to": "vlan-223",
            "vlan_pool_dn": "uni/infra/vlanns-[access]-static"
          },
          "sensitive_attributes": [],
          "private": "eyJzY2hlbWFfdmVyc2lvbiI6IjEifQ==",
          "dependencies": [
            "data.aci_vlan_pool.VLAN_Pool_access"
          ]
        }
      ]
    },
    {
      "mode": "managed",
      "type": "aci_ranges",
      "name": "VLAN_Range_access_224",
      "provider": "provider[\"registry.terraform.io/ciscodevnet/aci\"]",
      "instances": [
        {
          "schema_version": 1,
          "attributes": {
            "alloc_mode": "inherit",
            "annotation": "orchestrator:terraform",
            "description": "",
            "from": "vlan-224",
            "id": "uni/infra/vlanns-[access]-static/from-[vlan-224]-to-[vlan-224]",
            "name_alias": "",
            "role": "external",
            "to": "vlan-224",
            "vlan_pool_dn": "uni/infra/vlanns-[access]-static"
          },
          "sensitive_attributes": [],
          "private": "eyJzY2hlbWFfdmVyc2lvbiI6IjEifQ==",
          "dependencies": [
            "data.aci_vlan_pool.VLAN_Pool_access"
          ]
        }
      ]
    },
    {
      "mode": "managed",
      "type": "aci_ranges",
      "name": "VLAN_Range_access_225",
      "provider": "provider[\"registry.terraform.io/ciscodevnet/aci\"]",
      "instances": [
        {
          "schema_version": 1,
          "attributes": {
            "alloc_mode": "inherit",
            "annotation": "orchestrator:terraform",
            "description": "",
            "from": "vlan-225",
            "id": "uni/infra/vlanns-[access]-static/from-[vlan-225]-to-[vlan-225]",
            "name_alias": "",
            "role": "external",
            "to": "vlan-225",
            "vlan_pool_dn": "uni/infra/vlanns-[access]-static"
          },
          "sensitive_attributes": [],
          "private": "eyJzY2hlbWFfdmVyc2lvbiI6IjEifQ==",
          "dependencies": [
            "data.aci_vlan_pool.VLAN_Pool_access"
          ]
        }
      ]
    },
    {
      "mode": "managed",
      "type": "aci_ranges",
      "name": "VLAN_Range_access_226",
      "provider": "provider[\"registry.terraform.io/ciscodevnet/aci\"]",
      "instances": [
        {
          "schema_version": 1,
          "attributes": {
            "alloc_mode": "inherit",
            "annotation": "orchestrator:terraform",
            "description": "",
            "from": "vlan-226",
            "id": "uni/infra/vlanns-[access]-static/from-[vlan-226]-to-[vlan-226]",
            "name_alias": "",
            "role": "external",
            "to": "vlan-226",
            "vlan_pool_dn": "uni/infra/vlanns-[access]-static"
          },
          "sensitive_attributes": [],
          "private": "eyJzY2hlbWFfdmVyc2lvbiI6IjEifQ==",
          "dependencies": [
            "data.aci_vlan_pool.VLAN_Pool_access"
          ]
        }
      ]
    },
    {
      "mode": "managed",
      "type": "aci_ranges",
      "name": "VLAN_Range_access_227",
      "provider": "provider[\"registry.terraform.io/ciscodevnet/aci\"]",
      "instances": [
        {
          "schema_version": 1,
          "attributes": {
            "alloc_mode": "inherit",
            "annotation": "orchestrator:terraform",
            "description": "",
            "from": "vlan-227",
            "id": "uni/infra/vlanns-[access]-static/from-[vlan-227]-to-[vlan-227]",
            "name_alias": "",
            "role": "external",
            "to": "vlan-227",
            "vlan_pool_dn": "uni/infra/vlanns-[access]-static"
          },
          "sensitive_attributes": [],
          "private": "eyJzY2hlbWFfdmVyc2lvbiI6IjEifQ==",
          "dependencies": [
            "data.aci_vlan_pool.VLAN_Pool_access"
          ]
        }
      ]
    },
    {
      "mode": "managed",
      "type": "aci_ranges",
      "name": "VLAN_Range_access_228",
      "provider": "provider[\"registry.terraform.io/ciscodevnet/aci\"]",
      "instances": [
        {
          "schema_version": 1,
          "attributes": {
            "alloc_mode": "inherit",
            "annotation": "orchestrator:terraform",
            "description": "",
            "from": "vlan-228",
            "id": "uni/infra/vlanns-[access]-static/from-[vlan-228]-to-[vlan-228]",
            "name_alias": "",
            "role": "external",
            "to": "vlan-228",
            "vlan_pool_dn": "uni/infra/vlanns-[access]-static"
          },
          "sensitive_attributes": [],
          "private": "eyJzY2hlbWFfdmVyc2lvbiI6IjEifQ==",
          "dependencies": [
            "data.aci_vlan_pool.VLAN_Pool_access"
          ]
        }
      ]
    },
    {
      "mode": "managed",
      "type": "aci_ranges",
      "name": "VLAN_Range_access_229",
      "provider": "provider[\"registry.terraform.io/ciscodevnet/aci\"]",
      "instances": [
        {
          "schema_version": 1,
          "attributes": {
            "alloc_mode": "inherit",
            "annotation": "orchestrator:terraform",
            "description": "",
            "from": "vlan-229",
            "id": "uni/infra/vlanns-[access]-static/from-[vlan-229]-to-[vlan-229]",
            "name_alias": "",
            "role": "external",
            "to": "vlan-229",
            "vlan_pool_dn": "uni/infra/vlanns-[access]-static"
          },
          "sensitive_attributes": [],
          "private": "eyJzY2hlbWFfdmVyc2lvbiI6IjEifQ==",
          "dependencies": [
            "data.aci_vlan_pool.VLAN_Pool_access"
          ]
        }
      ]
    },
    {
      "mode": "managed",
      "type": "aci_ranges",
      "name": "VLAN_Range_access_230",
      "provider": "provider[\"registry.terraform.io/ciscodevnet/aci\"]",
      "instances": [
        {
          "schema_version": 1,
          "attributes": {
            "alloc_mode": "inherit",
            "annotation": "orchestrator:terraform",
            "description": "",
            "from": "vlan-230",
            "id": "uni/infra/vlanns-[access]-static/from-[vlan-230]-to-[vlan-230]",
            "name_alias": "",
            "role": "external",
            "to": "vlan-230",
            "vlan_pool_dn": "uni/infra/vlanns-[access]-static"
          },
          "sensitive_attributes": [],
          "private": "eyJzY2hlbWFfdmVyc2lvbiI6IjEifQ==",
          "dependencies": [
            "data.aci_vlan_pool.VLAN_Pool_access"
          ]
        }
      ]
    },
    {
      "mode": "managed",
      "type": "aci_ranges",
      "name": "VLAN_Range_access_231",
      "provider": "provider[\"registry.terraform.io/ciscodevnet/aci\"]",
      "instances": [
        {
          "schema_version": 1,
          "attributes": {
            "alloc_mode": "inherit",
            "annotation": "orchestrator:terraform",
            "description": "",
            "from": "vlan-231",
            "id": "uni/infra/vlanns-[access]-static/from-[vlan-231]-to-[vlan-231]",
            "name_alias": "",
            "role": "external",
            "to": "vlan-231",
            "vlan_pool_dn": "uni/infra/vlanns-[access]-static"
          },
          "sensitive_attributes": [],
          "private": "eyJzY2hlbWFfdmVyc2lvbiI6IjEifQ==",
          "dependencies": [
            "data.aci_vlan_pool.VLAN_Pool_access"
          ]
        }
      ]
    },
    {
      "mode": "managed",
      "type": "aci_ranges",
      "name": "VLAN_Range_access_232",
      "provider": "provider[\"registry.terraform.io/ciscodevnet/aci\"]",
      "instances": [
        {
          "schema_version": 1,
          "attributes": {
            "alloc_mode": "inherit",
            "annotation": "orchestrator:terraform",
            "description": "",
            "from": "vlan-232",
            "id": "uni/infra/vlanns-[access]-static/from-[vlan-232]-to-[vlan-232]",
            "name_alias": "",
            "role": "external",
            "to": "vlan-232",
            "vlan_pool_dn": "uni/infra/vlanns-[access]-static"
          },
          "sensitive_attributes": [],
          "private": "eyJzY2hlbWFfdmVyc2lvbiI6IjEifQ==",
          "dependencies": [
            "data.aci_vlan_pool.VLAN_Pool_access"
          ]
        }
      ]
    },
    {
      "mode": "managed",
      "type": "aci_ranges",
      "name": "VLAN_Range_access_233",
      "provider": "provider[\"registry.terraform.io/ciscodevnet/aci\"]",
      "instances": [
        {
          "schema_version": 1,
          "attributes": {
            "alloc_mode": "inherit",
            "annotation": "orchestrator:terraform",
            "description": "",
            "from": "vlan-233",
            "id": "uni/infra/vlanns-[access]-static/from-[vlan-233]-to-[vlan-233]",
            "name_alias": "",
            "role": "external",
            "to": "vlan-233",
            "vlan_pool_dn": "uni/infra/vlanns-[access]-static"
          },
          "sensitive_attributes": [],
          "private": "eyJzY2hlbWFfdmVyc2lvbiI6IjEifQ==",
          "dependencies": [
            "data.aci_vlan_pool.VLAN_Pool_access"
          ]
        }
      ]
    },
    {
      "mode": "managed",
      "type": "aci_ranges",
      "name": "VLAN_Range_access_234",
      "provider": "provider[\"registry.terraform.io/ciscodevnet/aci\"]",
      "instances": [
        {
          "schema_version": 1,
          "attributes": {
            "alloc_mode": "inherit",
            "annotation": "orchestrator:terraform",
            "description": "",
            "from": "vlan-234",
            "id": "uni/infra/vlanns-[access]-static/from-[vlan-234]-to-[vlan-234]",
            "name_alias": "",
            "role": "external",
            "to": "vlan-234",
            "vlan_pool_dn": "uni/infra/vlanns-[access]-static"
          },
          "sensitive_attributes": [],
          "private": "eyJzY2hlbWFfdmVyc2lvbiI6IjEifQ==",
          "dependencies": [
            "data.aci_vlan_pool.VLAN_Pool_access"
          ]
        }
      ]
    },
    {
      "mode": "managed",
      "type": "aci_ranges",
      "name": "VLAN_Range_access_235",
      "provider": "provider[\"registry.terraform.io/ciscodevnet/aci\"]",
      "instances": [
        {
          "schema_version": 1,
          "attributes": {
            "alloc_mode": "inherit",
            "annotation": "orchestrator:terraform",
            "description": "",
            "from": "vlan-235",
            "id": "uni/infra/vlanns-[access]-static/from-[vlan-235]-to-[vlan-235]",
            "name_alias": "",
            "role": "external",
            "to": "vlan-235",
            "vlan_pool_dn": "uni/infra/vlanns-[access]-static"
          },
          "sensitive_attributes": [],
          "private": "eyJzY2hlbWFfdmVyc2lvbiI6IjEifQ==",
          "dependencies": [
            "data.aci_vlan_pool.VLAN_Pool_access"
          ]
        }
      ]
    },
    {
      "mode": "managed",
      "type": "aci_ranges",
      "name": "VLAN_Range_access_236",
      "provider": "provider[\"registry.terraform.io/ciscodevnet/aci\"]",
      "instances": [
        {
          "schema_version": 1,
          "attributes": {
            "alloc_mode": "inherit",
            "annotation": "orchestrator:terraform",
            "description": "",
            "from": "vlan-236",
            "id": "uni/infra/vlanns-[access]-static/from-[vlan-236]-to-[vlan-236]",
            "name_alias": "",
            "role": "external",
            "to": "vlan-236",
            "vlan_pool_dn": "uni/infra/vlanns-[access]-static"
          },
          "sensitive_attributes": [],
          "private": "eyJzY2hlbWFfdmVyc2lvbiI6IjEifQ==",
          "dependencies": [
            "data.aci_vlan_pool.VLAN_Pool_access"
          ]
        }
      ]
    },
    {
      "mode": "managed",
      "type": "aci_ranges",
      "name": "VLAN_Range_access_237",
      "provider": "provider[\"registry.terraform.io/ciscodevnet/aci\"]",
      "instances": [
        {
          "schema_version": 1,
          "attributes": {
            "alloc_mode": "inherit",
            "annotation": "orchestrator:terraform",
            "description": "",
            "from": "vlan-237",
            "id": "uni/infra/vlanns-[access]-static/from-[vlan-237]-to-[vlan-237]",
            "name_alias": "",
            "role": "external",
            "to": "vlan-237",
            "vlan_pool_dn": "uni/infra/vlanns-[access]-static"
          },
          "sensitive_attributes": [],
          "private": "eyJzY2hlbWFfdmVyc2lvbiI6IjEifQ==",
          "dependencies": [
            "data.aci_vlan_pool.VLAN_Pool_access"
          ]
        }
      ]
    },
    {
      "mode": "managed",
      "type": "aci_ranges",
      "name": "VLAN_Range_access_238",
      "provider": "provider[\"registry.terraform.io/ciscodevnet/aci\"]",
      "instances": [
        {
          "schema_version": 1,
          "attributes": {
            "alloc_mode": "inherit",
            "annotation": "orchestrator:terraform",
            "description": "",
            "from": "vlan-238",
            "id": "uni/infra/vlanns-[access]-static/from-[vlan-238]-to-[vlan-238]",
            "name_alias": "",
            "role": "external",
            "to": "vlan-238",
            "vlan_pool_dn": "uni/infra/vlanns-[access]-static"
          },
          "sensitive_attributes": [],
          "private": "eyJzY2hlbWFfdmVyc2lvbiI6IjEifQ==",
          "dependencies": [
            "data.aci_vlan_pool.VLAN_Pool_access"
          ]
        }
      ]
    },
    {
      "mode": "managed",
      "type": "aci_ranges",
      "name": "VLAN_Range_access_239",
      "provider": "provider[\"registry.terraform.io/ciscodevnet/aci\"]",
      "instances": [
        {
          "schema_version": 1,
          "attributes": {
            "alloc_mode": "inherit",
            "annotation": "orchestrator:terraform",
            "description": "",
            "from": "vlan-239",
            "id": "uni/infra/vlanns-[access]-static/from-[vlan-239]-to-[vlan-239]",
            "name_alias": "",
            "role": "external",
            "to": "vlan-239",
            "vlan_pool_dn": "uni/infra/vlanns-[access]-static"
          },
          "sensitive_attributes": [],
          "private": "eyJzY2hlbWFfdmVyc2lvbiI6IjEifQ==",
          "dependencies": [
            "data.aci_vlan_pool.VLAN_Pool_access"
          ]
        }
      ]
    },
    {
      "mode": "managed",
      "type": "aci_ranges",
      "name": "VLAN_Range_access_240",
      "provider": "provider[\"registry.terraform.io/ciscodevnet/aci\"]",
      "instances": [
        {
          "schema_version": 1,
          "attributes": {
            "alloc_mode": "inherit",
            "annotation": "orchestrator:terraform",
            "description": "",
            "from": "vlan-240",
            "id": "uni/infra/vlanns-[access]-static/from-[vlan-240]-to-[vlan-240]",
            "name_alias": "",
            "role": "external",
            "to": "vlan-240",
            "vlan_pool_dn": "uni/infra/vlanns-[access]-static"
          },
          "sensitive_attributes": [],
          "private": "eyJzY2hlbWFfdmVyc2lvbiI6IjEifQ==",
          "dependencies": [
            "data.aci_vlan_pool.VLAN_Pool_access"
          ]
        }
      ]
    },
    {
      "mode": "managed",
      "type": "aci_ranges",
      "name": "VLAN_Range_access_241",
      "provider": "provider[\"registry.terraform.io/ciscodevnet/aci\"]",
      "instances": [
        {
          "schema_version": 1,
          "attributes": {
            "alloc_mode": "inherit",
            "annotation": "orchestrator:terraform",
            "description": "",
            "from": "vlan-241",
            "id": "uni/infra/vlanns-[access]-static/from-[vlan-241]-to-[vlan-241]",
            "name_alias": "",
            "role": "external",
            "to": "vlan-241",
            "vlan_pool_dn": "uni/infra/vlanns-[access]-static"
          },
          "sensitive_attributes": [],
          "private": "eyJzY2hlbWFfdmVyc2lvbiI6IjEifQ==",
          "dependencies": [
            "data.aci_vlan_pool.VLAN_Pool_access"
          ]
        }
      ]
    },
    {
      "mode": "managed",
      "type": "aci_ranges",
      "name": "VLAN_Range_access_242",
      "provider": "provider[\"registry.terraform.io/ciscodevnet/aci\"]",
      "instances": [
        {
          "schema_version": 1,
          "attributes": {
            "alloc_mode": "inherit",
            "annotation": "orchestrator:terraform",
            "description": "",
            "from": "vlan-242",
            "id": "uni/infra/vlanns-[access]-static/from-[vlan-242]-to-[vlan-242]",
            "name_alias": "",
            "role": "external",
            "to": "vlan-242",
            "vlan_pool_dn": "uni/infra/vlanns-[access]-static"
          },
          "sensitive_attributes": [],
          "private": "eyJzY2hlbWFfdmVyc2lvbiI6IjEifQ==",
          "dependencies": [
            "data.aci_vlan_pool.VLAN_Pool_access"
          ]
        }
      ]
    },
    {
      "mode": "managed",
      "type": "aci_ranges",
      "name": "VLAN_Range_access_243",
      "provider": "provider[\"registry.terraform.io/ciscodevnet/aci\"]",
      "instances": [
        {
          "schema_version": 1,
          "attributes": {
            "alloc_mode": "inherit",
            "annotation": "orchestrator:terraform",
            "description": "",
            "from": "vlan-243",
            "id": "uni/infra/vlanns-[access]-static/from-[vlan-243]-to-[vlan-243]",
            "name_alias": "",
            "role": "external",
            "to": "vlan-243",
            "vlan_pool_dn": "uni/infra/vlanns-[access]-static"
          },
          "sensitive_attributes": [],
          "private": "eyJzY2hlbWFfdmVyc2lvbiI6IjEifQ==",
          "dependencies": [
            "data.aci_vlan_pool.VLAN_Pool_access"
          ]
        }
      ]
    },
    {
      "mode": "managed",
      "type": "aci_ranges",
      "name": "VLAN_Range_access_244",
      "provider": "provider[\"registry.terraform.io/ciscodevnet/aci\"]",
      "instances": [
        {
          "schema_version": 1,
          "attributes": {
            "alloc_mode": "inherit",
            "annotation": "orchestrator:terraform",
            "description": "",
            "from": "vlan-244",
            "id": "uni/infra/vlanns-[access]-static/from-[vlan-244]-to-[vlan-244]",
            "name_alias": "",
            "role": "external",
            "to": "vlan-244",
            "vlan_pool_dn": "uni/infra/vlanns-[access]-static"
          },
          "sensitive_attributes": [],
          "private": "eyJzY2hlbWFfdmVyc2lvbiI6IjEifQ==",
          "dependencies": [
            "data.aci_vlan_pool.VLAN_Pool_access"
          ]
        }
      ]
    },
    {
      "mode": "managed",
      "type": "aci_ranges",
      "name": "VLAN_Range_access_245",
      "provider": "provider[\"registry.terraform.io/ciscodevnet/aci\"]",
      "instances": [
        {
          "schema_version": 1,
          "attributes": {
            "alloc_mode": "inherit",
            "annotation": "orchestrator:terraform",
            "description": "",
            "from": "vlan-245",
            "id": "uni/infra/vlanns-[access]-static/from-[vlan-245]-to-[vlan-245]",
            "name_alias": "",
            "role": "external",
            "to": "vlan-245",
            "vlan_pool_dn": "uni/infra/vlanns-[access]-static"
          },
          "sensitive_attributes": [],
          "private": "eyJzY2hlbWFfdmVyc2lvbiI6IjEifQ==",
          "dependencies": [
            "data.aci_vlan_pool.VLAN_Pool_access"
          ]
        }
      ]
    },
    {
      "mode": "managed",
      "type": "aci_ranges",
      "name": "VLAN_Range_access_246",
      "provider": "provider[\"registry.terraform.io/ciscodevnet/aci\"]",
      "instances": [
        {
          "schema_version": 1,
          "attributes": {
            "alloc_mode": "inherit",
            "annotation": "orchestrator:terraform",
            "description": "",
            "from": "vlan-246",
            "id": "uni/infra/vlanns-[access]-static/from-[vlan-246]-to-[vlan-246]",
            "name_alias": "",
            "role": "external",
            "to": "vlan-246",
            "vlan_pool_dn": "uni/infra/vlanns-[access]-static"
          },
          "sensitive_attributes": [],
          "private": "eyJzY2hlbWFfdmVyc2lvbiI6IjEifQ==",
          "dependencies": [
            "data.aci_vlan_pool.VLAN_Pool_access"
          ]
        }
      ]
    },
    {
      "mode": "managed",
      "type": "aci_ranges",
      "name": "VLAN_Range_access_247",
      "provider": "provider[\"registry.terraform.io/ciscodevnet/aci\"]",
      "instances": [
        {
          "schema_version": 1,
          "attributes": {
            "alloc_mode": "inherit",
            "annotation": "orchestrator:terraform",
            "description": "",
            "from": "vlan-247",
            "id": "uni/infra/vlanns-[access]-static/from-[vlan-247]-to-[vlan-247]",
            "name_alias": "",
            "role": "external",
            "to": "vlan-247",
            "vlan_pool_dn": "uni/infra/vlanns-[access]-static"
          },
          "sensitive_attributes": [],
          "private": "eyJzY2hlbWFfdmVyc2lvbiI6IjEifQ==",
          "dependencies": [
            "data.aci_vlan_pool.VLAN_Pool_access"
          ]
        }
      ]
    },
    {
      "mode": "managed",
      "type": "aci_ranges",
      "name": "VLAN_Range_access_248",
      "provider": "provider[\"registry.terraform.io/ciscodevnet/aci\"]",
      "instances": [
        {
          "schema_version": 1,
          "attributes": {
            "alloc_mode": "inherit",
            "annotation": "orchestrator:terraform",
            "description": "",
            "from": "vlan-248",
            "id": "uni/infra/vlanns-[access]-static/from-[vlan-248]-to-[vlan-248]",
            "name_alias": "",
            "role": "external",
            "to": "vlan-248",
            "vlan_pool_dn": "uni/infra/vlanns-[access]-static"
          },
          "sensitive_attributes": [],
          "private": "eyJzY2hlbWFfdmVyc2lvbiI6IjEifQ==",
          "dependencies": [
            "data.aci_vlan_pool.VLAN_Pool_access"
          ]
        }
      ]
    },
    {
      "mode": "managed",
      "type": "aci_ranges",
      "name": "VLAN_Range_access_249",
      "provider": "provider[\"registry.terraform.io/ciscodevnet/aci\"]",
      "instances": [
        {
          "schema_version": 1,
          "attributes": {
            "alloc_mode": "inherit",
            "annotation": "orchestrator:terraform",
            "description": "",
            "from": "vlan-249",
            "id": "uni/infra/vlanns-[access]-static/from-[vlan-249]-to-[vlan-249]",
            "name_alias": "",
            "role": "external",
            "to": "vlan-249",
            "vlan_pool_dn": "uni/infra/vlanns-[access]-static"
          },
          "sensitive_attributes": [],
          "private": "eyJzY2hlbWFfdmVyc2lvbiI6IjEifQ==",
          "dependencies": [
            "data.aci_vlan_pool.VLAN_Pool_access"
          ]
        }
      ]
    },
    {
      "mode": "managed",
      "type": "aci_ranges",
      "name": "VLAN_Range_access_250",
      "provider": "provider[\"registry.terraform.io/ciscodevnet/aci\"]",
      "instances": [
        {
          "schema_version": 1,
          "attributes": {
            "alloc_mode": "inherit",
            "annotation": "orchestrator:terraform",
            "description": "",
            "from": "vlan-250",
            "id": "uni/infra/vlanns-[access]-static/from-[vlan-250]-to-[vlan-250]",
            "name_alias": "",
            "role": "external",
            "to": "vlan-250",
            "vlan_pool_dn": "uni/infra/vlanns-[access]-static"
          },
          "sensitive_attributes": [],
          "private": "eyJzY2hlbWFfdmVyc2lvbiI6IjEifQ==",
          "dependencies": [
            "data.aci_vlan_pool.VLAN_Pool_access"
          ]
        }
      ]
    },
    {
      "mode": "managed",
      "type": "aci_ranges",
      "name": "VLAN_Range_access_251",
      "provider": "provider[\"registry.terraform.io/ciscodevnet/aci\"]",
      "instances": [
        {
          "schema_version": 1,
          "attributes": {
            "alloc_mode": "inherit",
            "annotation": "orchestrator:terraform",
            "description": "",
            "from": "vlan-251",
            "id": "uni/infra/vlanns-[access]-static/from-[vlan-251]-to-[vlan-251]",
            "name_alias": "",
            "role": "external",
            "to": "vlan-251",
            "vlan_pool_dn": "uni/infra/vlanns-[access]-static"
          },
          "sensitive_attributes": [],
          "private": "eyJzY2hlbWFfdmVyc2lvbiI6IjEifQ==",
          "dependencies": [
            "data.aci_vlan_pool.VLAN_Pool_access"
          ]
        }
      ]
    },
    {
      "mode": "managed",
      "type": "aci_ranges",
      "name": "VLAN_Range_access_252",
      "provider": "provider[\"registry.terraform.io/ciscodevnet/aci\"]",
      "instances": [
        {
          "schema_version": 1,
          "attributes": {
            "alloc_mode": "inherit",
            "annotation": "orchestrator:terraform",
            "description": "",
            "from": "vlan-252",
            "id": "uni/infra/vlanns-[access]-static/from-[vlan-252]-to-[vlan-252]",
            "name_alias": "",
            "role": "external",
            "to": "vlan-252",
            "vlan_pool_dn": "uni/infra/vlanns-[access]-static"
          },
          "sensitive_attributes": [],
          "private": "eyJzY2hlbWFfdmVyc2lvbiI6IjEifQ==",
          "dependencies": [
            "data.aci_vlan_pool.VLAN_Pool_access"
          ]
        }
      ]
    },
    {
      "mode": "managed",
      "type": "aci_ranges",
      "name": "VLAN_Range_access_253",
      "provider": "provider[\"registry.terraform.io/ciscodevnet/aci\"]",
      "instances": [
        {
          "schema_version": 1,
          "attributes": {
            "alloc_mode": "inherit",
            "annotation": "orchestrator:terraform",
            "description": "",
            "from": "vlan-253",
            "id": "uni/infra/vlanns-[access]-static/from-[vlan-253]-to-[vlan-253]",
            "name_alias": "",
            "role": "external",
            "to": "vlan-253",
            "vlan_pool_dn": "uni/infra/vlanns-[access]-static"
          },
          "sensitive_attributes": [],
          "private": "eyJzY2hlbWFfdmVyc2lvbiI6IjEifQ==",
          "dependencies": [
            "data.aci_vlan_pool.VLAN_Pool_access"
          ]
        }
      ]
    },
    {
      "mode": "managed",
      "type": "aci_ranges",
      "name": "VLAN_Range_access_254",
      "provider": "provider[\"registry.terraform.io/ciscodevnet/aci\"]",
      "instances": [
        {
          "schema_version": 1,
          "attributes": {
            "alloc_mode": "inherit",
            "annotation": "orchestrator:terraform",
            "description": "",
            "from": "vlan-254",
            "id": "uni/infra/vlanns-[access]-static/from-[vlan-254]-to-[vlan-254]",
            "name_alias": "",
            "role": "external",
            "to": "vlan-254",
            "vlan_pool_dn": "uni/infra/vlanns-[access]-static"
          },
          "sensitive_attributes": [],
          "private": "eyJzY2hlbWFfdmVyc2lvbiI6IjEifQ==",
          "dependencies": [
            "data.aci_vlan_pool.VLAN_Pool_access"
          ]
        }
      ]
    },
    {
      "mode": "managed",
      "type": "aci_ranges",
      "name": "VLAN_Range_access_255",
      "provider": "provider[\"registry.terraform.io/ciscodevnet/aci\"]",
      "instances": [
        {
          "schema_version": 1,
          "attributes": {
            "alloc_mode": "inherit",
            "annotation": "orchestrator:terraform",
            "description": "",
            "from": "vlan-255",
            "id": "uni/infra/vlanns-[access]-static/from-[vlan-255]-to-[vlan-255]",
            "name_alias": "",
            "role": "external",
            "to": "vlan-255",
            "vlan_pool_dn": "uni/infra/vlanns-[access]-static"
          },
          "sensitive_attributes": [],
          "private": "eyJzY2hlbWFfdmVyc2lvbiI6IjEifQ==",
          "dependencies": [
            "data.aci_vlan_pool.VLAN_Pool_access"
          ]
        }
      ]
    },
    {
      "mode": "managed",
      "type": "aci_ranges",
      "name": "VLAN_Range_access_256",
      "provider": "provider[\"registry.terraform.io/ciscodevnet/aci\"]",
      "instances": [
        {
          "schema_version": 1,
          "attributes": {
            "alloc_mode": "inherit",
            "annotation": "orchestrator:terraform",
            "description": "",
            "from": "vlan-256",
            "id": "uni/infra/vlanns-[access]-static/from-[vlan-256]-to-[vlan-256]",
            "name_alias": "",
            "role": "external",
            "to": "vlan-256",
            "vlan_pool_dn": "uni/infra/vlanns-[access]-static"
          },
          "sensitive_attributes": [],
          "private": "eyJzY2hlbWFfdmVyc2lvbiI6IjEifQ==",
          "dependencies": [
            "data.aci_vlan_pool.VLAN_Pool_access"
          ]
        }
      ]
    },
    {
      "mode": "managed",
      "type": "aci_ranges",
      "name": "VLAN_Range_access_257",
      "provider": "provider[\"registry.terraform.io/ciscodevnet/aci\"]",
      "instances": [
        {
          "schema_version": 1,
          "attributes": {
            "alloc_mode": "inherit",
            "annotation": "orchestrator:terraform",
            "description": "",
            "from": "vlan-257",
            "id": "uni/infra/vlanns-[access]-static/from-[vlan-257]-to-[vlan-257]",
            "name_alias": "",
            "role": "external",
            "to": "vlan-257",
            "vlan_pool_dn": "uni/infra/vlanns-[access]-static"
          },
          "sensitive_attributes": [],
          "private": "eyJzY2hlbWFfdmVyc2lvbiI6IjEifQ==",
          "dependencies": [
            "data.aci_vlan_pool.VLAN_Pool_access"
          ]
        }
      ]
    },
    {
      "mode": "managed",
      "type": "aci_ranges",
      "name": "VLAN_Range_access_258",
      "provider": "provider[\"registry.terraform.io/ciscodevnet/aci\"]",
      "instances": [
        {
          "schema_version": 1,
          "attributes": {
            "alloc_mode": "inherit",
            "annotation": "orchestrator:terraform",
            "description": "",
            "from": "vlan-258",
            "id": "uni/infra/vlanns-[access]-static/from-[vlan-258]-to-[vlan-258]",
            "name_alias": "",
            "role": "external",
            "to": "vlan-258",
            "vlan_pool_dn": "uni/infra/vlanns-[access]-static"
          },
          "sensitive_attributes": [],
          "private": "eyJzY2hlbWFfdmVyc2lvbiI6IjEifQ==",
          "dependencies": [
            "data.aci_vlan_pool.VLAN_Pool_access"
          ]
        }
      ]
    },
    {
      "mode": "managed",
      "type": "aci_ranges",
      "name": "VLAN_Range_access_259",
      "provider": "provider[\"registry.terraform.io/ciscodevnet/aci\"]",
      "instances": [
        {
          "schema_version": 1,
          "attributes": {
            "alloc_mode": "inherit",
            "annotation": "orchestrator:terraform",
            "description": "",
            "from": "vlan-259",
            "id": "uni/infra/vlanns-[access]-static/from-[vlan-259]-to-[vlan-259]",
            "name_alias": "",
            "role": "external",
            "to": "vlan-259",
            "vlan_pool_dn": "uni/infra/vlanns-[access]-static"
          },
          "sensitive_attributes": [],
          "private": "eyJzY2hlbWFfdmVyc2lvbiI6IjEifQ==",
          "dependencies": [
            "data.aci_vlan_pool.VLAN_Pool_access"
          ]
        }
      ]
    },
    {
      "mode": "managed",
      "type": "aci_ranges",
      "name": "VLAN_Range_access_260",
      "provider": "provider[\"registry.terraform.io/ciscodevnet/aci\"]",
      "instances": [
        {
          "schema_version": 1,
          "attributes": {
            "alloc_mode": "inherit",
            "annotation": "orchestrator:terraform",
            "description": "",
            "from": "vlan-260",
            "id": "uni/infra/vlanns-[access]-static/from-[vlan-260]-to-[vlan-260]",
            "name_alias": "",
            "role": "external",
            "to": "vlan-260",
            "vlan_pool_dn": "uni/infra/vlanns-[access]-static"
          },
          "sensitive_attributes": [],
          "private": "eyJzY2hlbWFfdmVyc2lvbiI6IjEifQ==",
          "dependencies": [
            "data.aci_vlan_pool.VLAN_Pool_access"
          ]
        }
      ]
    },
    {
      "mode": "managed",
      "type": "aci_ranges",
      "name": "VLAN_Range_access_261",
      "provider": "provider[\"registry.terraform.io/ciscodevnet/aci\"]",
      "instances": [
        {
          "schema_version": 1,
          "attributes": {
            "alloc_mode": "inherit",
            "annotation": "orchestrator:terraform",
            "description": "",
            "from": "vlan-261",
            "id": "uni/infra/vlanns-[access]-static/from-[vlan-261]-to-[vlan-261]",
            "name_alias": "",
            "role": "external",
            "to": "vlan-261",
            "vlan_pool_dn": "uni/infra/vlanns-[access]-static"
          },
          "sensitive_attributes": [],
          "private": "eyJzY2hlbWFfdmVyc2lvbiI6IjEifQ==",
          "dependencies": [
            "data.aci_vlan_pool.VLAN_Pool_access"
          ]
        }
      ]
    },
    {
      "mode": "managed",
      "type": "aci_ranges",
      "name": "VLAN_Range_access_262",
      "provider": "provider[\"registry.terraform.io/ciscodevnet/aci\"]",
      "instances": [
        {
          "schema_version": 1,
          "attributes": {
            "alloc_mode": "inherit",
            "annotation": "orchestrator:terraform",
            "description": "",
            "from": "vlan-262",
            "id": "uni/infra/vlanns-[access]-static/from-[vlan-262]-to-[vlan-262]",
            "name_alias": "",
            "role": "external",
            "to": "vlan-262",
            "vlan_pool_dn": "uni/infra/vlanns-[access]-static"
          },
          "sensitive_attributes": [],
          "private": "eyJzY2hlbWFfdmVyc2lvbiI6IjEifQ==",
          "dependencies": [
            "data.aci_vlan_pool.VLAN_Pool_access"
          ]
        }
      ]
    },
    {
      "mode": "managed",
      "type": "aci_ranges",
      "name": "VLAN_Range_access_263",
      "provider": "provider[\"registry.terraform.io/ciscodevnet/aci\"]",
      "instances": [
        {
          "schema_version": 1,
          "attributes": {
            "alloc_mode": "inherit",
            "annotation": "orchestrator:terraform",
            "description": "",
            "from": "vlan-263",
            "id": "uni/infra/vlanns-[access]-static/from-[vlan-263]-to-[vlan-263]",
            "name_alias": "",
            "role": "external",
            "to": "vlan-263",
            "vlan_pool_dn": "uni/infra/vlanns-[access]-static"
          },
          "sensitive_attributes": [],
          "private": "eyJzY2hlbWFfdmVyc2lvbiI6IjEifQ==",
          "dependencies": [
            "data.aci_vlan_pool.VLAN_Pool_access"
          ]
        }
      ]
    },
    {
      "mode": "managed",
      "type": "aci_ranges",
      "name": "VLAN_Range_access_264",
      "provider": "provider[\"registry.terraform.io/ciscodevnet/aci\"]",
      "instances": [
        {
          "schema_version": 1,
          "attributes": {
            "alloc_mode": "inherit",
            "annotation": "orchestrator:terraform",
            "description": "",
            "from": "vlan-264",
            "id": "uni/infra/vlanns-[access]-static/from-[vlan-264]-to-[vlan-264]",
            "name_alias": "",
            "role": "external",
            "to": "vlan-264",
            "vlan_pool_dn": "uni/infra/vlanns-[access]-static"
          },
          "sensitive_attributes": [],
          "private": "eyJzY2hlbWFfdmVyc2lvbiI6IjEifQ==",
          "dependencies": [
            "data.aci_vlan_pool.VLAN_Pool_access"
          ]
        }
      ]
    },
    {
      "mode": "managed",
      "type": "aci_ranges",
      "name": "VLAN_Range_access_265",
      "provider": "provider[\"registry.terraform.io/ciscodevnet/aci\"]",
      "instances": [
        {
          "schema_version": 1,
          "attributes": {
            "alloc_mode": "inherit",
            "annotation": "orchestrator:terraform",
            "description": "",
            "from": "vlan-265",
            "id": "uni/infra/vlanns-[access]-static/from-[vlan-265]-to-[vlan-265]",
            "name_alias": "",
            "role": "external",
            "to": "vlan-265",
            "vlan_pool_dn": "uni/infra/vlanns-[access]-static"
          },
          "sensitive_attributes": [],
          "private": "eyJzY2hlbWFfdmVyc2lvbiI6IjEifQ==",
          "dependencies": [
            "data.aci_vlan_pool.VLAN_Pool_access"
          ]
        }
      ]
    },
    {
      "mode": "managed",
      "type": "aci_ranges",
      "name": "VLAN_Range_access_266",
      "provider": "provider[\"registry.terraform.io/ciscodevnet/aci\"]",
      "instances": [
        {
          "schema_version": 1,
          "attributes": {
            "alloc_mode": "inherit",
            "annotation": "orchestrator:terraform",
            "description": "",
            "from": "vlan-266",
            "id": "uni/infra/vlanns-[access]-static/from-[vlan-266]-to-[vlan-266]",
            "name_alias": "",
            "role": "external",
            "to": "vlan-266",
            "vlan_pool_dn": "uni/infra/vlanns-[access]-static"
          },
          "sensitive_attributes": [],
          "private": "eyJzY2hlbWFfdmVyc2lvbiI6IjEifQ==",
          "dependencies": [
            "data.aci_vlan_pool.VLAN_Pool_access"
          ]
        }
      ]
    },
    {
      "mode": "managed",
      "type": "aci_ranges",
      "name": "VLAN_Range_access_267",
      "provider": "provider[\"registry.terraform.io/ciscodevnet/aci\"]",
      "instances": [
        {
          "schema_version": 1,
          "attributes": {
            "alloc_mode": "inherit",
            "annotation": "orchestrator:terraform",
            "description": "",
            "from": "vlan-267",
            "id": "uni/infra/vlanns-[access]-static/from-[vlan-267]-to-[vlan-267]",
            "name_alias": "",
            "role": "external",
            "to": "vlan-267",
            "vlan_pool_dn": "uni/infra/vlanns-[access]-static"
          },
          "sensitive_attributes": [],
          "private": "eyJzY2hlbWFfdmVyc2lvbiI6IjEifQ==",
          "dependencies": [
            "data.aci_vlan_pool.VLAN_Pool_access"
          ]
        }
      ]
    },
    {
      "mode": "managed",
      "type": "aci_ranges",
      "name": "VLAN_Range_access_268",
      "provider": "provider[\"registry.terraform.io/ciscodevnet/aci\"]",
      "instances": [
        {
          "schema_version": 1,
          "attributes": {
            "alloc_mode": "inherit",
            "annotation": "orchestrator:terraform",
            "description": "",
            "from": "vlan-268",
            "id": "uni/infra/vlanns-[access]-static/from-[vlan-268]-to-[vlan-268]",
            "name_alias": "",
            "role": "external",
            "to": "vlan-268",
            "vlan_pool_dn": "uni/infra/vlanns-[access]-static"
          },
          "sensitive_attributes": [],
          "private": "eyJzY2hlbWFfdmVyc2lvbiI6IjEifQ==",
          "dependencies": [
            "data.aci_vlan_pool.VLAN_Pool_access"
          ]
        }
      ]
    },
    {
      "mode": "managed",
      "type": "aci_ranges",
      "name": "VLAN_Range_access_269",
      "provider": "provider[\"registry.terraform.io/ciscodevnet/aci\"]",
      "instances": [
        {
          "schema_version": 1,
          "attributes": {
            "alloc_mode": "inherit",
            "annotation": "orchestrator:terraform",
            "description": "",
            "from": "vlan-269",
            "id": "uni/infra/vlanns-[access]-static/from-[vlan-269]-to-[vlan-269]",
            "name_alias": "",
            "role": "external",
            "to": "vlan-269",
            "vlan_pool_dn": "uni/infra/vlanns-[access]-static"
          },
          "sensitive_attributes": [],
          "private": "eyJzY2hlbWFfdmVyc2lvbiI6IjEifQ==",
          "dependencies": [
            "data.aci_vlan_pool.VLAN_Pool_access"
          ]
        }
      ]
    },
    {
      "mode": "managed",
      "type": "aci_ranges",
      "name": "VLAN_Range_access_270",
      "provider": "provider[\"registry.terraform.io/ciscodevnet/aci\"]",
      "instances": [
        {
          "schema_version": 1,
          "attributes": {
            "alloc_mode": "inherit",
            "annotation": "orchestrator:terraform",
            "description": "",
            "from": "vlan-270",
            "id": "uni/infra/vlanns-[access]-static/from-[vlan-270]-to-[vlan-270]",
            "name_alias": "",
            "role": "external",
            "to": "vlan-270",
            "vlan_pool_dn": "uni/infra/vlanns-[access]-static"
          },
          "sensitive_attributes": [],
          "private": "eyJzY2hlbWFfdmVyc2lvbiI6IjEifQ==",
          "dependencies": [
            "data.aci_vlan_pool.VLAN_Pool_access"
          ]
        }
      ]
    },
    {
      "mode": "managed",
      "type": "aci_ranges",
      "name": "VLAN_Range_access_271",
      "provider": "provider[\"registry.terraform.io/ciscodevnet/aci\"]",
      "instances": [
        {
          "schema_version": 1,
          "attributes": {
            "alloc_mode": "inherit",
            "annotation": "orchestrator:terraform",
            "description": "",
            "from": "vlan-271",
            "id": "uni/infra/vlanns-[access]-static/from-[vlan-271]-to-[vlan-271]",
            "name_alias": "",
            "role": "external",
            "to": "vlan-271",
            "vlan_pool_dn": "uni/infra/vlanns-[access]-static"
          },
          "sensitive_attributes": [],
          "private": "eyJzY2hlbWFfdmVyc2lvbiI6IjEifQ==",
          "dependencies": [
            "data.aci_vlan_pool.VLAN_Pool_access"
          ]
        }
      ]
    },
    {
      "mode": "managed",
      "type": "aci_ranges",
      "name": "VLAN_Range_access_272",
      "provider": "provider[\"registry.terraform.io/ciscodevnet/aci\"]",
      "instances": [
        {
          "schema_version": 1,
          "attributes": {
            "alloc_mode": "inherit",
            "annotation": "orchestrator:terraform",
            "description": "",
            "from": "vlan-272",
            "id": "uni/infra/vlanns-[access]-static/from-[vlan-272]-to-[vlan-272]",
            "name_alias": "",
            "role": "external",
            "to": "vlan-272",
            "vlan_pool_dn": "uni/infra/vlanns-[access]-static"
          },
          "sensitive_attributes": [],
          "private": "eyJzY2hlbWFfdmVyc2lvbiI6IjEifQ==",
          "dependencies": [
            "data.aci_vlan_pool.VLAN_Pool_access"
          ]
        }
      ]
    },
    {
      "mode": "managed",
      "type": "aci_ranges",
      "name": "VLAN_Range_access_273",
      "provider": "provider[\"registry.terraform.io/ciscodevnet/aci\"]",
      "instances": [
        {
          "schema_version": 1,
          "attributes": {
            "alloc_mode": "inherit",
            "annotation": "orchestrator:terraform",
            "description": "",
            "from": "vlan-273",
            "id": "uni/infra/vlanns-[access]-static/from-[vlan-273]-to-[vlan-273]",
            "name_alias": "",
            "role": "external",
            "to": "vlan-273",
            "vlan_pool_dn": "uni/infra/vlanns-[access]-static"
          },
          "sensitive_attributes": [],
          "private": "eyJzY2hlbWFfdmVyc2lvbiI6IjEifQ==",
          "dependencies": [
            "data.aci_vlan_pool.VLAN_Pool_access"
          ]
        }
      ]
    },
    {
      "mode": "managed",
      "type": "aci_ranges",
      "name": "VLAN_Range_access_274",
      "provider": "provider[\"registry.terraform.io/ciscodevnet/aci\"]",
      "instances": [
        {
          "schema_version": 1,
          "attributes": {
            "alloc_mode": "inherit",
            "annotation": "orchestrator:terraform",
            "description": "",
            "from": "vlan-274",
            "id": "uni/infra/vlanns-[access]-static/from-[vlan-274]-to-[vlan-274]",
            "name_alias": "",
            "role": "external",
            "to": "vlan-274",
            "vlan_pool_dn": "uni/infra/vlanns-[access]-static"
          },
          "sensitive_attributes": [],
          "private": "eyJzY2hlbWFfdmVyc2lvbiI6IjEifQ==",
          "dependencies": [
            "data.aci_vlan_pool.VLAN_Pool_access"
          ]
        }
      ]
    },
    {
      "mode": "managed",
      "type": "aci_ranges",
      "name": "VLAN_Range_access_275",
      "provider": "provider[\"registry.terraform.io/ciscodevnet/aci\"]",
      "instances": [
        {
          "schema_version": 1,
          "attributes": {
            "alloc_mode": "inherit",
            "annotation": "orchestrator:terraform",
            "description": "",
            "from": "vlan-275",
            "id": "uni/infra/vlanns-[access]-static/from-[vlan-275]-to-[vlan-275]",
            "name_alias": "",
            "role": "external",
            "to": "vlan-275",
            "vlan_pool_dn": "uni/infra/vlanns-[access]-static"
          },
          "sensitive_attributes": [],
          "private": "eyJzY2hlbWFfdmVyc2lvbiI6IjEifQ==",
          "dependencies": [
            "data.aci_vlan_pool.VLAN_Pool_access"
          ]
        }
      ]
    },
    {
      "mode": "managed",
      "type": "aci_ranges",
      "name": "VLAN_Range_access_276",
      "provider": "provider[\"registry.terraform.io/ciscodevnet/aci\"]",
      "instances": [
        {
          "schema_version": 1,
          "attributes": {
            "alloc_mode": "inherit",
            "annotation": "orchestrator:terraform",
            "description": "",
            "from": "vlan-276",
            "id": "uni/infra/vlanns-[access]-static/from-[vlan-276]-to-[vlan-276]",
            "name_alias": "",
            "role": "external",
            "to": "vlan-276",
            "vlan_pool_dn": "uni/infra/vlanns-[access]-static"
          },
          "sensitive_attributes": [],
          "private": "eyJzY2hlbWFfdmVyc2lvbiI6IjEifQ==",
          "dependencies": [
            "data.aci_vlan_pool.VLAN_Pool_access"
          ]
        }
      ]
    },
    {
      "mode": "managed",
      "type": "aci_ranges",
      "name": "VLAN_Range_access_277",
      "provider": "provider[\"registry.terraform.io/ciscodevnet/aci\"]",
      "instances": [
        {
          "schema_version": 1,
          "attributes": {
            "alloc_mode": "inherit",
            "annotation": "orchestrator:terraform",
            "description": "",
            "from": "vlan-277",
            "id": "uni/infra/vlanns-[access]-static/from-[vlan-277]-to-[vlan-277]",
            "name_alias": "",
            "role": "external",
            "to": "vlan-277",
            "vlan_pool_dn": "uni/infra/vlanns-[access]-static"
          },
          "sensitive_attributes": [],
          "private": "eyJzY2hlbWFfdmVyc2lvbiI6IjEifQ==",
          "dependencies": [
            "data.aci_vlan_pool.VLAN_Pool_access"
          ]
        }
      ]
    },
    {
      "mode": "managed",
      "type": "aci_ranges",
      "name": "VLAN_Range_access_278",
      "provider": "provider[\"registry.terraform.io/ciscodevnet/aci\"]",
      "instances": [
        {
          "schema_version": 1,
          "attributes": {
            "alloc_mode": "inherit",
            "annotation": "orchestrator:terraform",
            "description": "",
            "from": "vlan-278",
            "id": "uni/infra/vlanns-[access]-static/from-[vlan-278]-to-[vlan-278]",
            "name_alias": "",
            "role": "external",
            "to": "vlan-278",
            "vlan_pool_dn": "uni/infra/vlanns-[access]-static"
          },
          "sensitive_attributes": [],
          "private": "eyJzY2hlbWFfdmVyc2lvbiI6IjEifQ==",
          "dependencies": [
            "data.aci_vlan_pool.VLAN_Pool_access"
          ]
        }
      ]
    },
    {
      "mode": "managed",
      "type": "aci_ranges",
      "name": "VLAN_Range_access_279",
      "provider": "provider[\"registry.terraform.io/ciscodevnet/aci\"]",
      "instances": [
        {
          "schema_version": 1,
          "attributes": {
            "alloc_mode": "inherit",
            "annotation": "orchestrator:terraform",
            "description": "",
            "from": "vlan-279",
            "id": "uni/infra/vlanns-[access]-static/from-[vlan-279]-to-[vlan-279]",
            "name_alias": "",
            "role": "external",
            "to": "vlan-279",
            "vlan_pool_dn": "uni/infra/vlanns-[access]-static"
          },
          "sensitive_attributes": [],
          "private": "eyJzY2hlbWFfdmVyc2lvbiI6IjEifQ==",
          "dependencies": [
            "data.aci_vlan_pool.VLAN_Pool_access"
          ]
        }
      ]
    },
    {
      "mode": "managed",
      "type": "aci_ranges",
      "name": "VLAN_Range_access_280",
      "provider": "provider[\"registry.terraform.io/ciscodevnet/aci\"]",
      "instances": [
        {
          "schema_version": 1,
          "attributes": {
            "alloc_mode": "inherit",
            "annotation": "orchestrator:terraform",
            "description": "",
            "from": "vlan-280",
            "id": "uni/infra/vlanns-[access]-static/from-[vlan-280]-to-[vlan-280]",
            "name_alias": "",
            "role": "external",
            "to": "vlan-280",
            "vlan_pool_dn": "uni/infra/vlanns-[access]-static"
          },
          "sensitive_attributes": [],
          "private": "eyJzY2hlbWFfdmVyc2lvbiI6IjEifQ==",
          "dependencies": [
            "data.aci_vlan_pool.VLAN_Pool_access"
          ]
        }
      ]
    },
    {
      "mode": "managed",
      "type": "aci_ranges",
      "name": "VLAN_Range_access_281",
      "provider": "provider[\"registry.terraform.io/ciscodevnet/aci\"]",
      "instances": [
        {
          "schema_version": 1,
          "attributes": {
            "alloc_mode": "inherit",
            "annotation": "orchestrator:terraform",
            "description": "",
            "from": "vlan-281",
            "id": "uni/infra/vlanns-[access]-static/from-[vlan-281]-to-[vlan-281]",
            "name_alias": "",
            "role": "external",
            "to": "vlan-281",
            "vlan_pool_dn": "uni/infra/vlanns-[access]-static"
          },
          "sensitive_attributes": [],
          "private": "eyJzY2hlbWFfdmVyc2lvbiI6IjEifQ==",
          "dependencies": [
            "data.aci_vlan_pool.VLAN_Pool_access"
          ]
        }
      ]
    },
    {
      "mode": "managed",
      "type": "aci_ranges",
      "name": "VLAN_Range_access_282",
      "provider": "provider[\"registry.terraform.io/ciscodevnet/aci\"]",
      "instances": [
        {
          "schema_version": 1,
          "attributes": {
            "alloc_mode": "inherit",
            "annotation": "orchestrator:terraform",
            "description": "",
            "from": "vlan-282",
            "id": "uni/infra/vlanns-[access]-static/from-[vlan-282]-to-[vlan-282]",
            "name_alias": "",
            "role": "external",
            "to": "vlan-282",
            "vlan_pool_dn": "uni/infra/vlanns-[access]-static"
          },
          "sensitive_attributes": [],
          "private": "eyJzY2hlbWFfdmVyc2lvbiI6IjEifQ==",
          "dependencies": [
            "data.aci_vlan_pool.VLAN_Pool_access"
          ]
        }
      ]
    },
    {
      "mode": "managed",
      "type": "aci_ranges",
      "name": "VLAN_Range_access_283",
      "provider": "provider[\"registry.terraform.io/ciscodevnet/aci\"]",
      "instances": [
        {
          "schema_version": 1,
          "attributes": {
            "alloc_mode": "inherit",
            "annotation": "orchestrator:terraform",
            "description": "",
            "from": "vlan-283",
            "id": "uni/infra/vlanns-[access]-static/from-[vlan-283]-to-[vlan-283]",
            "name_alias": "",
            "role": "external",
            "to": "vlan-283",
            "vlan_pool_dn": "uni/infra/vlanns-[access]-static"
          },
          "sensitive_attributes": [],
          "private": "eyJzY2hlbWFfdmVyc2lvbiI6IjEifQ==",
          "dependencies": [
            "data.aci_vlan_pool.VLAN_Pool_access"
          ]
        }
      ]
    },
    {
      "mode": "managed",
      "type": "aci_ranges",
      "name": "VLAN_Range_access_284",
      "provider": "provider[\"registry.terraform.io/ciscodevnet/aci\"]",
      "instances": [
        {
          "schema_version": 1,
          "attributes": {
            "alloc_mode": "inherit",
            "annotation": "orchestrator:terraform",
            "description": "",
            "from": "vlan-284",
            "id": "uni/infra/vlanns-[access]-static/from-[vlan-284]-to-[vlan-284]",
            "name_alias": "",
            "role": "external",
            "to": "vlan-284",
            "vlan_pool_dn": "uni/infra/vlanns-[access]-static"
          },
          "sensitive_attributes": [],
          "private": "eyJzY2hlbWFfdmVyc2lvbiI6IjEifQ==",
          "dependencies": [
            "data.aci_vlan_pool.VLAN_Pool_access"
          ]
        }
      ]
    },
    {
      "mode": "managed",
      "type": "aci_ranges",
      "name": "VLAN_Range_access_285",
      "provider": "provider[\"registry.terraform.io/ciscodevnet/aci\"]",
      "instances": [
        {
          "schema_version": 1,
          "attributes": {
            "alloc_mode": "inherit",
            "annotation": "orchestrator:terraform",
            "description": "",
            "from": "vlan-285",
            "id": "uni/infra/vlanns-[access]-static/from-[vlan-285]-to-[vlan-285]",
            "name_alias": "",
            "role": "external",
            "to": "vlan-285",
            "vlan_pool_dn": "uni/infra/vlanns-[access]-static"
          },
          "sensitive_attributes": [],
          "private": "eyJzY2hlbWFfdmVyc2lvbiI6IjEifQ==",
          "dependencies": [
            "data.aci_vlan_pool.VLAN_Pool_access"
          ]
        }
      ]
    },
    {
      "mode": "managed",
      "type": "aci_ranges",
      "name": "VLAN_Range_access_286",
      "provider": "provider[\"registry.terraform.io/ciscodevnet/aci\"]",
      "instances": [
        {
          "schema_version": 1,
          "attributes": {
            "alloc_mode": "inherit",
            "annotation": "orchestrator:terraform",
            "description": "",
            "from": "vlan-286",
            "id": "uni/infra/vlanns-[access]-static/from-[vlan-286]-to-[vlan-286]",
            "name_alias": "",
            "role": "external",
            "to": "vlan-286",
            "vlan_pool_dn": "uni/infra/vlanns-[access]-static"
          },
          "sensitive_attributes": [],
          "private": "eyJzY2hlbWFfdmVyc2lvbiI6IjEifQ==",
          "dependencies": [
            "data.aci_vlan_pool.VLAN_Pool_access"
          ]
        }
      ]
    },
    {
      "mode": "managed",
      "type": "aci_ranges",
      "name": "VLAN_Range_access_287",
      "provider": "provider[\"registry.terraform.io/ciscodevnet/aci\"]",
      "instances": [
        {
          "schema_version": 1,
          "attributes": {
            "alloc_mode": "inherit",
            "annotation": "orchestrator:terraform",
            "description": "",
            "from": "vlan-287",
            "id": "uni/infra/vlanns-[access]-static/from-[vlan-287]-to-[vlan-287]",
            "name_alias": "",
            "role": "external",
            "to": "vlan-287",
            "vlan_pool_dn": "uni/infra/vlanns-[access]-static"
          },
          "sensitive_attributes": [],
          "private": "eyJzY2hlbWFfdmVyc2lvbiI6IjEifQ==",
          "dependencies": [
            "data.aci_vlan_pool.VLAN_Pool_access"
          ]
        }
      ]
    },
    {
      "mode": "managed",
      "type": "aci_ranges",
      "name": "VLAN_Range_access_288",
      "provider": "provider[\"registry.terraform.io/ciscodevnet/aci\"]",
      "instances": [
        {
          "schema_version": 1,
          "attributes": {
            "alloc_mode": "inherit",
            "annotation": "orchestrator:terraform",
            "description": "",
            "from": "vlan-288",
            "id": "uni/infra/vlanns-[access]-static/from-[vlan-288]-to-[vlan-288]",
            "name_alias": "",
            "role": "external",
            "to": "vlan-288",
            "vlan_pool_dn": "uni/infra/vlanns-[access]-static"
          },
          "sensitive_attributes": [],
          "private": "eyJzY2hlbWFfdmVyc2lvbiI6IjEifQ==",
          "dependencies": [
            "data.aci_vlan_pool.VLAN_Pool_access"
          ]
        }
      ]
    },
    {
      "mode": "managed",
      "type": "aci_ranges",
      "name": "VLAN_Range_access_289",
      "provider": "provider[\"registry.terraform.io/ciscodevnet/aci\"]",
      "instances": [
        {
          "schema_version": 1,
          "attributes": {
            "alloc_mode": "inherit",
            "annotation": "orchestrator:terraform",
            "description": "",
            "from": "vlan-289",
            "id": "uni/infra/vlanns-[access]-static/from-[vlan-289]-to-[vlan-289]",
            "name_alias": "",
            "role": "external",
            "to": "vlan-289",
            "vlan_pool_dn": "uni/infra/vlanns-[access]-static"
          },
          "sensitive_attributes": [],
          "private": "eyJzY2hlbWFfdmVyc2lvbiI6IjEifQ==",
          "dependencies": [
            "data.aci_vlan_pool.VLAN_Pool_access"
          ]
        }
      ]
    },
    {
      "mode": "managed",
      "type": "aci_ranges",
      "name": "VLAN_Range_access_290",
      "provider": "provider[\"registry.terraform.io/ciscodevnet/aci\"]",
      "instances": [
        {
          "schema_version": 1,
          "attributes": {
            "alloc_mode": "inherit",
            "annotation": "orchestrator:terraform",
            "description": "",
            "from": "vlan-290",
            "id": "uni/infra/vlanns-[access]-static/from-[vlan-290]-to-[vlan-290]",
            "name_alias": "",
            "role": "external",
            "to": "vlan-290",
            "vlan_pool_dn": "uni/infra/vlanns-[access]-static"
          },
          "sensitive_attributes": [],
          "private": "eyJzY2hlbWFfdmVyc2lvbiI6IjEifQ==",
          "dependencies": [
            "data.aci_vlan_pool.VLAN_Pool_access"
          ]
        }
      ]
    },
    {
      "mode": "managed",
      "type": "aci_ranges",
      "name": "VLAN_Range_access_291",
      "provider": "provider[\"registry.terraform.io/ciscodevnet/aci\"]",
      "instances": [
        {
          "schema_version": 1,
          "attributes": {
            "alloc_mode": "inherit",
            "annotation": "orchestrator:terraform",
            "description": "",
            "from": "vlan-291",
            "id": "uni/infra/vlanns-[access]-static/from-[vlan-291]-to-[vlan-291]",
            "name_alias": "",
            "role": "external",
            "to": "vlan-291",
            "vlan_pool_dn": "uni/infra/vlanns-[access]-static"
          },
          "sensitive_attributes": [],
          "private": "eyJzY2hlbWFfdmVyc2lvbiI6IjEifQ==",
          "dependencies": [
            "data.aci_vlan_pool.VLAN_Pool_access"
          ]
        }
      ]
    },
    {
      "mode": "managed",
      "type": "aci_ranges",
      "name": "VLAN_Range_access_292",
      "provider": "provider[\"registry.terraform.io/ciscodevnet/aci\"]",
      "instances": [
        {
          "schema_version": 1,
          "attributes": {
            "alloc_mode": "inherit",
            "annotation": "orchestrator:terraform",
            "description": "",
            "from": "vlan-292",
            "id": "uni/infra/vlanns-[access]-static/from-[vlan-292]-to-[vlan-292]",
            "name_alias": "",
            "role": "external",
            "to": "vlan-292",
            "vlan_pool_dn": "uni/infra/vlanns-[access]-static"
          },
          "sensitive_attributes": [],
          "private": "eyJzY2hlbWFfdmVyc2lvbiI6IjEifQ==",
          "dependencies": [
            "data.aci_vlan_pool.VLAN_Pool_access"
          ]
        }
      ]
    },
    {
      "mode": "managed",
      "type": "aci_ranges",
      "name": "VLAN_Range_access_293",
      "provider": "provider[\"registry.terraform.io/ciscodevnet/aci\"]",
      "instances": [
        {
          "schema_version": 1,
          "attributes": {
            "alloc_mode": "inherit",
            "annotation": "orchestrator:terraform",
            "description": "",
            "from": "vlan-293",
            "id": "uni/infra/vlanns-[access]-static/from-[vlan-293]-to-[vlan-293]",
            "name_alias": "",
            "role": "external",
            "to": "vlan-293",
            "vlan_pool_dn": "uni/infra/vlanns-[access]-static"
          },
          "sensitive_attributes": [],
          "private": "eyJzY2hlbWFfdmVyc2lvbiI6IjEifQ==",
          "dependencies": [
            "data.aci_vlan_pool.VLAN_Pool_access"
          ]
        }
      ]
    },
    {
      "mode": "managed",
      "type": "aci_ranges",
      "name": "VLAN_Range_access_294",
      "provider": "provider[\"registry.terraform.io/ciscodevnet/aci\"]",
      "instances": [
        {
          "schema_version": 1,
          "attributes": {
            "alloc_mode": "inherit",
            "annotation": "orchestrator:terraform",
            "description": "",
            "from": "vlan-294",
            "id": "uni/infra/vlanns-[access]-static/from-[vlan-294]-to-[vlan-294]",
            "name_alias": "",
            "role": "external",
            "to": "vlan-294",
            "vlan_pool_dn": "uni/infra/vlanns-[access]-static"
          },
          "sensitive_attributes": [],
          "private": "eyJzY2hlbWFfdmVyc2lvbiI6IjEifQ==",
          "dependencies": [
            "data.aci_vlan_pool.VLAN_Pool_access"
          ]
        }
      ]
    },
    {
      "mode": "managed",
      "type": "aci_ranges",
      "name": "VLAN_Range_access_295",
      "provider": "provider[\"registry.terraform.io/ciscodevnet/aci\"]",
      "instances": [
        {
          "schema_version": 1,
          "attributes": {
            "alloc_mode": "inherit",
            "annotation": "orchestrator:terraform",
            "description": "",
            "from": "vlan-295",
            "id": "uni/infra/vlanns-[access]-static/from-[vlan-295]-to-[vlan-295]",
            "name_alias": "",
            "role": "external",
            "to": "vlan-295",
            "vlan_pool_dn": "uni/infra/vlanns-[access]-static"
          },
          "sensitive_attributes": [],
          "private": "eyJzY2hlbWFfdmVyc2lvbiI6IjEifQ==",
          "dependencies": [
            "data.aci_vlan_pool.VLAN_Pool_access"
          ]
        }
      ]
    },
    {
      "mode": "managed",
      "type": "aci_ranges",
      "name": "VLAN_Range_access_296",
      "provider": "provider[\"registry.terraform.io/ciscodevnet/aci\"]",
      "instances": [
        {
          "schema_version": 1,
          "attributes": {
            "alloc_mode": "inherit",
            "annotation": "orchestrator:terraform",
            "description": "",
            "from": "vlan-296",
            "id": "uni/infra/vlanns-[access]-static/from-[vlan-296]-to-[vlan-296]",
            "name_alias": "",
            "role": "external",
            "to": "vlan-296",
            "vlan_pool_dn": "uni/infra/vlanns-[access]-static"
          },
          "sensitive_attributes": [],
          "private": "eyJzY2hlbWFfdmVyc2lvbiI6IjEifQ==",
          "dependencies": [
            "data.aci_vlan_pool.VLAN_Pool_access"
          ]
        }
      ]
    },
    {
      "mode": "managed",
      "type": "aci_ranges",
      "name": "VLAN_Range_access_297",
      "provider": "provider[\"registry.terraform.io/ciscodevnet/aci\"]",
      "instances": [
        {
          "schema_version": 1,
          "attributes": {
            "alloc_mode": "inherit",
            "annotation": "orchestrator:terraform",
            "description": "",
            "from": "vlan-297",
            "id": "uni/infra/vlanns-[access]-static/from-[vlan-297]-to-[vlan-297]",
            "name_alias": "",
            "role": "external",
            "to": "vlan-297",
            "vlan_pool_dn": "uni/infra/vlanns-[access]-static"
          },
          "sensitive_attributes": [],
          "private": "eyJzY2hlbWFfdmVyc2lvbiI6IjEifQ==",
          "dependencies": [
            "data.aci_vlan_pool.VLAN_Pool_access"
          ]
        }
      ]
    },
    {
      "mode": "managed",
      "type": "aci_ranges",
      "name": "VLAN_Range_access_298",
      "provider": "provider[\"registry.terraform.io/ciscodevnet/aci\"]",
      "instances": [
        {
          "schema_version": 1,
          "attributes": {
            "alloc_mode": "inherit",
            "annotation": "orchestrator:terraform",
            "description": "",
            "from": "vlan-298",
            "id": "uni/infra/vlanns-[access]-static/from-[vlan-298]-to-[vlan-298]",
            "name_alias": "",
            "role": "external",
            "to": "vlan-298",
            "vlan_pool_dn": "uni/infra/vlanns-[access]-static"
          },
          "sensitive_attributes": [],
          "private": "eyJzY2hlbWFfdmVyc2lvbiI6IjEifQ==",
          "dependencies": [
            "data.aci_vlan_pool.VLAN_Pool_access"
          ]
        }
      ]
    },
    {
      "mode": "managed",
      "type": "aci_ranges",
      "name": "VLAN_Range_access_299",
      "provider": "provider[\"registry.terraform.io/ciscodevnet/aci\"]",
      "instances": [
        {
          "schema_version": 1,
          "attributes": {
            "alloc_mode": "inherit",
            "annotation": "orchestrator:terraform",
            "description": "",
            "from": "vlan-299",
            "id": "uni/infra/vlanns-[access]-static/from-[vlan-299]-to-[vlan-299]",
            "name_alias": "",
            "role": "external",
            "to": "vlan-299",
            "vlan_pool_dn": "uni/infra/vlanns-[access]-static"
          },
          "sensitive_attributes": [],
          "private": "eyJzY2hlbWFfdmVyc2lvbiI6IjEifQ==",
          "dependencies": [
            "data.aci_vlan_pool.VLAN_Pool_access"
          ]
        }
      ]
    },
    {
      "mode": "managed",
      "type": "aci_ranges",
      "name": "VLAN_Range_dynamic_1700",
      "provider": "provider[\"registry.terraform.io/ciscodevnet/aci\"]",
      "instances": [
        {
          "schema_version": 1,
          "attributes": {
            "alloc_mode": "inherit",
            "annotation": "orchestrator:terraform",
            "description": "",
            "from": "vlan-1700",
            "id": "uni/infra/vlanns-[dynamic]-dynamic/from-[vlan-1700]-to-[vlan-1700]",
            "name_alias": "",
            "role": "external",
            "to": "vlan-1700",
            "vlan_pool_dn": "uni/infra/vlanns-[dynamic]-dynamic"
          },
          "sensitive_attributes": [],
          "private": "eyJzY2hlbWFfdmVyc2lvbiI6IjEifQ==",
          "dependencies": [
            "data.aci_vlan_pool.VLAN_Pool_dynamic"
          ]
        }
      ]
    },
    {
      "mode": "managed",
      "type": "aci_ranges",
      "name": "VLAN_Range_dynamic_1701",
      "provider": "provider[\"registry.terraform.io/ciscodevnet/aci\"]",
      "instances": [
        {
          "schema_version": 1,
          "attributes": {
            "alloc_mode": "inherit",
            "annotation": "orchestrator:terraform",
            "description": "",
            "from": "vlan-1701",
            "id": "uni/infra/vlanns-[dynamic]-dynamic/from-[vlan-1701]-to-[vlan-1701]",
            "name_alias": "",
            "role": "external",
            "to": "vlan-1701",
            "vlan_pool_dn": "uni/infra/vlanns-[dynamic]-dynamic"
          },
          "sensitive_attributes": [],
          "private": "eyJzY2hlbWFfdmVyc2lvbiI6IjEifQ==",
          "dependencies": [
            "data.aci_vlan_pool.VLAN_Pool_dynamic"
          ]
        }
      ]
    },
    {
      "mode": "managed",
      "type": "aci_ranges",
      "name": "VLAN_Range_dynamic_1702",
      "provider": "provider[\"registry.terraform.io/ciscodevnet/aci\"]",
      "instances": [
        {
          "schema_version": 1,
          "attributes": {
            "alloc_mode": "inherit",
            "annotation": "orchestrator:terraform",
            "description": "",
            "from": "vlan-1702",
            "id": "uni/infra/vlanns-[dynamic]-dynamic/from-[vlan-1702]-to-[vlan-1702]",
            "name_alias": "",
            "role": "external",
            "to": "vlan-1702",
            "vlan_pool_dn": "uni/infra/vlanns-[dynamic]-dynamic"
          },
          "sensitive_attributes": [],
          "private": "eyJzY2hlbWFfdmVyc2lvbiI6IjEifQ==",
          "dependencies": [
            "data.aci_vlan_pool.VLAN_Pool_dynamic"
          ]
        }
      ]
    },
    {
      "mode": "managed",
      "type": "aci_ranges",
      "name": "VLAN_Range_dynamic_1703",
      "provider": "provider[\"registry.terraform.io/ciscodevnet/aci\"]",
      "instances": [
        {
          "schema_version": 1,
          "attributes": {
            "alloc_mode": "inherit",
            "annotation": "orchestrator:terraform",
            "description": "",
            "from": "vlan-1703",
            "id": "uni/infra/vlanns-[dynamic]-dynamic/from-[vlan-1703]-to-[vlan-1703]",
            "name_alias": "",
            "role": "external",
            "to": "vlan-1703",
            "vlan_pool_dn": "uni/infra/vlanns-[dynamic]-dynamic"
          },
          "sensitive_attributes": [],
          "private": "eyJzY2hlbWFfdmVyc2lvbiI6IjEifQ==",
          "dependencies": [
            "data.aci_vlan_pool.VLAN_Pool_dynamic"
          ]
        }
      ]
    },
    {
      "mode": "managed",
      "type": "aci_ranges",
      "name": "VLAN_Range_dynamic_1704",
      "provider": "provider[\"registry.terraform.io/ciscodevnet/aci\"]",
      "instances": [
        {
          "schema_version": 1,
          "attributes": {
            "alloc_mode": "inherit",
            "annotation": "orchestrator:terraform",
            "description": "",
            "from": "vlan-1704",
            "id": "uni/infra/vlanns-[dynamic]-dynamic/from-[vlan-1704]-to-[vlan-1704]",
            "name_alias": "",
            "role": "external",
            "to": "vlan-1704",
            "vlan_pool_dn": "uni/infra/vlanns-[dynamic]-dynamic"
          },
          "sensitive_attributes": [],
          "private": "eyJzY2hlbWFfdmVyc2lvbiI6IjEifQ==",
          "dependencies": [
            "data.aci_vlan_pool.VLAN_Pool_dynamic"
          ]
        }
      ]
    },
    {
      "mode": "managed",
      "type": "aci_ranges",
      "name": "VLAN_Range_dynamic_1705",
      "provider": "provider[\"registry.terraform.io/ciscodevnet/aci\"]",
      "instances": [
        {
          "schema_version": 1,
          "attributes": {
            "alloc_mode": "inherit",
            "annotation": "orchestrator:terraform",
            "description": "",
            "from": "vlan-1705",
            "id": "uni/infra/vlanns-[dynamic]-dynamic/from-[vlan-1705]-to-[vlan-1705]",
            "name_alias": "",
            "role": "external",
            "to": "vlan-1705",
            "vlan_pool_dn": "uni/infra/vlanns-[dynamic]-dynamic"
          },
          "sensitive_attributes": [],
          "private": "eyJzY2hlbWFfdmVyc2lvbiI6IjEifQ==",
          "dependencies": [
            "data.aci_vlan_pool.VLAN_Pool_dynamic"
          ]
        }
      ]
    },
    {
      "mode": "managed",
      "type": "aci_ranges",
      "name": "VLAN_Range_dynamic_1706",
      "provider": "provider[\"registry.terraform.io/ciscodevnet/aci\"]",
      "instances": [
        {
          "schema_version": 1,
          "attributes": {
            "alloc_mode": "inherit",
            "annotation": "orchestrator:terraform",
            "description": "",
            "from": "vlan-1706",
            "id": "uni/infra/vlanns-[dynamic]-dynamic/from-[vlan-1706]-to-[vlan-1706]",
            "name_alias": "",
            "role": "external",
            "to": "vlan-1706",
            "vlan_pool_dn": "uni/infra/vlanns-[dynamic]-dynamic"
          },
          "sensitive_attributes": [],
          "private": "eyJzY2hlbWFfdmVyc2lvbiI6IjEifQ==",
          "dependencies": [
            "data.aci_vlan_pool.VLAN_Pool_dynamic"
          ]
        }
      ]
    },
    {
      "mode": "managed",
      "type": "aci_ranges",
      "name": "VLAN_Range_dynamic_1707",
      "provider": "provider[\"registry.terraform.io/ciscodevnet/aci\"]",
      "instances": [
        {
          "schema_version": 1,
          "attributes": {
            "alloc_mode": "inherit",
            "annotation": "orchestrator:terraform",
            "description": "",
            "from": "vlan-1707",
            "id": "uni/infra/vlanns-[dynamic]-dynamic/from-[vlan-1707]-to-[vlan-1707]",
            "name_alias": "",
            "role": "external",
            "to": "vlan-1707",
            "vlan_pool_dn": "uni/infra/vlanns-[dynamic]-dynamic"
          },
          "sensitive_attributes": [],
          "private": "eyJzY2hlbWFfdmVyc2lvbiI6IjEifQ==",
          "dependencies": [
            "data.aci_vlan_pool.VLAN_Pool_dynamic"
          ]
        }
      ]
    },
    {
      "mode": "managed",
      "type": "aci_ranges",
      "name": "VLAN_Range_dynamic_1708",
      "provider": "provider[\"registry.terraform.io/ciscodevnet/aci\"]",
      "instances": [
        {
          "schema_version": 1,
          "attributes": {
            "alloc_mode": "inherit",
            "annotation": "orchestrator:terraform",
            "description": "",
            "from": "vlan-1708",
            "id": "uni/infra/vlanns-[dynamic]-dynamic/from-[vlan-1708]-to-[vlan-1708]",
            "name_alias": "",
            "role": "external",
            "to": "vlan-1708",
            "vlan_pool_dn": "uni/infra/vlanns-[dynamic]-dynamic"
          },
          "sensitive_attributes": [],
          "private": "eyJzY2hlbWFfdmVyc2lvbiI6IjEifQ==",
          "dependencies": [
            "data.aci_vlan_pool.VLAN_Pool_dynamic"
          ]
        }
      ]
    },
    {
      "mode": "managed",
      "type": "aci_ranges",
      "name": "VLAN_Range_dynamic_1709",
      "provider": "provider[\"registry.terraform.io/ciscodevnet/aci\"]",
      "instances": [
        {
          "schema_version": 1,
          "attributes": {
            "alloc_mode": "inherit",
            "annotation": "orchestrator:terraform",
            "description": "",
            "from": "vlan-1709",
            "id": "uni/infra/vlanns-[dynamic]-dynamic/from-[vlan-1709]-to-[vlan-1709]",
            "name_alias": "",
            "role": "external",
            "to": "vlan-1709",
            "vlan_pool_dn": "uni/infra/vlanns-[dynamic]-dynamic"
          },
          "sensitive_attributes": [],
          "private": "eyJzY2hlbWFfdmVyc2lvbiI6IjEifQ==",
          "dependencies": [
            "data.aci_vlan_pool.VLAN_Pool_dynamic"
          ]
        }
      ]
    },
    {
      "mode": "managed",
      "type": "aci_ranges",
      "name": "VLAN_Range_dynamic_1710",
      "provider": "provider[\"registry.terraform.io/ciscodevnet/aci\"]",
      "instances": [
        {
          "schema_version": 1,
          "attributes": {
            "alloc_mode": "inherit",
            "annotation": "orchestrator:terraform",
            "description": "",
            "from": "vlan-1710",
            "id": "uni/infra/vlanns-[dynamic]-dynamic/from-[vlan-1710]-to-[vlan-1710]",
            "name_alias": "",
            "role": "external",
            "to": "vlan-1710",
            "vlan_pool_dn": "uni/infra/vlanns-[dynamic]-dynamic"
          },
          "sensitive_attributes": [],
          "private": "eyJzY2hlbWFfdmVyc2lvbiI6IjEifQ==",
          "dependencies": [
            "data.aci_vlan_pool.VLAN_Pool_dynamic"
          ]
        }
      ]
    },
    {
      "mode": "managed",
      "type": "aci_ranges",
      "name": "VLAN_Range_dynamic_1711",
      "provider": "provider[\"registry.terraform.io/ciscodevnet/aci\"]",
      "instances": [
        {
          "schema_version": 1,
          "attributes": {
            "alloc_mode": "inherit",
            "annotation": "orchestrator:terraform",
            "description": "",
            "from": "vlan-1711",
            "id": "uni/infra/vlanns-[dynamic]-dynamic/from-[vlan-1711]-to-[vlan-1711]",
            "name_alias": "",
            "role": "external",
            "to": "vlan-1711",
            "vlan_pool_dn": "uni/infra/vlanns-[dynamic]-dynamic"
          },
          "sensitive_attributes": [],
          "private": "eyJzY2hlbWFfdmVyc2lvbiI6IjEifQ==",
          "dependencies": [
            "data.aci_vlan_pool.VLAN_Pool_dynamic"
          ]
        }
      ]
    },
    {
      "mode": "managed",
      "type": "aci_ranges",
      "name": "VLAN_Range_dynamic_1712",
      "provider": "provider[\"registry.terraform.io/ciscodevnet/aci\"]",
      "instances": [
        {
          "schema_version": 1,
          "attributes": {
            "alloc_mode": "inherit",
            "annotation": "orchestrator:terraform",
            "description": "",
            "from": "vlan-1712",
            "id": "uni/infra/vlanns-[dynamic]-dynamic/from-[vlan-1712]-to-[vlan-1712]",
            "name_alias": "",
            "role": "external",
            "to": "vlan-1712",
            "vlan_pool_dn": "uni/infra/vlanns-[dynamic]-dynamic"
          },
          "sensitive_attributes": [],
          "private": "eyJzY2hlbWFfdmVyc2lvbiI6IjEifQ==",
          "dependencies": [
            "data.aci_vlan_pool.VLAN_Pool_dynamic"
          ]
        }
      ]
    },
    {
      "mode": "managed",
      "type": "aci_ranges",
      "name": "VLAN_Range_dynamic_1713",
      "provider": "provider[\"registry.terraform.io/ciscodevnet/aci\"]",
      "instances": [
        {
          "schema_version": 1,
          "attributes": {
            "alloc_mode": "inherit",
            "annotation": "orchestrator:terraform",
            "description": "",
            "from": "vlan-1713",
            "id": "uni/infra/vlanns-[dynamic]-dynamic/from-[vlan-1713]-to-[vlan-1713]",
            "name_alias": "",
            "role": "external",
            "to": "vlan-1713",
            "vlan_pool_dn": "uni/infra/vlanns-[dynamic]-dynamic"
          },
          "sensitive_attributes": [],
          "private": "eyJzY2hlbWFfdmVyc2lvbiI6IjEifQ==",
          "dependencies": [
            "data.aci_vlan_pool.VLAN_Pool_dynamic"
          ]
        }
      ]
    },
    {
      "mode": "managed",
      "type": "aci_ranges",
      "name": "VLAN_Range_dynamic_1714",
      "provider": "provider[\"registry.terraform.io/ciscodevnet/aci\"]",
      "instances": [
        {
          "schema_version": 1,
          "attributes": {
            "alloc_mode": "inherit",
            "annotation": "orchestrator:terraform",
            "description": "",
            "from": "vlan-1714",
            "id": "uni/infra/vlanns-[dynamic]-dynamic/from-[vlan-1714]-to-[vlan-1714]",
            "name_alias": "",
            "role": "external",
            "to": "vlan-1714",
            "vlan_pool_dn": "uni/infra/vlanns-[dynamic]-dynamic"
          },
          "sensitive_attributes": [],
          "private": "eyJzY2hlbWFfdmVyc2lvbiI6IjEifQ==",
          "dependencies": [
            "data.aci_vlan_pool.VLAN_Pool_dynamic"
          ]
        }
      ]
    },
    {
      "mode": "managed",
      "type": "aci_ranges",
      "name": "VLAN_Range_dynamic_1715",
      "provider": "provider[\"registry.terraform.io/ciscodevnet/aci\"]",
      "instances": [
        {
          "schema_version": 1,
          "attributes": {
            "alloc_mode": "inherit",
            "annotation": "orchestrator:terraform",
            "description": "",
            "from": "vlan-1715",
            "id": "uni/infra/vlanns-[dynamic]-dynamic/from-[vlan-1715]-to-[vlan-1715]",
            "name_alias": "",
            "role": "external",
            "to": "vlan-1715",
            "vlan_pool_dn": "uni/infra/vlanns-[dynamic]-dynamic"
          },
          "sensitive_attributes": [],
          "private": "eyJzY2hlbWFfdmVyc2lvbiI6IjEifQ==",
          "dependencies": [
            "data.aci_vlan_pool.VLAN_Pool_dynamic"
          ]
        }
      ]
    },
    {
      "mode": "managed",
      "type": "aci_ranges",
      "name": "VLAN_Range_dynamic_1716",
      "provider": "provider[\"registry.terraform.io/ciscodevnet/aci\"]",
      "instances": [
        {
          "schema_version": 1,
          "attributes": {
            "alloc_mode": "inherit",
            "annotation": "orchestrator:terraform",
            "description": "",
            "from": "vlan-1716",
            "id": "uni/infra/vlanns-[dynamic]-dynamic/from-[vlan-1716]-to-[vlan-1716]",
            "name_alias": "",
            "role": "external",
            "to": "vlan-1716",
            "vlan_pool_dn": "uni/infra/vlanns-[dynamic]-dynamic"
          },
          "sensitive_attributes": [],
          "private": "eyJzY2hlbWFfdmVyc2lvbiI6IjEifQ==",
          "dependencies": [
            "data.aci_vlan_pool.VLAN_Pool_dynamic"
          ]
        }
      ]
    },
    {
      "mode": "managed",
      "type": "aci_ranges",
      "name": "VLAN_Range_dynamic_1717",
      "provider": "provider[\"registry.terraform.io/ciscodevnet/aci\"]",
      "instances": [
        {
          "schema_version": 1,
          "attributes": {
            "alloc_mode": "inherit",
            "annotation": "orchestrator:terraform",
            "description": "",
            "from": "vlan-1717",
            "id": "uni/infra/vlanns-[dynamic]-dynamic/from-[vlan-1717]-to-[vlan-1717]",
            "name_alias": "",
            "role": "external",
            "to": "vlan-1717",
            "vlan_pool_dn": "uni/infra/vlanns-[dynamic]-dynamic"
          },
          "sensitive_attributes": [],
          "private": "eyJzY2hlbWFfdmVyc2lvbiI6IjEifQ==",
          "dependencies": [
            "data.aci_vlan_pool.VLAN_Pool_dynamic"
          ]
        }
      ]
    },
    {
      "mode": "managed",
      "type": "aci_ranges",
      "name": "VLAN_Range_dynamic_1718",
      "provider": "provider[\"registry.terraform.io/ciscodevnet/aci\"]",
      "instances": [
        {
          "schema_version": 1,
          "attributes": {
            "alloc_mode": "inherit",
            "annotation": "orchestrator:terraform",
            "description": "",
            "from": "vlan-1718",
            "id": "uni/infra/vlanns-[dynamic]-dynamic/from-[vlan-1718]-to-[vlan-1718]",
            "name_alias": "",
            "role": "external",
            "to": "vlan-1718",
            "vlan_pool_dn": "uni/infra/vlanns-[dynamic]-dynamic"
          },
          "sensitive_attributes": [],
          "private": "eyJzY2hlbWFfdmVyc2lvbiI6IjEifQ==",
          "dependencies": [
            "data.aci_vlan_pool.VLAN_Pool_dynamic"
          ]
        }
      ]
    },
    {
      "mode": "managed",
      "type": "aci_ranges",
      "name": "VLAN_Range_dynamic_1719",
      "provider": "provider[\"registry.terraform.io/ciscodevnet/aci\"]",
      "instances": [
        {
          "schema_version": 1,
          "attributes": {
            "alloc_mode": "inherit",
            "annotation": "orchestrator:terraform",
            "description": "",
            "from": "vlan-1719",
            "id": "uni/infra/vlanns-[dynamic]-dynamic/from-[vlan-1719]-to-[vlan-1719]",
            "name_alias": "",
            "role": "external",
            "to": "vlan-1719",
            "vlan_pool_dn": "uni/infra/vlanns-[dynamic]-dynamic"
          },
          "sensitive_attributes": [],
          "private": "eyJzY2hlbWFfdmVyc2lvbiI6IjEifQ==",
          "dependencies": [
            "data.aci_vlan_pool.VLAN_Pool_dynamic"
          ]
        }
      ]
    },
    {
      "mode": "managed",
      "type": "aci_ranges",
      "name": "VLAN_Range_dynamic_1720",
      "provider": "provider[\"registry.terraform.io/ciscodevnet/aci\"]",
      "instances": [
        {
          "schema_version": 1,
          "attributes": {
            "alloc_mode": "inherit",
            "annotation": "orchestrator:terraform",
            "description": "",
            "from": "vlan-1720",
            "id": "uni/infra/vlanns-[dynamic]-dynamic/from-[vlan-1720]-to-[vlan-1720]",
            "name_alias": "",
            "role": "external",
            "to": "vlan-1720",
            "vlan_pool_dn": "uni/infra/vlanns-[dynamic]-dynamic"
          },
          "sensitive_attributes": [],
          "private": "eyJzY2hlbWFfdmVyc2lvbiI6IjEifQ==",
          "dependencies": [
            "data.aci_vlan_pool.VLAN_Pool_dynamic"
          ]
        }
      ]
    },
    {
      "mode": "managed",
      "type": "aci_ranges",
      "name": "VLAN_Range_dynamic_1721",
      "provider": "provider[\"registry.terraform.io/ciscodevnet/aci\"]",
      "instances": [
        {
          "schema_version": 1,
          "attributes": {
            "alloc_mode": "inherit",
            "annotation": "orchestrator:terraform",
            "description": "",
            "from": "vlan-1721",
            "id": "uni/infra/vlanns-[dynamic]-dynamic/from-[vlan-1721]-to-[vlan-1721]",
            "name_alias": "",
            "role": "external",
            "to": "vlan-1721",
            "vlan_pool_dn": "uni/infra/vlanns-[dynamic]-dynamic"
          },
          "sensitive_attributes": [],
          "private": "eyJzY2hlbWFfdmVyc2lvbiI6IjEifQ==",
          "dependencies": [
            "data.aci_vlan_pool.VLAN_Pool_dynamic"
          ]
        }
      ]
    },
    {
      "mode": "managed",
      "type": "aci_ranges",
      "name": "VLAN_Range_dynamic_1722",
      "provider": "provider[\"registry.terraform.io/ciscodevnet/aci\"]",
      "instances": [
        {
          "schema_version": 1,
          "attributes": {
            "alloc_mode": "inherit",
            "annotation": "orchestrator:terraform",
            "description": "",
            "from": "vlan-1722",
            "id": "uni/infra/vlanns-[dynamic]-dynamic/from-[vlan-1722]-to-[vlan-1722]",
            "name_alias": "",
            "role": "external",
            "to": "vlan-1722",
            "vlan_pool_dn": "uni/infra/vlanns-[dynamic]-dynamic"
          },
          "sensitive_attributes": [],
          "private": "eyJzY2hlbWFfdmVyc2lvbiI6IjEifQ==",
          "dependencies": [
            "data.aci_vlan_pool.VLAN_Pool_dynamic"
          ]
        }
      ]
    },
    {
      "mode": "managed",
      "type": "aci_ranges",
      "name": "VLAN_Range_dynamic_1723",
      "provider": "provider[\"registry.terraform.io/ciscodevnet/aci\"]",
      "instances": [
        {
          "schema_version": 1,
          "attributes": {
            "alloc_mode": "inherit",
            "annotation": "orchestrator:terraform",
            "description": "",
            "from": "vlan-1723",
            "id": "uni/infra/vlanns-[dynamic]-dynamic/from-[vlan-1723]-to-[vlan-1723]",
            "name_alias": "",
            "role": "external",
            "to": "vlan-1723",
            "vlan_pool_dn": "uni/infra/vlanns-[dynamic]-dynamic"
          },
          "sensitive_attributes": [],
          "private": "eyJzY2hlbWFfdmVyc2lvbiI6IjEifQ==",
          "dependencies": [
            "data.aci_vlan_pool.VLAN_Pool_dynamic"
          ]
        }
      ]
    },
    {
      "mode": "managed",
      "type": "aci_ranges",
      "name": "VLAN_Range_dynamic_1724",
      "provider": "provider[\"registry.terraform.io/ciscodevnet/aci\"]",
      "instances": [
        {
          "schema_version": 1,
          "attributes": {
            "alloc_mode": "inherit",
            "annotation": "orchestrator:terraform",
            "description": "",
            "from": "vlan-1724",
            "id": "uni/infra/vlanns-[dynamic]-dynamic/from-[vlan-1724]-to-[vlan-1724]",
            "name_alias": "",
            "role": "external",
            "to": "vlan-1724",
            "vlan_pool_dn": "uni/infra/vlanns-[dynamic]-dynamic"
          },
          "sensitive_attributes": [],
          "private": "eyJzY2hlbWFfdmVyc2lvbiI6IjEifQ==",
          "dependencies": [
            "data.aci_vlan_pool.VLAN_Pool_dynamic"
          ]
        }
      ]
    },
    {
      "mode": "managed",
      "type": "aci_ranges",
      "name": "VLAN_Range_dynamic_1725",
      "provider": "provider[\"registry.terraform.io/ciscodevnet/aci\"]",
      "instances": [
        {
          "schema_version": 1,
          "attributes": {
            "alloc_mode": "inherit",
            "annotation": "orchestrator:terraform",
            "description": "",
            "from": "vlan-1725",
            "id": "uni/infra/vlanns-[dynamic]-dynamic/from-[vlan-1725]-to-[vlan-1725]",
            "name_alias": "",
            "role": "external",
            "to": "vlan-1725",
            "vlan_pool_dn": "uni/infra/vlanns-[dynamic]-dynamic"
          },
          "sensitive_attributes": [],
          "private": "eyJzY2hlbWFfdmVyc2lvbiI6IjEifQ==",
          "dependencies": [
            "data.aci_vlan_pool.VLAN_Pool_dynamic"
          ]
        }
      ]
    },
    {
      "mode": "managed",
      "type": "aci_ranges",
      "name": "VLAN_Range_dynamic_1726",
      "provider": "provider[\"registry.terraform.io/ciscodevnet/aci\"]",
      "instances": [
        {
          "schema_version": 1,
          "attributes": {
            "alloc_mode": "inherit",
            "annotation": "orchestrator:terraform",
            "description": "",
            "from": "vlan-1726",
            "id": "uni/infra/vlanns-[dynamic]-dynamic/from-[vlan-1726]-to-[vlan-1726]",
            "name_alias": "",
            "role": "external",
            "to": "vlan-1726",
            "vlan_pool_dn": "uni/infra/vlanns-[dynamic]-dynamic"
          },
          "sensitive_attributes": [],
          "private": "eyJzY2hlbWFfdmVyc2lvbiI6IjEifQ==",
          "dependencies": [
            "data.aci_vlan_pool.VLAN_Pool_dynamic"
          ]
        }
      ]
    },
    {
      "mode": "managed",
      "type": "aci_ranges",
      "name": "VLAN_Range_dynamic_1727",
      "provider": "provider[\"registry.terraform.io/ciscodevnet/aci\"]",
      "instances": [
        {
          "schema_version": 1,
          "attributes": {
            "alloc_mode": "inherit",
            "annotation": "orchestrator:terraform",
            "description": "",
            "from": "vlan-1727",
            "id": "uni/infra/vlanns-[dynamic]-dynamic/from-[vlan-1727]-to-[vlan-1727]",
            "name_alias": "",
            "role": "external",
            "to": "vlan-1727",
            "vlan_pool_dn": "uni/infra/vlanns-[dynamic]-dynamic"
          },
          "sensitive_attributes": [],
          "private": "eyJzY2hlbWFfdmVyc2lvbiI6IjEifQ==",
          "dependencies": [
            "data.aci_vlan_pool.VLAN_Pool_dynamic"
          ]
        }
      ]
    },
    {
      "mode": "managed",
      "type": "aci_ranges",
      "name": "VLAN_Range_dynamic_1728",
      "provider": "provider[\"registry.terraform.io/ciscodevnet/aci\"]",
      "instances": [
        {
          "schema_version": 1,
          "attributes": {
            "alloc_mode": "inherit",
            "annotation": "orchestrator:terraform",
            "description": "",
            "from": "vlan-1728",
            "id": "uni/infra/vlanns-[dynamic]-dynamic/from-[vlan-1728]-to-[vlan-1728]",
            "name_alias": "",
            "role": "external",
            "to": "vlan-1728",
            "vlan_pool_dn": "uni/infra/vlanns-[dynamic]-dynamic"
          },
          "sensitive_attributes": [],
          "private": "eyJzY2hlbWFfdmVyc2lvbiI6IjEifQ==",
          "dependencies": [
            "data.aci_vlan_pool.VLAN_Pool_dynamic"
          ]
        }
      ]
    },
    {
      "mode": "managed",
      "type": "aci_ranges",
      "name": "VLAN_Range_dynamic_1729",
      "provider": "provider[\"registry.terraform.io/ciscodevnet/aci\"]",
      "instances": [
        {
          "schema_version": 1,
          "attributes": {
            "alloc_mode": "inherit",
            "annotation": "orchestrator:terraform",
            "description": "",
            "from": "vlan-1729",
            "id": "uni/infra/vlanns-[dynamic]-dynamic/from-[vlan-1729]-to-[vlan-1729]",
            "name_alias": "",
            "role": "external",
            "to": "vlan-1729",
            "vlan_pool_dn": "uni/infra/vlanns-[dynamic]-dynamic"
          },
          "sensitive_attributes": [],
          "private": "eyJzY2hlbWFfdmVyc2lvbiI6IjEifQ==",
          "dependencies": [
            "data.aci_vlan_pool.VLAN_Pool_dynamic"
          ]
        }
      ]
    },
    {
      "mode": "managed",
      "type": "aci_ranges",
      "name": "VLAN_Range_dynamic_1730",
      "provider": "provider[\"registry.terraform.io/ciscodevnet/aci\"]",
      "instances": [
        {
          "schema_version": 1,
          "attributes": {
            "alloc_mode": "inherit",
            "annotation": "orchestrator:terraform",
            "description": "",
            "from": "vlan-1730",
            "id": "uni/infra/vlanns-[dynamic]-dynamic/from-[vlan-1730]-to-[vlan-1730]",
            "name_alias": "",
            "role": "external",
            "to": "vlan-1730",
            "vlan_pool_dn": "uni/infra/vlanns-[dynamic]-dynamic"
          },
          "sensitive_attributes": [],
          "private": "eyJzY2hlbWFfdmVyc2lvbiI6IjEifQ==",
          "dependencies": [
            "data.aci_vlan_pool.VLAN_Pool_dynamic"
          ]
        }
      ]
    },
    {
      "mode": "managed",
      "type": "aci_ranges",
      "name": "VLAN_Range_dynamic_1731",
      "provider": "provider[\"registry.terraform.io/ciscodevnet/aci\"]",
      "instances": [
        {
          "schema_version": 1,
          "attributes": {
            "alloc_mode": "inherit",
            "annotation": "orchestrator:terraform",
            "description": "",
            "from": "vlan-1731",
            "id": "uni/infra/vlanns-[dynamic]-dynamic/from-[vlan-1731]-to-[vlan-1731]",
            "name_alias": "",
            "role": "external",
            "to": "vlan-1731",
            "vlan_pool_dn": "uni/infra/vlanns-[dynamic]-dynamic"
          },
          "sensitive_attributes": [],
          "private": "eyJzY2hlbWFfdmVyc2lvbiI6IjEifQ==",
          "dependencies": [
            "data.aci_vlan_pool.VLAN_Pool_dynamic"
          ]
        }
      ]
    },
    {
      "mode": "managed",
      "type": "aci_ranges",
      "name": "VLAN_Range_dynamic_1732",
      "provider": "provider[\"registry.terraform.io/ciscodevnet/aci\"]",
      "instances": [
        {
          "schema_version": 1,
          "attributes": {
            "alloc_mode": "inherit",
            "annotation": "orchestrator:terraform",
            "description": "",
            "from": "vlan-1732",
            "id": "uni/infra/vlanns-[dynamic]-dynamic/from-[vlan-1732]-to-[vlan-1732]",
            "name_alias": "",
            "role": "external",
            "to": "vlan-1732",
            "vlan_pool_dn": "uni/infra/vlanns-[dynamic]-dynamic"
          },
          "sensitive_attributes": [],
          "private": "eyJzY2hlbWFfdmVyc2lvbiI6IjEifQ==",
          "dependencies": [
            "data.aci_vlan_pool.VLAN_Pool_dynamic"
          ]
        }
      ]
    },
    {
      "mode": "managed",
      "type": "aci_ranges",
      "name": "VLAN_Range_dynamic_1733",
      "provider": "provider[\"registry.terraform.io/ciscodevnet/aci\"]",
      "instances": [
        {
          "schema_version": 1,
          "attributes": {
            "alloc_mode": "inherit",
            "annotation": "orchestrator:terraform",
            "description": "",
            "from": "vlan-1733",
            "id": "uni/infra/vlanns-[dynamic]-dynamic/from-[vlan-1733]-to-[vlan-1733]",
            "name_alias": "",
            "role": "external",
            "to": "vlan-1733",
            "vlan_pool_dn": "uni/infra/vlanns-[dynamic]-dynamic"
          },
          "sensitive_attributes": [],
          "private": "eyJzY2hlbWFfdmVyc2lvbiI6IjEifQ==",
          "dependencies": [
            "data.aci_vlan_pool.VLAN_Pool_dynamic"
          ]
        }
      ]
    },
    {
      "mode": "managed",
      "type": "aci_ranges",
      "name": "VLAN_Range_dynamic_1734",
      "provider": "provider[\"registry.terraform.io/ciscodevnet/aci\"]",
      "instances": [
        {
          "schema_version": 1,
          "attributes": {
            "alloc_mode": "inherit",
            "annotation": "orchestrator:terraform",
            "description": "",
            "from": "vlan-1734",
            "id": "uni/infra/vlanns-[dynamic]-dynamic/from-[vlan-1734]-to-[vlan-1734]",
            "name_alias": "",
            "role": "external",
            "to": "vlan-1734",
            "vlan_pool_dn": "uni/infra/vlanns-[dynamic]-dynamic"
          },
          "sensitive_attributes": [],
          "private": "eyJzY2hlbWFfdmVyc2lvbiI6IjEifQ==",
          "dependencies": [
            "data.aci_vlan_pool.VLAN_Pool_dynamic"
          ]
        }
      ]
    },
    {
      "mode": "managed",
      "type": "aci_ranges",
      "name": "VLAN_Range_dynamic_1735",
      "provider": "provider[\"registry.terraform.io/ciscodevnet/aci\"]",
      "instances": [
        {
          "schema_version": 1,
          "attributes": {
            "alloc_mode": "inherit",
            "annotation": "orchestrator:terraform",
            "description": "",
            "from": "vlan-1735",
            "id": "uni/infra/vlanns-[dynamic]-dynamic/from-[vlan-1735]-to-[vlan-1735]",
            "name_alias": "",
            "role": "external",
            "to": "vlan-1735",
            "vlan_pool_dn": "uni/infra/vlanns-[dynamic]-dynamic"
          },
          "sensitive_attributes": [],
          "private": "eyJzY2hlbWFfdmVyc2lvbiI6IjEifQ==",
          "dependencies": [
            "data.aci_vlan_pool.VLAN_Pool_dynamic"
          ]
        }
      ]
    },
    {
      "mode": "managed",
      "type": "aci_ranges",
      "name": "VLAN_Range_dynamic_1736",
      "provider": "provider[\"registry.terraform.io/ciscodevnet/aci\"]",
      "instances": [
        {
          "schema_version": 1,
          "attributes": {
            "alloc_mode": "inherit",
            "annotation": "orchestrator:terraform",
            "description": "",
            "from": "vlan-1736",
            "id": "uni/infra/vlanns-[dynamic]-dynamic/from-[vlan-1736]-to-[vlan-1736]",
            "name_alias": "",
            "role": "external",
            "to": "vlan-1736",
            "vlan_pool_dn": "uni/infra/vlanns-[dynamic]-dynamic"
          },
          "sensitive_attributes": [],
          "private": "eyJzY2hlbWFfdmVyc2lvbiI6IjEifQ==",
          "dependencies": [
            "data.aci_vlan_pool.VLAN_Pool_dynamic"
          ]
        }
      ]
    },
    {
      "mode": "managed",
      "type": "aci_ranges",
      "name": "VLAN_Range_dynamic_1737",
      "provider": "provider[\"registry.terraform.io/ciscodevnet/aci\"]",
      "instances": [
        {
          "schema_version": 1,
          "attributes": {
            "alloc_mode": "inherit",
            "annotation": "orchestrator:terraform",
            "description": "",
            "from": "vlan-1737",
            "id": "uni/infra/vlanns-[dynamic]-dynamic/from-[vlan-1737]-to-[vlan-1737]",
            "name_alias": "",
            "role": "external",
            "to": "vlan-1737",
            "vlan_pool_dn": "uni/infra/vlanns-[dynamic]-dynamic"
          },
          "sensitive_attributes": [],
          "private": "eyJzY2hlbWFfdmVyc2lvbiI6IjEifQ==",
          "dependencies": [
            "data.aci_vlan_pool.VLAN_Pool_dynamic"
          ]
        }
      ]
    },
    {
      "mode": "managed",
      "type": "aci_ranges",
      "name": "VLAN_Range_dynamic_1738",
      "provider": "provider[\"registry.terraform.io/ciscodevnet/aci\"]",
      "instances": [
        {
          "schema_version": 1,
          "attributes": {
            "alloc_mode": "inherit",
            "annotation": "orchestrator:terraform",
            "description": "",
            "from": "vlan-1738",
            "id": "uni/infra/vlanns-[dynamic]-dynamic/from-[vlan-1738]-to-[vlan-1738]",
            "name_alias": "",
            "role": "external",
            "to": "vlan-1738",
            "vlan_pool_dn": "uni/infra/vlanns-[dynamic]-dynamic"
          },
          "sensitive_attributes": [],
          "private": "eyJzY2hlbWFfdmVyc2lvbiI6IjEifQ==",
          "dependencies": [
            "data.aci_vlan_pool.VLAN_Pool_dynamic"
          ]
        }
      ]
    },
    {
      "mode": "managed",
      "type": "aci_ranges",
      "name": "VLAN_Range_dynamic_1739",
      "provider": "provider[\"registry.terraform.io/ciscodevnet/aci\"]",
      "instances": [
        {
          "schema_version": 1,
          "attributes": {
            "alloc_mode": "inherit",
            "annotation": "orchestrator:terraform",
            "description": "",
            "from": "vlan-1739",
            "id": "uni/infra/vlanns-[dynamic]-dynamic/from-[vlan-1739]-to-[vlan-1739]",
            "name_alias": "",
            "role": "external",
            "to": "vlan-1739",
            "vlan_pool_dn": "uni/infra/vlanns-[dynamic]-dynamic"
          },
          "sensitive_attributes": [],
          "private": "eyJzY2hlbWFfdmVyc2lvbiI6IjEifQ==",
          "dependencies": [
            "data.aci_vlan_pool.VLAN_Pool_dynamic"
          ]
        }
      ]
    },
    {
      "mode": "managed",
      "type": "aci_ranges",
      "name": "VLAN_Range_dynamic_1740",
      "provider": "provider[\"registry.terraform.io/ciscodevnet/aci\"]",
      "instances": [
        {
          "schema_version": 1,
          "attributes": {
            "alloc_mode": "inherit",
            "annotation": "orchestrator:terraform",
            "description": "",
            "from": "vlan-1740",
            "id": "uni/infra/vlanns-[dynamic]-dynamic/from-[vlan-1740]-to-[vlan-1740]",
            "name_alias": "",
            "role": "external",
            "to": "vlan-1740",
            "vlan_pool_dn": "uni/infra/vlanns-[dynamic]-dynamic"
          },
          "sensitive_attributes": [],
          "private": "eyJzY2hlbWFfdmVyc2lvbiI6IjEifQ==",
          "dependencies": [
            "data.aci_vlan_pool.VLAN_Pool_dynamic"
          ]
        }
      ]
    },
    {
      "mode": "managed",
      "type": "aci_ranges",
      "name": "VLAN_Range_dynamic_1741",
      "provider": "provider[\"registry.terraform.io/ciscodevnet/aci\"]",
      "instances": [
        {
          "schema_version": 1,
          "attributes": {
            "alloc_mode": "inherit",
            "annotation": "orchestrator:terraform",
            "description": "",
            "from": "vlan-1741",
            "id": "uni/infra/vlanns-[dynamic]-dynamic/from-[vlan-1741]-to-[vlan-1741]",
            "name_alias": "",
            "role": "external",
            "to": "vlan-1741",
            "vlan_pool_dn": "uni/infra/vlanns-[dynamic]-dynamic"
          },
          "sensitive_attributes": [],
          "private": "eyJzY2hlbWFfdmVyc2lvbiI6IjEifQ==",
          "dependencies": [
            "data.aci_vlan_pool.VLAN_Pool_dynamic"
          ]
        }
      ]
    },
    {
      "mode": "managed",
      "type": "aci_ranges",
      "name": "VLAN_Range_dynamic_1742",
      "provider": "provider[\"registry.terraform.io/ciscodevnet/aci\"]",
      "instances": [
        {
          "schema_version": 1,
          "attributes": {
            "alloc_mode": "inherit",
            "annotation": "orchestrator:terraform",
            "description": "",
            "from": "vlan-1742",
            "id": "uni/infra/vlanns-[dynamic]-dynamic/from-[vlan-1742]-to-[vlan-1742]",
            "name_alias": "",
            "role": "external",
            "to": "vlan-1742",
            "vlan_pool_dn": "uni/infra/vlanns-[dynamic]-dynamic"
          },
          "sensitive_attributes": [],
          "private": "eyJzY2hlbWFfdmVyc2lvbiI6IjEifQ==",
          "dependencies": [
            "data.aci_vlan_pool.VLAN_Pool_dynamic"
          ]
        }
      ]
    },
    {
      "mode": "managed",
      "type": "aci_ranges",
      "name": "VLAN_Range_dynamic_1743",
      "provider": "provider[\"registry.terraform.io/ciscodevnet/aci\"]",
      "instances": [
        {
          "schema_version": 1,
          "attributes": {
            "alloc_mode": "inherit",
            "annotation": "orchestrator:terraform",
            "description": "",
            "from": "vlan-1743",
            "id": "uni/infra/vlanns-[dynamic]-dynamic/from-[vlan-1743]-to-[vlan-1743]",
            "name_alias": "",
            "role": "external",
            "to": "vlan-1743",
            "vlan_pool_dn": "uni/infra/vlanns-[dynamic]-dynamic"
          },
          "sensitive_attributes": [],
          "private": "eyJzY2hlbWFfdmVyc2lvbiI6IjEifQ==",
          "dependencies": [
            "data.aci_vlan_pool.VLAN_Pool_dynamic"
          ]
        }
      ]
    },
    {
      "mode": "managed",
      "type": "aci_ranges",
      "name": "VLAN_Range_dynamic_1744",
      "provider": "provider[\"registry.terraform.io/ciscodevnet/aci\"]",
      "instances": [
        {
          "schema_version": 1,
          "attributes": {
            "alloc_mode": "inherit",
            "annotation": "orchestrator:terraform",
            "description": "",
            "from": "vlan-1744",
            "id": "uni/infra/vlanns-[dynamic]-dynamic/from-[vlan-1744]-to-[vlan-1744]",
            "name_alias": "",
            "role": "external",
            "to": "vlan-1744",
            "vlan_pool_dn": "uni/infra/vlanns-[dynamic]-dynamic"
          },
          "sensitive_attributes": [],
          "private": "eyJzY2hlbWFfdmVyc2lvbiI6IjEifQ==",
          "dependencies": [
            "data.aci_vlan_pool.VLAN_Pool_dynamic"
          ]
        }
      ]
    },
    {
      "mode": "managed",
      "type": "aci_ranges",
      "name": "VLAN_Range_dynamic_1745",
      "provider": "provider[\"registry.terraform.io/ciscodevnet/aci\"]",
      "instances": [
        {
          "schema_version": 1,
          "attributes": {
            "alloc_mode": "inherit",
            "annotation": "orchestrator:terraform",
            "description": "",
            "from": "vlan-1745",
            "id": "uni/infra/vlanns-[dynamic]-dynamic/from-[vlan-1745]-to-[vlan-1745]",
            "name_alias": "",
            "role": "external",
            "to": "vlan-1745",
            "vlan_pool_dn": "uni/infra/vlanns-[dynamic]-dynamic"
          },
          "sensitive_attributes": [],
          "private": "eyJzY2hlbWFfdmVyc2lvbiI6IjEifQ==",
          "dependencies": [
            "data.aci_vlan_pool.VLAN_Pool_dynamic"
          ]
        }
      ]
    },
    {
      "mode": "managed",
      "type": "aci_ranges",
      "name": "VLAN_Range_dynamic_1746",
      "provider": "provider[\"registry.terraform.io/ciscodevnet/aci\"]",
      "instances": [
        {
          "schema_version": 1,
          "attributes": {
            "alloc_mode": "inherit",
            "annotation": "orchestrator:terraform",
            "description": "",
            "from": "vlan-1746",
            "id": "uni/infra/vlanns-[dynamic]-dynamic/from-[vlan-1746]-to-[vlan-1746]",
            "name_alias": "",
            "role": "external",
            "to": "vlan-1746",
            "vlan_pool_dn": "uni/infra/vlanns-[dynamic]-dynamic"
          },
          "sensitive_attributes": [],
          "private": "eyJzY2hlbWFfdmVyc2lvbiI6IjEifQ==",
          "dependencies": [
            "data.aci_vlan_pool.VLAN_Pool_dynamic"
          ]
        }
      ]
    },
    {
      "mode": "managed",
      "type": "aci_ranges",
      "name": "VLAN_Range_dynamic_1747",
      "provider": "provider[\"registry.terraform.io/ciscodevnet/aci\"]",
      "instances": [
        {
          "schema_version": 1,
          "attributes": {
            "alloc_mode": "inherit",
            "annotation": "orchestrator:terraform",
            "description": "",
            "from": "vlan-1747",
            "id": "uni/infra/vlanns-[dynamic]-dynamic/from-[vlan-1747]-to-[vlan-1747]",
            "name_alias": "",
            "role": "external",
            "to": "vlan-1747",
            "vlan_pool_dn": "uni/infra/vlanns-[dynamic]-dynamic"
          },
          "sensitive_attributes": [],
          "private": "eyJzY2hlbWFfdmVyc2lvbiI6IjEifQ==",
          "dependencies": [
            "data.aci_vlan_pool.VLAN_Pool_dynamic"
          ]
        }
      ]
    },
    {
      "mode": "managed",
      "type": "aci_ranges",
      "name": "VLAN_Range_dynamic_1748",
      "provider": "provider[\"registry.terraform.io/ciscodevnet/aci\"]",
      "instances": [
        {
          "schema_version": 1,
          "attributes": {
            "alloc_mode": "inherit",
            "annotation": "orchestrator:terraform",
            "description": "",
            "from": "vlan-1748",
            "id": "uni/infra/vlanns-[dynamic]-dynamic/from-[vlan-1748]-to-[vlan-1748]",
            "name_alias": "",
            "role": "external",
            "to": "vlan-1748",
            "vlan_pool_dn": "uni/infra/vlanns-[dynamic]-dynamic"
          },
          "sensitive_attributes": [],
          "private": "eyJzY2hlbWFfdmVyc2lvbiI6IjEifQ==",
          "dependencies": [
            "data.aci_vlan_pool.VLAN_Pool_dynamic"
          ]
        }
      ]
    },
    {
      "mode": "managed",
      "type": "aci_ranges",
      "name": "VLAN_Range_dynamic_1749",
      "provider": "provider[\"registry.terraform.io/ciscodevnet/aci\"]",
      "instances": [
        {
          "schema_version": 1,
          "attributes": {
            "alloc_mode": "inherit",
            "annotation": "orchestrator:terraform",
            "description": "",
            "from": "vlan-1749",
            "id": "uni/infra/vlanns-[dynamic]-dynamic/from-[vlan-1749]-to-[vlan-1749]",
            "name_alias": "",
            "role": "external",
            "to": "vlan-1749",
            "vlan_pool_dn": "uni/infra/vlanns-[dynamic]-dynamic"
          },
          "sensitive_attributes": [],
          "private": "eyJzY2hlbWFfdmVyc2lvbiI6IjEifQ==",
          "dependencies": [
            "data.aci_vlan_pool.VLAN_Pool_dynamic"
          ]
        }
      ]
    },
    {
      "mode": "managed",
      "type": "aci_ranges",
      "name": "VLAN_Range_dynamic_1750",
      "provider": "provider[\"registry.terraform.io/ciscodevnet/aci\"]",
      "instances": [
        {
          "schema_version": 1,
          "attributes": {
            "alloc_mode": "inherit",
            "annotation": "orchestrator:terraform",
            "description": "",
            "from": "vlan-1750",
            "id": "uni/infra/vlanns-[dynamic]-dynamic/from-[vlan-1750]-to-[vlan-1750]",
            "name_alias": "",
            "role": "external",
            "to": "vlan-1750",
            "vlan_pool_dn": "uni/infra/vlanns-[dynamic]-dynamic"
          },
          "sensitive_attributes": [],
          "private": "eyJzY2hlbWFfdmVyc2lvbiI6IjEifQ==",
          "dependencies": [
            "data.aci_vlan_pool.VLAN_Pool_dynamic"
          ]
        }
      ]
    },
    {
      "mode": "managed",
      "type": "aci_ranges",
      "name": "VLAN_Range_dynamic_1751",
      "provider": "provider[\"registry.terraform.io/ciscodevnet/aci\"]",
      "instances": [
        {
          "schema_version": 1,
          "attributes": {
            "alloc_mode": "inherit",
            "annotation": "orchestrator:terraform",
            "description": "",
            "from": "vlan-1751",
            "id": "uni/infra/vlanns-[dynamic]-dynamic/from-[vlan-1751]-to-[vlan-1751]",
            "name_alias": "",
            "role": "external",
            "to": "vlan-1751",
            "vlan_pool_dn": "uni/infra/vlanns-[dynamic]-dynamic"
          },
          "sensitive_attributes": [],
          "private": "eyJzY2hlbWFfdmVyc2lvbiI6IjEifQ==",
          "dependencies": [
            "data.aci_vlan_pool.VLAN_Pool_dynamic"
          ]
        }
      ]
    },
    {
      "mode": "managed",
      "type": "aci_ranges",
      "name": "VLAN_Range_dynamic_1752",
      "provider": "provider[\"registry.terraform.io/ciscodevnet/aci\"]",
      "instances": [
        {
          "schema_version": 1,
          "attributes": {
            "alloc_mode": "inherit",
            "annotation": "orchestrator:terraform",
            "description": "",
            "from": "vlan-1752",
            "id": "uni/infra/vlanns-[dynamic]-dynamic/from-[vlan-1752]-to-[vlan-1752]",
            "name_alias": "",
            "role": "external",
            "to": "vlan-1752",
            "vlan_pool_dn": "uni/infra/vlanns-[dynamic]-dynamic"
          },
          "sensitive_attributes": [],
          "private": "eyJzY2hlbWFfdmVyc2lvbiI6IjEifQ==",
          "dependencies": [
            "data.aci_vlan_pool.VLAN_Pool_dynamic"
          ]
        }
      ]
    },
    {
      "mode": "managed",
      "type": "aci_ranges",
      "name": "VLAN_Range_dynamic_1753",
      "provider": "provider[\"registry.terraform.io/ciscodevnet/aci\"]",
      "instances": [
        {
          "schema_version": 1,
          "attributes": {
            "alloc_mode": "inherit",
            "annotation": "orchestrator:terraform",
            "description": "",
            "from": "vlan-1753",
            "id": "uni/infra/vlanns-[dynamic]-dynamic/from-[vlan-1753]-to-[vlan-1753]",
            "name_alias": "",
            "role": "external",
            "to": "vlan-1753",
            "vlan_pool_dn": "uni/infra/vlanns-[dynamic]-dynamic"
          },
          "sensitive_attributes": [],
          "private": "eyJzY2hlbWFfdmVyc2lvbiI6IjEifQ==",
          "dependencies": [
            "data.aci_vlan_pool.VLAN_Pool_dynamic"
          ]
        }
      ]
    },
    {
      "mode": "managed",
      "type": "aci_ranges",
      "name": "VLAN_Range_dynamic_1754",
      "provider": "provider[\"registry.terraform.io/ciscodevnet/aci\"]",
      "instances": [
        {
          "schema_version": 1,
          "attributes": {
            "alloc_mode": "inherit",
            "annotation": "orchestrator:terraform",
            "description": "",
            "from": "vlan-1754",
            "id": "uni/infra/vlanns-[dynamic]-dynamic/from-[vlan-1754]-to-[vlan-1754]",
            "name_alias": "",
            "role": "external",
            "to": "vlan-1754",
            "vlan_pool_dn": "uni/infra/vlanns-[dynamic]-dynamic"
          },
          "sensitive_attributes": [],
          "private": "eyJzY2hlbWFfdmVyc2lvbiI6IjEifQ==",
          "dependencies": [
            "data.aci_vlan_pool.VLAN_Pool_dynamic"
          ]
        }
      ]
    },
    {
      "mode": "managed",
      "type": "aci_ranges",
      "name": "VLAN_Range_dynamic_1755",
      "provider": "provider[\"registry.terraform.io/ciscodevnet/aci\"]",
      "instances": [
        {
          "schema_version": 1,
          "attributes": {
            "alloc_mode": "inherit",
            "annotation": "orchestrator:terraform",
            "description": "",
            "from": "vlan-1755",
            "id": "uni/infra/vlanns-[dynamic]-dynamic/from-[vlan-1755]-to-[vlan-1755]",
            "name_alias": "",
            "role": "external",
            "to": "vlan-1755",
            "vlan_pool_dn": "uni/infra/vlanns-[dynamic]-dynamic"
          },
          "sensitive_attributes": [],
          "private": "eyJzY2hlbWFfdmVyc2lvbiI6IjEifQ==",
          "dependencies": [
            "data.aci_vlan_pool.VLAN_Pool_dynamic"
          ]
        }
      ]
    },
    {
      "mode": "managed",
      "type": "aci_ranges",
      "name": "VLAN_Range_dynamic_1756",
      "provider": "provider[\"registry.terraform.io/ciscodevnet/aci\"]",
      "instances": [
        {
          "schema_version": 1,
          "attributes": {
            "alloc_mode": "inherit",
            "annotation": "orchestrator:terraform",
            "description": "",
            "from": "vlan-1756",
            "id": "uni/infra/vlanns-[dynamic]-dynamic/from-[vlan-1756]-to-[vlan-1756]",
            "name_alias": "",
            "role": "external",
            "to": "vlan-1756",
            "vlan_pool_dn": "uni/infra/vlanns-[dynamic]-dynamic"
          },
          "sensitive_attributes": [],
          "private": "eyJzY2hlbWFfdmVyc2lvbiI6IjEifQ==",
          "dependencies": [
            "data.aci_vlan_pool.VLAN_Pool_dynamic"
          ]
        }
      ]
    },
    {
      "mode": "managed",
      "type": "aci_ranges",
      "name": "VLAN_Range_dynamic_1757",
      "provider": "provider[\"registry.terraform.io/ciscodevnet/aci\"]",
      "instances": [
        {
          "schema_version": 1,
          "attributes": {
            "alloc_mode": "inherit",
            "annotation": "orchestrator:terraform",
            "description": "",
            "from": "vlan-1757",
            "id": "uni/infra/vlanns-[dynamic]-dynamic/from-[vlan-1757]-to-[vlan-1757]",
            "name_alias": "",
            "role": "external",
            "to": "vlan-1757",
            "vlan_pool_dn": "uni/infra/vlanns-[dynamic]-dynamic"
          },
          "sensitive_attributes": [],
          "private": "eyJzY2hlbWFfdmVyc2lvbiI6IjEifQ==",
          "dependencies": [
            "data.aci_vlan_pool.VLAN_Pool_dynamic"
          ]
        }
      ]
    },
    {
      "mode": "managed",
      "type": "aci_ranges",
      "name": "VLAN_Range_dynamic_1758",
      "provider": "provider[\"registry.terraform.io/ciscodevnet/aci\"]",
      "instances": [
        {
          "schema_version": 1,
          "attributes": {
            "alloc_mode": "inherit",
            "annotation": "orchestrator:terraform",
            "description": "",
            "from": "vlan-1758",
            "id": "uni/infra/vlanns-[dynamic]-dynamic/from-[vlan-1758]-to-[vlan-1758]",
            "name_alias": "",
            "role": "external",
            "to": "vlan-1758",
            "vlan_pool_dn": "uni/infra/vlanns-[dynamic]-dynamic"
          },
          "sensitive_attributes": [],
          "private": "eyJzY2hlbWFfdmVyc2lvbiI6IjEifQ==",
          "dependencies": [
            "data.aci_vlan_pool.VLAN_Pool_dynamic"
          ]
        }
      ]
    },
    {
      "mode": "managed",
      "type": "aci_ranges",
      "name": "VLAN_Range_dynamic_1759",
      "provider": "provider[\"registry.terraform.io/ciscodevnet/aci\"]",
      "instances": [
        {
          "schema_version": 1,
          "attributes": {
            "alloc_mode": "inherit",
            "annotation": "orchestrator:terraform",
            "description": "",
            "from": "vlan-1759",
            "id": "uni/infra/vlanns-[dynamic]-dynamic/from-[vlan-1759]-to-[vlan-1759]",
            "name_alias": "",
            "role": "external",
            "to": "vlan-1759",
            "vlan_pool_dn": "uni/infra/vlanns-[dynamic]-dynamic"
          },
          "sensitive_attributes": [],
          "private": "eyJzY2hlbWFfdmVyc2lvbiI6IjEifQ==",
          "dependencies": [
            "data.aci_vlan_pool.VLAN_Pool_dynamic"
          ]
        }
      ]
    },
    {
      "mode": "managed",
      "type": "aci_ranges",
      "name": "VLAN_Range_dynamic_1760",
      "provider": "provider[\"registry.terraform.io/ciscodevnet/aci\"]",
      "instances": [
        {
          "schema_version": 1,
          "attributes": {
            "alloc_mode": "inherit",
            "annotation": "orchestrator:terraform",
            "description": "",
            "from": "vlan-1760",
            "id": "uni/infra/vlanns-[dynamic]-dynamic/from-[vlan-1760]-to-[vlan-1760]",
            "name_alias": "",
            "role": "external",
            "to": "vlan-1760",
            "vlan_pool_dn": "uni/infra/vlanns-[dynamic]-dynamic"
          },
          "sensitive_attributes": [],
          "private": "eyJzY2hlbWFfdmVyc2lvbiI6IjEifQ==",
          "dependencies": [
            "data.aci_vlan_pool.VLAN_Pool_dynamic"
          ]
        }
      ]
    },
    {
      "mode": "managed",
      "type": "aci_ranges",
      "name": "VLAN_Range_dynamic_1761",
      "provider": "provider[\"registry.terraform.io/ciscodevnet/aci\"]",
      "instances": [
        {
          "schema_version": 1,
          "attributes": {
            "alloc_mode": "inherit",
            "annotation": "orchestrator:terraform",
            "description": "",
            "from": "vlan-1761",
            "id": "uni/infra/vlanns-[dynamic]-dynamic/from-[vlan-1761]-to-[vlan-1761]",
            "name_alias": "",
            "role": "external",
            "to": "vlan-1761",
            "vlan_pool_dn": "uni/infra/vlanns-[dynamic]-dynamic"
          },
          "sensitive_attributes": [],
          "private": "eyJzY2hlbWFfdmVyc2lvbiI6IjEifQ==",
          "dependencies": [
            "data.aci_vlan_pool.VLAN_Pool_dynamic"
          ]
        }
      ]
    },
    {
      "mode": "managed",
      "type": "aci_ranges",
      "name": "VLAN_Range_dynamic_1762",
      "provider": "provider[\"registry.terraform.io/ciscodevnet/aci\"]",
      "instances": [
        {
          "schema_version": 1,
          "attributes": {
            "alloc_mode": "inherit",
            "annotation": "orchestrator:terraform",
            "description": "",
            "from": "vlan-1762",
            "id": "uni/infra/vlanns-[dynamic]-dynamic/from-[vlan-1762]-to-[vlan-1762]",
            "name_alias": "",
            "role": "external",
            "to": "vlan-1762",
            "vlan_pool_dn": "uni/infra/vlanns-[dynamic]-dynamic"
          },
          "sensitive_attributes": [],
          "private": "eyJzY2hlbWFfdmVyc2lvbiI6IjEifQ==",
          "dependencies": [
            "data.aci_vlan_pool.VLAN_Pool_dynamic"
          ]
        }
      ]
    },
    {
      "mode": "managed",
      "type": "aci_ranges",
      "name": "VLAN_Range_dynamic_1763",
      "provider": "provider[\"registry.terraform.io/ciscodevnet/aci\"]",
      "instances": [
        {
          "schema_version": 1,
          "attributes": {
            "alloc_mode": "inherit",
            "annotation": "orchestrator:terraform",
            "description": "",
            "from": "vlan-1763",
            "id": "uni/infra/vlanns-[dynamic]-dynamic/from-[vlan-1763]-to-[vlan-1763]",
            "name_alias": "",
            "role": "external",
            "to": "vlan-1763",
            "vlan_pool_dn": "uni/infra/vlanns-[dynamic]-dynamic"
          },
          "sensitive_attributes": [],
          "private": "eyJzY2hlbWFfdmVyc2lvbiI6IjEifQ==",
          "dependencies": [
            "data.aci_vlan_pool.VLAN_Pool_dynamic"
          ]
        }
      ]
    },
    {
      "mode": "managed",
      "type": "aci_ranges",
      "name": "VLAN_Range_dynamic_1764",
      "provider": "provider[\"registry.terraform.io/ciscodevnet/aci\"]",
      "instances": [
        {
          "schema_version": 1,
          "attributes": {
            "alloc_mode": "inherit",
            "annotation": "orchestrator:terraform",
            "description": "",
            "from": "vlan-1764",
            "id": "uni/infra/vlanns-[dynamic]-dynamic/from-[vlan-1764]-to-[vlan-1764]",
            "name_alias": "",
            "role": "external",
            "to": "vlan-1764",
            "vlan_pool_dn": "uni/infra/vlanns-[dynamic]-dynamic"
          },
          "sensitive_attributes": [],
          "private": "eyJzY2hlbWFfdmVyc2lvbiI6IjEifQ==",
          "dependencies": [
            "data.aci_vlan_pool.VLAN_Pool_dynamic"
          ]
        }
      ]
    },
    {
      "mode": "managed",
      "type": "aci_ranges",
      "name": "VLAN_Range_dynamic_1765",
      "provider": "provider[\"registry.terraform.io/ciscodevnet/aci\"]",
      "instances": [
        {
          "schema_version": 1,
          "attributes": {
            "alloc_mode": "inherit",
            "annotation": "orchestrator:terraform",
            "description": "",
            "from": "vlan-1765",
            "id": "uni/infra/vlanns-[dynamic]-dynamic/from-[vlan-1765]-to-[vlan-1765]",
            "name_alias": "",
            "role": "external",
            "to": "vlan-1765",
            "vlan_pool_dn": "uni/infra/vlanns-[dynamic]-dynamic"
          },
          "sensitive_attributes": [],
          "private": "eyJzY2hlbWFfdmVyc2lvbiI6IjEifQ==",
          "dependencies": [
            "data.aci_vlan_pool.VLAN_Pool_dynamic"
          ]
        }
      ]
    },
    {
      "mode": "managed",
      "type": "aci_ranges",
      "name": "VLAN_Range_dynamic_1766",
      "provider": "provider[\"registry.terraform.io/ciscodevnet/aci\"]",
      "instances": [
        {
          "schema_version": 1,
          "attributes": {
            "alloc_mode": "inherit",
            "annotation": "orchestrator:terraform",
            "description": "",
            "from": "vlan-1766",
            "id": "uni/infra/vlanns-[dynamic]-dynamic/from-[vlan-1766]-to-[vlan-1766]",
            "name_alias": "",
            "role": "external",
            "to": "vlan-1766",
            "vlan_pool_dn": "uni/infra/vlanns-[dynamic]-dynamic"
          },
          "sensitive_attributes": [],
          "private": "eyJzY2hlbWFfdmVyc2lvbiI6IjEifQ==",
          "dependencies": [
            "data.aci_vlan_pool.VLAN_Pool_dynamic"
          ]
        }
      ]
    },
    {
      "mode": "managed",
      "type": "aci_ranges",
      "name": "VLAN_Range_dynamic_1767",
      "provider": "provider[\"registry.terraform.io/ciscodevnet/aci\"]",
      "instances": [
        {
          "schema_version": 1,
          "attributes": {
            "alloc_mode": "inherit",
            "annotation": "orchestrator:terraform",
            "description": "",
            "from": "vlan-1767",
            "id": "uni/infra/vlanns-[dynamic]-dynamic/from-[vlan-1767]-to-[vlan-1767]",
            "name_alias": "",
            "role": "external",
            "to": "vlan-1767",
            "vlan_pool_dn": "uni/infra/vlanns-[dynamic]-dynamic"
          },
          "sensitive_attributes": [],
          "private": "eyJzY2hlbWFfdmVyc2lvbiI6IjEifQ==",
          "dependencies": [
            "data.aci_vlan_pool.VLAN_Pool_dynamic"
          ]
        }
      ]
    },
    {
      "mode": "managed",
      "type": "aci_ranges",
      "name": "VLAN_Range_dynamic_1768",
      "provider": "provider[\"registry.terraform.io/ciscodevnet/aci\"]",
      "instances": [
        {
          "schema_version": 1,
          "attributes": {
            "alloc_mode": "inherit",
            "annotation": "orchestrator:terraform",
            "description": "",
            "from": "vlan-1768",
            "id": "uni/infra/vlanns-[dynamic]-dynamic/from-[vlan-1768]-to-[vlan-1768]",
            "name_alias": "",
            "role": "external",
            "to": "vlan-1768",
            "vlan_pool_dn": "uni/infra/vlanns-[dynamic]-dynamic"
          },
          "sensitive_attributes": [],
          "private": "eyJzY2hlbWFfdmVyc2lvbiI6IjEifQ==",
          "dependencies": [
            "data.aci_vlan_pool.VLAN_Pool_dynamic"
          ]
        }
      ]
    },
    {
      "mode": "managed",
      "type": "aci_ranges",
      "name": "VLAN_Range_dynamic_1769",
      "provider": "provider[\"registry.terraform.io/ciscodevnet/aci\"]",
      "instances": [
        {
          "schema_version": 1,
          "attributes": {
            "alloc_mode": "inherit",
            "annotation": "orchestrator:terraform",
            "description": "",
            "from": "vlan-1769",
            "id": "uni/infra/vlanns-[dynamic]-dynamic/from-[vlan-1769]-to-[vlan-1769]",
            "name_alias": "",
            "role": "external",
            "to": "vlan-1769",
            "vlan_pool_dn": "uni/infra/vlanns-[dynamic]-dynamic"
          },
          "sensitive_attributes": [],
          "private": "eyJzY2hlbWFfdmVyc2lvbiI6IjEifQ==",
          "dependencies": [
            "data.aci_vlan_pool.VLAN_Pool_dynamic"
          ]
        }
      ]
    },
    {
      "mode": "managed",
      "type": "aci_ranges",
      "name": "VLAN_Range_dynamic_1770",
      "provider": "provider[\"registry.terraform.io/ciscodevnet/aci\"]",
      "instances": [
        {
          "schema_version": 1,
          "attributes": {
            "alloc_mode": "inherit",
            "annotation": "orchestrator:terraform",
            "description": "",
            "from": "vlan-1770",
            "id": "uni/infra/vlanns-[dynamic]-dynamic/from-[vlan-1770]-to-[vlan-1770]",
            "name_alias": "",
            "role": "external",
            "to": "vlan-1770",
            "vlan_pool_dn": "uni/infra/vlanns-[dynamic]-dynamic"
          },
          "sensitive_attributes": [],
          "private": "eyJzY2hlbWFfdmVyc2lvbiI6IjEifQ==",
          "dependencies": [
            "data.aci_vlan_pool.VLAN_Pool_dynamic"
          ]
        }
      ]
    },
    {
      "mode": "managed",
      "type": "aci_ranges",
      "name": "VLAN_Range_dynamic_1771",
      "provider": "provider[\"registry.terraform.io/ciscodevnet/aci\"]",
      "instances": [
        {
          "schema_version": 1,
          "attributes": {
            "alloc_mode": "inherit",
            "annotation": "orchestrator:terraform",
            "description": "",
            "from": "vlan-1771",
            "id": "uni/infra/vlanns-[dynamic]-dynamic/from-[vlan-1771]-to-[vlan-1771]",
            "name_alias": "",
            "role": "external",
            "to": "vlan-1771",
            "vlan_pool_dn": "uni/infra/vlanns-[dynamic]-dynamic"
          },
          "sensitive_attributes": [],
          "private": "eyJzY2hlbWFfdmVyc2lvbiI6IjEifQ==",
          "dependencies": [
            "data.aci_vlan_pool.VLAN_Pool_dynamic"
          ]
        }
      ]
    },
    {
      "mode": "managed",
      "type": "aci_ranges",
      "name": "VLAN_Range_dynamic_1772",
      "provider": "provider[\"registry.terraform.io/ciscodevnet/aci\"]",
      "instances": [
        {
          "schema_version": 1,
          "attributes": {
            "alloc_mode": "inherit",
            "annotation": "orchestrator:terraform",
            "description": "",
            "from": "vlan-1772",
            "id": "uni/infra/vlanns-[dynamic]-dynamic/from-[vlan-1772]-to-[vlan-1772]",
            "name_alias": "",
            "role": "external",
            "to": "vlan-1772",
            "vlan_pool_dn": "uni/infra/vlanns-[dynamic]-dynamic"
          },
          "sensitive_attributes": [],
          "private": "eyJzY2hlbWFfdmVyc2lvbiI6IjEifQ==",
          "dependencies": [
            "data.aci_vlan_pool.VLAN_Pool_dynamic"
          ]
        }
      ]
    },
    {
      "mode": "managed",
      "type": "aci_ranges",
      "name": "VLAN_Range_dynamic_1773",
      "provider": "provider[\"registry.terraform.io/ciscodevnet/aci\"]",
      "instances": [
        {
          "schema_version": 1,
          "attributes": {
            "alloc_mode": "inherit",
            "annotation": "orchestrator:terraform",
            "description": "",
            "from": "vlan-1773",
            "id": "uni/infra/vlanns-[dynamic]-dynamic/from-[vlan-1773]-to-[vlan-1773]",
            "name_alias": "",
            "role": "external",
            "to": "vlan-1773",
            "vlan_pool_dn": "uni/infra/vlanns-[dynamic]-dynamic"
          },
          "sensitive_attributes": [],
          "private": "eyJzY2hlbWFfdmVyc2lvbiI6IjEifQ==",
          "dependencies": [
            "data.aci_vlan_pool.VLAN_Pool_dynamic"
          ]
        }
      ]
    },
    {
      "mode": "managed",
      "type": "aci_ranges",
      "name": "VLAN_Range_dynamic_1774",
      "provider": "provider[\"registry.terraform.io/ciscodevnet/aci\"]",
      "instances": [
        {
          "schema_version": 1,
          "attributes": {
            "alloc_mode": "inherit",
            "annotation": "orchestrator:terraform",
            "description": "",
            "from": "vlan-1774",
            "id": "uni/infra/vlanns-[dynamic]-dynamic/from-[vlan-1774]-to-[vlan-1774]",
            "name_alias": "",
            "role": "external",
            "to": "vlan-1774",
            "vlan_pool_dn": "uni/infra/vlanns-[dynamic]-dynamic"
          },
          "sensitive_attributes": [],
          "private": "eyJzY2hlbWFfdmVyc2lvbiI6IjEifQ==",
          "dependencies": [
            "data.aci_vlan_pool.VLAN_Pool_dynamic"
          ]
        }
      ]
    },
    {
      "mode": "managed",
      "type": "aci_ranges",
      "name": "VLAN_Range_dynamic_1775",
      "provider": "provider[\"registry.terraform.io/ciscodevnet/aci\"]",
      "instances": [
        {
          "schema_version": 1,
          "attributes": {
            "alloc_mode": "inherit",
            "annotation": "orchestrator:terraform",
            "description": "",
            "from": "vlan-1775",
            "id": "uni/infra/vlanns-[dynamic]-dynamic/from-[vlan-1775]-to-[vlan-1775]",
            "name_alias": "",
            "role": "external",
            "to": "vlan-1775",
            "vlan_pool_dn": "uni/infra/vlanns-[dynamic]-dynamic"
          },
          "sensitive_attributes": [],
          "private": "eyJzY2hlbWFfdmVyc2lvbiI6IjEifQ==",
          "dependencies": [
            "data.aci_vlan_pool.VLAN_Pool_dynamic"
          ]
        }
      ]
    },
    {
      "mode": "managed",
      "type": "aci_ranges",
      "name": "VLAN_Range_dynamic_1776",
      "provider": "provider[\"registry.terraform.io/ciscodevnet/aci\"]",
      "instances": [
        {
          "schema_version": 1,
          "attributes": {
            "alloc_mode": "inherit",
            "annotation": "orchestrator:terraform",
            "description": "",
            "from": "vlan-1776",
            "id": "uni/infra/vlanns-[dynamic]-dynamic/from-[vlan-1776]-to-[vlan-1776]",
            "name_alias": "",
            "role": "external",
            "to": "vlan-1776",
            "vlan_pool_dn": "uni/infra/vlanns-[dynamic]-dynamic"
          },
          "sensitive_attributes": [],
          "private": "eyJzY2hlbWFfdmVyc2lvbiI6IjEifQ==",
          "dependencies": [
            "data.aci_vlan_pool.VLAN_Pool_dynamic"
          ]
        }
      ]
    },
    {
      "mode": "managed",
      "type": "aci_ranges",
      "name": "VLAN_Range_dynamic_1777",
      "provider": "provider[\"registry.terraform.io/ciscodevnet/aci\"]",
      "instances": [
        {
          "schema_version": 1,
          "attributes": {
            "alloc_mode": "inherit",
            "annotation": "orchestrator:terraform",
            "description": "",
            "from": "vlan-1777",
            "id": "uni/infra/vlanns-[dynamic]-dynamic/from-[vlan-1777]-to-[vlan-1777]",
            "name_alias": "",
            "role": "external",
            "to": "vlan-1777",
            "vlan_pool_dn": "uni/infra/vlanns-[dynamic]-dynamic"
          },
          "sensitive_attributes": [],
          "private": "eyJzY2hlbWFfdmVyc2lvbiI6IjEifQ==",
          "dependencies": [
            "data.aci_vlan_pool.VLAN_Pool_dynamic"
          ]
        }
      ]
    },
    {
      "mode": "managed",
      "type": "aci_ranges",
      "name": "VLAN_Range_dynamic_1778",
      "provider": "provider[\"registry.terraform.io/ciscodevnet/aci\"]",
      "instances": [
        {
          "schema_version": 1,
          "attributes": {
            "alloc_mode": "inherit",
            "annotation": "orchestrator:terraform",
            "description": "",
            "from": "vlan-1778",
            "id": "uni/infra/vlanns-[dynamic]-dynamic/from-[vlan-1778]-to-[vlan-1778]",
            "name_alias": "",
            "role": "external",
            "to": "vlan-1778",
            "vlan_pool_dn": "uni/infra/vlanns-[dynamic]-dynamic"
          },
          "sensitive_attributes": [],
          "private": "eyJzY2hlbWFfdmVyc2lvbiI6IjEifQ==",
          "dependencies": [
            "data.aci_vlan_pool.VLAN_Pool_dynamic"
          ]
        }
      ]
    },
    {
      "mode": "managed",
      "type": "aci_ranges",
      "name": "VLAN_Range_dynamic_1779",
      "provider": "provider[\"registry.terraform.io/ciscodevnet/aci\"]",
      "instances": [
        {
          "schema_version": 1,
          "attributes": {
            "alloc_mode": "inherit",
            "annotation": "orchestrator:terraform",
            "description": "",
            "from": "vlan-1779",
            "id": "uni/infra/vlanns-[dynamic]-dynamic/from-[vlan-1779]-to-[vlan-1779]",
            "name_alias": "",
            "role": "external",
            "to": "vlan-1779",
            "vlan_pool_dn": "uni/infra/vlanns-[dynamic]-dynamic"
          },
          "sensitive_attributes": [],
          "private": "eyJzY2hlbWFfdmVyc2lvbiI6IjEifQ==",
          "dependencies": [
            "data.aci_vlan_pool.VLAN_Pool_dynamic"
          ]
        }
      ]
    },
    {
      "mode": "managed",
      "type": "aci_ranges",
      "name": "VLAN_Range_dynamic_1780",
      "provider": "provider[\"registry.terraform.io/ciscodevnet/aci\"]",
      "instances": [
        {
          "schema_version": 1,
          "attributes": {
            "alloc_mode": "inherit",
            "annotation": "orchestrator:terraform",
            "description": "",
            "from": "vlan-1780",
            "id": "uni/infra/vlanns-[dynamic]-dynamic/from-[vlan-1780]-to-[vlan-1780]",
            "name_alias": "",
            "role": "external",
            "to": "vlan-1780",
            "vlan_pool_dn": "uni/infra/vlanns-[dynamic]-dynamic"
          },
          "sensitive_attributes": [],
          "private": "eyJzY2hlbWFfdmVyc2lvbiI6IjEifQ==",
          "dependencies": [
            "data.aci_vlan_pool.VLAN_Pool_dynamic"
          ]
        }
      ]
    },
    {
      "mode": "managed",
      "type": "aci_ranges",
      "name": "VLAN_Range_dynamic_1781",
      "provider": "provider[\"registry.terraform.io/ciscodevnet/aci\"]",
      "instances": [
        {
          "schema_version": 1,
          "attributes": {
            "alloc_mode": "inherit",
            "annotation": "orchestrator:terraform",
            "description": "",
            "from": "vlan-1781",
            "id": "uni/infra/vlanns-[dynamic]-dynamic/from-[vlan-1781]-to-[vlan-1781]",
            "name_alias": "",
            "role": "external",
            "to": "vlan-1781",
            "vlan_pool_dn": "uni/infra/vlanns-[dynamic]-dynamic"
          },
          "sensitive_attributes": [],
          "private": "eyJzY2hlbWFfdmVyc2lvbiI6IjEifQ==",
          "dependencies": [
            "data.aci_vlan_pool.VLAN_Pool_dynamic"
          ]
        }
      ]
    },
    {
      "mode": "managed",
      "type": "aci_ranges",
      "name": "VLAN_Range_dynamic_1782",
      "provider": "provider[\"registry.terraform.io/ciscodevnet/aci\"]",
      "instances": [
        {
          "schema_version": 1,
          "attributes": {
            "alloc_mode": "inherit",
            "annotation": "orchestrator:terraform",
            "description": "",
            "from": "vlan-1782",
            "id": "uni/infra/vlanns-[dynamic]-dynamic/from-[vlan-1782]-to-[vlan-1782]",
            "name_alias": "",
            "role": "external",
            "to": "vlan-1782",
            "vlan_pool_dn": "uni/infra/vlanns-[dynamic]-dynamic"
          },
          "sensitive_attributes": [],
          "private": "eyJzY2hlbWFfdmVyc2lvbiI6IjEifQ==",
          "dependencies": [
            "data.aci_vlan_pool.VLAN_Pool_dynamic"
          ]
        }
      ]
    },
    {
      "mode": "managed",
      "type": "aci_ranges",
      "name": "VLAN_Range_dynamic_1783",
      "provider": "provider[\"registry.terraform.io/ciscodevnet/aci\"]",
      "instances": [
        {
          "schema_version": 1,
          "attributes": {
            "alloc_mode": "inherit",
            "annotation": "orchestrator:terraform",
            "description": "",
            "from": "vlan-1783",
            "id": "uni/infra/vlanns-[dynamic]-dynamic/from-[vlan-1783]-to-[vlan-1783]",
            "name_alias": "",
            "role": "external",
            "to": "vlan-1783",
            "vlan_pool_dn": "uni/infra/vlanns-[dynamic]-dynamic"
          },
          "sensitive_attributes": [],
          "private": "eyJzY2hlbWFfdmVyc2lvbiI6IjEifQ==",
          "dependencies": [
            "data.aci_vlan_pool.VLAN_Pool_dynamic"
          ]
        }
      ]
    },
    {
      "mode": "managed",
      "type": "aci_ranges",
      "name": "VLAN_Range_dynamic_1784",
      "provider": "provider[\"registry.terraform.io/ciscodevnet/aci\"]",
      "instances": [
        {
          "schema_version": 1,
          "attributes": {
            "alloc_mode": "inherit",
            "annotation": "orchestrator:terraform",
            "description": "",
            "from": "vlan-1784",
            "id": "uni/infra/vlanns-[dynamic]-dynamic/from-[vlan-1784]-to-[vlan-1784]",
            "name_alias": "",
            "role": "external",
            "to": "vlan-1784",
            "vlan_pool_dn": "uni/infra/vlanns-[dynamic]-dynamic"
          },
          "sensitive_attributes": [],
          "private": "eyJzY2hlbWFfdmVyc2lvbiI6IjEifQ==",
          "dependencies": [
            "data.aci_vlan_pool.VLAN_Pool_dynamic"
          ]
        }
      ]
    },
    {
      "mode": "managed",
      "type": "aci_ranges",
      "name": "VLAN_Range_dynamic_1785",
      "provider": "provider[\"registry.terraform.io/ciscodevnet/aci\"]",
      "instances": [
        {
          "schema_version": 1,
          "attributes": {
            "alloc_mode": "inherit",
            "annotation": "orchestrator:terraform",
            "description": "",
            "from": "vlan-1785",
            "id": "uni/infra/vlanns-[dynamic]-dynamic/from-[vlan-1785]-to-[vlan-1785]",
            "name_alias": "",
            "role": "external",
            "to": "vlan-1785",
            "vlan_pool_dn": "uni/infra/vlanns-[dynamic]-dynamic"
          },
          "sensitive_attributes": [],
          "private": "eyJzY2hlbWFfdmVyc2lvbiI6IjEifQ==",
          "dependencies": [
            "data.aci_vlan_pool.VLAN_Pool_dynamic"
          ]
        }
      ]
    },
    {
      "mode": "managed",
      "type": "aci_ranges",
      "name": "VLAN_Range_dynamic_1786",
      "provider": "provider[\"registry.terraform.io/ciscodevnet/aci\"]",
      "instances": [
        {
          "schema_version": 1,
          "attributes": {
            "alloc_mode": "inherit",
            "annotation": "orchestrator:terraform",
            "description": "",
            "from": "vlan-1786",
            "id": "uni/infra/vlanns-[dynamic]-dynamic/from-[vlan-1786]-to-[vlan-1786]",
            "name_alias": "",
            "role": "external",
            "to": "vlan-1786",
            "vlan_pool_dn": "uni/infra/vlanns-[dynamic]-dynamic"
          },
          "sensitive_attributes": [],
          "private": "eyJzY2hlbWFfdmVyc2lvbiI6IjEifQ==",
          "dependencies": [
            "data.aci_vlan_pool.VLAN_Pool_dynamic"
          ]
        }
      ]
    },
    {
      "mode": "managed",
      "type": "aci_ranges",
      "name": "VLAN_Range_dynamic_1787",
      "provider": "provider[\"registry.terraform.io/ciscodevnet/aci\"]",
      "instances": [
        {
          "schema_version": 1,
          "attributes": {
            "alloc_mode": "inherit",
            "annotation": "orchestrator:terraform",
            "description": "",
            "from": "vlan-1787",
            "id": "uni/infra/vlanns-[dynamic]-dynamic/from-[vlan-1787]-to-[vlan-1787]",
            "name_alias": "",
            "role": "external",
            "to": "vlan-1787",
            "vlan_pool_dn": "uni/infra/vlanns-[dynamic]-dynamic"
          },
          "sensitive_attributes": [],
          "private": "eyJzY2hlbWFfdmVyc2lvbiI6IjEifQ==",
          "dependencies": [
            "data.aci_vlan_pool.VLAN_Pool_dynamic"
          ]
        }
      ]
    },
    {
      "mode": "managed",
      "type": "aci_ranges",
      "name": "VLAN_Range_dynamic_1788",
      "provider": "provider[\"registry.terraform.io/ciscodevnet/aci\"]",
      "instances": [
        {
          "schema_version": 1,
          "attributes": {
            "alloc_mode": "inherit",
            "annotation": "orchestrator:terraform",
            "description": "",
            "from": "vlan-1788",
            "id": "uni/infra/vlanns-[dynamic]-dynamic/from-[vlan-1788]-to-[vlan-1788]",
            "name_alias": "",
            "role": "external",
            "to": "vlan-1788",
            "vlan_pool_dn": "uni/infra/vlanns-[dynamic]-dynamic"
          },
          "sensitive_attributes": [],
          "private": "eyJzY2hlbWFfdmVyc2lvbiI6IjEifQ==",
          "dependencies": [
            "data.aci_vlan_pool.VLAN_Pool_dynamic"
          ]
        }
      ]
    },
    {
      "mode": "managed",
      "type": "aci_ranges",
      "name": "VLAN_Range_dynamic_1789",
      "provider": "provider[\"registry.terraform.io/ciscodevnet/aci\"]",
      "instances": [
        {
          "schema_version": 1,
          "attributes": {
            "alloc_mode": "inherit",
            "annotation": "orchestrator:terraform",
            "description": "",
            "from": "vlan-1789",
            "id": "uni/infra/vlanns-[dynamic]-dynamic/from-[vlan-1789]-to-[vlan-1789]",
            "name_alias": "",
            "role": "external",
            "to": "vlan-1789",
            "vlan_pool_dn": "uni/infra/vlanns-[dynamic]-dynamic"
          },
          "sensitive_attributes": [],
          "private": "eyJzY2hlbWFfdmVyc2lvbiI6IjEifQ==",
          "dependencies": [
            "data.aci_vlan_pool.VLAN_Pool_dynamic"
          ]
        }
      ]
    },
    {
      "mode": "managed",
      "type": "aci_ranges",
      "name": "VLAN_Range_dynamic_1790",
      "provider": "provider[\"registry.terraform.io/ciscodevnet/aci\"]",
      "instances": [
        {
          "schema_version": 1,
          "attributes": {
            "alloc_mode": "inherit",
            "annotation": "orchestrator:terraform",
            "description": "",
            "from": "vlan-1790",
            "id": "uni/infra/vlanns-[dynamic]-dynamic/from-[vlan-1790]-to-[vlan-1790]",
            "name_alias": "",
            "role": "external",
            "to": "vlan-1790",
            "vlan_pool_dn": "uni/infra/vlanns-[dynamic]-dynamic"
          },
          "sensitive_attributes": [],
          "private": "eyJzY2hlbWFfdmVyc2lvbiI6IjEifQ==",
          "dependencies": [
            "data.aci_vlan_pool.VLAN_Pool_dynamic"
          ]
        }
      ]
    },
    {
      "mode": "managed",
      "type": "aci_ranges",
      "name": "VLAN_Range_dynamic_1791",
      "provider": "provider[\"registry.terraform.io/ciscodevnet/aci\"]",
      "instances": [
        {
          "schema_version": 1,
          "attributes": {
            "alloc_mode": "inherit",
            "annotation": "orchestrator:terraform",
            "description": "",
            "from": "vlan-1791",
            "id": "uni/infra/vlanns-[dynamic]-dynamic/from-[vlan-1791]-to-[vlan-1791]",
            "name_alias": "",
            "role": "external",
            "to": "vlan-1791",
            "vlan_pool_dn": "uni/infra/vlanns-[dynamic]-dynamic"
          },
          "sensitive_attributes": [],
          "private": "eyJzY2hlbWFfdmVyc2lvbiI6IjEifQ==",
          "dependencies": [
            "data.aci_vlan_pool.VLAN_Pool_dynamic"
          ]
        }
      ]
    },
    {
      "mode": "managed",
      "type": "aci_ranges",
      "name": "VLAN_Range_dynamic_1792",
      "provider": "provider[\"registry.terraform.io/ciscodevnet/aci\"]",
      "instances": [
        {
          "schema_version": 1,
          "attributes": {
            "alloc_mode": "inherit",
            "annotation": "orchestrator:terraform",
            "description": "",
            "from": "vlan-1792",
            "id": "uni/infra/vlanns-[dynamic]-dynamic/from-[vlan-1792]-to-[vlan-1792]",
            "name_alias": "",
            "role": "external",
            "to": "vlan-1792",
            "vlan_pool_dn": "uni/infra/vlanns-[dynamic]-dynamic"
          },
          "sensitive_attributes": [],
          "private": "eyJzY2hlbWFfdmVyc2lvbiI6IjEifQ==",
          "dependencies": [
            "data.aci_vlan_pool.VLAN_Pool_dynamic"
          ]
        }
      ]
    },
    {
      "mode": "managed",
      "type": "aci_ranges",
      "name": "VLAN_Range_dynamic_1793",
      "provider": "provider[\"registry.terraform.io/ciscodevnet/aci\"]",
      "instances": [
        {
          "schema_version": 1,
          "attributes": {
            "alloc_mode": "inherit",
            "annotation": "orchestrator:terraform",
            "description": "",
            "from": "vlan-1793",
            "id": "uni/infra/vlanns-[dynamic]-dynamic/from-[vlan-1793]-to-[vlan-1793]",
            "name_alias": "",
            "role": "external",
            "to": "vlan-1793",
            "vlan_pool_dn": "uni/infra/vlanns-[dynamic]-dynamic"
          },
          "sensitive_attributes": [],
          "private": "eyJzY2hlbWFfdmVyc2lvbiI6IjEifQ==",
          "dependencies": [
            "data.aci_vlan_pool.VLAN_Pool_dynamic"
          ]
        }
      ]
    },
    {
      "mode": "managed",
      "type": "aci_ranges",
      "name": "VLAN_Range_dynamic_1794",
      "provider": "provider[\"registry.terraform.io/ciscodevnet/aci\"]",
      "instances": [
        {
          "schema_version": 1,
          "attributes": {
            "alloc_mode": "inherit",
            "annotation": "orchestrator:terraform",
            "description": "",
            "from": "vlan-1794",
            "id": "uni/infra/vlanns-[dynamic]-dynamic/from-[vlan-1794]-to-[vlan-1794]",
            "name_alias": "",
            "role": "external",
            "to": "vlan-1794",
            "vlan_pool_dn": "uni/infra/vlanns-[dynamic]-dynamic"
          },
          "sensitive_attributes": [],
          "private": "eyJzY2hlbWFfdmVyc2lvbiI6IjEifQ==",
          "dependencies": [
            "data.aci_vlan_pool.VLAN_Pool_dynamic"
          ]
        }
      ]
    },
    {
      "mode": "managed",
      "type": "aci_ranges",
      "name": "VLAN_Range_dynamic_1795",
      "provider": "provider[\"registry.terraform.io/ciscodevnet/aci\"]",
      "instances": [
        {
          "schema_version": 1,
          "attributes": {
            "alloc_mode": "inherit",
            "annotation": "orchestrator:terraform",
            "description": "",
            "from": "vlan-1795",
            "id": "uni/infra/vlanns-[dynamic]-dynamic/from-[vlan-1795]-to-[vlan-1795]",
            "name_alias": "",
            "role": "external",
            "to": "vlan-1795",
            "vlan_pool_dn": "uni/infra/vlanns-[dynamic]-dynamic"
          },
          "sensitive_attributes": [],
          "private": "eyJzY2hlbWFfdmVyc2lvbiI6IjEifQ==",
          "dependencies": [
            "data.aci_vlan_pool.VLAN_Pool_dynamic"
          ]
        }
      ]
    },
    {
      "mode": "managed",
      "type": "aci_ranges",
      "name": "VLAN_Range_dynamic_1796",
      "provider": "provider[\"registry.terraform.io/ciscodevnet/aci\"]",
      "instances": [
        {
          "schema_version": 1,
          "attributes": {
            "alloc_mode": "inherit",
            "annotation": "orchestrator:terraform",
            "description": "",
            "from": "vlan-1796",
            "id": "uni/infra/vlanns-[dynamic]-dynamic/from-[vlan-1796]-to-[vlan-1796]",
            "name_alias": "",
            "role": "external",
            "to": "vlan-1796",
            "vlan_pool_dn": "uni/infra/vlanns-[dynamic]-dynamic"
          },
          "sensitive_attributes": [],
          "private": "eyJzY2hlbWFfdmVyc2lvbiI6IjEifQ==",
          "dependencies": [
            "data.aci_vlan_pool.VLAN_Pool_dynamic"
          ]
        }
      ]
    },
    {
      "mode": "managed",
      "type": "aci_ranges",
      "name": "VLAN_Range_dynamic_1797",
      "provider": "provider[\"registry.terraform.io/ciscodevnet/aci\"]",
      "instances": [
        {
          "schema_version": 1,
          "attributes": {
            "alloc_mode": "inherit",
            "annotation": "orchestrator:terraform",
            "description": "",
            "from": "vlan-1797",
            "id": "uni/infra/vlanns-[dynamic]-dynamic/from-[vlan-1797]-to-[vlan-1797]",
            "name_alias": "",
            "role": "external",
            "to": "vlan-1797",
            "vlan_pool_dn": "uni/infra/vlanns-[dynamic]-dynamic"
          },
          "sensitive_attributes": [],
          "private": "eyJzY2hlbWFfdmVyc2lvbiI6IjEifQ==",
          "dependencies": [
            "data.aci_vlan_pool.VLAN_Pool_dynamic"
          ]
        }
      ]
    },
    {
      "mode": "managed",
      "type": "aci_ranges",
      "name": "VLAN_Range_dynamic_1798",
      "provider": "provider[\"registry.terraform.io/ciscodevnet/aci\"]",
      "instances": [
        {
          "schema_version": 1,
          "attributes": {
            "alloc_mode": "inherit",
            "annotation": "orchestrator:terraform",
            "description": "",
            "from": "vlan-1798",
            "id": "uni/infra/vlanns-[dynamic]-dynamic/from-[vlan-1798]-to-[vlan-1798]",
            "name_alias": "",
            "role": "external",
            "to": "vlan-1798",
            "vlan_pool_dn": "uni/infra/vlanns-[dynamic]-dynamic"
          },
          "sensitive_attributes": [],
          "private": "eyJzY2hlbWFfdmVyc2lvbiI6IjEifQ==",
          "dependencies": [
            "data.aci_vlan_pool.VLAN_Pool_dynamic"
          ]
        }
      ]
    },
    {
      "mode": "managed",
      "type": "aci_ranges",
      "name": "VLAN_Range_dynamic_1799",
      "provider": "provider[\"registry.terraform.io/ciscodevnet/aci\"]",
      "instances": [
        {
          "schema_version": 1,
          "attributes": {
            "alloc_mode": "inherit",
            "annotation": "orchestrator:terraform",
            "description": "",
            "from": "vlan-1799",
            "id": "uni/infra/vlanns-[dynamic]-dynamic/from-[vlan-1799]-to-[vlan-1799]",
            "name_alias": "",
            "role": "external",
            "to": "vlan-1799",
            "vlan_pool_dn": "uni/infra/vlanns-[dynamic]-dynamic"
          },
          "sensitive_attributes": [],
          "private": "eyJzY2hlbWFfdmVyc2lvbiI6IjEifQ==",
          "dependencies": [
            "data.aci_vlan_pool.VLAN_Pool_dynamic"
          ]
        }
      ]
    },
    {
      "mode": "managed",
      "type": "aci_ranges",
      "name": "VLAN_Range_l3out_1000",
      "provider": "provider[\"registry.terraform.io/ciscodevnet/aci\"]",
      "instances": [
        {
          "schema_version": 1,
          "attributes": {
            "alloc_mode": "inherit",
            "annotation": "orchestrator:terraform",
            "description": "",
            "from": "vlan-1000",
            "id": "uni/infra/vlanns-[l3out]-static/from-[vlan-1000]-to-[vlan-1000]",
            "name_alias": "",
            "role": "external",
            "to": "vlan-1000",
            "vlan_pool_dn": "uni/infra/vlanns-[l3out]-static"
          },
          "sensitive_attributes": [],
          "private": "eyJzY2hlbWFfdmVyc2lvbiI6IjEifQ==",
          "dependencies": [
            "data.aci_vlan_pool.VLAN_Pool_l3out"
          ]
        }
      ]
    },
    {
      "mode": "managed",
      "type": "aci_ranges",
      "name": "VLAN_Range_l3out_1001",
      "provider": "provider[\"registry.terraform.io/ciscodevnet/aci\"]",
      "instances": [
        {
          "schema_version": 1,
          "attributes": {
            "alloc_mode": "inherit",
            "annotation": "orchestrator:terraform",
            "description": "",
            "from": "vlan-1001",
            "id": "uni/infra/vlanns-[l3out]-static/from-[vlan-1001]-to-[vlan-1001]",
            "name_alias": "",
            "role": "external",
            "to": "vlan-1001",
            "vlan_pool_dn": "uni/infra/vlanns-[l3out]-static"
          },
          "sensitive_attributes": [],
          "private": "eyJzY2hlbWFfdmVyc2lvbiI6IjEifQ==",
          "dependencies": [
            "data.aci_vlan_pool.VLAN_Pool_l3out"
          ]
        }
      ]
    },
    {
      "mode": "managed",
      "type": "aci_ranges",
      "name": "VLAN_Range_l3out_1002",
      "provider": "provider[\"registry.terraform.io/ciscodevnet/aci\"]",
      "instances": [
        {
          "schema_version": 1,
          "attributes": {
            "alloc_mode": "inherit",
            "annotation": "orchestrator:terraform",
            "description": "",
            "from": "vlan-1002",
            "id": "uni/infra/vlanns-[l3out]-static/from-[vlan-1002]-to-[vlan-1002]",
            "name_alias": "",
            "role": "external",
            "to": "vlan-1002",
            "vlan_pool_dn": "uni/infra/vlanns-[l3out]-static"
          },
          "sensitive_attributes": [],
          "private": "eyJzY2hlbWFfdmVyc2lvbiI6IjEifQ==",
          "dependencies": [
            "data.aci_vlan_pool.VLAN_Pool_l3out"
          ]
        }
      ]
    },
    {
      "mode": "managed",
      "type": "aci_ranges",
      "name": "VLAN_Range_l3out_1003",
      "provider": "provider[\"registry.terraform.io/ciscodevnet/aci\"]",
      "instances": [
        {
          "schema_version": 1,
          "attributes": {
            "alloc_mode": "inherit",
            "annotation": "orchestrator:terraform",
            "description": "",
            "from": "vlan-1003",
            "id": "uni/infra/vlanns-[l3out]-static/from-[vlan-1003]-to-[vlan-1003]",
            "name_alias": "",
            "role": "external",
            "to": "vlan-1003",
            "vlan_pool_dn": "uni/infra/vlanns-[l3out]-static"
          },
          "sensitive_attributes": [],
          "private": "eyJzY2hlbWFfdmVyc2lvbiI6IjEifQ==",
          "dependencies": [
            "data.aci_vlan_pool.VLAN_Pool_l3out"
          ]
        }
      ]
    },
    {
      "mode": "managed",
      "type": "aci_ranges",
      "name": "VLAN_Range_l3out_1004",
      "provider": "provider[\"registry.terraform.io/ciscodevnet/aci\"]",
      "instances": [
        {
          "schema_version": 1,
          "attributes": {
            "alloc_mode": "inherit",
            "annotation": "orchestrator:terraform",
            "description": "",
            "from": "vlan-1004",
            "id": "uni/infra/vlanns-[l3out]-static/from-[vlan-1004]-to-[vlan-1004]",
            "name_alias": "",
            "role": "external",
            "to": "vlan-1004",
            "vlan_pool_dn": "uni/infra/vlanns-[l3out]-static"
          },
          "sensitive_attributes": [],
          "private": "eyJzY2hlbWFfdmVyc2lvbiI6IjEifQ==",
          "dependencies": [
            "data.aci_vlan_pool.VLAN_Pool_l3out"
          ]
        }
      ]
    },
    {
      "mode": "managed",
      "type": "aci_ranges",
      "name": "VLAN_Range_l3out_1005",
      "provider": "provider[\"registry.terraform.io/ciscodevnet/aci\"]",
      "instances": [
        {
          "schema_version": 1,
          "attributes": {
            "alloc_mode": "inherit",
            "annotation": "orchestrator:terraform",
            "description": "",
            "from": "vlan-1005",
            "id": "uni/infra/vlanns-[l3out]-static/from-[vlan-1005]-to-[vlan-1005]",
            "name_alias": "",
            "role": "external",
            "to": "vlan-1005",
            "vlan_pool_dn": "uni/infra/vlanns-[l3out]-static"
          },
          "sensitive_attributes": [],
          "private": "eyJzY2hlbWFfdmVyc2lvbiI6IjEifQ==",
          "dependencies": [
            "data.aci_vlan_pool.VLAN_Pool_l3out"
          ]
        }
      ]
    },
    {
      "mode": "managed",
      "type": "aci_ranges",
      "name": "VLAN_Range_l3out_1006",
      "provider": "provider[\"registry.terraform.io/ciscodevnet/aci\"]",
      "instances": [
        {
          "schema_version": 1,
          "attributes": {
            "alloc_mode": "inherit",
            "annotation": "orchestrator:terraform",
            "description": "",
            "from": "vlan-1006",
            "id": "uni/infra/vlanns-[l3out]-static/from-[vlan-1006]-to-[vlan-1006]",
            "name_alias": "",
            "role": "external",
            "to": "vlan-1006",
            "vlan_pool_dn": "uni/infra/vlanns-[l3out]-static"
          },
          "sensitive_attributes": [],
          "private": "eyJzY2hlbWFfdmVyc2lvbiI6IjEifQ==",
          "dependencies": [
            "data.aci_vlan_pool.VLAN_Pool_l3out"
          ]
        }
      ]
    },
    {
      "mode": "managed",
      "type": "aci_ranges",
      "name": "VLAN_Range_l3out_1007",
      "provider": "provider[\"registry.terraform.io/ciscodevnet/aci\"]",
      "instances": [
        {
          "schema_version": 1,
          "attributes": {
            "alloc_mode": "inherit",
            "annotation": "orchestrator:terraform",
            "description": "",
            "from": "vlan-1007",
            "id": "uni/infra/vlanns-[l3out]-static/from-[vlan-1007]-to-[vlan-1007]",
            "name_alias": "",
            "role": "external",
            "to": "vlan-1007",
            "vlan_pool_dn": "uni/infra/vlanns-[l3out]-static"
          },
          "sensitive_attributes": [],
          "private": "eyJzY2hlbWFfdmVyc2lvbiI6IjEifQ==",
          "dependencies": [
            "data.aci_vlan_pool.VLAN_Pool_l3out"
          ]
        }
      ]
    },
    {
      "mode": "managed",
      "type": "aci_ranges",
      "name": "VLAN_Range_l3out_1008",
      "provider": "provider[\"registry.terraform.io/ciscodevnet/aci\"]",
      "instances": [
        {
          "schema_version": 1,
          "attributes": {
            "alloc_mode": "inherit",
            "annotation": "orchestrator:terraform",
            "description": "",
            "from": "vlan-1008",
            "id": "uni/infra/vlanns-[l3out]-static/from-[vlan-1008]-to-[vlan-1008]",
            "name_alias": "",
            "role": "external",
            "to": "vlan-1008",
            "vlan_pool_dn": "uni/infra/vlanns-[l3out]-static"
          },
          "sensitive_attributes": [],
          "private": "eyJzY2hlbWFfdmVyc2lvbiI6IjEifQ==",
          "dependencies": [
            "data.aci_vlan_pool.VLAN_Pool_l3out"
          ]
        }
      ]
    },
    {
      "mode": "managed",
      "type": "aci_ranges",
      "name": "VLAN_Range_l3out_1009",
      "provider": "provider[\"registry.terraform.io/ciscodevnet/aci\"]",
      "instances": [
        {
          "schema_version": 1,
          "attributes": {
            "alloc_mode": "inherit",
            "annotation": "orchestrator:terraform",
            "description": "",
            "from": "vlan-1009",
            "id": "uni/infra/vlanns-[l3out]-static/from-[vlan-1009]-to-[vlan-1009]",
            "name_alias": "",
            "role": "external",
            "to": "vlan-1009",
            "vlan_pool_dn": "uni/infra/vlanns-[l3out]-static"
          },
          "sensitive_attributes": [],
          "private": "eyJzY2hlbWFfdmVyc2lvbiI6IjEifQ==",
          "dependencies": [
            "data.aci_vlan_pool.VLAN_Pool_l3out"
          ]
        }
      ]
    },
    {
      "mode": "managed",
      "type": "aci_ranges",
      "name": "VLAN_Range_l3out_1010",
      "provider": "provider[\"registry.terraform.io/ciscodevnet/aci\"]",
      "instances": [
        {
          "schema_version": 1,
          "attributes": {
            "alloc_mode": "inherit",
            "annotation": "orchestrator:terraform",
            "description": "",
            "from": "vlan-1010",
            "id": "uni/infra/vlanns-[l3out]-static/from-[vlan-1010]-to-[vlan-1010]",
            "name_alias": "",
            "role": "external",
            "to": "vlan-1010",
            "vlan_pool_dn": "uni/infra/vlanns-[l3out]-static"
          },
          "sensitive_attributes": [],
          "private": "eyJzY2hlbWFfdmVyc2lvbiI6IjEifQ==",
          "dependencies": [
            "data.aci_vlan_pool.VLAN_Pool_l3out"
          ]
        }
      ]
    },
    {
      "mode": "managed",
      "type": "aci_ranges",
      "name": "VLAN_Range_l3out_1011",
      "provider": "provider[\"registry.terraform.io/ciscodevnet/aci\"]",
      "instances": [
        {
          "schema_version": 1,
          "attributes": {
            "alloc_mode": "inherit",
            "annotation": "orchestrator:terraform",
            "description": "",
            "from": "vlan-1011",
            "id": "uni/infra/vlanns-[l3out]-static/from-[vlan-1011]-to-[vlan-1011]",
            "name_alias": "",
            "role": "external",
            "to": "vlan-1011",
            "vlan_pool_dn": "uni/infra/vlanns-[l3out]-static"
          },
          "sensitive_attributes": [],
          "private": "eyJzY2hlbWFfdmVyc2lvbiI6IjEifQ==",
          "dependencies": [
            "data.aci_vlan_pool.VLAN_Pool_l3out"
          ]
        }
      ]
    },
    {
      "mode": "managed",
      "type": "aci_ranges",
      "name": "VLAN_Range_l3out_1012",
      "provider": "provider[\"registry.terraform.io/ciscodevnet/aci\"]",
      "instances": [
        {
          "schema_version": 1,
          "attributes": {
            "alloc_mode": "inherit",
            "annotation": "orchestrator:terraform",
            "description": "",
            "from": "vlan-1012",
            "id": "uni/infra/vlanns-[l3out]-static/from-[vlan-1012]-to-[vlan-1012]",
            "name_alias": "",
            "role": "external",
            "to": "vlan-1012",
            "vlan_pool_dn": "uni/infra/vlanns-[l3out]-static"
          },
          "sensitive_attributes": [],
          "private": "eyJzY2hlbWFfdmVyc2lvbiI6IjEifQ==",
          "dependencies": [
            "data.aci_vlan_pool.VLAN_Pool_l3out"
          ]
        }
      ]
    },
    {
      "mode": "managed",
      "type": "aci_ranges",
      "name": "VLAN_Range_l3out_1013",
      "provider": "provider[\"registry.terraform.io/ciscodevnet/aci\"]",
      "instances": [
        {
          "schema_version": 1,
          "attributes": {
            "alloc_mode": "inherit",
            "annotation": "orchestrator:terraform",
            "description": "",
            "from": "vlan-1013",
            "id": "uni/infra/vlanns-[l3out]-static/from-[vlan-1013]-to-[vlan-1013]",
            "name_alias": "",
            "role": "external",
            "to": "vlan-1013",
            "vlan_pool_dn": "uni/infra/vlanns-[l3out]-static"
          },
          "sensitive_attributes": [],
          "private": "eyJzY2hlbWFfdmVyc2lvbiI6IjEifQ==",
          "dependencies": [
            "data.aci_vlan_pool.VLAN_Pool_l3out"
          ]
        }
      ]
    },
    {
      "mode": "managed",
      "type": "aci_ranges",
      "name": "VLAN_Range_l3out_1014",
      "provider": "provider[\"registry.terraform.io/ciscodevnet/aci\"]",
      "instances": [
        {
          "schema_version": 1,
          "attributes": {
            "alloc_mode": "inherit",
            "annotation": "orchestrator:terraform",
            "description": "",
            "from": "vlan-1014",
            "id": "uni/infra/vlanns-[l3out]-static/from-[vlan-1014]-to-[vlan-1014]",
            "name_alias": "",
            "role": "external",
            "to": "vlan-1014",
            "vlan_pool_dn": "uni/infra/vlanns-[l3out]-static"
          },
          "sensitive_attributes": [],
          "private": "eyJzY2hlbWFfdmVyc2lvbiI6IjEifQ==",
          "dependencies": [
            "data.aci_vlan_pool.VLAN_Pool_l3out"
          ]
        }
      ]
    },
    {
      "mode": "managed",
      "type": "aci_ranges",
      "name": "VLAN_Range_l3out_1015",
      "provider": "provider[\"registry.terraform.io/ciscodevnet/aci\"]",
      "instances": [
        {
          "schema_version": 1,
          "attributes": {
            "alloc_mode": "inherit",
            "annotation": "orchestrator:terraform",
            "description": "",
            "from": "vlan-1015",
            "id": "uni/infra/vlanns-[l3out]-static/from-[vlan-1015]-to-[vlan-1015]",
            "name_alias": "",
            "role": "external",
            "to": "vlan-1015",
            "vlan_pool_dn": "uni/infra/vlanns-[l3out]-static"
          },
          "sensitive_attributes": [],
          "private": "eyJzY2hlbWFfdmVyc2lvbiI6IjEifQ==",
          "dependencies": [
            "data.aci_vlan_pool.VLAN_Pool_l3out"
          ]
        }
      ]
    },
    {
      "mode": "managed",
      "type": "aci_ranges",
      "name": "VLAN_Range_l3out_1016",
      "provider": "provider[\"registry.terraform.io/ciscodevnet/aci\"]",
      "instances": [
        {
          "schema_version": 1,
          "attributes": {
            "alloc_mode": "inherit",
            "annotation": "orchestrator:terraform",
            "description": "",
            "from": "vlan-1016",
            "id": "uni/infra/vlanns-[l3out]-static/from-[vlan-1016]-to-[vlan-1016]",
            "name_alias": "",
            "role": "external",
            "to": "vlan-1016",
            "vlan_pool_dn": "uni/infra/vlanns-[l3out]-static"
          },
          "sensitive_attributes": [],
          "private": "eyJzY2hlbWFfdmVyc2lvbiI6IjEifQ==",
          "dependencies": [
            "data.aci_vlan_pool.VLAN_Pool_l3out"
          ]
        }
      ]
    },
    {
      "mode": "managed",
      "type": "aci_ranges",
      "name": "VLAN_Range_l3out_1017",
      "provider": "provider[\"registry.terraform.io/ciscodevnet/aci\"]",
      "instances": [
        {
          "schema_version": 1,
          "attributes": {
            "alloc_mode": "inherit",
            "annotation": "orchestrator:terraform",
            "description": "",
            "from": "vlan-1017",
            "id": "uni/infra/vlanns-[l3out]-static/from-[vlan-1017]-to-[vlan-1017]",
            "name_alias": "",
            "role": "external",
            "to": "vlan-1017",
            "vlan_pool_dn": "uni/infra/vlanns-[l3out]-static"
          },
          "sensitive_attributes": [],
          "private": "eyJzY2hlbWFfdmVyc2lvbiI6IjEifQ==",
          "dependencies": [
            "data.aci_vlan_pool.VLAN_Pool_l3out"
          ]
        }
      ]
    },
    {
      "mode": "managed",
      "type": "aci_ranges",
      "name": "VLAN_Range_l3out_1018",
      "provider": "provider[\"registry.terraform.io/ciscodevnet/aci\"]",
      "instances": [
        {
          "schema_version": 1,
          "attributes": {
            "alloc_mode": "inherit",
            "annotation": "orchestrator:terraform",
            "description": "",
            "from": "vlan-1018",
            "id": "uni/infra/vlanns-[l3out]-static/from-[vlan-1018]-to-[vlan-1018]",
            "name_alias": "",
            "role": "external",
            "to": "vlan-1018",
            "vlan_pool_dn": "uni/infra/vlanns-[l3out]-static"
          },
          "sensitive_attributes": [],
          "private": "eyJzY2hlbWFfdmVyc2lvbiI6IjEifQ==",
          "dependencies": [
            "data.aci_vlan_pool.VLAN_Pool_l3out"
          ]
        }
      ]
    },
    {
      "mode": "managed",
      "type": "aci_ranges",
      "name": "VLAN_Range_l3out_1019",
      "provider": "provider[\"registry.terraform.io/ciscodevnet/aci\"]",
      "instances": [
        {
          "schema_version": 1,
          "attributes": {
            "alloc_mode": "inherit",
            "annotation": "orchestrator:terraform",
            "description": "",
            "from": "vlan-1019",
            "id": "uni/infra/vlanns-[l3out]-static/from-[vlan-1019]-to-[vlan-1019]",
            "name_alias": "",
            "role": "external",
            "to": "vlan-1019",
            "vlan_pool_dn": "uni/infra/vlanns-[l3out]-static"
          },
          "sensitive_attributes": [],
          "private": "eyJzY2hlbWFfdmVyc2lvbiI6IjEifQ==",
          "dependencies": [
            "data.aci_vlan_pool.VLAN_Pool_l3out"
          ]
        }
      ]
    },
    {
      "mode": "managed",
      "type": "aci_ranges",
      "name": "VLAN_Range_l3out_1020",
      "provider": "provider[\"registry.terraform.io/ciscodevnet/aci\"]",
      "instances": [
        {
          "schema_version": 1,
          "attributes": {
            "alloc_mode": "inherit",
            "annotation": "orchestrator:terraform",
            "description": "",
            "from": "vlan-1020",
            "id": "uni/infra/vlanns-[l3out]-static/from-[vlan-1020]-to-[vlan-1020]",
            "name_alias": "",
            "role": "external",
            "to": "vlan-1020",
            "vlan_pool_dn": "uni/infra/vlanns-[l3out]-static"
          },
          "sensitive_attributes": [],
          "private": "eyJzY2hlbWFfdmVyc2lvbiI6IjEifQ==",
          "dependencies": [
            "data.aci_vlan_pool.VLAN_Pool_l3out"
          ]
        }
      ]
    },
    {
      "mode": "managed",
      "type": "aci_ranges",
      "name": "VLAN_Range_l3out_1021",
      "provider": "provider[\"registry.terraform.io/ciscodevnet/aci\"]",
      "instances": [
        {
          "schema_version": 1,
          "attributes": {
            "alloc_mode": "inherit",
            "annotation": "orchestrator:terraform",
            "description": "",
            "from": "vlan-1021",
            "id": "uni/infra/vlanns-[l3out]-static/from-[vlan-1021]-to-[vlan-1021]",
            "name_alias": "",
            "role": "external",
            "to": "vlan-1021",
            "vlan_pool_dn": "uni/infra/vlanns-[l3out]-static"
          },
          "sensitive_attributes": [],
          "private": "eyJzY2hlbWFfdmVyc2lvbiI6IjEifQ==",
          "dependencies": [
            "data.aci_vlan_pool.VLAN_Pool_l3out"
          ]
        }
      ]
    },
    {
      "mode": "managed",
      "type": "aci_ranges",
      "name": "VLAN_Range_l3out_1022",
      "provider": "provider[\"registry.terraform.io/ciscodevnet/aci\"]",
      "instances": [
        {
          "schema_version": 1,
          "attributes": {
            "alloc_mode": "inherit",
            "annotation": "orchestrator:terraform",
            "description": "",
            "from": "vlan-1022",
            "id": "uni/infra/vlanns-[l3out]-static/from-[vlan-1022]-to-[vlan-1022]",
            "name_alias": "",
            "role": "external",
            "to": "vlan-1022",
            "vlan_pool_dn": "uni/infra/vlanns-[l3out]-static"
          },
          "sensitive_attributes": [],
          "private": "eyJzY2hlbWFfdmVyc2lvbiI6IjEifQ==",
          "dependencies": [
            "data.aci_vlan_pool.VLAN_Pool_l3out"
          ]
        }
      ]
    },
    {
      "mode": "managed",
      "type": "aci_ranges",
      "name": "VLAN_Range_l3out_1023",
      "provider": "provider[\"registry.terraform.io/ciscodevnet/aci\"]",
      "instances": [
        {
          "schema_version": 1,
          "attributes": {
            "alloc_mode": "inherit",
            "annotation": "orchestrator:terraform",
            "description": "",
            "from": "vlan-1023",
            "id": "uni/infra/vlanns-[l3out]-static/from-[vlan-1023]-to-[vlan-1023]",
            "name_alias": "",
            "role": "external",
            "to": "vlan-1023",
            "vlan_pool_dn": "uni/infra/vlanns-[l3out]-static"
          },
          "sensitive_attributes": [],
          "private": "eyJzY2hlbWFfdmVyc2lvbiI6IjEifQ==",
          "dependencies": [
            "data.aci_vlan_pool.VLAN_Pool_l3out"
          ]
        }
      ]
    },
    {
      "mode": "managed",
      "type": "aci_ranges",
      "name": "VLAN_Range_l3out_1024",
      "provider": "provider[\"registry.terraform.io/ciscodevnet/aci\"]",
      "instances": [
        {
          "schema_version": 1,
          "attributes": {
            "alloc_mode": "inherit",
            "annotation": "orchestrator:terraform",
            "description": "",
            "from": "vlan-1024",
            "id": "uni/infra/vlanns-[l3out]-static/from-[vlan-1024]-to-[vlan-1024]",
            "name_alias": "",
            "role": "external",
            "to": "vlan-1024",
            "vlan_pool_dn": "uni/infra/vlanns-[l3out]-static"
          },
          "sensitive_attributes": [],
          "private": "eyJzY2hlbWFfdmVyc2lvbiI6IjEifQ==",
          "dependencies": [
            "data.aci_vlan_pool.VLAN_Pool_l3out"
          ]
        }
      ]
    },
    {
      "mode": "managed",
      "type": "aci_ranges",
      "name": "VLAN_Range_l3out_1025",
      "provider": "provider[\"registry.terraform.io/ciscodevnet/aci\"]",
      "instances": [
        {
          "schema_version": 1,
          "attributes": {
            "alloc_mode": "inherit",
            "annotation": "orchestrator:terraform",
            "description": "",
            "from": "vlan-1025",
            "id": "uni/infra/vlanns-[l3out]-static/from-[vlan-1025]-to-[vlan-1025]",
            "name_alias": "",
            "role": "external",
            "to": "vlan-1025",
            "vlan_pool_dn": "uni/infra/vlanns-[l3out]-static"
          },
          "sensitive_attributes": [],
          "private": "eyJzY2hlbWFfdmVyc2lvbiI6IjEifQ==",
          "dependencies": [
            "data.aci_vlan_pool.VLAN_Pool_l3out"
          ]
        }
      ]
    },
    {
      "mode": "managed",
      "type": "aci_ranges",
      "name": "VLAN_Range_l3out_1026",
      "provider": "provider[\"registry.terraform.io/ciscodevnet/aci\"]",
      "instances": [
        {
          "schema_version": 1,
          "attributes": {
            "alloc_mode": "inherit",
            "annotation": "orchestrator:terraform",
            "description": "",
            "from": "vlan-1026",
            "id": "uni/infra/vlanns-[l3out]-static/from-[vlan-1026]-to-[vlan-1026]",
            "name_alias": "",
            "role": "external",
            "to": "vlan-1026",
            "vlan_pool_dn": "uni/infra/vlanns-[l3out]-static"
          },
          "sensitive_attributes": [],
          "private": "eyJzY2hlbWFfdmVyc2lvbiI6IjEifQ==",
          "dependencies": [
            "data.aci_vlan_pool.VLAN_Pool_l3out"
          ]
        }
      ]
    },
    {
      "mode": "managed",
      "type": "aci_ranges",
      "name": "VLAN_Range_l3out_1027",
      "provider": "provider[\"registry.terraform.io/ciscodevnet/aci\"]",
      "instances": [
        {
          "schema_version": 1,
          "attributes": {
            "alloc_mode": "inherit",
            "annotation": "orchestrator:terraform",
            "description": "",
            "from": "vlan-1027",
            "id": "uni/infra/vlanns-[l3out]-static/from-[vlan-1027]-to-[vlan-1027]",
            "name_alias": "",
            "role": "external",
            "to": "vlan-1027",
            "vlan_pool_dn": "uni/infra/vlanns-[l3out]-static"
          },
          "sensitive_attributes": [],
          "private": "eyJzY2hlbWFfdmVyc2lvbiI6IjEifQ==",
          "dependencies": [
            "data.aci_vlan_pool.VLAN_Pool_l3out"
          ]
        }
      ]
    },
    {
      "mode": "managed",
      "type": "aci_ranges",
      "name": "VLAN_Range_l3out_1028",
      "provider": "provider[\"registry.terraform.io/ciscodevnet/aci\"]",
      "instances": [
        {
          "schema_version": 1,
          "attributes": {
            "alloc_mode": "inherit",
            "annotation": "orchestrator:terraform",
            "description": "",
            "from": "vlan-1028",
            "id": "uni/infra/vlanns-[l3out]-static/from-[vlan-1028]-to-[vlan-1028]",
            "name_alias": "",
            "role": "external",
            "to": "vlan-1028",
            "vlan_pool_dn": "uni/infra/vlanns-[l3out]-static"
          },
          "sensitive_attributes": [],
          "private": "eyJzY2hlbWFfdmVyc2lvbiI6IjEifQ==",
          "dependencies": [
            "data.aci_vlan_pool.VLAN_Pool_l3out"
          ]
        }
      ]
    },
    {
      "mode": "managed",
      "type": "aci_ranges",
      "name": "VLAN_Range_l3out_1029",
      "provider": "provider[\"registry.terraform.io/ciscodevnet/aci\"]",
      "instances": [
        {
          "schema_version": 1,
          "attributes": {
            "alloc_mode": "inherit",
            "annotation": "orchestrator:terraform",
            "description": "",
            "from": "vlan-1029",
            "id": "uni/infra/vlanns-[l3out]-static/from-[vlan-1029]-to-[vlan-1029]",
            "name_alias": "",
            "role": "external",
            "to": "vlan-1029",
            "vlan_pool_dn": "uni/infra/vlanns-[l3out]-static"
          },
          "sensitive_attributes": [],
          "private": "eyJzY2hlbWFfdmVyc2lvbiI6IjEifQ==",
          "dependencies": [
            "data.aci_vlan_pool.VLAN_Pool_l3out"
          ]
        }
      ]
    },
    {
      "mode": "managed",
      "type": "aci_ranges",
      "name": "VLAN_Range_l3out_1030",
      "provider": "provider[\"registry.terraform.io/ciscodevnet/aci\"]",
      "instances": [
        {
          "schema_version": 1,
          "attributes": {
            "alloc_mode": "inherit",
            "annotation": "orchestrator:terraform",
            "description": "",
            "from": "vlan-1030",
            "id": "uni/infra/vlanns-[l3out]-static/from-[vlan-1030]-to-[vlan-1030]",
            "name_alias": "",
            "role": "external",
            "to": "vlan-1030",
            "vlan_pool_dn": "uni/infra/vlanns-[l3out]-static"
          },
          "sensitive_attributes": [],
          "private": "eyJzY2hlbWFfdmVyc2lvbiI6IjEifQ==",
          "dependencies": [
            "data.aci_vlan_pool.VLAN_Pool_l3out"
          ]
        }
      ]
    },
    {
      "mode": "managed",
      "type": "aci_ranges",
      "name": "VLAN_Range_l3out_1031",
      "provider": "provider[\"registry.terraform.io/ciscodevnet/aci\"]",
      "instances": [
        {
          "schema_version": 1,
          "attributes": {
            "alloc_mode": "inherit",
            "annotation": "orchestrator:terraform",
            "description": "",
            "from": "vlan-1031",
            "id": "uni/infra/vlanns-[l3out]-static/from-[vlan-1031]-to-[vlan-1031]",
            "name_alias": "",
            "role": "external",
            "to": "vlan-1031",
            "vlan_pool_dn": "uni/infra/vlanns-[l3out]-static"
          },
          "sensitive_attributes": [],
          "private": "eyJzY2hlbWFfdmVyc2lvbiI6IjEifQ==",
          "dependencies": [
            "data.aci_vlan_pool.VLAN_Pool_l3out"
          ]
        }
      ]
    },
    {
      "mode": "managed",
      "type": "aci_ranges",
      "name": "VLAN_Range_l3out_1032",
      "provider": "provider[\"registry.terraform.io/ciscodevnet/aci\"]",
      "instances": [
        {
          "schema_version": 1,
          "attributes": {
            "alloc_mode": "inherit",
            "annotation": "orchestrator:terraform",
            "description": "",
            "from": "vlan-1032",
            "id": "uni/infra/vlanns-[l3out]-static/from-[vlan-1032]-to-[vlan-1032]",
            "name_alias": "",
            "role": "external",
            "to": "vlan-1032",
            "vlan_pool_dn": "uni/infra/vlanns-[l3out]-static"
          },
          "sensitive_attributes": [],
          "private": "eyJzY2hlbWFfdmVyc2lvbiI6IjEifQ==",
          "dependencies": [
            "data.aci_vlan_pool.VLAN_Pool_l3out"
          ]
        }
      ]
    },
    {
      "mode": "managed",
      "type": "aci_ranges",
      "name": "VLAN_Range_l3out_1033",
      "provider": "provider[\"registry.terraform.io/ciscodevnet/aci\"]",
      "instances": [
        {
          "schema_version": 1,
          "attributes": {
            "alloc_mode": "inherit",
            "annotation": "orchestrator:terraform",
            "description": "",
            "from": "vlan-1033",
            "id": "uni/infra/vlanns-[l3out]-static/from-[vlan-1033]-to-[vlan-1033]",
            "name_alias": "",
            "role": "external",
            "to": "vlan-1033",
            "vlan_pool_dn": "uni/infra/vlanns-[l3out]-static"
          },
          "sensitive_attributes": [],
          "private": "eyJzY2hlbWFfdmVyc2lvbiI6IjEifQ==",
          "dependencies": [
            "data.aci_vlan_pool.VLAN_Pool_l3out"
          ]
        }
      ]
    },
    {
      "mode": "managed",
      "type": "aci_ranges",
      "name": "VLAN_Range_l3out_1034",
      "provider": "provider[\"registry.terraform.io/ciscodevnet/aci\"]",
      "instances": [
        {
          "schema_version": 1,
          "attributes": {
            "alloc_mode": "inherit",
            "annotation": "orchestrator:terraform",
            "description": "",
            "from": "vlan-1034",
            "id": "uni/infra/vlanns-[l3out]-static/from-[vlan-1034]-to-[vlan-1034]",
            "name_alias": "",
            "role": "external",
            "to": "vlan-1034",
            "vlan_pool_dn": "uni/infra/vlanns-[l3out]-static"
          },
          "sensitive_attributes": [],
          "private": "eyJzY2hlbWFfdmVyc2lvbiI6IjEifQ==",
          "dependencies": [
            "data.aci_vlan_pool.VLAN_Pool_l3out"
          ]
        }
      ]
    },
    {
      "mode": "managed",
      "type": "aci_ranges",
      "name": "VLAN_Range_l3out_1035",
      "provider": "provider[\"registry.terraform.io/ciscodevnet/aci\"]",
      "instances": [
        {
          "schema_version": 1,
          "attributes": {
            "alloc_mode": "inherit",
            "annotation": "orchestrator:terraform",
            "description": "",
            "from": "vlan-1035",
            "id": "uni/infra/vlanns-[l3out]-static/from-[vlan-1035]-to-[vlan-1035]",
            "name_alias": "",
            "role": "external",
            "to": "vlan-1035",
            "vlan_pool_dn": "uni/infra/vlanns-[l3out]-static"
          },
          "sensitive_attributes": [],
          "private": "eyJzY2hlbWFfdmVyc2lvbiI6IjEifQ==",
          "dependencies": [
            "data.aci_vlan_pool.VLAN_Pool_l3out"
          ]
        }
      ]
    },
    {
      "mode": "managed",
      "type": "aci_ranges",
      "name": "VLAN_Range_l3out_1036",
      "provider": "provider[\"registry.terraform.io/ciscodevnet/aci\"]",
      "instances": [
        {
          "schema_version": 1,
          "attributes": {
            "alloc_mode": "inherit",
            "annotation": "orchestrator:terraform",
            "description": "",
            "from": "vlan-1036",
            "id": "uni/infra/vlanns-[l3out]-static/from-[vlan-1036]-to-[vlan-1036]",
            "name_alias": "",
            "role": "external",
            "to": "vlan-1036",
            "vlan_pool_dn": "uni/infra/vlanns-[l3out]-static"
          },
          "sensitive_attributes": [],
          "private": "eyJzY2hlbWFfdmVyc2lvbiI6IjEifQ==",
          "dependencies": [
            "data.aci_vlan_pool.VLAN_Pool_l3out"
          ]
        }
      ]
    },
    {
      "mode": "managed",
      "type": "aci_ranges",
      "name": "VLAN_Range_l3out_1037",
      "provider": "provider[\"registry.terraform.io/ciscodevnet/aci\"]",
      "instances": [
        {
          "schema_version": 1,
          "attributes": {
            "alloc_mode": "inherit",
            "annotation": "orchestrator:terraform",
            "description": "",
            "from": "vlan-1037",
            "id": "uni/infra/vlanns-[l3out]-static/from-[vlan-1037]-to-[vlan-1037]",
            "name_alias": "",
            "role": "external",
            "to": "vlan-1037",
            "vlan_pool_dn": "uni/infra/vlanns-[l3out]-static"
          },
          "sensitive_attributes": [],
          "private": "eyJzY2hlbWFfdmVyc2lvbiI6IjEifQ==",
          "dependencies": [
            "data.aci_vlan_pool.VLAN_Pool_l3out"
          ]
        }
      ]
    },
    {
      "mode": "managed",
      "type": "aci_ranges",
      "name": "VLAN_Range_l3out_1038",
      "provider": "provider[\"registry.terraform.io/ciscodevnet/aci\"]",
      "instances": [
        {
          "schema_version": 1,
          "attributes": {
            "alloc_mode": "inherit",
            "annotation": "orchestrator:terraform",
            "description": "",
            "from": "vlan-1038",
            "id": "uni/infra/vlanns-[l3out]-static/from-[vlan-1038]-to-[vlan-1038]",
            "name_alias": "",
            "role": "external",
            "to": "vlan-1038",
            "vlan_pool_dn": "uni/infra/vlanns-[l3out]-static"
          },
          "sensitive_attributes": [],
          "private": "eyJzY2hlbWFfdmVyc2lvbiI6IjEifQ==",
          "dependencies": [
            "data.aci_vlan_pool.VLAN_Pool_l3out"
          ]
        }
      ]
    },
    {
      "mode": "managed",
      "type": "aci_ranges",
      "name": "VLAN_Range_l3out_1039",
      "provider": "provider[\"registry.terraform.io/ciscodevnet/aci\"]",
      "instances": [
        {
          "schema_version": 1,
          "attributes": {
            "alloc_mode": "inherit",
            "annotation": "orchestrator:terraform",
            "description": "",
            "from": "vlan-1039",
            "id": "uni/infra/vlanns-[l3out]-static/from-[vlan-1039]-to-[vlan-1039]",
            "name_alias": "",
            "role": "external",
            "to": "vlan-1039",
            "vlan_pool_dn": "uni/infra/vlanns-[l3out]-static"
          },
          "sensitive_attributes": [],
          "private": "eyJzY2hlbWFfdmVyc2lvbiI6IjEifQ==",
          "dependencies": [
            "data.aci_vlan_pool.VLAN_Pool_l3out"
          ]
        }
      ]
    },
    {
      "mode": "managed",
      "type": "aci_ranges",
      "name": "VLAN_Range_l3out_1040",
      "provider": "provider[\"registry.terraform.io/ciscodevnet/aci\"]",
      "instances": [
        {
          "schema_version": 1,
          "attributes": {
            "alloc_mode": "inherit",
            "annotation": "orchestrator:terraform",
            "description": "",
            "from": "vlan-1040",
            "id": "uni/infra/vlanns-[l3out]-static/from-[vlan-1040]-to-[vlan-1040]",
            "name_alias": "",
            "role": "external",
            "to": "vlan-1040",
            "vlan_pool_dn": "uni/infra/vlanns-[l3out]-static"
          },
          "sensitive_attributes": [],
          "private": "eyJzY2hlbWFfdmVyc2lvbiI6IjEifQ==",
          "dependencies": [
            "data.aci_vlan_pool.VLAN_Pool_l3out"
          ]
        }
      ]
    },
    {
      "mode": "managed",
      "type": "aci_ranges",
      "name": "VLAN_Range_l3out_1041",
      "provider": "provider[\"registry.terraform.io/ciscodevnet/aci\"]",
      "instances": [
        {
          "schema_version": 1,
          "attributes": {
            "alloc_mode": "inherit",
            "annotation": "orchestrator:terraform",
            "description": "",
            "from": "vlan-1041",
            "id": "uni/infra/vlanns-[l3out]-static/from-[vlan-1041]-to-[vlan-1041]",
            "name_alias": "",
            "role": "external",
            "to": "vlan-1041",
            "vlan_pool_dn": "uni/infra/vlanns-[l3out]-static"
          },
          "sensitive_attributes": [],
          "private": "eyJzY2hlbWFfdmVyc2lvbiI6IjEifQ==",
          "dependencies": [
            "data.aci_vlan_pool.VLAN_Pool_l3out"
          ]
        }
      ]
    },
    {
      "mode": "managed",
      "type": "aci_ranges",
      "name": "VLAN_Range_l3out_1042",
      "provider": "provider[\"registry.terraform.io/ciscodevnet/aci\"]",
      "instances": [
        {
          "schema_version": 1,
          "attributes": {
            "alloc_mode": "inherit",
            "annotation": "orchestrator:terraform",
            "description": "",
            "from": "vlan-1042",
            "id": "uni/infra/vlanns-[l3out]-static/from-[vlan-1042]-to-[vlan-1042]",
            "name_alias": "",
            "role": "external",
            "to": "vlan-1042",
            "vlan_pool_dn": "uni/infra/vlanns-[l3out]-static"
          },
          "sensitive_attributes": [],
          "private": "eyJzY2hlbWFfdmVyc2lvbiI6IjEifQ==",
          "dependencies": [
            "data.aci_vlan_pool.VLAN_Pool_l3out"
          ]
        }
      ]
    },
    {
      "mode": "managed",
      "type": "aci_ranges",
      "name": "VLAN_Range_l3out_1043",
      "provider": "provider[\"registry.terraform.io/ciscodevnet/aci\"]",
      "instances": [
        {
          "schema_version": 1,
          "attributes": {
            "alloc_mode": "inherit",
            "annotation": "orchestrator:terraform",
            "description": "",
            "from": "vlan-1043",
            "id": "uni/infra/vlanns-[l3out]-static/from-[vlan-1043]-to-[vlan-1043]",
            "name_alias": "",
            "role": "external",
            "to": "vlan-1043",
            "vlan_pool_dn": "uni/infra/vlanns-[l3out]-static"
          },
          "sensitive_attributes": [],
          "private": "eyJzY2hlbWFfdmVyc2lvbiI6IjEifQ==",
          "dependencies": [
            "data.aci_vlan_pool.VLAN_Pool_l3out"
          ]
        }
      ]
    },
    {
      "mode": "managed",
      "type": "aci_ranges",
      "name": "VLAN_Range_l3out_1044",
      "provider": "provider[\"registry.terraform.io/ciscodevnet/aci\"]",
      "instances": [
        {
          "schema_version": 1,
          "attributes": {
            "alloc_mode": "inherit",
            "annotation": "orchestrator:terraform",
            "description": "",
            "from": "vlan-1044",
            "id": "uni/infra/vlanns-[l3out]-static/from-[vlan-1044]-to-[vlan-1044]",
            "name_alias": "",
            "role": "external",
            "to": "vlan-1044",
            "vlan_pool_dn": "uni/infra/vlanns-[l3out]-static"
          },
          "sensitive_attributes": [],
          "private": "eyJzY2hlbWFfdmVyc2lvbiI6IjEifQ==",
          "dependencies": [
            "data.aci_vlan_pool.VLAN_Pool_l3out"
          ]
        }
      ]
    },
    {
      "mode": "managed",
      "type": "aci_ranges",
      "name": "VLAN_Range_l3out_1045",
      "provider": "provider[\"registry.terraform.io/ciscodevnet/aci\"]",
      "instances": [
        {
          "schema_version": 1,
          "attributes": {
            "alloc_mode": "inherit",
            "annotation": "orchestrator:terraform",
            "description": "",
            "from": "vlan-1045",
            "id": "uni/infra/vlanns-[l3out]-static/from-[vlan-1045]-to-[vlan-1045]",
            "name_alias": "",
            "role": "external",
            "to": "vlan-1045",
            "vlan_pool_dn": "uni/infra/vlanns-[l3out]-static"
          },
          "sensitive_attributes": [],
          "private": "eyJzY2hlbWFfdmVyc2lvbiI6IjEifQ==",
          "dependencies": [
            "data.aci_vlan_pool.VLAN_Pool_l3out"
          ]
        }
      ]
    },
    {
      "mode": "managed",
      "type": "aci_ranges",
      "name": "VLAN_Range_l3out_1046",
      "provider": "provider[\"registry.terraform.io/ciscodevnet/aci\"]",
      "instances": [
        {
          "schema_version": 1,
          "attributes": {
            "alloc_mode": "inherit",
            "annotation": "orchestrator:terraform",
            "description": "",
            "from": "vlan-1046",
            "id": "uni/infra/vlanns-[l3out]-static/from-[vlan-1046]-to-[vlan-1046]",
            "name_alias": "",
            "role": "external",
            "to": "vlan-1046",
            "vlan_pool_dn": "uni/infra/vlanns-[l3out]-static"
          },
          "sensitive_attributes": [],
          "private": "eyJzY2hlbWFfdmVyc2lvbiI6IjEifQ==",
          "dependencies": [
            "data.aci_vlan_pool.VLAN_Pool_l3out"
          ]
        }
      ]
    },
    {
      "mode": "managed",
      "type": "aci_ranges",
      "name": "VLAN_Range_l3out_1047",
      "provider": "provider[\"registry.terraform.io/ciscodevnet/aci\"]",
      "instances": [
        {
          "schema_version": 1,
          "attributes": {
            "alloc_mode": "inherit",
            "annotation": "orchestrator:terraform",
            "description": "",
            "from": "vlan-1047",
            "id": "uni/infra/vlanns-[l3out]-static/from-[vlan-1047]-to-[vlan-1047]",
            "name_alias": "",
            "role": "external",
            "to": "vlan-1047",
            "vlan_pool_dn": "uni/infra/vlanns-[l3out]-static"
          },
          "sensitive_attributes": [],
          "private": "eyJzY2hlbWFfdmVyc2lvbiI6IjEifQ==",
          "dependencies": [
            "data.aci_vlan_pool.VLAN_Pool_l3out"
          ]
        }
      ]
    },
    {
      "mode": "managed",
      "type": "aci_ranges",
      "name": "VLAN_Range_l3out_1048",
      "provider": "provider[\"registry.terraform.io/ciscodevnet/aci\"]",
      "instances": [
        {
          "schema_version": 1,
          "attributes": {
            "alloc_mode": "inherit",
            "annotation": "orchestrator:terraform",
            "description": "",
            "from": "vlan-1048",
            "id": "uni/infra/vlanns-[l3out]-static/from-[vlan-1048]-to-[vlan-1048]",
            "name_alias": "",
            "role": "external",
            "to": "vlan-1048",
            "vlan_pool_dn": "uni/infra/vlanns-[l3out]-static"
          },
          "sensitive_attributes": [],
          "private": "eyJzY2hlbWFfdmVyc2lvbiI6IjEifQ==",
          "dependencies": [
            "data.aci_vlan_pool.VLAN_Pool_l3out"
          ]
        }
      ]
    },
    {
      "mode": "managed",
      "type": "aci_ranges",
      "name": "VLAN_Range_l3out_1049",
      "provider": "provider[\"registry.terraform.io/ciscodevnet/aci\"]",
      "instances": [
        {
          "schema_version": 1,
          "attributes": {
            "alloc_mode": "inherit",
            "annotation": "orchestrator:terraform",
            "description": "",
            "from": "vlan-1049",
            "id": "uni/infra/vlanns-[l3out]-static/from-[vlan-1049]-to-[vlan-1049]",
            "name_alias": "",
            "role": "external",
            "to": "vlan-1049",
            "vlan_pool_dn": "uni/infra/vlanns-[l3out]-static"
          },
          "sensitive_attributes": [],
          "private": "eyJzY2hlbWFfdmVyc2lvbiI6IjEifQ==",
          "dependencies": [
            "data.aci_vlan_pool.VLAN_Pool_l3out"
          ]
        }
      ]
    },
    {
      "mode": "managed",
      "type": "aci_ranges",
      "name": "VLAN_Range_l3out_1050",
      "provider": "provider[\"registry.terraform.io/ciscodevnet/aci\"]",
      "instances": [
        {
          "schema_version": 1,
          "attributes": {
            "alloc_mode": "inherit",
            "annotation": "orchestrator:terraform",
            "description": "",
            "from": "vlan-1050",
            "id": "uni/infra/vlanns-[l3out]-static/from-[vlan-1050]-to-[vlan-1050]",
            "name_alias": "",
            "role": "external",
            "to": "vlan-1050",
            "vlan_pool_dn": "uni/infra/vlanns-[l3out]-static"
          },
          "sensitive_attributes": [],
          "private": "eyJzY2hlbWFfdmVyc2lvbiI6IjEifQ==",
          "dependencies": [
            "data.aci_vlan_pool.VLAN_Pool_l3out"
          ]
        }
      ]
    },
    {
      "mode": "managed",
      "type": "aci_ranges",
      "name": "VLAN_Range_l3out_1051",
      "provider": "provider[\"registry.terraform.io/ciscodevnet/aci\"]",
      "instances": [
        {
          "schema_version": 1,
          "attributes": {
            "alloc_mode": "inherit",
            "annotation": "orchestrator:terraform",
            "description": "",
            "from": "vlan-1051",
            "id": "uni/infra/vlanns-[l3out]-static/from-[vlan-1051]-to-[vlan-1051]",
            "name_alias": "",
            "role": "external",
            "to": "vlan-1051",
            "vlan_pool_dn": "uni/infra/vlanns-[l3out]-static"
          },
          "sensitive_attributes": [],
          "private": "eyJzY2hlbWFfdmVyc2lvbiI6IjEifQ==",
          "dependencies": [
            "data.aci_vlan_pool.VLAN_Pool_l3out"
          ]
        }
      ]
    },
    {
      "mode": "managed",
      "type": "aci_ranges",
      "name": "VLAN_Range_l3out_1052",
      "provider": "provider[\"registry.terraform.io/ciscodevnet/aci\"]",
      "instances": [
        {
          "schema_version": 1,
          "attributes": {
            "alloc_mode": "inherit",
            "annotation": "orchestrator:terraform",
            "description": "",
            "from": "vlan-1052",
            "id": "uni/infra/vlanns-[l3out]-static/from-[vlan-1052]-to-[vlan-1052]",
            "name_alias": "",
            "role": "external",
            "to": "vlan-1052",
            "vlan_pool_dn": "uni/infra/vlanns-[l3out]-static"
          },
          "sensitive_attributes": [],
          "private": "eyJzY2hlbWFfdmVyc2lvbiI6IjEifQ==",
          "dependencies": [
            "data.aci_vlan_pool.VLAN_Pool_l3out"
          ]
        }
      ]
    },
    {
      "mode": "managed",
      "type": "aci_ranges",
      "name": "VLAN_Range_l3out_1053",
      "provider": "provider[\"registry.terraform.io/ciscodevnet/aci\"]",
      "instances": [
        {
          "schema_version": 1,
          "attributes": {
            "alloc_mode": "inherit",
            "annotation": "orchestrator:terraform",
            "description": "",
            "from": "vlan-1053",
            "id": "uni/infra/vlanns-[l3out]-static/from-[vlan-1053]-to-[vlan-1053]",
            "name_alias": "",
            "role": "external",
            "to": "vlan-1053",
            "vlan_pool_dn": "uni/infra/vlanns-[l3out]-static"
          },
          "sensitive_attributes": [],
          "private": "eyJzY2hlbWFfdmVyc2lvbiI6IjEifQ==",
          "dependencies": [
            "data.aci_vlan_pool.VLAN_Pool_l3out"
          ]
        }
      ]
    },
    {
      "mode": "managed",
      "type": "aci_ranges",
      "name": "VLAN_Range_l3out_1054",
      "provider": "provider[\"registry.terraform.io/ciscodevnet/aci\"]",
      "instances": [
        {
          "schema_version": 1,
          "attributes": {
            "alloc_mode": "inherit",
            "annotation": "orchestrator:terraform",
            "description": "",
            "from": "vlan-1054",
            "id": "uni/infra/vlanns-[l3out]-static/from-[vlan-1054]-to-[vlan-1054]",
            "name_alias": "",
            "role": "external",
            "to": "vlan-1054",
            "vlan_pool_dn": "uni/infra/vlanns-[l3out]-static"
          },
          "sensitive_attributes": [],
          "private": "eyJzY2hlbWFfdmVyc2lvbiI6IjEifQ==",
          "dependencies": [
            "data.aci_vlan_pool.VLAN_Pool_l3out"
          ]
        }
      ]
    },
    {
      "mode": "managed",
      "type": "aci_ranges",
      "name": "VLAN_Range_l3out_1055",
      "provider": "provider[\"registry.terraform.io/ciscodevnet/aci\"]",
      "instances": [
        {
          "schema_version": 1,
          "attributes": {
            "alloc_mode": "inherit",
            "annotation": "orchestrator:terraform",
            "description": "",
            "from": "vlan-1055",
            "id": "uni/infra/vlanns-[l3out]-static/from-[vlan-1055]-to-[vlan-1055]",
            "name_alias": "",
            "role": "external",
            "to": "vlan-1055",
            "vlan_pool_dn": "uni/infra/vlanns-[l3out]-static"
          },
          "sensitive_attributes": [],
          "private": "eyJzY2hlbWFfdmVyc2lvbiI6IjEifQ==",
          "dependencies": [
            "data.aci_vlan_pool.VLAN_Pool_l3out"
          ]
        }
      ]
    },
    {
      "mode": "managed",
      "type": "aci_ranges",
      "name": "VLAN_Range_l3out_1056",
      "provider": "provider[\"registry.terraform.io/ciscodevnet/aci\"]",
      "instances": [
        {
          "schema_version": 1,
          "attributes": {
            "alloc_mode": "inherit",
            "annotation": "orchestrator:terraform",
            "description": "",
            "from": "vlan-1056",
            "id": "uni/infra/vlanns-[l3out]-static/from-[vlan-1056]-to-[vlan-1056]",
            "name_alias": "",
            "role": "external",
            "to": "vlan-1056",
            "vlan_pool_dn": "uni/infra/vlanns-[l3out]-static"
          },
          "sensitive_attributes": [],
          "private": "eyJzY2hlbWFfdmVyc2lvbiI6IjEifQ==",
          "dependencies": [
            "data.aci_vlan_pool.VLAN_Pool_l3out"
          ]
        }
      ]
    },
    {
      "mode": "managed",
      "type": "aci_ranges",
      "name": "VLAN_Range_l3out_1057",
      "provider": "provider[\"registry.terraform.io/ciscodevnet/aci\"]",
      "instances": [
        {
          "schema_version": 1,
          "attributes": {
            "alloc_mode": "inherit",
            "annotation": "orchestrator:terraform",
            "description": "",
            "from": "vlan-1057",
            "id": "uni/infra/vlanns-[l3out]-static/from-[vlan-1057]-to-[vlan-1057]",
            "name_alias": "",
            "role": "external",
            "to": "vlan-1057",
            "vlan_pool_dn": "uni/infra/vlanns-[l3out]-static"
          },
          "sensitive_attributes": [],
          "private": "eyJzY2hlbWFfdmVyc2lvbiI6IjEifQ==",
          "dependencies": [
            "data.aci_vlan_pool.VLAN_Pool_l3out"
          ]
        }
      ]
    },
    {
      "mode": "managed",
      "type": "aci_ranges",
      "name": "VLAN_Range_l3out_1058",
      "provider": "provider[\"registry.terraform.io/ciscodevnet/aci\"]",
      "instances": [
        {
          "schema_version": 1,
          "attributes": {
            "alloc_mode": "inherit",
            "annotation": "orchestrator:terraform",
            "description": "",
            "from": "vlan-1058",
            "id": "uni/infra/vlanns-[l3out]-static/from-[vlan-1058]-to-[vlan-1058]",
            "name_alias": "",
            "role": "external",
            "to": "vlan-1058",
            "vlan_pool_dn": "uni/infra/vlanns-[l3out]-static"
          },
          "sensitive_attributes": [],
          "private": "eyJzY2hlbWFfdmVyc2lvbiI6IjEifQ==",
          "dependencies": [
            "data.aci_vlan_pool.VLAN_Pool_l3out"
          ]
        }
      ]
    },
    {
      "mode": "managed",
      "type": "aci_ranges",
      "name": "VLAN_Range_l3out_1059",
      "provider": "provider[\"registry.terraform.io/ciscodevnet/aci\"]",
      "instances": [
        {
          "schema_version": 1,
          "attributes": {
            "alloc_mode": "inherit",
            "annotation": "orchestrator:terraform",
            "description": "",
            "from": "vlan-1059",
            "id": "uni/infra/vlanns-[l3out]-static/from-[vlan-1059]-to-[vlan-1059]",
            "name_alias": "",
            "role": "external",
            "to": "vlan-1059",
            "vlan_pool_dn": "uni/infra/vlanns-[l3out]-static"
          },
          "sensitive_attributes": [],
          "private": "eyJzY2hlbWFfdmVyc2lvbiI6IjEifQ==",
          "dependencies": [
            "data.aci_vlan_pool.VLAN_Pool_l3out"
          ]
        }
      ]
    },
    {
      "mode": "managed",
      "type": "aci_ranges",
      "name": "VLAN_Range_l3out_1060",
      "provider": "provider[\"registry.terraform.io/ciscodevnet/aci\"]",
      "instances": [
        {
          "schema_version": 1,
          "attributes": {
            "alloc_mode": "inherit",
            "annotation": "orchestrator:terraform",
            "description": "",
            "from": "vlan-1060",
            "id": "uni/infra/vlanns-[l3out]-static/from-[vlan-1060]-to-[vlan-1060]",
            "name_alias": "",
            "role": "external",
            "to": "vlan-1060",
            "vlan_pool_dn": "uni/infra/vlanns-[l3out]-static"
          },
          "sensitive_attributes": [],
          "private": "eyJzY2hlbWFfdmVyc2lvbiI6IjEifQ==",
          "dependencies": [
            "data.aci_vlan_pool.VLAN_Pool_l3out"
          ]
        }
      ]
    },
    {
      "mode": "managed",
      "type": "aci_ranges",
      "name": "VLAN_Range_l3out_1061",
      "provider": "provider[\"registry.terraform.io/ciscodevnet/aci\"]",
      "instances": [
        {
          "schema_version": 1,
          "attributes": {
            "alloc_mode": "inherit",
            "annotation": "orchestrator:terraform",
            "description": "",
            "from": "vlan-1061",
            "id": "uni/infra/vlanns-[l3out]-static/from-[vlan-1061]-to-[vlan-1061]",
            "name_alias": "",
            "role": "external",
            "to": "vlan-1061",
            "vlan_pool_dn": "uni/infra/vlanns-[l3out]-static"
          },
          "sensitive_attributes": [],
          "private": "eyJzY2hlbWFfdmVyc2lvbiI6IjEifQ==",
          "dependencies": [
            "data.aci_vlan_pool.VLAN_Pool_l3out"
          ]
        }
      ]
    },
    {
      "mode": "managed",
      "type": "aci_ranges",
      "name": "VLAN_Range_l3out_1062",
      "provider": "provider[\"registry.terraform.io/ciscodevnet/aci\"]",
      "instances": [
        {
          "schema_version": 1,
          "attributes": {
            "alloc_mode": "inherit",
            "annotation": "orchestrator:terraform",
            "description": "",
            "from": "vlan-1062",
            "id": "uni/infra/vlanns-[l3out]-static/from-[vlan-1062]-to-[vlan-1062]",
            "name_alias": "",
            "role": "external",
            "to": "vlan-1062",
            "vlan_pool_dn": "uni/infra/vlanns-[l3out]-static"
          },
          "sensitive_attributes": [],
          "private": "eyJzY2hlbWFfdmVyc2lvbiI6IjEifQ==",
          "dependencies": [
            "data.aci_vlan_pool.VLAN_Pool_l3out"
          ]
        }
      ]
    },
    {
      "mode": "managed",
      "type": "aci_ranges",
      "name": "VLAN_Range_l3out_1063",
      "provider": "provider[\"registry.terraform.io/ciscodevnet/aci\"]",
      "instances": [
        {
          "schema_version": 1,
          "attributes": {
            "alloc_mode": "inherit",
            "annotation": "orchestrator:terraform",
            "description": "",
            "from": "vlan-1063",
            "id": "uni/infra/vlanns-[l3out]-static/from-[vlan-1063]-to-[vlan-1063]",
            "name_alias": "",
            "role": "external",
            "to": "vlan-1063",
            "vlan_pool_dn": "uni/infra/vlanns-[l3out]-static"
          },
          "sensitive_attributes": [],
          "private": "eyJzY2hlbWFfdmVyc2lvbiI6IjEifQ==",
          "dependencies": [
            "data.aci_vlan_pool.VLAN_Pool_l3out"
          ]
        }
      ]
    },
    {
      "mode": "managed",
      "type": "aci_ranges",
      "name": "VLAN_Range_l3out_1064",
      "provider": "provider[\"registry.terraform.io/ciscodevnet/aci\"]",
      "instances": [
        {
          "schema_version": 1,
          "attributes": {
            "alloc_mode": "inherit",
            "annotation": "orchestrator:terraform",
            "description": "",
            "from": "vlan-1064",
            "id": "uni/infra/vlanns-[l3out]-static/from-[vlan-1064]-to-[vlan-1064]",
            "name_alias": "",
            "role": "external",
            "to": "vlan-1064",
            "vlan_pool_dn": "uni/infra/vlanns-[l3out]-static"
          },
          "sensitive_attributes": [],
          "private": "eyJzY2hlbWFfdmVyc2lvbiI6IjEifQ==",
          "dependencies": [
            "data.aci_vlan_pool.VLAN_Pool_l3out"
          ]
        }
      ]
    },
    {
      "mode": "managed",
      "type": "aci_ranges",
      "name": "VLAN_Range_l3out_1065",
      "provider": "provider[\"registry.terraform.io/ciscodevnet/aci\"]",
      "instances": [
        {
          "schema_version": 1,
          "attributes": {
            "alloc_mode": "inherit",
            "annotation": "orchestrator:terraform",
            "description": "",
            "from": "vlan-1065",
            "id": "uni/infra/vlanns-[l3out]-static/from-[vlan-1065]-to-[vlan-1065]",
            "name_alias": "",
            "role": "external",
            "to": "vlan-1065",
            "vlan_pool_dn": "uni/infra/vlanns-[l3out]-static"
          },
          "sensitive_attributes": [],
          "private": "eyJzY2hlbWFfdmVyc2lvbiI6IjEifQ==",
          "dependencies": [
            "data.aci_vlan_pool.VLAN_Pool_l3out"
          ]
        }
      ]
    },
    {
      "mode": "managed",
      "type": "aci_ranges",
      "name": "VLAN_Range_l3out_1066",
      "provider": "provider[\"registry.terraform.io/ciscodevnet/aci\"]",
      "instances": [
        {
          "schema_version": 1,
          "attributes": {
            "alloc_mode": "inherit",
            "annotation": "orchestrator:terraform",
            "description": "",
            "from": "vlan-1066",
            "id": "uni/infra/vlanns-[l3out]-static/from-[vlan-1066]-to-[vlan-1066]",
            "name_alias": "",
            "role": "external",
            "to": "vlan-1066",
            "vlan_pool_dn": "uni/infra/vlanns-[l3out]-static"
          },
          "sensitive_attributes": [],
          "private": "eyJzY2hlbWFfdmVyc2lvbiI6IjEifQ==",
          "dependencies": [
            "data.aci_vlan_pool.VLAN_Pool_l3out"
          ]
        }
      ]
    },
    {
      "mode": "managed",
      "type": "aci_ranges",
      "name": "VLAN_Range_l3out_1067",
      "provider": "provider[\"registry.terraform.io/ciscodevnet/aci\"]",
      "instances": [
        {
          "schema_version": 1,
          "attributes": {
            "alloc_mode": "inherit",
            "annotation": "orchestrator:terraform",
            "description": "",
            "from": "vlan-1067",
            "id": "uni/infra/vlanns-[l3out]-static/from-[vlan-1067]-to-[vlan-1067]",
            "name_alias": "",
            "role": "external",
            "to": "vlan-1067",
            "vlan_pool_dn": "uni/infra/vlanns-[l3out]-static"
          },
          "sensitive_attributes": [],
          "private": "eyJzY2hlbWFfdmVyc2lvbiI6IjEifQ==",
          "dependencies": [
            "data.aci_vlan_pool.VLAN_Pool_l3out"
          ]
        }
      ]
    },
    {
      "mode": "managed",
      "type": "aci_ranges",
      "name": "VLAN_Range_l3out_1068",
      "provider": "provider[\"registry.terraform.io/ciscodevnet/aci\"]",
      "instances": [
        {
          "schema_version": 1,
          "attributes": {
            "alloc_mode": "inherit",
            "annotation": "orchestrator:terraform",
            "description": "",
            "from": "vlan-1068",
            "id": "uni/infra/vlanns-[l3out]-static/from-[vlan-1068]-to-[vlan-1068]",
            "name_alias": "",
            "role": "external",
            "to": "vlan-1068",
            "vlan_pool_dn": "uni/infra/vlanns-[l3out]-static"
          },
          "sensitive_attributes": [],
          "private": "eyJzY2hlbWFfdmVyc2lvbiI6IjEifQ==",
          "dependencies": [
            "data.aci_vlan_pool.VLAN_Pool_l3out"
          ]
        }
      ]
    },
    {
      "mode": "managed",
      "type": "aci_ranges",
      "name": "VLAN_Range_l3out_1069",
      "provider": "provider[\"registry.terraform.io/ciscodevnet/aci\"]",
      "instances": [
        {
          "schema_version": 1,
          "attributes": {
            "alloc_mode": "inherit",
            "annotation": "orchestrator:terraform",
            "description": "",
            "from": "vlan-1069",
            "id": "uni/infra/vlanns-[l3out]-static/from-[vlan-1069]-to-[vlan-1069]",
            "name_alias": "",
            "role": "external",
            "to": "vlan-1069",
            "vlan_pool_dn": "uni/infra/vlanns-[l3out]-static"
          },
          "sensitive_attributes": [],
          "private": "eyJzY2hlbWFfdmVyc2lvbiI6IjEifQ==",
          "dependencies": [
            "data.aci_vlan_pool.VLAN_Pool_l3out"
          ]
        }
      ]
    },
    {
      "mode": "managed",
      "type": "aci_ranges",
      "name": "VLAN_Range_l3out_1070",
      "provider": "provider[\"registry.terraform.io/ciscodevnet/aci\"]",
      "instances": [
        {
          "schema_version": 1,
          "attributes": {
            "alloc_mode": "inherit",
            "annotation": "orchestrator:terraform",
            "description": "",
            "from": "vlan-1070",
            "id": "uni/infra/vlanns-[l3out]-static/from-[vlan-1070]-to-[vlan-1070]",
            "name_alias": "",
            "role": "external",
            "to": "vlan-1070",
            "vlan_pool_dn": "uni/infra/vlanns-[l3out]-static"
          },
          "sensitive_attributes": [],
          "private": "eyJzY2hlbWFfdmVyc2lvbiI6IjEifQ==",
          "dependencies": [
            "data.aci_vlan_pool.VLAN_Pool_l3out"
          ]
        }
      ]
    },
    {
      "mode": "managed",
      "type": "aci_ranges",
      "name": "VLAN_Range_l3out_1071",
      "provider": "provider[\"registry.terraform.io/ciscodevnet/aci\"]",
      "instances": [
        {
          "schema_version": 1,
          "attributes": {
            "alloc_mode": "inherit",
            "annotation": "orchestrator:terraform",
            "description": "",
            "from": "vlan-1071",
            "id": "uni/infra/vlanns-[l3out]-static/from-[vlan-1071]-to-[vlan-1071]",
            "name_alias": "",
            "role": "external",
            "to": "vlan-1071",
            "vlan_pool_dn": "uni/infra/vlanns-[l3out]-static"
          },
          "sensitive_attributes": [],
          "private": "eyJzY2hlbWFfdmVyc2lvbiI6IjEifQ==",
          "dependencies": [
            "data.aci_vlan_pool.VLAN_Pool_l3out"
          ]
        }
      ]
    },
    {
      "mode": "managed",
      "type": "aci_ranges",
      "name": "VLAN_Range_l3out_1072",
      "provider": "provider[\"registry.terraform.io/ciscodevnet/aci\"]",
      "instances": [
        {
          "schema_version": 1,
          "attributes": {
            "alloc_mode": "inherit",
            "annotation": "orchestrator:terraform",
            "description": "",
            "from": "vlan-1072",
            "id": "uni/infra/vlanns-[l3out]-static/from-[vlan-1072]-to-[vlan-1072]",
            "name_alias": "",
            "role": "external",
            "to": "vlan-1072",
            "vlan_pool_dn": "uni/infra/vlanns-[l3out]-static"
          },
          "sensitive_attributes": [],
          "private": "eyJzY2hlbWFfdmVyc2lvbiI6IjEifQ==",
          "dependencies": [
            "data.aci_vlan_pool.VLAN_Pool_l3out"
          ]
        }
      ]
    },
    {
      "mode": "managed",
      "type": "aci_ranges",
      "name": "VLAN_Range_l3out_1073",
      "provider": "provider[\"registry.terraform.io/ciscodevnet/aci\"]",
      "instances": [
        {
          "schema_version": 1,
          "attributes": {
            "alloc_mode": "inherit",
            "annotation": "orchestrator:terraform",
            "description": "",
            "from": "vlan-1073",
            "id": "uni/infra/vlanns-[l3out]-static/from-[vlan-1073]-to-[vlan-1073]",
            "name_alias": "",
            "role": "external",
            "to": "vlan-1073",
            "vlan_pool_dn": "uni/infra/vlanns-[l3out]-static"
          },
          "sensitive_attributes": [],
          "private": "eyJzY2hlbWFfdmVyc2lvbiI6IjEifQ==",
          "dependencies": [
            "data.aci_vlan_pool.VLAN_Pool_l3out"
          ]
        }
      ]
    },
    {
      "mode": "managed",
      "type": "aci_ranges",
      "name": "VLAN_Range_l3out_1074",
      "provider": "provider[\"registry.terraform.io/ciscodevnet/aci\"]",
      "instances": [
        {
          "schema_version": 1,
          "attributes": {
            "alloc_mode": "inherit",
            "annotation": "orchestrator:terraform",
            "description": "",
            "from": "vlan-1074",
            "id": "uni/infra/vlanns-[l3out]-static/from-[vlan-1074]-to-[vlan-1074]",
            "name_alias": "",
            "role": "external",
            "to": "vlan-1074",
            "vlan_pool_dn": "uni/infra/vlanns-[l3out]-static"
          },
          "sensitive_attributes": [],
          "private": "eyJzY2hlbWFfdmVyc2lvbiI6IjEifQ==",
          "dependencies": [
            "data.aci_vlan_pool.VLAN_Pool_l3out"
          ]
        }
      ]
    },
    {
      "mode": "managed",
      "type": "aci_ranges",
      "name": "VLAN_Range_l3out_1075",
      "provider": "provider[\"registry.terraform.io/ciscodevnet/aci\"]",
      "instances": [
        {
          "schema_version": 1,
          "attributes": {
            "alloc_mode": "inherit",
            "annotation": "orchestrator:terraform",
            "description": "",
            "from": "vlan-1075",
            "id": "uni/infra/vlanns-[l3out]-static/from-[vlan-1075]-to-[vlan-1075]",
            "name_alias": "",
            "role": "external",
            "to": "vlan-1075",
            "vlan_pool_dn": "uni/infra/vlanns-[l3out]-static"
          },
          "sensitive_attributes": [],
          "private": "eyJzY2hlbWFfdmVyc2lvbiI6IjEifQ==",
          "dependencies": [
            "data.aci_vlan_pool.VLAN_Pool_l3out"
          ]
        }
      ]
    },
    {
      "mode": "managed",
      "type": "aci_ranges",
      "name": "VLAN_Range_l3out_1076",
      "provider": "provider[\"registry.terraform.io/ciscodevnet/aci\"]",
      "instances": [
        {
          "schema_version": 1,
          "attributes": {
            "alloc_mode": "inherit",
            "annotation": "orchestrator:terraform",
            "description": "",
            "from": "vlan-1076",
            "id": "uni/infra/vlanns-[l3out]-static/from-[vlan-1076]-to-[vlan-1076]",
            "name_alias": "",
            "role": "external",
            "to": "vlan-1076",
            "vlan_pool_dn": "uni/infra/vlanns-[l3out]-static"
          },
          "sensitive_attributes": [],
          "private": "eyJzY2hlbWFfdmVyc2lvbiI6IjEifQ==",
          "dependencies": [
            "data.aci_vlan_pool.VLAN_Pool_l3out"
          ]
        }
      ]
    },
    {
      "mode": "managed",
      "type": "aci_ranges",
      "name": "VLAN_Range_l3out_1077",
      "provider": "provider[\"registry.terraform.io/ciscodevnet/aci\"]",
      "instances": [
        {
          "schema_version": 1,
          "attributes": {
            "alloc_mode": "inherit",
            "annotation": "orchestrator:terraform",
            "description": "",
            "from": "vlan-1077",
            "id": "uni/infra/vlanns-[l3out]-static/from-[vlan-1077]-to-[vlan-1077]",
            "name_alias": "",
            "role": "external",
            "to": "vlan-1077",
            "vlan_pool_dn": "uni/infra/vlanns-[l3out]-static"
          },
          "sensitive_attributes": [],
          "private": "eyJzY2hlbWFfdmVyc2lvbiI6IjEifQ==",
          "dependencies": [
            "data.aci_vlan_pool.VLAN_Pool_l3out"
          ]
        }
      ]
    },
    {
      "mode": "managed",
      "type": "aci_ranges",
      "name": "VLAN_Range_l3out_1078",
      "provider": "provider[\"registry.terraform.io/ciscodevnet/aci\"]",
      "instances": [
        {
          "schema_version": 1,
          "attributes": {
            "alloc_mode": "inherit",
            "annotation": "orchestrator:terraform",
            "description": "",
            "from": "vlan-1078",
            "id": "uni/infra/vlanns-[l3out]-static/from-[vlan-1078]-to-[vlan-1078]",
            "name_alias": "",
            "role": "external",
            "to": "vlan-1078",
            "vlan_pool_dn": "uni/infra/vlanns-[l3out]-static"
          },
          "sensitive_attributes": [],
          "private": "eyJzY2hlbWFfdmVyc2lvbiI6IjEifQ==",
          "dependencies": [
            "data.aci_vlan_pool.VLAN_Pool_l3out"
          ]
        }
      ]
    },
    {
      "mode": "managed",
      "type": "aci_ranges",
      "name": "VLAN_Range_l3out_1079",
      "provider": "provider[\"registry.terraform.io/ciscodevnet/aci\"]",
      "instances": [
        {
          "schema_version": 1,
          "attributes": {
            "alloc_mode": "inherit",
            "annotation": "orchestrator:terraform",
            "description": "",
            "from": "vlan-1079",
            "id": "uni/infra/vlanns-[l3out]-static/from-[vlan-1079]-to-[vlan-1079]",
            "name_alias": "",
            "role": "external",
            "to": "vlan-1079",
            "vlan_pool_dn": "uni/infra/vlanns-[l3out]-static"
          },
          "sensitive_attributes": [],
          "private": "eyJzY2hlbWFfdmVyc2lvbiI6IjEifQ==",
          "dependencies": [
            "data.aci_vlan_pool.VLAN_Pool_l3out"
          ]
        }
      ]
    },
    {
      "mode": "managed",
      "type": "aci_ranges",
      "name": "VLAN_Range_l3out_1080",
      "provider": "provider[\"registry.terraform.io/ciscodevnet/aci\"]",
      "instances": [
        {
          "schema_version": 1,
          "attributes": {
            "alloc_mode": "inherit",
            "annotation": "orchestrator:terraform",
            "description": "",
            "from": "vlan-1080",
            "id": "uni/infra/vlanns-[l3out]-static/from-[vlan-1080]-to-[vlan-1080]",
            "name_alias": "",
            "role": "external",
            "to": "vlan-1080",
            "vlan_pool_dn": "uni/infra/vlanns-[l3out]-static"
          },
          "sensitive_attributes": [],
          "private": "eyJzY2hlbWFfdmVyc2lvbiI6IjEifQ==",
          "dependencies": [
            "data.aci_vlan_pool.VLAN_Pool_l3out"
          ]
        }
      ]
    },
    {
      "mode": "managed",
      "type": "aci_ranges",
      "name": "VLAN_Range_l3out_1081",
      "provider": "provider[\"registry.terraform.io/ciscodevnet/aci\"]",
      "instances": [
        {
          "schema_version": 1,
          "attributes": {
            "alloc_mode": "inherit",
            "annotation": "orchestrator:terraform",
            "description": "",
            "from": "vlan-1081",
            "id": "uni/infra/vlanns-[l3out]-static/from-[vlan-1081]-to-[vlan-1081]",
            "name_alias": "",
            "role": "external",
            "to": "vlan-1081",
            "vlan_pool_dn": "uni/infra/vlanns-[l3out]-static"
          },
          "sensitive_attributes": [],
          "private": "eyJzY2hlbWFfdmVyc2lvbiI6IjEifQ==",
          "dependencies": [
            "data.aci_vlan_pool.VLAN_Pool_l3out"
          ]
        }
      ]
    },
    {
      "mode": "managed",
      "type": "aci_ranges",
      "name": "VLAN_Range_l3out_1082",
      "provider": "provider[\"registry.terraform.io/ciscodevnet/aci\"]",
      "instances": [
        {
          "schema_version": 1,
          "attributes": {
            "alloc_mode": "inherit",
            "annotation": "orchestrator:terraform",
            "description": "",
            "from": "vlan-1082",
            "id": "uni/infra/vlanns-[l3out]-static/from-[vlan-1082]-to-[vlan-1082]",
            "name_alias": "",
            "role": "external",
            "to": "vlan-1082",
            "vlan_pool_dn": "uni/infra/vlanns-[l3out]-static"
          },
          "sensitive_attributes": [],
          "private": "eyJzY2hlbWFfdmVyc2lvbiI6IjEifQ==",
          "dependencies": [
            "data.aci_vlan_pool.VLAN_Pool_l3out"
          ]
        }
      ]
    },
    {
      "mode": "managed",
      "type": "aci_ranges",
      "name": "VLAN_Range_l3out_1083",
      "provider": "provider[\"registry.terraform.io/ciscodevnet/aci\"]",
      "instances": [
        {
          "schema_version": 1,
          "attributes": {
            "alloc_mode": "inherit",
            "annotation": "orchestrator:terraform",
            "description": "",
            "from": "vlan-1083",
            "id": "uni/infra/vlanns-[l3out]-static/from-[vlan-1083]-to-[vlan-1083]",
            "name_alias": "",
            "role": "external",
            "to": "vlan-1083",
            "vlan_pool_dn": "uni/infra/vlanns-[l3out]-static"
          },
          "sensitive_attributes": [],
          "private": "eyJzY2hlbWFfdmVyc2lvbiI6IjEifQ==",
          "dependencies": [
            "data.aci_vlan_pool.VLAN_Pool_l3out"
          ]
        }
      ]
    },
    {
      "mode": "managed",
      "type": "aci_ranges",
      "name": "VLAN_Range_l3out_1084",
      "provider": "provider[\"registry.terraform.io/ciscodevnet/aci\"]",
      "instances": [
        {
          "schema_version": 1,
          "attributes": {
            "alloc_mode": "inherit",
            "annotation": "orchestrator:terraform",
            "description": "",
            "from": "vlan-1084",
            "id": "uni/infra/vlanns-[l3out]-static/from-[vlan-1084]-to-[vlan-1084]",
            "name_alias": "",
            "role": "external",
            "to": "vlan-1084",
            "vlan_pool_dn": "uni/infra/vlanns-[l3out]-static"
          },
          "sensitive_attributes": [],
          "private": "eyJzY2hlbWFfdmVyc2lvbiI6IjEifQ==",
          "dependencies": [
            "data.aci_vlan_pool.VLAN_Pool_l3out"
          ]
        }
      ]
    },
    {
      "mode": "managed",
      "type": "aci_ranges",
      "name": "VLAN_Range_l3out_1085",
      "provider": "provider[\"registry.terraform.io/ciscodevnet/aci\"]",
      "instances": [
        {
          "schema_version": 1,
          "attributes": {
            "alloc_mode": "inherit",
            "annotation": "orchestrator:terraform",
            "description": "",
            "from": "vlan-1085",
            "id": "uni/infra/vlanns-[l3out]-static/from-[vlan-1085]-to-[vlan-1085]",
            "name_alias": "",
            "role": "external",
            "to": "vlan-1085",
            "vlan_pool_dn": "uni/infra/vlanns-[l3out]-static"
          },
          "sensitive_attributes": [],
          "private": "eyJzY2hlbWFfdmVyc2lvbiI6IjEifQ==",
          "dependencies": [
            "data.aci_vlan_pool.VLAN_Pool_l3out"
          ]
        }
      ]
    },
    {
      "mode": "managed",
      "type": "aci_ranges",
      "name": "VLAN_Range_l3out_1086",
      "provider": "provider[\"registry.terraform.io/ciscodevnet/aci\"]",
      "instances": [
        {
          "schema_version": 1,
          "attributes": {
            "alloc_mode": "inherit",
            "annotation": "orchestrator:terraform",
            "description": "",
            "from": "vlan-1086",
            "id": "uni/infra/vlanns-[l3out]-static/from-[vlan-1086]-to-[vlan-1086]",
            "name_alias": "",
            "role": "external",
            "to": "vlan-1086",
            "vlan_pool_dn": "uni/infra/vlanns-[l3out]-static"
          },
          "sensitive_attributes": [],
          "private": "eyJzY2hlbWFfdmVyc2lvbiI6IjEifQ==",
          "dependencies": [
            "data.aci_vlan_pool.VLAN_Pool_l3out"
          ]
        }
      ]
    },
    {
      "mode": "managed",
      "type": "aci_ranges",
      "name": "VLAN_Range_l3out_1087",
      "provider": "provider[\"registry.terraform.io/ciscodevnet/aci\"]",
      "instances": [
        {
          "schema_version": 1,
          "attributes": {
            "alloc_mode": "inherit",
            "annotation": "orchestrator:terraform",
            "description": "",
            "from": "vlan-1087",
            "id": "uni/infra/vlanns-[l3out]-static/from-[vlan-1087]-to-[vlan-1087]",
            "name_alias": "",
            "role": "external",
            "to": "vlan-1087",
            "vlan_pool_dn": "uni/infra/vlanns-[l3out]-static"
          },
          "sensitive_attributes": [],
          "private": "eyJzY2hlbWFfdmVyc2lvbiI6IjEifQ==",
          "dependencies": [
            "data.aci_vlan_pool.VLAN_Pool_l3out"
          ]
        }
      ]
    },
    {
      "mode": "managed",
      "type": "aci_ranges",
      "name": "VLAN_Range_l3out_1088",
      "provider": "provider[\"registry.terraform.io/ciscodevnet/aci\"]",
      "instances": [
        {
          "schema_version": 1,
          "attributes": {
            "alloc_mode": "inherit",
            "annotation": "orchestrator:terraform",
            "description": "",
            "from": "vlan-1088",
            "id": "uni/infra/vlanns-[l3out]-static/from-[vlan-1088]-to-[vlan-1088]",
            "name_alias": "",
            "role": "external",
            "to": "vlan-1088",
            "vlan_pool_dn": "uni/infra/vlanns-[l3out]-static"
          },
          "sensitive_attributes": [],
          "private": "eyJzY2hlbWFfdmVyc2lvbiI6IjEifQ==",
          "dependencies": [
            "data.aci_vlan_pool.VLAN_Pool_l3out"
          ]
        }
      ]
    },
    {
      "mode": "managed",
      "type": "aci_ranges",
      "name": "VLAN_Range_l3out_1089",
      "provider": "provider[\"registry.terraform.io/ciscodevnet/aci\"]",
      "instances": [
        {
          "schema_version": 1,
          "attributes": {
            "alloc_mode": "inherit",
            "annotation": "orchestrator:terraform",
            "description": "",
            "from": "vlan-1089",
            "id": "uni/infra/vlanns-[l3out]-static/from-[vlan-1089]-to-[vlan-1089]",
            "name_alias": "",
            "role": "external",
            "to": "vlan-1089",
            "vlan_pool_dn": "uni/infra/vlanns-[l3out]-static"
          },
          "sensitive_attributes": [],
          "private": "eyJzY2hlbWFfdmVyc2lvbiI6IjEifQ==",
          "dependencies": [
            "data.aci_vlan_pool.VLAN_Pool_l3out"
          ]
        }
      ]
    },
    {
      "mode": "managed",
      "type": "aci_ranges",
      "name": "VLAN_Range_l3out_1090",
      "provider": "provider[\"registry.terraform.io/ciscodevnet/aci\"]",
      "instances": [
        {
          "schema_version": 1,
          "attributes": {
            "alloc_mode": "inherit",
            "annotation": "orchestrator:terraform",
            "description": "",
            "from": "vlan-1090",
            "id": "uni/infra/vlanns-[l3out]-static/from-[vlan-1090]-to-[vlan-1090]",
            "name_alias": "",
            "role": "external",
            "to": "vlan-1090",
            "vlan_pool_dn": "uni/infra/vlanns-[l3out]-static"
          },
          "sensitive_attributes": [],
          "private": "eyJzY2hlbWFfdmVyc2lvbiI6IjEifQ==",
          "dependencies": [
            "data.aci_vlan_pool.VLAN_Pool_l3out"
          ]
        }
      ]
    },
    {
      "mode": "managed",
      "type": "aci_ranges",
      "name": "VLAN_Range_l3out_1091",
      "provider": "provider[\"registry.terraform.io/ciscodevnet/aci\"]",
      "instances": [
        {
          "schema_version": 1,
          "attributes": {
            "alloc_mode": "inherit",
            "annotation": "orchestrator:terraform",
            "description": "",
            "from": "vlan-1091",
            "id": "uni/infra/vlanns-[l3out]-static/from-[vlan-1091]-to-[vlan-1091]",
            "name_alias": "",
            "role": "external",
            "to": "vlan-1091",
            "vlan_pool_dn": "uni/infra/vlanns-[l3out]-static"
          },
          "sensitive_attributes": [],
          "private": "eyJzY2hlbWFfdmVyc2lvbiI6IjEifQ==",
          "dependencies": [
            "data.aci_vlan_pool.VLAN_Pool_l3out"
          ]
        }
      ]
    },
    {
      "mode": "managed",
      "type": "aci_ranges",
      "name": "VLAN_Range_l3out_1092",
      "provider": "provider[\"registry.terraform.io/ciscodevnet/aci\"]",
      "instances": [
        {
          "schema_version": 1,
          "attributes": {
            "alloc_mode": "inherit",
            "annotation": "orchestrator:terraform",
            "description": "",
            "from": "vlan-1092",
            "id": "uni/infra/vlanns-[l3out]-static/from-[vlan-1092]-to-[vlan-1092]",
            "name_alias": "",
            "role": "external",
            "to": "vlan-1092",
            "vlan_pool_dn": "uni/infra/vlanns-[l3out]-static"
          },
          "sensitive_attributes": [],
          "private": "eyJzY2hlbWFfdmVyc2lvbiI6IjEifQ==",
          "dependencies": [
            "data.aci_vlan_pool.VLAN_Pool_l3out"
          ]
        }
      ]
    },
    {
      "mode": "managed",
      "type": "aci_ranges",
      "name": "VLAN_Range_l3out_1093",
      "provider": "provider[\"registry.terraform.io/ciscodevnet/aci\"]",
      "instances": [
        {
          "schema_version": 1,
          "attributes": {
            "alloc_mode": "inherit",
            "annotation": "orchestrator:terraform",
            "description": "",
            "from": "vlan-1093",
            "id": "uni/infra/vlanns-[l3out]-static/from-[vlan-1093]-to-[vlan-1093]",
            "name_alias": "",
            "role": "external",
            "to": "vlan-1093",
            "vlan_pool_dn": "uni/infra/vlanns-[l3out]-static"
          },
          "sensitive_attributes": [],
          "private": "eyJzY2hlbWFfdmVyc2lvbiI6IjEifQ==",
          "dependencies": [
            "data.aci_vlan_pool.VLAN_Pool_l3out"
          ]
        }
      ]
    },
    {
      "mode": "managed",
      "type": "aci_ranges",
      "name": "VLAN_Range_l3out_1094",
      "provider": "provider[\"registry.terraform.io/ciscodevnet/aci\"]",
      "instances": [
        {
          "schema_version": 1,
          "attributes": {
            "alloc_mode": "inherit",
            "annotation": "orchestrator:terraform",
            "description": "",
            "from": "vlan-1094",
            "id": "uni/infra/vlanns-[l3out]-static/from-[vlan-1094]-to-[vlan-1094]",
            "name_alias": "",
            "role": "external",
            "to": "vlan-1094",
            "vlan_pool_dn": "uni/infra/vlanns-[l3out]-static"
          },
          "sensitive_attributes": [],
          "private": "eyJzY2hlbWFfdmVyc2lvbiI6IjEifQ==",
          "dependencies": [
            "data.aci_vlan_pool.VLAN_Pool_l3out"
          ]
        }
      ]
    },
    {
      "mode": "managed",
      "type": "aci_ranges",
      "name": "VLAN_Range_l3out_1095",
      "provider": "provider[\"registry.terraform.io/ciscodevnet/aci\"]",
      "instances": [
        {
          "schema_version": 1,
          "attributes": {
            "alloc_mode": "inherit",
            "annotation": "orchestrator:terraform",
            "description": "",
            "from": "vlan-1095",
            "id": "uni/infra/vlanns-[l3out]-static/from-[vlan-1095]-to-[vlan-1095]",
            "name_alias": "",
            "role": "external",
            "to": "vlan-1095",
            "vlan_pool_dn": "uni/infra/vlanns-[l3out]-static"
          },
          "sensitive_attributes": [],
          "private": "eyJzY2hlbWFfdmVyc2lvbiI6IjEifQ==",
          "dependencies": [
            "data.aci_vlan_pool.VLAN_Pool_l3out"
          ]
        }
      ]
    },
    {
      "mode": "managed",
      "type": "aci_ranges",
      "name": "VLAN_Range_l3out_1096",
      "provider": "provider[\"registry.terraform.io/ciscodevnet/aci\"]",
      "instances": [
        {
          "schema_version": 1,
          "attributes": {
            "alloc_mode": "inherit",
            "annotation": "orchestrator:terraform",
            "description": "",
            "from": "vlan-1096",
            "id": "uni/infra/vlanns-[l3out]-static/from-[vlan-1096]-to-[vlan-1096]",
            "name_alias": "",
            "role": "external",
            "to": "vlan-1096",
            "vlan_pool_dn": "uni/infra/vlanns-[l3out]-static"
          },
          "sensitive_attributes": [],
          "private": "eyJzY2hlbWFfdmVyc2lvbiI6IjEifQ==",
          "dependencies": [
            "data.aci_vlan_pool.VLAN_Pool_l3out"
          ]
        }
      ]
    },
    {
      "mode": "managed",
      "type": "aci_ranges",
      "name": "VLAN_Range_l3out_1097",
      "provider": "provider[\"registry.terraform.io/ciscodevnet/aci\"]",
      "instances": [
        {
          "schema_version": 1,
          "attributes": {
            "alloc_mode": "inherit",
            "annotation": "orchestrator:terraform",
            "description": "",
            "from": "vlan-1097",
            "id": "uni/infra/vlanns-[l3out]-static/from-[vlan-1097]-to-[vlan-1097]",
            "name_alias": "",
            "role": "external",
            "to": "vlan-1097",
            "vlan_pool_dn": "uni/infra/vlanns-[l3out]-static"
          },
          "sensitive_attributes": [],
          "private": "eyJzY2hlbWFfdmVyc2lvbiI6IjEifQ==",
          "dependencies": [
            "data.aci_vlan_pool.VLAN_Pool_l3out"
          ]
        }
      ]
    },
    {
      "mode": "managed",
      "type": "aci_ranges",
      "name": "VLAN_Range_l3out_1098",
      "provider": "provider[\"registry.terraform.io/ciscodevnet/aci\"]",
      "instances": [
        {
          "schema_version": 1,
          "attributes": {
            "alloc_mode": "inherit",
            "annotation": "orchestrator:terraform",
            "description": "",
            "from": "vlan-1098",
            "id": "uni/infra/vlanns-[l3out]-static/from-[vlan-1098]-to-[vlan-1098]",
            "name_alias": "",
            "role": "external",
            "to": "vlan-1098",
            "vlan_pool_dn": "uni/infra/vlanns-[l3out]-static"
          },
          "sensitive_attributes": [],
          "private": "eyJzY2hlbWFfdmVyc2lvbiI6IjEifQ==",
          "dependencies": [
            "data.aci_vlan_pool.VLAN_Pool_l3out"
          ]
        }
      ]
    },
    {
      "mode": "managed",
      "type": "aci_ranges",
      "name": "VLAN_Range_l3out_1099",
      "provider": "provider[\"registry.terraform.io/ciscodevnet/aci\"]",
      "instances": [
        {
          "schema_version": 1,
          "attributes": {
            "alloc_mode": "inherit",
            "annotation": "orchestrator:terraform",
            "description": "",
            "from": "vlan-1099",
            "id": "uni/infra/vlanns-[l3out]-static/from-[vlan-1099]-to-[vlan-1099]",
            "name_alias": "",
            "role": "external",
            "to": "vlan-1099",
            "vlan_pool_dn": "uni/infra/vlanns-[l3out]-static"
          },
          "sensitive_attributes": [],
          "private": "eyJzY2hlbWFfdmVyc2lvbiI6IjEifQ==",
          "dependencies": [
            "data.aci_vlan_pool.VLAN_Pool_l3out"
          ]
        }
      ]
    },
    {
      "mode": "managed",
      "type": "aci_ranges",
      "name": "VLAN_Range_l3out_4",
      "provider": "provider[\"registry.terraform.io/ciscodevnet/aci\"]",
      "instances": [
        {
          "schema_version": 1,
          "attributes": {
            "alloc_mode": "inherit",
            "annotation": "orchestrator:terraform",
            "description": "",
            "from": "vlan-4",
            "id": "uni/infra/vlanns-[l3out]-static/from-[vlan-4]-to-[vlan-4]",
            "name_alias": "",
            "role": "external",
            "to": "vlan-4",
            "vlan_pool_dn": "uni/infra/vlanns-[l3out]-static"
          },
          "sensitive_attributes": [],
          "private": "eyJzY2hlbWFfdmVyc2lvbiI6IjEifQ==",
          "dependencies": [
            "data.aci_vlan_pool.VLAN_Pool_l3out"
          ]
        }
      ]
    }
  ]
}
