{
  "version": 4,
  "terraform_version": "0.15.1",
  "serial": 77,
  "lineage": "88101a54-828c-2baa-a768-e83b2c121f6a",
  "outputs": {},
  "resources": [
    {
      "mode": "data",
      "type": "aci_bgp_peer_prefix",
      "name": "Tenant_common_Policy_BGP_Prefix_default",
      "provider": "provider[\"registry.terraform.io/ciscodevnet/aci\"]",
      "instances": [
        {
          "schema_version": 0,
          "attributes": {
            "action": "log",
            "annotation": "orchestrator:terraform",
            "description": "Default Prefix Policy",
            "id": "uni/tn-common/bgpPfxP-default",
            "max_pfx": "20000",
            "name": "default",
            "name_alias": "",
            "restart_time": "infinite",
            "tenant_dn": "uni/tn-common",
            "thresh": "75"
          },
          "sensitive_attributes": []
        }
      ]
    },
    {
      "mode": "data",
      "type": "aci_l3_domain_profile",
      "name": "L3_Domain_l3out",
      "provider": "provider[\"registry.terraform.io/ciscodevnet/aci\"]",
      "instances": [
        {
          "schema_version": 0,
          "attributes": {
            "annotation": "orchestrator:terraform",
            "description": null,
            "id": "uni/l3dom-l3out",
            "name": "l3out",
            "name_alias": ""
          },
          "sensitive_attributes": []
        }
      ]
    },
    {
      "mode": "data",
      "type": "aci_tenant",
      "name": "Tenant_common",
      "provider": "provider[\"registry.terraform.io/ciscodevnet/aci\"]",
      "instances": [
        {
          "schema_version": 0,
          "attributes": {
            "annotation": "None",
            "description": "Built-In Common Tenant",
            "id": "uni/tn-common",
            "name": "common",
            "name_alias": "None"
          },
          "sensitive_attributes": []
        }
      ]
    },
    {
      "mode": "managed",
      "type": "aci_any",
      "name": "Tenant_common_VRF_dmz_vzAny",
      "provider": "provider[\"registry.terraform.io/ciscodevnet/aci\"]",
      "instances": [
        {
          "schema_version": 1,
          "attributes": {
            "annotation": "orchestrator:terraform",
            "description": "vzAny for common dmz",
            "id": "uni/tn-common/ctx-dmz/any",
            "match_t": "AtleastOne",
            "name_alias": "",
            "pref_gr_memb": "disabled",
            "relation_vz_rs_any_to_cons": [],
            "relation_vz_rs_any_to_cons_if": [],
            "relation_vz_rs_any_to_prov": [],
            "vrf_dn": "uni/tn-common/ctx-dmz"
          },
          "sensitive_attributes": [],
          "private": "eyJzY2hlbWFfdmVyc2lvbiI6IjEifQ==",
          "dependencies": [
            "aci_tenant.Tenant_common",
            "aci_vrf.Tenant_common_VRF_dmz"
          ]
        }
      ]
    },
    {
      "mode": "managed",
      "type": "aci_any",
      "name": "Tenant_common_VRF_prod_Preferred_Group",
      "provider": "provider[\"registry.terraform.io/ciscodevnet/aci\"]",
      "instances": [
        {
          "schema_version": 1,
          "attributes": {
            "annotation": "orchestrator:terraform",
            "description": "Preferred Group for common prod",
            "id": "uni/tn-common/ctx-prod/any",
            "match_t": "AtleastOne",
            "name_alias": "",
            "pref_gr_memb": "enabled",
            "relation_vz_rs_any_to_cons": [],
            "relation_vz_rs_any_to_cons_if": [],
            "relation_vz_rs_any_to_prov": [],
            "vrf_dn": "uni/tn-common/ctx-prod"
          },
          "sensitive_attributes": [],
          "private": "eyJzY2hlbWFfdmVyc2lvbiI6IjEifQ==",
          "dependencies": [
            "aci_tenant.Tenant_common",
            "aci_vrf.Tenant_common_VRF_prod"
          ]
        }
      ]
    },
    {
      "mode": "managed",
      "type": "aci_bgp_peer_connectivity_profile",
      "name": "common_l3out_dc1-prod_L3_nodep_dc1-leaf201-202_bgp-peer_198-18-0-11",
      "provider": "provider[\"registry.terraform.io/ciscodevnet/aci\"]",
      "instances": [
        {
          "schema_version": 1,
          "attributes": {
            "addr": "198.18.0.11",
            "addr_t_ctrl": "af-ucast",
            "allowed_self_as_cnt": "3",
            "annotation": "orchestrator:terraform",
            "as_number": "65501",
            "ctrl": "send-com,send-ext-com",
            "description": "DC1 Peer 1",
            "id": "uni/tn-common/out-dc1-prod_L3/lnodep-dc1-leaf201-202/peerP-[198.18.0.11]",
            "local_asn": "0",
            "local_asn_propagate": "none",
            "logical_node_profile_dn": "uni/tn-common/out-dc1-prod_L3/lnodep-dc1-leaf201-202",
            "name_alias": "",
            "password": "cisco123",
            "peer_ctrl": "bfd",
            "private_a_sctrl": "",
            "relation_bgp_rs_peer_pfx_pol": "uni/tn-common/bgpPfxP-default",
            "ttl": "1",
            "weight": "0"
          },
          "sensitive_attributes": [
            [
              {
                "type": "get_attr",
                "value": "password"
              }
            ]
          ],
          "private": "eyJzY2hlbWFfdmVyc2lvbiI6IjEifQ==",
          "dependencies": [
            "aci_logical_interface_profile.Tenant_common_L3Out_dc1-prod_L3_Node_Profile_dc1-leaf201-202_Interface_Profile_Vlan911",
            "aci_logical_node_profile.Tenant_common_L3Out_dc1-prod_L3_Node_Profile_dc1-leaf201-202",
            "aci_tenant.Tenant_common",
            "aci_vrf.Tenant_common_VRF_prod",
            "data.aci_l3_domain_profile.L3_Domain_l3out",
            "aci_bgp_peer_prefix.Tenant_common_Policy_BGP_Prefix_default",
            "aci_l3_outside.Tenant_common_L3Out_dc1-prod_L3"
          ]
        }
      ]
    },
    {
      "mode": "managed",
      "type": "aci_bgp_peer_connectivity_profile",
      "name": "common_l3out_dc1-prod_L3_nodep_dc1-leaf201-202_bgp-peer_198-18-0-12",
      "provider": "provider[\"registry.terraform.io/ciscodevnet/aci\"]",
      "instances": [
        {
          "schema_version": 1,
          "attributes": {
            "addr": "198.18.0.12",
            "addr_t_ctrl": "af-ucast",
            "allowed_self_as_cnt": "3",
            "annotation": "orchestrator:terraform",
            "as_number": "65501",
            "ctrl": "send-com,send-ext-com",
            "description": "DC1 Peer 2",
            "id": "uni/tn-common/out-dc1-prod_L3/lnodep-dc1-leaf201-202/peerP-[198.18.0.12]",
            "local_asn": "0",
            "local_asn_propagate": "none",
            "logical_node_profile_dn": "uni/tn-common/out-dc1-prod_L3/lnodep-dc1-leaf201-202",
            "name_alias": "",
            "password": "cisco123",
            "peer_ctrl": "bfd",
            "private_a_sctrl": "",
            "relation_bgp_rs_peer_pfx_pol": "uni/tn-common/bgpPfxP-default",
            "ttl": "1",
            "weight": "0"
          },
          "sensitive_attributes": [
            [
              {
                "type": "get_attr",
                "value": "password"
              }
            ]
          ],
          "private": "eyJzY2hlbWFfdmVyc2lvbiI6IjEifQ==",
          "dependencies": [
            "aci_bgp_peer_prefix.Tenant_common_Policy_BGP_Prefix_default",
            "aci_l3_outside.Tenant_common_L3Out_dc1-prod_L3",
            "aci_logical_interface_profile.Tenant_common_L3Out_dc1-prod_L3_Node_Profile_dc1-leaf201-202_Interface_Profile_Vlan911",
            "aci_logical_node_profile.Tenant_common_L3Out_dc1-prod_L3_Node_Profile_dc1-leaf201-202",
            "aci_tenant.Tenant_common",
            "aci_vrf.Tenant_common_VRF_prod",
            "data.aci_l3_domain_profile.L3_Domain_l3out"
          ]
        }
      ]
    },
    {
      "mode": "managed",
      "type": "aci_bgp_peer_prefix",
      "name": "Tenant_common_Policy_BGP_Prefix_default",
      "provider": "provider[\"registry.terraform.io/ciscodevnet/aci\"]",
      "instances": [
        {
          "schema_version": 1,
          "attributes": {
            "action": "log",
            "annotation": "orchestrator:terraform",
            "description": "Default Prefix Policy",
            "id": "uni/tn-common/bgpPfxP-default",
            "max_pfx": "20000",
            "name": "default",
            "name_alias": "",
            "restart_time": "infinite",
            "tenant_dn": "uni/tn-common",
            "thresh": "75"
          },
          "sensitive_attributes": [],
          "private": "eyJzY2hlbWFfdmVyc2lvbiI6IjEifQ==",
          "dependencies": [
            "aci_tenant.Tenant_common"
          ]
        }
      ]
    },
    {
      "mode": "managed",
      "type": "aci_contract",
      "name": "Tenant_common_Contract_Type_Standard_Mgmt_In",
      "provider": "provider[\"registry.terraform.io/ciscodevnet/aci\"]",
      "instances": [
        {
          "schema_version": 1,
          "attributes": {
            "annotation": "orchestrator:terraform",
            "description": "Mgmt Inbound Traffic",
            "filter": [],
            "filter_entry_ids": [],
            "filter_ids": [],
            "id": "uni/tn-common/brc-Mgmt_In",
            "name": "Mgmt_In",
            "name_alias": "",
            "prio": "unspecified",
            "relation_vz_rs_graph_att": "",
            "scope": "global",
            "target_dscp": "unspecified",
            "tenant_dn": "uni/tn-common"
          },
          "sensitive_attributes": [],
          "private": "eyJzY2hlbWFfdmVyc2lvbiI6IjEifQ==",
          "dependencies": [
            "aci_tenant.Tenant_common"
          ]
        }
      ]
    },
    {
      "mode": "managed",
      "type": "aci_contract",
      "name": "Tenant_common_Contract_Type_Standard_Mgmt_Out",
      "provider": "provider[\"registry.terraform.io/ciscodevnet/aci\"]",
      "instances": [
        {
          "schema_version": 1,
          "attributes": {
            "annotation": "orchestrator:terraform",
            "description": "Mgmt Outbound Traffic",
            "filter": [],
            "filter_entry_ids": [],
            "filter_ids": [],
            "id": "uni/tn-common/brc-Mgmt_Out",
            "name": "Mgmt_Out",
            "name_alias": "",
            "prio": "unspecified",
            "relation_vz_rs_graph_att": "",
            "scope": "global",
            "target_dscp": "unspecified",
            "tenant_dn": "uni/tn-common"
          },
          "sensitive_attributes": [],
          "private": "eyJzY2hlbWFfdmVyc2lvbiI6IjEifQ==",
          "dependencies": [
            "aci_tenant.Tenant_common"
          ]
        }
      ]
    },
    {
      "mode": "managed",
      "type": "aci_contract",
      "name": "Tenant_common_Contract_Type_Standard_any",
      "provider": "provider[\"registry.terraform.io/ciscodevnet/aci\"]",
      "instances": [
        {
          "schema_version": 1,
          "attributes": {
            "annotation": "orchestrator:terraform",
            "description": "Any Contract",
            "filter": [],
            "filter_entry_ids": [],
            "filter_ids": [],
            "id": "uni/tn-common/brc-any",
            "name": "any",
            "name_alias": "",
            "prio": "unspecified",
            "relation_vz_rs_graph_att": "",
            "scope": "global",
            "target_dscp": "unspecified",
            "tenant_dn": "uni/tn-common"
          },
          "sensitive_attributes": [],
          "private": "eyJzY2hlbWFfdmVyc2lvbiI6IjEifQ==",
          "dependencies": [
            "aci_tenant.Tenant_common"
          ]
        }
      ]
    },
    {
      "mode": "managed",
      "type": "aci_contract_subject",
      "name": "Tenant_common_Contract_Type_OOB_Mgmt_In_Subj_Mgmt_In",
      "provider": "provider[\"registry.terraform.io/ciscodevnet/aci\"]",
      "instances": [
        {
          "schema_version": 1,
          "attributes": {
            "annotation": "orchestrator:terraform",
            "cons_match_t": "AtleastOne",
            "contract_dn": "uni/tn-common/oobbrc-Mgmt_In",
            "description": "",
            "id": "uni/tn-common/oobbrc-Mgmt_In/subj-Mgmt_In",
            "name": "Mgmt_In",
            "name_alias": "",
            "prio": "unspecified",
            "prov_match_t": "AtleastOne",
            "relation_vz_rs_sdwan_pol": "",
            "relation_vz_rs_subj_filt_att": [
              "uni/tn-common/flt-Mgmt_In"
            ],
            "relation_vz_rs_subj_graph_att": "",
            "rev_flt_ports": "yes",
            "target_dscp": "unspecified"
          },
          "sensitive_attributes": [],
          "private": "eyJzY2hlbWFfdmVyc2lvbiI6IjEifQ==",
          "dependencies": [
            "aci_filter.Tenant_common_Filter_Mgmt_In",
            "aci_rest.Tenant_common_Contract_Type_OOB_Mgmt_In",
            "aci_tenant.Tenant_common"
          ]
        }
      ]
    },
    {
      "mode": "managed",
      "type": "aci_contract_subject",
      "name": "Tenant_common_Contract_Type_OOB_Mgmt_Out_Subj_Mgmt_Out",
      "provider": "provider[\"registry.terraform.io/ciscodevnet/aci\"]",
      "instances": [
        {
          "schema_version": 1,
          "attributes": {
            "annotation": "orchestrator:terraform",
            "cons_match_t": "AtleastOne",
            "contract_dn": "uni/tn-common/oobbrc-Mgmt_Out",
            "description": "",
            "id": "uni/tn-common/oobbrc-Mgmt_Out/subj-Mgmt_Out",
            "name": "Mgmt_Out",
            "name_alias": "",
            "prio": "unspecified",
            "prov_match_t": "AtleastOne",
            "relation_vz_rs_sdwan_pol": "",
            "relation_vz_rs_subj_filt_att": [
              "uni/tn-common/flt-Mgmt_Out"
            ],
            "relation_vz_rs_subj_graph_att": "",
            "rev_flt_ports": "yes",
            "target_dscp": "unspecified"
          },
          "sensitive_attributes": [],
          "private": "eyJzY2hlbWFfdmVyc2lvbiI6IjEifQ==",
          "dependencies": [
            "aci_filter.Tenant_common_Filter_Mgmt_Out",
            "aci_rest.Tenant_common_Contract_Type_OOB_Mgmt_Out",
            "aci_tenant.Tenant_common"
          ]
        }
      ]
    },
    {
      "mode": "managed",
      "type": "aci_contract_subject",
      "name": "Tenant_common_Contract_Type_Standard_Mgmt_In_Subj_Mgmt_In",
      "provider": "provider[\"registry.terraform.io/ciscodevnet/aci\"]",
      "instances": [
        {
          "schema_version": 1,
          "attributes": {
            "annotation": "orchestrator:terraform",
            "cons_match_t": "AtleastOne",
            "contract_dn": "uni/tn-common/brc-Mgmt_In",
            "description": "",
            "id": "uni/tn-common/brc-Mgmt_In/subj-Mgmt_In",
            "name": "Mgmt_In",
            "name_alias": "",
            "prio": "unspecified",
            "prov_match_t": "AtleastOne",
            "relation_vz_rs_sdwan_pol": "",
            "relation_vz_rs_subj_filt_att": [
              "uni/tn-common/flt-Mgmt_In"
            ],
            "relation_vz_rs_subj_graph_att": "",
            "rev_flt_ports": "yes",
            "target_dscp": "unspecified"
          },
          "sensitive_attributes": [],
          "private": "eyJzY2hlbWFfdmVyc2lvbiI6IjEifQ==",
          "dependencies": [
            "aci_tenant.Tenant_common",
            "aci_contract.Tenant_common_Contract_Type_Standard_Mgmt_In",
            "aci_filter.Tenant_common_Filter_Mgmt_In"
          ]
        }
      ]
    },
    {
      "mode": "managed",
      "type": "aci_contract_subject",
      "name": "Tenant_common_Contract_Type_Standard_Mgmt_Out_Subj_Mgmt_Out",
      "provider": "provider[\"registry.terraform.io/ciscodevnet/aci\"]",
      "instances": [
        {
          "schema_version": 1,
          "attributes": {
            "annotation": "orchestrator:terraform",
            "cons_match_t": "AtleastOne",
            "contract_dn": "uni/tn-common/brc-Mgmt_Out",
            "description": "",
            "id": "uni/tn-common/brc-Mgmt_Out/subj-Mgmt_Out",
            "name": "Mgmt_Out",
            "name_alias": "",
            "prio": "unspecified",
            "prov_match_t": "AtleastOne",
            "relation_vz_rs_sdwan_pol": "",
            "relation_vz_rs_subj_filt_att": [
              "uni/tn-common/flt-Mgmt_Out"
            ],
            "relation_vz_rs_subj_graph_att": "",
            "rev_flt_ports": "yes",
            "target_dscp": "unspecified"
          },
          "sensitive_attributes": [],
          "private": "eyJzY2hlbWFfdmVyc2lvbiI6IjEifQ==",
          "dependencies": [
            "aci_contract.Tenant_common_Contract_Type_Standard_Mgmt_Out",
            "aci_filter.Tenant_common_Filter_Mgmt_Out",
            "aci_tenant.Tenant_common"
          ]
        }
      ]
    },
    {
      "mode": "managed",
      "type": "aci_contract_subject",
      "name": "Tenant_common_Contract_Type_Standard_any_Subj_any",
      "provider": "provider[\"registry.terraform.io/ciscodevnet/aci\"]",
      "instances": [
        {
          "schema_version": 1,
          "attributes": {
            "annotation": "orchestrator:terraform",
            "cons_match_t": "AtleastOne",
            "contract_dn": "uni/tn-common/brc-any",
            "description": "",
            "id": "uni/tn-common/brc-any/subj-any",
            "name": "any",
            "name_alias": "",
            "prio": "unspecified",
            "prov_match_t": "AtleastOne",
            "relation_vz_rs_sdwan_pol": "",
            "relation_vz_rs_subj_filt_att": [
              "uni/tn-common/flt-any"
            ],
            "relation_vz_rs_subj_graph_att": "",
            "rev_flt_ports": "yes",
            "target_dscp": "unspecified"
          },
          "sensitive_attributes": [],
          "private": "eyJzY2hlbWFfdmVyc2lvbiI6IjEifQ==",
          "dependencies": [
            "aci_contract.Tenant_common_Contract_Type_Standard_any",
            "aci_filter.Tenant_common_Filter_any",
            "aci_tenant.Tenant_common"
          ]
        }
      ]
    },
    {
      "mode": "managed",
      "type": "aci_filter",
      "name": "Tenant_common_Filter_Mgmt_In",
      "provider": "provider[\"registry.terraform.io/ciscodevnet/aci\"]",
      "instances": [
        {
          "schema_version": 1,
          "attributes": {
            "annotation": "orchestrator:terraform",
            "description": "Management Inbound Traffic",
            "id": "uni/tn-common/flt-Mgmt_In",
            "name": "Mgmt_In",
            "name_alias": "",
            "relation_vz_rs_filt_graph_att": "",
            "relation_vz_rs_fwd_r_flt_p_att": "",
            "relation_vz_rs_rev_r_flt_p_att": "",
            "tenant_dn": "uni/tn-common"
          },
          "sensitive_attributes": [],
          "private": "eyJzY2hlbWFfdmVyc2lvbiI6IjEifQ==",
          "dependencies": [
            "aci_tenant.Tenant_common"
          ]
        }
      ]
    },
    {
      "mode": "managed",
      "type": "aci_filter",
      "name": "Tenant_common_Filter_Mgmt_Out",
      "provider": "provider[\"registry.terraform.io/ciscodevnet/aci\"]",
      "instances": [
        {
          "schema_version": 1,
          "attributes": {
            "annotation": "orchestrator:terraform",
            "description": "Management Outbound Traffic",
            "id": "uni/tn-common/flt-Mgmt_Out",
            "name": "Mgmt_Out",
            "name_alias": "",
            "relation_vz_rs_filt_graph_att": "",
            "relation_vz_rs_fwd_r_flt_p_att": "",
            "relation_vz_rs_rev_r_flt_p_att": "",
            "tenant_dn": "uni/tn-common"
          },
          "sensitive_attributes": [],
          "private": "eyJzY2hlbWFfdmVyc2lvbiI6IjEifQ==",
          "dependencies": [
            "aci_tenant.Tenant_common"
          ]
        }
      ]
    },
    {
      "mode": "managed",
      "type": "aci_filter",
      "name": "Tenant_common_Filter_any",
      "provider": "provider[\"registry.terraform.io/ciscodevnet/aci\"]",
      "instances": [
        {
          "schema_version": 1,
          "attributes": {
            "annotation": "orchestrator:terraform",
            "description": "Default Filter",
            "id": "uni/tn-common/flt-any",
            "name": "any",
            "name_alias": "",
            "relation_vz_rs_filt_graph_att": "",
            "relation_vz_rs_fwd_r_flt_p_att": "",
            "relation_vz_rs_rev_r_flt_p_att": "",
            "tenant_dn": "uni/tn-common"
          },
          "sensitive_attributes": [],
          "private": "eyJzY2hlbWFfdmVyc2lvbiI6IjEifQ==",
          "dependencies": [
            "aci_tenant.Tenant_common"
          ]
        }
      ]
    },
    {
      "mode": "managed",
      "type": "aci_filter_entry",
      "name": "Tenant_common_Filter_Mgmt_In_Entry_https",
      "provider": "provider[\"registry.terraform.io/ciscodevnet/aci\"]",
      "instances": [
        {
          "schema_version": 1,
          "attributes": {
            "annotation": "orchestrator:terraform",
            "apply_to_frag": "no",
            "arp_opc": "unspecified",
            "d_from_port": "https",
            "d_to_port": "https",
            "description": "Allow HTTPS",
            "ether_t": "ip",
            "filter_dn": "uni/tn-common/flt-Mgmt_In",
            "icmpv4_t": "unspecified",
            "icmpv6_t": "unspecified",
            "id": "uni/tn-common/flt-Mgmt_In/e-https",
            "match_dscp": "unspecified",
            "name": "https",
            "name_alias": "",
            "prot": "tcp",
            "s_from_port": "unspecified",
            "s_to_port": "unspecified",
            "stateful": "yes",
            "tcp_rules": ""
          },
          "sensitive_attributes": [],
          "private": "eyJzY2hlbWFfdmVyc2lvbiI6IjEifQ==",
          "dependencies": [
            "aci_filter.Tenant_common_Filter_Mgmt_In",
            "aci_tenant.Tenant_common"
          ]
        }
      ]
    },
    {
      "mode": "managed",
      "type": "aci_filter_entry",
      "name": "Tenant_common_Filter_Mgmt_In_Entry_icmp",
      "provider": "provider[\"registry.terraform.io/ciscodevnet/aci\"]",
      "instances": [
        {
          "schema_version": 1,
          "attributes": {
            "annotation": "orchestrator:terraform",
            "apply_to_frag": "no",
            "arp_opc": "unspecified",
            "d_from_port": "161",
            "d_to_port": "161",
            "description": "Allow ICMP",
            "ether_t": "ip",
            "filter_dn": "uni/tn-common/flt-Mgmt_In",
            "icmpv4_t": "unspecified",
            "icmpv6_t": "unspecified",
            "id": "uni/tn-common/flt-Mgmt_In/e-icmp",
            "match_dscp": "unspecified",
            "name": "icmp",
            "name_alias": "",
            "prot": "udp",
            "s_from_port": "unspecified",
            "s_to_port": "unspecified",
            "stateful": "yes",
            "tcp_rules": ""
          },
          "sensitive_attributes": [],
          "private": "eyJzY2hlbWFfdmVyc2lvbiI6IjEifQ==",
          "dependencies": [
            "aci_filter.Tenant_common_Filter_Mgmt_In",
            "aci_tenant.Tenant_common"
          ]
        }
      ]
    },
    {
      "mode": "managed",
      "type": "aci_filter_entry",
      "name": "Tenant_common_Filter_Mgmt_In_Entry_snmp",
      "provider": "provider[\"registry.terraform.io/ciscodevnet/aci\"]",
      "instances": [
        {
          "schema_version": 1,
          "attributes": {
            "annotation": "orchestrator:terraform",
            "apply_to_frag": "no",
            "arp_opc": "unspecified",
            "d_from_port": "161",
            "d_to_port": "161",
            "description": "Allow SNMP",
            "ether_t": "ip",
            "filter_dn": "uni/tn-common/flt-Mgmt_In",
            "icmpv4_t": "unspecified",
            "icmpv6_t": "unspecified",
            "id": "uni/tn-common/flt-Mgmt_In/e-snmp",
            "match_dscp": "unspecified",
            "name": "snmp",
            "name_alias": "",
            "prot": "udp",
            "s_from_port": "unspecified",
            "s_to_port": "unspecified",
            "stateful": "yes",
            "tcp_rules": ""
          },
          "sensitive_attributes": [],
          "private": "eyJzY2hlbWFfdmVyc2lvbiI6IjEifQ==",
          "dependencies": [
            "aci_filter.Tenant_common_Filter_Mgmt_In",
            "aci_tenant.Tenant_common"
          ]
        }
      ]
    },
    {
      "mode": "managed",
      "type": "aci_filter_entry",
      "name": "Tenant_common_Filter_Mgmt_In_Entry_ssh",
      "provider": "provider[\"registry.terraform.io/ciscodevnet/aci\"]",
      "instances": [
        {
          "schema_version": 1,
          "attributes": {
            "annotation": "orchestrator:terraform",
            "apply_to_frag": "no",
            "arp_opc": "unspecified",
            "d_from_port": "22",
            "d_to_port": "22",
            "description": "Allow SSH",
            "ether_t": "ip",
            "filter_dn": "uni/tn-common/flt-Mgmt_In",
            "icmpv4_t": "unspecified",
            "icmpv6_t": "unspecified",
            "id": "uni/tn-common/flt-Mgmt_In/e-ssh",
            "match_dscp": "unspecified",
            "name": "ssh",
            "name_alias": "",
            "prot": "tcp",
            "s_from_port": "unspecified",
            "s_to_port": "unspecified",
            "stateful": "yes",
            "tcp_rules": ""
          },
          "sensitive_attributes": [],
          "private": "eyJzY2hlbWFfdmVyc2lvbiI6IjEifQ==",
          "dependencies": [
            "aci_filter.Tenant_common_Filter_Mgmt_In",
            "aci_tenant.Tenant_common"
          ]
        }
      ]
    },
    {
      "mode": "managed",
      "type": "aci_filter_entry",
      "name": "Tenant_common_Filter_Mgmt_Out_Entry_icmp",
      "provider": "provider[\"registry.terraform.io/ciscodevnet/aci\"]",
      "instances": [
        {
          "schema_version": 1,
          "attributes": {
            "annotation": "orchestrator:terraform",
            "apply_to_frag": "no",
            "arp_opc": "unspecified",
            "d_from_port": "161",
            "d_to_port": "161",
            "description": "Allow ICMP",
            "ether_t": "ip",
            "filter_dn": "uni/tn-common/flt-Mgmt_Out",
            "icmpv4_t": "unspecified",
            "icmpv6_t": "unspecified",
            "id": "uni/tn-common/flt-Mgmt_Out/e-icmp",
            "match_dscp": "unspecified",
            "name": "icmp",
            "name_alias": "",
            "prot": "udp",
            "s_from_port": "unspecified",
            "s_to_port": "unspecified",
            "stateful": "yes",
            "tcp_rules": ""
          },
          "sensitive_attributes": [],
          "private": "eyJzY2hlbWFfdmVyc2lvbiI6IjEifQ==",
          "dependencies": [
            "aci_tenant.Tenant_common",
            "aci_filter.Tenant_common_Filter_Mgmt_Out"
          ]
        }
      ]
    },
    {
      "mode": "managed",
      "type": "aci_filter_entry",
      "name": "Tenant_common_Filter_Mgmt_Out_Entry_ip",
      "provider": "provider[\"registry.terraform.io/ciscodevnet/aci\"]",
      "instances": [
        {
          "schema_version": 1,
          "attributes": {
            "annotation": "orchestrator:terraform",
            "apply_to_frag": "no",
            "arp_opc": "unspecified",
            "d_from_port": "unspecified",
            "d_to_port": "unspecified",
            "description": "Allow All IP",
            "ether_t": "ip",
            "filter_dn": "uni/tn-common/flt-Mgmt_Out",
            "icmpv4_t": "unspecified",
            "icmpv6_t": "unspecified",
            "id": "uni/tn-common/flt-Mgmt_Out/e-ip",
            "match_dscp": "unspecified",
            "name": "ip",
            "name_alias": "",
            "prot": "unspecified",
            "s_from_port": "unspecified",
            "s_to_port": "unspecified",
            "stateful": "yes",
            "tcp_rules": ""
          },
          "sensitive_attributes": [],
          "private": "eyJzY2hlbWFfdmVyc2lvbiI6IjEifQ==",
          "dependencies": [
            "aci_filter.Tenant_common_Filter_Mgmt_Out",
            "aci_tenant.Tenant_common"
          ]
        }
      ]
    },
    {
      "mode": "managed",
      "type": "aci_filter_entry",
      "name": "Tenant_common_Filter_any_Entry_any",
      "provider": "provider[\"registry.terraform.io/ciscodevnet/aci\"]",
      "instances": [
        {
          "schema_version": 1,
          "attributes": {
            "annotation": "orchestrator:terraform",
            "apply_to_frag": "no",
            "arp_opc": "unspecified",
            "d_from_port": "unspecified",
            "d_to_port": "unspecified",
            "description": "Allow Any",
            "ether_t": "unspecified",
            "filter_dn": "uni/tn-common/flt-any",
            "icmpv4_t": "unspecified",
            "icmpv6_t": "unspecified",
            "id": "uni/tn-common/flt-any/e-any",
            "match_dscp": "unspecified",
            "name": "any",
            "name_alias": "",
            "prot": "unspecified",
            "s_from_port": "unspecified",
            "s_to_port": "unspecified",
            "stateful": "yes",
            "tcp_rules": ""
          },
          "sensitive_attributes": [],
          "private": "eyJzY2hlbWFfdmVyc2lvbiI6IjEifQ==",
          "dependencies": [
            "aci_filter.Tenant_common_Filter_any",
            "aci_tenant.Tenant_common"
          ]
        }
      ]
    },
    {
      "mode": "managed",
      "type": "aci_l3_outside",
      "name": "Tenant_common_L3Out_dc1-dmz_L3",
      "provider": "provider[\"registry.terraform.io/ciscodevnet/aci\"]",
      "instances": [
        {
          "schema_version": 1,
          "attributes": {
            "annotation": "orchestrator:terraform",
            "description": "DC1 DMZ L3Out",
            "enforce_rtctrl": "export",
            "id": "uni/tn-common/out-dc1-dmz_L3",
            "name": "dc1-dmz_L3",
            "name_alias": "",
            "relation_l3ext_rs_dampening_pol": [],
            "relation_l3ext_rs_ectx": "uni/tn-common/ctx-dmz",
            "relation_l3ext_rs_interleak_pol": "",
            "relation_l3ext_rs_l3_dom_att": "uni/l3dom-l3out",
            "relation_l3ext_rs_out_to_bd_public_subnet_holder": [],
            "target_dscp": "unspecified",
            "tenant_dn": "uni/tn-common"
          },
          "sensitive_attributes": [],
          "private": "eyJzY2hlbWFfdmVyc2lvbiI6IjEifQ==",
          "dependencies": [
            "aci_tenant.Tenant_common",
            "aci_vrf.Tenant_common_VRF_dmz",
            "data.aci_l3_domain_profile.L3_Domain_l3out"
          ]
        }
      ]
    },
    {
      "mode": "managed",
      "type": "aci_l3_outside",
      "name": "Tenant_common_L3Out_dc1-prod_L3",
      "provider": "provider[\"registry.terraform.io/ciscodevnet/aci\"]",
      "instances": [
        {
          "schema_version": 1,
          "attributes": {
            "annotation": "orchestrator:terraform",
            "description": "DC1 Production L3Out",
            "enforce_rtctrl": "export",
            "id": "uni/tn-common/out-dc1-prod_L3",
            "name": "dc1-prod_L3",
            "name_alias": "",
            "relation_l3ext_rs_dampening_pol": [],
            "relation_l3ext_rs_ectx": "uni/tn-common/ctx-prod",
            "relation_l3ext_rs_interleak_pol": "",
            "relation_l3ext_rs_l3_dom_att": "uni/l3dom-l3out",
            "relation_l3ext_rs_out_to_bd_public_subnet_holder": [],
            "target_dscp": "unspecified",
            "tenant_dn": "uni/tn-common"
          },
          "sensitive_attributes": [],
          "private": "eyJzY2hlbWFfdmVyc2lvbiI6IjEifQ==",
          "dependencies": [
            "data.aci_l3_domain_profile.L3_Domain_l3out",
            "aci_tenant.Tenant_common",
            "aci_vrf.Tenant_common_VRF_prod"
          ]
        }
      ]
    },
    {
      "mode": "managed",
      "type": "aci_l3out_path_attachment",
      "name": "Tenant_common_L3Out_dc1-dmz_L3_Node_Profile_dc1-leaf201_Interface_Profile_Eth1-48_path_attachment",
      "provider": "provider[\"registry.terraform.io/ciscodevnet/aci\"]",
      "instances": [
        {
          "schema_version": 1,
          "attributes": {
            "addr": "198.18.0.16/31",
            "annotation": "",
            "autostate": "disabled",
            "description": "",
            "encap": "unknown",
            "encap_scope": "local",
            "id": "uni/tn-common/out-dc1-dmz_L3/lnodep-dc1-leaf201/lifp-Eth1-48/rspathL3OutAtt-[topology/pod-1/paths-201/pathep-[eth1/48]]",
            "if_inst_t": "l3-port",
            "ipv6_dad": "enabled",
            "ll_addr": "::",
            "logical_interface_profile_dn": "uni/tn-common/out-dc1-dmz_L3/lnodep-dc1-leaf201/lifp-Eth1-48",
            "mac": "00:22:BD:F8:19:FF",
            "mode": "regular",
            "mtu": "inherit",
            "target_dn": "topology/pod-1/paths-201/pathep-[eth1/48]",
            "target_dscp": "unspecified"
          },
          "sensitive_attributes": [],
          "private": "eyJzY2hlbWFfdmVyc2lvbiI6IjEifQ==",
          "dependencies": [
            "data.aci_l3_domain_profile.L3_Domain_l3out",
            "aci_l3_outside.Tenant_common_L3Out_dc1-dmz_L3",
            "aci_logical_interface_profile.Tenant_common_L3Out_dc1-dmz_L3_Node_Profile_dc1-leaf201_Interface_Profile_Eth1-48",
            "aci_logical_node_profile.Tenant_common_L3Out_dc1-dmz_L3_Node_Profile_dc1-leaf201",
            "aci_tenant.Tenant_common",
            "aci_vrf.Tenant_common_VRF_dmz"
          ]
        }
      ]
    },
    {
      "mode": "managed",
      "type": "aci_l3out_path_attachment",
      "name": "Tenant_common_L3Out_dc1-dmz_L3_Node_Profile_dc1-leaf202_Interface_Profile_Eth1-48_path_attachment",
      "provider": "provider[\"registry.terraform.io/ciscodevnet/aci\"]",
      "instances": [
        {
          "schema_version": 1,
          "attributes": {
            "addr": "198.18.0.18/31",
            "annotation": "",
            "autostate": "disabled",
            "description": "",
            "encap": "unknown",
            "encap_scope": "local",
            "id": "uni/tn-common/out-dc1-dmz_L3/lnodep-dc1-leaf202/lifp-Eth1-48/rspathL3OutAtt-[topology/pod-1/paths-202/pathep-[eth1/48]]",
            "if_inst_t": "l3-port",
            "ipv6_dad": "enabled",
            "ll_addr": "::",
            "logical_interface_profile_dn": "uni/tn-common/out-dc1-dmz_L3/lnodep-dc1-leaf202/lifp-Eth1-48",
            "mac": "00:22:BD:F8:19:FF",
            "mode": "regular",
            "mtu": "inherit",
            "target_dn": "topology/pod-1/paths-202/pathep-[eth1/48]",
            "target_dscp": "unspecified"
          },
          "sensitive_attributes": [],
          "private": "eyJzY2hlbWFfdmVyc2lvbiI6IjEifQ==",
          "dependencies": [
            "aci_l3_outside.Tenant_common_L3Out_dc1-dmz_L3",
            "aci_logical_interface_profile.Tenant_common_L3Out_dc1-dmz_L3_Node_Profile_dc1-leaf202_Interface_Profile_Eth1-48",
            "aci_logical_node_profile.Tenant_common_L3Out_dc1-dmz_L3_Node_Profile_dc1-leaf202",
            "aci_tenant.Tenant_common",
            "aci_vrf.Tenant_common_VRF_dmz",
            "data.aci_l3_domain_profile.L3_Domain_l3out"
          ]
        }
      ]
    },
    {
      "mode": "managed",
      "type": "aci_l3out_path_attachment",
      "name": "Tenant_common_L3Out_dc1-prod_L3_Node_Profile_dc1-leaf201-202_Interface_Profile_Vlan911_path_attachment",
      "provider": "provider[\"registry.terraform.io/ciscodevnet/aci\"]",
      "instances": [
        {
          "schema_version": 1,
          "attributes": {
            "addr": "0.0.0.0",
            "annotation": "",
            "autostate": "disabled",
            "description": "",
            "encap": "vlan-911",
            "encap_scope": "local",
            "id": "uni/tn-common/out-dc1-prod_L3/lnodep-dc1-leaf201-202/lifp-Vlan911/rspathL3OutAtt-[topology/pod-1/protpaths-201-201/pathep-[dc1-leaf201-202_vpc1]]",
            "if_inst_t": "ext-svi",
            "ipv6_dad": "enabled",
            "ll_addr": "::",
            "logical_interface_profile_dn": "uni/tn-common/out-dc1-prod_L3/lnodep-dc1-leaf201-202/lifp-Vlan911",
            "mac": "00:22:BD:F8:19:FF",
            "mode": "regular",
            "mtu": "inherit",
            "target_dn": "topology/pod-1/protpaths-201-201/pathep-[dc1-leaf201-202_vpc1]",
            "target_dscp": "unspecified"
          },
          "sensitive_attributes": [],
          "private": "eyJzY2hlbWFfdmVyc2lvbiI6IjEifQ==",
          "dependencies": [
            "data.aci_l3_domain_profile.L3_Domain_l3out",
            "aci_l3_outside.Tenant_common_L3Out_dc1-prod_L3",
            "aci_logical_interface_profile.Tenant_common_L3Out_dc1-prod_L3_Node_Profile_dc1-leaf201-202_Interface_Profile_Vlan911",
            "aci_logical_node_profile.Tenant_common_L3Out_dc1-prod_L3_Node_Profile_dc1-leaf201-202",
            "aci_tenant.Tenant_common",
            "aci_vrf.Tenant_common_VRF_prod"
          ]
        }
      ]
    },
    {
      "mode": "managed",
      "type": "aci_logical_interface_profile",
      "name": "Tenant_common_L3Out_dc1-dmz_L3_Node_Profile_dc1-leaf201_Interface_Profile_Eth1-48",
      "provider": "provider[\"registry.terraform.io/ciscodevnet/aci\"]",
      "instances": [
        {
          "schema_version": 1,
          "attributes": {
            "annotation": "orchestrator:terraform",
            "description": "dc1-leaf201-Eth1-48 to Core",
            "id": "uni/tn-common/out-dc1-dmz_L3/lnodep-dc1-leaf201/lifp-Eth1-48",
            "logical_node_profile_dn": "uni/tn-common/out-dc1-dmz_L3/lnodep-dc1-leaf201",
            "name": "Eth1-48",
            "name_alias": "",
            "prio": "unspecified",
            "relation_l3ext_rs_arp_if_pol": null,
            "relation_l3ext_rs_egress_qos_dpp_pol": null,
            "relation_l3ext_rs_ingress_qos_dpp_pol": null,
            "relation_l3ext_rs_l_if_p_cust_qos_pol": null,
            "relation_l3ext_rs_l_if_p_to_netflow_monitor_pol": [],
            "relation_l3ext_rs_nd_if_pol": null,
            "tag": "yellow-green"
          },
          "sensitive_attributes": [],
          "private": "eyJzY2hlbWFfdmVyc2lvbiI6IjEifQ==",
          "dependencies": [
            "aci_logical_node_profile.Tenant_common_L3Out_dc1-dmz_L3_Node_Profile_dc1-leaf201",
            "aci_tenant.Tenant_common",
            "aci_vrf.Tenant_common_VRF_dmz",
            "data.aci_l3_domain_profile.L3_Domain_l3out",
            "aci_l3_outside.Tenant_common_L3Out_dc1-dmz_L3"
          ]
        }
      ]
    },
    {
      "mode": "managed",
      "type": "aci_logical_interface_profile",
      "name": "Tenant_common_L3Out_dc1-dmz_L3_Node_Profile_dc1-leaf202_Interface_Profile_Eth1-48",
      "provider": "provider[\"registry.terraform.io/ciscodevnet/aci\"]",
      "instances": [
        {
          "schema_version": 1,
          "attributes": {
            "annotation": "orchestrator:terraform",
            "description": "dc1-leaf202-Eth1-48 to Core",
            "id": "uni/tn-common/out-dc1-dmz_L3/lnodep-dc1-leaf202/lifp-Eth1-48",
            "logical_node_profile_dn": "uni/tn-common/out-dc1-dmz_L3/lnodep-dc1-leaf202",
            "name": "Eth1-48",
            "name_alias": "",
            "prio": "unspecified",
            "relation_l3ext_rs_arp_if_pol": null,
            "relation_l3ext_rs_egress_qos_dpp_pol": null,
            "relation_l3ext_rs_ingress_qos_dpp_pol": null,
            "relation_l3ext_rs_l_if_p_cust_qos_pol": null,
            "relation_l3ext_rs_l_if_p_to_netflow_monitor_pol": [],
            "relation_l3ext_rs_nd_if_pol": null,
            "tag": "yellow-green"
          },
          "sensitive_attributes": [],
          "private": "eyJzY2hlbWFfdmVyc2lvbiI6IjEifQ==",
          "dependencies": [
            "aci_vrf.Tenant_common_VRF_dmz",
            "data.aci_l3_domain_profile.L3_Domain_l3out",
            "aci_l3_outside.Tenant_common_L3Out_dc1-dmz_L3",
            "aci_logical_node_profile.Tenant_common_L3Out_dc1-dmz_L3_Node_Profile_dc1-leaf202",
            "aci_tenant.Tenant_common"
          ]
        }
      ]
    },
    {
      "mode": "managed",
      "type": "aci_logical_interface_profile",
      "name": "Tenant_common_L3Out_dc1-prod_L3_Node_Profile_dc1-leaf201-202_Interface_Profile_Vlan911",
      "provider": "provider[\"registry.terraform.io/ciscodevnet/aci\"]",
      "instances": [
        {
          "schema_version": 1,
          "attributes": {
            "annotation": "orchestrator:terraform",
            "description": "DC1 leaf101-102-vlan911 to Core",
            "id": "uni/tn-common/out-dc1-prod_L3/lnodep-dc1-leaf201-202/lifp-Vlan911",
            "logical_node_profile_dn": "uni/tn-common/out-dc1-prod_L3/lnodep-dc1-leaf201-202",
            "name": "Vlan911",
            "name_alias": "",
            "prio": "unspecified",
            "relation_l3ext_rs_arp_if_pol": null,
            "relation_l3ext_rs_egress_qos_dpp_pol": null,
            "relation_l3ext_rs_ingress_qos_dpp_pol": null,
            "relation_l3ext_rs_l_if_p_cust_qos_pol": null,
            "relation_l3ext_rs_l_if_p_to_netflow_monitor_pol": [],
            "relation_l3ext_rs_nd_if_pol": null,
            "tag": "yellow-green"
          },
          "sensitive_attributes": [],
          "private": "eyJzY2hlbWFfdmVyc2lvbiI6IjEifQ==",
          "dependencies": [
            "data.aci_l3_domain_profile.L3_Domain_l3out",
            "aci_l3_outside.Tenant_common_L3Out_dc1-prod_L3",
            "aci_logical_node_profile.Tenant_common_L3Out_dc1-prod_L3_Node_Profile_dc1-leaf201-202",
            "aci_tenant.Tenant_common",
            "aci_vrf.Tenant_common_VRF_prod"
          ]
        }
      ]
    },
    {
      "mode": "managed",
      "type": "aci_logical_node_profile",
      "name": "Tenant_common_L3Out_dc1-dmz_L3_Node_Profile_dc1-leaf201",
      "provider": "provider[\"registry.terraform.io/ciscodevnet/aci\"]",
      "instances": [
        {
          "schema_version": 1,
          "attributes": {
            "annotation": "orchestrator:terraform",
            "config_issues": "none",
            "description": "dc1-leaf201 to Core",
            "id": "uni/tn-common/out-dc1-dmz_L3/lnodep-dc1-leaf201",
            "l3_outside_dn": "uni/tn-common/out-dc1-dmz_L3",
            "name": "dc1-leaf201",
            "name_alias": "",
            "tag": "yellow-green",
            "target_dscp": "unspecified"
          },
          "sensitive_attributes": [],
          "private": "eyJzY2hlbWFfdmVyc2lvbiI6IjEifQ==",
          "dependencies": [
            "aci_l3_outside.Tenant_common_L3Out_dc1-dmz_L3",
            "aci_tenant.Tenant_common",
            "aci_vrf.Tenant_common_VRF_dmz",
            "data.aci_l3_domain_profile.L3_Domain_l3out"
          ]
        }
      ]
    },
    {
      "mode": "managed",
      "type": "aci_logical_node_profile",
      "name": "Tenant_common_L3Out_dc1-dmz_L3_Node_Profile_dc1-leaf202",
      "provider": "provider[\"registry.terraform.io/ciscodevnet/aci\"]",
      "instances": [
        {
          "schema_version": 1,
          "attributes": {
            "annotation": "orchestrator:terraform",
            "config_issues": "none",
            "description": "dc1-leaf202 to Core",
            "id": "uni/tn-common/out-dc1-dmz_L3/lnodep-dc1-leaf202",
            "l3_outside_dn": "uni/tn-common/out-dc1-dmz_L3",
            "name": "dc1-leaf202",
            "name_alias": "",
            "tag": "yellow-green",
            "target_dscp": "unspecified"
          },
          "sensitive_attributes": [],
          "private": "eyJzY2hlbWFfdmVyc2lvbiI6IjEifQ==",
          "dependencies": [
            "aci_l3_outside.Tenant_common_L3Out_dc1-dmz_L3",
            "aci_tenant.Tenant_common",
            "aci_vrf.Tenant_common_VRF_dmz",
            "data.aci_l3_domain_profile.L3_Domain_l3out"
          ]
        }
      ]
    },
    {
      "mode": "managed",
      "type": "aci_logical_node_profile",
      "name": "Tenant_common_L3Out_dc1-prod_L3_Node_Profile_dc1-leaf201-202",
      "provider": "provider[\"registry.terraform.io/ciscodevnet/aci\"]",
      "instances": [
        {
          "schema_version": 1,
          "attributes": {
            "annotation": "orchestrator:terraform",
            "config_issues": "none",
            "description": "DC1 Border Leafs to Core",
            "id": "uni/tn-common/out-dc1-prod_L3/lnodep-dc1-leaf201-202",
            "l3_outside_dn": "uni/tn-common/out-dc1-prod_L3",
            "name": "dc1-leaf201-202",
            "name_alias": "",
            "tag": "yellow-green",
            "target_dscp": "unspecified"
          },
          "sensitive_attributes": [],
          "private": "eyJzY2hlbWFfdmVyc2lvbiI6IjEifQ==",
          "dependencies": [
            "aci_l3_outside.Tenant_common_L3Out_dc1-prod_L3",
            "aci_tenant.Tenant_common",
            "aci_vrf.Tenant_common_VRF_prod",
            "data.aci_l3_domain_profile.L3_Domain_l3out"
          ]
        }
      ]
    },
    {
      "mode": "managed",
      "type": "aci_logical_node_to_fabric_node",
      "name": "Tenant_common_L3Out_dc1-dmz_L3_Node_Profile_dc1-leaf201_201",
      "provider": "provider[\"registry.terraform.io/ciscodevnet/aci\"]",
      "instances": [
        {
          "schema_version": 1,
          "attributes": {
            "annotation": "orchestrator:terraform",
            "config_issues": "",
            "description": null,
            "id": "uni/tn-common/out-dc1-dmz_L3/lnodep-dc1-leaf201/rsnodeL3OutAtt-[topology/pod-1/node-201]",
            "logical_node_profile_dn": "uni/tn-common/out-dc1-dmz_L3/lnodep-dc1-leaf201",
            "rtr_id": "198.18.253.201",
            "rtr_id_loop_back": "yes",
            "tdn": "topology/pod-1/node-201"
          },
          "sensitive_attributes": [],
          "private": "eyJzY2hlbWFfdmVyc2lvbiI6IjEifQ==",
          "dependencies": [
            "aci_logical_node_profile.Tenant_common_L3Out_dc1-dmz_L3_Node_Profile_dc1-leaf201",
            "aci_tenant.Tenant_common",
            "aci_vrf.Tenant_common_VRF_dmz",
            "data.aci_l3_domain_profile.L3_Domain_l3out",
            "aci_l3_outside.Tenant_common_L3Out_dc1-dmz_L3"
          ]
        }
      ]
    },
    {
      "mode": "managed",
      "type": "aci_logical_node_to_fabric_node",
      "name": "Tenant_common_L3Out_dc1-dmz_L3_Node_Profile_dc1-leaf202_202",
      "provider": "provider[\"registry.terraform.io/ciscodevnet/aci\"]",
      "instances": [
        {
          "schema_version": 1,
          "attributes": {
            "annotation": "orchestrator:terraform",
            "config_issues": "",
            "description": null,
            "id": "uni/tn-common/out-dc1-dmz_L3/lnodep-dc1-leaf202/rsnodeL3OutAtt-[topology/pod-1/node-202]",
            "logical_node_profile_dn": "uni/tn-common/out-dc1-dmz_L3/lnodep-dc1-leaf202",
            "rtr_id": "198.18.253.202",
            "rtr_id_loop_back": "yes",
            "tdn": "topology/pod-1/node-202"
          },
          "sensitive_attributes": [],
          "private": "eyJzY2hlbWFfdmVyc2lvbiI6IjEifQ==",
          "dependencies": [
            "aci_logical_node_profile.Tenant_common_L3Out_dc1-dmz_L3_Node_Profile_dc1-leaf202",
            "aci_tenant.Tenant_common",
            "aci_vrf.Tenant_common_VRF_dmz",
            "data.aci_l3_domain_profile.L3_Domain_l3out",
            "aci_l3_outside.Tenant_common_L3Out_dc1-dmz_L3"
          ]
        }
      ]
    },
    {
      "mode": "managed",
      "type": "aci_logical_node_to_fabric_node",
      "name": "Tenant_common_L3Out_dc1-prod_L3_Node_Profile_dc1-leaf201-202_201",
      "provider": "provider[\"registry.terraform.io/ciscodevnet/aci\"]",
      "instances": [
        {
          "schema_version": 1,
          "attributes": {
            "annotation": "orchestrator:terraform",
            "config_issues": "",
            "description": null,
            "id": "uni/tn-common/out-dc1-prod_L3/lnodep-dc1-leaf201-202/rsnodeL3OutAtt-[topology/pod-1/node-201]",
            "logical_node_profile_dn": "uni/tn-common/out-dc1-prod_L3/lnodep-dc1-leaf201-202",
            "rtr_id": "198.18.252.201",
            "rtr_id_loop_back": "yes",
            "tdn": "topology/pod-1/node-201"
          },
          "sensitive_attributes": [],
          "private": "eyJzY2hlbWFfdmVyc2lvbiI6IjEifQ==",
          "dependencies": [
            "aci_logical_node_profile.Tenant_common_L3Out_dc1-prod_L3_Node_Profile_dc1-leaf201-202",
            "aci_tenant.Tenant_common",
            "aci_vrf.Tenant_common_VRF_prod",
            "data.aci_l3_domain_profile.L3_Domain_l3out",
            "aci_l3_outside.Tenant_common_L3Out_dc1-prod_L3"
          ]
        }
      ]
    },
    {
      "mode": "managed",
      "type": "aci_logical_node_to_fabric_node",
      "name": "Tenant_common_L3Out_dc1-prod_L3_Node_Profile_dc1-leaf201-202_202",
      "provider": "provider[\"registry.terraform.io/ciscodevnet/aci\"]",
      "instances": [
        {
          "schema_version": 1,
          "attributes": {
            "annotation": "orchestrator:terraform",
            "config_issues": "",
            "description": null,
            "id": "uni/tn-common/out-dc1-prod_L3/lnodep-dc1-leaf201-202/rsnodeL3OutAtt-[topology/pod-1/node-202]",
            "logical_node_profile_dn": "uni/tn-common/out-dc1-prod_L3/lnodep-dc1-leaf201-202",
            "rtr_id": "198.18.253.1",
            "rtr_id_loop_back": "yes",
            "tdn": "topology/pod-1/node-202"
          },
          "sensitive_attributes": [],
          "private": "eyJzY2hlbWFfdmVyc2lvbiI6IjEifQ==",
          "dependencies": [
            "aci_l3_outside.Tenant_common_L3Out_dc1-prod_L3",
            "aci_logical_node_profile.Tenant_common_L3Out_dc1-prod_L3_Node_Profile_dc1-leaf201-202",
            "aci_tenant.Tenant_common",
            "aci_vrf.Tenant_common_VRF_prod",
            "data.aci_l3_domain_profile.L3_Domain_l3out"
          ]
        }
      ]
    },
    {
      "mode": "managed",
      "type": "aci_ospf_interface_policy",
      "name": "Tenant_common_Policy_OSPF_Interface_point-to-point",
      "provider": "provider[\"registry.terraform.io/ciscodevnet/aci\"]",
      "instances": [
        {
          "schema_version": 1,
          "attributes": {
            "annotation": "orchestrator:terraform",
            "cost": "unspecified",
            "ctrl": "bfd",
            "dead_intvl": "40",
            "description": "Point-to-Point Policy",
            "hello_intvl": "10",
            "id": "uni/tn-common/ospfIfPol-point-to-point",
            "name": "point-to-point",
            "name_alias": "",
            "nw_t": "p2p",
            "pfx_suppress": "inherit",
            "prio": "1",
            "rexmit_intvl": "5",
            "tenant_dn": "uni/tn-common",
            "xmit_delay": "1"
          },
          "sensitive_attributes": [],
          "private": "eyJzY2hlbWFfdmVyc2lvbiI6IjEifQ==",
          "dependencies": [
            "data.aci_tenant.Tenant_common"
          ]
        }
      ]
    },
    {
      "mode": "managed",
      "type": "aci_rest",
      "name": "Tenant_common_Contract_Type_OOB_Mgmt_In",
      "provider": "provider[\"registry.terraform.io/ciscodevnet/aci\"]",
      "instances": [
        {
          "schema_version": 1,
          "attributes": {
            "class_name": "vzOOBBrCP",
            "content": null,
            "dn": null,
            "id": "uni/tn-common/oobbrc-Mgmt_In",
            "path": "/api/node/mo/uni/tn-common/oobbrc-Mgmt_In.json",
            "payload": "{\n    \"vzOOBBrCP\": {\n        \"attributes\": {\n            \"descr\": \"Out-of-Band Inbound Traffic\",\n            \"dn\": \"uni/tn-common/oobbrc-Mgmt_In\",\n            \"name\": \"Mgmt_In\",\n            \"prio\": \"unspecified\",\n            \"scope\": \"global\",\n            \"targetDscp\": \"unspecified\"\n        },\n        \"children\": [ ]\n    }\n}\n"
          },
          "sensitive_attributes": [],
          "private": "eyJzY2hlbWFfdmVyc2lvbiI6IjEifQ=="
        }
      ]
    },
    {
      "mode": "managed",
      "type": "aci_rest",
      "name": "Tenant_common_Contract_Type_OOB_Mgmt_Out",
      "provider": "provider[\"registry.terraform.io/ciscodevnet/aci\"]",
      "instances": [
        {
          "schema_version": 1,
          "attributes": {
            "class_name": "vzOOBBrCP",
            "content": null,
            "dn": null,
            "id": "uni/tn-common/oobbrc-Mgmt_Out",
            "path": "/api/node/mo/uni/tn-common/oobbrc-Mgmt_Out.json",
            "payload": "{\n    \"vzOOBBrCP\": {\n        \"attributes\": {\n            \"descr\": \"Out-of-Band Outbound Traffic\",\n            \"dn\": \"uni/tn-common/oobbrc-Mgmt_Out\",\n            \"name\": \"Mgmt_Out\",\n            \"prio\": \"unspecified\",\n            \"scope\": \"global\",\n            \"targetDscp\": \"unspecified\"\n        },\n        \"children\": [ ]\n    }\n}\n"
          },
          "sensitive_attributes": [],
          "private": "eyJzY2hlbWFfdmVyc2lvbiI6IjEifQ=="
        }
      ]
    },
    {
      "mode": "managed",
      "type": "aci_rest",
      "name": "Tenant_common_L3Out_dc1-prod_L3_Node_Profile_dc1-leaf201-202_Interface_Profile_Vlan911_vpc_side_A",
      "provider": "provider[\"registry.terraform.io/ciscodevnet/aci\"]",
      "instances": [
        {
          "schema_version": 1,
          "attributes": {
            "class_name": "l3extMember",
            "content": null,
            "dn": null,
            "id": "uni/tn-common/out-dc1-prod_L3/lnodep-dc1-leaf201-202/lifp-Vlan911/rspathL3OutAtt-[topology/pod-1/protpaths-201-201/pathep-[dc1-leaf201-202_vpc1]]/mem-A",
            "path": "/api/node/mo/uni/tn-common/out-dc1-prod_L3/lnodep-dc1-leaf201-202/lifp-Vlan911/rspathL3OutAtt-[topology/pod-1/protpaths-201-201/pathep-[dc1-leaf201-202_vpc1]]/mem-A.json",
            "payload": "{\n    \"l3extMember\": {\n        \"attributes\": {\n            \"addr\": \"198.18.0.9/29\",\n            \"ipv6Dad\": \"enabled\",\n            \"side\": \"A\",\n        }\n    }\n}\n"
          },
          "sensitive_attributes": [],
          "private": "eyJzY2hlbWFfdmVyc2lvbiI6IjEifQ==",
          "dependencies": [
            "aci_logical_interface_profile.Tenant_common_L3Out_dc1-prod_L3_Node_Profile_dc1-leaf201-202_Interface_Profile_Vlan911",
            "aci_logical_node_profile.Tenant_common_L3Out_dc1-prod_L3_Node_Profile_dc1-leaf201-202",
            "aci_tenant.Tenant_common",
            "aci_vrf.Tenant_common_VRF_prod",
            "data.aci_l3_domain_profile.L3_Domain_l3out",
            "aci_l3_outside.Tenant_common_L3Out_dc1-prod_L3"
          ]
        }
      ]
    },
    {
      "mode": "managed",
      "type": "aci_rest",
      "name": "Tenant_common_L3Out_dc1-prod_L3_Node_Profile_dc1-leaf201-202_Interface_Profile_Vlan911_vpc_side_B",
      "provider": "provider[\"registry.terraform.io/ciscodevnet/aci\"]",
      "instances": [
        {
          "schema_version": 1,
          "attributes": {
            "class_name": "l3extMember",
            "content": null,
            "dn": null,
            "id": "uni/tn-common/out-dc1-prod_L3/lnodep-dc1-leaf201-202/lifp-Vlan911/rspathL3OutAtt-[topology/pod-1/protpaths-201-201/pathep-[dc1-leaf201-202_vpc1]]/mem-B",
            "path": "/api/node/mo/uni/tn-common/out-dc1-prod_L3/lnodep-dc1-leaf201-202/lifp-Vlan911/rspathL3OutAtt-[topology/pod-1/protpaths-201-201/pathep-[dc1-leaf201-202_vpc1]]/mem-B.json",
            "payload": "{\n    \"l3extMember\": {\n        \"attributes\": {\n            \"addr\": \"198.18.0.10/29\",\n            \"ipv6Dad\": \"enabled\",\n            \"side\": \"B\",\n        }\n    }\n}\n"
          },
          "sensitive_attributes": [],
          "private": "eyJzY2hlbWFfdmVyc2lvbiI6IjEifQ==",
          "dependencies": [
            "aci_logical_interface_profile.Tenant_common_L3Out_dc1-prod_L3_Node_Profile_dc1-leaf201-202_Interface_Profile_Vlan911",
            "aci_logical_node_profile.Tenant_common_L3Out_dc1-prod_L3_Node_Profile_dc1-leaf201-202",
            "aci_tenant.Tenant_common",
            "aci_vrf.Tenant_common_VRF_prod",
            "data.aci_l3_domain_profile.L3_Domain_l3out",
            "aci_l3_outside.Tenant_common_L3Out_dc1-prod_L3"
          ]
        }
      ]
    },
    {
      "mode": "managed",
      "type": "aci_rest",
      "name": "Tenant_common_VRF_dmz_snmp_ctx",
      "provider": "provider[\"registry.terraform.io/ciscodevnet/aci\"]",
      "instances": [
        {
          "schema_version": 1,
          "attributes": {
            "class_name": "snmpCtxP",
            "content": null,
            "dn": null,
            "id": "uni/tn-common/ctx-dmz/snmpctx",
            "path": "/api/node/mo/uni/tn-common/ctx-dmz/snmpctx.json",
            "payload": "{\n    \"snmpCtxP\": {\n        \"attributes\": {\n            \"dn\": \"uni/tn-common/ctx-dmz/snmpctx\",\n            \"name\": \"dmz\",\n            \"rn\": \"snmpctx\"\n        },\n        \"children\": []\n    }\n}\n"
          },
          "sensitive_attributes": [],
          "private": "eyJzY2hlbWFfdmVyc2lvbiI6IjEifQ==",
          "dependencies": [
            "aci_tenant.Tenant_common",
            "aci_vrf.Tenant_common_VRF_dmz"
          ]
        }
      ]
    },
    {
      "mode": "managed",
      "type": "aci_rest",
      "name": "Tenant_common_VRF_prod_snmp_ctx",
      "provider": "provider[\"registry.terraform.io/ciscodevnet/aci\"]",
      "instances": [
        {
          "schema_version": 1,
          "attributes": {
            "class_name": "snmpCtxP",
            "content": null,
            "dn": null,
            "id": "uni/tn-common/ctx-prod/snmpctx",
            "path": "/api/node/mo/uni/tn-common/ctx-prod/snmpctx.json",
            "payload": "{\n    \"snmpCtxP\": {\n        \"attributes\": {\n            \"dn\": \"uni/tn-common/ctx-prod/snmpctx\",\n            \"name\": \"prod\",\n            \"rn\": \"snmpctx\"\n        },\n        \"children\": []\n    }\n}\n"
          },
          "sensitive_attributes": [],
          "private": "eyJzY2hlbWFfdmVyc2lvbiI6IjEifQ==",
          "dependencies": [
            "aci_tenant.Tenant_common",
            "aci_vrf.Tenant_common_VRF_prod"
          ]
        }
      ]
    },
    {
      "mode": "managed",
      "type": "aci_rest",
      "name": "Tenant_common_VRF_web_snmp_ctx",
      "provider": "provider[\"registry.terraform.io/ciscodevnet/aci\"]",
      "instances": [
        {
          "schema_version": 1,
          "attributes": {
            "class_name": "snmpCtxP",
            "content": null,
            "dn": null,
            "id": "uni/tn-common/ctx-web/snmpctx",
            "path": "/api/node/mo/uni/tn-common/ctx-web/snmpctx.json",
            "payload": "{\n    \"snmpCtxP\": {\n        \"attributes\": {\n            \"dn\": \"uni/tn-common/ctx-web/snmpctx\",\n            \"name\": \"web\",\n            \"rn\": \"snmpctx\"\n        },\n        \"children\": []\n    }\n}\n"
          },
          "sensitive_attributes": [],
          "private": "eyJzY2hlbWFfdmVyc2lvbiI6IjEifQ==",
          "dependencies": [
            "aci_tenant.Tenant_common",
            "aci_vrf.Tenant_common_VRF_web"
          ]
        }
      ]
    },
    {
      "mode": "managed",
      "type": "aci_taboo_contract",
      "name": "Tenant_common_Contract_Type_Taboo_taboo_contract",
      "provider": "provider[\"registry.terraform.io/ciscodevnet/aci\"]",
      "instances": [
        {
          "schema_version": 1,
          "attributes": {
            "annotation": "orchestrator:terraform",
            "description": "A Taboo Contract",
            "id": "uni/tn-common/taboo-taboo_contract",
            "name": "taboo_contract",
            "name_alias": "",
            "tenant_dn": "uni/tn-common"
          },
          "sensitive_attributes": [],
          "private": "eyJzY2hlbWFfdmVyc2lvbiI6IjEifQ==",
          "dependencies": [
            "aci_tenant.Tenant_common"
          ]
        }
      ]
    },
    {
      "mode": "managed",
      "type": "aci_tenant",
      "name": "Tenant_common",
      "provider": "provider[\"registry.terraform.io/ciscodevnet/aci\"]",
      "instances": [
        {
          "schema_version": 1,
          "attributes": {
            "annotation": "orchestrator:terraform",
            "description": "Built-In Common Tenant",
            "id": "uni/tn-common",
            "name": "common",
            "name_alias": "None",
            "relation_fv_rs_tenant_mon_pol": "",
            "relation_fv_rs_tn_deny_rule": []
          },
          "sensitive_attributes": [],
          "private": "eyJzY2hlbWFfdmVyc2lvbiI6IjEifQ=="
        }
      ]
    },
    {
      "mode": "managed",
      "type": "aci_vrf",
      "name": "Tenant_common_VRF_dmz",
      "provider": "provider[\"registry.terraform.io/ciscodevnet/aci\"]",
      "instances": [
        {
          "schema_version": 1,
          "attributes": {
            "annotation": "orchestrator:terraform",
            "bd_enforced_enable": "no",
            "description": "DMZ VRF",
            "id": "uni/tn-common/ctx-dmz",
            "ip_data_plane_learning": "enabled",
            "knw_mcast_act": "permit",
            "name": "dmz",
            "name_alias": "None",
            "pc_enf_dir": "ingress",
            "pc_enf_pref": "enforced",
            "relation_fv_rs_bgp_ctx_pol": "uni/tn-common/bgpCtxP-default",
            "relation_fv_rs_ctx_mcast_to": [],
            "relation_fv_rs_ctx_mon_pol": "uni/tn-common/monepg-default",
            "relation_fv_rs_ctx_to_bgp_ctx_af_pol": [],
            "relation_fv_rs_ctx_to_eigrp_ctx_af_pol": [],
            "relation_fv_rs_ctx_to_ep_ret": "uni/tn-common/epRPol-default",
            "relation_fv_rs_ctx_to_ext_route_tag_pol": null,
            "relation_fv_rs_ctx_to_ospf_ctx_pol": [],
            "relation_fv_rs_ospf_ctx_pol": "uni/tn-common/ospfCtxP-default",
            "relation_fv_rs_vrf_validation_pol": "uni/tn-common/vrfvalidationpol-default",
            "tenant_dn": "uni/tn-common"
          },
          "sensitive_attributes": [],
          "private": "eyJzY2hlbWFfdmVyc2lvbiI6IjEifQ==",
          "dependencies": [
            "aci_tenant.Tenant_common"
          ]
        }
      ]
    },
    {
      "mode": "managed",
      "type": "aci_vrf",
      "name": "Tenant_common_VRF_prod",
      "provider": "provider[\"registry.terraform.io/ciscodevnet/aci\"]",
      "instances": [
        {
          "schema_version": 1,
          "attributes": {
            "annotation": "orchestrator:terraform",
            "bd_enforced_enable": "no",
            "description": "Production VRF",
            "id": "uni/tn-common/ctx-prod",
            "ip_data_plane_learning": "enabled",
            "knw_mcast_act": "permit",
            "name": "prod",
            "name_alias": "None",
            "pc_enf_dir": "ingress",
            "pc_enf_pref": "enforced",
            "relation_fv_rs_bgp_ctx_pol": null,
            "relation_fv_rs_ctx_mcast_to": [],
            "relation_fv_rs_ctx_mon_pol": "uni/tn-common/monepg-default",
            "relation_fv_rs_ctx_to_bgp_ctx_af_pol": [],
            "relation_fv_rs_ctx_to_eigrp_ctx_af_pol": [],
            "relation_fv_rs_ctx_to_ep_ret": "uni/tn-common/epRPol-default",
            "relation_fv_rs_ctx_to_ext_route_tag_pol": null,
            "relation_fv_rs_ctx_to_ospf_ctx_pol": [],
            "relation_fv_rs_ospf_ctx_pol": null,
            "relation_fv_rs_vrf_validation_pol": null,
            "tenant_dn": "uni/tn-common"
          },
          "sensitive_attributes": [],
          "private": "eyJzY2hlbWFfdmVyc2lvbiI6IjEifQ==",
          "dependencies": [
            "aci_tenant.Tenant_common"
          ]
        }
      ]
    },
    {
      "mode": "managed",
      "type": "aci_vrf",
      "name": "Tenant_common_VRF_web",
      "provider": "provider[\"registry.terraform.io/ciscodevnet/aci\"]",
      "instances": [
        {
          "schema_version": 1,
          "attributes": {
            "annotation": "orchestrator:terraform",
            "bd_enforced_enable": "no",
            "description": "Web VRF",
            "id": "uni/tn-common/ctx-web",
            "ip_data_plane_learning": "enabled",
            "knw_mcast_act": "permit",
            "name": "web",
            "name_alias": "None",
            "pc_enf_dir": "ingress",
            "pc_enf_pref": "enforced",
            "relation_fv_rs_bgp_ctx_pol": "uni/tn-common/bgpCtxP-default",
            "relation_fv_rs_ctx_mcast_to": [],
            "relation_fv_rs_ctx_mon_pol": "uni/tn-common/monepg-default",
            "relation_fv_rs_ctx_to_bgp_ctx_af_pol": [],
            "relation_fv_rs_ctx_to_eigrp_ctx_af_pol": [],
            "relation_fv_rs_ctx_to_ep_ret": "uni/tn-common/epRPol-default",
            "relation_fv_rs_ctx_to_ext_route_tag_pol": null,
            "relation_fv_rs_ctx_to_ospf_ctx_pol": [],
            "relation_fv_rs_ospf_ctx_pol": "uni/tn-common/ospfCtxP-default",
            "relation_fv_rs_vrf_validation_pol": "uni/tn-common/vrfvalidationpol-default",
            "tenant_dn": "uni/tn-common"
          },
          "sensitive_attributes": [],
          "private": "eyJzY2hlbWFfdmVyc2lvbiI6IjEifQ==",
          "dependencies": [
            "aci_tenant.Tenant_common"
          ]
        }
      ]
    }
  ]
}
