{
  "version": 4,
  "terraform_version": "1.0.6",
  "serial": 27,
  "lineage": "13bfc0a0-6acb-160b-02fb-c7d55c452765",
  "outputs": {},
  "resources": [
    {
      "mode": "data",
      "type": "aci_access_generic",
      "name": "AEP_trunk_aep",
      "provider": "provider[\"registry.terraform.io/ciscodevnet/aci\"]",
      "instances": [
        {
          "schema_version": 0,
          "attributes": {
            "annotation": "orchestrator:terraform",
            "attachable_access_entity_profile_dn": "uni/infra/attentp-trunk_aep",
            "description": "",
            "id": "uni/infra/attentp-trunk_aep/gen-default",
            "name": "default",
            "name_alias": ""
          },
          "sensitive_attributes": []
        }
      ]
    },
    {
      "mode": "data",
      "type": "aci_attachable_access_entity_profile",
      "name": "AEP_trunk_aep",
      "provider": "provider[\"registry.terraform.io/ciscodevnet/aci\"]",
      "instances": [
        {
          "schema_version": 0,
          "attributes": {
            "annotation": "orchestrator:terraform",
            "description": "AEP for EPG Assignment",
            "id": "uni/infra/attentp-trunk_aep",
            "name": "trunk_aep",
            "name_alias": ""
          },
          "sensitive_attributes": []
        }
      ]
    },
    {
      "mode": "data",
      "type": "aci_bgp_peer_prefix",
      "name": "Tenant_common_Policy_BGP_Prefix_default",
      "provider": "provider[\"registry.terraform.io/ciscodevnet/aci\"]",
      "instances": [
        {
          "schema_version": 0,
          "attributes": {
            "action": "log",
            "annotation": "orchestrator:terraform",
            "description": "Default Prefix Policy",
            "id": "uni/tn-common/bgpPfxP-default",
            "max_pfx": "20000",
            "name": "default",
            "name_alias": "",
            "restart_time": "infinite",
            "tenant_dn": "uni/tn-common",
            "thresh": "75"
          },
          "sensitive_attributes": []
        }
      ]
    },
    {
      "mode": "data",
      "type": "aci_l3_domain_profile",
      "name": "L3_Domain_l3out",
      "provider": "provider[\"registry.terraform.io/ciscodevnet/aci\"]",
      "instances": [
        {
          "schema_version": 0,
          "attributes": {
            "annotation": "orchestrator:terraform",
            "description": null,
            "id": "uni/l3dom-l3out",
            "name": "l3out",
            "name_alias": ""
          },
          "sensitive_attributes": []
        }
      ]
    },
    {
      "mode": "data",
      "type": "aci_tenant",
      "name": "Tenant_common",
      "provider": "provider[\"registry.terraform.io/ciscodevnet/aci\"]",
      "instances": [
        {
          "schema_version": 0,
          "attributes": {
            "annotation": "orchestrator:terraform",
            "description": "Built-In Common Tenant",
            "id": "uni/tn-common",
            "name": "common",
            "name_alias": ""
          },
          "sensitive_attributes": []
        }
      ]
    },
    {
      "mode": "managed",
      "type": "aci_any",
      "name": "Tenant_route_leak_VRF_route_leak_Preferred_Group",
      "provider": "provider[\"registry.terraform.io/ciscodevnet/aci\"]",
      "instances": [
        {
          "schema_version": 1,
          "attributes": {
            "annotation": "orchestrator:terraform",
            "description": "Preferred Group for route_leak route_leak",
            "id": "uni/tn-route_leak/ctx-route_leak/any",
            "match_t": "AtleastOne",
            "name_alias": "",
            "pref_gr_memb": "enabled",
            "relation_vz_rs_any_to_cons": [],
            "relation_vz_rs_any_to_cons_if": [],
            "relation_vz_rs_any_to_prov": [],
            "vrf_dn": "uni/tn-route_leak/ctx-route_leak"
          },
          "sensitive_attributes": [],
          "private": "eyJzY2hlbWFfdmVyc2lvbiI6IjEifQ==",
          "dependencies": [
            "aci_tenant.Tenant_route_leak",
            "aci_vrf.Tenant_route_leak_VRF_route_leak"
          ]
        }
      ]
    },
    {
      "mode": "managed",
      "type": "aci_application_epg",
      "name": "Tenant_route_leak_App_Profile_nets_EPG_epg1",
      "provider": "provider[\"registry.terraform.io/ciscodevnet/aci\"]",
      "instances": [
        {
          "schema_version": 1,
          "attributes": {
            "annotation": "orchestrator:terraform",
            "application_profile_dn": "uni/tn-route_leak/ap-nets",
            "description": "",
            "exception_tag": "",
            "flood_on_encap": "disabled",
            "fwd_ctrl": "",
            "has_mcast_source": "no",
            "id": "uni/tn-route_leak/ap-nets/epg-epg1",
            "is_attr_based_epg": "no",
            "match_t": "AtleastOne",
            "name": "epg1",
            "name_alias": "",
            "pc_enf_pref": "unenforced",
            "pref_gr_memb": "include",
            "prio": "unspecified",
            "relation_fv_rs_aepg_mon_pol": "uni/tn-common/monepg-default",
            "relation_fv_rs_bd": "uni/tn-route_leak/BD-v2021",
            "relation_fv_rs_cons": [],
            "relation_fv_rs_cons_if": [],
            "relation_fv_rs_cust_qos_pol": null,
            "relation_fv_rs_dpp_pol": "",
            "relation_fv_rs_fc_path_att": [],
            "relation_fv_rs_graph_def": [],
            "relation_fv_rs_intra_epg": [],
            "relation_fv_rs_node_att": [],
            "relation_fv_rs_prot_by": [],
            "relation_fv_rs_prov": [],
            "relation_fv_rs_prov_def": [],
            "relation_fv_rs_sec_inherited": [],
            "relation_fv_rs_trust_ctrl": "",
            "shutdown": "no"
          },
          "sensitive_attributes": [],
          "private": "eyJzY2hlbWFfdmVyc2lvbiI6IjEifQ==",
          "dependencies": [
            "aci_l3_outside.Tenant_route_leak_L3Out_route_leak",
            "aci_tenant.Tenant_route_leak",
            "aci_vrf.Tenant_route_leak_VRF_route_leak",
            "data.aci_l3_domain_profile.L3_Domain_l3out",
            "aci_application_profile.Tenant_route_leak_App_Profile_nets",
            "aci_bridge_domain.Tenant_route_leak_Bridge_Domain_v2021"
          ]
        }
      ]
    },
    {
      "mode": "managed",
      "type": "aci_application_profile",
      "name": "Tenant_route_leak_App_Profile_nets",
      "provider": "provider[\"registry.terraform.io/ciscodevnet/aci\"]",
      "instances": [
        {
          "schema_version": 1,
          "attributes": {
            "annotation": "orchestrator:terraform",
            "description": "Prod Network Centric App",
            "id": "uni/tn-route_leak/ap-nets",
            "name": "nets",
            "name_alias": "",
            "prio": "unspecified",
            "relation_fv_rs_ap_mon_pol": "",
            "tenant_dn": "uni/tn-route_leak"
          },
          "sensitive_attributes": [],
          "private": "eyJzY2hlbWFfdmVyc2lvbiI6IjEifQ==",
          "dependencies": [
            "aci_tenant.Tenant_route_leak"
          ]
        }
      ]
    },
    {
      "mode": "managed",
      "type": "aci_bridge_domain",
      "name": "Tenant_route_leak_Bridge_Domain_v2021",
      "provider": "provider[\"registry.terraform.io/ciscodevnet/aci\"]",
      "instances": [
        {
          "schema_version": 1,
          "attributes": {
            "annotation": "orchestrator:terraform",
            "arp_flood": "no",
            "bridge_domain_type": "regular",
            "description": "Wakanda route_leak 1",
            "ep_clear": "no",
            "ep_move_detect_mode": "",
            "host_based_routing": "no",
            "id": "uni/tn-route_leak/BD-v2021",
            "intersite_bum_traffic_allow": "no",
            "intersite_l2_stretch": "no",
            "ip_learning": "yes",
            "ipv6_mcast_allow": "no",
            "limit_ip_learn_to_subnets": "yes",
            "ll_addr": "::",
            "mac": "00:22:BD:F8:19:FF",
            "mcast_allow": "no",
            "multi_dst_pkt_act": "bd-flood",
            "name": "v2021",
            "name_alias": "",
            "optimize_wan_bandwidth": "no",
            "relation_fv_rs_abd_pol_mon_pol": "uni/tn-common/monepg-default",
            "relation_fv_rs_bd_flood_to": [],
            "relation_fv_rs_bd_to_ep_ret": "uni/tn-common/epRPol-default",
            "relation_fv_rs_bd_to_fhs": "uni/tn-common/bdpol-default",
            "relation_fv_rs_bd_to_nd_p": "uni/tn-common/ndifpol-default",
            "relation_fv_rs_bd_to_netflow_monitor_pol": [],
            "relation_fv_rs_bd_to_out": [
              "uni/tn-route_leak/out-route_leak"
            ],
            "relation_fv_rs_bd_to_profile": "",
            "relation_fv_rs_bd_to_relay_p": "",
            "relation_fv_rs_ctx": "uni/tn-route_leak/ctx-route_leak",
            "relation_fv_rs_igmpsn": "uni/tn-common/snPol-default",
            "relation_fv_rs_mldsn": "uni/tn-common/mldsnoopPol-default",
            "tenant_dn": "uni/tn-route_leak",
            "unicast_route": "yes",
            "unk_mac_ucast_act": "proxy",
            "unk_mcast_act": "flood",
            "v6unk_mcast_act": "flood",
            "vmac": "not-applicable"
          },
          "sensitive_attributes": [],
          "private": "eyJzY2hlbWFfdmVyc2lvbiI6IjEifQ==",
          "dependencies": [
            "data.aci_l3_domain_profile.L3_Domain_l3out",
            "aci_l3_outside.Tenant_route_leak_L3Out_route_leak",
            "aci_tenant.Tenant_route_leak",
            "aci_vrf.Tenant_route_leak_VRF_route_leak"
          ]
        }
      ]
    },
    {
      "mode": "managed",
      "type": "aci_epgs_using_function",
      "name": "Tenant_route_leak_App_Profile_nets_EPG_epg1_to_AEP_trunk_aep",
      "provider": "provider[\"registry.terraform.io/ciscodevnet/aci\"]",
      "instances": [
        {
          "schema_version": 1,
          "attributes": {
            "access_generic_dn": "uni/infra/attentp-trunk_aep/gen-default",
            "annotation": "orchestrator:terraform",
            "description": null,
            "encap": "vlan-2021",
            "id": "uni/infra/attentp-trunk_aep/gen-default/rsfuncToEpg-[uni/tn-route_leak/ap-nets/epg-epg1]",
            "instr_imedcy": "immediate",
            "mode": "regular",
            "primary_encap": "unknown",
            "tdn": "uni/tn-route_leak/ap-nets/epg-epg1"
          },
          "sensitive_attributes": [],
          "private": "eyJzY2hlbWFfdmVyc2lvbiI6IjEifQ==",
          "dependencies": [
            "aci_application_epg.Tenant_route_leak_App_Profile_nets_EPG_epg1",
            "aci_vrf.Tenant_route_leak_VRF_route_leak",
            "data.aci_l3_domain_profile.L3_Domain_l3out",
            "data.aci_access_generic.AEP_trunk_aep",
            "data.aci_attachable_access_entity_profile.AEP_trunk_aep",
            "aci_application_profile.Tenant_route_leak_App_Profile_nets",
            "aci_bridge_domain.Tenant_route_leak_Bridge_Domain_v2021",
            "aci_l3_outside.Tenant_route_leak_L3Out_route_leak",
            "aci_tenant.Tenant_route_leak"
          ]
        }
      ]
    },
    {
      "mode": "managed",
      "type": "aci_external_network_instance_profile",
      "name": "Tenant_route_leak_L3Out_route_leak_External_EPG_route_leak",
      "provider": "provider[\"registry.terraform.io/ciscodevnet/aci\"]",
      "instances": [
        {
          "schema_version": 1,
          "attributes": {
            "annotation": "orchestrator:terraform",
            "description": "Wakanda Route Leak",
            "exception_tag": "",
            "flood_on_encap": "disabled",
            "id": "uni/tn-route_leak/out-route_leak/instP-route_leak",
            "l3_outside_dn": "uni/tn-route_leak/out-route_leak",
            "match_t": "AtleastOne",
            "name": "route_leak",
            "name_alias": "",
            "pref_gr_memb": "include",
            "prio": "unspecified",
            "relation_fv_rs_cons": [],
            "relation_fv_rs_cons_if": [],
            "relation_fv_rs_cust_qos_pol": null,
            "relation_fv_rs_intra_epg": [],
            "relation_fv_rs_prot_by": [],
            "relation_fv_rs_prov": [],
            "relation_fv_rs_sec_inherited": [],
            "relation_l3ext_rs_inst_p_to_nat_mapping_epg": "",
            "relation_l3ext_rs_inst_p_to_profile": [],
            "relation_l3ext_rs_l3_inst_p_to_dom_p": null,
            "target_dscp": "unspecified"
          },
          "sensitive_attributes": [],
          "private": "eyJzY2hlbWFfdmVyc2lvbiI6IjEifQ==",
          "dependencies": [
            "aci_l3_outside.Tenant_route_leak_L3Out_route_leak",
            "aci_tenant.Tenant_route_leak",
            "aci_vrf.Tenant_route_leak_VRF_route_leak",
            "data.aci_l3_domain_profile.L3_Domain_l3out"
          ]
        }
      ]
    },
    {
      "mode": "managed",
      "type": "aci_l3_ext_subnet",
      "name": "Tenant_route_leak_L3Out_route_leak_External_EPG_route_leak_Subnet_0-0-0-0_1",
      "provider": "provider[\"registry.terraform.io/ciscodevnet/aci\"]",
      "instances": [
        {
          "schema_version": 1,
          "attributes": {
            "aggregate": "",
            "annotation": "orchestrator:terraform",
            "description": "Wakanda Route Leak",
            "external_network_instance_profile_dn": "uni/tn-route_leak/out-route_leak/instP-route_leak",
            "id": "uni/tn-route_leak/out-route_leak/instP-route_leak/extsubnet-[0.0.0.0/1]",
            "ip": "0.0.0.0/1",
            "name_alias": "",
            "relation_l3ext_rs_subnet_to_profile": [],
            "relation_l3ext_rs_subnet_to_rt_summ": "",
            "scope": [
              "import-security"
            ]
          },
          "sensitive_attributes": [],
          "private": "eyJzY2hlbWFfdmVyc2lvbiI6IjEifQ==",
          "dependencies": [
            "aci_vrf.Tenant_route_leak_VRF_route_leak",
            "data.aci_l3_domain_profile.L3_Domain_l3out",
            "aci_external_network_instance_profile.Tenant_route_leak_L3Out_route_leak_External_EPG_route_leak",
            "aci_l3_outside.Tenant_route_leak_L3Out_route_leak",
            "aci_tenant.Tenant_route_leak"
          ]
        }
      ]
    },
    {
      "mode": "managed",
      "type": "aci_l3_ext_subnet",
      "name": "Tenant_route_leak_L3Out_route_leak_External_EPG_route_leak_Subnet_128-0-0-0_1",
      "provider": "provider[\"registry.terraform.io/ciscodevnet/aci\"]",
      "instances": [
        {
          "schema_version": 1,
          "attributes": {
            "aggregate": "",
            "annotation": "orchestrator:terraform",
            "description": "Wakanda Route Leak",
            "external_network_instance_profile_dn": "uni/tn-route_leak/out-route_leak/instP-route_leak",
            "id": "uni/tn-route_leak/out-route_leak/instP-route_leak/extsubnet-[128.0.0.0/1]",
            "ip": "128.0.0.0/1",
            "name_alias": "",
            "relation_l3ext_rs_subnet_to_profile": [],
            "relation_l3ext_rs_subnet_to_rt_summ": "",
            "scope": [
              "import-security"
            ]
          },
          "sensitive_attributes": [],
          "private": "eyJzY2hlbWFfdmVyc2lvbiI6IjEifQ==",
          "dependencies": [
            "aci_tenant.Tenant_route_leak",
            "aci_vrf.Tenant_route_leak_VRF_route_leak",
            "data.aci_l3_domain_profile.L3_Domain_l3out",
            "aci_external_network_instance_profile.Tenant_route_leak_L3Out_route_leak_External_EPG_route_leak",
            "aci_l3_outside.Tenant_route_leak_L3Out_route_leak"
          ]
        }
      ]
    },
    {
      "mode": "managed",
      "type": "aci_l3_outside",
      "name": "Tenant_route_leak_L3Out_route_leak",
      "provider": "provider[\"registry.terraform.io/ciscodevnet/aci\"]",
      "instances": [
        {
          "schema_version": 1,
          "attributes": {
            "annotation": "orchestrator:terraform",
            "description": "Test Route Leak Tenant",
            "enforce_rtctrl": [
              "export"
            ],
            "id": "uni/tn-route_leak/out-route_leak",
            "name": "route_leak",
            "name_alias": "",
            "relation_l3ext_rs_dampening_pol": [],
            "relation_l3ext_rs_ectx": "uni/tn-route_leak/ctx-route_leak",
            "relation_l3ext_rs_interleak_pol": "",
            "relation_l3ext_rs_l3_dom_att": "uni/l3dom-l3out",
            "relation_l3ext_rs_out_to_bd_public_subnet_holder": null,
            "target_dscp": "unspecified",
            "tenant_dn": "uni/tn-route_leak"
          },
          "sensitive_attributes": [],
          "private": "eyJzY2hlbWFfdmVyc2lvbiI6IjEifQ==",
          "dependencies": [
            "aci_tenant.Tenant_route_leak",
            "aci_vrf.Tenant_route_leak_VRF_route_leak",
            "data.aci_l3_domain_profile.L3_Domain_l3out"
          ]
        }
      ]
    },
    {
      "mode": "managed",
      "type": "aci_l3out_bgp_external_policy",
      "name": "route_leak_l3out_route_leak_bgpExtP",
      "provider": "provider[\"registry.terraform.io/ciscodevnet/aci\"]",
      "instances": [
        {
          "schema_version": 1,
          "attributes": {
            "annotation": "orchestrator:terraform",
            "description": "",
            "id": "uni/tn-route_leak/out-route_leak/bgpExtP",
            "l3_outside_dn": "uni/tn-route_leak/out-route_leak",
            "name_alias": ""
          },
          "sensitive_attributes": [],
          "private": "eyJzY2hlbWFfdmVyc2lvbiI6IjEifQ==",
          "dependencies": [
            "aci_tenant.Tenant_route_leak",
            "aci_vrf.Tenant_route_leak_VRF_route_leak",
            "data.aci_l3_domain_profile.L3_Domain_l3out",
            "aci_l3_outside.Tenant_route_leak_L3Out_route_leak"
          ]
        }
      ]
    },
    {
      "mode": "managed",
      "type": "aci_l3out_path_attachment",
      "name": "Tenant_route_leak_L3Out_route_leak_Node_Profile_wakanda-leaf201-202_Interface_Profile_Vlan2005_path_attachment",
      "provider": "provider[\"registry.terraform.io/ciscodevnet/aci\"]",
      "instances": [
        {
          "schema_version": 1,
          "attributes": {
            "addr": "0.0.0.0",
            "annotation": "",
            "autostate": "disabled",
            "description": "",
            "encap": "vlan-2005",
            "encap_scope": "local",
            "id": "uni/tn-route_leak/out-route_leak/lnodep-wakanda-leaf201-202/lifp-Vlan2005/rspathL3OutAtt-[topology/pod-1/protpaths-201-202/pathep-[wakanda-leaf201-202_vpc49]]",
            "if_inst_t": "ext-svi",
            "ipv6_dad": "enabled",
            "ll_addr": "::",
            "logical_interface_profile_dn": "uni/tn-route_leak/out-route_leak/lnodep-wakanda-leaf201-202/lifp-Vlan2005",
            "mac": "00:22:BD:F8:19:FF",
            "mode": "regular",
            "mtu": "inherit",
            "target_dn": "topology/pod-1/protpaths-201-202/pathep-[wakanda-leaf201-202_vpc49]",
            "target_dscp": "unspecified"
          },
          "sensitive_attributes": [],
          "private": "eyJzY2hlbWFfdmVyc2lvbiI6IjEifQ==",
          "dependencies": [
            "aci_vrf.Tenant_route_leak_VRF_route_leak",
            "data.aci_l3_domain_profile.L3_Domain_l3out",
            "aci_l3_outside.Tenant_route_leak_L3Out_route_leak",
            "aci_logical_interface_profile.Tenant_route_leak_L3Out_route_leak_Node_Profile_wakanda-leaf201-202_Interface_Profile_Vlan2005",
            "aci_logical_node_profile.Tenant_route_leak_L3Out_route_leak_Node_Profile_wakanda-leaf201-202",
            "aci_tenant.Tenant_route_leak"
          ]
        }
      ]
    },
    {
      "mode": "managed",
      "type": "aci_l3out_vpc_member",
      "name": "Tenant_route_leak_L3Out_route_leak_Node_Profile_wakanda-leaf201-202_Interface_Profile_Vlan2005_vpc_side_A",
      "provider": "provider[\"registry.terraform.io/ciscodevnet/aci\"]",
      "instances": [
        {
          "schema_version": 1,
          "attributes": {
            "addr": "10.96.5.1/29",
            "annotation": "orchestrator:terraform",
            "description": "wakanda-leaf201-202-v2005 to 143-core01-02-vpc",
            "id": "uni/tn-route_leak/out-route_leak/lnodep-wakanda-leaf201-202/lifp-Vlan2005/rspathL3OutAtt-[topology/pod-1/protpaths-201-202/pathep-[wakanda-leaf201-202_vpc49]]/mem-A",
            "ipv6_dad": "enabled",
            "leaf_port_dn": "uni/tn-route_leak/out-route_leak/lnodep-wakanda-leaf201-202/lifp-Vlan2005/rspathL3OutAtt-[topology/pod-1/protpaths-201-202/pathep-[wakanda-leaf201-202_vpc49]]",
            "ll_addr": "::",
            "name_alias": "",
            "side": "A"
          },
          "sensitive_attributes": [],
          "private": "eyJzY2hlbWFfdmVyc2lvbiI6IjEifQ==",
          "dependencies": [
            "aci_vrf.Tenant_route_leak_VRF_route_leak",
            "data.aci_l3_domain_profile.L3_Domain_l3out",
            "aci_l3_outside.Tenant_route_leak_L3Out_route_leak",
            "aci_l3out_path_attachment.Tenant_route_leak_L3Out_route_leak_Node_Profile_wakanda-leaf201-202_Interface_Profile_Vlan2005_path_attachment",
            "aci_logical_interface_profile.Tenant_route_leak_L3Out_route_leak_Node_Profile_wakanda-leaf201-202_Interface_Profile_Vlan2005",
            "aci_logical_node_profile.Tenant_route_leak_L3Out_route_leak_Node_Profile_wakanda-leaf201-202",
            "aci_tenant.Tenant_route_leak"
          ]
        }
      ]
    },
    {
      "mode": "managed",
      "type": "aci_l3out_vpc_member",
      "name": "Tenant_route_leak_L3Out_route_leak_Node_Profile_wakanda-leaf201-202_Interface_Profile_Vlan2005_vpc_side_B",
      "provider": "provider[\"registry.terraform.io/ciscodevnet/aci\"]",
      "instances": [
        {
          "schema_version": 1,
          "attributes": {
            "addr": "10.96.5.2/29",
            "annotation": "orchestrator:terraform",
            "description": "wakanda-leaf201-202-v2005 to 143-core01-02-vpc",
            "id": "uni/tn-route_leak/out-route_leak/lnodep-wakanda-leaf201-202/lifp-Vlan2005/rspathL3OutAtt-[topology/pod-1/protpaths-201-202/pathep-[wakanda-leaf201-202_vpc49]]/mem-B",
            "ipv6_dad": "enabled",
            "leaf_port_dn": "uni/tn-route_leak/out-route_leak/lnodep-wakanda-leaf201-202/lifp-Vlan2005/rspathL3OutAtt-[topology/pod-1/protpaths-201-202/pathep-[wakanda-leaf201-202_vpc49]]",
            "ll_addr": "::",
            "name_alias": "",
            "side": "B"
          },
          "sensitive_attributes": [],
          "private": "eyJzY2hlbWFfdmVyc2lvbiI6IjEifQ==",
          "dependencies": [
            "aci_logical_node_profile.Tenant_route_leak_L3Out_route_leak_Node_Profile_wakanda-leaf201-202",
            "aci_tenant.Tenant_route_leak",
            "aci_vrf.Tenant_route_leak_VRF_route_leak",
            "data.aci_l3_domain_profile.L3_Domain_l3out",
            "aci_l3_outside.Tenant_route_leak_L3Out_route_leak",
            "aci_l3out_path_attachment.Tenant_route_leak_L3Out_route_leak_Node_Profile_wakanda-leaf201-202_Interface_Profile_Vlan2005_path_attachment",
            "aci_logical_interface_profile.Tenant_route_leak_L3Out_route_leak_Node_Profile_wakanda-leaf201-202_Interface_Profile_Vlan2005"
          ]
        }
      ]
    },
    {
      "mode": "managed",
      "type": "aci_logical_interface_profile",
      "name": "Tenant_route_leak_L3Out_route_leak_Node_Profile_wakanda-leaf201-202_Interface_Profile_Vlan2005",
      "provider": "provider[\"registry.terraform.io/ciscodevnet/aci\"]",
      "instances": [
        {
          "schema_version": 1,
          "attributes": {
            "annotation": "orchestrator:terraform",
            "description": "route_leak Vlan2005",
            "id": "uni/tn-route_leak/out-route_leak/lnodep-wakanda-leaf201-202/lifp-Vlan2005",
            "logical_node_profile_dn": "uni/tn-route_leak/out-route_leak/lnodep-wakanda-leaf201-202",
            "name": "Vlan2005",
            "name_alias": "",
            "prio": "unspecified",
            "relation_l3ext_rs_arp_if_pol": null,
            "relation_l3ext_rs_egress_qos_dpp_pol": null,
            "relation_l3ext_rs_ingress_qos_dpp_pol": null,
            "relation_l3ext_rs_l_if_p_cust_qos_pol": null,
            "relation_l3ext_rs_l_if_p_to_netflow_monitor_pol": [],
            "relation_l3ext_rs_nd_if_pol": null,
            "tag": "yellow-green"
          },
          "sensitive_attributes": [],
          "private": "eyJzY2hlbWFfdmVyc2lvbiI6IjEifQ==",
          "dependencies": [
            "aci_l3_outside.Tenant_route_leak_L3Out_route_leak",
            "aci_logical_node_profile.Tenant_route_leak_L3Out_route_leak_Node_Profile_wakanda-leaf201-202",
            "aci_tenant.Tenant_route_leak",
            "aci_vrf.Tenant_route_leak_VRF_route_leak",
            "data.aci_l3_domain_profile.L3_Domain_l3out"
          ]
        }
      ]
    },
    {
      "mode": "managed",
      "type": "aci_logical_node_profile",
      "name": "Tenant_route_leak_L3Out_route_leak_Node_Profile_wakanda-leaf201-202",
      "provider": "provider[\"registry.terraform.io/ciscodevnet/aci\"]",
      "instances": [
        {
          "schema_version": 1,
          "attributes": {
            "annotation": "orchestrator:terraform",
            "config_issues": "none",
            "description": "Wakanda route_leak LNP",
            "id": "uni/tn-route_leak/out-route_leak/lnodep-wakanda-leaf201-202",
            "l3_outside_dn": "uni/tn-route_leak/out-route_leak",
            "name": "wakanda-leaf201-202",
            "name_alias": "",
            "tag": "yellow-green",
            "target_dscp": "unspecified"
          },
          "sensitive_attributes": [],
          "private": "eyJzY2hlbWFfdmVyc2lvbiI6IjEifQ==",
          "dependencies": [
            "aci_vrf.Tenant_route_leak_VRF_route_leak",
            "data.aci_l3_domain_profile.L3_Domain_l3out",
            "aci_l3_outside.Tenant_route_leak_L3Out_route_leak",
            "aci_tenant.Tenant_route_leak"
          ]
        }
      ]
    },
    {
      "mode": "managed",
      "type": "aci_logical_node_to_fabric_node",
      "name": "Tenant_route_leak_L3Out_route_leak_Node_Profile_wakanda-leaf201-202_201",
      "provider": "provider[\"registry.terraform.io/ciscodevnet/aci\"]",
      "instances": [
        {
          "schema_version": 1,
          "attributes": {
            "annotation": "orchestrator:terraform",
            "config_issues": "",
            "description": null,
            "id": "uni/tn-route_leak/out-route_leak/lnodep-wakanda-leaf201-202/rsnodeL3OutAtt-[topology/pod-1/node-201]",
            "logical_node_profile_dn": "uni/tn-route_leak/out-route_leak/lnodep-wakanda-leaf201-202",
            "rtr_id": "10.96.5.201",
            "rtr_id_loop_back": "yes",
            "tdn": "topology/pod-1/node-201"
          },
          "sensitive_attributes": [],
          "private": "eyJzY2hlbWFfdmVyc2lvbiI6IjEifQ==",
          "dependencies": [
            "aci_logical_node_profile.Tenant_route_leak_L3Out_route_leak_Node_Profile_wakanda-leaf201-202",
            "aci_tenant.Tenant_route_leak",
            "aci_vrf.Tenant_route_leak_VRF_route_leak",
            "data.aci_l3_domain_profile.L3_Domain_l3out",
            "aci_l3_outside.Tenant_route_leak_L3Out_route_leak"
          ]
        }
      ]
    },
    {
      "mode": "managed",
      "type": "aci_logical_node_to_fabric_node",
      "name": "Tenant_route_leak_L3Out_route_leak_Node_Profile_wakanda-leaf201-202_202",
      "provider": "provider[\"registry.terraform.io/ciscodevnet/aci\"]",
      "instances": [
        {
          "schema_version": 1,
          "attributes": {
            "annotation": "orchestrator:terraform",
            "config_issues": "",
            "description": null,
            "id": "uni/tn-route_leak/out-route_leak/lnodep-wakanda-leaf201-202/rsnodeL3OutAtt-[topology/pod-1/node-202]",
            "logical_node_profile_dn": "uni/tn-route_leak/out-route_leak/lnodep-wakanda-leaf201-202",
            "rtr_id": "10.96.5.202",
            "rtr_id_loop_back": "yes",
            "tdn": "topology/pod-1/node-202"
          },
          "sensitive_attributes": [],
          "private": "eyJzY2hlbWFfdmVyc2lvbiI6IjEifQ==",
          "dependencies": [
            "data.aci_l3_domain_profile.L3_Domain_l3out",
            "aci_l3_outside.Tenant_route_leak_L3Out_route_leak",
            "aci_logical_node_profile.Tenant_route_leak_L3Out_route_leak_Node_Profile_wakanda-leaf201-202",
            "aci_tenant.Tenant_route_leak",
            "aci_vrf.Tenant_route_leak_VRF_route_leak"
          ]
        }
      ]
    },
    {
      "mode": "managed",
      "type": "aci_rest",
      "name": "Tenant_route_leak_App_Profile_nets_EPG_epg1_phys-access",
      "provider": "provider[\"registry.terraform.io/ciscodevnet/aci\"]",
      "instances": [
        {
          "schema_version": 1,
          "attributes": {
            "class_name": "fvRsDomAtt",
            "content": null,
            "dn": null,
            "id": "{}",
            "path": "/api/node/mo/uni/tn-route_leak/ap-nets/epg-epg1.json",
            "payload": "{\n    \"fvRsDomAtt\": {\n        \"attributes\": {\n            \"tDn\": \"uni/phys-access\"\n        },\n        \"children\": []\n    }\n}\n"
          },
          "sensitive_attributes": [],
          "private": "eyJzY2hlbWFfdmVyc2lvbiI6IjEifQ==",
          "dependencies": [
            "data.aci_l3_domain_profile.L3_Domain_l3out",
            "aci_application_epg.Tenant_route_leak_App_Profile_nets_EPG_epg1",
            "aci_application_profile.Tenant_route_leak_App_Profile_nets",
            "aci_bridge_domain.Tenant_route_leak_Bridge_Domain_v2021",
            "aci_l3_outside.Tenant_route_leak_L3Out_route_leak",
            "aci_tenant.Tenant_route_leak",
            "aci_vrf.Tenant_route_leak_VRF_route_leak"
          ]
        }
      ]
    },
    {
      "mode": "managed",
      "type": "aci_rest",
      "name": "Tenant_route_leak_VRF_route_leak_snmp_ctx",
      "provider": "provider[\"registry.terraform.io/ciscodevnet/aci\"]",
      "instances": [
        {
          "schema_version": 1,
          "attributes": {
            "class_name": "snmpCtxP",
            "content": null,
            "dn": null,
            "id": "uni/tn-route_leak/ctx-route_leak/snmpctx",
            "path": "/api/node/mo/uni/tn-route_leak/ctx-route_leak/snmpctx.json",
            "payload": "{\n    \"snmpCtxP\": {\n        \"attributes\": {\n            \"dn\": \"uni/tn-route_leak/ctx-route_leak/snmpctx\",\n            \"name\": \"route_leak\",\n            \"rn\": \"snmpctx\"\n        },\n        \"children\": []\n    }\n}\n"
          },
          "sensitive_attributes": [],
          "private": "eyJzY2hlbWFfdmVyc2lvbiI6IjEifQ==",
          "dependencies": [
            "aci_vrf.Tenant_route_leak_VRF_route_leak",
            "aci_tenant.Tenant_route_leak"
          ]
        }
      ]
    },
    {
      "mode": "managed",
      "type": "aci_rest",
      "name": "route_leak_l3out_route_leak_nodep_wakanda-leaf201-202_bgp-peer_10-96-5-3",
      "provider": "provider[\"registry.terraform.io/ciscodevnet/aci\"]",
      "instances": [
        {
          "schema_version": 1,
          "attributes": {
            "class_name": "fabricPodPGrp",
            "content": null,
            "dn": null,
            "id": "uni/tn-route_leak/out-route_leak/lnodep-wakanda-leaf201-202/lifp-Vlan2005/rspathL3OutAtt-[topology/pod-1/protpaths-201-202/pathep-[wakanda-leaf201-202_vpc49]]/peerP-[10.96.5.3]",
            "path": "/api/node/mo/uni/tn-route_leak/out-route_leak/lnodep-wakanda-leaf201-202/lifp-Vlan2005/rspathL3OutAtt-[topology/pod-1/protpaths-201-202/pathep-[wakanda-leaf201-202_vpc49]]/peerP-[10.96.5.3].json",
            "payload": "{\n\t\"bgpPeerP\": {\n\t\t\"attributes\": {\n\t\t\t\"dn\": \"uni/tn-route_leak/out-route_leak/lnodep-wakanda-leaf201-202/lifp-Vlan2005/rspathL3OutAtt-[topology/pod-1/protpaths-201-202/pathep-[wakanda-leaf201-202_vpc49]]/peerP-[10.96.5.3]\",\n\t\t\t\"addr\": \"10.96.5.3\",\n\t\t\t\"addrTCtrl\": \"af-ucast\",\n\t\t\t\"adminSt\": \"enabled\",\n\t\t\t\"allowedSelfAsCnt\": \"3\",\n\t\t\t\"ctrl\": \"send-com,send-ext-com\",\n            \"descr\": \"143b-core01\",\n\t\t\t\"peerCtrl\": \"bfd\",\n\t\t\t\"privateASctrl\": \"\",\n\t\t\t\"ttl\": \"1\",\n\t\t\t\"weight\": \"0\"\n\t\t},\n\t\t\"children\": [\n\t\t\t{\n\t\t\t\t\"bgpAsP\": {\n\t\t\t\t\t\"attributes\": {\n\t\t\t\t\t\t\"dn\": \"uni/tn-route_leak/out-route_leak/lnodep-wakanda-leaf201-202/lifp-Vlan2005/rspathL3OutAtt-[topology/pod-1/protpaths-201-202/pathep-[wakanda-leaf201-202_vpc49]]/peerP-[10.96.5.3]/as\",\n\t\t\t\t\t\t\"asn\": \"64701\"\n\t\t\t\t\t},\n\t\t\t\t\t\"children\": []\n\t\t\t\t}\n            },\n\t\t\t{\n\t\t\t\t\"bgpRsPeerPfxPol\": {\n\t\t\t\t\t\"attributes\": {\n\t\t\t\t\t\t\"dn\": \"uni/tn-route_leak/out-route_leak/lnodep-wakanda-leaf201-202/lifp-Vlan2005/rspathL3OutAtt-[topology/pod-1/protpaths-201-202/pathep-[wakanda-leaf201-202_vpc49]]/peerP-[10.96.5.3]/rspeerPfxPol\",\n\t\t\t\t\t\t\"tnBgpPeerPfxPolName\": \"default\"\n\t\t\t\t\t},\n\t\t\t\t\t\"children\": []\n\t\t\t\t}\n\t\t\t}\n\t\t]\n\t}\n}\n"
          },
          "sensitive_attributes": [],
          "private": "eyJzY2hlbWFfdmVyc2lvbiI6IjEifQ==",
          "dependencies": [
            "aci_l3_outside.Tenant_route_leak_L3Out_route_leak",
            "aci_logical_interface_profile.Tenant_route_leak_L3Out_route_leak_Node_Profile_wakanda-leaf201-202_Interface_Profile_Vlan2005",
            "aci_logical_node_profile.Tenant_route_leak_L3Out_route_leak_Node_Profile_wakanda-leaf201-202",
            "aci_tenant.Tenant_route_leak",
            "data.aci_bgp_peer_prefix.Tenant_common_Policy_BGP_Prefix_default",
            "data.aci_tenant.Tenant_common"
          ]
        }
      ]
    },
    {
      "mode": "managed",
      "type": "aci_rest",
      "name": "route_leak_l3out_route_leak_nodep_wakanda-leaf201-202_bgp-peer_10-96-5-4",
      "provider": "provider[\"registry.terraform.io/ciscodevnet/aci\"]",
      "instances": [
        {
          "schema_version": 1,
          "attributes": {
            "class_name": "fabricPodPGrp",
            "content": null,
            "dn": null,
            "id": "uni/tn-route_leak/out-route_leak/lnodep-wakanda-leaf201-202/lifp-Vlan2005/rspathL3OutAtt-[topology/pod-1/protpaths-201-202/pathep-[wakanda-leaf201-202_vpc49]]/peerP-[10.96.5.4]",
            "path": "/api/node/mo/uni/tn-route_leak/out-route_leak/lnodep-wakanda-leaf201-202/lifp-Vlan2005/rspathL3OutAtt-[topology/pod-1/protpaths-201-202/pathep-[wakanda-leaf201-202_vpc49]]/peerP-[10.96.5.4].json",
            "payload": "{\n\t\"bgpPeerP\": {\n\t\t\"attributes\": {\n\t\t\t\"dn\": \"uni/tn-route_leak/out-route_leak/lnodep-wakanda-leaf201-202/lifp-Vlan2005/rspathL3OutAtt-[topology/pod-1/protpaths-201-202/pathep-[wakanda-leaf201-202_vpc49]]/peerP-[10.96.5.4]\",\n\t\t\t\"addr\": \"10.96.5.4\",\n\t\t\t\"addrTCtrl\": \"af-ucast\",\n\t\t\t\"adminSt\": \"enabled\",\n\t\t\t\"allowedSelfAsCnt\": \"3\",\n\t\t\t\"ctrl\": \"send-com,send-ext-com\",\n            \"descr\": \"143c-core02\",\n\t\t\t\"peerCtrl\": \"bfd\",\n\t\t\t\"privateASctrl\": \"\",\n\t\t\t\"ttl\": \"1\",\n\t\t\t\"weight\": \"0\"\n\t\t},\n\t\t\"children\": [\n\t\t\t{\n\t\t\t\t\"bgpAsP\": {\n\t\t\t\t\t\"attributes\": {\n\t\t\t\t\t\t\"dn\": \"uni/tn-route_leak/out-route_leak/lnodep-wakanda-leaf201-202/lifp-Vlan2005/rspathL3OutAtt-[topology/pod-1/protpaths-201-202/pathep-[wakanda-leaf201-202_vpc49]]/peerP-[10.96.5.4]/as\",\n\t\t\t\t\t\t\"asn\": \"64701\"\n\t\t\t\t\t},\n\t\t\t\t\t\"children\": []\n\t\t\t\t}\n            },\n\t\t\t{\n\t\t\t\t\"bgpRsPeerPfxPol\": {\n\t\t\t\t\t\"attributes\": {\n\t\t\t\t\t\t\"dn\": \"uni/tn-route_leak/out-route_leak/lnodep-wakanda-leaf201-202/lifp-Vlan2005/rspathL3OutAtt-[topology/pod-1/protpaths-201-202/pathep-[wakanda-leaf201-202_vpc49]]/peerP-[10.96.5.4]/rspeerPfxPol\",\n\t\t\t\t\t\t\"tnBgpPeerPfxPolName\": \"default\"\n\t\t\t\t\t},\n\t\t\t\t\t\"children\": []\n\t\t\t\t}\n\t\t\t}\n\t\t]\n\t}\n}\n"
          },
          "sensitive_attributes": [],
          "private": "eyJzY2hlbWFfdmVyc2lvbiI6IjEifQ==",
          "dependencies": [
            "data.aci_bgp_peer_prefix.Tenant_common_Policy_BGP_Prefix_default",
            "data.aci_l3_domain_profile.L3_Domain_l3out",
            "data.aci_tenant.Tenant_common",
            "aci_l3_outside.Tenant_route_leak_L3Out_route_leak",
            "aci_logical_interface_profile.Tenant_route_leak_L3Out_route_leak_Node_Profile_wakanda-leaf201-202_Interface_Profile_Vlan2005",
            "aci_logical_node_profile.Tenant_route_leak_L3Out_route_leak_Node_Profile_wakanda-leaf201-202",
            "aci_tenant.Tenant_route_leak",
            "aci_vrf.Tenant_route_leak_VRF_route_leak"
          ]
        }
      ]
    },
    {
      "mode": "managed",
      "type": "aci_subnet",
      "name": "Tenant_route_leak_Bridge_Domain_v2021_Subnet_10-96-21-0_24",
      "provider": "provider[\"registry.terraform.io/ciscodevnet/aci\"]",
      "instances": [
        {
          "schema_version": 1,
          "attributes": {
            "annotation": "orchestrator:terraform",
            "ctrl": [
              "nd"
            ],
            "description": "",
            "id": "uni/tn-route_leak/BD-v2021/subnet-[10.96.21.1/24]",
            "ip": "10.96.21.1/24",
            "name_alias": "",
            "parent_dn": "uni/tn-route_leak/BD-v2021",
            "preferred": "no",
            "relation_fv_rs_bd_subnet_to_out": [],
            "relation_fv_rs_bd_subnet_to_profile": "",
            "relation_fv_rs_nd_pfx_pol": "",
            "scope": [
              "public",
              "shared"
            ],
            "virtual": "no"
          },
          "sensitive_attributes": [],
          "private": "eyJzY2hlbWFfdmVyc2lvbiI6IjEifQ==",
          "dependencies": [
            "aci_bridge_domain.Tenant_route_leak_Bridge_Domain_v2021",
            "aci_l3_outside.Tenant_route_leak_L3Out_route_leak",
            "aci_tenant.Tenant_route_leak",
            "aci_vrf.Tenant_route_leak_VRF_route_leak",
            "data.aci_l3_domain_profile.L3_Domain_l3out"
          ]
        }
      ]
    },
    {
      "mode": "managed",
      "type": "aci_tenant",
      "name": "Tenant_route_leak",
      "provider": "provider[\"registry.terraform.io/ciscodevnet/aci\"]",
      "instances": [
        {
          "schema_version": 1,
          "attributes": {
            "annotation": "orchestrator:terraform",
            "description": "Test Route Leaking Tenant",
            "id": "uni/tn-route_leak",
            "name": "route_leak",
            "name_alias": "",
            "relation_fv_rs_tenant_mon_pol": "",
            "relation_fv_rs_tn_deny_rule": []
          },
          "sensitive_attributes": [],
          "private": "eyJzY2hlbWFfdmVyc2lvbiI6IjEifQ=="
        }
      ]
    },
    {
      "mode": "managed",
      "type": "aci_vrf",
      "name": "Tenant_route_leak_VRF_route_leak",
      "provider": "provider[\"registry.terraform.io/ciscodevnet/aci\"]",
      "instances": [
        {
          "schema_version": 1,
          "attributes": {
            "annotation": "orchestrator:terraform",
            "bd_enforced_enable": "no",
            "description": "Test Route Leak Tenant",
            "id": "uni/tn-route_leak/ctx-route_leak",
            "ip_data_plane_learning": "enabled",
            "knw_mcast_act": "permit",
            "name": "route_leak",
            "name_alias": "",
            "pc_enf_dir": "ingress",
            "pc_enf_pref": "enforced",
            "relation_fv_rs_bgp_ctx_pol": null,
            "relation_fv_rs_ctx_mcast_to": [],
            "relation_fv_rs_ctx_mon_pol": "uni/tn-common/monepg-default",
            "relation_fv_rs_ctx_to_bgp_ctx_af_pol": [],
            "relation_fv_rs_ctx_to_eigrp_ctx_af_pol": [],
            "relation_fv_rs_ctx_to_ep_ret": "uni/tn-common/epRPol-default",
            "relation_fv_rs_ctx_to_ext_route_tag_pol": null,
            "relation_fv_rs_ctx_to_ospf_ctx_pol": [],
            "relation_fv_rs_ospf_ctx_pol": null,
            "relation_fv_rs_vrf_validation_pol": null,
            "tenant_dn": "uni/tn-route_leak"
          },
          "sensitive_attributes": [],
          "private": "eyJzY2hlbWFfdmVyc2lvbiI6IjEifQ==",
          "dependencies": [
            "aci_tenant.Tenant_route_leak"
          ]
        }
      ]
    }
  ]
}
